{
  "version": 4,
  "terraform_version": "1.5.7",
  "serial": 1543,
  "lineage": "4ae03948-e399-f595-ca04-bddf401a84f2",
  "outputs": {},
  "resources": [
    {
      "module": "module.aci",
      "mode": "data",
      "type": "utils_yaml_merge",
      "name": "defaults",
      "provider": "provider[\"registry.terraform.io/netascode/utils\"]",
      "instances": [
        {
          "schema_version": 0,
          "attributes": {
            "id": "bb754d86e54b883417bdf872f14ec526eb196273",
            "input": [
              "---\ndefaults:\n  apic:\n    version: \"5.2.1g\"\n    auto_generate_switch_pod_profiles: false\n    auto_generate_pod_profiles: false\n    auto_generate_fabric_leaf_switch_interface_profiles: false\n    auto_generate_fabric_spine_switch_interface_profiles: false\n    auto_generate_access_leaf_switch_interface_profiles: false\n    auto_generate_access_spine_switch_interface_profiles: false\n    new_interface_configuration: false\n    fabric_policies:\n      leaf_switch_profile_name: \"LEAF\\\\g\u003cid\u003e\"\n      leaf_interface_profile_name: \"LEAF\\\\g\u003cid\u003e\"\n      leaf_switch_selector_name: \"LEAF\\\\g\u003cid\u003e\"\n      leaf_interface_selector_name: \"ETH\\\\g\u003cmod\u003e-\\\\g\u003cport\u003e\"\n      spine_switch_profile_name: \"SPINE\\\\g\u003cid\u003e\"\n      spine_interface_profile_name: \"SPINE\\\\g\u003cid\u003e\"\n      spine_switch_selector_name: \"SPINE\\\\g\u003cid\u003e\"\n      spine_interface_selector_name: \"ETH\\\\g\u003cmod\u003e-\\\\g\u003cport\u003e\"\n      pod_profile_name: \"POD\\\\g\u003cid\u003e\"\n      pod_profile_pod_selector_name: \"POD\\\\g\u003cid\u003e\"\n      apic_conn_pref: inband\n      banners:\n        apic_gui_alias: \"\"\n        apic_gui_banner_url: \"\"\n        apic_cli_banner: \"\"\n        switch_cli_banner: \"\"\n      ep_loop_protection:\n        admin_state: false\n        detection_interval: 60\n        detection_multiplier: 4\n        action: bd-learn-disable\n      rogue_ep_control:\n        admin_state: true\n        detection_interval: 30\n        detection_multiplier: 10\n        hold_interval: 1800\n      global_settings:\n        domain_validation: true\n        enforce_subnet_check: true\n        opflex_authentication: false\n        disable_remote_endpoint_learn: false\n        overlapping_vlan_validation: true\n        remote_leaf_direct: true\n        reallocate_gipo: false\n      port_tracking:\n        admin_state: true\n        delay: 120\n        min_links: 0\n        include_apic: false\n      ptp:\n        admin_state: false\n        global_domain: 0\n        profile: aes67\n        announce_interval: 1\n        announce_timeout: 3\n        sync_interval: -3\n        delay_interval: -2\n      ip_aging: true\n      ignore_acked_faults: false\n      use_infra_gipo: false\n      fabric_isis_redistribute_metric: 60\n      fabric_isis_bfd: true\n      fabric_bgp_rr:\n        pod_id: 1\n      fabric_bgp_ext_rr:\n        pod_id: 1\n      date_time_format:\n        display_format: local\n        timezone: p0_UTC\n        show_offset: true\n      dns_policies:\n        name_suffix: \"\"\n        mgmt_epg: inb\n        mgmt_epg_oob: default\n        providers:\n          preferred: false\n        domains:\n          default: true\n      err_disabled_recovery:\n        interval: 300\n        mcp_loop: false\n        ep_move: false\n        bpdu_guard: false\n      coop_group_policy: strict\n      l2_port_mtu: 9000\n      pod_policy_groups:\n        name_suffix: \"\"\n      pod_profiles:\n        name_suffix: \"\"\n        selectors:\n          type: range\n          name_suffix: \"\"\n          pod_blocks:\n            name_suffix: \"\"\n      pod_policies:\n        date_time_policies:\n          name_suffix: \"\"\n          ntp_admin_state: true\n          ntp_auth_state: false\n          apic_ntp_server_state: false\n          apic_ntp_server_master_mode: false\n          apic_ntp_server_master_stratum: 8\n          ntp_servers:\n            preferred: true\n            mgmt_epg: inb\n        snmp_policies:\n          name_suffix: \"\"\n          admin_state: true\n          location: \"\"\n          contact: \"\"\n          users:\n            authorization_type: hmac-sha1-96\n            privacy_type: aes-128\n          trap_forwarders:\n            port: 162\n          clients:\n            name_suffix: \"\"\n        management_access_policies:\n          name_suffix: \"\"\n          telnet:\n            admin_state: false\n            port: 23\n          ssh:\n            admin_state: true\n            port: 22\n            password_auth: true\n            aes128_ctr: true\n            aes128_gcm: true\n            aes192_ctr: true\n            aes256_ctr: true\n            aes256_gcm: false\n            chacha: true\n            hmac_sha1: true\n            hmac_sha2_256: true\n            hmac_sha2_512: true\n            curve25519_sha256: false\n            curve25519_sha256_libssh: false\n            dh1_sha1: false\n            dh14_sha1: false\n            dh14_sha256: false\n            dh16_sha512: false\n            ecdh_sha2_nistp256: false\n            ecdh_sha2_nistp384: false\n            ecdh_sha2_nistp521: false\n          https:\n            admin_state: true\n            client_cert_auth_state: false\n            dh: \"none\"\n            port: 443\n            key_ring: default\n            tlsv1: false\n            tlsv1_1: true\n            tlsv1_2: true\n            tlsv1_3: false\n          http:\n            admin_state: false\n            port: 80\n      switch_policies:\n        node_control_policies:\n          name_suffix: \"\"\n          telemetry: telemetry\n          dom: true\n        psu_policies:\n          name_suffix: \"\"\n      leaf_switch_policy_groups:\n        name_suffix: \"\"\n      spine_switch_policy_groups:\n        name_suffix: \"\"\n      leaf_switch_profiles:\n        name_suffix: \"\"\n        selectors:\n          name_suffix: \"\"\n          node_blocks:\n            name_suffix: \"\"\n      spine_switch_profiles:\n        name_suffix: \"\"\n        selectors:\n          name_suffix: \"\"\n          node_blocks:\n            name_suffix: \"\"\n      leaf_interface_policy_groups:\n        name_suffix: \"\"\n      spine_interface_policy_groups:\n        name_suffix: \"\"\n      leaf_interface_profiles:\n        name_suffix: \"\"\n      spine_interface_profiles:\n        name_suffix: \"\"\n      external_connectivity_policy:\n        name_suffix: \"\"\n        fabric_id: 1\n        site_id: 1\n        route_target: extended:as2-nn4:5:16\n        routing_profiles:\n          name_suffix: \"\"\n      infra_dscp_translation_policy:\n        admin_state: false\n        control_plane: CS7\n        level_1: EF\n        level_2: CS3\n        level_3: CS0\n        level_4: AF11\n        level_5: AF21\n        level_6: AF31\n        policy_plane: CS4\n        span: CS1\n        traceroute: CS2\n      vmware_vmm_domains:\n        name_suffix: \"\"\n        access_mode: read-write\n        delimiter: \"\"\n        tag_collection: false\n        vswitch:\n          enhanced_lags:\n            name_suffix: \"\"\n            mode: active\n            lb_mode: src-dst-ip\n            num_links: 2\n        credential_policies:\n          name_suffix: \"\"\n        vcenters:\n          name_suffix: \"\"\n          mgmt_epg: inb\n          dvs_version: unmanaged\n          statistics: false\n      aaa:\n        remote_user_login_policy: no-login\n        default_fallback_check: false\n        default_realm: local\n        console_realm: local\n        security_domains:\n          restricted_rbac_domain: false\n        management_settings:\n          password_strength_check: false\n          password_strength_profile:\n            password_mininum_length: 8\n            password_maximum_length: 64\n            password_strength_test_type: default\n            password_class_flags:\n              - digits\n              - lowercase\n              - uppercase\n          password_change_during_interval: true\n          password_change_count: 2\n          password_change_interval: 48\n          password_no_change_interval: 24\n          password_history_count: 5\n          web_token_timeout: 600\n          web_token_max_validity: 24\n          web_session_idle_timeout: 1200\n          include_refresh_session_records: true\n          enable_login_block: false\n          login_block_duration: 60\n          login_max_failed_attempts: 5\n          login_max_failed_attempts_window: 5\n        tacacs_providers:\n          protocol: pap\n          monitoring: false\n          port: 49\n          retries: 1\n          timeout: 5\n          mgmt_epg: inb\n        radius_providers:\n          protocol: pap\n          monitoring: false\n          port: 1812\n          retries: 1\n          timeout: 5\n          mgmt_epg: inb\n        login_domains:\n          auth_choice: CiscoAVPair\n          tacacs_providers:\n            priority: 0\n          ldap_providers:\n            priority: 0\n          radius_providers:\n            priority: 0\n        users:\n          status: active\n          expires: false\n          domains:\n            roles:\n              privilege_type: write\n        ca_certificates:\n          name_suffix: \"\"\n        key_rings:\n          name_suffix: \"\"\n          modulus: \"mod2048\"\n        ldap:\n          providers:\n            enable_ssl: false\n            monitoring_username: default\n            server_monitoring: false\n            port: 389\n            retries: 1\n            ssl_validation_level: strict\n            timeout: 30\n            mgmt_epg: inb\n          group_map_rules:\n            security_domains:\n              roles:\n                privilege_type: write\n      remote_locations:\n        name_suffix: \"\"\n        auth_type: password\n        path: \"/\"\n        mgmt_epg: inb\n      geolocation:\n        sites:\n          name_suffix: \"\"\n          buildings:\n            name_suffix: \"\"\n            floors:\n              name_suffix: \"\"\n              rooms:\n                name_suffix: \"\"\n                rows:\n                  name_suffix: \"\"\n                  racks:\n                    name_suffix: \"\"\n      schedulers:\n        name_suffix: \"\"\n        recurring_windows:\n          name_suffix: \"\"\n          day: \"every-day\"\n          hour: 0\n          minute: 0\n      config_exports:\n        name_suffix: \"\"\n        format: \"json\"\n        snapshot: false\n      monitoring:\n        snmp_traps:\n          name_suffix: \"\"\n          destinations:\n            port: 162\n            version: v2c\n            security: priv\n            mgmt_epg: inb\n        syslogs:\n          name_suffix: \"\"\n          audit: true\n          events: true\n          faults: true\n          session: false\n          minimum_severity: warnings\n          format: aci\n          show_millisecond: false\n          show_timezone: false\n          admin_state: true\n          local_admin_state: true\n          local_severity: information\n          console_admin_state: true\n          console_severity: alerts\n          destinations:\n            port: 514\n            facility: local7\n            severity: warnings\n            admin_state: true\n            mgmt_epg: inb\n      span:\n        destination_groups:\n          name_suffix: \"\"\n          mtu: 1518\n          dscp: unspecified\n          flow_id: 1\n          ttl: 64\n          version: 2\n          enforce_version: false\n        source_groups:\n          name_suffix: \"\"\n          admin_state: true\n          sources:\n            name_suffix: \"\"\n            direction: both\n            span_drop: false\n            access_paths:\n              module: 1\n      smart_licensing:\n        mode: \"smart-licensing\"\n        url: \"https://tools.cisco.com/its/service/oddce/services/DDCEService\"\n        proxy:\n          port: \"443\"\n      l2_mtu_policies:\n        name_suffix: \"\"\n        port_mtu_size: 9000\n      system_performance:\n        admin_state: false\n        response_threshold: 85000\n        top_slowest_requests: 5\n        calculation_window: 300\n\n    access_policies:\n      leaf_switch_profile_name: \"LEAF\\\\g\u003cid\u003e\"\n      leaf_interface_profile_name: \"LEAF\\\\g\u003cid\u003e\"\n      leaf_switch_selector_name: \"LEAF\\\\g\u003cid\u003e\"\n      leaf_interface_selector_name: \"ETH\\\\g\u003cmod\u003e-\\\\g\u003cport\u003e\"\n      leaf_interface_selector_sub_port_name: \"ETH\\\\g\u003cmod\u003e-\\\\g\u003cport\u003e-\\\\g\u003csport\u003e\"\n      fex_profile_name: \"LEAF\\\\g\u003cid\u003e-FEX\\\\g\u003cfex\u003e\"\n      fex_interface_selector_name: \"ETH\\\\g\u003cmod\u003e-\\\\g\u003cport\u003e\"\n      spine_switch_profile_name: \"SPINE\\\\g\u003cid\u003e\"\n      spine_interface_profile_name: \"SPINE\\\\g\u003cid\u003e\"\n      spine_switch_selector_name: \"SPINE\\\\g\u003cid\u003e\"\n      spine_interface_selector_name: \"ETH\\\\g\u003cmod\u003e-\\\\g\u003cport\u003e\"\n      vpc_group_name: \"VPC\\\\g\u003cswitch1_id\u003e-\\\\g\u003cswitch2_id\u003e\"\n      vlan_pools:\n        name_suffix: \"\"\n        allocation: static\n        ranges:\n          allocation: inherit\n          role: external\n      physical_domains:\n        name_suffix: \"\"\n        allocation: static\n      routed_domains:\n        name_suffix: \"\"\n        allocation: static\n      aaeps:\n        name_suffix: \"\"\n        infra_vlan: false\n        endpoint_groups:\n          mode: regular\n          deployment_immediacy: lazy\n      switch_policies:\n        vpc_policies:\n          name_suffix: \"\"\n          peer_dead_interval: 200\n        forwarding_scale_policies:\n          name_suffix: \"\"\n          profile: dual-stack\n        mst_policies:\n          name_suffix: \"\"\n      spine_switch_policy_groups:\n        name_suffix: \"\"\n      leaf_switch_policy_groups:\n        name_suffix: \"\"\n      leaf_switch_profiles:\n        name_suffix: \"\"\n        selectors:\n          name_suffix: \"\"\n          node_blocks:\n            name_suffix: \"\"\n      spine_switch_profiles:\n        name_suffix: \"\"\n        selectors:\n          name_suffix: \"\"\n          node_blocks:\n            name_suffix: \"\"\n      interface_policies:\n        cdp_policies:\n          name_suffix: \"\"\n        lldp_policies:\n          name_suffix: \"\"\n        link_level_policies:\n          name_suffix: \"\"\n          speed: inherit\n          auto: true\n          fec_mode: inherit\n        port_channel_policies:\n          name_suffix: \"\"\n          min_links: 1\n          max_links: 16\n          suspend_individual: true\n          graceful_convergence: true\n          fast_select_standby: true\n          load_defer: false\n          symmetric_hash: false\n        port_channel_member_policies:\n          name_suffix: \"\"\n          priority: 32768\n          rate: normal\n        l2_policies:\n          name_suffix: \"\"\n          vlan_scope: global\n          qinq: disabled\n          reflective_relay: false\n        mcp_policies:\n          name_suffix: \"\"\n        storm_control_policies:\n          name_suffix: \"\"\n          broadcast_burst_pps: unspecified\n          broadcast_pps: unspecified\n          broadcast_burst_rate: \"100.000000\"\n          broadcast_rate: \"100.000000\"\n          multicast_burst_pps: unspecified\n          multicast_pps: unspecified\n          multicast_burst_rate: \"100.000000\"\n          multicast_rate: \"100.000000\"\n          unknown_unicast_burst_pps: unspecified\n          unknown_unicast_pps: unspecified\n          unknown_unicast_burst_rate: \"100.000000\"\n          unknown_unicast_rate: \"100.000000\"\n          action: drop\n        spanning_tree_policies:\n          name_suffix: \"\"\n          bpdu_guard: false\n          bpdu_filter: false\n      leaf_interface_policy_groups:\n        name_suffix: \"\"\n        map: none\n      spine_interface_policy_groups:\n        name_suffix: \"\"\n      spine_interface_profiles:\n        name_suffix: \"\"\n        selectors:\n          name_suffix: \"\"\n          port_blocks:\n            name_suffix: \"\"\n            from_module: 1\n      leaf_interface_profiles:\n        name_suffix: \"\"\n        selectors:\n          name_suffix: \"\"\n          port_blocks:\n            name_suffix: \"\"\n            from_module: 1\n          sub_port_blocks:\n            name_suffix: \"\"\n            from_module: 1\n      fex_interface_profiles:\n        name_suffix: \"\"\n        selectors:\n          name_suffix: \"\"\n          port_blocks:\n            name_suffix: \"\"\n            from_module: 1\n      mcp:\n        admin_state: true\n        per_vlan: true\n        action: true\n        key: cisco\n        loop_detection: 3\n        initial_delay: 180\n        frequency_sec: 2\n        frequency_msec: 0\n      qos:\n        preserve_cos: false\n        qos_classes:\n          - level: 1\n            admin_state: true\n            mtu: 9216\n            scheduling: wrr\n            bandwidth_percent: 20\n            congestion_algorithm: tail-drop\n            minimum_buffer: 0\n            pfc_state: false\n            no_drop_cos: \"\"\n            pfc_scope: tor\n            ecn: false\n            forward_non_ecn: false\n            wred_max_threshold: 100\n            wred_min_threshold: 0\n            wred_probability: 0\n            weight: 0\n          - level: 2\n            admin_state: true\n            mtu: 9216\n            scheduling: wrr\n            bandwidth_percent: 20\n            congestion_algorithm: tail-drop\n            minimum_buffer: 0\n            pfc_state: false\n            no_drop_cos: \"\"\n            pfc_scope: tor\n            ecn: false\n            forward_non_ecn: false\n            wred_max_threshold: 100\n            wred_min_threshold: 0\n            wred_probability: 0\n            weight: 0\n          - level: 3\n            admin_state: true\n            mtu: 9216\n            scheduling: wrr\n            bandwidth_percent: 20\n            congestion_algorithm: tail-drop\n            minimum_buffer: 0\n            pfc_state: false\n            no_drop_cos: \"\"\n            pfc_scope: tor\n            ecn: false\n            forward_non_ecn: false\n            wred_max_threshold: 100\n            wred_min_threshold: 0\n            wred_probability: 0\n            weight: 0\n          - level: 4\n            admin_state: true\n            mtu: 9216\n            scheduling: wrr\n            bandwidth_percent: 0\n            congestion_algorithm: tail-drop\n            minimum_buffer: 0\n            pfc_state: false\n            no_drop_cos: \"\"\n            pfc_scope: tor\n            ecn: false\n            forward_non_ecn: false\n            wred_max_threshold: 100\n            wred_min_threshold: 0\n            wred_probability: 0\n            weight: 0\n          - level: 5\n            admin_state: true\n            mtu: 9216\n            scheduling: wrr\n            bandwidth_percent: 0\n            congestion_algorithm: tail-drop\n            minimum_buffer: 0\n            pfc_state: false\n            no_drop_cos: \"\"\n            pfc_scope: tor\n            ecn: false\n            forward_non_ecn: false\n            wred_max_threshold: 100\n            wred_min_threshold: 0\n            wred_probability: 0\n            weight: 0\n          - level: 6\n            admin_state: true\n            mtu: 9216\n            scheduling: wrr\n            bandwidth_percent: 0\n            congestion_algorithm: tail-drop\n            minimum_buffer: 0\n            pfc_state: false\n            no_drop_cos: \"\"\n            pfc_scope: tor\n            ecn: false\n            forward_non_ecn: false\n            wred_max_threshold: 100\n            wred_min_threshold: 0\n            wred_probability: 0\n            weight: 0\n      span:\n        destination_groups:\n          name_suffix: \"\"\n          mtu: 1518\n          module: 1\n          dscp: unspecified\n          flow_id: 1\n          ttl: 64\n          version: 2\n          enforce_version: false\n        source_groups:\n          name_suffix: \"\"\n          admin_state: true\n          sources:\n            name_suffix: \"\"\n            direction: \"both\"\n            span_drop: false\n            access_paths:\n              module: 1\n        filter_groups:\n          name_suffix: \"\"\n          entries:\n            name_suffix: \"\"\n            destination_from_port: unspecified\n            source_from_port: unspecified\n            ip_protocol: unspecified\n      vspan:\n        destination_groups:\n          name_suffix: \"\"\n          destinations:\n            name_suffix: \"\"\n            mtu: 1518\n            flow_id: 1\n            ttl: 64\n            dscp: unspecified\n        sessions:\n          name_suffix: \"\"\n          admin_state: true\n          sources:\n            name_suffix: \"\"\n            direction: both\n            access_paths:\n              module: 1\n    node_policies:\n      oob_endpoint_group: default\n      inb_endpoint_group: default\n      update_groups:\n        name_suffix: \"\"\n        scheduler: default\n      vpc_groups:\n        mode: explicit\n      nodes:\n        pod: 1\n\n    interface_policies:\n      nodes:\n        interfaces:\n          from_module: 1\n          module: 1\n          fabric: false\n        fexes:\n          interfaces:\n            from_module: 1\n\n    tenants:\n      managed: true\n      vrfs:\n        name_suffix: \"\"\n        data_plane_learning: true\n        enforcement_direction: ingress\n        enforcement_preference: enforced\n        leaked_internal_prefixes:\n          public: false\n        pim:\n          mtu: 1500\n          bsr_forward_updates: false\n          bsr_listen_updates: false\n          auto_rp_forward_updates: false\n          auto_rp_listen_updates: false\n          fast_convergence: false\n          strict_rfc: false\n          max_multicast_entries: unlimited\n          reserved_multicast_entries: undefined\n          asm_sg_expiry: default-timeout\n          asm_traffic_registry_max_rate: 65535\n          asm_traffic_registry_source_ip: \"0.0.0.0\"\n        preferred_group: false\n      bridge_domains:\n        name_suffix: \"\"\n        mac: 00:22:BD:F8:19:FF\n        ep_move_detection: false\n        arp_flooding: true\n        ip_dataplane_learning: true\n        clear_remote_mac_entries: false\n        limit_ip_learn_to_subnets: true\n        multi_destination_flooding: bd-flood\n        unknown_unicast: flood\n        unknown_ipv4_multicast: flood\n        unknown_ipv6_multicast: flood\n        unicast_routing: true\n        advertise_host_routes: false\n        l3_multicast: false\n        dhcp_labels:\n          scope: tenant\n        subnets:\n          primary_ip: false\n          public: false\n          private: true\n          shared: false\n          virtual: false\n          igmp_querier: false\n          nd_ra_prefix: true\n          no_default_gateway: false\n      l3outs:\n        name_suffix: \"\"\n        target_dscp: unspecified\n        qos_class: unspecified\n        import_route_control_enforcement: false\n        export_route_control_enforcement: true\n        ospf:\n          auth_key_id: 1\n          auth_type: none\n          area_cost: 1\n          area_type: regular\n          area_control_redistribute: true\n          area_control_summary: true\n          area_control_suppress_fa: false\n        bgp_peers:\n          allow_self_as: false\n          as_override: false\n          disable_peer_as_check: false\n          next_hop_self: false\n          send_community: false\n          send_ext_community: false\n          allowed_self_as_count: 3\n          ttl: 1\n          weight: 0\n          bfd: false\n          disable_connected_check: false\n          remove_all_private_as: false\n          remove_private_as: false\n          replace_private_as_with_local_as: false\n          unicast_address_family: true\n          multicast_address_family: true\n          admin_state: true\n          as_propagate: none\n        redistribution_route_maps:\n          source: static\n        nodes:\n          pod: 1\n          router_id_as_loopback: true\n          static_routes:\n            preference: 1\n            bfd: false\n            next_hops:\n              preference: 1\n              type: prefix\n          interfaces:\n            pod: 1\n            module: 1\n            svi: false\n            multipod_direct: false\n            autostate: false\n            floating_svi: false\n            ip: 0.0.0.0\n            mac: 00:22:BD:F8:19:FF\n            mtu: inherit\n            mode: regular\n            bgp_peers:\n              allow_self_as: false\n              as_override: false\n              disable_peer_as_check: false\n              next_hop_self: false\n              send_community: false\n              send_ext_community: false\n              allowed_self_as_count: 3\n              ttl: 1\n              weight: 0\n              bfd: false\n              disable_connected_check: false\n              remove_all_private_as: false\n              remove_private_as: false\n              replace_private_as_with_local_as: false\n              unicast_address_family: true\n              multicast_address_family: true\n              admin_state: true\n              as_propagate: none\n        node_profiles:\n          name_suffix: \"\"\n          bgp_peers:\n            allow_self_as: false\n            as_override: false\n            disable_peer_as_check: false\n            next_hop_self: false\n            send_community: false\n            send_ext_community: false\n            allowed_self_as_count: 3\n            ttl: 1\n            weight: 0\n            bfd: false\n            disable_connected_check: false\n            remove_all_private_as: false\n            remove_private_as: false\n            replace_private_as_with_local_as: false\n            unicast_address_family: true\n            multicast_address_family: true\n            admin_state: true\n            as_propagate: none\n          nodes:\n            pod: 1\n            router_id_as_loopback: true\n            static_routes:\n              preference: 1\n              bfd: false\n              next_hops:\n                preference: 1\n                type: prefix\n          interface_profiles:\n            name_suffix: \"\"\n            target_dscp: unspecified\n            qos_class: unspecified\n            ospf:\n              auth_key_id: 1\n              auth_type: none\n            interfaces:\n              pod: 1\n              module: 1\n              svi: false\n              autostate: false\n              floating_svi: false\n              multipod_direct: false\n              ip: 0.0.0.0\n              mac: 00:22:BD:F8:19:FF\n              mtu: inherit\n              mode: regular\n              bgp_peers:\n                allow_self_as: false\n                as_override: false\n                disable_peer_as_check: false\n                next_hop_self: false\n                send_community: false\n                send_ext_community: false\n                allowed_self_as_count: 3\n                ttl: 1\n                weight: 0\n                bfd: false\n                disable_connected_check: false\n                remove_all_private_as: false\n                remove_private_as: false\n                replace_private_as_with_local_as: false\n                unicast_address_family: true\n                multicast_address_family: true\n                admin_state: true\n                as_propagate: none\n        external_endpoint_groups:\n          name_suffix: \"\"\n          preferred_group: false\n          qos_class: unspecified\n          target_dscp: unspecified\n          route_control_profiles:\n            name_suffix: \"\"\n            direction: import\n          subnets:\n            import_route_control: false\n            export_route_control: false\n            shared_route_control: false\n            import_security: true\n            shared_security: false\n            aggregate_import_route_control: false\n            aggregate_export_route_control: false\n            aggregate_shared_route_control: false\n            bgp_route_summarization: false\n            ospf_route_summarization: false\n            route_control_profiles:\n              name_suffix: \"\"\n              direction: import\n        import_route_map:\n          type: global\n          contexts:\n            name_suffix: \"\"\n            action: permit\n            order: 0\n        export_route_map:\n          type: global\n          contexts:\n            name_suffix: \"\"\n            action: permit\n            order: 0\n        default_route_leak_policy:\n          always: false\n          criteria: \"only\"\n          context_scope: false\n          outside_scope: true\n        l3_multicast_ipv4: false\n        multipod: true\n        remote_leaf: false\n      application_profiles:\n        name_suffix: \"\"\n        managed: true\n        endpoint_groups:\n          name_suffix: \"\"\n          flood_in_encap: false\n          intra_epg_isolation: false\n          proxy_arp: false\n          preferred_group: false\n          qos_class: unspecified\n          vmware_vmm_domains:\n            name_suffix: \"\"\n            u_segmentation: false\n            delimiter: \"\"\n            netflow: false\n            deployment_immediacy: lazy\n            resolution_immediacy: pre-provision\n            allow_promiscuous: reject\n            forged_transmits: reject\n            mac_changes: reject\n          static_ports:\n            module: 1\n            mode: regular\n            deployment_immediacy: lazy\n          static_leafs:\n            mode: regular\n            deployment_immediacy: lazy\n          static_endpoints:\n            name_suffix: \"\"\n            ip: \"0.0.0.0\"\n            module: 1\n          subnets:\n            primary_ip: false\n            public: false\n            private: true\n            shared: false\n            igmp_querier: false\n            nd_ra_prefix: true\n            no_default_gateway: false\n            virtual: false\n            nlb_group: 0.0.0.0\n            nlb_mac: 00:00:00:00:00:00\n            ip_pools:\n              name_suffix: \"\"\n              start_ip: 0.0.0.0\n              end_ip: 0.0.0.0\n        endpoint_security_groups:\n          name_suffix: \"\"\n          shutdown: false\n          intra_esg_isolation: false\n          preferred_group: false\n          tag_selectors:\n            operator: equals\n      inb_endpoint_groups:\n        name_suffix: \"\"\n      oob_endpoint_groups:\n        name_suffix: \"\"\n        name: default\n      ext_mgmt_instances:\n        name_suffix: \"\"\n      sr_mpls_l3outs:\n        name_suffix: \"\"\n        transport_data_plane: sr_mpls\n        node_profiles:\n          name_suffix: \"\"\n          evpn_connectivity:\n            allow_self_as: false\n            disable_peer_as_check: false\n            ttl: 2\n            bfd: false\n            admin_state: true\n            as_propagate: none\n          nodes:\n            pod_id: 1\n          interface_profiles:\n            name_suffix: \"\"\n            interfaces:\n              pod_id: 1\n              module: 1\n              mac: 00:22:BD:F8:19:FF\n              mtu: inherit\n              bgp_peers:\n                allow_self_as: false\n                send_community: false\n                send_ext_community: false\n                bfd: false\n                unicast_address_family: true\n                admin_state: true\n                as_propagate: none\n        external_endpoint_groups:\n          name_suffix: \"\"\n          preferred_group: false\n          subnets:\n            route_leaking: false\n            security: false\n            aggregate_shared_route_control: false\n      contracts:\n        name_suffix: \"\"\n        scope: context\n        qos_class: unspecified\n        target_dscp: unspecified\n        subjects:\n          name_suffix: \"\"\n          qos_class: unspecified\n          target_dscp: unspecified\n          filters:\n            action: permit\n            priority: default\n            log: false\n            no_stats: false\n      imported_contracts:\n        name_suffix: \"\"\n      oob_contracts:\n        name_suffix: \"\"\n        scope: context\n        subjects:\n          name_suffix: \"\"\n      filters:\n        name_suffix: \"\"\n        entries:\n          name_suffix: \"\"\n          ethertype: ip\n          protocol: tcp\n          source_from_port: unspecified\n          destination_from_port: unspecified\n          stateful: false\n      policies:\n        custom_qos:\n          name_suffix: \"\"\n        ospf_interface_policies:\n          name_suffix: \"\"\n          cost: unspecified\n          passive_interface: false\n          mtu_ignore: false\n          advertise_subnet: false\n          bfd: false\n          hello_interval: 10\n          dead_interval: 40\n          network_type: p2p\n          priority: 1\n          lsa_retransmit_interval: 5\n          lsa_transmit_delay: 1\n        eigrp_interface_policies:\n          name_suffix: \"\"\n          bfd: false\n          self_nexthop: true\n          passive_interface: false\n          split_horizon: true\n          hello_interval: 5\n          hold_interval: 15\n          bandwidth: 0\n          delay: 0\n          delay_unit: tens-of-micro\n        ospf_timer_policies:\n          name_suffix: \"\"\n          reference_bandwidth: 40000\n          distance: 110\n          max_ecmp: 8\n          graceful_restart: false\n          router_id_lookup: false\n          prefix_suppression: false\n          spf_init_interval: 200\n          spf_hold_interval: 1000\n          spf_max_interval: 5000\n          lsa_group_pacing_interval: 10\n          lsa_start_interval: 0\n          lsa_hold_interval: 5000\n          lsa_max_interval: 5000\n          lsa_arrival_interval: 1000\n          max_lsa_num: 20000\n          max_lsa_threshold: 75\n          max_lsa_action: \"reject\"\n          max_lsa_reset_interval: 10\n          max_lsa_sleep_count: 5\n          max_lsa_sleep_interval: 5\n        bgp_best_path_policies:\n          name_suffix: \"\"\n          control_type: \"\"\n        bgp_timer_policies:\n          name_suffix: \"\"\n          keepalive_interval: 60\n          hold_interval: 180\n          stale_interval: default\n          graceful_restart_helper: true\n          maximum_as_limit: 0\n        bgp_peer_prefix_policies:\n          name_suffix: \"\"\n          action: \"reject\"\n          max_prefixes: 20000\n          threshold: 75\n          restart_time: 65534\n        bgp_address_family_context_policies:\n          name_suffix: \"\"\n          ebgp_distance: 20\n          ibgp_distance: 200\n          local_distance: 220\n          ebgp_max_ecmp: 16\n          ibgp_max_ecmp: 16\n          enable_host_route_leak: false\n        dhcp_relay_policies:\n          name_suffix: \"\"\n        dhcp_option_policies:\n          name_suffix: \"\"\n          options:\n            name_suffix: \"\"\n        route_tag_policies:\n          name_suffix: \"\"\n          tag: 4294967295\n        route_control_route_maps:\n          name_suffix: \"\"\n          contexts:\n            name_suffix: \"\"\n            action: \"permit\"\n            order: 0\n        match_rules:\n          name_suffix: \"\"\n          regex_community_terms:\n            name_suffix: \"\"\n            type: \"regular\"\n          community_terms:\n            name_suffix: \"\"\n            factors:\n              scope: \"transitive\"\n          prefixes:\n            aggregate: false\n            from_length: 0\n            to_length: 0\n        set_rules:\n          name_suffix: \"\"\n          community_mode: \"append\"\n          dampening:\n            half_life: 15\n            max_suppress_time: 60\n            reuse_limit: 750\n            suppress_limit: 2000\n          set_as_path:\n            criteria: \"prepend\"\n            count: 1\n            order: 0\n          next_hop_propagation: false\n          multipath: false\n        bfd_interface_policies:\n          name_suffix: \"\"\n          subinterface_optimization: false\n          detection_multiplier: 3\n          echo_admin_state: true\n          echo_rx_interval: 50\n          min_rx_interval: 50\n          min_tx_interval: 50\n        igmp_snooping_policies:\n          name_suffix: \"\"\n          admin_state: true\n          last_member_query_interval: 1\n          query_interval: 125\n          query_response_interval: 10\n          start_query_count: 2\n          start_query_interval: 31\n          fast_leave: false\n          querier: false\n        multicast_route_maps:\n          name_suffix: \"\"\n          entries:\n            source_ip: \"0.0.0.0\"\n            group_ip: \"0.0.0.0\"\n            rp_ip: \"0.0.0.0\"\n            action: \"permit\"\n        pim_policies:\n          name_suffix: \"\"\n          auth_type: \"none\"\n          designated_router_delay: 3\n          designated_router_priority: 1\n          hello_interval: 30000\n          join_prune_interval: 60\n          mcast_dom_boundary: false\n          passive: false\n          strict_rfc: false\n        igmp_interface_policies:\n          name_suffix: \"\"\n          grp_timeout: 260\n          allow_v3_asm: false\n          fast_leave: false\n          report_link_local_groups: false\n          last_member_count: 2\n          last_member_response_time: 1\n          querier_timeout: 255\n          query_interval: 125\n          robustness_variable: 2\n          query_response_interval: 25\n          startup_query_count: 2\n          startup_query_interval: 31\n          version: \"v2\"\n          max_mcast_entries: unlimited\n          reserved_mcast_entries: undefined\n        qos:\n          name_suffix: \"\"\n          dscp_priority_maps:\n            priority: level3\n            dscp_target: unspecified\n            cos_target: unspecified\n          dot1p_classifiers:\n            priority: level3\n            dscp_target: unspecified\n            cos_target: unspecified\n        ip_sla_policies:\n          name_suffix: \"\"\n          multiplier: 3\n          frequency: 60\n          sla_type: icmp\n          port: 0\n        trust_control_policies:\n          name_suffix: \"\"\n          dhcp_v4_server: false\n          dhcp_v6_server: false\n          ipv6_router: false\n          arp: false\n          nd: false\n          ra: false\n        span:\n          source_groups:\n            name_suffix: \"\"\n            admin_state: false\n            sources:\n              direction: both\n          destination_groups:\n            name_suffix: \"\"\n            dscp: unspecified\n            flow_id: 1\n            mtu: 1518\n            ttl: 64\n            version: 2\n            enforce_version: false\n        mpls_custom_qos_policies:\n          name_suffix: \"\"\n          ingress_rules:\n            priority: unspecified\n            dscp_target: unspecified\n            cos_target: unspecified\n          egress_rules:\n            cos_target: unspecified\n            exp_target: unspecified\n        bfd_multihop_node_policies:\n          name_suffix: \"\"\n          detection_multiplier: 3\n          min_rx_interval: 250\n          min_tx_interval: 250\n        nd_interface_policies:\n          name_suffix: \"\"\n          hop_limit: 64\n          ns_tx_interval: 1000\n          mtu: 9000\n          retransmit_retry_count: 3\n          nud_retransmit_base: 1\n          nud_retransmit_interval: 1000\n          nud_retransmit_count: 3\n          route_advertise_interval: 600\n          router_lifetime: 1800\n          reachable_time: 0\n          retransmit_timer: 0\n        nd_ra_prefix_policies:\n          name_suffix: \"\"\n          valid_lifetime: 2592000\n          preferred_lifetime: 604800\n          auto_configuration: true\n          on_link: true\n          router_address: false\n      services:\n        l4l7_devices:\n          name_suffix: \"\"\n          context_aware: single-Context\n          type: PHYSICAL\n          function: GoTo\n          copy_device: false\n          managed: false\n          promiscuous_mode: false\n          service_type: FW\n          trunking: false\n          concrete_devices:\n            name_suffix: \"\"\n            interfaces:\n              name_suffix: \"\"\n              module: 1\n          logical_interfaces:\n            name_suffix: \"\"\n            concrete_interfaces:\n              name_suffix: \"\"\n        redirect_policies:\n          name_suffix: \"\"\n          type: L3\n          anycast: false\n          hashing: sip-dip-prototype\n          threshold: false\n          max_threshold: 0\n          min_threshold: 0\n          threshold_down_action: permit\n          resilient_hashing: false\n          pod_aware: false\n          l3_destinations:\n            pod: 1\n        redirect_backup_policies:\n          name_suffix: \"\"\n          l3_destinations:\n            ip_2: \"0.0.0.0\"\n        service_epg_policies:\n          name_suffix: \"\"\n          preferred_group: false\n        redirect_health_groups:\n          name_suffix: \"\"\n        service_graph_templates:\n          name_suffix: \"\"\n          template_type: FW_ROUTED\n          redirect: false\n          share_encapsulation: false\n          consumer:\n            direct_connect: false\n          provider:\n            direct_connect: false\n        device_selection_policies:\n          consumer:\n            l3_destination: true\n            permit_logging: false\n            external_endpoint_group:\n              redistribute:\n                bgp: false\n                ospf: false\n                connected: false\n                static: false\n          provider:\n            l3_destination: true\n            permit_logging: false\n            external_endpoint_group:\n              redistribute:\n                bgp: false\n                ospf: false\n                connected: false\n                static: false\n          copy_service:\n            l3_destination: true\n            permit_logging: false\n",
              "\"defaults\": {}\n"
            ],
            "merge_list_items": true,
            "output": "defaults:\n    apic:\n        access_policies:\n            aaeps:\n                endpoint_groups:\n                    deployment_immediacy: lazy\n                    mode: regular\n                infra_vlan: false\n                name_suffix: \"\"\n            fex_interface_profiles:\n                name_suffix: \"\"\n                selectors:\n                    name_suffix: \"\"\n                    port_blocks:\n                        from_module: 1\n                        name_suffix: \"\"\n            fex_interface_selector_name: ETH\\g\u003cmod\u003e-\\g\u003cport\u003e\n            fex_profile_name: LEAF\\g\u003cid\u003e-FEX\\g\u003cfex\u003e\n            interface_policies:\n                cdp_policies:\n                    name_suffix: \"\"\n                l2_policies:\n                    name_suffix: \"\"\n                    qinq: disabled\n                    reflective_relay: false\n                    vlan_scope: global\n                link_level_policies:\n                    auto: true\n                    fec_mode: inherit\n                    name_suffix: \"\"\n                    speed: inherit\n                lldp_policies:\n                    name_suffix: \"\"\n                mcp_policies:\n                    name_suffix: \"\"\n                port_channel_member_policies:\n                    name_suffix: \"\"\n                    priority: 32768\n                    rate: normal\n                port_channel_policies:\n                    fast_select_standby: true\n                    graceful_convergence: true\n                    load_defer: false\n                    max_links: 16\n                    min_links: 1\n                    name_suffix: \"\"\n                    suspend_individual: true\n                    symmetric_hash: false\n                spanning_tree_policies:\n                    bpdu_filter: false\n                    bpdu_guard: false\n                    name_suffix: \"\"\n                storm_control_policies:\n                    action: drop\n                    broadcast_burst_pps: unspecified\n                    broadcast_burst_rate: \"100.000000\"\n                    broadcast_pps: unspecified\n                    broadcast_rate: \"100.000000\"\n                    multicast_burst_pps: unspecified\n                    multicast_burst_rate: \"100.000000\"\n                    multicast_pps: unspecified\n                    multicast_rate: \"100.000000\"\n                    name_suffix: \"\"\n                    unknown_unicast_burst_pps: unspecified\n                    unknown_unicast_burst_rate: \"100.000000\"\n                    unknown_unicast_pps: unspecified\n                    unknown_unicast_rate: \"100.000000\"\n            leaf_interface_policy_groups:\n                map: none\n                name_suffix: \"\"\n            leaf_interface_profile_name: LEAF\\g\u003cid\u003e\n            leaf_interface_profiles:\n                name_suffix: \"\"\n                selectors:\n                    name_suffix: \"\"\n                    port_blocks:\n                        from_module: 1\n                        name_suffix: \"\"\n                    sub_port_blocks:\n                        from_module: 1\n                        name_suffix: \"\"\n            leaf_interface_selector_name: ETH\\g\u003cmod\u003e-\\g\u003cport\u003e\n            leaf_interface_selector_sub_port_name: ETH\\g\u003cmod\u003e-\\g\u003cport\u003e-\\g\u003csport\u003e\n            leaf_switch_policy_groups:\n                name_suffix: \"\"\n            leaf_switch_profile_name: LEAF\\g\u003cid\u003e\n            leaf_switch_profiles:\n                name_suffix: \"\"\n                selectors:\n                    name_suffix: \"\"\n                    node_blocks:\n                        name_suffix: \"\"\n            leaf_switch_selector_name: LEAF\\g\u003cid\u003e\n            mcp:\n                action: true\n                admin_state: true\n                frequency_msec: 0\n                frequency_sec: 2\n                initial_delay: 180\n                key: cisco\n                loop_detection: 3\n                per_vlan: true\n            physical_domains:\n                allocation: static\n                name_suffix: \"\"\n            qos:\n                preserve_cos: false\n                qos_classes:\n                    - admin_state: true\n                      bandwidth_percent: 20\n                      congestion_algorithm: tail-drop\n                      ecn: false\n                      forward_non_ecn: false\n                      level: 1\n                      minimum_buffer: 0\n                      mtu: 9216\n                      no_drop_cos: \"\"\n                      pfc_scope: tor\n                      pfc_state: false\n                      scheduling: wrr\n                      weight: 0\n                      wred_max_threshold: 100\n                      wred_min_threshold: 0\n                      wred_probability: 0\n                    - admin_state: true\n                      bandwidth_percent: 20\n                      congestion_algorithm: tail-drop\n                      ecn: false\n                      forward_non_ecn: false\n                      level: 2\n                      minimum_buffer: 0\n                      mtu: 9216\n                      no_drop_cos: \"\"\n                      pfc_scope: tor\n                      pfc_state: false\n                      scheduling: wrr\n                      weight: 0\n                      wred_max_threshold: 100\n                      wred_min_threshold: 0\n                      wred_probability: 0\n                    - admin_state: true\n                      bandwidth_percent: 20\n                      congestion_algorithm: tail-drop\n                      ecn: false\n                      forward_non_ecn: false\n                      level: 3\n                      minimum_buffer: 0\n                      mtu: 9216\n                      no_drop_cos: \"\"\n                      pfc_scope: tor\n                      pfc_state: false\n                      scheduling: wrr\n                      weight: 0\n                      wred_max_threshold: 100\n                      wred_min_threshold: 0\n                      wred_probability: 0\n                    - admin_state: true\n                      bandwidth_percent: 0\n                      congestion_algorithm: tail-drop\n                      ecn: false\n                      forward_non_ecn: false\n                      level: 4\n                      minimum_buffer: 0\n                      mtu: 9216\n                      no_drop_cos: \"\"\n                      pfc_scope: tor\n                      pfc_state: false\n                      scheduling: wrr\n                      weight: 0\n                      wred_max_threshold: 100\n                      wred_min_threshold: 0\n                      wred_probability: 0\n                    - admin_state: true\n                      bandwidth_percent: 0\n                      congestion_algorithm: tail-drop\n                      ecn: false\n                      forward_non_ecn: false\n                      level: 5\n                      minimum_buffer: 0\n                      mtu: 9216\n                      no_drop_cos: \"\"\n                      pfc_scope: tor\n                      pfc_state: false\n                      scheduling: wrr\n                      weight: 0\n                      wred_max_threshold: 100\n                      wred_min_threshold: 0\n                      wred_probability: 0\n                    - admin_state: true\n                      bandwidth_percent: 0\n                      congestion_algorithm: tail-drop\n                      ecn: false\n                      forward_non_ecn: false\n                      level: 6\n                      minimum_buffer: 0\n                      mtu: 9216\n                      no_drop_cos: \"\"\n                      pfc_scope: tor\n                      pfc_state: false\n                      scheduling: wrr\n                      weight: 0\n                      wred_max_threshold: 100\n                      wred_min_threshold: 0\n                      wred_probability: 0\n            routed_domains:\n                allocation: static\n                name_suffix: \"\"\n            span:\n                destination_groups:\n                    dscp: unspecified\n                    enforce_version: false\n                    flow_id: 1\n                    module: 1\n                    mtu: 1518\n                    name_suffix: \"\"\n                    ttl: 64\n                    version: 2\n                filter_groups:\n                    entries:\n                        destination_from_port: unspecified\n                        ip_protocol: unspecified\n                        name_suffix: \"\"\n                        source_from_port: unspecified\n                    name_suffix: \"\"\n                source_groups:\n                    admin_state: true\n                    name_suffix: \"\"\n                    sources:\n                        access_paths:\n                            module: 1\n                        direction: both\n                        name_suffix: \"\"\n                        span_drop: false\n            spine_interface_policy_groups:\n                name_suffix: \"\"\n            spine_interface_profile_name: SPINE\\g\u003cid\u003e\n            spine_interface_profiles:\n                name_suffix: \"\"\n                selectors:\n                    name_suffix: \"\"\n                    port_blocks:\n                        from_module: 1\n                        name_suffix: \"\"\n            spine_interface_selector_name: ETH\\g\u003cmod\u003e-\\g\u003cport\u003e\n            spine_switch_policy_groups:\n                name_suffix: \"\"\n            spine_switch_profile_name: SPINE\\g\u003cid\u003e\n            spine_switch_profiles:\n                name_suffix: \"\"\n                selectors:\n                    name_suffix: \"\"\n                    node_blocks:\n                        name_suffix: \"\"\n            spine_switch_selector_name: SPINE\\g\u003cid\u003e\n            switch_policies:\n                forwarding_scale_policies:\n                    name_suffix: \"\"\n                    profile: dual-stack\n                mst_policies:\n                    name_suffix: \"\"\n                vpc_policies:\n                    name_suffix: \"\"\n                    peer_dead_interval: 200\n            vlan_pools:\n                allocation: static\n                name_suffix: \"\"\n                ranges:\n                    allocation: inherit\n                    role: external\n            vpc_group_name: VPC\\g\u003cswitch1_id\u003e-\\g\u003cswitch2_id\u003e\n            vspan:\n                destination_groups:\n                    destinations:\n                        dscp: unspecified\n                        flow_id: 1\n                        mtu: 1518\n                        name_suffix: \"\"\n                        ttl: 64\n                    name_suffix: \"\"\n                sessions:\n                    admin_state: true\n                    name_suffix: \"\"\n                    sources:\n                        access_paths:\n                            module: 1\n                        direction: both\n                        name_suffix: \"\"\n        auto_generate_access_leaf_switch_interface_profiles: false\n        auto_generate_access_spine_switch_interface_profiles: false\n        auto_generate_fabric_leaf_switch_interface_profiles: false\n        auto_generate_fabric_spine_switch_interface_profiles: false\n        auto_generate_pod_profiles: false\n        auto_generate_switch_pod_profiles: false\n        fabric_policies:\n            aaa:\n                ca_certificates:\n                    name_suffix: \"\"\n                console_realm: local\n                default_fallback_check: false\n                default_realm: local\n                key_rings:\n                    modulus: mod2048\n                    name_suffix: \"\"\n                ldap:\n                    group_map_rules:\n                        security_domains:\n                            roles:\n                                privilege_type: write\n                    providers:\n                        enable_ssl: false\n                        mgmt_epg: inb\n                        monitoring_username: default\n                        port: 389\n                        retries: 1\n                        server_monitoring: false\n                        ssl_validation_level: strict\n                        timeout: 30\n                login_domains:\n                    auth_choice: CiscoAVPair\n                    ldap_providers:\n                        priority: 0\n                    radius_providers:\n                        priority: 0\n                    tacacs_providers:\n                        priority: 0\n                management_settings:\n                    enable_login_block: false\n                    include_refresh_session_records: true\n                    login_block_duration: 60\n                    login_max_failed_attempts: 5\n                    login_max_failed_attempts_window: 5\n                    password_change_count: 2\n                    password_change_during_interval: true\n                    password_change_interval: 48\n                    password_history_count: 5\n                    password_no_change_interval: 24\n                    password_strength_check: false\n                    password_strength_profile:\n                        password_class_flags:\n                            - digits\n                            - lowercase\n                            - uppercase\n                        password_maximum_length: 64\n                        password_mininum_length: 8\n                        password_strength_test_type: default\n                    web_session_idle_timeout: 1200\n                    web_token_max_validity: 24\n                    web_token_timeout: 600\n                radius_providers:\n                    mgmt_epg: inb\n                    monitoring: false\n                    port: 1812\n                    protocol: pap\n                    retries: 1\n                    timeout: 5\n                remote_user_login_policy: no-login\n                security_domains:\n                    restricted_rbac_domain: false\n                tacacs_providers:\n                    mgmt_epg: inb\n                    monitoring: false\n                    port: 49\n                    protocol: pap\n                    retries: 1\n                    timeout: 5\n                users:\n                    domains:\n                        roles:\n                            privilege_type: write\n                    expires: false\n                    status: active\n            apic_conn_pref: inband\n            banners:\n                apic_cli_banner: \"\"\n                apic_gui_alias: \"\"\n                apic_gui_banner_url: \"\"\n                switch_cli_banner: \"\"\n            config_exports:\n                format: json\n                name_suffix: \"\"\n                snapshot: false\n            coop_group_policy: strict\n            date_time_format:\n                display_format: local\n                show_offset: true\n                timezone: p0_UTC\n            dns_policies:\n                domains:\n                    default: true\n                mgmt_epg: inb\n                mgmt_epg_oob: default\n                name_suffix: \"\"\n                providers:\n                    preferred: false\n            ep_loop_protection:\n                action: bd-learn-disable\n                admin_state: false\n                detection_interval: 60\n                detection_multiplier: 4\n            err_disabled_recovery:\n                bpdu_guard: false\n                ep_move: false\n                interval: 300\n                mcp_loop: false\n            external_connectivity_policy:\n                fabric_id: 1\n                name_suffix: \"\"\n                route_target: extended:as2-nn4:5:16\n                routing_profiles:\n                    name_suffix: \"\"\n                site_id: 1\n            fabric_bgp_ext_rr:\n                pod_id: 1\n            fabric_bgp_rr:\n                pod_id: 1\n            fabric_isis_bfd: true\n            fabric_isis_redistribute_metric: 60\n            geolocation:\n                sites:\n                    buildings:\n                        floors:\n                            name_suffix: \"\"\n                            rooms:\n                                name_suffix: \"\"\n                                rows:\n                                    name_suffix: \"\"\n                                    racks:\n                                        name_suffix: \"\"\n                        name_suffix: \"\"\n                    name_suffix: \"\"\n            global_settings:\n                disable_remote_endpoint_learn: false\n                domain_validation: true\n                enforce_subnet_check: true\n                opflex_authentication: false\n                overlapping_vlan_validation: true\n                reallocate_gipo: false\n                remote_leaf_direct: true\n            ignore_acked_faults: false\n            infra_dscp_translation_policy:\n                admin_state: false\n                control_plane: CS7\n                level_1: EF\n                level_2: CS3\n                level_3: CS0\n                level_4: AF11\n                level_5: AF21\n                level_6: AF31\n                policy_plane: CS4\n                span: CS1\n                traceroute: CS2\n            ip_aging: true\n            l2_mtu_policies:\n                name_suffix: \"\"\n                port_mtu_size: 9000\n            l2_port_mtu: 9000\n            leaf_interface_policy_groups:\n                name_suffix: \"\"\n            leaf_interface_profile_name: LEAF\\g\u003cid\u003e\n            leaf_interface_profiles:\n                name_suffix: \"\"\n            leaf_interface_selector_name: ETH\\g\u003cmod\u003e-\\g\u003cport\u003e\n            leaf_switch_policy_groups:\n                name_suffix: \"\"\n            leaf_switch_profile_name: LEAF\\g\u003cid\u003e\n            leaf_switch_profiles:\n                name_suffix: \"\"\n                selectors:\n                    name_suffix: \"\"\n                    node_blocks:\n                        name_suffix: \"\"\n            leaf_switch_selector_name: LEAF\\g\u003cid\u003e\n            monitoring:\n                snmp_traps:\n                    destinations:\n                        mgmt_epg: inb\n                        port: 162\n                        security: priv\n                        version: v2c\n                    name_suffix: \"\"\n                syslogs:\n                    admin_state: true\n                    audit: true\n                    console_admin_state: true\n                    console_severity: alerts\n                    destinations:\n                        admin_state: true\n                        facility: local7\n                        mgmt_epg: inb\n                        port: 514\n                        severity: warnings\n                    events: true\n                    faults: true\n                    format: aci\n                    local_admin_state: true\n                    local_severity: information\n                    minimum_severity: warnings\n                    name_suffix: \"\"\n                    session: false\n                    show_millisecond: false\n                    show_timezone: false\n            pod_policies:\n                date_time_policies:\n                    apic_ntp_server_master_mode: false\n                    apic_ntp_server_master_stratum: 8\n                    apic_ntp_server_state: false\n                    name_suffix: \"\"\n                    ntp_admin_state: true\n                    ntp_auth_state: false\n                    ntp_servers:\n                        mgmt_epg: inb\n                        preferred: true\n                management_access_policies:\n                    http:\n                        admin_state: false\n                        port: 80\n                    https:\n                        admin_state: true\n                        client_cert_auth_state: false\n                        dh: none\n                        key_ring: default\n                        port: 443\n                        tlsv1: false\n                        tlsv1_1: true\n                        tlsv1_2: true\n                        tlsv1_3: false\n                    name_suffix: \"\"\n                    ssh:\n                        admin_state: true\n                        aes128_ctr: true\n                        aes128_gcm: true\n                        aes192_ctr: true\n                        aes256_ctr: true\n                        aes256_gcm: false\n                        chacha: true\n                        curve25519_sha256: false\n                        curve25519_sha256_libssh: false\n                        dh1_sha1: false\n                        dh14_sha1: false\n                        dh14_sha256: false\n                        dh16_sha512: false\n                        ecdh_sha2_nistp256: false\n                        ecdh_sha2_nistp384: false\n                        ecdh_sha2_nistp521: false\n                        hmac_sha1: true\n                        hmac_sha2_256: true\n                        hmac_sha2_512: true\n                        password_auth: true\n                        port: 22\n                    telnet:\n                        admin_state: false\n                        port: 23\n                snmp_policies:\n                    admin_state: true\n                    clients:\n                        name_suffix: \"\"\n                    contact: \"\"\n                    location: \"\"\n                    name_suffix: \"\"\n                    trap_forwarders:\n                        port: 162\n                    users:\n                        authorization_type: hmac-sha1-96\n                        privacy_type: aes-128\n            pod_policy_groups:\n                name_suffix: \"\"\n            pod_profile_name: POD\\g\u003cid\u003e\n            pod_profile_pod_selector_name: POD\\g\u003cid\u003e\n            pod_profiles:\n                name_suffix: \"\"\n                selectors:\n                    name_suffix: \"\"\n                    pod_blocks:\n                        name_suffix: \"\"\n                    type: range\n            port_tracking:\n                admin_state: true\n                delay: 120\n                include_apic: false\n                min_links: 0\n            ptp:\n                admin_state: false\n                announce_interval: 1\n                announce_timeout: 3\n                delay_interval: -2\n                global_domain: 0\n                profile: aes67\n                sync_interval: -3\n            remote_locations:\n                auth_type: password\n                mgmt_epg: inb\n                name_suffix: \"\"\n                path: /\n            rogue_ep_control:\n                admin_state: true\n                detection_interval: 30\n                detection_multiplier: 10\n                hold_interval: 1800\n            schedulers:\n                name_suffix: \"\"\n                recurring_windows:\n                    day: every-day\n                    hour: 0\n                    minute: 0\n                    name_suffix: \"\"\n            smart_licensing:\n                mode: smart-licensing\n                proxy:\n                    port: \"443\"\n                url: https://tools.cisco.com/its/service/oddce/services/DDCEService\n            span:\n                destination_groups:\n                    dscp: unspecified\n                    enforce_version: false\n                    flow_id: 1\n                    mtu: 1518\n                    name_suffix: \"\"\n                    ttl: 64\n                    version: 2\n                source_groups:\n                    admin_state: true\n                    name_suffix: \"\"\n                    sources:\n                        access_paths:\n                            module: 1\n                        direction: both\n                        name_suffix: \"\"\n                        span_drop: false\n            spine_interface_policy_groups:\n                name_suffix: \"\"\n            spine_interface_profile_name: SPINE\\g\u003cid\u003e\n            spine_interface_profiles:\n                name_suffix: \"\"\n            spine_interface_selector_name: ETH\\g\u003cmod\u003e-\\g\u003cport\u003e\n            spine_switch_policy_groups:\n                name_suffix: \"\"\n            spine_switch_profile_name: SPINE\\g\u003cid\u003e\n            spine_switch_profiles:\n                name_suffix: \"\"\n                selectors:\n                    name_suffix: \"\"\n                    node_blocks:\n                        name_suffix: \"\"\n            spine_switch_selector_name: SPINE\\g\u003cid\u003e\n            switch_policies:\n                node_control_policies:\n                    dom: true\n                    name_suffix: \"\"\n                    telemetry: telemetry\n                psu_policies:\n                    name_suffix: \"\"\n            system_performance:\n                admin_state: false\n                calculation_window: 300\n                response_threshold: 85000\n                top_slowest_requests: 5\n            use_infra_gipo: false\n            vmware_vmm_domains:\n                access_mode: read-write\n                credential_policies:\n                    name_suffix: \"\"\n                delimiter: \"\"\n                name_suffix: \"\"\n                tag_collection: false\n                vcenters:\n                    dvs_version: unmanaged\n                    mgmt_epg: inb\n                    name_suffix: \"\"\n                    statistics: false\n                vswitch:\n                    enhanced_lags:\n                        lb_mode: src-dst-ip\n                        mode: active\n                        name_suffix: \"\"\n                        num_links: 2\n        interface_policies:\n            nodes:\n                fexes:\n                    interfaces:\n                        from_module: 1\n                interfaces:\n                    fabric: false\n                    from_module: 1\n                    module: 1\n        new_interface_configuration: false\n        node_policies:\n            inb_endpoint_group: default\n            nodes:\n                pod: 1\n            oob_endpoint_group: default\n            update_groups:\n                name_suffix: \"\"\n                scheduler: default\n            vpc_groups:\n                mode: explicit\n        tenants:\n            application_profiles:\n                endpoint_groups:\n                    flood_in_encap: false\n                    intra_epg_isolation: false\n                    name_suffix: \"\"\n                    preferred_group: false\n                    proxy_arp: false\n                    qos_class: unspecified\n                    static_endpoints:\n                        ip: 0.0.0.0\n                        module: 1\n                        name_suffix: \"\"\n                    static_leafs:\n                        deployment_immediacy: lazy\n                        mode: regular\n                    static_ports:\n                        deployment_immediacy: lazy\n                        mode: regular\n                        module: 1\n                    subnets:\n                        igmp_querier: false\n                        ip_pools:\n                            end_ip: 0.0.0.0\n                            name_suffix: \"\"\n                            start_ip: 0.0.0.0\n                        nd_ra_prefix: true\n                        nlb_group: 0.0.0.0\n                        nlb_mac: \"00:00:00:00:00:00\"\n                        no_default_gateway: false\n                        primary_ip: false\n                        private: true\n                        public: false\n                        shared: false\n                        virtual: false\n                    vmware_vmm_domains:\n                        allow_promiscuous: reject\n                        delimiter: \"\"\n                        deployment_immediacy: lazy\n                        forged_transmits: reject\n                        mac_changes: reject\n                        name_suffix: \"\"\n                        netflow: false\n                        resolution_immediacy: pre-provision\n                        u_segmentation: false\n                endpoint_security_groups:\n                    intra_esg_isolation: false\n                    name_suffix: \"\"\n                    preferred_group: false\n                    shutdown: false\n                    tag_selectors:\n                        operator: equals\n                managed: true\n                name_suffix: \"\"\n            bridge_domains:\n                advertise_host_routes: false\n                arp_flooding: true\n                clear_remote_mac_entries: false\n                dhcp_labels:\n                    scope: tenant\n                ep_move_detection: false\n                ip_dataplane_learning: true\n                l3_multicast: false\n                limit_ip_learn_to_subnets: true\n                mac: 00:22:BD:F8:19:FF\n                multi_destination_flooding: bd-flood\n                name_suffix: \"\"\n                subnets:\n                    igmp_querier: false\n                    nd_ra_prefix: true\n                    no_default_gateway: false\n                    primary_ip: false\n                    private: true\n                    public: false\n                    shared: false\n                    virtual: false\n                unicast_routing: true\n                unknown_ipv4_multicast: flood\n                unknown_ipv6_multicast: flood\n                unknown_unicast: flood\n            contracts:\n                name_suffix: \"\"\n                qos_class: unspecified\n                scope: context\n                subjects:\n                    filters:\n                        action: permit\n                        log: false\n                        no_stats: false\n                        priority: default\n                    name_suffix: \"\"\n                    qos_class: unspecified\n                    target_dscp: unspecified\n                target_dscp: unspecified\n            ext_mgmt_instances:\n                name_suffix: \"\"\n            filters:\n                entries:\n                    destination_from_port: unspecified\n                    ethertype: ip\n                    name_suffix: \"\"\n                    protocol: tcp\n                    source_from_port: unspecified\n                    stateful: false\n                name_suffix: \"\"\n            imported_contracts:\n                name_suffix: \"\"\n            inb_endpoint_groups:\n                name_suffix: \"\"\n            l3outs:\n                bgp_peers:\n                    admin_state: true\n                    allow_self_as: false\n                    allowed_self_as_count: 3\n                    as_override: false\n                    as_propagate: none\n                    bfd: false\n                    disable_connected_check: false\n                    disable_peer_as_check: false\n                    multicast_address_family: true\n                    next_hop_self: false\n                    remove_all_private_as: false\n                    remove_private_as: false\n                    replace_private_as_with_local_as: false\n                    send_community: false\n                    send_ext_community: false\n                    ttl: 1\n                    unicast_address_family: true\n                    weight: 0\n                default_route_leak_policy:\n                    always: false\n                    context_scope: false\n                    criteria: only\n                    outside_scope: true\n                export_route_control_enforcement: true\n                export_route_map:\n                    contexts:\n                        action: permit\n                        name_suffix: \"\"\n                        order: 0\n                    type: global\n                external_endpoint_groups:\n                    name_suffix: \"\"\n                    preferred_group: false\n                    qos_class: unspecified\n                    route_control_profiles:\n                        direction: import\n                        name_suffix: \"\"\n                    subnets:\n                        aggregate_export_route_control: false\n                        aggregate_import_route_control: false\n                        aggregate_shared_route_control: false\n                        bgp_route_summarization: false\n                        export_route_control: false\n                        import_route_control: false\n                        import_security: true\n                        ospf_route_summarization: false\n                        route_control_profiles:\n                            direction: import\n                            name_suffix: \"\"\n                        shared_route_control: false\n                        shared_security: false\n                    target_dscp: unspecified\n                import_route_control_enforcement: false\n                import_route_map:\n                    contexts:\n                        action: permit\n                        name_suffix: \"\"\n                        order: 0\n                    type: global\n                l3_multicast_ipv4: false\n                multipod: true\n                name_suffix: \"\"\n                node_profiles:\n                    bgp_peers:\n                        admin_state: true\n                        allow_self_as: false\n                        allowed_self_as_count: 3\n                        as_override: false\n                        as_propagate: none\n                        bfd: false\n                        disable_connected_check: false\n                        disable_peer_as_check: false\n                        multicast_address_family: true\n                        next_hop_self: false\n                        remove_all_private_as: false\n                        remove_private_as: false\n                        replace_private_as_with_local_as: false\n                        send_community: false\n                        send_ext_community: false\n                        ttl: 1\n                        unicast_address_family: true\n                        weight: 0\n                    interface_profiles:\n                        interfaces:\n                            autostate: false\n                            bgp_peers:\n                                admin_state: true\n                                allow_self_as: false\n                                allowed_self_as_count: 3\n                                as_override: false\n                                as_propagate: none\n                                bfd: false\n                                disable_connected_check: false\n                                disable_peer_as_check: false\n                                multicast_address_family: true\n                                next_hop_self: false\n                                remove_all_private_as: false\n                                remove_private_as: false\n                                replace_private_as_with_local_as: false\n                                send_community: false\n                                send_ext_community: false\n                                ttl: 1\n                                unicast_address_family: true\n                                weight: 0\n                            floating_svi: false\n                            ip: 0.0.0.0\n                            mac: 00:22:BD:F8:19:FF\n                            mode: regular\n                            module: 1\n                            mtu: inherit\n                            multipod_direct: false\n                            pod: 1\n                            svi: false\n                        name_suffix: \"\"\n                        ospf:\n                            auth_key_id: 1\n                            auth_type: none\n                        qos_class: unspecified\n                        target_dscp: unspecified\n                    name_suffix: \"\"\n                    nodes:\n                        pod: 1\n                        router_id_as_loopback: true\n                        static_routes:\n                            bfd: false\n                            next_hops:\n                                preference: 1\n                                type: prefix\n                            preference: 1\n                nodes:\n                    interfaces:\n                        autostate: false\n                        bgp_peers:\n                            admin_state: true\n                            allow_self_as: false\n                            allowed_self_as_count: 3\n                            as_override: false\n                            as_propagate: none\n                            bfd: false\n                            disable_connected_check: false\n                            disable_peer_as_check: false\n                            multicast_address_family: true\n                            next_hop_self: false\n                            remove_all_private_as: false\n                            remove_private_as: false\n                            replace_private_as_with_local_as: false\n                            send_community: false\n                            send_ext_community: false\n                            ttl: 1\n                            unicast_address_family: true\n                            weight: 0\n                        floating_svi: false\n                        ip: 0.0.0.0\n                        mac: 00:22:BD:F8:19:FF\n                        mode: regular\n                        module: 1\n                        mtu: inherit\n                        multipod_direct: false\n                        pod: 1\n                        svi: false\n                    pod: 1\n                    router_id_as_loopback: true\n                    static_routes:\n                        bfd: false\n                        next_hops:\n                            preference: 1\n                            type: prefix\n                        preference: 1\n                ospf:\n                    area_control_redistribute: true\n                    area_control_summary: true\n                    area_control_suppress_fa: false\n                    area_cost: 1\n                    area_type: regular\n                    auth_key_id: 1\n                    auth_type: none\n                qos_class: unspecified\n                redistribution_route_maps:\n                    source: static\n                remote_leaf: false\n                target_dscp: unspecified\n            managed: true\n            oob_contracts:\n                name_suffix: \"\"\n                scope: context\n                subjects:\n                    name_suffix: \"\"\n            oob_endpoint_groups:\n                name: default\n                name_suffix: \"\"\n            policies:\n                bfd_interface_policies:\n                    detection_multiplier: 3\n                    echo_admin_state: true\n                    echo_rx_interval: 50\n                    min_rx_interval: 50\n                    min_tx_interval: 50\n                    name_suffix: \"\"\n                    subinterface_optimization: false\n                bfd_multihop_node_policies:\n                    detection_multiplier: 3\n                    min_rx_interval: 250\n                    min_tx_interval: 250\n                    name_suffix: \"\"\n                bgp_address_family_context_policies:\n                    ebgp_distance: 20\n                    ebgp_max_ecmp: 16\n                    enable_host_route_leak: false\n                    ibgp_distance: 200\n                    ibgp_max_ecmp: 16\n                    local_distance: 220\n                    name_suffix: \"\"\n                bgp_best_path_policies:\n                    control_type: \"\"\n                    name_suffix: \"\"\n                bgp_peer_prefix_policies:\n                    action: reject\n                    max_prefixes: 20000\n                    name_suffix: \"\"\n                    restart_time: 65534\n                    threshold: 75\n                bgp_timer_policies:\n                    graceful_restart_helper: true\n                    hold_interval: 180\n                    keepalive_interval: 60\n                    maximum_as_limit: 0\n                    name_suffix: \"\"\n                    stale_interval: default\n                custom_qos:\n                    name_suffix: \"\"\n                dhcp_option_policies:\n                    name_suffix: \"\"\n                    options:\n                        name_suffix: \"\"\n                dhcp_relay_policies:\n                    name_suffix: \"\"\n                eigrp_interface_policies:\n                    bandwidth: 0\n                    bfd: false\n                    delay: 0\n                    delay_unit: tens-of-micro\n                    hello_interval: 5\n                    hold_interval: 15\n                    name_suffix: \"\"\n                    passive_interface: false\n                    self_nexthop: true\n                    split_horizon: true\n                igmp_interface_policies:\n                    allow_v3_asm: false\n                    fast_leave: false\n                    grp_timeout: 260\n                    last_member_count: 2\n                    last_member_response_time: 1\n                    max_mcast_entries: unlimited\n                    name_suffix: \"\"\n                    querier_timeout: 255\n                    query_interval: 125\n                    query_response_interval: 25\n                    report_link_local_groups: false\n                    reserved_mcast_entries: undefined\n                    robustness_variable: 2\n                    startup_query_count: 2\n                    startup_query_interval: 31\n                    version: v2\n                igmp_snooping_policies:\n                    admin_state: true\n                    fast_leave: false\n                    last_member_query_interval: 1\n                    name_suffix: \"\"\n                    querier: false\n                    query_interval: 125\n                    query_response_interval: 10\n                    start_query_count: 2\n                    start_query_interval: 31\n                ip_sla_policies:\n                    frequency: 60\n                    multiplier: 3\n                    name_suffix: \"\"\n                    port: 0\n                    sla_type: icmp\n                match_rules:\n                    community_terms:\n                        factors:\n                            scope: transitive\n                        name_suffix: \"\"\n                    name_suffix: \"\"\n                    prefixes:\n                        aggregate: false\n                        from_length: 0\n                        to_length: 0\n                    regex_community_terms:\n                        name_suffix: \"\"\n                        type: regular\n                mpls_custom_qos_policies:\n                    egress_rules:\n                        cos_target: unspecified\n                        exp_target: unspecified\n                    ingress_rules:\n                        cos_target: unspecified\n                        dscp_target: unspecified\n                        priority: unspecified\n                    name_suffix: \"\"\n                multicast_route_maps:\n                    entries:\n                        action: permit\n                        group_ip: 0.0.0.0\n                        rp_ip: 0.0.0.0\n                        source_ip: 0.0.0.0\n                    name_suffix: \"\"\n                nd_interface_policies:\n                    hop_limit: 64\n                    mtu: 9000\n                    name_suffix: \"\"\n                    ns_tx_interval: 1000\n                    nud_retransmit_base: 1\n                    nud_retransmit_count: 3\n                    nud_retransmit_interval: 1000\n                    reachable_time: 0\n                    retransmit_retry_count: 3\n                    retransmit_timer: 0\n                    route_advertise_interval: 600\n                    router_lifetime: 1800\n                nd_ra_prefix_policies:\n                    auto_configuration: true\n                    name_suffix: \"\"\n                    on_link: true\n                    preferred_lifetime: 604800\n                    router_address: false\n                    valid_lifetime: 2592000\n                ospf_interface_policies:\n                    advertise_subnet: false\n                    bfd: false\n                    cost: unspecified\n                    dead_interval: 40\n                    hello_interval: 10\n                    lsa_retransmit_interval: 5\n                    lsa_transmit_delay: 1\n                    mtu_ignore: false\n                    name_suffix: \"\"\n                    network_type: p2p\n                    passive_interface: false\n                    priority: 1\n                ospf_timer_policies:\n                    distance: 110\n                    graceful_restart: false\n                    lsa_arrival_interval: 1000\n                    lsa_group_pacing_interval: 10\n                    lsa_hold_interval: 5000\n                    lsa_max_interval: 5000\n                    lsa_start_interval: 0\n                    max_ecmp: 8\n                    max_lsa_action: reject\n                    max_lsa_num: 20000\n                    max_lsa_reset_interval: 10\n                    max_lsa_sleep_count: 5\n                    max_lsa_sleep_interval: 5\n                    max_lsa_threshold: 75\n                    name_suffix: \"\"\n                    prefix_suppression: false\n                    reference_bandwidth: 40000\n                    router_id_lookup: false\n                    spf_hold_interval: 1000\n                    spf_init_interval: 200\n                    spf_max_interval: 5000\n                pim_policies:\n                    auth_type: none\n                    designated_router_delay: 3\n                    designated_router_priority: 1\n                    hello_interval: 30000\n                    join_prune_interval: 60\n                    mcast_dom_boundary: false\n                    name_suffix: \"\"\n                    passive: false\n                    strict_rfc: false\n                qos:\n                    dot1p_classifiers:\n                        cos_target: unspecified\n                        dscp_target: unspecified\n                        priority: level3\n                    dscp_priority_maps:\n                        cos_target: unspecified\n                        dscp_target: unspecified\n                        priority: level3\n                    name_suffix: \"\"\n                route_control_route_maps:\n                    contexts:\n                        action: permit\n                        name_suffix: \"\"\n                        order: 0\n                    name_suffix: \"\"\n                route_tag_policies:\n                    name_suffix: \"\"\n                    tag: 4294967295\n                set_rules:\n                    community_mode: append\n                    dampening:\n                        half_life: 15\n                        max_suppress_time: 60\n                        reuse_limit: 750\n                        suppress_limit: 2000\n                    multipath: false\n                    name_suffix: \"\"\n                    next_hop_propagation: false\n                    set_as_path:\n                        count: 1\n                        criteria: prepend\n                        order: 0\n                span:\n                    destination_groups:\n                        dscp: unspecified\n                        enforce_version: false\n                        flow_id: 1\n                        mtu: 1518\n                        name_suffix: \"\"\n                        ttl: 64\n                        version: 2\n                    source_groups:\n                        admin_state: false\n                        name_suffix: \"\"\n                        sources:\n                            direction: both\n                trust_control_policies:\n                    arp: false\n                    dhcp_v4_server: false\n                    dhcp_v6_server: false\n                    ipv6_router: false\n                    name_suffix: \"\"\n                    nd: false\n                    ra: false\n            services:\n                device_selection_policies:\n                    consumer:\n                        external_endpoint_group:\n                            redistribute:\n                                bgp: false\n                                connected: false\n                                ospf: false\n                                static: false\n                        l3_destination: true\n                        permit_logging: false\n                    copy_service:\n                        l3_destination: true\n                        permit_logging: false\n                    provider:\n                        external_endpoint_group:\n                            redistribute:\n                                bgp: false\n                                connected: false\n                                ospf: false\n                                static: false\n                        l3_destination: true\n                        permit_logging: false\n                l4l7_devices:\n                    concrete_devices:\n                        interfaces:\n                            module: 1\n                            name_suffix: \"\"\n                        name_suffix: \"\"\n                    context_aware: single-Context\n                    copy_device: false\n                    function: GoTo\n                    logical_interfaces:\n                        concrete_interfaces:\n                            name_suffix: \"\"\n                        name_suffix: \"\"\n                    managed: false\n                    name_suffix: \"\"\n                    promiscuous_mode: false\n                    service_type: FW\n                    trunking: false\n                    type: PHYSICAL\n                redirect_backup_policies:\n                    l3_destinations:\n                        ip_2: 0.0.0.0\n                    name_suffix: \"\"\n                redirect_health_groups:\n                    name_suffix: \"\"\n                redirect_policies:\n                    anycast: false\n                    hashing: sip-dip-prototype\n                    l3_destinations:\n                        pod: 1\n                    max_threshold: 0\n                    min_threshold: 0\n                    name_suffix: \"\"\n                    pod_aware: false\n                    resilient_hashing: false\n                    threshold: false\n                    threshold_down_action: permit\n                    type: L3\n                service_epg_policies:\n                    name_suffix: \"\"\n                    preferred_group: false\n                service_graph_templates:\n                    consumer:\n                        direct_connect: false\n                    name_suffix: \"\"\n                    provider:\n                        direct_connect: false\n                    redirect: false\n                    share_encapsulation: false\n                    template_type: FW_ROUTED\n            sr_mpls_l3outs:\n                external_endpoint_groups:\n                    name_suffix: \"\"\n                    preferred_group: false\n                    subnets:\n                        aggregate_shared_route_control: false\n                        route_leaking: false\n                        security: false\n                name_suffix: \"\"\n                node_profiles:\n                    evpn_connectivity:\n                        admin_state: true\n                        allow_self_as: false\n                        as_propagate: none\n                        bfd: false\n                        disable_peer_as_check: false\n                        ttl: 2\n                    interface_profiles:\n                        interfaces:\n                            bgp_peers:\n                                admin_state: true\n                                allow_self_as: false\n                                as_propagate: none\n                                bfd: false\n                                send_community: false\n                                send_ext_community: false\n                                unicast_address_family: true\n                            mac: 00:22:BD:F8:19:FF\n                            module: 1\n                            mtu: inherit\n                            pod_id: 1\n                        name_suffix: \"\"\n                    name_suffix: \"\"\n                    nodes:\n                        pod_id: 1\n                transport_data_plane: sr_mpls\n            vrfs:\n                data_plane_learning: true\n                enforcement_direction: ingress\n                enforcement_preference: enforced\n                leaked_internal_prefixes:\n                    public: false\n                name_suffix: \"\"\n                pim:\n                    asm_sg_expiry: default-timeout\n                    asm_traffic_registry_max_rate: 65535\n                    asm_traffic_registry_source_ip: 0.0.0.0\n                    auto_rp_forward_updates: false\n                    auto_rp_listen_updates: false\n                    bsr_forward_updates: false\n                    bsr_listen_updates: false\n                    fast_convergence: false\n                    max_multicast_entries: unlimited\n                    mtu: 1500\n                    reserved_multicast_entries: undefined\n                    strict_rfc: false\n                preferred_group: false\n        version: 5.2.1g\n"
          },
          "sensitive_attributes": []
        }
      ]
    },
    {
      "module": "module.aci",
      "mode": "data",
      "type": "utils_yaml_merge",
      "name": "model",
      "provider": "provider[\"registry.terraform.io/netascode/utils\"]",
      "instances": [
        {
          "schema_version": 0,
          "attributes": {
            "id": "47a16badc050ec5b90c1580f0f209809772d3d25",
            "input": [
              "---\napic:\n  tenants:\n    - name: demo-05\n####################################################################            \n      bridge_domains:\n        # - name: 6.6.6.0_24\n        #   description: PBR subnet\n        #   alias: internal-vrf\n        #   unknown_unicast: proxy\n        #   vrf: vrf-02\n        #   subnets:\n        #     - ip: 6.6.6.1/24\n        #       public: false\n        #       private: true\n        #       shared: false\n        #       nd_ra_prefix: false\n####################################################################      \n        - name: 10.0.91.0_24\n          alias: internal-vrf-02\n          unknown_unicast: proxy\n          vrf: vrf-02\n          subnets:\n            - ip: 10.0.91.1/24\n              public: true\n              # private: false\n              shared: true\n              nd_ra_prefix: false\n          dhcp_labels:\n            - dhcp_relay_policy: dhcp.uktme.cisco.com\n####################################################################      \n        - name: 10.0.92.0_24\n          alias: internal-vrf-03\n          unknown_unicast: proxy\n          vrf: vrf-03\n          subnets:\n            - ip: 10.0.92.1/24\n              public: true\n              # private: false\n              shared: true\n              nd_ra_prefix: false\n          dhcp_labels:\n            - dhcp_relay_policy: dhcp.uktme.cisco.com\n####################################################################      ",
              "############################## This file imports contracts to the demo-05 tenant\n---\napic:\n  tenants:\n    - name: demo-05\n      imported_contracts:\n############################## Imported contracts from tenant shared-services\n        - name: permit-from-lab-desktops\n          tenant: shared-services\n          contract: permit-from-lab-desktops\n\n        - name: 'permit-from-core-services'\n          tenant: shared-services\n          contract: permit-from-core-services\n\n        - name: 'permit-to-core-services'\n          tenant: shared-services\n          contract: permit-to-core-services",
              "---\napic:\n  tenants:\n    - name: demo-05\n      contracts:\n####################################################################      \n        - name: intra-tenant\n          scope: context\n          subjects:\n            - name: permit-src-any-dst-any\n              filters: \n                - filter: permit-src-any-dst-any\n#####################################################################      \n        - name: permit-to-epg-10.0.91.0_24-epg-01\n          scope: tenant\n          subjects:\n            - name: permit-src-any-dst-any\n              filters:\n                - filter: permit-src-any-dst-any\n              # service_graph: ftdv-02-adapter-8-gig-0-5\n#####################################################################      \n        - name: permit-to-epg-10.0.91.0_24-epg-02\n          scope: tenant\n          subjects:\n            - name: permit-src-any-dst-any\n              filters:\n                - filter: permit-src-any-dst-any\n              # service_graph: ftdv-02-adapter-8-gig-0-5\n#####################################################################      \n        - name: permit-to-epg-10.0.92.0_24-epg-01\n          scope: tenant\n          subjects:\n            - name: permit-src-any-dst-any\n              filters:\n                - filter: permit-src-any-dst-any\n              # service_graph: ftdv-02-adapter-8-gig-0-5\n####################################################################\n        - name: permit-to-epg-10.0.92.0_24-epg-02\n          scope: tenant\n          subjects:\n            - name: permit-src-any-dst-any\n              filters:\n                - filter: permit-src-any-dst-any\n              # service_graph: ftdv-02-adapter-8-gig-0-5   \n#####################################################################      \n        - name: permit-from-epg-10.0.91.0_24-epg-01-to-all-external-subnets\n          scope: tenant\n\n        - name: permit-from-all-external-subnets-to-epg-10.0.91.0_24-epg-01\n          scope: tenant\n\n        - name: permit-from-epg-10.0.91.0_24-epg-02-to-all-external-subnets\n          scope: tenant\n\n        - name: permit-from-all-external-subnets-to-epg-10.0.91.0_24-epg-02\n          scope: tenant\n#####################################################################      \n        - name: permit-from-epg-10.0.92.0_24-epg-01-to-all-external-subnets\n          scope: tenant\n\n        - name: permit-from-all-external-subnets-to-epg-10.0.92.0_24-epg-01\n          scope: tenant\n\n        - name: permit-from-epg-10.0.92.0_24-epg-02-to-all-external-subnets\n          scope: tenant\n\n        # - name: permit-from-all-external-subnets-to-epg-10.0.92.0_24-epg-02\n        #   scope: tenant",
              "#  'ucsc-c220m5-vds-01'\n#  'hx-dev-01-vds-01'\n---\napic:\n  tenants:\n    - name: demo-05\n      application_profiles:\n        - name: 'network-segments'\n          description: EPGs provide the VLAN backing for application workloads\n          endpoint_groups:\n####################################################################      \n            - name: '10.0.91.0_24-epg-01'\n              alias: internal-vrf-02\n              bridge_domain: 10.0.91.0_24\n              vmware_vmm_domains:\n                # - name: 'ucsc-c220m5-vds-01'\n                - name: 'hx-dev-01-vds-01'\n                  u_segmentation: false\n                  deployment_immediacy: immediate\n                  resolution_immediacy: immediate\n                  # primary_vlan: 1243\n                  # secondary_vlan: 1244\n              contracts:\n                consumers:\n                #   - permit-from-epg-10.0.91.0_24-epg-01-to-all-external-subnets\n                # imported_consumers:\n                # providers:\n                #   - permit-from-all-external-subnets-to-epg-10.0.91.0_24-epg-01\n\n            - name: '10.0.91.0_24-epg-02'\n              alias: internal-vrf-02\n              bridge_domain: 10.0.91.0_24\n              vmware_vmm_domains:\n                # - name: 'ucsc-c220m5-vds-01'\n                - name: 'hx-dev-01-vds-01'\n                  u_segmentation: false\n                  deployment_immediacy: immediate\n                  resolution_immediacy: immediate\n                  # primary_vlan: 1243\n                  # secondary_vlan: 1244  \n              contracts:\n                consumers: \n                imported_consumers: \n                providers: \n\n            - name: '10.0.92.0_24-epg-01'\n              alias: internal-vrf-03\n              bridge_domain: 10.0.92.0_24\n              vmware_vmm_domains:\n                # - name: 'ucsc-c220m5-vds-01'\n                - name: 'hx-dev-01-vds-01'\n                  u_segmentation: false\n                  deployment_immediacy: immediate\n                  resolution_immediacy: immediate\n                  # primary_vlan: 1245\n                  # secondary_vlan: 1246  \n              contracts:\n                consumers:\n                #   - permit-from-epg-10.0.92.0_24-epg-01-to-all-external-subnets\n                # imported_consumers:\n                # providers:\n                #   - permit-from-all-external-subnets-to-epg-10.0.92.0_24-epg-01\n\n            - name: '10.0.92.0_24-epg-02'\n              alias: internal-vrf-03\n              bridge_domain: 10.0.92.0_24\n              vmware_vmm_domains:\n                # - name: 'ucsc-c220m5-vds-01'\n                - name: 'hx-dev-01-vds-01'\n                  u_segmentation: false\n                  deployment_immediacy: immediate\n                  resolution_immediacy: immediate\n                  # primary_vlan: 1245\n                  # secondary_vlan: 1246 \n              contracts:\n                consumers:\n                imported_consumers:\n                providers:\n####################################################################      \n",
              "---\n# apic:\n#   tenants:\n#     - name: demo-05\n#       application_profiles:\n#         - name: epg-matched-esg\n#           endpoint_security_groups:\n########################################## ESG - 10.0.91.0_24\n            # - name: 10.0.91.0_24\n            #   # description: \n            #   vrf: vrf-02\n            #   shutdown: false\n            #   intra_esg_isolation: false\n            #   epg_selectors:\n            #     - tenant: demo-05                 \n            #       application_profile: network-segments\n            #       endpoint_group: 10.0.91.0_24\n            #   contracts:\n            #     # consumers:\n            #     # imported_consumers:\n            #     providers:\n            #       - permit-to-esg-10.0.91.0_24\n########################################## ESG - 10.0.92.0_24\n            # - name: 10.0.92.0_24\n            #   # description: \n            #   vrf: vrf-02\n            #   shutdown: false\n            #   intra_esg_isolation: false\n            #   epg_selectors:\n            #     - tenant: demo-05                 \n            #       application_profile: network-segments\n            #       endpoint_group: 10.0.92.0_24\n            #   contracts:\n            #     # consumers:\n            #     # imported_consumers:\n            #     providers:\n            #       - permit-to-esg-10.0.92.0_24",
              "---\napic:\n  tenants:\n    - name: 'demo-05'\n      filters:\n####################################################################\n        - name: 'icmp'\n          entries:\n            - name: 'icmp'\n              protocol: icmp\n####################################################################\n        - name: 'permit-src-any-dst-any'\n          entries:\n            - name: 'permit-src-any-dst-any'\n              ethertype: unspecified\n####################################################################\n        # - name: 'tcp-src-any-dst-80'\n        #   entries:\n        #     - name: 'tcp-src-any-dst-80'\n        #       ethertype: ip\n        #       protocol: tcp\n        #       destination_from_port: 80",
              "apic:\n  tenants:\n    - name: demo-05\n\n      l3outs:\n        - name: demo-05.vrf-01-bgp-AS-65151\n          description: configured with NAC\n          alias: external-vrf\n          vrf: vrf-01\n          domain: demo-05.vrf-01\n############################### Nodes\n          node_profiles:\n            - name: border-leafs\n              nodes:\n                - node_id: 101\n                  router_id: 101.2.15.1\n                - node_id: 102\n                  router_id: 102.2.15.1\n################################ Interface hx-dev-01-fi-a-vds-02-vlan-11                        \n              interface_profiles:\n                - name: hx-dev-01-fi-a-vlan-11\n                  interfaces:\n                    - node_id: 101\n                      channel: hx-dev-01-fi-a\n                      vlan: 11\n                      svi: true\n                      ip: 10.237.99.57/29\n                      mtu: 1500\n                      bgp_peers:\n                        - ip: 10.237.99.60/29\n                          remote_as: 65051\n                          local_as: 65151\n                          allow_self_as: false\n                          as_override: false\n                          disable_peer_as_check: false\n                          next_hop_self: false\n                          send_community: false\n                          send_ext_community: false\n                          allowed_self_as_count: 3\n                          bfd: false\n                          disable_connected_check: false\n                          ttl: 1\n                          remove_all_private_as: false\n                          remove_private_as: false\n                          replace_private_as_with_local_as: false\n                          unicast_address_family: true\n                          multicast_address_family: true\n                          admin_state: true\n                          as_propagate: none\n################################ Interface hx-dev-01-fi-b-vds-02-vlan-11\n                - name: hx-dev-01-fi-b-vlan-11\n                  interfaces:\n                    - node_id: 102\n                      channel: hx-dev-01-fi-b\n                      vlan: 11\n                      svi: true\n                      ip: 10.237.99.58/29\n                      mtu: 1500\n                      bgp_peers:\n                        - ip: 10.237.99.60/29\n                          remote_as: 65051\n                          local_as: 65151\n                          allow_self_as: false\n                          as_override: false\n                          disable_peer_as_check: false\n                          next_hop_self: false\n                          send_community: false\n                          send_ext_community: false\n                          allowed_self_as_count: 3\n                          bfd: false\n                          disable_connected_check: false\n                          ttl: 1\n                          remove_all_private_as: false\n                          remove_private_as: false\n                          replace_private_as_with_local_as: false\n                          unicast_address_family: true\n                          multicast_address_family: true\n                          admin_state: true\n                          as_propagate: none\n################################ External EPGs                   \n          external_endpoint_groups:\n            - name: all-external-subnets\n              subnets:\n                - prefix: 0.0.0.0/0\n                  shared_route_control: true\n                  import_security: false\n\n                - prefix: 0.0.0.0/1\n                  shared_security: true\n\n                - prefix: 128.0.0.0/1\n                  shared_security: true\n\n              # contracts:\n              #   consumers:\n              #     - permit-to-esg-10.0.91.0_24\n              #     - permit-to-esg-10.0.92.0_24",
              "apic:\n  tenants:\n    - name: demo-05\n      policies:\n        dhcp_relay_policies:\n          - name: dhcp.uktme.cisco.com\n            description: \"dhcp.uktme.cisco.com\"\n            providers:\n              - ip: 10.237.97.133\n                type: external_epg\n                tenant: demo-05\n                l3out: demo-05.vrf-01-bgp\n                external_endpoint_group: all-external-subnets\n####################################################################\n        # route_tag_policies:\n        #   - name: demo-05.vrf-01\n        #     tag: 101\n\n        #   - name: demo-05.vrf-02\n        #     tag: 1001",
              "# ---\n# apic:\n#   tenants:\n#     - name: demo-05\n#       services:\n# ##################### Define redirection policy\n#         redirect_policies:\n#           - name: redirect-to-ftdv-02-adapter-8-gig-0-5\n#             l3_destinations:\n#               - ip: 6.6.6.11\n#                 mac: 00:50:56:A1:0A:C5\n# # ##################### Define imported L4-7 device\n# #         imported_l4l7_devices:\n# #           - name: ftdv-02-adapter-8-gig-0-5\n# #             tenant: shared-services\n# #################### Define L4-7 device            \n#         l4l7_devices:\n#           - name: ftdv-02-adapter-8-gig-0-5\n#             vmware_vmm_domain: ucsc-c220m5-vds-01\n#             context_aware: single-Context\n#             type: VIRTUAL\n#             function: GoTo\n#             service_type: FW\n#             trunking: false\n#             concrete_devices:\n#               - name: ftdv-02-adapter-8-gig-0-5\n#                 vcenter_name: hx-dev-01-vc01.uktme.cisco.com\n#                 vm_name: ftdv72_82-02.uktme.cisco.com\n#                 interfaces:\n#                   - name: gig-0-5\n#                     vnic_name: Network adapter 8\n#             logical_interfaces:\n#               - name: gig-0-5\n#                 concrete_interfaces:\n#                   - device: ftdv-02-adapter-8-gig-0-5\n#                     interface_name: gig-0-5\n# ##################### Define L4-7 device\n#         service_graph_templates:\n#           - name: ftdv-02-adapter-8-gig-0-5\n#             template_type: FW_ROUTED\n#             redirect: true\n#             share_encapsulation: false\n#             device:\n#               tenant: shared-services\n#               name: ftdv-02-adapter-8-gig-0-5\n#             consumer:\n#               direct_connect: false\n#             provider:\n#               direct_connect: true\n# ##################### Define L4-7 device\n#         device_selection_policies:\n#           - contract: any\n#             service_graph_template: ftdv-02-adapter-8-gig-0-5\n#             consumer:\n#               redirect_policy:\n#                 name: redirect-to-ftdv-02-adapter-8-gig-0-5\n#               logical_interface: gig-0-5\n#               bridge_domain:\n#                 name: 6.6.6.0_24\n#             provider:\n#               redirect_policy:\n#                 name: redirect-to-ftdv-02-adapter-8-gig-0-5\n#               logical_interface: gig-0-5\n#               bridge_domain:\n#                 name: 6.6.6.0_24\n",
              "---\napic:\n  tenants:\n    - name: demo-05\n      description: Routable IP range 10.0.91-92.x",
              "---\napic:\n  tenants:\n    - name: demo-05\n      vrfs:\n        - name: vrf-01\n          description: configured with NAC - external vrf for tn-demo-05\n          alias: external-vrf\n          # transit_route_tag_policy: demo-02.vrf-01\n############################### only used for ESGs\n          # leaked_external_prefixes:\n          #   - prefix: 0.0.0.0/0\n          #     destinations:\n          #       - tenant: demo-05\n          #         vrf: vrf-02\n          #         public: true\n          #         description: Leaked to tn-demo-05:vrf-02\n          #       - tenant: demo-05\n          #         vrf: vrf-03\n          #         public: true\n          #         description: Leaked to tn-demo-05:vrf-03",
              "---\napic:\n  tenants:\n    - name: demo-05\n      vrfs:\n        - name: vrf-02\n          description: configured with NAC - internal vrf for tn-demo-05\n          alias: internal-vrf\n          # transit_route_tag_policy: demo-05.vrf-02\n####################################################################\n          contracts:\n            providers: \n              # - intra-tenant\n            consumers:\n              # - intra-tenant\n            imported_consumers:\n              # - permit-to-core-services\n              # - permit-from-core-services\n              # - permit-from-lab-desktops\n####################################################################\n          # leaked_internal_prefixes:\n          #   - prefix: 10.0.91.0/24\n          #     public: true\n          #     destinations:\n          #       - tenant: shared-services\n          #         vrf: vrf-01\n          #         public: true\n          #         description: Leaked to shared-services:vrf-01 and advertised externally\n          #       - tenant: demo-05\n          #         vrf: vrf-01\n          #         public: true\n          #         description: Leaked to demo-05:vrf-01 and advertised externally\n          #       - tenant: demo-05\n          #         vrf: vrf-03\n          #         public: true\n          #         description: Leaked to demo-05:vrf-03\n####################################################################\n",
              "---\napic:\n  tenants:\n    - name: demo-05\n      vrfs:\n        - name: vrf-03\n          description: configured with NAC - internal vrf for tn-demo-05\n          alias: internal-vrf\n          # transit_route_tag_policy: demo-05.vrf-02\n####################################################################\n          contracts:\n            providers: \n              # - intra-tenant\n            consumers:\n              # - intra-tenant\n            imported_consumers:\n              # - permit-to-core-services\n              # - permit-from-core-services\n              # - permit-from-lab-desktops              \n####################################################################\n          # leaked_internal_prefixes:\n          #   - prefix: 10.0.92.0/24\n          #     public: true\n          #     destinations:\n          #       - tenant: shared-services\n          #         vrf: vrf-01\n          #         public: true\n          #         description: Leaked to shared-services:vrf-01 and advertised externally\n          #       - tenant: demo-05\n          #         vrf: vrf-01\n          #         public: true\n          #         description: Leaked to demo-05:vrf-01 and advertised externally\n          #       - tenant: demo-05\n          #         vrf: vrf-02\n          #         public: true\n          #         description: Leaked to demo-05:vrf-02\n####################################################################"
            ],
            "merge_list_items": true,
            "output": "apic:\n    tenants:\n        - application_profiles:\n            - description: EPGs provide the VLAN backing for application workloads\n              endpoint_groups:\n                - alias: internal-vrf-02\n                  bridge_domain: 10.0.91.0_24\n                  contracts:\n                    consumers: null\n                  name: 10.0.91.0_24-epg-01\n                  vmware_vmm_domains:\n                    - deployment_immediacy: immediate\n                      name: hx-dev-01-vds-01\n                      resolution_immediacy: immediate\n                      u_segmentation: false\n                - alias: internal-vrf-02\n                  bridge_domain: 10.0.91.0_24\n                  contracts:\n                    consumers: null\n                    imported_consumers: null\n                    providers: null\n                  name: 10.0.91.0_24-epg-02\n                  vmware_vmm_domains:\n                    - deployment_immediacy: immediate\n                      name: hx-dev-01-vds-01\n                      resolution_immediacy: immediate\n                      u_segmentation: false\n                - alias: internal-vrf-03\n                  bridge_domain: 10.0.92.0_24\n                  contracts:\n                    consumers: null\n                  name: 10.0.92.0_24-epg-01\n                  vmware_vmm_domains:\n                    - deployment_immediacy: immediate\n                      name: hx-dev-01-vds-01\n                      resolution_immediacy: immediate\n                      u_segmentation: false\n                - alias: internal-vrf-03\n                  bridge_domain: 10.0.92.0_24\n                  contracts:\n                    consumers: null\n                    imported_consumers: null\n                    providers: null\n                  name: 10.0.92.0_24-epg-02\n                  vmware_vmm_domains:\n                    - deployment_immediacy: immediate\n                      name: hx-dev-01-vds-01\n                      resolution_immediacy: immediate\n                      u_segmentation: false\n              name: network-segments\n          bridge_domains:\n            - alias: internal-vrf-02\n              dhcp_labels:\n                - dhcp_relay_policy: dhcp.uktme.cisco.com\n              name: 10.0.91.0_24\n              subnets:\n                - ip: 10.0.91.1/24\n                  nd_ra_prefix: false\n                  public: true\n                  shared: true\n              unknown_unicast: proxy\n              vrf: vrf-02\n            - alias: internal-vrf-03\n              dhcp_labels:\n                - dhcp_relay_policy: dhcp.uktme.cisco.com\n              name: 10.0.92.0_24\n              subnets:\n                - ip: 10.0.92.1/24\n                  nd_ra_prefix: false\n                  public: true\n                  shared: true\n              unknown_unicast: proxy\n              vrf: vrf-03\n          contracts:\n            - name: intra-tenant\n              scope: context\n              subjects:\n                - filters:\n                    - filter: permit-src-any-dst-any\n                  name: permit-src-any-dst-any\n            - name: permit-to-epg-10.0.91.0_24-epg-01\n              scope: tenant\n              subjects:\n                - filters:\n                    - filter: permit-src-any-dst-any\n                  name: permit-src-any-dst-any\n            - name: permit-to-epg-10.0.91.0_24-epg-02\n              scope: tenant\n              subjects:\n                - filters:\n                    - filter: permit-src-any-dst-any\n                  name: permit-src-any-dst-any\n            - name: permit-to-epg-10.0.92.0_24-epg-01\n              scope: tenant\n              subjects:\n                - filters:\n                    - filter: permit-src-any-dst-any\n                  name: permit-src-any-dst-any\n            - name: permit-to-epg-10.0.92.0_24-epg-02\n              scope: tenant\n              subjects:\n                - filters:\n                    - filter: permit-src-any-dst-any\n                  name: permit-src-any-dst-any\n            - name: permit-from-epg-10.0.91.0_24-epg-01-to-all-external-subnets\n              scope: tenant\n            - name: permit-from-all-external-subnets-to-epg-10.0.91.0_24-epg-01\n              scope: tenant\n            - name: permit-from-epg-10.0.91.0_24-epg-02-to-all-external-subnets\n              scope: tenant\n            - name: permit-from-all-external-subnets-to-epg-10.0.91.0_24-epg-02\n              scope: tenant\n            - name: permit-from-epg-10.0.92.0_24-epg-01-to-all-external-subnets\n              scope: tenant\n            - name: permit-from-all-external-subnets-to-epg-10.0.92.0_24-epg-01\n              scope: tenant\n            - name: permit-from-epg-10.0.92.0_24-epg-02-to-all-external-subnets\n              scope: tenant\n          description: Routable IP range 10.0.91-92.x\n          filters:\n            - entries:\n                - name: icmp\n                  protocol: icmp\n              name: icmp\n            - entries:\n                - ethertype: unspecified\n                  name: permit-src-any-dst-any\n              name: permit-src-any-dst-any\n          imported_contracts:\n            - contract: permit-from-lab-desktops\n              name: permit-from-lab-desktops\n              tenant: shared-services\n            - contract: permit-from-core-services\n              name: permit-from-core-services\n              tenant: shared-services\n            - contract: permit-to-core-services\n              name: permit-to-core-services\n              tenant: shared-services\n          l3outs:\n            - alias: external-vrf\n              description: configured with NAC\n              domain: demo-05.vrf-01\n              external_endpoint_groups:\n                - name: all-external-subnets\n                  subnets:\n                    - import_security: false\n                      prefix: 0.0.0.0/0\n                      shared_route_control: true\n                    - prefix: 0.0.0.0/1\n                      shared_security: true\n                    - prefix: 128.0.0.0/1\n                      shared_security: true\n              name: demo-05.vrf-01-bgp-AS-65151\n              node_profiles:\n                - interface_profiles:\n                    - interfaces:\n                        - bgp_peers:\n                            - admin_state: true\n                              allow_self_as: false\n                              allowed_self_as_count: 3\n                              as_override: false\n                              as_propagate: none\n                              bfd: false\n                              disable_connected_check: false\n                              disable_peer_as_check: false\n                              ip: 10.237.99.60/29\n                              local_as: 65151\n                              multicast_address_family: true\n                              next_hop_self: false\n                              remote_as: 65051\n                              remove_all_private_as: false\n                              remove_private_as: false\n                              replace_private_as_with_local_as: false\n                              send_community: false\n                              send_ext_community: false\n                              ttl: 1\n                              unicast_address_family: true\n                          channel: hx-dev-01-fi-a\n                          ip: 10.237.99.57/29\n                          mtu: 1500\n                          node_id: 101\n                          svi: true\n                          vlan: 11\n                      name: hx-dev-01-fi-a-vlan-11\n                    - interfaces:\n                        - bgp_peers:\n                            - admin_state: true\n                              allow_self_as: false\n                              allowed_self_as_count: 3\n                              as_override: false\n                              as_propagate: none\n                              bfd: false\n                              disable_connected_check: false\n                              disable_peer_as_check: false\n                              ip: 10.237.99.60/29\n                              local_as: 65151\n                              multicast_address_family: true\n                              next_hop_self: false\n                              remote_as: 65051\n                              remove_all_private_as: false\n                              remove_private_as: false\n                              replace_private_as_with_local_as: false\n                              send_community: false\n                              send_ext_community: false\n                              ttl: 1\n                              unicast_address_family: true\n                          channel: hx-dev-01-fi-b\n                          ip: 10.237.99.58/29\n                          mtu: 1500\n                          node_id: 102\n                          svi: true\n                          vlan: 11\n                      name: hx-dev-01-fi-b-vlan-11\n                  name: border-leafs\n                  nodes:\n                    - node_id: 101\n                      router_id: 101.2.15.1\n                    - node_id: 102\n                      router_id: 102.2.15.1\n              vrf: vrf-01\n          name: demo-05\n          policies:\n            dhcp_relay_policies:\n                - description: dhcp.uktme.cisco.com\n                  name: dhcp.uktme.cisco.com\n                  providers:\n                    - external_endpoint_group: all-external-subnets\n                      ip: 10.237.97.133\n                      l3out: demo-05.vrf-01-bgp\n                      tenant: demo-05\n                      type: external_epg\n          vrfs:\n            - alias: external-vrf\n              description: configured with NAC - external vrf for tn-demo-05\n              name: vrf-01\n            - alias: internal-vrf\n              contracts:\n                consumers: null\n                imported_consumers: null\n                providers: null\n              description: configured with NAC - internal vrf for tn-demo-05\n              name: vrf-02\n            - alias: internal-vrf\n              contracts:\n                consumers: null\n                imported_consumers: null\n                providers: null\n              description: configured with NAC - internal vrf for tn-demo-05\n              name: vrf-03\n"
          },
          "sensitive_attributes": []
        }
      ]
    },
    {
      "module": "module.aci",
      "mode": "data",
      "type": "utils_yaml_merge",
      "name": "modules",
      "provider": "provider[\"registry.terraform.io/netascode/utils\"]",
      "instances": [
        {
          "schema_version": 0,
          "attributes": {
            "id": "df83c9f232ab1b48e887bfa6ebc57604d6047d71",
            "input": [
              "---\nmodules:\n  aci_aaa: true\n  aci_aaep: true\n  aci_access_fex_interface_profile: true\n  aci_access_fex_interface_selector: true\n  aci_access_leaf_interface_policy_group: true\n  aci_access_leaf_interface_profile: true\n  aci_access_leaf_interface_selector: true\n  aci_access_leaf_switch_policy_group: true\n  aci_access_leaf_switch_profile: true\n  aci_access_span_destination_group: true\n  aci_access_span_filter_group: true\n  aci_access_span_source_group: true\n  aci_access_spine_interface_policy_group: true\n  aci_access_spine_interface_profile: true\n  aci_access_spine_interface_selector: true\n  aci_access_spine_switch_policy_group: true\n  aci_access_spine_switch_profile: true\n  aci_apic_connectivity_preference: true\n  aci_application_profile: true\n  aci_banner: true\n  aci_bfd_interface_policy: true\n  aci_bfd_multihop_node_policy: true\n  aci_bgp_address_family_context_policy: true\n  aci_bgp_best_path_policy: true\n  aci_bgp_peer_prefix_policy: true\n  aci_bgp_policy: true\n  aci_bgp_timer_policy: true\n  aci_bridge_domain: true\n  aci_ca_certificate: true\n  aci_cdp_policy: true\n  aci_config_export: true\n  aci_config_passphrase: true\n  aci_contract: true\n  aci_coop_policy: true\n  aci_date_time_format: true\n  aci_date_time_policy: true\n  aci_device_selection_policy: true\n  aci_dhcp_option_policy: true\n  aci_dhcp_relay_policy: true\n  aci_dns_policy: true\n  aci_endpoint_group: true\n  aci_endpoint_loop_protection: true\n  aci_endpoint_security_group: true\n  aci_eigrp_interface_policy: true\n  aci_error_disabled_recovery: true\n  aci_external_connectivity_policy: true\n  aci_external_endpoint_group: true\n  aci_fabric_interface_configuration: true\n  aci_fabric_isis_bfd: true\n  aci_fabric_isis_policy: true\n  aci_fabric_l2_mtu: true\n  aci_fabric_leaf_interface_profile: true\n  aci_fabric_leaf_switch_policy_group: true\n  aci_fabric_leaf_switch_profile: true\n  aci_fabric_pod_policy_group: true\n  aci_fabric_pod_profile: true\n  aci_fabric_scheduler: true\n  aci_fabric_span_destination_group: true\n  aci_fabric_span_source_group: true\n  aci_fabric_spine_interface_profile: true\n  aci_fabric_spine_switch_policy_group: true\n  aci_fabric_spine_switch_profile: true\n  aci_fabric_wide_settings: true\n  aci_filter: true\n  aci_firmware_group: true\n  aci_forwarding_scale_policy: true\n  aci_geolocation: true\n  aci_health_score_evaluation_policy: true\n  aci_igmp_interface_policy: true\n  aci_igmp_snooping_policy: true\n  aci_imported_contract: true\n  aci_imported_l4l7_device: true\n  aci_inband_endpoint_group: true\n  aci_inband_node_address: true\n  aci_infra_dscp_translation_policy: true\n  aci_interface_configuration: true\n  aci_interface_type: true\n  aci_ip_aging: true\n  aci_ip_sla_policy: true\n  aci_keyring: true\n  aci_l2_mtu_policy: true\n  aci_l2_policy: true\n  aci_l3out: true\n  aci_l3out_interface_profile: true\n  aci_l3out_node_profile: true\n  aci_l4l7_device: true\n  aci_link_level_policy: true\n  aci_lldp_policy: true\n  aci_login_domain: true\n  aci_maintenance_group: true\n  aci_management_access_policy: true\n  aci_match_rule: true\n  aci_mcp: true\n  aci_mcp_policy: true\n  aci_monitoring_policy: true\n  aci_mst_policy: true\n  aci_multicast_route_map: true\n  aci_nd_interface_policy: true\n  aci_nd_ra_prefix_policy: true\n  aci_node_control_policy: true\n  aci_node_registration: true\n  aci_oob_contract: true\n  aci_oob_endpoint_group: true\n  aci_oob_external_management_instance: true\n  aci_oob_node_address: true\n  aci_ospf_interface_policy: true\n  aci_ospf_timer_policy: true\n  aci_physical_domain: true\n  aci_pim_policy: true\n  aci_pod_setup: true\n  aci_port_channel_member_policy: true\n  aci_port_channel_policy: true\n  aci_port_tracking: true\n  aci_psu_policy: true\n  aci_ptp: true\n  aci_qos: true\n  aci_qos_policy: true\n  aci_radius: true\n  aci_redirect_backup_policy: true\n  aci_redirect_health_group: true\n  aci_redirect_policy: true\n  aci_remote_location: true\n  aci_rogue_endpoint_control: true\n  aci_route_control_route_map: true\n  aci_route_tag_policy: true\n  aci_routed_domain: true\n  aci_service_epg_policy: true\n  aci_service_graph_template: true\n  aci_set_rule: true\n  aci_smart_licensing: true\n  aci_snmp_policy: true\n  aci_snmp_trap_policy: true\n  aci_spanning_tree_policy: true\n  aci_storm_control_policy: true\n  aci_switch_configuration: true\n  aci_syslog_policy: true\n  aci_system_global_gipo: true\n  aci_system_performance: true\n  aci_tacacs: true\n  aci_tenant: true\n  aci_tenant_span_destination_group: true\n  aci_tenant_span_source_group: true\n  aci_trust_control_policy: true\n  aci_user: true\n  aci_vlan_pool: true\n  aci_vmware_vmm_domain: true\n  aci_vpc_group: true\n  aci_vpc_policy: true\n  aci_vrf: true\n  aci_vspan_destination_group: true\n  aci_vspan_session: true\n",
              "\"modules\": {}\n"
            ],
            "merge_list_items": true,
            "output": "modules:\n    aci_aaa: true\n    aci_aaep: true\n    aci_access_fex_interface_profile: true\n    aci_access_fex_interface_selector: true\n    aci_access_leaf_interface_policy_group: true\n    aci_access_leaf_interface_profile: true\n    aci_access_leaf_interface_selector: true\n    aci_access_leaf_switch_policy_group: true\n    aci_access_leaf_switch_profile: true\n    aci_access_span_destination_group: true\n    aci_access_span_filter_group: true\n    aci_access_span_source_group: true\n    aci_access_spine_interface_policy_group: true\n    aci_access_spine_interface_profile: true\n    aci_access_spine_interface_selector: true\n    aci_access_spine_switch_policy_group: true\n    aci_access_spine_switch_profile: true\n    aci_apic_connectivity_preference: true\n    aci_application_profile: true\n    aci_banner: true\n    aci_bfd_interface_policy: true\n    aci_bfd_multihop_node_policy: true\n    aci_bgp_address_family_context_policy: true\n    aci_bgp_best_path_policy: true\n    aci_bgp_peer_prefix_policy: true\n    aci_bgp_policy: true\n    aci_bgp_timer_policy: true\n    aci_bridge_domain: true\n    aci_ca_certificate: true\n    aci_cdp_policy: true\n    aci_config_export: true\n    aci_config_passphrase: true\n    aci_contract: true\n    aci_coop_policy: true\n    aci_date_time_format: true\n    aci_date_time_policy: true\n    aci_device_selection_policy: true\n    aci_dhcp_option_policy: true\n    aci_dhcp_relay_policy: true\n    aci_dns_policy: true\n    aci_eigrp_interface_policy: true\n    aci_endpoint_group: true\n    aci_endpoint_loop_protection: true\n    aci_endpoint_security_group: true\n    aci_error_disabled_recovery: true\n    aci_external_connectivity_policy: true\n    aci_external_endpoint_group: true\n    aci_fabric_interface_configuration: true\n    aci_fabric_isis_bfd: true\n    aci_fabric_isis_policy: true\n    aci_fabric_l2_mtu: true\n    aci_fabric_leaf_interface_profile: true\n    aci_fabric_leaf_switch_policy_group: true\n    aci_fabric_leaf_switch_profile: true\n    aci_fabric_pod_policy_group: true\n    aci_fabric_pod_profile: true\n    aci_fabric_scheduler: true\n    aci_fabric_span_destination_group: true\n    aci_fabric_span_source_group: true\n    aci_fabric_spine_interface_profile: true\n    aci_fabric_spine_switch_policy_group: true\n    aci_fabric_spine_switch_profile: true\n    aci_fabric_wide_settings: true\n    aci_filter: true\n    aci_firmware_group: true\n    aci_forwarding_scale_policy: true\n    aci_geolocation: true\n    aci_health_score_evaluation_policy: true\n    aci_igmp_interface_policy: true\n    aci_igmp_snooping_policy: true\n    aci_imported_contract: true\n    aci_imported_l4l7_device: true\n    aci_inband_endpoint_group: true\n    aci_inband_node_address: true\n    aci_infra_dscp_translation_policy: true\n    aci_interface_configuration: true\n    aci_interface_type: true\n    aci_ip_aging: true\n    aci_ip_sla_policy: true\n    aci_keyring: true\n    aci_l2_mtu_policy: true\n    aci_l2_policy: true\n    aci_l3out: true\n    aci_l3out_interface_profile: true\n    aci_l3out_node_profile: true\n    aci_l4l7_device: true\n    aci_link_level_policy: true\n    aci_lldp_policy: true\n    aci_login_domain: true\n    aci_maintenance_group: true\n    aci_management_access_policy: true\n    aci_match_rule: true\n    aci_mcp: true\n    aci_mcp_policy: true\n    aci_monitoring_policy: true\n    aci_mst_policy: true\n    aci_multicast_route_map: true\n    aci_nd_interface_policy: true\n    aci_nd_ra_prefix_policy: true\n    aci_node_control_policy: true\n    aci_node_registration: true\n    aci_oob_contract: true\n    aci_oob_endpoint_group: true\n    aci_oob_external_management_instance: true\n    aci_oob_node_address: true\n    aci_ospf_interface_policy: true\n    aci_ospf_timer_policy: true\n    aci_physical_domain: true\n    aci_pim_policy: true\n    aci_pod_setup: true\n    aci_port_channel_member_policy: true\n    aci_port_channel_policy: true\n    aci_port_tracking: true\n    aci_psu_policy: true\n    aci_ptp: true\n    aci_qos: true\n    aci_qos_policy: true\n    aci_radius: true\n    aci_redirect_backup_policy: true\n    aci_redirect_health_group: true\n    aci_redirect_policy: true\n    aci_remote_location: true\n    aci_rogue_endpoint_control: true\n    aci_route_control_route_map: true\n    aci_route_tag_policy: true\n    aci_routed_domain: true\n    aci_service_epg_policy: true\n    aci_service_graph_template: true\n    aci_set_rule: true\n    aci_smart_licensing: true\n    aci_snmp_policy: true\n    aci_snmp_trap_policy: true\n    aci_spanning_tree_policy: true\n    aci_storm_control_policy: true\n    aci_switch_configuration: true\n    aci_syslog_policy: true\n    aci_system_global_gipo: true\n    aci_system_performance: true\n    aci_tacacs: true\n    aci_tenant: true\n    aci_tenant_span_destination_group: true\n    aci_tenant_span_source_group: true\n    aci_trust_control_policy: true\n    aci_user: true\n    aci_vlan_pool: true\n    aci_vmware_vmm_domain: true\n    aci_vpc_group: true\n    aci_vpc_policy: true\n    aci_vrf: true\n    aci_vspan_destination_group: true\n    aci_vspan_session: true\n"
          },
          "sensitive_attributes": []
        }
      ]
    },
    {
      "module": "module.aci.module.aci_application_profile[\"demo-05/network-segments\"]",
      "mode": "managed",
      "type": "aci_rest_managed",
      "name": "fvAp",
      "provider": "provider[\"registry.terraform.io/ciscodevnet/aci\"]",
      "instances": [
        {
          "schema_version": 0,
          "attributes": {
            "annotation": "orchestrator:terraform",
            "child": [],
            "class_name": "fvAp",
            "content": {
              "descr": "EPGs provide the VLAN backing for application workloads",
              "name": "network-segments",
              "nameAlias": ""
            },
            "dn": "uni/tn-demo-05/ap-network-segments",
            "id": "uni/tn-demo-05/ap-network-segments"
          },
          "sensitive_attributes": [],
          "dependencies": [
            "module.aci.data.utils_yaml_merge.defaults",
            "module.aci.data.utils_yaml_merge.model",
            "module.aci.data.utils_yaml_merge.modules",
            "module.aci.module.aci_tenant.aci_rest_managed.aaaDomainRef",
            "module.aci.module.aci_tenant.aci_rest_managed.fvTenant"
          ]
        }
      ]
    },
    {
      "module": "module.aci.module.aci_bridge_domain[\"demo-05/10.0.91.0_24\"]",
      "mode": "managed",
      "type": "aci_rest_managed",
      "name": "dhcpLbl",
      "provider": "provider[\"registry.terraform.io/ciscodevnet/aci\"]",
      "instances": [
        {
          "index_key": "dhcp.uktme.cisco.com",
          "schema_version": 0,
          "attributes": {
            "annotation": "orchestrator:terraform",
            "child": [],
            "class_name": "dhcpLbl",
            "content": {
              "name": "dhcp.uktme.cisco.com",
              "owner": "tenant"
            },
            "dn": "uni/tn-demo-05/BD-10.0.91.0_24/dhcplbl-dhcp.uktme.cisco.com",
            "id": "uni/tn-demo-05/BD-10.0.91.0_24/dhcplbl-dhcp.uktme.cisco.com"
          },
          "sensitive_attributes": [],
          "dependencies": [
            "module.aci.data.utils_yaml_merge.defaults",
            "module.aci.data.utils_yaml_merge.model",
            "module.aci.data.utils_yaml_merge.modules",
            "module.aci.module.aci_bfd_interface_policy.aci_rest_managed.bfdIfPol",
            "module.aci.module.aci_bgp_timer_policy.aci_rest_managed.bgpCtxPol",
            "module.aci.module.aci_bridge_domain.aci_rest_managed.fvBD",
            "module.aci.module.aci_bridge_domain.aci_rest_managed.fvRsCtx",
            "module.aci.module.aci_contract.aci_rest_managed.vzBrCP",
            "module.aci.module.aci_contract.aci_rest_managed.vzRsSubjFiltAtt",
            "module.aci.module.aci_contract.aci_rest_managed.vzRsSubjGraphAtt",
            "module.aci.module.aci_contract.aci_rest_managed.vzSubj",
            "module.aci.module.aci_dhcp_option_policy.aci_rest_managed.dhcpOption",
            "module.aci.module.aci_dhcp_option_policy.aci_rest_managed.dhcpOptionPol",
            "module.aci.module.aci_dhcp_relay_policy.aci_rest_managed.dhcpRelayP",
            "module.aci.module.aci_dhcp_relay_policy.aci_rest_managed.dhcpRsProv",
            "module.aci.module.aci_eigrp_interface_policy.aci_rest_managed.eigrpIfPol",
            "module.aci.module.aci_filter.aci_rest_managed.vzEntry",
            "module.aci.module.aci_filter.aci_rest_managed.vzFilter",
            "module.aci.module.aci_imported_contract.aci_rest_managed.vzCPIf",
            "module.aci.module.aci_imported_contract.aci_rest_managed.vzRsIf",
            "module.aci.module.aci_l3out.aci_rest_managed.bgpExtP",
            "module.aci.module.aci_l3out.aci_rest_managed.eigrpExtP",
            "module.aci.module.aci_l3out.aci_rest_managed.l3extConsLbl",
            "module.aci.module.aci_l3out.aci_rest_managed.l3extDefaultRouteLeakP",
            "module.aci.module.aci_l3out.aci_rest_managed.l3extInstP_sr_mpls",
            "module.aci.module.aci_l3out.aci_rest_managed.l3extOut",
            "module.aci.module.aci_l3out.aci_rest_managed.l3extProvLbl",
            "module.aci.module.aci_l3out.aci_rest_managed.l3extRsDampeningPol_ipv4",
            "module.aci.module.aci_l3out.aci_rest_managed.l3extRsDampeningPol_ipv6",
            "module.aci.module.aci_l3out.aci_rest_managed.l3extRsEctx",
            "module.aci.module.aci_l3out.aci_rest_managed.l3extRsInterleakPol",
            "module.aci.module.aci_l3out.aci_rest_managed.l3extRsL3DomAtt",
            "module.aci.module.aci_l3out.aci_rest_managed.l3extRsLblToProfile_export",
            "module.aci.module.aci_l3out.aci_rest_managed.l3extRsLblToProfile_import",
            "module.aci.module.aci_l3out.aci_rest_managed.l3extRsRedistributePol",
            "module.aci.module.aci_l3out.aci_rest_managed.mplsExtP",
            "module.aci.module.aci_l3out.aci_rest_managed.mplsRsLabelPol",
            "module.aci.module.aci_l3out.aci_rest_managed.ospfExtP",
            "module.aci.module.aci_l3out.aci_rest_managed.pimExtP",
            "module.aci.module.aci_l3out.aci_rest_managed.rtctrlCtxP_export",
            "module.aci.module.aci_l3out.aci_rest_managed.rtctrlCtxP_import",
            "module.aci.module.aci_l3out.aci_rest_managed.rtctrlProfile_export",
            "module.aci.module.aci_l3out.aci_rest_managed.rtctrlProfile_import",
            "module.aci.module.aci_l3out.aci_rest_managed.rtctrlRsCtxPToSubjP_export",
            "module.aci.module.aci_l3out.aci_rest_managed.rtctrlRsCtxPToSubjP_import",
            "module.aci.module.aci_l3out.aci_rest_managed.rtctrlRsScopeToAttrP_export",
            "module.aci.module.aci_l3out.aci_rest_managed.rtctrlRsScopeToAttrP_import",
            "module.aci.module.aci_l3out.aci_rest_managed.rtctrlScope_export",
            "module.aci.module.aci_l3out.aci_rest_managed.rtctrlScope_import",
            "module.aci.module.aci_match_rule.aci_rest_managed.rtctrlMatchCommFactor",
            "module.aci.module.aci_match_rule.aci_rest_managed.rtctrlMatchCommRegexTerm",
            "module.aci.module.aci_match_rule.aci_rest_managed.rtctrlMatchCommTerm",
            "module.aci.module.aci_match_rule.aci_rest_managed.rtctrlMatchRtDest",
            "module.aci.module.aci_match_rule.aci_rest_managed.rtctrlSubjP",
            "module.aci.module.aci_ospf_interface_policy.aci_rest_managed.ospfIfPol",
            "module.aci.module.aci_set_rule.aci_rest_managed.rtctrlAttrP",
            "module.aci.module.aci_set_rule.aci_rest_managed.rtctrlRsSetPolicyTagToInstP",
            "module.aci.module.aci_set_rule.aci_rest_managed.rtctrlSetASPath",
            "module.aci.module.aci_set_rule.aci_rest_managed.rtctrlSetASPathASN",
            "module.aci.module.aci_set_rule.aci_rest_managed.rtctrlSetAddComm",
            "module.aci.module.aci_set_rule.aci_rest_managed.rtctrlSetComm",
            "module.aci.module.aci_set_rule.aci_rest_managed.rtctrlSetDamp",
            "module.aci.module.aci_set_rule.aci_rest_managed.rtctrlSetNh",
            "module.aci.module.aci_set_rule.aci_rest_managed.rtctrlSetNhUnchanged",
            "module.aci.module.aci_set_rule.aci_rest_managed.rtctrlSetPolicyTag",
            "module.aci.module.aci_set_rule.aci_rest_managed.rtctrlSetPref",
            "module.aci.module.aci_set_rule.aci_rest_managed.rtctrlSetRedistMultipath",
            "module.aci.module.aci_set_rule.aci_rest_managed.rtctrlSetRtMetric",
            "module.aci.module.aci_set_rule.aci_rest_managed.rtctrlSetRtMetricType",
            "module.aci.module.aci_set_rule.aci_rest_managed.rtctrlSetTag",
            "module.aci.module.aci_set_rule.aci_rest_managed.rtctrlSetWeight",
            "module.aci.module.aci_tenant.aci_rest_managed.aaaDomainRef",
            "module.aci.module.aci_tenant.aci_rest_managed.fvTenant",
            "module.aci.module.aci_vrf.aci_rest_managed.bgpRtTargetP_ipv4",
            "module.aci.module.aci_vrf.aci_rest_managed.bgpRtTargetP_ipv6",
            "module.aci.module.aci_vrf.aci_rest_managed.bgpRtTarget_ipv4_export",
            "module.aci.module.aci_vrf.aci_rest_managed.bgpRtTarget_ipv4_import",
            "module.aci.module.aci_vrf.aci_rest_managed.bgpRtTarget_ipv6_export",
            "module.aci.module.aci_vrf.aci_rest_managed.bgpRtTarget_ipv6_import",
            "module.aci.module.aci_vrf.aci_rest_managed.dnsLbl",
            "module.aci.module.aci_vrf.aci_rest_managed.fvCtx",
            "module.aci.module.aci_vrf.aci_rest_managed.fvRsBgpCtxPol",
            "module.aci.module.aci_vrf.aci_rest_managed.fvRsCtxToBgpCtxAfPol_ipv4",
            "module.aci.module.aci_vrf.aci_rest_managed.fvRsCtxToBgpCtxAfPol_ipv6",
            "module.aci.module.aci_vrf.aci_rest_managed.fvRsCtxToExtRouteTagPol",
            "module.aci.module.aci_vrf.aci_rest_managed.fvRsCtxToOspfCtxPol_ipv4",
            "module.aci.module.aci_vrf.aci_rest_managed.fvRsCtxToOspfCtxPol_ipv6",
            "module.aci.module.aci_vrf.aci_rest_managed.fvRsOspfCtxPol",
            "module.aci.module.aci_vrf.aci_rest_managed.igmpCtxP",
            "module.aci.module.aci_vrf.aci_rest_managed.igmpSSMXlateP",
            "module.aci.module.aci_vrf.aci_rest_managed.leakExternalPrefix",
            "module.aci.module.aci_vrf.aci_rest_managed.leakInternalSubnet",
            "module.aci.module.aci_vrf.aci_rest_managed.leakRoutes",
            "module.aci.module.aci_vrf.aci_rest_managed.leakTo_external",
            "module.aci.module.aci_vrf.aci_rest_managed.leakTo_internal",
            "module.aci.module.aci_vrf.aci_rest_managed.pimASMPatPol",
            "module.aci.module.aci_vrf.aci_rest_managed.pimAutoRPPol",
            "module.aci.module.aci_vrf.aci_rest_managed.pimBSRFilterPol",
            "module.aci.module.aci_vrf.aci_rest_managed.pimBSRPPol",
            "module.aci.module.aci_vrf.aci_rest_managed.pimCtxP",
            "module.aci.module.aci_vrf.aci_rest_managed.pimFabricRPPol",
            "module.aci.module.aci_vrf.aci_rest_managed.pimInterVRFEntryPol",
            "module.aci.module.aci_vrf.aci_rest_managed.pimInterVRFPol",
            "module.aci.module.aci_vrf.aci_rest_managed.pimMAFilterPol",
            "module.aci.module.aci_vrf.aci_rest_managed.pimRPGrpRangePol_fabric_rp",
            "module.aci.module.aci_vrf.aci_rest_managed.pimRPGrpRangePol_static_rp",
            "module.aci.module.aci_vrf.aci_rest_managed.pimRegTrPol",
            "module.aci.module.aci_vrf.aci_rest_managed.pimResPol",
            "module.aci.module.aci_vrf.aci_rest_managed.pimSGRangeExpPol",
            "module.aci.module.aci_vrf.aci_rest_managed.pimSSMPatPol",
            "module.aci.module.aci_vrf.aci_rest_managed.pimSSMRangePol",
            "module.aci.module.aci_vrf.aci_rest_managed.pimSharedRangePol",
            "module.aci.module.aci_vrf.aci_rest_managed.pimStaticRPEntryPol_fabric_rp",
            "module.aci.module.aci_vrf.aci_rest_managed.pimStaticRPEntryPol_static_rp",
            "module.aci.module.aci_vrf.aci_rest_managed.pimStaticRPPol",
            "module.aci.module.aci_vrf.aci_rest_managed.rtdmcRsFilterToRtMapPol_asm_sg_expiry",
            "module.aci.module.aci_vrf.aci_rest_managed.rtdmcRsFilterToRtMapPol_asm_shared",
            "module.aci.module.aci_vrf.aci_rest_managed.rtdmcRsFilterToRtMapPol_auto_rp",
            "module.aci.module.aci_vrf.aci_rest_managed.rtdmcRsFilterToRtMapPol_bsr",
            "module.aci.module.aci_vrf.aci_rest_managed.rtdmcRsFilterToRtMapPol_fabric_rp",
            "module.aci.module.aci_vrf.aci_rest_managed.rtdmcRsFilterToRtMapPol_pim_inter_vrf",
            "module.aci.module.aci_vrf.aci_rest_managed.rtdmcRsFilterToRtMapPol_ssm_range",
            "module.aci.module.aci_vrf.aci_rest_managed.rtdmcRsFilterToRtMapPol_static_rp",
            "module.aci.module.aci_vrf.aci_rest_managed.vzAny",
            "module.aci.module.aci_vrf.aci_rest_managed.vzRsAnyToCons",
            "module.aci.module.aci_vrf.aci_rest_managed.vzRsAnyToConsIf",
            "module.aci.module.aci_vrf.aci_rest_managed.vzRsAnyToProv"
          ]
        }
      ]
    },
    {
      "module": "module.aci.module.aci_bridge_domain[\"demo-05/10.0.91.0_24\"]",
      "mode": "managed",
      "type": "aci_rest_managed",
      "name": "dhcpRsDhcpOptionPol",
      "provider": "provider[\"registry.terraform.io/ciscodevnet/aci\"]",
      "instances": [
        {
          "index_key": "dhcp.uktme.cisco.com",
          "schema_version": 0,
          "attributes": {
            "annotation": "orchestrator:terraform",
            "child": [],
            "class_name": "dhcpRsDhcpOptionPol",
            "content": {
              "tnDhcpOptionPolName": ""
            },
            "dn": "uni/tn-demo-05/BD-10.0.91.0_24/dhcplbl-dhcp.uktme.cisco.com/rsdhcpOptionPol",
            "id": "uni/tn-demo-05/BD-10.0.91.0_24/dhcplbl-dhcp.uktme.cisco.com/rsdhcpOptionPol"
          },
          "sensitive_attributes": [],
          "dependencies": [
            "module.aci.data.utils_yaml_merge.defaults",
            "module.aci.data.utils_yaml_merge.model",
            "module.aci.data.utils_yaml_merge.modules",
            "module.aci.module.aci_bfd_interface_policy.aci_rest_managed.bfdIfPol",
            "module.aci.module.aci_bgp_timer_policy.aci_rest_managed.bgpCtxPol",
            "module.aci.module.aci_bridge_domain.aci_rest_managed.dhcpLbl",
            "module.aci.module.aci_bridge_domain.aci_rest_managed.fvBD",
            "module.aci.module.aci_bridge_domain.aci_rest_managed.fvRsCtx",
            "module.aci.module.aci_contract.aci_rest_managed.vzBrCP",
            "module.aci.module.aci_contract.aci_rest_managed.vzRsSubjFiltAtt",
            "module.aci.module.aci_contract.aci_rest_managed.vzRsSubjGraphAtt",
            "module.aci.module.aci_contract.aci_rest_managed.vzSubj",
            "module.aci.module.aci_dhcp_option_policy.aci_rest_managed.dhcpOption",
            "module.aci.module.aci_dhcp_option_policy.aci_rest_managed.dhcpOptionPol",
            "module.aci.module.aci_dhcp_relay_policy.aci_rest_managed.dhcpRelayP",
            "module.aci.module.aci_dhcp_relay_policy.aci_rest_managed.dhcpRsProv",
            "module.aci.module.aci_eigrp_interface_policy.aci_rest_managed.eigrpIfPol",
            "module.aci.module.aci_filter.aci_rest_managed.vzEntry",
            "module.aci.module.aci_filter.aci_rest_managed.vzFilter",
            "module.aci.module.aci_imported_contract.aci_rest_managed.vzCPIf",
            "module.aci.module.aci_imported_contract.aci_rest_managed.vzRsIf",
            "module.aci.module.aci_l3out.aci_rest_managed.bgpExtP",
            "module.aci.module.aci_l3out.aci_rest_managed.eigrpExtP",
            "module.aci.module.aci_l3out.aci_rest_managed.l3extConsLbl",
            "module.aci.module.aci_l3out.aci_rest_managed.l3extDefaultRouteLeakP",
            "module.aci.module.aci_l3out.aci_rest_managed.l3extInstP_sr_mpls",
            "module.aci.module.aci_l3out.aci_rest_managed.l3extOut",
            "module.aci.module.aci_l3out.aci_rest_managed.l3extProvLbl",
            "module.aci.module.aci_l3out.aci_rest_managed.l3extRsDampeningPol_ipv4",
            "module.aci.module.aci_l3out.aci_rest_managed.l3extRsDampeningPol_ipv6",
            "module.aci.module.aci_l3out.aci_rest_managed.l3extRsEctx",
            "module.aci.module.aci_l3out.aci_rest_managed.l3extRsInterleakPol",
            "module.aci.module.aci_l3out.aci_rest_managed.l3extRsL3DomAtt",
            "module.aci.module.aci_l3out.aci_rest_managed.l3extRsLblToProfile_export",
            "module.aci.module.aci_l3out.aci_rest_managed.l3extRsLblToProfile_import",
            "module.aci.module.aci_l3out.aci_rest_managed.l3extRsRedistributePol",
            "module.aci.module.aci_l3out.aci_rest_managed.mplsExtP",
            "module.aci.module.aci_l3out.aci_rest_managed.mplsRsLabelPol",
            "module.aci.module.aci_l3out.aci_rest_managed.ospfExtP",
            "module.aci.module.aci_l3out.aci_rest_managed.pimExtP",
            "module.aci.module.aci_l3out.aci_rest_managed.rtctrlCtxP_export",
            "module.aci.module.aci_l3out.aci_rest_managed.rtctrlCtxP_import",
            "module.aci.module.aci_l3out.aci_rest_managed.rtctrlProfile_export",
            "module.aci.module.aci_l3out.aci_rest_managed.rtctrlProfile_import",
            "module.aci.module.aci_l3out.aci_rest_managed.rtctrlRsCtxPToSubjP_export",
            "module.aci.module.aci_l3out.aci_rest_managed.rtctrlRsCtxPToSubjP_import",
            "module.aci.module.aci_l3out.aci_rest_managed.rtctrlRsScopeToAttrP_export",
            "module.aci.module.aci_l3out.aci_rest_managed.rtctrlRsScopeToAttrP_import",
            "module.aci.module.aci_l3out.aci_rest_managed.rtctrlScope_export",
            "module.aci.module.aci_l3out.aci_rest_managed.rtctrlScope_import",
            "module.aci.module.aci_match_rule.aci_rest_managed.rtctrlMatchCommFactor",
            "module.aci.module.aci_match_rule.aci_rest_managed.rtctrlMatchCommRegexTerm",
            "module.aci.module.aci_match_rule.aci_rest_managed.rtctrlMatchCommTerm",
            "module.aci.module.aci_match_rule.aci_rest_managed.rtctrlMatchRtDest",
            "module.aci.module.aci_match_rule.aci_rest_managed.rtctrlSubjP",
            "module.aci.module.aci_ospf_interface_policy.aci_rest_managed.ospfIfPol",
            "module.aci.module.aci_set_rule.aci_rest_managed.rtctrlAttrP",
            "module.aci.module.aci_set_rule.aci_rest_managed.rtctrlRsSetPolicyTagToInstP",
            "module.aci.module.aci_set_rule.aci_rest_managed.rtctrlSetASPath",
            "module.aci.module.aci_set_rule.aci_rest_managed.rtctrlSetASPathASN",
            "module.aci.module.aci_set_rule.aci_rest_managed.rtctrlSetAddComm",
            "module.aci.module.aci_set_rule.aci_rest_managed.rtctrlSetComm",
            "module.aci.module.aci_set_rule.aci_rest_managed.rtctrlSetDamp",
            "module.aci.module.aci_set_rule.aci_rest_managed.rtctrlSetNh",
            "module.aci.module.aci_set_rule.aci_rest_managed.rtctrlSetNhUnchanged",
            "module.aci.module.aci_set_rule.aci_rest_managed.rtctrlSetPolicyTag",
            "module.aci.module.aci_set_rule.aci_rest_managed.rtctrlSetPref",
            "module.aci.module.aci_set_rule.aci_rest_managed.rtctrlSetRedistMultipath",
            "module.aci.module.aci_set_rule.aci_rest_managed.rtctrlSetRtMetric",
            "module.aci.module.aci_set_rule.aci_rest_managed.rtctrlSetRtMetricType",
            "module.aci.module.aci_set_rule.aci_rest_managed.rtctrlSetTag",
            "module.aci.module.aci_set_rule.aci_rest_managed.rtctrlSetWeight",
            "module.aci.module.aci_tenant.aci_rest_managed.aaaDomainRef",
            "module.aci.module.aci_tenant.aci_rest_managed.fvTenant",
            "module.aci.module.aci_vrf.aci_rest_managed.bgpRtTargetP_ipv4",
            "module.aci.module.aci_vrf.aci_rest_managed.bgpRtTargetP_ipv6",
            "module.aci.module.aci_vrf.aci_rest_managed.bgpRtTarget_ipv4_export",
            "module.aci.module.aci_vrf.aci_rest_managed.bgpRtTarget_ipv4_import",
            "module.aci.module.aci_vrf.aci_rest_managed.bgpRtTarget_ipv6_export",
            "module.aci.module.aci_vrf.aci_rest_managed.bgpRtTarget_ipv6_import",
            "module.aci.module.aci_vrf.aci_rest_managed.dnsLbl",
            "module.aci.module.aci_vrf.aci_rest_managed.fvCtx",
            "module.aci.module.aci_vrf.aci_rest_managed.fvRsBgpCtxPol",
            "module.aci.module.aci_vrf.aci_rest_managed.fvRsCtxToBgpCtxAfPol_ipv4",
            "module.aci.module.aci_vrf.aci_rest_managed.fvRsCtxToBgpCtxAfPol_ipv6",
            "module.aci.module.aci_vrf.aci_rest_managed.fvRsCtxToExtRouteTagPol",
            "module.aci.module.aci_vrf.aci_rest_managed.fvRsCtxToOspfCtxPol_ipv4",
            "module.aci.module.aci_vrf.aci_rest_managed.fvRsCtxToOspfCtxPol_ipv6",
            "module.aci.module.aci_vrf.aci_rest_managed.fvRsOspfCtxPol",
            "module.aci.module.aci_vrf.aci_rest_managed.igmpCtxP",
            "module.aci.module.aci_vrf.aci_rest_managed.igmpSSMXlateP",
            "module.aci.module.aci_vrf.aci_rest_managed.leakExternalPrefix",
            "module.aci.module.aci_vrf.aci_rest_managed.leakInternalSubnet",
            "module.aci.module.aci_vrf.aci_rest_managed.leakRoutes",
            "module.aci.module.aci_vrf.aci_rest_managed.leakTo_external",
            "module.aci.module.aci_vrf.aci_rest_managed.leakTo_internal",
            "module.aci.module.aci_vrf.aci_rest_managed.pimASMPatPol",
            "module.aci.module.aci_vrf.aci_rest_managed.pimAutoRPPol",
            "module.aci.module.aci_vrf.aci_rest_managed.pimBSRFilterPol",
            "module.aci.module.aci_vrf.aci_rest_managed.pimBSRPPol",
            "module.aci.module.aci_vrf.aci_rest_managed.pimCtxP",
            "module.aci.module.aci_vrf.aci_rest_managed.pimFabricRPPol",
            "module.aci.module.aci_vrf.aci_rest_managed.pimInterVRFEntryPol",
            "module.aci.module.aci_vrf.aci_rest_managed.pimInterVRFPol",
            "module.aci.module.aci_vrf.aci_rest_managed.pimMAFilterPol",
            "module.aci.module.aci_vrf.aci_rest_managed.pimRPGrpRangePol_fabric_rp",
            "module.aci.module.aci_vrf.aci_rest_managed.pimRPGrpRangePol_static_rp",
            "module.aci.module.aci_vrf.aci_rest_managed.pimRegTrPol",
            "module.aci.module.aci_vrf.aci_rest_managed.pimResPol",
            "module.aci.module.aci_vrf.aci_rest_managed.pimSGRangeExpPol",
            "module.aci.module.aci_vrf.aci_rest_managed.pimSSMPatPol",
            "module.aci.module.aci_vrf.aci_rest_managed.pimSSMRangePol",
            "module.aci.module.aci_vrf.aci_rest_managed.pimSharedRangePol",
            "module.aci.module.aci_vrf.aci_rest_managed.pimStaticRPEntryPol_fabric_rp",
            "module.aci.module.aci_vrf.aci_rest_managed.pimStaticRPEntryPol_static_rp",
            "module.aci.module.aci_vrf.aci_rest_managed.pimStaticRPPol",
            "module.aci.module.aci_vrf.aci_rest_managed.rtdmcRsFilterToRtMapPol_asm_sg_expiry",
            "module.aci.module.aci_vrf.aci_rest_managed.rtdmcRsFilterToRtMapPol_asm_shared",
            "module.aci.module.aci_vrf.aci_rest_managed.rtdmcRsFilterToRtMapPol_auto_rp",
            "module.aci.module.aci_vrf.aci_rest_managed.rtdmcRsFilterToRtMapPol_bsr",
            "module.aci.module.aci_vrf.aci_rest_managed.rtdmcRsFilterToRtMapPol_fabric_rp",
            "module.aci.module.aci_vrf.aci_rest_managed.rtdmcRsFilterToRtMapPol_pim_inter_vrf",
            "module.aci.module.aci_vrf.aci_rest_managed.rtdmcRsFilterToRtMapPol_ssm_range",
            "module.aci.module.aci_vrf.aci_rest_managed.rtdmcRsFilterToRtMapPol_static_rp",
            "module.aci.module.aci_vrf.aci_rest_managed.vzAny",
            "module.aci.module.aci_vrf.aci_rest_managed.vzRsAnyToCons",
            "module.aci.module.aci_vrf.aci_rest_managed.vzRsAnyToConsIf",
            "module.aci.module.aci_vrf.aci_rest_managed.vzRsAnyToProv"
          ]
        }
      ]
    },
    {
      "module": "module.aci.module.aci_bridge_domain[\"demo-05/10.0.91.0_24\"]",
      "mode": "managed",
      "type": "aci_rest_managed",
      "name": "fvBD",
      "provider": "provider[\"registry.terraform.io/ciscodevnet/aci\"]",
      "instances": [
        {
          "schema_version": 0,
          "attributes": {
            "annotation": "orchestrator:terraform",
            "child": [],
            "class_name": "fvBD",
            "content": {
              "arpFlood": "yes",
              "descr": "",
              "epClear": "no",
              "epMoveDetectMode": "",
              "hostBasedRouting": "no",
              "ipLearning": "yes",
              "limitIpLearnToSubnets": "yes",
              "mac": "00:22:BD:F8:19:FF",
              "mcastAllow": "no",
              "multiDstPktAct": "bd-flood",
              "name": "10.0.91.0_24",
              "nameAlias": "internal-vrf-02",
              "type": "regular",
              "unicastRoute": "yes",
              "unkMacUcastAct": "proxy",
              "unkMcastAct": "flood",
              "v6unkMcastAct": "flood",
              "vmac": "not-applicable"
            },
            "dn": "uni/tn-demo-05/BD-10.0.91.0_24",
            "id": "uni/tn-demo-05/BD-10.0.91.0_24"
          },
          "sensitive_attributes": [],
          "dependencies": [
            "module.aci.data.utils_yaml_merge.defaults",
            "module.aci.data.utils_yaml_merge.model",
            "module.aci.data.utils_yaml_merge.modules",
            "module.aci.module.aci_bfd_interface_policy.aci_rest_managed.bfdIfPol",
            "module.aci.module.aci_bgp_timer_policy.aci_rest_managed.bgpCtxPol",
            "module.aci.module.aci_contract.aci_rest_managed.vzBrCP",
            "module.aci.module.aci_contract.aci_rest_managed.vzRsSubjFiltAtt",
            "module.aci.module.aci_contract.aci_rest_managed.vzRsSubjGraphAtt",
            "module.aci.module.aci_contract.aci_rest_managed.vzSubj",
            "module.aci.module.aci_dhcp_option_policy.aci_rest_managed.dhcpOption",
            "module.aci.module.aci_dhcp_option_policy.aci_rest_managed.dhcpOptionPol",
            "module.aci.module.aci_dhcp_relay_policy.aci_rest_managed.dhcpRelayP",
            "module.aci.module.aci_dhcp_relay_policy.aci_rest_managed.dhcpRsProv",
            "module.aci.module.aci_eigrp_interface_policy.aci_rest_managed.eigrpIfPol",
            "module.aci.module.aci_filter.aci_rest_managed.vzEntry",
            "module.aci.module.aci_filter.aci_rest_managed.vzFilter",
            "module.aci.module.aci_imported_contract.aci_rest_managed.vzCPIf",
            "module.aci.module.aci_imported_contract.aci_rest_managed.vzRsIf",
            "module.aci.module.aci_l3out.aci_rest_managed.bgpExtP",
            "module.aci.module.aci_l3out.aci_rest_managed.eigrpExtP",
            "module.aci.module.aci_l3out.aci_rest_managed.l3extConsLbl",
            "module.aci.module.aci_l3out.aci_rest_managed.l3extDefaultRouteLeakP",
            "module.aci.module.aci_l3out.aci_rest_managed.l3extInstP_sr_mpls",
            "module.aci.module.aci_l3out.aci_rest_managed.l3extOut",
            "module.aci.module.aci_l3out.aci_rest_managed.l3extProvLbl",
            "module.aci.module.aci_l3out.aci_rest_managed.l3extRsDampeningPol_ipv4",
            "module.aci.module.aci_l3out.aci_rest_managed.l3extRsDampeningPol_ipv6",
            "module.aci.module.aci_l3out.aci_rest_managed.l3extRsEctx",
            "module.aci.module.aci_l3out.aci_rest_managed.l3extRsInterleakPol",
            "module.aci.module.aci_l3out.aci_rest_managed.l3extRsL3DomAtt",
            "module.aci.module.aci_l3out.aci_rest_managed.l3extRsLblToProfile_export",
            "module.aci.module.aci_l3out.aci_rest_managed.l3extRsLblToProfile_import",
            "module.aci.module.aci_l3out.aci_rest_managed.l3extRsRedistributePol",
            "module.aci.module.aci_l3out.aci_rest_managed.mplsExtP",
            "module.aci.module.aci_l3out.aci_rest_managed.mplsRsLabelPol",
            "module.aci.module.aci_l3out.aci_rest_managed.ospfExtP",
            "module.aci.module.aci_l3out.aci_rest_managed.pimExtP",
            "module.aci.module.aci_l3out.aci_rest_managed.rtctrlCtxP_export",
            "module.aci.module.aci_l3out.aci_rest_managed.rtctrlCtxP_import",
            "module.aci.module.aci_l3out.aci_rest_managed.rtctrlProfile_export",
            "module.aci.module.aci_l3out.aci_rest_managed.rtctrlProfile_import",
            "module.aci.module.aci_l3out.aci_rest_managed.rtctrlRsCtxPToSubjP_export",
            "module.aci.module.aci_l3out.aci_rest_managed.rtctrlRsCtxPToSubjP_import",
            "module.aci.module.aci_l3out.aci_rest_managed.rtctrlRsScopeToAttrP_export",
            "module.aci.module.aci_l3out.aci_rest_managed.rtctrlRsScopeToAttrP_import",
            "module.aci.module.aci_l3out.aci_rest_managed.rtctrlScope_export",
            "module.aci.module.aci_l3out.aci_rest_managed.rtctrlScope_import",
            "module.aci.module.aci_match_rule.aci_rest_managed.rtctrlMatchCommFactor",
            "module.aci.module.aci_match_rule.aci_rest_managed.rtctrlMatchCommRegexTerm",
            "module.aci.module.aci_match_rule.aci_rest_managed.rtctrlMatchCommTerm",
            "module.aci.module.aci_match_rule.aci_rest_managed.rtctrlMatchRtDest",
            "module.aci.module.aci_match_rule.aci_rest_managed.rtctrlSubjP",
            "module.aci.module.aci_ospf_interface_policy.aci_rest_managed.ospfIfPol",
            "module.aci.module.aci_set_rule.aci_rest_managed.rtctrlAttrP",
            "module.aci.module.aci_set_rule.aci_rest_managed.rtctrlRsSetPolicyTagToInstP",
            "module.aci.module.aci_set_rule.aci_rest_managed.rtctrlSetASPath",
            "module.aci.module.aci_set_rule.aci_rest_managed.rtctrlSetASPathASN",
            "module.aci.module.aci_set_rule.aci_rest_managed.rtctrlSetAddComm",
            "module.aci.module.aci_set_rule.aci_rest_managed.rtctrlSetComm",
            "module.aci.module.aci_set_rule.aci_rest_managed.rtctrlSetDamp",
            "module.aci.module.aci_set_rule.aci_rest_managed.rtctrlSetNh",
            "module.aci.module.aci_set_rule.aci_rest_managed.rtctrlSetNhUnchanged",
            "module.aci.module.aci_set_rule.aci_rest_managed.rtctrlSetPolicyTag",
            "module.aci.module.aci_set_rule.aci_rest_managed.rtctrlSetPref",
            "module.aci.module.aci_set_rule.aci_rest_managed.rtctrlSetRedistMultipath",
            "module.aci.module.aci_set_rule.aci_rest_managed.rtctrlSetRtMetric",
            "module.aci.module.aci_set_rule.aci_rest_managed.rtctrlSetRtMetricType",
            "module.aci.module.aci_set_rule.aci_rest_managed.rtctrlSetTag",
            "module.aci.module.aci_set_rule.aci_rest_managed.rtctrlSetWeight",
            "module.aci.module.aci_tenant.aci_rest_managed.aaaDomainRef",
            "module.aci.module.aci_tenant.aci_rest_managed.fvTenant",
            "module.aci.module.aci_vrf.aci_rest_managed.bgpRtTargetP_ipv4",
            "module.aci.module.aci_vrf.aci_rest_managed.bgpRtTargetP_ipv6",
            "module.aci.module.aci_vrf.aci_rest_managed.bgpRtTarget_ipv4_export",
            "module.aci.module.aci_vrf.aci_rest_managed.bgpRtTarget_ipv4_import",
            "module.aci.module.aci_vrf.aci_rest_managed.bgpRtTarget_ipv6_export",
            "module.aci.module.aci_vrf.aci_rest_managed.bgpRtTarget_ipv6_import",
            "module.aci.module.aci_vrf.aci_rest_managed.dnsLbl",
            "module.aci.module.aci_vrf.aci_rest_managed.fvCtx",
            "module.aci.module.aci_vrf.aci_rest_managed.fvRsBgpCtxPol",
            "module.aci.module.aci_vrf.aci_rest_managed.fvRsCtxToBgpCtxAfPol_ipv4",
            "module.aci.module.aci_vrf.aci_rest_managed.fvRsCtxToBgpCtxAfPol_ipv6",
            "module.aci.module.aci_vrf.aci_rest_managed.fvRsCtxToExtRouteTagPol",
            "module.aci.module.aci_vrf.aci_rest_managed.fvRsCtxToOspfCtxPol_ipv4",
            "module.aci.module.aci_vrf.aci_rest_managed.fvRsCtxToOspfCtxPol_ipv6",
            "module.aci.module.aci_vrf.aci_rest_managed.fvRsOspfCtxPol",
            "module.aci.module.aci_vrf.aci_rest_managed.igmpCtxP",
            "module.aci.module.aci_vrf.aci_rest_managed.igmpSSMXlateP",
            "module.aci.module.aci_vrf.aci_rest_managed.leakExternalPrefix",
            "module.aci.module.aci_vrf.aci_rest_managed.leakInternalSubnet",
            "module.aci.module.aci_vrf.aci_rest_managed.leakRoutes",
            "module.aci.module.aci_vrf.aci_rest_managed.leakTo_external",
            "module.aci.module.aci_vrf.aci_rest_managed.leakTo_internal",
            "module.aci.module.aci_vrf.aci_rest_managed.pimASMPatPol",
            "module.aci.module.aci_vrf.aci_rest_managed.pimAutoRPPol",
            "module.aci.module.aci_vrf.aci_rest_managed.pimBSRFilterPol",
            "module.aci.module.aci_vrf.aci_rest_managed.pimBSRPPol",
            "module.aci.module.aci_vrf.aci_rest_managed.pimCtxP",
            "module.aci.module.aci_vrf.aci_rest_managed.pimFabricRPPol",
            "module.aci.module.aci_vrf.aci_rest_managed.pimInterVRFEntryPol",
            "module.aci.module.aci_vrf.aci_rest_managed.pimInterVRFPol",
            "module.aci.module.aci_vrf.aci_rest_managed.pimMAFilterPol",
            "module.aci.module.aci_vrf.aci_rest_managed.pimRPGrpRangePol_fabric_rp",
            "module.aci.module.aci_vrf.aci_rest_managed.pimRPGrpRangePol_static_rp",
            "module.aci.module.aci_vrf.aci_rest_managed.pimRegTrPol",
            "module.aci.module.aci_vrf.aci_rest_managed.pimResPol",
            "module.aci.module.aci_vrf.aci_rest_managed.pimSGRangeExpPol",
            "module.aci.module.aci_vrf.aci_rest_managed.pimSSMPatPol",
            "module.aci.module.aci_vrf.aci_rest_managed.pimSSMRangePol",
            "module.aci.module.aci_vrf.aci_rest_managed.pimSharedRangePol",
            "module.aci.module.aci_vrf.aci_rest_managed.pimStaticRPEntryPol_fabric_rp",
            "module.aci.module.aci_vrf.aci_rest_managed.pimStaticRPEntryPol_static_rp",
            "module.aci.module.aci_vrf.aci_rest_managed.pimStaticRPPol",
            "module.aci.module.aci_vrf.aci_rest_managed.rtdmcRsFilterToRtMapPol_asm_sg_expiry",
            "module.aci.module.aci_vrf.aci_rest_managed.rtdmcRsFilterToRtMapPol_asm_shared",
            "module.aci.module.aci_vrf.aci_rest_managed.rtdmcRsFilterToRtMapPol_auto_rp",
            "module.aci.module.aci_vrf.aci_rest_managed.rtdmcRsFilterToRtMapPol_bsr",
            "module.aci.module.aci_vrf.aci_rest_managed.rtdmcRsFilterToRtMapPol_fabric_rp",
            "module.aci.module.aci_vrf.aci_rest_managed.rtdmcRsFilterToRtMapPol_pim_inter_vrf",
            "module.aci.module.aci_vrf.aci_rest_managed.rtdmcRsFilterToRtMapPol_ssm_range",
            "module.aci.module.aci_vrf.aci_rest_managed.rtdmcRsFilterToRtMapPol_static_rp",
            "module.aci.module.aci_vrf.aci_rest_managed.vzAny",
            "module.aci.module.aci_vrf.aci_rest_managed.vzRsAnyToCons",
            "module.aci.module.aci_vrf.aci_rest_managed.vzRsAnyToConsIf",
            "module.aci.module.aci_vrf.aci_rest_managed.vzRsAnyToProv"
          ]
        }
      ]
    },
    {
      "module": "module.aci.module.aci_bridge_domain[\"demo-05/10.0.91.0_24\"]",
      "mode": "managed",
      "type": "aci_rest_managed",
      "name": "fvRsCtx",
      "provider": "provider[\"registry.terraform.io/ciscodevnet/aci\"]",
      "instances": [
        {
          "schema_version": 0,
          "attributes": {
            "annotation": "orchestrator:terraform",
            "child": [],
            "class_name": "fvRsCtx",
            "content": {
              "tnFvCtxName": "vrf-02"
            },
            "dn": "uni/tn-demo-05/BD-10.0.91.0_24/rsctx",
            "id": "uni/tn-demo-05/BD-10.0.91.0_24/rsctx"
          },
          "sensitive_attributes": [],
          "dependencies": [
            "module.aci.data.utils_yaml_merge.defaults",
            "module.aci.data.utils_yaml_merge.model",
            "module.aci.data.utils_yaml_merge.modules",
            "module.aci.module.aci_bfd_interface_policy.aci_rest_managed.bfdIfPol",
            "module.aci.module.aci_bgp_timer_policy.aci_rest_managed.bgpCtxPol",
            "module.aci.module.aci_bridge_domain.aci_rest_managed.fvBD",
            "module.aci.module.aci_contract.aci_rest_managed.vzBrCP",
            "module.aci.module.aci_contract.aci_rest_managed.vzRsSubjFiltAtt",
            "module.aci.module.aci_contract.aci_rest_managed.vzRsSubjGraphAtt",
            "module.aci.module.aci_contract.aci_rest_managed.vzSubj",
            "module.aci.module.aci_dhcp_option_policy.aci_rest_managed.dhcpOption",
            "module.aci.module.aci_dhcp_option_policy.aci_rest_managed.dhcpOptionPol",
            "module.aci.module.aci_dhcp_relay_policy.aci_rest_managed.dhcpRelayP",
            "module.aci.module.aci_dhcp_relay_policy.aci_rest_managed.dhcpRsProv",
            "module.aci.module.aci_eigrp_interface_policy.aci_rest_managed.eigrpIfPol",
            "module.aci.module.aci_filter.aci_rest_managed.vzEntry",
            "module.aci.module.aci_filter.aci_rest_managed.vzFilter",
            "module.aci.module.aci_imported_contract.aci_rest_managed.vzCPIf",
            "module.aci.module.aci_imported_contract.aci_rest_managed.vzRsIf",
            "module.aci.module.aci_l3out.aci_rest_managed.bgpExtP",
            "module.aci.module.aci_l3out.aci_rest_managed.eigrpExtP",
            "module.aci.module.aci_l3out.aci_rest_managed.l3extConsLbl",
            "module.aci.module.aci_l3out.aci_rest_managed.l3extDefaultRouteLeakP",
            "module.aci.module.aci_l3out.aci_rest_managed.l3extInstP_sr_mpls",
            "module.aci.module.aci_l3out.aci_rest_managed.l3extOut",
            "module.aci.module.aci_l3out.aci_rest_managed.l3extProvLbl",
            "module.aci.module.aci_l3out.aci_rest_managed.l3extRsDampeningPol_ipv4",
            "module.aci.module.aci_l3out.aci_rest_managed.l3extRsDampeningPol_ipv6",
            "module.aci.module.aci_l3out.aci_rest_managed.l3extRsEctx",
            "module.aci.module.aci_l3out.aci_rest_managed.l3extRsInterleakPol",
            "module.aci.module.aci_l3out.aci_rest_managed.l3extRsL3DomAtt",
            "module.aci.module.aci_l3out.aci_rest_managed.l3extRsLblToProfile_export",
            "module.aci.module.aci_l3out.aci_rest_managed.l3extRsLblToProfile_import",
            "module.aci.module.aci_l3out.aci_rest_managed.l3extRsRedistributePol",
            "module.aci.module.aci_l3out.aci_rest_managed.mplsExtP",
            "module.aci.module.aci_l3out.aci_rest_managed.mplsRsLabelPol",
            "module.aci.module.aci_l3out.aci_rest_managed.ospfExtP",
            "module.aci.module.aci_l3out.aci_rest_managed.pimExtP",
            "module.aci.module.aci_l3out.aci_rest_managed.rtctrlCtxP_export",
            "module.aci.module.aci_l3out.aci_rest_managed.rtctrlCtxP_import",
            "module.aci.module.aci_l3out.aci_rest_managed.rtctrlProfile_export",
            "module.aci.module.aci_l3out.aci_rest_managed.rtctrlProfile_import",
            "module.aci.module.aci_l3out.aci_rest_managed.rtctrlRsCtxPToSubjP_export",
            "module.aci.module.aci_l3out.aci_rest_managed.rtctrlRsCtxPToSubjP_import",
            "module.aci.module.aci_l3out.aci_rest_managed.rtctrlRsScopeToAttrP_export",
            "module.aci.module.aci_l3out.aci_rest_managed.rtctrlRsScopeToAttrP_import",
            "module.aci.module.aci_l3out.aci_rest_managed.rtctrlScope_export",
            "module.aci.module.aci_l3out.aci_rest_managed.rtctrlScope_import",
            "module.aci.module.aci_match_rule.aci_rest_managed.rtctrlMatchCommFactor",
            "module.aci.module.aci_match_rule.aci_rest_managed.rtctrlMatchCommRegexTerm",
            "module.aci.module.aci_match_rule.aci_rest_managed.rtctrlMatchCommTerm",
            "module.aci.module.aci_match_rule.aci_rest_managed.rtctrlMatchRtDest",
            "module.aci.module.aci_match_rule.aci_rest_managed.rtctrlSubjP",
            "module.aci.module.aci_ospf_interface_policy.aci_rest_managed.ospfIfPol",
            "module.aci.module.aci_set_rule.aci_rest_managed.rtctrlAttrP",
            "module.aci.module.aci_set_rule.aci_rest_managed.rtctrlRsSetPolicyTagToInstP",
            "module.aci.module.aci_set_rule.aci_rest_managed.rtctrlSetASPath",
            "module.aci.module.aci_set_rule.aci_rest_managed.rtctrlSetASPathASN",
            "module.aci.module.aci_set_rule.aci_rest_managed.rtctrlSetAddComm",
            "module.aci.module.aci_set_rule.aci_rest_managed.rtctrlSetComm",
            "module.aci.module.aci_set_rule.aci_rest_managed.rtctrlSetDamp",
            "module.aci.module.aci_set_rule.aci_rest_managed.rtctrlSetNh",
            "module.aci.module.aci_set_rule.aci_rest_managed.rtctrlSetNhUnchanged",
            "module.aci.module.aci_set_rule.aci_rest_managed.rtctrlSetPolicyTag",
            "module.aci.module.aci_set_rule.aci_rest_managed.rtctrlSetPref",
            "module.aci.module.aci_set_rule.aci_rest_managed.rtctrlSetRedistMultipath",
            "module.aci.module.aci_set_rule.aci_rest_managed.rtctrlSetRtMetric",
            "module.aci.module.aci_set_rule.aci_rest_managed.rtctrlSetRtMetricType",
            "module.aci.module.aci_set_rule.aci_rest_managed.rtctrlSetTag",
            "module.aci.module.aci_set_rule.aci_rest_managed.rtctrlSetWeight",
            "module.aci.module.aci_tenant.aci_rest_managed.aaaDomainRef",
            "module.aci.module.aci_tenant.aci_rest_managed.fvTenant",
            "module.aci.module.aci_vrf.aci_rest_managed.bgpRtTargetP_ipv4",
            "module.aci.module.aci_vrf.aci_rest_managed.bgpRtTargetP_ipv6",
            "module.aci.module.aci_vrf.aci_rest_managed.bgpRtTarget_ipv4_export",
            "module.aci.module.aci_vrf.aci_rest_managed.bgpRtTarget_ipv4_import",
            "module.aci.module.aci_vrf.aci_rest_managed.bgpRtTarget_ipv6_export",
            "module.aci.module.aci_vrf.aci_rest_managed.bgpRtTarget_ipv6_import",
            "module.aci.module.aci_vrf.aci_rest_managed.dnsLbl",
            "module.aci.module.aci_vrf.aci_rest_managed.fvCtx",
            "module.aci.module.aci_vrf.aci_rest_managed.fvRsBgpCtxPol",
            "module.aci.module.aci_vrf.aci_rest_managed.fvRsCtxToBgpCtxAfPol_ipv4",
            "module.aci.module.aci_vrf.aci_rest_managed.fvRsCtxToBgpCtxAfPol_ipv6",
            "module.aci.module.aci_vrf.aci_rest_managed.fvRsCtxToExtRouteTagPol",
            "module.aci.module.aci_vrf.aci_rest_managed.fvRsCtxToOspfCtxPol_ipv4",
            "module.aci.module.aci_vrf.aci_rest_managed.fvRsCtxToOspfCtxPol_ipv6",
            "module.aci.module.aci_vrf.aci_rest_managed.fvRsOspfCtxPol",
            "module.aci.module.aci_vrf.aci_rest_managed.igmpCtxP",
            "module.aci.module.aci_vrf.aci_rest_managed.igmpSSMXlateP",
            "module.aci.module.aci_vrf.aci_rest_managed.leakExternalPrefix",
            "module.aci.module.aci_vrf.aci_rest_managed.leakInternalSubnet",
            "module.aci.module.aci_vrf.aci_rest_managed.leakRoutes",
            "module.aci.module.aci_vrf.aci_rest_managed.leakTo_external",
            "module.aci.module.aci_vrf.aci_rest_managed.leakTo_internal",
            "module.aci.module.aci_vrf.aci_rest_managed.pimASMPatPol",
            "module.aci.module.aci_vrf.aci_rest_managed.pimAutoRPPol",
            "module.aci.module.aci_vrf.aci_rest_managed.pimBSRFilterPol",
            "module.aci.module.aci_vrf.aci_rest_managed.pimBSRPPol",
            "module.aci.module.aci_vrf.aci_rest_managed.pimCtxP",
            "module.aci.module.aci_vrf.aci_rest_managed.pimFabricRPPol",
            "module.aci.module.aci_vrf.aci_rest_managed.pimInterVRFEntryPol",
            "module.aci.module.aci_vrf.aci_rest_managed.pimInterVRFPol",
            "module.aci.module.aci_vrf.aci_rest_managed.pimMAFilterPol",
            "module.aci.module.aci_vrf.aci_rest_managed.pimRPGrpRangePol_fabric_rp",
            "module.aci.module.aci_vrf.aci_rest_managed.pimRPGrpRangePol_static_rp",
            "module.aci.module.aci_vrf.aci_rest_managed.pimRegTrPol",
            "module.aci.module.aci_vrf.aci_rest_managed.pimResPol",
            "module.aci.module.aci_vrf.aci_rest_managed.pimSGRangeExpPol",
            "module.aci.module.aci_vrf.aci_rest_managed.pimSSMPatPol",
            "module.aci.module.aci_vrf.aci_rest_managed.pimSSMRangePol",
            "module.aci.module.aci_vrf.aci_rest_managed.pimSharedRangePol",
            "module.aci.module.aci_vrf.aci_rest_managed.pimStaticRPEntryPol_fabric_rp",
            "module.aci.module.aci_vrf.aci_rest_managed.pimStaticRPEntryPol_static_rp",
            "module.aci.module.aci_vrf.aci_rest_managed.pimStaticRPPol",
            "module.aci.module.aci_vrf.aci_rest_managed.rtdmcRsFilterToRtMapPol_asm_sg_expiry",
            "module.aci.module.aci_vrf.aci_rest_managed.rtdmcRsFilterToRtMapPol_asm_shared",
            "module.aci.module.aci_vrf.aci_rest_managed.rtdmcRsFilterToRtMapPol_auto_rp",
            "module.aci.module.aci_vrf.aci_rest_managed.rtdmcRsFilterToRtMapPol_bsr",
            "module.aci.module.aci_vrf.aci_rest_managed.rtdmcRsFilterToRtMapPol_fabric_rp",
            "module.aci.module.aci_vrf.aci_rest_managed.rtdmcRsFilterToRtMapPol_pim_inter_vrf",
            "module.aci.module.aci_vrf.aci_rest_managed.rtdmcRsFilterToRtMapPol_ssm_range",
            "module.aci.module.aci_vrf.aci_rest_managed.rtdmcRsFilterToRtMapPol_static_rp",
            "module.aci.module.aci_vrf.aci_rest_managed.vzAny",
            "module.aci.module.aci_vrf.aci_rest_managed.vzRsAnyToCons",
            "module.aci.module.aci_vrf.aci_rest_managed.vzRsAnyToConsIf",
            "module.aci.module.aci_vrf.aci_rest_managed.vzRsAnyToProv"
          ]
        }
      ]
    },
    {
      "module": "module.aci.module.aci_bridge_domain[\"demo-05/10.0.91.0_24\"]",
      "mode": "managed",
      "type": "aci_rest_managed",
      "name": "fvSubnet",
      "provider": "provider[\"registry.terraform.io/ciscodevnet/aci\"]",
      "instances": [
        {
          "index_key": "10.0.91.1/24",
          "schema_version": 0,
          "attributes": {
            "annotation": "orchestrator:terraform",
            "child": [],
            "class_name": "fvSubnet",
            "content": {
              "ctrl": "",
              "descr": "",
              "ip": "10.0.91.1/24",
              "preferred": "no",
              "scope": "public,shared",
              "virtual": "no"
            },
            "dn": "uni/tn-demo-05/BD-10.0.91.0_24/subnet-[10.0.91.1/24]",
            "id": "uni/tn-demo-05/BD-10.0.91.0_24/subnet-[10.0.91.1/24]"
          },
          "sensitive_attributes": [],
          "dependencies": [
            "module.aci.data.utils_yaml_merge.defaults",
            "module.aci.data.utils_yaml_merge.model",
            "module.aci.data.utils_yaml_merge.modules",
            "module.aci.module.aci_bfd_interface_policy.aci_rest_managed.bfdIfPol",
            "module.aci.module.aci_bgp_timer_policy.aci_rest_managed.bgpCtxPol",
            "module.aci.module.aci_bridge_domain.aci_rest_managed.fvBD",
            "module.aci.module.aci_bridge_domain.aci_rest_managed.fvRsCtx",
            "module.aci.module.aci_contract.aci_rest_managed.vzBrCP",
            "module.aci.module.aci_contract.aci_rest_managed.vzRsSubjFiltAtt",
            "module.aci.module.aci_contract.aci_rest_managed.vzRsSubjGraphAtt",
            "module.aci.module.aci_contract.aci_rest_managed.vzSubj",
            "module.aci.module.aci_dhcp_option_policy.aci_rest_managed.dhcpOption",
            "module.aci.module.aci_dhcp_option_policy.aci_rest_managed.dhcpOptionPol",
            "module.aci.module.aci_dhcp_relay_policy.aci_rest_managed.dhcpRelayP",
            "module.aci.module.aci_dhcp_relay_policy.aci_rest_managed.dhcpRsProv",
            "module.aci.module.aci_eigrp_interface_policy.aci_rest_managed.eigrpIfPol",
            "module.aci.module.aci_filter.aci_rest_managed.vzEntry",
            "module.aci.module.aci_filter.aci_rest_managed.vzFilter",
            "module.aci.module.aci_imported_contract.aci_rest_managed.vzCPIf",
            "module.aci.module.aci_imported_contract.aci_rest_managed.vzRsIf",
            "module.aci.module.aci_l3out.aci_rest_managed.bgpExtP",
            "module.aci.module.aci_l3out.aci_rest_managed.eigrpExtP",
            "module.aci.module.aci_l3out.aci_rest_managed.l3extConsLbl",
            "module.aci.module.aci_l3out.aci_rest_managed.l3extDefaultRouteLeakP",
            "module.aci.module.aci_l3out.aci_rest_managed.l3extInstP_sr_mpls",
            "module.aci.module.aci_l3out.aci_rest_managed.l3extOut",
            "module.aci.module.aci_l3out.aci_rest_managed.l3extProvLbl",
            "module.aci.module.aci_l3out.aci_rest_managed.l3extRsDampeningPol_ipv4",
            "module.aci.module.aci_l3out.aci_rest_managed.l3extRsDampeningPol_ipv6",
            "module.aci.module.aci_l3out.aci_rest_managed.l3extRsEctx",
            "module.aci.module.aci_l3out.aci_rest_managed.l3extRsInterleakPol",
            "module.aci.module.aci_l3out.aci_rest_managed.l3extRsL3DomAtt",
            "module.aci.module.aci_l3out.aci_rest_managed.l3extRsLblToProfile_export",
            "module.aci.module.aci_l3out.aci_rest_managed.l3extRsLblToProfile_import",
            "module.aci.module.aci_l3out.aci_rest_managed.l3extRsRedistributePol",
            "module.aci.module.aci_l3out.aci_rest_managed.mplsExtP",
            "module.aci.module.aci_l3out.aci_rest_managed.mplsRsLabelPol",
            "module.aci.module.aci_l3out.aci_rest_managed.ospfExtP",
            "module.aci.module.aci_l3out.aci_rest_managed.pimExtP",
            "module.aci.module.aci_l3out.aci_rest_managed.rtctrlCtxP_export",
            "module.aci.module.aci_l3out.aci_rest_managed.rtctrlCtxP_import",
            "module.aci.module.aci_l3out.aci_rest_managed.rtctrlProfile_export",
            "module.aci.module.aci_l3out.aci_rest_managed.rtctrlProfile_import",
            "module.aci.module.aci_l3out.aci_rest_managed.rtctrlRsCtxPToSubjP_export",
            "module.aci.module.aci_l3out.aci_rest_managed.rtctrlRsCtxPToSubjP_import",
            "module.aci.module.aci_l3out.aci_rest_managed.rtctrlRsScopeToAttrP_export",
            "module.aci.module.aci_l3out.aci_rest_managed.rtctrlRsScopeToAttrP_import",
            "module.aci.module.aci_l3out.aci_rest_managed.rtctrlScope_export",
            "module.aci.module.aci_l3out.aci_rest_managed.rtctrlScope_import",
            "module.aci.module.aci_match_rule.aci_rest_managed.rtctrlMatchCommFactor",
            "module.aci.module.aci_match_rule.aci_rest_managed.rtctrlMatchCommRegexTerm",
            "module.aci.module.aci_match_rule.aci_rest_managed.rtctrlMatchCommTerm",
            "module.aci.module.aci_match_rule.aci_rest_managed.rtctrlMatchRtDest",
            "module.aci.module.aci_match_rule.aci_rest_managed.rtctrlSubjP",
            "module.aci.module.aci_ospf_interface_policy.aci_rest_managed.ospfIfPol",
            "module.aci.module.aci_set_rule.aci_rest_managed.rtctrlAttrP",
            "module.aci.module.aci_set_rule.aci_rest_managed.rtctrlRsSetPolicyTagToInstP",
            "module.aci.module.aci_set_rule.aci_rest_managed.rtctrlSetASPath",
            "module.aci.module.aci_set_rule.aci_rest_managed.rtctrlSetASPathASN",
            "module.aci.module.aci_set_rule.aci_rest_managed.rtctrlSetAddComm",
            "module.aci.module.aci_set_rule.aci_rest_managed.rtctrlSetComm",
            "module.aci.module.aci_set_rule.aci_rest_managed.rtctrlSetDamp",
            "module.aci.module.aci_set_rule.aci_rest_managed.rtctrlSetNh",
            "module.aci.module.aci_set_rule.aci_rest_managed.rtctrlSetNhUnchanged",
            "module.aci.module.aci_set_rule.aci_rest_managed.rtctrlSetPolicyTag",
            "module.aci.module.aci_set_rule.aci_rest_managed.rtctrlSetPref",
            "module.aci.module.aci_set_rule.aci_rest_managed.rtctrlSetRedistMultipath",
            "module.aci.module.aci_set_rule.aci_rest_managed.rtctrlSetRtMetric",
            "module.aci.module.aci_set_rule.aci_rest_managed.rtctrlSetRtMetricType",
            "module.aci.module.aci_set_rule.aci_rest_managed.rtctrlSetTag",
            "module.aci.module.aci_set_rule.aci_rest_managed.rtctrlSetWeight",
            "module.aci.module.aci_tenant.aci_rest_managed.aaaDomainRef",
            "module.aci.module.aci_tenant.aci_rest_managed.fvTenant",
            "module.aci.module.aci_vrf.aci_rest_managed.bgpRtTargetP_ipv4",
            "module.aci.module.aci_vrf.aci_rest_managed.bgpRtTargetP_ipv6",
            "module.aci.module.aci_vrf.aci_rest_managed.bgpRtTarget_ipv4_export",
            "module.aci.module.aci_vrf.aci_rest_managed.bgpRtTarget_ipv4_import",
            "module.aci.module.aci_vrf.aci_rest_managed.bgpRtTarget_ipv6_export",
            "module.aci.module.aci_vrf.aci_rest_managed.bgpRtTarget_ipv6_import",
            "module.aci.module.aci_vrf.aci_rest_managed.dnsLbl",
            "module.aci.module.aci_vrf.aci_rest_managed.fvCtx",
            "module.aci.module.aci_vrf.aci_rest_managed.fvRsBgpCtxPol",
            "module.aci.module.aci_vrf.aci_rest_managed.fvRsCtxToBgpCtxAfPol_ipv4",
            "module.aci.module.aci_vrf.aci_rest_managed.fvRsCtxToBgpCtxAfPol_ipv6",
            "module.aci.module.aci_vrf.aci_rest_managed.fvRsCtxToExtRouteTagPol",
            "module.aci.module.aci_vrf.aci_rest_managed.fvRsCtxToOspfCtxPol_ipv4",
            "module.aci.module.aci_vrf.aci_rest_managed.fvRsCtxToOspfCtxPol_ipv6",
            "module.aci.module.aci_vrf.aci_rest_managed.fvRsOspfCtxPol",
            "module.aci.module.aci_vrf.aci_rest_managed.igmpCtxP",
            "module.aci.module.aci_vrf.aci_rest_managed.igmpSSMXlateP",
            "module.aci.module.aci_vrf.aci_rest_managed.leakExternalPrefix",
            "module.aci.module.aci_vrf.aci_rest_managed.leakInternalSubnet",
            "module.aci.module.aci_vrf.aci_rest_managed.leakRoutes",
            "module.aci.module.aci_vrf.aci_rest_managed.leakTo_external",
            "module.aci.module.aci_vrf.aci_rest_managed.leakTo_internal",
            "module.aci.module.aci_vrf.aci_rest_managed.pimASMPatPol",
            "module.aci.module.aci_vrf.aci_rest_managed.pimAutoRPPol",
            "module.aci.module.aci_vrf.aci_rest_managed.pimBSRFilterPol",
            "module.aci.module.aci_vrf.aci_rest_managed.pimBSRPPol",
            "module.aci.module.aci_vrf.aci_rest_managed.pimCtxP",
            "module.aci.module.aci_vrf.aci_rest_managed.pimFabricRPPol",
            "module.aci.module.aci_vrf.aci_rest_managed.pimInterVRFEntryPol",
            "module.aci.module.aci_vrf.aci_rest_managed.pimInterVRFPol",
            "module.aci.module.aci_vrf.aci_rest_managed.pimMAFilterPol",
            "module.aci.module.aci_vrf.aci_rest_managed.pimRPGrpRangePol_fabric_rp",
            "module.aci.module.aci_vrf.aci_rest_managed.pimRPGrpRangePol_static_rp",
            "module.aci.module.aci_vrf.aci_rest_managed.pimRegTrPol",
            "module.aci.module.aci_vrf.aci_rest_managed.pimResPol",
            "module.aci.module.aci_vrf.aci_rest_managed.pimSGRangeExpPol",
            "module.aci.module.aci_vrf.aci_rest_managed.pimSSMPatPol",
            "module.aci.module.aci_vrf.aci_rest_managed.pimSSMRangePol",
            "module.aci.module.aci_vrf.aci_rest_managed.pimSharedRangePol",
            "module.aci.module.aci_vrf.aci_rest_managed.pimStaticRPEntryPol_fabric_rp",
            "module.aci.module.aci_vrf.aci_rest_managed.pimStaticRPEntryPol_static_rp",
            "module.aci.module.aci_vrf.aci_rest_managed.pimStaticRPPol",
            "module.aci.module.aci_vrf.aci_rest_managed.rtdmcRsFilterToRtMapPol_asm_sg_expiry",
            "module.aci.module.aci_vrf.aci_rest_managed.rtdmcRsFilterToRtMapPol_asm_shared",
            "module.aci.module.aci_vrf.aci_rest_managed.rtdmcRsFilterToRtMapPol_auto_rp",
            "module.aci.module.aci_vrf.aci_rest_managed.rtdmcRsFilterToRtMapPol_bsr",
            "module.aci.module.aci_vrf.aci_rest_managed.rtdmcRsFilterToRtMapPol_fabric_rp",
            "module.aci.module.aci_vrf.aci_rest_managed.rtdmcRsFilterToRtMapPol_pim_inter_vrf",
            "module.aci.module.aci_vrf.aci_rest_managed.rtdmcRsFilterToRtMapPol_ssm_range",
            "module.aci.module.aci_vrf.aci_rest_managed.rtdmcRsFilterToRtMapPol_static_rp",
            "module.aci.module.aci_vrf.aci_rest_managed.vzAny",
            "module.aci.module.aci_vrf.aci_rest_managed.vzRsAnyToCons",
            "module.aci.module.aci_vrf.aci_rest_managed.vzRsAnyToConsIf",
            "module.aci.module.aci_vrf.aci_rest_managed.vzRsAnyToProv"
          ]
        }
      ]
    },
    {
      "module": "module.aci.module.aci_bridge_domain[\"demo-05/10.0.92.0_24\"]",
      "mode": "managed",
      "type": "aci_rest_managed",
      "name": "dhcpLbl",
      "provider": "provider[\"registry.terraform.io/ciscodevnet/aci\"]",
      "instances": [
        {
          "index_key": "dhcp.uktme.cisco.com",
          "schema_version": 0,
          "attributes": {
            "annotation": "orchestrator:terraform",
            "child": [],
            "class_name": "dhcpLbl",
            "content": {
              "name": "dhcp.uktme.cisco.com",
              "owner": "tenant"
            },
            "dn": "uni/tn-demo-05/BD-10.0.92.0_24/dhcplbl-dhcp.uktme.cisco.com",
            "id": "uni/tn-demo-05/BD-10.0.92.0_24/dhcplbl-dhcp.uktme.cisco.com"
          },
          "sensitive_attributes": [],
          "dependencies": [
            "module.aci.data.utils_yaml_merge.defaults",
            "module.aci.data.utils_yaml_merge.model",
            "module.aci.data.utils_yaml_merge.modules",
            "module.aci.module.aci_bfd_interface_policy.aci_rest_managed.bfdIfPol",
            "module.aci.module.aci_bgp_timer_policy.aci_rest_managed.bgpCtxPol",
            "module.aci.module.aci_bridge_domain.aci_rest_managed.fvBD",
            "module.aci.module.aci_bridge_domain.aci_rest_managed.fvRsCtx",
            "module.aci.module.aci_contract.aci_rest_managed.vzBrCP",
            "module.aci.module.aci_contract.aci_rest_managed.vzRsSubjFiltAtt",
            "module.aci.module.aci_contract.aci_rest_managed.vzRsSubjGraphAtt",
            "module.aci.module.aci_contract.aci_rest_managed.vzSubj",
            "module.aci.module.aci_dhcp_option_policy.aci_rest_managed.dhcpOption",
            "module.aci.module.aci_dhcp_option_policy.aci_rest_managed.dhcpOptionPol",
            "module.aci.module.aci_dhcp_relay_policy.aci_rest_managed.dhcpRelayP",
            "module.aci.module.aci_dhcp_relay_policy.aci_rest_managed.dhcpRsProv",
            "module.aci.module.aci_eigrp_interface_policy.aci_rest_managed.eigrpIfPol",
            "module.aci.module.aci_filter.aci_rest_managed.vzEntry",
            "module.aci.module.aci_filter.aci_rest_managed.vzFilter",
            "module.aci.module.aci_imported_contract.aci_rest_managed.vzCPIf",
            "module.aci.module.aci_imported_contract.aci_rest_managed.vzRsIf",
            "module.aci.module.aci_l3out.aci_rest_managed.bgpExtP",
            "module.aci.module.aci_l3out.aci_rest_managed.eigrpExtP",
            "module.aci.module.aci_l3out.aci_rest_managed.l3extConsLbl",
            "module.aci.module.aci_l3out.aci_rest_managed.l3extDefaultRouteLeakP",
            "module.aci.module.aci_l3out.aci_rest_managed.l3extInstP_sr_mpls",
            "module.aci.module.aci_l3out.aci_rest_managed.l3extOut",
            "module.aci.module.aci_l3out.aci_rest_managed.l3extProvLbl",
            "module.aci.module.aci_l3out.aci_rest_managed.l3extRsDampeningPol_ipv4",
            "module.aci.module.aci_l3out.aci_rest_managed.l3extRsDampeningPol_ipv6",
            "module.aci.module.aci_l3out.aci_rest_managed.l3extRsEctx",
            "module.aci.module.aci_l3out.aci_rest_managed.l3extRsInterleakPol",
            "module.aci.module.aci_l3out.aci_rest_managed.l3extRsL3DomAtt",
            "module.aci.module.aci_l3out.aci_rest_managed.l3extRsLblToProfile_export",
            "module.aci.module.aci_l3out.aci_rest_managed.l3extRsLblToProfile_import",
            "module.aci.module.aci_l3out.aci_rest_managed.l3extRsRedistributePol",
            "module.aci.module.aci_l3out.aci_rest_managed.mplsExtP",
            "module.aci.module.aci_l3out.aci_rest_managed.mplsRsLabelPol",
            "module.aci.module.aci_l3out.aci_rest_managed.ospfExtP",
            "module.aci.module.aci_l3out.aci_rest_managed.pimExtP",
            "module.aci.module.aci_l3out.aci_rest_managed.rtctrlCtxP_export",
            "module.aci.module.aci_l3out.aci_rest_managed.rtctrlCtxP_import",
            "module.aci.module.aci_l3out.aci_rest_managed.rtctrlProfile_export",
            "module.aci.module.aci_l3out.aci_rest_managed.rtctrlProfile_import",
            "module.aci.module.aci_l3out.aci_rest_managed.rtctrlRsCtxPToSubjP_export",
            "module.aci.module.aci_l3out.aci_rest_managed.rtctrlRsCtxPToSubjP_import",
            "module.aci.module.aci_l3out.aci_rest_managed.rtctrlRsScopeToAttrP_export",
            "module.aci.module.aci_l3out.aci_rest_managed.rtctrlRsScopeToAttrP_import",
            "module.aci.module.aci_l3out.aci_rest_managed.rtctrlScope_export",
            "module.aci.module.aci_l3out.aci_rest_managed.rtctrlScope_import",
            "module.aci.module.aci_match_rule.aci_rest_managed.rtctrlMatchCommFactor",
            "module.aci.module.aci_match_rule.aci_rest_managed.rtctrlMatchCommRegexTerm",
            "module.aci.module.aci_match_rule.aci_rest_managed.rtctrlMatchCommTerm",
            "module.aci.module.aci_match_rule.aci_rest_managed.rtctrlMatchRtDest",
            "module.aci.module.aci_match_rule.aci_rest_managed.rtctrlSubjP",
            "module.aci.module.aci_ospf_interface_policy.aci_rest_managed.ospfIfPol",
            "module.aci.module.aci_set_rule.aci_rest_managed.rtctrlAttrP",
            "module.aci.module.aci_set_rule.aci_rest_managed.rtctrlRsSetPolicyTagToInstP",
            "module.aci.module.aci_set_rule.aci_rest_managed.rtctrlSetASPath",
            "module.aci.module.aci_set_rule.aci_rest_managed.rtctrlSetASPathASN",
            "module.aci.module.aci_set_rule.aci_rest_managed.rtctrlSetAddComm",
            "module.aci.module.aci_set_rule.aci_rest_managed.rtctrlSetComm",
            "module.aci.module.aci_set_rule.aci_rest_managed.rtctrlSetDamp",
            "module.aci.module.aci_set_rule.aci_rest_managed.rtctrlSetNh",
            "module.aci.module.aci_set_rule.aci_rest_managed.rtctrlSetNhUnchanged",
            "module.aci.module.aci_set_rule.aci_rest_managed.rtctrlSetPolicyTag",
            "module.aci.module.aci_set_rule.aci_rest_managed.rtctrlSetPref",
            "module.aci.module.aci_set_rule.aci_rest_managed.rtctrlSetRedistMultipath",
            "module.aci.module.aci_set_rule.aci_rest_managed.rtctrlSetRtMetric",
            "module.aci.module.aci_set_rule.aci_rest_managed.rtctrlSetRtMetricType",
            "module.aci.module.aci_set_rule.aci_rest_managed.rtctrlSetTag",
            "module.aci.module.aci_set_rule.aci_rest_managed.rtctrlSetWeight",
            "module.aci.module.aci_tenant.aci_rest_managed.aaaDomainRef",
            "module.aci.module.aci_tenant.aci_rest_managed.fvTenant",
            "module.aci.module.aci_vrf.aci_rest_managed.bgpRtTargetP_ipv4",
            "module.aci.module.aci_vrf.aci_rest_managed.bgpRtTargetP_ipv6",
            "module.aci.module.aci_vrf.aci_rest_managed.bgpRtTarget_ipv4_export",
            "module.aci.module.aci_vrf.aci_rest_managed.bgpRtTarget_ipv4_import",
            "module.aci.module.aci_vrf.aci_rest_managed.bgpRtTarget_ipv6_export",
            "module.aci.module.aci_vrf.aci_rest_managed.bgpRtTarget_ipv6_import",
            "module.aci.module.aci_vrf.aci_rest_managed.dnsLbl",
            "module.aci.module.aci_vrf.aci_rest_managed.fvCtx",
            "module.aci.module.aci_vrf.aci_rest_managed.fvRsBgpCtxPol",
            "module.aci.module.aci_vrf.aci_rest_managed.fvRsCtxToBgpCtxAfPol_ipv4",
            "module.aci.module.aci_vrf.aci_rest_managed.fvRsCtxToBgpCtxAfPol_ipv6",
            "module.aci.module.aci_vrf.aci_rest_managed.fvRsCtxToExtRouteTagPol",
            "module.aci.module.aci_vrf.aci_rest_managed.fvRsCtxToOspfCtxPol_ipv4",
            "module.aci.module.aci_vrf.aci_rest_managed.fvRsCtxToOspfCtxPol_ipv6",
            "module.aci.module.aci_vrf.aci_rest_managed.fvRsOspfCtxPol",
            "module.aci.module.aci_vrf.aci_rest_managed.igmpCtxP",
            "module.aci.module.aci_vrf.aci_rest_managed.igmpSSMXlateP",
            "module.aci.module.aci_vrf.aci_rest_managed.leakExternalPrefix",
            "module.aci.module.aci_vrf.aci_rest_managed.leakInternalSubnet",
            "module.aci.module.aci_vrf.aci_rest_managed.leakRoutes",
            "module.aci.module.aci_vrf.aci_rest_managed.leakTo_external",
            "module.aci.module.aci_vrf.aci_rest_managed.leakTo_internal",
            "module.aci.module.aci_vrf.aci_rest_managed.pimASMPatPol",
            "module.aci.module.aci_vrf.aci_rest_managed.pimAutoRPPol",
            "module.aci.module.aci_vrf.aci_rest_managed.pimBSRFilterPol",
            "module.aci.module.aci_vrf.aci_rest_managed.pimBSRPPol",
            "module.aci.module.aci_vrf.aci_rest_managed.pimCtxP",
            "module.aci.module.aci_vrf.aci_rest_managed.pimFabricRPPol",
            "module.aci.module.aci_vrf.aci_rest_managed.pimInterVRFEntryPol",
            "module.aci.module.aci_vrf.aci_rest_managed.pimInterVRFPol",
            "module.aci.module.aci_vrf.aci_rest_managed.pimMAFilterPol",
            "module.aci.module.aci_vrf.aci_rest_managed.pimRPGrpRangePol_fabric_rp",
            "module.aci.module.aci_vrf.aci_rest_managed.pimRPGrpRangePol_static_rp",
            "module.aci.module.aci_vrf.aci_rest_managed.pimRegTrPol",
            "module.aci.module.aci_vrf.aci_rest_managed.pimResPol",
            "module.aci.module.aci_vrf.aci_rest_managed.pimSGRangeExpPol",
            "module.aci.module.aci_vrf.aci_rest_managed.pimSSMPatPol",
            "module.aci.module.aci_vrf.aci_rest_managed.pimSSMRangePol",
            "module.aci.module.aci_vrf.aci_rest_managed.pimSharedRangePol",
            "module.aci.module.aci_vrf.aci_rest_managed.pimStaticRPEntryPol_fabric_rp",
            "module.aci.module.aci_vrf.aci_rest_managed.pimStaticRPEntryPol_static_rp",
            "module.aci.module.aci_vrf.aci_rest_managed.pimStaticRPPol",
            "module.aci.module.aci_vrf.aci_rest_managed.rtdmcRsFilterToRtMapPol_asm_sg_expiry",
            "module.aci.module.aci_vrf.aci_rest_managed.rtdmcRsFilterToRtMapPol_asm_shared",
            "module.aci.module.aci_vrf.aci_rest_managed.rtdmcRsFilterToRtMapPol_auto_rp",
            "module.aci.module.aci_vrf.aci_rest_managed.rtdmcRsFilterToRtMapPol_bsr",
            "module.aci.module.aci_vrf.aci_rest_managed.rtdmcRsFilterToRtMapPol_fabric_rp",
            "module.aci.module.aci_vrf.aci_rest_managed.rtdmcRsFilterToRtMapPol_pim_inter_vrf",
            "module.aci.module.aci_vrf.aci_rest_managed.rtdmcRsFilterToRtMapPol_ssm_range",
            "module.aci.module.aci_vrf.aci_rest_managed.rtdmcRsFilterToRtMapPol_static_rp",
            "module.aci.module.aci_vrf.aci_rest_managed.vzAny",
            "module.aci.module.aci_vrf.aci_rest_managed.vzRsAnyToCons",
            "module.aci.module.aci_vrf.aci_rest_managed.vzRsAnyToConsIf",
            "module.aci.module.aci_vrf.aci_rest_managed.vzRsAnyToProv"
          ]
        }
      ]
    },
    {
      "module": "module.aci.module.aci_bridge_domain[\"demo-05/10.0.92.0_24\"]",
      "mode": "managed",
      "type": "aci_rest_managed",
      "name": "dhcpRsDhcpOptionPol",
      "provider": "provider[\"registry.terraform.io/ciscodevnet/aci\"]",
      "instances": [
        {
          "index_key": "dhcp.uktme.cisco.com",
          "schema_version": 0,
          "attributes": {
            "annotation": "orchestrator:terraform",
            "child": [],
            "class_name": "dhcpRsDhcpOptionPol",
            "content": {
              "tnDhcpOptionPolName": ""
            },
            "dn": "uni/tn-demo-05/BD-10.0.92.0_24/dhcplbl-dhcp.uktme.cisco.com/rsdhcpOptionPol",
            "id": "uni/tn-demo-05/BD-10.0.92.0_24/dhcplbl-dhcp.uktme.cisco.com/rsdhcpOptionPol"
          },
          "sensitive_attributes": [],
          "dependencies": [
            "module.aci.data.utils_yaml_merge.defaults",
            "module.aci.data.utils_yaml_merge.model",
            "module.aci.data.utils_yaml_merge.modules",
            "module.aci.module.aci_bfd_interface_policy.aci_rest_managed.bfdIfPol",
            "module.aci.module.aci_bgp_timer_policy.aci_rest_managed.bgpCtxPol",
            "module.aci.module.aci_bridge_domain.aci_rest_managed.dhcpLbl",
            "module.aci.module.aci_bridge_domain.aci_rest_managed.fvBD",
            "module.aci.module.aci_bridge_domain.aci_rest_managed.fvRsCtx",
            "module.aci.module.aci_contract.aci_rest_managed.vzBrCP",
            "module.aci.module.aci_contract.aci_rest_managed.vzRsSubjFiltAtt",
            "module.aci.module.aci_contract.aci_rest_managed.vzRsSubjGraphAtt",
            "module.aci.module.aci_contract.aci_rest_managed.vzSubj",
            "module.aci.module.aci_dhcp_option_policy.aci_rest_managed.dhcpOption",
            "module.aci.module.aci_dhcp_option_policy.aci_rest_managed.dhcpOptionPol",
            "module.aci.module.aci_dhcp_relay_policy.aci_rest_managed.dhcpRelayP",
            "module.aci.module.aci_dhcp_relay_policy.aci_rest_managed.dhcpRsProv",
            "module.aci.module.aci_eigrp_interface_policy.aci_rest_managed.eigrpIfPol",
            "module.aci.module.aci_filter.aci_rest_managed.vzEntry",
            "module.aci.module.aci_filter.aci_rest_managed.vzFilter",
            "module.aci.module.aci_imported_contract.aci_rest_managed.vzCPIf",
            "module.aci.module.aci_imported_contract.aci_rest_managed.vzRsIf",
            "module.aci.module.aci_l3out.aci_rest_managed.bgpExtP",
            "module.aci.module.aci_l3out.aci_rest_managed.eigrpExtP",
            "module.aci.module.aci_l3out.aci_rest_managed.l3extConsLbl",
            "module.aci.module.aci_l3out.aci_rest_managed.l3extDefaultRouteLeakP",
            "module.aci.module.aci_l3out.aci_rest_managed.l3extInstP_sr_mpls",
            "module.aci.module.aci_l3out.aci_rest_managed.l3extOut",
            "module.aci.module.aci_l3out.aci_rest_managed.l3extProvLbl",
            "module.aci.module.aci_l3out.aci_rest_managed.l3extRsDampeningPol_ipv4",
            "module.aci.module.aci_l3out.aci_rest_managed.l3extRsDampeningPol_ipv6",
            "module.aci.module.aci_l3out.aci_rest_managed.l3extRsEctx",
            "module.aci.module.aci_l3out.aci_rest_managed.l3extRsInterleakPol",
            "module.aci.module.aci_l3out.aci_rest_managed.l3extRsL3DomAtt",
            "module.aci.module.aci_l3out.aci_rest_managed.l3extRsLblToProfile_export",
            "module.aci.module.aci_l3out.aci_rest_managed.l3extRsLblToProfile_import",
            "module.aci.module.aci_l3out.aci_rest_managed.l3extRsRedistributePol",
            "module.aci.module.aci_l3out.aci_rest_managed.mplsExtP",
            "module.aci.module.aci_l3out.aci_rest_managed.mplsRsLabelPol",
            "module.aci.module.aci_l3out.aci_rest_managed.ospfExtP",
            "module.aci.module.aci_l3out.aci_rest_managed.pimExtP",
            "module.aci.module.aci_l3out.aci_rest_managed.rtctrlCtxP_export",
            "module.aci.module.aci_l3out.aci_rest_managed.rtctrlCtxP_import",
            "module.aci.module.aci_l3out.aci_rest_managed.rtctrlProfile_export",
            "module.aci.module.aci_l3out.aci_rest_managed.rtctrlProfile_import",
            "module.aci.module.aci_l3out.aci_rest_managed.rtctrlRsCtxPToSubjP_export",
            "module.aci.module.aci_l3out.aci_rest_managed.rtctrlRsCtxPToSubjP_import",
            "module.aci.module.aci_l3out.aci_rest_managed.rtctrlRsScopeToAttrP_export",
            "module.aci.module.aci_l3out.aci_rest_managed.rtctrlRsScopeToAttrP_import",
            "module.aci.module.aci_l3out.aci_rest_managed.rtctrlScope_export",
            "module.aci.module.aci_l3out.aci_rest_managed.rtctrlScope_import",
            "module.aci.module.aci_match_rule.aci_rest_managed.rtctrlMatchCommFactor",
            "module.aci.module.aci_match_rule.aci_rest_managed.rtctrlMatchCommRegexTerm",
            "module.aci.module.aci_match_rule.aci_rest_managed.rtctrlMatchCommTerm",
            "module.aci.module.aci_match_rule.aci_rest_managed.rtctrlMatchRtDest",
            "module.aci.module.aci_match_rule.aci_rest_managed.rtctrlSubjP",
            "module.aci.module.aci_ospf_interface_policy.aci_rest_managed.ospfIfPol",
            "module.aci.module.aci_set_rule.aci_rest_managed.rtctrlAttrP",
            "module.aci.module.aci_set_rule.aci_rest_managed.rtctrlRsSetPolicyTagToInstP",
            "module.aci.module.aci_set_rule.aci_rest_managed.rtctrlSetASPath",
            "module.aci.module.aci_set_rule.aci_rest_managed.rtctrlSetASPathASN",
            "module.aci.module.aci_set_rule.aci_rest_managed.rtctrlSetAddComm",
            "module.aci.module.aci_set_rule.aci_rest_managed.rtctrlSetComm",
            "module.aci.module.aci_set_rule.aci_rest_managed.rtctrlSetDamp",
            "module.aci.module.aci_set_rule.aci_rest_managed.rtctrlSetNh",
            "module.aci.module.aci_set_rule.aci_rest_managed.rtctrlSetNhUnchanged",
            "module.aci.module.aci_set_rule.aci_rest_managed.rtctrlSetPolicyTag",
            "module.aci.module.aci_set_rule.aci_rest_managed.rtctrlSetPref",
            "module.aci.module.aci_set_rule.aci_rest_managed.rtctrlSetRedistMultipath",
            "module.aci.module.aci_set_rule.aci_rest_managed.rtctrlSetRtMetric",
            "module.aci.module.aci_set_rule.aci_rest_managed.rtctrlSetRtMetricType",
            "module.aci.module.aci_set_rule.aci_rest_managed.rtctrlSetTag",
            "module.aci.module.aci_set_rule.aci_rest_managed.rtctrlSetWeight",
            "module.aci.module.aci_tenant.aci_rest_managed.aaaDomainRef",
            "module.aci.module.aci_tenant.aci_rest_managed.fvTenant",
            "module.aci.module.aci_vrf.aci_rest_managed.bgpRtTargetP_ipv4",
            "module.aci.module.aci_vrf.aci_rest_managed.bgpRtTargetP_ipv6",
            "module.aci.module.aci_vrf.aci_rest_managed.bgpRtTarget_ipv4_export",
            "module.aci.module.aci_vrf.aci_rest_managed.bgpRtTarget_ipv4_import",
            "module.aci.module.aci_vrf.aci_rest_managed.bgpRtTarget_ipv6_export",
            "module.aci.module.aci_vrf.aci_rest_managed.bgpRtTarget_ipv6_import",
            "module.aci.module.aci_vrf.aci_rest_managed.dnsLbl",
            "module.aci.module.aci_vrf.aci_rest_managed.fvCtx",
            "module.aci.module.aci_vrf.aci_rest_managed.fvRsBgpCtxPol",
            "module.aci.module.aci_vrf.aci_rest_managed.fvRsCtxToBgpCtxAfPol_ipv4",
            "module.aci.module.aci_vrf.aci_rest_managed.fvRsCtxToBgpCtxAfPol_ipv6",
            "module.aci.module.aci_vrf.aci_rest_managed.fvRsCtxToExtRouteTagPol",
            "module.aci.module.aci_vrf.aci_rest_managed.fvRsCtxToOspfCtxPol_ipv4",
            "module.aci.module.aci_vrf.aci_rest_managed.fvRsCtxToOspfCtxPol_ipv6",
            "module.aci.module.aci_vrf.aci_rest_managed.fvRsOspfCtxPol",
            "module.aci.module.aci_vrf.aci_rest_managed.igmpCtxP",
            "module.aci.module.aci_vrf.aci_rest_managed.igmpSSMXlateP",
            "module.aci.module.aci_vrf.aci_rest_managed.leakExternalPrefix",
            "module.aci.module.aci_vrf.aci_rest_managed.leakInternalSubnet",
            "module.aci.module.aci_vrf.aci_rest_managed.leakRoutes",
            "module.aci.module.aci_vrf.aci_rest_managed.leakTo_external",
            "module.aci.module.aci_vrf.aci_rest_managed.leakTo_internal",
            "module.aci.module.aci_vrf.aci_rest_managed.pimASMPatPol",
            "module.aci.module.aci_vrf.aci_rest_managed.pimAutoRPPol",
            "module.aci.module.aci_vrf.aci_rest_managed.pimBSRFilterPol",
            "module.aci.module.aci_vrf.aci_rest_managed.pimBSRPPol",
            "module.aci.module.aci_vrf.aci_rest_managed.pimCtxP",
            "module.aci.module.aci_vrf.aci_rest_managed.pimFabricRPPol",
            "module.aci.module.aci_vrf.aci_rest_managed.pimInterVRFEntryPol",
            "module.aci.module.aci_vrf.aci_rest_managed.pimInterVRFPol",
            "module.aci.module.aci_vrf.aci_rest_managed.pimMAFilterPol",
            "module.aci.module.aci_vrf.aci_rest_managed.pimRPGrpRangePol_fabric_rp",
            "module.aci.module.aci_vrf.aci_rest_managed.pimRPGrpRangePol_static_rp",
            "module.aci.module.aci_vrf.aci_rest_managed.pimRegTrPol",
            "module.aci.module.aci_vrf.aci_rest_managed.pimResPol",
            "module.aci.module.aci_vrf.aci_rest_managed.pimSGRangeExpPol",
            "module.aci.module.aci_vrf.aci_rest_managed.pimSSMPatPol",
            "module.aci.module.aci_vrf.aci_rest_managed.pimSSMRangePol",
            "module.aci.module.aci_vrf.aci_rest_managed.pimSharedRangePol",
            "module.aci.module.aci_vrf.aci_rest_managed.pimStaticRPEntryPol_fabric_rp",
            "module.aci.module.aci_vrf.aci_rest_managed.pimStaticRPEntryPol_static_rp",
            "module.aci.module.aci_vrf.aci_rest_managed.pimStaticRPPol",
            "module.aci.module.aci_vrf.aci_rest_managed.rtdmcRsFilterToRtMapPol_asm_sg_expiry",
            "module.aci.module.aci_vrf.aci_rest_managed.rtdmcRsFilterToRtMapPol_asm_shared",
            "module.aci.module.aci_vrf.aci_rest_managed.rtdmcRsFilterToRtMapPol_auto_rp",
            "module.aci.module.aci_vrf.aci_rest_managed.rtdmcRsFilterToRtMapPol_bsr",
            "module.aci.module.aci_vrf.aci_rest_managed.rtdmcRsFilterToRtMapPol_fabric_rp",
            "module.aci.module.aci_vrf.aci_rest_managed.rtdmcRsFilterToRtMapPol_pim_inter_vrf",
            "module.aci.module.aci_vrf.aci_rest_managed.rtdmcRsFilterToRtMapPol_ssm_range",
            "module.aci.module.aci_vrf.aci_rest_managed.rtdmcRsFilterToRtMapPol_static_rp",
            "module.aci.module.aci_vrf.aci_rest_managed.vzAny",
            "module.aci.module.aci_vrf.aci_rest_managed.vzRsAnyToCons",
            "module.aci.module.aci_vrf.aci_rest_managed.vzRsAnyToConsIf",
            "module.aci.module.aci_vrf.aci_rest_managed.vzRsAnyToProv"
          ]
        }
      ]
    },
    {
      "module": "module.aci.module.aci_bridge_domain[\"demo-05/10.0.92.0_24\"]",
      "mode": "managed",
      "type": "aci_rest_managed",
      "name": "fvBD",
      "provider": "provider[\"registry.terraform.io/ciscodevnet/aci\"]",
      "instances": [
        {
          "schema_version": 0,
          "attributes": {
            "annotation": "orchestrator:terraform",
            "child": [],
            "class_name": "fvBD",
            "content": {
              "arpFlood": "yes",
              "descr": "",
              "epClear": "no",
              "epMoveDetectMode": "",
              "hostBasedRouting": "no",
              "ipLearning": "yes",
              "limitIpLearnToSubnets": "yes",
              "mac": "00:22:BD:F8:19:FF",
              "mcastAllow": "no",
              "multiDstPktAct": "bd-flood",
              "name": "10.0.92.0_24",
              "nameAlias": "internal-vrf-03",
              "type": "regular",
              "unicastRoute": "yes",
              "unkMacUcastAct": "proxy",
              "unkMcastAct": "flood",
              "v6unkMcastAct": "flood",
              "vmac": "not-applicable"
            },
            "dn": "uni/tn-demo-05/BD-10.0.92.0_24",
            "id": "uni/tn-demo-05/BD-10.0.92.0_24"
          },
          "sensitive_attributes": [],
          "dependencies": [
            "module.aci.data.utils_yaml_merge.defaults",
            "module.aci.data.utils_yaml_merge.model",
            "module.aci.data.utils_yaml_merge.modules",
            "module.aci.module.aci_bfd_interface_policy.aci_rest_managed.bfdIfPol",
            "module.aci.module.aci_bgp_timer_policy.aci_rest_managed.bgpCtxPol",
            "module.aci.module.aci_contract.aci_rest_managed.vzBrCP",
            "module.aci.module.aci_contract.aci_rest_managed.vzRsSubjFiltAtt",
            "module.aci.module.aci_contract.aci_rest_managed.vzRsSubjGraphAtt",
            "module.aci.module.aci_contract.aci_rest_managed.vzSubj",
            "module.aci.module.aci_dhcp_option_policy.aci_rest_managed.dhcpOption",
            "module.aci.module.aci_dhcp_option_policy.aci_rest_managed.dhcpOptionPol",
            "module.aci.module.aci_dhcp_relay_policy.aci_rest_managed.dhcpRelayP",
            "module.aci.module.aci_dhcp_relay_policy.aci_rest_managed.dhcpRsProv",
            "module.aci.module.aci_eigrp_interface_policy.aci_rest_managed.eigrpIfPol",
            "module.aci.module.aci_filter.aci_rest_managed.vzEntry",
            "module.aci.module.aci_filter.aci_rest_managed.vzFilter",
            "module.aci.module.aci_imported_contract.aci_rest_managed.vzCPIf",
            "module.aci.module.aci_imported_contract.aci_rest_managed.vzRsIf",
            "module.aci.module.aci_l3out.aci_rest_managed.bgpExtP",
            "module.aci.module.aci_l3out.aci_rest_managed.eigrpExtP",
            "module.aci.module.aci_l3out.aci_rest_managed.l3extConsLbl",
            "module.aci.module.aci_l3out.aci_rest_managed.l3extDefaultRouteLeakP",
            "module.aci.module.aci_l3out.aci_rest_managed.l3extInstP_sr_mpls",
            "module.aci.module.aci_l3out.aci_rest_managed.l3extOut",
            "module.aci.module.aci_l3out.aci_rest_managed.l3extProvLbl",
            "module.aci.module.aci_l3out.aci_rest_managed.l3extRsDampeningPol_ipv4",
            "module.aci.module.aci_l3out.aci_rest_managed.l3extRsDampeningPol_ipv6",
            "module.aci.module.aci_l3out.aci_rest_managed.l3extRsEctx",
            "module.aci.module.aci_l3out.aci_rest_managed.l3extRsInterleakPol",
            "module.aci.module.aci_l3out.aci_rest_managed.l3extRsL3DomAtt",
            "module.aci.module.aci_l3out.aci_rest_managed.l3extRsLblToProfile_export",
            "module.aci.module.aci_l3out.aci_rest_managed.l3extRsLblToProfile_import",
            "module.aci.module.aci_l3out.aci_rest_managed.l3extRsRedistributePol",
            "module.aci.module.aci_l3out.aci_rest_managed.mplsExtP",
            "module.aci.module.aci_l3out.aci_rest_managed.mplsRsLabelPol",
            "module.aci.module.aci_l3out.aci_rest_managed.ospfExtP",
            "module.aci.module.aci_l3out.aci_rest_managed.pimExtP",
            "module.aci.module.aci_l3out.aci_rest_managed.rtctrlCtxP_export",
            "module.aci.module.aci_l3out.aci_rest_managed.rtctrlCtxP_import",
            "module.aci.module.aci_l3out.aci_rest_managed.rtctrlProfile_export",
            "module.aci.module.aci_l3out.aci_rest_managed.rtctrlProfile_import",
            "module.aci.module.aci_l3out.aci_rest_managed.rtctrlRsCtxPToSubjP_export",
            "module.aci.module.aci_l3out.aci_rest_managed.rtctrlRsCtxPToSubjP_import",
            "module.aci.module.aci_l3out.aci_rest_managed.rtctrlRsScopeToAttrP_export",
            "module.aci.module.aci_l3out.aci_rest_managed.rtctrlRsScopeToAttrP_import",
            "module.aci.module.aci_l3out.aci_rest_managed.rtctrlScope_export",
            "module.aci.module.aci_l3out.aci_rest_managed.rtctrlScope_import",
            "module.aci.module.aci_match_rule.aci_rest_managed.rtctrlMatchCommFactor",
            "module.aci.module.aci_match_rule.aci_rest_managed.rtctrlMatchCommRegexTerm",
            "module.aci.module.aci_match_rule.aci_rest_managed.rtctrlMatchCommTerm",
            "module.aci.module.aci_match_rule.aci_rest_managed.rtctrlMatchRtDest",
            "module.aci.module.aci_match_rule.aci_rest_managed.rtctrlSubjP",
            "module.aci.module.aci_ospf_interface_policy.aci_rest_managed.ospfIfPol",
            "module.aci.module.aci_set_rule.aci_rest_managed.rtctrlAttrP",
            "module.aci.module.aci_set_rule.aci_rest_managed.rtctrlRsSetPolicyTagToInstP",
            "module.aci.module.aci_set_rule.aci_rest_managed.rtctrlSetASPath",
            "module.aci.module.aci_set_rule.aci_rest_managed.rtctrlSetASPathASN",
            "module.aci.module.aci_set_rule.aci_rest_managed.rtctrlSetAddComm",
            "module.aci.module.aci_set_rule.aci_rest_managed.rtctrlSetComm",
            "module.aci.module.aci_set_rule.aci_rest_managed.rtctrlSetDamp",
            "module.aci.module.aci_set_rule.aci_rest_managed.rtctrlSetNh",
            "module.aci.module.aci_set_rule.aci_rest_managed.rtctrlSetNhUnchanged",
            "module.aci.module.aci_set_rule.aci_rest_managed.rtctrlSetPolicyTag",
            "module.aci.module.aci_set_rule.aci_rest_managed.rtctrlSetPref",
            "module.aci.module.aci_set_rule.aci_rest_managed.rtctrlSetRedistMultipath",
            "module.aci.module.aci_set_rule.aci_rest_managed.rtctrlSetRtMetric",
            "module.aci.module.aci_set_rule.aci_rest_managed.rtctrlSetRtMetricType",
            "module.aci.module.aci_set_rule.aci_rest_managed.rtctrlSetTag",
            "module.aci.module.aci_set_rule.aci_rest_managed.rtctrlSetWeight",
            "module.aci.module.aci_tenant.aci_rest_managed.aaaDomainRef",
            "module.aci.module.aci_tenant.aci_rest_managed.fvTenant",
            "module.aci.module.aci_vrf.aci_rest_managed.bgpRtTargetP_ipv4",
            "module.aci.module.aci_vrf.aci_rest_managed.bgpRtTargetP_ipv6",
            "module.aci.module.aci_vrf.aci_rest_managed.bgpRtTarget_ipv4_export",
            "module.aci.module.aci_vrf.aci_rest_managed.bgpRtTarget_ipv4_import",
            "module.aci.module.aci_vrf.aci_rest_managed.bgpRtTarget_ipv6_export",
            "module.aci.module.aci_vrf.aci_rest_managed.bgpRtTarget_ipv6_import",
            "module.aci.module.aci_vrf.aci_rest_managed.dnsLbl",
            "module.aci.module.aci_vrf.aci_rest_managed.fvCtx",
            "module.aci.module.aci_vrf.aci_rest_managed.fvRsBgpCtxPol",
            "module.aci.module.aci_vrf.aci_rest_managed.fvRsCtxToBgpCtxAfPol_ipv4",
            "module.aci.module.aci_vrf.aci_rest_managed.fvRsCtxToBgpCtxAfPol_ipv6",
            "module.aci.module.aci_vrf.aci_rest_managed.fvRsCtxToExtRouteTagPol",
            "module.aci.module.aci_vrf.aci_rest_managed.fvRsCtxToOspfCtxPol_ipv4",
            "module.aci.module.aci_vrf.aci_rest_managed.fvRsCtxToOspfCtxPol_ipv6",
            "module.aci.module.aci_vrf.aci_rest_managed.fvRsOspfCtxPol",
            "module.aci.module.aci_vrf.aci_rest_managed.igmpCtxP",
            "module.aci.module.aci_vrf.aci_rest_managed.igmpSSMXlateP",
            "module.aci.module.aci_vrf.aci_rest_managed.leakExternalPrefix",
            "module.aci.module.aci_vrf.aci_rest_managed.leakInternalSubnet",
            "module.aci.module.aci_vrf.aci_rest_managed.leakRoutes",
            "module.aci.module.aci_vrf.aci_rest_managed.leakTo_external",
            "module.aci.module.aci_vrf.aci_rest_managed.leakTo_internal",
            "module.aci.module.aci_vrf.aci_rest_managed.pimASMPatPol",
            "module.aci.module.aci_vrf.aci_rest_managed.pimAutoRPPol",
            "module.aci.module.aci_vrf.aci_rest_managed.pimBSRFilterPol",
            "module.aci.module.aci_vrf.aci_rest_managed.pimBSRPPol",
            "module.aci.module.aci_vrf.aci_rest_managed.pimCtxP",
            "module.aci.module.aci_vrf.aci_rest_managed.pimFabricRPPol",
            "module.aci.module.aci_vrf.aci_rest_managed.pimInterVRFEntryPol",
            "module.aci.module.aci_vrf.aci_rest_managed.pimInterVRFPol",
            "module.aci.module.aci_vrf.aci_rest_managed.pimMAFilterPol",
            "module.aci.module.aci_vrf.aci_rest_managed.pimRPGrpRangePol_fabric_rp",
            "module.aci.module.aci_vrf.aci_rest_managed.pimRPGrpRangePol_static_rp",
            "module.aci.module.aci_vrf.aci_rest_managed.pimRegTrPol",
            "module.aci.module.aci_vrf.aci_rest_managed.pimResPol",
            "module.aci.module.aci_vrf.aci_rest_managed.pimSGRangeExpPol",
            "module.aci.module.aci_vrf.aci_rest_managed.pimSSMPatPol",
            "module.aci.module.aci_vrf.aci_rest_managed.pimSSMRangePol",
            "module.aci.module.aci_vrf.aci_rest_managed.pimSharedRangePol",
            "module.aci.module.aci_vrf.aci_rest_managed.pimStaticRPEntryPol_fabric_rp",
            "module.aci.module.aci_vrf.aci_rest_managed.pimStaticRPEntryPol_static_rp",
            "module.aci.module.aci_vrf.aci_rest_managed.pimStaticRPPol",
            "module.aci.module.aci_vrf.aci_rest_managed.rtdmcRsFilterToRtMapPol_asm_sg_expiry",
            "module.aci.module.aci_vrf.aci_rest_managed.rtdmcRsFilterToRtMapPol_asm_shared",
            "module.aci.module.aci_vrf.aci_rest_managed.rtdmcRsFilterToRtMapPol_auto_rp",
            "module.aci.module.aci_vrf.aci_rest_managed.rtdmcRsFilterToRtMapPol_bsr",
            "module.aci.module.aci_vrf.aci_rest_managed.rtdmcRsFilterToRtMapPol_fabric_rp",
            "module.aci.module.aci_vrf.aci_rest_managed.rtdmcRsFilterToRtMapPol_pim_inter_vrf",
            "module.aci.module.aci_vrf.aci_rest_managed.rtdmcRsFilterToRtMapPol_ssm_range",
            "module.aci.module.aci_vrf.aci_rest_managed.rtdmcRsFilterToRtMapPol_static_rp",
            "module.aci.module.aci_vrf.aci_rest_managed.vzAny",
            "module.aci.module.aci_vrf.aci_rest_managed.vzRsAnyToCons",
            "module.aci.module.aci_vrf.aci_rest_managed.vzRsAnyToConsIf",
            "module.aci.module.aci_vrf.aci_rest_managed.vzRsAnyToProv"
          ]
        }
      ]
    },
    {
      "module": "module.aci.module.aci_bridge_domain[\"demo-05/10.0.92.0_24\"]",
      "mode": "managed",
      "type": "aci_rest_managed",
      "name": "fvRsCtx",
      "provider": "provider[\"registry.terraform.io/ciscodevnet/aci\"]",
      "instances": [
        {
          "schema_version": 0,
          "attributes": {
            "annotation": "orchestrator:terraform",
            "child": [],
            "class_name": "fvRsCtx",
            "content": {
              "tnFvCtxName": "vrf-03"
            },
            "dn": "uni/tn-demo-05/BD-10.0.92.0_24/rsctx",
            "id": "uni/tn-demo-05/BD-10.0.92.0_24/rsctx"
          },
          "sensitive_attributes": [],
          "dependencies": [
            "module.aci.data.utils_yaml_merge.defaults",
            "module.aci.data.utils_yaml_merge.model",
            "module.aci.data.utils_yaml_merge.modules",
            "module.aci.module.aci_bfd_interface_policy.aci_rest_managed.bfdIfPol",
            "module.aci.module.aci_bgp_timer_policy.aci_rest_managed.bgpCtxPol",
            "module.aci.module.aci_bridge_domain.aci_rest_managed.fvBD",
            "module.aci.module.aci_contract.aci_rest_managed.vzBrCP",
            "module.aci.module.aci_contract.aci_rest_managed.vzRsSubjFiltAtt",
            "module.aci.module.aci_contract.aci_rest_managed.vzRsSubjGraphAtt",
            "module.aci.module.aci_contract.aci_rest_managed.vzSubj",
            "module.aci.module.aci_dhcp_option_policy.aci_rest_managed.dhcpOption",
            "module.aci.module.aci_dhcp_option_policy.aci_rest_managed.dhcpOptionPol",
            "module.aci.module.aci_dhcp_relay_policy.aci_rest_managed.dhcpRelayP",
            "module.aci.module.aci_dhcp_relay_policy.aci_rest_managed.dhcpRsProv",
            "module.aci.module.aci_eigrp_interface_policy.aci_rest_managed.eigrpIfPol",
            "module.aci.module.aci_filter.aci_rest_managed.vzEntry",
            "module.aci.module.aci_filter.aci_rest_managed.vzFilter",
            "module.aci.module.aci_imported_contract.aci_rest_managed.vzCPIf",
            "module.aci.module.aci_imported_contract.aci_rest_managed.vzRsIf",
            "module.aci.module.aci_l3out.aci_rest_managed.bgpExtP",
            "module.aci.module.aci_l3out.aci_rest_managed.eigrpExtP",
            "module.aci.module.aci_l3out.aci_rest_managed.l3extConsLbl",
            "module.aci.module.aci_l3out.aci_rest_managed.l3extDefaultRouteLeakP",
            "module.aci.module.aci_l3out.aci_rest_managed.l3extInstP_sr_mpls",
            "module.aci.module.aci_l3out.aci_rest_managed.l3extOut",
            "module.aci.module.aci_l3out.aci_rest_managed.l3extProvLbl",
            "module.aci.module.aci_l3out.aci_rest_managed.l3extRsDampeningPol_ipv4",
            "module.aci.module.aci_l3out.aci_rest_managed.l3extRsDampeningPol_ipv6",
            "module.aci.module.aci_l3out.aci_rest_managed.l3extRsEctx",
            "module.aci.module.aci_l3out.aci_rest_managed.l3extRsInterleakPol",
            "module.aci.module.aci_l3out.aci_rest_managed.l3extRsL3DomAtt",
            "module.aci.module.aci_l3out.aci_rest_managed.l3extRsLblToProfile_export",
            "module.aci.module.aci_l3out.aci_rest_managed.l3extRsLblToProfile_import",
            "module.aci.module.aci_l3out.aci_rest_managed.l3extRsRedistributePol",
            "module.aci.module.aci_l3out.aci_rest_managed.mplsExtP",
            "module.aci.module.aci_l3out.aci_rest_managed.mplsRsLabelPol",
            "module.aci.module.aci_l3out.aci_rest_managed.ospfExtP",
            "module.aci.module.aci_l3out.aci_rest_managed.pimExtP",
            "module.aci.module.aci_l3out.aci_rest_managed.rtctrlCtxP_export",
            "module.aci.module.aci_l3out.aci_rest_managed.rtctrlCtxP_import",
            "module.aci.module.aci_l3out.aci_rest_managed.rtctrlProfile_export",
            "module.aci.module.aci_l3out.aci_rest_managed.rtctrlProfile_import",
            "module.aci.module.aci_l3out.aci_rest_managed.rtctrlRsCtxPToSubjP_export",
            "module.aci.module.aci_l3out.aci_rest_managed.rtctrlRsCtxPToSubjP_import",
            "module.aci.module.aci_l3out.aci_rest_managed.rtctrlRsScopeToAttrP_export",
            "module.aci.module.aci_l3out.aci_rest_managed.rtctrlRsScopeToAttrP_import",
            "module.aci.module.aci_l3out.aci_rest_managed.rtctrlScope_export",
            "module.aci.module.aci_l3out.aci_rest_managed.rtctrlScope_import",
            "module.aci.module.aci_match_rule.aci_rest_managed.rtctrlMatchCommFactor",
            "module.aci.module.aci_match_rule.aci_rest_managed.rtctrlMatchCommRegexTerm",
            "module.aci.module.aci_match_rule.aci_rest_managed.rtctrlMatchCommTerm",
            "module.aci.module.aci_match_rule.aci_rest_managed.rtctrlMatchRtDest",
            "module.aci.module.aci_match_rule.aci_rest_managed.rtctrlSubjP",
            "module.aci.module.aci_ospf_interface_policy.aci_rest_managed.ospfIfPol",
            "module.aci.module.aci_set_rule.aci_rest_managed.rtctrlAttrP",
            "module.aci.module.aci_set_rule.aci_rest_managed.rtctrlRsSetPolicyTagToInstP",
            "module.aci.module.aci_set_rule.aci_rest_managed.rtctrlSetASPath",
            "module.aci.module.aci_set_rule.aci_rest_managed.rtctrlSetASPathASN",
            "module.aci.module.aci_set_rule.aci_rest_managed.rtctrlSetAddComm",
            "module.aci.module.aci_set_rule.aci_rest_managed.rtctrlSetComm",
            "module.aci.module.aci_set_rule.aci_rest_managed.rtctrlSetDamp",
            "module.aci.module.aci_set_rule.aci_rest_managed.rtctrlSetNh",
            "module.aci.module.aci_set_rule.aci_rest_managed.rtctrlSetNhUnchanged",
            "module.aci.module.aci_set_rule.aci_rest_managed.rtctrlSetPolicyTag",
            "module.aci.module.aci_set_rule.aci_rest_managed.rtctrlSetPref",
            "module.aci.module.aci_set_rule.aci_rest_managed.rtctrlSetRedistMultipath",
            "module.aci.module.aci_set_rule.aci_rest_managed.rtctrlSetRtMetric",
            "module.aci.module.aci_set_rule.aci_rest_managed.rtctrlSetRtMetricType",
            "module.aci.module.aci_set_rule.aci_rest_managed.rtctrlSetTag",
            "module.aci.module.aci_set_rule.aci_rest_managed.rtctrlSetWeight",
            "module.aci.module.aci_tenant.aci_rest_managed.aaaDomainRef",
            "module.aci.module.aci_tenant.aci_rest_managed.fvTenant",
            "module.aci.module.aci_vrf.aci_rest_managed.bgpRtTargetP_ipv4",
            "module.aci.module.aci_vrf.aci_rest_managed.bgpRtTargetP_ipv6",
            "module.aci.module.aci_vrf.aci_rest_managed.bgpRtTarget_ipv4_export",
            "module.aci.module.aci_vrf.aci_rest_managed.bgpRtTarget_ipv4_import",
            "module.aci.module.aci_vrf.aci_rest_managed.bgpRtTarget_ipv6_export",
            "module.aci.module.aci_vrf.aci_rest_managed.bgpRtTarget_ipv6_import",
            "module.aci.module.aci_vrf.aci_rest_managed.dnsLbl",
            "module.aci.module.aci_vrf.aci_rest_managed.fvCtx",
            "module.aci.module.aci_vrf.aci_rest_managed.fvRsBgpCtxPol",
            "module.aci.module.aci_vrf.aci_rest_managed.fvRsCtxToBgpCtxAfPol_ipv4",
            "module.aci.module.aci_vrf.aci_rest_managed.fvRsCtxToBgpCtxAfPol_ipv6",
            "module.aci.module.aci_vrf.aci_rest_managed.fvRsCtxToExtRouteTagPol",
            "module.aci.module.aci_vrf.aci_rest_managed.fvRsCtxToOspfCtxPol_ipv4",
            "module.aci.module.aci_vrf.aci_rest_managed.fvRsCtxToOspfCtxPol_ipv6",
            "module.aci.module.aci_vrf.aci_rest_managed.fvRsOspfCtxPol",
            "module.aci.module.aci_vrf.aci_rest_managed.igmpCtxP",
            "module.aci.module.aci_vrf.aci_rest_managed.igmpSSMXlateP",
            "module.aci.module.aci_vrf.aci_rest_managed.leakExternalPrefix",
            "module.aci.module.aci_vrf.aci_rest_managed.leakInternalSubnet",
            "module.aci.module.aci_vrf.aci_rest_managed.leakRoutes",
            "module.aci.module.aci_vrf.aci_rest_managed.leakTo_external",
            "module.aci.module.aci_vrf.aci_rest_managed.leakTo_internal",
            "module.aci.module.aci_vrf.aci_rest_managed.pimASMPatPol",
            "module.aci.module.aci_vrf.aci_rest_managed.pimAutoRPPol",
            "module.aci.module.aci_vrf.aci_rest_managed.pimBSRFilterPol",
            "module.aci.module.aci_vrf.aci_rest_managed.pimBSRPPol",
            "module.aci.module.aci_vrf.aci_rest_managed.pimCtxP",
            "module.aci.module.aci_vrf.aci_rest_managed.pimFabricRPPol",
            "module.aci.module.aci_vrf.aci_rest_managed.pimInterVRFEntryPol",
            "module.aci.module.aci_vrf.aci_rest_managed.pimInterVRFPol",
            "module.aci.module.aci_vrf.aci_rest_managed.pimMAFilterPol",
            "module.aci.module.aci_vrf.aci_rest_managed.pimRPGrpRangePol_fabric_rp",
            "module.aci.module.aci_vrf.aci_rest_managed.pimRPGrpRangePol_static_rp",
            "module.aci.module.aci_vrf.aci_rest_managed.pimRegTrPol",
            "module.aci.module.aci_vrf.aci_rest_managed.pimResPol",
            "module.aci.module.aci_vrf.aci_rest_managed.pimSGRangeExpPol",
            "module.aci.module.aci_vrf.aci_rest_managed.pimSSMPatPol",
            "module.aci.module.aci_vrf.aci_rest_managed.pimSSMRangePol",
            "module.aci.module.aci_vrf.aci_rest_managed.pimSharedRangePol",
            "module.aci.module.aci_vrf.aci_rest_managed.pimStaticRPEntryPol_fabric_rp",
            "module.aci.module.aci_vrf.aci_rest_managed.pimStaticRPEntryPol_static_rp",
            "module.aci.module.aci_vrf.aci_rest_managed.pimStaticRPPol",
            "module.aci.module.aci_vrf.aci_rest_managed.rtdmcRsFilterToRtMapPol_asm_sg_expiry",
            "module.aci.module.aci_vrf.aci_rest_managed.rtdmcRsFilterToRtMapPol_asm_shared",
            "module.aci.module.aci_vrf.aci_rest_managed.rtdmcRsFilterToRtMapPol_auto_rp",
            "module.aci.module.aci_vrf.aci_rest_managed.rtdmcRsFilterToRtMapPol_bsr",
            "module.aci.module.aci_vrf.aci_rest_managed.rtdmcRsFilterToRtMapPol_fabric_rp",
            "module.aci.module.aci_vrf.aci_rest_managed.rtdmcRsFilterToRtMapPol_pim_inter_vrf",
            "module.aci.module.aci_vrf.aci_rest_managed.rtdmcRsFilterToRtMapPol_ssm_range",
            "module.aci.module.aci_vrf.aci_rest_managed.rtdmcRsFilterToRtMapPol_static_rp",
            "module.aci.module.aci_vrf.aci_rest_managed.vzAny",
            "module.aci.module.aci_vrf.aci_rest_managed.vzRsAnyToCons",
            "module.aci.module.aci_vrf.aci_rest_managed.vzRsAnyToConsIf",
            "module.aci.module.aci_vrf.aci_rest_managed.vzRsAnyToProv"
          ]
        }
      ]
    },
    {
      "module": "module.aci.module.aci_bridge_domain[\"demo-05/10.0.92.0_24\"]",
      "mode": "managed",
      "type": "aci_rest_managed",
      "name": "fvSubnet",
      "provider": "provider[\"registry.terraform.io/ciscodevnet/aci\"]",
      "instances": [
        {
          "index_key": "10.0.92.1/24",
          "schema_version": 0,
          "attributes": {
            "annotation": "orchestrator:terraform",
            "child": [],
            "class_name": "fvSubnet",
            "content": {
              "ctrl": "",
              "descr": "",
              "ip": "10.0.92.1/24",
              "preferred": "no",
              "scope": "public,shared",
              "virtual": "no"
            },
            "dn": "uni/tn-demo-05/BD-10.0.92.0_24/subnet-[10.0.92.1/24]",
            "id": "uni/tn-demo-05/BD-10.0.92.0_24/subnet-[10.0.92.1/24]"
          },
          "sensitive_attributes": [],
          "dependencies": [
            "module.aci.data.utils_yaml_merge.defaults",
            "module.aci.data.utils_yaml_merge.model",
            "module.aci.data.utils_yaml_merge.modules",
            "module.aci.module.aci_bfd_interface_policy.aci_rest_managed.bfdIfPol",
            "module.aci.module.aci_bgp_timer_policy.aci_rest_managed.bgpCtxPol",
            "module.aci.module.aci_bridge_domain.aci_rest_managed.fvBD",
            "module.aci.module.aci_bridge_domain.aci_rest_managed.fvRsCtx",
            "module.aci.module.aci_contract.aci_rest_managed.vzBrCP",
            "module.aci.module.aci_contract.aci_rest_managed.vzRsSubjFiltAtt",
            "module.aci.module.aci_contract.aci_rest_managed.vzRsSubjGraphAtt",
            "module.aci.module.aci_contract.aci_rest_managed.vzSubj",
            "module.aci.module.aci_dhcp_option_policy.aci_rest_managed.dhcpOption",
            "module.aci.module.aci_dhcp_option_policy.aci_rest_managed.dhcpOptionPol",
            "module.aci.module.aci_dhcp_relay_policy.aci_rest_managed.dhcpRelayP",
            "module.aci.module.aci_dhcp_relay_policy.aci_rest_managed.dhcpRsProv",
            "module.aci.module.aci_eigrp_interface_policy.aci_rest_managed.eigrpIfPol",
            "module.aci.module.aci_filter.aci_rest_managed.vzEntry",
            "module.aci.module.aci_filter.aci_rest_managed.vzFilter",
            "module.aci.module.aci_imported_contract.aci_rest_managed.vzCPIf",
            "module.aci.module.aci_imported_contract.aci_rest_managed.vzRsIf",
            "module.aci.module.aci_l3out.aci_rest_managed.bgpExtP",
            "module.aci.module.aci_l3out.aci_rest_managed.eigrpExtP",
            "module.aci.module.aci_l3out.aci_rest_managed.l3extConsLbl",
            "module.aci.module.aci_l3out.aci_rest_managed.l3extDefaultRouteLeakP",
            "module.aci.module.aci_l3out.aci_rest_managed.l3extInstP_sr_mpls",
            "module.aci.module.aci_l3out.aci_rest_managed.l3extOut",
            "module.aci.module.aci_l3out.aci_rest_managed.l3extProvLbl",
            "module.aci.module.aci_l3out.aci_rest_managed.l3extRsDampeningPol_ipv4",
            "module.aci.module.aci_l3out.aci_rest_managed.l3extRsDampeningPol_ipv6",
            "module.aci.module.aci_l3out.aci_rest_managed.l3extRsEctx",
            "module.aci.module.aci_l3out.aci_rest_managed.l3extRsInterleakPol",
            "module.aci.module.aci_l3out.aci_rest_managed.l3extRsL3DomAtt",
            "module.aci.module.aci_l3out.aci_rest_managed.l3extRsLblToProfile_export",
            "module.aci.module.aci_l3out.aci_rest_managed.l3extRsLblToProfile_import",
            "module.aci.module.aci_l3out.aci_rest_managed.l3extRsRedistributePol",
            "module.aci.module.aci_l3out.aci_rest_managed.mplsExtP",
            "module.aci.module.aci_l3out.aci_rest_managed.mplsRsLabelPol",
            "module.aci.module.aci_l3out.aci_rest_managed.ospfExtP",
            "module.aci.module.aci_l3out.aci_rest_managed.pimExtP",
            "module.aci.module.aci_l3out.aci_rest_managed.rtctrlCtxP_export",
            "module.aci.module.aci_l3out.aci_rest_managed.rtctrlCtxP_import",
            "module.aci.module.aci_l3out.aci_rest_managed.rtctrlProfile_export",
            "module.aci.module.aci_l3out.aci_rest_managed.rtctrlProfile_import",
            "module.aci.module.aci_l3out.aci_rest_managed.rtctrlRsCtxPToSubjP_export",
            "module.aci.module.aci_l3out.aci_rest_managed.rtctrlRsCtxPToSubjP_import",
            "module.aci.module.aci_l3out.aci_rest_managed.rtctrlRsScopeToAttrP_export",
            "module.aci.module.aci_l3out.aci_rest_managed.rtctrlRsScopeToAttrP_import",
            "module.aci.module.aci_l3out.aci_rest_managed.rtctrlScope_export",
            "module.aci.module.aci_l3out.aci_rest_managed.rtctrlScope_import",
            "module.aci.module.aci_match_rule.aci_rest_managed.rtctrlMatchCommFactor",
            "module.aci.module.aci_match_rule.aci_rest_managed.rtctrlMatchCommRegexTerm",
            "module.aci.module.aci_match_rule.aci_rest_managed.rtctrlMatchCommTerm",
            "module.aci.module.aci_match_rule.aci_rest_managed.rtctrlMatchRtDest",
            "module.aci.module.aci_match_rule.aci_rest_managed.rtctrlSubjP",
            "module.aci.module.aci_ospf_interface_policy.aci_rest_managed.ospfIfPol",
            "module.aci.module.aci_set_rule.aci_rest_managed.rtctrlAttrP",
            "module.aci.module.aci_set_rule.aci_rest_managed.rtctrlRsSetPolicyTagToInstP",
            "module.aci.module.aci_set_rule.aci_rest_managed.rtctrlSetASPath",
            "module.aci.module.aci_set_rule.aci_rest_managed.rtctrlSetASPathASN",
            "module.aci.module.aci_set_rule.aci_rest_managed.rtctrlSetAddComm",
            "module.aci.module.aci_set_rule.aci_rest_managed.rtctrlSetComm",
            "module.aci.module.aci_set_rule.aci_rest_managed.rtctrlSetDamp",
            "module.aci.module.aci_set_rule.aci_rest_managed.rtctrlSetNh",
            "module.aci.module.aci_set_rule.aci_rest_managed.rtctrlSetNhUnchanged",
            "module.aci.module.aci_set_rule.aci_rest_managed.rtctrlSetPolicyTag",
            "module.aci.module.aci_set_rule.aci_rest_managed.rtctrlSetPref",
            "module.aci.module.aci_set_rule.aci_rest_managed.rtctrlSetRedistMultipath",
            "module.aci.module.aci_set_rule.aci_rest_managed.rtctrlSetRtMetric",
            "module.aci.module.aci_set_rule.aci_rest_managed.rtctrlSetRtMetricType",
            "module.aci.module.aci_set_rule.aci_rest_managed.rtctrlSetTag",
            "module.aci.module.aci_set_rule.aci_rest_managed.rtctrlSetWeight",
            "module.aci.module.aci_tenant.aci_rest_managed.aaaDomainRef",
            "module.aci.module.aci_tenant.aci_rest_managed.fvTenant",
            "module.aci.module.aci_vrf.aci_rest_managed.bgpRtTargetP_ipv4",
            "module.aci.module.aci_vrf.aci_rest_managed.bgpRtTargetP_ipv6",
            "module.aci.module.aci_vrf.aci_rest_managed.bgpRtTarget_ipv4_export",
            "module.aci.module.aci_vrf.aci_rest_managed.bgpRtTarget_ipv4_import",
            "module.aci.module.aci_vrf.aci_rest_managed.bgpRtTarget_ipv6_export",
            "module.aci.module.aci_vrf.aci_rest_managed.bgpRtTarget_ipv6_import",
            "module.aci.module.aci_vrf.aci_rest_managed.dnsLbl",
            "module.aci.module.aci_vrf.aci_rest_managed.fvCtx",
            "module.aci.module.aci_vrf.aci_rest_managed.fvRsBgpCtxPol",
            "module.aci.module.aci_vrf.aci_rest_managed.fvRsCtxToBgpCtxAfPol_ipv4",
            "module.aci.module.aci_vrf.aci_rest_managed.fvRsCtxToBgpCtxAfPol_ipv6",
            "module.aci.module.aci_vrf.aci_rest_managed.fvRsCtxToExtRouteTagPol",
            "module.aci.module.aci_vrf.aci_rest_managed.fvRsCtxToOspfCtxPol_ipv4",
            "module.aci.module.aci_vrf.aci_rest_managed.fvRsCtxToOspfCtxPol_ipv6",
            "module.aci.module.aci_vrf.aci_rest_managed.fvRsOspfCtxPol",
            "module.aci.module.aci_vrf.aci_rest_managed.igmpCtxP",
            "module.aci.module.aci_vrf.aci_rest_managed.igmpSSMXlateP",
            "module.aci.module.aci_vrf.aci_rest_managed.leakExternalPrefix",
            "module.aci.module.aci_vrf.aci_rest_managed.leakInternalSubnet",
            "module.aci.module.aci_vrf.aci_rest_managed.leakRoutes",
            "module.aci.module.aci_vrf.aci_rest_managed.leakTo_external",
            "module.aci.module.aci_vrf.aci_rest_managed.leakTo_internal",
            "module.aci.module.aci_vrf.aci_rest_managed.pimASMPatPol",
            "module.aci.module.aci_vrf.aci_rest_managed.pimAutoRPPol",
            "module.aci.module.aci_vrf.aci_rest_managed.pimBSRFilterPol",
            "module.aci.module.aci_vrf.aci_rest_managed.pimBSRPPol",
            "module.aci.module.aci_vrf.aci_rest_managed.pimCtxP",
            "module.aci.module.aci_vrf.aci_rest_managed.pimFabricRPPol",
            "module.aci.module.aci_vrf.aci_rest_managed.pimInterVRFEntryPol",
            "module.aci.module.aci_vrf.aci_rest_managed.pimInterVRFPol",
            "module.aci.module.aci_vrf.aci_rest_managed.pimMAFilterPol",
            "module.aci.module.aci_vrf.aci_rest_managed.pimRPGrpRangePol_fabric_rp",
            "module.aci.module.aci_vrf.aci_rest_managed.pimRPGrpRangePol_static_rp",
            "module.aci.module.aci_vrf.aci_rest_managed.pimRegTrPol",
            "module.aci.module.aci_vrf.aci_rest_managed.pimResPol",
            "module.aci.module.aci_vrf.aci_rest_managed.pimSGRangeExpPol",
            "module.aci.module.aci_vrf.aci_rest_managed.pimSSMPatPol",
            "module.aci.module.aci_vrf.aci_rest_managed.pimSSMRangePol",
            "module.aci.module.aci_vrf.aci_rest_managed.pimSharedRangePol",
            "module.aci.module.aci_vrf.aci_rest_managed.pimStaticRPEntryPol_fabric_rp",
            "module.aci.module.aci_vrf.aci_rest_managed.pimStaticRPEntryPol_static_rp",
            "module.aci.module.aci_vrf.aci_rest_managed.pimStaticRPPol",
            "module.aci.module.aci_vrf.aci_rest_managed.rtdmcRsFilterToRtMapPol_asm_sg_expiry",
            "module.aci.module.aci_vrf.aci_rest_managed.rtdmcRsFilterToRtMapPol_asm_shared",
            "module.aci.module.aci_vrf.aci_rest_managed.rtdmcRsFilterToRtMapPol_auto_rp",
            "module.aci.module.aci_vrf.aci_rest_managed.rtdmcRsFilterToRtMapPol_bsr",
            "module.aci.module.aci_vrf.aci_rest_managed.rtdmcRsFilterToRtMapPol_fabric_rp",
            "module.aci.module.aci_vrf.aci_rest_managed.rtdmcRsFilterToRtMapPol_pim_inter_vrf",
            "module.aci.module.aci_vrf.aci_rest_managed.rtdmcRsFilterToRtMapPol_ssm_range",
            "module.aci.module.aci_vrf.aci_rest_managed.rtdmcRsFilterToRtMapPol_static_rp",
            "module.aci.module.aci_vrf.aci_rest_managed.vzAny",
            "module.aci.module.aci_vrf.aci_rest_managed.vzRsAnyToCons",
            "module.aci.module.aci_vrf.aci_rest_managed.vzRsAnyToConsIf",
            "module.aci.module.aci_vrf.aci_rest_managed.vzRsAnyToProv"
          ]
        }
      ]
    },
    {
      "module": "module.aci.module.aci_contract[\"demo-05/intra-tenant\"]",
      "mode": "managed",
      "type": "aci_rest_managed",
      "name": "vzBrCP",
      "provider": "provider[\"registry.terraform.io/ciscodevnet/aci\"]",
      "instances": [
        {
          "schema_version": 0,
          "attributes": {
            "annotation": "orchestrator:terraform",
            "child": [],
            "class_name": "vzBrCP",
            "content": {
              "descr": "",
              "name": "intra-tenant",
              "nameAlias": "",
              "prio": "unspecified",
              "scope": "context",
              "targetDscp": "unspecified"
            },
            "dn": "uni/tn-demo-05/brc-intra-tenant",
            "id": "uni/tn-demo-05/brc-intra-tenant"
          },
          "sensitive_attributes": [],
          "dependencies": [
            "module.aci.data.utils_yaml_merge.defaults",
            "module.aci.data.utils_yaml_merge.model",
            "module.aci.data.utils_yaml_merge.modules",
            "module.aci.module.aci_filter.aci_rest_managed.vzEntry",
            "module.aci.module.aci_filter.aci_rest_managed.vzFilter",
            "module.aci.module.aci_tenant.aci_rest_managed.aaaDomainRef",
            "module.aci.module.aci_tenant.aci_rest_managed.fvTenant"
          ]
        }
      ]
    },
    {
      "module": "module.aci.module.aci_contract[\"demo-05/intra-tenant\"]",
      "mode": "managed",
      "type": "aci_rest_managed",
      "name": "vzRsSubjFiltAtt",
      "provider": "provider[\"registry.terraform.io/ciscodevnet/aci\"]",
      "instances": [
        {
          "index_key": "permit-src-any-dst-any-permit-src-any-dst-any",
          "schema_version": 0,
          "attributes": {
            "annotation": "orchestrator:terraform",
            "child": [],
            "class_name": "vzRsSubjFiltAtt",
            "content": {
              "action": "permit",
              "directives": "",
              "priorityOverride": "default",
              "tnVzFilterName": "permit-src-any-dst-any"
            },
            "dn": "uni/tn-demo-05/brc-intra-tenant/subj-permit-src-any-dst-any/rssubjFiltAtt-permit-src-any-dst-any",
            "id": "uni/tn-demo-05/brc-intra-tenant/subj-permit-src-any-dst-any/rssubjFiltAtt-permit-src-any-dst-any"
          },
          "sensitive_attributes": [],
          "dependencies": [
            "module.aci.data.utils_yaml_merge.defaults",
            "module.aci.data.utils_yaml_merge.model",
            "module.aci.data.utils_yaml_merge.modules",
            "module.aci.module.aci_contract.aci_rest_managed.vzBrCP",
            "module.aci.module.aci_contract.aci_rest_managed.vzSubj",
            "module.aci.module.aci_filter.aci_rest_managed.vzEntry",
            "module.aci.module.aci_filter.aci_rest_managed.vzFilter",
            "module.aci.module.aci_tenant.aci_rest_managed.aaaDomainRef",
            "module.aci.module.aci_tenant.aci_rest_managed.fvTenant"
          ]
        }
      ]
    },
    {
      "module": "module.aci.module.aci_contract[\"demo-05/intra-tenant\"]",
      "mode": "managed",
      "type": "aci_rest_managed",
      "name": "vzSubj",
      "provider": "provider[\"registry.terraform.io/ciscodevnet/aci\"]",
      "instances": [
        {
          "index_key": "permit-src-any-dst-any",
          "schema_version": 0,
          "attributes": {
            "annotation": "orchestrator:terraform",
            "child": [],
            "class_name": "vzSubj",
            "content": {
              "descr": "",
              "name": "permit-src-any-dst-any",
              "nameAlias": "",
              "prio": "unspecified",
              "revFltPorts": "yes",
              "targetDscp": "unspecified"
            },
            "dn": "uni/tn-demo-05/brc-intra-tenant/subj-permit-src-any-dst-any",
            "id": "uni/tn-demo-05/brc-intra-tenant/subj-permit-src-any-dst-any"
          },
          "sensitive_attributes": [],
          "dependencies": [
            "module.aci.data.utils_yaml_merge.defaults",
            "module.aci.data.utils_yaml_merge.model",
            "module.aci.data.utils_yaml_merge.modules",
            "module.aci.module.aci_contract.aci_rest_managed.vzBrCP",
            "module.aci.module.aci_filter.aci_rest_managed.vzEntry",
            "module.aci.module.aci_filter.aci_rest_managed.vzFilter",
            "module.aci.module.aci_tenant.aci_rest_managed.aaaDomainRef",
            "module.aci.module.aci_tenant.aci_rest_managed.fvTenant"
          ]
        }
      ]
    },
    {
      "module": "module.aci.module.aci_contract[\"demo-05/permit-from-all-external-subnets-to-epg-10.0.91.0_24-epg-01\"]",
      "mode": "managed",
      "type": "aci_rest_managed",
      "name": "vzBrCP",
      "provider": "provider[\"registry.terraform.io/ciscodevnet/aci\"]",
      "instances": [
        {
          "schema_version": 0,
          "attributes": {
            "annotation": "orchestrator:terraform",
            "child": [],
            "class_name": "vzBrCP",
            "content": {
              "descr": "",
              "name": "permit-from-all-external-subnets-to-epg-10.0.91.0_24-epg-01",
              "nameAlias": "",
              "prio": "unspecified",
              "scope": "tenant",
              "targetDscp": "unspecified"
            },
            "dn": "uni/tn-demo-05/brc-permit-from-all-external-subnets-to-epg-10.0.91.0_24-epg-01",
            "id": "uni/tn-demo-05/brc-permit-from-all-external-subnets-to-epg-10.0.91.0_24-epg-01"
          },
          "sensitive_attributes": [],
          "dependencies": [
            "module.aci.data.utils_yaml_merge.defaults",
            "module.aci.data.utils_yaml_merge.model",
            "module.aci.data.utils_yaml_merge.modules",
            "module.aci.module.aci_filter.aci_rest_managed.vzEntry",
            "module.aci.module.aci_filter.aci_rest_managed.vzFilter",
            "module.aci.module.aci_tenant.aci_rest_managed.aaaDomainRef",
            "module.aci.module.aci_tenant.aci_rest_managed.fvTenant"
          ]
        }
      ]
    },
    {
      "module": "module.aci.module.aci_contract[\"demo-05/permit-from-all-external-subnets-to-epg-10.0.91.0_24-epg-02\"]",
      "mode": "managed",
      "type": "aci_rest_managed",
      "name": "vzBrCP",
      "provider": "provider[\"registry.terraform.io/ciscodevnet/aci\"]",
      "instances": [
        {
          "schema_version": 0,
          "attributes": {
            "annotation": "orchestrator:terraform",
            "child": [],
            "class_name": "vzBrCP",
            "content": {
              "descr": "",
              "name": "permit-from-all-external-subnets-to-epg-10.0.91.0_24-epg-02",
              "nameAlias": "",
              "prio": "unspecified",
              "scope": "tenant",
              "targetDscp": "unspecified"
            },
            "dn": "uni/tn-demo-05/brc-permit-from-all-external-subnets-to-epg-10.0.91.0_24-epg-02",
            "id": "uni/tn-demo-05/brc-permit-from-all-external-subnets-to-epg-10.0.91.0_24-epg-02"
          },
          "sensitive_attributes": [],
          "dependencies": [
            "module.aci.data.utils_yaml_merge.defaults",
            "module.aci.data.utils_yaml_merge.model",
            "module.aci.data.utils_yaml_merge.modules",
            "module.aci.module.aci_filter.aci_rest_managed.vzEntry",
            "module.aci.module.aci_filter.aci_rest_managed.vzFilter",
            "module.aci.module.aci_tenant.aci_rest_managed.aaaDomainRef",
            "module.aci.module.aci_tenant.aci_rest_managed.fvTenant"
          ]
        }
      ]
    },
    {
      "module": "module.aci.module.aci_contract[\"demo-05/permit-from-all-external-subnets-to-epg-10.0.92.0_24-epg-01\"]",
      "mode": "managed",
      "type": "aci_rest_managed",
      "name": "vzBrCP",
      "provider": "provider[\"registry.terraform.io/ciscodevnet/aci\"]",
      "instances": [
        {
          "schema_version": 0,
          "attributes": {
            "annotation": "orchestrator:terraform",
            "child": [],
            "class_name": "vzBrCP",
            "content": {
              "descr": "",
              "name": "permit-from-all-external-subnets-to-epg-10.0.92.0_24-epg-01",
              "nameAlias": "",
              "prio": "unspecified",
              "scope": "tenant",
              "targetDscp": "unspecified"
            },
            "dn": "uni/tn-demo-05/brc-permit-from-all-external-subnets-to-epg-10.0.92.0_24-epg-01",
            "id": "uni/tn-demo-05/brc-permit-from-all-external-subnets-to-epg-10.0.92.0_24-epg-01"
          },
          "sensitive_attributes": [],
          "dependencies": [
            "module.aci.data.utils_yaml_merge.defaults",
            "module.aci.data.utils_yaml_merge.model",
            "module.aci.data.utils_yaml_merge.modules",
            "module.aci.module.aci_filter.aci_rest_managed.vzEntry",
            "module.aci.module.aci_filter.aci_rest_managed.vzFilter",
            "module.aci.module.aci_tenant.aci_rest_managed.aaaDomainRef",
            "module.aci.module.aci_tenant.aci_rest_managed.fvTenant"
          ]
        }
      ]
    },
    {
      "module": "module.aci.module.aci_contract[\"demo-05/permit-from-epg-10.0.91.0_24-epg-01-to-all-external-subnets\"]",
      "mode": "managed",
      "type": "aci_rest_managed",
      "name": "vzBrCP",
      "provider": "provider[\"registry.terraform.io/ciscodevnet/aci\"]",
      "instances": [
        {
          "schema_version": 0,
          "attributes": {
            "annotation": "orchestrator:terraform",
            "child": [],
            "class_name": "vzBrCP",
            "content": {
              "descr": "",
              "name": "permit-from-epg-10.0.91.0_24-epg-01-to-all-external-subnets",
              "nameAlias": "",
              "prio": "unspecified",
              "scope": "tenant",
              "targetDscp": "unspecified"
            },
            "dn": "uni/tn-demo-05/brc-permit-from-epg-10.0.91.0_24-epg-01-to-all-external-subnets",
            "id": "uni/tn-demo-05/brc-permit-from-epg-10.0.91.0_24-epg-01-to-all-external-subnets"
          },
          "sensitive_attributes": [],
          "dependencies": [
            "module.aci.data.utils_yaml_merge.defaults",
            "module.aci.data.utils_yaml_merge.model",
            "module.aci.data.utils_yaml_merge.modules",
            "module.aci.module.aci_filter.aci_rest_managed.vzEntry",
            "module.aci.module.aci_filter.aci_rest_managed.vzFilter",
            "module.aci.module.aci_tenant.aci_rest_managed.aaaDomainRef",
            "module.aci.module.aci_tenant.aci_rest_managed.fvTenant"
          ]
        }
      ]
    },
    {
      "module": "module.aci.module.aci_contract[\"demo-05/permit-from-epg-10.0.91.0_24-epg-02-to-all-external-subnets\"]",
      "mode": "managed",
      "type": "aci_rest_managed",
      "name": "vzBrCP",
      "provider": "provider[\"registry.terraform.io/ciscodevnet/aci\"]",
      "instances": [
        {
          "schema_version": 0,
          "attributes": {
            "annotation": "orchestrator:terraform",
            "child": [],
            "class_name": "vzBrCP",
            "content": {
              "descr": "",
              "name": "permit-from-epg-10.0.91.0_24-epg-02-to-all-external-subnets",
              "nameAlias": "",
              "prio": "unspecified",
              "scope": "tenant",
              "targetDscp": "unspecified"
            },
            "dn": "uni/tn-demo-05/brc-permit-from-epg-10.0.91.0_24-epg-02-to-all-external-subnets",
            "id": "uni/tn-demo-05/brc-permit-from-epg-10.0.91.0_24-epg-02-to-all-external-subnets"
          },
          "sensitive_attributes": [],
          "dependencies": [
            "module.aci.data.utils_yaml_merge.defaults",
            "module.aci.data.utils_yaml_merge.model",
            "module.aci.data.utils_yaml_merge.modules",
            "module.aci.module.aci_filter.aci_rest_managed.vzEntry",
            "module.aci.module.aci_filter.aci_rest_managed.vzFilter",
            "module.aci.module.aci_tenant.aci_rest_managed.aaaDomainRef",
            "module.aci.module.aci_tenant.aci_rest_managed.fvTenant"
          ]
        }
      ]
    },
    {
      "module": "module.aci.module.aci_contract[\"demo-05/permit-from-epg-10.0.92.0_24-epg-01-to-all-external-subnets\"]",
      "mode": "managed",
      "type": "aci_rest_managed",
      "name": "vzBrCP",
      "provider": "provider[\"registry.terraform.io/ciscodevnet/aci\"]",
      "instances": [
        {
          "schema_version": 0,
          "attributes": {
            "annotation": "orchestrator:terraform",
            "child": [],
            "class_name": "vzBrCP",
            "content": {
              "descr": "",
              "name": "permit-from-epg-10.0.92.0_24-epg-01-to-all-external-subnets",
              "nameAlias": "",
              "prio": "unspecified",
              "scope": "tenant",
              "targetDscp": "unspecified"
            },
            "dn": "uni/tn-demo-05/brc-permit-from-epg-10.0.92.0_24-epg-01-to-all-external-subnets",
            "id": "uni/tn-demo-05/brc-permit-from-epg-10.0.92.0_24-epg-01-to-all-external-subnets"
          },
          "sensitive_attributes": [],
          "dependencies": [
            "module.aci.data.utils_yaml_merge.defaults",
            "module.aci.data.utils_yaml_merge.model",
            "module.aci.data.utils_yaml_merge.modules",
            "module.aci.module.aci_filter.aci_rest_managed.vzEntry",
            "module.aci.module.aci_filter.aci_rest_managed.vzFilter",
            "module.aci.module.aci_tenant.aci_rest_managed.aaaDomainRef",
            "module.aci.module.aci_tenant.aci_rest_managed.fvTenant"
          ]
        }
      ]
    },
    {
      "module": "module.aci.module.aci_contract[\"demo-05/permit-from-epg-10.0.92.0_24-epg-02-to-all-external-subnets\"]",
      "mode": "managed",
      "type": "aci_rest_managed",
      "name": "vzBrCP",
      "provider": "provider[\"registry.terraform.io/ciscodevnet/aci\"]",
      "instances": [
        {
          "schema_version": 0,
          "attributes": {
            "annotation": "orchestrator:terraform",
            "child": [],
            "class_name": "vzBrCP",
            "content": {
              "descr": "",
              "name": "permit-from-epg-10.0.92.0_24-epg-02-to-all-external-subnets",
              "nameAlias": "",
              "prio": "unspecified",
              "scope": "tenant",
              "targetDscp": "unspecified"
            },
            "dn": "uni/tn-demo-05/brc-permit-from-epg-10.0.92.0_24-epg-02-to-all-external-subnets",
            "id": "uni/tn-demo-05/brc-permit-from-epg-10.0.92.0_24-epg-02-to-all-external-subnets"
          },
          "sensitive_attributes": [],
          "dependencies": [
            "module.aci.data.utils_yaml_merge.defaults",
            "module.aci.data.utils_yaml_merge.model",
            "module.aci.data.utils_yaml_merge.modules",
            "module.aci.module.aci_filter.aci_rest_managed.vzEntry",
            "module.aci.module.aci_filter.aci_rest_managed.vzFilter",
            "module.aci.module.aci_tenant.aci_rest_managed.aaaDomainRef",
            "module.aci.module.aci_tenant.aci_rest_managed.fvTenant"
          ]
        }
      ]
    },
    {
      "module": "module.aci.module.aci_contract[\"demo-05/permit-to-epg-10.0.91.0_24-epg-01\"]",
      "mode": "managed",
      "type": "aci_rest_managed",
      "name": "vzBrCP",
      "provider": "provider[\"registry.terraform.io/ciscodevnet/aci\"]",
      "instances": [
        {
          "schema_version": 0,
          "attributes": {
            "annotation": "orchestrator:terraform",
            "child": [],
            "class_name": "vzBrCP",
            "content": {
              "descr": "",
              "name": "permit-to-epg-10.0.91.0_24-epg-01",
              "nameAlias": "",
              "prio": "unspecified",
              "scope": "tenant",
              "targetDscp": "unspecified"
            },
            "dn": "uni/tn-demo-05/brc-permit-to-epg-10.0.91.0_24-epg-01",
            "id": "uni/tn-demo-05/brc-permit-to-epg-10.0.91.0_24-epg-01"
          },
          "sensitive_attributes": [],
          "dependencies": [
            "module.aci.data.utils_yaml_merge.defaults",
            "module.aci.data.utils_yaml_merge.model",
            "module.aci.data.utils_yaml_merge.modules",
            "module.aci.module.aci_filter.aci_rest_managed.vzEntry",
            "module.aci.module.aci_filter.aci_rest_managed.vzFilter",
            "module.aci.module.aci_tenant.aci_rest_managed.aaaDomainRef",
            "module.aci.module.aci_tenant.aci_rest_managed.fvTenant"
          ]
        }
      ]
    },
    {
      "module": "module.aci.module.aci_contract[\"demo-05/permit-to-epg-10.0.91.0_24-epg-01\"]",
      "mode": "managed",
      "type": "aci_rest_managed",
      "name": "vzRsSubjFiltAtt",
      "provider": "provider[\"registry.terraform.io/ciscodevnet/aci\"]",
      "instances": [
        {
          "index_key": "permit-src-any-dst-any-permit-src-any-dst-any",
          "schema_version": 0,
          "attributes": {
            "annotation": "orchestrator:terraform",
            "child": [],
            "class_name": "vzRsSubjFiltAtt",
            "content": {
              "action": "permit",
              "directives": "",
              "priorityOverride": "default",
              "tnVzFilterName": "permit-src-any-dst-any"
            },
            "dn": "uni/tn-demo-05/brc-permit-to-epg-10.0.91.0_24-epg-01/subj-permit-src-any-dst-any/rssubjFiltAtt-permit-src-any-dst-any",
            "id": "uni/tn-demo-05/brc-permit-to-epg-10.0.91.0_24-epg-01/subj-permit-src-any-dst-any/rssubjFiltAtt-permit-src-any-dst-any"
          },
          "sensitive_attributes": [],
          "dependencies": [
            "module.aci.data.utils_yaml_merge.defaults",
            "module.aci.data.utils_yaml_merge.model",
            "module.aci.data.utils_yaml_merge.modules",
            "module.aci.module.aci_contract.aci_rest_managed.vzBrCP",
            "module.aci.module.aci_contract.aci_rest_managed.vzSubj",
            "module.aci.module.aci_filter.aci_rest_managed.vzEntry",
            "module.aci.module.aci_filter.aci_rest_managed.vzFilter",
            "module.aci.module.aci_tenant.aci_rest_managed.aaaDomainRef",
            "module.aci.module.aci_tenant.aci_rest_managed.fvTenant"
          ]
        }
      ]
    },
    {
      "module": "module.aci.module.aci_contract[\"demo-05/permit-to-epg-10.0.91.0_24-epg-01\"]",
      "mode": "managed",
      "type": "aci_rest_managed",
      "name": "vzSubj",
      "provider": "provider[\"registry.terraform.io/ciscodevnet/aci\"]",
      "instances": [
        {
          "index_key": "permit-src-any-dst-any",
          "schema_version": 0,
          "attributes": {
            "annotation": "orchestrator:terraform",
            "child": [],
            "class_name": "vzSubj",
            "content": {
              "descr": "",
              "name": "permit-src-any-dst-any",
              "nameAlias": "",
              "prio": "unspecified",
              "revFltPorts": "yes",
              "targetDscp": "unspecified"
            },
            "dn": "uni/tn-demo-05/brc-permit-to-epg-10.0.91.0_24-epg-01/subj-permit-src-any-dst-any",
            "id": "uni/tn-demo-05/brc-permit-to-epg-10.0.91.0_24-epg-01/subj-permit-src-any-dst-any"
          },
          "sensitive_attributes": [],
          "dependencies": [
            "module.aci.data.utils_yaml_merge.defaults",
            "module.aci.data.utils_yaml_merge.model",
            "module.aci.data.utils_yaml_merge.modules",
            "module.aci.module.aci_contract.aci_rest_managed.vzBrCP",
            "module.aci.module.aci_filter.aci_rest_managed.vzEntry",
            "module.aci.module.aci_filter.aci_rest_managed.vzFilter",
            "module.aci.module.aci_tenant.aci_rest_managed.aaaDomainRef",
            "module.aci.module.aci_tenant.aci_rest_managed.fvTenant"
          ]
        }
      ]
    },
    {
      "module": "module.aci.module.aci_contract[\"demo-05/permit-to-epg-10.0.91.0_24-epg-02\"]",
      "mode": "managed",
      "type": "aci_rest_managed",
      "name": "vzBrCP",
      "provider": "provider[\"registry.terraform.io/ciscodevnet/aci\"]",
      "instances": [
        {
          "schema_version": 0,
          "attributes": {
            "annotation": "orchestrator:terraform",
            "child": [],
            "class_name": "vzBrCP",
            "content": {
              "descr": "",
              "name": "permit-to-epg-10.0.91.0_24-epg-02",
              "nameAlias": "",
              "prio": "unspecified",
              "scope": "tenant",
              "targetDscp": "unspecified"
            },
            "dn": "uni/tn-demo-05/brc-permit-to-epg-10.0.91.0_24-epg-02",
            "id": "uni/tn-demo-05/brc-permit-to-epg-10.0.91.0_24-epg-02"
          },
          "sensitive_attributes": [],
          "dependencies": [
            "module.aci.data.utils_yaml_merge.defaults",
            "module.aci.data.utils_yaml_merge.model",
            "module.aci.data.utils_yaml_merge.modules",
            "module.aci.module.aci_filter.aci_rest_managed.vzEntry",
            "module.aci.module.aci_filter.aci_rest_managed.vzFilter",
            "module.aci.module.aci_tenant.aci_rest_managed.aaaDomainRef",
            "module.aci.module.aci_tenant.aci_rest_managed.fvTenant"
          ]
        }
      ]
    },
    {
      "module": "module.aci.module.aci_contract[\"demo-05/permit-to-epg-10.0.91.0_24-epg-02\"]",
      "mode": "managed",
      "type": "aci_rest_managed",
      "name": "vzRsSubjFiltAtt",
      "provider": "provider[\"registry.terraform.io/ciscodevnet/aci\"]",
      "instances": [
        {
          "index_key": "permit-src-any-dst-any-permit-src-any-dst-any",
          "schema_version": 0,
          "attributes": {
            "annotation": "orchestrator:terraform",
            "child": [],
            "class_name": "vzRsSubjFiltAtt",
            "content": {
              "action": "permit",
              "directives": "",
              "priorityOverride": "default",
              "tnVzFilterName": "permit-src-any-dst-any"
            },
            "dn": "uni/tn-demo-05/brc-permit-to-epg-10.0.91.0_24-epg-02/subj-permit-src-any-dst-any/rssubjFiltAtt-permit-src-any-dst-any",
            "id": "uni/tn-demo-05/brc-permit-to-epg-10.0.91.0_24-epg-02/subj-permit-src-any-dst-any/rssubjFiltAtt-permit-src-any-dst-any"
          },
          "sensitive_attributes": [],
          "dependencies": [
            "module.aci.data.utils_yaml_merge.defaults",
            "module.aci.data.utils_yaml_merge.model",
            "module.aci.data.utils_yaml_merge.modules",
            "module.aci.module.aci_contract.aci_rest_managed.vzBrCP",
            "module.aci.module.aci_contract.aci_rest_managed.vzSubj",
            "module.aci.module.aci_filter.aci_rest_managed.vzEntry",
            "module.aci.module.aci_filter.aci_rest_managed.vzFilter",
            "module.aci.module.aci_tenant.aci_rest_managed.aaaDomainRef",
            "module.aci.module.aci_tenant.aci_rest_managed.fvTenant"
          ]
        }
      ]
    },
    {
      "module": "module.aci.module.aci_contract[\"demo-05/permit-to-epg-10.0.91.0_24-epg-02\"]",
      "mode": "managed",
      "type": "aci_rest_managed",
      "name": "vzSubj",
      "provider": "provider[\"registry.terraform.io/ciscodevnet/aci\"]",
      "instances": [
        {
          "index_key": "permit-src-any-dst-any",
          "schema_version": 0,
          "attributes": {
            "annotation": "orchestrator:terraform",
            "child": [],
            "class_name": "vzSubj",
            "content": {
              "descr": "",
              "name": "permit-src-any-dst-any",
              "nameAlias": "",
              "prio": "unspecified",
              "revFltPorts": "yes",
              "targetDscp": "unspecified"
            },
            "dn": "uni/tn-demo-05/brc-permit-to-epg-10.0.91.0_24-epg-02/subj-permit-src-any-dst-any",
            "id": "uni/tn-demo-05/brc-permit-to-epg-10.0.91.0_24-epg-02/subj-permit-src-any-dst-any"
          },
          "sensitive_attributes": [],
          "dependencies": [
            "module.aci.data.utils_yaml_merge.defaults",
            "module.aci.data.utils_yaml_merge.model",
            "module.aci.data.utils_yaml_merge.modules",
            "module.aci.module.aci_contract.aci_rest_managed.vzBrCP",
            "module.aci.module.aci_filter.aci_rest_managed.vzEntry",
            "module.aci.module.aci_filter.aci_rest_managed.vzFilter",
            "module.aci.module.aci_tenant.aci_rest_managed.aaaDomainRef",
            "module.aci.module.aci_tenant.aci_rest_managed.fvTenant"
          ]
        }
      ]
    },
    {
      "module": "module.aci.module.aci_contract[\"demo-05/permit-to-epg-10.0.92.0_24-epg-01\"]",
      "mode": "managed",
      "type": "aci_rest_managed",
      "name": "vzBrCP",
      "provider": "provider[\"registry.terraform.io/ciscodevnet/aci\"]",
      "instances": [
        {
          "schema_version": 0,
          "attributes": {
            "annotation": "orchestrator:terraform",
            "child": [],
            "class_name": "vzBrCP",
            "content": {
              "descr": "",
              "name": "permit-to-epg-10.0.92.0_24-epg-01",
              "nameAlias": "",
              "prio": "unspecified",
              "scope": "tenant",
              "targetDscp": "unspecified"
            },
            "dn": "uni/tn-demo-05/brc-permit-to-epg-10.0.92.0_24-epg-01",
            "id": "uni/tn-demo-05/brc-permit-to-epg-10.0.92.0_24-epg-01"
          },
          "sensitive_attributes": [],
          "dependencies": [
            "module.aci.data.utils_yaml_merge.defaults",
            "module.aci.data.utils_yaml_merge.model",
            "module.aci.data.utils_yaml_merge.modules",
            "module.aci.module.aci_filter.aci_rest_managed.vzEntry",
            "module.aci.module.aci_filter.aci_rest_managed.vzFilter",
            "module.aci.module.aci_tenant.aci_rest_managed.aaaDomainRef",
            "module.aci.module.aci_tenant.aci_rest_managed.fvTenant"
          ]
        }
      ]
    },
    {
      "module": "module.aci.module.aci_contract[\"demo-05/permit-to-epg-10.0.92.0_24-epg-01\"]",
      "mode": "managed",
      "type": "aci_rest_managed",
      "name": "vzRsSubjFiltAtt",
      "provider": "provider[\"registry.terraform.io/ciscodevnet/aci\"]",
      "instances": [
        {
          "index_key": "permit-src-any-dst-any-permit-src-any-dst-any",
          "schema_version": 0,
          "attributes": {
            "annotation": "orchestrator:terraform",
            "child": [],
            "class_name": "vzRsSubjFiltAtt",
            "content": {
              "action": "permit",
              "directives": "",
              "priorityOverride": "default",
              "tnVzFilterName": "permit-src-any-dst-any"
            },
            "dn": "uni/tn-demo-05/brc-permit-to-epg-10.0.92.0_24-epg-01/subj-permit-src-any-dst-any/rssubjFiltAtt-permit-src-any-dst-any",
            "id": "uni/tn-demo-05/brc-permit-to-epg-10.0.92.0_24-epg-01/subj-permit-src-any-dst-any/rssubjFiltAtt-permit-src-any-dst-any"
          },
          "sensitive_attributes": [],
          "dependencies": [
            "module.aci.data.utils_yaml_merge.defaults",
            "module.aci.data.utils_yaml_merge.model",
            "module.aci.data.utils_yaml_merge.modules",
            "module.aci.module.aci_contract.aci_rest_managed.vzBrCP",
            "module.aci.module.aci_contract.aci_rest_managed.vzSubj",
            "module.aci.module.aci_filter.aci_rest_managed.vzEntry",
            "module.aci.module.aci_filter.aci_rest_managed.vzFilter",
            "module.aci.module.aci_tenant.aci_rest_managed.aaaDomainRef",
            "module.aci.module.aci_tenant.aci_rest_managed.fvTenant"
          ]
        }
      ]
    },
    {
      "module": "module.aci.module.aci_contract[\"demo-05/permit-to-epg-10.0.92.0_24-epg-01\"]",
      "mode": "managed",
      "type": "aci_rest_managed",
      "name": "vzSubj",
      "provider": "provider[\"registry.terraform.io/ciscodevnet/aci\"]",
      "instances": [
        {
          "index_key": "permit-src-any-dst-any",
          "schema_version": 0,
          "attributes": {
            "annotation": "orchestrator:terraform",
            "child": [],
            "class_name": "vzSubj",
            "content": {
              "descr": "",
              "name": "permit-src-any-dst-any",
              "nameAlias": "",
              "prio": "unspecified",
              "revFltPorts": "yes",
              "targetDscp": "unspecified"
            },
            "dn": "uni/tn-demo-05/brc-permit-to-epg-10.0.92.0_24-epg-01/subj-permit-src-any-dst-any",
            "id": "uni/tn-demo-05/brc-permit-to-epg-10.0.92.0_24-epg-01/subj-permit-src-any-dst-any"
          },
          "sensitive_attributes": [],
          "dependencies": [
            "module.aci.data.utils_yaml_merge.defaults",
            "module.aci.data.utils_yaml_merge.model",
            "module.aci.data.utils_yaml_merge.modules",
            "module.aci.module.aci_contract.aci_rest_managed.vzBrCP",
            "module.aci.module.aci_filter.aci_rest_managed.vzEntry",
            "module.aci.module.aci_filter.aci_rest_managed.vzFilter",
            "module.aci.module.aci_tenant.aci_rest_managed.aaaDomainRef",
            "module.aci.module.aci_tenant.aci_rest_managed.fvTenant"
          ]
        }
      ]
    },
    {
      "module": "module.aci.module.aci_contract[\"demo-05/permit-to-epg-10.0.92.0_24-epg-02\"]",
      "mode": "managed",
      "type": "aci_rest_managed",
      "name": "vzBrCP",
      "provider": "provider[\"registry.terraform.io/ciscodevnet/aci\"]",
      "instances": [
        {
          "schema_version": 0,
          "attributes": {
            "annotation": "orchestrator:terraform",
            "child": [],
            "class_name": "vzBrCP",
            "content": {
              "descr": "",
              "name": "permit-to-epg-10.0.92.0_24-epg-02",
              "nameAlias": "",
              "prio": "unspecified",
              "scope": "tenant",
              "targetDscp": "unspecified"
            },
            "dn": "uni/tn-demo-05/brc-permit-to-epg-10.0.92.0_24-epg-02",
            "id": "uni/tn-demo-05/brc-permit-to-epg-10.0.92.0_24-epg-02"
          },
          "sensitive_attributes": [],
          "dependencies": [
            "module.aci.data.utils_yaml_merge.defaults",
            "module.aci.data.utils_yaml_merge.model",
            "module.aci.data.utils_yaml_merge.modules",
            "module.aci.module.aci_filter.aci_rest_managed.vzEntry",
            "module.aci.module.aci_filter.aci_rest_managed.vzFilter",
            "module.aci.module.aci_tenant.aci_rest_managed.aaaDomainRef",
            "module.aci.module.aci_tenant.aci_rest_managed.fvTenant"
          ]
        }
      ]
    },
    {
      "module": "module.aci.module.aci_contract[\"demo-05/permit-to-epg-10.0.92.0_24-epg-02\"]",
      "mode": "managed",
      "type": "aci_rest_managed",
      "name": "vzRsSubjFiltAtt",
      "provider": "provider[\"registry.terraform.io/ciscodevnet/aci\"]",
      "instances": [
        {
          "index_key": "permit-src-any-dst-any-permit-src-any-dst-any",
          "schema_version": 0,
          "attributes": {
            "annotation": "orchestrator:terraform",
            "child": [],
            "class_name": "vzRsSubjFiltAtt",
            "content": {
              "action": "permit",
              "directives": "",
              "priorityOverride": "default",
              "tnVzFilterName": "permit-src-any-dst-any"
            },
            "dn": "uni/tn-demo-05/brc-permit-to-epg-10.0.92.0_24-epg-02/subj-permit-src-any-dst-any/rssubjFiltAtt-permit-src-any-dst-any",
            "id": "uni/tn-demo-05/brc-permit-to-epg-10.0.92.0_24-epg-02/subj-permit-src-any-dst-any/rssubjFiltAtt-permit-src-any-dst-any"
          },
          "sensitive_attributes": [],
          "dependencies": [
            "module.aci.data.utils_yaml_merge.defaults",
            "module.aci.data.utils_yaml_merge.model",
            "module.aci.data.utils_yaml_merge.modules",
            "module.aci.module.aci_contract.aci_rest_managed.vzBrCP",
            "module.aci.module.aci_contract.aci_rest_managed.vzSubj",
            "module.aci.module.aci_filter.aci_rest_managed.vzEntry",
            "module.aci.module.aci_filter.aci_rest_managed.vzFilter",
            "module.aci.module.aci_tenant.aci_rest_managed.aaaDomainRef",
            "module.aci.module.aci_tenant.aci_rest_managed.fvTenant"
          ]
        }
      ]
    },
    {
      "module": "module.aci.module.aci_contract[\"demo-05/permit-to-epg-10.0.92.0_24-epg-02\"]",
      "mode": "managed",
      "type": "aci_rest_managed",
      "name": "vzSubj",
      "provider": "provider[\"registry.terraform.io/ciscodevnet/aci\"]",
      "instances": [
        {
          "index_key": "permit-src-any-dst-any",
          "schema_version": 0,
          "attributes": {
            "annotation": "orchestrator:terraform",
            "child": [],
            "class_name": "vzSubj",
            "content": {
              "descr": "",
              "name": "permit-src-any-dst-any",
              "nameAlias": "",
              "prio": "unspecified",
              "revFltPorts": "yes",
              "targetDscp": "unspecified"
            },
            "dn": "uni/tn-demo-05/brc-permit-to-epg-10.0.92.0_24-epg-02/subj-permit-src-any-dst-any",
            "id": "uni/tn-demo-05/brc-permit-to-epg-10.0.92.0_24-epg-02/subj-permit-src-any-dst-any"
          },
          "sensitive_attributes": [],
          "dependencies": [
            "module.aci.data.utils_yaml_merge.defaults",
            "module.aci.data.utils_yaml_merge.model",
            "module.aci.data.utils_yaml_merge.modules",
            "module.aci.module.aci_contract.aci_rest_managed.vzBrCP",
            "module.aci.module.aci_filter.aci_rest_managed.vzEntry",
            "module.aci.module.aci_filter.aci_rest_managed.vzFilter",
            "module.aci.module.aci_tenant.aci_rest_managed.aaaDomainRef",
            "module.aci.module.aci_tenant.aci_rest_managed.fvTenant"
          ]
        }
      ]
    },
    {
      "module": "module.aci.module.aci_dhcp_relay_policy[\"demo-05/dhcp.uktme.cisco.com\"]",
      "mode": "managed",
      "type": "aci_rest_managed",
      "name": "dhcpRelayP",
      "provider": "provider[\"registry.terraform.io/ciscodevnet/aci\"]",
      "instances": [
        {
          "schema_version": 0,
          "attributes": {
            "annotation": "orchestrator:terraform",
            "child": [],
            "class_name": "dhcpRelayP",
            "content": {
              "descr": "dhcp.uktme.cisco.com",
              "name": "dhcp.uktme.cisco.com",
              "owner": "tenant"
            },
            "dn": "uni/tn-demo-05/relayp-dhcp.uktme.cisco.com",
            "id": "uni/tn-demo-05/relayp-dhcp.uktme.cisco.com"
          },
          "sensitive_attributes": [],
          "dependencies": [
            "module.aci.data.utils_yaml_merge.defaults",
            "module.aci.data.utils_yaml_merge.model",
            "module.aci.data.utils_yaml_merge.modules",
            "module.aci.module.aci_tenant.aci_rest_managed.aaaDomainRef",
            "module.aci.module.aci_tenant.aci_rest_managed.fvTenant"
          ]
        }
      ]
    },
    {
      "module": "module.aci.module.aci_dhcp_relay_policy[\"demo-05/dhcp.uktme.cisco.com\"]",
      "mode": "managed",
      "type": "aci_rest_managed",
      "name": "dhcpRsProv",
      "provider": "provider[\"registry.terraform.io/ciscodevnet/aci\"]",
      "instances": [
        {
          "index_key": "10.237.97.133",
          "schema_version": 0,
          "attributes": {
            "annotation": "orchestrator:terraform",
            "child": [],
            "class_name": "dhcpRsProv",
            "content": {
              "addr": "10.237.97.133",
              "tDn": "uni/tn-demo-05/out-demo-05.vrf-01-bgp/instP-all-external-subnets"
            },
            "dn": "uni/tn-demo-05/relayp-dhcp.uktme.cisco.com/rsprov-[uni/tn-demo-05/out-demo-05.vrf-01-bgp/instP-all-external-subnets]",
            "id": "uni/tn-demo-05/relayp-dhcp.uktme.cisco.com/rsprov-[uni/tn-demo-05/out-demo-05.vrf-01-bgp/instP-all-external-subnets]"
          },
          "sensitive_attributes": [],
          "dependencies": [
            "module.aci.data.utils_yaml_merge.defaults",
            "module.aci.data.utils_yaml_merge.model",
            "module.aci.data.utils_yaml_merge.modules",
            "module.aci.module.aci_dhcp_relay_policy.aci_rest_managed.dhcpRelayP",
            "module.aci.module.aci_tenant.aci_rest_managed.aaaDomainRef",
            "module.aci.module.aci_tenant.aci_rest_managed.fvTenant"
          ]
        }
      ]
    },
    {
      "module": "module.aci.module.aci_endpoint_group[\"demo-05/network-segments/10.0.91.0_24-epg-01\"]",
      "mode": "managed",
      "type": "aci_rest_managed",
      "name": "fvAEPg",
      "provider": "provider[\"registry.terraform.io/ciscodevnet/aci\"]",
      "instances": [
        {
          "schema_version": 0,
          "attributes": {
            "annotation": "orchestrator:terraform",
            "child": [],
            "class_name": "fvAEPg",
            "content": {
              "descr": "",
              "floodOnEncap": "disabled",
              "fwdCtrl": "",
              "name": "10.0.91.0_24-epg-01",
              "nameAlias": "internal-vrf-02",
              "pcEnfPref": "unenforced",
              "prefGrMemb": "exclude",
              "prio": "unspecified"
            },
            "dn": "uni/tn-demo-05/ap-network-segments/epg-10.0.91.0_24-epg-01",
            "id": "uni/tn-demo-05/ap-network-segments/epg-10.0.91.0_24-epg-01"
          },
          "sensitive_attributes": [],
          "dependencies": [
            "module.aci.data.utils_yaml_merge.defaults",
            "module.aci.data.utils_yaml_merge.model",
            "module.aci.data.utils_yaml_merge.modules",
            "module.aci.module.aci_application_profile.aci_rest_managed.fvAp",
            "module.aci.module.aci_bfd_interface_policy.aci_rest_managed.bfdIfPol",
            "module.aci.module.aci_bgp_timer_policy.aci_rest_managed.bgpCtxPol",
            "module.aci.module.aci_bridge_domain.aci_rest_managed.dhcpLbl",
            "module.aci.module.aci_bridge_domain.aci_rest_managed.dhcpRsDhcpOptionPol",
            "module.aci.module.aci_bridge_domain.aci_rest_managed.fvBD",
            "module.aci.module.aci_bridge_domain.aci_rest_managed.fvRsBDToOut",
            "module.aci.module.aci_bridge_domain.aci_rest_managed.fvRsCtx",
            "module.aci.module.aci_bridge_domain.aci_rest_managed.fvRsIgmpsn",
            "module.aci.module.aci_bridge_domain.aci_rest_managed.fvRsNdPfxPol",
            "module.aci.module.aci_bridge_domain.aci_rest_managed.fvSubnet",
            "module.aci.module.aci_bridge_domain.aci_rest_managed.igmpIfP",
            "module.aci.module.aci_bridge_domain.aci_rest_managed.igmpRsIfPol",
            "module.aci.module.aci_bridge_domain.aci_rest_managed.pimBDDestFilterPol",
            "module.aci.module.aci_bridge_domain.aci_rest_managed.pimBDFilterPol",
            "module.aci.module.aci_bridge_domain.aci_rest_managed.pimBDP",
            "module.aci.module.aci_bridge_domain.aci_rest_managed.pimBDSrcFilterPol",
            "module.aci.module.aci_bridge_domain.aci_rest_managed.rtdmcRsFilterToRtMapPol_destination",
            "module.aci.module.aci_bridge_domain.aci_rest_managed.rtdmcRsFilterToRtMapPol_source",
            "module.aci.module.aci_bridge_domain.aci_rest_managed.tagTag",
            "module.aci.module.aci_contract.aci_rest_managed.vzBrCP",
            "module.aci.module.aci_contract.aci_rest_managed.vzRsSubjFiltAtt",
            "module.aci.module.aci_contract.aci_rest_managed.vzRsSubjGraphAtt",
            "module.aci.module.aci_contract.aci_rest_managed.vzSubj",
            "module.aci.module.aci_dhcp_option_policy.aci_rest_managed.dhcpOption",
            "module.aci.module.aci_dhcp_option_policy.aci_rest_managed.dhcpOptionPol",
            "module.aci.module.aci_dhcp_relay_policy.aci_rest_managed.dhcpRelayP",
            "module.aci.module.aci_dhcp_relay_policy.aci_rest_managed.dhcpRsProv",
            "module.aci.module.aci_eigrp_interface_policy.aci_rest_managed.eigrpIfPol",
            "module.aci.module.aci_filter.aci_rest_managed.vzEntry",
            "module.aci.module.aci_filter.aci_rest_managed.vzFilter",
            "module.aci.module.aci_imported_contract.aci_rest_managed.vzCPIf",
            "module.aci.module.aci_imported_contract.aci_rest_managed.vzRsIf",
            "module.aci.module.aci_l3out.aci_rest_managed.bgpExtP",
            "module.aci.module.aci_l3out.aci_rest_managed.eigrpExtP",
            "module.aci.module.aci_l3out.aci_rest_managed.l3extConsLbl",
            "module.aci.module.aci_l3out.aci_rest_managed.l3extDefaultRouteLeakP",
            "module.aci.module.aci_l3out.aci_rest_managed.l3extInstP_sr_mpls",
            "module.aci.module.aci_l3out.aci_rest_managed.l3extOut",
            "module.aci.module.aci_l3out.aci_rest_managed.l3extProvLbl",
            "module.aci.module.aci_l3out.aci_rest_managed.l3extRsDampeningPol_ipv4",
            "module.aci.module.aci_l3out.aci_rest_managed.l3extRsDampeningPol_ipv6",
            "module.aci.module.aci_l3out.aci_rest_managed.l3extRsEctx",
            "module.aci.module.aci_l3out.aci_rest_managed.l3extRsInterleakPol",
            "module.aci.module.aci_l3out.aci_rest_managed.l3extRsL3DomAtt",
            "module.aci.module.aci_l3out.aci_rest_managed.l3extRsLblToProfile_export",
            "module.aci.module.aci_l3out.aci_rest_managed.l3extRsLblToProfile_import",
            "module.aci.module.aci_l3out.aci_rest_managed.l3extRsRedistributePol",
            "module.aci.module.aci_l3out.aci_rest_managed.mplsExtP",
            "module.aci.module.aci_l3out.aci_rest_managed.mplsRsLabelPol",
            "module.aci.module.aci_l3out.aci_rest_managed.ospfExtP",
            "module.aci.module.aci_l3out.aci_rest_managed.pimExtP",
            "module.aci.module.aci_l3out.aci_rest_managed.rtctrlCtxP_export",
            "module.aci.module.aci_l3out.aci_rest_managed.rtctrlCtxP_import",
            "module.aci.module.aci_l3out.aci_rest_managed.rtctrlProfile_export",
            "module.aci.module.aci_l3out.aci_rest_managed.rtctrlProfile_import",
            "module.aci.module.aci_l3out.aci_rest_managed.rtctrlRsCtxPToSubjP_export",
            "module.aci.module.aci_l3out.aci_rest_managed.rtctrlRsCtxPToSubjP_import",
            "module.aci.module.aci_l3out.aci_rest_managed.rtctrlRsScopeToAttrP_export",
            "module.aci.module.aci_l3out.aci_rest_managed.rtctrlRsScopeToAttrP_import",
            "module.aci.module.aci_l3out.aci_rest_managed.rtctrlScope_export",
            "module.aci.module.aci_l3out.aci_rest_managed.rtctrlScope_import",
            "module.aci.module.aci_match_rule.aci_rest_managed.rtctrlMatchCommFactor",
            "module.aci.module.aci_match_rule.aci_rest_managed.rtctrlMatchCommRegexTerm",
            "module.aci.module.aci_match_rule.aci_rest_managed.rtctrlMatchCommTerm",
            "module.aci.module.aci_match_rule.aci_rest_managed.rtctrlMatchRtDest",
            "module.aci.module.aci_match_rule.aci_rest_managed.rtctrlSubjP",
            "module.aci.module.aci_ospf_interface_policy.aci_rest_managed.ospfIfPol",
            "module.aci.module.aci_set_rule.aci_rest_managed.rtctrlAttrP",
            "module.aci.module.aci_set_rule.aci_rest_managed.rtctrlRsSetPolicyTagToInstP",
            "module.aci.module.aci_set_rule.aci_rest_managed.rtctrlSetASPath",
            "module.aci.module.aci_set_rule.aci_rest_managed.rtctrlSetASPathASN",
            "module.aci.module.aci_set_rule.aci_rest_managed.rtctrlSetAddComm",
            "module.aci.module.aci_set_rule.aci_rest_managed.rtctrlSetComm",
            "module.aci.module.aci_set_rule.aci_rest_managed.rtctrlSetDamp",
            "module.aci.module.aci_set_rule.aci_rest_managed.rtctrlSetNh",
            "module.aci.module.aci_set_rule.aci_rest_managed.rtctrlSetNhUnchanged",
            "module.aci.module.aci_set_rule.aci_rest_managed.rtctrlSetPolicyTag",
            "module.aci.module.aci_set_rule.aci_rest_managed.rtctrlSetPref",
            "module.aci.module.aci_set_rule.aci_rest_managed.rtctrlSetRedistMultipath",
            "module.aci.module.aci_set_rule.aci_rest_managed.rtctrlSetRtMetric",
            "module.aci.module.aci_set_rule.aci_rest_managed.rtctrlSetRtMetricType",
            "module.aci.module.aci_set_rule.aci_rest_managed.rtctrlSetTag",
            "module.aci.module.aci_set_rule.aci_rest_managed.rtctrlSetWeight",
            "module.aci.module.aci_tenant.aci_rest_managed.aaaDomainRef",
            "module.aci.module.aci_tenant.aci_rest_managed.fvTenant",
            "module.aci.module.aci_vlan_pool.aci_rest_managed.fvnsEncapBlk",
            "module.aci.module.aci_vlan_pool.aci_rest_managed.fvnsVlanInstP",
            "module.aci.module.aci_vmware_vmm_domain.aci_rest_managed.aaaDomainRef",
            "module.aci.module.aci_vmware_vmm_domain.aci_rest_managed.infraRsVlanNs",
            "module.aci.module.aci_vmware_vmm_domain.aci_rest_managed.lacpEnhancedLagPol",
            "module.aci.module.aci_vmware_vmm_domain.aci_rest_managed.vmmCtrlrP",
            "module.aci.module.aci_vmware_vmm_domain.aci_rest_managed.vmmDomP",
            "module.aci.module.aci_vmware_vmm_domain.aci_rest_managed.vmmRsAcc",
            "module.aci.module.aci_vmware_vmm_domain.aci_rest_managed.vmmRsMgmtEPg",
            "module.aci.module.aci_vmware_vmm_domain.aci_rest_managed.vmmRsVswitchOverrideCdpIfPol",
            "module.aci.module.aci_vmware_vmm_domain.aci_rest_managed.vmmRsVswitchOverrideLacpPol",
            "module.aci.module.aci_vmware_vmm_domain.aci_rest_managed.vmmRsVswitchOverrideLldpIfPol",
            "module.aci.module.aci_vmware_vmm_domain.aci_rest_managed.vmmRsVswitchOverrideMtuPol",
            "module.aci.module.aci_vmware_vmm_domain.aci_rest_managed.vmmUplinkP",
            "module.aci.module.aci_vmware_vmm_domain.aci_rest_managed.vmmUplinkPCont",
            "module.aci.module.aci_vmware_vmm_domain.aci_rest_managed.vmmUsrAccP",
            "module.aci.module.aci_vmware_vmm_domain.aci_rest_managed.vmmVSwitchPolicyCont",
            "module.aci.module.aci_vrf.aci_rest_managed.bgpRtTargetP_ipv4",
            "module.aci.module.aci_vrf.aci_rest_managed.bgpRtTargetP_ipv6",
            "module.aci.module.aci_vrf.aci_rest_managed.bgpRtTarget_ipv4_export",
            "module.aci.module.aci_vrf.aci_rest_managed.bgpRtTarget_ipv4_import",
            "module.aci.module.aci_vrf.aci_rest_managed.bgpRtTarget_ipv6_export",
            "module.aci.module.aci_vrf.aci_rest_managed.bgpRtTarget_ipv6_import",
            "module.aci.module.aci_vrf.aci_rest_managed.dnsLbl",
            "module.aci.module.aci_vrf.aci_rest_managed.fvCtx",
            "module.aci.module.aci_vrf.aci_rest_managed.fvRsBgpCtxPol",
            "module.aci.module.aci_vrf.aci_rest_managed.fvRsCtxToBgpCtxAfPol_ipv4",
            "module.aci.module.aci_vrf.aci_rest_managed.fvRsCtxToBgpCtxAfPol_ipv6",
            "module.aci.module.aci_vrf.aci_rest_managed.fvRsCtxToExtRouteTagPol",
            "module.aci.module.aci_vrf.aci_rest_managed.fvRsCtxToOspfCtxPol_ipv4",
            "module.aci.module.aci_vrf.aci_rest_managed.fvRsCtxToOspfCtxPol_ipv6",
            "module.aci.module.aci_vrf.aci_rest_managed.fvRsOspfCtxPol",
            "module.aci.module.aci_vrf.aci_rest_managed.igmpCtxP",
            "module.aci.module.aci_vrf.aci_rest_managed.igmpSSMXlateP",
            "module.aci.module.aci_vrf.aci_rest_managed.leakExternalPrefix",
            "module.aci.module.aci_vrf.aci_rest_managed.leakInternalSubnet",
            "module.aci.module.aci_vrf.aci_rest_managed.leakRoutes",
            "module.aci.module.aci_vrf.aci_rest_managed.leakTo_external",
            "module.aci.module.aci_vrf.aci_rest_managed.leakTo_internal",
            "module.aci.module.aci_vrf.aci_rest_managed.pimASMPatPol",
            "module.aci.module.aci_vrf.aci_rest_managed.pimAutoRPPol",
            "module.aci.module.aci_vrf.aci_rest_managed.pimBSRFilterPol",
            "module.aci.module.aci_vrf.aci_rest_managed.pimBSRPPol",
            "module.aci.module.aci_vrf.aci_rest_managed.pimCtxP",
            "module.aci.module.aci_vrf.aci_rest_managed.pimFabricRPPol",
            "module.aci.module.aci_vrf.aci_rest_managed.pimInterVRFEntryPol",
            "module.aci.module.aci_vrf.aci_rest_managed.pimInterVRFPol",
            "module.aci.module.aci_vrf.aci_rest_managed.pimMAFilterPol",
            "module.aci.module.aci_vrf.aci_rest_managed.pimRPGrpRangePol_fabric_rp",
            "module.aci.module.aci_vrf.aci_rest_managed.pimRPGrpRangePol_static_rp",
            "module.aci.module.aci_vrf.aci_rest_managed.pimRegTrPol",
            "module.aci.module.aci_vrf.aci_rest_managed.pimResPol",
            "module.aci.module.aci_vrf.aci_rest_managed.pimSGRangeExpPol",
            "module.aci.module.aci_vrf.aci_rest_managed.pimSSMPatPol",
            "module.aci.module.aci_vrf.aci_rest_managed.pimSSMRangePol",
            "module.aci.module.aci_vrf.aci_rest_managed.pimSharedRangePol",
            "module.aci.module.aci_vrf.aci_rest_managed.pimStaticRPEntryPol_fabric_rp",
            "module.aci.module.aci_vrf.aci_rest_managed.pimStaticRPEntryPol_static_rp",
            "module.aci.module.aci_vrf.aci_rest_managed.pimStaticRPPol",
            "module.aci.module.aci_vrf.aci_rest_managed.rtdmcRsFilterToRtMapPol_asm_sg_expiry",
            "module.aci.module.aci_vrf.aci_rest_managed.rtdmcRsFilterToRtMapPol_asm_shared",
            "module.aci.module.aci_vrf.aci_rest_managed.rtdmcRsFilterToRtMapPol_auto_rp",
            "module.aci.module.aci_vrf.aci_rest_managed.rtdmcRsFilterToRtMapPol_bsr",
            "module.aci.module.aci_vrf.aci_rest_managed.rtdmcRsFilterToRtMapPol_fabric_rp",
            "module.aci.module.aci_vrf.aci_rest_managed.rtdmcRsFilterToRtMapPol_pim_inter_vrf",
            "module.aci.module.aci_vrf.aci_rest_managed.rtdmcRsFilterToRtMapPol_ssm_range",
            "module.aci.module.aci_vrf.aci_rest_managed.rtdmcRsFilterToRtMapPol_static_rp",
            "module.aci.module.aci_vrf.aci_rest_managed.vzAny",
            "module.aci.module.aci_vrf.aci_rest_managed.vzRsAnyToCons",
            "module.aci.module.aci_vrf.aci_rest_managed.vzRsAnyToConsIf",
            "module.aci.module.aci_vrf.aci_rest_managed.vzRsAnyToProv"
          ]
        }
      ]
    },
    {
      "module": "module.aci.module.aci_endpoint_group[\"demo-05/network-segments/10.0.91.0_24-epg-01\"]",
      "mode": "managed",
      "type": "aci_rest_managed",
      "name": "fvRsBd",
      "provider": "provider[\"registry.terraform.io/ciscodevnet/aci\"]",
      "instances": [
        {
          "schema_version": 0,
          "attributes": {
            "annotation": "orchestrator:terraform",
            "child": [],
            "class_name": "fvRsBd",
            "content": {
              "tnFvBDName": "10.0.91.0_24"
            },
            "dn": "uni/tn-demo-05/ap-network-segments/epg-10.0.91.0_24-epg-01/rsbd",
            "id": "uni/tn-demo-05/ap-network-segments/epg-10.0.91.0_24-epg-01/rsbd"
          },
          "sensitive_attributes": [],
          "dependencies": [
            "module.aci.data.utils_yaml_merge.defaults",
            "module.aci.data.utils_yaml_merge.model",
            "module.aci.data.utils_yaml_merge.modules",
            "module.aci.module.aci_application_profile.aci_rest_managed.fvAp",
            "module.aci.module.aci_bfd_interface_policy.aci_rest_managed.bfdIfPol",
            "module.aci.module.aci_bgp_timer_policy.aci_rest_managed.bgpCtxPol",
            "module.aci.module.aci_bridge_domain.aci_rest_managed.dhcpLbl",
            "module.aci.module.aci_bridge_domain.aci_rest_managed.dhcpRsDhcpOptionPol",
            "module.aci.module.aci_bridge_domain.aci_rest_managed.fvBD",
            "module.aci.module.aci_bridge_domain.aci_rest_managed.fvRsBDToOut",
            "module.aci.module.aci_bridge_domain.aci_rest_managed.fvRsCtx",
            "module.aci.module.aci_bridge_domain.aci_rest_managed.fvRsIgmpsn",
            "module.aci.module.aci_bridge_domain.aci_rest_managed.fvRsNdPfxPol",
            "module.aci.module.aci_bridge_domain.aci_rest_managed.fvSubnet",
            "module.aci.module.aci_bridge_domain.aci_rest_managed.igmpIfP",
            "module.aci.module.aci_bridge_domain.aci_rest_managed.igmpRsIfPol",
            "module.aci.module.aci_bridge_domain.aci_rest_managed.pimBDDestFilterPol",
            "module.aci.module.aci_bridge_domain.aci_rest_managed.pimBDFilterPol",
            "module.aci.module.aci_bridge_domain.aci_rest_managed.pimBDP",
            "module.aci.module.aci_bridge_domain.aci_rest_managed.pimBDSrcFilterPol",
            "module.aci.module.aci_bridge_domain.aci_rest_managed.rtdmcRsFilterToRtMapPol_destination",
            "module.aci.module.aci_bridge_domain.aci_rest_managed.rtdmcRsFilterToRtMapPol_source",
            "module.aci.module.aci_bridge_domain.aci_rest_managed.tagTag",
            "module.aci.module.aci_contract.aci_rest_managed.vzBrCP",
            "module.aci.module.aci_contract.aci_rest_managed.vzRsSubjFiltAtt",
            "module.aci.module.aci_contract.aci_rest_managed.vzRsSubjGraphAtt",
            "module.aci.module.aci_contract.aci_rest_managed.vzSubj",
            "module.aci.module.aci_dhcp_option_policy.aci_rest_managed.dhcpOption",
            "module.aci.module.aci_dhcp_option_policy.aci_rest_managed.dhcpOptionPol",
            "module.aci.module.aci_dhcp_relay_policy.aci_rest_managed.dhcpRelayP",
            "module.aci.module.aci_dhcp_relay_policy.aci_rest_managed.dhcpRsProv",
            "module.aci.module.aci_eigrp_interface_policy.aci_rest_managed.eigrpIfPol",
            "module.aci.module.aci_endpoint_group.aci_rest_managed.fvAEPg",
            "module.aci.module.aci_filter.aci_rest_managed.vzEntry",
            "module.aci.module.aci_filter.aci_rest_managed.vzFilter",
            "module.aci.module.aci_imported_contract.aci_rest_managed.vzCPIf",
            "module.aci.module.aci_imported_contract.aci_rest_managed.vzRsIf",
            "module.aci.module.aci_l3out.aci_rest_managed.bgpExtP",
            "module.aci.module.aci_l3out.aci_rest_managed.eigrpExtP",
            "module.aci.module.aci_l3out.aci_rest_managed.l3extConsLbl",
            "module.aci.module.aci_l3out.aci_rest_managed.l3extDefaultRouteLeakP",
            "module.aci.module.aci_l3out.aci_rest_managed.l3extInstP_sr_mpls",
            "module.aci.module.aci_l3out.aci_rest_managed.l3extOut",
            "module.aci.module.aci_l3out.aci_rest_managed.l3extProvLbl",
            "module.aci.module.aci_l3out.aci_rest_managed.l3extRsDampeningPol_ipv4",
            "module.aci.module.aci_l3out.aci_rest_managed.l3extRsDampeningPol_ipv6",
            "module.aci.module.aci_l3out.aci_rest_managed.l3extRsEctx",
            "module.aci.module.aci_l3out.aci_rest_managed.l3extRsInterleakPol",
            "module.aci.module.aci_l3out.aci_rest_managed.l3extRsL3DomAtt",
            "module.aci.module.aci_l3out.aci_rest_managed.l3extRsLblToProfile_export",
            "module.aci.module.aci_l3out.aci_rest_managed.l3extRsLblToProfile_import",
            "module.aci.module.aci_l3out.aci_rest_managed.l3extRsRedistributePol",
            "module.aci.module.aci_l3out.aci_rest_managed.mplsExtP",
            "module.aci.module.aci_l3out.aci_rest_managed.mplsRsLabelPol",
            "module.aci.module.aci_l3out.aci_rest_managed.ospfExtP",
            "module.aci.module.aci_l3out.aci_rest_managed.pimExtP",
            "module.aci.module.aci_l3out.aci_rest_managed.rtctrlCtxP_export",
            "module.aci.module.aci_l3out.aci_rest_managed.rtctrlCtxP_import",
            "module.aci.module.aci_l3out.aci_rest_managed.rtctrlProfile_export",
            "module.aci.module.aci_l3out.aci_rest_managed.rtctrlProfile_import",
            "module.aci.module.aci_l3out.aci_rest_managed.rtctrlRsCtxPToSubjP_export",
            "module.aci.module.aci_l3out.aci_rest_managed.rtctrlRsCtxPToSubjP_import",
            "module.aci.module.aci_l3out.aci_rest_managed.rtctrlRsScopeToAttrP_export",
            "module.aci.module.aci_l3out.aci_rest_managed.rtctrlRsScopeToAttrP_import",
            "module.aci.module.aci_l3out.aci_rest_managed.rtctrlScope_export",
            "module.aci.module.aci_l3out.aci_rest_managed.rtctrlScope_import",
            "module.aci.module.aci_match_rule.aci_rest_managed.rtctrlMatchCommFactor",
            "module.aci.module.aci_match_rule.aci_rest_managed.rtctrlMatchCommRegexTerm",
            "module.aci.module.aci_match_rule.aci_rest_managed.rtctrlMatchCommTerm",
            "module.aci.module.aci_match_rule.aci_rest_managed.rtctrlMatchRtDest",
            "module.aci.module.aci_match_rule.aci_rest_managed.rtctrlSubjP",
            "module.aci.module.aci_ospf_interface_policy.aci_rest_managed.ospfIfPol",
            "module.aci.module.aci_set_rule.aci_rest_managed.rtctrlAttrP",
            "module.aci.module.aci_set_rule.aci_rest_managed.rtctrlRsSetPolicyTagToInstP",
            "module.aci.module.aci_set_rule.aci_rest_managed.rtctrlSetASPath",
            "module.aci.module.aci_set_rule.aci_rest_managed.rtctrlSetASPathASN",
            "module.aci.module.aci_set_rule.aci_rest_managed.rtctrlSetAddComm",
            "module.aci.module.aci_set_rule.aci_rest_managed.rtctrlSetComm",
            "module.aci.module.aci_set_rule.aci_rest_managed.rtctrlSetDamp",
            "module.aci.module.aci_set_rule.aci_rest_managed.rtctrlSetNh",
            "module.aci.module.aci_set_rule.aci_rest_managed.rtctrlSetNhUnchanged",
            "module.aci.module.aci_set_rule.aci_rest_managed.rtctrlSetPolicyTag",
            "module.aci.module.aci_set_rule.aci_rest_managed.rtctrlSetPref",
            "module.aci.module.aci_set_rule.aci_rest_managed.rtctrlSetRedistMultipath",
            "module.aci.module.aci_set_rule.aci_rest_managed.rtctrlSetRtMetric",
            "module.aci.module.aci_set_rule.aci_rest_managed.rtctrlSetRtMetricType",
            "module.aci.module.aci_set_rule.aci_rest_managed.rtctrlSetTag",
            "module.aci.module.aci_set_rule.aci_rest_managed.rtctrlSetWeight",
            "module.aci.module.aci_tenant.aci_rest_managed.aaaDomainRef",
            "module.aci.module.aci_tenant.aci_rest_managed.fvTenant",
            "module.aci.module.aci_vlan_pool.aci_rest_managed.fvnsEncapBlk",
            "module.aci.module.aci_vlan_pool.aci_rest_managed.fvnsVlanInstP",
            "module.aci.module.aci_vmware_vmm_domain.aci_rest_managed.aaaDomainRef",
            "module.aci.module.aci_vmware_vmm_domain.aci_rest_managed.infraRsVlanNs",
            "module.aci.module.aci_vmware_vmm_domain.aci_rest_managed.lacpEnhancedLagPol",
            "module.aci.module.aci_vmware_vmm_domain.aci_rest_managed.vmmCtrlrP",
            "module.aci.module.aci_vmware_vmm_domain.aci_rest_managed.vmmDomP",
            "module.aci.module.aci_vmware_vmm_domain.aci_rest_managed.vmmRsAcc",
            "module.aci.module.aci_vmware_vmm_domain.aci_rest_managed.vmmRsMgmtEPg",
            "module.aci.module.aci_vmware_vmm_domain.aci_rest_managed.vmmRsVswitchOverrideCdpIfPol",
            "module.aci.module.aci_vmware_vmm_domain.aci_rest_managed.vmmRsVswitchOverrideLacpPol",
            "module.aci.module.aci_vmware_vmm_domain.aci_rest_managed.vmmRsVswitchOverrideLldpIfPol",
            "module.aci.module.aci_vmware_vmm_domain.aci_rest_managed.vmmRsVswitchOverrideMtuPol",
            "module.aci.module.aci_vmware_vmm_domain.aci_rest_managed.vmmUplinkP",
            "module.aci.module.aci_vmware_vmm_domain.aci_rest_managed.vmmUplinkPCont",
            "module.aci.module.aci_vmware_vmm_domain.aci_rest_managed.vmmUsrAccP",
            "module.aci.module.aci_vmware_vmm_domain.aci_rest_managed.vmmVSwitchPolicyCont",
            "module.aci.module.aci_vrf.aci_rest_managed.bgpRtTargetP_ipv4",
            "module.aci.module.aci_vrf.aci_rest_managed.bgpRtTargetP_ipv6",
            "module.aci.module.aci_vrf.aci_rest_managed.bgpRtTarget_ipv4_export",
            "module.aci.module.aci_vrf.aci_rest_managed.bgpRtTarget_ipv4_import",
            "module.aci.module.aci_vrf.aci_rest_managed.bgpRtTarget_ipv6_export",
            "module.aci.module.aci_vrf.aci_rest_managed.bgpRtTarget_ipv6_import",
            "module.aci.module.aci_vrf.aci_rest_managed.dnsLbl",
            "module.aci.module.aci_vrf.aci_rest_managed.fvCtx",
            "module.aci.module.aci_vrf.aci_rest_managed.fvRsBgpCtxPol",
            "module.aci.module.aci_vrf.aci_rest_managed.fvRsCtxToBgpCtxAfPol_ipv4",
            "module.aci.module.aci_vrf.aci_rest_managed.fvRsCtxToBgpCtxAfPol_ipv6",
            "module.aci.module.aci_vrf.aci_rest_managed.fvRsCtxToExtRouteTagPol",
            "module.aci.module.aci_vrf.aci_rest_managed.fvRsCtxToOspfCtxPol_ipv4",
            "module.aci.module.aci_vrf.aci_rest_managed.fvRsCtxToOspfCtxPol_ipv6",
            "module.aci.module.aci_vrf.aci_rest_managed.fvRsOspfCtxPol",
            "module.aci.module.aci_vrf.aci_rest_managed.igmpCtxP",
            "module.aci.module.aci_vrf.aci_rest_managed.igmpSSMXlateP",
            "module.aci.module.aci_vrf.aci_rest_managed.leakExternalPrefix",
            "module.aci.module.aci_vrf.aci_rest_managed.leakInternalSubnet",
            "module.aci.module.aci_vrf.aci_rest_managed.leakRoutes",
            "module.aci.module.aci_vrf.aci_rest_managed.leakTo_external",
            "module.aci.module.aci_vrf.aci_rest_managed.leakTo_internal",
            "module.aci.module.aci_vrf.aci_rest_managed.pimASMPatPol",
            "module.aci.module.aci_vrf.aci_rest_managed.pimAutoRPPol",
            "module.aci.module.aci_vrf.aci_rest_managed.pimBSRFilterPol",
            "module.aci.module.aci_vrf.aci_rest_managed.pimBSRPPol",
            "module.aci.module.aci_vrf.aci_rest_managed.pimCtxP",
            "module.aci.module.aci_vrf.aci_rest_managed.pimFabricRPPol",
            "module.aci.module.aci_vrf.aci_rest_managed.pimInterVRFEntryPol",
            "module.aci.module.aci_vrf.aci_rest_managed.pimInterVRFPol",
            "module.aci.module.aci_vrf.aci_rest_managed.pimMAFilterPol",
            "module.aci.module.aci_vrf.aci_rest_managed.pimRPGrpRangePol_fabric_rp",
            "module.aci.module.aci_vrf.aci_rest_managed.pimRPGrpRangePol_static_rp",
            "module.aci.module.aci_vrf.aci_rest_managed.pimRegTrPol",
            "module.aci.module.aci_vrf.aci_rest_managed.pimResPol",
            "module.aci.module.aci_vrf.aci_rest_managed.pimSGRangeExpPol",
            "module.aci.module.aci_vrf.aci_rest_managed.pimSSMPatPol",
            "module.aci.module.aci_vrf.aci_rest_managed.pimSSMRangePol",
            "module.aci.module.aci_vrf.aci_rest_managed.pimSharedRangePol",
            "module.aci.module.aci_vrf.aci_rest_managed.pimStaticRPEntryPol_fabric_rp",
            "module.aci.module.aci_vrf.aci_rest_managed.pimStaticRPEntryPol_static_rp",
            "module.aci.module.aci_vrf.aci_rest_managed.pimStaticRPPol",
            "module.aci.module.aci_vrf.aci_rest_managed.rtdmcRsFilterToRtMapPol_asm_sg_expiry",
            "module.aci.module.aci_vrf.aci_rest_managed.rtdmcRsFilterToRtMapPol_asm_shared",
            "module.aci.module.aci_vrf.aci_rest_managed.rtdmcRsFilterToRtMapPol_auto_rp",
            "module.aci.module.aci_vrf.aci_rest_managed.rtdmcRsFilterToRtMapPol_bsr",
            "module.aci.module.aci_vrf.aci_rest_managed.rtdmcRsFilterToRtMapPol_fabric_rp",
            "module.aci.module.aci_vrf.aci_rest_managed.rtdmcRsFilterToRtMapPol_pim_inter_vrf",
            "module.aci.module.aci_vrf.aci_rest_managed.rtdmcRsFilterToRtMapPol_ssm_range",
            "module.aci.module.aci_vrf.aci_rest_managed.rtdmcRsFilterToRtMapPol_static_rp",
            "module.aci.module.aci_vrf.aci_rest_managed.vzAny",
            "module.aci.module.aci_vrf.aci_rest_managed.vzRsAnyToCons",
            "module.aci.module.aci_vrf.aci_rest_managed.vzRsAnyToConsIf",
            "module.aci.module.aci_vrf.aci_rest_managed.vzRsAnyToProv"
          ]
        }
      ]
    },
    {
      "module": "module.aci.module.aci_endpoint_group[\"demo-05/network-segments/10.0.91.0_24-epg-01\"]",
      "mode": "managed",
      "type": "aci_rest_managed",
      "name": "fvRsDomAtt_vmm",
      "provider": "provider[\"registry.terraform.io/ciscodevnet/aci\"]",
      "instances": [
        {
          "index_key": "hx-dev-01-vds-01",
          "schema_version": 0,
          "attributes": {
            "annotation": "orchestrator:terraform",
            "child": [],
            "class_name": "fvRsDomAtt",
            "content": {
              "classPref": "encap",
              "customEpgName": "",
              "delimiter": "",
              "encap": "unknown",
              "encapMode": "auto",
              "instrImedcy": "immediate",
              "netflowPref": "disabled",
              "primaryEncap": "unknown",
              "resImedcy": "immediate",
              "switchingMode": "native",
              "tDn": "uni/vmmp-VMware/dom-hx-dev-01-vds-01"
            },
            "dn": "uni/tn-demo-05/ap-network-segments/epg-10.0.91.0_24-epg-01/rsdomAtt-[uni/vmmp-VMware/dom-hx-dev-01-vds-01]",
            "id": "uni/tn-demo-05/ap-network-segments/epg-10.0.91.0_24-epg-01/rsdomAtt-[uni/vmmp-VMware/dom-hx-dev-01-vds-01]"
          },
          "sensitive_attributes": [],
          "dependencies": [
            "module.aci.data.utils_yaml_merge.defaults",
            "module.aci.data.utils_yaml_merge.model",
            "module.aci.data.utils_yaml_merge.modules",
            "module.aci.module.aci_application_profile.aci_rest_managed.fvAp",
            "module.aci.module.aci_bfd_interface_policy.aci_rest_managed.bfdIfPol",
            "module.aci.module.aci_bgp_timer_policy.aci_rest_managed.bgpCtxPol",
            "module.aci.module.aci_bridge_domain.aci_rest_managed.dhcpLbl",
            "module.aci.module.aci_bridge_domain.aci_rest_managed.dhcpRsDhcpOptionPol",
            "module.aci.module.aci_bridge_domain.aci_rest_managed.fvBD",
            "module.aci.module.aci_bridge_domain.aci_rest_managed.fvRsBDToOut",
            "module.aci.module.aci_bridge_domain.aci_rest_managed.fvRsCtx",
            "module.aci.module.aci_bridge_domain.aci_rest_managed.fvRsIgmpsn",
            "module.aci.module.aci_bridge_domain.aci_rest_managed.fvRsNdPfxPol",
            "module.aci.module.aci_bridge_domain.aci_rest_managed.fvSubnet",
            "module.aci.module.aci_bridge_domain.aci_rest_managed.igmpIfP",
            "module.aci.module.aci_bridge_domain.aci_rest_managed.igmpRsIfPol",
            "module.aci.module.aci_bridge_domain.aci_rest_managed.pimBDDestFilterPol",
            "module.aci.module.aci_bridge_domain.aci_rest_managed.pimBDFilterPol",
            "module.aci.module.aci_bridge_domain.aci_rest_managed.pimBDP",
            "module.aci.module.aci_bridge_domain.aci_rest_managed.pimBDSrcFilterPol",
            "module.aci.module.aci_bridge_domain.aci_rest_managed.rtdmcRsFilterToRtMapPol_destination",
            "module.aci.module.aci_bridge_domain.aci_rest_managed.rtdmcRsFilterToRtMapPol_source",
            "module.aci.module.aci_bridge_domain.aci_rest_managed.tagTag",
            "module.aci.module.aci_contract.aci_rest_managed.vzBrCP",
            "module.aci.module.aci_contract.aci_rest_managed.vzRsSubjFiltAtt",
            "module.aci.module.aci_contract.aci_rest_managed.vzRsSubjGraphAtt",
            "module.aci.module.aci_contract.aci_rest_managed.vzSubj",
            "module.aci.module.aci_dhcp_option_policy.aci_rest_managed.dhcpOption",
            "module.aci.module.aci_dhcp_option_policy.aci_rest_managed.dhcpOptionPol",
            "module.aci.module.aci_dhcp_relay_policy.aci_rest_managed.dhcpRelayP",
            "module.aci.module.aci_dhcp_relay_policy.aci_rest_managed.dhcpRsProv",
            "module.aci.module.aci_eigrp_interface_policy.aci_rest_managed.eigrpIfPol",
            "module.aci.module.aci_endpoint_group.aci_rest_managed.fvAEPg",
            "module.aci.module.aci_filter.aci_rest_managed.vzEntry",
            "module.aci.module.aci_filter.aci_rest_managed.vzFilter",
            "module.aci.module.aci_imported_contract.aci_rest_managed.vzCPIf",
            "module.aci.module.aci_imported_contract.aci_rest_managed.vzRsIf",
            "module.aci.module.aci_l3out.aci_rest_managed.bgpExtP",
            "module.aci.module.aci_l3out.aci_rest_managed.eigrpExtP",
            "module.aci.module.aci_l3out.aci_rest_managed.l3extConsLbl",
            "module.aci.module.aci_l3out.aci_rest_managed.l3extDefaultRouteLeakP",
            "module.aci.module.aci_l3out.aci_rest_managed.l3extInstP_sr_mpls",
            "module.aci.module.aci_l3out.aci_rest_managed.l3extOut",
            "module.aci.module.aci_l3out.aci_rest_managed.l3extProvLbl",
            "module.aci.module.aci_l3out.aci_rest_managed.l3extRsDampeningPol_ipv4",
            "module.aci.module.aci_l3out.aci_rest_managed.l3extRsDampeningPol_ipv6",
            "module.aci.module.aci_l3out.aci_rest_managed.l3extRsEctx",
            "module.aci.module.aci_l3out.aci_rest_managed.l3extRsInterleakPol",
            "module.aci.module.aci_l3out.aci_rest_managed.l3extRsL3DomAtt",
            "module.aci.module.aci_l3out.aci_rest_managed.l3extRsLblToProfile_export",
            "module.aci.module.aci_l3out.aci_rest_managed.l3extRsLblToProfile_import",
            "module.aci.module.aci_l3out.aci_rest_managed.l3extRsRedistributePol",
            "module.aci.module.aci_l3out.aci_rest_managed.mplsExtP",
            "module.aci.module.aci_l3out.aci_rest_managed.mplsRsLabelPol",
            "module.aci.module.aci_l3out.aci_rest_managed.ospfExtP",
            "module.aci.module.aci_l3out.aci_rest_managed.pimExtP",
            "module.aci.module.aci_l3out.aci_rest_managed.rtctrlCtxP_export",
            "module.aci.module.aci_l3out.aci_rest_managed.rtctrlCtxP_import",
            "module.aci.module.aci_l3out.aci_rest_managed.rtctrlProfile_export",
            "module.aci.module.aci_l3out.aci_rest_managed.rtctrlProfile_import",
            "module.aci.module.aci_l3out.aci_rest_managed.rtctrlRsCtxPToSubjP_export",
            "module.aci.module.aci_l3out.aci_rest_managed.rtctrlRsCtxPToSubjP_import",
            "module.aci.module.aci_l3out.aci_rest_managed.rtctrlRsScopeToAttrP_export",
            "module.aci.module.aci_l3out.aci_rest_managed.rtctrlRsScopeToAttrP_import",
            "module.aci.module.aci_l3out.aci_rest_managed.rtctrlScope_export",
            "module.aci.module.aci_l3out.aci_rest_managed.rtctrlScope_import",
            "module.aci.module.aci_match_rule.aci_rest_managed.rtctrlMatchCommFactor",
            "module.aci.module.aci_match_rule.aci_rest_managed.rtctrlMatchCommRegexTerm",
            "module.aci.module.aci_match_rule.aci_rest_managed.rtctrlMatchCommTerm",
            "module.aci.module.aci_match_rule.aci_rest_managed.rtctrlMatchRtDest",
            "module.aci.module.aci_match_rule.aci_rest_managed.rtctrlSubjP",
            "module.aci.module.aci_ospf_interface_policy.aci_rest_managed.ospfIfPol",
            "module.aci.module.aci_set_rule.aci_rest_managed.rtctrlAttrP",
            "module.aci.module.aci_set_rule.aci_rest_managed.rtctrlRsSetPolicyTagToInstP",
            "module.aci.module.aci_set_rule.aci_rest_managed.rtctrlSetASPath",
            "module.aci.module.aci_set_rule.aci_rest_managed.rtctrlSetASPathASN",
            "module.aci.module.aci_set_rule.aci_rest_managed.rtctrlSetAddComm",
            "module.aci.module.aci_set_rule.aci_rest_managed.rtctrlSetComm",
            "module.aci.module.aci_set_rule.aci_rest_managed.rtctrlSetDamp",
            "module.aci.module.aci_set_rule.aci_rest_managed.rtctrlSetNh",
            "module.aci.module.aci_set_rule.aci_rest_managed.rtctrlSetNhUnchanged",
            "module.aci.module.aci_set_rule.aci_rest_managed.rtctrlSetPolicyTag",
            "module.aci.module.aci_set_rule.aci_rest_managed.rtctrlSetPref",
            "module.aci.module.aci_set_rule.aci_rest_managed.rtctrlSetRedistMultipath",
            "module.aci.module.aci_set_rule.aci_rest_managed.rtctrlSetRtMetric",
            "module.aci.module.aci_set_rule.aci_rest_managed.rtctrlSetRtMetricType",
            "module.aci.module.aci_set_rule.aci_rest_managed.rtctrlSetTag",
            "module.aci.module.aci_set_rule.aci_rest_managed.rtctrlSetWeight",
            "module.aci.module.aci_tenant.aci_rest_managed.aaaDomainRef",
            "module.aci.module.aci_tenant.aci_rest_managed.fvTenant",
            "module.aci.module.aci_vlan_pool.aci_rest_managed.fvnsEncapBlk",
            "module.aci.module.aci_vlan_pool.aci_rest_managed.fvnsVlanInstP",
            "module.aci.module.aci_vmware_vmm_domain.aci_rest_managed.aaaDomainRef",
            "module.aci.module.aci_vmware_vmm_domain.aci_rest_managed.infraRsVlanNs",
            "module.aci.module.aci_vmware_vmm_domain.aci_rest_managed.lacpEnhancedLagPol",
            "module.aci.module.aci_vmware_vmm_domain.aci_rest_managed.vmmCtrlrP",
            "module.aci.module.aci_vmware_vmm_domain.aci_rest_managed.vmmDomP",
            "module.aci.module.aci_vmware_vmm_domain.aci_rest_managed.vmmRsAcc",
            "module.aci.module.aci_vmware_vmm_domain.aci_rest_managed.vmmRsMgmtEPg",
            "module.aci.module.aci_vmware_vmm_domain.aci_rest_managed.vmmRsVswitchOverrideCdpIfPol",
            "module.aci.module.aci_vmware_vmm_domain.aci_rest_managed.vmmRsVswitchOverrideLacpPol",
            "module.aci.module.aci_vmware_vmm_domain.aci_rest_managed.vmmRsVswitchOverrideLldpIfPol",
            "module.aci.module.aci_vmware_vmm_domain.aci_rest_managed.vmmRsVswitchOverrideMtuPol",
            "module.aci.module.aci_vmware_vmm_domain.aci_rest_managed.vmmUplinkP",
            "module.aci.module.aci_vmware_vmm_domain.aci_rest_managed.vmmUplinkPCont",
            "module.aci.module.aci_vmware_vmm_domain.aci_rest_managed.vmmUsrAccP",
            "module.aci.module.aci_vmware_vmm_domain.aci_rest_managed.vmmVSwitchPolicyCont",
            "module.aci.module.aci_vrf.aci_rest_managed.bgpRtTargetP_ipv4",
            "module.aci.module.aci_vrf.aci_rest_managed.bgpRtTargetP_ipv6",
            "module.aci.module.aci_vrf.aci_rest_managed.bgpRtTarget_ipv4_export",
            "module.aci.module.aci_vrf.aci_rest_managed.bgpRtTarget_ipv4_import",
            "module.aci.module.aci_vrf.aci_rest_managed.bgpRtTarget_ipv6_export",
            "module.aci.module.aci_vrf.aci_rest_managed.bgpRtTarget_ipv6_import",
            "module.aci.module.aci_vrf.aci_rest_managed.dnsLbl",
            "module.aci.module.aci_vrf.aci_rest_managed.fvCtx",
            "module.aci.module.aci_vrf.aci_rest_managed.fvRsBgpCtxPol",
            "module.aci.module.aci_vrf.aci_rest_managed.fvRsCtxToBgpCtxAfPol_ipv4",
            "module.aci.module.aci_vrf.aci_rest_managed.fvRsCtxToBgpCtxAfPol_ipv6",
            "module.aci.module.aci_vrf.aci_rest_managed.fvRsCtxToExtRouteTagPol",
            "module.aci.module.aci_vrf.aci_rest_managed.fvRsCtxToOspfCtxPol_ipv4",
            "module.aci.module.aci_vrf.aci_rest_managed.fvRsCtxToOspfCtxPol_ipv6",
            "module.aci.module.aci_vrf.aci_rest_managed.fvRsOspfCtxPol",
            "module.aci.module.aci_vrf.aci_rest_managed.igmpCtxP",
            "module.aci.module.aci_vrf.aci_rest_managed.igmpSSMXlateP",
            "module.aci.module.aci_vrf.aci_rest_managed.leakExternalPrefix",
            "module.aci.module.aci_vrf.aci_rest_managed.leakInternalSubnet",
            "module.aci.module.aci_vrf.aci_rest_managed.leakRoutes",
            "module.aci.module.aci_vrf.aci_rest_managed.leakTo_external",
            "module.aci.module.aci_vrf.aci_rest_managed.leakTo_internal",
            "module.aci.module.aci_vrf.aci_rest_managed.pimASMPatPol",
            "module.aci.module.aci_vrf.aci_rest_managed.pimAutoRPPol",
            "module.aci.module.aci_vrf.aci_rest_managed.pimBSRFilterPol",
            "module.aci.module.aci_vrf.aci_rest_managed.pimBSRPPol",
            "module.aci.module.aci_vrf.aci_rest_managed.pimCtxP",
            "module.aci.module.aci_vrf.aci_rest_managed.pimFabricRPPol",
            "module.aci.module.aci_vrf.aci_rest_managed.pimInterVRFEntryPol",
            "module.aci.module.aci_vrf.aci_rest_managed.pimInterVRFPol",
            "module.aci.module.aci_vrf.aci_rest_managed.pimMAFilterPol",
            "module.aci.module.aci_vrf.aci_rest_managed.pimRPGrpRangePol_fabric_rp",
            "module.aci.module.aci_vrf.aci_rest_managed.pimRPGrpRangePol_static_rp",
            "module.aci.module.aci_vrf.aci_rest_managed.pimRegTrPol",
            "module.aci.module.aci_vrf.aci_rest_managed.pimResPol",
            "module.aci.module.aci_vrf.aci_rest_managed.pimSGRangeExpPol",
            "module.aci.module.aci_vrf.aci_rest_managed.pimSSMPatPol",
            "module.aci.module.aci_vrf.aci_rest_managed.pimSSMRangePol",
            "module.aci.module.aci_vrf.aci_rest_managed.pimSharedRangePol",
            "module.aci.module.aci_vrf.aci_rest_managed.pimStaticRPEntryPol_fabric_rp",
            "module.aci.module.aci_vrf.aci_rest_managed.pimStaticRPEntryPol_static_rp",
            "module.aci.module.aci_vrf.aci_rest_managed.pimStaticRPPol",
            "module.aci.module.aci_vrf.aci_rest_managed.rtdmcRsFilterToRtMapPol_asm_sg_expiry",
            "module.aci.module.aci_vrf.aci_rest_managed.rtdmcRsFilterToRtMapPol_asm_shared",
            "module.aci.module.aci_vrf.aci_rest_managed.rtdmcRsFilterToRtMapPol_auto_rp",
            "module.aci.module.aci_vrf.aci_rest_managed.rtdmcRsFilterToRtMapPol_bsr",
            "module.aci.module.aci_vrf.aci_rest_managed.rtdmcRsFilterToRtMapPol_fabric_rp",
            "module.aci.module.aci_vrf.aci_rest_managed.rtdmcRsFilterToRtMapPol_pim_inter_vrf",
            "module.aci.module.aci_vrf.aci_rest_managed.rtdmcRsFilterToRtMapPol_ssm_range",
            "module.aci.module.aci_vrf.aci_rest_managed.rtdmcRsFilterToRtMapPol_static_rp",
            "module.aci.module.aci_vrf.aci_rest_managed.vzAny",
            "module.aci.module.aci_vrf.aci_rest_managed.vzRsAnyToCons",
            "module.aci.module.aci_vrf.aci_rest_managed.vzRsAnyToConsIf",
            "module.aci.module.aci_vrf.aci_rest_managed.vzRsAnyToProv"
          ]
        }
      ]
    },
    {
      "module": "module.aci.module.aci_endpoint_group[\"demo-05/network-segments/10.0.91.0_24-epg-01\"]",
      "mode": "managed",
      "type": "aci_rest_managed",
      "name": "vmmSecP",
      "provider": "provider[\"registry.terraform.io/ciscodevnet/aci\"]",
      "instances": [
        {
          "index_key": "hx-dev-01-vds-01",
          "schema_version": 0,
          "attributes": {
            "annotation": "orchestrator:terraform",
            "child": [],
            "class_name": "vmmSecP",
            "content": {
              "allowPromiscuous": "reject",
              "forgedTransmits": "reject",
              "macChanges": "reject"
            },
            "dn": "uni/tn-demo-05/ap-network-segments/epg-10.0.91.0_24-epg-01/rsdomAtt-[uni/vmmp-VMware/dom-hx-dev-01-vds-01]/sec",
            "id": "uni/tn-demo-05/ap-network-segments/epg-10.0.91.0_24-epg-01/rsdomAtt-[uni/vmmp-VMware/dom-hx-dev-01-vds-01]/sec"
          },
          "sensitive_attributes": [],
          "dependencies": [
            "module.aci.data.utils_yaml_merge.defaults",
            "module.aci.data.utils_yaml_merge.model",
            "module.aci.data.utils_yaml_merge.modules",
            "module.aci.module.aci_application_profile.aci_rest_managed.fvAp",
            "module.aci.module.aci_bfd_interface_policy.aci_rest_managed.bfdIfPol",
            "module.aci.module.aci_bgp_timer_policy.aci_rest_managed.bgpCtxPol",
            "module.aci.module.aci_bridge_domain.aci_rest_managed.dhcpLbl",
            "module.aci.module.aci_bridge_domain.aci_rest_managed.dhcpRsDhcpOptionPol",
            "module.aci.module.aci_bridge_domain.aci_rest_managed.fvBD",
            "module.aci.module.aci_bridge_domain.aci_rest_managed.fvRsBDToOut",
            "module.aci.module.aci_bridge_domain.aci_rest_managed.fvRsCtx",
            "module.aci.module.aci_bridge_domain.aci_rest_managed.fvRsIgmpsn",
            "module.aci.module.aci_bridge_domain.aci_rest_managed.fvRsNdPfxPol",
            "module.aci.module.aci_bridge_domain.aci_rest_managed.fvSubnet",
            "module.aci.module.aci_bridge_domain.aci_rest_managed.igmpIfP",
            "module.aci.module.aci_bridge_domain.aci_rest_managed.igmpRsIfPol",
            "module.aci.module.aci_bridge_domain.aci_rest_managed.pimBDDestFilterPol",
            "module.aci.module.aci_bridge_domain.aci_rest_managed.pimBDFilterPol",
            "module.aci.module.aci_bridge_domain.aci_rest_managed.pimBDP",
            "module.aci.module.aci_bridge_domain.aci_rest_managed.pimBDSrcFilterPol",
            "module.aci.module.aci_bridge_domain.aci_rest_managed.rtdmcRsFilterToRtMapPol_destination",
            "module.aci.module.aci_bridge_domain.aci_rest_managed.rtdmcRsFilterToRtMapPol_source",
            "module.aci.module.aci_bridge_domain.aci_rest_managed.tagTag",
            "module.aci.module.aci_contract.aci_rest_managed.vzBrCP",
            "module.aci.module.aci_contract.aci_rest_managed.vzRsSubjFiltAtt",
            "module.aci.module.aci_contract.aci_rest_managed.vzRsSubjGraphAtt",
            "module.aci.module.aci_contract.aci_rest_managed.vzSubj",
            "module.aci.module.aci_dhcp_option_policy.aci_rest_managed.dhcpOption",
            "module.aci.module.aci_dhcp_option_policy.aci_rest_managed.dhcpOptionPol",
            "module.aci.module.aci_dhcp_relay_policy.aci_rest_managed.dhcpRelayP",
            "module.aci.module.aci_dhcp_relay_policy.aci_rest_managed.dhcpRsProv",
            "module.aci.module.aci_eigrp_interface_policy.aci_rest_managed.eigrpIfPol",
            "module.aci.module.aci_endpoint_group.aci_rest_managed.fvAEPg",
            "module.aci.module.aci_endpoint_group.aci_rest_managed.fvRsDomAtt_vmm",
            "module.aci.module.aci_filter.aci_rest_managed.vzEntry",
            "module.aci.module.aci_filter.aci_rest_managed.vzFilter",
            "module.aci.module.aci_imported_contract.aci_rest_managed.vzCPIf",
            "module.aci.module.aci_imported_contract.aci_rest_managed.vzRsIf",
            "module.aci.module.aci_l3out.aci_rest_managed.bgpExtP",
            "module.aci.module.aci_l3out.aci_rest_managed.eigrpExtP",
            "module.aci.module.aci_l3out.aci_rest_managed.l3extConsLbl",
            "module.aci.module.aci_l3out.aci_rest_managed.l3extDefaultRouteLeakP",
            "module.aci.module.aci_l3out.aci_rest_managed.l3extInstP_sr_mpls",
            "module.aci.module.aci_l3out.aci_rest_managed.l3extOut",
            "module.aci.module.aci_l3out.aci_rest_managed.l3extProvLbl",
            "module.aci.module.aci_l3out.aci_rest_managed.l3extRsDampeningPol_ipv4",
            "module.aci.module.aci_l3out.aci_rest_managed.l3extRsDampeningPol_ipv6",
            "module.aci.module.aci_l3out.aci_rest_managed.l3extRsEctx",
            "module.aci.module.aci_l3out.aci_rest_managed.l3extRsInterleakPol",
            "module.aci.module.aci_l3out.aci_rest_managed.l3extRsL3DomAtt",
            "module.aci.module.aci_l3out.aci_rest_managed.l3extRsLblToProfile_export",
            "module.aci.module.aci_l3out.aci_rest_managed.l3extRsLblToProfile_import",
            "module.aci.module.aci_l3out.aci_rest_managed.l3extRsRedistributePol",
            "module.aci.module.aci_l3out.aci_rest_managed.mplsExtP",
            "module.aci.module.aci_l3out.aci_rest_managed.mplsRsLabelPol",
            "module.aci.module.aci_l3out.aci_rest_managed.ospfExtP",
            "module.aci.module.aci_l3out.aci_rest_managed.pimExtP",
            "module.aci.module.aci_l3out.aci_rest_managed.rtctrlCtxP_export",
            "module.aci.module.aci_l3out.aci_rest_managed.rtctrlCtxP_import",
            "module.aci.module.aci_l3out.aci_rest_managed.rtctrlProfile_export",
            "module.aci.module.aci_l3out.aci_rest_managed.rtctrlProfile_import",
            "module.aci.module.aci_l3out.aci_rest_managed.rtctrlRsCtxPToSubjP_export",
            "module.aci.module.aci_l3out.aci_rest_managed.rtctrlRsCtxPToSubjP_import",
            "module.aci.module.aci_l3out.aci_rest_managed.rtctrlRsScopeToAttrP_export",
            "module.aci.module.aci_l3out.aci_rest_managed.rtctrlRsScopeToAttrP_import",
            "module.aci.module.aci_l3out.aci_rest_managed.rtctrlScope_export",
            "module.aci.module.aci_l3out.aci_rest_managed.rtctrlScope_import",
            "module.aci.module.aci_match_rule.aci_rest_managed.rtctrlMatchCommFactor",
            "module.aci.module.aci_match_rule.aci_rest_managed.rtctrlMatchCommRegexTerm",
            "module.aci.module.aci_match_rule.aci_rest_managed.rtctrlMatchCommTerm",
            "module.aci.module.aci_match_rule.aci_rest_managed.rtctrlMatchRtDest",
            "module.aci.module.aci_match_rule.aci_rest_managed.rtctrlSubjP",
            "module.aci.module.aci_ospf_interface_policy.aci_rest_managed.ospfIfPol",
            "module.aci.module.aci_set_rule.aci_rest_managed.rtctrlAttrP",
            "module.aci.module.aci_set_rule.aci_rest_managed.rtctrlRsSetPolicyTagToInstP",
            "module.aci.module.aci_set_rule.aci_rest_managed.rtctrlSetASPath",
            "module.aci.module.aci_set_rule.aci_rest_managed.rtctrlSetASPathASN",
            "module.aci.module.aci_set_rule.aci_rest_managed.rtctrlSetAddComm",
            "module.aci.module.aci_set_rule.aci_rest_managed.rtctrlSetComm",
            "module.aci.module.aci_set_rule.aci_rest_managed.rtctrlSetDamp",
            "module.aci.module.aci_set_rule.aci_rest_managed.rtctrlSetNh",
            "module.aci.module.aci_set_rule.aci_rest_managed.rtctrlSetNhUnchanged",
            "module.aci.module.aci_set_rule.aci_rest_managed.rtctrlSetPolicyTag",
            "module.aci.module.aci_set_rule.aci_rest_managed.rtctrlSetPref",
            "module.aci.module.aci_set_rule.aci_rest_managed.rtctrlSetRedistMultipath",
            "module.aci.module.aci_set_rule.aci_rest_managed.rtctrlSetRtMetric",
            "module.aci.module.aci_set_rule.aci_rest_managed.rtctrlSetRtMetricType",
            "module.aci.module.aci_set_rule.aci_rest_managed.rtctrlSetTag",
            "module.aci.module.aci_set_rule.aci_rest_managed.rtctrlSetWeight",
            "module.aci.module.aci_tenant.aci_rest_managed.aaaDomainRef",
            "module.aci.module.aci_tenant.aci_rest_managed.fvTenant",
            "module.aci.module.aci_vlan_pool.aci_rest_managed.fvnsEncapBlk",
            "module.aci.module.aci_vlan_pool.aci_rest_managed.fvnsVlanInstP",
            "module.aci.module.aci_vmware_vmm_domain.aci_rest_managed.aaaDomainRef",
            "module.aci.module.aci_vmware_vmm_domain.aci_rest_managed.infraRsVlanNs",
            "module.aci.module.aci_vmware_vmm_domain.aci_rest_managed.lacpEnhancedLagPol",
            "module.aci.module.aci_vmware_vmm_domain.aci_rest_managed.vmmCtrlrP",
            "module.aci.module.aci_vmware_vmm_domain.aci_rest_managed.vmmDomP",
            "module.aci.module.aci_vmware_vmm_domain.aci_rest_managed.vmmRsAcc",
            "module.aci.module.aci_vmware_vmm_domain.aci_rest_managed.vmmRsMgmtEPg",
            "module.aci.module.aci_vmware_vmm_domain.aci_rest_managed.vmmRsVswitchOverrideCdpIfPol",
            "module.aci.module.aci_vmware_vmm_domain.aci_rest_managed.vmmRsVswitchOverrideLacpPol",
            "module.aci.module.aci_vmware_vmm_domain.aci_rest_managed.vmmRsVswitchOverrideLldpIfPol",
            "module.aci.module.aci_vmware_vmm_domain.aci_rest_managed.vmmRsVswitchOverrideMtuPol",
            "module.aci.module.aci_vmware_vmm_domain.aci_rest_managed.vmmUplinkP",
            "module.aci.module.aci_vmware_vmm_domain.aci_rest_managed.vmmUplinkPCont",
            "module.aci.module.aci_vmware_vmm_domain.aci_rest_managed.vmmUsrAccP",
            "module.aci.module.aci_vmware_vmm_domain.aci_rest_managed.vmmVSwitchPolicyCont",
            "module.aci.module.aci_vrf.aci_rest_managed.bgpRtTargetP_ipv4",
            "module.aci.module.aci_vrf.aci_rest_managed.bgpRtTargetP_ipv6",
            "module.aci.module.aci_vrf.aci_rest_managed.bgpRtTarget_ipv4_export",
            "module.aci.module.aci_vrf.aci_rest_managed.bgpRtTarget_ipv4_import",
            "module.aci.module.aci_vrf.aci_rest_managed.bgpRtTarget_ipv6_export",
            "module.aci.module.aci_vrf.aci_rest_managed.bgpRtTarget_ipv6_import",
            "module.aci.module.aci_vrf.aci_rest_managed.dnsLbl",
            "module.aci.module.aci_vrf.aci_rest_managed.fvCtx",
            "module.aci.module.aci_vrf.aci_rest_managed.fvRsBgpCtxPol",
            "module.aci.module.aci_vrf.aci_rest_managed.fvRsCtxToBgpCtxAfPol_ipv4",
            "module.aci.module.aci_vrf.aci_rest_managed.fvRsCtxToBgpCtxAfPol_ipv6",
            "module.aci.module.aci_vrf.aci_rest_managed.fvRsCtxToExtRouteTagPol",
            "module.aci.module.aci_vrf.aci_rest_managed.fvRsCtxToOspfCtxPol_ipv4",
            "module.aci.module.aci_vrf.aci_rest_managed.fvRsCtxToOspfCtxPol_ipv6",
            "module.aci.module.aci_vrf.aci_rest_managed.fvRsOspfCtxPol",
            "module.aci.module.aci_vrf.aci_rest_managed.igmpCtxP",
            "module.aci.module.aci_vrf.aci_rest_managed.igmpSSMXlateP",
            "module.aci.module.aci_vrf.aci_rest_managed.leakExternalPrefix",
            "module.aci.module.aci_vrf.aci_rest_managed.leakInternalSubnet",
            "module.aci.module.aci_vrf.aci_rest_managed.leakRoutes",
            "module.aci.module.aci_vrf.aci_rest_managed.leakTo_external",
            "module.aci.module.aci_vrf.aci_rest_managed.leakTo_internal",
            "module.aci.module.aci_vrf.aci_rest_managed.pimASMPatPol",
            "module.aci.module.aci_vrf.aci_rest_managed.pimAutoRPPol",
            "module.aci.module.aci_vrf.aci_rest_managed.pimBSRFilterPol",
            "module.aci.module.aci_vrf.aci_rest_managed.pimBSRPPol",
            "module.aci.module.aci_vrf.aci_rest_managed.pimCtxP",
            "module.aci.module.aci_vrf.aci_rest_managed.pimFabricRPPol",
            "module.aci.module.aci_vrf.aci_rest_managed.pimInterVRFEntryPol",
            "module.aci.module.aci_vrf.aci_rest_managed.pimInterVRFPol",
            "module.aci.module.aci_vrf.aci_rest_managed.pimMAFilterPol",
            "module.aci.module.aci_vrf.aci_rest_managed.pimRPGrpRangePol_fabric_rp",
            "module.aci.module.aci_vrf.aci_rest_managed.pimRPGrpRangePol_static_rp",
            "module.aci.module.aci_vrf.aci_rest_managed.pimRegTrPol",
            "module.aci.module.aci_vrf.aci_rest_managed.pimResPol",
            "module.aci.module.aci_vrf.aci_rest_managed.pimSGRangeExpPol",
            "module.aci.module.aci_vrf.aci_rest_managed.pimSSMPatPol",
            "module.aci.module.aci_vrf.aci_rest_managed.pimSSMRangePol",
            "module.aci.module.aci_vrf.aci_rest_managed.pimSharedRangePol",
            "module.aci.module.aci_vrf.aci_rest_managed.pimStaticRPEntryPol_fabric_rp",
            "module.aci.module.aci_vrf.aci_rest_managed.pimStaticRPEntryPol_static_rp",
            "module.aci.module.aci_vrf.aci_rest_managed.pimStaticRPPol",
            "module.aci.module.aci_vrf.aci_rest_managed.rtdmcRsFilterToRtMapPol_asm_sg_expiry",
            "module.aci.module.aci_vrf.aci_rest_managed.rtdmcRsFilterToRtMapPol_asm_shared",
            "module.aci.module.aci_vrf.aci_rest_managed.rtdmcRsFilterToRtMapPol_auto_rp",
            "module.aci.module.aci_vrf.aci_rest_managed.rtdmcRsFilterToRtMapPol_bsr",
            "module.aci.module.aci_vrf.aci_rest_managed.rtdmcRsFilterToRtMapPol_fabric_rp",
            "module.aci.module.aci_vrf.aci_rest_managed.rtdmcRsFilterToRtMapPol_pim_inter_vrf",
            "module.aci.module.aci_vrf.aci_rest_managed.rtdmcRsFilterToRtMapPol_ssm_range",
            "module.aci.module.aci_vrf.aci_rest_managed.rtdmcRsFilterToRtMapPol_static_rp",
            "module.aci.module.aci_vrf.aci_rest_managed.vzAny",
            "module.aci.module.aci_vrf.aci_rest_managed.vzRsAnyToCons",
            "module.aci.module.aci_vrf.aci_rest_managed.vzRsAnyToConsIf",
            "module.aci.module.aci_vrf.aci_rest_managed.vzRsAnyToProv"
          ]
        }
      ]
    },
    {
      "module": "module.aci.module.aci_endpoint_group[\"demo-05/network-segments/10.0.91.0_24-epg-02\"]",
      "mode": "managed",
      "type": "aci_rest_managed",
      "name": "fvAEPg",
      "provider": "provider[\"registry.terraform.io/ciscodevnet/aci\"]",
      "instances": [
        {
          "schema_version": 0,
          "attributes": {
            "annotation": "orchestrator:terraform",
            "child": [],
            "class_name": "fvAEPg",
            "content": {
              "descr": "",
              "floodOnEncap": "disabled",
              "fwdCtrl": "",
              "name": "10.0.91.0_24-epg-02",
              "nameAlias": "internal-vrf-02",
              "pcEnfPref": "unenforced",
              "prefGrMemb": "exclude",
              "prio": "unspecified"
            },
            "dn": "uni/tn-demo-05/ap-network-segments/epg-10.0.91.0_24-epg-02",
            "id": "uni/tn-demo-05/ap-network-segments/epg-10.0.91.0_24-epg-02"
          },
          "sensitive_attributes": [],
          "dependencies": [
            "module.aci.data.utils_yaml_merge.defaults",
            "module.aci.data.utils_yaml_merge.model",
            "module.aci.data.utils_yaml_merge.modules",
            "module.aci.module.aci_application_profile.aci_rest_managed.fvAp",
            "module.aci.module.aci_bfd_interface_policy.aci_rest_managed.bfdIfPol",
            "module.aci.module.aci_bgp_timer_policy.aci_rest_managed.bgpCtxPol",
            "module.aci.module.aci_bridge_domain.aci_rest_managed.dhcpLbl",
            "module.aci.module.aci_bridge_domain.aci_rest_managed.dhcpRsDhcpOptionPol",
            "module.aci.module.aci_bridge_domain.aci_rest_managed.fvBD",
            "module.aci.module.aci_bridge_domain.aci_rest_managed.fvRsBDToOut",
            "module.aci.module.aci_bridge_domain.aci_rest_managed.fvRsCtx",
            "module.aci.module.aci_bridge_domain.aci_rest_managed.fvRsIgmpsn",
            "module.aci.module.aci_bridge_domain.aci_rest_managed.fvRsNdPfxPol",
            "module.aci.module.aci_bridge_domain.aci_rest_managed.fvSubnet",
            "module.aci.module.aci_bridge_domain.aci_rest_managed.igmpIfP",
            "module.aci.module.aci_bridge_domain.aci_rest_managed.igmpRsIfPol",
            "module.aci.module.aci_bridge_domain.aci_rest_managed.pimBDDestFilterPol",
            "module.aci.module.aci_bridge_domain.aci_rest_managed.pimBDFilterPol",
            "module.aci.module.aci_bridge_domain.aci_rest_managed.pimBDP",
            "module.aci.module.aci_bridge_domain.aci_rest_managed.pimBDSrcFilterPol",
            "module.aci.module.aci_bridge_domain.aci_rest_managed.rtdmcRsFilterToRtMapPol_destination",
            "module.aci.module.aci_bridge_domain.aci_rest_managed.rtdmcRsFilterToRtMapPol_source",
            "module.aci.module.aci_bridge_domain.aci_rest_managed.tagTag",
            "module.aci.module.aci_contract.aci_rest_managed.vzBrCP",
            "module.aci.module.aci_contract.aci_rest_managed.vzRsSubjFiltAtt",
            "module.aci.module.aci_contract.aci_rest_managed.vzRsSubjGraphAtt",
            "module.aci.module.aci_contract.aci_rest_managed.vzSubj",
            "module.aci.module.aci_dhcp_option_policy.aci_rest_managed.dhcpOption",
            "module.aci.module.aci_dhcp_option_policy.aci_rest_managed.dhcpOptionPol",
            "module.aci.module.aci_dhcp_relay_policy.aci_rest_managed.dhcpRelayP",
            "module.aci.module.aci_dhcp_relay_policy.aci_rest_managed.dhcpRsProv",
            "module.aci.module.aci_eigrp_interface_policy.aci_rest_managed.eigrpIfPol",
            "module.aci.module.aci_filter.aci_rest_managed.vzEntry",
            "module.aci.module.aci_filter.aci_rest_managed.vzFilter",
            "module.aci.module.aci_imported_contract.aci_rest_managed.vzCPIf",
            "module.aci.module.aci_imported_contract.aci_rest_managed.vzRsIf",
            "module.aci.module.aci_l3out.aci_rest_managed.bgpExtP",
            "module.aci.module.aci_l3out.aci_rest_managed.eigrpExtP",
            "module.aci.module.aci_l3out.aci_rest_managed.l3extConsLbl",
            "module.aci.module.aci_l3out.aci_rest_managed.l3extDefaultRouteLeakP",
            "module.aci.module.aci_l3out.aci_rest_managed.l3extInstP_sr_mpls",
            "module.aci.module.aci_l3out.aci_rest_managed.l3extOut",
            "module.aci.module.aci_l3out.aci_rest_managed.l3extProvLbl",
            "module.aci.module.aci_l3out.aci_rest_managed.l3extRsDampeningPol_ipv4",
            "module.aci.module.aci_l3out.aci_rest_managed.l3extRsDampeningPol_ipv6",
            "module.aci.module.aci_l3out.aci_rest_managed.l3extRsEctx",
            "module.aci.module.aci_l3out.aci_rest_managed.l3extRsInterleakPol",
            "module.aci.module.aci_l3out.aci_rest_managed.l3extRsL3DomAtt",
            "module.aci.module.aci_l3out.aci_rest_managed.l3extRsLblToProfile_export",
            "module.aci.module.aci_l3out.aci_rest_managed.l3extRsLblToProfile_import",
            "module.aci.module.aci_l3out.aci_rest_managed.l3extRsRedistributePol",
            "module.aci.module.aci_l3out.aci_rest_managed.mplsExtP",
            "module.aci.module.aci_l3out.aci_rest_managed.mplsRsLabelPol",
            "module.aci.module.aci_l3out.aci_rest_managed.ospfExtP",
            "module.aci.module.aci_l3out.aci_rest_managed.pimExtP",
            "module.aci.module.aci_l3out.aci_rest_managed.rtctrlCtxP_export",
            "module.aci.module.aci_l3out.aci_rest_managed.rtctrlCtxP_import",
            "module.aci.module.aci_l3out.aci_rest_managed.rtctrlProfile_export",
            "module.aci.module.aci_l3out.aci_rest_managed.rtctrlProfile_import",
            "module.aci.module.aci_l3out.aci_rest_managed.rtctrlRsCtxPToSubjP_export",
            "module.aci.module.aci_l3out.aci_rest_managed.rtctrlRsCtxPToSubjP_import",
            "module.aci.module.aci_l3out.aci_rest_managed.rtctrlRsScopeToAttrP_export",
            "module.aci.module.aci_l3out.aci_rest_managed.rtctrlRsScopeToAttrP_import",
            "module.aci.module.aci_l3out.aci_rest_managed.rtctrlScope_export",
            "module.aci.module.aci_l3out.aci_rest_managed.rtctrlScope_import",
            "module.aci.module.aci_match_rule.aci_rest_managed.rtctrlMatchCommFactor",
            "module.aci.module.aci_match_rule.aci_rest_managed.rtctrlMatchCommRegexTerm",
            "module.aci.module.aci_match_rule.aci_rest_managed.rtctrlMatchCommTerm",
            "module.aci.module.aci_match_rule.aci_rest_managed.rtctrlMatchRtDest",
            "module.aci.module.aci_match_rule.aci_rest_managed.rtctrlSubjP",
            "module.aci.module.aci_ospf_interface_policy.aci_rest_managed.ospfIfPol",
            "module.aci.module.aci_set_rule.aci_rest_managed.rtctrlAttrP",
            "module.aci.module.aci_set_rule.aci_rest_managed.rtctrlRsSetPolicyTagToInstP",
            "module.aci.module.aci_set_rule.aci_rest_managed.rtctrlSetASPath",
            "module.aci.module.aci_set_rule.aci_rest_managed.rtctrlSetASPathASN",
            "module.aci.module.aci_set_rule.aci_rest_managed.rtctrlSetAddComm",
            "module.aci.module.aci_set_rule.aci_rest_managed.rtctrlSetComm",
            "module.aci.module.aci_set_rule.aci_rest_managed.rtctrlSetDamp",
            "module.aci.module.aci_set_rule.aci_rest_managed.rtctrlSetNh",
            "module.aci.module.aci_set_rule.aci_rest_managed.rtctrlSetNhUnchanged",
            "module.aci.module.aci_set_rule.aci_rest_managed.rtctrlSetPolicyTag",
            "module.aci.module.aci_set_rule.aci_rest_managed.rtctrlSetPref",
            "module.aci.module.aci_set_rule.aci_rest_managed.rtctrlSetRedistMultipath",
            "module.aci.module.aci_set_rule.aci_rest_managed.rtctrlSetRtMetric",
            "module.aci.module.aci_set_rule.aci_rest_managed.rtctrlSetRtMetricType",
            "module.aci.module.aci_set_rule.aci_rest_managed.rtctrlSetTag",
            "module.aci.module.aci_set_rule.aci_rest_managed.rtctrlSetWeight",
            "module.aci.module.aci_tenant.aci_rest_managed.aaaDomainRef",
            "module.aci.module.aci_tenant.aci_rest_managed.fvTenant",
            "module.aci.module.aci_vlan_pool.aci_rest_managed.fvnsEncapBlk",
            "module.aci.module.aci_vlan_pool.aci_rest_managed.fvnsVlanInstP",
            "module.aci.module.aci_vmware_vmm_domain.aci_rest_managed.aaaDomainRef",
            "module.aci.module.aci_vmware_vmm_domain.aci_rest_managed.infraRsVlanNs",
            "module.aci.module.aci_vmware_vmm_domain.aci_rest_managed.lacpEnhancedLagPol",
            "module.aci.module.aci_vmware_vmm_domain.aci_rest_managed.vmmCtrlrP",
            "module.aci.module.aci_vmware_vmm_domain.aci_rest_managed.vmmDomP",
            "module.aci.module.aci_vmware_vmm_domain.aci_rest_managed.vmmRsAcc",
            "module.aci.module.aci_vmware_vmm_domain.aci_rest_managed.vmmRsMgmtEPg",
            "module.aci.module.aci_vmware_vmm_domain.aci_rest_managed.vmmRsVswitchOverrideCdpIfPol",
            "module.aci.module.aci_vmware_vmm_domain.aci_rest_managed.vmmRsVswitchOverrideLacpPol",
            "module.aci.module.aci_vmware_vmm_domain.aci_rest_managed.vmmRsVswitchOverrideLldpIfPol",
            "module.aci.module.aci_vmware_vmm_domain.aci_rest_managed.vmmRsVswitchOverrideMtuPol",
            "module.aci.module.aci_vmware_vmm_domain.aci_rest_managed.vmmUplinkP",
            "module.aci.module.aci_vmware_vmm_domain.aci_rest_managed.vmmUplinkPCont",
            "module.aci.module.aci_vmware_vmm_domain.aci_rest_managed.vmmUsrAccP",
            "module.aci.module.aci_vmware_vmm_domain.aci_rest_managed.vmmVSwitchPolicyCont",
            "module.aci.module.aci_vrf.aci_rest_managed.bgpRtTargetP_ipv4",
            "module.aci.module.aci_vrf.aci_rest_managed.bgpRtTargetP_ipv6",
            "module.aci.module.aci_vrf.aci_rest_managed.bgpRtTarget_ipv4_export",
            "module.aci.module.aci_vrf.aci_rest_managed.bgpRtTarget_ipv4_import",
            "module.aci.module.aci_vrf.aci_rest_managed.bgpRtTarget_ipv6_export",
            "module.aci.module.aci_vrf.aci_rest_managed.bgpRtTarget_ipv6_import",
            "module.aci.module.aci_vrf.aci_rest_managed.dnsLbl",
            "module.aci.module.aci_vrf.aci_rest_managed.fvCtx",
            "module.aci.module.aci_vrf.aci_rest_managed.fvRsBgpCtxPol",
            "module.aci.module.aci_vrf.aci_rest_managed.fvRsCtxToBgpCtxAfPol_ipv4",
            "module.aci.module.aci_vrf.aci_rest_managed.fvRsCtxToBgpCtxAfPol_ipv6",
            "module.aci.module.aci_vrf.aci_rest_managed.fvRsCtxToExtRouteTagPol",
            "module.aci.module.aci_vrf.aci_rest_managed.fvRsCtxToOspfCtxPol_ipv4",
            "module.aci.module.aci_vrf.aci_rest_managed.fvRsCtxToOspfCtxPol_ipv6",
            "module.aci.module.aci_vrf.aci_rest_managed.fvRsOspfCtxPol",
            "module.aci.module.aci_vrf.aci_rest_managed.igmpCtxP",
            "module.aci.module.aci_vrf.aci_rest_managed.igmpSSMXlateP",
            "module.aci.module.aci_vrf.aci_rest_managed.leakExternalPrefix",
            "module.aci.module.aci_vrf.aci_rest_managed.leakInternalSubnet",
            "module.aci.module.aci_vrf.aci_rest_managed.leakRoutes",
            "module.aci.module.aci_vrf.aci_rest_managed.leakTo_external",
            "module.aci.module.aci_vrf.aci_rest_managed.leakTo_internal",
            "module.aci.module.aci_vrf.aci_rest_managed.pimASMPatPol",
            "module.aci.module.aci_vrf.aci_rest_managed.pimAutoRPPol",
            "module.aci.module.aci_vrf.aci_rest_managed.pimBSRFilterPol",
            "module.aci.module.aci_vrf.aci_rest_managed.pimBSRPPol",
            "module.aci.module.aci_vrf.aci_rest_managed.pimCtxP",
            "module.aci.module.aci_vrf.aci_rest_managed.pimFabricRPPol",
            "module.aci.module.aci_vrf.aci_rest_managed.pimInterVRFEntryPol",
            "module.aci.module.aci_vrf.aci_rest_managed.pimInterVRFPol",
            "module.aci.module.aci_vrf.aci_rest_managed.pimMAFilterPol",
            "module.aci.module.aci_vrf.aci_rest_managed.pimRPGrpRangePol_fabric_rp",
            "module.aci.module.aci_vrf.aci_rest_managed.pimRPGrpRangePol_static_rp",
            "module.aci.module.aci_vrf.aci_rest_managed.pimRegTrPol",
            "module.aci.module.aci_vrf.aci_rest_managed.pimResPol",
            "module.aci.module.aci_vrf.aci_rest_managed.pimSGRangeExpPol",
            "module.aci.module.aci_vrf.aci_rest_managed.pimSSMPatPol",
            "module.aci.module.aci_vrf.aci_rest_managed.pimSSMRangePol",
            "module.aci.module.aci_vrf.aci_rest_managed.pimSharedRangePol",
            "module.aci.module.aci_vrf.aci_rest_managed.pimStaticRPEntryPol_fabric_rp",
            "module.aci.module.aci_vrf.aci_rest_managed.pimStaticRPEntryPol_static_rp",
            "module.aci.module.aci_vrf.aci_rest_managed.pimStaticRPPol",
            "module.aci.module.aci_vrf.aci_rest_managed.rtdmcRsFilterToRtMapPol_asm_sg_expiry",
            "module.aci.module.aci_vrf.aci_rest_managed.rtdmcRsFilterToRtMapPol_asm_shared",
            "module.aci.module.aci_vrf.aci_rest_managed.rtdmcRsFilterToRtMapPol_auto_rp",
            "module.aci.module.aci_vrf.aci_rest_managed.rtdmcRsFilterToRtMapPol_bsr",
            "module.aci.module.aci_vrf.aci_rest_managed.rtdmcRsFilterToRtMapPol_fabric_rp",
            "module.aci.module.aci_vrf.aci_rest_managed.rtdmcRsFilterToRtMapPol_pim_inter_vrf",
            "module.aci.module.aci_vrf.aci_rest_managed.rtdmcRsFilterToRtMapPol_ssm_range",
            "module.aci.module.aci_vrf.aci_rest_managed.rtdmcRsFilterToRtMapPol_static_rp",
            "module.aci.module.aci_vrf.aci_rest_managed.vzAny",
            "module.aci.module.aci_vrf.aci_rest_managed.vzRsAnyToCons",
            "module.aci.module.aci_vrf.aci_rest_managed.vzRsAnyToConsIf",
            "module.aci.module.aci_vrf.aci_rest_managed.vzRsAnyToProv"
          ]
        }
      ]
    },
    {
      "module": "module.aci.module.aci_endpoint_group[\"demo-05/network-segments/10.0.91.0_24-epg-02\"]",
      "mode": "managed",
      "type": "aci_rest_managed",
      "name": "fvRsBd",
      "provider": "provider[\"registry.terraform.io/ciscodevnet/aci\"]",
      "instances": [
        {
          "schema_version": 0,
          "attributes": {
            "annotation": "orchestrator:terraform",
            "child": [],
            "class_name": "fvRsBd",
            "content": {
              "tnFvBDName": "10.0.91.0_24"
            },
            "dn": "uni/tn-demo-05/ap-network-segments/epg-10.0.91.0_24-epg-02/rsbd",
            "id": "uni/tn-demo-05/ap-network-segments/epg-10.0.91.0_24-epg-02/rsbd"
          },
          "sensitive_attributes": [],
          "dependencies": [
            "module.aci.data.utils_yaml_merge.defaults",
            "module.aci.data.utils_yaml_merge.model",
            "module.aci.data.utils_yaml_merge.modules",
            "module.aci.module.aci_application_profile.aci_rest_managed.fvAp",
            "module.aci.module.aci_bfd_interface_policy.aci_rest_managed.bfdIfPol",
            "module.aci.module.aci_bgp_timer_policy.aci_rest_managed.bgpCtxPol",
            "module.aci.module.aci_bridge_domain.aci_rest_managed.dhcpLbl",
            "module.aci.module.aci_bridge_domain.aci_rest_managed.dhcpRsDhcpOptionPol",
            "module.aci.module.aci_bridge_domain.aci_rest_managed.fvBD",
            "module.aci.module.aci_bridge_domain.aci_rest_managed.fvRsBDToOut",
            "module.aci.module.aci_bridge_domain.aci_rest_managed.fvRsCtx",
            "module.aci.module.aci_bridge_domain.aci_rest_managed.fvRsIgmpsn",
            "module.aci.module.aci_bridge_domain.aci_rest_managed.fvRsNdPfxPol",
            "module.aci.module.aci_bridge_domain.aci_rest_managed.fvSubnet",
            "module.aci.module.aci_bridge_domain.aci_rest_managed.igmpIfP",
            "module.aci.module.aci_bridge_domain.aci_rest_managed.igmpRsIfPol",
            "module.aci.module.aci_bridge_domain.aci_rest_managed.pimBDDestFilterPol",
            "module.aci.module.aci_bridge_domain.aci_rest_managed.pimBDFilterPol",
            "module.aci.module.aci_bridge_domain.aci_rest_managed.pimBDP",
            "module.aci.module.aci_bridge_domain.aci_rest_managed.pimBDSrcFilterPol",
            "module.aci.module.aci_bridge_domain.aci_rest_managed.rtdmcRsFilterToRtMapPol_destination",
            "module.aci.module.aci_bridge_domain.aci_rest_managed.rtdmcRsFilterToRtMapPol_source",
            "module.aci.module.aci_bridge_domain.aci_rest_managed.tagTag",
            "module.aci.module.aci_contract.aci_rest_managed.vzBrCP",
            "module.aci.module.aci_contract.aci_rest_managed.vzRsSubjFiltAtt",
            "module.aci.module.aci_contract.aci_rest_managed.vzRsSubjGraphAtt",
            "module.aci.module.aci_contract.aci_rest_managed.vzSubj",
            "module.aci.module.aci_dhcp_option_policy.aci_rest_managed.dhcpOption",
            "module.aci.module.aci_dhcp_option_policy.aci_rest_managed.dhcpOptionPol",
            "module.aci.module.aci_dhcp_relay_policy.aci_rest_managed.dhcpRelayP",
            "module.aci.module.aci_dhcp_relay_policy.aci_rest_managed.dhcpRsProv",
            "module.aci.module.aci_eigrp_interface_policy.aci_rest_managed.eigrpIfPol",
            "module.aci.module.aci_endpoint_group.aci_rest_managed.fvAEPg",
            "module.aci.module.aci_filter.aci_rest_managed.vzEntry",
            "module.aci.module.aci_filter.aci_rest_managed.vzFilter",
            "module.aci.module.aci_imported_contract.aci_rest_managed.vzCPIf",
            "module.aci.module.aci_imported_contract.aci_rest_managed.vzRsIf",
            "module.aci.module.aci_l3out.aci_rest_managed.bgpExtP",
            "module.aci.module.aci_l3out.aci_rest_managed.eigrpExtP",
            "module.aci.module.aci_l3out.aci_rest_managed.l3extConsLbl",
            "module.aci.module.aci_l3out.aci_rest_managed.l3extDefaultRouteLeakP",
            "module.aci.module.aci_l3out.aci_rest_managed.l3extInstP_sr_mpls",
            "module.aci.module.aci_l3out.aci_rest_managed.l3extOut",
            "module.aci.module.aci_l3out.aci_rest_managed.l3extProvLbl",
            "module.aci.module.aci_l3out.aci_rest_managed.l3extRsDampeningPol_ipv4",
            "module.aci.module.aci_l3out.aci_rest_managed.l3extRsDampeningPol_ipv6",
            "module.aci.module.aci_l3out.aci_rest_managed.l3extRsEctx",
            "module.aci.module.aci_l3out.aci_rest_managed.l3extRsInterleakPol",
            "module.aci.module.aci_l3out.aci_rest_managed.l3extRsL3DomAtt",
            "module.aci.module.aci_l3out.aci_rest_managed.l3extRsLblToProfile_export",
            "module.aci.module.aci_l3out.aci_rest_managed.l3extRsLblToProfile_import",
            "module.aci.module.aci_l3out.aci_rest_managed.l3extRsRedistributePol",
            "module.aci.module.aci_l3out.aci_rest_managed.mplsExtP",
            "module.aci.module.aci_l3out.aci_rest_managed.mplsRsLabelPol",
            "module.aci.module.aci_l3out.aci_rest_managed.ospfExtP",
            "module.aci.module.aci_l3out.aci_rest_managed.pimExtP",
            "module.aci.module.aci_l3out.aci_rest_managed.rtctrlCtxP_export",
            "module.aci.module.aci_l3out.aci_rest_managed.rtctrlCtxP_import",
            "module.aci.module.aci_l3out.aci_rest_managed.rtctrlProfile_export",
            "module.aci.module.aci_l3out.aci_rest_managed.rtctrlProfile_import",
            "module.aci.module.aci_l3out.aci_rest_managed.rtctrlRsCtxPToSubjP_export",
            "module.aci.module.aci_l3out.aci_rest_managed.rtctrlRsCtxPToSubjP_import",
            "module.aci.module.aci_l3out.aci_rest_managed.rtctrlRsScopeToAttrP_export",
            "module.aci.module.aci_l3out.aci_rest_managed.rtctrlRsScopeToAttrP_import",
            "module.aci.module.aci_l3out.aci_rest_managed.rtctrlScope_export",
            "module.aci.module.aci_l3out.aci_rest_managed.rtctrlScope_import",
            "module.aci.module.aci_match_rule.aci_rest_managed.rtctrlMatchCommFactor",
            "module.aci.module.aci_match_rule.aci_rest_managed.rtctrlMatchCommRegexTerm",
            "module.aci.module.aci_match_rule.aci_rest_managed.rtctrlMatchCommTerm",
            "module.aci.module.aci_match_rule.aci_rest_managed.rtctrlMatchRtDest",
            "module.aci.module.aci_match_rule.aci_rest_managed.rtctrlSubjP",
            "module.aci.module.aci_ospf_interface_policy.aci_rest_managed.ospfIfPol",
            "module.aci.module.aci_set_rule.aci_rest_managed.rtctrlAttrP",
            "module.aci.module.aci_set_rule.aci_rest_managed.rtctrlRsSetPolicyTagToInstP",
            "module.aci.module.aci_set_rule.aci_rest_managed.rtctrlSetASPath",
            "module.aci.module.aci_set_rule.aci_rest_managed.rtctrlSetASPathASN",
            "module.aci.module.aci_set_rule.aci_rest_managed.rtctrlSetAddComm",
            "module.aci.module.aci_set_rule.aci_rest_managed.rtctrlSetComm",
            "module.aci.module.aci_set_rule.aci_rest_managed.rtctrlSetDamp",
            "module.aci.module.aci_set_rule.aci_rest_managed.rtctrlSetNh",
            "module.aci.module.aci_set_rule.aci_rest_managed.rtctrlSetNhUnchanged",
            "module.aci.module.aci_set_rule.aci_rest_managed.rtctrlSetPolicyTag",
            "module.aci.module.aci_set_rule.aci_rest_managed.rtctrlSetPref",
            "module.aci.module.aci_set_rule.aci_rest_managed.rtctrlSetRedistMultipath",
            "module.aci.module.aci_set_rule.aci_rest_managed.rtctrlSetRtMetric",
            "module.aci.module.aci_set_rule.aci_rest_managed.rtctrlSetRtMetricType",
            "module.aci.module.aci_set_rule.aci_rest_managed.rtctrlSetTag",
            "module.aci.module.aci_set_rule.aci_rest_managed.rtctrlSetWeight",
            "module.aci.module.aci_tenant.aci_rest_managed.aaaDomainRef",
            "module.aci.module.aci_tenant.aci_rest_managed.fvTenant",
            "module.aci.module.aci_vlan_pool.aci_rest_managed.fvnsEncapBlk",
            "module.aci.module.aci_vlan_pool.aci_rest_managed.fvnsVlanInstP",
            "module.aci.module.aci_vmware_vmm_domain.aci_rest_managed.aaaDomainRef",
            "module.aci.module.aci_vmware_vmm_domain.aci_rest_managed.infraRsVlanNs",
            "module.aci.module.aci_vmware_vmm_domain.aci_rest_managed.lacpEnhancedLagPol",
            "module.aci.module.aci_vmware_vmm_domain.aci_rest_managed.vmmCtrlrP",
            "module.aci.module.aci_vmware_vmm_domain.aci_rest_managed.vmmDomP",
            "module.aci.module.aci_vmware_vmm_domain.aci_rest_managed.vmmRsAcc",
            "module.aci.module.aci_vmware_vmm_domain.aci_rest_managed.vmmRsMgmtEPg",
            "module.aci.module.aci_vmware_vmm_domain.aci_rest_managed.vmmRsVswitchOverrideCdpIfPol",
            "module.aci.module.aci_vmware_vmm_domain.aci_rest_managed.vmmRsVswitchOverrideLacpPol",
            "module.aci.module.aci_vmware_vmm_domain.aci_rest_managed.vmmRsVswitchOverrideLldpIfPol",
            "module.aci.module.aci_vmware_vmm_domain.aci_rest_managed.vmmRsVswitchOverrideMtuPol",
            "module.aci.module.aci_vmware_vmm_domain.aci_rest_managed.vmmUplinkP",
            "module.aci.module.aci_vmware_vmm_domain.aci_rest_managed.vmmUplinkPCont",
            "module.aci.module.aci_vmware_vmm_domain.aci_rest_managed.vmmUsrAccP",
            "module.aci.module.aci_vmware_vmm_domain.aci_rest_managed.vmmVSwitchPolicyCont",
            "module.aci.module.aci_vrf.aci_rest_managed.bgpRtTargetP_ipv4",
            "module.aci.module.aci_vrf.aci_rest_managed.bgpRtTargetP_ipv6",
            "module.aci.module.aci_vrf.aci_rest_managed.bgpRtTarget_ipv4_export",
            "module.aci.module.aci_vrf.aci_rest_managed.bgpRtTarget_ipv4_import",
            "module.aci.module.aci_vrf.aci_rest_managed.bgpRtTarget_ipv6_export",
            "module.aci.module.aci_vrf.aci_rest_managed.bgpRtTarget_ipv6_import",
            "module.aci.module.aci_vrf.aci_rest_managed.dnsLbl",
            "module.aci.module.aci_vrf.aci_rest_managed.fvCtx",
            "module.aci.module.aci_vrf.aci_rest_managed.fvRsBgpCtxPol",
            "module.aci.module.aci_vrf.aci_rest_managed.fvRsCtxToBgpCtxAfPol_ipv4",
            "module.aci.module.aci_vrf.aci_rest_managed.fvRsCtxToBgpCtxAfPol_ipv6",
            "module.aci.module.aci_vrf.aci_rest_managed.fvRsCtxToExtRouteTagPol",
            "module.aci.module.aci_vrf.aci_rest_managed.fvRsCtxToOspfCtxPol_ipv4",
            "module.aci.module.aci_vrf.aci_rest_managed.fvRsCtxToOspfCtxPol_ipv6",
            "module.aci.module.aci_vrf.aci_rest_managed.fvRsOspfCtxPol",
            "module.aci.module.aci_vrf.aci_rest_managed.igmpCtxP",
            "module.aci.module.aci_vrf.aci_rest_managed.igmpSSMXlateP",
            "module.aci.module.aci_vrf.aci_rest_managed.leakExternalPrefix",
            "module.aci.module.aci_vrf.aci_rest_managed.leakInternalSubnet",
            "module.aci.module.aci_vrf.aci_rest_managed.leakRoutes",
            "module.aci.module.aci_vrf.aci_rest_managed.leakTo_external",
            "module.aci.module.aci_vrf.aci_rest_managed.leakTo_internal",
            "module.aci.module.aci_vrf.aci_rest_managed.pimASMPatPol",
            "module.aci.module.aci_vrf.aci_rest_managed.pimAutoRPPol",
            "module.aci.module.aci_vrf.aci_rest_managed.pimBSRFilterPol",
            "module.aci.module.aci_vrf.aci_rest_managed.pimBSRPPol",
            "module.aci.module.aci_vrf.aci_rest_managed.pimCtxP",
            "module.aci.module.aci_vrf.aci_rest_managed.pimFabricRPPol",
            "module.aci.module.aci_vrf.aci_rest_managed.pimInterVRFEntryPol",
            "module.aci.module.aci_vrf.aci_rest_managed.pimInterVRFPol",
            "module.aci.module.aci_vrf.aci_rest_managed.pimMAFilterPol",
            "module.aci.module.aci_vrf.aci_rest_managed.pimRPGrpRangePol_fabric_rp",
            "module.aci.module.aci_vrf.aci_rest_managed.pimRPGrpRangePol_static_rp",
            "module.aci.module.aci_vrf.aci_rest_managed.pimRegTrPol",
            "module.aci.module.aci_vrf.aci_rest_managed.pimResPol",
            "module.aci.module.aci_vrf.aci_rest_managed.pimSGRangeExpPol",
            "module.aci.module.aci_vrf.aci_rest_managed.pimSSMPatPol",
            "module.aci.module.aci_vrf.aci_rest_managed.pimSSMRangePol",
            "module.aci.module.aci_vrf.aci_rest_managed.pimSharedRangePol",
            "module.aci.module.aci_vrf.aci_rest_managed.pimStaticRPEntryPol_fabric_rp",
            "module.aci.module.aci_vrf.aci_rest_managed.pimStaticRPEntryPol_static_rp",
            "module.aci.module.aci_vrf.aci_rest_managed.pimStaticRPPol",
            "module.aci.module.aci_vrf.aci_rest_managed.rtdmcRsFilterToRtMapPol_asm_sg_expiry",
            "module.aci.module.aci_vrf.aci_rest_managed.rtdmcRsFilterToRtMapPol_asm_shared",
            "module.aci.module.aci_vrf.aci_rest_managed.rtdmcRsFilterToRtMapPol_auto_rp",
            "module.aci.module.aci_vrf.aci_rest_managed.rtdmcRsFilterToRtMapPol_bsr",
            "module.aci.module.aci_vrf.aci_rest_managed.rtdmcRsFilterToRtMapPol_fabric_rp",
            "module.aci.module.aci_vrf.aci_rest_managed.rtdmcRsFilterToRtMapPol_pim_inter_vrf",
            "module.aci.module.aci_vrf.aci_rest_managed.rtdmcRsFilterToRtMapPol_ssm_range",
            "module.aci.module.aci_vrf.aci_rest_managed.rtdmcRsFilterToRtMapPol_static_rp",
            "module.aci.module.aci_vrf.aci_rest_managed.vzAny",
            "module.aci.module.aci_vrf.aci_rest_managed.vzRsAnyToCons",
            "module.aci.module.aci_vrf.aci_rest_managed.vzRsAnyToConsIf",
            "module.aci.module.aci_vrf.aci_rest_managed.vzRsAnyToProv"
          ]
        }
      ]
    },
    {
      "module": "module.aci.module.aci_endpoint_group[\"demo-05/network-segments/10.0.91.0_24-epg-02\"]",
      "mode": "managed",
      "type": "aci_rest_managed",
      "name": "fvRsDomAtt_vmm",
      "provider": "provider[\"registry.terraform.io/ciscodevnet/aci\"]",
      "instances": [
        {
          "index_key": "hx-dev-01-vds-01",
          "schema_version": 0,
          "attributes": {
            "annotation": "orchestrator:terraform",
            "child": [],
            "class_name": "fvRsDomAtt",
            "content": {
              "classPref": "encap",
              "customEpgName": "",
              "delimiter": "",
              "encap": "unknown",
              "encapMode": "auto",
              "instrImedcy": "immediate",
              "netflowPref": "disabled",
              "primaryEncap": "unknown",
              "resImedcy": "immediate",
              "switchingMode": "native",
              "tDn": "uni/vmmp-VMware/dom-hx-dev-01-vds-01"
            },
            "dn": "uni/tn-demo-05/ap-network-segments/epg-10.0.91.0_24-epg-02/rsdomAtt-[uni/vmmp-VMware/dom-hx-dev-01-vds-01]",
            "id": "uni/tn-demo-05/ap-network-segments/epg-10.0.91.0_24-epg-02/rsdomAtt-[uni/vmmp-VMware/dom-hx-dev-01-vds-01]"
          },
          "sensitive_attributes": [],
          "dependencies": [
            "module.aci.data.utils_yaml_merge.defaults",
            "module.aci.data.utils_yaml_merge.model",
            "module.aci.data.utils_yaml_merge.modules",
            "module.aci.module.aci_application_profile.aci_rest_managed.fvAp",
            "module.aci.module.aci_bfd_interface_policy.aci_rest_managed.bfdIfPol",
            "module.aci.module.aci_bgp_timer_policy.aci_rest_managed.bgpCtxPol",
            "module.aci.module.aci_bridge_domain.aci_rest_managed.dhcpLbl",
            "module.aci.module.aci_bridge_domain.aci_rest_managed.dhcpRsDhcpOptionPol",
            "module.aci.module.aci_bridge_domain.aci_rest_managed.fvBD",
            "module.aci.module.aci_bridge_domain.aci_rest_managed.fvRsBDToOut",
            "module.aci.module.aci_bridge_domain.aci_rest_managed.fvRsCtx",
            "module.aci.module.aci_bridge_domain.aci_rest_managed.fvRsIgmpsn",
            "module.aci.module.aci_bridge_domain.aci_rest_managed.fvRsNdPfxPol",
            "module.aci.module.aci_bridge_domain.aci_rest_managed.fvSubnet",
            "module.aci.module.aci_bridge_domain.aci_rest_managed.igmpIfP",
            "module.aci.module.aci_bridge_domain.aci_rest_managed.igmpRsIfPol",
            "module.aci.module.aci_bridge_domain.aci_rest_managed.pimBDDestFilterPol",
            "module.aci.module.aci_bridge_domain.aci_rest_managed.pimBDFilterPol",
            "module.aci.module.aci_bridge_domain.aci_rest_managed.pimBDP",
            "module.aci.module.aci_bridge_domain.aci_rest_managed.pimBDSrcFilterPol",
            "module.aci.module.aci_bridge_domain.aci_rest_managed.rtdmcRsFilterToRtMapPol_destination",
            "module.aci.module.aci_bridge_domain.aci_rest_managed.rtdmcRsFilterToRtMapPol_source",
            "module.aci.module.aci_bridge_domain.aci_rest_managed.tagTag",
            "module.aci.module.aci_contract.aci_rest_managed.vzBrCP",
            "module.aci.module.aci_contract.aci_rest_managed.vzRsSubjFiltAtt",
            "module.aci.module.aci_contract.aci_rest_managed.vzRsSubjGraphAtt",
            "module.aci.module.aci_contract.aci_rest_managed.vzSubj",
            "module.aci.module.aci_dhcp_option_policy.aci_rest_managed.dhcpOption",
            "module.aci.module.aci_dhcp_option_policy.aci_rest_managed.dhcpOptionPol",
            "module.aci.module.aci_dhcp_relay_policy.aci_rest_managed.dhcpRelayP",
            "module.aci.module.aci_dhcp_relay_policy.aci_rest_managed.dhcpRsProv",
            "module.aci.module.aci_eigrp_interface_policy.aci_rest_managed.eigrpIfPol",
            "module.aci.module.aci_endpoint_group.aci_rest_managed.fvAEPg",
            "module.aci.module.aci_filter.aci_rest_managed.vzEntry",
            "module.aci.module.aci_filter.aci_rest_managed.vzFilter",
            "module.aci.module.aci_imported_contract.aci_rest_managed.vzCPIf",
            "module.aci.module.aci_imported_contract.aci_rest_managed.vzRsIf",
            "module.aci.module.aci_l3out.aci_rest_managed.bgpExtP",
            "module.aci.module.aci_l3out.aci_rest_managed.eigrpExtP",
            "module.aci.module.aci_l3out.aci_rest_managed.l3extConsLbl",
            "module.aci.module.aci_l3out.aci_rest_managed.l3extDefaultRouteLeakP",
            "module.aci.module.aci_l3out.aci_rest_managed.l3extInstP_sr_mpls",
            "module.aci.module.aci_l3out.aci_rest_managed.l3extOut",
            "module.aci.module.aci_l3out.aci_rest_managed.l3extProvLbl",
            "module.aci.module.aci_l3out.aci_rest_managed.l3extRsDampeningPol_ipv4",
            "module.aci.module.aci_l3out.aci_rest_managed.l3extRsDampeningPol_ipv6",
            "module.aci.module.aci_l3out.aci_rest_managed.l3extRsEctx",
            "module.aci.module.aci_l3out.aci_rest_managed.l3extRsInterleakPol",
            "module.aci.module.aci_l3out.aci_rest_managed.l3extRsL3DomAtt",
            "module.aci.module.aci_l3out.aci_rest_managed.l3extRsLblToProfile_export",
            "module.aci.module.aci_l3out.aci_rest_managed.l3extRsLblToProfile_import",
            "module.aci.module.aci_l3out.aci_rest_managed.l3extRsRedistributePol",
            "module.aci.module.aci_l3out.aci_rest_managed.mplsExtP",
            "module.aci.module.aci_l3out.aci_rest_managed.mplsRsLabelPol",
            "module.aci.module.aci_l3out.aci_rest_managed.ospfExtP",
            "module.aci.module.aci_l3out.aci_rest_managed.pimExtP",
            "module.aci.module.aci_l3out.aci_rest_managed.rtctrlCtxP_export",
            "module.aci.module.aci_l3out.aci_rest_managed.rtctrlCtxP_import",
            "module.aci.module.aci_l3out.aci_rest_managed.rtctrlProfile_export",
            "module.aci.module.aci_l3out.aci_rest_managed.rtctrlProfile_import",
            "module.aci.module.aci_l3out.aci_rest_managed.rtctrlRsCtxPToSubjP_export",
            "module.aci.module.aci_l3out.aci_rest_managed.rtctrlRsCtxPToSubjP_import",
            "module.aci.module.aci_l3out.aci_rest_managed.rtctrlRsScopeToAttrP_export",
            "module.aci.module.aci_l3out.aci_rest_managed.rtctrlRsScopeToAttrP_import",
            "module.aci.module.aci_l3out.aci_rest_managed.rtctrlScope_export",
            "module.aci.module.aci_l3out.aci_rest_managed.rtctrlScope_import",
            "module.aci.module.aci_match_rule.aci_rest_managed.rtctrlMatchCommFactor",
            "module.aci.module.aci_match_rule.aci_rest_managed.rtctrlMatchCommRegexTerm",
            "module.aci.module.aci_match_rule.aci_rest_managed.rtctrlMatchCommTerm",
            "module.aci.module.aci_match_rule.aci_rest_managed.rtctrlMatchRtDest",
            "module.aci.module.aci_match_rule.aci_rest_managed.rtctrlSubjP",
            "module.aci.module.aci_ospf_interface_policy.aci_rest_managed.ospfIfPol",
            "module.aci.module.aci_set_rule.aci_rest_managed.rtctrlAttrP",
            "module.aci.module.aci_set_rule.aci_rest_managed.rtctrlRsSetPolicyTagToInstP",
            "module.aci.module.aci_set_rule.aci_rest_managed.rtctrlSetASPath",
            "module.aci.module.aci_set_rule.aci_rest_managed.rtctrlSetASPathASN",
            "module.aci.module.aci_set_rule.aci_rest_managed.rtctrlSetAddComm",
            "module.aci.module.aci_set_rule.aci_rest_managed.rtctrlSetComm",
            "module.aci.module.aci_set_rule.aci_rest_managed.rtctrlSetDamp",
            "module.aci.module.aci_set_rule.aci_rest_managed.rtctrlSetNh",
            "module.aci.module.aci_set_rule.aci_rest_managed.rtctrlSetNhUnchanged",
            "module.aci.module.aci_set_rule.aci_rest_managed.rtctrlSetPolicyTag",
            "module.aci.module.aci_set_rule.aci_rest_managed.rtctrlSetPref",
            "module.aci.module.aci_set_rule.aci_rest_managed.rtctrlSetRedistMultipath",
            "module.aci.module.aci_set_rule.aci_rest_managed.rtctrlSetRtMetric",
            "module.aci.module.aci_set_rule.aci_rest_managed.rtctrlSetRtMetricType",
            "module.aci.module.aci_set_rule.aci_rest_managed.rtctrlSetTag",
            "module.aci.module.aci_set_rule.aci_rest_managed.rtctrlSetWeight",
            "module.aci.module.aci_tenant.aci_rest_managed.aaaDomainRef",
            "module.aci.module.aci_tenant.aci_rest_managed.fvTenant",
            "module.aci.module.aci_vlan_pool.aci_rest_managed.fvnsEncapBlk",
            "module.aci.module.aci_vlan_pool.aci_rest_managed.fvnsVlanInstP",
            "module.aci.module.aci_vmware_vmm_domain.aci_rest_managed.aaaDomainRef",
            "module.aci.module.aci_vmware_vmm_domain.aci_rest_managed.infraRsVlanNs",
            "module.aci.module.aci_vmware_vmm_domain.aci_rest_managed.lacpEnhancedLagPol",
            "module.aci.module.aci_vmware_vmm_domain.aci_rest_managed.vmmCtrlrP",
            "module.aci.module.aci_vmware_vmm_domain.aci_rest_managed.vmmDomP",
            "module.aci.module.aci_vmware_vmm_domain.aci_rest_managed.vmmRsAcc",
            "module.aci.module.aci_vmware_vmm_domain.aci_rest_managed.vmmRsMgmtEPg",
            "module.aci.module.aci_vmware_vmm_domain.aci_rest_managed.vmmRsVswitchOverrideCdpIfPol",
            "module.aci.module.aci_vmware_vmm_domain.aci_rest_managed.vmmRsVswitchOverrideLacpPol",
            "module.aci.module.aci_vmware_vmm_domain.aci_rest_managed.vmmRsVswitchOverrideLldpIfPol",
            "module.aci.module.aci_vmware_vmm_domain.aci_rest_managed.vmmRsVswitchOverrideMtuPol",
            "module.aci.module.aci_vmware_vmm_domain.aci_rest_managed.vmmUplinkP",
            "module.aci.module.aci_vmware_vmm_domain.aci_rest_managed.vmmUplinkPCont",
            "module.aci.module.aci_vmware_vmm_domain.aci_rest_managed.vmmUsrAccP",
            "module.aci.module.aci_vmware_vmm_domain.aci_rest_managed.vmmVSwitchPolicyCont",
            "module.aci.module.aci_vrf.aci_rest_managed.bgpRtTargetP_ipv4",
            "module.aci.module.aci_vrf.aci_rest_managed.bgpRtTargetP_ipv6",
            "module.aci.module.aci_vrf.aci_rest_managed.bgpRtTarget_ipv4_export",
            "module.aci.module.aci_vrf.aci_rest_managed.bgpRtTarget_ipv4_import",
            "module.aci.module.aci_vrf.aci_rest_managed.bgpRtTarget_ipv6_export",
            "module.aci.module.aci_vrf.aci_rest_managed.bgpRtTarget_ipv6_import",
            "module.aci.module.aci_vrf.aci_rest_managed.dnsLbl",
            "module.aci.module.aci_vrf.aci_rest_managed.fvCtx",
            "module.aci.module.aci_vrf.aci_rest_managed.fvRsBgpCtxPol",
            "module.aci.module.aci_vrf.aci_rest_managed.fvRsCtxToBgpCtxAfPol_ipv4",
            "module.aci.module.aci_vrf.aci_rest_managed.fvRsCtxToBgpCtxAfPol_ipv6",
            "module.aci.module.aci_vrf.aci_rest_managed.fvRsCtxToExtRouteTagPol",
            "module.aci.module.aci_vrf.aci_rest_managed.fvRsCtxToOspfCtxPol_ipv4",
            "module.aci.module.aci_vrf.aci_rest_managed.fvRsCtxToOspfCtxPol_ipv6",
            "module.aci.module.aci_vrf.aci_rest_managed.fvRsOspfCtxPol",
            "module.aci.module.aci_vrf.aci_rest_managed.igmpCtxP",
            "module.aci.module.aci_vrf.aci_rest_managed.igmpSSMXlateP",
            "module.aci.module.aci_vrf.aci_rest_managed.leakExternalPrefix",
            "module.aci.module.aci_vrf.aci_rest_managed.leakInternalSubnet",
            "module.aci.module.aci_vrf.aci_rest_managed.leakRoutes",
            "module.aci.module.aci_vrf.aci_rest_managed.leakTo_external",
            "module.aci.module.aci_vrf.aci_rest_managed.leakTo_internal",
            "module.aci.module.aci_vrf.aci_rest_managed.pimASMPatPol",
            "module.aci.module.aci_vrf.aci_rest_managed.pimAutoRPPol",
            "module.aci.module.aci_vrf.aci_rest_managed.pimBSRFilterPol",
            "module.aci.module.aci_vrf.aci_rest_managed.pimBSRPPol",
            "module.aci.module.aci_vrf.aci_rest_managed.pimCtxP",
            "module.aci.module.aci_vrf.aci_rest_managed.pimFabricRPPol",
            "module.aci.module.aci_vrf.aci_rest_managed.pimInterVRFEntryPol",
            "module.aci.module.aci_vrf.aci_rest_managed.pimInterVRFPol",
            "module.aci.module.aci_vrf.aci_rest_managed.pimMAFilterPol",
            "module.aci.module.aci_vrf.aci_rest_managed.pimRPGrpRangePol_fabric_rp",
            "module.aci.module.aci_vrf.aci_rest_managed.pimRPGrpRangePol_static_rp",
            "module.aci.module.aci_vrf.aci_rest_managed.pimRegTrPol",
            "module.aci.module.aci_vrf.aci_rest_managed.pimResPol",
            "module.aci.module.aci_vrf.aci_rest_managed.pimSGRangeExpPol",
            "module.aci.module.aci_vrf.aci_rest_managed.pimSSMPatPol",
            "module.aci.module.aci_vrf.aci_rest_managed.pimSSMRangePol",
            "module.aci.module.aci_vrf.aci_rest_managed.pimSharedRangePol",
            "module.aci.module.aci_vrf.aci_rest_managed.pimStaticRPEntryPol_fabric_rp",
            "module.aci.module.aci_vrf.aci_rest_managed.pimStaticRPEntryPol_static_rp",
            "module.aci.module.aci_vrf.aci_rest_managed.pimStaticRPPol",
            "module.aci.module.aci_vrf.aci_rest_managed.rtdmcRsFilterToRtMapPol_asm_sg_expiry",
            "module.aci.module.aci_vrf.aci_rest_managed.rtdmcRsFilterToRtMapPol_asm_shared",
            "module.aci.module.aci_vrf.aci_rest_managed.rtdmcRsFilterToRtMapPol_auto_rp",
            "module.aci.module.aci_vrf.aci_rest_managed.rtdmcRsFilterToRtMapPol_bsr",
            "module.aci.module.aci_vrf.aci_rest_managed.rtdmcRsFilterToRtMapPol_fabric_rp",
            "module.aci.module.aci_vrf.aci_rest_managed.rtdmcRsFilterToRtMapPol_pim_inter_vrf",
            "module.aci.module.aci_vrf.aci_rest_managed.rtdmcRsFilterToRtMapPol_ssm_range",
            "module.aci.module.aci_vrf.aci_rest_managed.rtdmcRsFilterToRtMapPol_static_rp",
            "module.aci.module.aci_vrf.aci_rest_managed.vzAny",
            "module.aci.module.aci_vrf.aci_rest_managed.vzRsAnyToCons",
            "module.aci.module.aci_vrf.aci_rest_managed.vzRsAnyToConsIf",
            "module.aci.module.aci_vrf.aci_rest_managed.vzRsAnyToProv"
          ]
        }
      ]
    },
    {
      "module": "module.aci.module.aci_endpoint_group[\"demo-05/network-segments/10.0.91.0_24-epg-02\"]",
      "mode": "managed",
      "type": "aci_rest_managed",
      "name": "vmmSecP",
      "provider": "provider[\"registry.terraform.io/ciscodevnet/aci\"]",
      "instances": [
        {
          "index_key": "hx-dev-01-vds-01",
          "schema_version": 0,
          "attributes": {
            "annotation": "orchestrator:terraform",
            "child": [],
            "class_name": "vmmSecP",
            "content": {
              "allowPromiscuous": "reject",
              "forgedTransmits": "reject",
              "macChanges": "reject"
            },
            "dn": "uni/tn-demo-05/ap-network-segments/epg-10.0.91.0_24-epg-02/rsdomAtt-[uni/vmmp-VMware/dom-hx-dev-01-vds-01]/sec",
            "id": "uni/tn-demo-05/ap-network-segments/epg-10.0.91.0_24-epg-02/rsdomAtt-[uni/vmmp-VMware/dom-hx-dev-01-vds-01]/sec"
          },
          "sensitive_attributes": [],
          "dependencies": [
            "module.aci.data.utils_yaml_merge.defaults",
            "module.aci.data.utils_yaml_merge.model",
            "module.aci.data.utils_yaml_merge.modules",
            "module.aci.module.aci_application_profile.aci_rest_managed.fvAp",
            "module.aci.module.aci_bfd_interface_policy.aci_rest_managed.bfdIfPol",
            "module.aci.module.aci_bgp_timer_policy.aci_rest_managed.bgpCtxPol",
            "module.aci.module.aci_bridge_domain.aci_rest_managed.dhcpLbl",
            "module.aci.module.aci_bridge_domain.aci_rest_managed.dhcpRsDhcpOptionPol",
            "module.aci.module.aci_bridge_domain.aci_rest_managed.fvBD",
            "module.aci.module.aci_bridge_domain.aci_rest_managed.fvRsBDToOut",
            "module.aci.module.aci_bridge_domain.aci_rest_managed.fvRsCtx",
            "module.aci.module.aci_bridge_domain.aci_rest_managed.fvRsIgmpsn",
            "module.aci.module.aci_bridge_domain.aci_rest_managed.fvRsNdPfxPol",
            "module.aci.module.aci_bridge_domain.aci_rest_managed.fvSubnet",
            "module.aci.module.aci_bridge_domain.aci_rest_managed.igmpIfP",
            "module.aci.module.aci_bridge_domain.aci_rest_managed.igmpRsIfPol",
            "module.aci.module.aci_bridge_domain.aci_rest_managed.pimBDDestFilterPol",
            "module.aci.module.aci_bridge_domain.aci_rest_managed.pimBDFilterPol",
            "module.aci.module.aci_bridge_domain.aci_rest_managed.pimBDP",
            "module.aci.module.aci_bridge_domain.aci_rest_managed.pimBDSrcFilterPol",
            "module.aci.module.aci_bridge_domain.aci_rest_managed.rtdmcRsFilterToRtMapPol_destination",
            "module.aci.module.aci_bridge_domain.aci_rest_managed.rtdmcRsFilterToRtMapPol_source",
            "module.aci.module.aci_bridge_domain.aci_rest_managed.tagTag",
            "module.aci.module.aci_contract.aci_rest_managed.vzBrCP",
            "module.aci.module.aci_contract.aci_rest_managed.vzRsSubjFiltAtt",
            "module.aci.module.aci_contract.aci_rest_managed.vzRsSubjGraphAtt",
            "module.aci.module.aci_contract.aci_rest_managed.vzSubj",
            "module.aci.module.aci_dhcp_option_policy.aci_rest_managed.dhcpOption",
            "module.aci.module.aci_dhcp_option_policy.aci_rest_managed.dhcpOptionPol",
            "module.aci.module.aci_dhcp_relay_policy.aci_rest_managed.dhcpRelayP",
            "module.aci.module.aci_dhcp_relay_policy.aci_rest_managed.dhcpRsProv",
            "module.aci.module.aci_eigrp_interface_policy.aci_rest_managed.eigrpIfPol",
            "module.aci.module.aci_endpoint_group.aci_rest_managed.fvAEPg",
            "module.aci.module.aci_endpoint_group.aci_rest_managed.fvRsDomAtt_vmm",
            "module.aci.module.aci_filter.aci_rest_managed.vzEntry",
            "module.aci.module.aci_filter.aci_rest_managed.vzFilter",
            "module.aci.module.aci_imported_contract.aci_rest_managed.vzCPIf",
            "module.aci.module.aci_imported_contract.aci_rest_managed.vzRsIf",
            "module.aci.module.aci_l3out.aci_rest_managed.bgpExtP",
            "module.aci.module.aci_l3out.aci_rest_managed.eigrpExtP",
            "module.aci.module.aci_l3out.aci_rest_managed.l3extConsLbl",
            "module.aci.module.aci_l3out.aci_rest_managed.l3extDefaultRouteLeakP",
            "module.aci.module.aci_l3out.aci_rest_managed.l3extInstP_sr_mpls",
            "module.aci.module.aci_l3out.aci_rest_managed.l3extOut",
            "module.aci.module.aci_l3out.aci_rest_managed.l3extProvLbl",
            "module.aci.module.aci_l3out.aci_rest_managed.l3extRsDampeningPol_ipv4",
            "module.aci.module.aci_l3out.aci_rest_managed.l3extRsDampeningPol_ipv6",
            "module.aci.module.aci_l3out.aci_rest_managed.l3extRsEctx",
            "module.aci.module.aci_l3out.aci_rest_managed.l3extRsInterleakPol",
            "module.aci.module.aci_l3out.aci_rest_managed.l3extRsL3DomAtt",
            "module.aci.module.aci_l3out.aci_rest_managed.l3extRsLblToProfile_export",
            "module.aci.module.aci_l3out.aci_rest_managed.l3extRsLblToProfile_import",
            "module.aci.module.aci_l3out.aci_rest_managed.l3extRsRedistributePol",
            "module.aci.module.aci_l3out.aci_rest_managed.mplsExtP",
            "module.aci.module.aci_l3out.aci_rest_managed.mplsRsLabelPol",
            "module.aci.module.aci_l3out.aci_rest_managed.ospfExtP",
            "module.aci.module.aci_l3out.aci_rest_managed.pimExtP",
            "module.aci.module.aci_l3out.aci_rest_managed.rtctrlCtxP_export",
            "module.aci.module.aci_l3out.aci_rest_managed.rtctrlCtxP_import",
            "module.aci.module.aci_l3out.aci_rest_managed.rtctrlProfile_export",
            "module.aci.module.aci_l3out.aci_rest_managed.rtctrlProfile_import",
            "module.aci.module.aci_l3out.aci_rest_managed.rtctrlRsCtxPToSubjP_export",
            "module.aci.module.aci_l3out.aci_rest_managed.rtctrlRsCtxPToSubjP_import",
            "module.aci.module.aci_l3out.aci_rest_managed.rtctrlRsScopeToAttrP_export",
            "module.aci.module.aci_l3out.aci_rest_managed.rtctrlRsScopeToAttrP_import",
            "module.aci.module.aci_l3out.aci_rest_managed.rtctrlScope_export",
            "module.aci.module.aci_l3out.aci_rest_managed.rtctrlScope_import",
            "module.aci.module.aci_match_rule.aci_rest_managed.rtctrlMatchCommFactor",
            "module.aci.module.aci_match_rule.aci_rest_managed.rtctrlMatchCommRegexTerm",
            "module.aci.module.aci_match_rule.aci_rest_managed.rtctrlMatchCommTerm",
            "module.aci.module.aci_match_rule.aci_rest_managed.rtctrlMatchRtDest",
            "module.aci.module.aci_match_rule.aci_rest_managed.rtctrlSubjP",
            "module.aci.module.aci_ospf_interface_policy.aci_rest_managed.ospfIfPol",
            "module.aci.module.aci_set_rule.aci_rest_managed.rtctrlAttrP",
            "module.aci.module.aci_set_rule.aci_rest_managed.rtctrlRsSetPolicyTagToInstP",
            "module.aci.module.aci_set_rule.aci_rest_managed.rtctrlSetASPath",
            "module.aci.module.aci_set_rule.aci_rest_managed.rtctrlSetASPathASN",
            "module.aci.module.aci_set_rule.aci_rest_managed.rtctrlSetAddComm",
            "module.aci.module.aci_set_rule.aci_rest_managed.rtctrlSetComm",
            "module.aci.module.aci_set_rule.aci_rest_managed.rtctrlSetDamp",
            "module.aci.module.aci_set_rule.aci_rest_managed.rtctrlSetNh",
            "module.aci.module.aci_set_rule.aci_rest_managed.rtctrlSetNhUnchanged",
            "module.aci.module.aci_set_rule.aci_rest_managed.rtctrlSetPolicyTag",
            "module.aci.module.aci_set_rule.aci_rest_managed.rtctrlSetPref",
            "module.aci.module.aci_set_rule.aci_rest_managed.rtctrlSetRedistMultipath",
            "module.aci.module.aci_set_rule.aci_rest_managed.rtctrlSetRtMetric",
            "module.aci.module.aci_set_rule.aci_rest_managed.rtctrlSetRtMetricType",
            "module.aci.module.aci_set_rule.aci_rest_managed.rtctrlSetTag",
            "module.aci.module.aci_set_rule.aci_rest_managed.rtctrlSetWeight",
            "module.aci.module.aci_tenant.aci_rest_managed.aaaDomainRef",
            "module.aci.module.aci_tenant.aci_rest_managed.fvTenant",
            "module.aci.module.aci_vlan_pool.aci_rest_managed.fvnsEncapBlk",
            "module.aci.module.aci_vlan_pool.aci_rest_managed.fvnsVlanInstP",
            "module.aci.module.aci_vmware_vmm_domain.aci_rest_managed.aaaDomainRef",
            "module.aci.module.aci_vmware_vmm_domain.aci_rest_managed.infraRsVlanNs",
            "module.aci.module.aci_vmware_vmm_domain.aci_rest_managed.lacpEnhancedLagPol",
            "module.aci.module.aci_vmware_vmm_domain.aci_rest_managed.vmmCtrlrP",
            "module.aci.module.aci_vmware_vmm_domain.aci_rest_managed.vmmDomP",
            "module.aci.module.aci_vmware_vmm_domain.aci_rest_managed.vmmRsAcc",
            "module.aci.module.aci_vmware_vmm_domain.aci_rest_managed.vmmRsMgmtEPg",
            "module.aci.module.aci_vmware_vmm_domain.aci_rest_managed.vmmRsVswitchOverrideCdpIfPol",
            "module.aci.module.aci_vmware_vmm_domain.aci_rest_managed.vmmRsVswitchOverrideLacpPol",
            "module.aci.module.aci_vmware_vmm_domain.aci_rest_managed.vmmRsVswitchOverrideLldpIfPol",
            "module.aci.module.aci_vmware_vmm_domain.aci_rest_managed.vmmRsVswitchOverrideMtuPol",
            "module.aci.module.aci_vmware_vmm_domain.aci_rest_managed.vmmUplinkP",
            "module.aci.module.aci_vmware_vmm_domain.aci_rest_managed.vmmUplinkPCont",
            "module.aci.module.aci_vmware_vmm_domain.aci_rest_managed.vmmUsrAccP",
            "module.aci.module.aci_vmware_vmm_domain.aci_rest_managed.vmmVSwitchPolicyCont",
            "module.aci.module.aci_vrf.aci_rest_managed.bgpRtTargetP_ipv4",
            "module.aci.module.aci_vrf.aci_rest_managed.bgpRtTargetP_ipv6",
            "module.aci.module.aci_vrf.aci_rest_managed.bgpRtTarget_ipv4_export",
            "module.aci.module.aci_vrf.aci_rest_managed.bgpRtTarget_ipv4_import",
            "module.aci.module.aci_vrf.aci_rest_managed.bgpRtTarget_ipv6_export",
            "module.aci.module.aci_vrf.aci_rest_managed.bgpRtTarget_ipv6_import",
            "module.aci.module.aci_vrf.aci_rest_managed.dnsLbl",
            "module.aci.module.aci_vrf.aci_rest_managed.fvCtx",
            "module.aci.module.aci_vrf.aci_rest_managed.fvRsBgpCtxPol",
            "module.aci.module.aci_vrf.aci_rest_managed.fvRsCtxToBgpCtxAfPol_ipv4",
            "module.aci.module.aci_vrf.aci_rest_managed.fvRsCtxToBgpCtxAfPol_ipv6",
            "module.aci.module.aci_vrf.aci_rest_managed.fvRsCtxToExtRouteTagPol",
            "module.aci.module.aci_vrf.aci_rest_managed.fvRsCtxToOspfCtxPol_ipv4",
            "module.aci.module.aci_vrf.aci_rest_managed.fvRsCtxToOspfCtxPol_ipv6",
            "module.aci.module.aci_vrf.aci_rest_managed.fvRsOspfCtxPol",
            "module.aci.module.aci_vrf.aci_rest_managed.igmpCtxP",
            "module.aci.module.aci_vrf.aci_rest_managed.igmpSSMXlateP",
            "module.aci.module.aci_vrf.aci_rest_managed.leakExternalPrefix",
            "module.aci.module.aci_vrf.aci_rest_managed.leakInternalSubnet",
            "module.aci.module.aci_vrf.aci_rest_managed.leakRoutes",
            "module.aci.module.aci_vrf.aci_rest_managed.leakTo_external",
            "module.aci.module.aci_vrf.aci_rest_managed.leakTo_internal",
            "module.aci.module.aci_vrf.aci_rest_managed.pimASMPatPol",
            "module.aci.module.aci_vrf.aci_rest_managed.pimAutoRPPol",
            "module.aci.module.aci_vrf.aci_rest_managed.pimBSRFilterPol",
            "module.aci.module.aci_vrf.aci_rest_managed.pimBSRPPol",
            "module.aci.module.aci_vrf.aci_rest_managed.pimCtxP",
            "module.aci.module.aci_vrf.aci_rest_managed.pimFabricRPPol",
            "module.aci.module.aci_vrf.aci_rest_managed.pimInterVRFEntryPol",
            "module.aci.module.aci_vrf.aci_rest_managed.pimInterVRFPol",
            "module.aci.module.aci_vrf.aci_rest_managed.pimMAFilterPol",
            "module.aci.module.aci_vrf.aci_rest_managed.pimRPGrpRangePol_fabric_rp",
            "module.aci.module.aci_vrf.aci_rest_managed.pimRPGrpRangePol_static_rp",
            "module.aci.module.aci_vrf.aci_rest_managed.pimRegTrPol",
            "module.aci.module.aci_vrf.aci_rest_managed.pimResPol",
            "module.aci.module.aci_vrf.aci_rest_managed.pimSGRangeExpPol",
            "module.aci.module.aci_vrf.aci_rest_managed.pimSSMPatPol",
            "module.aci.module.aci_vrf.aci_rest_managed.pimSSMRangePol",
            "module.aci.module.aci_vrf.aci_rest_managed.pimSharedRangePol",
            "module.aci.module.aci_vrf.aci_rest_managed.pimStaticRPEntryPol_fabric_rp",
            "module.aci.module.aci_vrf.aci_rest_managed.pimStaticRPEntryPol_static_rp",
            "module.aci.module.aci_vrf.aci_rest_managed.pimStaticRPPol",
            "module.aci.module.aci_vrf.aci_rest_managed.rtdmcRsFilterToRtMapPol_asm_sg_expiry",
            "module.aci.module.aci_vrf.aci_rest_managed.rtdmcRsFilterToRtMapPol_asm_shared",
            "module.aci.module.aci_vrf.aci_rest_managed.rtdmcRsFilterToRtMapPol_auto_rp",
            "module.aci.module.aci_vrf.aci_rest_managed.rtdmcRsFilterToRtMapPol_bsr",
            "module.aci.module.aci_vrf.aci_rest_managed.rtdmcRsFilterToRtMapPol_fabric_rp",
            "module.aci.module.aci_vrf.aci_rest_managed.rtdmcRsFilterToRtMapPol_pim_inter_vrf",
            "module.aci.module.aci_vrf.aci_rest_managed.rtdmcRsFilterToRtMapPol_ssm_range",
            "module.aci.module.aci_vrf.aci_rest_managed.rtdmcRsFilterToRtMapPol_static_rp",
            "module.aci.module.aci_vrf.aci_rest_managed.vzAny",
            "module.aci.module.aci_vrf.aci_rest_managed.vzRsAnyToCons",
            "module.aci.module.aci_vrf.aci_rest_managed.vzRsAnyToConsIf",
            "module.aci.module.aci_vrf.aci_rest_managed.vzRsAnyToProv"
          ]
        }
      ]
    },
    {
      "module": "module.aci.module.aci_endpoint_group[\"demo-05/network-segments/10.0.92.0_24-epg-01\"]",
      "mode": "managed",
      "type": "aci_rest_managed",
      "name": "fvAEPg",
      "provider": "provider[\"registry.terraform.io/ciscodevnet/aci\"]",
      "instances": [
        {
          "schema_version": 0,
          "attributes": {
            "annotation": "orchestrator:terraform",
            "child": [],
            "class_name": "fvAEPg",
            "content": {
              "descr": "",
              "floodOnEncap": "disabled",
              "fwdCtrl": "",
              "name": "10.0.92.0_24-epg-01",
              "nameAlias": "internal-vrf-03",
              "pcEnfPref": "unenforced",
              "prefGrMemb": "exclude",
              "prio": "unspecified"
            },
            "dn": "uni/tn-demo-05/ap-network-segments/epg-10.0.92.0_24-epg-01",
            "id": "uni/tn-demo-05/ap-network-segments/epg-10.0.92.0_24-epg-01"
          },
          "sensitive_attributes": [],
          "dependencies": [
            "module.aci.data.utils_yaml_merge.defaults",
            "module.aci.data.utils_yaml_merge.model",
            "module.aci.data.utils_yaml_merge.modules",
            "module.aci.module.aci_application_profile.aci_rest_managed.fvAp",
            "module.aci.module.aci_bfd_interface_policy.aci_rest_managed.bfdIfPol",
            "module.aci.module.aci_bgp_timer_policy.aci_rest_managed.bgpCtxPol",
            "module.aci.module.aci_bridge_domain.aci_rest_managed.dhcpLbl",
            "module.aci.module.aci_bridge_domain.aci_rest_managed.dhcpRsDhcpOptionPol",
            "module.aci.module.aci_bridge_domain.aci_rest_managed.fvBD",
            "module.aci.module.aci_bridge_domain.aci_rest_managed.fvRsBDToOut",
            "module.aci.module.aci_bridge_domain.aci_rest_managed.fvRsCtx",
            "module.aci.module.aci_bridge_domain.aci_rest_managed.fvRsIgmpsn",
            "module.aci.module.aci_bridge_domain.aci_rest_managed.fvRsNdPfxPol",
            "module.aci.module.aci_bridge_domain.aci_rest_managed.fvSubnet",
            "module.aci.module.aci_bridge_domain.aci_rest_managed.igmpIfP",
            "module.aci.module.aci_bridge_domain.aci_rest_managed.igmpRsIfPol",
            "module.aci.module.aci_bridge_domain.aci_rest_managed.pimBDDestFilterPol",
            "module.aci.module.aci_bridge_domain.aci_rest_managed.pimBDFilterPol",
            "module.aci.module.aci_bridge_domain.aci_rest_managed.pimBDP",
            "module.aci.module.aci_bridge_domain.aci_rest_managed.pimBDSrcFilterPol",
            "module.aci.module.aci_bridge_domain.aci_rest_managed.rtdmcRsFilterToRtMapPol_destination",
            "module.aci.module.aci_bridge_domain.aci_rest_managed.rtdmcRsFilterToRtMapPol_source",
            "module.aci.module.aci_bridge_domain.aci_rest_managed.tagTag",
            "module.aci.module.aci_contract.aci_rest_managed.vzBrCP",
            "module.aci.module.aci_contract.aci_rest_managed.vzRsSubjFiltAtt",
            "module.aci.module.aci_contract.aci_rest_managed.vzRsSubjGraphAtt",
            "module.aci.module.aci_contract.aci_rest_managed.vzSubj",
            "module.aci.module.aci_dhcp_option_policy.aci_rest_managed.dhcpOption",
            "module.aci.module.aci_dhcp_option_policy.aci_rest_managed.dhcpOptionPol",
            "module.aci.module.aci_dhcp_relay_policy.aci_rest_managed.dhcpRelayP",
            "module.aci.module.aci_dhcp_relay_policy.aci_rest_managed.dhcpRsProv",
            "module.aci.module.aci_eigrp_interface_policy.aci_rest_managed.eigrpIfPol",
            "module.aci.module.aci_filter.aci_rest_managed.vzEntry",
            "module.aci.module.aci_filter.aci_rest_managed.vzFilter",
            "module.aci.module.aci_imported_contract.aci_rest_managed.vzCPIf",
            "module.aci.module.aci_imported_contract.aci_rest_managed.vzRsIf",
            "module.aci.module.aci_l3out.aci_rest_managed.bgpExtP",
            "module.aci.module.aci_l3out.aci_rest_managed.eigrpExtP",
            "module.aci.module.aci_l3out.aci_rest_managed.l3extConsLbl",
            "module.aci.module.aci_l3out.aci_rest_managed.l3extDefaultRouteLeakP",
            "module.aci.module.aci_l3out.aci_rest_managed.l3extInstP_sr_mpls",
            "module.aci.module.aci_l3out.aci_rest_managed.l3extOut",
            "module.aci.module.aci_l3out.aci_rest_managed.l3extProvLbl",
            "module.aci.module.aci_l3out.aci_rest_managed.l3extRsDampeningPol_ipv4",
            "module.aci.module.aci_l3out.aci_rest_managed.l3extRsDampeningPol_ipv6",
            "module.aci.module.aci_l3out.aci_rest_managed.l3extRsEctx",
            "module.aci.module.aci_l3out.aci_rest_managed.l3extRsInterleakPol",
            "module.aci.module.aci_l3out.aci_rest_managed.l3extRsL3DomAtt",
            "module.aci.module.aci_l3out.aci_rest_managed.l3extRsLblToProfile_export",
            "module.aci.module.aci_l3out.aci_rest_managed.l3extRsLblToProfile_import",
            "module.aci.module.aci_l3out.aci_rest_managed.l3extRsRedistributePol",
            "module.aci.module.aci_l3out.aci_rest_managed.mplsExtP",
            "module.aci.module.aci_l3out.aci_rest_managed.mplsRsLabelPol",
            "module.aci.module.aci_l3out.aci_rest_managed.ospfExtP",
            "module.aci.module.aci_l3out.aci_rest_managed.pimExtP",
            "module.aci.module.aci_l3out.aci_rest_managed.rtctrlCtxP_export",
            "module.aci.module.aci_l3out.aci_rest_managed.rtctrlCtxP_import",
            "module.aci.module.aci_l3out.aci_rest_managed.rtctrlProfile_export",
            "module.aci.module.aci_l3out.aci_rest_managed.rtctrlProfile_import",
            "module.aci.module.aci_l3out.aci_rest_managed.rtctrlRsCtxPToSubjP_export",
            "module.aci.module.aci_l3out.aci_rest_managed.rtctrlRsCtxPToSubjP_import",
            "module.aci.module.aci_l3out.aci_rest_managed.rtctrlRsScopeToAttrP_export",
            "module.aci.module.aci_l3out.aci_rest_managed.rtctrlRsScopeToAttrP_import",
            "module.aci.module.aci_l3out.aci_rest_managed.rtctrlScope_export",
            "module.aci.module.aci_l3out.aci_rest_managed.rtctrlScope_import",
            "module.aci.module.aci_match_rule.aci_rest_managed.rtctrlMatchCommFactor",
            "module.aci.module.aci_match_rule.aci_rest_managed.rtctrlMatchCommRegexTerm",
            "module.aci.module.aci_match_rule.aci_rest_managed.rtctrlMatchCommTerm",
            "module.aci.module.aci_match_rule.aci_rest_managed.rtctrlMatchRtDest",
            "module.aci.module.aci_match_rule.aci_rest_managed.rtctrlSubjP",
            "module.aci.module.aci_ospf_interface_policy.aci_rest_managed.ospfIfPol",
            "module.aci.module.aci_set_rule.aci_rest_managed.rtctrlAttrP",
            "module.aci.module.aci_set_rule.aci_rest_managed.rtctrlRsSetPolicyTagToInstP",
            "module.aci.module.aci_set_rule.aci_rest_managed.rtctrlSetASPath",
            "module.aci.module.aci_set_rule.aci_rest_managed.rtctrlSetASPathASN",
            "module.aci.module.aci_set_rule.aci_rest_managed.rtctrlSetAddComm",
            "module.aci.module.aci_set_rule.aci_rest_managed.rtctrlSetComm",
            "module.aci.module.aci_set_rule.aci_rest_managed.rtctrlSetDamp",
            "module.aci.module.aci_set_rule.aci_rest_managed.rtctrlSetNh",
            "module.aci.module.aci_set_rule.aci_rest_managed.rtctrlSetNhUnchanged",
            "module.aci.module.aci_set_rule.aci_rest_managed.rtctrlSetPolicyTag",
            "module.aci.module.aci_set_rule.aci_rest_managed.rtctrlSetPref",
            "module.aci.module.aci_set_rule.aci_rest_managed.rtctrlSetRedistMultipath",
            "module.aci.module.aci_set_rule.aci_rest_managed.rtctrlSetRtMetric",
            "module.aci.module.aci_set_rule.aci_rest_managed.rtctrlSetRtMetricType",
            "module.aci.module.aci_set_rule.aci_rest_managed.rtctrlSetTag",
            "module.aci.module.aci_set_rule.aci_rest_managed.rtctrlSetWeight",
            "module.aci.module.aci_tenant.aci_rest_managed.aaaDomainRef",
            "module.aci.module.aci_tenant.aci_rest_managed.fvTenant",
            "module.aci.module.aci_vlan_pool.aci_rest_managed.fvnsEncapBlk",
            "module.aci.module.aci_vlan_pool.aci_rest_managed.fvnsVlanInstP",
            "module.aci.module.aci_vmware_vmm_domain.aci_rest_managed.aaaDomainRef",
            "module.aci.module.aci_vmware_vmm_domain.aci_rest_managed.infraRsVlanNs",
            "module.aci.module.aci_vmware_vmm_domain.aci_rest_managed.lacpEnhancedLagPol",
            "module.aci.module.aci_vmware_vmm_domain.aci_rest_managed.vmmCtrlrP",
            "module.aci.module.aci_vmware_vmm_domain.aci_rest_managed.vmmDomP",
            "module.aci.module.aci_vmware_vmm_domain.aci_rest_managed.vmmRsAcc",
            "module.aci.module.aci_vmware_vmm_domain.aci_rest_managed.vmmRsMgmtEPg",
            "module.aci.module.aci_vmware_vmm_domain.aci_rest_managed.vmmRsVswitchOverrideCdpIfPol",
            "module.aci.module.aci_vmware_vmm_domain.aci_rest_managed.vmmRsVswitchOverrideLacpPol",
            "module.aci.module.aci_vmware_vmm_domain.aci_rest_managed.vmmRsVswitchOverrideLldpIfPol",
            "module.aci.module.aci_vmware_vmm_domain.aci_rest_managed.vmmRsVswitchOverrideMtuPol",
            "module.aci.module.aci_vmware_vmm_domain.aci_rest_managed.vmmUplinkP",
            "module.aci.module.aci_vmware_vmm_domain.aci_rest_managed.vmmUplinkPCont",
            "module.aci.module.aci_vmware_vmm_domain.aci_rest_managed.vmmUsrAccP",
            "module.aci.module.aci_vmware_vmm_domain.aci_rest_managed.vmmVSwitchPolicyCont",
            "module.aci.module.aci_vrf.aci_rest_managed.bgpRtTargetP_ipv4",
            "module.aci.module.aci_vrf.aci_rest_managed.bgpRtTargetP_ipv6",
            "module.aci.module.aci_vrf.aci_rest_managed.bgpRtTarget_ipv4_export",
            "module.aci.module.aci_vrf.aci_rest_managed.bgpRtTarget_ipv4_import",
            "module.aci.module.aci_vrf.aci_rest_managed.bgpRtTarget_ipv6_export",
            "module.aci.module.aci_vrf.aci_rest_managed.bgpRtTarget_ipv6_import",
            "module.aci.module.aci_vrf.aci_rest_managed.dnsLbl",
            "module.aci.module.aci_vrf.aci_rest_managed.fvCtx",
            "module.aci.module.aci_vrf.aci_rest_managed.fvRsBgpCtxPol",
            "module.aci.module.aci_vrf.aci_rest_managed.fvRsCtxToBgpCtxAfPol_ipv4",
            "module.aci.module.aci_vrf.aci_rest_managed.fvRsCtxToBgpCtxAfPol_ipv6",
            "module.aci.module.aci_vrf.aci_rest_managed.fvRsCtxToExtRouteTagPol",
            "module.aci.module.aci_vrf.aci_rest_managed.fvRsCtxToOspfCtxPol_ipv4",
            "module.aci.module.aci_vrf.aci_rest_managed.fvRsCtxToOspfCtxPol_ipv6",
            "module.aci.module.aci_vrf.aci_rest_managed.fvRsOspfCtxPol",
            "module.aci.module.aci_vrf.aci_rest_managed.igmpCtxP",
            "module.aci.module.aci_vrf.aci_rest_managed.igmpSSMXlateP",
            "module.aci.module.aci_vrf.aci_rest_managed.leakExternalPrefix",
            "module.aci.module.aci_vrf.aci_rest_managed.leakInternalSubnet",
            "module.aci.module.aci_vrf.aci_rest_managed.leakRoutes",
            "module.aci.module.aci_vrf.aci_rest_managed.leakTo_external",
            "module.aci.module.aci_vrf.aci_rest_managed.leakTo_internal",
            "module.aci.module.aci_vrf.aci_rest_managed.pimASMPatPol",
            "module.aci.module.aci_vrf.aci_rest_managed.pimAutoRPPol",
            "module.aci.module.aci_vrf.aci_rest_managed.pimBSRFilterPol",
            "module.aci.module.aci_vrf.aci_rest_managed.pimBSRPPol",
            "module.aci.module.aci_vrf.aci_rest_managed.pimCtxP",
            "module.aci.module.aci_vrf.aci_rest_managed.pimFabricRPPol",
            "module.aci.module.aci_vrf.aci_rest_managed.pimInterVRFEntryPol",
            "module.aci.module.aci_vrf.aci_rest_managed.pimInterVRFPol",
            "module.aci.module.aci_vrf.aci_rest_managed.pimMAFilterPol",
            "module.aci.module.aci_vrf.aci_rest_managed.pimRPGrpRangePol_fabric_rp",
            "module.aci.module.aci_vrf.aci_rest_managed.pimRPGrpRangePol_static_rp",
            "module.aci.module.aci_vrf.aci_rest_managed.pimRegTrPol",
            "module.aci.module.aci_vrf.aci_rest_managed.pimResPol",
            "module.aci.module.aci_vrf.aci_rest_managed.pimSGRangeExpPol",
            "module.aci.module.aci_vrf.aci_rest_managed.pimSSMPatPol",
            "module.aci.module.aci_vrf.aci_rest_managed.pimSSMRangePol",
            "module.aci.module.aci_vrf.aci_rest_managed.pimSharedRangePol",
            "module.aci.module.aci_vrf.aci_rest_managed.pimStaticRPEntryPol_fabric_rp",
            "module.aci.module.aci_vrf.aci_rest_managed.pimStaticRPEntryPol_static_rp",
            "module.aci.module.aci_vrf.aci_rest_managed.pimStaticRPPol",
            "module.aci.module.aci_vrf.aci_rest_managed.rtdmcRsFilterToRtMapPol_asm_sg_expiry",
            "module.aci.module.aci_vrf.aci_rest_managed.rtdmcRsFilterToRtMapPol_asm_shared",
            "module.aci.module.aci_vrf.aci_rest_managed.rtdmcRsFilterToRtMapPol_auto_rp",
            "module.aci.module.aci_vrf.aci_rest_managed.rtdmcRsFilterToRtMapPol_bsr",
            "module.aci.module.aci_vrf.aci_rest_managed.rtdmcRsFilterToRtMapPol_fabric_rp",
            "module.aci.module.aci_vrf.aci_rest_managed.rtdmcRsFilterToRtMapPol_pim_inter_vrf",
            "module.aci.module.aci_vrf.aci_rest_managed.rtdmcRsFilterToRtMapPol_ssm_range",
            "module.aci.module.aci_vrf.aci_rest_managed.rtdmcRsFilterToRtMapPol_static_rp",
            "module.aci.module.aci_vrf.aci_rest_managed.vzAny",
            "module.aci.module.aci_vrf.aci_rest_managed.vzRsAnyToCons",
            "module.aci.module.aci_vrf.aci_rest_managed.vzRsAnyToConsIf",
            "module.aci.module.aci_vrf.aci_rest_managed.vzRsAnyToProv"
          ]
        }
      ]
    },
    {
      "module": "module.aci.module.aci_endpoint_group[\"demo-05/network-segments/10.0.92.0_24-epg-01\"]",
      "mode": "managed",
      "type": "aci_rest_managed",
      "name": "fvRsBd",
      "provider": "provider[\"registry.terraform.io/ciscodevnet/aci\"]",
      "instances": [
        {
          "schema_version": 0,
          "attributes": {
            "annotation": "orchestrator:terraform",
            "child": [],
            "class_name": "fvRsBd",
            "content": {
              "tnFvBDName": "10.0.92.0_24"
            },
            "dn": "uni/tn-demo-05/ap-network-segments/epg-10.0.92.0_24-epg-01/rsbd",
            "id": "uni/tn-demo-05/ap-network-segments/epg-10.0.92.0_24-epg-01/rsbd"
          },
          "sensitive_attributes": [],
          "dependencies": [
            "module.aci.data.utils_yaml_merge.defaults",
            "module.aci.data.utils_yaml_merge.model",
            "module.aci.data.utils_yaml_merge.modules",
            "module.aci.module.aci_application_profile.aci_rest_managed.fvAp",
            "module.aci.module.aci_bfd_interface_policy.aci_rest_managed.bfdIfPol",
            "module.aci.module.aci_bgp_timer_policy.aci_rest_managed.bgpCtxPol",
            "module.aci.module.aci_bridge_domain.aci_rest_managed.dhcpLbl",
            "module.aci.module.aci_bridge_domain.aci_rest_managed.dhcpRsDhcpOptionPol",
            "module.aci.module.aci_bridge_domain.aci_rest_managed.fvBD",
            "module.aci.module.aci_bridge_domain.aci_rest_managed.fvRsBDToOut",
            "module.aci.module.aci_bridge_domain.aci_rest_managed.fvRsCtx",
            "module.aci.module.aci_bridge_domain.aci_rest_managed.fvRsIgmpsn",
            "module.aci.module.aci_bridge_domain.aci_rest_managed.fvRsNdPfxPol",
            "module.aci.module.aci_bridge_domain.aci_rest_managed.fvSubnet",
            "module.aci.module.aci_bridge_domain.aci_rest_managed.igmpIfP",
            "module.aci.module.aci_bridge_domain.aci_rest_managed.igmpRsIfPol",
            "module.aci.module.aci_bridge_domain.aci_rest_managed.pimBDDestFilterPol",
            "module.aci.module.aci_bridge_domain.aci_rest_managed.pimBDFilterPol",
            "module.aci.module.aci_bridge_domain.aci_rest_managed.pimBDP",
            "module.aci.module.aci_bridge_domain.aci_rest_managed.pimBDSrcFilterPol",
            "module.aci.module.aci_bridge_domain.aci_rest_managed.rtdmcRsFilterToRtMapPol_destination",
            "module.aci.module.aci_bridge_domain.aci_rest_managed.rtdmcRsFilterToRtMapPol_source",
            "module.aci.module.aci_bridge_domain.aci_rest_managed.tagTag",
            "module.aci.module.aci_contract.aci_rest_managed.vzBrCP",
            "module.aci.module.aci_contract.aci_rest_managed.vzRsSubjFiltAtt",
            "module.aci.module.aci_contract.aci_rest_managed.vzRsSubjGraphAtt",
            "module.aci.module.aci_contract.aci_rest_managed.vzSubj",
            "module.aci.module.aci_dhcp_option_policy.aci_rest_managed.dhcpOption",
            "module.aci.module.aci_dhcp_option_policy.aci_rest_managed.dhcpOptionPol",
            "module.aci.module.aci_dhcp_relay_policy.aci_rest_managed.dhcpRelayP",
            "module.aci.module.aci_dhcp_relay_policy.aci_rest_managed.dhcpRsProv",
            "module.aci.module.aci_eigrp_interface_policy.aci_rest_managed.eigrpIfPol",
            "module.aci.module.aci_endpoint_group.aci_rest_managed.fvAEPg",
            "module.aci.module.aci_filter.aci_rest_managed.vzEntry",
            "module.aci.module.aci_filter.aci_rest_managed.vzFilter",
            "module.aci.module.aci_imported_contract.aci_rest_managed.vzCPIf",
            "module.aci.module.aci_imported_contract.aci_rest_managed.vzRsIf",
            "module.aci.module.aci_l3out.aci_rest_managed.bgpExtP",
            "module.aci.module.aci_l3out.aci_rest_managed.eigrpExtP",
            "module.aci.module.aci_l3out.aci_rest_managed.l3extConsLbl",
            "module.aci.module.aci_l3out.aci_rest_managed.l3extDefaultRouteLeakP",
            "module.aci.module.aci_l3out.aci_rest_managed.l3extInstP_sr_mpls",
            "module.aci.module.aci_l3out.aci_rest_managed.l3extOut",
            "module.aci.module.aci_l3out.aci_rest_managed.l3extProvLbl",
            "module.aci.module.aci_l3out.aci_rest_managed.l3extRsDampeningPol_ipv4",
            "module.aci.module.aci_l3out.aci_rest_managed.l3extRsDampeningPol_ipv6",
            "module.aci.module.aci_l3out.aci_rest_managed.l3extRsEctx",
            "module.aci.module.aci_l3out.aci_rest_managed.l3extRsInterleakPol",
            "module.aci.module.aci_l3out.aci_rest_managed.l3extRsL3DomAtt",
            "module.aci.module.aci_l3out.aci_rest_managed.l3extRsLblToProfile_export",
            "module.aci.module.aci_l3out.aci_rest_managed.l3extRsLblToProfile_import",
            "module.aci.module.aci_l3out.aci_rest_managed.l3extRsRedistributePol",
            "module.aci.module.aci_l3out.aci_rest_managed.mplsExtP",
            "module.aci.module.aci_l3out.aci_rest_managed.mplsRsLabelPol",
            "module.aci.module.aci_l3out.aci_rest_managed.ospfExtP",
            "module.aci.module.aci_l3out.aci_rest_managed.pimExtP",
            "module.aci.module.aci_l3out.aci_rest_managed.rtctrlCtxP_export",
            "module.aci.module.aci_l3out.aci_rest_managed.rtctrlCtxP_import",
            "module.aci.module.aci_l3out.aci_rest_managed.rtctrlProfile_export",
            "module.aci.module.aci_l3out.aci_rest_managed.rtctrlProfile_import",
            "module.aci.module.aci_l3out.aci_rest_managed.rtctrlRsCtxPToSubjP_export",
            "module.aci.module.aci_l3out.aci_rest_managed.rtctrlRsCtxPToSubjP_import",
            "module.aci.module.aci_l3out.aci_rest_managed.rtctrlRsScopeToAttrP_export",
            "module.aci.module.aci_l3out.aci_rest_managed.rtctrlRsScopeToAttrP_import",
            "module.aci.module.aci_l3out.aci_rest_managed.rtctrlScope_export",
            "module.aci.module.aci_l3out.aci_rest_managed.rtctrlScope_import",
            "module.aci.module.aci_match_rule.aci_rest_managed.rtctrlMatchCommFactor",
            "module.aci.module.aci_match_rule.aci_rest_managed.rtctrlMatchCommRegexTerm",
            "module.aci.module.aci_match_rule.aci_rest_managed.rtctrlMatchCommTerm",
            "module.aci.module.aci_match_rule.aci_rest_managed.rtctrlMatchRtDest",
            "module.aci.module.aci_match_rule.aci_rest_managed.rtctrlSubjP",
            "module.aci.module.aci_ospf_interface_policy.aci_rest_managed.ospfIfPol",
            "module.aci.module.aci_set_rule.aci_rest_managed.rtctrlAttrP",
            "module.aci.module.aci_set_rule.aci_rest_managed.rtctrlRsSetPolicyTagToInstP",
            "module.aci.module.aci_set_rule.aci_rest_managed.rtctrlSetASPath",
            "module.aci.module.aci_set_rule.aci_rest_managed.rtctrlSetASPathASN",
            "module.aci.module.aci_set_rule.aci_rest_managed.rtctrlSetAddComm",
            "module.aci.module.aci_set_rule.aci_rest_managed.rtctrlSetComm",
            "module.aci.module.aci_set_rule.aci_rest_managed.rtctrlSetDamp",
            "module.aci.module.aci_set_rule.aci_rest_managed.rtctrlSetNh",
            "module.aci.module.aci_set_rule.aci_rest_managed.rtctrlSetNhUnchanged",
            "module.aci.module.aci_set_rule.aci_rest_managed.rtctrlSetPolicyTag",
            "module.aci.module.aci_set_rule.aci_rest_managed.rtctrlSetPref",
            "module.aci.module.aci_set_rule.aci_rest_managed.rtctrlSetRedistMultipath",
            "module.aci.module.aci_set_rule.aci_rest_managed.rtctrlSetRtMetric",
            "module.aci.module.aci_set_rule.aci_rest_managed.rtctrlSetRtMetricType",
            "module.aci.module.aci_set_rule.aci_rest_managed.rtctrlSetTag",
            "module.aci.module.aci_set_rule.aci_rest_managed.rtctrlSetWeight",
            "module.aci.module.aci_tenant.aci_rest_managed.aaaDomainRef",
            "module.aci.module.aci_tenant.aci_rest_managed.fvTenant",
            "module.aci.module.aci_vlan_pool.aci_rest_managed.fvnsEncapBlk",
            "module.aci.module.aci_vlan_pool.aci_rest_managed.fvnsVlanInstP",
            "module.aci.module.aci_vmware_vmm_domain.aci_rest_managed.aaaDomainRef",
            "module.aci.module.aci_vmware_vmm_domain.aci_rest_managed.infraRsVlanNs",
            "module.aci.module.aci_vmware_vmm_domain.aci_rest_managed.lacpEnhancedLagPol",
            "module.aci.module.aci_vmware_vmm_domain.aci_rest_managed.vmmCtrlrP",
            "module.aci.module.aci_vmware_vmm_domain.aci_rest_managed.vmmDomP",
            "module.aci.module.aci_vmware_vmm_domain.aci_rest_managed.vmmRsAcc",
            "module.aci.module.aci_vmware_vmm_domain.aci_rest_managed.vmmRsMgmtEPg",
            "module.aci.module.aci_vmware_vmm_domain.aci_rest_managed.vmmRsVswitchOverrideCdpIfPol",
            "module.aci.module.aci_vmware_vmm_domain.aci_rest_managed.vmmRsVswitchOverrideLacpPol",
            "module.aci.module.aci_vmware_vmm_domain.aci_rest_managed.vmmRsVswitchOverrideLldpIfPol",
            "module.aci.module.aci_vmware_vmm_domain.aci_rest_managed.vmmRsVswitchOverrideMtuPol",
            "module.aci.module.aci_vmware_vmm_domain.aci_rest_managed.vmmUplinkP",
            "module.aci.module.aci_vmware_vmm_domain.aci_rest_managed.vmmUplinkPCont",
            "module.aci.module.aci_vmware_vmm_domain.aci_rest_managed.vmmUsrAccP",
            "module.aci.module.aci_vmware_vmm_domain.aci_rest_managed.vmmVSwitchPolicyCont",
            "module.aci.module.aci_vrf.aci_rest_managed.bgpRtTargetP_ipv4",
            "module.aci.module.aci_vrf.aci_rest_managed.bgpRtTargetP_ipv6",
            "module.aci.module.aci_vrf.aci_rest_managed.bgpRtTarget_ipv4_export",
            "module.aci.module.aci_vrf.aci_rest_managed.bgpRtTarget_ipv4_import",
            "module.aci.module.aci_vrf.aci_rest_managed.bgpRtTarget_ipv6_export",
            "module.aci.module.aci_vrf.aci_rest_managed.bgpRtTarget_ipv6_import",
            "module.aci.module.aci_vrf.aci_rest_managed.dnsLbl",
            "module.aci.module.aci_vrf.aci_rest_managed.fvCtx",
            "module.aci.module.aci_vrf.aci_rest_managed.fvRsBgpCtxPol",
            "module.aci.module.aci_vrf.aci_rest_managed.fvRsCtxToBgpCtxAfPol_ipv4",
            "module.aci.module.aci_vrf.aci_rest_managed.fvRsCtxToBgpCtxAfPol_ipv6",
            "module.aci.module.aci_vrf.aci_rest_managed.fvRsCtxToExtRouteTagPol",
            "module.aci.module.aci_vrf.aci_rest_managed.fvRsCtxToOspfCtxPol_ipv4",
            "module.aci.module.aci_vrf.aci_rest_managed.fvRsCtxToOspfCtxPol_ipv6",
            "module.aci.module.aci_vrf.aci_rest_managed.fvRsOspfCtxPol",
            "module.aci.module.aci_vrf.aci_rest_managed.igmpCtxP",
            "module.aci.module.aci_vrf.aci_rest_managed.igmpSSMXlateP",
            "module.aci.module.aci_vrf.aci_rest_managed.leakExternalPrefix",
            "module.aci.module.aci_vrf.aci_rest_managed.leakInternalSubnet",
            "module.aci.module.aci_vrf.aci_rest_managed.leakRoutes",
            "module.aci.module.aci_vrf.aci_rest_managed.leakTo_external",
            "module.aci.module.aci_vrf.aci_rest_managed.leakTo_internal",
            "module.aci.module.aci_vrf.aci_rest_managed.pimASMPatPol",
            "module.aci.module.aci_vrf.aci_rest_managed.pimAutoRPPol",
            "module.aci.module.aci_vrf.aci_rest_managed.pimBSRFilterPol",
            "module.aci.module.aci_vrf.aci_rest_managed.pimBSRPPol",
            "module.aci.module.aci_vrf.aci_rest_managed.pimCtxP",
            "module.aci.module.aci_vrf.aci_rest_managed.pimFabricRPPol",
            "module.aci.module.aci_vrf.aci_rest_managed.pimInterVRFEntryPol",
            "module.aci.module.aci_vrf.aci_rest_managed.pimInterVRFPol",
            "module.aci.module.aci_vrf.aci_rest_managed.pimMAFilterPol",
            "module.aci.module.aci_vrf.aci_rest_managed.pimRPGrpRangePol_fabric_rp",
            "module.aci.module.aci_vrf.aci_rest_managed.pimRPGrpRangePol_static_rp",
            "module.aci.module.aci_vrf.aci_rest_managed.pimRegTrPol",
            "module.aci.module.aci_vrf.aci_rest_managed.pimResPol",
            "module.aci.module.aci_vrf.aci_rest_managed.pimSGRangeExpPol",
            "module.aci.module.aci_vrf.aci_rest_managed.pimSSMPatPol",
            "module.aci.module.aci_vrf.aci_rest_managed.pimSSMRangePol",
            "module.aci.module.aci_vrf.aci_rest_managed.pimSharedRangePol",
            "module.aci.module.aci_vrf.aci_rest_managed.pimStaticRPEntryPol_fabric_rp",
            "module.aci.module.aci_vrf.aci_rest_managed.pimStaticRPEntryPol_static_rp",
            "module.aci.module.aci_vrf.aci_rest_managed.pimStaticRPPol",
            "module.aci.module.aci_vrf.aci_rest_managed.rtdmcRsFilterToRtMapPol_asm_sg_expiry",
            "module.aci.module.aci_vrf.aci_rest_managed.rtdmcRsFilterToRtMapPol_asm_shared",
            "module.aci.module.aci_vrf.aci_rest_managed.rtdmcRsFilterToRtMapPol_auto_rp",
            "module.aci.module.aci_vrf.aci_rest_managed.rtdmcRsFilterToRtMapPol_bsr",
            "module.aci.module.aci_vrf.aci_rest_managed.rtdmcRsFilterToRtMapPol_fabric_rp",
            "module.aci.module.aci_vrf.aci_rest_managed.rtdmcRsFilterToRtMapPol_pim_inter_vrf",
            "module.aci.module.aci_vrf.aci_rest_managed.rtdmcRsFilterToRtMapPol_ssm_range",
            "module.aci.module.aci_vrf.aci_rest_managed.rtdmcRsFilterToRtMapPol_static_rp",
            "module.aci.module.aci_vrf.aci_rest_managed.vzAny",
            "module.aci.module.aci_vrf.aci_rest_managed.vzRsAnyToCons",
            "module.aci.module.aci_vrf.aci_rest_managed.vzRsAnyToConsIf",
            "module.aci.module.aci_vrf.aci_rest_managed.vzRsAnyToProv"
          ]
        }
      ]
    },
    {
      "module": "module.aci.module.aci_endpoint_group[\"demo-05/network-segments/10.0.92.0_24-epg-01\"]",
      "mode": "managed",
      "type": "aci_rest_managed",
      "name": "fvRsDomAtt_vmm",
      "provider": "provider[\"registry.terraform.io/ciscodevnet/aci\"]",
      "instances": [
        {
          "index_key": "hx-dev-01-vds-01",
          "schema_version": 0,
          "attributes": {
            "annotation": "orchestrator:terraform",
            "child": [],
            "class_name": "fvRsDomAtt",
            "content": {
              "classPref": "encap",
              "customEpgName": "",
              "delimiter": "",
              "encap": "unknown",
              "encapMode": "auto",
              "instrImedcy": "immediate",
              "netflowPref": "disabled",
              "primaryEncap": "unknown",
              "resImedcy": "immediate",
              "switchingMode": "native",
              "tDn": "uni/vmmp-VMware/dom-hx-dev-01-vds-01"
            },
            "dn": "uni/tn-demo-05/ap-network-segments/epg-10.0.92.0_24-epg-01/rsdomAtt-[uni/vmmp-VMware/dom-hx-dev-01-vds-01]",
            "id": "uni/tn-demo-05/ap-network-segments/epg-10.0.92.0_24-epg-01/rsdomAtt-[uni/vmmp-VMware/dom-hx-dev-01-vds-01]"
          },
          "sensitive_attributes": [],
          "dependencies": [
            "module.aci.data.utils_yaml_merge.defaults",
            "module.aci.data.utils_yaml_merge.model",
            "module.aci.data.utils_yaml_merge.modules",
            "module.aci.module.aci_application_profile.aci_rest_managed.fvAp",
            "module.aci.module.aci_bfd_interface_policy.aci_rest_managed.bfdIfPol",
            "module.aci.module.aci_bgp_timer_policy.aci_rest_managed.bgpCtxPol",
            "module.aci.module.aci_bridge_domain.aci_rest_managed.dhcpLbl",
            "module.aci.module.aci_bridge_domain.aci_rest_managed.dhcpRsDhcpOptionPol",
            "module.aci.module.aci_bridge_domain.aci_rest_managed.fvBD",
            "module.aci.module.aci_bridge_domain.aci_rest_managed.fvRsBDToOut",
            "module.aci.module.aci_bridge_domain.aci_rest_managed.fvRsCtx",
            "module.aci.module.aci_bridge_domain.aci_rest_managed.fvRsIgmpsn",
            "module.aci.module.aci_bridge_domain.aci_rest_managed.fvRsNdPfxPol",
            "module.aci.module.aci_bridge_domain.aci_rest_managed.fvSubnet",
            "module.aci.module.aci_bridge_domain.aci_rest_managed.igmpIfP",
            "module.aci.module.aci_bridge_domain.aci_rest_managed.igmpRsIfPol",
            "module.aci.module.aci_bridge_domain.aci_rest_managed.pimBDDestFilterPol",
            "module.aci.module.aci_bridge_domain.aci_rest_managed.pimBDFilterPol",
            "module.aci.module.aci_bridge_domain.aci_rest_managed.pimBDP",
            "module.aci.module.aci_bridge_domain.aci_rest_managed.pimBDSrcFilterPol",
            "module.aci.module.aci_bridge_domain.aci_rest_managed.rtdmcRsFilterToRtMapPol_destination",
            "module.aci.module.aci_bridge_domain.aci_rest_managed.rtdmcRsFilterToRtMapPol_source",
            "module.aci.module.aci_bridge_domain.aci_rest_managed.tagTag",
            "module.aci.module.aci_contract.aci_rest_managed.vzBrCP",
            "module.aci.module.aci_contract.aci_rest_managed.vzRsSubjFiltAtt",
            "module.aci.module.aci_contract.aci_rest_managed.vzRsSubjGraphAtt",
            "module.aci.module.aci_contract.aci_rest_managed.vzSubj",
            "module.aci.module.aci_dhcp_option_policy.aci_rest_managed.dhcpOption",
            "module.aci.module.aci_dhcp_option_policy.aci_rest_managed.dhcpOptionPol",
            "module.aci.module.aci_dhcp_relay_policy.aci_rest_managed.dhcpRelayP",
            "module.aci.module.aci_dhcp_relay_policy.aci_rest_managed.dhcpRsProv",
            "module.aci.module.aci_eigrp_interface_policy.aci_rest_managed.eigrpIfPol",
            "module.aci.module.aci_endpoint_group.aci_rest_managed.fvAEPg",
            "module.aci.module.aci_filter.aci_rest_managed.vzEntry",
            "module.aci.module.aci_filter.aci_rest_managed.vzFilter",
            "module.aci.module.aci_imported_contract.aci_rest_managed.vzCPIf",
            "module.aci.module.aci_imported_contract.aci_rest_managed.vzRsIf",
            "module.aci.module.aci_l3out.aci_rest_managed.bgpExtP",
            "module.aci.module.aci_l3out.aci_rest_managed.eigrpExtP",
            "module.aci.module.aci_l3out.aci_rest_managed.l3extConsLbl",
            "module.aci.module.aci_l3out.aci_rest_managed.l3extDefaultRouteLeakP",
            "module.aci.module.aci_l3out.aci_rest_managed.l3extInstP_sr_mpls",
            "module.aci.module.aci_l3out.aci_rest_managed.l3extOut",
            "module.aci.module.aci_l3out.aci_rest_managed.l3extProvLbl",
            "module.aci.module.aci_l3out.aci_rest_managed.l3extRsDampeningPol_ipv4",
            "module.aci.module.aci_l3out.aci_rest_managed.l3extRsDampeningPol_ipv6",
            "module.aci.module.aci_l3out.aci_rest_managed.l3extRsEctx",
            "module.aci.module.aci_l3out.aci_rest_managed.l3extRsInterleakPol",
            "module.aci.module.aci_l3out.aci_rest_managed.l3extRsL3DomAtt",
            "module.aci.module.aci_l3out.aci_rest_managed.l3extRsLblToProfile_export",
            "module.aci.module.aci_l3out.aci_rest_managed.l3extRsLblToProfile_import",
            "module.aci.module.aci_l3out.aci_rest_managed.l3extRsRedistributePol",
            "module.aci.module.aci_l3out.aci_rest_managed.mplsExtP",
            "module.aci.module.aci_l3out.aci_rest_managed.mplsRsLabelPol",
            "module.aci.module.aci_l3out.aci_rest_managed.ospfExtP",
            "module.aci.module.aci_l3out.aci_rest_managed.pimExtP",
            "module.aci.module.aci_l3out.aci_rest_managed.rtctrlCtxP_export",
            "module.aci.module.aci_l3out.aci_rest_managed.rtctrlCtxP_import",
            "module.aci.module.aci_l3out.aci_rest_managed.rtctrlProfile_export",
            "module.aci.module.aci_l3out.aci_rest_managed.rtctrlProfile_import",
            "module.aci.module.aci_l3out.aci_rest_managed.rtctrlRsCtxPToSubjP_export",
            "module.aci.module.aci_l3out.aci_rest_managed.rtctrlRsCtxPToSubjP_import",
            "module.aci.module.aci_l3out.aci_rest_managed.rtctrlRsScopeToAttrP_export",
            "module.aci.module.aci_l3out.aci_rest_managed.rtctrlRsScopeToAttrP_import",
            "module.aci.module.aci_l3out.aci_rest_managed.rtctrlScope_export",
            "module.aci.module.aci_l3out.aci_rest_managed.rtctrlScope_import",
            "module.aci.module.aci_match_rule.aci_rest_managed.rtctrlMatchCommFactor",
            "module.aci.module.aci_match_rule.aci_rest_managed.rtctrlMatchCommRegexTerm",
            "module.aci.module.aci_match_rule.aci_rest_managed.rtctrlMatchCommTerm",
            "module.aci.module.aci_match_rule.aci_rest_managed.rtctrlMatchRtDest",
            "module.aci.module.aci_match_rule.aci_rest_managed.rtctrlSubjP",
            "module.aci.module.aci_ospf_interface_policy.aci_rest_managed.ospfIfPol",
            "module.aci.module.aci_set_rule.aci_rest_managed.rtctrlAttrP",
            "module.aci.module.aci_set_rule.aci_rest_managed.rtctrlRsSetPolicyTagToInstP",
            "module.aci.module.aci_set_rule.aci_rest_managed.rtctrlSetASPath",
            "module.aci.module.aci_set_rule.aci_rest_managed.rtctrlSetASPathASN",
            "module.aci.module.aci_set_rule.aci_rest_managed.rtctrlSetAddComm",
            "module.aci.module.aci_set_rule.aci_rest_managed.rtctrlSetComm",
            "module.aci.module.aci_set_rule.aci_rest_managed.rtctrlSetDamp",
            "module.aci.module.aci_set_rule.aci_rest_managed.rtctrlSetNh",
            "module.aci.module.aci_set_rule.aci_rest_managed.rtctrlSetNhUnchanged",
            "module.aci.module.aci_set_rule.aci_rest_managed.rtctrlSetPolicyTag",
            "module.aci.module.aci_set_rule.aci_rest_managed.rtctrlSetPref",
            "module.aci.module.aci_set_rule.aci_rest_managed.rtctrlSetRedistMultipath",
            "module.aci.module.aci_set_rule.aci_rest_managed.rtctrlSetRtMetric",
            "module.aci.module.aci_set_rule.aci_rest_managed.rtctrlSetRtMetricType",
            "module.aci.module.aci_set_rule.aci_rest_managed.rtctrlSetTag",
            "module.aci.module.aci_set_rule.aci_rest_managed.rtctrlSetWeight",
            "module.aci.module.aci_tenant.aci_rest_managed.aaaDomainRef",
            "module.aci.module.aci_tenant.aci_rest_managed.fvTenant",
            "module.aci.module.aci_vlan_pool.aci_rest_managed.fvnsEncapBlk",
            "module.aci.module.aci_vlan_pool.aci_rest_managed.fvnsVlanInstP",
            "module.aci.module.aci_vmware_vmm_domain.aci_rest_managed.aaaDomainRef",
            "module.aci.module.aci_vmware_vmm_domain.aci_rest_managed.infraRsVlanNs",
            "module.aci.module.aci_vmware_vmm_domain.aci_rest_managed.lacpEnhancedLagPol",
            "module.aci.module.aci_vmware_vmm_domain.aci_rest_managed.vmmCtrlrP",
            "module.aci.module.aci_vmware_vmm_domain.aci_rest_managed.vmmDomP",
            "module.aci.module.aci_vmware_vmm_domain.aci_rest_managed.vmmRsAcc",
            "module.aci.module.aci_vmware_vmm_domain.aci_rest_managed.vmmRsMgmtEPg",
            "module.aci.module.aci_vmware_vmm_domain.aci_rest_managed.vmmRsVswitchOverrideCdpIfPol",
            "module.aci.module.aci_vmware_vmm_domain.aci_rest_managed.vmmRsVswitchOverrideLacpPol",
            "module.aci.module.aci_vmware_vmm_domain.aci_rest_managed.vmmRsVswitchOverrideLldpIfPol",
            "module.aci.module.aci_vmware_vmm_domain.aci_rest_managed.vmmRsVswitchOverrideMtuPol",
            "module.aci.module.aci_vmware_vmm_domain.aci_rest_managed.vmmUplinkP",
            "module.aci.module.aci_vmware_vmm_domain.aci_rest_managed.vmmUplinkPCont",
            "module.aci.module.aci_vmware_vmm_domain.aci_rest_managed.vmmUsrAccP",
            "module.aci.module.aci_vmware_vmm_domain.aci_rest_managed.vmmVSwitchPolicyCont",
            "module.aci.module.aci_vrf.aci_rest_managed.bgpRtTargetP_ipv4",
            "module.aci.module.aci_vrf.aci_rest_managed.bgpRtTargetP_ipv6",
            "module.aci.module.aci_vrf.aci_rest_managed.bgpRtTarget_ipv4_export",
            "module.aci.module.aci_vrf.aci_rest_managed.bgpRtTarget_ipv4_import",
            "module.aci.module.aci_vrf.aci_rest_managed.bgpRtTarget_ipv6_export",
            "module.aci.module.aci_vrf.aci_rest_managed.bgpRtTarget_ipv6_import",
            "module.aci.module.aci_vrf.aci_rest_managed.dnsLbl",
            "module.aci.module.aci_vrf.aci_rest_managed.fvCtx",
            "module.aci.module.aci_vrf.aci_rest_managed.fvRsBgpCtxPol",
            "module.aci.module.aci_vrf.aci_rest_managed.fvRsCtxToBgpCtxAfPol_ipv4",
            "module.aci.module.aci_vrf.aci_rest_managed.fvRsCtxToBgpCtxAfPol_ipv6",
            "module.aci.module.aci_vrf.aci_rest_managed.fvRsCtxToExtRouteTagPol",
            "module.aci.module.aci_vrf.aci_rest_managed.fvRsCtxToOspfCtxPol_ipv4",
            "module.aci.module.aci_vrf.aci_rest_managed.fvRsCtxToOspfCtxPol_ipv6",
            "module.aci.module.aci_vrf.aci_rest_managed.fvRsOspfCtxPol",
            "module.aci.module.aci_vrf.aci_rest_managed.igmpCtxP",
            "module.aci.module.aci_vrf.aci_rest_managed.igmpSSMXlateP",
            "module.aci.module.aci_vrf.aci_rest_managed.leakExternalPrefix",
            "module.aci.module.aci_vrf.aci_rest_managed.leakInternalSubnet",
            "module.aci.module.aci_vrf.aci_rest_managed.leakRoutes",
            "module.aci.module.aci_vrf.aci_rest_managed.leakTo_external",
            "module.aci.module.aci_vrf.aci_rest_managed.leakTo_internal",
            "module.aci.module.aci_vrf.aci_rest_managed.pimASMPatPol",
            "module.aci.module.aci_vrf.aci_rest_managed.pimAutoRPPol",
            "module.aci.module.aci_vrf.aci_rest_managed.pimBSRFilterPol",
            "module.aci.module.aci_vrf.aci_rest_managed.pimBSRPPol",
            "module.aci.module.aci_vrf.aci_rest_managed.pimCtxP",
            "module.aci.module.aci_vrf.aci_rest_managed.pimFabricRPPol",
            "module.aci.module.aci_vrf.aci_rest_managed.pimInterVRFEntryPol",
            "module.aci.module.aci_vrf.aci_rest_managed.pimInterVRFPol",
            "module.aci.module.aci_vrf.aci_rest_managed.pimMAFilterPol",
            "module.aci.module.aci_vrf.aci_rest_managed.pimRPGrpRangePol_fabric_rp",
            "module.aci.module.aci_vrf.aci_rest_managed.pimRPGrpRangePol_static_rp",
            "module.aci.module.aci_vrf.aci_rest_managed.pimRegTrPol",
            "module.aci.module.aci_vrf.aci_rest_managed.pimResPol",
            "module.aci.module.aci_vrf.aci_rest_managed.pimSGRangeExpPol",
            "module.aci.module.aci_vrf.aci_rest_managed.pimSSMPatPol",
            "module.aci.module.aci_vrf.aci_rest_managed.pimSSMRangePol",
            "module.aci.module.aci_vrf.aci_rest_managed.pimSharedRangePol",
            "module.aci.module.aci_vrf.aci_rest_managed.pimStaticRPEntryPol_fabric_rp",
            "module.aci.module.aci_vrf.aci_rest_managed.pimStaticRPEntryPol_static_rp",
            "module.aci.module.aci_vrf.aci_rest_managed.pimStaticRPPol",
            "module.aci.module.aci_vrf.aci_rest_managed.rtdmcRsFilterToRtMapPol_asm_sg_expiry",
            "module.aci.module.aci_vrf.aci_rest_managed.rtdmcRsFilterToRtMapPol_asm_shared",
            "module.aci.module.aci_vrf.aci_rest_managed.rtdmcRsFilterToRtMapPol_auto_rp",
            "module.aci.module.aci_vrf.aci_rest_managed.rtdmcRsFilterToRtMapPol_bsr",
            "module.aci.module.aci_vrf.aci_rest_managed.rtdmcRsFilterToRtMapPol_fabric_rp",
            "module.aci.module.aci_vrf.aci_rest_managed.rtdmcRsFilterToRtMapPol_pim_inter_vrf",
            "module.aci.module.aci_vrf.aci_rest_managed.rtdmcRsFilterToRtMapPol_ssm_range",
            "module.aci.module.aci_vrf.aci_rest_managed.rtdmcRsFilterToRtMapPol_static_rp",
            "module.aci.module.aci_vrf.aci_rest_managed.vzAny",
            "module.aci.module.aci_vrf.aci_rest_managed.vzRsAnyToCons",
            "module.aci.module.aci_vrf.aci_rest_managed.vzRsAnyToConsIf",
            "module.aci.module.aci_vrf.aci_rest_managed.vzRsAnyToProv"
          ]
        }
      ]
    },
    {
      "module": "module.aci.module.aci_endpoint_group[\"demo-05/network-segments/10.0.92.0_24-epg-01\"]",
      "mode": "managed",
      "type": "aci_rest_managed",
      "name": "vmmSecP",
      "provider": "provider[\"registry.terraform.io/ciscodevnet/aci\"]",
      "instances": [
        {
          "index_key": "hx-dev-01-vds-01",
          "schema_version": 0,
          "attributes": {
            "annotation": "orchestrator:terraform",
            "child": [],
            "class_name": "vmmSecP",
            "content": {
              "allowPromiscuous": "reject",
              "forgedTransmits": "reject",
              "macChanges": "reject"
            },
            "dn": "uni/tn-demo-05/ap-network-segments/epg-10.0.92.0_24-epg-01/rsdomAtt-[uni/vmmp-VMware/dom-hx-dev-01-vds-01]/sec",
            "id": "uni/tn-demo-05/ap-network-segments/epg-10.0.92.0_24-epg-01/rsdomAtt-[uni/vmmp-VMware/dom-hx-dev-01-vds-01]/sec"
          },
          "sensitive_attributes": [],
          "dependencies": [
            "module.aci.data.utils_yaml_merge.defaults",
            "module.aci.data.utils_yaml_merge.model",
            "module.aci.data.utils_yaml_merge.modules",
            "module.aci.module.aci_application_profile.aci_rest_managed.fvAp",
            "module.aci.module.aci_bfd_interface_policy.aci_rest_managed.bfdIfPol",
            "module.aci.module.aci_bgp_timer_policy.aci_rest_managed.bgpCtxPol",
            "module.aci.module.aci_bridge_domain.aci_rest_managed.dhcpLbl",
            "module.aci.module.aci_bridge_domain.aci_rest_managed.dhcpRsDhcpOptionPol",
            "module.aci.module.aci_bridge_domain.aci_rest_managed.fvBD",
            "module.aci.module.aci_bridge_domain.aci_rest_managed.fvRsBDToOut",
            "module.aci.module.aci_bridge_domain.aci_rest_managed.fvRsCtx",
            "module.aci.module.aci_bridge_domain.aci_rest_managed.fvRsIgmpsn",
            "module.aci.module.aci_bridge_domain.aci_rest_managed.fvRsNdPfxPol",
            "module.aci.module.aci_bridge_domain.aci_rest_managed.fvSubnet",
            "module.aci.module.aci_bridge_domain.aci_rest_managed.igmpIfP",
            "module.aci.module.aci_bridge_domain.aci_rest_managed.igmpRsIfPol",
            "module.aci.module.aci_bridge_domain.aci_rest_managed.pimBDDestFilterPol",
            "module.aci.module.aci_bridge_domain.aci_rest_managed.pimBDFilterPol",
            "module.aci.module.aci_bridge_domain.aci_rest_managed.pimBDP",
            "module.aci.module.aci_bridge_domain.aci_rest_managed.pimBDSrcFilterPol",
            "module.aci.module.aci_bridge_domain.aci_rest_managed.rtdmcRsFilterToRtMapPol_destination",
            "module.aci.module.aci_bridge_domain.aci_rest_managed.rtdmcRsFilterToRtMapPol_source",
            "module.aci.module.aci_bridge_domain.aci_rest_managed.tagTag",
            "module.aci.module.aci_contract.aci_rest_managed.vzBrCP",
            "module.aci.module.aci_contract.aci_rest_managed.vzRsSubjFiltAtt",
            "module.aci.module.aci_contract.aci_rest_managed.vzRsSubjGraphAtt",
            "module.aci.module.aci_contract.aci_rest_managed.vzSubj",
            "module.aci.module.aci_dhcp_option_policy.aci_rest_managed.dhcpOption",
            "module.aci.module.aci_dhcp_option_policy.aci_rest_managed.dhcpOptionPol",
            "module.aci.module.aci_dhcp_relay_policy.aci_rest_managed.dhcpRelayP",
            "module.aci.module.aci_dhcp_relay_policy.aci_rest_managed.dhcpRsProv",
            "module.aci.module.aci_eigrp_interface_policy.aci_rest_managed.eigrpIfPol",
            "module.aci.module.aci_endpoint_group.aci_rest_managed.fvAEPg",
            "module.aci.module.aci_endpoint_group.aci_rest_managed.fvRsDomAtt_vmm",
            "module.aci.module.aci_filter.aci_rest_managed.vzEntry",
            "module.aci.module.aci_filter.aci_rest_managed.vzFilter",
            "module.aci.module.aci_imported_contract.aci_rest_managed.vzCPIf",
            "module.aci.module.aci_imported_contract.aci_rest_managed.vzRsIf",
            "module.aci.module.aci_l3out.aci_rest_managed.bgpExtP",
            "module.aci.module.aci_l3out.aci_rest_managed.eigrpExtP",
            "module.aci.module.aci_l3out.aci_rest_managed.l3extConsLbl",
            "module.aci.module.aci_l3out.aci_rest_managed.l3extDefaultRouteLeakP",
            "module.aci.module.aci_l3out.aci_rest_managed.l3extInstP_sr_mpls",
            "module.aci.module.aci_l3out.aci_rest_managed.l3extOut",
            "module.aci.module.aci_l3out.aci_rest_managed.l3extProvLbl",
            "module.aci.module.aci_l3out.aci_rest_managed.l3extRsDampeningPol_ipv4",
            "module.aci.module.aci_l3out.aci_rest_managed.l3extRsDampeningPol_ipv6",
            "module.aci.module.aci_l3out.aci_rest_managed.l3extRsEctx",
            "module.aci.module.aci_l3out.aci_rest_managed.l3extRsInterleakPol",
            "module.aci.module.aci_l3out.aci_rest_managed.l3extRsL3DomAtt",
            "module.aci.module.aci_l3out.aci_rest_managed.l3extRsLblToProfile_export",
            "module.aci.module.aci_l3out.aci_rest_managed.l3extRsLblToProfile_import",
            "module.aci.module.aci_l3out.aci_rest_managed.l3extRsRedistributePol",
            "module.aci.module.aci_l3out.aci_rest_managed.mplsExtP",
            "module.aci.module.aci_l3out.aci_rest_managed.mplsRsLabelPol",
            "module.aci.module.aci_l3out.aci_rest_managed.ospfExtP",
            "module.aci.module.aci_l3out.aci_rest_managed.pimExtP",
            "module.aci.module.aci_l3out.aci_rest_managed.rtctrlCtxP_export",
            "module.aci.module.aci_l3out.aci_rest_managed.rtctrlCtxP_import",
            "module.aci.module.aci_l3out.aci_rest_managed.rtctrlProfile_export",
            "module.aci.module.aci_l3out.aci_rest_managed.rtctrlProfile_import",
            "module.aci.module.aci_l3out.aci_rest_managed.rtctrlRsCtxPToSubjP_export",
            "module.aci.module.aci_l3out.aci_rest_managed.rtctrlRsCtxPToSubjP_import",
            "module.aci.module.aci_l3out.aci_rest_managed.rtctrlRsScopeToAttrP_export",
            "module.aci.module.aci_l3out.aci_rest_managed.rtctrlRsScopeToAttrP_import",
            "module.aci.module.aci_l3out.aci_rest_managed.rtctrlScope_export",
            "module.aci.module.aci_l3out.aci_rest_managed.rtctrlScope_import",
            "module.aci.module.aci_match_rule.aci_rest_managed.rtctrlMatchCommFactor",
            "module.aci.module.aci_match_rule.aci_rest_managed.rtctrlMatchCommRegexTerm",
            "module.aci.module.aci_match_rule.aci_rest_managed.rtctrlMatchCommTerm",
            "module.aci.module.aci_match_rule.aci_rest_managed.rtctrlMatchRtDest",
            "module.aci.module.aci_match_rule.aci_rest_managed.rtctrlSubjP",
            "module.aci.module.aci_ospf_interface_policy.aci_rest_managed.ospfIfPol",
            "module.aci.module.aci_set_rule.aci_rest_managed.rtctrlAttrP",
            "module.aci.module.aci_set_rule.aci_rest_managed.rtctrlRsSetPolicyTagToInstP",
            "module.aci.module.aci_set_rule.aci_rest_managed.rtctrlSetASPath",
            "module.aci.module.aci_set_rule.aci_rest_managed.rtctrlSetASPathASN",
            "module.aci.module.aci_set_rule.aci_rest_managed.rtctrlSetAddComm",
            "module.aci.module.aci_set_rule.aci_rest_managed.rtctrlSetComm",
            "module.aci.module.aci_set_rule.aci_rest_managed.rtctrlSetDamp",
            "module.aci.module.aci_set_rule.aci_rest_managed.rtctrlSetNh",
            "module.aci.module.aci_set_rule.aci_rest_managed.rtctrlSetNhUnchanged",
            "module.aci.module.aci_set_rule.aci_rest_managed.rtctrlSetPolicyTag",
            "module.aci.module.aci_set_rule.aci_rest_managed.rtctrlSetPref",
            "module.aci.module.aci_set_rule.aci_rest_managed.rtctrlSetRedistMultipath",
            "module.aci.module.aci_set_rule.aci_rest_managed.rtctrlSetRtMetric",
            "module.aci.module.aci_set_rule.aci_rest_managed.rtctrlSetRtMetricType",
            "module.aci.module.aci_set_rule.aci_rest_managed.rtctrlSetTag",
            "module.aci.module.aci_set_rule.aci_rest_managed.rtctrlSetWeight",
            "module.aci.module.aci_tenant.aci_rest_managed.aaaDomainRef",
            "module.aci.module.aci_tenant.aci_rest_managed.fvTenant",
            "module.aci.module.aci_vlan_pool.aci_rest_managed.fvnsEncapBlk",
            "module.aci.module.aci_vlan_pool.aci_rest_managed.fvnsVlanInstP",
            "module.aci.module.aci_vmware_vmm_domain.aci_rest_managed.aaaDomainRef",
            "module.aci.module.aci_vmware_vmm_domain.aci_rest_managed.infraRsVlanNs",
            "module.aci.module.aci_vmware_vmm_domain.aci_rest_managed.lacpEnhancedLagPol",
            "module.aci.module.aci_vmware_vmm_domain.aci_rest_managed.vmmCtrlrP",
            "module.aci.module.aci_vmware_vmm_domain.aci_rest_managed.vmmDomP",
            "module.aci.module.aci_vmware_vmm_domain.aci_rest_managed.vmmRsAcc",
            "module.aci.module.aci_vmware_vmm_domain.aci_rest_managed.vmmRsMgmtEPg",
            "module.aci.module.aci_vmware_vmm_domain.aci_rest_managed.vmmRsVswitchOverrideCdpIfPol",
            "module.aci.module.aci_vmware_vmm_domain.aci_rest_managed.vmmRsVswitchOverrideLacpPol",
            "module.aci.module.aci_vmware_vmm_domain.aci_rest_managed.vmmRsVswitchOverrideLldpIfPol",
            "module.aci.module.aci_vmware_vmm_domain.aci_rest_managed.vmmRsVswitchOverrideMtuPol",
            "module.aci.module.aci_vmware_vmm_domain.aci_rest_managed.vmmUplinkP",
            "module.aci.module.aci_vmware_vmm_domain.aci_rest_managed.vmmUplinkPCont",
            "module.aci.module.aci_vmware_vmm_domain.aci_rest_managed.vmmUsrAccP",
            "module.aci.module.aci_vmware_vmm_domain.aci_rest_managed.vmmVSwitchPolicyCont",
            "module.aci.module.aci_vrf.aci_rest_managed.bgpRtTargetP_ipv4",
            "module.aci.module.aci_vrf.aci_rest_managed.bgpRtTargetP_ipv6",
            "module.aci.module.aci_vrf.aci_rest_managed.bgpRtTarget_ipv4_export",
            "module.aci.module.aci_vrf.aci_rest_managed.bgpRtTarget_ipv4_import",
            "module.aci.module.aci_vrf.aci_rest_managed.bgpRtTarget_ipv6_export",
            "module.aci.module.aci_vrf.aci_rest_managed.bgpRtTarget_ipv6_import",
            "module.aci.module.aci_vrf.aci_rest_managed.dnsLbl",
            "module.aci.module.aci_vrf.aci_rest_managed.fvCtx",
            "module.aci.module.aci_vrf.aci_rest_managed.fvRsBgpCtxPol",
            "module.aci.module.aci_vrf.aci_rest_managed.fvRsCtxToBgpCtxAfPol_ipv4",
            "module.aci.module.aci_vrf.aci_rest_managed.fvRsCtxToBgpCtxAfPol_ipv6",
            "module.aci.module.aci_vrf.aci_rest_managed.fvRsCtxToExtRouteTagPol",
            "module.aci.module.aci_vrf.aci_rest_managed.fvRsCtxToOspfCtxPol_ipv4",
            "module.aci.module.aci_vrf.aci_rest_managed.fvRsCtxToOspfCtxPol_ipv6",
            "module.aci.module.aci_vrf.aci_rest_managed.fvRsOspfCtxPol",
            "module.aci.module.aci_vrf.aci_rest_managed.igmpCtxP",
            "module.aci.module.aci_vrf.aci_rest_managed.igmpSSMXlateP",
            "module.aci.module.aci_vrf.aci_rest_managed.leakExternalPrefix",
            "module.aci.module.aci_vrf.aci_rest_managed.leakInternalSubnet",
            "module.aci.module.aci_vrf.aci_rest_managed.leakRoutes",
            "module.aci.module.aci_vrf.aci_rest_managed.leakTo_external",
            "module.aci.module.aci_vrf.aci_rest_managed.leakTo_internal",
            "module.aci.module.aci_vrf.aci_rest_managed.pimASMPatPol",
            "module.aci.module.aci_vrf.aci_rest_managed.pimAutoRPPol",
            "module.aci.module.aci_vrf.aci_rest_managed.pimBSRFilterPol",
            "module.aci.module.aci_vrf.aci_rest_managed.pimBSRPPol",
            "module.aci.module.aci_vrf.aci_rest_managed.pimCtxP",
            "module.aci.module.aci_vrf.aci_rest_managed.pimFabricRPPol",
            "module.aci.module.aci_vrf.aci_rest_managed.pimInterVRFEntryPol",
            "module.aci.module.aci_vrf.aci_rest_managed.pimInterVRFPol",
            "module.aci.module.aci_vrf.aci_rest_managed.pimMAFilterPol",
            "module.aci.module.aci_vrf.aci_rest_managed.pimRPGrpRangePol_fabric_rp",
            "module.aci.module.aci_vrf.aci_rest_managed.pimRPGrpRangePol_static_rp",
            "module.aci.module.aci_vrf.aci_rest_managed.pimRegTrPol",
            "module.aci.module.aci_vrf.aci_rest_managed.pimResPol",
            "module.aci.module.aci_vrf.aci_rest_managed.pimSGRangeExpPol",
            "module.aci.module.aci_vrf.aci_rest_managed.pimSSMPatPol",
            "module.aci.module.aci_vrf.aci_rest_managed.pimSSMRangePol",
            "module.aci.module.aci_vrf.aci_rest_managed.pimSharedRangePol",
            "module.aci.module.aci_vrf.aci_rest_managed.pimStaticRPEntryPol_fabric_rp",
            "module.aci.module.aci_vrf.aci_rest_managed.pimStaticRPEntryPol_static_rp",
            "module.aci.module.aci_vrf.aci_rest_managed.pimStaticRPPol",
            "module.aci.module.aci_vrf.aci_rest_managed.rtdmcRsFilterToRtMapPol_asm_sg_expiry",
            "module.aci.module.aci_vrf.aci_rest_managed.rtdmcRsFilterToRtMapPol_asm_shared",
            "module.aci.module.aci_vrf.aci_rest_managed.rtdmcRsFilterToRtMapPol_auto_rp",
            "module.aci.module.aci_vrf.aci_rest_managed.rtdmcRsFilterToRtMapPol_bsr",
            "module.aci.module.aci_vrf.aci_rest_managed.rtdmcRsFilterToRtMapPol_fabric_rp",
            "module.aci.module.aci_vrf.aci_rest_managed.rtdmcRsFilterToRtMapPol_pim_inter_vrf",
            "module.aci.module.aci_vrf.aci_rest_managed.rtdmcRsFilterToRtMapPol_ssm_range",
            "module.aci.module.aci_vrf.aci_rest_managed.rtdmcRsFilterToRtMapPol_static_rp",
            "module.aci.module.aci_vrf.aci_rest_managed.vzAny",
            "module.aci.module.aci_vrf.aci_rest_managed.vzRsAnyToCons",
            "module.aci.module.aci_vrf.aci_rest_managed.vzRsAnyToConsIf",
            "module.aci.module.aci_vrf.aci_rest_managed.vzRsAnyToProv"
          ]
        }
      ]
    },
    {
      "module": "module.aci.module.aci_endpoint_group[\"demo-05/network-segments/10.0.92.0_24-epg-02\"]",
      "mode": "managed",
      "type": "aci_rest_managed",
      "name": "fvAEPg",
      "provider": "provider[\"registry.terraform.io/ciscodevnet/aci\"]",
      "instances": [
        {
          "schema_version": 0,
          "attributes": {
            "annotation": "orchestrator:terraform",
            "child": [],
            "class_name": "fvAEPg",
            "content": {
              "descr": "",
              "floodOnEncap": "disabled",
              "fwdCtrl": "",
              "name": "10.0.92.0_24-epg-02",
              "nameAlias": "internal-vrf-03",
              "pcEnfPref": "unenforced",
              "prefGrMemb": "exclude",
              "prio": "unspecified"
            },
            "dn": "uni/tn-demo-05/ap-network-segments/epg-10.0.92.0_24-epg-02",
            "id": "uni/tn-demo-05/ap-network-segments/epg-10.0.92.0_24-epg-02"
          },
          "sensitive_attributes": [],
          "dependencies": [
            "module.aci.data.utils_yaml_merge.defaults",
            "module.aci.data.utils_yaml_merge.model",
            "module.aci.data.utils_yaml_merge.modules",
            "module.aci.module.aci_application_profile.aci_rest_managed.fvAp",
            "module.aci.module.aci_bfd_interface_policy.aci_rest_managed.bfdIfPol",
            "module.aci.module.aci_bgp_timer_policy.aci_rest_managed.bgpCtxPol",
            "module.aci.module.aci_bridge_domain.aci_rest_managed.dhcpLbl",
            "module.aci.module.aci_bridge_domain.aci_rest_managed.dhcpRsDhcpOptionPol",
            "module.aci.module.aci_bridge_domain.aci_rest_managed.fvBD",
            "module.aci.module.aci_bridge_domain.aci_rest_managed.fvRsBDToOut",
            "module.aci.module.aci_bridge_domain.aci_rest_managed.fvRsCtx",
            "module.aci.module.aci_bridge_domain.aci_rest_managed.fvRsIgmpsn",
            "module.aci.module.aci_bridge_domain.aci_rest_managed.fvRsNdPfxPol",
            "module.aci.module.aci_bridge_domain.aci_rest_managed.fvSubnet",
            "module.aci.module.aci_bridge_domain.aci_rest_managed.igmpIfP",
            "module.aci.module.aci_bridge_domain.aci_rest_managed.igmpRsIfPol",
            "module.aci.module.aci_bridge_domain.aci_rest_managed.pimBDDestFilterPol",
            "module.aci.module.aci_bridge_domain.aci_rest_managed.pimBDFilterPol",
            "module.aci.module.aci_bridge_domain.aci_rest_managed.pimBDP",
            "module.aci.module.aci_bridge_domain.aci_rest_managed.pimBDSrcFilterPol",
            "module.aci.module.aci_bridge_domain.aci_rest_managed.rtdmcRsFilterToRtMapPol_destination",
            "module.aci.module.aci_bridge_domain.aci_rest_managed.rtdmcRsFilterToRtMapPol_source",
            "module.aci.module.aci_bridge_domain.aci_rest_managed.tagTag",
            "module.aci.module.aci_contract.aci_rest_managed.vzBrCP",
            "module.aci.module.aci_contract.aci_rest_managed.vzRsSubjFiltAtt",
            "module.aci.module.aci_contract.aci_rest_managed.vzRsSubjGraphAtt",
            "module.aci.module.aci_contract.aci_rest_managed.vzSubj",
            "module.aci.module.aci_dhcp_option_policy.aci_rest_managed.dhcpOption",
            "module.aci.module.aci_dhcp_option_policy.aci_rest_managed.dhcpOptionPol",
            "module.aci.module.aci_dhcp_relay_policy.aci_rest_managed.dhcpRelayP",
            "module.aci.module.aci_dhcp_relay_policy.aci_rest_managed.dhcpRsProv",
            "module.aci.module.aci_eigrp_interface_policy.aci_rest_managed.eigrpIfPol",
            "module.aci.module.aci_filter.aci_rest_managed.vzEntry",
            "module.aci.module.aci_filter.aci_rest_managed.vzFilter",
            "module.aci.module.aci_imported_contract.aci_rest_managed.vzCPIf",
            "module.aci.module.aci_imported_contract.aci_rest_managed.vzRsIf",
            "module.aci.module.aci_l3out.aci_rest_managed.bgpExtP",
            "module.aci.module.aci_l3out.aci_rest_managed.eigrpExtP",
            "module.aci.module.aci_l3out.aci_rest_managed.l3extConsLbl",
            "module.aci.module.aci_l3out.aci_rest_managed.l3extDefaultRouteLeakP",
            "module.aci.module.aci_l3out.aci_rest_managed.l3extInstP_sr_mpls",
            "module.aci.module.aci_l3out.aci_rest_managed.l3extOut",
            "module.aci.module.aci_l3out.aci_rest_managed.l3extProvLbl",
            "module.aci.module.aci_l3out.aci_rest_managed.l3extRsDampeningPol_ipv4",
            "module.aci.module.aci_l3out.aci_rest_managed.l3extRsDampeningPol_ipv6",
            "module.aci.module.aci_l3out.aci_rest_managed.l3extRsEctx",
            "module.aci.module.aci_l3out.aci_rest_managed.l3extRsInterleakPol",
            "module.aci.module.aci_l3out.aci_rest_managed.l3extRsL3DomAtt",
            "module.aci.module.aci_l3out.aci_rest_managed.l3extRsLblToProfile_export",
            "module.aci.module.aci_l3out.aci_rest_managed.l3extRsLblToProfile_import",
            "module.aci.module.aci_l3out.aci_rest_managed.l3extRsRedistributePol",
            "module.aci.module.aci_l3out.aci_rest_managed.mplsExtP",
            "module.aci.module.aci_l3out.aci_rest_managed.mplsRsLabelPol",
            "module.aci.module.aci_l3out.aci_rest_managed.ospfExtP",
            "module.aci.module.aci_l3out.aci_rest_managed.pimExtP",
            "module.aci.module.aci_l3out.aci_rest_managed.rtctrlCtxP_export",
            "module.aci.module.aci_l3out.aci_rest_managed.rtctrlCtxP_import",
            "module.aci.module.aci_l3out.aci_rest_managed.rtctrlProfile_export",
            "module.aci.module.aci_l3out.aci_rest_managed.rtctrlProfile_import",
            "module.aci.module.aci_l3out.aci_rest_managed.rtctrlRsCtxPToSubjP_export",
            "module.aci.module.aci_l3out.aci_rest_managed.rtctrlRsCtxPToSubjP_import",
            "module.aci.module.aci_l3out.aci_rest_managed.rtctrlRsScopeToAttrP_export",
            "module.aci.module.aci_l3out.aci_rest_managed.rtctrlRsScopeToAttrP_import",
            "module.aci.module.aci_l3out.aci_rest_managed.rtctrlScope_export",
            "module.aci.module.aci_l3out.aci_rest_managed.rtctrlScope_import",
            "module.aci.module.aci_match_rule.aci_rest_managed.rtctrlMatchCommFactor",
            "module.aci.module.aci_match_rule.aci_rest_managed.rtctrlMatchCommRegexTerm",
            "module.aci.module.aci_match_rule.aci_rest_managed.rtctrlMatchCommTerm",
            "module.aci.module.aci_match_rule.aci_rest_managed.rtctrlMatchRtDest",
            "module.aci.module.aci_match_rule.aci_rest_managed.rtctrlSubjP",
            "module.aci.module.aci_ospf_interface_policy.aci_rest_managed.ospfIfPol",
            "module.aci.module.aci_set_rule.aci_rest_managed.rtctrlAttrP",
            "module.aci.module.aci_set_rule.aci_rest_managed.rtctrlRsSetPolicyTagToInstP",
            "module.aci.module.aci_set_rule.aci_rest_managed.rtctrlSetASPath",
            "module.aci.module.aci_set_rule.aci_rest_managed.rtctrlSetASPathASN",
            "module.aci.module.aci_set_rule.aci_rest_managed.rtctrlSetAddComm",
            "module.aci.module.aci_set_rule.aci_rest_managed.rtctrlSetComm",
            "module.aci.module.aci_set_rule.aci_rest_managed.rtctrlSetDamp",
            "module.aci.module.aci_set_rule.aci_rest_managed.rtctrlSetNh",
            "module.aci.module.aci_set_rule.aci_rest_managed.rtctrlSetNhUnchanged",
            "module.aci.module.aci_set_rule.aci_rest_managed.rtctrlSetPolicyTag",
            "module.aci.module.aci_set_rule.aci_rest_managed.rtctrlSetPref",
            "module.aci.module.aci_set_rule.aci_rest_managed.rtctrlSetRedistMultipath",
            "module.aci.module.aci_set_rule.aci_rest_managed.rtctrlSetRtMetric",
            "module.aci.module.aci_set_rule.aci_rest_managed.rtctrlSetRtMetricType",
            "module.aci.module.aci_set_rule.aci_rest_managed.rtctrlSetTag",
            "module.aci.module.aci_set_rule.aci_rest_managed.rtctrlSetWeight",
            "module.aci.module.aci_tenant.aci_rest_managed.aaaDomainRef",
            "module.aci.module.aci_tenant.aci_rest_managed.fvTenant",
            "module.aci.module.aci_vlan_pool.aci_rest_managed.fvnsEncapBlk",
            "module.aci.module.aci_vlan_pool.aci_rest_managed.fvnsVlanInstP",
            "module.aci.module.aci_vmware_vmm_domain.aci_rest_managed.aaaDomainRef",
            "module.aci.module.aci_vmware_vmm_domain.aci_rest_managed.infraRsVlanNs",
            "module.aci.module.aci_vmware_vmm_domain.aci_rest_managed.lacpEnhancedLagPol",
            "module.aci.module.aci_vmware_vmm_domain.aci_rest_managed.vmmCtrlrP",
            "module.aci.module.aci_vmware_vmm_domain.aci_rest_managed.vmmDomP",
            "module.aci.module.aci_vmware_vmm_domain.aci_rest_managed.vmmRsAcc",
            "module.aci.module.aci_vmware_vmm_domain.aci_rest_managed.vmmRsMgmtEPg",
            "module.aci.module.aci_vmware_vmm_domain.aci_rest_managed.vmmRsVswitchOverrideCdpIfPol",
            "module.aci.module.aci_vmware_vmm_domain.aci_rest_managed.vmmRsVswitchOverrideLacpPol",
            "module.aci.module.aci_vmware_vmm_domain.aci_rest_managed.vmmRsVswitchOverrideLldpIfPol",
            "module.aci.module.aci_vmware_vmm_domain.aci_rest_managed.vmmRsVswitchOverrideMtuPol",
            "module.aci.module.aci_vmware_vmm_domain.aci_rest_managed.vmmUplinkP",
            "module.aci.module.aci_vmware_vmm_domain.aci_rest_managed.vmmUplinkPCont",
            "module.aci.module.aci_vmware_vmm_domain.aci_rest_managed.vmmUsrAccP",
            "module.aci.module.aci_vmware_vmm_domain.aci_rest_managed.vmmVSwitchPolicyCont",
            "module.aci.module.aci_vrf.aci_rest_managed.bgpRtTargetP_ipv4",
            "module.aci.module.aci_vrf.aci_rest_managed.bgpRtTargetP_ipv6",
            "module.aci.module.aci_vrf.aci_rest_managed.bgpRtTarget_ipv4_export",
            "module.aci.module.aci_vrf.aci_rest_managed.bgpRtTarget_ipv4_import",
            "module.aci.module.aci_vrf.aci_rest_managed.bgpRtTarget_ipv6_export",
            "module.aci.module.aci_vrf.aci_rest_managed.bgpRtTarget_ipv6_import",
            "module.aci.module.aci_vrf.aci_rest_managed.dnsLbl",
            "module.aci.module.aci_vrf.aci_rest_managed.fvCtx",
            "module.aci.module.aci_vrf.aci_rest_managed.fvRsBgpCtxPol",
            "module.aci.module.aci_vrf.aci_rest_managed.fvRsCtxToBgpCtxAfPol_ipv4",
            "module.aci.module.aci_vrf.aci_rest_managed.fvRsCtxToBgpCtxAfPol_ipv6",
            "module.aci.module.aci_vrf.aci_rest_managed.fvRsCtxToExtRouteTagPol",
            "module.aci.module.aci_vrf.aci_rest_managed.fvRsCtxToOspfCtxPol_ipv4",
            "module.aci.module.aci_vrf.aci_rest_managed.fvRsCtxToOspfCtxPol_ipv6",
            "module.aci.module.aci_vrf.aci_rest_managed.fvRsOspfCtxPol",
            "module.aci.module.aci_vrf.aci_rest_managed.igmpCtxP",
            "module.aci.module.aci_vrf.aci_rest_managed.igmpSSMXlateP",
            "module.aci.module.aci_vrf.aci_rest_managed.leakExternalPrefix",
            "module.aci.module.aci_vrf.aci_rest_managed.leakInternalSubnet",
            "module.aci.module.aci_vrf.aci_rest_managed.leakRoutes",
            "module.aci.module.aci_vrf.aci_rest_managed.leakTo_external",
            "module.aci.module.aci_vrf.aci_rest_managed.leakTo_internal",
            "module.aci.module.aci_vrf.aci_rest_managed.pimASMPatPol",
            "module.aci.module.aci_vrf.aci_rest_managed.pimAutoRPPol",
            "module.aci.module.aci_vrf.aci_rest_managed.pimBSRFilterPol",
            "module.aci.module.aci_vrf.aci_rest_managed.pimBSRPPol",
            "module.aci.module.aci_vrf.aci_rest_managed.pimCtxP",
            "module.aci.module.aci_vrf.aci_rest_managed.pimFabricRPPol",
            "module.aci.module.aci_vrf.aci_rest_managed.pimInterVRFEntryPol",
            "module.aci.module.aci_vrf.aci_rest_managed.pimInterVRFPol",
            "module.aci.module.aci_vrf.aci_rest_managed.pimMAFilterPol",
            "module.aci.module.aci_vrf.aci_rest_managed.pimRPGrpRangePol_fabric_rp",
            "module.aci.module.aci_vrf.aci_rest_managed.pimRPGrpRangePol_static_rp",
            "module.aci.module.aci_vrf.aci_rest_managed.pimRegTrPol",
            "module.aci.module.aci_vrf.aci_rest_managed.pimResPol",
            "module.aci.module.aci_vrf.aci_rest_managed.pimSGRangeExpPol",
            "module.aci.module.aci_vrf.aci_rest_managed.pimSSMPatPol",
            "module.aci.module.aci_vrf.aci_rest_managed.pimSSMRangePol",
            "module.aci.module.aci_vrf.aci_rest_managed.pimSharedRangePol",
            "module.aci.module.aci_vrf.aci_rest_managed.pimStaticRPEntryPol_fabric_rp",
            "module.aci.module.aci_vrf.aci_rest_managed.pimStaticRPEntryPol_static_rp",
            "module.aci.module.aci_vrf.aci_rest_managed.pimStaticRPPol",
            "module.aci.module.aci_vrf.aci_rest_managed.rtdmcRsFilterToRtMapPol_asm_sg_expiry",
            "module.aci.module.aci_vrf.aci_rest_managed.rtdmcRsFilterToRtMapPol_asm_shared",
            "module.aci.module.aci_vrf.aci_rest_managed.rtdmcRsFilterToRtMapPol_auto_rp",
            "module.aci.module.aci_vrf.aci_rest_managed.rtdmcRsFilterToRtMapPol_bsr",
            "module.aci.module.aci_vrf.aci_rest_managed.rtdmcRsFilterToRtMapPol_fabric_rp",
            "module.aci.module.aci_vrf.aci_rest_managed.rtdmcRsFilterToRtMapPol_pim_inter_vrf",
            "module.aci.module.aci_vrf.aci_rest_managed.rtdmcRsFilterToRtMapPol_ssm_range",
            "module.aci.module.aci_vrf.aci_rest_managed.rtdmcRsFilterToRtMapPol_static_rp",
            "module.aci.module.aci_vrf.aci_rest_managed.vzAny",
            "module.aci.module.aci_vrf.aci_rest_managed.vzRsAnyToCons",
            "module.aci.module.aci_vrf.aci_rest_managed.vzRsAnyToConsIf",
            "module.aci.module.aci_vrf.aci_rest_managed.vzRsAnyToProv"
          ]
        }
      ]
    },
    {
      "module": "module.aci.module.aci_endpoint_group[\"demo-05/network-segments/10.0.92.0_24-epg-02\"]",
      "mode": "managed",
      "type": "aci_rest_managed",
      "name": "fvRsBd",
      "provider": "provider[\"registry.terraform.io/ciscodevnet/aci\"]",
      "instances": [
        {
          "schema_version": 0,
          "attributes": {
            "annotation": "orchestrator:terraform",
            "child": [],
            "class_name": "fvRsBd",
            "content": {
              "tnFvBDName": "10.0.92.0_24"
            },
            "dn": "uni/tn-demo-05/ap-network-segments/epg-10.0.92.0_24-epg-02/rsbd",
            "id": "uni/tn-demo-05/ap-network-segments/epg-10.0.92.0_24-epg-02/rsbd"
          },
          "sensitive_attributes": [],
          "dependencies": [
            "module.aci.data.utils_yaml_merge.defaults",
            "module.aci.data.utils_yaml_merge.model",
            "module.aci.data.utils_yaml_merge.modules",
            "module.aci.module.aci_application_profile.aci_rest_managed.fvAp",
            "module.aci.module.aci_bfd_interface_policy.aci_rest_managed.bfdIfPol",
            "module.aci.module.aci_bgp_timer_policy.aci_rest_managed.bgpCtxPol",
            "module.aci.module.aci_bridge_domain.aci_rest_managed.dhcpLbl",
            "module.aci.module.aci_bridge_domain.aci_rest_managed.dhcpRsDhcpOptionPol",
            "module.aci.module.aci_bridge_domain.aci_rest_managed.fvBD",
            "module.aci.module.aci_bridge_domain.aci_rest_managed.fvRsBDToOut",
            "module.aci.module.aci_bridge_domain.aci_rest_managed.fvRsCtx",
            "module.aci.module.aci_bridge_domain.aci_rest_managed.fvRsIgmpsn",
            "module.aci.module.aci_bridge_domain.aci_rest_managed.fvRsNdPfxPol",
            "module.aci.module.aci_bridge_domain.aci_rest_managed.fvSubnet",
            "module.aci.module.aci_bridge_domain.aci_rest_managed.igmpIfP",
            "module.aci.module.aci_bridge_domain.aci_rest_managed.igmpRsIfPol",
            "module.aci.module.aci_bridge_domain.aci_rest_managed.pimBDDestFilterPol",
            "module.aci.module.aci_bridge_domain.aci_rest_managed.pimBDFilterPol",
            "module.aci.module.aci_bridge_domain.aci_rest_managed.pimBDP",
            "module.aci.module.aci_bridge_domain.aci_rest_managed.pimBDSrcFilterPol",
            "module.aci.module.aci_bridge_domain.aci_rest_managed.rtdmcRsFilterToRtMapPol_destination",
            "module.aci.module.aci_bridge_domain.aci_rest_managed.rtdmcRsFilterToRtMapPol_source",
            "module.aci.module.aci_bridge_domain.aci_rest_managed.tagTag",
            "module.aci.module.aci_contract.aci_rest_managed.vzBrCP",
            "module.aci.module.aci_contract.aci_rest_managed.vzRsSubjFiltAtt",
            "module.aci.module.aci_contract.aci_rest_managed.vzRsSubjGraphAtt",
            "module.aci.module.aci_contract.aci_rest_managed.vzSubj",
            "module.aci.module.aci_dhcp_option_policy.aci_rest_managed.dhcpOption",
            "module.aci.module.aci_dhcp_option_policy.aci_rest_managed.dhcpOptionPol",
            "module.aci.module.aci_dhcp_relay_policy.aci_rest_managed.dhcpRelayP",
            "module.aci.module.aci_dhcp_relay_policy.aci_rest_managed.dhcpRsProv",
            "module.aci.module.aci_eigrp_interface_policy.aci_rest_managed.eigrpIfPol",
            "module.aci.module.aci_endpoint_group.aci_rest_managed.fvAEPg",
            "module.aci.module.aci_filter.aci_rest_managed.vzEntry",
            "module.aci.module.aci_filter.aci_rest_managed.vzFilter",
            "module.aci.module.aci_imported_contract.aci_rest_managed.vzCPIf",
            "module.aci.module.aci_imported_contract.aci_rest_managed.vzRsIf",
            "module.aci.module.aci_l3out.aci_rest_managed.bgpExtP",
            "module.aci.module.aci_l3out.aci_rest_managed.eigrpExtP",
            "module.aci.module.aci_l3out.aci_rest_managed.l3extConsLbl",
            "module.aci.module.aci_l3out.aci_rest_managed.l3extDefaultRouteLeakP",
            "module.aci.module.aci_l3out.aci_rest_managed.l3extInstP_sr_mpls",
            "module.aci.module.aci_l3out.aci_rest_managed.l3extOut",
            "module.aci.module.aci_l3out.aci_rest_managed.l3extProvLbl",
            "module.aci.module.aci_l3out.aci_rest_managed.l3extRsDampeningPol_ipv4",
            "module.aci.module.aci_l3out.aci_rest_managed.l3extRsDampeningPol_ipv6",
            "module.aci.module.aci_l3out.aci_rest_managed.l3extRsEctx",
            "module.aci.module.aci_l3out.aci_rest_managed.l3extRsInterleakPol",
            "module.aci.module.aci_l3out.aci_rest_managed.l3extRsL3DomAtt",
            "module.aci.module.aci_l3out.aci_rest_managed.l3extRsLblToProfile_export",
            "module.aci.module.aci_l3out.aci_rest_managed.l3extRsLblToProfile_import",
            "module.aci.module.aci_l3out.aci_rest_managed.l3extRsRedistributePol",
            "module.aci.module.aci_l3out.aci_rest_managed.mplsExtP",
            "module.aci.module.aci_l3out.aci_rest_managed.mplsRsLabelPol",
            "module.aci.module.aci_l3out.aci_rest_managed.ospfExtP",
            "module.aci.module.aci_l3out.aci_rest_managed.pimExtP",
            "module.aci.module.aci_l3out.aci_rest_managed.rtctrlCtxP_export",
            "module.aci.module.aci_l3out.aci_rest_managed.rtctrlCtxP_import",
            "module.aci.module.aci_l3out.aci_rest_managed.rtctrlProfile_export",
            "module.aci.module.aci_l3out.aci_rest_managed.rtctrlProfile_import",
            "module.aci.module.aci_l3out.aci_rest_managed.rtctrlRsCtxPToSubjP_export",
            "module.aci.module.aci_l3out.aci_rest_managed.rtctrlRsCtxPToSubjP_import",
            "module.aci.module.aci_l3out.aci_rest_managed.rtctrlRsScopeToAttrP_export",
            "module.aci.module.aci_l3out.aci_rest_managed.rtctrlRsScopeToAttrP_import",
            "module.aci.module.aci_l3out.aci_rest_managed.rtctrlScope_export",
            "module.aci.module.aci_l3out.aci_rest_managed.rtctrlScope_import",
            "module.aci.module.aci_match_rule.aci_rest_managed.rtctrlMatchCommFactor",
            "module.aci.module.aci_match_rule.aci_rest_managed.rtctrlMatchCommRegexTerm",
            "module.aci.module.aci_match_rule.aci_rest_managed.rtctrlMatchCommTerm",
            "module.aci.module.aci_match_rule.aci_rest_managed.rtctrlMatchRtDest",
            "module.aci.module.aci_match_rule.aci_rest_managed.rtctrlSubjP",
            "module.aci.module.aci_ospf_interface_policy.aci_rest_managed.ospfIfPol",
            "module.aci.module.aci_set_rule.aci_rest_managed.rtctrlAttrP",
            "module.aci.module.aci_set_rule.aci_rest_managed.rtctrlRsSetPolicyTagToInstP",
            "module.aci.module.aci_set_rule.aci_rest_managed.rtctrlSetASPath",
            "module.aci.module.aci_set_rule.aci_rest_managed.rtctrlSetASPathASN",
            "module.aci.module.aci_set_rule.aci_rest_managed.rtctrlSetAddComm",
            "module.aci.module.aci_set_rule.aci_rest_managed.rtctrlSetComm",
            "module.aci.module.aci_set_rule.aci_rest_managed.rtctrlSetDamp",
            "module.aci.module.aci_set_rule.aci_rest_managed.rtctrlSetNh",
            "module.aci.module.aci_set_rule.aci_rest_managed.rtctrlSetNhUnchanged",
            "module.aci.module.aci_set_rule.aci_rest_managed.rtctrlSetPolicyTag",
            "module.aci.module.aci_set_rule.aci_rest_managed.rtctrlSetPref",
            "module.aci.module.aci_set_rule.aci_rest_managed.rtctrlSetRedistMultipath",
            "module.aci.module.aci_set_rule.aci_rest_managed.rtctrlSetRtMetric",
            "module.aci.module.aci_set_rule.aci_rest_managed.rtctrlSetRtMetricType",
            "module.aci.module.aci_set_rule.aci_rest_managed.rtctrlSetTag",
            "module.aci.module.aci_set_rule.aci_rest_managed.rtctrlSetWeight",
            "module.aci.module.aci_tenant.aci_rest_managed.aaaDomainRef",
            "module.aci.module.aci_tenant.aci_rest_managed.fvTenant",
            "module.aci.module.aci_vlan_pool.aci_rest_managed.fvnsEncapBlk",
            "module.aci.module.aci_vlan_pool.aci_rest_managed.fvnsVlanInstP",
            "module.aci.module.aci_vmware_vmm_domain.aci_rest_managed.aaaDomainRef",
            "module.aci.module.aci_vmware_vmm_domain.aci_rest_managed.infraRsVlanNs",
            "module.aci.module.aci_vmware_vmm_domain.aci_rest_managed.lacpEnhancedLagPol",
            "module.aci.module.aci_vmware_vmm_domain.aci_rest_managed.vmmCtrlrP",
            "module.aci.module.aci_vmware_vmm_domain.aci_rest_managed.vmmDomP",
            "module.aci.module.aci_vmware_vmm_domain.aci_rest_managed.vmmRsAcc",
            "module.aci.module.aci_vmware_vmm_domain.aci_rest_managed.vmmRsMgmtEPg",
            "module.aci.module.aci_vmware_vmm_domain.aci_rest_managed.vmmRsVswitchOverrideCdpIfPol",
            "module.aci.module.aci_vmware_vmm_domain.aci_rest_managed.vmmRsVswitchOverrideLacpPol",
            "module.aci.module.aci_vmware_vmm_domain.aci_rest_managed.vmmRsVswitchOverrideLldpIfPol",
            "module.aci.module.aci_vmware_vmm_domain.aci_rest_managed.vmmRsVswitchOverrideMtuPol",
            "module.aci.module.aci_vmware_vmm_domain.aci_rest_managed.vmmUplinkP",
            "module.aci.module.aci_vmware_vmm_domain.aci_rest_managed.vmmUplinkPCont",
            "module.aci.module.aci_vmware_vmm_domain.aci_rest_managed.vmmUsrAccP",
            "module.aci.module.aci_vmware_vmm_domain.aci_rest_managed.vmmVSwitchPolicyCont",
            "module.aci.module.aci_vrf.aci_rest_managed.bgpRtTargetP_ipv4",
            "module.aci.module.aci_vrf.aci_rest_managed.bgpRtTargetP_ipv6",
            "module.aci.module.aci_vrf.aci_rest_managed.bgpRtTarget_ipv4_export",
            "module.aci.module.aci_vrf.aci_rest_managed.bgpRtTarget_ipv4_import",
            "module.aci.module.aci_vrf.aci_rest_managed.bgpRtTarget_ipv6_export",
            "module.aci.module.aci_vrf.aci_rest_managed.bgpRtTarget_ipv6_import",
            "module.aci.module.aci_vrf.aci_rest_managed.dnsLbl",
            "module.aci.module.aci_vrf.aci_rest_managed.fvCtx",
            "module.aci.module.aci_vrf.aci_rest_managed.fvRsBgpCtxPol",
            "module.aci.module.aci_vrf.aci_rest_managed.fvRsCtxToBgpCtxAfPol_ipv4",
            "module.aci.module.aci_vrf.aci_rest_managed.fvRsCtxToBgpCtxAfPol_ipv6",
            "module.aci.module.aci_vrf.aci_rest_managed.fvRsCtxToExtRouteTagPol",
            "module.aci.module.aci_vrf.aci_rest_managed.fvRsCtxToOspfCtxPol_ipv4",
            "module.aci.module.aci_vrf.aci_rest_managed.fvRsCtxToOspfCtxPol_ipv6",
            "module.aci.module.aci_vrf.aci_rest_managed.fvRsOspfCtxPol",
            "module.aci.module.aci_vrf.aci_rest_managed.igmpCtxP",
            "module.aci.module.aci_vrf.aci_rest_managed.igmpSSMXlateP",
            "module.aci.module.aci_vrf.aci_rest_managed.leakExternalPrefix",
            "module.aci.module.aci_vrf.aci_rest_managed.leakInternalSubnet",
            "module.aci.module.aci_vrf.aci_rest_managed.leakRoutes",
            "module.aci.module.aci_vrf.aci_rest_managed.leakTo_external",
            "module.aci.module.aci_vrf.aci_rest_managed.leakTo_internal",
            "module.aci.module.aci_vrf.aci_rest_managed.pimASMPatPol",
            "module.aci.module.aci_vrf.aci_rest_managed.pimAutoRPPol",
            "module.aci.module.aci_vrf.aci_rest_managed.pimBSRFilterPol",
            "module.aci.module.aci_vrf.aci_rest_managed.pimBSRPPol",
            "module.aci.module.aci_vrf.aci_rest_managed.pimCtxP",
            "module.aci.module.aci_vrf.aci_rest_managed.pimFabricRPPol",
            "module.aci.module.aci_vrf.aci_rest_managed.pimInterVRFEntryPol",
            "module.aci.module.aci_vrf.aci_rest_managed.pimInterVRFPol",
            "module.aci.module.aci_vrf.aci_rest_managed.pimMAFilterPol",
            "module.aci.module.aci_vrf.aci_rest_managed.pimRPGrpRangePol_fabric_rp",
            "module.aci.module.aci_vrf.aci_rest_managed.pimRPGrpRangePol_static_rp",
            "module.aci.module.aci_vrf.aci_rest_managed.pimRegTrPol",
            "module.aci.module.aci_vrf.aci_rest_managed.pimResPol",
            "module.aci.module.aci_vrf.aci_rest_managed.pimSGRangeExpPol",
            "module.aci.module.aci_vrf.aci_rest_managed.pimSSMPatPol",
            "module.aci.module.aci_vrf.aci_rest_managed.pimSSMRangePol",
            "module.aci.module.aci_vrf.aci_rest_managed.pimSharedRangePol",
            "module.aci.module.aci_vrf.aci_rest_managed.pimStaticRPEntryPol_fabric_rp",
            "module.aci.module.aci_vrf.aci_rest_managed.pimStaticRPEntryPol_static_rp",
            "module.aci.module.aci_vrf.aci_rest_managed.pimStaticRPPol",
            "module.aci.module.aci_vrf.aci_rest_managed.rtdmcRsFilterToRtMapPol_asm_sg_expiry",
            "module.aci.module.aci_vrf.aci_rest_managed.rtdmcRsFilterToRtMapPol_asm_shared",
            "module.aci.module.aci_vrf.aci_rest_managed.rtdmcRsFilterToRtMapPol_auto_rp",
            "module.aci.module.aci_vrf.aci_rest_managed.rtdmcRsFilterToRtMapPol_bsr",
            "module.aci.module.aci_vrf.aci_rest_managed.rtdmcRsFilterToRtMapPol_fabric_rp",
            "module.aci.module.aci_vrf.aci_rest_managed.rtdmcRsFilterToRtMapPol_pim_inter_vrf",
            "module.aci.module.aci_vrf.aci_rest_managed.rtdmcRsFilterToRtMapPol_ssm_range",
            "module.aci.module.aci_vrf.aci_rest_managed.rtdmcRsFilterToRtMapPol_static_rp",
            "module.aci.module.aci_vrf.aci_rest_managed.vzAny",
            "module.aci.module.aci_vrf.aci_rest_managed.vzRsAnyToCons",
            "module.aci.module.aci_vrf.aci_rest_managed.vzRsAnyToConsIf",
            "module.aci.module.aci_vrf.aci_rest_managed.vzRsAnyToProv"
          ]
        }
      ]
    },
    {
      "module": "module.aci.module.aci_endpoint_group[\"demo-05/network-segments/10.0.92.0_24-epg-02\"]",
      "mode": "managed",
      "type": "aci_rest_managed",
      "name": "fvRsDomAtt_vmm",
      "provider": "provider[\"registry.terraform.io/ciscodevnet/aci\"]",
      "instances": [
        {
          "index_key": "hx-dev-01-vds-01",
          "schema_version": 0,
          "attributes": {
            "annotation": "orchestrator:terraform",
            "child": [],
            "class_name": "fvRsDomAtt",
            "content": {
              "classPref": "encap",
              "customEpgName": "",
              "delimiter": "",
              "encap": "unknown",
              "encapMode": "auto",
              "instrImedcy": "immediate",
              "netflowPref": "disabled",
              "primaryEncap": "unknown",
              "resImedcy": "immediate",
              "switchingMode": "native",
              "tDn": "uni/vmmp-VMware/dom-hx-dev-01-vds-01"
            },
            "dn": "uni/tn-demo-05/ap-network-segments/epg-10.0.92.0_24-epg-02/rsdomAtt-[uni/vmmp-VMware/dom-hx-dev-01-vds-01]",
            "id": "uni/tn-demo-05/ap-network-segments/epg-10.0.92.0_24-epg-02/rsdomAtt-[uni/vmmp-VMware/dom-hx-dev-01-vds-01]"
          },
          "sensitive_attributes": [],
          "dependencies": [
            "module.aci.data.utils_yaml_merge.defaults",
            "module.aci.data.utils_yaml_merge.model",
            "module.aci.data.utils_yaml_merge.modules",
            "module.aci.module.aci_application_profile.aci_rest_managed.fvAp",
            "module.aci.module.aci_bfd_interface_policy.aci_rest_managed.bfdIfPol",
            "module.aci.module.aci_bgp_timer_policy.aci_rest_managed.bgpCtxPol",
            "module.aci.module.aci_bridge_domain.aci_rest_managed.dhcpLbl",
            "module.aci.module.aci_bridge_domain.aci_rest_managed.dhcpRsDhcpOptionPol",
            "module.aci.module.aci_bridge_domain.aci_rest_managed.fvBD",
            "module.aci.module.aci_bridge_domain.aci_rest_managed.fvRsBDToOut",
            "module.aci.module.aci_bridge_domain.aci_rest_managed.fvRsCtx",
            "module.aci.module.aci_bridge_domain.aci_rest_managed.fvRsIgmpsn",
            "module.aci.module.aci_bridge_domain.aci_rest_managed.fvRsNdPfxPol",
            "module.aci.module.aci_bridge_domain.aci_rest_managed.fvSubnet",
            "module.aci.module.aci_bridge_domain.aci_rest_managed.igmpIfP",
            "module.aci.module.aci_bridge_domain.aci_rest_managed.igmpRsIfPol",
            "module.aci.module.aci_bridge_domain.aci_rest_managed.pimBDDestFilterPol",
            "module.aci.module.aci_bridge_domain.aci_rest_managed.pimBDFilterPol",
            "module.aci.module.aci_bridge_domain.aci_rest_managed.pimBDP",
            "module.aci.module.aci_bridge_domain.aci_rest_managed.pimBDSrcFilterPol",
            "module.aci.module.aci_bridge_domain.aci_rest_managed.rtdmcRsFilterToRtMapPol_destination",
            "module.aci.module.aci_bridge_domain.aci_rest_managed.rtdmcRsFilterToRtMapPol_source",
            "module.aci.module.aci_bridge_domain.aci_rest_managed.tagTag",
            "module.aci.module.aci_contract.aci_rest_managed.vzBrCP",
            "module.aci.module.aci_contract.aci_rest_managed.vzRsSubjFiltAtt",
            "module.aci.module.aci_contract.aci_rest_managed.vzRsSubjGraphAtt",
            "module.aci.module.aci_contract.aci_rest_managed.vzSubj",
            "module.aci.module.aci_dhcp_option_policy.aci_rest_managed.dhcpOption",
            "module.aci.module.aci_dhcp_option_policy.aci_rest_managed.dhcpOptionPol",
            "module.aci.module.aci_dhcp_relay_policy.aci_rest_managed.dhcpRelayP",
            "module.aci.module.aci_dhcp_relay_policy.aci_rest_managed.dhcpRsProv",
            "module.aci.module.aci_eigrp_interface_policy.aci_rest_managed.eigrpIfPol",
            "module.aci.module.aci_endpoint_group.aci_rest_managed.fvAEPg",
            "module.aci.module.aci_filter.aci_rest_managed.vzEntry",
            "module.aci.module.aci_filter.aci_rest_managed.vzFilter",
            "module.aci.module.aci_imported_contract.aci_rest_managed.vzCPIf",
            "module.aci.module.aci_imported_contract.aci_rest_managed.vzRsIf",
            "module.aci.module.aci_l3out.aci_rest_managed.bgpExtP",
            "module.aci.module.aci_l3out.aci_rest_managed.eigrpExtP",
            "module.aci.module.aci_l3out.aci_rest_managed.l3extConsLbl",
            "module.aci.module.aci_l3out.aci_rest_managed.l3extDefaultRouteLeakP",
            "module.aci.module.aci_l3out.aci_rest_managed.l3extInstP_sr_mpls",
            "module.aci.module.aci_l3out.aci_rest_managed.l3extOut",
            "module.aci.module.aci_l3out.aci_rest_managed.l3extProvLbl",
            "module.aci.module.aci_l3out.aci_rest_managed.l3extRsDampeningPol_ipv4",
            "module.aci.module.aci_l3out.aci_rest_managed.l3extRsDampeningPol_ipv6",
            "module.aci.module.aci_l3out.aci_rest_managed.l3extRsEctx",
            "module.aci.module.aci_l3out.aci_rest_managed.l3extRsInterleakPol",
            "module.aci.module.aci_l3out.aci_rest_managed.l3extRsL3DomAtt",
            "module.aci.module.aci_l3out.aci_rest_managed.l3extRsLblToProfile_export",
            "module.aci.module.aci_l3out.aci_rest_managed.l3extRsLblToProfile_import",
            "module.aci.module.aci_l3out.aci_rest_managed.l3extRsRedistributePol",
            "module.aci.module.aci_l3out.aci_rest_managed.mplsExtP",
            "module.aci.module.aci_l3out.aci_rest_managed.mplsRsLabelPol",
            "module.aci.module.aci_l3out.aci_rest_managed.ospfExtP",
            "module.aci.module.aci_l3out.aci_rest_managed.pimExtP",
            "module.aci.module.aci_l3out.aci_rest_managed.rtctrlCtxP_export",
            "module.aci.module.aci_l3out.aci_rest_managed.rtctrlCtxP_import",
            "module.aci.module.aci_l3out.aci_rest_managed.rtctrlProfile_export",
            "module.aci.module.aci_l3out.aci_rest_managed.rtctrlProfile_import",
            "module.aci.module.aci_l3out.aci_rest_managed.rtctrlRsCtxPToSubjP_export",
            "module.aci.module.aci_l3out.aci_rest_managed.rtctrlRsCtxPToSubjP_import",
            "module.aci.module.aci_l3out.aci_rest_managed.rtctrlRsScopeToAttrP_export",
            "module.aci.module.aci_l3out.aci_rest_managed.rtctrlRsScopeToAttrP_import",
            "module.aci.module.aci_l3out.aci_rest_managed.rtctrlScope_export",
            "module.aci.module.aci_l3out.aci_rest_managed.rtctrlScope_import",
            "module.aci.module.aci_match_rule.aci_rest_managed.rtctrlMatchCommFactor",
            "module.aci.module.aci_match_rule.aci_rest_managed.rtctrlMatchCommRegexTerm",
            "module.aci.module.aci_match_rule.aci_rest_managed.rtctrlMatchCommTerm",
            "module.aci.module.aci_match_rule.aci_rest_managed.rtctrlMatchRtDest",
            "module.aci.module.aci_match_rule.aci_rest_managed.rtctrlSubjP",
            "module.aci.module.aci_ospf_interface_policy.aci_rest_managed.ospfIfPol",
            "module.aci.module.aci_set_rule.aci_rest_managed.rtctrlAttrP",
            "module.aci.module.aci_set_rule.aci_rest_managed.rtctrlRsSetPolicyTagToInstP",
            "module.aci.module.aci_set_rule.aci_rest_managed.rtctrlSetASPath",
            "module.aci.module.aci_set_rule.aci_rest_managed.rtctrlSetASPathASN",
            "module.aci.module.aci_set_rule.aci_rest_managed.rtctrlSetAddComm",
            "module.aci.module.aci_set_rule.aci_rest_managed.rtctrlSetComm",
            "module.aci.module.aci_set_rule.aci_rest_managed.rtctrlSetDamp",
            "module.aci.module.aci_set_rule.aci_rest_managed.rtctrlSetNh",
            "module.aci.module.aci_set_rule.aci_rest_managed.rtctrlSetNhUnchanged",
            "module.aci.module.aci_set_rule.aci_rest_managed.rtctrlSetPolicyTag",
            "module.aci.module.aci_set_rule.aci_rest_managed.rtctrlSetPref",
            "module.aci.module.aci_set_rule.aci_rest_managed.rtctrlSetRedistMultipath",
            "module.aci.module.aci_set_rule.aci_rest_managed.rtctrlSetRtMetric",
            "module.aci.module.aci_set_rule.aci_rest_managed.rtctrlSetRtMetricType",
            "module.aci.module.aci_set_rule.aci_rest_managed.rtctrlSetTag",
            "module.aci.module.aci_set_rule.aci_rest_managed.rtctrlSetWeight",
            "module.aci.module.aci_tenant.aci_rest_managed.aaaDomainRef",
            "module.aci.module.aci_tenant.aci_rest_managed.fvTenant",
            "module.aci.module.aci_vlan_pool.aci_rest_managed.fvnsEncapBlk",
            "module.aci.module.aci_vlan_pool.aci_rest_managed.fvnsVlanInstP",
            "module.aci.module.aci_vmware_vmm_domain.aci_rest_managed.aaaDomainRef",
            "module.aci.module.aci_vmware_vmm_domain.aci_rest_managed.infraRsVlanNs",
            "module.aci.module.aci_vmware_vmm_domain.aci_rest_managed.lacpEnhancedLagPol",
            "module.aci.module.aci_vmware_vmm_domain.aci_rest_managed.vmmCtrlrP",
            "module.aci.module.aci_vmware_vmm_domain.aci_rest_managed.vmmDomP",
            "module.aci.module.aci_vmware_vmm_domain.aci_rest_managed.vmmRsAcc",
            "module.aci.module.aci_vmware_vmm_domain.aci_rest_managed.vmmRsMgmtEPg",
            "module.aci.module.aci_vmware_vmm_domain.aci_rest_managed.vmmRsVswitchOverrideCdpIfPol",
            "module.aci.module.aci_vmware_vmm_domain.aci_rest_managed.vmmRsVswitchOverrideLacpPol",
            "module.aci.module.aci_vmware_vmm_domain.aci_rest_managed.vmmRsVswitchOverrideLldpIfPol",
            "module.aci.module.aci_vmware_vmm_domain.aci_rest_managed.vmmRsVswitchOverrideMtuPol",
            "module.aci.module.aci_vmware_vmm_domain.aci_rest_managed.vmmUplinkP",
            "module.aci.module.aci_vmware_vmm_domain.aci_rest_managed.vmmUplinkPCont",
            "module.aci.module.aci_vmware_vmm_domain.aci_rest_managed.vmmUsrAccP",
            "module.aci.module.aci_vmware_vmm_domain.aci_rest_managed.vmmVSwitchPolicyCont",
            "module.aci.module.aci_vrf.aci_rest_managed.bgpRtTargetP_ipv4",
            "module.aci.module.aci_vrf.aci_rest_managed.bgpRtTargetP_ipv6",
            "module.aci.module.aci_vrf.aci_rest_managed.bgpRtTarget_ipv4_export",
            "module.aci.module.aci_vrf.aci_rest_managed.bgpRtTarget_ipv4_import",
            "module.aci.module.aci_vrf.aci_rest_managed.bgpRtTarget_ipv6_export",
            "module.aci.module.aci_vrf.aci_rest_managed.bgpRtTarget_ipv6_import",
            "module.aci.module.aci_vrf.aci_rest_managed.dnsLbl",
            "module.aci.module.aci_vrf.aci_rest_managed.fvCtx",
            "module.aci.module.aci_vrf.aci_rest_managed.fvRsBgpCtxPol",
            "module.aci.module.aci_vrf.aci_rest_managed.fvRsCtxToBgpCtxAfPol_ipv4",
            "module.aci.module.aci_vrf.aci_rest_managed.fvRsCtxToBgpCtxAfPol_ipv6",
            "module.aci.module.aci_vrf.aci_rest_managed.fvRsCtxToExtRouteTagPol",
            "module.aci.module.aci_vrf.aci_rest_managed.fvRsCtxToOspfCtxPol_ipv4",
            "module.aci.module.aci_vrf.aci_rest_managed.fvRsCtxToOspfCtxPol_ipv6",
            "module.aci.module.aci_vrf.aci_rest_managed.fvRsOspfCtxPol",
            "module.aci.module.aci_vrf.aci_rest_managed.igmpCtxP",
            "module.aci.module.aci_vrf.aci_rest_managed.igmpSSMXlateP",
            "module.aci.module.aci_vrf.aci_rest_managed.leakExternalPrefix",
            "module.aci.module.aci_vrf.aci_rest_managed.leakInternalSubnet",
            "module.aci.module.aci_vrf.aci_rest_managed.leakRoutes",
            "module.aci.module.aci_vrf.aci_rest_managed.leakTo_external",
            "module.aci.module.aci_vrf.aci_rest_managed.leakTo_internal",
            "module.aci.module.aci_vrf.aci_rest_managed.pimASMPatPol",
            "module.aci.module.aci_vrf.aci_rest_managed.pimAutoRPPol",
            "module.aci.module.aci_vrf.aci_rest_managed.pimBSRFilterPol",
            "module.aci.module.aci_vrf.aci_rest_managed.pimBSRPPol",
            "module.aci.module.aci_vrf.aci_rest_managed.pimCtxP",
            "module.aci.module.aci_vrf.aci_rest_managed.pimFabricRPPol",
            "module.aci.module.aci_vrf.aci_rest_managed.pimInterVRFEntryPol",
            "module.aci.module.aci_vrf.aci_rest_managed.pimInterVRFPol",
            "module.aci.module.aci_vrf.aci_rest_managed.pimMAFilterPol",
            "module.aci.module.aci_vrf.aci_rest_managed.pimRPGrpRangePol_fabric_rp",
            "module.aci.module.aci_vrf.aci_rest_managed.pimRPGrpRangePol_static_rp",
            "module.aci.module.aci_vrf.aci_rest_managed.pimRegTrPol",
            "module.aci.module.aci_vrf.aci_rest_managed.pimResPol",
            "module.aci.module.aci_vrf.aci_rest_managed.pimSGRangeExpPol",
            "module.aci.module.aci_vrf.aci_rest_managed.pimSSMPatPol",
            "module.aci.module.aci_vrf.aci_rest_managed.pimSSMRangePol",
            "module.aci.module.aci_vrf.aci_rest_managed.pimSharedRangePol",
            "module.aci.module.aci_vrf.aci_rest_managed.pimStaticRPEntryPol_fabric_rp",
            "module.aci.module.aci_vrf.aci_rest_managed.pimStaticRPEntryPol_static_rp",
            "module.aci.module.aci_vrf.aci_rest_managed.pimStaticRPPol",
            "module.aci.module.aci_vrf.aci_rest_managed.rtdmcRsFilterToRtMapPol_asm_sg_expiry",
            "module.aci.module.aci_vrf.aci_rest_managed.rtdmcRsFilterToRtMapPol_asm_shared",
            "module.aci.module.aci_vrf.aci_rest_managed.rtdmcRsFilterToRtMapPol_auto_rp",
            "module.aci.module.aci_vrf.aci_rest_managed.rtdmcRsFilterToRtMapPol_bsr",
            "module.aci.module.aci_vrf.aci_rest_managed.rtdmcRsFilterToRtMapPol_fabric_rp",
            "module.aci.module.aci_vrf.aci_rest_managed.rtdmcRsFilterToRtMapPol_pim_inter_vrf",
            "module.aci.module.aci_vrf.aci_rest_managed.rtdmcRsFilterToRtMapPol_ssm_range",
            "module.aci.module.aci_vrf.aci_rest_managed.rtdmcRsFilterToRtMapPol_static_rp",
            "module.aci.module.aci_vrf.aci_rest_managed.vzAny",
            "module.aci.module.aci_vrf.aci_rest_managed.vzRsAnyToCons",
            "module.aci.module.aci_vrf.aci_rest_managed.vzRsAnyToConsIf",
            "module.aci.module.aci_vrf.aci_rest_managed.vzRsAnyToProv"
          ]
        }
      ]
    },
    {
      "module": "module.aci.module.aci_endpoint_group[\"demo-05/network-segments/10.0.92.0_24-epg-02\"]",
      "mode": "managed",
      "type": "aci_rest_managed",
      "name": "vmmSecP",
      "provider": "provider[\"registry.terraform.io/ciscodevnet/aci\"]",
      "instances": [
        {
          "index_key": "hx-dev-01-vds-01",
          "schema_version": 0,
          "attributes": {
            "annotation": "orchestrator:terraform",
            "child": [],
            "class_name": "vmmSecP",
            "content": {
              "allowPromiscuous": "reject",
              "forgedTransmits": "reject",
              "macChanges": "reject"
            },
            "dn": "uni/tn-demo-05/ap-network-segments/epg-10.0.92.0_24-epg-02/rsdomAtt-[uni/vmmp-VMware/dom-hx-dev-01-vds-01]/sec",
            "id": "uni/tn-demo-05/ap-network-segments/epg-10.0.92.0_24-epg-02/rsdomAtt-[uni/vmmp-VMware/dom-hx-dev-01-vds-01]/sec"
          },
          "sensitive_attributes": [],
          "dependencies": [
            "module.aci.data.utils_yaml_merge.defaults",
            "module.aci.data.utils_yaml_merge.model",
            "module.aci.data.utils_yaml_merge.modules",
            "module.aci.module.aci_application_profile.aci_rest_managed.fvAp",
            "module.aci.module.aci_bfd_interface_policy.aci_rest_managed.bfdIfPol",
            "module.aci.module.aci_bgp_timer_policy.aci_rest_managed.bgpCtxPol",
            "module.aci.module.aci_bridge_domain.aci_rest_managed.dhcpLbl",
            "module.aci.module.aci_bridge_domain.aci_rest_managed.dhcpRsDhcpOptionPol",
            "module.aci.module.aci_bridge_domain.aci_rest_managed.fvBD",
            "module.aci.module.aci_bridge_domain.aci_rest_managed.fvRsBDToOut",
            "module.aci.module.aci_bridge_domain.aci_rest_managed.fvRsCtx",
            "module.aci.module.aci_bridge_domain.aci_rest_managed.fvRsIgmpsn",
            "module.aci.module.aci_bridge_domain.aci_rest_managed.fvRsNdPfxPol",
            "module.aci.module.aci_bridge_domain.aci_rest_managed.fvSubnet",
            "module.aci.module.aci_bridge_domain.aci_rest_managed.igmpIfP",
            "module.aci.module.aci_bridge_domain.aci_rest_managed.igmpRsIfPol",
            "module.aci.module.aci_bridge_domain.aci_rest_managed.pimBDDestFilterPol",
            "module.aci.module.aci_bridge_domain.aci_rest_managed.pimBDFilterPol",
            "module.aci.module.aci_bridge_domain.aci_rest_managed.pimBDP",
            "module.aci.module.aci_bridge_domain.aci_rest_managed.pimBDSrcFilterPol",
            "module.aci.module.aci_bridge_domain.aci_rest_managed.rtdmcRsFilterToRtMapPol_destination",
            "module.aci.module.aci_bridge_domain.aci_rest_managed.rtdmcRsFilterToRtMapPol_source",
            "module.aci.module.aci_bridge_domain.aci_rest_managed.tagTag",
            "module.aci.module.aci_contract.aci_rest_managed.vzBrCP",
            "module.aci.module.aci_contract.aci_rest_managed.vzRsSubjFiltAtt",
            "module.aci.module.aci_contract.aci_rest_managed.vzRsSubjGraphAtt",
            "module.aci.module.aci_contract.aci_rest_managed.vzSubj",
            "module.aci.module.aci_dhcp_option_policy.aci_rest_managed.dhcpOption",
            "module.aci.module.aci_dhcp_option_policy.aci_rest_managed.dhcpOptionPol",
            "module.aci.module.aci_dhcp_relay_policy.aci_rest_managed.dhcpRelayP",
            "module.aci.module.aci_dhcp_relay_policy.aci_rest_managed.dhcpRsProv",
            "module.aci.module.aci_eigrp_interface_policy.aci_rest_managed.eigrpIfPol",
            "module.aci.module.aci_endpoint_group.aci_rest_managed.fvAEPg",
            "module.aci.module.aci_endpoint_group.aci_rest_managed.fvRsDomAtt_vmm",
            "module.aci.module.aci_filter.aci_rest_managed.vzEntry",
            "module.aci.module.aci_filter.aci_rest_managed.vzFilter",
            "module.aci.module.aci_imported_contract.aci_rest_managed.vzCPIf",
            "module.aci.module.aci_imported_contract.aci_rest_managed.vzRsIf",
            "module.aci.module.aci_l3out.aci_rest_managed.bgpExtP",
            "module.aci.module.aci_l3out.aci_rest_managed.eigrpExtP",
            "module.aci.module.aci_l3out.aci_rest_managed.l3extConsLbl",
            "module.aci.module.aci_l3out.aci_rest_managed.l3extDefaultRouteLeakP",
            "module.aci.module.aci_l3out.aci_rest_managed.l3extInstP_sr_mpls",
            "module.aci.module.aci_l3out.aci_rest_managed.l3extOut",
            "module.aci.module.aci_l3out.aci_rest_managed.l3extProvLbl",
            "module.aci.module.aci_l3out.aci_rest_managed.l3extRsDampeningPol_ipv4",
            "module.aci.module.aci_l3out.aci_rest_managed.l3extRsDampeningPol_ipv6",
            "module.aci.module.aci_l3out.aci_rest_managed.l3extRsEctx",
            "module.aci.module.aci_l3out.aci_rest_managed.l3extRsInterleakPol",
            "module.aci.module.aci_l3out.aci_rest_managed.l3extRsL3DomAtt",
            "module.aci.module.aci_l3out.aci_rest_managed.l3extRsLblToProfile_export",
            "module.aci.module.aci_l3out.aci_rest_managed.l3extRsLblToProfile_import",
            "module.aci.module.aci_l3out.aci_rest_managed.l3extRsRedistributePol",
            "module.aci.module.aci_l3out.aci_rest_managed.mplsExtP",
            "module.aci.module.aci_l3out.aci_rest_managed.mplsRsLabelPol",
            "module.aci.module.aci_l3out.aci_rest_managed.ospfExtP",
            "module.aci.module.aci_l3out.aci_rest_managed.pimExtP",
            "module.aci.module.aci_l3out.aci_rest_managed.rtctrlCtxP_export",
            "module.aci.module.aci_l3out.aci_rest_managed.rtctrlCtxP_import",
            "module.aci.module.aci_l3out.aci_rest_managed.rtctrlProfile_export",
            "module.aci.module.aci_l3out.aci_rest_managed.rtctrlProfile_import",
            "module.aci.module.aci_l3out.aci_rest_managed.rtctrlRsCtxPToSubjP_export",
            "module.aci.module.aci_l3out.aci_rest_managed.rtctrlRsCtxPToSubjP_import",
            "module.aci.module.aci_l3out.aci_rest_managed.rtctrlRsScopeToAttrP_export",
            "module.aci.module.aci_l3out.aci_rest_managed.rtctrlRsScopeToAttrP_import",
            "module.aci.module.aci_l3out.aci_rest_managed.rtctrlScope_export",
            "module.aci.module.aci_l3out.aci_rest_managed.rtctrlScope_import",
            "module.aci.module.aci_match_rule.aci_rest_managed.rtctrlMatchCommFactor",
            "module.aci.module.aci_match_rule.aci_rest_managed.rtctrlMatchCommRegexTerm",
            "module.aci.module.aci_match_rule.aci_rest_managed.rtctrlMatchCommTerm",
            "module.aci.module.aci_match_rule.aci_rest_managed.rtctrlMatchRtDest",
            "module.aci.module.aci_match_rule.aci_rest_managed.rtctrlSubjP",
            "module.aci.module.aci_ospf_interface_policy.aci_rest_managed.ospfIfPol",
            "module.aci.module.aci_set_rule.aci_rest_managed.rtctrlAttrP",
            "module.aci.module.aci_set_rule.aci_rest_managed.rtctrlRsSetPolicyTagToInstP",
            "module.aci.module.aci_set_rule.aci_rest_managed.rtctrlSetASPath",
            "module.aci.module.aci_set_rule.aci_rest_managed.rtctrlSetASPathASN",
            "module.aci.module.aci_set_rule.aci_rest_managed.rtctrlSetAddComm",
            "module.aci.module.aci_set_rule.aci_rest_managed.rtctrlSetComm",
            "module.aci.module.aci_set_rule.aci_rest_managed.rtctrlSetDamp",
            "module.aci.module.aci_set_rule.aci_rest_managed.rtctrlSetNh",
            "module.aci.module.aci_set_rule.aci_rest_managed.rtctrlSetNhUnchanged",
            "module.aci.module.aci_set_rule.aci_rest_managed.rtctrlSetPolicyTag",
            "module.aci.module.aci_set_rule.aci_rest_managed.rtctrlSetPref",
            "module.aci.module.aci_set_rule.aci_rest_managed.rtctrlSetRedistMultipath",
            "module.aci.module.aci_set_rule.aci_rest_managed.rtctrlSetRtMetric",
            "module.aci.module.aci_set_rule.aci_rest_managed.rtctrlSetRtMetricType",
            "module.aci.module.aci_set_rule.aci_rest_managed.rtctrlSetTag",
            "module.aci.module.aci_set_rule.aci_rest_managed.rtctrlSetWeight",
            "module.aci.module.aci_tenant.aci_rest_managed.aaaDomainRef",
            "module.aci.module.aci_tenant.aci_rest_managed.fvTenant",
            "module.aci.module.aci_vlan_pool.aci_rest_managed.fvnsEncapBlk",
            "module.aci.module.aci_vlan_pool.aci_rest_managed.fvnsVlanInstP",
            "module.aci.module.aci_vmware_vmm_domain.aci_rest_managed.aaaDomainRef",
            "module.aci.module.aci_vmware_vmm_domain.aci_rest_managed.infraRsVlanNs",
            "module.aci.module.aci_vmware_vmm_domain.aci_rest_managed.lacpEnhancedLagPol",
            "module.aci.module.aci_vmware_vmm_domain.aci_rest_managed.vmmCtrlrP",
            "module.aci.module.aci_vmware_vmm_domain.aci_rest_managed.vmmDomP",
            "module.aci.module.aci_vmware_vmm_domain.aci_rest_managed.vmmRsAcc",
            "module.aci.module.aci_vmware_vmm_domain.aci_rest_managed.vmmRsMgmtEPg",
            "module.aci.module.aci_vmware_vmm_domain.aci_rest_managed.vmmRsVswitchOverrideCdpIfPol",
            "module.aci.module.aci_vmware_vmm_domain.aci_rest_managed.vmmRsVswitchOverrideLacpPol",
            "module.aci.module.aci_vmware_vmm_domain.aci_rest_managed.vmmRsVswitchOverrideLldpIfPol",
            "module.aci.module.aci_vmware_vmm_domain.aci_rest_managed.vmmRsVswitchOverrideMtuPol",
            "module.aci.module.aci_vmware_vmm_domain.aci_rest_managed.vmmUplinkP",
            "module.aci.module.aci_vmware_vmm_domain.aci_rest_managed.vmmUplinkPCont",
            "module.aci.module.aci_vmware_vmm_domain.aci_rest_managed.vmmUsrAccP",
            "module.aci.module.aci_vmware_vmm_domain.aci_rest_managed.vmmVSwitchPolicyCont",
            "module.aci.module.aci_vrf.aci_rest_managed.bgpRtTargetP_ipv4",
            "module.aci.module.aci_vrf.aci_rest_managed.bgpRtTargetP_ipv6",
            "module.aci.module.aci_vrf.aci_rest_managed.bgpRtTarget_ipv4_export",
            "module.aci.module.aci_vrf.aci_rest_managed.bgpRtTarget_ipv4_import",
            "module.aci.module.aci_vrf.aci_rest_managed.bgpRtTarget_ipv6_export",
            "module.aci.module.aci_vrf.aci_rest_managed.bgpRtTarget_ipv6_import",
            "module.aci.module.aci_vrf.aci_rest_managed.dnsLbl",
            "module.aci.module.aci_vrf.aci_rest_managed.fvCtx",
            "module.aci.module.aci_vrf.aci_rest_managed.fvRsBgpCtxPol",
            "module.aci.module.aci_vrf.aci_rest_managed.fvRsCtxToBgpCtxAfPol_ipv4",
            "module.aci.module.aci_vrf.aci_rest_managed.fvRsCtxToBgpCtxAfPol_ipv6",
            "module.aci.module.aci_vrf.aci_rest_managed.fvRsCtxToExtRouteTagPol",
            "module.aci.module.aci_vrf.aci_rest_managed.fvRsCtxToOspfCtxPol_ipv4",
            "module.aci.module.aci_vrf.aci_rest_managed.fvRsCtxToOspfCtxPol_ipv6",
            "module.aci.module.aci_vrf.aci_rest_managed.fvRsOspfCtxPol",
            "module.aci.module.aci_vrf.aci_rest_managed.igmpCtxP",
            "module.aci.module.aci_vrf.aci_rest_managed.igmpSSMXlateP",
            "module.aci.module.aci_vrf.aci_rest_managed.leakExternalPrefix",
            "module.aci.module.aci_vrf.aci_rest_managed.leakInternalSubnet",
            "module.aci.module.aci_vrf.aci_rest_managed.leakRoutes",
            "module.aci.module.aci_vrf.aci_rest_managed.leakTo_external",
            "module.aci.module.aci_vrf.aci_rest_managed.leakTo_internal",
            "module.aci.module.aci_vrf.aci_rest_managed.pimASMPatPol",
            "module.aci.module.aci_vrf.aci_rest_managed.pimAutoRPPol",
            "module.aci.module.aci_vrf.aci_rest_managed.pimBSRFilterPol",
            "module.aci.module.aci_vrf.aci_rest_managed.pimBSRPPol",
            "module.aci.module.aci_vrf.aci_rest_managed.pimCtxP",
            "module.aci.module.aci_vrf.aci_rest_managed.pimFabricRPPol",
            "module.aci.module.aci_vrf.aci_rest_managed.pimInterVRFEntryPol",
            "module.aci.module.aci_vrf.aci_rest_managed.pimInterVRFPol",
            "module.aci.module.aci_vrf.aci_rest_managed.pimMAFilterPol",
            "module.aci.module.aci_vrf.aci_rest_managed.pimRPGrpRangePol_fabric_rp",
            "module.aci.module.aci_vrf.aci_rest_managed.pimRPGrpRangePol_static_rp",
            "module.aci.module.aci_vrf.aci_rest_managed.pimRegTrPol",
            "module.aci.module.aci_vrf.aci_rest_managed.pimResPol",
            "module.aci.module.aci_vrf.aci_rest_managed.pimSGRangeExpPol",
            "module.aci.module.aci_vrf.aci_rest_managed.pimSSMPatPol",
            "module.aci.module.aci_vrf.aci_rest_managed.pimSSMRangePol",
            "module.aci.module.aci_vrf.aci_rest_managed.pimSharedRangePol",
            "module.aci.module.aci_vrf.aci_rest_managed.pimStaticRPEntryPol_fabric_rp",
            "module.aci.module.aci_vrf.aci_rest_managed.pimStaticRPEntryPol_static_rp",
            "module.aci.module.aci_vrf.aci_rest_managed.pimStaticRPPol",
            "module.aci.module.aci_vrf.aci_rest_managed.rtdmcRsFilterToRtMapPol_asm_sg_expiry",
            "module.aci.module.aci_vrf.aci_rest_managed.rtdmcRsFilterToRtMapPol_asm_shared",
            "module.aci.module.aci_vrf.aci_rest_managed.rtdmcRsFilterToRtMapPol_auto_rp",
            "module.aci.module.aci_vrf.aci_rest_managed.rtdmcRsFilterToRtMapPol_bsr",
            "module.aci.module.aci_vrf.aci_rest_managed.rtdmcRsFilterToRtMapPol_fabric_rp",
            "module.aci.module.aci_vrf.aci_rest_managed.rtdmcRsFilterToRtMapPol_pim_inter_vrf",
            "module.aci.module.aci_vrf.aci_rest_managed.rtdmcRsFilterToRtMapPol_ssm_range",
            "module.aci.module.aci_vrf.aci_rest_managed.rtdmcRsFilterToRtMapPol_static_rp",
            "module.aci.module.aci_vrf.aci_rest_managed.vzAny",
            "module.aci.module.aci_vrf.aci_rest_managed.vzRsAnyToCons",
            "module.aci.module.aci_vrf.aci_rest_managed.vzRsAnyToConsIf",
            "module.aci.module.aci_vrf.aci_rest_managed.vzRsAnyToProv"
          ]
        }
      ]
    },
    {
      "module": "module.aci.module.aci_external_endpoint_group[\"demo-05/demo-05.vrf-01-bgp-AS-65151/all-external-subnets\"]",
      "mode": "managed",
      "type": "aci_rest_managed",
      "name": "l3extInstP",
      "provider": "provider[\"registry.terraform.io/ciscodevnet/aci\"]",
      "instances": [
        {
          "schema_version": 0,
          "attributes": {
            "annotation": "orchestrator:terraform",
            "child": [],
            "class_name": "l3extInstP",
            "content": {
              "descr": "",
              "name": "all-external-subnets",
              "nameAlias": "",
              "prefGrMemb": "exclude",
              "prio": "unspecified",
              "targetDscp": "unspecified"
            },
            "dn": "uni/tn-demo-05/out-demo-05.vrf-01-bgp-AS-65151/instP-all-external-subnets",
            "id": "uni/tn-demo-05/out-demo-05.vrf-01-bgp-AS-65151/instP-all-external-subnets"
          },
          "sensitive_attributes": [],
          "dependencies": [
            "module.aci.data.utils_yaml_merge.defaults",
            "module.aci.data.utils_yaml_merge.model",
            "module.aci.data.utils_yaml_merge.modules",
            "module.aci.module.aci_bfd_interface_policy.aci_rest_managed.bfdIfPol",
            "module.aci.module.aci_bgp_timer_policy.aci_rest_managed.bgpCtxPol",
            "module.aci.module.aci_contract.aci_rest_managed.vzBrCP",
            "module.aci.module.aci_contract.aci_rest_managed.vzRsSubjFiltAtt",
            "module.aci.module.aci_contract.aci_rest_managed.vzRsSubjGraphAtt",
            "module.aci.module.aci_contract.aci_rest_managed.vzSubj",
            "module.aci.module.aci_eigrp_interface_policy.aci_rest_managed.eigrpIfPol",
            "module.aci.module.aci_filter.aci_rest_managed.vzEntry",
            "module.aci.module.aci_filter.aci_rest_managed.vzFilter",
            "module.aci.module.aci_imported_contract.aci_rest_managed.vzCPIf",
            "module.aci.module.aci_imported_contract.aci_rest_managed.vzRsIf",
            "module.aci.module.aci_l3out.aci_rest_managed.bgpExtP",
            "module.aci.module.aci_l3out.aci_rest_managed.eigrpExtP",
            "module.aci.module.aci_l3out.aci_rest_managed.l3extConsLbl",
            "module.aci.module.aci_l3out.aci_rest_managed.l3extDefaultRouteLeakP",
            "module.aci.module.aci_l3out.aci_rest_managed.l3extInstP_sr_mpls",
            "module.aci.module.aci_l3out.aci_rest_managed.l3extOut",
            "module.aci.module.aci_l3out.aci_rest_managed.l3extProvLbl",
            "module.aci.module.aci_l3out.aci_rest_managed.l3extRsDampeningPol_ipv4",
            "module.aci.module.aci_l3out.aci_rest_managed.l3extRsDampeningPol_ipv6",
            "module.aci.module.aci_l3out.aci_rest_managed.l3extRsEctx",
            "module.aci.module.aci_l3out.aci_rest_managed.l3extRsInterleakPol",
            "module.aci.module.aci_l3out.aci_rest_managed.l3extRsL3DomAtt",
            "module.aci.module.aci_l3out.aci_rest_managed.l3extRsLblToProfile_export",
            "module.aci.module.aci_l3out.aci_rest_managed.l3extRsLblToProfile_import",
            "module.aci.module.aci_l3out.aci_rest_managed.l3extRsRedistributePol",
            "module.aci.module.aci_l3out.aci_rest_managed.mplsExtP",
            "module.aci.module.aci_l3out.aci_rest_managed.mplsRsLabelPol",
            "module.aci.module.aci_l3out.aci_rest_managed.ospfExtP",
            "module.aci.module.aci_l3out.aci_rest_managed.pimExtP",
            "module.aci.module.aci_l3out.aci_rest_managed.rtctrlCtxP_export",
            "module.aci.module.aci_l3out.aci_rest_managed.rtctrlCtxP_import",
            "module.aci.module.aci_l3out.aci_rest_managed.rtctrlProfile_export",
            "module.aci.module.aci_l3out.aci_rest_managed.rtctrlProfile_import",
            "module.aci.module.aci_l3out.aci_rest_managed.rtctrlRsCtxPToSubjP_export",
            "module.aci.module.aci_l3out.aci_rest_managed.rtctrlRsCtxPToSubjP_import",
            "module.aci.module.aci_l3out.aci_rest_managed.rtctrlRsScopeToAttrP_export",
            "module.aci.module.aci_l3out.aci_rest_managed.rtctrlRsScopeToAttrP_import",
            "module.aci.module.aci_l3out.aci_rest_managed.rtctrlScope_export",
            "module.aci.module.aci_l3out.aci_rest_managed.rtctrlScope_import",
            "module.aci.module.aci_match_rule.aci_rest_managed.rtctrlMatchCommFactor",
            "module.aci.module.aci_match_rule.aci_rest_managed.rtctrlMatchCommRegexTerm",
            "module.aci.module.aci_match_rule.aci_rest_managed.rtctrlMatchCommTerm",
            "module.aci.module.aci_match_rule.aci_rest_managed.rtctrlMatchRtDest",
            "module.aci.module.aci_match_rule.aci_rest_managed.rtctrlSubjP",
            "module.aci.module.aci_ospf_interface_policy.aci_rest_managed.ospfIfPol",
            "module.aci.module.aci_set_rule.aci_rest_managed.rtctrlAttrP",
            "module.aci.module.aci_set_rule.aci_rest_managed.rtctrlRsSetPolicyTagToInstP",
            "module.aci.module.aci_set_rule.aci_rest_managed.rtctrlSetASPath",
            "module.aci.module.aci_set_rule.aci_rest_managed.rtctrlSetASPathASN",
            "module.aci.module.aci_set_rule.aci_rest_managed.rtctrlSetAddComm",
            "module.aci.module.aci_set_rule.aci_rest_managed.rtctrlSetComm",
            "module.aci.module.aci_set_rule.aci_rest_managed.rtctrlSetDamp",
            "module.aci.module.aci_set_rule.aci_rest_managed.rtctrlSetNh",
            "module.aci.module.aci_set_rule.aci_rest_managed.rtctrlSetNhUnchanged",
            "module.aci.module.aci_set_rule.aci_rest_managed.rtctrlSetPolicyTag",
            "module.aci.module.aci_set_rule.aci_rest_managed.rtctrlSetPref",
            "module.aci.module.aci_set_rule.aci_rest_managed.rtctrlSetRedistMultipath",
            "module.aci.module.aci_set_rule.aci_rest_managed.rtctrlSetRtMetric",
            "module.aci.module.aci_set_rule.aci_rest_managed.rtctrlSetRtMetricType",
            "module.aci.module.aci_set_rule.aci_rest_managed.rtctrlSetTag",
            "module.aci.module.aci_set_rule.aci_rest_managed.rtctrlSetWeight",
            "module.aci.module.aci_tenant.aci_rest_managed.aaaDomainRef",
            "module.aci.module.aci_tenant.aci_rest_managed.fvTenant",
            "module.aci.module.aci_vrf.aci_rest_managed.bgpRtTargetP_ipv4",
            "module.aci.module.aci_vrf.aci_rest_managed.bgpRtTargetP_ipv6",
            "module.aci.module.aci_vrf.aci_rest_managed.bgpRtTarget_ipv4_export",
            "module.aci.module.aci_vrf.aci_rest_managed.bgpRtTarget_ipv4_import",
            "module.aci.module.aci_vrf.aci_rest_managed.bgpRtTarget_ipv6_export",
            "module.aci.module.aci_vrf.aci_rest_managed.bgpRtTarget_ipv6_import",
            "module.aci.module.aci_vrf.aci_rest_managed.dnsLbl",
            "module.aci.module.aci_vrf.aci_rest_managed.fvCtx",
            "module.aci.module.aci_vrf.aci_rest_managed.fvRsBgpCtxPol",
            "module.aci.module.aci_vrf.aci_rest_managed.fvRsCtxToBgpCtxAfPol_ipv4",
            "module.aci.module.aci_vrf.aci_rest_managed.fvRsCtxToBgpCtxAfPol_ipv6",
            "module.aci.module.aci_vrf.aci_rest_managed.fvRsCtxToExtRouteTagPol",
            "module.aci.module.aci_vrf.aci_rest_managed.fvRsCtxToOspfCtxPol_ipv4",
            "module.aci.module.aci_vrf.aci_rest_managed.fvRsCtxToOspfCtxPol_ipv6",
            "module.aci.module.aci_vrf.aci_rest_managed.fvRsOspfCtxPol",
            "module.aci.module.aci_vrf.aci_rest_managed.igmpCtxP",
            "module.aci.module.aci_vrf.aci_rest_managed.igmpSSMXlateP",
            "module.aci.module.aci_vrf.aci_rest_managed.leakExternalPrefix",
            "module.aci.module.aci_vrf.aci_rest_managed.leakInternalSubnet",
            "module.aci.module.aci_vrf.aci_rest_managed.leakRoutes",
            "module.aci.module.aci_vrf.aci_rest_managed.leakTo_external",
            "module.aci.module.aci_vrf.aci_rest_managed.leakTo_internal",
            "module.aci.module.aci_vrf.aci_rest_managed.pimASMPatPol",
            "module.aci.module.aci_vrf.aci_rest_managed.pimAutoRPPol",
            "module.aci.module.aci_vrf.aci_rest_managed.pimBSRFilterPol",
            "module.aci.module.aci_vrf.aci_rest_managed.pimBSRPPol",
            "module.aci.module.aci_vrf.aci_rest_managed.pimCtxP",
            "module.aci.module.aci_vrf.aci_rest_managed.pimFabricRPPol",
            "module.aci.module.aci_vrf.aci_rest_managed.pimInterVRFEntryPol",
            "module.aci.module.aci_vrf.aci_rest_managed.pimInterVRFPol",
            "module.aci.module.aci_vrf.aci_rest_managed.pimMAFilterPol",
            "module.aci.module.aci_vrf.aci_rest_managed.pimRPGrpRangePol_fabric_rp",
            "module.aci.module.aci_vrf.aci_rest_managed.pimRPGrpRangePol_static_rp",
            "module.aci.module.aci_vrf.aci_rest_managed.pimRegTrPol",
            "module.aci.module.aci_vrf.aci_rest_managed.pimResPol",
            "module.aci.module.aci_vrf.aci_rest_managed.pimSGRangeExpPol",
            "module.aci.module.aci_vrf.aci_rest_managed.pimSSMPatPol",
            "module.aci.module.aci_vrf.aci_rest_managed.pimSSMRangePol",
            "module.aci.module.aci_vrf.aci_rest_managed.pimSharedRangePol",
            "module.aci.module.aci_vrf.aci_rest_managed.pimStaticRPEntryPol_fabric_rp",
            "module.aci.module.aci_vrf.aci_rest_managed.pimStaticRPEntryPol_static_rp",
            "module.aci.module.aci_vrf.aci_rest_managed.pimStaticRPPol",
            "module.aci.module.aci_vrf.aci_rest_managed.rtdmcRsFilterToRtMapPol_asm_sg_expiry",
            "module.aci.module.aci_vrf.aci_rest_managed.rtdmcRsFilterToRtMapPol_asm_shared",
            "module.aci.module.aci_vrf.aci_rest_managed.rtdmcRsFilterToRtMapPol_auto_rp",
            "module.aci.module.aci_vrf.aci_rest_managed.rtdmcRsFilterToRtMapPol_bsr",
            "module.aci.module.aci_vrf.aci_rest_managed.rtdmcRsFilterToRtMapPol_fabric_rp",
            "module.aci.module.aci_vrf.aci_rest_managed.rtdmcRsFilterToRtMapPol_pim_inter_vrf",
            "module.aci.module.aci_vrf.aci_rest_managed.rtdmcRsFilterToRtMapPol_ssm_range",
            "module.aci.module.aci_vrf.aci_rest_managed.rtdmcRsFilterToRtMapPol_static_rp",
            "module.aci.module.aci_vrf.aci_rest_managed.vzAny",
            "module.aci.module.aci_vrf.aci_rest_managed.vzRsAnyToCons",
            "module.aci.module.aci_vrf.aci_rest_managed.vzRsAnyToConsIf",
            "module.aci.module.aci_vrf.aci_rest_managed.vzRsAnyToProv"
          ]
        }
      ]
    },
    {
      "module": "module.aci.module.aci_external_endpoint_group[\"demo-05/demo-05.vrf-01-bgp-AS-65151/all-external-subnets\"]",
      "mode": "managed",
      "type": "aci_rest_managed",
      "name": "l3extSubnet",
      "provider": "provider[\"registry.terraform.io/ciscodevnet/aci\"]",
      "instances": [
        {
          "index_key": "0.0.0.0/0",
          "schema_version": 0,
          "attributes": {
            "annotation": "orchestrator:terraform",
            "child": [],
            "class_name": "l3extSubnet",
            "content": {
              "aggregate": "",
              "ip": "0.0.0.0/0",
              "name": "",
              "scope": "shared-rtctrl"
            },
            "dn": "uni/tn-demo-05/out-demo-05.vrf-01-bgp-AS-65151/instP-all-external-subnets/extsubnet-[0.0.0.0/0]",
            "id": "uni/tn-demo-05/out-demo-05.vrf-01-bgp-AS-65151/instP-all-external-subnets/extsubnet-[0.0.0.0/0]"
          },
          "sensitive_attributes": [],
          "dependencies": [
            "module.aci.data.utils_yaml_merge.defaults",
            "module.aci.data.utils_yaml_merge.model",
            "module.aci.data.utils_yaml_merge.modules",
            "module.aci.module.aci_bfd_interface_policy.aci_rest_managed.bfdIfPol",
            "module.aci.module.aci_bgp_timer_policy.aci_rest_managed.bgpCtxPol",
            "module.aci.module.aci_contract.aci_rest_managed.vzBrCP",
            "module.aci.module.aci_contract.aci_rest_managed.vzRsSubjFiltAtt",
            "module.aci.module.aci_contract.aci_rest_managed.vzRsSubjGraphAtt",
            "module.aci.module.aci_contract.aci_rest_managed.vzSubj",
            "module.aci.module.aci_eigrp_interface_policy.aci_rest_managed.eigrpIfPol",
            "module.aci.module.aci_external_endpoint_group.aci_rest_managed.l3extInstP",
            "module.aci.module.aci_filter.aci_rest_managed.vzEntry",
            "module.aci.module.aci_filter.aci_rest_managed.vzFilter",
            "module.aci.module.aci_imported_contract.aci_rest_managed.vzCPIf",
            "module.aci.module.aci_imported_contract.aci_rest_managed.vzRsIf",
            "module.aci.module.aci_l3out.aci_rest_managed.bgpExtP",
            "module.aci.module.aci_l3out.aci_rest_managed.eigrpExtP",
            "module.aci.module.aci_l3out.aci_rest_managed.l3extConsLbl",
            "module.aci.module.aci_l3out.aci_rest_managed.l3extDefaultRouteLeakP",
            "module.aci.module.aci_l3out.aci_rest_managed.l3extInstP_sr_mpls",
            "module.aci.module.aci_l3out.aci_rest_managed.l3extOut",
            "module.aci.module.aci_l3out.aci_rest_managed.l3extProvLbl",
            "module.aci.module.aci_l3out.aci_rest_managed.l3extRsDampeningPol_ipv4",
            "module.aci.module.aci_l3out.aci_rest_managed.l3extRsDampeningPol_ipv6",
            "module.aci.module.aci_l3out.aci_rest_managed.l3extRsEctx",
            "module.aci.module.aci_l3out.aci_rest_managed.l3extRsInterleakPol",
            "module.aci.module.aci_l3out.aci_rest_managed.l3extRsL3DomAtt",
            "module.aci.module.aci_l3out.aci_rest_managed.l3extRsLblToProfile_export",
            "module.aci.module.aci_l3out.aci_rest_managed.l3extRsLblToProfile_import",
            "module.aci.module.aci_l3out.aci_rest_managed.l3extRsRedistributePol",
            "module.aci.module.aci_l3out.aci_rest_managed.mplsExtP",
            "module.aci.module.aci_l3out.aci_rest_managed.mplsRsLabelPol",
            "module.aci.module.aci_l3out.aci_rest_managed.ospfExtP",
            "module.aci.module.aci_l3out.aci_rest_managed.pimExtP",
            "module.aci.module.aci_l3out.aci_rest_managed.rtctrlCtxP_export",
            "module.aci.module.aci_l3out.aci_rest_managed.rtctrlCtxP_import",
            "module.aci.module.aci_l3out.aci_rest_managed.rtctrlProfile_export",
            "module.aci.module.aci_l3out.aci_rest_managed.rtctrlProfile_import",
            "module.aci.module.aci_l3out.aci_rest_managed.rtctrlRsCtxPToSubjP_export",
            "module.aci.module.aci_l3out.aci_rest_managed.rtctrlRsCtxPToSubjP_import",
            "module.aci.module.aci_l3out.aci_rest_managed.rtctrlRsScopeToAttrP_export",
            "module.aci.module.aci_l3out.aci_rest_managed.rtctrlRsScopeToAttrP_import",
            "module.aci.module.aci_l3out.aci_rest_managed.rtctrlScope_export",
            "module.aci.module.aci_l3out.aci_rest_managed.rtctrlScope_import",
            "module.aci.module.aci_match_rule.aci_rest_managed.rtctrlMatchCommFactor",
            "module.aci.module.aci_match_rule.aci_rest_managed.rtctrlMatchCommRegexTerm",
            "module.aci.module.aci_match_rule.aci_rest_managed.rtctrlMatchCommTerm",
            "module.aci.module.aci_match_rule.aci_rest_managed.rtctrlMatchRtDest",
            "module.aci.module.aci_match_rule.aci_rest_managed.rtctrlSubjP",
            "module.aci.module.aci_ospf_interface_policy.aci_rest_managed.ospfIfPol",
            "module.aci.module.aci_set_rule.aci_rest_managed.rtctrlAttrP",
            "module.aci.module.aci_set_rule.aci_rest_managed.rtctrlRsSetPolicyTagToInstP",
            "module.aci.module.aci_set_rule.aci_rest_managed.rtctrlSetASPath",
            "module.aci.module.aci_set_rule.aci_rest_managed.rtctrlSetASPathASN",
            "module.aci.module.aci_set_rule.aci_rest_managed.rtctrlSetAddComm",
            "module.aci.module.aci_set_rule.aci_rest_managed.rtctrlSetComm",
            "module.aci.module.aci_set_rule.aci_rest_managed.rtctrlSetDamp",
            "module.aci.module.aci_set_rule.aci_rest_managed.rtctrlSetNh",
            "module.aci.module.aci_set_rule.aci_rest_managed.rtctrlSetNhUnchanged",
            "module.aci.module.aci_set_rule.aci_rest_managed.rtctrlSetPolicyTag",
            "module.aci.module.aci_set_rule.aci_rest_managed.rtctrlSetPref",
            "module.aci.module.aci_set_rule.aci_rest_managed.rtctrlSetRedistMultipath",
            "module.aci.module.aci_set_rule.aci_rest_managed.rtctrlSetRtMetric",
            "module.aci.module.aci_set_rule.aci_rest_managed.rtctrlSetRtMetricType",
            "module.aci.module.aci_set_rule.aci_rest_managed.rtctrlSetTag",
            "module.aci.module.aci_set_rule.aci_rest_managed.rtctrlSetWeight",
            "module.aci.module.aci_tenant.aci_rest_managed.aaaDomainRef",
            "module.aci.module.aci_tenant.aci_rest_managed.fvTenant",
            "module.aci.module.aci_vrf.aci_rest_managed.bgpRtTargetP_ipv4",
            "module.aci.module.aci_vrf.aci_rest_managed.bgpRtTargetP_ipv6",
            "module.aci.module.aci_vrf.aci_rest_managed.bgpRtTarget_ipv4_export",
            "module.aci.module.aci_vrf.aci_rest_managed.bgpRtTarget_ipv4_import",
            "module.aci.module.aci_vrf.aci_rest_managed.bgpRtTarget_ipv6_export",
            "module.aci.module.aci_vrf.aci_rest_managed.bgpRtTarget_ipv6_import",
            "module.aci.module.aci_vrf.aci_rest_managed.dnsLbl",
            "module.aci.module.aci_vrf.aci_rest_managed.fvCtx",
            "module.aci.module.aci_vrf.aci_rest_managed.fvRsBgpCtxPol",
            "module.aci.module.aci_vrf.aci_rest_managed.fvRsCtxToBgpCtxAfPol_ipv4",
            "module.aci.module.aci_vrf.aci_rest_managed.fvRsCtxToBgpCtxAfPol_ipv6",
            "module.aci.module.aci_vrf.aci_rest_managed.fvRsCtxToExtRouteTagPol",
            "module.aci.module.aci_vrf.aci_rest_managed.fvRsCtxToOspfCtxPol_ipv4",
            "module.aci.module.aci_vrf.aci_rest_managed.fvRsCtxToOspfCtxPol_ipv6",
            "module.aci.module.aci_vrf.aci_rest_managed.fvRsOspfCtxPol",
            "module.aci.module.aci_vrf.aci_rest_managed.igmpCtxP",
            "module.aci.module.aci_vrf.aci_rest_managed.igmpSSMXlateP",
            "module.aci.module.aci_vrf.aci_rest_managed.leakExternalPrefix",
            "module.aci.module.aci_vrf.aci_rest_managed.leakInternalSubnet",
            "module.aci.module.aci_vrf.aci_rest_managed.leakRoutes",
            "module.aci.module.aci_vrf.aci_rest_managed.leakTo_external",
            "module.aci.module.aci_vrf.aci_rest_managed.leakTo_internal",
            "module.aci.module.aci_vrf.aci_rest_managed.pimASMPatPol",
            "module.aci.module.aci_vrf.aci_rest_managed.pimAutoRPPol",
            "module.aci.module.aci_vrf.aci_rest_managed.pimBSRFilterPol",
            "module.aci.module.aci_vrf.aci_rest_managed.pimBSRPPol",
            "module.aci.module.aci_vrf.aci_rest_managed.pimCtxP",
            "module.aci.module.aci_vrf.aci_rest_managed.pimFabricRPPol",
            "module.aci.module.aci_vrf.aci_rest_managed.pimInterVRFEntryPol",
            "module.aci.module.aci_vrf.aci_rest_managed.pimInterVRFPol",
            "module.aci.module.aci_vrf.aci_rest_managed.pimMAFilterPol",
            "module.aci.module.aci_vrf.aci_rest_managed.pimRPGrpRangePol_fabric_rp",
            "module.aci.module.aci_vrf.aci_rest_managed.pimRPGrpRangePol_static_rp",
            "module.aci.module.aci_vrf.aci_rest_managed.pimRegTrPol",
            "module.aci.module.aci_vrf.aci_rest_managed.pimResPol",
            "module.aci.module.aci_vrf.aci_rest_managed.pimSGRangeExpPol",
            "module.aci.module.aci_vrf.aci_rest_managed.pimSSMPatPol",
            "module.aci.module.aci_vrf.aci_rest_managed.pimSSMRangePol",
            "module.aci.module.aci_vrf.aci_rest_managed.pimSharedRangePol",
            "module.aci.module.aci_vrf.aci_rest_managed.pimStaticRPEntryPol_fabric_rp",
            "module.aci.module.aci_vrf.aci_rest_managed.pimStaticRPEntryPol_static_rp",
            "module.aci.module.aci_vrf.aci_rest_managed.pimStaticRPPol",
            "module.aci.module.aci_vrf.aci_rest_managed.rtdmcRsFilterToRtMapPol_asm_sg_expiry",
            "module.aci.module.aci_vrf.aci_rest_managed.rtdmcRsFilterToRtMapPol_asm_shared",
            "module.aci.module.aci_vrf.aci_rest_managed.rtdmcRsFilterToRtMapPol_auto_rp",
            "module.aci.module.aci_vrf.aci_rest_managed.rtdmcRsFilterToRtMapPol_bsr",
            "module.aci.module.aci_vrf.aci_rest_managed.rtdmcRsFilterToRtMapPol_fabric_rp",
            "module.aci.module.aci_vrf.aci_rest_managed.rtdmcRsFilterToRtMapPol_pim_inter_vrf",
            "module.aci.module.aci_vrf.aci_rest_managed.rtdmcRsFilterToRtMapPol_ssm_range",
            "module.aci.module.aci_vrf.aci_rest_managed.rtdmcRsFilterToRtMapPol_static_rp",
            "module.aci.module.aci_vrf.aci_rest_managed.vzAny",
            "module.aci.module.aci_vrf.aci_rest_managed.vzRsAnyToCons",
            "module.aci.module.aci_vrf.aci_rest_managed.vzRsAnyToConsIf",
            "module.aci.module.aci_vrf.aci_rest_managed.vzRsAnyToProv"
          ]
        },
        {
          "index_key": "0.0.0.0/1",
          "schema_version": 0,
          "attributes": {
            "annotation": "orchestrator:terraform",
            "child": [],
            "class_name": "l3extSubnet",
            "content": {
              "aggregate": "",
              "ip": "0.0.0.0/1",
              "name": "",
              "scope": "import-security,shared-security"
            },
            "dn": "uni/tn-demo-05/out-demo-05.vrf-01-bgp-AS-65151/instP-all-external-subnets/extsubnet-[0.0.0.0/1]",
            "id": "uni/tn-demo-05/out-demo-05.vrf-01-bgp-AS-65151/instP-all-external-subnets/extsubnet-[0.0.0.0/1]"
          },
          "sensitive_attributes": [],
          "dependencies": [
            "module.aci.data.utils_yaml_merge.defaults",
            "module.aci.data.utils_yaml_merge.model",
            "module.aci.data.utils_yaml_merge.modules",
            "module.aci.module.aci_bfd_interface_policy.aci_rest_managed.bfdIfPol",
            "module.aci.module.aci_bgp_timer_policy.aci_rest_managed.bgpCtxPol",
            "module.aci.module.aci_contract.aci_rest_managed.vzBrCP",
            "module.aci.module.aci_contract.aci_rest_managed.vzRsSubjFiltAtt",
            "module.aci.module.aci_contract.aci_rest_managed.vzRsSubjGraphAtt",
            "module.aci.module.aci_contract.aci_rest_managed.vzSubj",
            "module.aci.module.aci_eigrp_interface_policy.aci_rest_managed.eigrpIfPol",
            "module.aci.module.aci_external_endpoint_group.aci_rest_managed.l3extInstP",
            "module.aci.module.aci_filter.aci_rest_managed.vzEntry",
            "module.aci.module.aci_filter.aci_rest_managed.vzFilter",
            "module.aci.module.aci_imported_contract.aci_rest_managed.vzCPIf",
            "module.aci.module.aci_imported_contract.aci_rest_managed.vzRsIf",
            "module.aci.module.aci_l3out.aci_rest_managed.bgpExtP",
            "module.aci.module.aci_l3out.aci_rest_managed.eigrpExtP",
            "module.aci.module.aci_l3out.aci_rest_managed.l3extConsLbl",
            "module.aci.module.aci_l3out.aci_rest_managed.l3extDefaultRouteLeakP",
            "module.aci.module.aci_l3out.aci_rest_managed.l3extInstP_sr_mpls",
            "module.aci.module.aci_l3out.aci_rest_managed.l3extOut",
            "module.aci.module.aci_l3out.aci_rest_managed.l3extProvLbl",
            "module.aci.module.aci_l3out.aci_rest_managed.l3extRsDampeningPol_ipv4",
            "module.aci.module.aci_l3out.aci_rest_managed.l3extRsDampeningPol_ipv6",
            "module.aci.module.aci_l3out.aci_rest_managed.l3extRsEctx",
            "module.aci.module.aci_l3out.aci_rest_managed.l3extRsInterleakPol",
            "module.aci.module.aci_l3out.aci_rest_managed.l3extRsL3DomAtt",
            "module.aci.module.aci_l3out.aci_rest_managed.l3extRsLblToProfile_export",
            "module.aci.module.aci_l3out.aci_rest_managed.l3extRsLblToProfile_import",
            "module.aci.module.aci_l3out.aci_rest_managed.l3extRsRedistributePol",
            "module.aci.module.aci_l3out.aci_rest_managed.mplsExtP",
            "module.aci.module.aci_l3out.aci_rest_managed.mplsRsLabelPol",
            "module.aci.module.aci_l3out.aci_rest_managed.ospfExtP",
            "module.aci.module.aci_l3out.aci_rest_managed.pimExtP",
            "module.aci.module.aci_l3out.aci_rest_managed.rtctrlCtxP_export",
            "module.aci.module.aci_l3out.aci_rest_managed.rtctrlCtxP_import",
            "module.aci.module.aci_l3out.aci_rest_managed.rtctrlProfile_export",
            "module.aci.module.aci_l3out.aci_rest_managed.rtctrlProfile_import",
            "module.aci.module.aci_l3out.aci_rest_managed.rtctrlRsCtxPToSubjP_export",
            "module.aci.module.aci_l3out.aci_rest_managed.rtctrlRsCtxPToSubjP_import",
            "module.aci.module.aci_l3out.aci_rest_managed.rtctrlRsScopeToAttrP_export",
            "module.aci.module.aci_l3out.aci_rest_managed.rtctrlRsScopeToAttrP_import",
            "module.aci.module.aci_l3out.aci_rest_managed.rtctrlScope_export",
            "module.aci.module.aci_l3out.aci_rest_managed.rtctrlScope_import",
            "module.aci.module.aci_match_rule.aci_rest_managed.rtctrlMatchCommFactor",
            "module.aci.module.aci_match_rule.aci_rest_managed.rtctrlMatchCommRegexTerm",
            "module.aci.module.aci_match_rule.aci_rest_managed.rtctrlMatchCommTerm",
            "module.aci.module.aci_match_rule.aci_rest_managed.rtctrlMatchRtDest",
            "module.aci.module.aci_match_rule.aci_rest_managed.rtctrlSubjP",
            "module.aci.module.aci_ospf_interface_policy.aci_rest_managed.ospfIfPol",
            "module.aci.module.aci_set_rule.aci_rest_managed.rtctrlAttrP",
            "module.aci.module.aci_set_rule.aci_rest_managed.rtctrlRsSetPolicyTagToInstP",
            "module.aci.module.aci_set_rule.aci_rest_managed.rtctrlSetASPath",
            "module.aci.module.aci_set_rule.aci_rest_managed.rtctrlSetASPathASN",
            "module.aci.module.aci_set_rule.aci_rest_managed.rtctrlSetAddComm",
            "module.aci.module.aci_set_rule.aci_rest_managed.rtctrlSetComm",
            "module.aci.module.aci_set_rule.aci_rest_managed.rtctrlSetDamp",
            "module.aci.module.aci_set_rule.aci_rest_managed.rtctrlSetNh",
            "module.aci.module.aci_set_rule.aci_rest_managed.rtctrlSetNhUnchanged",
            "module.aci.module.aci_set_rule.aci_rest_managed.rtctrlSetPolicyTag",
            "module.aci.module.aci_set_rule.aci_rest_managed.rtctrlSetPref",
            "module.aci.module.aci_set_rule.aci_rest_managed.rtctrlSetRedistMultipath",
            "module.aci.module.aci_set_rule.aci_rest_managed.rtctrlSetRtMetric",
            "module.aci.module.aci_set_rule.aci_rest_managed.rtctrlSetRtMetricType",
            "module.aci.module.aci_set_rule.aci_rest_managed.rtctrlSetTag",
            "module.aci.module.aci_set_rule.aci_rest_managed.rtctrlSetWeight",
            "module.aci.module.aci_tenant.aci_rest_managed.aaaDomainRef",
            "module.aci.module.aci_tenant.aci_rest_managed.fvTenant",
            "module.aci.module.aci_vrf.aci_rest_managed.bgpRtTargetP_ipv4",
            "module.aci.module.aci_vrf.aci_rest_managed.bgpRtTargetP_ipv6",
            "module.aci.module.aci_vrf.aci_rest_managed.bgpRtTarget_ipv4_export",
            "module.aci.module.aci_vrf.aci_rest_managed.bgpRtTarget_ipv4_import",
            "module.aci.module.aci_vrf.aci_rest_managed.bgpRtTarget_ipv6_export",
            "module.aci.module.aci_vrf.aci_rest_managed.bgpRtTarget_ipv6_import",
            "module.aci.module.aci_vrf.aci_rest_managed.dnsLbl",
            "module.aci.module.aci_vrf.aci_rest_managed.fvCtx",
            "module.aci.module.aci_vrf.aci_rest_managed.fvRsBgpCtxPol",
            "module.aci.module.aci_vrf.aci_rest_managed.fvRsCtxToBgpCtxAfPol_ipv4",
            "module.aci.module.aci_vrf.aci_rest_managed.fvRsCtxToBgpCtxAfPol_ipv6",
            "module.aci.module.aci_vrf.aci_rest_managed.fvRsCtxToExtRouteTagPol",
            "module.aci.module.aci_vrf.aci_rest_managed.fvRsCtxToOspfCtxPol_ipv4",
            "module.aci.module.aci_vrf.aci_rest_managed.fvRsCtxToOspfCtxPol_ipv6",
            "module.aci.module.aci_vrf.aci_rest_managed.fvRsOspfCtxPol",
            "module.aci.module.aci_vrf.aci_rest_managed.igmpCtxP",
            "module.aci.module.aci_vrf.aci_rest_managed.igmpSSMXlateP",
            "module.aci.module.aci_vrf.aci_rest_managed.leakExternalPrefix",
            "module.aci.module.aci_vrf.aci_rest_managed.leakInternalSubnet",
            "module.aci.module.aci_vrf.aci_rest_managed.leakRoutes",
            "module.aci.module.aci_vrf.aci_rest_managed.leakTo_external",
            "module.aci.module.aci_vrf.aci_rest_managed.leakTo_internal",
            "module.aci.module.aci_vrf.aci_rest_managed.pimASMPatPol",
            "module.aci.module.aci_vrf.aci_rest_managed.pimAutoRPPol",
            "module.aci.module.aci_vrf.aci_rest_managed.pimBSRFilterPol",
            "module.aci.module.aci_vrf.aci_rest_managed.pimBSRPPol",
            "module.aci.module.aci_vrf.aci_rest_managed.pimCtxP",
            "module.aci.module.aci_vrf.aci_rest_managed.pimFabricRPPol",
            "module.aci.module.aci_vrf.aci_rest_managed.pimInterVRFEntryPol",
            "module.aci.module.aci_vrf.aci_rest_managed.pimInterVRFPol",
            "module.aci.module.aci_vrf.aci_rest_managed.pimMAFilterPol",
            "module.aci.module.aci_vrf.aci_rest_managed.pimRPGrpRangePol_fabric_rp",
            "module.aci.module.aci_vrf.aci_rest_managed.pimRPGrpRangePol_static_rp",
            "module.aci.module.aci_vrf.aci_rest_managed.pimRegTrPol",
            "module.aci.module.aci_vrf.aci_rest_managed.pimResPol",
            "module.aci.module.aci_vrf.aci_rest_managed.pimSGRangeExpPol",
            "module.aci.module.aci_vrf.aci_rest_managed.pimSSMPatPol",
            "module.aci.module.aci_vrf.aci_rest_managed.pimSSMRangePol",
            "module.aci.module.aci_vrf.aci_rest_managed.pimSharedRangePol",
            "module.aci.module.aci_vrf.aci_rest_managed.pimStaticRPEntryPol_fabric_rp",
            "module.aci.module.aci_vrf.aci_rest_managed.pimStaticRPEntryPol_static_rp",
            "module.aci.module.aci_vrf.aci_rest_managed.pimStaticRPPol",
            "module.aci.module.aci_vrf.aci_rest_managed.rtdmcRsFilterToRtMapPol_asm_sg_expiry",
            "module.aci.module.aci_vrf.aci_rest_managed.rtdmcRsFilterToRtMapPol_asm_shared",
            "module.aci.module.aci_vrf.aci_rest_managed.rtdmcRsFilterToRtMapPol_auto_rp",
            "module.aci.module.aci_vrf.aci_rest_managed.rtdmcRsFilterToRtMapPol_bsr",
            "module.aci.module.aci_vrf.aci_rest_managed.rtdmcRsFilterToRtMapPol_fabric_rp",
            "module.aci.module.aci_vrf.aci_rest_managed.rtdmcRsFilterToRtMapPol_pim_inter_vrf",
            "module.aci.module.aci_vrf.aci_rest_managed.rtdmcRsFilterToRtMapPol_ssm_range",
            "module.aci.module.aci_vrf.aci_rest_managed.rtdmcRsFilterToRtMapPol_static_rp",
            "module.aci.module.aci_vrf.aci_rest_managed.vzAny",
            "module.aci.module.aci_vrf.aci_rest_managed.vzRsAnyToCons",
            "module.aci.module.aci_vrf.aci_rest_managed.vzRsAnyToConsIf",
            "module.aci.module.aci_vrf.aci_rest_managed.vzRsAnyToProv"
          ]
        },
        {
          "index_key": "128.0.0.0/1",
          "schema_version": 0,
          "attributes": {
            "annotation": "orchestrator:terraform",
            "child": [],
            "class_name": "l3extSubnet",
            "content": {
              "aggregate": "",
              "ip": "128.0.0.0/1",
              "name": "",
              "scope": "import-security,shared-security"
            },
            "dn": "uni/tn-demo-05/out-demo-05.vrf-01-bgp-AS-65151/instP-all-external-subnets/extsubnet-[128.0.0.0/1]",
            "id": "uni/tn-demo-05/out-demo-05.vrf-01-bgp-AS-65151/instP-all-external-subnets/extsubnet-[128.0.0.0/1]"
          },
          "sensitive_attributes": [],
          "dependencies": [
            "module.aci.data.utils_yaml_merge.defaults",
            "module.aci.data.utils_yaml_merge.model",
            "module.aci.data.utils_yaml_merge.modules",
            "module.aci.module.aci_bfd_interface_policy.aci_rest_managed.bfdIfPol",
            "module.aci.module.aci_bgp_timer_policy.aci_rest_managed.bgpCtxPol",
            "module.aci.module.aci_contract.aci_rest_managed.vzBrCP",
            "module.aci.module.aci_contract.aci_rest_managed.vzRsSubjFiltAtt",
            "module.aci.module.aci_contract.aci_rest_managed.vzRsSubjGraphAtt",
            "module.aci.module.aci_contract.aci_rest_managed.vzSubj",
            "module.aci.module.aci_eigrp_interface_policy.aci_rest_managed.eigrpIfPol",
            "module.aci.module.aci_external_endpoint_group.aci_rest_managed.l3extInstP",
            "module.aci.module.aci_filter.aci_rest_managed.vzEntry",
            "module.aci.module.aci_filter.aci_rest_managed.vzFilter",
            "module.aci.module.aci_imported_contract.aci_rest_managed.vzCPIf",
            "module.aci.module.aci_imported_contract.aci_rest_managed.vzRsIf",
            "module.aci.module.aci_l3out.aci_rest_managed.bgpExtP",
            "module.aci.module.aci_l3out.aci_rest_managed.eigrpExtP",
            "module.aci.module.aci_l3out.aci_rest_managed.l3extConsLbl",
            "module.aci.module.aci_l3out.aci_rest_managed.l3extDefaultRouteLeakP",
            "module.aci.module.aci_l3out.aci_rest_managed.l3extInstP_sr_mpls",
            "module.aci.module.aci_l3out.aci_rest_managed.l3extOut",
            "module.aci.module.aci_l3out.aci_rest_managed.l3extProvLbl",
            "module.aci.module.aci_l3out.aci_rest_managed.l3extRsDampeningPol_ipv4",
            "module.aci.module.aci_l3out.aci_rest_managed.l3extRsDampeningPol_ipv6",
            "module.aci.module.aci_l3out.aci_rest_managed.l3extRsEctx",
            "module.aci.module.aci_l3out.aci_rest_managed.l3extRsInterleakPol",
            "module.aci.module.aci_l3out.aci_rest_managed.l3extRsL3DomAtt",
            "module.aci.module.aci_l3out.aci_rest_managed.l3extRsLblToProfile_export",
            "module.aci.module.aci_l3out.aci_rest_managed.l3extRsLblToProfile_import",
            "module.aci.module.aci_l3out.aci_rest_managed.l3extRsRedistributePol",
            "module.aci.module.aci_l3out.aci_rest_managed.mplsExtP",
            "module.aci.module.aci_l3out.aci_rest_managed.mplsRsLabelPol",
            "module.aci.module.aci_l3out.aci_rest_managed.ospfExtP",
            "module.aci.module.aci_l3out.aci_rest_managed.pimExtP",
            "module.aci.module.aci_l3out.aci_rest_managed.rtctrlCtxP_export",
            "module.aci.module.aci_l3out.aci_rest_managed.rtctrlCtxP_import",
            "module.aci.module.aci_l3out.aci_rest_managed.rtctrlProfile_export",
            "module.aci.module.aci_l3out.aci_rest_managed.rtctrlProfile_import",
            "module.aci.module.aci_l3out.aci_rest_managed.rtctrlRsCtxPToSubjP_export",
            "module.aci.module.aci_l3out.aci_rest_managed.rtctrlRsCtxPToSubjP_import",
            "module.aci.module.aci_l3out.aci_rest_managed.rtctrlRsScopeToAttrP_export",
            "module.aci.module.aci_l3out.aci_rest_managed.rtctrlRsScopeToAttrP_import",
            "module.aci.module.aci_l3out.aci_rest_managed.rtctrlScope_export",
            "module.aci.module.aci_l3out.aci_rest_managed.rtctrlScope_import",
            "module.aci.module.aci_match_rule.aci_rest_managed.rtctrlMatchCommFactor",
            "module.aci.module.aci_match_rule.aci_rest_managed.rtctrlMatchCommRegexTerm",
            "module.aci.module.aci_match_rule.aci_rest_managed.rtctrlMatchCommTerm",
            "module.aci.module.aci_match_rule.aci_rest_managed.rtctrlMatchRtDest",
            "module.aci.module.aci_match_rule.aci_rest_managed.rtctrlSubjP",
            "module.aci.module.aci_ospf_interface_policy.aci_rest_managed.ospfIfPol",
            "module.aci.module.aci_set_rule.aci_rest_managed.rtctrlAttrP",
            "module.aci.module.aci_set_rule.aci_rest_managed.rtctrlRsSetPolicyTagToInstP",
            "module.aci.module.aci_set_rule.aci_rest_managed.rtctrlSetASPath",
            "module.aci.module.aci_set_rule.aci_rest_managed.rtctrlSetASPathASN",
            "module.aci.module.aci_set_rule.aci_rest_managed.rtctrlSetAddComm",
            "module.aci.module.aci_set_rule.aci_rest_managed.rtctrlSetComm",
            "module.aci.module.aci_set_rule.aci_rest_managed.rtctrlSetDamp",
            "module.aci.module.aci_set_rule.aci_rest_managed.rtctrlSetNh",
            "module.aci.module.aci_set_rule.aci_rest_managed.rtctrlSetNhUnchanged",
            "module.aci.module.aci_set_rule.aci_rest_managed.rtctrlSetPolicyTag",
            "module.aci.module.aci_set_rule.aci_rest_managed.rtctrlSetPref",
            "module.aci.module.aci_set_rule.aci_rest_managed.rtctrlSetRedistMultipath",
            "module.aci.module.aci_set_rule.aci_rest_managed.rtctrlSetRtMetric",
            "module.aci.module.aci_set_rule.aci_rest_managed.rtctrlSetRtMetricType",
            "module.aci.module.aci_set_rule.aci_rest_managed.rtctrlSetTag",
            "module.aci.module.aci_set_rule.aci_rest_managed.rtctrlSetWeight",
            "module.aci.module.aci_tenant.aci_rest_managed.aaaDomainRef",
            "module.aci.module.aci_tenant.aci_rest_managed.fvTenant",
            "module.aci.module.aci_vrf.aci_rest_managed.bgpRtTargetP_ipv4",
            "module.aci.module.aci_vrf.aci_rest_managed.bgpRtTargetP_ipv6",
            "module.aci.module.aci_vrf.aci_rest_managed.bgpRtTarget_ipv4_export",
            "module.aci.module.aci_vrf.aci_rest_managed.bgpRtTarget_ipv4_import",
            "module.aci.module.aci_vrf.aci_rest_managed.bgpRtTarget_ipv6_export",
            "module.aci.module.aci_vrf.aci_rest_managed.bgpRtTarget_ipv6_import",
            "module.aci.module.aci_vrf.aci_rest_managed.dnsLbl",
            "module.aci.module.aci_vrf.aci_rest_managed.fvCtx",
            "module.aci.module.aci_vrf.aci_rest_managed.fvRsBgpCtxPol",
            "module.aci.module.aci_vrf.aci_rest_managed.fvRsCtxToBgpCtxAfPol_ipv4",
            "module.aci.module.aci_vrf.aci_rest_managed.fvRsCtxToBgpCtxAfPol_ipv6",
            "module.aci.module.aci_vrf.aci_rest_managed.fvRsCtxToExtRouteTagPol",
            "module.aci.module.aci_vrf.aci_rest_managed.fvRsCtxToOspfCtxPol_ipv4",
            "module.aci.module.aci_vrf.aci_rest_managed.fvRsCtxToOspfCtxPol_ipv6",
            "module.aci.module.aci_vrf.aci_rest_managed.fvRsOspfCtxPol",
            "module.aci.module.aci_vrf.aci_rest_managed.igmpCtxP",
            "module.aci.module.aci_vrf.aci_rest_managed.igmpSSMXlateP",
            "module.aci.module.aci_vrf.aci_rest_managed.leakExternalPrefix",
            "module.aci.module.aci_vrf.aci_rest_managed.leakInternalSubnet",
            "module.aci.module.aci_vrf.aci_rest_managed.leakRoutes",
            "module.aci.module.aci_vrf.aci_rest_managed.leakTo_external",
            "module.aci.module.aci_vrf.aci_rest_managed.leakTo_internal",
            "module.aci.module.aci_vrf.aci_rest_managed.pimASMPatPol",
            "module.aci.module.aci_vrf.aci_rest_managed.pimAutoRPPol",
            "module.aci.module.aci_vrf.aci_rest_managed.pimBSRFilterPol",
            "module.aci.module.aci_vrf.aci_rest_managed.pimBSRPPol",
            "module.aci.module.aci_vrf.aci_rest_managed.pimCtxP",
            "module.aci.module.aci_vrf.aci_rest_managed.pimFabricRPPol",
            "module.aci.module.aci_vrf.aci_rest_managed.pimInterVRFEntryPol",
            "module.aci.module.aci_vrf.aci_rest_managed.pimInterVRFPol",
            "module.aci.module.aci_vrf.aci_rest_managed.pimMAFilterPol",
            "module.aci.module.aci_vrf.aci_rest_managed.pimRPGrpRangePol_fabric_rp",
            "module.aci.module.aci_vrf.aci_rest_managed.pimRPGrpRangePol_static_rp",
            "module.aci.module.aci_vrf.aci_rest_managed.pimRegTrPol",
            "module.aci.module.aci_vrf.aci_rest_managed.pimResPol",
            "module.aci.module.aci_vrf.aci_rest_managed.pimSGRangeExpPol",
            "module.aci.module.aci_vrf.aci_rest_managed.pimSSMPatPol",
            "module.aci.module.aci_vrf.aci_rest_managed.pimSSMRangePol",
            "module.aci.module.aci_vrf.aci_rest_managed.pimSharedRangePol",
            "module.aci.module.aci_vrf.aci_rest_managed.pimStaticRPEntryPol_fabric_rp",
            "module.aci.module.aci_vrf.aci_rest_managed.pimStaticRPEntryPol_static_rp",
            "module.aci.module.aci_vrf.aci_rest_managed.pimStaticRPPol",
            "module.aci.module.aci_vrf.aci_rest_managed.rtdmcRsFilterToRtMapPol_asm_sg_expiry",
            "module.aci.module.aci_vrf.aci_rest_managed.rtdmcRsFilterToRtMapPol_asm_shared",
            "module.aci.module.aci_vrf.aci_rest_managed.rtdmcRsFilterToRtMapPol_auto_rp",
            "module.aci.module.aci_vrf.aci_rest_managed.rtdmcRsFilterToRtMapPol_bsr",
            "module.aci.module.aci_vrf.aci_rest_managed.rtdmcRsFilterToRtMapPol_fabric_rp",
            "module.aci.module.aci_vrf.aci_rest_managed.rtdmcRsFilterToRtMapPol_pim_inter_vrf",
            "module.aci.module.aci_vrf.aci_rest_managed.rtdmcRsFilterToRtMapPol_ssm_range",
            "module.aci.module.aci_vrf.aci_rest_managed.rtdmcRsFilterToRtMapPol_static_rp",
            "module.aci.module.aci_vrf.aci_rest_managed.vzAny",
            "module.aci.module.aci_vrf.aci_rest_managed.vzRsAnyToCons",
            "module.aci.module.aci_vrf.aci_rest_managed.vzRsAnyToConsIf",
            "module.aci.module.aci_vrf.aci_rest_managed.vzRsAnyToProv"
          ]
        }
      ]
    },
    {
      "module": "module.aci.module.aci_filter[\"demo-05/icmp\"]",
      "mode": "managed",
      "type": "aci_rest_managed",
      "name": "vzEntry",
      "provider": "provider[\"registry.terraform.io/ciscodevnet/aci\"]",
      "instances": [
        {
          "index_key": "icmp",
          "schema_version": 0,
          "attributes": {
            "annotation": "orchestrator:terraform",
            "child": [],
            "class_name": "vzEntry",
            "content": {
              "dFromPort": "unspecified",
              "dToPort": "unspecified",
              "descr": "",
              "etherT": "ip",
              "name": "icmp",
              "nameAlias": "",
              "prot": "icmp",
              "sFromPort": "unspecified",
              "sToPort": "unspecified",
              "stateful": "no"
            },
            "dn": "uni/tn-demo-05/flt-icmp/e-icmp",
            "id": "uni/tn-demo-05/flt-icmp/e-icmp"
          },
          "sensitive_attributes": [],
          "dependencies": [
            "module.aci.data.utils_yaml_merge.defaults",
            "module.aci.data.utils_yaml_merge.model",
            "module.aci.data.utils_yaml_merge.modules",
            "module.aci.module.aci_filter.aci_rest_managed.vzFilter",
            "module.aci.module.aci_tenant.aci_rest_managed.aaaDomainRef",
            "module.aci.module.aci_tenant.aci_rest_managed.fvTenant"
          ]
        }
      ]
    },
    {
      "module": "module.aci.module.aci_filter[\"demo-05/icmp\"]",
      "mode": "managed",
      "type": "aci_rest_managed",
      "name": "vzFilter",
      "provider": "provider[\"registry.terraform.io/ciscodevnet/aci\"]",
      "instances": [
        {
          "schema_version": 0,
          "attributes": {
            "annotation": "orchestrator:terraform",
            "child": [],
            "class_name": "vzFilter",
            "content": {
              "descr": "",
              "name": "icmp",
              "nameAlias": ""
            },
            "dn": "uni/tn-demo-05/flt-icmp",
            "id": "uni/tn-demo-05/flt-icmp"
          },
          "sensitive_attributes": [],
          "dependencies": [
            "module.aci.data.utils_yaml_merge.defaults",
            "module.aci.data.utils_yaml_merge.model",
            "module.aci.data.utils_yaml_merge.modules",
            "module.aci.module.aci_tenant.aci_rest_managed.aaaDomainRef",
            "module.aci.module.aci_tenant.aci_rest_managed.fvTenant"
          ]
        }
      ]
    },
    {
      "module": "module.aci.module.aci_filter[\"demo-05/permit-src-any-dst-any\"]",
      "mode": "managed",
      "type": "aci_rest_managed",
      "name": "vzEntry",
      "provider": "provider[\"registry.terraform.io/ciscodevnet/aci\"]",
      "instances": [
        {
          "index_key": "permit-src-any-dst-any",
          "schema_version": 0,
          "attributes": {
            "annotation": "orchestrator:terraform",
            "child": [],
            "class_name": "vzEntry",
            "content": {
              "dFromPort": "unspecified",
              "dToPort": "unspecified",
              "descr": "",
              "etherT": "unspecified",
              "name": "permit-src-any-dst-any",
              "nameAlias": "",
              "prot": null,
              "sFromPort": "unspecified",
              "sToPort": "unspecified",
              "stateful": "no"
            },
            "dn": "uni/tn-demo-05/flt-permit-src-any-dst-any/e-permit-src-any-dst-any",
            "id": "uni/tn-demo-05/flt-permit-src-any-dst-any/e-permit-src-any-dst-any"
          },
          "sensitive_attributes": [],
          "dependencies": [
            "module.aci.data.utils_yaml_merge.defaults",
            "module.aci.data.utils_yaml_merge.model",
            "module.aci.data.utils_yaml_merge.modules",
            "module.aci.module.aci_filter.aci_rest_managed.vzFilter",
            "module.aci.module.aci_tenant.aci_rest_managed.aaaDomainRef",
            "module.aci.module.aci_tenant.aci_rest_managed.fvTenant"
          ]
        }
      ]
    },
    {
      "module": "module.aci.module.aci_filter[\"demo-05/permit-src-any-dst-any\"]",
      "mode": "managed",
      "type": "aci_rest_managed",
      "name": "vzFilter",
      "provider": "provider[\"registry.terraform.io/ciscodevnet/aci\"]",
      "instances": [
        {
          "schema_version": 0,
          "attributes": {
            "annotation": "orchestrator:terraform",
            "child": [],
            "class_name": "vzFilter",
            "content": {
              "descr": "",
              "name": "permit-src-any-dst-any",
              "nameAlias": ""
            },
            "dn": "uni/tn-demo-05/flt-permit-src-any-dst-any",
            "id": "uni/tn-demo-05/flt-permit-src-any-dst-any"
          },
          "sensitive_attributes": [],
          "dependencies": [
            "module.aci.data.utils_yaml_merge.defaults",
            "module.aci.data.utils_yaml_merge.model",
            "module.aci.data.utils_yaml_merge.modules",
            "module.aci.module.aci_tenant.aci_rest_managed.aaaDomainRef",
            "module.aci.module.aci_tenant.aci_rest_managed.fvTenant"
          ]
        }
      ]
    },
    {
      "module": "module.aci.module.aci_imported_contract[\"demo-05/permit-from-core-services\"]",
      "mode": "managed",
      "type": "aci_rest_managed",
      "name": "vzCPIf",
      "provider": "provider[\"registry.terraform.io/ciscodevnet/aci\"]",
      "instances": [
        {
          "schema_version": 0,
          "attributes": {
            "annotation": "orchestrator:terraform",
            "child": [],
            "class_name": "vzCPIf",
            "content": {
              "name": "permit-from-core-services"
            },
            "dn": "uni/tn-demo-05/cif-permit-from-core-services",
            "id": "uni/tn-demo-05/cif-permit-from-core-services"
          },
          "sensitive_attributes": [],
          "dependencies": [
            "module.aci.data.utils_yaml_merge.defaults",
            "module.aci.data.utils_yaml_merge.model",
            "module.aci.data.utils_yaml_merge.modules",
            "module.aci.module.aci_tenant.aci_rest_managed.aaaDomainRef",
            "module.aci.module.aci_tenant.aci_rest_managed.fvTenant"
          ]
        }
      ]
    },
    {
      "module": "module.aci.module.aci_imported_contract[\"demo-05/permit-from-core-services\"]",
      "mode": "managed",
      "type": "aci_rest_managed",
      "name": "vzRsIf",
      "provider": "provider[\"registry.terraform.io/ciscodevnet/aci\"]",
      "instances": [
        {
          "schema_version": 0,
          "attributes": {
            "annotation": "orchestrator:terraform",
            "child": [],
            "class_name": "vzRsIf",
            "content": {
              "tDn": "uni/tn-shared-services/brc-permit-from-core-services"
            },
            "dn": "uni/tn-demo-05/cif-permit-from-core-services/rsif",
            "id": "uni/tn-demo-05/cif-permit-from-core-services/rsif"
          },
          "sensitive_attributes": [],
          "dependencies": [
            "module.aci.data.utils_yaml_merge.defaults",
            "module.aci.data.utils_yaml_merge.model",
            "module.aci.data.utils_yaml_merge.modules",
            "module.aci.module.aci_imported_contract.aci_rest_managed.vzCPIf",
            "module.aci.module.aci_tenant.aci_rest_managed.aaaDomainRef",
            "module.aci.module.aci_tenant.aci_rest_managed.fvTenant"
          ]
        }
      ]
    },
    {
      "module": "module.aci.module.aci_imported_contract[\"demo-05/permit-from-lab-desktops\"]",
      "mode": "managed",
      "type": "aci_rest_managed",
      "name": "vzCPIf",
      "provider": "provider[\"registry.terraform.io/ciscodevnet/aci\"]",
      "instances": [
        {
          "schema_version": 0,
          "attributes": {
            "annotation": "orchestrator:terraform",
            "child": [],
            "class_name": "vzCPIf",
            "content": {
              "name": "permit-from-lab-desktops"
            },
            "dn": "uni/tn-demo-05/cif-permit-from-lab-desktops",
            "id": "uni/tn-demo-05/cif-permit-from-lab-desktops"
          },
          "sensitive_attributes": [],
          "dependencies": [
            "module.aci.data.utils_yaml_merge.defaults",
            "module.aci.data.utils_yaml_merge.model",
            "module.aci.data.utils_yaml_merge.modules",
            "module.aci.module.aci_tenant.aci_rest_managed.aaaDomainRef",
            "module.aci.module.aci_tenant.aci_rest_managed.fvTenant"
          ]
        }
      ]
    },
    {
      "module": "module.aci.module.aci_imported_contract[\"demo-05/permit-from-lab-desktops\"]",
      "mode": "managed",
      "type": "aci_rest_managed",
      "name": "vzRsIf",
      "provider": "provider[\"registry.terraform.io/ciscodevnet/aci\"]",
      "instances": [
        {
          "schema_version": 0,
          "attributes": {
            "annotation": "orchestrator:terraform",
            "child": [],
            "class_name": "vzRsIf",
            "content": {
              "tDn": "uni/tn-shared-services/brc-permit-from-lab-desktops"
            },
            "dn": "uni/tn-demo-05/cif-permit-from-lab-desktops/rsif",
            "id": "uni/tn-demo-05/cif-permit-from-lab-desktops/rsif"
          },
          "sensitive_attributes": [],
          "dependencies": [
            "module.aci.data.utils_yaml_merge.defaults",
            "module.aci.data.utils_yaml_merge.model",
            "module.aci.data.utils_yaml_merge.modules",
            "module.aci.module.aci_imported_contract.aci_rest_managed.vzCPIf",
            "module.aci.module.aci_tenant.aci_rest_managed.aaaDomainRef",
            "module.aci.module.aci_tenant.aci_rest_managed.fvTenant"
          ]
        }
      ]
    },
    {
      "module": "module.aci.module.aci_imported_contract[\"demo-05/permit-to-core-services\"]",
      "mode": "managed",
      "type": "aci_rest_managed",
      "name": "vzCPIf",
      "provider": "provider[\"registry.terraform.io/ciscodevnet/aci\"]",
      "instances": [
        {
          "schema_version": 0,
          "attributes": {
            "annotation": "orchestrator:terraform",
            "child": [],
            "class_name": "vzCPIf",
            "content": {
              "name": "permit-to-core-services"
            },
            "dn": "uni/tn-demo-05/cif-permit-to-core-services",
            "id": "uni/tn-demo-05/cif-permit-to-core-services"
          },
          "sensitive_attributes": [],
          "dependencies": [
            "module.aci.data.utils_yaml_merge.defaults",
            "module.aci.data.utils_yaml_merge.model",
            "module.aci.data.utils_yaml_merge.modules",
            "module.aci.module.aci_tenant.aci_rest_managed.aaaDomainRef",
            "module.aci.module.aci_tenant.aci_rest_managed.fvTenant"
          ]
        }
      ]
    },
    {
      "module": "module.aci.module.aci_imported_contract[\"demo-05/permit-to-core-services\"]",
      "mode": "managed",
      "type": "aci_rest_managed",
      "name": "vzRsIf",
      "provider": "provider[\"registry.terraform.io/ciscodevnet/aci\"]",
      "instances": [
        {
          "schema_version": 0,
          "attributes": {
            "annotation": "orchestrator:terraform",
            "child": [],
            "class_name": "vzRsIf",
            "content": {
              "tDn": "uni/tn-shared-services/brc-permit-to-core-services"
            },
            "dn": "uni/tn-demo-05/cif-permit-to-core-services/rsif",
            "id": "uni/tn-demo-05/cif-permit-to-core-services/rsif"
          },
          "sensitive_attributes": [],
          "dependencies": [
            "module.aci.data.utils_yaml_merge.defaults",
            "module.aci.data.utils_yaml_merge.model",
            "module.aci.data.utils_yaml_merge.modules",
            "module.aci.module.aci_imported_contract.aci_rest_managed.vzCPIf",
            "module.aci.module.aci_tenant.aci_rest_managed.aaaDomainRef",
            "module.aci.module.aci_tenant.aci_rest_managed.fvTenant"
          ]
        }
      ]
    },
    {
      "module": "module.aci.module.aci_l3out[\"demo-05/demo-05.vrf-01-bgp-AS-65151\"]",
      "mode": "managed",
      "type": "aci_rest_managed",
      "name": "bgpExtP",
      "provider": "provider[\"registry.terraform.io/ciscodevnet/aci\"]",
      "instances": [
        {
          "index_key": 0,
          "schema_version": 0,
          "attributes": {
            "annotation": "orchestrator:terraform",
            "child": [],
            "class_name": "bgpExtP",
            "content": null,
            "dn": "uni/tn-demo-05/out-demo-05.vrf-01-bgp-AS-65151/bgpExtP",
            "id": "uni/tn-demo-05/out-demo-05.vrf-01-bgp-AS-65151/bgpExtP"
          },
          "sensitive_attributes": [],
          "dependencies": [
            "module.aci.data.utils_yaml_merge.defaults",
            "module.aci.data.utils_yaml_merge.model",
            "module.aci.data.utils_yaml_merge.modules",
            "module.aci.module.aci_bfd_interface_policy.aci_rest_managed.bfdIfPol",
            "module.aci.module.aci_bgp_timer_policy.aci_rest_managed.bgpCtxPol",
            "module.aci.module.aci_contract.aci_rest_managed.vzBrCP",
            "module.aci.module.aci_contract.aci_rest_managed.vzRsSubjFiltAtt",
            "module.aci.module.aci_contract.aci_rest_managed.vzRsSubjGraphAtt",
            "module.aci.module.aci_contract.aci_rest_managed.vzSubj",
            "module.aci.module.aci_eigrp_interface_policy.aci_rest_managed.eigrpIfPol",
            "module.aci.module.aci_filter.aci_rest_managed.vzEntry",
            "module.aci.module.aci_filter.aci_rest_managed.vzFilter",
            "module.aci.module.aci_imported_contract.aci_rest_managed.vzCPIf",
            "module.aci.module.aci_imported_contract.aci_rest_managed.vzRsIf",
            "module.aci.module.aci_l3out.aci_rest_managed.l3extOut",
            "module.aci.module.aci_match_rule.aci_rest_managed.rtctrlMatchCommFactor",
            "module.aci.module.aci_match_rule.aci_rest_managed.rtctrlMatchCommRegexTerm",
            "module.aci.module.aci_match_rule.aci_rest_managed.rtctrlMatchCommTerm",
            "module.aci.module.aci_match_rule.aci_rest_managed.rtctrlMatchRtDest",
            "module.aci.module.aci_match_rule.aci_rest_managed.rtctrlSubjP",
            "module.aci.module.aci_ospf_interface_policy.aci_rest_managed.ospfIfPol",
            "module.aci.module.aci_set_rule.aci_rest_managed.rtctrlAttrP",
            "module.aci.module.aci_set_rule.aci_rest_managed.rtctrlRsSetPolicyTagToInstP",
            "module.aci.module.aci_set_rule.aci_rest_managed.rtctrlSetASPath",
            "module.aci.module.aci_set_rule.aci_rest_managed.rtctrlSetASPathASN",
            "module.aci.module.aci_set_rule.aci_rest_managed.rtctrlSetAddComm",
            "module.aci.module.aci_set_rule.aci_rest_managed.rtctrlSetComm",
            "module.aci.module.aci_set_rule.aci_rest_managed.rtctrlSetDamp",
            "module.aci.module.aci_set_rule.aci_rest_managed.rtctrlSetNh",
            "module.aci.module.aci_set_rule.aci_rest_managed.rtctrlSetNhUnchanged",
            "module.aci.module.aci_set_rule.aci_rest_managed.rtctrlSetPolicyTag",
            "module.aci.module.aci_set_rule.aci_rest_managed.rtctrlSetPref",
            "module.aci.module.aci_set_rule.aci_rest_managed.rtctrlSetRedistMultipath",
            "module.aci.module.aci_set_rule.aci_rest_managed.rtctrlSetRtMetric",
            "module.aci.module.aci_set_rule.aci_rest_managed.rtctrlSetRtMetricType",
            "module.aci.module.aci_set_rule.aci_rest_managed.rtctrlSetTag",
            "module.aci.module.aci_set_rule.aci_rest_managed.rtctrlSetWeight",
            "module.aci.module.aci_tenant.aci_rest_managed.aaaDomainRef",
            "module.aci.module.aci_tenant.aci_rest_managed.fvTenant",
            "module.aci.module.aci_vrf.aci_rest_managed.bgpRtTargetP_ipv4",
            "module.aci.module.aci_vrf.aci_rest_managed.bgpRtTargetP_ipv6",
            "module.aci.module.aci_vrf.aci_rest_managed.bgpRtTarget_ipv4_export",
            "module.aci.module.aci_vrf.aci_rest_managed.bgpRtTarget_ipv4_import",
            "module.aci.module.aci_vrf.aci_rest_managed.bgpRtTarget_ipv6_export",
            "module.aci.module.aci_vrf.aci_rest_managed.bgpRtTarget_ipv6_import",
            "module.aci.module.aci_vrf.aci_rest_managed.dnsLbl",
            "module.aci.module.aci_vrf.aci_rest_managed.fvCtx",
            "module.aci.module.aci_vrf.aci_rest_managed.fvRsBgpCtxPol",
            "module.aci.module.aci_vrf.aci_rest_managed.fvRsCtxToBgpCtxAfPol_ipv4",
            "module.aci.module.aci_vrf.aci_rest_managed.fvRsCtxToBgpCtxAfPol_ipv6",
            "module.aci.module.aci_vrf.aci_rest_managed.fvRsCtxToExtRouteTagPol",
            "module.aci.module.aci_vrf.aci_rest_managed.fvRsCtxToOspfCtxPol_ipv4",
            "module.aci.module.aci_vrf.aci_rest_managed.fvRsCtxToOspfCtxPol_ipv6",
            "module.aci.module.aci_vrf.aci_rest_managed.fvRsOspfCtxPol",
            "module.aci.module.aci_vrf.aci_rest_managed.igmpCtxP",
            "module.aci.module.aci_vrf.aci_rest_managed.igmpSSMXlateP",
            "module.aci.module.aci_vrf.aci_rest_managed.leakExternalPrefix",
            "module.aci.module.aci_vrf.aci_rest_managed.leakInternalSubnet",
            "module.aci.module.aci_vrf.aci_rest_managed.leakRoutes",
            "module.aci.module.aci_vrf.aci_rest_managed.leakTo_external",
            "module.aci.module.aci_vrf.aci_rest_managed.leakTo_internal",
            "module.aci.module.aci_vrf.aci_rest_managed.pimASMPatPol",
            "module.aci.module.aci_vrf.aci_rest_managed.pimAutoRPPol",
            "module.aci.module.aci_vrf.aci_rest_managed.pimBSRFilterPol",
            "module.aci.module.aci_vrf.aci_rest_managed.pimBSRPPol",
            "module.aci.module.aci_vrf.aci_rest_managed.pimCtxP",
            "module.aci.module.aci_vrf.aci_rest_managed.pimFabricRPPol",
            "module.aci.module.aci_vrf.aci_rest_managed.pimInterVRFEntryPol",
            "module.aci.module.aci_vrf.aci_rest_managed.pimInterVRFPol",
            "module.aci.module.aci_vrf.aci_rest_managed.pimMAFilterPol",
            "module.aci.module.aci_vrf.aci_rest_managed.pimRPGrpRangePol_fabric_rp",
            "module.aci.module.aci_vrf.aci_rest_managed.pimRPGrpRangePol_static_rp",
            "module.aci.module.aci_vrf.aci_rest_managed.pimRegTrPol",
            "module.aci.module.aci_vrf.aci_rest_managed.pimResPol",
            "module.aci.module.aci_vrf.aci_rest_managed.pimSGRangeExpPol",
            "module.aci.module.aci_vrf.aci_rest_managed.pimSSMPatPol",
            "module.aci.module.aci_vrf.aci_rest_managed.pimSSMRangePol",
            "module.aci.module.aci_vrf.aci_rest_managed.pimSharedRangePol",
            "module.aci.module.aci_vrf.aci_rest_managed.pimStaticRPEntryPol_fabric_rp",
            "module.aci.module.aci_vrf.aci_rest_managed.pimStaticRPEntryPol_static_rp",
            "module.aci.module.aci_vrf.aci_rest_managed.pimStaticRPPol",
            "module.aci.module.aci_vrf.aci_rest_managed.rtdmcRsFilterToRtMapPol_asm_sg_expiry",
            "module.aci.module.aci_vrf.aci_rest_managed.rtdmcRsFilterToRtMapPol_asm_shared",
            "module.aci.module.aci_vrf.aci_rest_managed.rtdmcRsFilterToRtMapPol_auto_rp",
            "module.aci.module.aci_vrf.aci_rest_managed.rtdmcRsFilterToRtMapPol_bsr",
            "module.aci.module.aci_vrf.aci_rest_managed.rtdmcRsFilterToRtMapPol_fabric_rp",
            "module.aci.module.aci_vrf.aci_rest_managed.rtdmcRsFilterToRtMapPol_pim_inter_vrf",
            "module.aci.module.aci_vrf.aci_rest_managed.rtdmcRsFilterToRtMapPol_ssm_range",
            "module.aci.module.aci_vrf.aci_rest_managed.rtdmcRsFilterToRtMapPol_static_rp",
            "module.aci.module.aci_vrf.aci_rest_managed.vzAny",
            "module.aci.module.aci_vrf.aci_rest_managed.vzRsAnyToCons",
            "module.aci.module.aci_vrf.aci_rest_managed.vzRsAnyToConsIf",
            "module.aci.module.aci_vrf.aci_rest_managed.vzRsAnyToProv"
          ]
        }
      ]
    },
    {
      "module": "module.aci.module.aci_l3out[\"demo-05/demo-05.vrf-01-bgp-AS-65151\"]",
      "mode": "managed",
      "type": "aci_rest_managed",
      "name": "l3extOut",
      "provider": "provider[\"registry.terraform.io/ciscodevnet/aci\"]",
      "instances": [
        {
          "schema_version": 0,
          "attributes": {
            "annotation": "orchestrator:terraform",
            "child": [],
            "class_name": "l3extOut",
            "content": {
              "descr": "configured with NAC",
              "enforceRtctrl": "export",
              "name": "demo-05.vrf-01-bgp-AS-65151",
              "nameAlias": "external-vrf",
              "targetDscp": "unspecified"
            },
            "dn": "uni/tn-demo-05/out-demo-05.vrf-01-bgp-AS-65151",
            "id": "uni/tn-demo-05/out-demo-05.vrf-01-bgp-AS-65151"
          },
          "sensitive_attributes": [],
          "dependencies": [
            "module.aci.data.utils_yaml_merge.defaults",
            "module.aci.data.utils_yaml_merge.model",
            "module.aci.data.utils_yaml_merge.modules",
            "module.aci.module.aci_bfd_interface_policy.aci_rest_managed.bfdIfPol",
            "module.aci.module.aci_bgp_timer_policy.aci_rest_managed.bgpCtxPol",
            "module.aci.module.aci_contract.aci_rest_managed.vzBrCP",
            "module.aci.module.aci_contract.aci_rest_managed.vzRsSubjFiltAtt",
            "module.aci.module.aci_contract.aci_rest_managed.vzRsSubjGraphAtt",
            "module.aci.module.aci_contract.aci_rest_managed.vzSubj",
            "module.aci.module.aci_eigrp_interface_policy.aci_rest_managed.eigrpIfPol",
            "module.aci.module.aci_filter.aci_rest_managed.vzEntry",
            "module.aci.module.aci_filter.aci_rest_managed.vzFilter",
            "module.aci.module.aci_imported_contract.aci_rest_managed.vzCPIf",
            "module.aci.module.aci_imported_contract.aci_rest_managed.vzRsIf",
            "module.aci.module.aci_match_rule.aci_rest_managed.rtctrlMatchCommFactor",
            "module.aci.module.aci_match_rule.aci_rest_managed.rtctrlMatchCommRegexTerm",
            "module.aci.module.aci_match_rule.aci_rest_managed.rtctrlMatchCommTerm",
            "module.aci.module.aci_match_rule.aci_rest_managed.rtctrlMatchRtDest",
            "module.aci.module.aci_match_rule.aci_rest_managed.rtctrlSubjP",
            "module.aci.module.aci_ospf_interface_policy.aci_rest_managed.ospfIfPol",
            "module.aci.module.aci_set_rule.aci_rest_managed.rtctrlAttrP",
            "module.aci.module.aci_set_rule.aci_rest_managed.rtctrlRsSetPolicyTagToInstP",
            "module.aci.module.aci_set_rule.aci_rest_managed.rtctrlSetASPath",
            "module.aci.module.aci_set_rule.aci_rest_managed.rtctrlSetASPathASN",
            "module.aci.module.aci_set_rule.aci_rest_managed.rtctrlSetAddComm",
            "module.aci.module.aci_set_rule.aci_rest_managed.rtctrlSetComm",
            "module.aci.module.aci_set_rule.aci_rest_managed.rtctrlSetDamp",
            "module.aci.module.aci_set_rule.aci_rest_managed.rtctrlSetNh",
            "module.aci.module.aci_set_rule.aci_rest_managed.rtctrlSetNhUnchanged",
            "module.aci.module.aci_set_rule.aci_rest_managed.rtctrlSetPolicyTag",
            "module.aci.module.aci_set_rule.aci_rest_managed.rtctrlSetPref",
            "module.aci.module.aci_set_rule.aci_rest_managed.rtctrlSetRedistMultipath",
            "module.aci.module.aci_set_rule.aci_rest_managed.rtctrlSetRtMetric",
            "module.aci.module.aci_set_rule.aci_rest_managed.rtctrlSetRtMetricType",
            "module.aci.module.aci_set_rule.aci_rest_managed.rtctrlSetTag",
            "module.aci.module.aci_set_rule.aci_rest_managed.rtctrlSetWeight",
            "module.aci.module.aci_tenant.aci_rest_managed.aaaDomainRef",
            "module.aci.module.aci_tenant.aci_rest_managed.fvTenant",
            "module.aci.module.aci_vrf.aci_rest_managed.bgpRtTargetP_ipv4",
            "module.aci.module.aci_vrf.aci_rest_managed.bgpRtTargetP_ipv6",
            "module.aci.module.aci_vrf.aci_rest_managed.bgpRtTarget_ipv4_export",
            "module.aci.module.aci_vrf.aci_rest_managed.bgpRtTarget_ipv4_import",
            "module.aci.module.aci_vrf.aci_rest_managed.bgpRtTarget_ipv6_export",
            "module.aci.module.aci_vrf.aci_rest_managed.bgpRtTarget_ipv6_import",
            "module.aci.module.aci_vrf.aci_rest_managed.dnsLbl",
            "module.aci.module.aci_vrf.aci_rest_managed.fvCtx",
            "module.aci.module.aci_vrf.aci_rest_managed.fvRsBgpCtxPol",
            "module.aci.module.aci_vrf.aci_rest_managed.fvRsCtxToBgpCtxAfPol_ipv4",
            "module.aci.module.aci_vrf.aci_rest_managed.fvRsCtxToBgpCtxAfPol_ipv6",
            "module.aci.module.aci_vrf.aci_rest_managed.fvRsCtxToExtRouteTagPol",
            "module.aci.module.aci_vrf.aci_rest_managed.fvRsCtxToOspfCtxPol_ipv4",
            "module.aci.module.aci_vrf.aci_rest_managed.fvRsCtxToOspfCtxPol_ipv6",
            "module.aci.module.aci_vrf.aci_rest_managed.fvRsOspfCtxPol",
            "module.aci.module.aci_vrf.aci_rest_managed.igmpCtxP",
            "module.aci.module.aci_vrf.aci_rest_managed.igmpSSMXlateP",
            "module.aci.module.aci_vrf.aci_rest_managed.leakExternalPrefix",
            "module.aci.module.aci_vrf.aci_rest_managed.leakInternalSubnet",
            "module.aci.module.aci_vrf.aci_rest_managed.leakRoutes",
            "module.aci.module.aci_vrf.aci_rest_managed.leakTo_external",
            "module.aci.module.aci_vrf.aci_rest_managed.leakTo_internal",
            "module.aci.module.aci_vrf.aci_rest_managed.pimASMPatPol",
            "module.aci.module.aci_vrf.aci_rest_managed.pimAutoRPPol",
            "module.aci.module.aci_vrf.aci_rest_managed.pimBSRFilterPol",
            "module.aci.module.aci_vrf.aci_rest_managed.pimBSRPPol",
            "module.aci.module.aci_vrf.aci_rest_managed.pimCtxP",
            "module.aci.module.aci_vrf.aci_rest_managed.pimFabricRPPol",
            "module.aci.module.aci_vrf.aci_rest_managed.pimInterVRFEntryPol",
            "module.aci.module.aci_vrf.aci_rest_managed.pimInterVRFPol",
            "module.aci.module.aci_vrf.aci_rest_managed.pimMAFilterPol",
            "module.aci.module.aci_vrf.aci_rest_managed.pimRPGrpRangePol_fabric_rp",
            "module.aci.module.aci_vrf.aci_rest_managed.pimRPGrpRangePol_static_rp",
            "module.aci.module.aci_vrf.aci_rest_managed.pimRegTrPol",
            "module.aci.module.aci_vrf.aci_rest_managed.pimResPol",
            "module.aci.module.aci_vrf.aci_rest_managed.pimSGRangeExpPol",
            "module.aci.module.aci_vrf.aci_rest_managed.pimSSMPatPol",
            "module.aci.module.aci_vrf.aci_rest_managed.pimSSMRangePol",
            "module.aci.module.aci_vrf.aci_rest_managed.pimSharedRangePol",
            "module.aci.module.aci_vrf.aci_rest_managed.pimStaticRPEntryPol_fabric_rp",
            "module.aci.module.aci_vrf.aci_rest_managed.pimStaticRPEntryPol_static_rp",
            "module.aci.module.aci_vrf.aci_rest_managed.pimStaticRPPol",
            "module.aci.module.aci_vrf.aci_rest_managed.rtdmcRsFilterToRtMapPol_asm_sg_expiry",
            "module.aci.module.aci_vrf.aci_rest_managed.rtdmcRsFilterToRtMapPol_asm_shared",
            "module.aci.module.aci_vrf.aci_rest_managed.rtdmcRsFilterToRtMapPol_auto_rp",
            "module.aci.module.aci_vrf.aci_rest_managed.rtdmcRsFilterToRtMapPol_bsr",
            "module.aci.module.aci_vrf.aci_rest_managed.rtdmcRsFilterToRtMapPol_fabric_rp",
            "module.aci.module.aci_vrf.aci_rest_managed.rtdmcRsFilterToRtMapPol_pim_inter_vrf",
            "module.aci.module.aci_vrf.aci_rest_managed.rtdmcRsFilterToRtMapPol_ssm_range",
            "module.aci.module.aci_vrf.aci_rest_managed.rtdmcRsFilterToRtMapPol_static_rp",
            "module.aci.module.aci_vrf.aci_rest_managed.vzAny",
            "module.aci.module.aci_vrf.aci_rest_managed.vzRsAnyToCons",
            "module.aci.module.aci_vrf.aci_rest_managed.vzRsAnyToConsIf",
            "module.aci.module.aci_vrf.aci_rest_managed.vzRsAnyToProv"
          ]
        }
      ]
    },
    {
      "module": "module.aci.module.aci_l3out[\"demo-05/demo-05.vrf-01-bgp-AS-65151\"]",
      "mode": "managed",
      "type": "aci_rest_managed",
      "name": "l3extRsEctx",
      "provider": "provider[\"registry.terraform.io/ciscodevnet/aci\"]",
      "instances": [
        {
          "schema_version": 0,
          "attributes": {
            "annotation": "orchestrator:terraform",
            "child": [],
            "class_name": "l3extRsEctx",
            "content": {
              "tnFvCtxName": "vrf-01"
            },
            "dn": "uni/tn-demo-05/out-demo-05.vrf-01-bgp-AS-65151/rsectx",
            "id": "uni/tn-demo-05/out-demo-05.vrf-01-bgp-AS-65151/rsectx"
          },
          "sensitive_attributes": [],
          "dependencies": [
            "module.aci.data.utils_yaml_merge.defaults",
            "module.aci.data.utils_yaml_merge.model",
            "module.aci.data.utils_yaml_merge.modules",
            "module.aci.module.aci_bfd_interface_policy.aci_rest_managed.bfdIfPol",
            "module.aci.module.aci_bgp_timer_policy.aci_rest_managed.bgpCtxPol",
            "module.aci.module.aci_contract.aci_rest_managed.vzBrCP",
            "module.aci.module.aci_contract.aci_rest_managed.vzRsSubjFiltAtt",
            "module.aci.module.aci_contract.aci_rest_managed.vzRsSubjGraphAtt",
            "module.aci.module.aci_contract.aci_rest_managed.vzSubj",
            "module.aci.module.aci_eigrp_interface_policy.aci_rest_managed.eigrpIfPol",
            "module.aci.module.aci_filter.aci_rest_managed.vzEntry",
            "module.aci.module.aci_filter.aci_rest_managed.vzFilter",
            "module.aci.module.aci_imported_contract.aci_rest_managed.vzCPIf",
            "module.aci.module.aci_imported_contract.aci_rest_managed.vzRsIf",
            "module.aci.module.aci_l3out.aci_rest_managed.l3extOut",
            "module.aci.module.aci_match_rule.aci_rest_managed.rtctrlMatchCommFactor",
            "module.aci.module.aci_match_rule.aci_rest_managed.rtctrlMatchCommRegexTerm",
            "module.aci.module.aci_match_rule.aci_rest_managed.rtctrlMatchCommTerm",
            "module.aci.module.aci_match_rule.aci_rest_managed.rtctrlMatchRtDest",
            "module.aci.module.aci_match_rule.aci_rest_managed.rtctrlSubjP",
            "module.aci.module.aci_ospf_interface_policy.aci_rest_managed.ospfIfPol",
            "module.aci.module.aci_set_rule.aci_rest_managed.rtctrlAttrP",
            "module.aci.module.aci_set_rule.aci_rest_managed.rtctrlRsSetPolicyTagToInstP",
            "module.aci.module.aci_set_rule.aci_rest_managed.rtctrlSetASPath",
            "module.aci.module.aci_set_rule.aci_rest_managed.rtctrlSetASPathASN",
            "module.aci.module.aci_set_rule.aci_rest_managed.rtctrlSetAddComm",
            "module.aci.module.aci_set_rule.aci_rest_managed.rtctrlSetComm",
            "module.aci.module.aci_set_rule.aci_rest_managed.rtctrlSetDamp",
            "module.aci.module.aci_set_rule.aci_rest_managed.rtctrlSetNh",
            "module.aci.module.aci_set_rule.aci_rest_managed.rtctrlSetNhUnchanged",
            "module.aci.module.aci_set_rule.aci_rest_managed.rtctrlSetPolicyTag",
            "module.aci.module.aci_set_rule.aci_rest_managed.rtctrlSetPref",
            "module.aci.module.aci_set_rule.aci_rest_managed.rtctrlSetRedistMultipath",
            "module.aci.module.aci_set_rule.aci_rest_managed.rtctrlSetRtMetric",
            "module.aci.module.aci_set_rule.aci_rest_managed.rtctrlSetRtMetricType",
            "module.aci.module.aci_set_rule.aci_rest_managed.rtctrlSetTag",
            "module.aci.module.aci_set_rule.aci_rest_managed.rtctrlSetWeight",
            "module.aci.module.aci_tenant.aci_rest_managed.aaaDomainRef",
            "module.aci.module.aci_tenant.aci_rest_managed.fvTenant",
            "module.aci.module.aci_vrf.aci_rest_managed.bgpRtTargetP_ipv4",
            "module.aci.module.aci_vrf.aci_rest_managed.bgpRtTargetP_ipv6",
            "module.aci.module.aci_vrf.aci_rest_managed.bgpRtTarget_ipv4_export",
            "module.aci.module.aci_vrf.aci_rest_managed.bgpRtTarget_ipv4_import",
            "module.aci.module.aci_vrf.aci_rest_managed.bgpRtTarget_ipv6_export",
            "module.aci.module.aci_vrf.aci_rest_managed.bgpRtTarget_ipv6_import",
            "module.aci.module.aci_vrf.aci_rest_managed.dnsLbl",
            "module.aci.module.aci_vrf.aci_rest_managed.fvCtx",
            "module.aci.module.aci_vrf.aci_rest_managed.fvRsBgpCtxPol",
            "module.aci.module.aci_vrf.aci_rest_managed.fvRsCtxToBgpCtxAfPol_ipv4",
            "module.aci.module.aci_vrf.aci_rest_managed.fvRsCtxToBgpCtxAfPol_ipv6",
            "module.aci.module.aci_vrf.aci_rest_managed.fvRsCtxToExtRouteTagPol",
            "module.aci.module.aci_vrf.aci_rest_managed.fvRsCtxToOspfCtxPol_ipv4",
            "module.aci.module.aci_vrf.aci_rest_managed.fvRsCtxToOspfCtxPol_ipv6",
            "module.aci.module.aci_vrf.aci_rest_managed.fvRsOspfCtxPol",
            "module.aci.module.aci_vrf.aci_rest_managed.igmpCtxP",
            "module.aci.module.aci_vrf.aci_rest_managed.igmpSSMXlateP",
            "module.aci.module.aci_vrf.aci_rest_managed.leakExternalPrefix",
            "module.aci.module.aci_vrf.aci_rest_managed.leakInternalSubnet",
            "module.aci.module.aci_vrf.aci_rest_managed.leakRoutes",
            "module.aci.module.aci_vrf.aci_rest_managed.leakTo_external",
            "module.aci.module.aci_vrf.aci_rest_managed.leakTo_internal",
            "module.aci.module.aci_vrf.aci_rest_managed.pimASMPatPol",
            "module.aci.module.aci_vrf.aci_rest_managed.pimAutoRPPol",
            "module.aci.module.aci_vrf.aci_rest_managed.pimBSRFilterPol",
            "module.aci.module.aci_vrf.aci_rest_managed.pimBSRPPol",
            "module.aci.module.aci_vrf.aci_rest_managed.pimCtxP",
            "module.aci.module.aci_vrf.aci_rest_managed.pimFabricRPPol",
            "module.aci.module.aci_vrf.aci_rest_managed.pimInterVRFEntryPol",
            "module.aci.module.aci_vrf.aci_rest_managed.pimInterVRFPol",
            "module.aci.module.aci_vrf.aci_rest_managed.pimMAFilterPol",
            "module.aci.module.aci_vrf.aci_rest_managed.pimRPGrpRangePol_fabric_rp",
            "module.aci.module.aci_vrf.aci_rest_managed.pimRPGrpRangePol_static_rp",
            "module.aci.module.aci_vrf.aci_rest_managed.pimRegTrPol",
            "module.aci.module.aci_vrf.aci_rest_managed.pimResPol",
            "module.aci.module.aci_vrf.aci_rest_managed.pimSGRangeExpPol",
            "module.aci.module.aci_vrf.aci_rest_managed.pimSSMPatPol",
            "module.aci.module.aci_vrf.aci_rest_managed.pimSSMRangePol",
            "module.aci.module.aci_vrf.aci_rest_managed.pimSharedRangePol",
            "module.aci.module.aci_vrf.aci_rest_managed.pimStaticRPEntryPol_fabric_rp",
            "module.aci.module.aci_vrf.aci_rest_managed.pimStaticRPEntryPol_static_rp",
            "module.aci.module.aci_vrf.aci_rest_managed.pimStaticRPPol",
            "module.aci.module.aci_vrf.aci_rest_managed.rtdmcRsFilterToRtMapPol_asm_sg_expiry",
            "module.aci.module.aci_vrf.aci_rest_managed.rtdmcRsFilterToRtMapPol_asm_shared",
            "module.aci.module.aci_vrf.aci_rest_managed.rtdmcRsFilterToRtMapPol_auto_rp",
            "module.aci.module.aci_vrf.aci_rest_managed.rtdmcRsFilterToRtMapPol_bsr",
            "module.aci.module.aci_vrf.aci_rest_managed.rtdmcRsFilterToRtMapPol_fabric_rp",
            "module.aci.module.aci_vrf.aci_rest_managed.rtdmcRsFilterToRtMapPol_pim_inter_vrf",
            "module.aci.module.aci_vrf.aci_rest_managed.rtdmcRsFilterToRtMapPol_ssm_range",
            "module.aci.module.aci_vrf.aci_rest_managed.rtdmcRsFilterToRtMapPol_static_rp",
            "module.aci.module.aci_vrf.aci_rest_managed.vzAny",
            "module.aci.module.aci_vrf.aci_rest_managed.vzRsAnyToCons",
            "module.aci.module.aci_vrf.aci_rest_managed.vzRsAnyToConsIf",
            "module.aci.module.aci_vrf.aci_rest_managed.vzRsAnyToProv"
          ]
        }
      ]
    },
    {
      "module": "module.aci.module.aci_l3out[\"demo-05/demo-05.vrf-01-bgp-AS-65151\"]",
      "mode": "managed",
      "type": "aci_rest_managed",
      "name": "l3extRsL3DomAtt",
      "provider": "provider[\"registry.terraform.io/ciscodevnet/aci\"]",
      "instances": [
        {
          "index_key": 0,
          "schema_version": 0,
          "attributes": {
            "annotation": "orchestrator:terraform",
            "child": [],
            "class_name": "l3extRsL3DomAtt",
            "content": {
              "tDn": "uni/l3dom-demo-05.vrf-01"
            },
            "dn": "uni/tn-demo-05/out-demo-05.vrf-01-bgp-AS-65151/rsl3DomAtt",
            "id": "uni/tn-demo-05/out-demo-05.vrf-01-bgp-AS-65151/rsl3DomAtt"
          },
          "sensitive_attributes": [],
          "dependencies": [
            "module.aci.data.utils_yaml_merge.defaults",
            "module.aci.data.utils_yaml_merge.model",
            "module.aci.data.utils_yaml_merge.modules",
            "module.aci.module.aci_bfd_interface_policy.aci_rest_managed.bfdIfPol",
            "module.aci.module.aci_bgp_timer_policy.aci_rest_managed.bgpCtxPol",
            "module.aci.module.aci_contract.aci_rest_managed.vzBrCP",
            "module.aci.module.aci_contract.aci_rest_managed.vzRsSubjFiltAtt",
            "module.aci.module.aci_contract.aci_rest_managed.vzRsSubjGraphAtt",
            "module.aci.module.aci_contract.aci_rest_managed.vzSubj",
            "module.aci.module.aci_eigrp_interface_policy.aci_rest_managed.eigrpIfPol",
            "module.aci.module.aci_filter.aci_rest_managed.vzEntry",
            "module.aci.module.aci_filter.aci_rest_managed.vzFilter",
            "module.aci.module.aci_imported_contract.aci_rest_managed.vzCPIf",
            "module.aci.module.aci_imported_contract.aci_rest_managed.vzRsIf",
            "module.aci.module.aci_l3out.aci_rest_managed.l3extOut",
            "module.aci.module.aci_match_rule.aci_rest_managed.rtctrlMatchCommFactor",
            "module.aci.module.aci_match_rule.aci_rest_managed.rtctrlMatchCommRegexTerm",
            "module.aci.module.aci_match_rule.aci_rest_managed.rtctrlMatchCommTerm",
            "module.aci.module.aci_match_rule.aci_rest_managed.rtctrlMatchRtDest",
            "module.aci.module.aci_match_rule.aci_rest_managed.rtctrlSubjP",
            "module.aci.module.aci_ospf_interface_policy.aci_rest_managed.ospfIfPol",
            "module.aci.module.aci_set_rule.aci_rest_managed.rtctrlAttrP",
            "module.aci.module.aci_set_rule.aci_rest_managed.rtctrlRsSetPolicyTagToInstP",
            "module.aci.module.aci_set_rule.aci_rest_managed.rtctrlSetASPath",
            "module.aci.module.aci_set_rule.aci_rest_managed.rtctrlSetASPathASN",
            "module.aci.module.aci_set_rule.aci_rest_managed.rtctrlSetAddComm",
            "module.aci.module.aci_set_rule.aci_rest_managed.rtctrlSetComm",
            "module.aci.module.aci_set_rule.aci_rest_managed.rtctrlSetDamp",
            "module.aci.module.aci_set_rule.aci_rest_managed.rtctrlSetNh",
            "module.aci.module.aci_set_rule.aci_rest_managed.rtctrlSetNhUnchanged",
            "module.aci.module.aci_set_rule.aci_rest_managed.rtctrlSetPolicyTag",
            "module.aci.module.aci_set_rule.aci_rest_managed.rtctrlSetPref",
            "module.aci.module.aci_set_rule.aci_rest_managed.rtctrlSetRedistMultipath",
            "module.aci.module.aci_set_rule.aci_rest_managed.rtctrlSetRtMetric",
            "module.aci.module.aci_set_rule.aci_rest_managed.rtctrlSetRtMetricType",
            "module.aci.module.aci_set_rule.aci_rest_managed.rtctrlSetTag",
            "module.aci.module.aci_set_rule.aci_rest_managed.rtctrlSetWeight",
            "module.aci.module.aci_tenant.aci_rest_managed.aaaDomainRef",
            "module.aci.module.aci_tenant.aci_rest_managed.fvTenant",
            "module.aci.module.aci_vrf.aci_rest_managed.bgpRtTargetP_ipv4",
            "module.aci.module.aci_vrf.aci_rest_managed.bgpRtTargetP_ipv6",
            "module.aci.module.aci_vrf.aci_rest_managed.bgpRtTarget_ipv4_export",
            "module.aci.module.aci_vrf.aci_rest_managed.bgpRtTarget_ipv4_import",
            "module.aci.module.aci_vrf.aci_rest_managed.bgpRtTarget_ipv6_export",
            "module.aci.module.aci_vrf.aci_rest_managed.bgpRtTarget_ipv6_import",
            "module.aci.module.aci_vrf.aci_rest_managed.dnsLbl",
            "module.aci.module.aci_vrf.aci_rest_managed.fvCtx",
            "module.aci.module.aci_vrf.aci_rest_managed.fvRsBgpCtxPol",
            "module.aci.module.aci_vrf.aci_rest_managed.fvRsCtxToBgpCtxAfPol_ipv4",
            "module.aci.module.aci_vrf.aci_rest_managed.fvRsCtxToBgpCtxAfPol_ipv6",
            "module.aci.module.aci_vrf.aci_rest_managed.fvRsCtxToExtRouteTagPol",
            "module.aci.module.aci_vrf.aci_rest_managed.fvRsCtxToOspfCtxPol_ipv4",
            "module.aci.module.aci_vrf.aci_rest_managed.fvRsCtxToOspfCtxPol_ipv6",
            "module.aci.module.aci_vrf.aci_rest_managed.fvRsOspfCtxPol",
            "module.aci.module.aci_vrf.aci_rest_managed.igmpCtxP",
            "module.aci.module.aci_vrf.aci_rest_managed.igmpSSMXlateP",
            "module.aci.module.aci_vrf.aci_rest_managed.leakExternalPrefix",
            "module.aci.module.aci_vrf.aci_rest_managed.leakInternalSubnet",
            "module.aci.module.aci_vrf.aci_rest_managed.leakRoutes",
            "module.aci.module.aci_vrf.aci_rest_managed.leakTo_external",
            "module.aci.module.aci_vrf.aci_rest_managed.leakTo_internal",
            "module.aci.module.aci_vrf.aci_rest_managed.pimASMPatPol",
            "module.aci.module.aci_vrf.aci_rest_managed.pimAutoRPPol",
            "module.aci.module.aci_vrf.aci_rest_managed.pimBSRFilterPol",
            "module.aci.module.aci_vrf.aci_rest_managed.pimBSRPPol",
            "module.aci.module.aci_vrf.aci_rest_managed.pimCtxP",
            "module.aci.module.aci_vrf.aci_rest_managed.pimFabricRPPol",
            "module.aci.module.aci_vrf.aci_rest_managed.pimInterVRFEntryPol",
            "module.aci.module.aci_vrf.aci_rest_managed.pimInterVRFPol",
            "module.aci.module.aci_vrf.aci_rest_managed.pimMAFilterPol",
            "module.aci.module.aci_vrf.aci_rest_managed.pimRPGrpRangePol_fabric_rp",
            "module.aci.module.aci_vrf.aci_rest_managed.pimRPGrpRangePol_static_rp",
            "module.aci.module.aci_vrf.aci_rest_managed.pimRegTrPol",
            "module.aci.module.aci_vrf.aci_rest_managed.pimResPol",
            "module.aci.module.aci_vrf.aci_rest_managed.pimSGRangeExpPol",
            "module.aci.module.aci_vrf.aci_rest_managed.pimSSMPatPol",
            "module.aci.module.aci_vrf.aci_rest_managed.pimSSMRangePol",
            "module.aci.module.aci_vrf.aci_rest_managed.pimSharedRangePol",
            "module.aci.module.aci_vrf.aci_rest_managed.pimStaticRPEntryPol_fabric_rp",
            "module.aci.module.aci_vrf.aci_rest_managed.pimStaticRPEntryPol_static_rp",
            "module.aci.module.aci_vrf.aci_rest_managed.pimStaticRPPol",
            "module.aci.module.aci_vrf.aci_rest_managed.rtdmcRsFilterToRtMapPol_asm_sg_expiry",
            "module.aci.module.aci_vrf.aci_rest_managed.rtdmcRsFilterToRtMapPol_asm_shared",
            "module.aci.module.aci_vrf.aci_rest_managed.rtdmcRsFilterToRtMapPol_auto_rp",
            "module.aci.module.aci_vrf.aci_rest_managed.rtdmcRsFilterToRtMapPol_bsr",
            "module.aci.module.aci_vrf.aci_rest_managed.rtdmcRsFilterToRtMapPol_fabric_rp",
            "module.aci.module.aci_vrf.aci_rest_managed.rtdmcRsFilterToRtMapPol_pim_inter_vrf",
            "module.aci.module.aci_vrf.aci_rest_managed.rtdmcRsFilterToRtMapPol_ssm_range",
            "module.aci.module.aci_vrf.aci_rest_managed.rtdmcRsFilterToRtMapPol_static_rp",
            "module.aci.module.aci_vrf.aci_rest_managed.vzAny",
            "module.aci.module.aci_vrf.aci_rest_managed.vzRsAnyToCons",
            "module.aci.module.aci_vrf.aci_rest_managed.vzRsAnyToConsIf",
            "module.aci.module.aci_vrf.aci_rest_managed.vzRsAnyToProv"
          ]
        }
      ]
    },
    {
      "module": "module.aci.module.aci_l3out_interface_profile_manual[\"demo-05/demo-05.vrf-01-bgp-AS-65151/border-leafs/hx-dev-01-fi-a-vlan-11\"]",
      "mode": "managed",
      "type": "aci_rest_managed",
      "name": "bgpAsP",
      "provider": "provider[\"registry.terraform.io/ciscodevnet/aci\"]",
      "instances": [
        {
          "index_key": "topology/pod-1/paths-101/pathep-[hx-dev-01-fi-a]/10.237.99.60/29",
          "schema_version": 0,
          "attributes": {
            "annotation": "orchestrator:terraform",
            "child": [],
            "class_name": "bgpAsP",
            "content": {
              "asn": "65051"
            },
            "dn": "uni/tn-demo-05/out-demo-05.vrf-01-bgp-AS-65151/lnodep-border-leafs/lifp-hx-dev-01-fi-a-vlan-11/rspathL3OutAtt-[topology/pod-1/paths-101/pathep-[hx-dev-01-fi-a]]/peerP-[10.237.99.60/29]/as",
            "id": "uni/tn-demo-05/out-demo-05.vrf-01-bgp-AS-65151/lnodep-border-leafs/lifp-hx-dev-01-fi-a-vlan-11/rspathL3OutAtt-[topology/pod-1/paths-101/pathep-[hx-dev-01-fi-a]]/peerP-[10.237.99.60/29]/as"
          },
          "sensitive_attributes": [],
          "dependencies": [
            "module.aci.data.utils_yaml_merge.defaults",
            "module.aci.data.utils_yaml_merge.model",
            "module.aci.data.utils_yaml_merge.modules",
            "module.aci.module.aci_bfd_interface_policy.aci_rest_managed.bfdIfPol",
            "module.aci.module.aci_bgp_timer_policy.aci_rest_managed.bgpCtxPol",
            "module.aci.module.aci_contract.aci_rest_managed.vzBrCP",
            "module.aci.module.aci_contract.aci_rest_managed.vzRsSubjFiltAtt",
            "module.aci.module.aci_contract.aci_rest_managed.vzRsSubjGraphAtt",
            "module.aci.module.aci_contract.aci_rest_managed.vzSubj",
            "module.aci.module.aci_eigrp_interface_policy.aci_rest_managed.eigrpIfPol",
            "module.aci.module.aci_filter.aci_rest_managed.vzEntry",
            "module.aci.module.aci_filter.aci_rest_managed.vzFilter",
            "module.aci.module.aci_imported_contract.aci_rest_managed.vzCPIf",
            "module.aci.module.aci_imported_contract.aci_rest_managed.vzRsIf",
            "module.aci.module.aci_l3out.aci_rest_managed.bgpExtP",
            "module.aci.module.aci_l3out.aci_rest_managed.eigrpExtP",
            "module.aci.module.aci_l3out.aci_rest_managed.l3extConsLbl",
            "module.aci.module.aci_l3out.aci_rest_managed.l3extDefaultRouteLeakP",
            "module.aci.module.aci_l3out.aci_rest_managed.l3extInstP_sr_mpls",
            "module.aci.module.aci_l3out.aci_rest_managed.l3extOut",
            "module.aci.module.aci_l3out.aci_rest_managed.l3extProvLbl",
            "module.aci.module.aci_l3out.aci_rest_managed.l3extRsDampeningPol_ipv4",
            "module.aci.module.aci_l3out.aci_rest_managed.l3extRsDampeningPol_ipv6",
            "module.aci.module.aci_l3out.aci_rest_managed.l3extRsEctx",
            "module.aci.module.aci_l3out.aci_rest_managed.l3extRsInterleakPol",
            "module.aci.module.aci_l3out.aci_rest_managed.l3extRsL3DomAtt",
            "module.aci.module.aci_l3out.aci_rest_managed.l3extRsLblToProfile_export",
            "module.aci.module.aci_l3out.aci_rest_managed.l3extRsLblToProfile_import",
            "module.aci.module.aci_l3out.aci_rest_managed.l3extRsRedistributePol",
            "module.aci.module.aci_l3out.aci_rest_managed.mplsExtP",
            "module.aci.module.aci_l3out.aci_rest_managed.mplsRsLabelPol",
            "module.aci.module.aci_l3out.aci_rest_managed.ospfExtP",
            "module.aci.module.aci_l3out.aci_rest_managed.pimExtP",
            "module.aci.module.aci_l3out.aci_rest_managed.rtctrlCtxP_export",
            "module.aci.module.aci_l3out.aci_rest_managed.rtctrlCtxP_import",
            "module.aci.module.aci_l3out.aci_rest_managed.rtctrlProfile_export",
            "module.aci.module.aci_l3out.aci_rest_managed.rtctrlProfile_import",
            "module.aci.module.aci_l3out.aci_rest_managed.rtctrlRsCtxPToSubjP_export",
            "module.aci.module.aci_l3out.aci_rest_managed.rtctrlRsCtxPToSubjP_import",
            "module.aci.module.aci_l3out.aci_rest_managed.rtctrlRsScopeToAttrP_export",
            "module.aci.module.aci_l3out.aci_rest_managed.rtctrlRsScopeToAttrP_import",
            "module.aci.module.aci_l3out.aci_rest_managed.rtctrlScope_export",
            "module.aci.module.aci_l3out.aci_rest_managed.rtctrlScope_import",
            "module.aci.module.aci_l3out_interface_profile_manual.aci_rest_managed.bgpPeerP",
            "module.aci.module.aci_l3out_interface_profile_manual.aci_rest_managed.l3extLIfP",
            "module.aci.module.aci_l3out_interface_profile_manual.aci_rest_managed.l3extRsPathL3OutAtt",
            "module.aci.module.aci_l3out_node_profile_manual.aci_rest_managed.bfdMhNodeP",
            "module.aci.module.aci_l3out_node_profile_manual.aci_rest_managed.bfdRsMhNodePol",
            "module.aci.module.aci_l3out_node_profile_manual.aci_rest_managed.bgpAsP",
            "module.aci.module.aci_l3out_node_profile_manual.aci_rest_managed.bgpAsP-bgpInfraPeerP",
            "module.aci.module.aci_l3out_node_profile_manual.aci_rest_managed.bgpInfraPeerP",
            "module.aci.module.aci_l3out_node_profile_manual.aci_rest_managed.bgpLocalAsnP",
            "module.aci.module.aci_l3out_node_profile_manual.aci_rest_managed.bgpLocalAsnP-bgpInfraPeerP",
            "module.aci.module.aci_l3out_node_profile_manual.aci_rest_managed.bgpPeerP",
            "module.aci.module.aci_l3out_node_profile_manual.aci_rest_managed.bgpRsPeerPfxPol",
            "module.aci.module.aci_l3out_node_profile_manual.aci_rest_managed.bgpRsPeerPfxPol-bgpInfraPeerP",
            "module.aci.module.aci_l3out_node_profile_manual.aci_rest_managed.bgpRsPeerToProfile_export",
            "module.aci.module.aci_l3out_node_profile_manual.aci_rest_managed.bgpRsPeerToProfile_import",
            "module.aci.module.aci_l3out_node_profile_manual.aci_rest_managed.ipNexthopP",
            "module.aci.module.aci_l3out_node_profile_manual.aci_rest_managed.ipRouteP",
            "module.aci.module.aci_l3out_node_profile_manual.aci_rest_managed.l3extInfraNodeP",
            "module.aci.module.aci_l3out_node_profile_manual.aci_rest_managed.l3extLNodeP",
            "module.aci.module.aci_l3out_node_profile_manual.aci_rest_managed.l3extLoopBackIfP",
            "module.aci.module.aci_l3out_node_profile_manual.aci_rest_managed.l3extRsLNodePMplsCustQosPol",
            "module.aci.module.aci_l3out_node_profile_manual.aci_rest_managed.l3extRsNodeL3OutAtt",
            "module.aci.module.aci_l3out_node_profile_manual.aci_rest_managed.mplsNodeSidP",
            "module.aci.module.aci_match_rule.aci_rest_managed.rtctrlMatchCommFactor",
            "module.aci.module.aci_match_rule.aci_rest_managed.rtctrlMatchCommRegexTerm",
            "module.aci.module.aci_match_rule.aci_rest_managed.rtctrlMatchCommTerm",
            "module.aci.module.aci_match_rule.aci_rest_managed.rtctrlMatchRtDest",
            "module.aci.module.aci_match_rule.aci_rest_managed.rtctrlSubjP",
            "module.aci.module.aci_ospf_interface_policy.aci_rest_managed.ospfIfPol",
            "module.aci.module.aci_set_rule.aci_rest_managed.rtctrlAttrP",
            "module.aci.module.aci_set_rule.aci_rest_managed.rtctrlRsSetPolicyTagToInstP",
            "module.aci.module.aci_set_rule.aci_rest_managed.rtctrlSetASPath",
            "module.aci.module.aci_set_rule.aci_rest_managed.rtctrlSetASPathASN",
            "module.aci.module.aci_set_rule.aci_rest_managed.rtctrlSetAddComm",
            "module.aci.module.aci_set_rule.aci_rest_managed.rtctrlSetComm",
            "module.aci.module.aci_set_rule.aci_rest_managed.rtctrlSetDamp",
            "module.aci.module.aci_set_rule.aci_rest_managed.rtctrlSetNh",
            "module.aci.module.aci_set_rule.aci_rest_managed.rtctrlSetNhUnchanged",
            "module.aci.module.aci_set_rule.aci_rest_managed.rtctrlSetPolicyTag",
            "module.aci.module.aci_set_rule.aci_rest_managed.rtctrlSetPref",
            "module.aci.module.aci_set_rule.aci_rest_managed.rtctrlSetRedistMultipath",
            "module.aci.module.aci_set_rule.aci_rest_managed.rtctrlSetRtMetric",
            "module.aci.module.aci_set_rule.aci_rest_managed.rtctrlSetRtMetricType",
            "module.aci.module.aci_set_rule.aci_rest_managed.rtctrlSetTag",
            "module.aci.module.aci_set_rule.aci_rest_managed.rtctrlSetWeight",
            "module.aci.module.aci_tenant.aci_rest_managed.aaaDomainRef",
            "module.aci.module.aci_tenant.aci_rest_managed.fvTenant",
            "module.aci.module.aci_vrf.aci_rest_managed.bgpRtTargetP_ipv4",
            "module.aci.module.aci_vrf.aci_rest_managed.bgpRtTargetP_ipv6",
            "module.aci.module.aci_vrf.aci_rest_managed.bgpRtTarget_ipv4_export",
            "module.aci.module.aci_vrf.aci_rest_managed.bgpRtTarget_ipv4_import",
            "module.aci.module.aci_vrf.aci_rest_managed.bgpRtTarget_ipv6_export",
            "module.aci.module.aci_vrf.aci_rest_managed.bgpRtTarget_ipv6_import",
            "module.aci.module.aci_vrf.aci_rest_managed.dnsLbl",
            "module.aci.module.aci_vrf.aci_rest_managed.fvCtx",
            "module.aci.module.aci_vrf.aci_rest_managed.fvRsBgpCtxPol",
            "module.aci.module.aci_vrf.aci_rest_managed.fvRsCtxToBgpCtxAfPol_ipv4",
            "module.aci.module.aci_vrf.aci_rest_managed.fvRsCtxToBgpCtxAfPol_ipv6",
            "module.aci.module.aci_vrf.aci_rest_managed.fvRsCtxToExtRouteTagPol",
            "module.aci.module.aci_vrf.aci_rest_managed.fvRsCtxToOspfCtxPol_ipv4",
            "module.aci.module.aci_vrf.aci_rest_managed.fvRsCtxToOspfCtxPol_ipv6",
            "module.aci.module.aci_vrf.aci_rest_managed.fvRsOspfCtxPol",
            "module.aci.module.aci_vrf.aci_rest_managed.igmpCtxP",
            "module.aci.module.aci_vrf.aci_rest_managed.igmpSSMXlateP",
            "module.aci.module.aci_vrf.aci_rest_managed.leakExternalPrefix",
            "module.aci.module.aci_vrf.aci_rest_managed.leakInternalSubnet",
            "module.aci.module.aci_vrf.aci_rest_managed.leakRoutes",
            "module.aci.module.aci_vrf.aci_rest_managed.leakTo_external",
            "module.aci.module.aci_vrf.aci_rest_managed.leakTo_internal",
            "module.aci.module.aci_vrf.aci_rest_managed.pimASMPatPol",
            "module.aci.module.aci_vrf.aci_rest_managed.pimAutoRPPol",
            "module.aci.module.aci_vrf.aci_rest_managed.pimBSRFilterPol",
            "module.aci.module.aci_vrf.aci_rest_managed.pimBSRPPol",
            "module.aci.module.aci_vrf.aci_rest_managed.pimCtxP",
            "module.aci.module.aci_vrf.aci_rest_managed.pimFabricRPPol",
            "module.aci.module.aci_vrf.aci_rest_managed.pimInterVRFEntryPol",
            "module.aci.module.aci_vrf.aci_rest_managed.pimInterVRFPol",
            "module.aci.module.aci_vrf.aci_rest_managed.pimMAFilterPol",
            "module.aci.module.aci_vrf.aci_rest_managed.pimRPGrpRangePol_fabric_rp",
            "module.aci.module.aci_vrf.aci_rest_managed.pimRPGrpRangePol_static_rp",
            "module.aci.module.aci_vrf.aci_rest_managed.pimRegTrPol",
            "module.aci.module.aci_vrf.aci_rest_managed.pimResPol",
            "module.aci.module.aci_vrf.aci_rest_managed.pimSGRangeExpPol",
            "module.aci.module.aci_vrf.aci_rest_managed.pimSSMPatPol",
            "module.aci.module.aci_vrf.aci_rest_managed.pimSSMRangePol",
            "module.aci.module.aci_vrf.aci_rest_managed.pimSharedRangePol",
            "module.aci.module.aci_vrf.aci_rest_managed.pimStaticRPEntryPol_fabric_rp",
            "module.aci.module.aci_vrf.aci_rest_managed.pimStaticRPEntryPol_static_rp",
            "module.aci.module.aci_vrf.aci_rest_managed.pimStaticRPPol",
            "module.aci.module.aci_vrf.aci_rest_managed.rtdmcRsFilterToRtMapPol_asm_sg_expiry",
            "module.aci.module.aci_vrf.aci_rest_managed.rtdmcRsFilterToRtMapPol_asm_shared",
            "module.aci.module.aci_vrf.aci_rest_managed.rtdmcRsFilterToRtMapPol_auto_rp",
            "module.aci.module.aci_vrf.aci_rest_managed.rtdmcRsFilterToRtMapPol_bsr",
            "module.aci.module.aci_vrf.aci_rest_managed.rtdmcRsFilterToRtMapPol_fabric_rp",
            "module.aci.module.aci_vrf.aci_rest_managed.rtdmcRsFilterToRtMapPol_pim_inter_vrf",
            "module.aci.module.aci_vrf.aci_rest_managed.rtdmcRsFilterToRtMapPol_ssm_range",
            "module.aci.module.aci_vrf.aci_rest_managed.rtdmcRsFilterToRtMapPol_static_rp",
            "module.aci.module.aci_vrf.aci_rest_managed.vzAny",
            "module.aci.module.aci_vrf.aci_rest_managed.vzRsAnyToCons",
            "module.aci.module.aci_vrf.aci_rest_managed.vzRsAnyToConsIf",
            "module.aci.module.aci_vrf.aci_rest_managed.vzRsAnyToProv"
          ]
        }
      ]
    },
    {
      "module": "module.aci.module.aci_l3out_interface_profile_manual[\"demo-05/demo-05.vrf-01-bgp-AS-65151/border-leafs/hx-dev-01-fi-a-vlan-11\"]",
      "mode": "managed",
      "type": "aci_rest_managed",
      "name": "bgpLocalAsnP",
      "provider": "provider[\"registry.terraform.io/ciscodevnet/aci\"]",
      "instances": [
        {
          "index_key": "topology/pod-1/paths-101/pathep-[hx-dev-01-fi-a]/10.237.99.60/29",
          "schema_version": 0,
          "attributes": {
            "annotation": "orchestrator:terraform",
            "child": [],
            "class_name": "bgpLocalAsnP",
            "content": {
              "asnPropagate": "none",
              "localAsn": "65151"
            },
            "dn": "uni/tn-demo-05/out-demo-05.vrf-01-bgp-AS-65151/lnodep-border-leafs/lifp-hx-dev-01-fi-a-vlan-11/rspathL3OutAtt-[topology/pod-1/paths-101/pathep-[hx-dev-01-fi-a]]/peerP-[10.237.99.60/29]/localasn",
            "id": "uni/tn-demo-05/out-demo-05.vrf-01-bgp-AS-65151/lnodep-border-leafs/lifp-hx-dev-01-fi-a-vlan-11/rspathL3OutAtt-[topology/pod-1/paths-101/pathep-[hx-dev-01-fi-a]]/peerP-[10.237.99.60/29]/localasn"
          },
          "sensitive_attributes": [],
          "dependencies": [
            "module.aci.data.utils_yaml_merge.defaults",
            "module.aci.data.utils_yaml_merge.model",
            "module.aci.data.utils_yaml_merge.modules",
            "module.aci.module.aci_bfd_interface_policy.aci_rest_managed.bfdIfPol",
            "module.aci.module.aci_bgp_timer_policy.aci_rest_managed.bgpCtxPol",
            "module.aci.module.aci_contract.aci_rest_managed.vzBrCP",
            "module.aci.module.aci_contract.aci_rest_managed.vzRsSubjFiltAtt",
            "module.aci.module.aci_contract.aci_rest_managed.vzRsSubjGraphAtt",
            "module.aci.module.aci_contract.aci_rest_managed.vzSubj",
            "module.aci.module.aci_eigrp_interface_policy.aci_rest_managed.eigrpIfPol",
            "module.aci.module.aci_filter.aci_rest_managed.vzEntry",
            "module.aci.module.aci_filter.aci_rest_managed.vzFilter",
            "module.aci.module.aci_imported_contract.aci_rest_managed.vzCPIf",
            "module.aci.module.aci_imported_contract.aci_rest_managed.vzRsIf",
            "module.aci.module.aci_l3out.aci_rest_managed.bgpExtP",
            "module.aci.module.aci_l3out.aci_rest_managed.eigrpExtP",
            "module.aci.module.aci_l3out.aci_rest_managed.l3extConsLbl",
            "module.aci.module.aci_l3out.aci_rest_managed.l3extDefaultRouteLeakP",
            "module.aci.module.aci_l3out.aci_rest_managed.l3extInstP_sr_mpls",
            "module.aci.module.aci_l3out.aci_rest_managed.l3extOut",
            "module.aci.module.aci_l3out.aci_rest_managed.l3extProvLbl",
            "module.aci.module.aci_l3out.aci_rest_managed.l3extRsDampeningPol_ipv4",
            "module.aci.module.aci_l3out.aci_rest_managed.l3extRsDampeningPol_ipv6",
            "module.aci.module.aci_l3out.aci_rest_managed.l3extRsEctx",
            "module.aci.module.aci_l3out.aci_rest_managed.l3extRsInterleakPol",
            "module.aci.module.aci_l3out.aci_rest_managed.l3extRsL3DomAtt",
            "module.aci.module.aci_l3out.aci_rest_managed.l3extRsLblToProfile_export",
            "module.aci.module.aci_l3out.aci_rest_managed.l3extRsLblToProfile_import",
            "module.aci.module.aci_l3out.aci_rest_managed.l3extRsRedistributePol",
            "module.aci.module.aci_l3out.aci_rest_managed.mplsExtP",
            "module.aci.module.aci_l3out.aci_rest_managed.mplsRsLabelPol",
            "module.aci.module.aci_l3out.aci_rest_managed.ospfExtP",
            "module.aci.module.aci_l3out.aci_rest_managed.pimExtP",
            "module.aci.module.aci_l3out.aci_rest_managed.rtctrlCtxP_export",
            "module.aci.module.aci_l3out.aci_rest_managed.rtctrlCtxP_import",
            "module.aci.module.aci_l3out.aci_rest_managed.rtctrlProfile_export",
            "module.aci.module.aci_l3out.aci_rest_managed.rtctrlProfile_import",
            "module.aci.module.aci_l3out.aci_rest_managed.rtctrlRsCtxPToSubjP_export",
            "module.aci.module.aci_l3out.aci_rest_managed.rtctrlRsCtxPToSubjP_import",
            "module.aci.module.aci_l3out.aci_rest_managed.rtctrlRsScopeToAttrP_export",
            "module.aci.module.aci_l3out.aci_rest_managed.rtctrlRsScopeToAttrP_import",
            "module.aci.module.aci_l3out.aci_rest_managed.rtctrlScope_export",
            "module.aci.module.aci_l3out.aci_rest_managed.rtctrlScope_import",
            "module.aci.module.aci_l3out_interface_profile_manual.aci_rest_managed.bgpPeerP",
            "module.aci.module.aci_l3out_interface_profile_manual.aci_rest_managed.l3extLIfP",
            "module.aci.module.aci_l3out_interface_profile_manual.aci_rest_managed.l3extRsPathL3OutAtt",
            "module.aci.module.aci_l3out_node_profile_manual.aci_rest_managed.bfdMhNodeP",
            "module.aci.module.aci_l3out_node_profile_manual.aci_rest_managed.bfdRsMhNodePol",
            "module.aci.module.aci_l3out_node_profile_manual.aci_rest_managed.bgpAsP",
            "module.aci.module.aci_l3out_node_profile_manual.aci_rest_managed.bgpAsP-bgpInfraPeerP",
            "module.aci.module.aci_l3out_node_profile_manual.aci_rest_managed.bgpInfraPeerP",
            "module.aci.module.aci_l3out_node_profile_manual.aci_rest_managed.bgpLocalAsnP",
            "module.aci.module.aci_l3out_node_profile_manual.aci_rest_managed.bgpLocalAsnP-bgpInfraPeerP",
            "module.aci.module.aci_l3out_node_profile_manual.aci_rest_managed.bgpPeerP",
            "module.aci.module.aci_l3out_node_profile_manual.aci_rest_managed.bgpRsPeerPfxPol",
            "module.aci.module.aci_l3out_node_profile_manual.aci_rest_managed.bgpRsPeerPfxPol-bgpInfraPeerP",
            "module.aci.module.aci_l3out_node_profile_manual.aci_rest_managed.bgpRsPeerToProfile_export",
            "module.aci.module.aci_l3out_node_profile_manual.aci_rest_managed.bgpRsPeerToProfile_import",
            "module.aci.module.aci_l3out_node_profile_manual.aci_rest_managed.ipNexthopP",
            "module.aci.module.aci_l3out_node_profile_manual.aci_rest_managed.ipRouteP",
            "module.aci.module.aci_l3out_node_profile_manual.aci_rest_managed.l3extInfraNodeP",
            "module.aci.module.aci_l3out_node_profile_manual.aci_rest_managed.l3extLNodeP",
            "module.aci.module.aci_l3out_node_profile_manual.aci_rest_managed.l3extLoopBackIfP",
            "module.aci.module.aci_l3out_node_profile_manual.aci_rest_managed.l3extRsLNodePMplsCustQosPol",
            "module.aci.module.aci_l3out_node_profile_manual.aci_rest_managed.l3extRsNodeL3OutAtt",
            "module.aci.module.aci_l3out_node_profile_manual.aci_rest_managed.mplsNodeSidP",
            "module.aci.module.aci_match_rule.aci_rest_managed.rtctrlMatchCommFactor",
            "module.aci.module.aci_match_rule.aci_rest_managed.rtctrlMatchCommRegexTerm",
            "module.aci.module.aci_match_rule.aci_rest_managed.rtctrlMatchCommTerm",
            "module.aci.module.aci_match_rule.aci_rest_managed.rtctrlMatchRtDest",
            "module.aci.module.aci_match_rule.aci_rest_managed.rtctrlSubjP",
            "module.aci.module.aci_ospf_interface_policy.aci_rest_managed.ospfIfPol",
            "module.aci.module.aci_set_rule.aci_rest_managed.rtctrlAttrP",
            "module.aci.module.aci_set_rule.aci_rest_managed.rtctrlRsSetPolicyTagToInstP",
            "module.aci.module.aci_set_rule.aci_rest_managed.rtctrlSetASPath",
            "module.aci.module.aci_set_rule.aci_rest_managed.rtctrlSetASPathASN",
            "module.aci.module.aci_set_rule.aci_rest_managed.rtctrlSetAddComm",
            "module.aci.module.aci_set_rule.aci_rest_managed.rtctrlSetComm",
            "module.aci.module.aci_set_rule.aci_rest_managed.rtctrlSetDamp",
            "module.aci.module.aci_set_rule.aci_rest_managed.rtctrlSetNh",
            "module.aci.module.aci_set_rule.aci_rest_managed.rtctrlSetNhUnchanged",
            "module.aci.module.aci_set_rule.aci_rest_managed.rtctrlSetPolicyTag",
            "module.aci.module.aci_set_rule.aci_rest_managed.rtctrlSetPref",
            "module.aci.module.aci_set_rule.aci_rest_managed.rtctrlSetRedistMultipath",
            "module.aci.module.aci_set_rule.aci_rest_managed.rtctrlSetRtMetric",
            "module.aci.module.aci_set_rule.aci_rest_managed.rtctrlSetRtMetricType",
            "module.aci.module.aci_set_rule.aci_rest_managed.rtctrlSetTag",
            "module.aci.module.aci_set_rule.aci_rest_managed.rtctrlSetWeight",
            "module.aci.module.aci_tenant.aci_rest_managed.aaaDomainRef",
            "module.aci.module.aci_tenant.aci_rest_managed.fvTenant",
            "module.aci.module.aci_vrf.aci_rest_managed.bgpRtTargetP_ipv4",
            "module.aci.module.aci_vrf.aci_rest_managed.bgpRtTargetP_ipv6",
            "module.aci.module.aci_vrf.aci_rest_managed.bgpRtTarget_ipv4_export",
            "module.aci.module.aci_vrf.aci_rest_managed.bgpRtTarget_ipv4_import",
            "module.aci.module.aci_vrf.aci_rest_managed.bgpRtTarget_ipv6_export",
            "module.aci.module.aci_vrf.aci_rest_managed.bgpRtTarget_ipv6_import",
            "module.aci.module.aci_vrf.aci_rest_managed.dnsLbl",
            "module.aci.module.aci_vrf.aci_rest_managed.fvCtx",
            "module.aci.module.aci_vrf.aci_rest_managed.fvRsBgpCtxPol",
            "module.aci.module.aci_vrf.aci_rest_managed.fvRsCtxToBgpCtxAfPol_ipv4",
            "module.aci.module.aci_vrf.aci_rest_managed.fvRsCtxToBgpCtxAfPol_ipv6",
            "module.aci.module.aci_vrf.aci_rest_managed.fvRsCtxToExtRouteTagPol",
            "module.aci.module.aci_vrf.aci_rest_managed.fvRsCtxToOspfCtxPol_ipv4",
            "module.aci.module.aci_vrf.aci_rest_managed.fvRsCtxToOspfCtxPol_ipv6",
            "module.aci.module.aci_vrf.aci_rest_managed.fvRsOspfCtxPol",
            "module.aci.module.aci_vrf.aci_rest_managed.igmpCtxP",
            "module.aci.module.aci_vrf.aci_rest_managed.igmpSSMXlateP",
            "module.aci.module.aci_vrf.aci_rest_managed.leakExternalPrefix",
            "module.aci.module.aci_vrf.aci_rest_managed.leakInternalSubnet",
            "module.aci.module.aci_vrf.aci_rest_managed.leakRoutes",
            "module.aci.module.aci_vrf.aci_rest_managed.leakTo_external",
            "module.aci.module.aci_vrf.aci_rest_managed.leakTo_internal",
            "module.aci.module.aci_vrf.aci_rest_managed.pimASMPatPol",
            "module.aci.module.aci_vrf.aci_rest_managed.pimAutoRPPol",
            "module.aci.module.aci_vrf.aci_rest_managed.pimBSRFilterPol",
            "module.aci.module.aci_vrf.aci_rest_managed.pimBSRPPol",
            "module.aci.module.aci_vrf.aci_rest_managed.pimCtxP",
            "module.aci.module.aci_vrf.aci_rest_managed.pimFabricRPPol",
            "module.aci.module.aci_vrf.aci_rest_managed.pimInterVRFEntryPol",
            "module.aci.module.aci_vrf.aci_rest_managed.pimInterVRFPol",
            "module.aci.module.aci_vrf.aci_rest_managed.pimMAFilterPol",
            "module.aci.module.aci_vrf.aci_rest_managed.pimRPGrpRangePol_fabric_rp",
            "module.aci.module.aci_vrf.aci_rest_managed.pimRPGrpRangePol_static_rp",
            "module.aci.module.aci_vrf.aci_rest_managed.pimRegTrPol",
            "module.aci.module.aci_vrf.aci_rest_managed.pimResPol",
            "module.aci.module.aci_vrf.aci_rest_managed.pimSGRangeExpPol",
            "module.aci.module.aci_vrf.aci_rest_managed.pimSSMPatPol",
            "module.aci.module.aci_vrf.aci_rest_managed.pimSSMRangePol",
            "module.aci.module.aci_vrf.aci_rest_managed.pimSharedRangePol",
            "module.aci.module.aci_vrf.aci_rest_managed.pimStaticRPEntryPol_fabric_rp",
            "module.aci.module.aci_vrf.aci_rest_managed.pimStaticRPEntryPol_static_rp",
            "module.aci.module.aci_vrf.aci_rest_managed.pimStaticRPPol",
            "module.aci.module.aci_vrf.aci_rest_managed.rtdmcRsFilterToRtMapPol_asm_sg_expiry",
            "module.aci.module.aci_vrf.aci_rest_managed.rtdmcRsFilterToRtMapPol_asm_shared",
            "module.aci.module.aci_vrf.aci_rest_managed.rtdmcRsFilterToRtMapPol_auto_rp",
            "module.aci.module.aci_vrf.aci_rest_managed.rtdmcRsFilterToRtMapPol_bsr",
            "module.aci.module.aci_vrf.aci_rest_managed.rtdmcRsFilterToRtMapPol_fabric_rp",
            "module.aci.module.aci_vrf.aci_rest_managed.rtdmcRsFilterToRtMapPol_pim_inter_vrf",
            "module.aci.module.aci_vrf.aci_rest_managed.rtdmcRsFilterToRtMapPol_ssm_range",
            "module.aci.module.aci_vrf.aci_rest_managed.rtdmcRsFilterToRtMapPol_static_rp",
            "module.aci.module.aci_vrf.aci_rest_managed.vzAny",
            "module.aci.module.aci_vrf.aci_rest_managed.vzRsAnyToCons",
            "module.aci.module.aci_vrf.aci_rest_managed.vzRsAnyToConsIf",
            "module.aci.module.aci_vrf.aci_rest_managed.vzRsAnyToProv"
          ]
        }
      ]
    },
    {
      "module": "module.aci.module.aci_l3out_interface_profile_manual[\"demo-05/demo-05.vrf-01-bgp-AS-65151/border-leafs/hx-dev-01-fi-a-vlan-11\"]",
      "mode": "managed",
      "type": "aci_rest_managed",
      "name": "bgpPeerP",
      "provider": "provider[\"registry.terraform.io/ciscodevnet/aci\"]",
      "instances": [
        {
          "index_key": "topology/pod-1/paths-101/pathep-[hx-dev-01-fi-a]/10.237.99.60/29",
          "schema_version": 0,
          "attributes": {
            "annotation": "orchestrator:terraform",
            "child": [],
            "class_name": "bgpPeerP",
            "content": {
              "addr": "10.237.99.60/29",
              "addrTCtrl": "af-mcast,af-ucast",
              "adminSt": "enabled",
              "allowedSelfAsCnt": "3",
              "connectivityType": null,
              "ctrl": "",
              "descr": "",
              "password": null,
              "peerCtrl": "",
              "privateASctrl": "",
              "ttl": "1",
              "weight": "0"
            },
            "dn": "uni/tn-demo-05/out-demo-05.vrf-01-bgp-AS-65151/lnodep-border-leafs/lifp-hx-dev-01-fi-a-vlan-11/rspathL3OutAtt-[topology/pod-1/paths-101/pathep-[hx-dev-01-fi-a]]/peerP-[10.237.99.60/29]",
            "id": "uni/tn-demo-05/out-demo-05.vrf-01-bgp-AS-65151/lnodep-border-leafs/lifp-hx-dev-01-fi-a-vlan-11/rspathL3OutAtt-[topology/pod-1/paths-101/pathep-[hx-dev-01-fi-a]]/peerP-[10.237.99.60/29]"
          },
          "sensitive_attributes": [
            [
              {
                "type": "get_attr",
                "value": "content"
              },
              {
                "type": "index",
                "value": {
                  "value": "password",
                  "type": "string"
                }
              }
            ]
          ],
          "dependencies": [
            "module.aci.data.utils_yaml_merge.defaults",
            "module.aci.data.utils_yaml_merge.model",
            "module.aci.data.utils_yaml_merge.modules",
            "module.aci.module.aci_bfd_interface_policy.aci_rest_managed.bfdIfPol",
            "module.aci.module.aci_bgp_timer_policy.aci_rest_managed.bgpCtxPol",
            "module.aci.module.aci_contract.aci_rest_managed.vzBrCP",
            "module.aci.module.aci_contract.aci_rest_managed.vzRsSubjFiltAtt",
            "module.aci.module.aci_contract.aci_rest_managed.vzRsSubjGraphAtt",
            "module.aci.module.aci_contract.aci_rest_managed.vzSubj",
            "module.aci.module.aci_eigrp_interface_policy.aci_rest_managed.eigrpIfPol",
            "module.aci.module.aci_filter.aci_rest_managed.vzEntry",
            "module.aci.module.aci_filter.aci_rest_managed.vzFilter",
            "module.aci.module.aci_imported_contract.aci_rest_managed.vzCPIf",
            "module.aci.module.aci_imported_contract.aci_rest_managed.vzRsIf",
            "module.aci.module.aci_l3out.aci_rest_managed.bgpExtP",
            "module.aci.module.aci_l3out.aci_rest_managed.eigrpExtP",
            "module.aci.module.aci_l3out.aci_rest_managed.l3extConsLbl",
            "module.aci.module.aci_l3out.aci_rest_managed.l3extDefaultRouteLeakP",
            "module.aci.module.aci_l3out.aci_rest_managed.l3extInstP_sr_mpls",
            "module.aci.module.aci_l3out.aci_rest_managed.l3extOut",
            "module.aci.module.aci_l3out.aci_rest_managed.l3extProvLbl",
            "module.aci.module.aci_l3out.aci_rest_managed.l3extRsDampeningPol_ipv4",
            "module.aci.module.aci_l3out.aci_rest_managed.l3extRsDampeningPol_ipv6",
            "module.aci.module.aci_l3out.aci_rest_managed.l3extRsEctx",
            "module.aci.module.aci_l3out.aci_rest_managed.l3extRsInterleakPol",
            "module.aci.module.aci_l3out.aci_rest_managed.l3extRsL3DomAtt",
            "module.aci.module.aci_l3out.aci_rest_managed.l3extRsLblToProfile_export",
            "module.aci.module.aci_l3out.aci_rest_managed.l3extRsLblToProfile_import",
            "module.aci.module.aci_l3out.aci_rest_managed.l3extRsRedistributePol",
            "module.aci.module.aci_l3out.aci_rest_managed.mplsExtP",
            "module.aci.module.aci_l3out.aci_rest_managed.mplsRsLabelPol",
            "module.aci.module.aci_l3out.aci_rest_managed.ospfExtP",
            "module.aci.module.aci_l3out.aci_rest_managed.pimExtP",
            "module.aci.module.aci_l3out.aci_rest_managed.rtctrlCtxP_export",
            "module.aci.module.aci_l3out.aci_rest_managed.rtctrlCtxP_import",
            "module.aci.module.aci_l3out.aci_rest_managed.rtctrlProfile_export",
            "module.aci.module.aci_l3out.aci_rest_managed.rtctrlProfile_import",
            "module.aci.module.aci_l3out.aci_rest_managed.rtctrlRsCtxPToSubjP_export",
            "module.aci.module.aci_l3out.aci_rest_managed.rtctrlRsCtxPToSubjP_import",
            "module.aci.module.aci_l3out.aci_rest_managed.rtctrlRsScopeToAttrP_export",
            "module.aci.module.aci_l3out.aci_rest_managed.rtctrlRsScopeToAttrP_import",
            "module.aci.module.aci_l3out.aci_rest_managed.rtctrlScope_export",
            "module.aci.module.aci_l3out.aci_rest_managed.rtctrlScope_import",
            "module.aci.module.aci_l3out_interface_profile_manual.aci_rest_managed.l3extLIfP",
            "module.aci.module.aci_l3out_interface_profile_manual.aci_rest_managed.l3extRsPathL3OutAtt",
            "module.aci.module.aci_l3out_node_profile_manual.aci_rest_managed.bfdMhNodeP",
            "module.aci.module.aci_l3out_node_profile_manual.aci_rest_managed.bfdRsMhNodePol",
            "module.aci.module.aci_l3out_node_profile_manual.aci_rest_managed.bgpAsP",
            "module.aci.module.aci_l3out_node_profile_manual.aci_rest_managed.bgpAsP-bgpInfraPeerP",
            "module.aci.module.aci_l3out_node_profile_manual.aci_rest_managed.bgpInfraPeerP",
            "module.aci.module.aci_l3out_node_profile_manual.aci_rest_managed.bgpLocalAsnP",
            "module.aci.module.aci_l3out_node_profile_manual.aci_rest_managed.bgpLocalAsnP-bgpInfraPeerP",
            "module.aci.module.aci_l3out_node_profile_manual.aci_rest_managed.bgpPeerP",
            "module.aci.module.aci_l3out_node_profile_manual.aci_rest_managed.bgpRsPeerPfxPol",
            "module.aci.module.aci_l3out_node_profile_manual.aci_rest_managed.bgpRsPeerPfxPol-bgpInfraPeerP",
            "module.aci.module.aci_l3out_node_profile_manual.aci_rest_managed.bgpRsPeerToProfile_export",
            "module.aci.module.aci_l3out_node_profile_manual.aci_rest_managed.bgpRsPeerToProfile_import",
            "module.aci.module.aci_l3out_node_profile_manual.aci_rest_managed.ipNexthopP",
            "module.aci.module.aci_l3out_node_profile_manual.aci_rest_managed.ipRouteP",
            "module.aci.module.aci_l3out_node_profile_manual.aci_rest_managed.l3extInfraNodeP",
            "module.aci.module.aci_l3out_node_profile_manual.aci_rest_managed.l3extLNodeP",
            "module.aci.module.aci_l3out_node_profile_manual.aci_rest_managed.l3extLoopBackIfP",
            "module.aci.module.aci_l3out_node_profile_manual.aci_rest_managed.l3extRsLNodePMplsCustQosPol",
            "module.aci.module.aci_l3out_node_profile_manual.aci_rest_managed.l3extRsNodeL3OutAtt",
            "module.aci.module.aci_l3out_node_profile_manual.aci_rest_managed.mplsNodeSidP",
            "module.aci.module.aci_match_rule.aci_rest_managed.rtctrlMatchCommFactor",
            "module.aci.module.aci_match_rule.aci_rest_managed.rtctrlMatchCommRegexTerm",
            "module.aci.module.aci_match_rule.aci_rest_managed.rtctrlMatchCommTerm",
            "module.aci.module.aci_match_rule.aci_rest_managed.rtctrlMatchRtDest",
            "module.aci.module.aci_match_rule.aci_rest_managed.rtctrlSubjP",
            "module.aci.module.aci_ospf_interface_policy.aci_rest_managed.ospfIfPol",
            "module.aci.module.aci_set_rule.aci_rest_managed.rtctrlAttrP",
            "module.aci.module.aci_set_rule.aci_rest_managed.rtctrlRsSetPolicyTagToInstP",
            "module.aci.module.aci_set_rule.aci_rest_managed.rtctrlSetASPath",
            "module.aci.module.aci_set_rule.aci_rest_managed.rtctrlSetASPathASN",
            "module.aci.module.aci_set_rule.aci_rest_managed.rtctrlSetAddComm",
            "module.aci.module.aci_set_rule.aci_rest_managed.rtctrlSetComm",
            "module.aci.module.aci_set_rule.aci_rest_managed.rtctrlSetDamp",
            "module.aci.module.aci_set_rule.aci_rest_managed.rtctrlSetNh",
            "module.aci.module.aci_set_rule.aci_rest_managed.rtctrlSetNhUnchanged",
            "module.aci.module.aci_set_rule.aci_rest_managed.rtctrlSetPolicyTag",
            "module.aci.module.aci_set_rule.aci_rest_managed.rtctrlSetPref",
            "module.aci.module.aci_set_rule.aci_rest_managed.rtctrlSetRedistMultipath",
            "module.aci.module.aci_set_rule.aci_rest_managed.rtctrlSetRtMetric",
            "module.aci.module.aci_set_rule.aci_rest_managed.rtctrlSetRtMetricType",
            "module.aci.module.aci_set_rule.aci_rest_managed.rtctrlSetTag",
            "module.aci.module.aci_set_rule.aci_rest_managed.rtctrlSetWeight",
            "module.aci.module.aci_tenant.aci_rest_managed.aaaDomainRef",
            "module.aci.module.aci_tenant.aci_rest_managed.fvTenant",
            "module.aci.module.aci_vrf.aci_rest_managed.bgpRtTargetP_ipv4",
            "module.aci.module.aci_vrf.aci_rest_managed.bgpRtTargetP_ipv6",
            "module.aci.module.aci_vrf.aci_rest_managed.bgpRtTarget_ipv4_export",
            "module.aci.module.aci_vrf.aci_rest_managed.bgpRtTarget_ipv4_import",
            "module.aci.module.aci_vrf.aci_rest_managed.bgpRtTarget_ipv6_export",
            "module.aci.module.aci_vrf.aci_rest_managed.bgpRtTarget_ipv6_import",
            "module.aci.module.aci_vrf.aci_rest_managed.dnsLbl",
            "module.aci.module.aci_vrf.aci_rest_managed.fvCtx",
            "module.aci.module.aci_vrf.aci_rest_managed.fvRsBgpCtxPol",
            "module.aci.module.aci_vrf.aci_rest_managed.fvRsCtxToBgpCtxAfPol_ipv4",
            "module.aci.module.aci_vrf.aci_rest_managed.fvRsCtxToBgpCtxAfPol_ipv6",
            "module.aci.module.aci_vrf.aci_rest_managed.fvRsCtxToExtRouteTagPol",
            "module.aci.module.aci_vrf.aci_rest_managed.fvRsCtxToOspfCtxPol_ipv4",
            "module.aci.module.aci_vrf.aci_rest_managed.fvRsCtxToOspfCtxPol_ipv6",
            "module.aci.module.aci_vrf.aci_rest_managed.fvRsOspfCtxPol",
            "module.aci.module.aci_vrf.aci_rest_managed.igmpCtxP",
            "module.aci.module.aci_vrf.aci_rest_managed.igmpSSMXlateP",
            "module.aci.module.aci_vrf.aci_rest_managed.leakExternalPrefix",
            "module.aci.module.aci_vrf.aci_rest_managed.leakInternalSubnet",
            "module.aci.module.aci_vrf.aci_rest_managed.leakRoutes",
            "module.aci.module.aci_vrf.aci_rest_managed.leakTo_external",
            "module.aci.module.aci_vrf.aci_rest_managed.leakTo_internal",
            "module.aci.module.aci_vrf.aci_rest_managed.pimASMPatPol",
            "module.aci.module.aci_vrf.aci_rest_managed.pimAutoRPPol",
            "module.aci.module.aci_vrf.aci_rest_managed.pimBSRFilterPol",
            "module.aci.module.aci_vrf.aci_rest_managed.pimBSRPPol",
            "module.aci.module.aci_vrf.aci_rest_managed.pimCtxP",
            "module.aci.module.aci_vrf.aci_rest_managed.pimFabricRPPol",
            "module.aci.module.aci_vrf.aci_rest_managed.pimInterVRFEntryPol",
            "module.aci.module.aci_vrf.aci_rest_managed.pimInterVRFPol",
            "module.aci.module.aci_vrf.aci_rest_managed.pimMAFilterPol",
            "module.aci.module.aci_vrf.aci_rest_managed.pimRPGrpRangePol_fabric_rp",
            "module.aci.module.aci_vrf.aci_rest_managed.pimRPGrpRangePol_static_rp",
            "module.aci.module.aci_vrf.aci_rest_managed.pimRegTrPol",
            "module.aci.module.aci_vrf.aci_rest_managed.pimResPol",
            "module.aci.module.aci_vrf.aci_rest_managed.pimSGRangeExpPol",
            "module.aci.module.aci_vrf.aci_rest_managed.pimSSMPatPol",
            "module.aci.module.aci_vrf.aci_rest_managed.pimSSMRangePol",
            "module.aci.module.aci_vrf.aci_rest_managed.pimSharedRangePol",
            "module.aci.module.aci_vrf.aci_rest_managed.pimStaticRPEntryPol_fabric_rp",
            "module.aci.module.aci_vrf.aci_rest_managed.pimStaticRPEntryPol_static_rp",
            "module.aci.module.aci_vrf.aci_rest_managed.pimStaticRPPol",
            "module.aci.module.aci_vrf.aci_rest_managed.rtdmcRsFilterToRtMapPol_asm_sg_expiry",
            "module.aci.module.aci_vrf.aci_rest_managed.rtdmcRsFilterToRtMapPol_asm_shared",
            "module.aci.module.aci_vrf.aci_rest_managed.rtdmcRsFilterToRtMapPol_auto_rp",
            "module.aci.module.aci_vrf.aci_rest_managed.rtdmcRsFilterToRtMapPol_bsr",
            "module.aci.module.aci_vrf.aci_rest_managed.rtdmcRsFilterToRtMapPol_fabric_rp",
            "module.aci.module.aci_vrf.aci_rest_managed.rtdmcRsFilterToRtMapPol_pim_inter_vrf",
            "module.aci.module.aci_vrf.aci_rest_managed.rtdmcRsFilterToRtMapPol_ssm_range",
            "module.aci.module.aci_vrf.aci_rest_managed.rtdmcRsFilterToRtMapPol_static_rp",
            "module.aci.module.aci_vrf.aci_rest_managed.vzAny",
            "module.aci.module.aci_vrf.aci_rest_managed.vzRsAnyToCons",
            "module.aci.module.aci_vrf.aci_rest_managed.vzRsAnyToConsIf",
            "module.aci.module.aci_vrf.aci_rest_managed.vzRsAnyToProv"
          ]
        }
      ]
    },
    {
      "module": "module.aci.module.aci_l3out_interface_profile_manual[\"demo-05/demo-05.vrf-01-bgp-AS-65151/border-leafs/hx-dev-01-fi-a-vlan-11\"]",
      "mode": "managed",
      "type": "aci_rest_managed",
      "name": "l3extLIfP",
      "provider": "provider[\"registry.terraform.io/ciscodevnet/aci\"]",
      "instances": [
        {
          "schema_version": 0,
          "attributes": {
            "annotation": "orchestrator:terraform",
            "child": [],
            "class_name": "l3extLIfP",
            "content": {
              "name": "hx-dev-01-fi-a-vlan-11",
              "prio": "unspecified"
            },
            "dn": "uni/tn-demo-05/out-demo-05.vrf-01-bgp-AS-65151/lnodep-border-leafs/lifp-hx-dev-01-fi-a-vlan-11",
            "id": "uni/tn-demo-05/out-demo-05.vrf-01-bgp-AS-65151/lnodep-border-leafs/lifp-hx-dev-01-fi-a-vlan-11"
          },
          "sensitive_attributes": [],
          "dependencies": [
            "module.aci.data.utils_yaml_merge.defaults",
            "module.aci.data.utils_yaml_merge.model",
            "module.aci.data.utils_yaml_merge.modules",
            "module.aci.module.aci_bfd_interface_policy.aci_rest_managed.bfdIfPol",
            "module.aci.module.aci_bgp_timer_policy.aci_rest_managed.bgpCtxPol",
            "module.aci.module.aci_contract.aci_rest_managed.vzBrCP",
            "module.aci.module.aci_contract.aci_rest_managed.vzRsSubjFiltAtt",
            "module.aci.module.aci_contract.aci_rest_managed.vzRsSubjGraphAtt",
            "module.aci.module.aci_contract.aci_rest_managed.vzSubj",
            "module.aci.module.aci_eigrp_interface_policy.aci_rest_managed.eigrpIfPol",
            "module.aci.module.aci_filter.aci_rest_managed.vzEntry",
            "module.aci.module.aci_filter.aci_rest_managed.vzFilter",
            "module.aci.module.aci_imported_contract.aci_rest_managed.vzCPIf",
            "module.aci.module.aci_imported_contract.aci_rest_managed.vzRsIf",
            "module.aci.module.aci_l3out.aci_rest_managed.bgpExtP",
            "module.aci.module.aci_l3out.aci_rest_managed.eigrpExtP",
            "module.aci.module.aci_l3out.aci_rest_managed.l3extConsLbl",
            "module.aci.module.aci_l3out.aci_rest_managed.l3extDefaultRouteLeakP",
            "module.aci.module.aci_l3out.aci_rest_managed.l3extInstP_sr_mpls",
            "module.aci.module.aci_l3out.aci_rest_managed.l3extOut",
            "module.aci.module.aci_l3out.aci_rest_managed.l3extProvLbl",
            "module.aci.module.aci_l3out.aci_rest_managed.l3extRsDampeningPol_ipv4",
            "module.aci.module.aci_l3out.aci_rest_managed.l3extRsDampeningPol_ipv6",
            "module.aci.module.aci_l3out.aci_rest_managed.l3extRsEctx",
            "module.aci.module.aci_l3out.aci_rest_managed.l3extRsInterleakPol",
            "module.aci.module.aci_l3out.aci_rest_managed.l3extRsL3DomAtt",
            "module.aci.module.aci_l3out.aci_rest_managed.l3extRsLblToProfile_export",
            "module.aci.module.aci_l3out.aci_rest_managed.l3extRsLblToProfile_import",
            "module.aci.module.aci_l3out.aci_rest_managed.l3extRsRedistributePol",
            "module.aci.module.aci_l3out.aci_rest_managed.mplsExtP",
            "module.aci.module.aci_l3out.aci_rest_managed.mplsRsLabelPol",
            "module.aci.module.aci_l3out.aci_rest_managed.ospfExtP",
            "module.aci.module.aci_l3out.aci_rest_managed.pimExtP",
            "module.aci.module.aci_l3out.aci_rest_managed.rtctrlCtxP_export",
            "module.aci.module.aci_l3out.aci_rest_managed.rtctrlCtxP_import",
            "module.aci.module.aci_l3out.aci_rest_managed.rtctrlProfile_export",
            "module.aci.module.aci_l3out.aci_rest_managed.rtctrlProfile_import",
            "module.aci.module.aci_l3out.aci_rest_managed.rtctrlRsCtxPToSubjP_export",
            "module.aci.module.aci_l3out.aci_rest_managed.rtctrlRsCtxPToSubjP_import",
            "module.aci.module.aci_l3out.aci_rest_managed.rtctrlRsScopeToAttrP_export",
            "module.aci.module.aci_l3out.aci_rest_managed.rtctrlRsScopeToAttrP_import",
            "module.aci.module.aci_l3out.aci_rest_managed.rtctrlScope_export",
            "module.aci.module.aci_l3out.aci_rest_managed.rtctrlScope_import",
            "module.aci.module.aci_l3out_node_profile_manual.aci_rest_managed.bfdMhNodeP",
            "module.aci.module.aci_l3out_node_profile_manual.aci_rest_managed.bfdRsMhNodePol",
            "module.aci.module.aci_l3out_node_profile_manual.aci_rest_managed.bgpAsP",
            "module.aci.module.aci_l3out_node_profile_manual.aci_rest_managed.bgpAsP-bgpInfraPeerP",
            "module.aci.module.aci_l3out_node_profile_manual.aci_rest_managed.bgpInfraPeerP",
            "module.aci.module.aci_l3out_node_profile_manual.aci_rest_managed.bgpLocalAsnP",
            "module.aci.module.aci_l3out_node_profile_manual.aci_rest_managed.bgpLocalAsnP-bgpInfraPeerP",
            "module.aci.module.aci_l3out_node_profile_manual.aci_rest_managed.bgpPeerP",
            "module.aci.module.aci_l3out_node_profile_manual.aci_rest_managed.bgpRsPeerPfxPol",
            "module.aci.module.aci_l3out_node_profile_manual.aci_rest_managed.bgpRsPeerPfxPol-bgpInfraPeerP",
            "module.aci.module.aci_l3out_node_profile_manual.aci_rest_managed.bgpRsPeerToProfile_export",
            "module.aci.module.aci_l3out_node_profile_manual.aci_rest_managed.bgpRsPeerToProfile_import",
            "module.aci.module.aci_l3out_node_profile_manual.aci_rest_managed.ipNexthopP",
            "module.aci.module.aci_l3out_node_profile_manual.aci_rest_managed.ipRouteP",
            "module.aci.module.aci_l3out_node_profile_manual.aci_rest_managed.l3extInfraNodeP",
            "module.aci.module.aci_l3out_node_profile_manual.aci_rest_managed.l3extLNodeP",
            "module.aci.module.aci_l3out_node_profile_manual.aci_rest_managed.l3extLoopBackIfP",
            "module.aci.module.aci_l3out_node_profile_manual.aci_rest_managed.l3extRsLNodePMplsCustQosPol",
            "module.aci.module.aci_l3out_node_profile_manual.aci_rest_managed.l3extRsNodeL3OutAtt",
            "module.aci.module.aci_l3out_node_profile_manual.aci_rest_managed.mplsNodeSidP",
            "module.aci.module.aci_match_rule.aci_rest_managed.rtctrlMatchCommFactor",
            "module.aci.module.aci_match_rule.aci_rest_managed.rtctrlMatchCommRegexTerm",
            "module.aci.module.aci_match_rule.aci_rest_managed.rtctrlMatchCommTerm",
            "module.aci.module.aci_match_rule.aci_rest_managed.rtctrlMatchRtDest",
            "module.aci.module.aci_match_rule.aci_rest_managed.rtctrlSubjP",
            "module.aci.module.aci_ospf_interface_policy.aci_rest_managed.ospfIfPol",
            "module.aci.module.aci_set_rule.aci_rest_managed.rtctrlAttrP",
            "module.aci.module.aci_set_rule.aci_rest_managed.rtctrlRsSetPolicyTagToInstP",
            "module.aci.module.aci_set_rule.aci_rest_managed.rtctrlSetASPath",
            "module.aci.module.aci_set_rule.aci_rest_managed.rtctrlSetASPathASN",
            "module.aci.module.aci_set_rule.aci_rest_managed.rtctrlSetAddComm",
            "module.aci.module.aci_set_rule.aci_rest_managed.rtctrlSetComm",
            "module.aci.module.aci_set_rule.aci_rest_managed.rtctrlSetDamp",
            "module.aci.module.aci_set_rule.aci_rest_managed.rtctrlSetNh",
            "module.aci.module.aci_set_rule.aci_rest_managed.rtctrlSetNhUnchanged",
            "module.aci.module.aci_set_rule.aci_rest_managed.rtctrlSetPolicyTag",
            "module.aci.module.aci_set_rule.aci_rest_managed.rtctrlSetPref",
            "module.aci.module.aci_set_rule.aci_rest_managed.rtctrlSetRedistMultipath",
            "module.aci.module.aci_set_rule.aci_rest_managed.rtctrlSetRtMetric",
            "module.aci.module.aci_set_rule.aci_rest_managed.rtctrlSetRtMetricType",
            "module.aci.module.aci_set_rule.aci_rest_managed.rtctrlSetTag",
            "module.aci.module.aci_set_rule.aci_rest_managed.rtctrlSetWeight",
            "module.aci.module.aci_tenant.aci_rest_managed.aaaDomainRef",
            "module.aci.module.aci_tenant.aci_rest_managed.fvTenant",
            "module.aci.module.aci_vrf.aci_rest_managed.bgpRtTargetP_ipv4",
            "module.aci.module.aci_vrf.aci_rest_managed.bgpRtTargetP_ipv6",
            "module.aci.module.aci_vrf.aci_rest_managed.bgpRtTarget_ipv4_export",
            "module.aci.module.aci_vrf.aci_rest_managed.bgpRtTarget_ipv4_import",
            "module.aci.module.aci_vrf.aci_rest_managed.bgpRtTarget_ipv6_export",
            "module.aci.module.aci_vrf.aci_rest_managed.bgpRtTarget_ipv6_import",
            "module.aci.module.aci_vrf.aci_rest_managed.dnsLbl",
            "module.aci.module.aci_vrf.aci_rest_managed.fvCtx",
            "module.aci.module.aci_vrf.aci_rest_managed.fvRsBgpCtxPol",
            "module.aci.module.aci_vrf.aci_rest_managed.fvRsCtxToBgpCtxAfPol_ipv4",
            "module.aci.module.aci_vrf.aci_rest_managed.fvRsCtxToBgpCtxAfPol_ipv6",
            "module.aci.module.aci_vrf.aci_rest_managed.fvRsCtxToExtRouteTagPol",
            "module.aci.module.aci_vrf.aci_rest_managed.fvRsCtxToOspfCtxPol_ipv4",
            "module.aci.module.aci_vrf.aci_rest_managed.fvRsCtxToOspfCtxPol_ipv6",
            "module.aci.module.aci_vrf.aci_rest_managed.fvRsOspfCtxPol",
            "module.aci.module.aci_vrf.aci_rest_managed.igmpCtxP",
            "module.aci.module.aci_vrf.aci_rest_managed.igmpSSMXlateP",
            "module.aci.module.aci_vrf.aci_rest_managed.leakExternalPrefix",
            "module.aci.module.aci_vrf.aci_rest_managed.leakInternalSubnet",
            "module.aci.module.aci_vrf.aci_rest_managed.leakRoutes",
            "module.aci.module.aci_vrf.aci_rest_managed.leakTo_external",
            "module.aci.module.aci_vrf.aci_rest_managed.leakTo_internal",
            "module.aci.module.aci_vrf.aci_rest_managed.pimASMPatPol",
            "module.aci.module.aci_vrf.aci_rest_managed.pimAutoRPPol",
            "module.aci.module.aci_vrf.aci_rest_managed.pimBSRFilterPol",
            "module.aci.module.aci_vrf.aci_rest_managed.pimBSRPPol",
            "module.aci.module.aci_vrf.aci_rest_managed.pimCtxP",
            "module.aci.module.aci_vrf.aci_rest_managed.pimFabricRPPol",
            "module.aci.module.aci_vrf.aci_rest_managed.pimInterVRFEntryPol",
            "module.aci.module.aci_vrf.aci_rest_managed.pimInterVRFPol",
            "module.aci.module.aci_vrf.aci_rest_managed.pimMAFilterPol",
            "module.aci.module.aci_vrf.aci_rest_managed.pimRPGrpRangePol_fabric_rp",
            "module.aci.module.aci_vrf.aci_rest_managed.pimRPGrpRangePol_static_rp",
            "module.aci.module.aci_vrf.aci_rest_managed.pimRegTrPol",
            "module.aci.module.aci_vrf.aci_rest_managed.pimResPol",
            "module.aci.module.aci_vrf.aci_rest_managed.pimSGRangeExpPol",
            "module.aci.module.aci_vrf.aci_rest_managed.pimSSMPatPol",
            "module.aci.module.aci_vrf.aci_rest_managed.pimSSMRangePol",
            "module.aci.module.aci_vrf.aci_rest_managed.pimSharedRangePol",
            "module.aci.module.aci_vrf.aci_rest_managed.pimStaticRPEntryPol_fabric_rp",
            "module.aci.module.aci_vrf.aci_rest_managed.pimStaticRPEntryPol_static_rp",
            "module.aci.module.aci_vrf.aci_rest_managed.pimStaticRPPol",
            "module.aci.module.aci_vrf.aci_rest_managed.rtdmcRsFilterToRtMapPol_asm_sg_expiry",
            "module.aci.module.aci_vrf.aci_rest_managed.rtdmcRsFilterToRtMapPol_asm_shared",
            "module.aci.module.aci_vrf.aci_rest_managed.rtdmcRsFilterToRtMapPol_auto_rp",
            "module.aci.module.aci_vrf.aci_rest_managed.rtdmcRsFilterToRtMapPol_bsr",
            "module.aci.module.aci_vrf.aci_rest_managed.rtdmcRsFilterToRtMapPol_fabric_rp",
            "module.aci.module.aci_vrf.aci_rest_managed.rtdmcRsFilterToRtMapPol_pim_inter_vrf",
            "module.aci.module.aci_vrf.aci_rest_managed.rtdmcRsFilterToRtMapPol_ssm_range",
            "module.aci.module.aci_vrf.aci_rest_managed.rtdmcRsFilterToRtMapPol_static_rp",
            "module.aci.module.aci_vrf.aci_rest_managed.vzAny",
            "module.aci.module.aci_vrf.aci_rest_managed.vzRsAnyToCons",
            "module.aci.module.aci_vrf.aci_rest_managed.vzRsAnyToConsIf",
            "module.aci.module.aci_vrf.aci_rest_managed.vzRsAnyToProv"
          ]
        }
      ]
    },
    {
      "module": "module.aci.module.aci_l3out_interface_profile_manual[\"demo-05/demo-05.vrf-01-bgp-AS-65151/border-leafs/hx-dev-01-fi-a-vlan-11\"]",
      "mode": "managed",
      "type": "aci_rest_managed",
      "name": "l3extRsPathL3OutAtt",
      "provider": "provider[\"registry.terraform.io/ciscodevnet/aci\"]",
      "instances": [
        {
          "index_key": "topology/pod-1/paths-101/pathep-[hx-dev-01-fi-a]",
          "schema_version": 0,
          "attributes": {
            "annotation": "orchestrator:terraform",
            "child": [],
            "class_name": "l3extRsPathL3OutAtt",
            "content": {
              "addr": "10.237.99.57/29",
              "autostate": "disabled",
              "descr": "",
              "encap": "vlan-11",
              "encapScope": "local",
              "ifInstT": "ext-svi",
              "ipv6Dad": "enabled",
              "isMultiPodDirect": null,
              "llAddr": "::",
              "mac": "00:22:BD:F8:19:FF",
              "mode": "regular",
              "mtu": "1500",
              "tDn": "topology/pod-1/paths-101/pathep-[hx-dev-01-fi-a]"
            },
            "dn": "uni/tn-demo-05/out-demo-05.vrf-01-bgp-AS-65151/lnodep-border-leafs/lifp-hx-dev-01-fi-a-vlan-11/rspathL3OutAtt-[topology/pod-1/paths-101/pathep-[hx-dev-01-fi-a]]",
            "id": "uni/tn-demo-05/out-demo-05.vrf-01-bgp-AS-65151/lnodep-border-leafs/lifp-hx-dev-01-fi-a-vlan-11/rspathL3OutAtt-[topology/pod-1/paths-101/pathep-[hx-dev-01-fi-a]]"
          },
          "sensitive_attributes": [],
          "dependencies": [
            "module.aci.data.utils_yaml_merge.defaults",
            "module.aci.data.utils_yaml_merge.model",
            "module.aci.data.utils_yaml_merge.modules",
            "module.aci.module.aci_bfd_interface_policy.aci_rest_managed.bfdIfPol",
            "module.aci.module.aci_bgp_timer_policy.aci_rest_managed.bgpCtxPol",
            "module.aci.module.aci_contract.aci_rest_managed.vzBrCP",
            "module.aci.module.aci_contract.aci_rest_managed.vzRsSubjFiltAtt",
            "module.aci.module.aci_contract.aci_rest_managed.vzRsSubjGraphAtt",
            "module.aci.module.aci_contract.aci_rest_managed.vzSubj",
            "module.aci.module.aci_eigrp_interface_policy.aci_rest_managed.eigrpIfPol",
            "module.aci.module.aci_filter.aci_rest_managed.vzEntry",
            "module.aci.module.aci_filter.aci_rest_managed.vzFilter",
            "module.aci.module.aci_imported_contract.aci_rest_managed.vzCPIf",
            "module.aci.module.aci_imported_contract.aci_rest_managed.vzRsIf",
            "module.aci.module.aci_l3out.aci_rest_managed.bgpExtP",
            "module.aci.module.aci_l3out.aci_rest_managed.eigrpExtP",
            "module.aci.module.aci_l3out.aci_rest_managed.l3extConsLbl",
            "module.aci.module.aci_l3out.aci_rest_managed.l3extDefaultRouteLeakP",
            "module.aci.module.aci_l3out.aci_rest_managed.l3extInstP_sr_mpls",
            "module.aci.module.aci_l3out.aci_rest_managed.l3extOut",
            "module.aci.module.aci_l3out.aci_rest_managed.l3extProvLbl",
            "module.aci.module.aci_l3out.aci_rest_managed.l3extRsDampeningPol_ipv4",
            "module.aci.module.aci_l3out.aci_rest_managed.l3extRsDampeningPol_ipv6",
            "module.aci.module.aci_l3out.aci_rest_managed.l3extRsEctx",
            "module.aci.module.aci_l3out.aci_rest_managed.l3extRsInterleakPol",
            "module.aci.module.aci_l3out.aci_rest_managed.l3extRsL3DomAtt",
            "module.aci.module.aci_l3out.aci_rest_managed.l3extRsLblToProfile_export",
            "module.aci.module.aci_l3out.aci_rest_managed.l3extRsLblToProfile_import",
            "module.aci.module.aci_l3out.aci_rest_managed.l3extRsRedistributePol",
            "module.aci.module.aci_l3out.aci_rest_managed.mplsExtP",
            "module.aci.module.aci_l3out.aci_rest_managed.mplsRsLabelPol",
            "module.aci.module.aci_l3out.aci_rest_managed.ospfExtP",
            "module.aci.module.aci_l3out.aci_rest_managed.pimExtP",
            "module.aci.module.aci_l3out.aci_rest_managed.rtctrlCtxP_export",
            "module.aci.module.aci_l3out.aci_rest_managed.rtctrlCtxP_import",
            "module.aci.module.aci_l3out.aci_rest_managed.rtctrlProfile_export",
            "module.aci.module.aci_l3out.aci_rest_managed.rtctrlProfile_import",
            "module.aci.module.aci_l3out.aci_rest_managed.rtctrlRsCtxPToSubjP_export",
            "module.aci.module.aci_l3out.aci_rest_managed.rtctrlRsCtxPToSubjP_import",
            "module.aci.module.aci_l3out.aci_rest_managed.rtctrlRsScopeToAttrP_export",
            "module.aci.module.aci_l3out.aci_rest_managed.rtctrlRsScopeToAttrP_import",
            "module.aci.module.aci_l3out.aci_rest_managed.rtctrlScope_export",
            "module.aci.module.aci_l3out.aci_rest_managed.rtctrlScope_import",
            "module.aci.module.aci_l3out_interface_profile_manual.aci_rest_managed.l3extLIfP",
            "module.aci.module.aci_l3out_node_profile_manual.aci_rest_managed.bfdMhNodeP",
            "module.aci.module.aci_l3out_node_profile_manual.aci_rest_managed.bfdRsMhNodePol",
            "module.aci.module.aci_l3out_node_profile_manual.aci_rest_managed.bgpAsP",
            "module.aci.module.aci_l3out_node_profile_manual.aci_rest_managed.bgpAsP-bgpInfraPeerP",
            "module.aci.module.aci_l3out_node_profile_manual.aci_rest_managed.bgpInfraPeerP",
            "module.aci.module.aci_l3out_node_profile_manual.aci_rest_managed.bgpLocalAsnP",
            "module.aci.module.aci_l3out_node_profile_manual.aci_rest_managed.bgpLocalAsnP-bgpInfraPeerP",
            "module.aci.module.aci_l3out_node_profile_manual.aci_rest_managed.bgpPeerP",
            "module.aci.module.aci_l3out_node_profile_manual.aci_rest_managed.bgpRsPeerPfxPol",
            "module.aci.module.aci_l3out_node_profile_manual.aci_rest_managed.bgpRsPeerPfxPol-bgpInfraPeerP",
            "module.aci.module.aci_l3out_node_profile_manual.aci_rest_managed.bgpRsPeerToProfile_export",
            "module.aci.module.aci_l3out_node_profile_manual.aci_rest_managed.bgpRsPeerToProfile_import",
            "module.aci.module.aci_l3out_node_profile_manual.aci_rest_managed.ipNexthopP",
            "module.aci.module.aci_l3out_node_profile_manual.aci_rest_managed.ipRouteP",
            "module.aci.module.aci_l3out_node_profile_manual.aci_rest_managed.l3extInfraNodeP",
            "module.aci.module.aci_l3out_node_profile_manual.aci_rest_managed.l3extLNodeP",
            "module.aci.module.aci_l3out_node_profile_manual.aci_rest_managed.l3extLoopBackIfP",
            "module.aci.module.aci_l3out_node_profile_manual.aci_rest_managed.l3extRsLNodePMplsCustQosPol",
            "module.aci.module.aci_l3out_node_profile_manual.aci_rest_managed.l3extRsNodeL3OutAtt",
            "module.aci.module.aci_l3out_node_profile_manual.aci_rest_managed.mplsNodeSidP",
            "module.aci.module.aci_match_rule.aci_rest_managed.rtctrlMatchCommFactor",
            "module.aci.module.aci_match_rule.aci_rest_managed.rtctrlMatchCommRegexTerm",
            "module.aci.module.aci_match_rule.aci_rest_managed.rtctrlMatchCommTerm",
            "module.aci.module.aci_match_rule.aci_rest_managed.rtctrlMatchRtDest",
            "module.aci.module.aci_match_rule.aci_rest_managed.rtctrlSubjP",
            "module.aci.module.aci_ospf_interface_policy.aci_rest_managed.ospfIfPol",
            "module.aci.module.aci_set_rule.aci_rest_managed.rtctrlAttrP",
            "module.aci.module.aci_set_rule.aci_rest_managed.rtctrlRsSetPolicyTagToInstP",
            "module.aci.module.aci_set_rule.aci_rest_managed.rtctrlSetASPath",
            "module.aci.module.aci_set_rule.aci_rest_managed.rtctrlSetASPathASN",
            "module.aci.module.aci_set_rule.aci_rest_managed.rtctrlSetAddComm",
            "module.aci.module.aci_set_rule.aci_rest_managed.rtctrlSetComm",
            "module.aci.module.aci_set_rule.aci_rest_managed.rtctrlSetDamp",
            "module.aci.module.aci_set_rule.aci_rest_managed.rtctrlSetNh",
            "module.aci.module.aci_set_rule.aci_rest_managed.rtctrlSetNhUnchanged",
            "module.aci.module.aci_set_rule.aci_rest_managed.rtctrlSetPolicyTag",
            "module.aci.module.aci_set_rule.aci_rest_managed.rtctrlSetPref",
            "module.aci.module.aci_set_rule.aci_rest_managed.rtctrlSetRedistMultipath",
            "module.aci.module.aci_set_rule.aci_rest_managed.rtctrlSetRtMetric",
            "module.aci.module.aci_set_rule.aci_rest_managed.rtctrlSetRtMetricType",
            "module.aci.module.aci_set_rule.aci_rest_managed.rtctrlSetTag",
            "module.aci.module.aci_set_rule.aci_rest_managed.rtctrlSetWeight",
            "module.aci.module.aci_tenant.aci_rest_managed.aaaDomainRef",
            "module.aci.module.aci_tenant.aci_rest_managed.fvTenant",
            "module.aci.module.aci_vrf.aci_rest_managed.bgpRtTargetP_ipv4",
            "module.aci.module.aci_vrf.aci_rest_managed.bgpRtTargetP_ipv6",
            "module.aci.module.aci_vrf.aci_rest_managed.bgpRtTarget_ipv4_export",
            "module.aci.module.aci_vrf.aci_rest_managed.bgpRtTarget_ipv4_import",
            "module.aci.module.aci_vrf.aci_rest_managed.bgpRtTarget_ipv6_export",
            "module.aci.module.aci_vrf.aci_rest_managed.bgpRtTarget_ipv6_import",
            "module.aci.module.aci_vrf.aci_rest_managed.dnsLbl",
            "module.aci.module.aci_vrf.aci_rest_managed.fvCtx",
            "module.aci.module.aci_vrf.aci_rest_managed.fvRsBgpCtxPol",
            "module.aci.module.aci_vrf.aci_rest_managed.fvRsCtxToBgpCtxAfPol_ipv4",
            "module.aci.module.aci_vrf.aci_rest_managed.fvRsCtxToBgpCtxAfPol_ipv6",
            "module.aci.module.aci_vrf.aci_rest_managed.fvRsCtxToExtRouteTagPol",
            "module.aci.module.aci_vrf.aci_rest_managed.fvRsCtxToOspfCtxPol_ipv4",
            "module.aci.module.aci_vrf.aci_rest_managed.fvRsCtxToOspfCtxPol_ipv6",
            "module.aci.module.aci_vrf.aci_rest_managed.fvRsOspfCtxPol",
            "module.aci.module.aci_vrf.aci_rest_managed.igmpCtxP",
            "module.aci.module.aci_vrf.aci_rest_managed.igmpSSMXlateP",
            "module.aci.module.aci_vrf.aci_rest_managed.leakExternalPrefix",
            "module.aci.module.aci_vrf.aci_rest_managed.leakInternalSubnet",
            "module.aci.module.aci_vrf.aci_rest_managed.leakRoutes",
            "module.aci.module.aci_vrf.aci_rest_managed.leakTo_external",
            "module.aci.module.aci_vrf.aci_rest_managed.leakTo_internal",
            "module.aci.module.aci_vrf.aci_rest_managed.pimASMPatPol",
            "module.aci.module.aci_vrf.aci_rest_managed.pimAutoRPPol",
            "module.aci.module.aci_vrf.aci_rest_managed.pimBSRFilterPol",
            "module.aci.module.aci_vrf.aci_rest_managed.pimBSRPPol",
            "module.aci.module.aci_vrf.aci_rest_managed.pimCtxP",
            "module.aci.module.aci_vrf.aci_rest_managed.pimFabricRPPol",
            "module.aci.module.aci_vrf.aci_rest_managed.pimInterVRFEntryPol",
            "module.aci.module.aci_vrf.aci_rest_managed.pimInterVRFPol",
            "module.aci.module.aci_vrf.aci_rest_managed.pimMAFilterPol",
            "module.aci.module.aci_vrf.aci_rest_managed.pimRPGrpRangePol_fabric_rp",
            "module.aci.module.aci_vrf.aci_rest_managed.pimRPGrpRangePol_static_rp",
            "module.aci.module.aci_vrf.aci_rest_managed.pimRegTrPol",
            "module.aci.module.aci_vrf.aci_rest_managed.pimResPol",
            "module.aci.module.aci_vrf.aci_rest_managed.pimSGRangeExpPol",
            "module.aci.module.aci_vrf.aci_rest_managed.pimSSMPatPol",
            "module.aci.module.aci_vrf.aci_rest_managed.pimSSMRangePol",
            "module.aci.module.aci_vrf.aci_rest_managed.pimSharedRangePol",
            "module.aci.module.aci_vrf.aci_rest_managed.pimStaticRPEntryPol_fabric_rp",
            "module.aci.module.aci_vrf.aci_rest_managed.pimStaticRPEntryPol_static_rp",
            "module.aci.module.aci_vrf.aci_rest_managed.pimStaticRPPol",
            "module.aci.module.aci_vrf.aci_rest_managed.rtdmcRsFilterToRtMapPol_asm_sg_expiry",
            "module.aci.module.aci_vrf.aci_rest_managed.rtdmcRsFilterToRtMapPol_asm_shared",
            "module.aci.module.aci_vrf.aci_rest_managed.rtdmcRsFilterToRtMapPol_auto_rp",
            "module.aci.module.aci_vrf.aci_rest_managed.rtdmcRsFilterToRtMapPol_bsr",
            "module.aci.module.aci_vrf.aci_rest_managed.rtdmcRsFilterToRtMapPol_fabric_rp",
            "module.aci.module.aci_vrf.aci_rest_managed.rtdmcRsFilterToRtMapPol_pim_inter_vrf",
            "module.aci.module.aci_vrf.aci_rest_managed.rtdmcRsFilterToRtMapPol_ssm_range",
            "module.aci.module.aci_vrf.aci_rest_managed.rtdmcRsFilterToRtMapPol_static_rp",
            "module.aci.module.aci_vrf.aci_rest_managed.vzAny",
            "module.aci.module.aci_vrf.aci_rest_managed.vzRsAnyToCons",
            "module.aci.module.aci_vrf.aci_rest_managed.vzRsAnyToConsIf",
            "module.aci.module.aci_vrf.aci_rest_managed.vzRsAnyToProv"
          ]
        }
      ]
    },
    {
      "module": "module.aci.module.aci_l3out_interface_profile_manual[\"demo-05/demo-05.vrf-01-bgp-AS-65151/border-leafs/hx-dev-01-fi-b-vlan-11\"]",
      "mode": "managed",
      "type": "aci_rest_managed",
      "name": "bgpAsP",
      "provider": "provider[\"registry.terraform.io/ciscodevnet/aci\"]",
      "instances": [
        {
          "index_key": "topology/pod-1/paths-102/pathep-[hx-dev-01-fi-b]/10.237.99.60/29",
          "schema_version": 0,
          "attributes": {
            "annotation": "orchestrator:terraform",
            "child": [],
            "class_name": "bgpAsP",
            "content": {
              "asn": "65051"
            },
            "dn": "uni/tn-demo-05/out-demo-05.vrf-01-bgp-AS-65151/lnodep-border-leafs/lifp-hx-dev-01-fi-b-vlan-11/rspathL3OutAtt-[topology/pod-1/paths-102/pathep-[hx-dev-01-fi-b]]/peerP-[10.237.99.60/29]/as",
            "id": "uni/tn-demo-05/out-demo-05.vrf-01-bgp-AS-65151/lnodep-border-leafs/lifp-hx-dev-01-fi-b-vlan-11/rspathL3OutAtt-[topology/pod-1/paths-102/pathep-[hx-dev-01-fi-b]]/peerP-[10.237.99.60/29]/as"
          },
          "sensitive_attributes": [],
          "dependencies": [
            "module.aci.data.utils_yaml_merge.defaults",
            "module.aci.data.utils_yaml_merge.model",
            "module.aci.data.utils_yaml_merge.modules",
            "module.aci.module.aci_bfd_interface_policy.aci_rest_managed.bfdIfPol",
            "module.aci.module.aci_bgp_timer_policy.aci_rest_managed.bgpCtxPol",
            "module.aci.module.aci_contract.aci_rest_managed.vzBrCP",
            "module.aci.module.aci_contract.aci_rest_managed.vzRsSubjFiltAtt",
            "module.aci.module.aci_contract.aci_rest_managed.vzRsSubjGraphAtt",
            "module.aci.module.aci_contract.aci_rest_managed.vzSubj",
            "module.aci.module.aci_eigrp_interface_policy.aci_rest_managed.eigrpIfPol",
            "module.aci.module.aci_filter.aci_rest_managed.vzEntry",
            "module.aci.module.aci_filter.aci_rest_managed.vzFilter",
            "module.aci.module.aci_imported_contract.aci_rest_managed.vzCPIf",
            "module.aci.module.aci_imported_contract.aci_rest_managed.vzRsIf",
            "module.aci.module.aci_l3out.aci_rest_managed.bgpExtP",
            "module.aci.module.aci_l3out.aci_rest_managed.eigrpExtP",
            "module.aci.module.aci_l3out.aci_rest_managed.l3extConsLbl",
            "module.aci.module.aci_l3out.aci_rest_managed.l3extDefaultRouteLeakP",
            "module.aci.module.aci_l3out.aci_rest_managed.l3extInstP_sr_mpls",
            "module.aci.module.aci_l3out.aci_rest_managed.l3extOut",
            "module.aci.module.aci_l3out.aci_rest_managed.l3extProvLbl",
            "module.aci.module.aci_l3out.aci_rest_managed.l3extRsDampeningPol_ipv4",
            "module.aci.module.aci_l3out.aci_rest_managed.l3extRsDampeningPol_ipv6",
            "module.aci.module.aci_l3out.aci_rest_managed.l3extRsEctx",
            "module.aci.module.aci_l3out.aci_rest_managed.l3extRsInterleakPol",
            "module.aci.module.aci_l3out.aci_rest_managed.l3extRsL3DomAtt",
            "module.aci.module.aci_l3out.aci_rest_managed.l3extRsLblToProfile_export",
            "module.aci.module.aci_l3out.aci_rest_managed.l3extRsLblToProfile_import",
            "module.aci.module.aci_l3out.aci_rest_managed.l3extRsRedistributePol",
            "module.aci.module.aci_l3out.aci_rest_managed.mplsExtP",
            "module.aci.module.aci_l3out.aci_rest_managed.mplsRsLabelPol",
            "module.aci.module.aci_l3out.aci_rest_managed.ospfExtP",
            "module.aci.module.aci_l3out.aci_rest_managed.pimExtP",
            "module.aci.module.aci_l3out.aci_rest_managed.rtctrlCtxP_export",
            "module.aci.module.aci_l3out.aci_rest_managed.rtctrlCtxP_import",
            "module.aci.module.aci_l3out.aci_rest_managed.rtctrlProfile_export",
            "module.aci.module.aci_l3out.aci_rest_managed.rtctrlProfile_import",
            "module.aci.module.aci_l3out.aci_rest_managed.rtctrlRsCtxPToSubjP_export",
            "module.aci.module.aci_l3out.aci_rest_managed.rtctrlRsCtxPToSubjP_import",
            "module.aci.module.aci_l3out.aci_rest_managed.rtctrlRsScopeToAttrP_export",
            "module.aci.module.aci_l3out.aci_rest_managed.rtctrlRsScopeToAttrP_import",
            "module.aci.module.aci_l3out.aci_rest_managed.rtctrlScope_export",
            "module.aci.module.aci_l3out.aci_rest_managed.rtctrlScope_import",
            "module.aci.module.aci_l3out_interface_profile_manual.aci_rest_managed.bgpPeerP",
            "module.aci.module.aci_l3out_interface_profile_manual.aci_rest_managed.l3extLIfP",
            "module.aci.module.aci_l3out_interface_profile_manual.aci_rest_managed.l3extRsPathL3OutAtt",
            "module.aci.module.aci_l3out_node_profile_manual.aci_rest_managed.bfdMhNodeP",
            "module.aci.module.aci_l3out_node_profile_manual.aci_rest_managed.bfdRsMhNodePol",
            "module.aci.module.aci_l3out_node_profile_manual.aci_rest_managed.bgpAsP",
            "module.aci.module.aci_l3out_node_profile_manual.aci_rest_managed.bgpAsP-bgpInfraPeerP",
            "module.aci.module.aci_l3out_node_profile_manual.aci_rest_managed.bgpInfraPeerP",
            "module.aci.module.aci_l3out_node_profile_manual.aci_rest_managed.bgpLocalAsnP",
            "module.aci.module.aci_l3out_node_profile_manual.aci_rest_managed.bgpLocalAsnP-bgpInfraPeerP",
            "module.aci.module.aci_l3out_node_profile_manual.aci_rest_managed.bgpPeerP",
            "module.aci.module.aci_l3out_node_profile_manual.aci_rest_managed.bgpRsPeerPfxPol",
            "module.aci.module.aci_l3out_node_profile_manual.aci_rest_managed.bgpRsPeerPfxPol-bgpInfraPeerP",
            "module.aci.module.aci_l3out_node_profile_manual.aci_rest_managed.bgpRsPeerToProfile_export",
            "module.aci.module.aci_l3out_node_profile_manual.aci_rest_managed.bgpRsPeerToProfile_import",
            "module.aci.module.aci_l3out_node_profile_manual.aci_rest_managed.ipNexthopP",
            "module.aci.module.aci_l3out_node_profile_manual.aci_rest_managed.ipRouteP",
            "module.aci.module.aci_l3out_node_profile_manual.aci_rest_managed.l3extInfraNodeP",
            "module.aci.module.aci_l3out_node_profile_manual.aci_rest_managed.l3extLNodeP",
            "module.aci.module.aci_l3out_node_profile_manual.aci_rest_managed.l3extLoopBackIfP",
            "module.aci.module.aci_l3out_node_profile_manual.aci_rest_managed.l3extRsLNodePMplsCustQosPol",
            "module.aci.module.aci_l3out_node_profile_manual.aci_rest_managed.l3extRsNodeL3OutAtt",
            "module.aci.module.aci_l3out_node_profile_manual.aci_rest_managed.mplsNodeSidP",
            "module.aci.module.aci_match_rule.aci_rest_managed.rtctrlMatchCommFactor",
            "module.aci.module.aci_match_rule.aci_rest_managed.rtctrlMatchCommRegexTerm",
            "module.aci.module.aci_match_rule.aci_rest_managed.rtctrlMatchCommTerm",
            "module.aci.module.aci_match_rule.aci_rest_managed.rtctrlMatchRtDest",
            "module.aci.module.aci_match_rule.aci_rest_managed.rtctrlSubjP",
            "module.aci.module.aci_ospf_interface_policy.aci_rest_managed.ospfIfPol",
            "module.aci.module.aci_set_rule.aci_rest_managed.rtctrlAttrP",
            "module.aci.module.aci_set_rule.aci_rest_managed.rtctrlRsSetPolicyTagToInstP",
            "module.aci.module.aci_set_rule.aci_rest_managed.rtctrlSetASPath",
            "module.aci.module.aci_set_rule.aci_rest_managed.rtctrlSetASPathASN",
            "module.aci.module.aci_set_rule.aci_rest_managed.rtctrlSetAddComm",
            "module.aci.module.aci_set_rule.aci_rest_managed.rtctrlSetComm",
            "module.aci.module.aci_set_rule.aci_rest_managed.rtctrlSetDamp",
            "module.aci.module.aci_set_rule.aci_rest_managed.rtctrlSetNh",
            "module.aci.module.aci_set_rule.aci_rest_managed.rtctrlSetNhUnchanged",
            "module.aci.module.aci_set_rule.aci_rest_managed.rtctrlSetPolicyTag",
            "module.aci.module.aci_set_rule.aci_rest_managed.rtctrlSetPref",
            "module.aci.module.aci_set_rule.aci_rest_managed.rtctrlSetRedistMultipath",
            "module.aci.module.aci_set_rule.aci_rest_managed.rtctrlSetRtMetric",
            "module.aci.module.aci_set_rule.aci_rest_managed.rtctrlSetRtMetricType",
            "module.aci.module.aci_set_rule.aci_rest_managed.rtctrlSetTag",
            "module.aci.module.aci_set_rule.aci_rest_managed.rtctrlSetWeight",
            "module.aci.module.aci_tenant.aci_rest_managed.aaaDomainRef",
            "module.aci.module.aci_tenant.aci_rest_managed.fvTenant",
            "module.aci.module.aci_vrf.aci_rest_managed.bgpRtTargetP_ipv4",
            "module.aci.module.aci_vrf.aci_rest_managed.bgpRtTargetP_ipv6",
            "module.aci.module.aci_vrf.aci_rest_managed.bgpRtTarget_ipv4_export",
            "module.aci.module.aci_vrf.aci_rest_managed.bgpRtTarget_ipv4_import",
            "module.aci.module.aci_vrf.aci_rest_managed.bgpRtTarget_ipv6_export",
            "module.aci.module.aci_vrf.aci_rest_managed.bgpRtTarget_ipv6_import",
            "module.aci.module.aci_vrf.aci_rest_managed.dnsLbl",
            "module.aci.module.aci_vrf.aci_rest_managed.fvCtx",
            "module.aci.module.aci_vrf.aci_rest_managed.fvRsBgpCtxPol",
            "module.aci.module.aci_vrf.aci_rest_managed.fvRsCtxToBgpCtxAfPol_ipv4",
            "module.aci.module.aci_vrf.aci_rest_managed.fvRsCtxToBgpCtxAfPol_ipv6",
            "module.aci.module.aci_vrf.aci_rest_managed.fvRsCtxToExtRouteTagPol",
            "module.aci.module.aci_vrf.aci_rest_managed.fvRsCtxToOspfCtxPol_ipv4",
            "module.aci.module.aci_vrf.aci_rest_managed.fvRsCtxToOspfCtxPol_ipv6",
            "module.aci.module.aci_vrf.aci_rest_managed.fvRsOspfCtxPol",
            "module.aci.module.aci_vrf.aci_rest_managed.igmpCtxP",
            "module.aci.module.aci_vrf.aci_rest_managed.igmpSSMXlateP",
            "module.aci.module.aci_vrf.aci_rest_managed.leakExternalPrefix",
            "module.aci.module.aci_vrf.aci_rest_managed.leakInternalSubnet",
            "module.aci.module.aci_vrf.aci_rest_managed.leakRoutes",
            "module.aci.module.aci_vrf.aci_rest_managed.leakTo_external",
            "module.aci.module.aci_vrf.aci_rest_managed.leakTo_internal",
            "module.aci.module.aci_vrf.aci_rest_managed.pimASMPatPol",
            "module.aci.module.aci_vrf.aci_rest_managed.pimAutoRPPol",
            "module.aci.module.aci_vrf.aci_rest_managed.pimBSRFilterPol",
            "module.aci.module.aci_vrf.aci_rest_managed.pimBSRPPol",
            "module.aci.module.aci_vrf.aci_rest_managed.pimCtxP",
            "module.aci.module.aci_vrf.aci_rest_managed.pimFabricRPPol",
            "module.aci.module.aci_vrf.aci_rest_managed.pimInterVRFEntryPol",
            "module.aci.module.aci_vrf.aci_rest_managed.pimInterVRFPol",
            "module.aci.module.aci_vrf.aci_rest_managed.pimMAFilterPol",
            "module.aci.module.aci_vrf.aci_rest_managed.pimRPGrpRangePol_fabric_rp",
            "module.aci.module.aci_vrf.aci_rest_managed.pimRPGrpRangePol_static_rp",
            "module.aci.module.aci_vrf.aci_rest_managed.pimRegTrPol",
            "module.aci.module.aci_vrf.aci_rest_managed.pimResPol",
            "module.aci.module.aci_vrf.aci_rest_managed.pimSGRangeExpPol",
            "module.aci.module.aci_vrf.aci_rest_managed.pimSSMPatPol",
            "module.aci.module.aci_vrf.aci_rest_managed.pimSSMRangePol",
            "module.aci.module.aci_vrf.aci_rest_managed.pimSharedRangePol",
            "module.aci.module.aci_vrf.aci_rest_managed.pimStaticRPEntryPol_fabric_rp",
            "module.aci.module.aci_vrf.aci_rest_managed.pimStaticRPEntryPol_static_rp",
            "module.aci.module.aci_vrf.aci_rest_managed.pimStaticRPPol",
            "module.aci.module.aci_vrf.aci_rest_managed.rtdmcRsFilterToRtMapPol_asm_sg_expiry",
            "module.aci.module.aci_vrf.aci_rest_managed.rtdmcRsFilterToRtMapPol_asm_shared",
            "module.aci.module.aci_vrf.aci_rest_managed.rtdmcRsFilterToRtMapPol_auto_rp",
            "module.aci.module.aci_vrf.aci_rest_managed.rtdmcRsFilterToRtMapPol_bsr",
            "module.aci.module.aci_vrf.aci_rest_managed.rtdmcRsFilterToRtMapPol_fabric_rp",
            "module.aci.module.aci_vrf.aci_rest_managed.rtdmcRsFilterToRtMapPol_pim_inter_vrf",
            "module.aci.module.aci_vrf.aci_rest_managed.rtdmcRsFilterToRtMapPol_ssm_range",
            "module.aci.module.aci_vrf.aci_rest_managed.rtdmcRsFilterToRtMapPol_static_rp",
            "module.aci.module.aci_vrf.aci_rest_managed.vzAny",
            "module.aci.module.aci_vrf.aci_rest_managed.vzRsAnyToCons",
            "module.aci.module.aci_vrf.aci_rest_managed.vzRsAnyToConsIf",
            "module.aci.module.aci_vrf.aci_rest_managed.vzRsAnyToProv"
          ]
        }
      ]
    },
    {
      "module": "module.aci.module.aci_l3out_interface_profile_manual[\"demo-05/demo-05.vrf-01-bgp-AS-65151/border-leafs/hx-dev-01-fi-b-vlan-11\"]",
      "mode": "managed",
      "type": "aci_rest_managed",
      "name": "bgpLocalAsnP",
      "provider": "provider[\"registry.terraform.io/ciscodevnet/aci\"]",
      "instances": [
        {
          "index_key": "topology/pod-1/paths-102/pathep-[hx-dev-01-fi-b]/10.237.99.60/29",
          "schema_version": 0,
          "attributes": {
            "annotation": "orchestrator:terraform",
            "child": [],
            "class_name": "bgpLocalAsnP",
            "content": {
              "asnPropagate": "none",
              "localAsn": "65151"
            },
            "dn": "uni/tn-demo-05/out-demo-05.vrf-01-bgp-AS-65151/lnodep-border-leafs/lifp-hx-dev-01-fi-b-vlan-11/rspathL3OutAtt-[topology/pod-1/paths-102/pathep-[hx-dev-01-fi-b]]/peerP-[10.237.99.60/29]/localasn",
            "id": "uni/tn-demo-05/out-demo-05.vrf-01-bgp-AS-65151/lnodep-border-leafs/lifp-hx-dev-01-fi-b-vlan-11/rspathL3OutAtt-[topology/pod-1/paths-102/pathep-[hx-dev-01-fi-b]]/peerP-[10.237.99.60/29]/localasn"
          },
          "sensitive_attributes": [],
          "dependencies": [
            "module.aci.data.utils_yaml_merge.defaults",
            "module.aci.data.utils_yaml_merge.model",
            "module.aci.data.utils_yaml_merge.modules",
            "module.aci.module.aci_bfd_interface_policy.aci_rest_managed.bfdIfPol",
            "module.aci.module.aci_bgp_timer_policy.aci_rest_managed.bgpCtxPol",
            "module.aci.module.aci_contract.aci_rest_managed.vzBrCP",
            "module.aci.module.aci_contract.aci_rest_managed.vzRsSubjFiltAtt",
            "module.aci.module.aci_contract.aci_rest_managed.vzRsSubjGraphAtt",
            "module.aci.module.aci_contract.aci_rest_managed.vzSubj",
            "module.aci.module.aci_eigrp_interface_policy.aci_rest_managed.eigrpIfPol",
            "module.aci.module.aci_filter.aci_rest_managed.vzEntry",
            "module.aci.module.aci_filter.aci_rest_managed.vzFilter",
            "module.aci.module.aci_imported_contract.aci_rest_managed.vzCPIf",
            "module.aci.module.aci_imported_contract.aci_rest_managed.vzRsIf",
            "module.aci.module.aci_l3out.aci_rest_managed.bgpExtP",
            "module.aci.module.aci_l3out.aci_rest_managed.eigrpExtP",
            "module.aci.module.aci_l3out.aci_rest_managed.l3extConsLbl",
            "module.aci.module.aci_l3out.aci_rest_managed.l3extDefaultRouteLeakP",
            "module.aci.module.aci_l3out.aci_rest_managed.l3extInstP_sr_mpls",
            "module.aci.module.aci_l3out.aci_rest_managed.l3extOut",
            "module.aci.module.aci_l3out.aci_rest_managed.l3extProvLbl",
            "module.aci.module.aci_l3out.aci_rest_managed.l3extRsDampeningPol_ipv4",
            "module.aci.module.aci_l3out.aci_rest_managed.l3extRsDampeningPol_ipv6",
            "module.aci.module.aci_l3out.aci_rest_managed.l3extRsEctx",
            "module.aci.module.aci_l3out.aci_rest_managed.l3extRsInterleakPol",
            "module.aci.module.aci_l3out.aci_rest_managed.l3extRsL3DomAtt",
            "module.aci.module.aci_l3out.aci_rest_managed.l3extRsLblToProfile_export",
            "module.aci.module.aci_l3out.aci_rest_managed.l3extRsLblToProfile_import",
            "module.aci.module.aci_l3out.aci_rest_managed.l3extRsRedistributePol",
            "module.aci.module.aci_l3out.aci_rest_managed.mplsExtP",
            "module.aci.module.aci_l3out.aci_rest_managed.mplsRsLabelPol",
            "module.aci.module.aci_l3out.aci_rest_managed.ospfExtP",
            "module.aci.module.aci_l3out.aci_rest_managed.pimExtP",
            "module.aci.module.aci_l3out.aci_rest_managed.rtctrlCtxP_export",
            "module.aci.module.aci_l3out.aci_rest_managed.rtctrlCtxP_import",
            "module.aci.module.aci_l3out.aci_rest_managed.rtctrlProfile_export",
            "module.aci.module.aci_l3out.aci_rest_managed.rtctrlProfile_import",
            "module.aci.module.aci_l3out.aci_rest_managed.rtctrlRsCtxPToSubjP_export",
            "module.aci.module.aci_l3out.aci_rest_managed.rtctrlRsCtxPToSubjP_import",
            "module.aci.module.aci_l3out.aci_rest_managed.rtctrlRsScopeToAttrP_export",
            "module.aci.module.aci_l3out.aci_rest_managed.rtctrlRsScopeToAttrP_import",
            "module.aci.module.aci_l3out.aci_rest_managed.rtctrlScope_export",
            "module.aci.module.aci_l3out.aci_rest_managed.rtctrlScope_import",
            "module.aci.module.aci_l3out_interface_profile_manual.aci_rest_managed.bgpPeerP",
            "module.aci.module.aci_l3out_interface_profile_manual.aci_rest_managed.l3extLIfP",
            "module.aci.module.aci_l3out_interface_profile_manual.aci_rest_managed.l3extRsPathL3OutAtt",
            "module.aci.module.aci_l3out_node_profile_manual.aci_rest_managed.bfdMhNodeP",
            "module.aci.module.aci_l3out_node_profile_manual.aci_rest_managed.bfdRsMhNodePol",
            "module.aci.module.aci_l3out_node_profile_manual.aci_rest_managed.bgpAsP",
            "module.aci.module.aci_l3out_node_profile_manual.aci_rest_managed.bgpAsP-bgpInfraPeerP",
            "module.aci.module.aci_l3out_node_profile_manual.aci_rest_managed.bgpInfraPeerP",
            "module.aci.module.aci_l3out_node_profile_manual.aci_rest_managed.bgpLocalAsnP",
            "module.aci.module.aci_l3out_node_profile_manual.aci_rest_managed.bgpLocalAsnP-bgpInfraPeerP",
            "module.aci.module.aci_l3out_node_profile_manual.aci_rest_managed.bgpPeerP",
            "module.aci.module.aci_l3out_node_profile_manual.aci_rest_managed.bgpRsPeerPfxPol",
            "module.aci.module.aci_l3out_node_profile_manual.aci_rest_managed.bgpRsPeerPfxPol-bgpInfraPeerP",
            "module.aci.module.aci_l3out_node_profile_manual.aci_rest_managed.bgpRsPeerToProfile_export",
            "module.aci.module.aci_l3out_node_profile_manual.aci_rest_managed.bgpRsPeerToProfile_import",
            "module.aci.module.aci_l3out_node_profile_manual.aci_rest_managed.ipNexthopP",
            "module.aci.module.aci_l3out_node_profile_manual.aci_rest_managed.ipRouteP",
            "module.aci.module.aci_l3out_node_profile_manual.aci_rest_managed.l3extInfraNodeP",
            "module.aci.module.aci_l3out_node_profile_manual.aci_rest_managed.l3extLNodeP",
            "module.aci.module.aci_l3out_node_profile_manual.aci_rest_managed.l3extLoopBackIfP",
            "module.aci.module.aci_l3out_node_profile_manual.aci_rest_managed.l3extRsLNodePMplsCustQosPol",
            "module.aci.module.aci_l3out_node_profile_manual.aci_rest_managed.l3extRsNodeL3OutAtt",
            "module.aci.module.aci_l3out_node_profile_manual.aci_rest_managed.mplsNodeSidP",
            "module.aci.module.aci_match_rule.aci_rest_managed.rtctrlMatchCommFactor",
            "module.aci.module.aci_match_rule.aci_rest_managed.rtctrlMatchCommRegexTerm",
            "module.aci.module.aci_match_rule.aci_rest_managed.rtctrlMatchCommTerm",
            "module.aci.module.aci_match_rule.aci_rest_managed.rtctrlMatchRtDest",
            "module.aci.module.aci_match_rule.aci_rest_managed.rtctrlSubjP",
            "module.aci.module.aci_ospf_interface_policy.aci_rest_managed.ospfIfPol",
            "module.aci.module.aci_set_rule.aci_rest_managed.rtctrlAttrP",
            "module.aci.module.aci_set_rule.aci_rest_managed.rtctrlRsSetPolicyTagToInstP",
            "module.aci.module.aci_set_rule.aci_rest_managed.rtctrlSetASPath",
            "module.aci.module.aci_set_rule.aci_rest_managed.rtctrlSetASPathASN",
            "module.aci.module.aci_set_rule.aci_rest_managed.rtctrlSetAddComm",
            "module.aci.module.aci_set_rule.aci_rest_managed.rtctrlSetComm",
            "module.aci.module.aci_set_rule.aci_rest_managed.rtctrlSetDamp",
            "module.aci.module.aci_set_rule.aci_rest_managed.rtctrlSetNh",
            "module.aci.module.aci_set_rule.aci_rest_managed.rtctrlSetNhUnchanged",
            "module.aci.module.aci_set_rule.aci_rest_managed.rtctrlSetPolicyTag",
            "module.aci.module.aci_set_rule.aci_rest_managed.rtctrlSetPref",
            "module.aci.module.aci_set_rule.aci_rest_managed.rtctrlSetRedistMultipath",
            "module.aci.module.aci_set_rule.aci_rest_managed.rtctrlSetRtMetric",
            "module.aci.module.aci_set_rule.aci_rest_managed.rtctrlSetRtMetricType",
            "module.aci.module.aci_set_rule.aci_rest_managed.rtctrlSetTag",
            "module.aci.module.aci_set_rule.aci_rest_managed.rtctrlSetWeight",
            "module.aci.module.aci_tenant.aci_rest_managed.aaaDomainRef",
            "module.aci.module.aci_tenant.aci_rest_managed.fvTenant",
            "module.aci.module.aci_vrf.aci_rest_managed.bgpRtTargetP_ipv4",
            "module.aci.module.aci_vrf.aci_rest_managed.bgpRtTargetP_ipv6",
            "module.aci.module.aci_vrf.aci_rest_managed.bgpRtTarget_ipv4_export",
            "module.aci.module.aci_vrf.aci_rest_managed.bgpRtTarget_ipv4_import",
            "module.aci.module.aci_vrf.aci_rest_managed.bgpRtTarget_ipv6_export",
            "module.aci.module.aci_vrf.aci_rest_managed.bgpRtTarget_ipv6_import",
            "module.aci.module.aci_vrf.aci_rest_managed.dnsLbl",
            "module.aci.module.aci_vrf.aci_rest_managed.fvCtx",
            "module.aci.module.aci_vrf.aci_rest_managed.fvRsBgpCtxPol",
            "module.aci.module.aci_vrf.aci_rest_managed.fvRsCtxToBgpCtxAfPol_ipv4",
            "module.aci.module.aci_vrf.aci_rest_managed.fvRsCtxToBgpCtxAfPol_ipv6",
            "module.aci.module.aci_vrf.aci_rest_managed.fvRsCtxToExtRouteTagPol",
            "module.aci.module.aci_vrf.aci_rest_managed.fvRsCtxToOspfCtxPol_ipv4",
            "module.aci.module.aci_vrf.aci_rest_managed.fvRsCtxToOspfCtxPol_ipv6",
            "module.aci.module.aci_vrf.aci_rest_managed.fvRsOspfCtxPol",
            "module.aci.module.aci_vrf.aci_rest_managed.igmpCtxP",
            "module.aci.module.aci_vrf.aci_rest_managed.igmpSSMXlateP",
            "module.aci.module.aci_vrf.aci_rest_managed.leakExternalPrefix",
            "module.aci.module.aci_vrf.aci_rest_managed.leakInternalSubnet",
            "module.aci.module.aci_vrf.aci_rest_managed.leakRoutes",
            "module.aci.module.aci_vrf.aci_rest_managed.leakTo_external",
            "module.aci.module.aci_vrf.aci_rest_managed.leakTo_internal",
            "module.aci.module.aci_vrf.aci_rest_managed.pimASMPatPol",
            "module.aci.module.aci_vrf.aci_rest_managed.pimAutoRPPol",
            "module.aci.module.aci_vrf.aci_rest_managed.pimBSRFilterPol",
            "module.aci.module.aci_vrf.aci_rest_managed.pimBSRPPol",
            "module.aci.module.aci_vrf.aci_rest_managed.pimCtxP",
            "module.aci.module.aci_vrf.aci_rest_managed.pimFabricRPPol",
            "module.aci.module.aci_vrf.aci_rest_managed.pimInterVRFEntryPol",
            "module.aci.module.aci_vrf.aci_rest_managed.pimInterVRFPol",
            "module.aci.module.aci_vrf.aci_rest_managed.pimMAFilterPol",
            "module.aci.module.aci_vrf.aci_rest_managed.pimRPGrpRangePol_fabric_rp",
            "module.aci.module.aci_vrf.aci_rest_managed.pimRPGrpRangePol_static_rp",
            "module.aci.module.aci_vrf.aci_rest_managed.pimRegTrPol",
            "module.aci.module.aci_vrf.aci_rest_managed.pimResPol",
            "module.aci.module.aci_vrf.aci_rest_managed.pimSGRangeExpPol",
            "module.aci.module.aci_vrf.aci_rest_managed.pimSSMPatPol",
            "module.aci.module.aci_vrf.aci_rest_managed.pimSSMRangePol",
            "module.aci.module.aci_vrf.aci_rest_managed.pimSharedRangePol",
            "module.aci.module.aci_vrf.aci_rest_managed.pimStaticRPEntryPol_fabric_rp",
            "module.aci.module.aci_vrf.aci_rest_managed.pimStaticRPEntryPol_static_rp",
            "module.aci.module.aci_vrf.aci_rest_managed.pimStaticRPPol",
            "module.aci.module.aci_vrf.aci_rest_managed.rtdmcRsFilterToRtMapPol_asm_sg_expiry",
            "module.aci.module.aci_vrf.aci_rest_managed.rtdmcRsFilterToRtMapPol_asm_shared",
            "module.aci.module.aci_vrf.aci_rest_managed.rtdmcRsFilterToRtMapPol_auto_rp",
            "module.aci.module.aci_vrf.aci_rest_managed.rtdmcRsFilterToRtMapPol_bsr",
            "module.aci.module.aci_vrf.aci_rest_managed.rtdmcRsFilterToRtMapPol_fabric_rp",
            "module.aci.module.aci_vrf.aci_rest_managed.rtdmcRsFilterToRtMapPol_pim_inter_vrf",
            "module.aci.module.aci_vrf.aci_rest_managed.rtdmcRsFilterToRtMapPol_ssm_range",
            "module.aci.module.aci_vrf.aci_rest_managed.rtdmcRsFilterToRtMapPol_static_rp",
            "module.aci.module.aci_vrf.aci_rest_managed.vzAny",
            "module.aci.module.aci_vrf.aci_rest_managed.vzRsAnyToCons",
            "module.aci.module.aci_vrf.aci_rest_managed.vzRsAnyToConsIf",
            "module.aci.module.aci_vrf.aci_rest_managed.vzRsAnyToProv"
          ]
        }
      ]
    },
    {
      "module": "module.aci.module.aci_l3out_interface_profile_manual[\"demo-05/demo-05.vrf-01-bgp-AS-65151/border-leafs/hx-dev-01-fi-b-vlan-11\"]",
      "mode": "managed",
      "type": "aci_rest_managed",
      "name": "bgpPeerP",
      "provider": "provider[\"registry.terraform.io/ciscodevnet/aci\"]",
      "instances": [
        {
          "index_key": "topology/pod-1/paths-102/pathep-[hx-dev-01-fi-b]/10.237.99.60/29",
          "schema_version": 0,
          "attributes": {
            "annotation": "orchestrator:terraform",
            "child": [],
            "class_name": "bgpPeerP",
            "content": {
              "addr": "10.237.99.60/29",
              "addrTCtrl": "af-mcast,af-ucast",
              "adminSt": "enabled",
              "allowedSelfAsCnt": "3",
              "connectivityType": null,
              "ctrl": "",
              "descr": "",
              "password": null,
              "peerCtrl": "",
              "privateASctrl": "",
              "ttl": "1",
              "weight": "0"
            },
            "dn": "uni/tn-demo-05/out-demo-05.vrf-01-bgp-AS-65151/lnodep-border-leafs/lifp-hx-dev-01-fi-b-vlan-11/rspathL3OutAtt-[topology/pod-1/paths-102/pathep-[hx-dev-01-fi-b]]/peerP-[10.237.99.60/29]",
            "id": "uni/tn-demo-05/out-demo-05.vrf-01-bgp-AS-65151/lnodep-border-leafs/lifp-hx-dev-01-fi-b-vlan-11/rspathL3OutAtt-[topology/pod-1/paths-102/pathep-[hx-dev-01-fi-b]]/peerP-[10.237.99.60/29]"
          },
          "sensitive_attributes": [
            [
              {
                "type": "get_attr",
                "value": "content"
              },
              {
                "type": "index",
                "value": {
                  "value": "password",
                  "type": "string"
                }
              }
            ]
          ],
          "dependencies": [
            "module.aci.data.utils_yaml_merge.defaults",
            "module.aci.data.utils_yaml_merge.model",
            "module.aci.data.utils_yaml_merge.modules",
            "module.aci.module.aci_bfd_interface_policy.aci_rest_managed.bfdIfPol",
            "module.aci.module.aci_bgp_timer_policy.aci_rest_managed.bgpCtxPol",
            "module.aci.module.aci_contract.aci_rest_managed.vzBrCP",
            "module.aci.module.aci_contract.aci_rest_managed.vzRsSubjFiltAtt",
            "module.aci.module.aci_contract.aci_rest_managed.vzRsSubjGraphAtt",
            "module.aci.module.aci_contract.aci_rest_managed.vzSubj",
            "module.aci.module.aci_eigrp_interface_policy.aci_rest_managed.eigrpIfPol",
            "module.aci.module.aci_filter.aci_rest_managed.vzEntry",
            "module.aci.module.aci_filter.aci_rest_managed.vzFilter",
            "module.aci.module.aci_imported_contract.aci_rest_managed.vzCPIf",
            "module.aci.module.aci_imported_contract.aci_rest_managed.vzRsIf",
            "module.aci.module.aci_l3out.aci_rest_managed.bgpExtP",
            "module.aci.module.aci_l3out.aci_rest_managed.eigrpExtP",
            "module.aci.module.aci_l3out.aci_rest_managed.l3extConsLbl",
            "module.aci.module.aci_l3out.aci_rest_managed.l3extDefaultRouteLeakP",
            "module.aci.module.aci_l3out.aci_rest_managed.l3extInstP_sr_mpls",
            "module.aci.module.aci_l3out.aci_rest_managed.l3extOut",
            "module.aci.module.aci_l3out.aci_rest_managed.l3extProvLbl",
            "module.aci.module.aci_l3out.aci_rest_managed.l3extRsDampeningPol_ipv4",
            "module.aci.module.aci_l3out.aci_rest_managed.l3extRsDampeningPol_ipv6",
            "module.aci.module.aci_l3out.aci_rest_managed.l3extRsEctx",
            "module.aci.module.aci_l3out.aci_rest_managed.l3extRsInterleakPol",
            "module.aci.module.aci_l3out.aci_rest_managed.l3extRsL3DomAtt",
            "module.aci.module.aci_l3out.aci_rest_managed.l3extRsLblToProfile_export",
            "module.aci.module.aci_l3out.aci_rest_managed.l3extRsLblToProfile_import",
            "module.aci.module.aci_l3out.aci_rest_managed.l3extRsRedistributePol",
            "module.aci.module.aci_l3out.aci_rest_managed.mplsExtP",
            "module.aci.module.aci_l3out.aci_rest_managed.mplsRsLabelPol",
            "module.aci.module.aci_l3out.aci_rest_managed.ospfExtP",
            "module.aci.module.aci_l3out.aci_rest_managed.pimExtP",
            "module.aci.module.aci_l3out.aci_rest_managed.rtctrlCtxP_export",
            "module.aci.module.aci_l3out.aci_rest_managed.rtctrlCtxP_import",
            "module.aci.module.aci_l3out.aci_rest_managed.rtctrlProfile_export",
            "module.aci.module.aci_l3out.aci_rest_managed.rtctrlProfile_import",
            "module.aci.module.aci_l3out.aci_rest_managed.rtctrlRsCtxPToSubjP_export",
            "module.aci.module.aci_l3out.aci_rest_managed.rtctrlRsCtxPToSubjP_import",
            "module.aci.module.aci_l3out.aci_rest_managed.rtctrlRsScopeToAttrP_export",
            "module.aci.module.aci_l3out.aci_rest_managed.rtctrlRsScopeToAttrP_import",
            "module.aci.module.aci_l3out.aci_rest_managed.rtctrlScope_export",
            "module.aci.module.aci_l3out.aci_rest_managed.rtctrlScope_import",
            "module.aci.module.aci_l3out_interface_profile_manual.aci_rest_managed.l3extLIfP",
            "module.aci.module.aci_l3out_interface_profile_manual.aci_rest_managed.l3extRsPathL3OutAtt",
            "module.aci.module.aci_l3out_node_profile_manual.aci_rest_managed.bfdMhNodeP",
            "module.aci.module.aci_l3out_node_profile_manual.aci_rest_managed.bfdRsMhNodePol",
            "module.aci.module.aci_l3out_node_profile_manual.aci_rest_managed.bgpAsP",
            "module.aci.module.aci_l3out_node_profile_manual.aci_rest_managed.bgpAsP-bgpInfraPeerP",
            "module.aci.module.aci_l3out_node_profile_manual.aci_rest_managed.bgpInfraPeerP",
            "module.aci.module.aci_l3out_node_profile_manual.aci_rest_managed.bgpLocalAsnP",
            "module.aci.module.aci_l3out_node_profile_manual.aci_rest_managed.bgpLocalAsnP-bgpInfraPeerP",
            "module.aci.module.aci_l3out_node_profile_manual.aci_rest_managed.bgpPeerP",
            "module.aci.module.aci_l3out_node_profile_manual.aci_rest_managed.bgpRsPeerPfxPol",
            "module.aci.module.aci_l3out_node_profile_manual.aci_rest_managed.bgpRsPeerPfxPol-bgpInfraPeerP",
            "module.aci.module.aci_l3out_node_profile_manual.aci_rest_managed.bgpRsPeerToProfile_export",
            "module.aci.module.aci_l3out_node_profile_manual.aci_rest_managed.bgpRsPeerToProfile_import",
            "module.aci.module.aci_l3out_node_profile_manual.aci_rest_managed.ipNexthopP",
            "module.aci.module.aci_l3out_node_profile_manual.aci_rest_managed.ipRouteP",
            "module.aci.module.aci_l3out_node_profile_manual.aci_rest_managed.l3extInfraNodeP",
            "module.aci.module.aci_l3out_node_profile_manual.aci_rest_managed.l3extLNodeP",
            "module.aci.module.aci_l3out_node_profile_manual.aci_rest_managed.l3extLoopBackIfP",
            "module.aci.module.aci_l3out_node_profile_manual.aci_rest_managed.l3extRsLNodePMplsCustQosPol",
            "module.aci.module.aci_l3out_node_profile_manual.aci_rest_managed.l3extRsNodeL3OutAtt",
            "module.aci.module.aci_l3out_node_profile_manual.aci_rest_managed.mplsNodeSidP",
            "module.aci.module.aci_match_rule.aci_rest_managed.rtctrlMatchCommFactor",
            "module.aci.module.aci_match_rule.aci_rest_managed.rtctrlMatchCommRegexTerm",
            "module.aci.module.aci_match_rule.aci_rest_managed.rtctrlMatchCommTerm",
            "module.aci.module.aci_match_rule.aci_rest_managed.rtctrlMatchRtDest",
            "module.aci.module.aci_match_rule.aci_rest_managed.rtctrlSubjP",
            "module.aci.module.aci_ospf_interface_policy.aci_rest_managed.ospfIfPol",
            "module.aci.module.aci_set_rule.aci_rest_managed.rtctrlAttrP",
            "module.aci.module.aci_set_rule.aci_rest_managed.rtctrlRsSetPolicyTagToInstP",
            "module.aci.module.aci_set_rule.aci_rest_managed.rtctrlSetASPath",
            "module.aci.module.aci_set_rule.aci_rest_managed.rtctrlSetASPathASN",
            "module.aci.module.aci_set_rule.aci_rest_managed.rtctrlSetAddComm",
            "module.aci.module.aci_set_rule.aci_rest_managed.rtctrlSetComm",
            "module.aci.module.aci_set_rule.aci_rest_managed.rtctrlSetDamp",
            "module.aci.module.aci_set_rule.aci_rest_managed.rtctrlSetNh",
            "module.aci.module.aci_set_rule.aci_rest_managed.rtctrlSetNhUnchanged",
            "module.aci.module.aci_set_rule.aci_rest_managed.rtctrlSetPolicyTag",
            "module.aci.module.aci_set_rule.aci_rest_managed.rtctrlSetPref",
            "module.aci.module.aci_set_rule.aci_rest_managed.rtctrlSetRedistMultipath",
            "module.aci.module.aci_set_rule.aci_rest_managed.rtctrlSetRtMetric",
            "module.aci.module.aci_set_rule.aci_rest_managed.rtctrlSetRtMetricType",
            "module.aci.module.aci_set_rule.aci_rest_managed.rtctrlSetTag",
            "module.aci.module.aci_set_rule.aci_rest_managed.rtctrlSetWeight",
            "module.aci.module.aci_tenant.aci_rest_managed.aaaDomainRef",
            "module.aci.module.aci_tenant.aci_rest_managed.fvTenant",
            "module.aci.module.aci_vrf.aci_rest_managed.bgpRtTargetP_ipv4",
            "module.aci.module.aci_vrf.aci_rest_managed.bgpRtTargetP_ipv6",
            "module.aci.module.aci_vrf.aci_rest_managed.bgpRtTarget_ipv4_export",
            "module.aci.module.aci_vrf.aci_rest_managed.bgpRtTarget_ipv4_import",
            "module.aci.module.aci_vrf.aci_rest_managed.bgpRtTarget_ipv6_export",
            "module.aci.module.aci_vrf.aci_rest_managed.bgpRtTarget_ipv6_import",
            "module.aci.module.aci_vrf.aci_rest_managed.dnsLbl",
            "module.aci.module.aci_vrf.aci_rest_managed.fvCtx",
            "module.aci.module.aci_vrf.aci_rest_managed.fvRsBgpCtxPol",
            "module.aci.module.aci_vrf.aci_rest_managed.fvRsCtxToBgpCtxAfPol_ipv4",
            "module.aci.module.aci_vrf.aci_rest_managed.fvRsCtxToBgpCtxAfPol_ipv6",
            "module.aci.module.aci_vrf.aci_rest_managed.fvRsCtxToExtRouteTagPol",
            "module.aci.module.aci_vrf.aci_rest_managed.fvRsCtxToOspfCtxPol_ipv4",
            "module.aci.module.aci_vrf.aci_rest_managed.fvRsCtxToOspfCtxPol_ipv6",
            "module.aci.module.aci_vrf.aci_rest_managed.fvRsOspfCtxPol",
            "module.aci.module.aci_vrf.aci_rest_managed.igmpCtxP",
            "module.aci.module.aci_vrf.aci_rest_managed.igmpSSMXlateP",
            "module.aci.module.aci_vrf.aci_rest_managed.leakExternalPrefix",
            "module.aci.module.aci_vrf.aci_rest_managed.leakInternalSubnet",
            "module.aci.module.aci_vrf.aci_rest_managed.leakRoutes",
            "module.aci.module.aci_vrf.aci_rest_managed.leakTo_external",
            "module.aci.module.aci_vrf.aci_rest_managed.leakTo_internal",
            "module.aci.module.aci_vrf.aci_rest_managed.pimASMPatPol",
            "module.aci.module.aci_vrf.aci_rest_managed.pimAutoRPPol",
            "module.aci.module.aci_vrf.aci_rest_managed.pimBSRFilterPol",
            "module.aci.module.aci_vrf.aci_rest_managed.pimBSRPPol",
            "module.aci.module.aci_vrf.aci_rest_managed.pimCtxP",
            "module.aci.module.aci_vrf.aci_rest_managed.pimFabricRPPol",
            "module.aci.module.aci_vrf.aci_rest_managed.pimInterVRFEntryPol",
            "module.aci.module.aci_vrf.aci_rest_managed.pimInterVRFPol",
            "module.aci.module.aci_vrf.aci_rest_managed.pimMAFilterPol",
            "module.aci.module.aci_vrf.aci_rest_managed.pimRPGrpRangePol_fabric_rp",
            "module.aci.module.aci_vrf.aci_rest_managed.pimRPGrpRangePol_static_rp",
            "module.aci.module.aci_vrf.aci_rest_managed.pimRegTrPol",
            "module.aci.module.aci_vrf.aci_rest_managed.pimResPol",
            "module.aci.module.aci_vrf.aci_rest_managed.pimSGRangeExpPol",
            "module.aci.module.aci_vrf.aci_rest_managed.pimSSMPatPol",
            "module.aci.module.aci_vrf.aci_rest_managed.pimSSMRangePol",
            "module.aci.module.aci_vrf.aci_rest_managed.pimSharedRangePol",
            "module.aci.module.aci_vrf.aci_rest_managed.pimStaticRPEntryPol_fabric_rp",
            "module.aci.module.aci_vrf.aci_rest_managed.pimStaticRPEntryPol_static_rp",
            "module.aci.module.aci_vrf.aci_rest_managed.pimStaticRPPol",
            "module.aci.module.aci_vrf.aci_rest_managed.rtdmcRsFilterToRtMapPol_asm_sg_expiry",
            "module.aci.module.aci_vrf.aci_rest_managed.rtdmcRsFilterToRtMapPol_asm_shared",
            "module.aci.module.aci_vrf.aci_rest_managed.rtdmcRsFilterToRtMapPol_auto_rp",
            "module.aci.module.aci_vrf.aci_rest_managed.rtdmcRsFilterToRtMapPol_bsr",
            "module.aci.module.aci_vrf.aci_rest_managed.rtdmcRsFilterToRtMapPol_fabric_rp",
            "module.aci.module.aci_vrf.aci_rest_managed.rtdmcRsFilterToRtMapPol_pim_inter_vrf",
            "module.aci.module.aci_vrf.aci_rest_managed.rtdmcRsFilterToRtMapPol_ssm_range",
            "module.aci.module.aci_vrf.aci_rest_managed.rtdmcRsFilterToRtMapPol_static_rp",
            "module.aci.module.aci_vrf.aci_rest_managed.vzAny",
            "module.aci.module.aci_vrf.aci_rest_managed.vzRsAnyToCons",
            "module.aci.module.aci_vrf.aci_rest_managed.vzRsAnyToConsIf",
            "module.aci.module.aci_vrf.aci_rest_managed.vzRsAnyToProv"
          ]
        }
      ]
    },
    {
      "module": "module.aci.module.aci_l3out_interface_profile_manual[\"demo-05/demo-05.vrf-01-bgp-AS-65151/border-leafs/hx-dev-01-fi-b-vlan-11\"]",
      "mode": "managed",
      "type": "aci_rest_managed",
      "name": "l3extLIfP",
      "provider": "provider[\"registry.terraform.io/ciscodevnet/aci\"]",
      "instances": [
        {
          "schema_version": 0,
          "attributes": {
            "annotation": "orchestrator:terraform",
            "child": [],
            "class_name": "l3extLIfP",
            "content": {
              "name": "hx-dev-01-fi-b-vlan-11",
              "prio": "unspecified"
            },
            "dn": "uni/tn-demo-05/out-demo-05.vrf-01-bgp-AS-65151/lnodep-border-leafs/lifp-hx-dev-01-fi-b-vlan-11",
            "id": "uni/tn-demo-05/out-demo-05.vrf-01-bgp-AS-65151/lnodep-border-leafs/lifp-hx-dev-01-fi-b-vlan-11"
          },
          "sensitive_attributes": [],
          "dependencies": [
            "module.aci.data.utils_yaml_merge.defaults",
            "module.aci.data.utils_yaml_merge.model",
            "module.aci.data.utils_yaml_merge.modules",
            "module.aci.module.aci_bfd_interface_policy.aci_rest_managed.bfdIfPol",
            "module.aci.module.aci_bgp_timer_policy.aci_rest_managed.bgpCtxPol",
            "module.aci.module.aci_contract.aci_rest_managed.vzBrCP",
            "module.aci.module.aci_contract.aci_rest_managed.vzRsSubjFiltAtt",
            "module.aci.module.aci_contract.aci_rest_managed.vzRsSubjGraphAtt",
            "module.aci.module.aci_contract.aci_rest_managed.vzSubj",
            "module.aci.module.aci_eigrp_interface_policy.aci_rest_managed.eigrpIfPol",
            "module.aci.module.aci_filter.aci_rest_managed.vzEntry",
            "module.aci.module.aci_filter.aci_rest_managed.vzFilter",
            "module.aci.module.aci_imported_contract.aci_rest_managed.vzCPIf",
            "module.aci.module.aci_imported_contract.aci_rest_managed.vzRsIf",
            "module.aci.module.aci_l3out.aci_rest_managed.bgpExtP",
            "module.aci.module.aci_l3out.aci_rest_managed.eigrpExtP",
            "module.aci.module.aci_l3out.aci_rest_managed.l3extConsLbl",
            "module.aci.module.aci_l3out.aci_rest_managed.l3extDefaultRouteLeakP",
            "module.aci.module.aci_l3out.aci_rest_managed.l3extInstP_sr_mpls",
            "module.aci.module.aci_l3out.aci_rest_managed.l3extOut",
            "module.aci.module.aci_l3out.aci_rest_managed.l3extProvLbl",
            "module.aci.module.aci_l3out.aci_rest_managed.l3extRsDampeningPol_ipv4",
            "module.aci.module.aci_l3out.aci_rest_managed.l3extRsDampeningPol_ipv6",
            "module.aci.module.aci_l3out.aci_rest_managed.l3extRsEctx",
            "module.aci.module.aci_l3out.aci_rest_managed.l3extRsInterleakPol",
            "module.aci.module.aci_l3out.aci_rest_managed.l3extRsL3DomAtt",
            "module.aci.module.aci_l3out.aci_rest_managed.l3extRsLblToProfile_export",
            "module.aci.module.aci_l3out.aci_rest_managed.l3extRsLblToProfile_import",
            "module.aci.module.aci_l3out.aci_rest_managed.l3extRsRedistributePol",
            "module.aci.module.aci_l3out.aci_rest_managed.mplsExtP",
            "module.aci.module.aci_l3out.aci_rest_managed.mplsRsLabelPol",
            "module.aci.module.aci_l3out.aci_rest_managed.ospfExtP",
            "module.aci.module.aci_l3out.aci_rest_managed.pimExtP",
            "module.aci.module.aci_l3out.aci_rest_managed.rtctrlCtxP_export",
            "module.aci.module.aci_l3out.aci_rest_managed.rtctrlCtxP_import",
            "module.aci.module.aci_l3out.aci_rest_managed.rtctrlProfile_export",
            "module.aci.module.aci_l3out.aci_rest_managed.rtctrlProfile_import",
            "module.aci.module.aci_l3out.aci_rest_managed.rtctrlRsCtxPToSubjP_export",
            "module.aci.module.aci_l3out.aci_rest_managed.rtctrlRsCtxPToSubjP_import",
            "module.aci.module.aci_l3out.aci_rest_managed.rtctrlRsScopeToAttrP_export",
            "module.aci.module.aci_l3out.aci_rest_managed.rtctrlRsScopeToAttrP_import",
            "module.aci.module.aci_l3out.aci_rest_managed.rtctrlScope_export",
            "module.aci.module.aci_l3out.aci_rest_managed.rtctrlScope_import",
            "module.aci.module.aci_l3out_node_profile_manual.aci_rest_managed.bfdMhNodeP",
            "module.aci.module.aci_l3out_node_profile_manual.aci_rest_managed.bfdRsMhNodePol",
            "module.aci.module.aci_l3out_node_profile_manual.aci_rest_managed.bgpAsP",
            "module.aci.module.aci_l3out_node_profile_manual.aci_rest_managed.bgpAsP-bgpInfraPeerP",
            "module.aci.module.aci_l3out_node_profile_manual.aci_rest_managed.bgpInfraPeerP",
            "module.aci.module.aci_l3out_node_profile_manual.aci_rest_managed.bgpLocalAsnP",
            "module.aci.module.aci_l3out_node_profile_manual.aci_rest_managed.bgpLocalAsnP-bgpInfraPeerP",
            "module.aci.module.aci_l3out_node_profile_manual.aci_rest_managed.bgpPeerP",
            "module.aci.module.aci_l3out_node_profile_manual.aci_rest_managed.bgpRsPeerPfxPol",
            "module.aci.module.aci_l3out_node_profile_manual.aci_rest_managed.bgpRsPeerPfxPol-bgpInfraPeerP",
            "module.aci.module.aci_l3out_node_profile_manual.aci_rest_managed.bgpRsPeerToProfile_export",
            "module.aci.module.aci_l3out_node_profile_manual.aci_rest_managed.bgpRsPeerToProfile_import",
            "module.aci.module.aci_l3out_node_profile_manual.aci_rest_managed.ipNexthopP",
            "module.aci.module.aci_l3out_node_profile_manual.aci_rest_managed.ipRouteP",
            "module.aci.module.aci_l3out_node_profile_manual.aci_rest_managed.l3extInfraNodeP",
            "module.aci.module.aci_l3out_node_profile_manual.aci_rest_managed.l3extLNodeP",
            "module.aci.module.aci_l3out_node_profile_manual.aci_rest_managed.l3extLoopBackIfP",
            "module.aci.module.aci_l3out_node_profile_manual.aci_rest_managed.l3extRsLNodePMplsCustQosPol",
            "module.aci.module.aci_l3out_node_profile_manual.aci_rest_managed.l3extRsNodeL3OutAtt",
            "module.aci.module.aci_l3out_node_profile_manual.aci_rest_managed.mplsNodeSidP",
            "module.aci.module.aci_match_rule.aci_rest_managed.rtctrlMatchCommFactor",
            "module.aci.module.aci_match_rule.aci_rest_managed.rtctrlMatchCommRegexTerm",
            "module.aci.module.aci_match_rule.aci_rest_managed.rtctrlMatchCommTerm",
            "module.aci.module.aci_match_rule.aci_rest_managed.rtctrlMatchRtDest",
            "module.aci.module.aci_match_rule.aci_rest_managed.rtctrlSubjP",
            "module.aci.module.aci_ospf_interface_policy.aci_rest_managed.ospfIfPol",
            "module.aci.module.aci_set_rule.aci_rest_managed.rtctrlAttrP",
            "module.aci.module.aci_set_rule.aci_rest_managed.rtctrlRsSetPolicyTagToInstP",
            "module.aci.module.aci_set_rule.aci_rest_managed.rtctrlSetASPath",
            "module.aci.module.aci_set_rule.aci_rest_managed.rtctrlSetASPathASN",
            "module.aci.module.aci_set_rule.aci_rest_managed.rtctrlSetAddComm",
            "module.aci.module.aci_set_rule.aci_rest_managed.rtctrlSetComm",
            "module.aci.module.aci_set_rule.aci_rest_managed.rtctrlSetDamp",
            "module.aci.module.aci_set_rule.aci_rest_managed.rtctrlSetNh",
            "module.aci.module.aci_set_rule.aci_rest_managed.rtctrlSetNhUnchanged",
            "module.aci.module.aci_set_rule.aci_rest_managed.rtctrlSetPolicyTag",
            "module.aci.module.aci_set_rule.aci_rest_managed.rtctrlSetPref",
            "module.aci.module.aci_set_rule.aci_rest_managed.rtctrlSetRedistMultipath",
            "module.aci.module.aci_set_rule.aci_rest_managed.rtctrlSetRtMetric",
            "module.aci.module.aci_set_rule.aci_rest_managed.rtctrlSetRtMetricType",
            "module.aci.module.aci_set_rule.aci_rest_managed.rtctrlSetTag",
            "module.aci.module.aci_set_rule.aci_rest_managed.rtctrlSetWeight",
            "module.aci.module.aci_tenant.aci_rest_managed.aaaDomainRef",
            "module.aci.module.aci_tenant.aci_rest_managed.fvTenant",
            "module.aci.module.aci_vrf.aci_rest_managed.bgpRtTargetP_ipv4",
            "module.aci.module.aci_vrf.aci_rest_managed.bgpRtTargetP_ipv6",
            "module.aci.module.aci_vrf.aci_rest_managed.bgpRtTarget_ipv4_export",
            "module.aci.module.aci_vrf.aci_rest_managed.bgpRtTarget_ipv4_import",
            "module.aci.module.aci_vrf.aci_rest_managed.bgpRtTarget_ipv6_export",
            "module.aci.module.aci_vrf.aci_rest_managed.bgpRtTarget_ipv6_import",
            "module.aci.module.aci_vrf.aci_rest_managed.dnsLbl",
            "module.aci.module.aci_vrf.aci_rest_managed.fvCtx",
            "module.aci.module.aci_vrf.aci_rest_managed.fvRsBgpCtxPol",
            "module.aci.module.aci_vrf.aci_rest_managed.fvRsCtxToBgpCtxAfPol_ipv4",
            "module.aci.module.aci_vrf.aci_rest_managed.fvRsCtxToBgpCtxAfPol_ipv6",
            "module.aci.module.aci_vrf.aci_rest_managed.fvRsCtxToExtRouteTagPol",
            "module.aci.module.aci_vrf.aci_rest_managed.fvRsCtxToOspfCtxPol_ipv4",
            "module.aci.module.aci_vrf.aci_rest_managed.fvRsCtxToOspfCtxPol_ipv6",
            "module.aci.module.aci_vrf.aci_rest_managed.fvRsOspfCtxPol",
            "module.aci.module.aci_vrf.aci_rest_managed.igmpCtxP",
            "module.aci.module.aci_vrf.aci_rest_managed.igmpSSMXlateP",
            "module.aci.module.aci_vrf.aci_rest_managed.leakExternalPrefix",
            "module.aci.module.aci_vrf.aci_rest_managed.leakInternalSubnet",
            "module.aci.module.aci_vrf.aci_rest_managed.leakRoutes",
            "module.aci.module.aci_vrf.aci_rest_managed.leakTo_external",
            "module.aci.module.aci_vrf.aci_rest_managed.leakTo_internal",
            "module.aci.module.aci_vrf.aci_rest_managed.pimASMPatPol",
            "module.aci.module.aci_vrf.aci_rest_managed.pimAutoRPPol",
            "module.aci.module.aci_vrf.aci_rest_managed.pimBSRFilterPol",
            "module.aci.module.aci_vrf.aci_rest_managed.pimBSRPPol",
            "module.aci.module.aci_vrf.aci_rest_managed.pimCtxP",
            "module.aci.module.aci_vrf.aci_rest_managed.pimFabricRPPol",
            "module.aci.module.aci_vrf.aci_rest_managed.pimInterVRFEntryPol",
            "module.aci.module.aci_vrf.aci_rest_managed.pimInterVRFPol",
            "module.aci.module.aci_vrf.aci_rest_managed.pimMAFilterPol",
            "module.aci.module.aci_vrf.aci_rest_managed.pimRPGrpRangePol_fabric_rp",
            "module.aci.module.aci_vrf.aci_rest_managed.pimRPGrpRangePol_static_rp",
            "module.aci.module.aci_vrf.aci_rest_managed.pimRegTrPol",
            "module.aci.module.aci_vrf.aci_rest_managed.pimResPol",
            "module.aci.module.aci_vrf.aci_rest_managed.pimSGRangeExpPol",
            "module.aci.module.aci_vrf.aci_rest_managed.pimSSMPatPol",
            "module.aci.module.aci_vrf.aci_rest_managed.pimSSMRangePol",
            "module.aci.module.aci_vrf.aci_rest_managed.pimSharedRangePol",
            "module.aci.module.aci_vrf.aci_rest_managed.pimStaticRPEntryPol_fabric_rp",
            "module.aci.module.aci_vrf.aci_rest_managed.pimStaticRPEntryPol_static_rp",
            "module.aci.module.aci_vrf.aci_rest_managed.pimStaticRPPol",
            "module.aci.module.aci_vrf.aci_rest_managed.rtdmcRsFilterToRtMapPol_asm_sg_expiry",
            "module.aci.module.aci_vrf.aci_rest_managed.rtdmcRsFilterToRtMapPol_asm_shared",
            "module.aci.module.aci_vrf.aci_rest_managed.rtdmcRsFilterToRtMapPol_auto_rp",
            "module.aci.module.aci_vrf.aci_rest_managed.rtdmcRsFilterToRtMapPol_bsr",
            "module.aci.module.aci_vrf.aci_rest_managed.rtdmcRsFilterToRtMapPol_fabric_rp",
            "module.aci.module.aci_vrf.aci_rest_managed.rtdmcRsFilterToRtMapPol_pim_inter_vrf",
            "module.aci.module.aci_vrf.aci_rest_managed.rtdmcRsFilterToRtMapPol_ssm_range",
            "module.aci.module.aci_vrf.aci_rest_managed.rtdmcRsFilterToRtMapPol_static_rp",
            "module.aci.module.aci_vrf.aci_rest_managed.vzAny",
            "module.aci.module.aci_vrf.aci_rest_managed.vzRsAnyToCons",
            "module.aci.module.aci_vrf.aci_rest_managed.vzRsAnyToConsIf",
            "module.aci.module.aci_vrf.aci_rest_managed.vzRsAnyToProv"
          ]
        }
      ]
    },
    {
      "module": "module.aci.module.aci_l3out_interface_profile_manual[\"demo-05/demo-05.vrf-01-bgp-AS-65151/border-leafs/hx-dev-01-fi-b-vlan-11\"]",
      "mode": "managed",
      "type": "aci_rest_managed",
      "name": "l3extRsPathL3OutAtt",
      "provider": "provider[\"registry.terraform.io/ciscodevnet/aci\"]",
      "instances": [
        {
          "index_key": "topology/pod-1/paths-102/pathep-[hx-dev-01-fi-b]",
          "schema_version": 0,
          "attributes": {
            "annotation": "orchestrator:terraform",
            "child": [],
            "class_name": "l3extRsPathL3OutAtt",
            "content": {
              "addr": "10.237.99.58/29",
              "autostate": "disabled",
              "descr": "",
              "encap": "vlan-11",
              "encapScope": "local",
              "ifInstT": "ext-svi",
              "ipv6Dad": "enabled",
              "isMultiPodDirect": null,
              "llAddr": "::",
              "mac": "00:22:BD:F8:19:FF",
              "mode": "regular",
              "mtu": "1500",
              "tDn": "topology/pod-1/paths-102/pathep-[hx-dev-01-fi-b]"
            },
            "dn": "uni/tn-demo-05/out-demo-05.vrf-01-bgp-AS-65151/lnodep-border-leafs/lifp-hx-dev-01-fi-b-vlan-11/rspathL3OutAtt-[topology/pod-1/paths-102/pathep-[hx-dev-01-fi-b]]",
            "id": "uni/tn-demo-05/out-demo-05.vrf-01-bgp-AS-65151/lnodep-border-leafs/lifp-hx-dev-01-fi-b-vlan-11/rspathL3OutAtt-[topology/pod-1/paths-102/pathep-[hx-dev-01-fi-b]]"
          },
          "sensitive_attributes": [],
          "dependencies": [
            "module.aci.data.utils_yaml_merge.defaults",
            "module.aci.data.utils_yaml_merge.model",
            "module.aci.data.utils_yaml_merge.modules",
            "module.aci.module.aci_bfd_interface_policy.aci_rest_managed.bfdIfPol",
            "module.aci.module.aci_bgp_timer_policy.aci_rest_managed.bgpCtxPol",
            "module.aci.module.aci_contract.aci_rest_managed.vzBrCP",
            "module.aci.module.aci_contract.aci_rest_managed.vzRsSubjFiltAtt",
            "module.aci.module.aci_contract.aci_rest_managed.vzRsSubjGraphAtt",
            "module.aci.module.aci_contract.aci_rest_managed.vzSubj",
            "module.aci.module.aci_eigrp_interface_policy.aci_rest_managed.eigrpIfPol",
            "module.aci.module.aci_filter.aci_rest_managed.vzEntry",
            "module.aci.module.aci_filter.aci_rest_managed.vzFilter",
            "module.aci.module.aci_imported_contract.aci_rest_managed.vzCPIf",
            "module.aci.module.aci_imported_contract.aci_rest_managed.vzRsIf",
            "module.aci.module.aci_l3out.aci_rest_managed.bgpExtP",
            "module.aci.module.aci_l3out.aci_rest_managed.eigrpExtP",
            "module.aci.module.aci_l3out.aci_rest_managed.l3extConsLbl",
            "module.aci.module.aci_l3out.aci_rest_managed.l3extDefaultRouteLeakP",
            "module.aci.module.aci_l3out.aci_rest_managed.l3extInstP_sr_mpls",
            "module.aci.module.aci_l3out.aci_rest_managed.l3extOut",
            "module.aci.module.aci_l3out.aci_rest_managed.l3extProvLbl",
            "module.aci.module.aci_l3out.aci_rest_managed.l3extRsDampeningPol_ipv4",
            "module.aci.module.aci_l3out.aci_rest_managed.l3extRsDampeningPol_ipv6",
            "module.aci.module.aci_l3out.aci_rest_managed.l3extRsEctx",
            "module.aci.module.aci_l3out.aci_rest_managed.l3extRsInterleakPol",
            "module.aci.module.aci_l3out.aci_rest_managed.l3extRsL3DomAtt",
            "module.aci.module.aci_l3out.aci_rest_managed.l3extRsLblToProfile_export",
            "module.aci.module.aci_l3out.aci_rest_managed.l3extRsLblToProfile_import",
            "module.aci.module.aci_l3out.aci_rest_managed.l3extRsRedistributePol",
            "module.aci.module.aci_l3out.aci_rest_managed.mplsExtP",
            "module.aci.module.aci_l3out.aci_rest_managed.mplsRsLabelPol",
            "module.aci.module.aci_l3out.aci_rest_managed.ospfExtP",
            "module.aci.module.aci_l3out.aci_rest_managed.pimExtP",
            "module.aci.module.aci_l3out.aci_rest_managed.rtctrlCtxP_export",
            "module.aci.module.aci_l3out.aci_rest_managed.rtctrlCtxP_import",
            "module.aci.module.aci_l3out.aci_rest_managed.rtctrlProfile_export",
            "module.aci.module.aci_l3out.aci_rest_managed.rtctrlProfile_import",
            "module.aci.module.aci_l3out.aci_rest_managed.rtctrlRsCtxPToSubjP_export",
            "module.aci.module.aci_l3out.aci_rest_managed.rtctrlRsCtxPToSubjP_import",
            "module.aci.module.aci_l3out.aci_rest_managed.rtctrlRsScopeToAttrP_export",
            "module.aci.module.aci_l3out.aci_rest_managed.rtctrlRsScopeToAttrP_import",
            "module.aci.module.aci_l3out.aci_rest_managed.rtctrlScope_export",
            "module.aci.module.aci_l3out.aci_rest_managed.rtctrlScope_import",
            "module.aci.module.aci_l3out_interface_profile_manual.aci_rest_managed.l3extLIfP",
            "module.aci.module.aci_l3out_node_profile_manual.aci_rest_managed.bfdMhNodeP",
            "module.aci.module.aci_l3out_node_profile_manual.aci_rest_managed.bfdRsMhNodePol",
            "module.aci.module.aci_l3out_node_profile_manual.aci_rest_managed.bgpAsP",
            "module.aci.module.aci_l3out_node_profile_manual.aci_rest_managed.bgpAsP-bgpInfraPeerP",
            "module.aci.module.aci_l3out_node_profile_manual.aci_rest_managed.bgpInfraPeerP",
            "module.aci.module.aci_l3out_node_profile_manual.aci_rest_managed.bgpLocalAsnP",
            "module.aci.module.aci_l3out_node_profile_manual.aci_rest_managed.bgpLocalAsnP-bgpInfraPeerP",
            "module.aci.module.aci_l3out_node_profile_manual.aci_rest_managed.bgpPeerP",
            "module.aci.module.aci_l3out_node_profile_manual.aci_rest_managed.bgpRsPeerPfxPol",
            "module.aci.module.aci_l3out_node_profile_manual.aci_rest_managed.bgpRsPeerPfxPol-bgpInfraPeerP",
            "module.aci.module.aci_l3out_node_profile_manual.aci_rest_managed.bgpRsPeerToProfile_export",
            "module.aci.module.aci_l3out_node_profile_manual.aci_rest_managed.bgpRsPeerToProfile_import",
            "module.aci.module.aci_l3out_node_profile_manual.aci_rest_managed.ipNexthopP",
            "module.aci.module.aci_l3out_node_profile_manual.aci_rest_managed.ipRouteP",
            "module.aci.module.aci_l3out_node_profile_manual.aci_rest_managed.l3extInfraNodeP",
            "module.aci.module.aci_l3out_node_profile_manual.aci_rest_managed.l3extLNodeP",
            "module.aci.module.aci_l3out_node_profile_manual.aci_rest_managed.l3extLoopBackIfP",
            "module.aci.module.aci_l3out_node_profile_manual.aci_rest_managed.l3extRsLNodePMplsCustQosPol",
            "module.aci.module.aci_l3out_node_profile_manual.aci_rest_managed.l3extRsNodeL3OutAtt",
            "module.aci.module.aci_l3out_node_profile_manual.aci_rest_managed.mplsNodeSidP",
            "module.aci.module.aci_match_rule.aci_rest_managed.rtctrlMatchCommFactor",
            "module.aci.module.aci_match_rule.aci_rest_managed.rtctrlMatchCommRegexTerm",
            "module.aci.module.aci_match_rule.aci_rest_managed.rtctrlMatchCommTerm",
            "module.aci.module.aci_match_rule.aci_rest_managed.rtctrlMatchRtDest",
            "module.aci.module.aci_match_rule.aci_rest_managed.rtctrlSubjP",
            "module.aci.module.aci_ospf_interface_policy.aci_rest_managed.ospfIfPol",
            "module.aci.module.aci_set_rule.aci_rest_managed.rtctrlAttrP",
            "module.aci.module.aci_set_rule.aci_rest_managed.rtctrlRsSetPolicyTagToInstP",
            "module.aci.module.aci_set_rule.aci_rest_managed.rtctrlSetASPath",
            "module.aci.module.aci_set_rule.aci_rest_managed.rtctrlSetASPathASN",
            "module.aci.module.aci_set_rule.aci_rest_managed.rtctrlSetAddComm",
            "module.aci.module.aci_set_rule.aci_rest_managed.rtctrlSetComm",
            "module.aci.module.aci_set_rule.aci_rest_managed.rtctrlSetDamp",
            "module.aci.module.aci_set_rule.aci_rest_managed.rtctrlSetNh",
            "module.aci.module.aci_set_rule.aci_rest_managed.rtctrlSetNhUnchanged",
            "module.aci.module.aci_set_rule.aci_rest_managed.rtctrlSetPolicyTag",
            "module.aci.module.aci_set_rule.aci_rest_managed.rtctrlSetPref",
            "module.aci.module.aci_set_rule.aci_rest_managed.rtctrlSetRedistMultipath",
            "module.aci.module.aci_set_rule.aci_rest_managed.rtctrlSetRtMetric",
            "module.aci.module.aci_set_rule.aci_rest_managed.rtctrlSetRtMetricType",
            "module.aci.module.aci_set_rule.aci_rest_managed.rtctrlSetTag",
            "module.aci.module.aci_set_rule.aci_rest_managed.rtctrlSetWeight",
            "module.aci.module.aci_tenant.aci_rest_managed.aaaDomainRef",
            "module.aci.module.aci_tenant.aci_rest_managed.fvTenant",
            "module.aci.module.aci_vrf.aci_rest_managed.bgpRtTargetP_ipv4",
            "module.aci.module.aci_vrf.aci_rest_managed.bgpRtTargetP_ipv6",
            "module.aci.module.aci_vrf.aci_rest_managed.bgpRtTarget_ipv4_export",
            "module.aci.module.aci_vrf.aci_rest_managed.bgpRtTarget_ipv4_import",
            "module.aci.module.aci_vrf.aci_rest_managed.bgpRtTarget_ipv6_export",
            "module.aci.module.aci_vrf.aci_rest_managed.bgpRtTarget_ipv6_import",
            "module.aci.module.aci_vrf.aci_rest_managed.dnsLbl",
            "module.aci.module.aci_vrf.aci_rest_managed.fvCtx",
            "module.aci.module.aci_vrf.aci_rest_managed.fvRsBgpCtxPol",
            "module.aci.module.aci_vrf.aci_rest_managed.fvRsCtxToBgpCtxAfPol_ipv4",
            "module.aci.module.aci_vrf.aci_rest_managed.fvRsCtxToBgpCtxAfPol_ipv6",
            "module.aci.module.aci_vrf.aci_rest_managed.fvRsCtxToExtRouteTagPol",
            "module.aci.module.aci_vrf.aci_rest_managed.fvRsCtxToOspfCtxPol_ipv4",
            "module.aci.module.aci_vrf.aci_rest_managed.fvRsCtxToOspfCtxPol_ipv6",
            "module.aci.module.aci_vrf.aci_rest_managed.fvRsOspfCtxPol",
            "module.aci.module.aci_vrf.aci_rest_managed.igmpCtxP",
            "module.aci.module.aci_vrf.aci_rest_managed.igmpSSMXlateP",
            "module.aci.module.aci_vrf.aci_rest_managed.leakExternalPrefix",
            "module.aci.module.aci_vrf.aci_rest_managed.leakInternalSubnet",
            "module.aci.module.aci_vrf.aci_rest_managed.leakRoutes",
            "module.aci.module.aci_vrf.aci_rest_managed.leakTo_external",
            "module.aci.module.aci_vrf.aci_rest_managed.leakTo_internal",
            "module.aci.module.aci_vrf.aci_rest_managed.pimASMPatPol",
            "module.aci.module.aci_vrf.aci_rest_managed.pimAutoRPPol",
            "module.aci.module.aci_vrf.aci_rest_managed.pimBSRFilterPol",
            "module.aci.module.aci_vrf.aci_rest_managed.pimBSRPPol",
            "module.aci.module.aci_vrf.aci_rest_managed.pimCtxP",
            "module.aci.module.aci_vrf.aci_rest_managed.pimFabricRPPol",
            "module.aci.module.aci_vrf.aci_rest_managed.pimInterVRFEntryPol",
            "module.aci.module.aci_vrf.aci_rest_managed.pimInterVRFPol",
            "module.aci.module.aci_vrf.aci_rest_managed.pimMAFilterPol",
            "module.aci.module.aci_vrf.aci_rest_managed.pimRPGrpRangePol_fabric_rp",
            "module.aci.module.aci_vrf.aci_rest_managed.pimRPGrpRangePol_static_rp",
            "module.aci.module.aci_vrf.aci_rest_managed.pimRegTrPol",
            "module.aci.module.aci_vrf.aci_rest_managed.pimResPol",
            "module.aci.module.aci_vrf.aci_rest_managed.pimSGRangeExpPol",
            "module.aci.module.aci_vrf.aci_rest_managed.pimSSMPatPol",
            "module.aci.module.aci_vrf.aci_rest_managed.pimSSMRangePol",
            "module.aci.module.aci_vrf.aci_rest_managed.pimSharedRangePol",
            "module.aci.module.aci_vrf.aci_rest_managed.pimStaticRPEntryPol_fabric_rp",
            "module.aci.module.aci_vrf.aci_rest_managed.pimStaticRPEntryPol_static_rp",
            "module.aci.module.aci_vrf.aci_rest_managed.pimStaticRPPol",
            "module.aci.module.aci_vrf.aci_rest_managed.rtdmcRsFilterToRtMapPol_asm_sg_expiry",
            "module.aci.module.aci_vrf.aci_rest_managed.rtdmcRsFilterToRtMapPol_asm_shared",
            "module.aci.module.aci_vrf.aci_rest_managed.rtdmcRsFilterToRtMapPol_auto_rp",
            "module.aci.module.aci_vrf.aci_rest_managed.rtdmcRsFilterToRtMapPol_bsr",
            "module.aci.module.aci_vrf.aci_rest_managed.rtdmcRsFilterToRtMapPol_fabric_rp",
            "module.aci.module.aci_vrf.aci_rest_managed.rtdmcRsFilterToRtMapPol_pim_inter_vrf",
            "module.aci.module.aci_vrf.aci_rest_managed.rtdmcRsFilterToRtMapPol_ssm_range",
            "module.aci.module.aci_vrf.aci_rest_managed.rtdmcRsFilterToRtMapPol_static_rp",
            "module.aci.module.aci_vrf.aci_rest_managed.vzAny",
            "module.aci.module.aci_vrf.aci_rest_managed.vzRsAnyToCons",
            "module.aci.module.aci_vrf.aci_rest_managed.vzRsAnyToConsIf",
            "module.aci.module.aci_vrf.aci_rest_managed.vzRsAnyToProv"
          ]
        }
      ]
    },
    {
      "module": "module.aci.module.aci_l3out_node_profile_manual[\"demo-05/demo-05.vrf-01-bgp-AS-65151/border-leafs\"]",
      "mode": "managed",
      "type": "aci_rest_managed",
      "name": "l3extLNodeP",
      "provider": "provider[\"registry.terraform.io/ciscodevnet/aci\"]",
      "instances": [
        {
          "schema_version": 0,
          "attributes": {
            "annotation": "orchestrator:terraform",
            "child": [],
            "class_name": "l3extLNodeP",
            "content": {
              "name": "border-leafs"
            },
            "dn": "uni/tn-demo-05/out-demo-05.vrf-01-bgp-AS-65151/lnodep-border-leafs",
            "id": "uni/tn-demo-05/out-demo-05.vrf-01-bgp-AS-65151/lnodep-border-leafs"
          },
          "sensitive_attributes": [],
          "dependencies": [
            "module.aci.data.utils_yaml_merge.defaults",
            "module.aci.data.utils_yaml_merge.model",
            "module.aci.data.utils_yaml_merge.modules",
            "module.aci.module.aci_bfd_interface_policy.aci_rest_managed.bfdIfPol",
            "module.aci.module.aci_bgp_timer_policy.aci_rest_managed.bgpCtxPol",
            "module.aci.module.aci_contract.aci_rest_managed.vzBrCP",
            "module.aci.module.aci_contract.aci_rest_managed.vzRsSubjFiltAtt",
            "module.aci.module.aci_contract.aci_rest_managed.vzRsSubjGraphAtt",
            "module.aci.module.aci_contract.aci_rest_managed.vzSubj",
            "module.aci.module.aci_eigrp_interface_policy.aci_rest_managed.eigrpIfPol",
            "module.aci.module.aci_filter.aci_rest_managed.vzEntry",
            "module.aci.module.aci_filter.aci_rest_managed.vzFilter",
            "module.aci.module.aci_imported_contract.aci_rest_managed.vzCPIf",
            "module.aci.module.aci_imported_contract.aci_rest_managed.vzRsIf",
            "module.aci.module.aci_l3out.aci_rest_managed.bgpExtP",
            "module.aci.module.aci_l3out.aci_rest_managed.eigrpExtP",
            "module.aci.module.aci_l3out.aci_rest_managed.l3extConsLbl",
            "module.aci.module.aci_l3out.aci_rest_managed.l3extDefaultRouteLeakP",
            "module.aci.module.aci_l3out.aci_rest_managed.l3extInstP_sr_mpls",
            "module.aci.module.aci_l3out.aci_rest_managed.l3extOut",
            "module.aci.module.aci_l3out.aci_rest_managed.l3extProvLbl",
            "module.aci.module.aci_l3out.aci_rest_managed.l3extRsDampeningPol_ipv4",
            "module.aci.module.aci_l3out.aci_rest_managed.l3extRsDampeningPol_ipv6",
            "module.aci.module.aci_l3out.aci_rest_managed.l3extRsEctx",
            "module.aci.module.aci_l3out.aci_rest_managed.l3extRsInterleakPol",
            "module.aci.module.aci_l3out.aci_rest_managed.l3extRsL3DomAtt",
            "module.aci.module.aci_l3out.aci_rest_managed.l3extRsLblToProfile_export",
            "module.aci.module.aci_l3out.aci_rest_managed.l3extRsLblToProfile_import",
            "module.aci.module.aci_l3out.aci_rest_managed.l3extRsRedistributePol",
            "module.aci.module.aci_l3out.aci_rest_managed.mplsExtP",
            "module.aci.module.aci_l3out.aci_rest_managed.mplsRsLabelPol",
            "module.aci.module.aci_l3out.aci_rest_managed.ospfExtP",
            "module.aci.module.aci_l3out.aci_rest_managed.pimExtP",
            "module.aci.module.aci_l3out.aci_rest_managed.rtctrlCtxP_export",
            "module.aci.module.aci_l3out.aci_rest_managed.rtctrlCtxP_import",
            "module.aci.module.aci_l3out.aci_rest_managed.rtctrlProfile_export",
            "module.aci.module.aci_l3out.aci_rest_managed.rtctrlProfile_import",
            "module.aci.module.aci_l3out.aci_rest_managed.rtctrlRsCtxPToSubjP_export",
            "module.aci.module.aci_l3out.aci_rest_managed.rtctrlRsCtxPToSubjP_import",
            "module.aci.module.aci_l3out.aci_rest_managed.rtctrlRsScopeToAttrP_export",
            "module.aci.module.aci_l3out.aci_rest_managed.rtctrlRsScopeToAttrP_import",
            "module.aci.module.aci_l3out.aci_rest_managed.rtctrlScope_export",
            "module.aci.module.aci_l3out.aci_rest_managed.rtctrlScope_import",
            "module.aci.module.aci_match_rule.aci_rest_managed.rtctrlMatchCommFactor",
            "module.aci.module.aci_match_rule.aci_rest_managed.rtctrlMatchCommRegexTerm",
            "module.aci.module.aci_match_rule.aci_rest_managed.rtctrlMatchCommTerm",
            "module.aci.module.aci_match_rule.aci_rest_managed.rtctrlMatchRtDest",
            "module.aci.module.aci_match_rule.aci_rest_managed.rtctrlSubjP",
            "module.aci.module.aci_ospf_interface_policy.aci_rest_managed.ospfIfPol",
            "module.aci.module.aci_set_rule.aci_rest_managed.rtctrlAttrP",
            "module.aci.module.aci_set_rule.aci_rest_managed.rtctrlRsSetPolicyTagToInstP",
            "module.aci.module.aci_set_rule.aci_rest_managed.rtctrlSetASPath",
            "module.aci.module.aci_set_rule.aci_rest_managed.rtctrlSetASPathASN",
            "module.aci.module.aci_set_rule.aci_rest_managed.rtctrlSetAddComm",
            "module.aci.module.aci_set_rule.aci_rest_managed.rtctrlSetComm",
            "module.aci.module.aci_set_rule.aci_rest_managed.rtctrlSetDamp",
            "module.aci.module.aci_set_rule.aci_rest_managed.rtctrlSetNh",
            "module.aci.module.aci_set_rule.aci_rest_managed.rtctrlSetNhUnchanged",
            "module.aci.module.aci_set_rule.aci_rest_managed.rtctrlSetPolicyTag",
            "module.aci.module.aci_set_rule.aci_rest_managed.rtctrlSetPref",
            "module.aci.module.aci_set_rule.aci_rest_managed.rtctrlSetRedistMultipath",
            "module.aci.module.aci_set_rule.aci_rest_managed.rtctrlSetRtMetric",
            "module.aci.module.aci_set_rule.aci_rest_managed.rtctrlSetRtMetricType",
            "module.aci.module.aci_set_rule.aci_rest_managed.rtctrlSetTag",
            "module.aci.module.aci_set_rule.aci_rest_managed.rtctrlSetWeight",
            "module.aci.module.aci_tenant.aci_rest_managed.aaaDomainRef",
            "module.aci.module.aci_tenant.aci_rest_managed.fvTenant",
            "module.aci.module.aci_vrf.aci_rest_managed.bgpRtTargetP_ipv4",
            "module.aci.module.aci_vrf.aci_rest_managed.bgpRtTargetP_ipv6",
            "module.aci.module.aci_vrf.aci_rest_managed.bgpRtTarget_ipv4_export",
            "module.aci.module.aci_vrf.aci_rest_managed.bgpRtTarget_ipv4_import",
            "module.aci.module.aci_vrf.aci_rest_managed.bgpRtTarget_ipv6_export",
            "module.aci.module.aci_vrf.aci_rest_managed.bgpRtTarget_ipv6_import",
            "module.aci.module.aci_vrf.aci_rest_managed.dnsLbl",
            "module.aci.module.aci_vrf.aci_rest_managed.fvCtx",
            "module.aci.module.aci_vrf.aci_rest_managed.fvRsBgpCtxPol",
            "module.aci.module.aci_vrf.aci_rest_managed.fvRsCtxToBgpCtxAfPol_ipv4",
            "module.aci.module.aci_vrf.aci_rest_managed.fvRsCtxToBgpCtxAfPol_ipv6",
            "module.aci.module.aci_vrf.aci_rest_managed.fvRsCtxToExtRouteTagPol",
            "module.aci.module.aci_vrf.aci_rest_managed.fvRsCtxToOspfCtxPol_ipv4",
            "module.aci.module.aci_vrf.aci_rest_managed.fvRsCtxToOspfCtxPol_ipv6",
            "module.aci.module.aci_vrf.aci_rest_managed.fvRsOspfCtxPol",
            "module.aci.module.aci_vrf.aci_rest_managed.igmpCtxP",
            "module.aci.module.aci_vrf.aci_rest_managed.igmpSSMXlateP",
            "module.aci.module.aci_vrf.aci_rest_managed.leakExternalPrefix",
            "module.aci.module.aci_vrf.aci_rest_managed.leakInternalSubnet",
            "module.aci.module.aci_vrf.aci_rest_managed.leakRoutes",
            "module.aci.module.aci_vrf.aci_rest_managed.leakTo_external",
            "module.aci.module.aci_vrf.aci_rest_managed.leakTo_internal",
            "module.aci.module.aci_vrf.aci_rest_managed.pimASMPatPol",
            "module.aci.module.aci_vrf.aci_rest_managed.pimAutoRPPol",
            "module.aci.module.aci_vrf.aci_rest_managed.pimBSRFilterPol",
            "module.aci.module.aci_vrf.aci_rest_managed.pimBSRPPol",
            "module.aci.module.aci_vrf.aci_rest_managed.pimCtxP",
            "module.aci.module.aci_vrf.aci_rest_managed.pimFabricRPPol",
            "module.aci.module.aci_vrf.aci_rest_managed.pimInterVRFEntryPol",
            "module.aci.module.aci_vrf.aci_rest_managed.pimInterVRFPol",
            "module.aci.module.aci_vrf.aci_rest_managed.pimMAFilterPol",
            "module.aci.module.aci_vrf.aci_rest_managed.pimRPGrpRangePol_fabric_rp",
            "module.aci.module.aci_vrf.aci_rest_managed.pimRPGrpRangePol_static_rp",
            "module.aci.module.aci_vrf.aci_rest_managed.pimRegTrPol",
            "module.aci.module.aci_vrf.aci_rest_managed.pimResPol",
            "module.aci.module.aci_vrf.aci_rest_managed.pimSGRangeExpPol",
            "module.aci.module.aci_vrf.aci_rest_managed.pimSSMPatPol",
            "module.aci.module.aci_vrf.aci_rest_managed.pimSSMRangePol",
            "module.aci.module.aci_vrf.aci_rest_managed.pimSharedRangePol",
            "module.aci.module.aci_vrf.aci_rest_managed.pimStaticRPEntryPol_fabric_rp",
            "module.aci.module.aci_vrf.aci_rest_managed.pimStaticRPEntryPol_static_rp",
            "module.aci.module.aci_vrf.aci_rest_managed.pimStaticRPPol",
            "module.aci.module.aci_vrf.aci_rest_managed.rtdmcRsFilterToRtMapPol_asm_sg_expiry",
            "module.aci.module.aci_vrf.aci_rest_managed.rtdmcRsFilterToRtMapPol_asm_shared",
            "module.aci.module.aci_vrf.aci_rest_managed.rtdmcRsFilterToRtMapPol_auto_rp",
            "module.aci.module.aci_vrf.aci_rest_managed.rtdmcRsFilterToRtMapPol_bsr",
            "module.aci.module.aci_vrf.aci_rest_managed.rtdmcRsFilterToRtMapPol_fabric_rp",
            "module.aci.module.aci_vrf.aci_rest_managed.rtdmcRsFilterToRtMapPol_pim_inter_vrf",
            "module.aci.module.aci_vrf.aci_rest_managed.rtdmcRsFilterToRtMapPol_ssm_range",
            "module.aci.module.aci_vrf.aci_rest_managed.rtdmcRsFilterToRtMapPol_static_rp",
            "module.aci.module.aci_vrf.aci_rest_managed.vzAny",
            "module.aci.module.aci_vrf.aci_rest_managed.vzRsAnyToCons",
            "module.aci.module.aci_vrf.aci_rest_managed.vzRsAnyToConsIf",
            "module.aci.module.aci_vrf.aci_rest_managed.vzRsAnyToProv"
          ]
        }
      ]
    },
    {
      "module": "module.aci.module.aci_l3out_node_profile_manual[\"demo-05/demo-05.vrf-01-bgp-AS-65151/border-leafs\"]",
      "mode": "managed",
      "type": "aci_rest_managed",
      "name": "l3extRsNodeL3OutAtt",
      "provider": "provider[\"registry.terraform.io/ciscodevnet/aci\"]",
      "instances": [
        {
          "index_key": "101",
          "schema_version": 0,
          "attributes": {
            "annotation": "orchestrator:terraform",
            "child": [],
            "class_name": "l3extRsNodeL3OutAtt",
            "content": {
              "rtrId": "101.2.15.1",
              "rtrIdLoopBack": "yes"
            },
            "dn": "uni/tn-demo-05/out-demo-05.vrf-01-bgp-AS-65151/lnodep-border-leafs/rsnodeL3OutAtt-[topology/pod-1/node-101]",
            "id": "uni/tn-demo-05/out-demo-05.vrf-01-bgp-AS-65151/lnodep-border-leafs/rsnodeL3OutAtt-[topology/pod-1/node-101]"
          },
          "sensitive_attributes": [],
          "dependencies": [
            "module.aci.data.utils_yaml_merge.defaults",
            "module.aci.data.utils_yaml_merge.model",
            "module.aci.data.utils_yaml_merge.modules",
            "module.aci.module.aci_bfd_interface_policy.aci_rest_managed.bfdIfPol",
            "module.aci.module.aci_bgp_timer_policy.aci_rest_managed.bgpCtxPol",
            "module.aci.module.aci_contract.aci_rest_managed.vzBrCP",
            "module.aci.module.aci_contract.aci_rest_managed.vzRsSubjFiltAtt",
            "module.aci.module.aci_contract.aci_rest_managed.vzRsSubjGraphAtt",
            "module.aci.module.aci_contract.aci_rest_managed.vzSubj",
            "module.aci.module.aci_eigrp_interface_policy.aci_rest_managed.eigrpIfPol",
            "module.aci.module.aci_filter.aci_rest_managed.vzEntry",
            "module.aci.module.aci_filter.aci_rest_managed.vzFilter",
            "module.aci.module.aci_imported_contract.aci_rest_managed.vzCPIf",
            "module.aci.module.aci_imported_contract.aci_rest_managed.vzRsIf",
            "module.aci.module.aci_l3out.aci_rest_managed.bgpExtP",
            "module.aci.module.aci_l3out.aci_rest_managed.eigrpExtP",
            "module.aci.module.aci_l3out.aci_rest_managed.l3extConsLbl",
            "module.aci.module.aci_l3out.aci_rest_managed.l3extDefaultRouteLeakP",
            "module.aci.module.aci_l3out.aci_rest_managed.l3extInstP_sr_mpls",
            "module.aci.module.aci_l3out.aci_rest_managed.l3extOut",
            "module.aci.module.aci_l3out.aci_rest_managed.l3extProvLbl",
            "module.aci.module.aci_l3out.aci_rest_managed.l3extRsDampeningPol_ipv4",
            "module.aci.module.aci_l3out.aci_rest_managed.l3extRsDampeningPol_ipv6",
            "module.aci.module.aci_l3out.aci_rest_managed.l3extRsEctx",
            "module.aci.module.aci_l3out.aci_rest_managed.l3extRsInterleakPol",
            "module.aci.module.aci_l3out.aci_rest_managed.l3extRsL3DomAtt",
            "module.aci.module.aci_l3out.aci_rest_managed.l3extRsLblToProfile_export",
            "module.aci.module.aci_l3out.aci_rest_managed.l3extRsLblToProfile_import",
            "module.aci.module.aci_l3out.aci_rest_managed.l3extRsRedistributePol",
            "module.aci.module.aci_l3out.aci_rest_managed.mplsExtP",
            "module.aci.module.aci_l3out.aci_rest_managed.mplsRsLabelPol",
            "module.aci.module.aci_l3out.aci_rest_managed.ospfExtP",
            "module.aci.module.aci_l3out.aci_rest_managed.pimExtP",
            "module.aci.module.aci_l3out.aci_rest_managed.rtctrlCtxP_export",
            "module.aci.module.aci_l3out.aci_rest_managed.rtctrlCtxP_import",
            "module.aci.module.aci_l3out.aci_rest_managed.rtctrlProfile_export",
            "module.aci.module.aci_l3out.aci_rest_managed.rtctrlProfile_import",
            "module.aci.module.aci_l3out.aci_rest_managed.rtctrlRsCtxPToSubjP_export",
            "module.aci.module.aci_l3out.aci_rest_managed.rtctrlRsCtxPToSubjP_import",
            "module.aci.module.aci_l3out.aci_rest_managed.rtctrlRsScopeToAttrP_export",
            "module.aci.module.aci_l3out.aci_rest_managed.rtctrlRsScopeToAttrP_import",
            "module.aci.module.aci_l3out.aci_rest_managed.rtctrlScope_export",
            "module.aci.module.aci_l3out.aci_rest_managed.rtctrlScope_import",
            "module.aci.module.aci_l3out_node_profile_manual.aci_rest_managed.l3extLNodeP",
            "module.aci.module.aci_match_rule.aci_rest_managed.rtctrlMatchCommFactor",
            "module.aci.module.aci_match_rule.aci_rest_managed.rtctrlMatchCommRegexTerm",
            "module.aci.module.aci_match_rule.aci_rest_managed.rtctrlMatchCommTerm",
            "module.aci.module.aci_match_rule.aci_rest_managed.rtctrlMatchRtDest",
            "module.aci.module.aci_match_rule.aci_rest_managed.rtctrlSubjP",
            "module.aci.module.aci_ospf_interface_policy.aci_rest_managed.ospfIfPol",
            "module.aci.module.aci_set_rule.aci_rest_managed.rtctrlAttrP",
            "module.aci.module.aci_set_rule.aci_rest_managed.rtctrlRsSetPolicyTagToInstP",
            "module.aci.module.aci_set_rule.aci_rest_managed.rtctrlSetASPath",
            "module.aci.module.aci_set_rule.aci_rest_managed.rtctrlSetASPathASN",
            "module.aci.module.aci_set_rule.aci_rest_managed.rtctrlSetAddComm",
            "module.aci.module.aci_set_rule.aci_rest_managed.rtctrlSetComm",
            "module.aci.module.aci_set_rule.aci_rest_managed.rtctrlSetDamp",
            "module.aci.module.aci_set_rule.aci_rest_managed.rtctrlSetNh",
            "module.aci.module.aci_set_rule.aci_rest_managed.rtctrlSetNhUnchanged",
            "module.aci.module.aci_set_rule.aci_rest_managed.rtctrlSetPolicyTag",
            "module.aci.module.aci_set_rule.aci_rest_managed.rtctrlSetPref",
            "module.aci.module.aci_set_rule.aci_rest_managed.rtctrlSetRedistMultipath",
            "module.aci.module.aci_set_rule.aci_rest_managed.rtctrlSetRtMetric",
            "module.aci.module.aci_set_rule.aci_rest_managed.rtctrlSetRtMetricType",
            "module.aci.module.aci_set_rule.aci_rest_managed.rtctrlSetTag",
            "module.aci.module.aci_set_rule.aci_rest_managed.rtctrlSetWeight",
            "module.aci.module.aci_tenant.aci_rest_managed.aaaDomainRef",
            "module.aci.module.aci_tenant.aci_rest_managed.fvTenant",
            "module.aci.module.aci_vrf.aci_rest_managed.bgpRtTargetP_ipv4",
            "module.aci.module.aci_vrf.aci_rest_managed.bgpRtTargetP_ipv6",
            "module.aci.module.aci_vrf.aci_rest_managed.bgpRtTarget_ipv4_export",
            "module.aci.module.aci_vrf.aci_rest_managed.bgpRtTarget_ipv4_import",
            "module.aci.module.aci_vrf.aci_rest_managed.bgpRtTarget_ipv6_export",
            "module.aci.module.aci_vrf.aci_rest_managed.bgpRtTarget_ipv6_import",
            "module.aci.module.aci_vrf.aci_rest_managed.dnsLbl",
            "module.aci.module.aci_vrf.aci_rest_managed.fvCtx",
            "module.aci.module.aci_vrf.aci_rest_managed.fvRsBgpCtxPol",
            "module.aci.module.aci_vrf.aci_rest_managed.fvRsCtxToBgpCtxAfPol_ipv4",
            "module.aci.module.aci_vrf.aci_rest_managed.fvRsCtxToBgpCtxAfPol_ipv6",
            "module.aci.module.aci_vrf.aci_rest_managed.fvRsCtxToExtRouteTagPol",
            "module.aci.module.aci_vrf.aci_rest_managed.fvRsCtxToOspfCtxPol_ipv4",
            "module.aci.module.aci_vrf.aci_rest_managed.fvRsCtxToOspfCtxPol_ipv6",
            "module.aci.module.aci_vrf.aci_rest_managed.fvRsOspfCtxPol",
            "module.aci.module.aci_vrf.aci_rest_managed.igmpCtxP",
            "module.aci.module.aci_vrf.aci_rest_managed.igmpSSMXlateP",
            "module.aci.module.aci_vrf.aci_rest_managed.leakExternalPrefix",
            "module.aci.module.aci_vrf.aci_rest_managed.leakInternalSubnet",
            "module.aci.module.aci_vrf.aci_rest_managed.leakRoutes",
            "module.aci.module.aci_vrf.aci_rest_managed.leakTo_external",
            "module.aci.module.aci_vrf.aci_rest_managed.leakTo_internal",
            "module.aci.module.aci_vrf.aci_rest_managed.pimASMPatPol",
            "module.aci.module.aci_vrf.aci_rest_managed.pimAutoRPPol",
            "module.aci.module.aci_vrf.aci_rest_managed.pimBSRFilterPol",
            "module.aci.module.aci_vrf.aci_rest_managed.pimBSRPPol",
            "module.aci.module.aci_vrf.aci_rest_managed.pimCtxP",
            "module.aci.module.aci_vrf.aci_rest_managed.pimFabricRPPol",
            "module.aci.module.aci_vrf.aci_rest_managed.pimInterVRFEntryPol",
            "module.aci.module.aci_vrf.aci_rest_managed.pimInterVRFPol",
            "module.aci.module.aci_vrf.aci_rest_managed.pimMAFilterPol",
            "module.aci.module.aci_vrf.aci_rest_managed.pimRPGrpRangePol_fabric_rp",
            "module.aci.module.aci_vrf.aci_rest_managed.pimRPGrpRangePol_static_rp",
            "module.aci.module.aci_vrf.aci_rest_managed.pimRegTrPol",
            "module.aci.module.aci_vrf.aci_rest_managed.pimResPol",
            "module.aci.module.aci_vrf.aci_rest_managed.pimSGRangeExpPol",
            "module.aci.module.aci_vrf.aci_rest_managed.pimSSMPatPol",
            "module.aci.module.aci_vrf.aci_rest_managed.pimSSMRangePol",
            "module.aci.module.aci_vrf.aci_rest_managed.pimSharedRangePol",
            "module.aci.module.aci_vrf.aci_rest_managed.pimStaticRPEntryPol_fabric_rp",
            "module.aci.module.aci_vrf.aci_rest_managed.pimStaticRPEntryPol_static_rp",
            "module.aci.module.aci_vrf.aci_rest_managed.pimStaticRPPol",
            "module.aci.module.aci_vrf.aci_rest_managed.rtdmcRsFilterToRtMapPol_asm_sg_expiry",
            "module.aci.module.aci_vrf.aci_rest_managed.rtdmcRsFilterToRtMapPol_asm_shared",
            "module.aci.module.aci_vrf.aci_rest_managed.rtdmcRsFilterToRtMapPol_auto_rp",
            "module.aci.module.aci_vrf.aci_rest_managed.rtdmcRsFilterToRtMapPol_bsr",
            "module.aci.module.aci_vrf.aci_rest_managed.rtdmcRsFilterToRtMapPol_fabric_rp",
            "module.aci.module.aci_vrf.aci_rest_managed.rtdmcRsFilterToRtMapPol_pim_inter_vrf",
            "module.aci.module.aci_vrf.aci_rest_managed.rtdmcRsFilterToRtMapPol_ssm_range",
            "module.aci.module.aci_vrf.aci_rest_managed.rtdmcRsFilterToRtMapPol_static_rp",
            "module.aci.module.aci_vrf.aci_rest_managed.vzAny",
            "module.aci.module.aci_vrf.aci_rest_managed.vzRsAnyToCons",
            "module.aci.module.aci_vrf.aci_rest_managed.vzRsAnyToConsIf",
            "module.aci.module.aci_vrf.aci_rest_managed.vzRsAnyToProv"
          ]
        },
        {
          "index_key": "102",
          "schema_version": 0,
          "attributes": {
            "annotation": "orchestrator:terraform",
            "child": [],
            "class_name": "l3extRsNodeL3OutAtt",
            "content": {
              "rtrId": "102.2.15.1",
              "rtrIdLoopBack": "yes"
            },
            "dn": "uni/tn-demo-05/out-demo-05.vrf-01-bgp-AS-65151/lnodep-border-leafs/rsnodeL3OutAtt-[topology/pod-1/node-102]",
            "id": "uni/tn-demo-05/out-demo-05.vrf-01-bgp-AS-65151/lnodep-border-leafs/rsnodeL3OutAtt-[topology/pod-1/node-102]"
          },
          "sensitive_attributes": [],
          "dependencies": [
            "module.aci.data.utils_yaml_merge.defaults",
            "module.aci.data.utils_yaml_merge.model",
            "module.aci.data.utils_yaml_merge.modules",
            "module.aci.module.aci_bfd_interface_policy.aci_rest_managed.bfdIfPol",
            "module.aci.module.aci_bgp_timer_policy.aci_rest_managed.bgpCtxPol",
            "module.aci.module.aci_contract.aci_rest_managed.vzBrCP",
            "module.aci.module.aci_contract.aci_rest_managed.vzRsSubjFiltAtt",
            "module.aci.module.aci_contract.aci_rest_managed.vzRsSubjGraphAtt",
            "module.aci.module.aci_contract.aci_rest_managed.vzSubj",
            "module.aci.module.aci_eigrp_interface_policy.aci_rest_managed.eigrpIfPol",
            "module.aci.module.aci_filter.aci_rest_managed.vzEntry",
            "module.aci.module.aci_filter.aci_rest_managed.vzFilter",
            "module.aci.module.aci_imported_contract.aci_rest_managed.vzCPIf",
            "module.aci.module.aci_imported_contract.aci_rest_managed.vzRsIf",
            "module.aci.module.aci_l3out.aci_rest_managed.bgpExtP",
            "module.aci.module.aci_l3out.aci_rest_managed.eigrpExtP",
            "module.aci.module.aci_l3out.aci_rest_managed.l3extConsLbl",
            "module.aci.module.aci_l3out.aci_rest_managed.l3extDefaultRouteLeakP",
            "module.aci.module.aci_l3out.aci_rest_managed.l3extInstP_sr_mpls",
            "module.aci.module.aci_l3out.aci_rest_managed.l3extOut",
            "module.aci.module.aci_l3out.aci_rest_managed.l3extProvLbl",
            "module.aci.module.aci_l3out.aci_rest_managed.l3extRsDampeningPol_ipv4",
            "module.aci.module.aci_l3out.aci_rest_managed.l3extRsDampeningPol_ipv6",
            "module.aci.module.aci_l3out.aci_rest_managed.l3extRsEctx",
            "module.aci.module.aci_l3out.aci_rest_managed.l3extRsInterleakPol",
            "module.aci.module.aci_l3out.aci_rest_managed.l3extRsL3DomAtt",
            "module.aci.module.aci_l3out.aci_rest_managed.l3extRsLblToProfile_export",
            "module.aci.module.aci_l3out.aci_rest_managed.l3extRsLblToProfile_import",
            "module.aci.module.aci_l3out.aci_rest_managed.l3extRsRedistributePol",
            "module.aci.module.aci_l3out.aci_rest_managed.mplsExtP",
            "module.aci.module.aci_l3out.aci_rest_managed.mplsRsLabelPol",
            "module.aci.module.aci_l3out.aci_rest_managed.ospfExtP",
            "module.aci.module.aci_l3out.aci_rest_managed.pimExtP",
            "module.aci.module.aci_l3out.aci_rest_managed.rtctrlCtxP_export",
            "module.aci.module.aci_l3out.aci_rest_managed.rtctrlCtxP_import",
            "module.aci.module.aci_l3out.aci_rest_managed.rtctrlProfile_export",
            "module.aci.module.aci_l3out.aci_rest_managed.rtctrlProfile_import",
            "module.aci.module.aci_l3out.aci_rest_managed.rtctrlRsCtxPToSubjP_export",
            "module.aci.module.aci_l3out.aci_rest_managed.rtctrlRsCtxPToSubjP_import",
            "module.aci.module.aci_l3out.aci_rest_managed.rtctrlRsScopeToAttrP_export",
            "module.aci.module.aci_l3out.aci_rest_managed.rtctrlRsScopeToAttrP_import",
            "module.aci.module.aci_l3out.aci_rest_managed.rtctrlScope_export",
            "module.aci.module.aci_l3out.aci_rest_managed.rtctrlScope_import",
            "module.aci.module.aci_l3out_node_profile_manual.aci_rest_managed.l3extLNodeP",
            "module.aci.module.aci_match_rule.aci_rest_managed.rtctrlMatchCommFactor",
            "module.aci.module.aci_match_rule.aci_rest_managed.rtctrlMatchCommRegexTerm",
            "module.aci.module.aci_match_rule.aci_rest_managed.rtctrlMatchCommTerm",
            "module.aci.module.aci_match_rule.aci_rest_managed.rtctrlMatchRtDest",
            "module.aci.module.aci_match_rule.aci_rest_managed.rtctrlSubjP",
            "module.aci.module.aci_ospf_interface_policy.aci_rest_managed.ospfIfPol",
            "module.aci.module.aci_set_rule.aci_rest_managed.rtctrlAttrP",
            "module.aci.module.aci_set_rule.aci_rest_managed.rtctrlRsSetPolicyTagToInstP",
            "module.aci.module.aci_set_rule.aci_rest_managed.rtctrlSetASPath",
            "module.aci.module.aci_set_rule.aci_rest_managed.rtctrlSetASPathASN",
            "module.aci.module.aci_set_rule.aci_rest_managed.rtctrlSetAddComm",
            "module.aci.module.aci_set_rule.aci_rest_managed.rtctrlSetComm",
            "module.aci.module.aci_set_rule.aci_rest_managed.rtctrlSetDamp",
            "module.aci.module.aci_set_rule.aci_rest_managed.rtctrlSetNh",
            "module.aci.module.aci_set_rule.aci_rest_managed.rtctrlSetNhUnchanged",
            "module.aci.module.aci_set_rule.aci_rest_managed.rtctrlSetPolicyTag",
            "module.aci.module.aci_set_rule.aci_rest_managed.rtctrlSetPref",
            "module.aci.module.aci_set_rule.aci_rest_managed.rtctrlSetRedistMultipath",
            "module.aci.module.aci_set_rule.aci_rest_managed.rtctrlSetRtMetric",
            "module.aci.module.aci_set_rule.aci_rest_managed.rtctrlSetRtMetricType",
            "module.aci.module.aci_set_rule.aci_rest_managed.rtctrlSetTag",
            "module.aci.module.aci_set_rule.aci_rest_managed.rtctrlSetWeight",
            "module.aci.module.aci_tenant.aci_rest_managed.aaaDomainRef",
            "module.aci.module.aci_tenant.aci_rest_managed.fvTenant",
            "module.aci.module.aci_vrf.aci_rest_managed.bgpRtTargetP_ipv4",
            "module.aci.module.aci_vrf.aci_rest_managed.bgpRtTargetP_ipv6",
            "module.aci.module.aci_vrf.aci_rest_managed.bgpRtTarget_ipv4_export",
            "module.aci.module.aci_vrf.aci_rest_managed.bgpRtTarget_ipv4_import",
            "module.aci.module.aci_vrf.aci_rest_managed.bgpRtTarget_ipv6_export",
            "module.aci.module.aci_vrf.aci_rest_managed.bgpRtTarget_ipv6_import",
            "module.aci.module.aci_vrf.aci_rest_managed.dnsLbl",
            "module.aci.module.aci_vrf.aci_rest_managed.fvCtx",
            "module.aci.module.aci_vrf.aci_rest_managed.fvRsBgpCtxPol",
            "module.aci.module.aci_vrf.aci_rest_managed.fvRsCtxToBgpCtxAfPol_ipv4",
            "module.aci.module.aci_vrf.aci_rest_managed.fvRsCtxToBgpCtxAfPol_ipv6",
            "module.aci.module.aci_vrf.aci_rest_managed.fvRsCtxToExtRouteTagPol",
            "module.aci.module.aci_vrf.aci_rest_managed.fvRsCtxToOspfCtxPol_ipv4",
            "module.aci.module.aci_vrf.aci_rest_managed.fvRsCtxToOspfCtxPol_ipv6",
            "module.aci.module.aci_vrf.aci_rest_managed.fvRsOspfCtxPol",
            "module.aci.module.aci_vrf.aci_rest_managed.igmpCtxP",
            "module.aci.module.aci_vrf.aci_rest_managed.igmpSSMXlateP",
            "module.aci.module.aci_vrf.aci_rest_managed.leakExternalPrefix",
            "module.aci.module.aci_vrf.aci_rest_managed.leakInternalSubnet",
            "module.aci.module.aci_vrf.aci_rest_managed.leakRoutes",
            "module.aci.module.aci_vrf.aci_rest_managed.leakTo_external",
            "module.aci.module.aci_vrf.aci_rest_managed.leakTo_internal",
            "module.aci.module.aci_vrf.aci_rest_managed.pimASMPatPol",
            "module.aci.module.aci_vrf.aci_rest_managed.pimAutoRPPol",
            "module.aci.module.aci_vrf.aci_rest_managed.pimBSRFilterPol",
            "module.aci.module.aci_vrf.aci_rest_managed.pimBSRPPol",
            "module.aci.module.aci_vrf.aci_rest_managed.pimCtxP",
            "module.aci.module.aci_vrf.aci_rest_managed.pimFabricRPPol",
            "module.aci.module.aci_vrf.aci_rest_managed.pimInterVRFEntryPol",
            "module.aci.module.aci_vrf.aci_rest_managed.pimInterVRFPol",
            "module.aci.module.aci_vrf.aci_rest_managed.pimMAFilterPol",
            "module.aci.module.aci_vrf.aci_rest_managed.pimRPGrpRangePol_fabric_rp",
            "module.aci.module.aci_vrf.aci_rest_managed.pimRPGrpRangePol_static_rp",
            "module.aci.module.aci_vrf.aci_rest_managed.pimRegTrPol",
            "module.aci.module.aci_vrf.aci_rest_managed.pimResPol",
            "module.aci.module.aci_vrf.aci_rest_managed.pimSGRangeExpPol",
            "module.aci.module.aci_vrf.aci_rest_managed.pimSSMPatPol",
            "module.aci.module.aci_vrf.aci_rest_managed.pimSSMRangePol",
            "module.aci.module.aci_vrf.aci_rest_managed.pimSharedRangePol",
            "module.aci.module.aci_vrf.aci_rest_managed.pimStaticRPEntryPol_fabric_rp",
            "module.aci.module.aci_vrf.aci_rest_managed.pimStaticRPEntryPol_static_rp",
            "module.aci.module.aci_vrf.aci_rest_managed.pimStaticRPPol",
            "module.aci.module.aci_vrf.aci_rest_managed.rtdmcRsFilterToRtMapPol_asm_sg_expiry",
            "module.aci.module.aci_vrf.aci_rest_managed.rtdmcRsFilterToRtMapPol_asm_shared",
            "module.aci.module.aci_vrf.aci_rest_managed.rtdmcRsFilterToRtMapPol_auto_rp",
            "module.aci.module.aci_vrf.aci_rest_managed.rtdmcRsFilterToRtMapPol_bsr",
            "module.aci.module.aci_vrf.aci_rest_managed.rtdmcRsFilterToRtMapPol_fabric_rp",
            "module.aci.module.aci_vrf.aci_rest_managed.rtdmcRsFilterToRtMapPol_pim_inter_vrf",
            "module.aci.module.aci_vrf.aci_rest_managed.rtdmcRsFilterToRtMapPol_ssm_range",
            "module.aci.module.aci_vrf.aci_rest_managed.rtdmcRsFilterToRtMapPol_static_rp",
            "module.aci.module.aci_vrf.aci_rest_managed.vzAny",
            "module.aci.module.aci_vrf.aci_rest_managed.vzRsAnyToCons",
            "module.aci.module.aci_vrf.aci_rest_managed.vzRsAnyToConsIf",
            "module.aci.module.aci_vrf.aci_rest_managed.vzRsAnyToProv"
          ]
        }
      ]
    },
    {
      "module": "module.aci.module.aci_tenant[\"demo-05\"]",
      "mode": "managed",
      "type": "aci_rest_managed",
      "name": "fvTenant",
      "provider": "provider[\"registry.terraform.io/ciscodevnet/aci\"]",
      "instances": [
        {
          "schema_version": 0,
          "attributes": {
            "annotation": "orchestrator:terraform",
            "child": [],
            "class_name": "fvTenant",
            "content": {
              "descr": "Routable IP range 10.0.91-92.x",
              "name": "demo-05",
              "nameAlias": ""
            },
            "dn": "uni/tn-demo-05",
            "id": "uni/tn-demo-05"
          },
          "sensitive_attributes": [],
          "dependencies": [
            "module.aci.data.utils_yaml_merge.defaults",
            "module.aci.data.utils_yaml_merge.model",
            "module.aci.data.utils_yaml_merge.modules"
          ]
        }
      ]
    },
    {
      "module": "module.aci.module.aci_vrf[\"demo-05/vrf-01\"]",
      "mode": "managed",
      "type": "aci_rest_managed",
      "name": "fvCtx",
      "provider": "provider[\"registry.terraform.io/ciscodevnet/aci\"]",
      "instances": [
        {
          "schema_version": 0,
          "attributes": {
            "annotation": "orchestrator:terraform",
            "child": [],
            "class_name": "fvCtx",
            "content": {
              "descr": "configured with NAC - external vrf for tn-demo-05",
              "ipDataPlaneLearning": "enabled",
              "name": "vrf-01",
              "nameAlias": "external-vrf",
              "pcEnfDir": "ingress",
              "pcEnfPref": "enforced"
            },
            "dn": "uni/tn-demo-05/ctx-vrf-01",
            "id": "uni/tn-demo-05/ctx-vrf-01"
          },
          "sensitive_attributes": [],
          "dependencies": [
            "module.aci.data.utils_yaml_merge.defaults",
            "module.aci.data.utils_yaml_merge.model",
            "module.aci.data.utils_yaml_merge.modules",
            "module.aci.module.aci_bgp_timer_policy.aci_rest_managed.bgpCtxPol",
            "module.aci.module.aci_contract.aci_rest_managed.vzBrCP",
            "module.aci.module.aci_contract.aci_rest_managed.vzRsSubjFiltAtt",
            "module.aci.module.aci_contract.aci_rest_managed.vzRsSubjGraphAtt",
            "module.aci.module.aci_contract.aci_rest_managed.vzSubj",
            "module.aci.module.aci_filter.aci_rest_managed.vzEntry",
            "module.aci.module.aci_filter.aci_rest_managed.vzFilter",
            "module.aci.module.aci_imported_contract.aci_rest_managed.vzCPIf",
            "module.aci.module.aci_imported_contract.aci_rest_managed.vzRsIf",
            "module.aci.module.aci_tenant.aci_rest_managed.aaaDomainRef",
            "module.aci.module.aci_tenant.aci_rest_managed.fvTenant"
          ]
        }
      ]
    },
    {
      "module": "module.aci.module.aci_vrf[\"demo-05/vrf-01\"]",
      "mode": "managed",
      "type": "aci_rest_managed",
      "name": "fvRsBgpCtxPol",
      "provider": "provider[\"registry.terraform.io/ciscodevnet/aci\"]",
      "instances": [
        {
          "schema_version": 0,
          "attributes": {
            "annotation": "orchestrator:terraform",
            "child": [],
            "class_name": "fvRsBgpCtxPol",
            "content": {
              "tnBgpCtxPolName": ""
            },
            "dn": "uni/tn-demo-05/ctx-vrf-01/rsbgpCtxPol",
            "id": "uni/tn-demo-05/ctx-vrf-01/rsbgpCtxPol"
          },
          "sensitive_attributes": [],
          "dependencies": [
            "module.aci.data.utils_yaml_merge.defaults",
            "module.aci.data.utils_yaml_merge.model",
            "module.aci.data.utils_yaml_merge.modules",
            "module.aci.module.aci_bgp_timer_policy.aci_rest_managed.bgpCtxPol",
            "module.aci.module.aci_contract.aci_rest_managed.vzBrCP",
            "module.aci.module.aci_contract.aci_rest_managed.vzRsSubjFiltAtt",
            "module.aci.module.aci_contract.aci_rest_managed.vzRsSubjGraphAtt",
            "module.aci.module.aci_contract.aci_rest_managed.vzSubj",
            "module.aci.module.aci_filter.aci_rest_managed.vzEntry",
            "module.aci.module.aci_filter.aci_rest_managed.vzFilter",
            "module.aci.module.aci_imported_contract.aci_rest_managed.vzCPIf",
            "module.aci.module.aci_imported_contract.aci_rest_managed.vzRsIf",
            "module.aci.module.aci_tenant.aci_rest_managed.aaaDomainRef",
            "module.aci.module.aci_tenant.aci_rest_managed.fvTenant",
            "module.aci.module.aci_vrf.aci_rest_managed.fvCtx"
          ]
        }
      ]
    },
    {
      "module": "module.aci.module.aci_vrf[\"demo-05/vrf-01\"]",
      "mode": "managed",
      "type": "aci_rest_managed",
      "name": "fvRsCtxToExtRouteTagPol",
      "provider": "provider[\"registry.terraform.io/ciscodevnet/aci\"]",
      "instances": [
        {
          "schema_version": 0,
          "attributes": {
            "annotation": "orchestrator:terraform",
            "child": [],
            "class_name": "fvRsCtxToExtRouteTagPol",
            "content": {
              "tnL3extRouteTagPolName": ""
            },
            "dn": "uni/tn-demo-05/ctx-vrf-01/rsctxToExtRouteTagPol",
            "id": "uni/tn-demo-05/ctx-vrf-01/rsctxToExtRouteTagPol"
          },
          "sensitive_attributes": [],
          "dependencies": [
            "module.aci.data.utils_yaml_merge.defaults",
            "module.aci.data.utils_yaml_merge.model",
            "module.aci.data.utils_yaml_merge.modules",
            "module.aci.module.aci_bgp_timer_policy.aci_rest_managed.bgpCtxPol",
            "module.aci.module.aci_contract.aci_rest_managed.vzBrCP",
            "module.aci.module.aci_contract.aci_rest_managed.vzRsSubjFiltAtt",
            "module.aci.module.aci_contract.aci_rest_managed.vzRsSubjGraphAtt",
            "module.aci.module.aci_contract.aci_rest_managed.vzSubj",
            "module.aci.module.aci_filter.aci_rest_managed.vzEntry",
            "module.aci.module.aci_filter.aci_rest_managed.vzFilter",
            "module.aci.module.aci_imported_contract.aci_rest_managed.vzCPIf",
            "module.aci.module.aci_imported_contract.aci_rest_managed.vzRsIf",
            "module.aci.module.aci_tenant.aci_rest_managed.aaaDomainRef",
            "module.aci.module.aci_tenant.aci_rest_managed.fvTenant",
            "module.aci.module.aci_vrf.aci_rest_managed.fvCtx"
          ]
        }
      ]
    },
    {
      "module": "module.aci.module.aci_vrf[\"demo-05/vrf-01\"]",
      "mode": "managed",
      "type": "aci_rest_managed",
      "name": "fvRsOspfCtxPol",
      "provider": "provider[\"registry.terraform.io/ciscodevnet/aci\"]",
      "instances": [
        {
          "schema_version": 0,
          "attributes": {
            "annotation": "orchestrator:terraform",
            "child": [],
            "class_name": "fvRsOspfCtxPol",
            "content": {
              "tnOspfCtxPolName": ""
            },
            "dn": "uni/tn-demo-05/ctx-vrf-01/rsospfCtxPol",
            "id": "uni/tn-demo-05/ctx-vrf-01/rsospfCtxPol"
          },
          "sensitive_attributes": [],
          "dependencies": [
            "module.aci.data.utils_yaml_merge.defaults",
            "module.aci.data.utils_yaml_merge.model",
            "module.aci.data.utils_yaml_merge.modules",
            "module.aci.module.aci_bgp_timer_policy.aci_rest_managed.bgpCtxPol",
            "module.aci.module.aci_contract.aci_rest_managed.vzBrCP",
            "module.aci.module.aci_contract.aci_rest_managed.vzRsSubjFiltAtt",
            "module.aci.module.aci_contract.aci_rest_managed.vzRsSubjGraphAtt",
            "module.aci.module.aci_contract.aci_rest_managed.vzSubj",
            "module.aci.module.aci_filter.aci_rest_managed.vzEntry",
            "module.aci.module.aci_filter.aci_rest_managed.vzFilter",
            "module.aci.module.aci_imported_contract.aci_rest_managed.vzCPIf",
            "module.aci.module.aci_imported_contract.aci_rest_managed.vzRsIf",
            "module.aci.module.aci_tenant.aci_rest_managed.aaaDomainRef",
            "module.aci.module.aci_tenant.aci_rest_managed.fvTenant",
            "module.aci.module.aci_vrf.aci_rest_managed.fvCtx"
          ]
        }
      ]
    },
    {
      "module": "module.aci.module.aci_vrf[\"demo-05/vrf-01\"]",
      "mode": "managed",
      "type": "aci_rest_managed",
      "name": "vzAny",
      "provider": "provider[\"registry.terraform.io/ciscodevnet/aci\"]",
      "instances": [
        {
          "schema_version": 0,
          "attributes": {
            "annotation": "orchestrator:terraform",
            "child": [],
            "class_name": "vzAny",
            "content": {
              "descr": "",
              "prefGrMemb": "disabled"
            },
            "dn": "uni/tn-demo-05/ctx-vrf-01/any",
            "id": "uni/tn-demo-05/ctx-vrf-01/any"
          },
          "sensitive_attributes": [],
          "dependencies": [
            "module.aci.data.utils_yaml_merge.defaults",
            "module.aci.data.utils_yaml_merge.model",
            "module.aci.data.utils_yaml_merge.modules",
            "module.aci.module.aci_bgp_timer_policy.aci_rest_managed.bgpCtxPol",
            "module.aci.module.aci_contract.aci_rest_managed.vzBrCP",
            "module.aci.module.aci_contract.aci_rest_managed.vzRsSubjFiltAtt",
            "module.aci.module.aci_contract.aci_rest_managed.vzRsSubjGraphAtt",
            "module.aci.module.aci_contract.aci_rest_managed.vzSubj",
            "module.aci.module.aci_filter.aci_rest_managed.vzEntry",
            "module.aci.module.aci_filter.aci_rest_managed.vzFilter",
            "module.aci.module.aci_imported_contract.aci_rest_managed.vzCPIf",
            "module.aci.module.aci_imported_contract.aci_rest_managed.vzRsIf",
            "module.aci.module.aci_tenant.aci_rest_managed.aaaDomainRef",
            "module.aci.module.aci_tenant.aci_rest_managed.fvTenant",
            "module.aci.module.aci_vrf.aci_rest_managed.fvCtx"
          ]
        }
      ]
    },
    {
      "module": "module.aci.module.aci_vrf[\"demo-05/vrf-02\"]",
      "mode": "managed",
      "type": "aci_rest_managed",
      "name": "fvCtx",
      "provider": "provider[\"registry.terraform.io/ciscodevnet/aci\"]",
      "instances": [
        {
          "schema_version": 0,
          "attributes": {
            "annotation": "orchestrator:terraform",
            "child": [],
            "class_name": "fvCtx",
            "content": {
              "descr": "configured with NAC - internal vrf for tn-demo-05",
              "ipDataPlaneLearning": "enabled",
              "name": "vrf-02",
              "nameAlias": "internal-vrf",
              "pcEnfDir": "ingress",
              "pcEnfPref": "enforced"
            },
            "dn": "uni/tn-demo-05/ctx-vrf-02",
            "id": "uni/tn-demo-05/ctx-vrf-02"
          },
          "sensitive_attributes": [],
          "dependencies": [
            "module.aci.data.utils_yaml_merge.defaults",
            "module.aci.data.utils_yaml_merge.model",
            "module.aci.data.utils_yaml_merge.modules",
            "module.aci.module.aci_bgp_timer_policy.aci_rest_managed.bgpCtxPol",
            "module.aci.module.aci_contract.aci_rest_managed.vzBrCP",
            "module.aci.module.aci_contract.aci_rest_managed.vzRsSubjFiltAtt",
            "module.aci.module.aci_contract.aci_rest_managed.vzRsSubjGraphAtt",
            "module.aci.module.aci_contract.aci_rest_managed.vzSubj",
            "module.aci.module.aci_filter.aci_rest_managed.vzEntry",
            "module.aci.module.aci_filter.aci_rest_managed.vzFilter",
            "module.aci.module.aci_imported_contract.aci_rest_managed.vzCPIf",
            "module.aci.module.aci_imported_contract.aci_rest_managed.vzRsIf",
            "module.aci.module.aci_tenant.aci_rest_managed.aaaDomainRef",
            "module.aci.module.aci_tenant.aci_rest_managed.fvTenant"
          ]
        }
      ]
    },
    {
      "module": "module.aci.module.aci_vrf[\"demo-05/vrf-02\"]",
      "mode": "managed",
      "type": "aci_rest_managed",
      "name": "fvRsBgpCtxPol",
      "provider": "provider[\"registry.terraform.io/ciscodevnet/aci\"]",
      "instances": [
        {
          "schema_version": 0,
          "attributes": {
            "annotation": "orchestrator:terraform",
            "child": [],
            "class_name": "fvRsBgpCtxPol",
            "content": {
              "tnBgpCtxPolName": ""
            },
            "dn": "uni/tn-demo-05/ctx-vrf-02/rsbgpCtxPol",
            "id": "uni/tn-demo-05/ctx-vrf-02/rsbgpCtxPol"
          },
          "sensitive_attributes": [],
          "dependencies": [
            "module.aci.data.utils_yaml_merge.defaults",
            "module.aci.data.utils_yaml_merge.model",
            "module.aci.data.utils_yaml_merge.modules",
            "module.aci.module.aci_bgp_timer_policy.aci_rest_managed.bgpCtxPol",
            "module.aci.module.aci_contract.aci_rest_managed.vzBrCP",
            "module.aci.module.aci_contract.aci_rest_managed.vzRsSubjFiltAtt",
            "module.aci.module.aci_contract.aci_rest_managed.vzRsSubjGraphAtt",
            "module.aci.module.aci_contract.aci_rest_managed.vzSubj",
            "module.aci.module.aci_filter.aci_rest_managed.vzEntry",
            "module.aci.module.aci_filter.aci_rest_managed.vzFilter",
            "module.aci.module.aci_imported_contract.aci_rest_managed.vzCPIf",
            "module.aci.module.aci_imported_contract.aci_rest_managed.vzRsIf",
            "module.aci.module.aci_tenant.aci_rest_managed.aaaDomainRef",
            "module.aci.module.aci_tenant.aci_rest_managed.fvTenant",
            "module.aci.module.aci_vrf.aci_rest_managed.fvCtx"
          ]
        }
      ]
    },
    {
      "module": "module.aci.module.aci_vrf[\"demo-05/vrf-02\"]",
      "mode": "managed",
      "type": "aci_rest_managed",
      "name": "fvRsCtxToExtRouteTagPol",
      "provider": "provider[\"registry.terraform.io/ciscodevnet/aci\"]",
      "instances": [
        {
          "schema_version": 0,
          "attributes": {
            "annotation": "orchestrator:terraform",
            "child": [],
            "class_name": "fvRsCtxToExtRouteTagPol",
            "content": {
              "tnL3extRouteTagPolName": ""
            },
            "dn": "uni/tn-demo-05/ctx-vrf-02/rsctxToExtRouteTagPol",
            "id": "uni/tn-demo-05/ctx-vrf-02/rsctxToExtRouteTagPol"
          },
          "sensitive_attributes": [],
          "dependencies": [
            "module.aci.data.utils_yaml_merge.defaults",
            "module.aci.data.utils_yaml_merge.model",
            "module.aci.data.utils_yaml_merge.modules",
            "module.aci.module.aci_bgp_timer_policy.aci_rest_managed.bgpCtxPol",
            "module.aci.module.aci_contract.aci_rest_managed.vzBrCP",
            "module.aci.module.aci_contract.aci_rest_managed.vzRsSubjFiltAtt",
            "module.aci.module.aci_contract.aci_rest_managed.vzRsSubjGraphAtt",
            "module.aci.module.aci_contract.aci_rest_managed.vzSubj",
            "module.aci.module.aci_filter.aci_rest_managed.vzEntry",
            "module.aci.module.aci_filter.aci_rest_managed.vzFilter",
            "module.aci.module.aci_imported_contract.aci_rest_managed.vzCPIf",
            "module.aci.module.aci_imported_contract.aci_rest_managed.vzRsIf",
            "module.aci.module.aci_tenant.aci_rest_managed.aaaDomainRef",
            "module.aci.module.aci_tenant.aci_rest_managed.fvTenant",
            "module.aci.module.aci_vrf.aci_rest_managed.fvCtx"
          ]
        }
      ]
    },
    {
      "module": "module.aci.module.aci_vrf[\"demo-05/vrf-02\"]",
      "mode": "managed",
      "type": "aci_rest_managed",
      "name": "fvRsOspfCtxPol",
      "provider": "provider[\"registry.terraform.io/ciscodevnet/aci\"]",
      "instances": [
        {
          "schema_version": 0,
          "attributes": {
            "annotation": "orchestrator:terraform",
            "child": [],
            "class_name": "fvRsOspfCtxPol",
            "content": {
              "tnOspfCtxPolName": ""
            },
            "dn": "uni/tn-demo-05/ctx-vrf-02/rsospfCtxPol",
            "id": "uni/tn-demo-05/ctx-vrf-02/rsospfCtxPol"
          },
          "sensitive_attributes": [],
          "dependencies": [
            "module.aci.data.utils_yaml_merge.defaults",
            "module.aci.data.utils_yaml_merge.model",
            "module.aci.data.utils_yaml_merge.modules",
            "module.aci.module.aci_bgp_timer_policy.aci_rest_managed.bgpCtxPol",
            "module.aci.module.aci_contract.aci_rest_managed.vzBrCP",
            "module.aci.module.aci_contract.aci_rest_managed.vzRsSubjFiltAtt",
            "module.aci.module.aci_contract.aci_rest_managed.vzRsSubjGraphAtt",
            "module.aci.module.aci_contract.aci_rest_managed.vzSubj",
            "module.aci.module.aci_filter.aci_rest_managed.vzEntry",
            "module.aci.module.aci_filter.aci_rest_managed.vzFilter",
            "module.aci.module.aci_imported_contract.aci_rest_managed.vzCPIf",
            "module.aci.module.aci_imported_contract.aci_rest_managed.vzRsIf",
            "module.aci.module.aci_tenant.aci_rest_managed.aaaDomainRef",
            "module.aci.module.aci_tenant.aci_rest_managed.fvTenant",
            "module.aci.module.aci_vrf.aci_rest_managed.fvCtx"
          ]
        }
      ]
    },
    {
      "module": "module.aci.module.aci_vrf[\"demo-05/vrf-02\"]",
      "mode": "managed",
      "type": "aci_rest_managed",
      "name": "vzAny",
      "provider": "provider[\"registry.terraform.io/ciscodevnet/aci\"]",
      "instances": [
        {
          "schema_version": 0,
          "attributes": {
            "annotation": "orchestrator:terraform",
            "child": [],
            "class_name": "vzAny",
            "content": {
              "descr": "",
              "prefGrMemb": "disabled"
            },
            "dn": "uni/tn-demo-05/ctx-vrf-02/any",
            "id": "uni/tn-demo-05/ctx-vrf-02/any"
          },
          "sensitive_attributes": [],
          "dependencies": [
            "module.aci.data.utils_yaml_merge.defaults",
            "module.aci.data.utils_yaml_merge.model",
            "module.aci.data.utils_yaml_merge.modules",
            "module.aci.module.aci_bgp_timer_policy.aci_rest_managed.bgpCtxPol",
            "module.aci.module.aci_contract.aci_rest_managed.vzBrCP",
            "module.aci.module.aci_contract.aci_rest_managed.vzRsSubjFiltAtt",
            "module.aci.module.aci_contract.aci_rest_managed.vzRsSubjGraphAtt",
            "module.aci.module.aci_contract.aci_rest_managed.vzSubj",
            "module.aci.module.aci_filter.aci_rest_managed.vzEntry",
            "module.aci.module.aci_filter.aci_rest_managed.vzFilter",
            "module.aci.module.aci_imported_contract.aci_rest_managed.vzCPIf",
            "module.aci.module.aci_imported_contract.aci_rest_managed.vzRsIf",
            "module.aci.module.aci_tenant.aci_rest_managed.aaaDomainRef",
            "module.aci.module.aci_tenant.aci_rest_managed.fvTenant",
            "module.aci.module.aci_vrf.aci_rest_managed.fvCtx"
          ]
        }
      ]
    },
    {
      "module": "module.aci.module.aci_vrf[\"demo-05/vrf-03\"]",
      "mode": "managed",
      "type": "aci_rest_managed",
      "name": "fvCtx",
      "provider": "provider[\"registry.terraform.io/ciscodevnet/aci\"]",
      "instances": [
        {
          "schema_version": 0,
          "attributes": {
            "annotation": "orchestrator:terraform",
            "child": [],
            "class_name": "fvCtx",
            "content": {
              "descr": "configured with NAC - internal vrf for tn-demo-05",
              "ipDataPlaneLearning": "enabled",
              "name": "vrf-03",
              "nameAlias": "internal-vrf",
              "pcEnfDir": "ingress",
              "pcEnfPref": "enforced"
            },
            "dn": "uni/tn-demo-05/ctx-vrf-03",
            "id": "uni/tn-demo-05/ctx-vrf-03"
          },
          "sensitive_attributes": [],
          "dependencies": [
            "module.aci.data.utils_yaml_merge.defaults",
            "module.aci.data.utils_yaml_merge.model",
            "module.aci.data.utils_yaml_merge.modules",
            "module.aci.module.aci_bgp_timer_policy.aci_rest_managed.bgpCtxPol",
            "module.aci.module.aci_contract.aci_rest_managed.vzBrCP",
            "module.aci.module.aci_contract.aci_rest_managed.vzRsSubjFiltAtt",
            "module.aci.module.aci_contract.aci_rest_managed.vzRsSubjGraphAtt",
            "module.aci.module.aci_contract.aci_rest_managed.vzSubj",
            "module.aci.module.aci_filter.aci_rest_managed.vzEntry",
            "module.aci.module.aci_filter.aci_rest_managed.vzFilter",
            "module.aci.module.aci_imported_contract.aci_rest_managed.vzCPIf",
            "module.aci.module.aci_imported_contract.aci_rest_managed.vzRsIf",
            "module.aci.module.aci_tenant.aci_rest_managed.aaaDomainRef",
            "module.aci.module.aci_tenant.aci_rest_managed.fvTenant"
          ]
        }
      ]
    },
    {
      "module": "module.aci.module.aci_vrf[\"demo-05/vrf-03\"]",
      "mode": "managed",
      "type": "aci_rest_managed",
      "name": "fvRsBgpCtxPol",
      "provider": "provider[\"registry.terraform.io/ciscodevnet/aci\"]",
      "instances": [
        {
          "schema_version": 0,
          "attributes": {
            "annotation": "orchestrator:terraform",
            "child": [],
            "class_name": "fvRsBgpCtxPol",
            "content": {
              "tnBgpCtxPolName": ""
            },
            "dn": "uni/tn-demo-05/ctx-vrf-03/rsbgpCtxPol",
            "id": "uni/tn-demo-05/ctx-vrf-03/rsbgpCtxPol"
          },
          "sensitive_attributes": [],
          "dependencies": [
            "module.aci.data.utils_yaml_merge.defaults",
            "module.aci.data.utils_yaml_merge.model",
            "module.aci.data.utils_yaml_merge.modules",
            "module.aci.module.aci_bgp_timer_policy.aci_rest_managed.bgpCtxPol",
            "module.aci.module.aci_contract.aci_rest_managed.vzBrCP",
            "module.aci.module.aci_contract.aci_rest_managed.vzRsSubjFiltAtt",
            "module.aci.module.aci_contract.aci_rest_managed.vzRsSubjGraphAtt",
            "module.aci.module.aci_contract.aci_rest_managed.vzSubj",
            "module.aci.module.aci_filter.aci_rest_managed.vzEntry",
            "module.aci.module.aci_filter.aci_rest_managed.vzFilter",
            "module.aci.module.aci_imported_contract.aci_rest_managed.vzCPIf",
            "module.aci.module.aci_imported_contract.aci_rest_managed.vzRsIf",
            "module.aci.module.aci_tenant.aci_rest_managed.aaaDomainRef",
            "module.aci.module.aci_tenant.aci_rest_managed.fvTenant",
            "module.aci.module.aci_vrf.aci_rest_managed.fvCtx"
          ]
        }
      ]
    },
    {
      "module": "module.aci.module.aci_vrf[\"demo-05/vrf-03\"]",
      "mode": "managed",
      "type": "aci_rest_managed",
      "name": "fvRsCtxToExtRouteTagPol",
      "provider": "provider[\"registry.terraform.io/ciscodevnet/aci\"]",
      "instances": [
        {
          "schema_version": 0,
          "attributes": {
            "annotation": "orchestrator:terraform",
            "child": [],
            "class_name": "fvRsCtxToExtRouteTagPol",
            "content": {
              "tnL3extRouteTagPolName": ""
            },
            "dn": "uni/tn-demo-05/ctx-vrf-03/rsctxToExtRouteTagPol",
            "id": "uni/tn-demo-05/ctx-vrf-03/rsctxToExtRouteTagPol"
          },
          "sensitive_attributes": [],
          "dependencies": [
            "module.aci.data.utils_yaml_merge.defaults",
            "module.aci.data.utils_yaml_merge.model",
            "module.aci.data.utils_yaml_merge.modules",
            "module.aci.module.aci_bgp_timer_policy.aci_rest_managed.bgpCtxPol",
            "module.aci.module.aci_contract.aci_rest_managed.vzBrCP",
            "module.aci.module.aci_contract.aci_rest_managed.vzRsSubjFiltAtt",
            "module.aci.module.aci_contract.aci_rest_managed.vzRsSubjGraphAtt",
            "module.aci.module.aci_contract.aci_rest_managed.vzSubj",
            "module.aci.module.aci_filter.aci_rest_managed.vzEntry",
            "module.aci.module.aci_filter.aci_rest_managed.vzFilter",
            "module.aci.module.aci_imported_contract.aci_rest_managed.vzCPIf",
            "module.aci.module.aci_imported_contract.aci_rest_managed.vzRsIf",
            "module.aci.module.aci_tenant.aci_rest_managed.aaaDomainRef",
            "module.aci.module.aci_tenant.aci_rest_managed.fvTenant",
            "module.aci.module.aci_vrf.aci_rest_managed.fvCtx"
          ]
        }
      ]
    },
    {
      "module": "module.aci.module.aci_vrf[\"demo-05/vrf-03\"]",
      "mode": "managed",
      "type": "aci_rest_managed",
      "name": "fvRsOspfCtxPol",
      "provider": "provider[\"registry.terraform.io/ciscodevnet/aci\"]",
      "instances": [
        {
          "schema_version": 0,
          "attributes": {
            "annotation": "orchestrator:terraform",
            "child": [],
            "class_name": "fvRsOspfCtxPol",
            "content": {
              "tnOspfCtxPolName": ""
            },
            "dn": "uni/tn-demo-05/ctx-vrf-03/rsospfCtxPol",
            "id": "uni/tn-demo-05/ctx-vrf-03/rsospfCtxPol"
          },
          "sensitive_attributes": [],
          "dependencies": [
            "module.aci.data.utils_yaml_merge.defaults",
            "module.aci.data.utils_yaml_merge.model",
            "module.aci.data.utils_yaml_merge.modules",
            "module.aci.module.aci_bgp_timer_policy.aci_rest_managed.bgpCtxPol",
            "module.aci.module.aci_contract.aci_rest_managed.vzBrCP",
            "module.aci.module.aci_contract.aci_rest_managed.vzRsSubjFiltAtt",
            "module.aci.module.aci_contract.aci_rest_managed.vzRsSubjGraphAtt",
            "module.aci.module.aci_contract.aci_rest_managed.vzSubj",
            "module.aci.module.aci_filter.aci_rest_managed.vzEntry",
            "module.aci.module.aci_filter.aci_rest_managed.vzFilter",
            "module.aci.module.aci_imported_contract.aci_rest_managed.vzCPIf",
            "module.aci.module.aci_imported_contract.aci_rest_managed.vzRsIf",
            "module.aci.module.aci_tenant.aci_rest_managed.aaaDomainRef",
            "module.aci.module.aci_tenant.aci_rest_managed.fvTenant",
            "module.aci.module.aci_vrf.aci_rest_managed.fvCtx"
          ]
        }
      ]
    },
    {
      "module": "module.aci.module.aci_vrf[\"demo-05/vrf-03\"]",
      "mode": "managed",
      "type": "aci_rest_managed",
      "name": "vzAny",
      "provider": "provider[\"registry.terraform.io/ciscodevnet/aci\"]",
      "instances": [
        {
          "schema_version": 0,
          "attributes": {
            "annotation": "orchestrator:terraform",
            "child": [],
            "class_name": "vzAny",
            "content": {
              "descr": "",
              "prefGrMemb": "disabled"
            },
            "dn": "uni/tn-demo-05/ctx-vrf-03/any",
            "id": "uni/tn-demo-05/ctx-vrf-03/any"
          },
          "sensitive_attributes": [],
          "dependencies": [
            "module.aci.data.utils_yaml_merge.defaults",
            "module.aci.data.utils_yaml_merge.model",
            "module.aci.data.utils_yaml_merge.modules",
            "module.aci.module.aci_bgp_timer_policy.aci_rest_managed.bgpCtxPol",
            "module.aci.module.aci_contract.aci_rest_managed.vzBrCP",
            "module.aci.module.aci_contract.aci_rest_managed.vzRsSubjFiltAtt",
            "module.aci.module.aci_contract.aci_rest_managed.vzRsSubjGraphAtt",
            "module.aci.module.aci_contract.aci_rest_managed.vzSubj",
            "module.aci.module.aci_filter.aci_rest_managed.vzEntry",
            "module.aci.module.aci_filter.aci_rest_managed.vzFilter",
            "module.aci.module.aci_imported_contract.aci_rest_managed.vzCPIf",
            "module.aci.module.aci_imported_contract.aci_rest_managed.vzRsIf",
            "module.aci.module.aci_tenant.aci_rest_managed.aaaDomainRef",
            "module.aci.module.aci_tenant.aci_rest_managed.fvTenant",
            "module.aci.module.aci_vrf.aci_rest_managed.fvCtx"
          ]
        }
      ]
    }
  ],
  "check_results": [
    {
      "object_kind": "resource",
      "config_addr": "module.aci.data.utils_yaml_merge.model",
      "status": "unknown",
      "objects": [
        {
          "object_addr": "module.aci.data.utils_yaml_merge.model",
          "status": "unknown"
        }
      ]
    }
  ]
}
