{
  "version": 4,
  "terraform_version": "1.8.3",
  "serial": 593,
  "lineage": "6641a9ba-1fbc-92aa-90fe-4a72a012d03d",
  "outputs": {},
  "resources": [
    {
      "module": "module.aci",
      "mode": "data",
      "type": "utils_yaml_merge",
      "name": "defaults",
      "provider": "provider[\"registry.terraform.io/netascode/utils\"]",
      "instances": [
        {
          "schema_version": 0,
          "attributes": {
            "id": "0b5ae9536db5a5800ea2463d8a7110693a3dc17b",
            "input": [
              "---\ndefaults:\n  apic:\n    version: \"5.2.1g\"\n    auto_generate_switch_pod_profiles: false\n    auto_generate_pod_profiles: false\n    auto_generate_fabric_leaf_switch_interface_profiles: false\n    auto_generate_fabric_spine_switch_interface_profiles: false\n    auto_generate_access_leaf_switch_interface_profiles: false\n    auto_generate_access_spine_switch_interface_profiles: false\n    fabric_policies:\n      leaf_switch_profile_name: \"LEAF\\\\g\u003cid\u003e\"\n      leaf_interface_profile_name: \"LEAF\\\\g\u003cid\u003e\"\n      leaf_switch_selector_name: \"LEAF\\\\g\u003cid\u003e\"\n      leaf_interface_selector_name: \"ETH\\\\g\u003cmod\u003e-\\\\g\u003cport\u003e\"\n      spine_switch_profile_name: \"SPINE\\\\g\u003cid\u003e\"\n      spine_interface_profile_name: \"SPINE\\\\g\u003cid\u003e\"\n      spine_switch_selector_name: \"SPINE\\\\g\u003cid\u003e\"\n      spine_interface_selector_name: \"ETH\\\\g\u003cmod\u003e-\\\\g\u003cport\u003e\"\n      pod_profile_name: \"POD\\\\g\u003cid\u003e\"\n      pod_profile_pod_selector_name: \"POD\\\\g\u003cid\u003e\"\n      apic_conn_pref: inband\n      banners:\n        apic_gui_alias: \"\"\n        apic_gui_banner_url: \"\"\n        apic_cli_banner: \"\"\n        switch_cli_banner: \"\"\n      ep_loop_protection:\n        admin_state: false\n        detection_interval: 60\n        detection_multiplier: 4\n        action: bd-learn-disable\n      rogue_ep_control:\n        admin_state: true\n        detection_interval: 30\n        detection_multiplier: 10\n        hold_interval: 1800\n      global_settings:\n        domain_validation: true\n        enforce_subnet_check: true\n        opflex_authentication: false\n        disable_remote_endpoint_learn: false\n        overlapping_vlan_validation: false\n        remote_leaf_direct: true\n        reallocate_gipo: false\n      port_tracking:\n        admin_state: true\n        delay: 120\n        min_links: 0\n      ptp:\n        admin_state: false\n        global_domain: 0\n        profile: aes67\n        announce_interval: 1\n        announce_timeout: 3\n        sync_interval: -3\n        delay_interval: -2\n      ip_aging: true\n      ignore_acked_faults: false\n      use_infra_gipo: false\n      fabric_isis_redistribute_metric: 60\n      fabric_isis_bfd: true\n      fabric_bgp_rr:\n        pod_id: 1\n      fabric_bgp_ext_rr:\n        pod_id: 1\n      date_time_format:\n        display_format: local\n        timezone: p0_UTC\n        show_offset: true\n      dns_policies:\n        name_suffix: \"\"\n        mgmt_epg: inb\n        mgmt_epg_oob: default\n        providers:\n          preferred: false\n        domains:\n          default: true\n      err_disabled_recovery:\n        interval: 300\n        mcp_loop: false\n        ep_move: false\n        bpdu_guard: false\n      coop_group_policy: strict\n      l2_port_mtu: 9000\n      pod_policy_groups:\n        name_suffix: \"\"\n      pod_profiles:\n        name_suffix: \"\"\n        selectors:\n          type: range\n          name_suffix: \"\"\n          pod_blocks:\n            name_suffix: \"\"\n      pod_policies:\n        date_time_policies:\n          name_suffix: \"\"\n          ntp_admin_state: true\n          ntp_auth_state: false\n          apic_ntp_server_state: false\n          apic_ntp_server_master_mode: false\n          apic_ntp_server_master_stratum: 8\n          ntp_servers:\n            preferred: true\n            mgmt_epg: inb\n        snmp_policies:\n          name_suffix: \"\"\n          admin_state: true\n          location: \"\"\n          contact: \"\"\n          users:\n            authorization_type: hmac-sha1-96\n            privacy_type: aes-128\n          trap_forwarders:\n            port: 162\n          clients:\n            name_suffix: \"\"\n        management_access_policies:\n          name_suffix: \"\"\n          telnet:\n            admin_state: false\n            port: 23\n          ssh:\n            admin_state: true\n            port: 22\n            password_auth: true\n            aes128_ctr: true\n            aes128_gcm: true\n            aes192_ctr: true\n            aes256_ctr: true\n            chacha: true\n            hmac_sha1: true\n            hmac_sha2_256: true\n            hmac_sha2_512: true\n          https:\n            admin_state: true\n            client_cert_auth_state: false\n            dh: \"none\"\n            port: 443\n            key_ring: default\n            tlsv1: false\n            tlsv1_1: true\n            tlsv1_2: true\n          http:\n            admin_state: false\n            port: 80\n      switch_policies:\n        node_control_policies:\n          name_suffix: \"\"\n          telemetry: telemetry\n          dom: true\n        psu_policies:\n          name_suffix: \"\"\n      leaf_switch_policy_groups:\n        name_suffix: \"\"\n      spine_switch_policy_groups:\n        name_suffix: \"\"\n      leaf_switch_profiles:\n        name_suffix: \"\"\n        selectors:\n          name_suffix: \"\"\n          node_blocks:\n            name_suffix: \"\"\n      spine_switch_profiles:\n        name_suffix: \"\"\n        selectors:\n          name_suffix: \"\"\n          node_blocks:\n            name_suffix: \"\"\n      leaf_interface_profiles:\n        name_suffix: \"\"\n      spine_interface_profiles:\n        name_suffix: \"\"\n      external_connectivity_policy:\n        name_suffix: \"\"\n        fabric_id: 1\n        site_id: 1\n        route_target: extended:as2-nn4:5:16\n        routing_profiles:\n          name_suffix: \"\"\n      infra_dscp_translation_policy:\n        admin_state: false\n        control_plane: CS7\n        level_1: EF\n        level_2: CS3\n        level_3: CS0\n        level_4: AF11\n        level_5: AF21\n        level_6: AF31\n        policy_plane: CS4\n        span: CS1\n        traceroute: CS2\n      vmware_vmm_domains:\n        name_suffix: \"\"\n        access_mode: read-write\n        delimiter: \"\"\n        tag_collection: false\n        vswitch:\n          enhanced_lags:\n            name_suffix: \"\"\n            mode: active\n            lb_mode: src-dst-ip\n            num_links: 2\n        credential_policies:\n          name_suffix: \"\"\n        vcenters:\n          name_suffix: \"\"\n          mgmt_epg: inb\n          dvs_version: unmanaged\n          statistics: false\n      aaa:\n        remote_user_login_policy: no-login\n        default_fallback_check: false\n        default_realm: local\n        console_realm: local\n        tacacs_providers:\n          protocol: pap\n          monitoring: false\n          port: 49\n          retries: 1\n          timeout: 5\n          mgmt_epg: inb\n        login_domains:\n          tacacs_providers:\n            priority: 0\n        users:\n          status: active\n          expires: false\n          domains:\n            roles:\n              privilege_type: write\n        ca_certificates:\n          name_suffix: \"\"\n        key_rings:\n          name_suffix: \"\"\n          modulus: \"mod2048\"\n      remote_locations:\n        name_suffix: \"\"\n        auth_type: password\n        path: \"/\"\n        mgmt_epg: inb\n      geolocation:\n        sites:\n          name_suffix: \"\"\n          buildings:\n            name_suffix: \"\"\n            floors:\n              name_suffix: \"\"\n              rooms:\n                name_suffix: \"\"\n                rows:\n                  name_suffix: \"\"\n                  racks:\n                    name_suffix: \"\"\n      schedulers:\n        name_suffix: \"\"\n        recurring_windows:\n          name_suffix: \"\"\n          day: \"every-day\"\n          hour: 0\n          minute: 0\n      config_exports:\n        name_suffix: \"\"\n        format: \"json\"\n        snapshot: false\n      monitoring:\n        snmp_traps:\n          name_suffix: \"\"\n          destinations:\n            port: 162\n            version: v2c\n            security: priv\n            mgmt_epg: inb\n        syslogs:\n          name_suffix: \"\"\n          audit: true\n          events: true\n          faults: true\n          session: false\n          minimum_severity: warnings\n          format: aci\n          show_millisecond: false\n          admin_state: true\n          local_admin_state: true\n          local_severity: information\n          console_admin_state: true\n          console_severity: alerts\n          destinations:\n            port: 514\n            facility: local7\n            severity: warnings\n            admin_state: true\n            mgmt_epg: inb\n      span:\n        destination_groups:\n          name_suffix: \"\"\n          mtu: 1518\n          dscp: unspecified\n          flow_id: 1\n          ttl: 64\n          version: 2\n          enforce_version: false\n        source_groups:\n          name_suffix: \"\"\n          admin_state: true\n          sources:\n            name_suffix: \"\"\n            direction: both\n            span_drop: false\n            access_paths:\n              module: 1\n      smart_licensing:\n        mode: \"smart-licensing\"\n        url: \"https://tools.cisco.com/its/service/oddce/services/DDCEService\"\n        proxy:\n          port: \"443\"\n      l2_mtu_policies:\n        name_suffix: \"\"\n        port_mtu_size: 9000\n\n    access_policies:\n      leaf_switch_profile_name: \"LEAF\\\\g\u003cid\u003e\"\n      leaf_interface_profile_name: \"LEAF\\\\g\u003cid\u003e\"\n      leaf_switch_selector_name: \"LEAF\\\\g\u003cid\u003e\"\n      leaf_interface_selector_name: \"ETH\\\\g\u003cmod\u003e-\\\\g\u003cport\u003e\"\n      leaf_interface_selector_sub_port_name: \"ETH\\\\g\u003cmod\u003e-\\\\g\u003cport\u003e-\\\\g\u003csport\u003e\"\n      fex_profile_name: \"LEAF\\\\g\u003cid\u003e-FEX\\\\g\u003cfex\u003e\"\n      fex_interface_selector_name: \"ETH\\\\g\u003cmod\u003e-\\\\g\u003cport\u003e\"\n      spine_switch_profile_name: \"SPINE\\\\g\u003cid\u003e\"\n      spine_interface_profile_name: \"SPINE\\\\g\u003cid\u003e\"\n      spine_switch_selector_name: \"SPINE\\\\g\u003cid\u003e\"\n      spine_interface_selector_name: \"ETH\\\\g\u003cmod\u003e-\\\\g\u003cport\u003e\"\n      vpc_group_name: \"VPC\\\\g\u003cswitch1_id\u003e-\\\\g\u003cswitch2_id\u003e\"\n      vlan_pools:\n        name_suffix: \"\"\n        allocation: static\n        ranges:\n          allocation: inherit\n          role: external\n      physical_domains:\n        name_suffix: \"\"\n        allocation: static\n      routed_domains:\n        name_suffix: \"\"\n        allocation: static\n      aaeps:\n        name_suffix: \"\"\n        infra_vlan: false\n        endpoint_groups:\n          mode: regular\n          deployment_immediacy: lazy\n      switch_policies:\n        vpc_policies:\n          name_suffix: \"\"\n          peer_dead_interval: 200\n        forwarding_scale_policies:\n          name_suffix: \"\"\n          profile: dual-stack\n        mst_policies:\n          name_suffix: \"\"\n      spine_switch_policy_groups:\n        name_suffix: \"\"\n      leaf_switch_policy_groups:\n        name_suffix: \"\"\n      leaf_switch_profiles:\n        name_suffix: \"\"\n        selectors:\n          name_suffix: \"\"\n          node_blocks:\n            name_suffix: \"\"\n      spine_switch_profiles:\n        name_suffix: \"\"\n        selectors:\n          name_suffix: \"\"\n          node_blocks:\n            name_suffix: \"\"\n      interface_policies:\n        cdp_policies:\n          name_suffix: \"\"\n        lldp_policies:\n          name_suffix: \"\"\n        link_level_policies:\n          name_suffix: \"\"\n          speed: inherit\n          auto: true\n          fec_mode: inherit\n        port_channel_policies:\n          name_suffix: \"\"\n          min_links: 1\n          max_links: 16\n          suspend_individual: true\n          graceful_convergence: true\n          fast_select_standby: true\n          load_defer: false\n          symmetric_hash: false\n        port_channel_member_policies:\n          name_suffix: \"\"\n          priority: 32768\n          rate: normal\n        l2_policies:\n          name_suffix: \"\"\n          vlan_scope: global\n          qinq: disabled\n          reflective_relay: false\n        mcp_policies:\n          name_suffix: \"\"\n        storm_control_policies:\n          name_suffix: \"\"\n          broadcast_burst_pps: unspecified\n          broadcast_pps: unspecified\n          broadcast_burst_rate: \"100.000000\"\n          broadcast_rate: \"100.000000\"\n          multicast_burst_pps: unspecified\n          multicast_pps: unspecified\n          multicast_burst_rate: \"100.000000\"\n          multicast_rate: \"100.000000\"\n          unknown_unicast_burst_pps: unspecified\n          unknown_unicast_pps: unspecified\n          unknown_unicast_burst_rate: \"100.000000\"\n          unknown_unicast_rate: \"100.000000\"\n          action: drop\n        spanning_tree_policies:\n          name_suffix: \"\"\n          bpdu_guard: false\n          bpdu_filter: false\n      leaf_interface_policy_groups:\n        name_suffix: \"\"\n        map: none\n      spine_interface_policy_groups:\n        name_suffix: \"\"\n      spine_interface_profiles:\n        name_suffix: \"\"\n        selectors:\n          name_suffix: \"\"\n          port_blocks:\n            name_suffix: \"\"\n            from_module: 1\n      leaf_interface_profiles:\n        name_suffix: \"\"\n        selectors:\n          name_suffix: \"\"\n          port_blocks:\n            name_suffix: \"\"\n            from_module: 1\n          sub_port_blocks:\n            name_suffix: \"\"\n            from_module: 1\n      fex_interface_profiles:\n        name_suffix: \"\"\n        selectors:\n          name_suffix: \"\"\n          port_blocks:\n            name_suffix: \"\"\n            from_module: 1\n      mcp:\n        admin_state: true\n        per_vlan: true\n        action: true\n        key: cisco\n        loop_detection: 3\n        initial_delay: 180\n        frequency_sec: 2\n        frequency_msec: 0\n      qos:\n        preserve_cos: false\n        qos_classes:\n          - level: 1\n            admin_state: true\n            mtu: 9216\n            scheduling: wrr\n            bandwidth_percent: 20\n            congestion_algorithm: tail-drop\n            minimum_buffer: 0\n            pfc_state: false\n            no_drop_cos: \"\"\n            pfc_scope: tor\n            ecn: false\n            forward_non_ecn: false\n            wred_max_threshold: 100\n            wred_min_threshold: 0\n            wred_probability: 0\n            weight: 0\n          - level: 2\n            admin_state: true\n            mtu: 9216\n            scheduling: wrr\n            bandwidth_percent: 20\n            congestion_algorithm: tail-drop\n            minimum_buffer: 0\n            pfc_state: false\n            no_drop_cos: \"\"\n            pfc_scope: tor\n            ecn: false\n            forward_non_ecn: false\n            wred_max_threshold: 100\n            wred_min_threshold: 0\n            wred_probability: 0\n            weight: 0\n          - level: 3\n            admin_state: true\n            mtu: 9216\n            scheduling: wrr\n            bandwidth_percent: 20\n            congestion_algorithm: tail-drop\n            minimum_buffer: 0\n            pfc_state: false\n            no_drop_cos: \"\"\n            pfc_scope: tor\n            ecn: false\n            forward_non_ecn: false\n            wred_max_threshold: 100\n            wred_min_threshold: 0\n            wred_probability: 0\n            weight: 0\n          - level: 4\n            admin_state: true\n            mtu: 9216\n            scheduling: wrr\n            bandwidth_percent: 0\n            congestion_algorithm: tail-drop\n            minimum_buffer: 0\n            pfc_state: false\n            no_drop_cos: \"\"\n            pfc_scope: tor\n            ecn: false\n            forward_non_ecn: false\n            wred_max_threshold: 100\n            wred_min_threshold: 0\n            wred_probability: 0\n            weight: 0\n          - level: 5\n            admin_state: true\n            mtu: 9216\n            scheduling: wrr\n            bandwidth_percent: 0\n            congestion_algorithm: tail-drop\n            minimum_buffer: 0\n            pfc_state: false\n            no_drop_cos: \"\"\n            pfc_scope: tor\n            ecn: false\n            forward_non_ecn: false\n            wred_max_threshold: 100\n            wred_min_threshold: 0\n            wred_probability: 0\n            weight: 0\n          - level: 6\n            admin_state: true\n            mtu: 9216\n            scheduling: wrr\n            bandwidth_percent: 0\n            congestion_algorithm: tail-drop\n            minimum_buffer: 0\n            pfc_state: false\n            no_drop_cos: \"\"\n            pfc_scope: tor\n            ecn: false\n            forward_non_ecn: false\n            wred_max_threshold: 100\n            wred_min_threshold: 0\n            wred_probability: 0\n            weight: 0\n      span:\n        destination_groups:\n          name_suffix: \"\"\n          mtu: 1518\n          module: 1\n          dscp: unspecified\n          flow_id: 1\n          ttl: 64\n          version: 2\n          enforce_version: false\n        source_groups:\n          name_suffix: \"\"\n          admin_state: true\n          sources:\n            name_suffix: \"\"\n            direction: \"both\"\n            span_drop: false\n            access_paths:\n              module: 1\n        filter_groups:\n          name_suffix: \"\"\n          entries:\n            name_suffix: \"\"\n            destination_from_port: unspecified\n            source_from_port: unspecified\n            ip_protocol: unspecified\n      vspan:\n        destination_groups:\n          name_suffix: \"\"\n          destinations:\n            name_suffix: \"\"\n            mtu: 1518\n            flow_id: 1\n            ttl: 64\n            dscp: unspecified\n        sessions:\n          name_suffix: \"\"\n          admin_state: true\n          sources:\n            name_suffix: \"\"\n            direction: both\n            access_paths:\n              module: 1\n    node_policies:\n      oob_endpoint_group: default\n      inb_endpoint_group: default\n      update_groups:\n        name_suffix: \"\"\n        scheduler: default\n      vpc_groups:\n        mode: explicit\n      nodes:\n        pod: 1\n\n    interface_policies:\n      nodes:\n        interfaces:\n          from_module: 1\n          module: 1\n        fexes:\n          interfaces:\n            from_module: 1\n\n    tenants:\n      managed: true\n      vrfs:\n        name_suffix: \"\"\n        data_plane_learning: true\n        enforcement_direction: ingress\n        enforcement_preference: enforced\n        leaked_internal_prefixes:\n          public: false\n        pim:\n          mtu: 1500\n          bsr_forward_updates: false\n          bsr_listen_updates: false\n          auto_rp_forward_updates: false\n          auto_rp_listen_updates: false\n          fast_convergence: false\n          strict_rfc: false\n          max_multicast_entries: unlimited\n          reserved_multicast_entries: undefined\n          asm_sg_expiry: default-timeout\n          asm_traffic_registry_max_rate: 65535\n          asm_traffic_registry_source_ip: \"0.0.0.0\"\n        preferred_group: false\n      bridge_domains:\n        name_suffix: \"\"\n        mac: 00:22:BD:F8:19:FF\n        ep_move_detection: false\n        arp_flooding: true\n        ip_dataplane_learning: true\n        limit_ip_learn_to_subnets: true\n        multi_destination_flooding: bd-flood\n        unknown_unicast: flood\n        unknown_ipv4_multicast: flood\n        unknown_ipv6_multicast: flood\n        unicast_routing: true\n        advertise_host_routes: false\n        l3_multicast: false\n        subnets:\n          primary_ip: false\n          public: false\n          private: true\n          shared: false\n          virtual: false\n          igmp_querier: false\n          nd_ra_prefix: true\n          no_default_gateway: false\n      l3outs:\n        name_suffix: \"\"\n        target_dscp: unspecified\n        qos_class: unspecified\n        ospf:\n          auth_key_id: 1\n          auth_type: none\n          area_cost: 1\n          area_type: regular\n        bgp_peers:\n          allow_self_as: false\n          as_override: false\n          disable_peer_as_check: false\n          next_hop_self: false\n          send_community: false\n          send_ext_community: false\n          allowed_self_as_count: 3\n          ttl: 1\n          weight: 0\n          bfd: false\n          disable_connected_check: false\n          remove_all_private_as: false\n          remove_private_as: false\n          replace_private_as_with_local_as: false\n          unicast_address_family: true\n          multicast_address_family: true\n          admin_state: true\n          as_propagate: none\n        redistribution_route_maps:\n          source: static\n        nodes:\n          pod: 1\n          router_id_as_loopback: true\n          static_routes:\n            preference: 1\n            bfd: false\n            next_hops:\n              preference: 1\n              type: prefix\n          interfaces:\n            pod: 1\n            module: 1\n            svi: false\n            autostate: false\n            floating_svi: false\n            ip: 0.0.0.0\n            mac: 00:22:BD:F8:19:FF\n            mtu: inherit\n            bgp_peers:\n              allow_self_as: false\n              as_override: false\n              disable_peer_as_check: false\n              next_hop_self: false\n              send_community: false\n              send_ext_community: false\n              allowed_self_as_count: 3\n              ttl: 1\n              weight: 0\n              bfd: false\n              disable_connected_check: false\n              remove_all_private_as: false\n              remove_private_as: false\n              replace_private_as_with_local_as: false\n              unicast_address_family: true\n              multicast_address_family: true\n              admin_state: true\n              as_propagate: none\n        node_profiles:\n          name_suffix: \"\"\n          bgp_peers:\n            allow_self_as: false\n            as_override: false\n            disable_peer_as_check: false\n            next_hop_self: false\n            send_community: false\n            send_ext_community: false\n            allowed_self_as_count: 3\n            ttl: 1\n            weight: 0\n            bfd: false\n            disable_connected_check: false\n            remove_all_private_as: false\n            remove_private_as: false\n            replace_private_as_with_local_as: false\n            unicast_address_family: true\n            multicast_address_family: true\n            admin_state: true\n            as_propagate: none\n          nodes:\n            pod: 1\n            router_id_as_loopback: true\n            static_routes:\n              preference: 1\n              bfd: false\n              next_hops:\n                preference: 1\n                type: prefix\n          interface_profiles:\n            name_suffix: \"\"\n            target_dscp: unspecified\n            qos_class: unspecified\n            ospf:\n              auth_key_id: 1\n              auth_type: none\n            interfaces:\n              pod: 1\n              module: 1\n              svi: false\n              autostate: false\n              floating_svi: false\n              ip: 0.0.0.0\n              mac: 00:22:BD:F8:19:FF\n              mtu: inherit\n              bgp_peers:\n                allow_self_as: false\n                as_override: false\n                disable_peer_as_check: false\n                next_hop_self: false\n                send_community: false\n                send_ext_community: false\n                allowed_self_as_count: 3\n                ttl: 1\n                weight: 0\n                bfd: false\n                disable_connected_check: false\n                remove_all_private_as: false\n                remove_private_as: false\n                replace_private_as_with_local_as: false\n                unicast_address_family: true\n                multicast_address_family: true\n                admin_state: true\n                as_propagate: none\n        external_endpoint_groups:\n          name_suffix: \"\"\n          preferred_group: false\n          qos_class: unspecified\n          target_dscp: unspecified\n          subnets:\n            import_route_control: false\n            export_route_control: false\n            shared_route_control: false\n            import_security: true\n            shared_security: false\n            aggregate_import_route_control: false\n            aggregate_export_route_control: false\n            aggregate_shared_route_control: false\n            bgp_route_summarization: false\n        import_route_map:\n          type: global\n          contexts:\n            name_suffix: \"\"\n            action: permit\n            order: 0\n        export_route_map:\n          type: global\n          contexts:\n            name_suffix: \"\"\n            action: permit\n            order: 0\n        default_route_leak_policy:\n          always: false\n          criteria: \"only\"\n          context_scope: false\n          outside_scope: true\n        l3_multicast_ipv4: false\n        multipod: true\n        remote_leaf: false\n      application_profiles:\n        name_suffix: \"\"\n        managed: true\n        endpoint_groups:\n          name_suffix: \"\"\n          flood_in_encap: false\n          intra_epg_isolation: false\n          proxy_arp: false\n          preferred_group: false\n          qos_class: unspecified\n          vmware_vmm_domains:\n            name_suffix: \"\"\n            u_segmentation: false\n            delimiter: \"\"\n            netflow: false\n            deployment_immediacy: lazy\n            resolution_immediacy: pre-provision\n            allow_promiscuous: reject\n            forged_transmits: reject\n            mac_changes: reject\n          static_ports:\n            module: 1\n            mode: regular\n            deployment_immediacy: lazy\n          static_endpoints:\n            name_suffix: \"\"\n            ip: \"0.0.0.0\"\n            module: 1\n          subnets:\n            primary_ip: false\n            public: false\n            private: true\n            shared: false\n            igmp_querier: false\n            nd_ra_prefix: true\n            no_default_gateway: false\n            virtual: false\n            nlb_group: 0.0.0.0\n            nlb_mac: 00:00:00:00:00:00\n            ip_pools:\n              name_suffix: \"\"\n              start_ip: 0.0.0.0\n              end_ip: 0.0.0.0\n        endpoint_security_groups:\n          name_suffix: \"\"\n          shutdown: false\n          intra_esg_isolation: false\n          preferred_group: false\n          tag_selectors:\n            operator: equals\n      inb_endpoint_groups:\n        name_suffix: \"\"\n      oob_endpoint_groups:\n        name_suffix: \"\"\n        name: default\n      ext_mgmt_instances:\n        name_suffix: \"\"\n      contracts:\n        name_suffix: \"\"\n        scope: context\n        qos_class: unspecified\n        target_dscp: unspecified\n        subjects:\n          name_suffix: \"\"\n          qos_class: unspecified\n          target_dscp: unspecified\n          filters:\n            action: permit\n            priority: default\n            log: false\n            no_stats: false\n      imported_contracts:\n        name_suffix: \"\"\n      oob_contracts:\n        name_suffix: \"\"\n        scope: context\n        subjects:\n          name_suffix: \"\"\n      filters:\n        name_suffix: \"\"\n        entries:\n          name_suffix: \"\"\n          ethertype: ip\n          protocol: tcp\n          source_from_port: unspecified\n          destination_from_port: unspecified\n          stateful: false\n      policies:\n        custom_qos:\n          name_suffix: \"\"\n        ospf_interface_policies:\n          name_suffix: \"\"\n          cost: unspecified\n          passive_interface: false\n          mtu_ignore: false\n          advertise_subnet: false\n          bfd: false\n          hello_interval: 10\n          dead_interval: 40\n          network_type: p2p\n          priority: 1\n          lsa_retransmit_interval: 5\n          lsa_transmit_delay: 1\n        bgp_best_path_policies:\n          name_suffix: \"\"\n          control_type: \"\"\n        bgp_timer_policies:\n          name_suffix: \"\"\n          keepalive_interval: 60\n          hold_interval: 180\n          stale_interval: default\n          graceful_restart_helper: true\n          maximum_as_limit: 0\n        bgp_peer_prefix_policies:\n          name_suffix: \"\"\n          action: \"reject\"\n          max_prefixes: 20000\n          threshold: 75\n          restart_time: 65534\n        bgp_address_family_context_policies:\n          name_suffix: \"\"\n          ebgp_distance: 20\n          ibgp_distance: 200\n          local_distance: 220\n          ebgp_max_ecmp: 16\n          ibgp_max_ecmp: 16\n          enable_host_route_leak: false\n        dhcp_relay_policies:\n          name_suffix: \"\"\n        dhcp_option_policies:\n          name_suffix: \"\"\n          options:\n            name_suffix: \"\"\n        route_control_route_maps:\n          name_suffix: \"\"\n          contexts:\n            name_suffix: \"\"\n            action: \"permit\"\n            order: 0\n        match_rules:\n          name_suffix: \"\"\n          regex_community_terms:\n            name_suffix: \"\"\n            type: \"regular\"\n          community_terms:\n            name_suffix: \"\"\n            factors:\n              scope: \"transitive\"\n          prefixes:\n            aggregate: false\n            from_length: 0\n            to_length: 0\n        set_rules:\n          name_suffix: \"\"\n          community_mode: \"append\"\n          dampening:\n            half_life: 15\n            max_suppress_time: 60\n            reuse_limit: 750\n            suppress_limit: 2000\n          set_as_path:\n            criteria: \"prepend\"\n            count: 1\n            order: 0\n          next_hop_propagation: false\n          multipath: false\n        bfd_interface_policies:\n          name_suffix: \"\"\n          subinterface_optimization: false\n          detection_multiplier: 3\n          echo_admin_state: true\n          echo_rx_interval: 50\n          min_rx_interval: 50\n          min_tx_interval: 50\n        igmp_snooping_policies:\n          name_suffix: \"\"\n          admin_state: true\n          last_member_query_interval: 1\n          query_interval: 125\n          query_response_interval: 10\n          start_query_count: 2\n          start_query_interval: 31\n          fast_leave: false\n          querier: false\n        multicast_route_maps:\n          name_suffix: \"\"\n          entries:\n            source_ip: \"0.0.0.0\"\n            group_ip: \"0.0.0.0\"\n            rp_ip: \"0.0.0.0\"\n            action: \"permit\"\n        pim_policies:\n          name_suffix: \"\"\n          auth_type: \"none\"\n          designated_router_delay: 3\n          designated_router_priority: 1\n          hello_interval: 30000\n          join_prune_interval: 60\n          mcast_dom_boundary: false\n          passive: false\n          strict_rfc: false\n        igmp_interface_policies:\n          name_suffix: \"\"\n          grp_timeout: 260\n          allow_v3_asm: false\n          fast_leave: false\n          report_link_local_groups: false\n          last_member_count: 2\n          last_member_response_time: 1\n          querier_timeout: 255\n          query_interval: 125\n          robustness_variable: 2\n          query_response_interval: 25\n          startup_query_count: 2\n          startup_query_interval: 31\n          version: \"v2\"\n          max_mcast_entries: unlimited\n          reserved_mcast_entries: undefined\n        qos:\n          name_suffix: \"\"\n          dscp_priority_maps:\n            priority: level3\n            dscp_target: unspecified\n            cos_target: unspecified\n          dot1p_classifiers:\n            priority: level3\n            dscp_target: unspecified\n            cos_target: unspecified\n        ip_sla_policies:\n          name_suffix: \"\"\n          multiplier: 3\n          frequency: 60\n          sla_type: icmp\n          port: 0\n        trust_control_policies:\n          name_suffix: \"\"\n          dhcp_v4_server: false\n          dhcp_v6_server: false\n          ipv6_router: false\n          arp: false\n          nd: false\n          ra: false\n        span:\n          source_groups:\n            name_suffix: \"\"\n            admin_state: false\n            sources:\n              direction: both\n          destination_groups:\n            name_suffix: \"\"\n            dscp: unspecified\n            flow_id: 1\n            mtu: 1518\n            ttl: 64\n            version: 2\n            enforce_version: false\n      services:\n        l4l7_devices:\n          name_suffix: \"\"\n          context_aware: single-Context\n          type: PHYSICAL\n          function: GoTo\n          copy_device: false\n          managed: false\n          promiscuous_mode: false\n          service_type: FW\n          trunking: false\n          concrete_devices:\n            name_suffix: \"\"\n            interfaces:\n              name_suffix: \"\"\n              module: 1\n          logical_interfaces:\n            name_suffix: \"\"\n            concrete_interfaces:\n              name_suffix: \"\"\n        redirect_policies:\n          name_suffix: \"\"\n          type: L3\n          anycast: false\n          hashing: sip-dip-prototype\n          threshold: false\n          max_threshold: 0\n          min_threshold: 0\n          threshold_down_action: permit\n          resilient_hashing: false\n          pod_aware: false\n          l3_destinations:\n            pod: 1\n        redirect_backup_policies:\n          name_suffix: \"\"\n          l3_destinations:\n            ip_2: \"0.0.0.0\"\n        service_epg_policies:\n          name_suffix: \"\"\n          preferred_group: false\n        redirect_health_groups:\n          name_suffix: \"\"\n        service_graph_templates:\n          name_suffix: \"\"\n          template_type: FW_ROUTED\n          redirect: false\n          share_encapsulation: false\n        device_selection_policies:\n          consumer:\n            l3_destination: true\n            permit_logging: false\n            external_endpoint_group:\n              redistribute:\n                bgp: false\n                ospf: false\n                connected: false\n                static: false\n          provider:\n            l3_destination: true\n            permit_logging: false\n            external_endpoint_group:\n              redistribute:\n                bgp: false\n                ospf: false\n                connected: false\n                static: false\n",
              "\"defaults\": {}\n"
            ],
            "merge_list_items": true,
            "output": "defaults:\n    apic:\n        access_policies:\n            aaeps:\n                endpoint_groups:\n                    deployment_immediacy: lazy\n                    mode: regular\n                infra_vlan: false\n                name_suffix: \"\"\n            fex_interface_profiles:\n                name_suffix: \"\"\n                selectors:\n                    name_suffix: \"\"\n                    port_blocks:\n                        from_module: 1\n                        name_suffix: \"\"\n            fex_interface_selector_name: ETH\\g\u003cmod\u003e-\\g\u003cport\u003e\n            fex_profile_name: LEAF\\g\u003cid\u003e-FEX\\g\u003cfex\u003e\n            interface_policies:\n                cdp_policies:\n                    name_suffix: \"\"\n                l2_policies:\n                    name_suffix: \"\"\n                    qinq: disabled\n                    reflective_relay: false\n                    vlan_scope: global\n                link_level_policies:\n                    auto: true\n                    fec_mode: inherit\n                    name_suffix: \"\"\n                    speed: inherit\n                lldp_policies:\n                    name_suffix: \"\"\n                mcp_policies:\n                    name_suffix: \"\"\n                port_channel_member_policies:\n                    name_suffix: \"\"\n                    priority: 32768\n                    rate: normal\n                port_channel_policies:\n                    fast_select_standby: true\n                    graceful_convergence: true\n                    load_defer: false\n                    max_links: 16\n                    min_links: 1\n                    name_suffix: \"\"\n                    suspend_individual: true\n                    symmetric_hash: false\n                spanning_tree_policies:\n                    bpdu_filter: false\n                    bpdu_guard: false\n                    name_suffix: \"\"\n                storm_control_policies:\n                    action: drop\n                    broadcast_burst_pps: unspecified\n                    broadcast_burst_rate: \"100.000000\"\n                    broadcast_pps: unspecified\n                    broadcast_rate: \"100.000000\"\n                    multicast_burst_pps: unspecified\n                    multicast_burst_rate: \"100.000000\"\n                    multicast_pps: unspecified\n                    multicast_rate: \"100.000000\"\n                    name_suffix: \"\"\n                    unknown_unicast_burst_pps: unspecified\n                    unknown_unicast_burst_rate: \"100.000000\"\n                    unknown_unicast_pps: unspecified\n                    unknown_unicast_rate: \"100.000000\"\n            leaf_interface_policy_groups:\n                map: none\n                name_suffix: \"\"\n            leaf_interface_profile_name: LEAF\\g\u003cid\u003e\n            leaf_interface_profiles:\n                name_suffix: \"\"\n                selectors:\n                    name_suffix: \"\"\n                    port_blocks:\n                        from_module: 1\n                        name_suffix: \"\"\n                    sub_port_blocks:\n                        from_module: 1\n                        name_suffix: \"\"\n            leaf_interface_selector_name: ETH\\g\u003cmod\u003e-\\g\u003cport\u003e\n            leaf_interface_selector_sub_port_name: ETH\\g\u003cmod\u003e-\\g\u003cport\u003e-\\g\u003csport\u003e\n            leaf_switch_policy_groups:\n                name_suffix: \"\"\n            leaf_switch_profile_name: LEAF\\g\u003cid\u003e\n            leaf_switch_profiles:\n                name_suffix: \"\"\n                selectors:\n                    name_suffix: \"\"\n                    node_blocks:\n                        name_suffix: \"\"\n            leaf_switch_selector_name: LEAF\\g\u003cid\u003e\n            mcp:\n                action: true\n                admin_state: true\n                frequency_msec: 0\n                frequency_sec: 2\n                initial_delay: 180\n                key: cisco\n                loop_detection: 3\n                per_vlan: true\n            physical_domains:\n                allocation: static\n                name_suffix: \"\"\n            qos:\n                preserve_cos: false\n                qos_classes:\n                    - admin_state: true\n                      bandwidth_percent: 20\n                      congestion_algorithm: tail-drop\n                      ecn: false\n                      forward_non_ecn: false\n                      level: 1\n                      minimum_buffer: 0\n                      mtu: 9216\n                      no_drop_cos: \"\"\n                      pfc_scope: tor\n                      pfc_state: false\n                      scheduling: wrr\n                      weight: 0\n                      wred_max_threshold: 100\n                      wred_min_threshold: 0\n                      wred_probability: 0\n                    - admin_state: true\n                      bandwidth_percent: 20\n                      congestion_algorithm: tail-drop\n                      ecn: false\n                      forward_non_ecn: false\n                      level: 2\n                      minimum_buffer: 0\n                      mtu: 9216\n                      no_drop_cos: \"\"\n                      pfc_scope: tor\n                      pfc_state: false\n                      scheduling: wrr\n                      weight: 0\n                      wred_max_threshold: 100\n                      wred_min_threshold: 0\n                      wred_probability: 0\n                    - admin_state: true\n                      bandwidth_percent: 20\n                      congestion_algorithm: tail-drop\n                      ecn: false\n                      forward_non_ecn: false\n                      level: 3\n                      minimum_buffer: 0\n                      mtu: 9216\n                      no_drop_cos: \"\"\n                      pfc_scope: tor\n                      pfc_state: false\n                      scheduling: wrr\n                      weight: 0\n                      wred_max_threshold: 100\n                      wred_min_threshold: 0\n                      wred_probability: 0\n                    - admin_state: true\n                      bandwidth_percent: 0\n                      congestion_algorithm: tail-drop\n                      ecn: false\n                      forward_non_ecn: false\n                      level: 4\n                      minimum_buffer: 0\n                      mtu: 9216\n                      no_drop_cos: \"\"\n                      pfc_scope: tor\n                      pfc_state: false\n                      scheduling: wrr\n                      weight: 0\n                      wred_max_threshold: 100\n                      wred_min_threshold: 0\n                      wred_probability: 0\n                    - admin_state: true\n                      bandwidth_percent: 0\n                      congestion_algorithm: tail-drop\n                      ecn: false\n                      forward_non_ecn: false\n                      level: 5\n                      minimum_buffer: 0\n                      mtu: 9216\n                      no_drop_cos: \"\"\n                      pfc_scope: tor\n                      pfc_state: false\n                      scheduling: wrr\n                      weight: 0\n                      wred_max_threshold: 100\n                      wred_min_threshold: 0\n                      wred_probability: 0\n                    - admin_state: true\n                      bandwidth_percent: 0\n                      congestion_algorithm: tail-drop\n                      ecn: false\n                      forward_non_ecn: false\n                      level: 6\n                      minimum_buffer: 0\n                      mtu: 9216\n                      no_drop_cos: \"\"\n                      pfc_scope: tor\n                      pfc_state: false\n                      scheduling: wrr\n                      weight: 0\n                      wred_max_threshold: 100\n                      wred_min_threshold: 0\n                      wred_probability: 0\n            routed_domains:\n                allocation: static\n                name_suffix: \"\"\n            span:\n                destination_groups:\n                    dscp: unspecified\n                    enforce_version: false\n                    flow_id: 1\n                    module: 1\n                    mtu: 1518\n                    name_suffix: \"\"\n                    ttl: 64\n                    version: 2\n                filter_groups:\n                    entries:\n                        destination_from_port: unspecified\n                        ip_protocol: unspecified\n                        name_suffix: \"\"\n                        source_from_port: unspecified\n                    name_suffix: \"\"\n                source_groups:\n                    admin_state: true\n                    name_suffix: \"\"\n                    sources:\n                        access_paths:\n                            module: 1\n                        direction: both\n                        name_suffix: \"\"\n                        span_drop: false\n            spine_interface_policy_groups:\n                name_suffix: \"\"\n            spine_interface_profile_name: SPINE\\g\u003cid\u003e\n            spine_interface_profiles:\n                name_suffix: \"\"\n                selectors:\n                    name_suffix: \"\"\n                    port_blocks:\n                        from_module: 1\n                        name_suffix: \"\"\n            spine_interface_selector_name: ETH\\g\u003cmod\u003e-\\g\u003cport\u003e\n            spine_switch_policy_groups:\n                name_suffix: \"\"\n            spine_switch_profile_name: SPINE\\g\u003cid\u003e\n            spine_switch_profiles:\n                name_suffix: \"\"\n                selectors:\n                    name_suffix: \"\"\n                    node_blocks:\n                        name_suffix: \"\"\n            spine_switch_selector_name: SPINE\\g\u003cid\u003e\n            switch_policies:\n                forwarding_scale_policies:\n                    name_suffix: \"\"\n                    profile: dual-stack\n                mst_policies:\n                    name_suffix: \"\"\n                vpc_policies:\n                    name_suffix: \"\"\n                    peer_dead_interval: 200\n            vlan_pools:\n                allocation: static\n                name_suffix: \"\"\n                ranges:\n                    allocation: inherit\n                    role: external\n            vpc_group_name: VPC\\g\u003cswitch1_id\u003e-\\g\u003cswitch2_id\u003e\n            vspan:\n                destination_groups:\n                    destinations:\n                        dscp: unspecified\n                        flow_id: 1\n                        mtu: 1518\n                        name_suffix: \"\"\n                        ttl: 64\n                    name_suffix: \"\"\n                sessions:\n                    admin_state: true\n                    name_suffix: \"\"\n                    sources:\n                        access_paths:\n                            module: 1\n                        direction: both\n                        name_suffix: \"\"\n        auto_generate_access_leaf_switch_interface_profiles: false\n        auto_generate_access_spine_switch_interface_profiles: false\n        auto_generate_fabric_leaf_switch_interface_profiles: false\n        auto_generate_fabric_spine_switch_interface_profiles: false\n        auto_generate_pod_profiles: false\n        auto_generate_switch_pod_profiles: false\n        fabric_policies:\n            aaa:\n                ca_certificates:\n                    name_suffix: \"\"\n                console_realm: local\n                default_fallback_check: false\n                default_realm: local\n                key_rings:\n                    modulus: mod2048\n                    name_suffix: \"\"\n                login_domains:\n                    tacacs_providers:\n                        priority: 0\n                remote_user_login_policy: no-login\n                tacacs_providers:\n                    mgmt_epg: inb\n                    monitoring: false\n                    port: 49\n                    protocol: pap\n                    retries: 1\n                    timeout: 5\n                users:\n                    domains:\n                        roles:\n                            privilege_type: write\n                    expires: false\n                    status: active\n            apic_conn_pref: inband\n            banners:\n                apic_cli_banner: \"\"\n                apic_gui_alias: \"\"\n                apic_gui_banner_url: \"\"\n                switch_cli_banner: \"\"\n            config_exports:\n                format: json\n                name_suffix: \"\"\n                snapshot: false\n            coop_group_policy: strict\n            date_time_format:\n                display_format: local\n                show_offset: true\n                timezone: p0_UTC\n            dns_policies:\n                domains:\n                    default: true\n                mgmt_epg: inb\n                mgmt_epg_oob: default\n                name_suffix: \"\"\n                providers:\n                    preferred: false\n            ep_loop_protection:\n                action: bd-learn-disable\n                admin_state: false\n                detection_interval: 60\n                detection_multiplier: 4\n            err_disabled_recovery:\n                bpdu_guard: false\n                ep_move: false\n                interval: 300\n                mcp_loop: false\n            external_connectivity_policy:\n                fabric_id: 1\n                name_suffix: \"\"\n                route_target: extended:as2-nn4:5:16\n                routing_profiles:\n                    name_suffix: \"\"\n                site_id: 1\n            fabric_bgp_ext_rr:\n                pod_id: 1\n            fabric_bgp_rr:\n                pod_id: 1\n            fabric_isis_bfd: true\n            fabric_isis_redistribute_metric: 60\n            geolocation:\n                sites:\n                    buildings:\n                        floors:\n                            name_suffix: \"\"\n                            rooms:\n                                name_suffix: \"\"\n                                rows:\n                                    name_suffix: \"\"\n                                    racks:\n                                        name_suffix: \"\"\n                        name_suffix: \"\"\n                    name_suffix: \"\"\n            global_settings:\n                disable_remote_endpoint_learn: false\n                domain_validation: true\n                enforce_subnet_check: true\n                opflex_authentication: false\n                overlapping_vlan_validation: false\n                reallocate_gipo: false\n                remote_leaf_direct: true\n            ignore_acked_faults: false\n            infra_dscp_translation_policy:\n                admin_state: false\n                control_plane: CS7\n                level_1: EF\n                level_2: CS3\n                level_3: CS0\n                level_4: AF11\n                level_5: AF21\n                level_6: AF31\n                policy_plane: CS4\n                span: CS1\n                traceroute: CS2\n            ip_aging: true\n            l2_mtu_policies:\n                name_suffix: \"\"\n                port_mtu_size: 9000\n            l2_port_mtu: 9000\n            leaf_interface_profile_name: LEAF\\g\u003cid\u003e\n            leaf_interface_profiles:\n                name_suffix: \"\"\n            leaf_interface_selector_name: ETH\\g\u003cmod\u003e-\\g\u003cport\u003e\n            leaf_switch_policy_groups:\n                name_suffix: \"\"\n            leaf_switch_profile_name: LEAF\\g\u003cid\u003e\n            leaf_switch_profiles:\n                name_suffix: \"\"\n                selectors:\n                    name_suffix: \"\"\n                    node_blocks:\n                        name_suffix: \"\"\n            leaf_switch_selector_name: LEAF\\g\u003cid\u003e\n            monitoring:\n                snmp_traps:\n                    destinations:\n                        mgmt_epg: inb\n                        port: 162\n                        security: priv\n                        version: v2c\n                    name_suffix: \"\"\n                syslogs:\n                    admin_state: true\n                    audit: true\n                    console_admin_state: true\n                    console_severity: alerts\n                    destinations:\n                        admin_state: true\n                        facility: local7\n                        mgmt_epg: inb\n                        port: 514\n                        severity: warnings\n                    events: true\n                    faults: true\n                    format: aci\n                    local_admin_state: true\n                    local_severity: information\n                    minimum_severity: warnings\n                    name_suffix: \"\"\n                    session: false\n                    show_millisecond: false\n            pod_policies:\n                date_time_policies:\n                    apic_ntp_server_master_mode: false\n                    apic_ntp_server_master_stratum: 8\n                    apic_ntp_server_state: false\n                    name_suffix: \"\"\n                    ntp_admin_state: true\n                    ntp_auth_state: false\n                    ntp_servers:\n                        mgmt_epg: inb\n                        preferred: true\n                management_access_policies:\n                    http:\n                        admin_state: false\n                        port: 80\n                    https:\n                        admin_state: true\n                        client_cert_auth_state: false\n                        dh: none\n                        key_ring: default\n                        port: 443\n                        tlsv1: false\n                        tlsv1_1: true\n                        tlsv1_2: true\n                    name_suffix: \"\"\n                    ssh:\n                        admin_state: true\n                        aes128_ctr: true\n                        aes128_gcm: true\n                        aes192_ctr: true\n                        aes256_ctr: true\n                        chacha: true\n                        hmac_sha1: true\n                        hmac_sha2_256: true\n                        hmac_sha2_512: true\n                        password_auth: true\n                        port: 22\n                    telnet:\n                        admin_state: false\n                        port: 23\n                snmp_policies:\n                    admin_state: true\n                    clients:\n                        name_suffix: \"\"\n                    contact: \"\"\n                    location: \"\"\n                    name_suffix: \"\"\n                    trap_forwarders:\n                        port: 162\n                    users:\n                        authorization_type: hmac-sha1-96\n                        privacy_type: aes-128\n            pod_policy_groups:\n                name_suffix: \"\"\n            pod_profile_name: POD\\g\u003cid\u003e\n            pod_profile_pod_selector_name: POD\\g\u003cid\u003e\n            pod_profiles:\n                name_suffix: \"\"\n                selectors:\n                    name_suffix: \"\"\n                    pod_blocks:\n                        name_suffix: \"\"\n                    type: range\n            port_tracking:\n                admin_state: true\n                delay: 120\n                min_links: 0\n            ptp:\n                admin_state: false\n                announce_interval: 1\n                announce_timeout: 3\n                delay_interval: -2\n                global_domain: 0\n                profile: aes67\n                sync_interval: -3\n            remote_locations:\n                auth_type: password\n                mgmt_epg: inb\n                name_suffix: \"\"\n                path: /\n            rogue_ep_control:\n                admin_state: true\n                detection_interval: 30\n                detection_multiplier: 10\n                hold_interval: 1800\n            schedulers:\n                name_suffix: \"\"\n                recurring_windows:\n                    day: every-day\n                    hour: 0\n                    minute: 0\n                    name_suffix: \"\"\n            smart_licensing:\n                mode: smart-licensing\n                proxy:\n                    port: \"443\"\n                url: https://tools.cisco.com/its/service/oddce/services/DDCEService\n            span:\n                destination_groups:\n                    dscp: unspecified\n                    enforce_version: false\n                    flow_id: 1\n                    mtu: 1518\n                    name_suffix: \"\"\n                    ttl: 64\n                    version: 2\n                source_groups:\n                    admin_state: true\n                    name_suffix: \"\"\n                    sources:\n                        access_paths:\n                            module: 1\n                        direction: both\n                        name_suffix: \"\"\n                        span_drop: false\n            spine_interface_profile_name: SPINE\\g\u003cid\u003e\n            spine_interface_profiles:\n                name_suffix: \"\"\n            spine_interface_selector_name: ETH\\g\u003cmod\u003e-\\g\u003cport\u003e\n            spine_switch_policy_groups:\n                name_suffix: \"\"\n            spine_switch_profile_name: SPINE\\g\u003cid\u003e\n            spine_switch_profiles:\n                name_suffix: \"\"\n                selectors:\n                    name_suffix: \"\"\n                    node_blocks:\n                        name_suffix: \"\"\n            spine_switch_selector_name: SPINE\\g\u003cid\u003e\n            switch_policies:\n                node_control_policies:\n                    dom: true\n                    name_suffix: \"\"\n                    telemetry: telemetry\n                psu_policies:\n                    name_suffix: \"\"\n            use_infra_gipo: false\n            vmware_vmm_domains:\n                access_mode: read-write\n                credential_policies:\n                    name_suffix: \"\"\n                delimiter: \"\"\n                name_suffix: \"\"\n                tag_collection: false\n                vcenters:\n                    dvs_version: unmanaged\n                    mgmt_epg: inb\n                    name_suffix: \"\"\n                    statistics: false\n                vswitch:\n                    enhanced_lags:\n                        lb_mode: src-dst-ip\n                        mode: active\n                        name_suffix: \"\"\n                        num_links: 2\n        interface_policies:\n            nodes:\n                fexes:\n                    interfaces:\n                        from_module: 1\n                interfaces:\n                    from_module: 1\n                    module: 1\n        node_policies:\n            inb_endpoint_group: default\n            nodes:\n                pod: 1\n            oob_endpoint_group: default\n            update_groups:\n                name_suffix: \"\"\n                scheduler: default\n            vpc_groups:\n                mode: explicit\n        tenants:\n            application_profiles:\n                endpoint_groups:\n                    flood_in_encap: false\n                    intra_epg_isolation: false\n                    name_suffix: \"\"\n                    preferred_group: false\n                    proxy_arp: false\n                    qos_class: unspecified\n                    static_endpoints:\n                        ip: 0.0.0.0\n                        module: 1\n                        name_suffix: \"\"\n                    static_ports:\n                        deployment_immediacy: lazy\n                        mode: regular\n                        module: 1\n                    subnets:\n                        igmp_querier: false\n                        ip_pools:\n                            end_ip: 0.0.0.0\n                            name_suffix: \"\"\n                            start_ip: 0.0.0.0\n                        nd_ra_prefix: true\n                        nlb_group: 0.0.0.0\n                        nlb_mac: \"00:00:00:00:00:00\"\n                        no_default_gateway: false\n                        primary_ip: false\n                        private: true\n                        public: false\n                        shared: false\n                        virtual: false\n                    vmware_vmm_domains:\n                        allow_promiscuous: reject\n                        delimiter: \"\"\n                        deployment_immediacy: lazy\n                        forged_transmits: reject\n                        mac_changes: reject\n                        name_suffix: \"\"\n                        netflow: false\n                        resolution_immediacy: pre-provision\n                        u_segmentation: false\n                endpoint_security_groups:\n                    intra_esg_isolation: false\n                    name_suffix: \"\"\n                    preferred_group: false\n                    shutdown: false\n                    tag_selectors:\n                        operator: equals\n                managed: true\n                name_suffix: \"\"\n            bridge_domains:\n                advertise_host_routes: false\n                arp_flooding: true\n                ep_move_detection: false\n                ip_dataplane_learning: true\n                l3_multicast: false\n                limit_ip_learn_to_subnets: true\n                mac: 00:22:BD:F8:19:FF\n                multi_destination_flooding: bd-flood\n                name_suffix: \"\"\n                subnets:\n                    igmp_querier: false\n                    nd_ra_prefix: true\n                    no_default_gateway: false\n                    primary_ip: false\n                    private: true\n                    public: false\n                    shared: false\n                    virtual: false\n                unicast_routing: true\n                unknown_ipv4_multicast: flood\n                unknown_ipv6_multicast: flood\n                unknown_unicast: flood\n            contracts:\n                name_suffix: \"\"\n                qos_class: unspecified\n                scope: context\n                subjects:\n                    filters:\n                        action: permit\n                        log: false\n                        no_stats: false\n                        priority: default\n                    name_suffix: \"\"\n                    qos_class: unspecified\n                    target_dscp: unspecified\n                target_dscp: unspecified\n            ext_mgmt_instances:\n                name_suffix: \"\"\n            filters:\n                entries:\n                    destination_from_port: unspecified\n                    ethertype: ip\n                    name_suffix: \"\"\n                    protocol: tcp\n                    source_from_port: unspecified\n                    stateful: false\n                name_suffix: \"\"\n            imported_contracts:\n                name_suffix: \"\"\n            inb_endpoint_groups:\n                name_suffix: \"\"\n            l3outs:\n                bgp_peers:\n                    admin_state: true\n                    allow_self_as: false\n                    allowed_self_as_count: 3\n                    as_override: false\n                    as_propagate: none\n                    bfd: false\n                    disable_connected_check: false\n                    disable_peer_as_check: false\n                    multicast_address_family: true\n                    next_hop_self: false\n                    remove_all_private_as: false\n                    remove_private_as: false\n                    replace_private_as_with_local_as: false\n                    send_community: false\n                    send_ext_community: false\n                    ttl: 1\n                    unicast_address_family: true\n                    weight: 0\n                default_route_leak_policy:\n                    always: false\n                    context_scope: false\n                    criteria: only\n                    outside_scope: true\n                export_route_map:\n                    contexts:\n                        action: permit\n                        name_suffix: \"\"\n                        order: 0\n                    type: global\n                external_endpoint_groups:\n                    name_suffix: \"\"\n                    preferred_group: false\n                    qos_class: unspecified\n                    subnets:\n                        aggregate_export_route_control: false\n                        aggregate_import_route_control: false\n                        aggregate_shared_route_control: false\n                        bgp_route_summarization: false\n                        export_route_control: false\n                        import_route_control: false\n                        import_security: true\n                        shared_route_control: false\n                        shared_security: false\n                    target_dscp: unspecified\n                import_route_map:\n                    contexts:\n                        action: permit\n                        name_suffix: \"\"\n                        order: 0\n                    type: global\n                l3_multicast_ipv4: false\n                multipod: true\n                name_suffix: \"\"\n                node_profiles:\n                    bgp_peers:\n                        admin_state: true\n                        allow_self_as: false\n                        allowed_self_as_count: 3\n                        as_override: false\n                        as_propagate: none\n                        bfd: false\n                        disable_connected_check: false\n                        disable_peer_as_check: false\n                        multicast_address_family: true\n                        next_hop_self: false\n                        remove_all_private_as: false\n                        remove_private_as: false\n                        replace_private_as_with_local_as: false\n                        send_community: false\n                        send_ext_community: false\n                        ttl: 1\n                        unicast_address_family: true\n                        weight: 0\n                    interface_profiles:\n                        interfaces:\n                            autostate: false\n                            bgp_peers:\n                                admin_state: true\n                                allow_self_as: false\n                                allowed_self_as_count: 3\n                                as_override: false\n                                as_propagate: none\n                                bfd: false\n                                disable_connected_check: false\n                                disable_peer_as_check: false\n                                multicast_address_family: true\n                                next_hop_self: false\n                                remove_all_private_as: false\n                                remove_private_as: false\n                                replace_private_as_with_local_as: false\n                                send_community: false\n                                send_ext_community: false\n                                ttl: 1\n                                unicast_address_family: true\n                                weight: 0\n                            floating_svi: false\n                            ip: 0.0.0.0\n                            mac: 00:22:BD:F8:19:FF\n                            module: 1\n                            mtu: inherit\n                            pod: 1\n                            svi: false\n                        name_suffix: \"\"\n                        ospf:\n                            auth_key_id: 1\n                            auth_type: none\n                        qos_class: unspecified\n                        target_dscp: unspecified\n                    name_suffix: \"\"\n                    nodes:\n                        pod: 1\n                        router_id_as_loopback: true\n                        static_routes:\n                            bfd: false\n                            next_hops:\n                                preference: 1\n                                type: prefix\n                            preference: 1\n                nodes:\n                    interfaces:\n                        autostate: false\n                        bgp_peers:\n                            admin_state: true\n                            allow_self_as: false\n                            allowed_self_as_count: 3\n                            as_override: false\n                            as_propagate: none\n                            bfd: false\n                            disable_connected_check: false\n                            disable_peer_as_check: false\n                            multicast_address_family: true\n                            next_hop_self: false\n                            remove_all_private_as: false\n                            remove_private_as: false\n                            replace_private_as_with_local_as: false\n                            send_community: false\n                            send_ext_community: false\n                            ttl: 1\n                            unicast_address_family: true\n                            weight: 0\n                        floating_svi: false\n                        ip: 0.0.0.0\n                        mac: 00:22:BD:F8:19:FF\n                        module: 1\n                        mtu: inherit\n                        pod: 1\n                        svi: false\n                    pod: 1\n                    router_id_as_loopback: true\n                    static_routes:\n                        bfd: false\n                        next_hops:\n                            preference: 1\n                            type: prefix\n                        preference: 1\n                ospf:\n                    area_cost: 1\n                    area_type: regular\n                    auth_key_id: 1\n                    auth_type: none\n                qos_class: unspecified\n                redistribution_route_maps:\n                    source: static\n                remote_leaf: false\n                target_dscp: unspecified\n            managed: true\n            oob_contracts:\n                name_suffix: \"\"\n                scope: context\n                subjects:\n                    name_suffix: \"\"\n            oob_endpoint_groups:\n                name: default\n                name_suffix: \"\"\n            policies:\n                bfd_interface_policies:\n                    detection_multiplier: 3\n                    echo_admin_state: true\n                    echo_rx_interval: 50\n                    min_rx_interval: 50\n                    min_tx_interval: 50\n                    name_suffix: \"\"\n                    subinterface_optimization: false\n                bgp_address_family_context_policies:\n                    ebgp_distance: 20\n                    ebgp_max_ecmp: 16\n                    enable_host_route_leak: false\n                    ibgp_distance: 200\n                    ibgp_max_ecmp: 16\n                    local_distance: 220\n                    name_suffix: \"\"\n                bgp_best_path_policies:\n                    control_type: \"\"\n                    name_suffix: \"\"\n                bgp_peer_prefix_policies:\n                    action: reject\n                    max_prefixes: 20000\n                    name_suffix: \"\"\n                    restart_time: 65534\n                    threshold: 75\n                bgp_timer_policies:\n                    graceful_restart_helper: true\n                    hold_interval: 180\n                    keepalive_interval: 60\n                    maximum_as_limit: 0\n                    name_suffix: \"\"\n                    stale_interval: default\n                custom_qos:\n                    name_suffix: \"\"\n                dhcp_option_policies:\n                    name_suffix: \"\"\n                    options:\n                        name_suffix: \"\"\n                dhcp_relay_policies:\n                    name_suffix: \"\"\n                igmp_interface_policies:\n                    allow_v3_asm: false\n                    fast_leave: false\n                    grp_timeout: 260\n                    last_member_count: 2\n                    last_member_response_time: 1\n                    max_mcast_entries: unlimited\n                    name_suffix: \"\"\n                    querier_timeout: 255\n                    query_interval: 125\n                    query_response_interval: 25\n                    report_link_local_groups: false\n                    reserved_mcast_entries: undefined\n                    robustness_variable: 2\n                    startup_query_count: 2\n                    startup_query_interval: 31\n                    version: v2\n                igmp_snooping_policies:\n                    admin_state: true\n                    fast_leave: false\n                    last_member_query_interval: 1\n                    name_suffix: \"\"\n                    querier: false\n                    query_interval: 125\n                    query_response_interval: 10\n                    start_query_count: 2\n                    start_query_interval: 31\n                ip_sla_policies:\n                    frequency: 60\n                    multiplier: 3\n                    name_suffix: \"\"\n                    port: 0\n                    sla_type: icmp\n                match_rules:\n                    community_terms:\n                        factors:\n                            scope: transitive\n                        name_suffix: \"\"\n                    name_suffix: \"\"\n                    prefixes:\n                        aggregate: false\n                        from_length: 0\n                        to_length: 0\n                    regex_community_terms:\n                        name_suffix: \"\"\n                        type: regular\n                multicast_route_maps:\n                    entries:\n                        action: permit\n                        group_ip: 0.0.0.0\n                        rp_ip: 0.0.0.0\n                        source_ip: 0.0.0.0\n                    name_suffix: \"\"\n                ospf_interface_policies:\n                    advertise_subnet: false\n                    bfd: false\n                    cost: unspecified\n                    dead_interval: 40\n                    hello_interval: 10\n                    lsa_retransmit_interval: 5\n                    lsa_transmit_delay: 1\n                    mtu_ignore: false\n                    name_suffix: \"\"\n                    network_type: p2p\n                    passive_interface: false\n                    priority: 1\n                pim_policies:\n                    auth_type: none\n                    designated_router_delay: 3\n                    designated_router_priority: 1\n                    hello_interval: 30000\n                    join_prune_interval: 60\n                    mcast_dom_boundary: false\n                    name_suffix: \"\"\n                    passive: false\n                    strict_rfc: false\n                qos:\n                    dot1p_classifiers:\n                        cos_target: unspecified\n                        dscp_target: unspecified\n                        priority: level3\n                    dscp_priority_maps:\n                        cos_target: unspecified\n                        dscp_target: unspecified\n                        priority: level3\n                    name_suffix: \"\"\n                route_control_route_maps:\n                    contexts:\n                        action: permit\n                        name_suffix: \"\"\n                        order: 0\n                    name_suffix: \"\"\n                set_rules:\n                    community_mode: append\n                    dampening:\n                        half_life: 15\n                        max_suppress_time: 60\n                        reuse_limit: 750\n                        suppress_limit: 2000\n                    multipath: false\n                    name_suffix: \"\"\n                    next_hop_propagation: false\n                    set_as_path:\n                        count: 1\n                        criteria: prepend\n                        order: 0\n                span:\n                    destination_groups:\n                        dscp: unspecified\n                        enforce_version: false\n                        flow_id: 1\n                        mtu: 1518\n                        name_suffix: \"\"\n                        ttl: 64\n                        version: 2\n                    source_groups:\n                        admin_state: false\n                        name_suffix: \"\"\n                        sources:\n                            direction: both\n                trust_control_policies:\n                    arp: false\n                    dhcp_v4_server: false\n                    dhcp_v6_server: false\n                    ipv6_router: false\n                    name_suffix: \"\"\n                    nd: false\n                    ra: false\n            services:\n                device_selection_policies:\n                    consumer:\n                        external_endpoint_group:\n                            redistribute:\n                                bgp: false\n                                connected: false\n                                ospf: false\n                                static: false\n                        l3_destination: true\n                        permit_logging: false\n                    provider:\n                        external_endpoint_group:\n                            redistribute:\n                                bgp: false\n                                connected: false\n                                ospf: false\n                                static: false\n                        l3_destination: true\n                        permit_logging: false\n                l4l7_devices:\n                    concrete_devices:\n                        interfaces:\n                            module: 1\n                            name_suffix: \"\"\n                        name_suffix: \"\"\n                    context_aware: single-Context\n                    copy_device: false\n                    function: GoTo\n                    logical_interfaces:\n                        concrete_interfaces:\n                            name_suffix: \"\"\n                        name_suffix: \"\"\n                    managed: false\n                    name_suffix: \"\"\n                    promiscuous_mode: false\n                    service_type: FW\n                    trunking: false\n                    type: PHYSICAL\n                redirect_backup_policies:\n                    l3_destinations:\n                        ip_2: 0.0.0.0\n                    name_suffix: \"\"\n                redirect_health_groups:\n                    name_suffix: \"\"\n                redirect_policies:\n                    anycast: false\n                    hashing: sip-dip-prototype\n                    l3_destinations:\n                        pod: 1\n                    max_threshold: 0\n                    min_threshold: 0\n                    name_suffix: \"\"\n                    pod_aware: false\n                    resilient_hashing: false\n                    threshold: false\n                    threshold_down_action: permit\n                    type: L3\n                service_epg_policies:\n                    name_suffix: \"\"\n                    preferred_group: false\n                service_graph_templates:\n                    name_suffix: \"\"\n                    redirect: false\n                    share_encapsulation: false\n                    template_type: FW_ROUTED\n            vrfs:\n                data_plane_learning: true\n                enforcement_direction: ingress\n                enforcement_preference: enforced\n                leaked_internal_prefixes:\n                    public: false\n                name_suffix: \"\"\n                pim:\n                    asm_sg_expiry: default-timeout\n                    asm_traffic_registry_max_rate: 65535\n                    asm_traffic_registry_source_ip: 0.0.0.0\n                    auto_rp_forward_updates: false\n                    auto_rp_listen_updates: false\n                    bsr_forward_updates: false\n                    bsr_listen_updates: false\n                    fast_convergence: false\n                    max_multicast_entries: unlimited\n                    mtu: 1500\n                    reserved_multicast_entries: undefined\n                    strict_rfc: false\n                preferred_group: false\n        version: 5.2.1g\n"
          },
          "sensitive_attributes": []
        }
      ]
    },
    {
      "module": "module.aci",
      "mode": "data",
      "type": "utils_yaml_merge",
      "name": "model",
      "provider": "provider[\"registry.terraform.io/netascode/utils\"]",
      "instances": [
        {
          "schema_version": 0,
          "attributes": {
            "id": "c143bf945083ad58434608d0feb2d5e58cd28d59",
            "input": [
              "# Need to add the established filter\n\n# Need to add syslog server\n\n# Need to look at match rules for interface subnets ref NDI\n---\napic:\n  tenants:\n    - name: common\n      managed: true\n\n# Policies\n      policies:\n        dhcp_relay_policies:\n          - name: dhcp.uktme.cisco.com\n            description: \"dhcp.uktme.cisco.com\"\n            providers:\n              - ip: 10.237.97.133\n                type: external_epg\n                tenant: shared-services\n                l3out: shared-services.vrf-01-ospf-area-0.0.0.1\n                external_endpoint_group: all-external-subnets\n\n# Filters\n      filters:\n        # - name: permit-establised\n        #   entries:\n        #     - name: permit-establised\n        #       ethertype: ipv4\n        #       protocol: tcp\n\n        - name: 'icmp'\n          entries:\n            - name: 'icmp'\n              protocol: icmp\n\n        - name: 'src-any-dst-any'\n          entries:\n            - name: 'src-any-dst-any'\n              ethertype: unspecified\n\n# Contracts\n      imported_contracts:\n        - name: permit-to-core-services\n          tenant: shared-services\n          contract: permit-to-core-services\n\n        - name: permit-from-core-services\n          tenant: shared-services\n          contract: permit-from-core-services\n\n        - name: permit-from-lab-desktops\n          tenant: shared-services\n          contract: permit-from-lab-desktops\n\n        - name: permit-to-shared-services.vrf-01-all-external-subnets\n          tenant: shared-services\n          contract: permit-to-shared-services.vrf-01-all-external-subnets\n\n# VRFs\n      vrfs:\n        - name: common.vrf-01\n          # leaked_internal_prefixes:\n          #   - prefix: 10.237.100.0/24\n          #     public: true\n          #     destinations:\n          #       - tenant: shared-services\n          #         vrf: vrf-01\n          #         description: Leaked to shared-services:vrf-01 and advertised externally\n                \n          #       - tenant: isovalent\n          #         vrf: vrf-01\n          #         description: Leaked to isovalent:vrf-01\n\n          # contracts:\n          #   imported_consumers:\n          #     - permit-from-core-services\n          #     - permit-to-core-services\n          #     - permit-from-lab-desktops\n          #     - permit-to-shared-services.vrf-01-all-external-subnets\n\n# Bridge Domains\n      bridge_domains:\n        - name: vlan-3001\n          description: \"64.103.44.48/28 - gateway on Production fabric\"\n          vrf: common.vrf-01\n          unicast_routing: false\n          arp_flooding: true\n          multi_destination_flooding: bd-flood\n          unknown_unicast: flood\n          unknown_ipv4_multicast: flood\n          unknown_ipv6_multicast: flood\n          limit_ip_learn_to_subnets: true\n\n        - name: vlan-3002\n          description: \"64.103.44.44/27 - gateway on Production fabric\"\n          vrf: common.vrf-01\n          unicast_routing: false\n          arp_flooding: true\n          multi_destination_flooding: bd-flood\n          unknown_unicast: flood\n          unknown_ipv4_multicast: flood\n          unknown_ipv6_multicast: flood\n          limit_ip_learn_to_subnets: true\n\n        - name: vlan-3003\n          vrf: common.vrf-01\n          unicast_routing: false\n          description: \"64.103.44.96/28 - gateway on Production fabric\"\n          arp_flooding: true\n          multi_destination_flooding: bd-flood\n          unknown_unicast: flood\n          unknown_ipv4_multicast: flood\n          unknown_ipv6_multicast: flood\n          limit_ip_learn_to_subnets: true\n\n        - name: vlan-3004\n          vrf: common.vrf-01\n          unicast_routing: false\n          description: \"64.103.45.0/27 - gateway on Production fabric\"\n          arp_flooding: true\n          multi_destination_flooding: bd-flood\n          unknown_unicast: flood\n          unknown_ipv4_multicast: flood\n          unknown_ipv6_multicast: flood\n          limit_ip_learn_to_subnets: true\n\n        - name: vlan-992\n          description: \"ESX management with gateway on Production fabric\"\n          vrf: common.vrf-01\n          unicast_routing: false\n          arp_flooding: true\n          multi_destination_flooding: bd-flood\n          unknown_unicast: flood\n          unknown_ipv4_multicast: flood\n          unknown_ipv6_multicast: flood\n          limit_ip_learn_to_subnets: true\n\n# Application Profiles\n      # application_profiles:\n      #   - name: network-segments\n      #     managed: true\n      #     endpoint_groups:\n      #       - name: 10.237.100.0_24\n      #         bridge_domain: 10.237.100.0_24\n      #         vmware_vmm_domains:\n      #           - name: hx-dev-01-vds-01\n      #             deployment_immediacy: immediate\n      #             resolution_immediacy: immediate"
            ],
            "merge_list_items": true,
            "output": "apic:\n    tenants:\n        - bridge_domains:\n            - arp_flooding: true\n              description: 64.103.44.48/28 - gateway on Production fabric\n              limit_ip_learn_to_subnets: true\n              multi_destination_flooding: bd-flood\n              name: vlan-3001\n              unicast_routing: false\n              unknown_ipv4_multicast: flood\n              unknown_ipv6_multicast: flood\n              unknown_unicast: flood\n              vrf: common.vrf-01\n            - arp_flooding: true\n              description: 64.103.44.44/27 - gateway on Production fabric\n              limit_ip_learn_to_subnets: true\n              multi_destination_flooding: bd-flood\n              name: vlan-3002\n              unicast_routing: false\n              unknown_ipv4_multicast: flood\n              unknown_ipv6_multicast: flood\n              unknown_unicast: flood\n              vrf: common.vrf-01\n            - arp_flooding: true\n              description: 64.103.44.96/28 - gateway on Production fabric\n              limit_ip_learn_to_subnets: true\n              multi_destination_flooding: bd-flood\n              name: vlan-3003\n              unicast_routing: false\n              unknown_ipv4_multicast: flood\n              unknown_ipv6_multicast: flood\n              unknown_unicast: flood\n              vrf: common.vrf-01\n            - arp_flooding: true\n              description: 64.103.45.0/27 - gateway on Production fabric\n              limit_ip_learn_to_subnets: true\n              multi_destination_flooding: bd-flood\n              name: vlan-3004\n              unicast_routing: false\n              unknown_ipv4_multicast: flood\n              unknown_ipv6_multicast: flood\n              unknown_unicast: flood\n              vrf: common.vrf-01\n            - arp_flooding: true\n              description: ESX management with gateway on Production fabric\n              limit_ip_learn_to_subnets: true\n              multi_destination_flooding: bd-flood\n              name: vlan-992\n              unicast_routing: false\n              unknown_ipv4_multicast: flood\n              unknown_ipv6_multicast: flood\n              unknown_unicast: flood\n              vrf: common.vrf-01\n          filters:\n            - entries:\n                - name: icmp\n                  protocol: icmp\n              name: icmp\n            - entries:\n                - ethertype: unspecified\n                  name: src-any-dst-any\n              name: src-any-dst-any\n          imported_contracts:\n            - contract: permit-to-core-services\n              name: permit-to-core-services\n              tenant: shared-services\n            - contract: permit-from-core-services\n              name: permit-from-core-services\n              tenant: shared-services\n            - contract: permit-from-lab-desktops\n              name: permit-from-lab-desktops\n              tenant: shared-services\n            - contract: permit-to-shared-services.vrf-01-all-external-subnets\n              name: permit-to-shared-services.vrf-01-all-external-subnets\n              tenant: shared-services\n          managed: true\n          name: common\n          policies:\n            dhcp_relay_policies:\n                - description: dhcp.uktme.cisco.com\n                  name: dhcp.uktme.cisco.com\n                  providers:\n                    - external_endpoint_group: all-external-subnets\n                      ip: 10.237.97.133\n                      l3out: shared-services.vrf-01-ospf-area-0.0.0.1\n                      tenant: shared-services\n                      type: external_epg\n          vrfs:\n            - name: common.vrf-01\n"
          },
          "sensitive_attributes": []
        }
      ]
    },
    {
      "module": "module.aci.module.aci_bridge_domain[\"common/vlan-3001\"]",
      "mode": "managed",
      "type": "aci_rest_managed",
      "name": "fvBD",
      "provider": "provider[\"registry.terraform.io/ciscodevnet/aci\"]",
      "instances": [
        {
          "schema_version": 0,
          "attributes": {
            "annotation": "orchestrator:terraform",
            "child": [],
            "class_name": "fvBD",
            "content": {
              "arpFlood": "yes",
              "descr": "64.103.44.48/28 - gateway on Production fabric",
              "epMoveDetectMode": "",
              "hostBasedRouting": "no",
              "ipLearning": "yes",
              "limitIpLearnToSubnets": "yes",
              "mac": "00:22:BD:F8:19:FF",
              "mcastAllow": "no",
              "multiDstPktAct": "bd-flood",
              "name": "vlan-3001",
              "nameAlias": "",
              "type": "regular",
              "unicastRoute": "no",
              "unkMacUcastAct": "flood",
              "unkMcastAct": "flood",
              "v6unkMcastAct": "flood",
              "vmac": ""
            },
            "dn": "uni/tn-common/BD-vlan-3001",
            "escape_html": true,
            "id": "uni/tn-common/BD-vlan-3001"
          },
          "sensitive_attributes": [],
          "dependencies": [
            "module.aci.data.utils_yaml_merge.defaults",
            "module.aci.data.utils_yaml_merge.model",
            "module.aci.module.aci_bfd_interface_policy.aci_rest_managed.bfdIfPol",
            "module.aci.module.aci_bgp_timer_policy.aci_rest_managed.bgpCtxPol",
            "module.aci.module.aci_contract.aci_rest_managed.vzBrCP",
            "module.aci.module.aci_contract.aci_rest_managed.vzRsSubjFiltAtt",
            "module.aci.module.aci_contract.aci_rest_managed.vzRsSubjGraphAtt",
            "module.aci.module.aci_contract.aci_rest_managed.vzSubj",
            "module.aci.module.aci_dhcp_option_policy.aci_rest_managed.dhcpOption",
            "module.aci.module.aci_dhcp_option_policy.aci_rest_managed.dhcpOptionPol",
            "module.aci.module.aci_dhcp_relay_policy.aci_rest_managed.dhcpRelayP",
            "module.aci.module.aci_dhcp_relay_policy.aci_rest_managed.dhcpRsProv",
            "module.aci.module.aci_filter.aci_rest_managed.vzEntry",
            "module.aci.module.aci_filter.aci_rest_managed.vzFilter",
            "module.aci.module.aci_imported_contract.aci_rest_managed.vzCPIf",
            "module.aci.module.aci_imported_contract.aci_rest_managed.vzRsIf",
            "module.aci.module.aci_l3out.aci_rest_managed.bgpExtP",
            "module.aci.module.aci_l3out.aci_rest_managed.l3extDefaultRouteLeakP",
            "module.aci.module.aci_l3out.aci_rest_managed.l3extOut",
            "module.aci.module.aci_l3out.aci_rest_managed.l3extRsDampeningPol_ipv4",
            "module.aci.module.aci_l3out.aci_rest_managed.l3extRsDampeningPol_ipv6",
            "module.aci.module.aci_l3out.aci_rest_managed.l3extRsEctx",
            "module.aci.module.aci_l3out.aci_rest_managed.l3extRsInterleakPol",
            "module.aci.module.aci_l3out.aci_rest_managed.l3extRsL3DomAtt",
            "module.aci.module.aci_l3out.aci_rest_managed.l3extRsRedistributePol",
            "module.aci.module.aci_l3out.aci_rest_managed.ospfExtP",
            "module.aci.module.aci_l3out.aci_rest_managed.pimExtP",
            "module.aci.module.aci_l3out.aci_rest_managed.rtctrlCtxP_export",
            "module.aci.module.aci_l3out.aci_rest_managed.rtctrlCtxP_import",
            "module.aci.module.aci_l3out.aci_rest_managed.rtctrlProfile_export",
            "module.aci.module.aci_l3out.aci_rest_managed.rtctrlProfile_import",
            "module.aci.module.aci_l3out.aci_rest_managed.rtctrlRsCtxPToSubjP_export",
            "module.aci.module.aci_l3out.aci_rest_managed.rtctrlRsCtxPToSubjP_import",
            "module.aci.module.aci_l3out.aci_rest_managed.rtctrlRsScopeToAttrP_export",
            "module.aci.module.aci_l3out.aci_rest_managed.rtctrlRsScopeToAttrP_import",
            "module.aci.module.aci_l3out.aci_rest_managed.rtctrlScope_export",
            "module.aci.module.aci_l3out.aci_rest_managed.rtctrlScope_import",
            "module.aci.module.aci_match_rule.aci_rest_managed.rtctrlMatchCommFactor",
            "module.aci.module.aci_match_rule.aci_rest_managed.rtctrlMatchCommRegexTerm",
            "module.aci.module.aci_match_rule.aci_rest_managed.rtctrlMatchCommTerm",
            "module.aci.module.aci_match_rule.aci_rest_managed.rtctrlMatchRtDest",
            "module.aci.module.aci_match_rule.aci_rest_managed.rtctrlSubjP",
            "module.aci.module.aci_ospf_interface_policy.aci_rest_managed.ospfIfPol",
            "module.aci.module.aci_set_rule.aci_rest_managed.rtctrlAttrP",
            "module.aci.module.aci_set_rule.aci_rest_managed.rtctrlSetASPath",
            "module.aci.module.aci_set_rule.aci_rest_managed.rtctrlSetASPathASN",
            "module.aci.module.aci_set_rule.aci_rest_managed.rtctrlSetAddComm",
            "module.aci.module.aci_set_rule.aci_rest_managed.rtctrlSetComm",
            "module.aci.module.aci_set_rule.aci_rest_managed.rtctrlSetDamp",
            "module.aci.module.aci_set_rule.aci_rest_managed.rtctrlSetNh",
            "module.aci.module.aci_set_rule.aci_rest_managed.rtctrlSetNhUnchanged",
            "module.aci.module.aci_set_rule.aci_rest_managed.rtctrlSetPref",
            "module.aci.module.aci_set_rule.aci_rest_managed.rtctrlSetRedistMultipath",
            "module.aci.module.aci_set_rule.aci_rest_managed.rtctrlSetRtMetric",
            "module.aci.module.aci_set_rule.aci_rest_managed.rtctrlSetRtMetricType",
            "module.aci.module.aci_set_rule.aci_rest_managed.rtctrlSetTag",
            "module.aci.module.aci_set_rule.aci_rest_managed.rtctrlSetWeight",
            "module.aci.module.aci_tenant.aci_rest_managed.fvTenant",
            "module.aci.module.aci_vrf.aci_rest_managed.bgpRtTargetP_ipv4",
            "module.aci.module.aci_vrf.aci_rest_managed.bgpRtTargetP_ipv6",
            "module.aci.module.aci_vrf.aci_rest_managed.bgpRtTarget_ipv4_export",
            "module.aci.module.aci_vrf.aci_rest_managed.bgpRtTarget_ipv4_import",
            "module.aci.module.aci_vrf.aci_rest_managed.bgpRtTarget_ipv6_export",
            "module.aci.module.aci_vrf.aci_rest_managed.bgpRtTarget_ipv6_import",
            "module.aci.module.aci_vrf.aci_rest_managed.dnsLbl",
            "module.aci.module.aci_vrf.aci_rest_managed.fvCtx",
            "module.aci.module.aci_vrf.aci_rest_managed.fvRsBgpCtxPol",
            "module.aci.module.aci_vrf.aci_rest_managed.fvRsCtxToBgpCtxAfPol_ipv4",
            "module.aci.module.aci_vrf.aci_rest_managed.fvRsCtxToBgpCtxAfPol_ipv6",
            "module.aci.module.aci_vrf.aci_rest_managed.igmpCtxP",
            "module.aci.module.aci_vrf.aci_rest_managed.igmpSSMXlateP",
            "module.aci.module.aci_vrf.aci_rest_managed.leakExternalPrefix",
            "module.aci.module.aci_vrf.aci_rest_managed.leakInternalSubnet",
            "module.aci.module.aci_vrf.aci_rest_managed.leakRoutes",
            "module.aci.module.aci_vrf.aci_rest_managed.leakTo_external",
            "module.aci.module.aci_vrf.aci_rest_managed.leakTo_internal",
            "module.aci.module.aci_vrf.aci_rest_managed.pimASMPatPol",
            "module.aci.module.aci_vrf.aci_rest_managed.pimAutoRPPol",
            "module.aci.module.aci_vrf.aci_rest_managed.pimBSRFilterPol",
            "module.aci.module.aci_vrf.aci_rest_managed.pimBSRPPol",
            "module.aci.module.aci_vrf.aci_rest_managed.pimCtxP",
            "module.aci.module.aci_vrf.aci_rest_managed.pimFabricRPPol",
            "module.aci.module.aci_vrf.aci_rest_managed.pimInterVRFEntryPol",
            "module.aci.module.aci_vrf.aci_rest_managed.pimInterVRFPol",
            "module.aci.module.aci_vrf.aci_rest_managed.pimMAFilterPol",
            "module.aci.module.aci_vrf.aci_rest_managed.pimRPGrpRangePol_fabric_rp",
            "module.aci.module.aci_vrf.aci_rest_managed.pimRPGrpRangePol_static_rp",
            "module.aci.module.aci_vrf.aci_rest_managed.pimRegTrPol",
            "module.aci.module.aci_vrf.aci_rest_managed.pimResPol",
            "module.aci.module.aci_vrf.aci_rest_managed.pimSGRangeExpPol",
            "module.aci.module.aci_vrf.aci_rest_managed.pimSSMPatPol",
            "module.aci.module.aci_vrf.aci_rest_managed.pimSSMRangePol",
            "module.aci.module.aci_vrf.aci_rest_managed.pimSharedRangePol",
            "module.aci.module.aci_vrf.aci_rest_managed.pimStaticRPEntryPol_fabric_rp",
            "module.aci.module.aci_vrf.aci_rest_managed.pimStaticRPEntryPol_static_rp",
            "module.aci.module.aci_vrf.aci_rest_managed.pimStaticRPPol",
            "module.aci.module.aci_vrf.aci_rest_managed.rtdmcRsFilterToRtMapPol_asm_sg_expiry",
            "module.aci.module.aci_vrf.aci_rest_managed.rtdmcRsFilterToRtMapPol_asm_shared",
            "module.aci.module.aci_vrf.aci_rest_managed.rtdmcRsFilterToRtMapPol_auto_rp",
            "module.aci.module.aci_vrf.aci_rest_managed.rtdmcRsFilterToRtMapPol_bsr",
            "module.aci.module.aci_vrf.aci_rest_managed.rtdmcRsFilterToRtMapPol_fabric_rp",
            "module.aci.module.aci_vrf.aci_rest_managed.rtdmcRsFilterToRtMapPol_pim_inter_vrf",
            "module.aci.module.aci_vrf.aci_rest_managed.rtdmcRsFilterToRtMapPol_ssm_range",
            "module.aci.module.aci_vrf.aci_rest_managed.rtdmcRsFilterToRtMapPol_static_rp",
            "module.aci.module.aci_vrf.aci_rest_managed.vzAny",
            "module.aci.module.aci_vrf.aci_rest_managed.vzRsAnyToCons",
            "module.aci.module.aci_vrf.aci_rest_managed.vzRsAnyToConsIf",
            "module.aci.module.aci_vrf.aci_rest_managed.vzRsAnyToProv"
          ]
        }
      ]
    },
    {
      "module": "module.aci.module.aci_bridge_domain[\"common/vlan-3001\"]",
      "mode": "managed",
      "type": "aci_rest_managed",
      "name": "fvRsCtx",
      "provider": "provider[\"registry.terraform.io/ciscodevnet/aci\"]",
      "instances": [
        {
          "schema_version": 0,
          "attributes": {
            "annotation": "orchestrator:terraform",
            "child": [],
            "class_name": "fvRsCtx",
            "content": {
              "tnFvCtxName": "common.vrf-01"
            },
            "dn": "uni/tn-common/BD-vlan-3001/rsctx",
            "escape_html": true,
            "id": "uni/tn-common/BD-vlan-3001/rsctx"
          },
          "sensitive_attributes": [],
          "dependencies": [
            "module.aci.data.utils_yaml_merge.defaults",
            "module.aci.data.utils_yaml_merge.model",
            "module.aci.module.aci_bfd_interface_policy.aci_rest_managed.bfdIfPol",
            "module.aci.module.aci_bgp_timer_policy.aci_rest_managed.bgpCtxPol",
            "module.aci.module.aci_bridge_domain.aci_rest_managed.fvBD",
            "module.aci.module.aci_contract.aci_rest_managed.vzBrCP",
            "module.aci.module.aci_contract.aci_rest_managed.vzRsSubjFiltAtt",
            "module.aci.module.aci_contract.aci_rest_managed.vzRsSubjGraphAtt",
            "module.aci.module.aci_contract.aci_rest_managed.vzSubj",
            "module.aci.module.aci_dhcp_option_policy.aci_rest_managed.dhcpOption",
            "module.aci.module.aci_dhcp_option_policy.aci_rest_managed.dhcpOptionPol",
            "module.aci.module.aci_dhcp_relay_policy.aci_rest_managed.dhcpRelayP",
            "module.aci.module.aci_dhcp_relay_policy.aci_rest_managed.dhcpRsProv",
            "module.aci.module.aci_filter.aci_rest_managed.vzEntry",
            "module.aci.module.aci_filter.aci_rest_managed.vzFilter",
            "module.aci.module.aci_imported_contract.aci_rest_managed.vzCPIf",
            "module.aci.module.aci_imported_contract.aci_rest_managed.vzRsIf",
            "module.aci.module.aci_l3out.aci_rest_managed.bgpExtP",
            "module.aci.module.aci_l3out.aci_rest_managed.l3extDefaultRouteLeakP",
            "module.aci.module.aci_l3out.aci_rest_managed.l3extOut",
            "module.aci.module.aci_l3out.aci_rest_managed.l3extRsDampeningPol_ipv4",
            "module.aci.module.aci_l3out.aci_rest_managed.l3extRsDampeningPol_ipv6",
            "module.aci.module.aci_l3out.aci_rest_managed.l3extRsEctx",
            "module.aci.module.aci_l3out.aci_rest_managed.l3extRsInterleakPol",
            "module.aci.module.aci_l3out.aci_rest_managed.l3extRsL3DomAtt",
            "module.aci.module.aci_l3out.aci_rest_managed.l3extRsRedistributePol",
            "module.aci.module.aci_l3out.aci_rest_managed.ospfExtP",
            "module.aci.module.aci_l3out.aci_rest_managed.pimExtP",
            "module.aci.module.aci_l3out.aci_rest_managed.rtctrlCtxP_export",
            "module.aci.module.aci_l3out.aci_rest_managed.rtctrlCtxP_import",
            "module.aci.module.aci_l3out.aci_rest_managed.rtctrlProfile_export",
            "module.aci.module.aci_l3out.aci_rest_managed.rtctrlProfile_import",
            "module.aci.module.aci_l3out.aci_rest_managed.rtctrlRsCtxPToSubjP_export",
            "module.aci.module.aci_l3out.aci_rest_managed.rtctrlRsCtxPToSubjP_import",
            "module.aci.module.aci_l3out.aci_rest_managed.rtctrlRsScopeToAttrP_export",
            "module.aci.module.aci_l3out.aci_rest_managed.rtctrlRsScopeToAttrP_import",
            "module.aci.module.aci_l3out.aci_rest_managed.rtctrlScope_export",
            "module.aci.module.aci_l3out.aci_rest_managed.rtctrlScope_import",
            "module.aci.module.aci_match_rule.aci_rest_managed.rtctrlMatchCommFactor",
            "module.aci.module.aci_match_rule.aci_rest_managed.rtctrlMatchCommRegexTerm",
            "module.aci.module.aci_match_rule.aci_rest_managed.rtctrlMatchCommTerm",
            "module.aci.module.aci_match_rule.aci_rest_managed.rtctrlMatchRtDest",
            "module.aci.module.aci_match_rule.aci_rest_managed.rtctrlSubjP",
            "module.aci.module.aci_ospf_interface_policy.aci_rest_managed.ospfIfPol",
            "module.aci.module.aci_set_rule.aci_rest_managed.rtctrlAttrP",
            "module.aci.module.aci_set_rule.aci_rest_managed.rtctrlSetASPath",
            "module.aci.module.aci_set_rule.aci_rest_managed.rtctrlSetASPathASN",
            "module.aci.module.aci_set_rule.aci_rest_managed.rtctrlSetAddComm",
            "module.aci.module.aci_set_rule.aci_rest_managed.rtctrlSetComm",
            "module.aci.module.aci_set_rule.aci_rest_managed.rtctrlSetDamp",
            "module.aci.module.aci_set_rule.aci_rest_managed.rtctrlSetNh",
            "module.aci.module.aci_set_rule.aci_rest_managed.rtctrlSetNhUnchanged",
            "module.aci.module.aci_set_rule.aci_rest_managed.rtctrlSetPref",
            "module.aci.module.aci_set_rule.aci_rest_managed.rtctrlSetRedistMultipath",
            "module.aci.module.aci_set_rule.aci_rest_managed.rtctrlSetRtMetric",
            "module.aci.module.aci_set_rule.aci_rest_managed.rtctrlSetRtMetricType",
            "module.aci.module.aci_set_rule.aci_rest_managed.rtctrlSetTag",
            "module.aci.module.aci_set_rule.aci_rest_managed.rtctrlSetWeight",
            "module.aci.module.aci_tenant.aci_rest_managed.fvTenant",
            "module.aci.module.aci_vrf.aci_rest_managed.bgpRtTargetP_ipv4",
            "module.aci.module.aci_vrf.aci_rest_managed.bgpRtTargetP_ipv6",
            "module.aci.module.aci_vrf.aci_rest_managed.bgpRtTarget_ipv4_export",
            "module.aci.module.aci_vrf.aci_rest_managed.bgpRtTarget_ipv4_import",
            "module.aci.module.aci_vrf.aci_rest_managed.bgpRtTarget_ipv6_export",
            "module.aci.module.aci_vrf.aci_rest_managed.bgpRtTarget_ipv6_import",
            "module.aci.module.aci_vrf.aci_rest_managed.dnsLbl",
            "module.aci.module.aci_vrf.aci_rest_managed.fvCtx",
            "module.aci.module.aci_vrf.aci_rest_managed.fvRsBgpCtxPol",
            "module.aci.module.aci_vrf.aci_rest_managed.fvRsCtxToBgpCtxAfPol_ipv4",
            "module.aci.module.aci_vrf.aci_rest_managed.fvRsCtxToBgpCtxAfPol_ipv6",
            "module.aci.module.aci_vrf.aci_rest_managed.igmpCtxP",
            "module.aci.module.aci_vrf.aci_rest_managed.igmpSSMXlateP",
            "module.aci.module.aci_vrf.aci_rest_managed.leakExternalPrefix",
            "module.aci.module.aci_vrf.aci_rest_managed.leakInternalSubnet",
            "module.aci.module.aci_vrf.aci_rest_managed.leakRoutes",
            "module.aci.module.aci_vrf.aci_rest_managed.leakTo_external",
            "module.aci.module.aci_vrf.aci_rest_managed.leakTo_internal",
            "module.aci.module.aci_vrf.aci_rest_managed.pimASMPatPol",
            "module.aci.module.aci_vrf.aci_rest_managed.pimAutoRPPol",
            "module.aci.module.aci_vrf.aci_rest_managed.pimBSRFilterPol",
            "module.aci.module.aci_vrf.aci_rest_managed.pimBSRPPol",
            "module.aci.module.aci_vrf.aci_rest_managed.pimCtxP",
            "module.aci.module.aci_vrf.aci_rest_managed.pimFabricRPPol",
            "module.aci.module.aci_vrf.aci_rest_managed.pimInterVRFEntryPol",
            "module.aci.module.aci_vrf.aci_rest_managed.pimInterVRFPol",
            "module.aci.module.aci_vrf.aci_rest_managed.pimMAFilterPol",
            "module.aci.module.aci_vrf.aci_rest_managed.pimRPGrpRangePol_fabric_rp",
            "module.aci.module.aci_vrf.aci_rest_managed.pimRPGrpRangePol_static_rp",
            "module.aci.module.aci_vrf.aci_rest_managed.pimRegTrPol",
            "module.aci.module.aci_vrf.aci_rest_managed.pimResPol",
            "module.aci.module.aci_vrf.aci_rest_managed.pimSGRangeExpPol",
            "module.aci.module.aci_vrf.aci_rest_managed.pimSSMPatPol",
            "module.aci.module.aci_vrf.aci_rest_managed.pimSSMRangePol",
            "module.aci.module.aci_vrf.aci_rest_managed.pimSharedRangePol",
            "module.aci.module.aci_vrf.aci_rest_managed.pimStaticRPEntryPol_fabric_rp",
            "module.aci.module.aci_vrf.aci_rest_managed.pimStaticRPEntryPol_static_rp",
            "module.aci.module.aci_vrf.aci_rest_managed.pimStaticRPPol",
            "module.aci.module.aci_vrf.aci_rest_managed.rtdmcRsFilterToRtMapPol_asm_sg_expiry",
            "module.aci.module.aci_vrf.aci_rest_managed.rtdmcRsFilterToRtMapPol_asm_shared",
            "module.aci.module.aci_vrf.aci_rest_managed.rtdmcRsFilterToRtMapPol_auto_rp",
            "module.aci.module.aci_vrf.aci_rest_managed.rtdmcRsFilterToRtMapPol_bsr",
            "module.aci.module.aci_vrf.aci_rest_managed.rtdmcRsFilterToRtMapPol_fabric_rp",
            "module.aci.module.aci_vrf.aci_rest_managed.rtdmcRsFilterToRtMapPol_pim_inter_vrf",
            "module.aci.module.aci_vrf.aci_rest_managed.rtdmcRsFilterToRtMapPol_ssm_range",
            "module.aci.module.aci_vrf.aci_rest_managed.rtdmcRsFilterToRtMapPol_static_rp",
            "module.aci.module.aci_vrf.aci_rest_managed.vzAny",
            "module.aci.module.aci_vrf.aci_rest_managed.vzRsAnyToCons",
            "module.aci.module.aci_vrf.aci_rest_managed.vzRsAnyToConsIf",
            "module.aci.module.aci_vrf.aci_rest_managed.vzRsAnyToProv"
          ]
        }
      ]
    },
    {
      "module": "module.aci.module.aci_bridge_domain[\"common/vlan-3002\"]",
      "mode": "managed",
      "type": "aci_rest_managed",
      "name": "fvBD",
      "provider": "provider[\"registry.terraform.io/ciscodevnet/aci\"]",
      "instances": [
        {
          "schema_version": 0,
          "attributes": {
            "annotation": "orchestrator:terraform",
            "child": [],
            "class_name": "fvBD",
            "content": {
              "arpFlood": "yes",
              "descr": "64.103.44.44/27 - gateway on Production fabric",
              "epMoveDetectMode": "",
              "hostBasedRouting": "no",
              "ipLearning": "yes",
              "limitIpLearnToSubnets": "yes",
              "mac": "00:22:BD:F8:19:FF",
              "mcastAllow": "no",
              "multiDstPktAct": "bd-flood",
              "name": "vlan-3002",
              "nameAlias": "",
              "type": "regular",
              "unicastRoute": "no",
              "unkMacUcastAct": "flood",
              "unkMcastAct": "flood",
              "v6unkMcastAct": "flood",
              "vmac": ""
            },
            "dn": "uni/tn-common/BD-vlan-3002",
            "escape_html": true,
            "id": "uni/tn-common/BD-vlan-3002"
          },
          "sensitive_attributes": [],
          "dependencies": [
            "module.aci.data.utils_yaml_merge.defaults",
            "module.aci.data.utils_yaml_merge.model",
            "module.aci.module.aci_bfd_interface_policy.aci_rest_managed.bfdIfPol",
            "module.aci.module.aci_bgp_timer_policy.aci_rest_managed.bgpCtxPol",
            "module.aci.module.aci_contract.aci_rest_managed.vzBrCP",
            "module.aci.module.aci_contract.aci_rest_managed.vzRsSubjFiltAtt",
            "module.aci.module.aci_contract.aci_rest_managed.vzRsSubjGraphAtt",
            "module.aci.module.aci_contract.aci_rest_managed.vzSubj",
            "module.aci.module.aci_dhcp_option_policy.aci_rest_managed.dhcpOption",
            "module.aci.module.aci_dhcp_option_policy.aci_rest_managed.dhcpOptionPol",
            "module.aci.module.aci_dhcp_relay_policy.aci_rest_managed.dhcpRelayP",
            "module.aci.module.aci_dhcp_relay_policy.aci_rest_managed.dhcpRsProv",
            "module.aci.module.aci_filter.aci_rest_managed.vzEntry",
            "module.aci.module.aci_filter.aci_rest_managed.vzFilter",
            "module.aci.module.aci_imported_contract.aci_rest_managed.vzCPIf",
            "module.aci.module.aci_imported_contract.aci_rest_managed.vzRsIf",
            "module.aci.module.aci_l3out.aci_rest_managed.bgpExtP",
            "module.aci.module.aci_l3out.aci_rest_managed.l3extDefaultRouteLeakP",
            "module.aci.module.aci_l3out.aci_rest_managed.l3extOut",
            "module.aci.module.aci_l3out.aci_rest_managed.l3extRsDampeningPol_ipv4",
            "module.aci.module.aci_l3out.aci_rest_managed.l3extRsDampeningPol_ipv6",
            "module.aci.module.aci_l3out.aci_rest_managed.l3extRsEctx",
            "module.aci.module.aci_l3out.aci_rest_managed.l3extRsInterleakPol",
            "module.aci.module.aci_l3out.aci_rest_managed.l3extRsL3DomAtt",
            "module.aci.module.aci_l3out.aci_rest_managed.l3extRsRedistributePol",
            "module.aci.module.aci_l3out.aci_rest_managed.ospfExtP",
            "module.aci.module.aci_l3out.aci_rest_managed.pimExtP",
            "module.aci.module.aci_l3out.aci_rest_managed.rtctrlCtxP_export",
            "module.aci.module.aci_l3out.aci_rest_managed.rtctrlCtxP_import",
            "module.aci.module.aci_l3out.aci_rest_managed.rtctrlProfile_export",
            "module.aci.module.aci_l3out.aci_rest_managed.rtctrlProfile_import",
            "module.aci.module.aci_l3out.aci_rest_managed.rtctrlRsCtxPToSubjP_export",
            "module.aci.module.aci_l3out.aci_rest_managed.rtctrlRsCtxPToSubjP_import",
            "module.aci.module.aci_l3out.aci_rest_managed.rtctrlRsScopeToAttrP_export",
            "module.aci.module.aci_l3out.aci_rest_managed.rtctrlRsScopeToAttrP_import",
            "module.aci.module.aci_l3out.aci_rest_managed.rtctrlScope_export",
            "module.aci.module.aci_l3out.aci_rest_managed.rtctrlScope_import",
            "module.aci.module.aci_match_rule.aci_rest_managed.rtctrlMatchCommFactor",
            "module.aci.module.aci_match_rule.aci_rest_managed.rtctrlMatchCommRegexTerm",
            "module.aci.module.aci_match_rule.aci_rest_managed.rtctrlMatchCommTerm",
            "module.aci.module.aci_match_rule.aci_rest_managed.rtctrlMatchRtDest",
            "module.aci.module.aci_match_rule.aci_rest_managed.rtctrlSubjP",
            "module.aci.module.aci_ospf_interface_policy.aci_rest_managed.ospfIfPol",
            "module.aci.module.aci_set_rule.aci_rest_managed.rtctrlAttrP",
            "module.aci.module.aci_set_rule.aci_rest_managed.rtctrlSetASPath",
            "module.aci.module.aci_set_rule.aci_rest_managed.rtctrlSetASPathASN",
            "module.aci.module.aci_set_rule.aci_rest_managed.rtctrlSetAddComm",
            "module.aci.module.aci_set_rule.aci_rest_managed.rtctrlSetComm",
            "module.aci.module.aci_set_rule.aci_rest_managed.rtctrlSetDamp",
            "module.aci.module.aci_set_rule.aci_rest_managed.rtctrlSetNh",
            "module.aci.module.aci_set_rule.aci_rest_managed.rtctrlSetNhUnchanged",
            "module.aci.module.aci_set_rule.aci_rest_managed.rtctrlSetPref",
            "module.aci.module.aci_set_rule.aci_rest_managed.rtctrlSetRedistMultipath",
            "module.aci.module.aci_set_rule.aci_rest_managed.rtctrlSetRtMetric",
            "module.aci.module.aci_set_rule.aci_rest_managed.rtctrlSetRtMetricType",
            "module.aci.module.aci_set_rule.aci_rest_managed.rtctrlSetTag",
            "module.aci.module.aci_set_rule.aci_rest_managed.rtctrlSetWeight",
            "module.aci.module.aci_tenant.aci_rest_managed.fvTenant",
            "module.aci.module.aci_vrf.aci_rest_managed.bgpRtTargetP_ipv4",
            "module.aci.module.aci_vrf.aci_rest_managed.bgpRtTargetP_ipv6",
            "module.aci.module.aci_vrf.aci_rest_managed.bgpRtTarget_ipv4_export",
            "module.aci.module.aci_vrf.aci_rest_managed.bgpRtTarget_ipv4_import",
            "module.aci.module.aci_vrf.aci_rest_managed.bgpRtTarget_ipv6_export",
            "module.aci.module.aci_vrf.aci_rest_managed.bgpRtTarget_ipv6_import",
            "module.aci.module.aci_vrf.aci_rest_managed.dnsLbl",
            "module.aci.module.aci_vrf.aci_rest_managed.fvCtx",
            "module.aci.module.aci_vrf.aci_rest_managed.fvRsBgpCtxPol",
            "module.aci.module.aci_vrf.aci_rest_managed.fvRsCtxToBgpCtxAfPol_ipv4",
            "module.aci.module.aci_vrf.aci_rest_managed.fvRsCtxToBgpCtxAfPol_ipv6",
            "module.aci.module.aci_vrf.aci_rest_managed.igmpCtxP",
            "module.aci.module.aci_vrf.aci_rest_managed.igmpSSMXlateP",
            "module.aci.module.aci_vrf.aci_rest_managed.leakExternalPrefix",
            "module.aci.module.aci_vrf.aci_rest_managed.leakInternalSubnet",
            "module.aci.module.aci_vrf.aci_rest_managed.leakRoutes",
            "module.aci.module.aci_vrf.aci_rest_managed.leakTo_external",
            "module.aci.module.aci_vrf.aci_rest_managed.leakTo_internal",
            "module.aci.module.aci_vrf.aci_rest_managed.pimASMPatPol",
            "module.aci.module.aci_vrf.aci_rest_managed.pimAutoRPPol",
            "module.aci.module.aci_vrf.aci_rest_managed.pimBSRFilterPol",
            "module.aci.module.aci_vrf.aci_rest_managed.pimBSRPPol",
            "module.aci.module.aci_vrf.aci_rest_managed.pimCtxP",
            "module.aci.module.aci_vrf.aci_rest_managed.pimFabricRPPol",
            "module.aci.module.aci_vrf.aci_rest_managed.pimInterVRFEntryPol",
            "module.aci.module.aci_vrf.aci_rest_managed.pimInterVRFPol",
            "module.aci.module.aci_vrf.aci_rest_managed.pimMAFilterPol",
            "module.aci.module.aci_vrf.aci_rest_managed.pimRPGrpRangePol_fabric_rp",
            "module.aci.module.aci_vrf.aci_rest_managed.pimRPGrpRangePol_static_rp",
            "module.aci.module.aci_vrf.aci_rest_managed.pimRegTrPol",
            "module.aci.module.aci_vrf.aci_rest_managed.pimResPol",
            "module.aci.module.aci_vrf.aci_rest_managed.pimSGRangeExpPol",
            "module.aci.module.aci_vrf.aci_rest_managed.pimSSMPatPol",
            "module.aci.module.aci_vrf.aci_rest_managed.pimSSMRangePol",
            "module.aci.module.aci_vrf.aci_rest_managed.pimSharedRangePol",
            "module.aci.module.aci_vrf.aci_rest_managed.pimStaticRPEntryPol_fabric_rp",
            "module.aci.module.aci_vrf.aci_rest_managed.pimStaticRPEntryPol_static_rp",
            "module.aci.module.aci_vrf.aci_rest_managed.pimStaticRPPol",
            "module.aci.module.aci_vrf.aci_rest_managed.rtdmcRsFilterToRtMapPol_asm_sg_expiry",
            "module.aci.module.aci_vrf.aci_rest_managed.rtdmcRsFilterToRtMapPol_asm_shared",
            "module.aci.module.aci_vrf.aci_rest_managed.rtdmcRsFilterToRtMapPol_auto_rp",
            "module.aci.module.aci_vrf.aci_rest_managed.rtdmcRsFilterToRtMapPol_bsr",
            "module.aci.module.aci_vrf.aci_rest_managed.rtdmcRsFilterToRtMapPol_fabric_rp",
            "module.aci.module.aci_vrf.aci_rest_managed.rtdmcRsFilterToRtMapPol_pim_inter_vrf",
            "module.aci.module.aci_vrf.aci_rest_managed.rtdmcRsFilterToRtMapPol_ssm_range",
            "module.aci.module.aci_vrf.aci_rest_managed.rtdmcRsFilterToRtMapPol_static_rp",
            "module.aci.module.aci_vrf.aci_rest_managed.vzAny",
            "module.aci.module.aci_vrf.aci_rest_managed.vzRsAnyToCons",
            "module.aci.module.aci_vrf.aci_rest_managed.vzRsAnyToConsIf",
            "module.aci.module.aci_vrf.aci_rest_managed.vzRsAnyToProv"
          ]
        }
      ]
    },
    {
      "module": "module.aci.module.aci_bridge_domain[\"common/vlan-3002\"]",
      "mode": "managed",
      "type": "aci_rest_managed",
      "name": "fvRsCtx",
      "provider": "provider[\"registry.terraform.io/ciscodevnet/aci\"]",
      "instances": [
        {
          "schema_version": 0,
          "attributes": {
            "annotation": "orchestrator:terraform",
            "child": [],
            "class_name": "fvRsCtx",
            "content": {
              "tnFvCtxName": "common.vrf-01"
            },
            "dn": "uni/tn-common/BD-vlan-3002/rsctx",
            "escape_html": true,
            "id": "uni/tn-common/BD-vlan-3002/rsctx"
          },
          "sensitive_attributes": [],
          "dependencies": [
            "module.aci.data.utils_yaml_merge.defaults",
            "module.aci.data.utils_yaml_merge.model",
            "module.aci.module.aci_bfd_interface_policy.aci_rest_managed.bfdIfPol",
            "module.aci.module.aci_bgp_timer_policy.aci_rest_managed.bgpCtxPol",
            "module.aci.module.aci_bridge_domain.aci_rest_managed.fvBD",
            "module.aci.module.aci_contract.aci_rest_managed.vzBrCP",
            "module.aci.module.aci_contract.aci_rest_managed.vzRsSubjFiltAtt",
            "module.aci.module.aci_contract.aci_rest_managed.vzRsSubjGraphAtt",
            "module.aci.module.aci_contract.aci_rest_managed.vzSubj",
            "module.aci.module.aci_dhcp_option_policy.aci_rest_managed.dhcpOption",
            "module.aci.module.aci_dhcp_option_policy.aci_rest_managed.dhcpOptionPol",
            "module.aci.module.aci_dhcp_relay_policy.aci_rest_managed.dhcpRelayP",
            "module.aci.module.aci_dhcp_relay_policy.aci_rest_managed.dhcpRsProv",
            "module.aci.module.aci_filter.aci_rest_managed.vzEntry",
            "module.aci.module.aci_filter.aci_rest_managed.vzFilter",
            "module.aci.module.aci_imported_contract.aci_rest_managed.vzCPIf",
            "module.aci.module.aci_imported_contract.aci_rest_managed.vzRsIf",
            "module.aci.module.aci_l3out.aci_rest_managed.bgpExtP",
            "module.aci.module.aci_l3out.aci_rest_managed.l3extDefaultRouteLeakP",
            "module.aci.module.aci_l3out.aci_rest_managed.l3extOut",
            "module.aci.module.aci_l3out.aci_rest_managed.l3extRsDampeningPol_ipv4",
            "module.aci.module.aci_l3out.aci_rest_managed.l3extRsDampeningPol_ipv6",
            "module.aci.module.aci_l3out.aci_rest_managed.l3extRsEctx",
            "module.aci.module.aci_l3out.aci_rest_managed.l3extRsInterleakPol",
            "module.aci.module.aci_l3out.aci_rest_managed.l3extRsL3DomAtt",
            "module.aci.module.aci_l3out.aci_rest_managed.l3extRsRedistributePol",
            "module.aci.module.aci_l3out.aci_rest_managed.ospfExtP",
            "module.aci.module.aci_l3out.aci_rest_managed.pimExtP",
            "module.aci.module.aci_l3out.aci_rest_managed.rtctrlCtxP_export",
            "module.aci.module.aci_l3out.aci_rest_managed.rtctrlCtxP_import",
            "module.aci.module.aci_l3out.aci_rest_managed.rtctrlProfile_export",
            "module.aci.module.aci_l3out.aci_rest_managed.rtctrlProfile_import",
            "module.aci.module.aci_l3out.aci_rest_managed.rtctrlRsCtxPToSubjP_export",
            "module.aci.module.aci_l3out.aci_rest_managed.rtctrlRsCtxPToSubjP_import",
            "module.aci.module.aci_l3out.aci_rest_managed.rtctrlRsScopeToAttrP_export",
            "module.aci.module.aci_l3out.aci_rest_managed.rtctrlRsScopeToAttrP_import",
            "module.aci.module.aci_l3out.aci_rest_managed.rtctrlScope_export",
            "module.aci.module.aci_l3out.aci_rest_managed.rtctrlScope_import",
            "module.aci.module.aci_match_rule.aci_rest_managed.rtctrlMatchCommFactor",
            "module.aci.module.aci_match_rule.aci_rest_managed.rtctrlMatchCommRegexTerm",
            "module.aci.module.aci_match_rule.aci_rest_managed.rtctrlMatchCommTerm",
            "module.aci.module.aci_match_rule.aci_rest_managed.rtctrlMatchRtDest",
            "module.aci.module.aci_match_rule.aci_rest_managed.rtctrlSubjP",
            "module.aci.module.aci_ospf_interface_policy.aci_rest_managed.ospfIfPol",
            "module.aci.module.aci_set_rule.aci_rest_managed.rtctrlAttrP",
            "module.aci.module.aci_set_rule.aci_rest_managed.rtctrlSetASPath",
            "module.aci.module.aci_set_rule.aci_rest_managed.rtctrlSetASPathASN",
            "module.aci.module.aci_set_rule.aci_rest_managed.rtctrlSetAddComm",
            "module.aci.module.aci_set_rule.aci_rest_managed.rtctrlSetComm",
            "module.aci.module.aci_set_rule.aci_rest_managed.rtctrlSetDamp",
            "module.aci.module.aci_set_rule.aci_rest_managed.rtctrlSetNh",
            "module.aci.module.aci_set_rule.aci_rest_managed.rtctrlSetNhUnchanged",
            "module.aci.module.aci_set_rule.aci_rest_managed.rtctrlSetPref",
            "module.aci.module.aci_set_rule.aci_rest_managed.rtctrlSetRedistMultipath",
            "module.aci.module.aci_set_rule.aci_rest_managed.rtctrlSetRtMetric",
            "module.aci.module.aci_set_rule.aci_rest_managed.rtctrlSetRtMetricType",
            "module.aci.module.aci_set_rule.aci_rest_managed.rtctrlSetTag",
            "module.aci.module.aci_set_rule.aci_rest_managed.rtctrlSetWeight",
            "module.aci.module.aci_tenant.aci_rest_managed.fvTenant",
            "module.aci.module.aci_vrf.aci_rest_managed.bgpRtTargetP_ipv4",
            "module.aci.module.aci_vrf.aci_rest_managed.bgpRtTargetP_ipv6",
            "module.aci.module.aci_vrf.aci_rest_managed.bgpRtTarget_ipv4_export",
            "module.aci.module.aci_vrf.aci_rest_managed.bgpRtTarget_ipv4_import",
            "module.aci.module.aci_vrf.aci_rest_managed.bgpRtTarget_ipv6_export",
            "module.aci.module.aci_vrf.aci_rest_managed.bgpRtTarget_ipv6_import",
            "module.aci.module.aci_vrf.aci_rest_managed.dnsLbl",
            "module.aci.module.aci_vrf.aci_rest_managed.fvCtx",
            "module.aci.module.aci_vrf.aci_rest_managed.fvRsBgpCtxPol",
            "module.aci.module.aci_vrf.aci_rest_managed.fvRsCtxToBgpCtxAfPol_ipv4",
            "module.aci.module.aci_vrf.aci_rest_managed.fvRsCtxToBgpCtxAfPol_ipv6",
            "module.aci.module.aci_vrf.aci_rest_managed.igmpCtxP",
            "module.aci.module.aci_vrf.aci_rest_managed.igmpSSMXlateP",
            "module.aci.module.aci_vrf.aci_rest_managed.leakExternalPrefix",
            "module.aci.module.aci_vrf.aci_rest_managed.leakInternalSubnet",
            "module.aci.module.aci_vrf.aci_rest_managed.leakRoutes",
            "module.aci.module.aci_vrf.aci_rest_managed.leakTo_external",
            "module.aci.module.aci_vrf.aci_rest_managed.leakTo_internal",
            "module.aci.module.aci_vrf.aci_rest_managed.pimASMPatPol",
            "module.aci.module.aci_vrf.aci_rest_managed.pimAutoRPPol",
            "module.aci.module.aci_vrf.aci_rest_managed.pimBSRFilterPol",
            "module.aci.module.aci_vrf.aci_rest_managed.pimBSRPPol",
            "module.aci.module.aci_vrf.aci_rest_managed.pimCtxP",
            "module.aci.module.aci_vrf.aci_rest_managed.pimFabricRPPol",
            "module.aci.module.aci_vrf.aci_rest_managed.pimInterVRFEntryPol",
            "module.aci.module.aci_vrf.aci_rest_managed.pimInterVRFPol",
            "module.aci.module.aci_vrf.aci_rest_managed.pimMAFilterPol",
            "module.aci.module.aci_vrf.aci_rest_managed.pimRPGrpRangePol_fabric_rp",
            "module.aci.module.aci_vrf.aci_rest_managed.pimRPGrpRangePol_static_rp",
            "module.aci.module.aci_vrf.aci_rest_managed.pimRegTrPol",
            "module.aci.module.aci_vrf.aci_rest_managed.pimResPol",
            "module.aci.module.aci_vrf.aci_rest_managed.pimSGRangeExpPol",
            "module.aci.module.aci_vrf.aci_rest_managed.pimSSMPatPol",
            "module.aci.module.aci_vrf.aci_rest_managed.pimSSMRangePol",
            "module.aci.module.aci_vrf.aci_rest_managed.pimSharedRangePol",
            "module.aci.module.aci_vrf.aci_rest_managed.pimStaticRPEntryPol_fabric_rp",
            "module.aci.module.aci_vrf.aci_rest_managed.pimStaticRPEntryPol_static_rp",
            "module.aci.module.aci_vrf.aci_rest_managed.pimStaticRPPol",
            "module.aci.module.aci_vrf.aci_rest_managed.rtdmcRsFilterToRtMapPol_asm_sg_expiry",
            "module.aci.module.aci_vrf.aci_rest_managed.rtdmcRsFilterToRtMapPol_asm_shared",
            "module.aci.module.aci_vrf.aci_rest_managed.rtdmcRsFilterToRtMapPol_auto_rp",
            "module.aci.module.aci_vrf.aci_rest_managed.rtdmcRsFilterToRtMapPol_bsr",
            "module.aci.module.aci_vrf.aci_rest_managed.rtdmcRsFilterToRtMapPol_fabric_rp",
            "module.aci.module.aci_vrf.aci_rest_managed.rtdmcRsFilterToRtMapPol_pim_inter_vrf",
            "module.aci.module.aci_vrf.aci_rest_managed.rtdmcRsFilterToRtMapPol_ssm_range",
            "module.aci.module.aci_vrf.aci_rest_managed.rtdmcRsFilterToRtMapPol_static_rp",
            "module.aci.module.aci_vrf.aci_rest_managed.vzAny",
            "module.aci.module.aci_vrf.aci_rest_managed.vzRsAnyToCons",
            "module.aci.module.aci_vrf.aci_rest_managed.vzRsAnyToConsIf",
            "module.aci.module.aci_vrf.aci_rest_managed.vzRsAnyToProv"
          ]
        }
      ]
    },
    {
      "module": "module.aci.module.aci_bridge_domain[\"common/vlan-3003\"]",
      "mode": "managed",
      "type": "aci_rest_managed",
      "name": "fvBD",
      "provider": "provider[\"registry.terraform.io/ciscodevnet/aci\"]",
      "instances": [
        {
          "schema_version": 0,
          "attributes": {
            "annotation": "orchestrator:terraform",
            "child": [],
            "class_name": "fvBD",
            "content": {
              "arpFlood": "yes",
              "descr": "64.103.44.96/28 - gateway on Production fabric",
              "epMoveDetectMode": "",
              "hostBasedRouting": "no",
              "ipLearning": "yes",
              "limitIpLearnToSubnets": "yes",
              "mac": "00:22:BD:F8:19:FF",
              "mcastAllow": "no",
              "multiDstPktAct": "bd-flood",
              "name": "vlan-3003",
              "nameAlias": "",
              "type": "regular",
              "unicastRoute": "no",
              "unkMacUcastAct": "flood",
              "unkMcastAct": "flood",
              "v6unkMcastAct": "flood",
              "vmac": ""
            },
            "dn": "uni/tn-common/BD-vlan-3003",
            "escape_html": true,
            "id": "uni/tn-common/BD-vlan-3003"
          },
          "sensitive_attributes": [],
          "dependencies": [
            "module.aci.data.utils_yaml_merge.defaults",
            "module.aci.data.utils_yaml_merge.model",
            "module.aci.module.aci_bfd_interface_policy.aci_rest_managed.bfdIfPol",
            "module.aci.module.aci_bgp_timer_policy.aci_rest_managed.bgpCtxPol",
            "module.aci.module.aci_contract.aci_rest_managed.vzBrCP",
            "module.aci.module.aci_contract.aci_rest_managed.vzRsSubjFiltAtt",
            "module.aci.module.aci_contract.aci_rest_managed.vzRsSubjGraphAtt",
            "module.aci.module.aci_contract.aci_rest_managed.vzSubj",
            "module.aci.module.aci_dhcp_option_policy.aci_rest_managed.dhcpOption",
            "module.aci.module.aci_dhcp_option_policy.aci_rest_managed.dhcpOptionPol",
            "module.aci.module.aci_dhcp_relay_policy.aci_rest_managed.dhcpRelayP",
            "module.aci.module.aci_dhcp_relay_policy.aci_rest_managed.dhcpRsProv",
            "module.aci.module.aci_filter.aci_rest_managed.vzEntry",
            "module.aci.module.aci_filter.aci_rest_managed.vzFilter",
            "module.aci.module.aci_imported_contract.aci_rest_managed.vzCPIf",
            "module.aci.module.aci_imported_contract.aci_rest_managed.vzRsIf",
            "module.aci.module.aci_l3out.aci_rest_managed.bgpExtP",
            "module.aci.module.aci_l3out.aci_rest_managed.l3extDefaultRouteLeakP",
            "module.aci.module.aci_l3out.aci_rest_managed.l3extOut",
            "module.aci.module.aci_l3out.aci_rest_managed.l3extRsDampeningPol_ipv4",
            "module.aci.module.aci_l3out.aci_rest_managed.l3extRsDampeningPol_ipv6",
            "module.aci.module.aci_l3out.aci_rest_managed.l3extRsEctx",
            "module.aci.module.aci_l3out.aci_rest_managed.l3extRsInterleakPol",
            "module.aci.module.aci_l3out.aci_rest_managed.l3extRsL3DomAtt",
            "module.aci.module.aci_l3out.aci_rest_managed.l3extRsRedistributePol",
            "module.aci.module.aci_l3out.aci_rest_managed.ospfExtP",
            "module.aci.module.aci_l3out.aci_rest_managed.pimExtP",
            "module.aci.module.aci_l3out.aci_rest_managed.rtctrlCtxP_export",
            "module.aci.module.aci_l3out.aci_rest_managed.rtctrlCtxP_import",
            "module.aci.module.aci_l3out.aci_rest_managed.rtctrlProfile_export",
            "module.aci.module.aci_l3out.aci_rest_managed.rtctrlProfile_import",
            "module.aci.module.aci_l3out.aci_rest_managed.rtctrlRsCtxPToSubjP_export",
            "module.aci.module.aci_l3out.aci_rest_managed.rtctrlRsCtxPToSubjP_import",
            "module.aci.module.aci_l3out.aci_rest_managed.rtctrlRsScopeToAttrP_export",
            "module.aci.module.aci_l3out.aci_rest_managed.rtctrlRsScopeToAttrP_import",
            "module.aci.module.aci_l3out.aci_rest_managed.rtctrlScope_export",
            "module.aci.module.aci_l3out.aci_rest_managed.rtctrlScope_import",
            "module.aci.module.aci_match_rule.aci_rest_managed.rtctrlMatchCommFactor",
            "module.aci.module.aci_match_rule.aci_rest_managed.rtctrlMatchCommRegexTerm",
            "module.aci.module.aci_match_rule.aci_rest_managed.rtctrlMatchCommTerm",
            "module.aci.module.aci_match_rule.aci_rest_managed.rtctrlMatchRtDest",
            "module.aci.module.aci_match_rule.aci_rest_managed.rtctrlSubjP",
            "module.aci.module.aci_ospf_interface_policy.aci_rest_managed.ospfIfPol",
            "module.aci.module.aci_set_rule.aci_rest_managed.rtctrlAttrP",
            "module.aci.module.aci_set_rule.aci_rest_managed.rtctrlSetASPath",
            "module.aci.module.aci_set_rule.aci_rest_managed.rtctrlSetASPathASN",
            "module.aci.module.aci_set_rule.aci_rest_managed.rtctrlSetAddComm",
            "module.aci.module.aci_set_rule.aci_rest_managed.rtctrlSetComm",
            "module.aci.module.aci_set_rule.aci_rest_managed.rtctrlSetDamp",
            "module.aci.module.aci_set_rule.aci_rest_managed.rtctrlSetNh",
            "module.aci.module.aci_set_rule.aci_rest_managed.rtctrlSetNhUnchanged",
            "module.aci.module.aci_set_rule.aci_rest_managed.rtctrlSetPref",
            "module.aci.module.aci_set_rule.aci_rest_managed.rtctrlSetRedistMultipath",
            "module.aci.module.aci_set_rule.aci_rest_managed.rtctrlSetRtMetric",
            "module.aci.module.aci_set_rule.aci_rest_managed.rtctrlSetRtMetricType",
            "module.aci.module.aci_set_rule.aci_rest_managed.rtctrlSetTag",
            "module.aci.module.aci_set_rule.aci_rest_managed.rtctrlSetWeight",
            "module.aci.module.aci_tenant.aci_rest_managed.fvTenant",
            "module.aci.module.aci_vrf.aci_rest_managed.bgpRtTargetP_ipv4",
            "module.aci.module.aci_vrf.aci_rest_managed.bgpRtTargetP_ipv6",
            "module.aci.module.aci_vrf.aci_rest_managed.bgpRtTarget_ipv4_export",
            "module.aci.module.aci_vrf.aci_rest_managed.bgpRtTarget_ipv4_import",
            "module.aci.module.aci_vrf.aci_rest_managed.bgpRtTarget_ipv6_export",
            "module.aci.module.aci_vrf.aci_rest_managed.bgpRtTarget_ipv6_import",
            "module.aci.module.aci_vrf.aci_rest_managed.dnsLbl",
            "module.aci.module.aci_vrf.aci_rest_managed.fvCtx",
            "module.aci.module.aci_vrf.aci_rest_managed.fvRsBgpCtxPol",
            "module.aci.module.aci_vrf.aci_rest_managed.fvRsCtxToBgpCtxAfPol_ipv4",
            "module.aci.module.aci_vrf.aci_rest_managed.fvRsCtxToBgpCtxAfPol_ipv6",
            "module.aci.module.aci_vrf.aci_rest_managed.igmpCtxP",
            "module.aci.module.aci_vrf.aci_rest_managed.igmpSSMXlateP",
            "module.aci.module.aci_vrf.aci_rest_managed.leakExternalPrefix",
            "module.aci.module.aci_vrf.aci_rest_managed.leakInternalSubnet",
            "module.aci.module.aci_vrf.aci_rest_managed.leakRoutes",
            "module.aci.module.aci_vrf.aci_rest_managed.leakTo_external",
            "module.aci.module.aci_vrf.aci_rest_managed.leakTo_internal",
            "module.aci.module.aci_vrf.aci_rest_managed.pimASMPatPol",
            "module.aci.module.aci_vrf.aci_rest_managed.pimAutoRPPol",
            "module.aci.module.aci_vrf.aci_rest_managed.pimBSRFilterPol",
            "module.aci.module.aci_vrf.aci_rest_managed.pimBSRPPol",
            "module.aci.module.aci_vrf.aci_rest_managed.pimCtxP",
            "module.aci.module.aci_vrf.aci_rest_managed.pimFabricRPPol",
            "module.aci.module.aci_vrf.aci_rest_managed.pimInterVRFEntryPol",
            "module.aci.module.aci_vrf.aci_rest_managed.pimInterVRFPol",
            "module.aci.module.aci_vrf.aci_rest_managed.pimMAFilterPol",
            "module.aci.module.aci_vrf.aci_rest_managed.pimRPGrpRangePol_fabric_rp",
            "module.aci.module.aci_vrf.aci_rest_managed.pimRPGrpRangePol_static_rp",
            "module.aci.module.aci_vrf.aci_rest_managed.pimRegTrPol",
            "module.aci.module.aci_vrf.aci_rest_managed.pimResPol",
            "module.aci.module.aci_vrf.aci_rest_managed.pimSGRangeExpPol",
            "module.aci.module.aci_vrf.aci_rest_managed.pimSSMPatPol",
            "module.aci.module.aci_vrf.aci_rest_managed.pimSSMRangePol",
            "module.aci.module.aci_vrf.aci_rest_managed.pimSharedRangePol",
            "module.aci.module.aci_vrf.aci_rest_managed.pimStaticRPEntryPol_fabric_rp",
            "module.aci.module.aci_vrf.aci_rest_managed.pimStaticRPEntryPol_static_rp",
            "module.aci.module.aci_vrf.aci_rest_managed.pimStaticRPPol",
            "module.aci.module.aci_vrf.aci_rest_managed.rtdmcRsFilterToRtMapPol_asm_sg_expiry",
            "module.aci.module.aci_vrf.aci_rest_managed.rtdmcRsFilterToRtMapPol_asm_shared",
            "module.aci.module.aci_vrf.aci_rest_managed.rtdmcRsFilterToRtMapPol_auto_rp",
            "module.aci.module.aci_vrf.aci_rest_managed.rtdmcRsFilterToRtMapPol_bsr",
            "module.aci.module.aci_vrf.aci_rest_managed.rtdmcRsFilterToRtMapPol_fabric_rp",
            "module.aci.module.aci_vrf.aci_rest_managed.rtdmcRsFilterToRtMapPol_pim_inter_vrf",
            "module.aci.module.aci_vrf.aci_rest_managed.rtdmcRsFilterToRtMapPol_ssm_range",
            "module.aci.module.aci_vrf.aci_rest_managed.rtdmcRsFilterToRtMapPol_static_rp",
            "module.aci.module.aci_vrf.aci_rest_managed.vzAny",
            "module.aci.module.aci_vrf.aci_rest_managed.vzRsAnyToCons",
            "module.aci.module.aci_vrf.aci_rest_managed.vzRsAnyToConsIf",
            "module.aci.module.aci_vrf.aci_rest_managed.vzRsAnyToProv"
          ]
        }
      ]
    },
    {
      "module": "module.aci.module.aci_bridge_domain[\"common/vlan-3003\"]",
      "mode": "managed",
      "type": "aci_rest_managed",
      "name": "fvRsCtx",
      "provider": "provider[\"registry.terraform.io/ciscodevnet/aci\"]",
      "instances": [
        {
          "schema_version": 0,
          "attributes": {
            "annotation": "orchestrator:terraform",
            "child": [],
            "class_name": "fvRsCtx",
            "content": {
              "tnFvCtxName": "common.vrf-01"
            },
            "dn": "uni/tn-common/BD-vlan-3003/rsctx",
            "escape_html": true,
            "id": "uni/tn-common/BD-vlan-3003/rsctx"
          },
          "sensitive_attributes": [],
          "dependencies": [
            "module.aci.data.utils_yaml_merge.defaults",
            "module.aci.data.utils_yaml_merge.model",
            "module.aci.module.aci_bfd_interface_policy.aci_rest_managed.bfdIfPol",
            "module.aci.module.aci_bgp_timer_policy.aci_rest_managed.bgpCtxPol",
            "module.aci.module.aci_bridge_domain.aci_rest_managed.fvBD",
            "module.aci.module.aci_contract.aci_rest_managed.vzBrCP",
            "module.aci.module.aci_contract.aci_rest_managed.vzRsSubjFiltAtt",
            "module.aci.module.aci_contract.aci_rest_managed.vzRsSubjGraphAtt",
            "module.aci.module.aci_contract.aci_rest_managed.vzSubj",
            "module.aci.module.aci_dhcp_option_policy.aci_rest_managed.dhcpOption",
            "module.aci.module.aci_dhcp_option_policy.aci_rest_managed.dhcpOptionPol",
            "module.aci.module.aci_dhcp_relay_policy.aci_rest_managed.dhcpRelayP",
            "module.aci.module.aci_dhcp_relay_policy.aci_rest_managed.dhcpRsProv",
            "module.aci.module.aci_filter.aci_rest_managed.vzEntry",
            "module.aci.module.aci_filter.aci_rest_managed.vzFilter",
            "module.aci.module.aci_imported_contract.aci_rest_managed.vzCPIf",
            "module.aci.module.aci_imported_contract.aci_rest_managed.vzRsIf",
            "module.aci.module.aci_l3out.aci_rest_managed.bgpExtP",
            "module.aci.module.aci_l3out.aci_rest_managed.l3extDefaultRouteLeakP",
            "module.aci.module.aci_l3out.aci_rest_managed.l3extOut",
            "module.aci.module.aci_l3out.aci_rest_managed.l3extRsDampeningPol_ipv4",
            "module.aci.module.aci_l3out.aci_rest_managed.l3extRsDampeningPol_ipv6",
            "module.aci.module.aci_l3out.aci_rest_managed.l3extRsEctx",
            "module.aci.module.aci_l3out.aci_rest_managed.l3extRsInterleakPol",
            "module.aci.module.aci_l3out.aci_rest_managed.l3extRsL3DomAtt",
            "module.aci.module.aci_l3out.aci_rest_managed.l3extRsRedistributePol",
            "module.aci.module.aci_l3out.aci_rest_managed.ospfExtP",
            "module.aci.module.aci_l3out.aci_rest_managed.pimExtP",
            "module.aci.module.aci_l3out.aci_rest_managed.rtctrlCtxP_export",
            "module.aci.module.aci_l3out.aci_rest_managed.rtctrlCtxP_import",
            "module.aci.module.aci_l3out.aci_rest_managed.rtctrlProfile_export",
            "module.aci.module.aci_l3out.aci_rest_managed.rtctrlProfile_import",
            "module.aci.module.aci_l3out.aci_rest_managed.rtctrlRsCtxPToSubjP_export",
            "module.aci.module.aci_l3out.aci_rest_managed.rtctrlRsCtxPToSubjP_import",
            "module.aci.module.aci_l3out.aci_rest_managed.rtctrlRsScopeToAttrP_export",
            "module.aci.module.aci_l3out.aci_rest_managed.rtctrlRsScopeToAttrP_import",
            "module.aci.module.aci_l3out.aci_rest_managed.rtctrlScope_export",
            "module.aci.module.aci_l3out.aci_rest_managed.rtctrlScope_import",
            "module.aci.module.aci_match_rule.aci_rest_managed.rtctrlMatchCommFactor",
            "module.aci.module.aci_match_rule.aci_rest_managed.rtctrlMatchCommRegexTerm",
            "module.aci.module.aci_match_rule.aci_rest_managed.rtctrlMatchCommTerm",
            "module.aci.module.aci_match_rule.aci_rest_managed.rtctrlMatchRtDest",
            "module.aci.module.aci_match_rule.aci_rest_managed.rtctrlSubjP",
            "module.aci.module.aci_ospf_interface_policy.aci_rest_managed.ospfIfPol",
            "module.aci.module.aci_set_rule.aci_rest_managed.rtctrlAttrP",
            "module.aci.module.aci_set_rule.aci_rest_managed.rtctrlSetASPath",
            "module.aci.module.aci_set_rule.aci_rest_managed.rtctrlSetASPathASN",
            "module.aci.module.aci_set_rule.aci_rest_managed.rtctrlSetAddComm",
            "module.aci.module.aci_set_rule.aci_rest_managed.rtctrlSetComm",
            "module.aci.module.aci_set_rule.aci_rest_managed.rtctrlSetDamp",
            "module.aci.module.aci_set_rule.aci_rest_managed.rtctrlSetNh",
            "module.aci.module.aci_set_rule.aci_rest_managed.rtctrlSetNhUnchanged",
            "module.aci.module.aci_set_rule.aci_rest_managed.rtctrlSetPref",
            "module.aci.module.aci_set_rule.aci_rest_managed.rtctrlSetRedistMultipath",
            "module.aci.module.aci_set_rule.aci_rest_managed.rtctrlSetRtMetric",
            "module.aci.module.aci_set_rule.aci_rest_managed.rtctrlSetRtMetricType",
            "module.aci.module.aci_set_rule.aci_rest_managed.rtctrlSetTag",
            "module.aci.module.aci_set_rule.aci_rest_managed.rtctrlSetWeight",
            "module.aci.module.aci_tenant.aci_rest_managed.fvTenant",
            "module.aci.module.aci_vrf.aci_rest_managed.bgpRtTargetP_ipv4",
            "module.aci.module.aci_vrf.aci_rest_managed.bgpRtTargetP_ipv6",
            "module.aci.module.aci_vrf.aci_rest_managed.bgpRtTarget_ipv4_export",
            "module.aci.module.aci_vrf.aci_rest_managed.bgpRtTarget_ipv4_import",
            "module.aci.module.aci_vrf.aci_rest_managed.bgpRtTarget_ipv6_export",
            "module.aci.module.aci_vrf.aci_rest_managed.bgpRtTarget_ipv6_import",
            "module.aci.module.aci_vrf.aci_rest_managed.dnsLbl",
            "module.aci.module.aci_vrf.aci_rest_managed.fvCtx",
            "module.aci.module.aci_vrf.aci_rest_managed.fvRsBgpCtxPol",
            "module.aci.module.aci_vrf.aci_rest_managed.fvRsCtxToBgpCtxAfPol_ipv4",
            "module.aci.module.aci_vrf.aci_rest_managed.fvRsCtxToBgpCtxAfPol_ipv6",
            "module.aci.module.aci_vrf.aci_rest_managed.igmpCtxP",
            "module.aci.module.aci_vrf.aci_rest_managed.igmpSSMXlateP",
            "module.aci.module.aci_vrf.aci_rest_managed.leakExternalPrefix",
            "module.aci.module.aci_vrf.aci_rest_managed.leakInternalSubnet",
            "module.aci.module.aci_vrf.aci_rest_managed.leakRoutes",
            "module.aci.module.aci_vrf.aci_rest_managed.leakTo_external",
            "module.aci.module.aci_vrf.aci_rest_managed.leakTo_internal",
            "module.aci.module.aci_vrf.aci_rest_managed.pimASMPatPol",
            "module.aci.module.aci_vrf.aci_rest_managed.pimAutoRPPol",
            "module.aci.module.aci_vrf.aci_rest_managed.pimBSRFilterPol",
            "module.aci.module.aci_vrf.aci_rest_managed.pimBSRPPol",
            "module.aci.module.aci_vrf.aci_rest_managed.pimCtxP",
            "module.aci.module.aci_vrf.aci_rest_managed.pimFabricRPPol",
            "module.aci.module.aci_vrf.aci_rest_managed.pimInterVRFEntryPol",
            "module.aci.module.aci_vrf.aci_rest_managed.pimInterVRFPol",
            "module.aci.module.aci_vrf.aci_rest_managed.pimMAFilterPol",
            "module.aci.module.aci_vrf.aci_rest_managed.pimRPGrpRangePol_fabric_rp",
            "module.aci.module.aci_vrf.aci_rest_managed.pimRPGrpRangePol_static_rp",
            "module.aci.module.aci_vrf.aci_rest_managed.pimRegTrPol",
            "module.aci.module.aci_vrf.aci_rest_managed.pimResPol",
            "module.aci.module.aci_vrf.aci_rest_managed.pimSGRangeExpPol",
            "module.aci.module.aci_vrf.aci_rest_managed.pimSSMPatPol",
            "module.aci.module.aci_vrf.aci_rest_managed.pimSSMRangePol",
            "module.aci.module.aci_vrf.aci_rest_managed.pimSharedRangePol",
            "module.aci.module.aci_vrf.aci_rest_managed.pimStaticRPEntryPol_fabric_rp",
            "module.aci.module.aci_vrf.aci_rest_managed.pimStaticRPEntryPol_static_rp",
            "module.aci.module.aci_vrf.aci_rest_managed.pimStaticRPPol",
            "module.aci.module.aci_vrf.aci_rest_managed.rtdmcRsFilterToRtMapPol_asm_sg_expiry",
            "module.aci.module.aci_vrf.aci_rest_managed.rtdmcRsFilterToRtMapPol_asm_shared",
            "module.aci.module.aci_vrf.aci_rest_managed.rtdmcRsFilterToRtMapPol_auto_rp",
            "module.aci.module.aci_vrf.aci_rest_managed.rtdmcRsFilterToRtMapPol_bsr",
            "module.aci.module.aci_vrf.aci_rest_managed.rtdmcRsFilterToRtMapPol_fabric_rp",
            "module.aci.module.aci_vrf.aci_rest_managed.rtdmcRsFilterToRtMapPol_pim_inter_vrf",
            "module.aci.module.aci_vrf.aci_rest_managed.rtdmcRsFilterToRtMapPol_ssm_range",
            "module.aci.module.aci_vrf.aci_rest_managed.rtdmcRsFilterToRtMapPol_static_rp",
            "module.aci.module.aci_vrf.aci_rest_managed.vzAny",
            "module.aci.module.aci_vrf.aci_rest_managed.vzRsAnyToCons",
            "module.aci.module.aci_vrf.aci_rest_managed.vzRsAnyToConsIf",
            "module.aci.module.aci_vrf.aci_rest_managed.vzRsAnyToProv"
          ]
        }
      ]
    },
    {
      "module": "module.aci.module.aci_bridge_domain[\"common/vlan-3004\"]",
      "mode": "managed",
      "type": "aci_rest_managed",
      "name": "fvBD",
      "provider": "provider[\"registry.terraform.io/ciscodevnet/aci\"]",
      "instances": [
        {
          "schema_version": 0,
          "attributes": {
            "annotation": "orchestrator:terraform",
            "child": [],
            "class_name": "fvBD",
            "content": {
              "arpFlood": "yes",
              "descr": "64.103.45.0/27 - gateway on Production fabric",
              "epMoveDetectMode": "",
              "hostBasedRouting": "no",
              "ipLearning": "yes",
              "limitIpLearnToSubnets": "yes",
              "mac": "00:22:BD:F8:19:FF",
              "mcastAllow": "no",
              "multiDstPktAct": "bd-flood",
              "name": "vlan-3004",
              "nameAlias": "",
              "type": "regular",
              "unicastRoute": "no",
              "unkMacUcastAct": "flood",
              "unkMcastAct": "flood",
              "v6unkMcastAct": "flood",
              "vmac": ""
            },
            "dn": "uni/tn-common/BD-vlan-3004",
            "escape_html": true,
            "id": "uni/tn-common/BD-vlan-3004"
          },
          "sensitive_attributes": [],
          "dependencies": [
            "module.aci.data.utils_yaml_merge.defaults",
            "module.aci.data.utils_yaml_merge.model",
            "module.aci.module.aci_bfd_interface_policy.aci_rest_managed.bfdIfPol",
            "module.aci.module.aci_bgp_timer_policy.aci_rest_managed.bgpCtxPol",
            "module.aci.module.aci_contract.aci_rest_managed.vzBrCP",
            "module.aci.module.aci_contract.aci_rest_managed.vzRsSubjFiltAtt",
            "module.aci.module.aci_contract.aci_rest_managed.vzRsSubjGraphAtt",
            "module.aci.module.aci_contract.aci_rest_managed.vzSubj",
            "module.aci.module.aci_dhcp_option_policy.aci_rest_managed.dhcpOption",
            "module.aci.module.aci_dhcp_option_policy.aci_rest_managed.dhcpOptionPol",
            "module.aci.module.aci_dhcp_relay_policy.aci_rest_managed.dhcpRelayP",
            "module.aci.module.aci_dhcp_relay_policy.aci_rest_managed.dhcpRsProv",
            "module.aci.module.aci_filter.aci_rest_managed.vzEntry",
            "module.aci.module.aci_filter.aci_rest_managed.vzFilter",
            "module.aci.module.aci_imported_contract.aci_rest_managed.vzCPIf",
            "module.aci.module.aci_imported_contract.aci_rest_managed.vzRsIf",
            "module.aci.module.aci_l3out.aci_rest_managed.bgpExtP",
            "module.aci.module.aci_l3out.aci_rest_managed.l3extDefaultRouteLeakP",
            "module.aci.module.aci_l3out.aci_rest_managed.l3extOut",
            "module.aci.module.aci_l3out.aci_rest_managed.l3extRsDampeningPol_ipv4",
            "module.aci.module.aci_l3out.aci_rest_managed.l3extRsDampeningPol_ipv6",
            "module.aci.module.aci_l3out.aci_rest_managed.l3extRsEctx",
            "module.aci.module.aci_l3out.aci_rest_managed.l3extRsInterleakPol",
            "module.aci.module.aci_l3out.aci_rest_managed.l3extRsL3DomAtt",
            "module.aci.module.aci_l3out.aci_rest_managed.l3extRsRedistributePol",
            "module.aci.module.aci_l3out.aci_rest_managed.ospfExtP",
            "module.aci.module.aci_l3out.aci_rest_managed.pimExtP",
            "module.aci.module.aci_l3out.aci_rest_managed.rtctrlCtxP_export",
            "module.aci.module.aci_l3out.aci_rest_managed.rtctrlCtxP_import",
            "module.aci.module.aci_l3out.aci_rest_managed.rtctrlProfile_export",
            "module.aci.module.aci_l3out.aci_rest_managed.rtctrlProfile_import",
            "module.aci.module.aci_l3out.aci_rest_managed.rtctrlRsCtxPToSubjP_export",
            "module.aci.module.aci_l3out.aci_rest_managed.rtctrlRsCtxPToSubjP_import",
            "module.aci.module.aci_l3out.aci_rest_managed.rtctrlRsScopeToAttrP_export",
            "module.aci.module.aci_l3out.aci_rest_managed.rtctrlRsScopeToAttrP_import",
            "module.aci.module.aci_l3out.aci_rest_managed.rtctrlScope_export",
            "module.aci.module.aci_l3out.aci_rest_managed.rtctrlScope_import",
            "module.aci.module.aci_match_rule.aci_rest_managed.rtctrlMatchCommFactor",
            "module.aci.module.aci_match_rule.aci_rest_managed.rtctrlMatchCommRegexTerm",
            "module.aci.module.aci_match_rule.aci_rest_managed.rtctrlMatchCommTerm",
            "module.aci.module.aci_match_rule.aci_rest_managed.rtctrlMatchRtDest",
            "module.aci.module.aci_match_rule.aci_rest_managed.rtctrlSubjP",
            "module.aci.module.aci_ospf_interface_policy.aci_rest_managed.ospfIfPol",
            "module.aci.module.aci_set_rule.aci_rest_managed.rtctrlAttrP",
            "module.aci.module.aci_set_rule.aci_rest_managed.rtctrlSetASPath",
            "module.aci.module.aci_set_rule.aci_rest_managed.rtctrlSetASPathASN",
            "module.aci.module.aci_set_rule.aci_rest_managed.rtctrlSetAddComm",
            "module.aci.module.aci_set_rule.aci_rest_managed.rtctrlSetComm",
            "module.aci.module.aci_set_rule.aci_rest_managed.rtctrlSetDamp",
            "module.aci.module.aci_set_rule.aci_rest_managed.rtctrlSetNh",
            "module.aci.module.aci_set_rule.aci_rest_managed.rtctrlSetNhUnchanged",
            "module.aci.module.aci_set_rule.aci_rest_managed.rtctrlSetPref",
            "module.aci.module.aci_set_rule.aci_rest_managed.rtctrlSetRedistMultipath",
            "module.aci.module.aci_set_rule.aci_rest_managed.rtctrlSetRtMetric",
            "module.aci.module.aci_set_rule.aci_rest_managed.rtctrlSetRtMetricType",
            "module.aci.module.aci_set_rule.aci_rest_managed.rtctrlSetTag",
            "module.aci.module.aci_set_rule.aci_rest_managed.rtctrlSetWeight",
            "module.aci.module.aci_tenant.aci_rest_managed.fvTenant",
            "module.aci.module.aci_vrf.aci_rest_managed.bgpRtTargetP_ipv4",
            "module.aci.module.aci_vrf.aci_rest_managed.bgpRtTargetP_ipv6",
            "module.aci.module.aci_vrf.aci_rest_managed.bgpRtTarget_ipv4_export",
            "module.aci.module.aci_vrf.aci_rest_managed.bgpRtTarget_ipv4_import",
            "module.aci.module.aci_vrf.aci_rest_managed.bgpRtTarget_ipv6_export",
            "module.aci.module.aci_vrf.aci_rest_managed.bgpRtTarget_ipv6_import",
            "module.aci.module.aci_vrf.aci_rest_managed.dnsLbl",
            "module.aci.module.aci_vrf.aci_rest_managed.fvCtx",
            "module.aci.module.aci_vrf.aci_rest_managed.fvRsBgpCtxPol",
            "module.aci.module.aci_vrf.aci_rest_managed.fvRsCtxToBgpCtxAfPol_ipv4",
            "module.aci.module.aci_vrf.aci_rest_managed.fvRsCtxToBgpCtxAfPol_ipv6",
            "module.aci.module.aci_vrf.aci_rest_managed.igmpCtxP",
            "module.aci.module.aci_vrf.aci_rest_managed.igmpSSMXlateP",
            "module.aci.module.aci_vrf.aci_rest_managed.leakExternalPrefix",
            "module.aci.module.aci_vrf.aci_rest_managed.leakInternalSubnet",
            "module.aci.module.aci_vrf.aci_rest_managed.leakRoutes",
            "module.aci.module.aci_vrf.aci_rest_managed.leakTo_external",
            "module.aci.module.aci_vrf.aci_rest_managed.leakTo_internal",
            "module.aci.module.aci_vrf.aci_rest_managed.pimASMPatPol",
            "module.aci.module.aci_vrf.aci_rest_managed.pimAutoRPPol",
            "module.aci.module.aci_vrf.aci_rest_managed.pimBSRFilterPol",
            "module.aci.module.aci_vrf.aci_rest_managed.pimBSRPPol",
            "module.aci.module.aci_vrf.aci_rest_managed.pimCtxP",
            "module.aci.module.aci_vrf.aci_rest_managed.pimFabricRPPol",
            "module.aci.module.aci_vrf.aci_rest_managed.pimInterVRFEntryPol",
            "module.aci.module.aci_vrf.aci_rest_managed.pimInterVRFPol",
            "module.aci.module.aci_vrf.aci_rest_managed.pimMAFilterPol",
            "module.aci.module.aci_vrf.aci_rest_managed.pimRPGrpRangePol_fabric_rp",
            "module.aci.module.aci_vrf.aci_rest_managed.pimRPGrpRangePol_static_rp",
            "module.aci.module.aci_vrf.aci_rest_managed.pimRegTrPol",
            "module.aci.module.aci_vrf.aci_rest_managed.pimResPol",
            "module.aci.module.aci_vrf.aci_rest_managed.pimSGRangeExpPol",
            "module.aci.module.aci_vrf.aci_rest_managed.pimSSMPatPol",
            "module.aci.module.aci_vrf.aci_rest_managed.pimSSMRangePol",
            "module.aci.module.aci_vrf.aci_rest_managed.pimSharedRangePol",
            "module.aci.module.aci_vrf.aci_rest_managed.pimStaticRPEntryPol_fabric_rp",
            "module.aci.module.aci_vrf.aci_rest_managed.pimStaticRPEntryPol_static_rp",
            "module.aci.module.aci_vrf.aci_rest_managed.pimStaticRPPol",
            "module.aci.module.aci_vrf.aci_rest_managed.rtdmcRsFilterToRtMapPol_asm_sg_expiry",
            "module.aci.module.aci_vrf.aci_rest_managed.rtdmcRsFilterToRtMapPol_asm_shared",
            "module.aci.module.aci_vrf.aci_rest_managed.rtdmcRsFilterToRtMapPol_auto_rp",
            "module.aci.module.aci_vrf.aci_rest_managed.rtdmcRsFilterToRtMapPol_bsr",
            "module.aci.module.aci_vrf.aci_rest_managed.rtdmcRsFilterToRtMapPol_fabric_rp",
            "module.aci.module.aci_vrf.aci_rest_managed.rtdmcRsFilterToRtMapPol_pim_inter_vrf",
            "module.aci.module.aci_vrf.aci_rest_managed.rtdmcRsFilterToRtMapPol_ssm_range",
            "module.aci.module.aci_vrf.aci_rest_managed.rtdmcRsFilterToRtMapPol_static_rp",
            "module.aci.module.aci_vrf.aci_rest_managed.vzAny",
            "module.aci.module.aci_vrf.aci_rest_managed.vzRsAnyToCons",
            "module.aci.module.aci_vrf.aci_rest_managed.vzRsAnyToConsIf",
            "module.aci.module.aci_vrf.aci_rest_managed.vzRsAnyToProv"
          ]
        }
      ]
    },
    {
      "module": "module.aci.module.aci_bridge_domain[\"common/vlan-3004\"]",
      "mode": "managed",
      "type": "aci_rest_managed",
      "name": "fvRsCtx",
      "provider": "provider[\"registry.terraform.io/ciscodevnet/aci\"]",
      "instances": [
        {
          "schema_version": 0,
          "attributes": {
            "annotation": "orchestrator:terraform",
            "child": [],
            "class_name": "fvRsCtx",
            "content": {
              "tnFvCtxName": "common.vrf-01"
            },
            "dn": "uni/tn-common/BD-vlan-3004/rsctx",
            "escape_html": true,
            "id": "uni/tn-common/BD-vlan-3004/rsctx"
          },
          "sensitive_attributes": [],
          "dependencies": [
            "module.aci.data.utils_yaml_merge.defaults",
            "module.aci.data.utils_yaml_merge.model",
            "module.aci.module.aci_bfd_interface_policy.aci_rest_managed.bfdIfPol",
            "module.aci.module.aci_bgp_timer_policy.aci_rest_managed.bgpCtxPol",
            "module.aci.module.aci_bridge_domain.aci_rest_managed.fvBD",
            "module.aci.module.aci_contract.aci_rest_managed.vzBrCP",
            "module.aci.module.aci_contract.aci_rest_managed.vzRsSubjFiltAtt",
            "module.aci.module.aci_contract.aci_rest_managed.vzRsSubjGraphAtt",
            "module.aci.module.aci_contract.aci_rest_managed.vzSubj",
            "module.aci.module.aci_dhcp_option_policy.aci_rest_managed.dhcpOption",
            "module.aci.module.aci_dhcp_option_policy.aci_rest_managed.dhcpOptionPol",
            "module.aci.module.aci_dhcp_relay_policy.aci_rest_managed.dhcpRelayP",
            "module.aci.module.aci_dhcp_relay_policy.aci_rest_managed.dhcpRsProv",
            "module.aci.module.aci_filter.aci_rest_managed.vzEntry",
            "module.aci.module.aci_filter.aci_rest_managed.vzFilter",
            "module.aci.module.aci_imported_contract.aci_rest_managed.vzCPIf",
            "module.aci.module.aci_imported_contract.aci_rest_managed.vzRsIf",
            "module.aci.module.aci_l3out.aci_rest_managed.bgpExtP",
            "module.aci.module.aci_l3out.aci_rest_managed.l3extDefaultRouteLeakP",
            "module.aci.module.aci_l3out.aci_rest_managed.l3extOut",
            "module.aci.module.aci_l3out.aci_rest_managed.l3extRsDampeningPol_ipv4",
            "module.aci.module.aci_l3out.aci_rest_managed.l3extRsDampeningPol_ipv6",
            "module.aci.module.aci_l3out.aci_rest_managed.l3extRsEctx",
            "module.aci.module.aci_l3out.aci_rest_managed.l3extRsInterleakPol",
            "module.aci.module.aci_l3out.aci_rest_managed.l3extRsL3DomAtt",
            "module.aci.module.aci_l3out.aci_rest_managed.l3extRsRedistributePol",
            "module.aci.module.aci_l3out.aci_rest_managed.ospfExtP",
            "module.aci.module.aci_l3out.aci_rest_managed.pimExtP",
            "module.aci.module.aci_l3out.aci_rest_managed.rtctrlCtxP_export",
            "module.aci.module.aci_l3out.aci_rest_managed.rtctrlCtxP_import",
            "module.aci.module.aci_l3out.aci_rest_managed.rtctrlProfile_export",
            "module.aci.module.aci_l3out.aci_rest_managed.rtctrlProfile_import",
            "module.aci.module.aci_l3out.aci_rest_managed.rtctrlRsCtxPToSubjP_export",
            "module.aci.module.aci_l3out.aci_rest_managed.rtctrlRsCtxPToSubjP_import",
            "module.aci.module.aci_l3out.aci_rest_managed.rtctrlRsScopeToAttrP_export",
            "module.aci.module.aci_l3out.aci_rest_managed.rtctrlRsScopeToAttrP_import",
            "module.aci.module.aci_l3out.aci_rest_managed.rtctrlScope_export",
            "module.aci.module.aci_l3out.aci_rest_managed.rtctrlScope_import",
            "module.aci.module.aci_match_rule.aci_rest_managed.rtctrlMatchCommFactor",
            "module.aci.module.aci_match_rule.aci_rest_managed.rtctrlMatchCommRegexTerm",
            "module.aci.module.aci_match_rule.aci_rest_managed.rtctrlMatchCommTerm",
            "module.aci.module.aci_match_rule.aci_rest_managed.rtctrlMatchRtDest",
            "module.aci.module.aci_match_rule.aci_rest_managed.rtctrlSubjP",
            "module.aci.module.aci_ospf_interface_policy.aci_rest_managed.ospfIfPol",
            "module.aci.module.aci_set_rule.aci_rest_managed.rtctrlAttrP",
            "module.aci.module.aci_set_rule.aci_rest_managed.rtctrlSetASPath",
            "module.aci.module.aci_set_rule.aci_rest_managed.rtctrlSetASPathASN",
            "module.aci.module.aci_set_rule.aci_rest_managed.rtctrlSetAddComm",
            "module.aci.module.aci_set_rule.aci_rest_managed.rtctrlSetComm",
            "module.aci.module.aci_set_rule.aci_rest_managed.rtctrlSetDamp",
            "module.aci.module.aci_set_rule.aci_rest_managed.rtctrlSetNh",
            "module.aci.module.aci_set_rule.aci_rest_managed.rtctrlSetNhUnchanged",
            "module.aci.module.aci_set_rule.aci_rest_managed.rtctrlSetPref",
            "module.aci.module.aci_set_rule.aci_rest_managed.rtctrlSetRedistMultipath",
            "module.aci.module.aci_set_rule.aci_rest_managed.rtctrlSetRtMetric",
            "module.aci.module.aci_set_rule.aci_rest_managed.rtctrlSetRtMetricType",
            "module.aci.module.aci_set_rule.aci_rest_managed.rtctrlSetTag",
            "module.aci.module.aci_set_rule.aci_rest_managed.rtctrlSetWeight",
            "module.aci.module.aci_tenant.aci_rest_managed.fvTenant",
            "module.aci.module.aci_vrf.aci_rest_managed.bgpRtTargetP_ipv4",
            "module.aci.module.aci_vrf.aci_rest_managed.bgpRtTargetP_ipv6",
            "module.aci.module.aci_vrf.aci_rest_managed.bgpRtTarget_ipv4_export",
            "module.aci.module.aci_vrf.aci_rest_managed.bgpRtTarget_ipv4_import",
            "module.aci.module.aci_vrf.aci_rest_managed.bgpRtTarget_ipv6_export",
            "module.aci.module.aci_vrf.aci_rest_managed.bgpRtTarget_ipv6_import",
            "module.aci.module.aci_vrf.aci_rest_managed.dnsLbl",
            "module.aci.module.aci_vrf.aci_rest_managed.fvCtx",
            "module.aci.module.aci_vrf.aci_rest_managed.fvRsBgpCtxPol",
            "module.aci.module.aci_vrf.aci_rest_managed.fvRsCtxToBgpCtxAfPol_ipv4",
            "module.aci.module.aci_vrf.aci_rest_managed.fvRsCtxToBgpCtxAfPol_ipv6",
            "module.aci.module.aci_vrf.aci_rest_managed.igmpCtxP",
            "module.aci.module.aci_vrf.aci_rest_managed.igmpSSMXlateP",
            "module.aci.module.aci_vrf.aci_rest_managed.leakExternalPrefix",
            "module.aci.module.aci_vrf.aci_rest_managed.leakInternalSubnet",
            "module.aci.module.aci_vrf.aci_rest_managed.leakRoutes",
            "module.aci.module.aci_vrf.aci_rest_managed.leakTo_external",
            "module.aci.module.aci_vrf.aci_rest_managed.leakTo_internal",
            "module.aci.module.aci_vrf.aci_rest_managed.pimASMPatPol",
            "module.aci.module.aci_vrf.aci_rest_managed.pimAutoRPPol",
            "module.aci.module.aci_vrf.aci_rest_managed.pimBSRFilterPol",
            "module.aci.module.aci_vrf.aci_rest_managed.pimBSRPPol",
            "module.aci.module.aci_vrf.aci_rest_managed.pimCtxP",
            "module.aci.module.aci_vrf.aci_rest_managed.pimFabricRPPol",
            "module.aci.module.aci_vrf.aci_rest_managed.pimInterVRFEntryPol",
            "module.aci.module.aci_vrf.aci_rest_managed.pimInterVRFPol",
            "module.aci.module.aci_vrf.aci_rest_managed.pimMAFilterPol",
            "module.aci.module.aci_vrf.aci_rest_managed.pimRPGrpRangePol_fabric_rp",
            "module.aci.module.aci_vrf.aci_rest_managed.pimRPGrpRangePol_static_rp",
            "module.aci.module.aci_vrf.aci_rest_managed.pimRegTrPol",
            "module.aci.module.aci_vrf.aci_rest_managed.pimResPol",
            "module.aci.module.aci_vrf.aci_rest_managed.pimSGRangeExpPol",
            "module.aci.module.aci_vrf.aci_rest_managed.pimSSMPatPol",
            "module.aci.module.aci_vrf.aci_rest_managed.pimSSMRangePol",
            "module.aci.module.aci_vrf.aci_rest_managed.pimSharedRangePol",
            "module.aci.module.aci_vrf.aci_rest_managed.pimStaticRPEntryPol_fabric_rp",
            "module.aci.module.aci_vrf.aci_rest_managed.pimStaticRPEntryPol_static_rp",
            "module.aci.module.aci_vrf.aci_rest_managed.pimStaticRPPol",
            "module.aci.module.aci_vrf.aci_rest_managed.rtdmcRsFilterToRtMapPol_asm_sg_expiry",
            "module.aci.module.aci_vrf.aci_rest_managed.rtdmcRsFilterToRtMapPol_asm_shared",
            "module.aci.module.aci_vrf.aci_rest_managed.rtdmcRsFilterToRtMapPol_auto_rp",
            "module.aci.module.aci_vrf.aci_rest_managed.rtdmcRsFilterToRtMapPol_bsr",
            "module.aci.module.aci_vrf.aci_rest_managed.rtdmcRsFilterToRtMapPol_fabric_rp",
            "module.aci.module.aci_vrf.aci_rest_managed.rtdmcRsFilterToRtMapPol_pim_inter_vrf",
            "module.aci.module.aci_vrf.aci_rest_managed.rtdmcRsFilterToRtMapPol_ssm_range",
            "module.aci.module.aci_vrf.aci_rest_managed.rtdmcRsFilterToRtMapPol_static_rp",
            "module.aci.module.aci_vrf.aci_rest_managed.vzAny",
            "module.aci.module.aci_vrf.aci_rest_managed.vzRsAnyToCons",
            "module.aci.module.aci_vrf.aci_rest_managed.vzRsAnyToConsIf",
            "module.aci.module.aci_vrf.aci_rest_managed.vzRsAnyToProv"
          ]
        }
      ]
    },
    {
      "module": "module.aci.module.aci_bridge_domain[\"common/vlan-992\"]",
      "mode": "managed",
      "type": "aci_rest_managed",
      "name": "fvBD",
      "provider": "provider[\"registry.terraform.io/ciscodevnet/aci\"]",
      "instances": [
        {
          "schema_version": 0,
          "attributes": {
            "annotation": "orchestrator:terraform",
            "child": [],
            "class_name": "fvBD",
            "content": {
              "arpFlood": "yes",
              "descr": "ESX management with gateway on Production fabric",
              "epMoveDetectMode": "",
              "hostBasedRouting": "no",
              "ipLearning": "yes",
              "limitIpLearnToSubnets": "yes",
              "mac": "00:22:BD:F8:19:FF",
              "mcastAllow": "no",
              "multiDstPktAct": "bd-flood",
              "name": "vlan-992",
              "nameAlias": "",
              "type": "regular",
              "unicastRoute": "no",
              "unkMacUcastAct": "flood",
              "unkMcastAct": "flood",
              "v6unkMcastAct": "flood",
              "vmac": ""
            },
            "dn": "uni/tn-common/BD-vlan-992",
            "escape_html": true,
            "id": "uni/tn-common/BD-vlan-992"
          },
          "sensitive_attributes": [],
          "dependencies": [
            "module.aci.data.utils_yaml_merge.defaults",
            "module.aci.data.utils_yaml_merge.model",
            "module.aci.module.aci_bfd_interface_policy.aci_rest_managed.bfdIfPol",
            "module.aci.module.aci_bgp_timer_policy.aci_rest_managed.bgpCtxPol",
            "module.aci.module.aci_contract.aci_rest_managed.vzBrCP",
            "module.aci.module.aci_contract.aci_rest_managed.vzRsSubjFiltAtt",
            "module.aci.module.aci_contract.aci_rest_managed.vzRsSubjGraphAtt",
            "module.aci.module.aci_contract.aci_rest_managed.vzSubj",
            "module.aci.module.aci_dhcp_option_policy.aci_rest_managed.dhcpOption",
            "module.aci.module.aci_dhcp_option_policy.aci_rest_managed.dhcpOptionPol",
            "module.aci.module.aci_dhcp_relay_policy.aci_rest_managed.dhcpRelayP",
            "module.aci.module.aci_dhcp_relay_policy.aci_rest_managed.dhcpRsProv",
            "module.aci.module.aci_filter.aci_rest_managed.vzEntry",
            "module.aci.module.aci_filter.aci_rest_managed.vzFilter",
            "module.aci.module.aci_imported_contract.aci_rest_managed.vzCPIf",
            "module.aci.module.aci_imported_contract.aci_rest_managed.vzRsIf",
            "module.aci.module.aci_l3out.aci_rest_managed.bgpExtP",
            "module.aci.module.aci_l3out.aci_rest_managed.l3extDefaultRouteLeakP",
            "module.aci.module.aci_l3out.aci_rest_managed.l3extOut",
            "module.aci.module.aci_l3out.aci_rest_managed.l3extRsDampeningPol_ipv4",
            "module.aci.module.aci_l3out.aci_rest_managed.l3extRsDampeningPol_ipv6",
            "module.aci.module.aci_l3out.aci_rest_managed.l3extRsEctx",
            "module.aci.module.aci_l3out.aci_rest_managed.l3extRsInterleakPol",
            "module.aci.module.aci_l3out.aci_rest_managed.l3extRsL3DomAtt",
            "module.aci.module.aci_l3out.aci_rest_managed.l3extRsRedistributePol",
            "module.aci.module.aci_l3out.aci_rest_managed.ospfExtP",
            "module.aci.module.aci_l3out.aci_rest_managed.pimExtP",
            "module.aci.module.aci_l3out.aci_rest_managed.rtctrlCtxP_export",
            "module.aci.module.aci_l3out.aci_rest_managed.rtctrlCtxP_import",
            "module.aci.module.aci_l3out.aci_rest_managed.rtctrlProfile_export",
            "module.aci.module.aci_l3out.aci_rest_managed.rtctrlProfile_import",
            "module.aci.module.aci_l3out.aci_rest_managed.rtctrlRsCtxPToSubjP_export",
            "module.aci.module.aci_l3out.aci_rest_managed.rtctrlRsCtxPToSubjP_import",
            "module.aci.module.aci_l3out.aci_rest_managed.rtctrlRsScopeToAttrP_export",
            "module.aci.module.aci_l3out.aci_rest_managed.rtctrlRsScopeToAttrP_import",
            "module.aci.module.aci_l3out.aci_rest_managed.rtctrlScope_export",
            "module.aci.module.aci_l3out.aci_rest_managed.rtctrlScope_import",
            "module.aci.module.aci_match_rule.aci_rest_managed.rtctrlMatchCommFactor",
            "module.aci.module.aci_match_rule.aci_rest_managed.rtctrlMatchCommRegexTerm",
            "module.aci.module.aci_match_rule.aci_rest_managed.rtctrlMatchCommTerm",
            "module.aci.module.aci_match_rule.aci_rest_managed.rtctrlMatchRtDest",
            "module.aci.module.aci_match_rule.aci_rest_managed.rtctrlSubjP",
            "module.aci.module.aci_ospf_interface_policy.aci_rest_managed.ospfIfPol",
            "module.aci.module.aci_set_rule.aci_rest_managed.rtctrlAttrP",
            "module.aci.module.aci_set_rule.aci_rest_managed.rtctrlSetASPath",
            "module.aci.module.aci_set_rule.aci_rest_managed.rtctrlSetASPathASN",
            "module.aci.module.aci_set_rule.aci_rest_managed.rtctrlSetAddComm",
            "module.aci.module.aci_set_rule.aci_rest_managed.rtctrlSetComm",
            "module.aci.module.aci_set_rule.aci_rest_managed.rtctrlSetDamp",
            "module.aci.module.aci_set_rule.aci_rest_managed.rtctrlSetNh",
            "module.aci.module.aci_set_rule.aci_rest_managed.rtctrlSetNhUnchanged",
            "module.aci.module.aci_set_rule.aci_rest_managed.rtctrlSetPref",
            "module.aci.module.aci_set_rule.aci_rest_managed.rtctrlSetRedistMultipath",
            "module.aci.module.aci_set_rule.aci_rest_managed.rtctrlSetRtMetric",
            "module.aci.module.aci_set_rule.aci_rest_managed.rtctrlSetRtMetricType",
            "module.aci.module.aci_set_rule.aci_rest_managed.rtctrlSetTag",
            "module.aci.module.aci_set_rule.aci_rest_managed.rtctrlSetWeight",
            "module.aci.module.aci_tenant.aci_rest_managed.fvTenant",
            "module.aci.module.aci_vrf.aci_rest_managed.bgpRtTargetP_ipv4",
            "module.aci.module.aci_vrf.aci_rest_managed.bgpRtTargetP_ipv6",
            "module.aci.module.aci_vrf.aci_rest_managed.bgpRtTarget_ipv4_export",
            "module.aci.module.aci_vrf.aci_rest_managed.bgpRtTarget_ipv4_import",
            "module.aci.module.aci_vrf.aci_rest_managed.bgpRtTarget_ipv6_export",
            "module.aci.module.aci_vrf.aci_rest_managed.bgpRtTarget_ipv6_import",
            "module.aci.module.aci_vrf.aci_rest_managed.dnsLbl",
            "module.aci.module.aci_vrf.aci_rest_managed.fvCtx",
            "module.aci.module.aci_vrf.aci_rest_managed.fvRsBgpCtxPol",
            "module.aci.module.aci_vrf.aci_rest_managed.fvRsCtxToBgpCtxAfPol_ipv4",
            "module.aci.module.aci_vrf.aci_rest_managed.fvRsCtxToBgpCtxAfPol_ipv6",
            "module.aci.module.aci_vrf.aci_rest_managed.igmpCtxP",
            "module.aci.module.aci_vrf.aci_rest_managed.igmpSSMXlateP",
            "module.aci.module.aci_vrf.aci_rest_managed.leakExternalPrefix",
            "module.aci.module.aci_vrf.aci_rest_managed.leakInternalSubnet",
            "module.aci.module.aci_vrf.aci_rest_managed.leakRoutes",
            "module.aci.module.aci_vrf.aci_rest_managed.leakTo_external",
            "module.aci.module.aci_vrf.aci_rest_managed.leakTo_internal",
            "module.aci.module.aci_vrf.aci_rest_managed.pimASMPatPol",
            "module.aci.module.aci_vrf.aci_rest_managed.pimAutoRPPol",
            "module.aci.module.aci_vrf.aci_rest_managed.pimBSRFilterPol",
            "module.aci.module.aci_vrf.aci_rest_managed.pimBSRPPol",
            "module.aci.module.aci_vrf.aci_rest_managed.pimCtxP",
            "module.aci.module.aci_vrf.aci_rest_managed.pimFabricRPPol",
            "module.aci.module.aci_vrf.aci_rest_managed.pimInterVRFEntryPol",
            "module.aci.module.aci_vrf.aci_rest_managed.pimInterVRFPol",
            "module.aci.module.aci_vrf.aci_rest_managed.pimMAFilterPol",
            "module.aci.module.aci_vrf.aci_rest_managed.pimRPGrpRangePol_fabric_rp",
            "module.aci.module.aci_vrf.aci_rest_managed.pimRPGrpRangePol_static_rp",
            "module.aci.module.aci_vrf.aci_rest_managed.pimRegTrPol",
            "module.aci.module.aci_vrf.aci_rest_managed.pimResPol",
            "module.aci.module.aci_vrf.aci_rest_managed.pimSGRangeExpPol",
            "module.aci.module.aci_vrf.aci_rest_managed.pimSSMPatPol",
            "module.aci.module.aci_vrf.aci_rest_managed.pimSSMRangePol",
            "module.aci.module.aci_vrf.aci_rest_managed.pimSharedRangePol",
            "module.aci.module.aci_vrf.aci_rest_managed.pimStaticRPEntryPol_fabric_rp",
            "module.aci.module.aci_vrf.aci_rest_managed.pimStaticRPEntryPol_static_rp",
            "module.aci.module.aci_vrf.aci_rest_managed.pimStaticRPPol",
            "module.aci.module.aci_vrf.aci_rest_managed.rtdmcRsFilterToRtMapPol_asm_sg_expiry",
            "module.aci.module.aci_vrf.aci_rest_managed.rtdmcRsFilterToRtMapPol_asm_shared",
            "module.aci.module.aci_vrf.aci_rest_managed.rtdmcRsFilterToRtMapPol_auto_rp",
            "module.aci.module.aci_vrf.aci_rest_managed.rtdmcRsFilterToRtMapPol_bsr",
            "module.aci.module.aci_vrf.aci_rest_managed.rtdmcRsFilterToRtMapPol_fabric_rp",
            "module.aci.module.aci_vrf.aci_rest_managed.rtdmcRsFilterToRtMapPol_pim_inter_vrf",
            "module.aci.module.aci_vrf.aci_rest_managed.rtdmcRsFilterToRtMapPol_ssm_range",
            "module.aci.module.aci_vrf.aci_rest_managed.rtdmcRsFilterToRtMapPol_static_rp",
            "module.aci.module.aci_vrf.aci_rest_managed.vzAny",
            "module.aci.module.aci_vrf.aci_rest_managed.vzRsAnyToCons",
            "module.aci.module.aci_vrf.aci_rest_managed.vzRsAnyToConsIf",
            "module.aci.module.aci_vrf.aci_rest_managed.vzRsAnyToProv"
          ]
        }
      ]
    },
    {
      "module": "module.aci.module.aci_bridge_domain[\"common/vlan-992\"]",
      "mode": "managed",
      "type": "aci_rest_managed",
      "name": "fvRsCtx",
      "provider": "provider[\"registry.terraform.io/ciscodevnet/aci\"]",
      "instances": [
        {
          "schema_version": 0,
          "attributes": {
            "annotation": "orchestrator:terraform",
            "child": [],
            "class_name": "fvRsCtx",
            "content": {
              "tnFvCtxName": "common.vrf-01"
            },
            "dn": "uni/tn-common/BD-vlan-992/rsctx",
            "escape_html": true,
            "id": "uni/tn-common/BD-vlan-992/rsctx"
          },
          "sensitive_attributes": [],
          "dependencies": [
            "module.aci.data.utils_yaml_merge.defaults",
            "module.aci.data.utils_yaml_merge.model",
            "module.aci.module.aci_bfd_interface_policy.aci_rest_managed.bfdIfPol",
            "module.aci.module.aci_bgp_timer_policy.aci_rest_managed.bgpCtxPol",
            "module.aci.module.aci_bridge_domain.aci_rest_managed.fvBD",
            "module.aci.module.aci_contract.aci_rest_managed.vzBrCP",
            "module.aci.module.aci_contract.aci_rest_managed.vzRsSubjFiltAtt",
            "module.aci.module.aci_contract.aci_rest_managed.vzRsSubjGraphAtt",
            "module.aci.module.aci_contract.aci_rest_managed.vzSubj",
            "module.aci.module.aci_dhcp_option_policy.aci_rest_managed.dhcpOption",
            "module.aci.module.aci_dhcp_option_policy.aci_rest_managed.dhcpOptionPol",
            "module.aci.module.aci_dhcp_relay_policy.aci_rest_managed.dhcpRelayP",
            "module.aci.module.aci_dhcp_relay_policy.aci_rest_managed.dhcpRsProv",
            "module.aci.module.aci_filter.aci_rest_managed.vzEntry",
            "module.aci.module.aci_filter.aci_rest_managed.vzFilter",
            "module.aci.module.aci_imported_contract.aci_rest_managed.vzCPIf",
            "module.aci.module.aci_imported_contract.aci_rest_managed.vzRsIf",
            "module.aci.module.aci_l3out.aci_rest_managed.bgpExtP",
            "module.aci.module.aci_l3out.aci_rest_managed.l3extDefaultRouteLeakP",
            "module.aci.module.aci_l3out.aci_rest_managed.l3extOut",
            "module.aci.module.aci_l3out.aci_rest_managed.l3extRsDampeningPol_ipv4",
            "module.aci.module.aci_l3out.aci_rest_managed.l3extRsDampeningPol_ipv6",
            "module.aci.module.aci_l3out.aci_rest_managed.l3extRsEctx",
            "module.aci.module.aci_l3out.aci_rest_managed.l3extRsInterleakPol",
            "module.aci.module.aci_l3out.aci_rest_managed.l3extRsL3DomAtt",
            "module.aci.module.aci_l3out.aci_rest_managed.l3extRsRedistributePol",
            "module.aci.module.aci_l3out.aci_rest_managed.ospfExtP",
            "module.aci.module.aci_l3out.aci_rest_managed.pimExtP",
            "module.aci.module.aci_l3out.aci_rest_managed.rtctrlCtxP_export",
            "module.aci.module.aci_l3out.aci_rest_managed.rtctrlCtxP_import",
            "module.aci.module.aci_l3out.aci_rest_managed.rtctrlProfile_export",
            "module.aci.module.aci_l3out.aci_rest_managed.rtctrlProfile_import",
            "module.aci.module.aci_l3out.aci_rest_managed.rtctrlRsCtxPToSubjP_export",
            "module.aci.module.aci_l3out.aci_rest_managed.rtctrlRsCtxPToSubjP_import",
            "module.aci.module.aci_l3out.aci_rest_managed.rtctrlRsScopeToAttrP_export",
            "module.aci.module.aci_l3out.aci_rest_managed.rtctrlRsScopeToAttrP_import",
            "module.aci.module.aci_l3out.aci_rest_managed.rtctrlScope_export",
            "module.aci.module.aci_l3out.aci_rest_managed.rtctrlScope_import",
            "module.aci.module.aci_match_rule.aci_rest_managed.rtctrlMatchCommFactor",
            "module.aci.module.aci_match_rule.aci_rest_managed.rtctrlMatchCommRegexTerm",
            "module.aci.module.aci_match_rule.aci_rest_managed.rtctrlMatchCommTerm",
            "module.aci.module.aci_match_rule.aci_rest_managed.rtctrlMatchRtDest",
            "module.aci.module.aci_match_rule.aci_rest_managed.rtctrlSubjP",
            "module.aci.module.aci_ospf_interface_policy.aci_rest_managed.ospfIfPol",
            "module.aci.module.aci_set_rule.aci_rest_managed.rtctrlAttrP",
            "module.aci.module.aci_set_rule.aci_rest_managed.rtctrlSetASPath",
            "module.aci.module.aci_set_rule.aci_rest_managed.rtctrlSetASPathASN",
            "module.aci.module.aci_set_rule.aci_rest_managed.rtctrlSetAddComm",
            "module.aci.module.aci_set_rule.aci_rest_managed.rtctrlSetComm",
            "module.aci.module.aci_set_rule.aci_rest_managed.rtctrlSetDamp",
            "module.aci.module.aci_set_rule.aci_rest_managed.rtctrlSetNh",
            "module.aci.module.aci_set_rule.aci_rest_managed.rtctrlSetNhUnchanged",
            "module.aci.module.aci_set_rule.aci_rest_managed.rtctrlSetPref",
            "module.aci.module.aci_set_rule.aci_rest_managed.rtctrlSetRedistMultipath",
            "module.aci.module.aci_set_rule.aci_rest_managed.rtctrlSetRtMetric",
            "module.aci.module.aci_set_rule.aci_rest_managed.rtctrlSetRtMetricType",
            "module.aci.module.aci_set_rule.aci_rest_managed.rtctrlSetTag",
            "module.aci.module.aci_set_rule.aci_rest_managed.rtctrlSetWeight",
            "module.aci.module.aci_tenant.aci_rest_managed.fvTenant",
            "module.aci.module.aci_vrf.aci_rest_managed.bgpRtTargetP_ipv4",
            "module.aci.module.aci_vrf.aci_rest_managed.bgpRtTargetP_ipv6",
            "module.aci.module.aci_vrf.aci_rest_managed.bgpRtTarget_ipv4_export",
            "module.aci.module.aci_vrf.aci_rest_managed.bgpRtTarget_ipv4_import",
            "module.aci.module.aci_vrf.aci_rest_managed.bgpRtTarget_ipv6_export",
            "module.aci.module.aci_vrf.aci_rest_managed.bgpRtTarget_ipv6_import",
            "module.aci.module.aci_vrf.aci_rest_managed.dnsLbl",
            "module.aci.module.aci_vrf.aci_rest_managed.fvCtx",
            "module.aci.module.aci_vrf.aci_rest_managed.fvRsBgpCtxPol",
            "module.aci.module.aci_vrf.aci_rest_managed.fvRsCtxToBgpCtxAfPol_ipv4",
            "module.aci.module.aci_vrf.aci_rest_managed.fvRsCtxToBgpCtxAfPol_ipv6",
            "module.aci.module.aci_vrf.aci_rest_managed.igmpCtxP",
            "module.aci.module.aci_vrf.aci_rest_managed.igmpSSMXlateP",
            "module.aci.module.aci_vrf.aci_rest_managed.leakExternalPrefix",
            "module.aci.module.aci_vrf.aci_rest_managed.leakInternalSubnet",
            "module.aci.module.aci_vrf.aci_rest_managed.leakRoutes",
            "module.aci.module.aci_vrf.aci_rest_managed.leakTo_external",
            "module.aci.module.aci_vrf.aci_rest_managed.leakTo_internal",
            "module.aci.module.aci_vrf.aci_rest_managed.pimASMPatPol",
            "module.aci.module.aci_vrf.aci_rest_managed.pimAutoRPPol",
            "module.aci.module.aci_vrf.aci_rest_managed.pimBSRFilterPol",
            "module.aci.module.aci_vrf.aci_rest_managed.pimBSRPPol",
            "module.aci.module.aci_vrf.aci_rest_managed.pimCtxP",
            "module.aci.module.aci_vrf.aci_rest_managed.pimFabricRPPol",
            "module.aci.module.aci_vrf.aci_rest_managed.pimInterVRFEntryPol",
            "module.aci.module.aci_vrf.aci_rest_managed.pimInterVRFPol",
            "module.aci.module.aci_vrf.aci_rest_managed.pimMAFilterPol",
            "module.aci.module.aci_vrf.aci_rest_managed.pimRPGrpRangePol_fabric_rp",
            "module.aci.module.aci_vrf.aci_rest_managed.pimRPGrpRangePol_static_rp",
            "module.aci.module.aci_vrf.aci_rest_managed.pimRegTrPol",
            "module.aci.module.aci_vrf.aci_rest_managed.pimResPol",
            "module.aci.module.aci_vrf.aci_rest_managed.pimSGRangeExpPol",
            "module.aci.module.aci_vrf.aci_rest_managed.pimSSMPatPol",
            "module.aci.module.aci_vrf.aci_rest_managed.pimSSMRangePol",
            "module.aci.module.aci_vrf.aci_rest_managed.pimSharedRangePol",
            "module.aci.module.aci_vrf.aci_rest_managed.pimStaticRPEntryPol_fabric_rp",
            "module.aci.module.aci_vrf.aci_rest_managed.pimStaticRPEntryPol_static_rp",
            "module.aci.module.aci_vrf.aci_rest_managed.pimStaticRPPol",
            "module.aci.module.aci_vrf.aci_rest_managed.rtdmcRsFilterToRtMapPol_asm_sg_expiry",
            "module.aci.module.aci_vrf.aci_rest_managed.rtdmcRsFilterToRtMapPol_asm_shared",
            "module.aci.module.aci_vrf.aci_rest_managed.rtdmcRsFilterToRtMapPol_auto_rp",
            "module.aci.module.aci_vrf.aci_rest_managed.rtdmcRsFilterToRtMapPol_bsr",
            "module.aci.module.aci_vrf.aci_rest_managed.rtdmcRsFilterToRtMapPol_fabric_rp",
            "module.aci.module.aci_vrf.aci_rest_managed.rtdmcRsFilterToRtMapPol_pim_inter_vrf",
            "module.aci.module.aci_vrf.aci_rest_managed.rtdmcRsFilterToRtMapPol_ssm_range",
            "module.aci.module.aci_vrf.aci_rest_managed.rtdmcRsFilterToRtMapPol_static_rp",
            "module.aci.module.aci_vrf.aci_rest_managed.vzAny",
            "module.aci.module.aci_vrf.aci_rest_managed.vzRsAnyToCons",
            "module.aci.module.aci_vrf.aci_rest_managed.vzRsAnyToConsIf",
            "module.aci.module.aci_vrf.aci_rest_managed.vzRsAnyToProv"
          ]
        }
      ]
    },
    {
      "module": "module.aci.module.aci_dhcp_relay_policy[\"common/dhcp.uktme.cisco.com\"]",
      "mode": "managed",
      "type": "aci_rest_managed",
      "name": "dhcpRelayP",
      "provider": "provider[\"registry.terraform.io/ciscodevnet/aci\"]",
      "instances": [
        {
          "schema_version": 0,
          "attributes": {
            "annotation": "orchestrator:terraform",
            "child": [],
            "class_name": "dhcpRelayP",
            "content": {
              "descr": "dhcp.uktme.cisco.com",
              "name": "dhcp.uktme.cisco.com",
              "owner": "tenant"
            },
            "dn": "uni/tn-common/relayp-dhcp.uktme.cisco.com",
            "escape_html": true,
            "id": "uni/tn-common/relayp-dhcp.uktme.cisco.com"
          },
          "sensitive_attributes": [],
          "dependencies": [
            "module.aci.data.utils_yaml_merge.defaults",
            "module.aci.data.utils_yaml_merge.model",
            "module.aci.module.aci_tenant.aci_rest_managed.fvTenant"
          ]
        }
      ]
    },
    {
      "module": "module.aci.module.aci_dhcp_relay_policy[\"common/dhcp.uktme.cisco.com\"]",
      "mode": "managed",
      "type": "aci_rest_managed",
      "name": "dhcpRsProv",
      "provider": "provider[\"registry.terraform.io/ciscodevnet/aci\"]",
      "instances": [
        {
          "index_key": "10.237.97.133",
          "schema_version": 0,
          "attributes": {
            "annotation": "orchestrator:terraform",
            "child": [],
            "class_name": "dhcpRsProv",
            "content": {
              "addr": "10.237.97.133",
              "tDn": "uni/tn-shared-services/out-shared-services.vrf-01-ospf-area-0.0.0.1/instP-all-external-subnets"
            },
            "dn": "uni/tn-common/relayp-dhcp.uktme.cisco.com/rsprov-[uni/tn-shared-services/out-shared-services.vrf-01-ospf-area-0.0.0.1/instP-all-external-subnets]",
            "escape_html": true,
            "id": "uni/tn-common/relayp-dhcp.uktme.cisco.com/rsprov-[uni/tn-shared-services/out-shared-services.vrf-01-ospf-area-0.0.0.1/instP-all-external-subnets]"
          },
          "sensitive_attributes": [],
          "dependencies": [
            "module.aci.data.utils_yaml_merge.defaults",
            "module.aci.data.utils_yaml_merge.model",
            "module.aci.module.aci_dhcp_relay_policy.aci_rest_managed.dhcpRelayP",
            "module.aci.module.aci_tenant.aci_rest_managed.fvTenant"
          ]
        }
      ]
    },
    {
      "module": "module.aci.module.aci_filter[\"common/icmp\"]",
      "mode": "managed",
      "type": "aci_rest_managed",
      "name": "vzEntry",
      "provider": "provider[\"registry.terraform.io/ciscodevnet/aci\"]",
      "instances": [
        {
          "index_key": "icmp",
          "schema_version": 0,
          "attributes": {
            "annotation": "orchestrator:terraform",
            "child": [],
            "class_name": "vzEntry",
            "content": {
              "dFromPort": "unspecified",
              "dToPort": "unspecified",
              "descr": "",
              "etherT": "ip",
              "name": "icmp",
              "nameAlias": "",
              "prot": "icmp",
              "sFromPort": "unspecified",
              "sToPort": "unspecified",
              "stateful": "no"
            },
            "dn": "uni/tn-common/flt-icmp/e-icmp",
            "escape_html": true,
            "id": "uni/tn-common/flt-icmp/e-icmp"
          },
          "sensitive_attributes": [],
          "dependencies": [
            "module.aci.data.utils_yaml_merge.defaults",
            "module.aci.data.utils_yaml_merge.model",
            "module.aci.module.aci_filter.aci_rest_managed.vzFilter",
            "module.aci.module.aci_tenant.aci_rest_managed.fvTenant"
          ]
        }
      ]
    },
    {
      "module": "module.aci.module.aci_filter[\"common/icmp\"]",
      "mode": "managed",
      "type": "aci_rest_managed",
      "name": "vzFilter",
      "provider": "provider[\"registry.terraform.io/ciscodevnet/aci\"]",
      "instances": [
        {
          "schema_version": 0,
          "attributes": {
            "annotation": "orchestrator:terraform",
            "child": [],
            "class_name": "vzFilter",
            "content": {
              "descr": "",
              "name": "icmp",
              "nameAlias": ""
            },
            "dn": "uni/tn-common/flt-icmp",
            "escape_html": true,
            "id": "uni/tn-common/flt-icmp"
          },
          "sensitive_attributes": [],
          "dependencies": [
            "module.aci.data.utils_yaml_merge.defaults",
            "module.aci.data.utils_yaml_merge.model",
            "module.aci.module.aci_tenant.aci_rest_managed.fvTenant"
          ]
        }
      ]
    },
    {
      "module": "module.aci.module.aci_filter[\"common/src-any-dst-any\"]",
      "mode": "managed",
      "type": "aci_rest_managed",
      "name": "vzEntry",
      "provider": "provider[\"registry.terraform.io/ciscodevnet/aci\"]",
      "instances": [
        {
          "index_key": "src-any-dst-any",
          "schema_version": 0,
          "attributes": {
            "annotation": "orchestrator:terraform",
            "child": [],
            "class_name": "vzEntry",
            "content": {
              "dFromPort": "unspecified",
              "dToPort": "unspecified",
              "descr": "",
              "etherT": "unspecified",
              "name": "src-any-dst-any",
              "nameAlias": "",
              "prot": null,
              "sFromPort": "unspecified",
              "sToPort": "unspecified",
              "stateful": "no"
            },
            "dn": "uni/tn-common/flt-src-any-dst-any/e-src-any-dst-any",
            "escape_html": true,
            "id": "uni/tn-common/flt-src-any-dst-any/e-src-any-dst-any"
          },
          "sensitive_attributes": [],
          "dependencies": [
            "module.aci.data.utils_yaml_merge.defaults",
            "module.aci.data.utils_yaml_merge.model",
            "module.aci.module.aci_filter.aci_rest_managed.vzFilter",
            "module.aci.module.aci_tenant.aci_rest_managed.fvTenant"
          ]
        }
      ]
    },
    {
      "module": "module.aci.module.aci_filter[\"common/src-any-dst-any\"]",
      "mode": "managed",
      "type": "aci_rest_managed",
      "name": "vzFilter",
      "provider": "provider[\"registry.terraform.io/ciscodevnet/aci\"]",
      "instances": [
        {
          "schema_version": 0,
          "attributes": {
            "annotation": "orchestrator:terraform",
            "child": [],
            "class_name": "vzFilter",
            "content": {
              "descr": "",
              "name": "src-any-dst-any",
              "nameAlias": ""
            },
            "dn": "uni/tn-common/flt-src-any-dst-any",
            "escape_html": true,
            "id": "uni/tn-common/flt-src-any-dst-any"
          },
          "sensitive_attributes": [],
          "dependencies": [
            "module.aci.data.utils_yaml_merge.defaults",
            "module.aci.data.utils_yaml_merge.model",
            "module.aci.module.aci_tenant.aci_rest_managed.fvTenant"
          ]
        }
      ]
    },
    {
      "module": "module.aci.module.aci_imported_contract[\"common/permit-from-core-services\"]",
      "mode": "managed",
      "type": "aci_rest_managed",
      "name": "vzCPIf",
      "provider": "provider[\"registry.terraform.io/ciscodevnet/aci\"]",
      "instances": [
        {
          "schema_version": 0,
          "attributes": {
            "annotation": "orchestrator:terraform",
            "child": [],
            "class_name": "vzCPIf",
            "content": {
              "name": "permit-from-core-services"
            },
            "dn": "uni/tn-common/cif-permit-from-core-services",
            "escape_html": true,
            "id": "uni/tn-common/cif-permit-from-core-services"
          },
          "sensitive_attributes": [],
          "dependencies": [
            "module.aci.data.utils_yaml_merge.defaults",
            "module.aci.data.utils_yaml_merge.model",
            "module.aci.module.aci_tenant.aci_rest_managed.fvTenant"
          ]
        }
      ]
    },
    {
      "module": "module.aci.module.aci_imported_contract[\"common/permit-from-core-services\"]",
      "mode": "managed",
      "type": "aci_rest_managed",
      "name": "vzRsIf",
      "provider": "provider[\"registry.terraform.io/ciscodevnet/aci\"]",
      "instances": [
        {
          "schema_version": 0,
          "attributes": {
            "annotation": "orchestrator:terraform",
            "child": [],
            "class_name": "vzRsIf",
            "content": {
              "tDn": "uni/tn-shared-services/brc-permit-from-core-services"
            },
            "dn": "uni/tn-common/cif-permit-from-core-services/rsif",
            "escape_html": true,
            "id": "uni/tn-common/cif-permit-from-core-services/rsif"
          },
          "sensitive_attributes": [],
          "dependencies": [
            "module.aci.data.utils_yaml_merge.defaults",
            "module.aci.data.utils_yaml_merge.model",
            "module.aci.module.aci_imported_contract.aci_rest_managed.vzCPIf",
            "module.aci.module.aci_tenant.aci_rest_managed.fvTenant"
          ]
        }
      ]
    },
    {
      "module": "module.aci.module.aci_imported_contract[\"common/permit-from-lab-desktops\"]",
      "mode": "managed",
      "type": "aci_rest_managed",
      "name": "vzCPIf",
      "provider": "provider[\"registry.terraform.io/ciscodevnet/aci\"]",
      "instances": [
        {
          "schema_version": 0,
          "attributes": {
            "annotation": "orchestrator:terraform",
            "child": [],
            "class_name": "vzCPIf",
            "content": {
              "name": "permit-from-lab-desktops"
            },
            "dn": "uni/tn-common/cif-permit-from-lab-desktops",
            "escape_html": true,
            "id": "uni/tn-common/cif-permit-from-lab-desktops"
          },
          "sensitive_attributes": [],
          "dependencies": [
            "module.aci.data.utils_yaml_merge.defaults",
            "module.aci.data.utils_yaml_merge.model",
            "module.aci.module.aci_tenant.aci_rest_managed.fvTenant"
          ]
        }
      ]
    },
    {
      "module": "module.aci.module.aci_imported_contract[\"common/permit-from-lab-desktops\"]",
      "mode": "managed",
      "type": "aci_rest_managed",
      "name": "vzRsIf",
      "provider": "provider[\"registry.terraform.io/ciscodevnet/aci\"]",
      "instances": [
        {
          "schema_version": 0,
          "attributes": {
            "annotation": "orchestrator:terraform",
            "child": [],
            "class_name": "vzRsIf",
            "content": {
              "tDn": "uni/tn-shared-services/brc-permit-from-lab-desktops"
            },
            "dn": "uni/tn-common/cif-permit-from-lab-desktops/rsif",
            "escape_html": true,
            "id": "uni/tn-common/cif-permit-from-lab-desktops/rsif"
          },
          "sensitive_attributes": [],
          "dependencies": [
            "module.aci.data.utils_yaml_merge.defaults",
            "module.aci.data.utils_yaml_merge.model",
            "module.aci.module.aci_imported_contract.aci_rest_managed.vzCPIf",
            "module.aci.module.aci_tenant.aci_rest_managed.fvTenant"
          ]
        }
      ]
    },
    {
      "module": "module.aci.module.aci_imported_contract[\"common/permit-to-core-services\"]",
      "mode": "managed",
      "type": "aci_rest_managed",
      "name": "vzCPIf",
      "provider": "provider[\"registry.terraform.io/ciscodevnet/aci\"]",
      "instances": [
        {
          "schema_version": 0,
          "attributes": {
            "annotation": "orchestrator:terraform",
            "child": [],
            "class_name": "vzCPIf",
            "content": {
              "name": "permit-to-core-services"
            },
            "dn": "uni/tn-common/cif-permit-to-core-services",
            "escape_html": true,
            "id": "uni/tn-common/cif-permit-to-core-services"
          },
          "sensitive_attributes": [],
          "dependencies": [
            "module.aci.data.utils_yaml_merge.defaults",
            "module.aci.data.utils_yaml_merge.model",
            "module.aci.module.aci_tenant.aci_rest_managed.fvTenant"
          ]
        }
      ]
    },
    {
      "module": "module.aci.module.aci_imported_contract[\"common/permit-to-core-services\"]",
      "mode": "managed",
      "type": "aci_rest_managed",
      "name": "vzRsIf",
      "provider": "provider[\"registry.terraform.io/ciscodevnet/aci\"]",
      "instances": [
        {
          "schema_version": 0,
          "attributes": {
            "annotation": "orchestrator:terraform",
            "child": [],
            "class_name": "vzRsIf",
            "content": {
              "tDn": "uni/tn-shared-services/brc-permit-to-core-services"
            },
            "dn": "uni/tn-common/cif-permit-to-core-services/rsif",
            "escape_html": true,
            "id": "uni/tn-common/cif-permit-to-core-services/rsif"
          },
          "sensitive_attributes": [],
          "dependencies": [
            "module.aci.data.utils_yaml_merge.defaults",
            "module.aci.data.utils_yaml_merge.model",
            "module.aci.module.aci_imported_contract.aci_rest_managed.vzCPIf",
            "module.aci.module.aci_tenant.aci_rest_managed.fvTenant"
          ]
        }
      ]
    },
    {
      "module": "module.aci.module.aci_imported_contract[\"common/permit-to-shared-services.vrf-01-all-external-subnets\"]",
      "mode": "managed",
      "type": "aci_rest_managed",
      "name": "vzCPIf",
      "provider": "provider[\"registry.terraform.io/ciscodevnet/aci\"]",
      "instances": [
        {
          "schema_version": 0,
          "attributes": {
            "annotation": "orchestrator:terraform",
            "child": [],
            "class_name": "vzCPIf",
            "content": {
              "name": "permit-to-shared-services.vrf-01-all-external-subnets"
            },
            "dn": "uni/tn-common/cif-permit-to-shared-services.vrf-01-all-external-subnets",
            "escape_html": true,
            "id": "uni/tn-common/cif-permit-to-shared-services.vrf-01-all-external-subnets"
          },
          "sensitive_attributes": [],
          "dependencies": [
            "module.aci.data.utils_yaml_merge.defaults",
            "module.aci.data.utils_yaml_merge.model",
            "module.aci.module.aci_tenant.aci_rest_managed.fvTenant"
          ]
        }
      ]
    },
    {
      "module": "module.aci.module.aci_imported_contract[\"common/permit-to-shared-services.vrf-01-all-external-subnets\"]",
      "mode": "managed",
      "type": "aci_rest_managed",
      "name": "vzRsIf",
      "provider": "provider[\"registry.terraform.io/ciscodevnet/aci\"]",
      "instances": [
        {
          "schema_version": 0,
          "attributes": {
            "annotation": "orchestrator:terraform",
            "child": [],
            "class_name": "vzRsIf",
            "content": {
              "tDn": "uni/tn-shared-services/brc-permit-to-shared-services.vrf-01-all-external-subnets"
            },
            "dn": "uni/tn-common/cif-permit-to-shared-services.vrf-01-all-external-subnets/rsif",
            "escape_html": true,
            "id": "uni/tn-common/cif-permit-to-shared-services.vrf-01-all-external-subnets/rsif"
          },
          "sensitive_attributes": [],
          "dependencies": [
            "module.aci.data.utils_yaml_merge.defaults",
            "module.aci.data.utils_yaml_merge.model",
            "module.aci.module.aci_imported_contract.aci_rest_managed.vzCPIf",
            "module.aci.module.aci_tenant.aci_rest_managed.fvTenant"
          ]
        }
      ]
    },
    {
      "module": "module.aci.module.aci_tenant[\"common\"]",
      "mode": "managed",
      "type": "aci_rest_managed",
      "name": "fvTenant",
      "provider": "provider[\"registry.terraform.io/ciscodevnet/aci\"]",
      "instances": [
        {
          "schema_version": 0,
          "attributes": {
            "annotation": "orchestrator:terraform",
            "child": [],
            "class_name": "fvTenant",
            "content": {
              "descr": "",
              "name": "common",
              "nameAlias": ""
            },
            "dn": "uni/tn-common",
            "escape_html": true,
            "id": "uni/tn-common"
          },
          "sensitive_attributes": [],
          "dependencies": [
            "module.aci.data.utils_yaml_merge.defaults",
            "module.aci.data.utils_yaml_merge.model"
          ]
        }
      ]
    },
    {
      "module": "module.aci.module.aci_vrf[\"common/common.vrf-01\"]",
      "mode": "managed",
      "type": "aci_rest_managed",
      "name": "fvCtx",
      "provider": "provider[\"registry.terraform.io/ciscodevnet/aci\"]",
      "instances": [
        {
          "schema_version": 0,
          "attributes": {
            "annotation": "orchestrator:terraform",
            "child": [],
            "class_name": "fvCtx",
            "content": {
              "descr": "",
              "ipDataPlaneLearning": "enabled",
              "name": "common.vrf-01",
              "nameAlias": "",
              "pcEnfDir": "ingress",
              "pcEnfPref": "enforced"
            },
            "dn": "uni/tn-common/ctx-common.vrf-01",
            "escape_html": true,
            "id": "uni/tn-common/ctx-common.vrf-01"
          },
          "sensitive_attributes": [],
          "dependencies": [
            "module.aci.data.utils_yaml_merge.defaults",
            "module.aci.data.utils_yaml_merge.model",
            "module.aci.module.aci_bgp_timer_policy.aci_rest_managed.bgpCtxPol",
            "module.aci.module.aci_contract.aci_rest_managed.vzBrCP",
            "module.aci.module.aci_contract.aci_rest_managed.vzRsSubjFiltAtt",
            "module.aci.module.aci_contract.aci_rest_managed.vzRsSubjGraphAtt",
            "module.aci.module.aci_contract.aci_rest_managed.vzSubj",
            "module.aci.module.aci_filter.aci_rest_managed.vzEntry",
            "module.aci.module.aci_filter.aci_rest_managed.vzFilter",
            "module.aci.module.aci_imported_contract.aci_rest_managed.vzCPIf",
            "module.aci.module.aci_imported_contract.aci_rest_managed.vzRsIf",
            "module.aci.module.aci_tenant.aci_rest_managed.fvTenant"
          ]
        }
      ]
    },
    {
      "module": "module.aci.module.aci_vrf[\"common/common.vrf-01\"]",
      "mode": "managed",
      "type": "aci_rest_managed",
      "name": "fvRsBgpCtxPol",
      "provider": "provider[\"registry.terraform.io/ciscodevnet/aci\"]",
      "instances": [
        {
          "schema_version": 0,
          "attributes": {
            "annotation": "orchestrator:terraform",
            "child": [],
            "class_name": "fvRsBgpCtxPol",
            "content": {
              "tnBgpCtxPolName": ""
            },
            "dn": "uni/tn-common/ctx-common.vrf-01/rsbgpCtxPol",
            "escape_html": true,
            "id": "uni/tn-common/ctx-common.vrf-01/rsbgpCtxPol"
          },
          "sensitive_attributes": [],
          "dependencies": [
            "module.aci.data.utils_yaml_merge.defaults",
            "module.aci.data.utils_yaml_merge.model",
            "module.aci.module.aci_bgp_timer_policy.aci_rest_managed.bgpCtxPol",
            "module.aci.module.aci_contract.aci_rest_managed.vzBrCP",
            "module.aci.module.aci_contract.aci_rest_managed.vzRsSubjFiltAtt",
            "module.aci.module.aci_contract.aci_rest_managed.vzRsSubjGraphAtt",
            "module.aci.module.aci_contract.aci_rest_managed.vzSubj",
            "module.aci.module.aci_filter.aci_rest_managed.vzEntry",
            "module.aci.module.aci_filter.aci_rest_managed.vzFilter",
            "module.aci.module.aci_imported_contract.aci_rest_managed.vzCPIf",
            "module.aci.module.aci_imported_contract.aci_rest_managed.vzRsIf",
            "module.aci.module.aci_tenant.aci_rest_managed.fvTenant",
            "module.aci.module.aci_vrf.aci_rest_managed.fvCtx"
          ]
        }
      ]
    },
    {
      "module": "module.aci.module.aci_vrf[\"common/common.vrf-01\"]",
      "mode": "managed",
      "type": "aci_rest_managed",
      "name": "vzAny",
      "provider": "provider[\"registry.terraform.io/ciscodevnet/aci\"]",
      "instances": [
        {
          "schema_version": 0,
          "attributes": {
            "annotation": "orchestrator:terraform",
            "child": [],
            "class_name": "vzAny",
            "content": {
              "descr": "",
              "prefGrMemb": "disabled"
            },
            "dn": "uni/tn-common/ctx-common.vrf-01/any",
            "escape_html": true,
            "id": "uni/tn-common/ctx-common.vrf-01/any"
          },
          "sensitive_attributes": [],
          "dependencies": [
            "module.aci.data.utils_yaml_merge.defaults",
            "module.aci.data.utils_yaml_merge.model",
            "module.aci.module.aci_bgp_timer_policy.aci_rest_managed.bgpCtxPol",
            "module.aci.module.aci_contract.aci_rest_managed.vzBrCP",
            "module.aci.module.aci_contract.aci_rest_managed.vzRsSubjFiltAtt",
            "module.aci.module.aci_contract.aci_rest_managed.vzRsSubjGraphAtt",
            "module.aci.module.aci_contract.aci_rest_managed.vzSubj",
            "module.aci.module.aci_filter.aci_rest_managed.vzEntry",
            "module.aci.module.aci_filter.aci_rest_managed.vzFilter",
            "module.aci.module.aci_imported_contract.aci_rest_managed.vzCPIf",
            "module.aci.module.aci_imported_contract.aci_rest_managed.vzRsIf",
            "module.aci.module.aci_tenant.aci_rest_managed.fvTenant",
            "module.aci.module.aci_vrf.aci_rest_managed.fvCtx"
          ]
        }
      ]
    }
  ],
  "check_results": [
    {
      "object_kind": "var",
      "config_addr": "module.aci.module.aci_pim_policy.var.designated_router_delay",
      "status": "pass",
      "objects": null
    },
    {
      "object_kind": "var",
      "config_addr": "module.aci.module.aci_access_span_destination_group.var.description",
      "status": "pass",
      "objects": null
    },
    {
      "object_kind": "var",
      "config_addr": "module.aci.module.aci_multicast_route_map.var.tenant",
      "status": "pass",
      "objects": null
    },
    {
      "object_kind": "var",
      "config_addr": "module.aci.module.aci_redirect_policy.var.name",
      "status": "pass",
      "objects": null
    },
    {
      "object_kind": "var",
      "config_addr": "module.aci.module.aci_endpoint_loop_protection.var.action",
      "status": "pass",
      "objects": null
    },
    {
      "object_kind": "var",
      "config_addr": "module.aci.module.aci_vmware_vmm_domain.var.vswitch_cdp_policy",
      "status": "pass",
      "objects": null
    },
    {
      "object_kind": "var",
      "config_addr": "module.aci.module.aci_user.var.domains",
      "status": "pass",
      "objects": null
    },
    {
      "object_kind": "var",
      "config_addr": "module.aci.module.aci_endpoint_group.var.description",
      "status": "pass",
      "objects": null
    },
    {
      "object_kind": "var",
      "config_addr": "module.aci.module.aci_interface_type.var.port",
      "status": "pass",
      "objects": null
    },
    {
      "object_kind": "var",
      "config_addr": "module.aci.module.aci_bgp_best_path_policy.var.tenant",
      "status": "pass",
      "objects": null
    },
    {
      "object_kind": "var",
      "config_addr": "module.aci.module.aci_endpoint_security_group.var.ip_subnet_selectors",
      "status": "pass",
      "objects": null
    },
    {
      "object_kind": "var",
      "config_addr": "module.aci.module.aci_snmp_policy.var.contact",
      "status": "pass",
      "objects": null
    },
    {
      "object_kind": "var",
      "config_addr": "module.aci.module.aci_fabric_span_source_group.var.destination_description",
      "status": "pass",
      "objects": null
    },
    {
      "object_kind": "var",
      "config_addr": "module.aci.module.aci_interface_type.var.node_id",
      "status": "pass",
      "objects": null
    },
    {
      "object_kind": "var",
      "config_addr": "module.aci.module.aci_access_leaf_interface_selector_manual.var.interface_profile",
      "status": "pass",
      "objects": null
    },
    {
      "object_kind": "var",
      "config_addr": "module.aci.module.aci_contract.var.name",
      "status": "pass",
      "objects": null
    },
    {
      "object_kind": "var",
      "config_addr": "module.aci.module.aci_access_spine_switch_policy_group.var.lldp_policy",
      "status": "pass",
      "objects": null
    },
    {
      "object_kind": "var",
      "config_addr": "module.aci.module.aci_pim_policy.var.neighbor_filter_policy",
      "status": "pass",
      "objects": null
    },
    {
      "object_kind": "var",
      "config_addr": "module.aci.module.aci_maintenance_group.var.name",
      "status": "pass",
      "objects": null
    },
    {
      "object_kind": "var",
      "config_addr": "module.aci.module.aci_igmp_interface_policy.var.query_interval",
      "status": "pass",
      "objects": null
    },
    {
      "object_kind": "var",
      "config_addr": "module.aci.module.aci_external_connectivity_policy.var.fabric_id",
      "status": "pass",
      "objects": null
    },
    {
      "object_kind": "var",
      "config_addr": "module.aci.module.aci_aaep.var.vmware_vmm_domains",
      "status": "pass",
      "objects": null
    },
    {
      "object_kind": "var",
      "config_addr": "module.aci.module.aci_tacacs.var.hostname_ip",
      "status": "pass",
      "objects": null
    },
    {
      "object_kind": "var",
      "config_addr": "module.aci.module.aci_service_graph_template.var.device_name",
      "status": "pass",
      "objects": null
    },
    {
      "object_kind": "var",
      "config_addr": "module.aci.module.aci_user.var.first_name",
      "status": "pass",
      "objects": null
    },
    {
      "object_kind": "var",
      "config_addr": "module.aci.module.aci_external_endpoint_group.var.alias",
      "status": "pass",
      "objects": null
    },
    {
      "object_kind": "var",
      "config_addr": "module.aci.module.aci_l3out_node_profile_manual.var.bgp_peers",
      "status": "pass",
      "objects": null
    },
    {
      "object_kind": "var",
      "config_addr": "module.aci.module.aci_config_export.var.name",
      "status": "pass",
      "objects": null
    },
    {
      "object_kind": "var",
      "config_addr": "module.aci.module.aci_igmp_interface_policy.var.querier_timeout",
      "status": "pass",
      "objects": null
    },
    {
      "object_kind": "var",
      "config_addr": "module.aci.module.aci_ospf_interface_policy.var.lsa_retransmit_interval",
      "status": "pass",
      "objects": null
    },
    {
      "object_kind": "var",
      "config_addr": "module.aci.module.aci_endpoint_security_group.var.tag_selectors",
      "status": "pass",
      "objects": null
    },
    {
      "object_kind": "var",
      "config_addr": "module.aci.module.aci_date_time_policy.var.name",
      "status": "pass",
      "objects": null
    },
    {
      "object_kind": "var",
      "config_addr": "module.aci.module.aci_redirect_policy.var.max_threshold",
      "status": "pass",
      "objects": null
    },
    {
      "object_kind": "var",
      "config_addr": "module.aci.module.aci_set_rule.var.metric",
      "status": "pass",
      "objects": null
    },
    {
      "object_kind": "var",
      "config_addr": "module.aci.module.aci_tacacs.var.mgmt_epg_name",
      "status": "pass",
      "objects": null
    },
    {
      "object_kind": "var",
      "config_addr": "module.aci.module.aci_syslog_policy.var.description",
      "status": "pass",
      "objects": null
    },
    {
      "object_kind": "var",
      "config_addr": "module.aci.module.aci_access_spine_interface_profile_auto.var.name",
      "status": "pass",
      "objects": null
    },
    {
      "object_kind": "var",
      "config_addr": "module.aci.module.aci_fabric_pod_profile_manual.var.selectors",
      "status": "pass",
      "objects": null
    },
    {
      "object_kind": "var",
      "config_addr": "module.aci.module.aci_access_fex_interface_selector_auto.var.interface_profile",
      "status": "pass",
      "objects": null
    },
    {
      "object_kind": "var",
      "config_addr": "module.aci.module.aci_access_span_destination_group.var.name",
      "status": "pass",
      "objects": null
    },
    {
      "object_kind": "var",
      "config_addr": "module.aci.module.aci_l3out_interface_profile_manual.var.node_profile",
      "status": "pass",
      "objects": null
    },
    {
      "object_kind": "var",
      "config_addr": "module.aci.module.aci_vspan_destination_group.var.destinations",
      "status": "pass",
      "objects": null
    },
    {
      "object_kind": "var",
      "config_addr": "module.aci.module.aci_interface_type.var.pod_id",
      "status": "pass",
      "objects": null
    },
    {
      "object_kind": "var",
      "config_addr": "module.aci.module.aci_redirect_policy.var.description",
      "status": "pass",
      "objects": null
    },
    {
      "object_kind": "var",
      "config_addr": "module.aci.module.aci_external_connectivity_policy.var.routing_profiles",
      "status": "pass",
      "objects": null
    },
    {
      "object_kind": "var",
      "config_addr": "module.aci.module.aci_coop_policy.var.coop_group_policy",
      "status": "pass",
      "objects": null
    },
    {
      "object_kind": "var",
      "config_addr": "module.aci.module.aci_remote_location.var.protocol",
      "status": "pass",
      "objects": null
    },
    {
      "object_kind": "var",
      "config_addr": "module.aci.module.aci_remote_location.var.name",
      "status": "pass",
      "objects": null
    },
    {
      "object_kind": "var",
      "config_addr": "module.aci.module.aci_vrf.var.pim_asm_traffic_registry_max_rate",
      "status": "unknown",
      "objects": [
        {
          "object_addr": "module.aci.module.aci_vrf[\"common/common.vrf-01\"].var.pim_asm_traffic_registry_max_rate",
          "status": "unknown"
        }
      ]
    },
    {
      "object_kind": "var",
      "config_addr": "module.aci.module.aci_tenant_span_destination_group.var.tenant",
      "status": "pass",
      "objects": null
    },
    {
      "object_kind": "var",
      "config_addr": "module.aci.module.aci_bridge_domain.var.multi_destination_flooding",
      "status": "pass",
      "objects": [
        {
          "object_addr": "module.aci.module.aci_bridge_domain[\"common/vlan-3003\"].var.multi_destination_flooding",
          "status": "pass"
        },
        {
          "object_addr": "module.aci.module.aci_bridge_domain[\"common/vlan-3004\"].var.multi_destination_flooding",
          "status": "pass"
        },
        {
          "object_addr": "module.aci.module.aci_bridge_domain[\"common/vlan-992\"].var.multi_destination_flooding",
          "status": "pass"
        },
        {
          "object_addr": "module.aci.module.aci_bridge_domain[\"common/vlan-3001\"].var.multi_destination_flooding",
          "status": "pass"
        },
        {
          "object_addr": "module.aci.module.aci_bridge_domain[\"common/vlan-3002\"].var.multi_destination_flooding",
          "status": "pass"
        }
      ]
    },
    {
      "object_kind": "var",
      "config_addr": "module.aci.module.aci_l3out.var.description",
      "status": "pass",
      "objects": null
    },
    {
      "object_kind": "var",
      "config_addr": "module.aci.module.aci_set_rule.var.community_mode",
      "status": "pass",
      "objects": null
    },
    {
      "object_kind": "var",
      "config_addr": "module.aci.module.aci_access_spine_interface_selector_manual.var.port_blocks",
      "status": "pass",
      "objects": null
    },
    {
      "object_kind": "var",
      "config_addr": "module.aci.module.aci_bgp_peer_prefix_policy.var.description",
      "status": "pass",
      "objects": null
    },
    {
      "object_kind": "var",
      "config_addr": "module.aci.module.aci_l3out.var.ospf_area",
      "status": "pass",
      "objects": null
    },
    {
      "object_kind": "var",
      "config_addr": "module.aci.module.aci_vrf.var.leaked_external_prefixes",
      "status": "unknown",
      "objects": [
        {
          "object_addr": "module.aci.module.aci_vrf[\"common/common.vrf-01\"].var.leaked_external_prefixes",
          "status": "unknown"
        }
      ]
    },
    {
      "object_kind": "var",
      "config_addr": "module.aci.module.aci_device_selection_policy.var.provider_external_endpoint_group",
      "status": "pass",
      "objects": null
    },
    {
      "object_kind": "var",
      "config_addr": "module.aci.module.aci_bgp_best_path_policy.var.name",
      "status": "pass",
      "objects": null
    },
    {
      "object_kind": "var",
      "config_addr": "module.aci.module.aci_external_endpoint_group.var.qos_class",
      "status": "pass",
      "objects": null
    },
    {
      "object_kind": "var",
      "config_addr": "module.aci.module.aci_access_leaf_interface_selector_auto.var.name",
      "status": "pass",
      "objects": null
    },
    {
      "object_kind": "var",
      "config_addr": "module.aci.module.aci_snmp_policy.var.clients",
      "status": "pass",
      "objects": null
    },
    {
      "object_kind": "var",
      "config_addr": "module.aci.module.aci_bgp_address_family_context_policy.var.tenant",
      "status": "pass",
      "objects": null
    },
    {
      "object_kind": "var",
      "config_addr": "module.aci.module.aci_snmp_policy.var.communities",
      "status": "pass",
      "objects": null
    },
    {
      "object_kind": "var",
      "config_addr": "module.aci.module.aci_set_rule.var.weight",
      "status": "pass",
      "objects": null
    },
    {
      "object_kind": "var",
      "config_addr": "module.aci.module.aci_fabric_spine_switch_profile_manual.var.interface_profiles",
      "status": "pass",
      "objects": null
    },
    {
      "object_kind": "var",
      "config_addr": "module.aci.module.aci_l3out_interface_profile_auto.var.bfd_policy",
      "status": "pass",
      "objects": null
    },
    {
      "object_kind": "var",
      "config_addr": "module.aci.module.aci_bridge_domain.var.unknown_ipv6_multicast",
      "status": "pass",
      "objects": [
        {
          "object_addr": "module.aci.module.aci_bridge_domain[\"common/vlan-3003\"].var.unknown_ipv6_multicast",
          "status": "pass"
        },
        {
          "object_addr": "module.aci.module.aci_bridge_domain[\"common/vlan-3004\"].var.unknown_ipv6_multicast",
          "status": "pass"
        },
        {
          "object_addr": "module.aci.module.aci_bridge_domain[\"common/vlan-992\"].var.unknown_ipv6_multicast",
          "status": "pass"
        },
        {
          "object_addr": "module.aci.module.aci_bridge_domain[\"common/vlan-3001\"].var.unknown_ipv6_multicast",
          "status": "pass"
        },
        {
          "object_addr": "module.aci.module.aci_bridge_domain[\"common/vlan-3002\"].var.unknown_ipv6_multicast",
          "status": "pass"
        }
      ]
    },
    {
      "object_kind": "var",
      "config_addr": "module.aci.module.aci_access_spine_interface_profile_manual.var.name",
      "status": "pass",
      "objects": null
    },
    {
      "object_kind": "var",
      "config_addr": "module.aci.module.aci_rogue_endpoint_control.var.detection_multiplier",
      "status": "pass",
      "objects": null
    },
    {
      "object_kind": "var",
      "config_addr": "module.aci.module.aci_tacacs.var.mgmt_epg_type",
      "status": "pass",
      "objects": null
    },
    {
      "object_kind": "var",
      "config_addr": "module.aci.module.aci_redirect_policy.var.l3_destinations",
      "status": "pass",
      "objects": null
    },
    {
      "object_kind": "var",
      "config_addr": "module.aci.module.aci_port_channel_policy.var.hash_key",
      "status": "pass",
      "objects": null
    },
    {
      "object_kind": "var",
      "config_addr": "module.aci.module.aci_snmp_trap_policy.var.description",
      "status": "pass",
      "objects": null
    },
    {
      "object_kind": "var",
      "config_addr": "module.aci.module.aci_fabric_leaf_switch_profile_manual.var.name",
      "status": "pass",
      "objects": null
    },
    {
      "object_kind": "var",
      "config_addr": "module.aci.module.aci_contract.var.qos_class",
      "status": "pass",
      "objects": null
    },
    {
      "object_kind": "var",
      "config_addr": "module.aci.module.aci_fabric_leaf_switch_profile_auto.var.selectors",
      "status": "pass",
      "objects": null
    },
    {
      "object_kind": "var",
      "config_addr": "module.aci.module.aci_external_endpoint_group.var.description",
      "status": "pass",
      "objects": null
    },
    {
      "object_kind": "var",
      "config_addr": "module.aci.module.aci_access_span_destination_group.var.node_id",
      "status": "pass",
      "objects": null
    },
    {
      "object_kind": "var",
      "config_addr": "module.aci.module.aci_snmp_policy.var.trap_forwarders",
      "status": "pass",
      "objects": null
    },
    {
      "object_kind": "var",
      "config_addr": "module.aci.module.aci_dhcp_relay_policy.var.description",
      "status": "pass",
      "objects": [
        {
          "object_addr": "module.aci.module.aci_dhcp_relay_policy[\"common/dhcp.uktme.cisco.com\"].var.description",
          "status": "pass"
        }
      ]
    },
    {
      "object_kind": "var",
      "config_addr": "module.aci.module.aci_pim_policy.var.hello_interval",
      "status": "pass",
      "objects": null
    },
    {
      "object_kind": "var",
      "config_addr": "module.aci.module.aci_management_access_policy.var.https_port",
      "status": "pass",
      "objects": null
    },
    {
      "object_kind": "var",
      "config_addr": "module.aci.module.aci_l3out.var.import_route_map_description",
      "status": "pass",
      "objects": null
    },
    {
      "object_kind": "var",
      "config_addr": "module.aci.module.aci_l3out_interface_profile_auto.var.l3out",
      "status": "pass",
      "objects": null
    },
    {
      "object_kind": "var",
      "config_addr": "module.aci.module.aci_access_spine_interface_policy_group.var.name",
      "status": "pass",
      "objects": null
    },
    {
      "object_kind": "var",
      "config_addr": "module.aci.module.aci_redirect_backup_policy.var.tenant",
      "status": "pass",
      "objects": null
    },
    {
      "object_kind": "var",
      "config_addr": "module.aci.module.aci_vrf.var.pim_ssm_group_range_multicast_route_map",
      "status": "unknown",
      "objects": [
        {
          "object_addr": "module.aci.module.aci_vrf[\"common/common.vrf-01\"].var.pim_ssm_group_range_multicast_route_map",
          "status": "unknown"
        }
      ]
    },
    {
      "object_kind": "var",
      "config_addr": "module.aci.module.aci_access_spine_switch_profile_auto.var.interface_profiles",
      "status": "pass",
      "objects": null
    },
    {
      "object_kind": "var",
      "config_addr": "module.aci.module.aci_storm_control_policy.var.name",
      "status": "pass",
      "objects": null
    },
    {
      "object_kind": "var",
      "config_addr": "module.aci.module.aci_storm_control_policy.var.broadcast_rate",
      "status": "pass",
      "objects": null
    },
    {
      "object_kind": "var",
      "config_addr": "module.aci.module.aci_storm_control_policy.var.broadcast_burst_rate",
      "status": "pass",
      "objects": null
    },
    {
      "object_kind": "var",
      "config_addr": "module.aci.module.aci_vrf.var.pim_asm_sg_expiry",
      "status": "unknown",
      "objects": [
        {
          "object_addr": "module.aci.module.aci_vrf[\"common/common.vrf-01\"].var.pim_asm_sg_expiry",
          "status": "unknown"
        }
      ]
    },
    {
      "object_kind": "var",
      "config_addr": "module.aci.module.aci_l3out_node_profile_manual.var.l3out",
      "status": "pass",
      "objects": null
    },
    {
      "object_kind": "var",
      "config_addr": "module.aci.module.aci_endpoint_group.var.tags",
      "status": "pass",
      "objects": null
    },
    {
      "object_kind": "var",
      "config_addr": "module.aci.module.aci_snmp_trap_policy.var.destinations",
      "status": "pass",
      "objects": null
    },
    {
      "object_kind": "var",
      "config_addr": "module.aci.module.aci_tenant_span_source_group.var.name",
      "status": "pass",
      "objects": null
    },
    {
      "object_kind": "var",
      "config_addr": "module.aci.module.aci_access_span_filter_group.var.description",
      "status": "pass",
      "objects": null
    },
    {
      "object_kind": "var",
      "config_addr": "module.aci.module.aci_contract.var.subjects",
      "status": "pass",
      "objects": null
    },
    {
      "object_kind": "var",
      "config_addr": "module.aci.module.aci_vrf.var.tenant",
      "status": "pass",
      "objects": [
        {
          "object_addr": "module.aci.module.aci_vrf[\"common/common.vrf-01\"].var.tenant",
          "status": "pass"
        }
      ]
    },
    {
      "object_kind": "var",
      "config_addr": "module.aci.module.aci_bfd_interface_policy.var.detection_multiplier",
      "status": "pass",
      "objects": null
    },
    {
      "object_kind": "var",
      "config_addr": "module.aci.module.aci_service_graph_template.var.template_type",
      "status": "pass",
      "objects": null
    },
    {
      "object_kind": "var",
      "config_addr": "module.aci.module.aci_keyring.var.ca_certificate",
      "status": "pass",
      "objects": null
    },
    {
      "object_kind": "var",
      "config_addr": "module.aci.module.aci_inband_endpoint_group.var.static_routes",
      "status": "pass",
      "objects": null
    },
    {
      "object_kind": "var",
      "config_addr": "module.aci.module.aci_access_spine_interface_policy_group.var.link_level_policy",
      "status": "pass",
      "objects": null
    },
    {
      "object_kind": "var",
      "config_addr": "module.aci.module.aci_dhcp_option_policy.var.name",
      "status": "pass",
      "objects": null
    },
    {
      "object_kind": "var",
      "config_addr": "module.aci.module.aci_device_selection_policy.var.provider_external_endpoint_group_tenant",
      "status": "pass",
      "objects": null
    },
    {
      "object_kind": "var",
      "config_addr": "module.aci.module.aci_dhcp_option_policy.var.tenant",
      "status": "pass",
      "objects": null
    },
    {
      "object_kind": "var",
      "config_addr": "module.aci.module.aci_access_fex_interface_selector_auto.var.policy_group",
      "status": "pass",
      "objects": null
    },
    {
      "object_kind": "var",
      "config_addr": "module.aci.module.aci_vrf.var.bgp_ipv4_import_route_target",
      "status": "unknown",
      "objects": [
        {
          "object_addr": "module.aci.module.aci_vrf[\"common/common.vrf-01\"].var.bgp_ipv4_import_route_target",
          "status": "unknown"
        }
      ]
    },
    {
      "object_kind": "var",
      "config_addr": "module.aci.module.aci_l3out_interface_profile_manual.var.ospf_authentication_key_id",
      "status": "pass",
      "objects": null
    },
    {
      "object_kind": "var",
      "config_addr": "module.aci.module.aci_access_span_source_group.var.sources",
      "status": "pass",
      "objects": null
    },
    {
      "object_kind": "var",
      "config_addr": "module.aci.module.aci_dhcp_option_policy.var.options",
      "status": "pass",
      "objects": null
    },
    {
      "object_kind": "var",
      "config_addr": "module.aci.module.aci_bgp_peer_prefix_policy.var.tenant",
      "status": "pass",
      "objects": null
    },
    {
      "object_kind": "var",
      "config_addr": "module.aci.module.aci_aaa.var.remote_user_login_policy",
      "status": "pass",
      "objects": null
    },
    {
      "object_kind": "var",
      "config_addr": "module.aci.module.aci_l3out_interface_profile_manual.var.ospf_authentication_type",
      "status": "pass",
      "objects": null
    },
    {
      "object_kind": "var",
      "config_addr": "module.aci.module.aci_vmware_vmm_domain.var.vlan_pool",
      "status": "pass",
      "objects": null
    },
    {
      "object_kind": "var",
      "config_addr": "module.aci.module.aci_set_rule.var.set_as_path_count",
      "status": "pass",
      "objects": null
    },
    {
      "object_kind": "var",
      "config_addr": "module.aci.module.aci_physical_domain.var.vlan_pool_allocation",
      "status": "pass",
      "objects": null
    },
    {
      "object_kind": "var",
      "config_addr": "module.aci.module.aci_endpoint_group.var.bridge_domain",
      "status": "pass",
      "objects": null
    },
    {
      "object_kind": "var",
      "config_addr": "module.aci.module.aci_access_leaf_interface_selector_auto.var.interface_profile",
      "status": "pass",
      "objects": null
    },
    {
      "object_kind": "var",
      "config_addr": "module.aci.module.aci_node_registration.var.name",
      "status": "pass",
      "objects": null
    },
    {
      "object_kind": "var",
      "config_addr": "module.aci.module.aci_vpc_group.var.groups",
      "status": "pass",
      "objects": null
    },
    {
      "object_kind": "var",
      "config_addr": "module.aci.module.aci_external_endpoint_group.var.subnets",
      "status": "pass",
      "objects": null
    },
    {
      "object_kind": "var",
      "config_addr": "module.aci.module.aci_access_leaf_interface_policy_group.var.lldp_policy",
      "status": "pass",
      "objects": null
    },
    {
      "object_kind": "var",
      "config_addr": "module.aci.module.aci_dhcp_relay_policy.var.name",
      "status": "pass",
      "objects": [
        {
          "object_addr": "module.aci.module.aci_dhcp_relay_policy[\"common/dhcp.uktme.cisco.com\"].var.name",
          "status": "pass"
        }
      ]
    },
    {
      "object_kind": "var",
      "config_addr": "module.aci.module.aci_vspan_session.var.sources",
      "status": "pass",
      "objects": null
    },
    {
      "object_kind": "var",
      "config_addr": "module.aci.module.aci_l3out.var.vrf",
      "status": "pass",
      "objects": null
    },
    {
      "object_kind": "var",
      "config_addr": "module.aci.module.aci_qos_policy.var.dot1p_classifiers",
      "status": "pass",
      "objects": null
    },
    {
      "object_kind": "var",
      "config_addr": "module.aci.module.aci_access_fex_interface_selector_manual.var.policy_group",
      "status": "pass",
      "objects": null
    },
    {
      "object_kind": "var",
      "config_addr": "module.aci.module.aci_endpoint_group.var.tenant",
      "status": "pass",
      "objects": null
    },
    {
      "object_kind": "var",
      "config_addr": "module.aci.module.aci_vmware_vmm_domain.var.access_mode",
      "status": "pass",
      "objects": null
    },
    {
      "object_kind": "var",
      "config_addr": "module.aci.module.aci_endpoint_security_group.var.contract_intra_esgs",
      "status": "pass",
      "objects": null
    },
    {
      "object_kind": "var",
      "config_addr": "module.aci.module.aci_storm_control_policy.var.multicast_pps",
      "status": "pass",
      "objects": null
    },
    {
      "object_kind": "var",
      "config_addr": "module.aci.module.aci_l3out.var.interleak_route_map",
      "status": "pass",
      "objects": null
    },
    {
      "object_kind": "var",
      "config_addr": "module.aci.module.aci_vrf.var.dns_labels",
      "status": "unknown",
      "objects": [
        {
          "object_addr": "module.aci.module.aci_vrf[\"common/common.vrf-01\"].var.dns_labels",
          "status": "unknown"
        }
      ]
    },
    {
      "object_kind": "var",
      "config_addr": "module.aci.module.aci_vmware_vmm_domain.var.delimiter",
      "status": "pass",
      "objects": null
    },
    {
      "object_kind": "var",
      "config_addr": "module.aci.module.aci_link_level_policy.var.speed",
      "status": "pass",
      "objects": null
    },
    {
      "object_kind": "var",
      "config_addr": "module.aci.module.aci_ospf_interface_policy.var.tenant",
      "status": "pass",
      "objects": null
    },
    {
      "object_kind": "var",
      "config_addr": "module.aci.module.aci_l2_mtu_policy.var.port_mtu_size",
      "status": "pass",
      "objects": null
    },
    {
      "object_kind": "var",
      "config_addr": "module.aci.module.aci_external_endpoint_group.var.name",
      "status": "pass",
      "objects": null
    },
    {
      "object_kind": "var",
      "config_addr": "module.aci.module.aci_physical_domain.var.vlan_pool",
      "status": "pass",
      "objects": null
    },
    {
      "object_kind": "var",
      "config_addr": "module.aci.module.aci_access_span_filter_group.var.entries",
      "status": "pass",
      "objects": null
    },
    {
      "object_kind": "var",
      "config_addr": "module.aci.module.aci_mst_policy.var.revision",
      "status": "pass",
      "objects": null
    },
    {
      "object_kind": "var",
      "config_addr": "module.aci.module.aci_access_leaf_interface_selector_manual.var.sub_port_blocks",
      "status": "pass",
      "objects": null
    },
    {
      "object_kind": "var",
      "config_addr": "module.aci.module.aci_tenant_span_destination_group.var.destination_application_profile",
      "status": "pass",
      "objects": null
    },
    {
      "object_kind": "var",
      "config_addr": "module.aci.module.aci_set_rule.var.additional_communities",
      "status": "pass",
      "objects": null
    },
    {
      "object_kind": "var",
      "config_addr": "module.aci.module.aci_fabric_span_source_group.var.description",
      "status": "pass",
      "objects": null
    },
    {
      "object_kind": "var",
      "config_addr": "module.aci.module.aci_access_leaf_switch_profile_manual.var.name",
      "status": "pass",
      "objects": null
    },
    {
      "object_kind": "var",
      "config_addr": "module.aci.module.aci_igmp_interface_policy.var.description",
      "status": "pass",
      "objects": null
    },
    {
      "object_kind": "var",
      "config_addr": "module.aci.module.aci_dhcp_relay_policy.var.providers_",
      "status": "unknown",
      "objects": [
        {
          "object_addr": "module.aci.module.aci_dhcp_relay_policy[\"common/dhcp.uktme.cisco.com\"].var.providers_",
          "status": "unknown"
        }
      ]
    },
    {
      "object_kind": "var",
      "config_addr": "module.aci.module.aci_node_control_policy.var.name",
      "status": "pass",
      "objects": null
    },
    {
      "object_kind": "var",
      "config_addr": "module.aci.module.aci_access_span_destination_group.var.tenant",
      "status": "pass",
      "objects": null
    },
    {
      "object_kind": "var",
      "config_addr": "module.aci.module.aci_endpoint_group.var.application_profile",
      "status": "pass",
      "objects": null
    },
    {
      "object_kind": "var",
      "config_addr": "module.aci.module.aci_ptp.var.sync_interval",
      "status": "pass",
      "objects": null
    },
    {
      "object_kind": "var",
      "config_addr": "module.aci.module.aci_access_fex_interface_selector_manual.var.interface_profile",
      "status": "pass",
      "objects": null
    },
    {
      "object_kind": "var",
      "config_addr": "module.aci.module.aci_fabric_pod_policy_group.var.name",
      "status": "pass",
      "objects": null
    },
    {
      "object_kind": "var",
      "config_addr": "module.aci.module.aci_route_control_route_map.var.tenant",
      "status": "pass",
      "objects": null
    },
    {
      "object_kind": "var",
      "config_addr": "module.aci.module.aci_endpoint_security_group.var.name",
      "status": "pass",
      "objects": null
    },
    {
      "object_kind": "var",
      "config_addr": "module.aci.module.aci_igmp_interface_policy.var.tenant",
      "status": "pass",
      "objects": null
    },
    {
      "object_kind": "var",
      "config_addr": "module.aci.module.aci_vrf.var.pim_fabric_rps",
      "status": "unknown",
      "objects": [
        {
          "object_addr": "module.aci.module.aci_vrf[\"common/common.vrf-01\"].var.pim_fabric_rps",
          "status": "unknown"
        }
      ]
    },
    {
      "object_kind": "var",
      "config_addr": "module.aci.module.aci_fabric_spine_switch_profile_auto.var.interface_profiles",
      "status": "pass",
      "objects": null
    },
    {
      "object_kind": "var",
      "config_addr": "module.aci.module.aci_service_epg_policy.var.name",
      "status": "pass",
      "objects": null
    },
    {
      "object_kind": "var",
      "config_addr": "module.aci.module.aci_l3out.var.export_route_map_type",
      "status": "pass",
      "objects": null
    },
    {
      "object_kind": "var",
      "config_addr": "module.aci.module.aci_l3out_node_profile_auto.var.nodes",
      "status": "pass",
      "objects": null
    },
    {
      "object_kind": "var",
      "config_addr": "module.aci.module.aci_external_endpoint_group.var.tenant",
      "status": "pass",
      "objects": null
    },
    {
      "object_kind": "var",
      "config_addr": "module.aci.module.aci_access_leaf_interface_selector_manual.var.fex_id",
      "status": "pass",
      "objects": null
    },
    {
      "object_kind": "var",
      "config_addr": "module.aci.module.aci_l2_policy.var.vlan_scope",
      "status": "pass",
      "objects": null
    },
    {
      "object_kind": "var",
      "config_addr": "module.aci.module.aci_service_epg_policy.var.description",
      "status": "pass",
      "objects": null
    },
    {
      "object_kind": "var",
      "config_addr": "module.aci.module.aci_physical_domain.var.name",
      "status": "pass",
      "objects": null
    },
    {
      "object_kind": "var",
      "config_addr": "module.aci.module.aci_node_registration.var.serial_number",
      "status": "pass",
      "objects": null
    },
    {
      "object_kind": "var",
      "config_addr": "module.aci.module.aci_tenant_span_source_group.var.tenant",
      "status": "pass",
      "objects": null
    },
    {
      "object_kind": "var",
      "config_addr": "module.aci.module.aci_vrf.var.contract_consumers",
      "status": "unknown",
      "objects": [
        {
          "object_addr": "module.aci.module.aci_vrf[\"common/common.vrf-01\"].var.contract_consumers",
          "status": "unknown"
        }
      ]
    },
    {
      "object_kind": "var",
      "config_addr": "module.aci.module.aci_tenant_span_source_group.var.destination",
      "status": "pass",
      "objects": null
    },
    {
      "object_kind": "var",
      "config_addr": "module.aci.module.aci_management_access_policy.var.https_keyring",
      "status": "pass",
      "objects": null
    },
    {
      "object_kind": "var",
      "config_addr": "module.aci.module.aci_device_selection_policy.var.consumer_custom_qos_policy",
      "status": "pass",
      "objects": null
    },
    {
      "object_kind": "var",
      "config_addr": "module.aci.module.aci_vspan_session.var.description",
      "status": "pass",
      "objects": null
    },
    {
      "object_kind": "var",
      "config_addr": "module.aci.module.aci_qos_policy.var.alias",
      "status": "pass",
      "objects": null
    },
    {
      "object_kind": "var",
      "config_addr": "module.aci.module.aci_infra_dscp_translation_policy.var.level_6",
      "status": "pass",
      "objects": null
    },
    {
      "object_kind": "var",
      "config_addr": "module.aci.module.aci_access_span_destination_group.var.channel",
      "status": "pass",
      "objects": null
    },
    {
      "object_kind": "var",
      "config_addr": "module.aci.module.aci_external_endpoint_group.var.contract_consumers",
      "status": "pass",
      "objects": null
    },
    {
      "object_kind": "var",
      "config_addr": "module.aci.module.aci_user.var.last_name",
      "status": "pass",
      "objects": null
    },
    {
      "object_kind": "var",
      "config_addr": "module.aci.module.aci_fabric_span_source_group.var.name",
      "status": "pass",
      "objects": null
    },
    {
      "object_kind": "var",
      "config_addr": "module.aci.module.aci_set_rule.var.dampening_suppress_limit",
      "status": "pass",
      "objects": null
    },
    {
      "object_kind": "var",
      "config_addr": "module.aci.module.aci_igmp_interface_policy.var.grp_timeout",
      "status": "pass",
      "objects": null
    },
    {
      "object_kind": "var",
      "config_addr": "module.aci.module.aci_login_domain.var.name",
      "status": "pass",
      "objects": null
    },
    {
      "object_kind": "var",
      "config_addr": "module.aci.module.aci_pim_policy.var.join_prune_filter_policy_out",
      "status": "pass",
      "objects": null
    },
    {
      "object_kind": "var",
      "config_addr": "module.aci.module.aci_config_export.var.format",
      "status": "pass",
      "objects": null
    },
    {
      "object_kind": "var",
      "config_addr": "module.aci.module.aci_igmp_snooping_policy.var.start_query_interval",
      "status": "pass",
      "objects": null
    },
    {
      "object_kind": "var",
      "config_addr": "module.aci.module.aci_l4l7_device.var.tenant",
      "status": "pass",
      "objects": null
    },
    {
      "object_kind": "var",
      "config_addr": "module.aci.module.aci_l3out_interface_profile_auto.var.ospf_interface_policy",
      "status": "pass",
      "objects": null
    },
    {
      "object_kind": "var",
      "config_addr": "module.aci.module.aci_set_rule.var.name",
      "status": "pass",
      "objects": null
    },
    {
      "object_kind": "var",
      "config_addr": "module.aci.module.aci_interface_type.var.type",
      "status": "pass",
      "objects": null
    },
    {
      "object_kind": "var",
      "config_addr": "module.aci.module.aci_fabric_span_destination_group.var.name",
      "status": "pass",
      "objects": null
    },
    {
      "object_kind": "var",
      "config_addr": "module.aci.module.aci_user.var.email",
      "status": "pass",
      "objects": null
    },
    {
      "object_kind": "var",
      "config_addr": "module.aci.module.aci_l3out.var.routed_domain",
      "status": "pass",
      "objects": null
    },
    {
      "object_kind": "var",
      "config_addr": "module.aci.module.aci_vmware_vmm_domain.var.vswitch_enhanced_lags",
      "status": "pass",
      "objects": null
    },
    {
      "object_kind": "var",
      "config_addr": "module.aci.module.aci_storm_control_policy.var.broadcast_pps",
      "status": "pass",
      "objects": null
    },
    {
      "object_kind": "var",
      "config_addr": "module.aci.module.aci_l3out_node_profile_auto.var.bgp_peers",
      "status": "pass",
      "objects": null
    },
    {
      "object_kind": "var",
      "config_addr": "module.aci.module.aci_bfd_interface_policy.var.min_tx_interval",
      "status": "pass",
      "objects": null
    },
    {
      "object_kind": "var",
      "config_addr": "module.aci.module.aci_forwarding_scale_policy.var.name",
      "status": "pass",
      "objects": null
    },
    {
      "object_kind": "var",
      "config_addr": "module.aci.module.aci_redirect_policy.var.redirect_backup_policy",
      "status": "pass",
      "objects": null
    },
    {
      "object_kind": "var",
      "config_addr": "module.aci.module.aci_vrf.var.description",
      "status": "pass",
      "objects": [
        {
          "object_addr": "module.aci.module.aci_vrf[\"common/common.vrf-01\"].var.description",
          "status": "pass"
        }
      ]
    },
    {
      "object_kind": "var",
      "config_addr": "module.aci.module.aci_match_rule.var.regex_community_terms",
      "status": "pass",
      "objects": null
    },
    {
      "object_kind": "var",
      "config_addr": "module.aci.module.aci_psu_policy.var.name",
      "status": "pass",
      "objects": null
    },
    {
      "object_kind": "var",
      "config_addr": "module.aci.module.aci_oob_external_management_instance.var.name",
      "status": "pass",
      "objects": null
    },
    {
      "object_kind": "var",
      "config_addr": "module.aci.module.aci_link_level_policy.var.fec_mode",
      "status": "pass",
      "objects": null
    },
    {
      "object_kind": "var",
      "config_addr": "module.aci.module.aci_external_endpoint_group.var.contract_providers",
      "status": "pass",
      "objects": null
    },
    {
      "object_kind": "var",
      "config_addr": "module.aci.module.aci_endpoint_security_group.var.vrf",
      "status": "pass",
      "objects": null
    },
    {
      "object_kind": "var",
      "config_addr": "module.aci.module.aci_trust_control_policy.var.name",
      "status": "pass",
      "objects": null
    },
    {
      "object_kind": "var",
      "config_addr": "module.aci.module.aci_ip_sla_policy.var.port",
      "status": "pass",
      "objects": null
    },
    {
      "object_kind": "var",
      "config_addr": "module.aci.module.aci_igmp_snooping_policy.var.query_interval",
      "status": "pass",
      "objects": null
    },
    {
      "object_kind": "var",
      "config_addr": "module.aci.module.aci_bridge_domain.var.alias",
      "status": "pass",
      "objects": [
        {
          "object_addr": "module.aci.module.aci_bridge_domain[\"common/vlan-3002\"].var.alias",
          "status": "pass"
        },
        {
          "object_addr": "module.aci.module.aci_bridge_domain[\"common/vlan-3003\"].var.alias",
          "status": "pass"
        },
        {
          "object_addr": "module.aci.module.aci_bridge_domain[\"common/vlan-3004\"].var.alias",
          "status": "pass"
        },
        {
          "object_addr": "module.aci.module.aci_bridge_domain[\"common/vlan-992\"].var.alias",
          "status": "pass"
        },
        {
          "object_addr": "module.aci.module.aci_bridge_domain[\"common/vlan-3001\"].var.alias",
          "status": "pass"
        }
      ]
    },
    {
      "object_kind": "var",
      "config_addr": "module.aci.module.aci_redirect_health_group.var.name",
      "status": "pass",
      "objects": null
    },
    {
      "object_kind": "var",
      "config_addr": "module.aci.module.aci_access_leaf_switch_profile_auto.var.selectors",
      "status": "pass",
      "objects": null
    },
    {
      "object_kind": "var",
      "config_addr": "module.aci.module.aci_access_span_destination_group.var.ttl",
      "status": "pass",
      "objects": null
    },
    {
      "object_kind": "var",
      "config_addr": "module.aci.module.aci_l3out.var.dampening_ipv6_route_map",
      "status": "pass",
      "objects": null
    },
    {
      "object_kind": "var",
      "config_addr": "module.aci.module.aci_device_selection_policy.var.tenant",
      "status": "pass",
      "objects": null
    },
    {
      "object_kind": "var",
      "config_addr": "module.aci.module.aci_keyring.var.description",
      "status": "pass",
      "objects": null
    },
    {
      "object_kind": "var",
      "config_addr": "module.aci.module.aci_endpoint_security_group.var.tenant",
      "status": "pass",
      "objects": null
    },
    {
      "object_kind": "var",
      "config_addr": "module.aci.module.aci_fabric_spine_switch_profile_auto.var.selectors",
      "status": "pass",
      "objects": null
    },
    {
      "object_kind": "var",
      "config_addr": "module.aci.module.aci_storm_control_policy.var.unknown_unicast_rate",
      "status": "pass",
      "objects": null
    },
    {
      "object_kind": "var",
      "config_addr": "module.aci.module.aci_user.var.username",
      "status": "pass",
      "objects": null
    },
    {
      "object_kind": "var",
      "config_addr": "module.aci.module.aci_endpoint_loop_protection.var.detection_interval",
      "status": "pass",
      "objects": null
    },
    {
      "object_kind": "var",
      "config_addr": "module.aci.module.aci_imported_contract.var.source_tenant",
      "status": "unknown",
      "objects": [
        {
          "object_addr": "module.aci.module.aci_imported_contract[\"common/permit-to-shared-services.vrf-01-all-external-subnets\"].var.source_tenant",
          "status": "unknown"
        },
        {
          "object_addr": "module.aci.module.aci_imported_contract[\"common/permit-from-core-services\"].var.source_tenant",
          "status": "unknown"
        },
        {
          "object_addr": "module.aci.module.aci_imported_contract[\"common/permit-from-lab-desktops\"].var.source_tenant",
          "status": "unknown"
        },
        {
          "object_addr": "module.aci.module.aci_imported_contract[\"common/permit-to-core-services\"].var.source_tenant",
          "status": "unknown"
        }
      ]
    },
    {
      "object_kind": "var",
      "config_addr": "module.aci.module.aci_aaa.var.console_realm",
      "status": "pass",
      "objects": null
    },
    {
      "object_kind": "var",
      "config_addr": "module.aci.module.aci_igmp_interface_policy.var.report_policy_multicast_route_map",
      "status": "pass",
      "objects": null
    },
    {
      "object_kind": "var",
      "config_addr": "module.aci.module.aci_inband_endpoint_group.var.contract_imported_consumers",
      "status": "pass",
      "objects": null
    },
    {
      "object_kind": "var",
      "config_addr": "module.aci.module.aci_fabric_span_source_group.var.destination_name",
      "status": "pass",
      "objects": null
    },
    {
      "object_kind": "var",
      "config_addr": "module.aci.module.aci_date_time_policy.var.apic_ntp_server_master_stratum",
      "status": "pass",
      "objects": null
    },
    {
      "object_kind": "var",
      "config_addr": "module.aci.module.aci_access_span_destination_group.var.endpoint_group",
      "status": "pass",
      "objects": null
    },
    {
      "object_kind": "var",
      "config_addr": "module.aci.module.aci_aaep.var.infra_vlan",
      "status": "pass",
      "objects": null
    },
    {
      "object_kind": "var",
      "config_addr": "module.aci.module.aci_endpoint_group.var.contract_imported_consumers",
      "status": "pass",
      "objects": null
    },
    {
      "object_kind": "var",
      "config_addr": "module.aci.module.aci_route_control_route_map.var.description",
      "status": "pass",
      "objects": null
    },
    {
      "object_kind": "var",
      "config_addr": "module.aci.module.aci_bgp_peer_prefix_policy.var.max_prefixes",
      "status": "pass",
      "objects": null
    },
    {
      "object_kind": "var",
      "config_addr": "module.aci.module.aci_qos_policy.var.name",
      "status": "pass",
      "objects": null
    },
    {
      "object_kind": "var",
      "config_addr": "module.aci.module.aci_storm_control_policy.var.unknown_unicast_pps",
      "status": "pass",
      "objects": null
    },
    {
      "object_kind": "var",
      "config_addr": "module.aci.module.aci_fabric_leaf_interface_profile_auto.var.name",
      "status": "pass",
      "objects": null
    },
    {
      "object_kind": "var",
      "config_addr": "module.aci.module.aci_access_fex_interface_profile_manual.var.name",
      "status": "pass",
      "objects": null
    },
    {
      "object_kind": "var",
      "config_addr": "module.aci.module.aci_inband_endpoint_group.var.vlan",
      "status": "pass",
      "objects": null
    },
    {
      "object_kind": "var",
      "config_addr": "module.aci.module.aci_node_registration.var.pod_id",
      "status": "pass",
      "objects": null
    },
    {
      "object_kind": "var",
      "config_addr": "module.aci.module.aci_device_selection_policy.var.sgt_device_name",
      "status": "pass",
      "objects": null
    },
    {
      "object_kind": "var",
      "config_addr": "module.aci.module.aci_vrf.var.bgp_ipv6_address_family_context_policy",
      "status": "unknown",
      "objects": [
        {
          "object_addr": "module.aci.module.aci_vrf[\"common/common.vrf-01\"].var.bgp_ipv6_address_family_context_policy",
          "status": "unknown"
        }
      ]
    },
    {
      "object_kind": "var",
      "config_addr": "module.aci.module.aci_vrf.var.alias",
      "status": "pass",
      "objects": [
        {
          "object_addr": "module.aci.module.aci_vrf[\"common/common.vrf-01\"].var.alias",
          "status": "pass"
        }
      ]
    },
    {
      "object_kind": "var",
      "config_addr": "module.aci.module.aci_remote_location.var.auth_type",
      "status": "pass",
      "objects": null
    },
    {
      "object_kind": "var",
      "config_addr": "module.aci.module.aci_redirect_policy.var.threshold_down_action",
      "status": "pass",
      "objects": null
    },
    {
      "object_kind": "var",
      "config_addr": "module.aci.module.aci_firmware_group.var.node_ids",
      "status": "pass",
      "objects": null
    },
    {
      "object_kind": "var",
      "config_addr": "module.aci.module.aci_access_fex_interface_selector_auto.var.name",
      "status": "pass",
      "objects": null
    },
    {
      "object_kind": "var",
      "config_addr": "module.aci.module.aci_l3out_interface_profile_manual.var.igmp_interface_policy",
      "status": "pass",
      "objects": null
    },
    {
      "object_kind": "var",
      "config_addr": "module.aci.module.aci_access_leaf_interface_selector_sub_auto.var.name",
      "status": "pass",
      "objects": null
    },
    {
      "object_kind": "var",
      "config_addr": "module.aci.module.aci_l3out_interface_profile_manual.var.ospf_interface_policy",
      "status": "pass",
      "objects": null
    },
    {
      "object_kind": "var",
      "config_addr": "module.aci.module.aci_l4l7_device.var.service_type",
      "status": "pass",
      "objects": null
    },
    {
      "object_kind": "var",
      "config_addr": "module.aci.module.aci_redirect_policy.var.min_threshold",
      "status": "pass",
      "objects": null
    },
    {
      "object_kind": "var",
      "config_addr": "module.aci.module.aci_device_selection_policy.var.consumer_service_epg_policy_tenant",
      "status": "pass",
      "objects": null
    },
    {
      "object_kind": "var",
      "config_addr": "module.aci.module.aci_set_rule.var.preference",
      "status": "pass",
      "objects": null
    },
    {
      "object_kind": "var",
      "config_addr": "module.aci.module.aci_endpoint_group.var.name",
      "status": "pass",
      "objects": null
    },
    {
      "object_kind": "var",
      "config_addr": "module.aci.module.aci_redirect_health_group.var.tenant",
      "status": "pass",
      "objects": null
    },
    {
      "object_kind": "var",
      "config_addr": "module.aci.module.aci_l3out.var.name",
      "status": "pass",
      "objects": null
    },
    {
      "object_kind": "var",
      "config_addr": "module.aci.module.aci_endpoint_group.var.l4l7_virtual_ips",
      "status": "pass",
      "objects": null
    },
    {
      "object_kind": "var",
      "config_addr": "module.aci.module.aci_trust_control_policy.var.tenant",
      "status": "pass",
      "objects": null
    },
    {
      "object_kind": "var",
      "config_addr": "module.aci.module.aci_vmware_vmm_domain.var.vswitch_mtu_policy",
      "status": "pass",
      "objects": null
    },
    {
      "object_kind": "var",
      "config_addr": "module.aci.module.aci_vrf.var.bgp_ipv6_import_route_target",
      "status": "unknown",
      "objects": [
        {
          "object_addr": "module.aci.module.aci_vrf[\"common/common.vrf-01\"].var.bgp_ipv6_import_route_target",
          "status": "unknown"
        }
      ]
    },
    {
      "object_kind": "var",
      "config_addr": "module.aci.module.aci_fabric_scheduler.var.name",
      "status": "pass",
      "objects": null
    },
    {
      "object_kind": "var",
      "config_addr": "module.aci.module.aci_l3out_interface_profile_manual.var.pim_policy",
      "status": "pass",
      "objects": null
    },
    {
      "object_kind": "var",
      "config_addr": "module.aci.module.aci_vmware_vmm_domain.var.credential_policies",
      "status": "pass",
      "objects": null
    },
    {
      "object_kind": "var",
      "config_addr": "module.aci.module.aci_access_span_destination_group.var.dscp",
      "status": "pass",
      "objects": null
    },
    {
      "object_kind": "var",
      "config_addr": "module.aci.module.aci_login_domain.var.tacacs_providers",
      "status": "pass",
      "objects": null
    },
    {
      "object_kind": "var",
      "config_addr": "module.aci.module.aci_ptp.var.global_domain",
      "status": "pass",
      "objects": null
    },
    {
      "object_kind": "var",
      "config_addr": "module.aci.module.aci_vmware_vmm_domain.var.vcenters",
      "status": "pass",
      "objects": null
    },
    {
      "object_kind": "var",
      "config_addr": "module.aci.module.aci_error_disabled_recovery.var.interval",
      "status": "pass",
      "objects": null
    },
    {
      "object_kind": "var",
      "config_addr": "module.aci.module.aci_access_leaf_switch_policy_group.var.name",
      "status": "pass",
      "objects": null
    },
    {
      "object_kind": "var",
      "config_addr": "module.aci.module.aci_imported_contract.var.tenant",
      "status": "pass",
      "objects": [
        {
          "object_addr": "module.aci.module.aci_imported_contract[\"common/permit-from-core-services\"].var.tenant",
          "status": "pass"
        },
        {
          "object_addr": "module.aci.module.aci_imported_contract[\"common/permit-from-lab-desktops\"].var.tenant",
          "status": "pass"
        },
        {
          "object_addr": "module.aci.module.aci_imported_contract[\"common/permit-to-core-services\"].var.tenant",
          "status": "pass"
        },
        {
          "object_addr": "module.aci.module.aci_imported_contract[\"common/permit-to-shared-services.vrf-01-all-external-subnets\"].var.tenant",
          "status": "pass"
        }
      ]
    },
    {
      "object_kind": "var",
      "config_addr": "module.aci.module.aci_set_rule.var.set_as_path_order",
      "status": "pass",
      "objects": null
    },
    {
      "object_kind": "var",
      "config_addr": "module.aci.module.aci_vspan_session.var.destination_description",
      "status": "pass",
      "objects": null
    },
    {
      "object_kind": "var",
      "config_addr": "module.aci.module.aci_access_spine_interface_policy_group.var.cdp_policy",
      "status": "pass",
      "objects": null
    },
    {
      "object_kind": "var",
      "config_addr": "module.aci.module.aci_monitoring_policy.var.syslog_policies",
      "status": "pass",
      "objects": null
    },
    {
      "object_kind": "var",
      "config_addr": "module.aci.module.aci_fabric_pod_profile_auto.var.selectors",
      "status": "pass",
      "objects": null
    },
    {
      "object_kind": "var",
      "config_addr": "module.aci.module.aci_qos_policy.var.dscp_priority_maps",
      "status": "pass",
      "objects": null
    },
    {
      "object_kind": "var",
      "config_addr": "module.aci.module.aci_ptp.var.announce_timeout",
      "status": "pass",
      "objects": null
    },
    {
      "object_kind": "var",
      "config_addr": "module.aci.module.aci_fabric_span_destination_group.var.flow_id",
      "status": "pass",
      "objects": null
    },
    {
      "object_kind": "var",
      "config_addr": "module.aci.module.aci_user.var.certificates",
      "status": "pass",
      "objects": null
    },
    {
      "object_kind": "var",
      "config_addr": "module.aci.module.aci_date_time_format.var.display_format",
      "status": "pass",
      "objects": null
    },
    {
      "object_kind": "var",
      "config_addr": "module.aci.module.aci_bgp_address_family_context_policy.var.ibgp_max_ecmp",
      "status": "pass",
      "objects": null
    },
    {
      "object_kind": "var",
      "config_addr": "module.aci.module.aci_vrf.var.bgp_timer_policy",
      "status": "unknown",
      "objects": [
        {
          "object_addr": "module.aci.module.aci_vrf[\"common/common.vrf-01\"].var.bgp_timer_policy",
          "status": "unknown"
        }
      ]
    },
    {
      "object_kind": "var",
      "config_addr": "module.aci.module.aci_tenant_span_destination_group.var.ttl",
      "status": "pass",
      "objects": null
    },
    {
      "object_kind": "var",
      "config_addr": "module.aci.module.aci_l4l7_device.var.function",
      "status": "pass",
      "objects": null
    },
    {
      "object_kind": "var",
      "config_addr": "module.aci.module.aci_access_leaf_interface_policy_group.var.mcp_policy",
      "status": "pass",
      "objects": null
    },
    {
      "object_kind": "var",
      "config_addr": "module.aci.module.aci_set_rule.var.tenant",
      "status": "pass",
      "objects": null
    },
    {
      "object_kind": "var",
      "config_addr": "module.aci.module.aci_endpoint_group.var.physical_domains",
      "status": "pass",
      "objects": null
    },
    {
      "object_kind": "var",
      "config_addr": "module.aci.module.aci_bridge_domain.var.unknown_ipv4_multicast",
      "status": "pass",
      "objects": [
        {
          "object_addr": "module.aci.module.aci_bridge_domain[\"common/vlan-3003\"].var.unknown_ipv4_multicast",
          "status": "pass"
        },
        {
          "object_addr": "module.aci.module.aci_bridge_domain[\"common/vlan-3004\"].var.unknown_ipv4_multicast",
          "status": "pass"
        },
        {
          "object_addr": "module.aci.module.aci_bridge_domain[\"common/vlan-992\"].var.unknown_ipv4_multicast",
          "status": "pass"
        },
        {
          "object_addr": "module.aci.module.aci_bridge_domain[\"common/vlan-3001\"].var.unknown_ipv4_multicast",
          "status": "pass"
        },
        {
          "object_addr": "module.aci.module.aci_bridge_domain[\"common/vlan-3002\"].var.unknown_ipv4_multicast",
          "status": "pass"
        }
      ]
    },
    {
      "object_kind": "var",
      "config_addr": "module.aci.module.aci_l3out_interface_profile_manual.var.l3out",
      "status": "pass",
      "objects": null
    },
    {
      "object_kind": "var",
      "config_addr": "module.aci.module.aci_multicast_route_map.var.name",
      "status": "pass",
      "objects": null
    },
    {
      "object_kind": "var",
      "config_addr": "module.aci.module.aci_l3out.var.ospf_area_cost",
      "status": "pass",
      "objects": null
    },
    {
      "object_kind": "var",
      "config_addr": "module.aci.module.aci_fabric_leaf_switch_profile_manual.var.selectors",
      "status": "pass",
      "objects": null
    },
    {
      "object_kind": "var",
      "config_addr": "module.aci.module.aci_bridge_domain.var.subnets",
      "status": "unknown",
      "objects": [
        {
          "object_addr": "module.aci.module.aci_bridge_domain[\"common/vlan-3003\"].var.subnets",
          "status": "unknown"
        },
        {
          "object_addr": "module.aci.module.aci_bridge_domain[\"common/vlan-3004\"].var.subnets",
          "status": "unknown"
        },
        {
          "object_addr": "module.aci.module.aci_bridge_domain[\"common/vlan-992\"].var.subnets",
          "status": "unknown"
        },
        {
          "object_addr": "module.aci.module.aci_bridge_domain[\"common/vlan-3001\"].var.subnets",
          "status": "unknown"
        },
        {
          "object_addr": "module.aci.module.aci_bridge_domain[\"common/vlan-3002\"].var.subnets",
          "status": "unknown"
        }
      ]
    },
    {
      "object_kind": "var",
      "config_addr": "module.aci.module.aci_oob_contract.var.description",
      "status": "pass",
      "objects": null
    },
    {
      "object_kind": "var",
      "config_addr": "module.aci.module.aci_endpoint_group.var.contract_intra_epgs",
      "status": "pass",
      "objects": null
    },
    {
      "object_kind": "var",
      "config_addr": "module.aci.module.aci_access_leaf_interface_profile_manual.var.name",
      "status": "pass",
      "objects": null
    },
    {
      "object_kind": "var",
      "config_addr": "module.aci.module.aci_ip_sla_policy.var.sla_type",
      "status": "pass",
      "objects": null
    },
    {
      "object_kind": "var",
      "config_addr": "module.aci.module.aci_fabric_spine_switch_policy_group.var.node_control_policy",
      "status": "pass",
      "objects": null
    },
    {
      "object_kind": "var",
      "config_addr": "module.aci.module.aci_access_leaf_interface_policy_group.var.description",
      "status": "pass",
      "objects": null
    },
    {
      "object_kind": "var",
      "config_addr": "module.aci.module.aci_device_selection_policy.var.contract",
      "status": "pass",
      "objects": null
    },
    {
      "object_kind": "var",
      "config_addr": "module.aci.module.aci_endpoint_group.var.static_endpoints",
      "status": "pass",
      "objects": null
    },
    {
      "object_kind": "var",
      "config_addr": "module.aci.module.aci_fabric_leaf_switch_profile_auto.var.name",
      "status": "pass",
      "objects": null
    },
    {
      "object_kind": "var",
      "config_addr": "module.aci.module.aci_ca_certificate.var.name",
      "status": "pass",
      "objects": null
    },
    {
      "object_kind": "var",
      "config_addr": "module.aci.module.aci_vrf.var.pim_asm_shared_range_multicast_route_map",
      "status": "unknown",
      "objects": [
        {
          "object_addr": "module.aci.module.aci_vrf[\"common/common.vrf-01\"].var.pim_asm_shared_range_multicast_route_map",
          "status": "unknown"
        }
      ]
    },
    {
      "object_kind": "var",
      "config_addr": "module.aci.module.aci_l3out.var.target_dscp",
      "status": "pass",
      "objects": null
    },
    {
      "object_kind": "var",
      "config_addr": "module.aci.module.aci_fabric_leaf_switch_policy_group.var.psu_policy",
      "status": "pass",
      "objects": null
    },
    {
      "object_kind": "var",
      "config_addr": "module.aci.module.aci_igmp_interface_policy.var.version_",
      "status": "pass",
      "objects": null
    },
    {
      "object_kind": "resource",
      "config_addr": "module.aci.data.utils_yaml_merge.model",
      "status": "unknown",
      "objects": [
        {
          "object_addr": "module.aci.data.utils_yaml_merge.model",
          "status": "unknown"
        }
      ]
    },
    {
      "object_kind": "var",
      "config_addr": "module.aci.module.aci_bfd_interface_policy.var.echo_rx_interval",
      "status": "pass",
      "objects": null
    },
    {
      "object_kind": "var",
      "config_addr": "module.aci.module.aci_l3out_interface_profile_manual.var.custom_qos_policy",
      "status": "pass",
      "objects": null
    },
    {
      "object_kind": "var",
      "config_addr": "module.aci.module.aci_access_fex_interface_profile_auto.var.name",
      "status": "pass",
      "objects": null
    },
    {
      "object_kind": "var",
      "config_addr": "module.aci.module.aci_l4l7_device.var.physical_domain",
      "status": "pass",
      "objects": null
    },
    {
      "object_kind": "var",
      "config_addr": "module.aci.module.aci_match_rule.var.community_terms",
      "status": "pass",
      "objects": null
    },
    {
      "object_kind": "var",
      "config_addr": "module.aci.module.aci_device_selection_policy.var.provider_bridge_domain_tenant",
      "status": "pass",
      "objects": null
    },
    {
      "object_kind": "var",
      "config_addr": "module.aci.module.aci_access_leaf_interface_selector_auto.var.port_blocks",
      "status": "pass",
      "objects": null
    },
    {
      "object_kind": "var",
      "config_addr": "module.aci.module.aci_service_graph_template.var.tenant",
      "status": "pass",
      "objects": null
    },
    {
      "object_kind": "var",
      "config_addr": "module.aci.module.aci_ospf_interface_policy.var.description",
      "status": "pass",
      "objects": null
    },
    {
      "object_kind": "var",
      "config_addr": "module.aci.module.aci_access_span_destination_group.var.port",
      "status": "pass",
      "objects": null
    },
    {
      "object_kind": "var",
      "config_addr": "module.aci.module.aci_access_spine_interface_selector_auto.var.policy_group",
      "status": "pass",
      "objects": null
    },
    {
      "object_kind": "var",
      "config_addr": "module.aci.module.aci_bridge_domain.var.unknown_unicast",
      "status": "pass",
      "objects": [
        {
          "object_addr": "module.aci.module.aci_bridge_domain[\"common/vlan-3002\"].var.unknown_unicast",
          "status": "pass"
        },
        {
          "object_addr": "module.aci.module.aci_bridge_domain[\"common/vlan-3003\"].var.unknown_unicast",
          "status": "pass"
        },
        {
          "object_addr": "module.aci.module.aci_bridge_domain[\"common/vlan-3004\"].var.unknown_unicast",
          "status": "pass"
        },
        {
          "object_addr": "module.aci.module.aci_bridge_domain[\"common/vlan-992\"].var.unknown_unicast",
          "status": "pass"
        },
        {
          "object_addr": "module.aci.module.aci_bridge_domain[\"common/vlan-3001\"].var.unknown_unicast",
          "status": "pass"
        }
      ]
    },
    {
      "object_kind": "var",
      "config_addr": "module.aci.module.aci_l3out.var.ospf_area_type",
      "status": "pass",
      "objects": null
    },
    {
      "object_kind": "var",
      "config_addr": "module.aci.module.aci_access_leaf_switch_profile_manual.var.interface_profiles",
      "status": "pass",
      "objects": null
    },
    {
      "object_kind": "var",
      "config_addr": "module.aci.module.aci_endpoint_security_group.var.contract_imported_consumers",
      "status": "pass",
      "objects": null
    },
    {
      "object_kind": "var",
      "config_addr": "module.aci.module.aci_mcp.var.frequency_msec",
      "status": "pass",
      "objects": null
    },
    {
      "object_kind": "var",
      "config_addr": "module.aci.module.aci_filter.var.description",
      "status": "pass",
      "objects": [
        {
          "object_addr": "module.aci.module.aci_filter[\"common/src-any-dst-any\"].var.description",
          "status": "pass"
        },
        {
          "object_addr": "module.aci.module.aci_filter[\"common/icmp\"].var.description",
          "status": "pass"
        }
      ]
    },
    {
      "object_kind": "var",
      "config_addr": "module.aci.module.aci_port_channel_policy.var.max_links",
      "status": "pass",
      "objects": null
    },
    {
      "object_kind": "var",
      "config_addr": "module.aci.module.aci_access_leaf_switch_profile_auto.var.name",
      "status": "pass",
      "objects": null
    },
    {
      "object_kind": "var",
      "config_addr": "module.aci.module.aci_pim_policy.var.tenant",
      "status": "pass",
      "objects": null
    },
    {
      "object_kind": "var",
      "config_addr": "module.aci.module.aci_access_leaf_interface_selector_sub_auto.var.port_blocks",
      "status": "pass",
      "objects": null
    },
    {
      "object_kind": "var",
      "config_addr": "module.aci.module.aci_set_rule.var.dampening_half_life",
      "status": "pass",
      "objects": null
    },
    {
      "object_kind": "var",
      "config_addr": "module.aci.module.aci_igmp_interface_policy.var.robustness_variable",
      "status": "pass",
      "objects": null
    },
    {
      "object_kind": "var",
      "config_addr": "module.aci.module.aci_device_selection_policy.var.provider_service_epg_policy_tenant",
      "status": "pass",
      "objects": null
    },
    {
      "object_kind": "var",
      "config_addr": "module.aci.module.aci_oob_external_management_instance.var.oob_contract_consumers",
      "status": "pass",
      "objects": null
    },
    {
      "object_kind": "var",
      "config_addr": "module.aci.module.aci_access_span_source_group.var.destination_description",
      "status": "pass",
      "objects": null
    },
    {
      "object_kind": "var",
      "config_addr": "module.aci.module.aci_vlan_pool.var.description",
      "status": "pass",
      "objects": null
    },
    {
      "object_kind": "var",
      "config_addr": "module.aci.module.aci_login_domain.var.realm",
      "status": "pass",
      "objects": null
    },
    {
      "object_kind": "var",
      "config_addr": "module.aci.module.aci_vrf.var.leaked_internal_prefixes",
      "status": "unknown",
      "objects": [
        {
          "object_addr": "module.aci.module.aci_vrf[\"common/common.vrf-01\"].var.leaked_internal_prefixes",
          "status": "unknown"
        }
      ]
    },
    {
      "object_kind": "var",
      "config_addr": "module.aci.module.aci_access_span_source_group.var.filter_group",
      "status": "pass",
      "objects": null
    },
    {
      "object_kind": "var",
      "config_addr": "module.aci.module.aci_vpc_policy.var.peer_dead_interval",
      "status": "pass",
      "objects": null
    },
    {
      "object_kind": "var",
      "config_addr": "module.aci.module.aci_l3out_node_profile_manual.var.nodes",
      "status": "pass",
      "objects": null
    },
    {
      "object_kind": "var",
      "config_addr": "module.aci.module.aci_date_time_policy.var.ntp_keys",
      "status": "pass",
      "objects": null
    },
    {
      "object_kind": "var",
      "config_addr": "module.aci.module.aci_igmp_interface_policy.var.last_member_response_time",
      "status": "pass",
      "objects": null
    },
    {
      "object_kind": "var",
      "config_addr": "module.aci.module.aci_access_leaf_interface_policy_group.var.aaep",
      "status": "pass",
      "objects": null
    },
    {
      "object_kind": "var",
      "config_addr": "module.aci.module.aci_device_selection_policy.var.provider_service_epg_policy",
      "status": "pass",
      "objects": null
    },
    {
      "object_kind": "var",
      "config_addr": "module.aci.module.aci_ospf_interface_policy.var.priority",
      "status": "pass",
      "objects": null
    },
    {
      "object_kind": "var",
      "config_addr": "module.aci.module.aci_port_channel_member_policy.var.priority",
      "status": "pass",
      "objects": null
    },
    {
      "object_kind": "var",
      "config_addr": "module.aci.module.aci_bgp_address_family_context_policy.var.name",
      "status": "pass",
      "objects": null
    },
    {
      "object_kind": "var",
      "config_addr": "module.aci.module.aci_igmp_snooping_policy.var.start_query_count",
      "status": "pass",
      "objects": null
    },
    {
      "object_kind": "var",
      "config_addr": "module.aci.module.aci_syslog_policy.var.destinations",
      "status": "pass",
      "objects": null
    },
    {
      "object_kind": "var",
      "config_addr": "module.aci.module.aci_pod_setup.var.pod_id",
      "status": "pass",
      "objects": null
    },
    {
      "object_kind": "var",
      "config_addr": "module.aci.module.aci_bgp_timer_policy.var.hold_interval",
      "status": "pass",
      "objects": null
    },
    {
      "object_kind": "var",
      "config_addr": "module.aci.module.aci_aaep.var.physical_domains",
      "status": "pass",
      "objects": null
    },
    {
      "object_kind": "var",
      "config_addr": "module.aci.module.aci_l3out_interface_profile_auto.var.ospf_authentication_type",
      "status": "pass",
      "objects": null
    },
    {
      "object_kind": "var",
      "config_addr": "module.aci.module.aci_vrf.var.bgp_ipv4_address_family_context_policy",
      "status": "unknown",
      "objects": [
        {
          "object_addr": "module.aci.module.aci_vrf[\"common/common.vrf-01\"].var.bgp_ipv4_address_family_context_policy",
          "status": "unknown"
        }
      ]
    },
    {
      "object_kind": "var",
      "config_addr": "module.aci.module.aci_psu_policy.var.admin_state",
      "status": "pass",
      "objects": null
    },
    {
      "object_kind": "var",
      "config_addr": "module.aci.module.aci_forwarding_scale_policy.var.profile",
      "status": "pass",
      "objects": null
    },
    {
      "object_kind": "var",
      "config_addr": "module.aci.module.aci_access_leaf_interface_selector_sub_auto.var.interface_profile",
      "status": "pass",
      "objects": null
    },
    {
      "object_kind": "var",
      "config_addr": "module.aci.module.aci_access_leaf_interface_policy_group.var.port_channel_member_policy",
      "status": "pass",
      "objects": null
    },
    {
      "object_kind": "var",
      "config_addr": "module.aci.module.aci_access_leaf_interface_policy_group.var.port_channel_policy",
      "status": "pass",
      "objects": null
    },
    {
      "object_kind": "var",
      "config_addr": "module.aci.module.aci_syslog_policy.var.name",
      "status": "pass",
      "objects": null
    },
    {
      "object_kind": "var",
      "config_addr": "module.aci.module.aci_igmp_snooping_policy.var.tenant",
      "status": "pass",
      "objects": null
    },
    {
      "object_kind": "var",
      "config_addr": "module.aci.module.aci_l3out_interface_profile_manual.var.qos_class",
      "status": "pass",
      "objects": null
    },
    {
      "object_kind": "var",
      "config_addr": "module.aci.module.aci_contract.var.alias",
      "status": "pass",
      "objects": null
    },
    {
      "object_kind": "var",
      "config_addr": "module.aci.module.aci_contract.var.description",
      "status": "pass",
      "objects": null
    },
    {
      "object_kind": "var",
      "config_addr": "module.aci.module.aci_port_channel_member_policy.var.rate",
      "status": "pass",
      "objects": null
    },
    {
      "object_kind": "var",
      "config_addr": "module.aci.module.aci_bgp_peer_prefix_policy.var.restart_time",
      "status": "pass",
      "objects": null
    },
    {
      "object_kind": "var",
      "config_addr": "module.aci.module.aci_bridge_domain.var.tenant",
      "status": "pass",
      "objects": [
        {
          "object_addr": "module.aci.module.aci_bridge_domain[\"common/vlan-992\"].var.tenant",
          "status": "pass"
        },
        {
          "object_addr": "module.aci.module.aci_bridge_domain[\"common/vlan-3001\"].var.tenant",
          "status": "pass"
        },
        {
          "object_addr": "module.aci.module.aci_bridge_domain[\"common/vlan-3002\"].var.tenant",
          "status": "pass"
        },
        {
          "object_addr": "module.aci.module.aci_bridge_domain[\"common/vlan-3003\"].var.tenant",
          "status": "pass"
        },
        {
          "object_addr": "module.aci.module.aci_bridge_domain[\"common/vlan-3004\"].var.tenant",
          "status": "pass"
        }
      ]
    },
    {
      "object_kind": "var",
      "config_addr": "module.aci.module.aci_mst_policy.var.instances",
      "status": "pass",
      "objects": null
    },
    {
      "object_kind": "var",
      "config_addr": "module.aci.module.aci_multicast_route_map.var.description",
      "status": "pass",
      "objects": null
    },
    {
      "object_kind": "var",
      "config_addr": "module.aci.module.aci_user.var.phone",
      "status": "pass",
      "objects": null
    },
    {
      "object_kind": "var",
      "config_addr": "module.aci.module.aci_storm_control_policy.var.description",
      "status": "pass",
      "objects": null
    },
    {
      "object_kind": "var",
      "config_addr": "module.aci.module.aci_l4l7_device.var.name",
      "status": "pass",
      "objects": null
    },
    {
      "object_kind": "var",
      "config_addr": "module.aci.module.aci_l3out_interface_profile_auto.var.ospf_interface_profile_name",
      "status": "pass",
      "objects": null
    },
    {
      "object_kind": "var",
      "config_addr": "module.aci.module.aci_firmware_group.var.name",
      "status": "pass",
      "objects": null
    },
    {
      "object_kind": "var",
      "config_addr": "module.aci.module.aci_l2_policy.var.name",
      "status": "pass",
      "objects": null
    },
    {
      "object_kind": "var",
      "config_addr": "module.aci.module.aci_redirect_policy.var.alias",
      "status": "pass",
      "objects": null
    },
    {
      "object_kind": "var",
      "config_addr": "module.aci.module.aci_vrf.var.contract_imported_consumers",
      "status": "unknown",
      "objects": [
        {
          "object_addr": "module.aci.module.aci_vrf[\"common/common.vrf-01\"].var.contract_imported_consumers",
          "status": "unknown"
        }
      ]
    },
    {
      "object_kind": "var",
      "config_addr": "module.aci.module.aci_l3out_node_profile_manual.var.tenant",
      "status": "pass",
      "objects": null
    },
    {
      "object_kind": "var",
      "config_addr": "module.aci.module.aci_access_leaf_switch_profile_manual.var.selectors",
      "status": "pass",
      "objects": null
    },
    {
      "object_kind": "var",
      "config_addr": "module.aci.module.aci_service_graph_template.var.device_function",
      "status": "pass",
      "objects": null
    },
    {
      "object_kind": "var",
      "config_addr": "module.aci.module.aci_lldp_policy.var.name",
      "status": "pass",
      "objects": null
    },
    {
      "object_kind": "var",
      "config_addr": "module.aci.module.aci_infra_dscp_translation_policy.var.level_3",
      "status": "pass",
      "objects": null
    },
    {
      "object_kind": "var",
      "config_addr": "module.aci.module.aci_endpoint_group.var.static_ports",
      "status": "pass",
      "objects": null
    },
    {
      "object_kind": "var",
      "config_addr": "module.aci.module.aci_match_rule.var.name",
      "status": "pass",
      "objects": null
    },
    {
      "object_kind": "var",
      "config_addr": "module.aci.module.aci_mcp.var.initial_delay",
      "status": "pass",
      "objects": null
    },
    {
      "object_kind": "var",
      "config_addr": "module.aci.module.aci_ip_sla_policy.var.description",
      "status": "pass",
      "objects": null
    },
    {
      "object_kind": "var",
      "config_addr": "module.aci.module.aci_oob_endpoint_group.var.oob_contract_providers",
      "status": "pass",
      "objects": null
    },
    {
      "object_kind": "var",
      "config_addr": "module.aci.module.aci_service_epg_policy.var.tenant",
      "status": "pass",
      "objects": null
    },
    {
      "object_kind": "var",
      "config_addr": "module.aci.module.aci_igmp_snooping_policy.var.name",
      "status": "pass",
      "objects": null
    },
    {
      "object_kind": "var",
      "config_addr": "module.aci.module.aci_access_spine_interface_selector_manual.var.policy_group",
      "status": "pass",
      "objects": null
    },
    {
      "object_kind": "var",
      "config_addr": "module.aci.module.aci_pim_policy.var.join_prune_interval",
      "status": "pass",
      "objects": null
    },
    {
      "object_kind": "var",
      "config_addr": "module.aci.module.aci_access_leaf_interface_selector_auto.var.policy_group",
      "status": "pass",
      "objects": null
    },
    {
      "object_kind": "var",
      "config_addr": "module.aci.module.aci_bgp_timer_policy.var.keepalive_interval",
      "status": "pass",
      "objects": null
    },
    {
      "object_kind": "var",
      "config_addr": "module.aci.module.aci_access_leaf_interface_selector_manual.var.port_blocks",
      "status": "pass",
      "objects": null
    },
    {
      "object_kind": "var",
      "config_addr": "module.aci.module.aci_device_selection_policy.var.consumer_redirect_policy_tenant",
      "status": "pass",
      "objects": null
    },
    {
      "object_kind": "var",
      "config_addr": "module.aci.module.aci_application_profile.var.description",
      "status": "pass",
      "objects": null
    },
    {
      "object_kind": "var",
      "config_addr": "module.aci.module.aci_fabric_leaf_switch_policy_group.var.name",
      "status": "pass",
      "objects": null
    },
    {
      "object_kind": "var",
      "config_addr": "module.aci.module.aci_port_channel_policy.var.name",
      "status": "pass",
      "objects": null
    },
    {
      "object_kind": "var",
      "config_addr": "module.aci.module.aci_inband_endpoint_group.var.name",
      "status": "pass",
      "objects": null
    },
    {
      "object_kind": "var",
      "config_addr": "module.aci.module.aci_remote_location.var.hostname_ip",
      "status": "pass",
      "objects": null
    },
    {
      "object_kind": "var",
      "config_addr": "module.aci.module.aci_igmp_interface_policy.var.static_report_multicast_route_map",
      "status": "pass",
      "objects": null
    },
    {
      "object_kind": "var",
      "config_addr": "module.aci.module.aci_external_connectivity_policy.var.site_id",
      "status": "pass",
      "objects": null
    },
    {
      "object_kind": "var",
      "config_addr": "module.aci.module.aci_igmp_interface_policy.var.max_mcast_entries",
      "status": "pass",
      "objects": null
    },
    {
      "object_kind": "var",
      "config_addr": "module.aci.module.aci_access_leaf_interface_selector_manual.var.policy_group_type",
      "status": "pass",
      "objects": null
    },
    {
      "object_kind": "var",
      "config_addr": "module.aci.module.aci_fabric_span_destination_group.var.mtu",
      "status": "pass",
      "objects": null
    },
    {
      "object_kind": "var",
      "config_addr": "module.aci.module.aci_pim_policy.var.auth_key",
      "status": "pass",
      "objects": null
    },
    {
      "object_kind": "var",
      "config_addr": "module.aci.module.aci_access_spine_switch_policy_group.var.name",
      "status": "pass",
      "objects": null
    },
    {
      "object_kind": "var",
      "config_addr": "module.aci.module.aci_l3out.var.import_route_map_contexts",
      "status": "pass",
      "objects": null
    },
    {
      "object_kind": "var",
      "config_addr": "module.aci.module.aci_device_selection_policy.var.provider_redirect_policy_tenant",
      "status": "pass",
      "objects": null
    },
    {
      "object_kind": "var",
      "config_addr": "module.aci.module.aci_smart_licensing.var.proxy_port",
      "status": "pass",
      "objects": null
    },
    {
      "object_kind": "var",
      "config_addr": "module.aci.module.aci_remote_location.var.mgmt_epg_type",
      "status": "pass",
      "objects": null
    },
    {
      "object_kind": "var",
      "config_addr": "module.aci.module.aci_rogue_endpoint_control.var.detection_interval",
      "status": "pass",
      "objects": null
    },
    {
      "object_kind": "var",
      "config_addr": "module.aci.module.aci_access_leaf_switch_policy_group.var.forwarding_scale_policy",
      "status": "pass",
      "objects": null
    },
    {
      "object_kind": "var",
      "config_addr": "module.aci.module.aci_config_passphrase.var.config_passphrase",
      "status": "pass",
      "objects": null
    },
    {
      "object_kind": "var",
      "config_addr": "module.aci.module.aci_application_profile.var.tenant",
      "status": "pass",
      "objects": null
    },
    {
      "object_kind": "var",
      "config_addr": "module.aci.module.aci_bgp_peer_prefix_policy.var.action",
      "status": "pass",
      "objects": null
    },
    {
      "object_kind": "var",
      "config_addr": "module.aci.module.aci_geolocation.var.description",
      "status": "pass",
      "objects": null
    },
    {
      "object_kind": "var",
      "config_addr": "module.aci.module.aci_mcp.var.frequency_sec",
      "status": "pass",
      "objects": null
    },
    {
      "object_kind": "var",
      "config_addr": "module.aci.module.aci_aaep.var.endpoint_groups",
      "status": "pass",
      "objects": null
    },
    {
      "object_kind": "var",
      "config_addr": "module.aci.module.aci_bgp_timer_policy.var.tenant",
      "status": "pass",
      "objects": null
    },
    {
      "object_kind": "var",
      "config_addr": "module.aci.module.aci_redirect_backup_policy.var.l3_destinations",
      "status": "pass",
      "objects": null
    },
    {
      "object_kind": "var",
      "config_addr": "module.aci.module.aci_tenant.var.alias",
      "status": "pass",
      "objects": [
        {
          "object_addr": "module.aci.module.aci_tenant[\"common\"].var.alias",
          "status": "pass"
        }
      ]
    },
    {
      "object_kind": "var",
      "config_addr": "module.aci.module.aci_fabric_pod_policy_group.var.management_access_policy",
      "status": "pass",
      "objects": null
    },
    {
      "object_kind": "var",
      "config_addr": "module.aci.module.aci_infra_dscp_translation_policy.var.level_2",
      "status": "pass",
      "objects": null
    },
    {
      "object_kind": "var",
      "config_addr": "module.aci.module.aci_fabric_spine_switch_profile_auto.var.name",
      "status": "pass",
      "objects": null
    },
    {
      "object_kind": "var",
      "config_addr": "module.aci.module.aci_ptp.var.delay_interval",
      "status": "pass",
      "objects": null
    },
    {
      "object_kind": "var",
      "config_addr": "module.aci.module.aci_access_span_source_group.var.description",
      "status": "pass",
      "objects": null
    },
    {
      "object_kind": "var",
      "config_addr": "module.aci.module.aci_application_profile.var.name",
      "status": "pass",
      "objects": null
    },
    {
      "object_kind": "var",
      "config_addr": "module.aci.module.aci_fabric_span_destination_group.var.tenant",
      "status": "pass",
      "objects": null
    },
    {
      "object_kind": "var",
      "config_addr": "module.aci.module.aci_ptp.var.profile",
      "status": "pass",
      "objects": null
    },
    {
      "object_kind": "var",
      "config_addr": "module.aci.module.aci_l3out.var.export_route_map_description",
      "status": "pass",
      "objects": null
    },
    {
      "object_kind": "var",
      "config_addr": "module.aci.module.aci_external_endpoint_group.var.target_dscp",
      "status": "pass",
      "objects": null
    },
    {
      "object_kind": "var",
      "config_addr": "module.aci.module.aci_infra_dscp_translation_policy.var.traceroute",
      "status": "pass",
      "objects": null
    },
    {
      "object_kind": "var",
      "config_addr": "module.aci.module.aci_route_control_route_map.var.name",
      "status": "pass",
      "objects": null
    },
    {
      "object_kind": "var",
      "config_addr": "module.aci.module.aci_ospf_interface_policy.var.name",
      "status": "pass",
      "objects": null
    },
    {
      "object_kind": "var",
      "config_addr": "module.aci.module.aci_oob_contract.var.alias",
      "status": "pass",
      "objects": null
    },
    {
      "object_kind": "var",
      "config_addr": "module.aci.module.aci_vrf.var.pim_asm_traffic_registry_source_ip",
      "status": "unknown",
      "objects": [
        {
          "object_addr": "module.aci.module.aci_vrf[\"common/common.vrf-01\"].var.pim_asm_traffic_registry_source_ip",
          "status": "unknown"
        }
      ]
    },
    {
      "object_kind": "var",
      "config_addr": "module.aci.module.aci_inband_node_address.var.endpoint_group_vlan",
      "status": "pass",
      "objects": null
    },
    {
      "object_kind": "var",
      "config_addr": "module.aci.module.aci_remote_location.var.description",
      "status": "pass",
      "objects": null
    },
    {
      "object_kind": "var",
      "config_addr": "module.aci.module.aci_fabric_leaf_switch_profile_manual.var.interface_profiles",
      "status": "pass",
      "objects": null
    },
    {
      "object_kind": "var",
      "config_addr": "module.aci.module.aci_endpoint_group.var.trust_control_policy",
      "status": "pass",
      "objects": null
    },
    {
      "object_kind": "var",
      "config_addr": "module.aci.module.aci_oob_endpoint_group.var.static_routes",
      "status": "pass",
      "objects": null
    },
    {
      "object_kind": "var",
      "config_addr": "module.aci.module.aci_user.var.certificate_name",
      "status": "pass",
      "objects": null
    },
    {
      "object_kind": "var",
      "config_addr": "module.aci.module.aci_fabric_scheduler.var.description",
      "status": "pass",
      "objects": null
    },
    {
      "object_kind": "var",
      "config_addr": "module.aci.module.aci_l3out_interface_profile_manual.var.tenant",
      "status": "pass",
      "objects": null
    },
    {
      "object_kind": "var",
      "config_addr": "module.aci.module.aci_management_access_policy.var.name",
      "status": "pass",
      "objects": null
    },
    {
      "object_kind": "var",
      "config_addr": "module.aci.module.aci_l3out_interface_profile_auto.var.pim_policy",
      "status": "pass",
      "objects": null
    },
    {
      "object_kind": "var",
      "config_addr": "module.aci.module.aci_l4l7_device.var.context_aware",
      "status": "pass",
      "objects": null
    },
    {
      "object_kind": "var",
      "config_addr": "module.aci.module.aci_fabric_pod_profile_manual.var.name",
      "status": "pass",
      "objects": null
    },
    {
      "object_kind": "var",
      "config_addr": "module.aci.module.aci_storm_control_policy.var.action",
      "status": "pass",
      "objects": null
    },
    {
      "object_kind": "var",
      "config_addr": "module.aci.module.aci_fabric_leaf_switch_policy_group.var.node_control_policy",
      "status": "pass",
      "objects": null
    },
    {
      "object_kind": "var",
      "config_addr": "module.aci.module.aci_contract.var.scope",
      "status": "pass",
      "objects": null
    },
    {
      "object_kind": "var",
      "config_addr": "module.aci.module.aci_vspan_session.var.name",
      "status": "pass",
      "objects": null
    },
    {
      "object_kind": "var",
      "config_addr": "module.aci.module.aci_vrf.var.pim_bsr_filter_multicast_route_map",
      "status": "unknown",
      "objects": [
        {
          "object_addr": "module.aci.module.aci_vrf[\"common/common.vrf-01\"].var.pim_bsr_filter_multicast_route_map",
          "status": "unknown"
        }
      ]
    },
    {
      "object_kind": "var",
      "config_addr": "module.aci.module.aci_access_leaf_interface_policy_group.var.storm_control_policy",
      "status": "pass",
      "objects": null
    },
    {
      "object_kind": "var",
      "config_addr": "module.aci.module.aci_tenant.var.description",
      "status": "pass",
      "objects": [
        {
          "object_addr": "module.aci.module.aci_tenant[\"common\"].var.description",
          "status": "pass"
        }
      ]
    },
    {
      "object_kind": "var",
      "config_addr": "module.aci.module.aci_set_rule.var.set_as_path_criteria",
      "status": "pass",
      "objects": null
    },
    {
      "object_kind": "var",
      "config_addr": "module.aci.module.aci_login_domain.var.description",
      "status": "pass",
      "objects": null
    },
    {
      "object_kind": "var",
      "config_addr": "module.aci.module.aci_endpoint_group.var.qos_class",
      "status": "pass",
      "objects": null
    },
    {
      "object_kind": "var",
      "config_addr": "module.aci.module.aci_tacacs.var.port",
      "status": "pass",
      "objects": null
    },
    {
      "object_kind": "var",
      "config_addr": "module.aci.module.aci_service_graph_template.var.description",
      "status": "pass",
      "objects": null
    },
    {
      "object_kind": "var",
      "config_addr": "module.aci.module.aci_access_leaf_interface_policy_group.var.spanning_tree_policy",
      "status": "pass",
      "objects": null
    },
    {
      "object_kind": "var",
      "config_addr": "module.aci.module.aci_l4l7_device.var.vmm_provider",
      "status": "pass",
      "objects": null
    },
    {
      "object_kind": "var",
      "config_addr": "module.aci.module.aci_vlan_pool.var.ranges",
      "status": "pass",
      "objects": null
    },
    {
      "object_kind": "var",
      "config_addr": "module.aci.module.aci_infra_dscp_translation_policy.var.policy_plane",
      "status": "pass",
      "objects": null
    },
    {
      "object_kind": "var",
      "config_addr": "module.aci.module.aci_config_export.var.remote_location",
      "status": "pass",
      "objects": null
    },
    {
      "object_kind": "var",
      "config_addr": "module.aci.module.aci_set_rule.var.metric_type",
      "status": "pass",
      "objects": null
    },
    {
      "object_kind": "var",
      "config_addr": "module.aci.module.aci_tenant_span_destination_group.var.destination_tenant",
      "status": "pass",
      "objects": null
    },
    {
      "object_kind": "var",
      "config_addr": "module.aci.module.aci_fabric_spine_switch_profile_manual.var.selectors",
      "status": "pass",
      "objects": null
    },
    {
      "object_kind": "var",
      "config_addr": "module.aci.module.aci_access_spine_switch_profile_manual.var.selectors",
      "status": "pass",
      "objects": null
    },
    {
      "object_kind": "var",
      "config_addr": "module.aci.module.aci_l3out_node_profile_auto.var.name",
      "status": "pass",
      "objects": null
    },
    {
      "object_kind": "var",
      "config_addr": "module.aci.module.aci_fabric_leaf_switch_profile_auto.var.interface_profiles",
      "status": "pass",
      "objects": null
    },
    {
      "object_kind": "var",
      "config_addr": "module.aci.module.aci_vrf.var.pim_inter_vrf_policies",
      "status": "unknown",
      "objects": [
        {
          "object_addr": "module.aci.module.aci_vrf[\"common/common.vrf-01\"].var.pim_inter_vrf_policies",
          "status": "unknown"
        }
      ]
    },
    {
      "object_kind": "var",
      "config_addr": "module.aci.module.aci_port_tracking.var.delay",
      "status": "pass",
      "objects": null
    },
    {
      "object_kind": "var",
      "config_addr": "module.aci.module.aci_ip_sla_policy.var.tenant",
      "status": "pass",
      "objects": null
    },
    {
      "object_kind": "var",
      "config_addr": "module.aci.module.aci_igmp_interface_policy.var.reserved_mcast_entries",
      "status": "pass",
      "objects": null
    },
    {
      "object_kind": "var",
      "config_addr": "module.aci.module.aci_oob_contract.var.scope",
      "status": "pass",
      "objects": null
    },
    {
      "object_kind": "var",
      "config_addr": "module.aci.module.aci_port_channel_policy.var.mode",
      "status": "pass",
      "objects": null
    },
    {
      "object_kind": "var",
      "config_addr": "module.aci.module.aci_oob_node_address.var.pod_id",
      "status": "pass",
      "objects": null
    },
    {
      "object_kind": "var",
      "config_addr": "module.aci.module.aci_aaa.var.default_login_domain",
      "status": "pass",
      "objects": null
    },
    {
      "object_kind": "var",
      "config_addr": "module.aci.module.aci_l3out_interface_profile_auto.var.ospf_authentication_key_id",
      "status": "pass",
      "objects": null
    },
    {
      "object_kind": "var",
      "config_addr": "module.aci.module.aci_access_span_filter_group.var.name",
      "status": "pass",
      "objects": null
    },
    {
      "object_kind": "var",
      "config_addr": "module.aci.module.aci_ip_sla_policy.var.multiplier",
      "status": "pass",
      "objects": null
    },
    {
      "object_kind": "var",
      "config_addr": "module.aci.module.aci_endpoint_group.var.subnets",
      "status": "pass",
      "objects": null
    },
    {
      "object_kind": "var",
      "config_addr": "module.aci.module.aci_storm_control_policy.var.multicast_burst_pps",
      "status": "pass",
      "objects": null
    },
    {
      "object_kind": "var",
      "config_addr": "module.aci.module.aci_set_rule.var.tag",
      "status": "pass",
      "objects": null
    },
    {
      "object_kind": "var",
      "config_addr": "module.aci.module.aci_tacacs.var.monitoring_username",
      "status": "pass",
      "objects": null
    },
    {
      "object_kind": "var",
      "config_addr": "module.aci.module.aci_bgp_policy.var.fabric_bgp_external_rr",
      "status": "pass",
      "objects": null
    },
    {
      "object_kind": "var",
      "config_addr": "module.aci.module.aci_monitoring_policy.var.snmp_trap_policies",
      "status": "pass",
      "objects": null
    },
    {
      "object_kind": "var",
      "config_addr": "module.aci.module.aci_remote_location.var.path",
      "status": "pass",
      "objects": null
    },
    {
      "object_kind": "var",
      "config_addr": "module.aci.module.aci_user.var.ssh_keys",
      "status": "pass",
      "objects": null
    },
    {
      "object_kind": "var",
      "config_addr": "module.aci.module.aci_vmware_vmm_domain.var.vswitch_lldp_policy",
      "status": "pass",
      "objects": null
    },
    {
      "object_kind": "var",
      "config_addr": "module.aci.module.aci_infra_dscp_translation_policy.var.level_5",
      "status": "pass",
      "objects": null
    },
    {
      "object_kind": "var",
      "config_addr": "module.aci.module.aci_syslog_policy.var.console_severity",
      "status": "pass",
      "objects": null
    },
    {
      "object_kind": "var",
      "config_addr": "module.aci.module.aci_remote_location.var.port",
      "status": "pass",
      "objects": null
    },
    {
      "object_kind": "var",
      "config_addr": "module.aci.module.aci_routed_domain.var.vlan_pool_allocation",
      "status": "pass",
      "objects": null
    },
    {
      "object_kind": "var",
      "config_addr": "module.aci.module.aci_service_graph_template.var.alias",
      "status": "pass",
      "objects": null
    },
    {
      "object_kind": "var",
      "config_addr": "module.aci.module.aci_bgp_address_family_context_policy.var.ibgp_distance",
      "status": "pass",
      "objects": null
    },
    {
      "object_kind": "var",
      "config_addr": "module.aci.module.aci_tacacs.var.retries",
      "status": "pass",
      "objects": null
    },
    {
      "object_kind": "var",
      "config_addr": "module.aci.module.aci_ospf_interface_policy.var.network_type",
      "status": "pass",
      "objects": null
    },
    {
      "object_kind": "var",
      "config_addr": "module.aci.module.aci_syslog_policy.var.format",
      "status": "pass",
      "objects": null
    },
    {
      "object_kind": "var",
      "config_addr": "module.aci.module.aci_fabric_span_destination_group.var.span_version",
      "status": "pass",
      "objects": null
    },
    {
      "object_kind": "var",
      "config_addr": "module.aci.module.aci_l3out_interface_profile_auto.var.tenant",
      "status": "pass",
      "objects": null
    },
    {
      "object_kind": "var",
      "config_addr": "module.aci.module.aci_bgp_timer_policy.var.maximum_as_limit",
      "status": "pass",
      "objects": null
    },
    {
      "object_kind": "var",
      "config_addr": "module.aci.module.aci_imported_contract.var.source_contract",
      "status": "unknown",
      "objects": [
        {
          "object_addr": "module.aci.module.aci_imported_contract[\"common/permit-from-lab-desktops\"].var.source_contract",
          "status": "unknown"
        },
        {
          "object_addr": "module.aci.module.aci_imported_contract[\"common/permit-to-core-services\"].var.source_contract",
          "status": "unknown"
        },
        {
          "object_addr": "module.aci.module.aci_imported_contract[\"common/permit-to-shared-services.vrf-01-all-external-subnets\"].var.source_contract",
          "status": "unknown"
        },
        {
          "object_addr": "module.aci.module.aci_imported_contract[\"common/permit-from-core-services\"].var.source_contract",
          "status": "unknown"
        }
      ]
    },
    {
      "object_kind": "var",
      "config_addr": "module.aci.module.aci_bridge_domain.var.description",
      "status": "pass",
      "objects": [
        {
          "object_addr": "module.aci.module.aci_bridge_domain[\"common/vlan-3001\"].var.description",
          "status": "pass"
        },
        {
          "object_addr": "module.aci.module.aci_bridge_domain[\"common/vlan-3002\"].var.description",
          "status": "pass"
        },
        {
          "object_addr": "module.aci.module.aci_bridge_domain[\"common/vlan-3003\"].var.description",
          "status": "pass"
        },
        {
          "object_addr": "module.aci.module.aci_bridge_domain[\"common/vlan-3004\"].var.description",
          "status": "pass"
        },
        {
          "object_addr": "module.aci.module.aci_bridge_domain[\"common/vlan-992\"].var.description",
          "status": "pass"
        }
      ]
    },
    {
      "object_kind": "var",
      "config_addr": "module.aci.module.aci_tenant_span_destination_group.var.dscp",
      "status": "pass",
      "objects": null
    },
    {
      "object_kind": "var",
      "config_addr": "module.aci.module.aci_device_selection_policy.var.service_graph_template",
      "status": "pass",
      "objects": null
    },
    {
      "object_kind": "var",
      "config_addr": "module.aci.module.aci_mcp.var.loop_detection",
      "status": "pass",
      "objects": null
    },
    {
      "object_kind": "var",
      "config_addr": "module.aci.module.aci_access_leaf_interface_selector_auto.var.sub_port_blocks",
      "status": "pass",
      "objects": null
    },
    {
      "object_kind": "var",
      "config_addr": "module.aci.module.aci_snmp_policy.var.users",
      "status": "pass",
      "objects": null
    },
    {
      "object_kind": "var",
      "config_addr": "module.aci.module.aci_tenant_span_source_group.var.description",
      "status": "pass",
      "objects": null
    },
    {
      "object_kind": "var",
      "config_addr": "module.aci.module.aci_bridge_domain.var.mac",
      "status": "pass",
      "objects": [
        {
          "object_addr": "module.aci.module.aci_bridge_domain[\"common/vlan-3004\"].var.mac",
          "status": "pass"
        },
        {
          "object_addr": "module.aci.module.aci_bridge_domain[\"common/vlan-992\"].var.mac",
          "status": "pass"
        },
        {
          "object_addr": "module.aci.module.aci_bridge_domain[\"common/vlan-3001\"].var.mac",
          "status": "pass"
        },
        {
          "object_addr": "module.aci.module.aci_bridge_domain[\"common/vlan-3002\"].var.mac",
          "status": "pass"
        },
        {
          "object_addr": "module.aci.module.aci_bridge_domain[\"common/vlan-3003\"].var.mac",
          "status": "pass"
        }
      ]
    },
    {
      "object_kind": "var",
      "config_addr": "module.aci.module.aci_fabric_scheduler.var.recurring_windows",
      "status": "pass",
      "objects": null
    },
    {
      "object_kind": "var",
      "config_addr": "module.aci.module.aci_contract.var.tenant",
      "status": "pass",
      "objects": null
    },
    {
      "object_kind": "var",
      "config_addr": "module.aci.module.aci_redirect_policy.var.tenant",
      "status": "pass",
      "objects": null
    },
    {
      "object_kind": "var",
      "config_addr": "module.aci.module.aci_fabric_spine_switch_profile_manual.var.name",
      "status": "pass",
      "objects": null
    },
    {
      "object_kind": "var",
      "config_addr": "module.aci.module.aci_access_leaf_interface_profile_auto.var.name",
      "status": "pass",
      "objects": null
    },
    {
      "object_kind": "var",
      "config_addr": "module.aci.module.aci_geolocation.var.name",
      "status": "pass",
      "objects": null
    },
    {
      "object_kind": "var",
      "config_addr": "module.aci.module.aci_l4l7_device.var.type",
      "status": "pass",
      "objects": null
    },
    {
      "object_kind": "var",
      "config_addr": "module.aci.module.aci_config_export.var.description",
      "status": "pass",
      "objects": null
    },
    {
      "object_kind": "var",
      "config_addr": "module.aci.module.aci_inband_node_address.var.endpoint_group",
      "status": "pass",
      "objects": null
    },
    {
      "object_kind": "var",
      "config_addr": "module.aci.module.aci_igmp_snooping_policy.var.last_member_query_interval",
      "status": "pass",
      "objects": null
    },
    {
      "object_kind": "var",
      "config_addr": "module.aci.module.aci_bgp_address_family_context_policy.var.ebgp_distance",
      "status": "pass",
      "objects": null
    },
    {
      "object_kind": "var",
      "config_addr": "module.aci.module.aci_redirect_backup_policy.var.name",
      "status": "pass",
      "objects": null
    },
    {
      "object_kind": "var",
      "config_addr": "module.aci.module.aci_l3out_interface_profile_manual.var.name",
      "status": "pass",
      "objects": null
    },
    {
      "object_kind": "var",
      "config_addr": "module.aci.module.aci_user.var.password",
      "status": "pass",
      "objects": null
    },
    {
      "object_kind": "var",
      "config_addr": "module.aci.module.aci_node_registration.var.node_id",
      "status": "pass",
      "objects": null
    },
    {
      "object_kind": "var",
      "config_addr": "module.aci.module.aci_l4l7_device.var.concrete_devices",
      "status": "pass",
      "objects": null
    },
    {
      "object_kind": "var",
      "config_addr": "module.aci.module.aci_management_access_policy.var.telnet_port",
      "status": "pass",
      "objects": null
    },
    {
      "object_kind": "var",
      "config_addr": "module.aci.module.aci_access_leaf_switch_profile_auto.var.interface_profiles",
      "status": "pass",
      "objects": null
    },
    {
      "object_kind": "var",
      "config_addr": "module.aci.module.aci_remote_location.var.username",
      "status": "pass",
      "objects": null
    },
    {
      "object_kind": "var",
      "config_addr": "module.aci.module.aci_endpoint_group.var.l4l7_address_pools",
      "status": "pass",
      "objects": null
    },
    {
      "object_kind": "var",
      "config_addr": "module.aci.module.aci_l3out.var.export_route_map_contexts",
      "status": "pass",
      "objects": null
    },
    {
      "object_kind": "var",
      "config_addr": "module.aci.module.aci_access_spine_interface_selector_manual.var.interface_profile",
      "status": "pass",
      "objects": null
    },
    {
      "object_kind": "var",
      "config_addr": "module.aci.module.aci_fabric_span_destination_group.var.endpoint_group",
      "status": "pass",
      "objects": null
    },
    {
      "object_kind": "var",
      "config_addr": "module.aci.module.aci_fabric_spine_interface_profile_manual.var.name",
      "status": "pass",
      "objects": null
    },
    {
      "object_kind": "var",
      "config_addr": "module.aci.module.aci_access_fex_interface_selector_manual.var.port_blocks",
      "status": "pass",
      "objects": null
    },
    {
      "object_kind": "var",
      "config_addr": "module.aci.module.aci_vpc_policy.var.name",
      "status": "pass",
      "objects": null
    },
    {
      "object_kind": "var",
      "config_addr": "module.aci.module.aci_qos.var.qos_classes",
      "status": "pass",
      "objects": null
    },
    {
      "object_kind": "var",
      "config_addr": "module.aci.module.aci_access_leaf_interface_policy_group.var.name",
      "status": "pass",
      "objects": null
    },
    {
      "object_kind": "var",
      "config_addr": "module.aci.module.aci_geolocation.var.buildings",
      "status": "pass",
      "objects": null
    },
    {
      "object_kind": "var",
      "config_addr": "module.aci.module.aci_snmp_trap_policy.var.name",
      "status": "pass",
      "objects": null
    },
    {
      "object_kind": "var",
      "config_addr": "module.aci.module.aci_access_leaf_interface_selector_auto.var.fex_interface_profile",
      "status": "pass",
      "objects": null
    },
    {
      "object_kind": "var",
      "config_addr": "module.aci.module.aci_access_spine_switch_profile_manual.var.interface_profiles",
      "status": "pass",
      "objects": null
    },
    {
      "object_kind": "var",
      "config_addr": "module.aci.module.aci_vrf.var.pim_static_rps",
      "status": "unknown",
      "objects": [
        {
          "object_addr": "module.aci.module.aci_vrf[\"common/common.vrf-01\"].var.pim_static_rps",
          "status": "unknown"
        }
      ]
    },
    {
      "object_kind": "var",
      "config_addr": "module.aci.module.aci_endpoint_group.var.contract_consumers",
      "status": "pass",
      "objects": null
    },
    {
      "object_kind": "var",
      "config_addr": "module.aci.module.aci_access_span_destination_group.var.span_version",
      "status": "pass",
      "objects": null
    },
    {
      "object_kind": "var",
      "config_addr": "module.aci.module.aci_access_leaf_interface_selector_sub_auto.var.sub_port_blocks",
      "status": "pass",
      "objects": null
    },
    {
      "object_kind": "var",
      "config_addr": "module.aci.module.aci_bgp_best_path_policy.var.description",
      "status": "pass",
      "objects": null
    },
    {
      "object_kind": "var",
      "config_addr": "module.aci.module.aci_igmp_snooping_policy.var.query_response_interval",
      "status": "pass",
      "objects": null
    },
    {
      "object_kind": "var",
      "config_addr": "module.aci.module.aci_set_rule.var.description",
      "status": "pass",
      "objects": null
    },
    {
      "object_kind": "var",
      "config_addr": "module.aci.module.aci_access_span_destination_group.var.module",
      "status": "pass",
      "objects": null
    },
    {
      "object_kind": "var",
      "config_addr": "module.aci.module.aci_access_span_destination_group.var.sub_port",
      "status": "pass",
      "objects": null
    },
    {
      "object_kind": "var",
      "config_addr": "module.aci.module.aci_storm_control_policy.var.multicast_burst_rate",
      "status": "pass",
      "objects": null
    },
    {
      "object_kind": "var",
      "config_addr": "module.aci.module.aci_device_selection_policy.var.sgt_device_tenant",
      "status": "pass",
      "objects": null
    },
    {
      "object_kind": "var",
      "config_addr": "module.aci.module.aci_mst_policy.var.name",
      "status": "pass",
      "objects": null
    },
    {
      "object_kind": "var",
      "config_addr": "module.aci.module.aci_access_leaf_interface_selector_sub_auto.var.policy_group_type",
      "status": "pass",
      "objects": null
    },
    {
      "object_kind": "var",
      "config_addr": "module.aci.module.aci_vspan_destination_group.var.description",
      "status": "pass",
      "objects": null
    },
    {
      "object_kind": "var",
      "config_addr": "module.aci.module.aci_fabric_spine_switch_policy_group.var.name",
      "status": "pass",
      "objects": null
    },
    {
      "object_kind": "var",
      "config_addr": "module.aci.module.aci_external_endpoint_group.var.l3out",
      "status": "pass",
      "objects": null
    },
    {
      "object_kind": "var",
      "config_addr": "module.aci.module.aci_l3out_interface_profile_auto.var.name",
      "status": "pass",
      "objects": null
    },
    {
      "object_kind": "var",
      "config_addr": "module.aci.module.aci_endpoint_security_group.var.contract_providers",
      "status": "pass",
      "objects": null
    },
    {
      "object_kind": "var",
      "config_addr": "module.aci.module.aci_inband_endpoint_group.var.contract_consumers",
      "status": "pass",
      "objects": null
    },
    {
      "object_kind": "var",
      "config_addr": "module.aci.module.aci_access_span_source_group.var.name",
      "status": "pass",
      "objects": null
    },
    {
      "object_kind": "var",
      "config_addr": "module.aci.module.aci_vrf.var.pim_asm_sg_expiry_multicast_route_map",
      "status": "unknown",
      "objects": [
        {
          "object_addr": "module.aci.module.aci_vrf[\"common/common.vrf-01\"].var.pim_asm_sg_expiry_multicast_route_map",
          "status": "unknown"
        }
      ]
    },
    {
      "object_kind": "var",
      "config_addr": "module.aci.module.aci_access_spine_switch_profile_auto.var.selectors",
      "status": "pass",
      "objects": null
    },
    {
      "object_kind": "var",
      "config_addr": "module.aci.module.aci_maintenance_group.var.node_ids",
      "status": "pass",
      "objects": null
    },
    {
      "object_kind": "var",
      "config_addr": "module.aci.module.aci_redirect_policy.var.type",
      "status": "pass",
      "objects": null
    },
    {
      "object_kind": "var",
      "config_addr": "module.aci.module.aci_endpoint_group.var.contract_providers",
      "status": "pass",
      "objects": null
    },
    {
      "object_kind": "var",
      "config_addr": "module.aci.module.aci_vrf.var.pim_resource_policy_multicast_route_map",
      "status": "unknown",
      "objects": [
        {
          "object_addr": "module.aci.module.aci_vrf[\"common/common.vrf-01\"].var.pim_resource_policy_multicast_route_map",
          "status": "unknown"
        }
      ]
    },
    {
      "object_kind": "var",
      "config_addr": "module.aci.module.aci_l3out_interface_profile_manual.var.bfd_policy",
      "status": "pass",
      "objects": null
    },
    {
      "object_kind": "var",
      "config_addr": "module.aci.module.aci_routed_domain.var.name",
      "status": "pass",
      "objects": null
    },
    {
      "object_kind": "var",
      "config_addr": "module.aci.module.aci_fabric_spine_switch_policy_group.var.psu_policy",
      "status": "pass",
      "objects": null
    },
    {
      "object_kind": "var",
      "config_addr": "module.aci.module.aci_access_span_destination_group.var.application_profile",
      "status": "pass",
      "objects": null
    },
    {
      "object_kind": "var",
      "config_addr": "module.aci.module.aci_l3out.var.redistribution_route_maps",
      "status": "pass",
      "objects": null
    },
    {
      "object_kind": "var",
      "config_addr": "module.aci.module.aci_fabric_span_destination_group.var.application_profile",
      "status": "pass",
      "objects": null
    },
    {
      "object_kind": "var",
      "config_addr": "module.aci.module.aci_access_spine_interface_policy_group.var.aaep",
      "status": "pass",
      "objects": null
    },
    {
      "object_kind": "var",
      "config_addr": "module.aci.module.aci_pim_policy.var.auth_type",
      "status": "pass",
      "objects": null
    },
    {
      "object_kind": "var",
      "config_addr": "module.aci.module.aci_ospf_interface_policy.var.hello_interval",
      "status": "pass",
      "objects": null
    },
    {
      "object_kind": "var",
      "config_addr": "module.aci.module.aci_igmp_interface_policy.var.query_response_interval",
      "status": "pass",
      "objects": null
    },
    {
      "object_kind": "var",
      "config_addr": "module.aci.module.aci_bgp_timer_policy.var.stale_interval",
      "status": "pass",
      "objects": null
    },
    {
      "object_kind": "var",
      "config_addr": "module.aci.module.aci_endpoint_security_group.var.description",
      "status": "pass",
      "objects": null
    },
    {
      "object_kind": "var",
      "config_addr": "module.aci.module.aci_oob_endpoint_group.var.name",
      "status": "pass",
      "objects": null
    },
    {
      "object_kind": "var",
      "config_addr": "module.aci.module.aci_snmp_policy.var.location",
      "status": "pass",
      "objects": null
    },
    {
      "object_kind": "var",
      "config_addr": "module.aci.module.aci_igmp_interface_policy.var.name",
      "status": "pass",
      "objects": null
    },
    {
      "object_kind": "var",
      "config_addr": "module.aci.module.aci_l3out_interface_profile_auto.var.custom_qos_policy",
      "status": "pass",
      "objects": null
    },
    {
      "object_kind": "var",
      "config_addr": "module.aci.module.aci_filter.var.name",
      "status": "pass",
      "objects": [
        {
          "object_addr": "module.aci.module.aci_filter[\"common/icmp\"].var.name",
          "status": "pass"
        },
        {
          "object_addr": "module.aci.module.aci_filter[\"common/src-any-dst-any\"].var.name",
          "status": "pass"
        }
      ]
    },
    {
      "object_kind": "var",
      "config_addr": "module.aci.module.aci_device_selection_policy.var.consumer_bridge_domain_tenant",
      "status": "pass",
      "objects": null
    },
    {
      "object_kind": "var",
      "config_addr": "module.aci.module.aci_vrf.var.pim_mtu",
      "status": "unknown",
      "objects": [
        {
          "object_addr": "module.aci.module.aci_vrf[\"common/common.vrf-01\"].var.pim_mtu",
          "status": "unknown"
        }
      ]
    },
    {
      "object_kind": "var",
      "config_addr": "module.aci.module.aci_tenant_span_source_group.var.sources",
      "status": "pass",
      "objects": null
    },
    {
      "object_kind": "var",
      "config_addr": "module.aci.module.aci_access_leaf_interface_selector_manual.var.fex_interface_profile",
      "status": "pass",
      "objects": null
    },
    {
      "object_kind": "var",
      "config_addr": "module.aci.module.aci_endpoint_security_group.var.contract_consumers",
      "status": "pass",
      "objects": null
    },
    {
      "object_kind": "var",
      "config_addr": "module.aci.module.aci_access_spine_interface_selector_auto.var.name",
      "status": "pass",
      "objects": null
    },
    {
      "object_kind": "var",
      "config_addr": "module.aci.module.aci_smart_licensing.var.proxy_hostname_ip",
      "status": "pass",
      "objects": null
    },
    {
      "object_kind": "var",
      "config_addr": "module.aci.module.aci_trust_control_policy.var.description",
      "status": "pass",
      "objects": null
    },
    {
      "object_kind": "var",
      "config_addr": "module.aci.module.aci_cdp_policy.var.name",
      "status": "pass",
      "objects": null
    },
    {
      "object_kind": "var",
      "config_addr": "module.aci.module.aci_fabric_l2_mtu.var.l2_port_mtu",
      "status": "pass",
      "objects": null
    },
    {
      "object_kind": "var",
      "config_addr": "module.aci.module.aci_spanning_tree_policy.var.name",
      "status": "pass",
      "objects": null
    },
    {
      "object_kind": "var",
      "config_addr": "module.aci.module.aci_l3out_interface_profile_manual.var.ospf_interface_profile_name",
      "status": "pass",
      "objects": null
    },
    {
      "object_kind": "var",
      "config_addr": "module.aci.module.aci_l3out_interface_profile_manual.var.interfaces",
      "status": "pass",
      "objects": null
    },
    {
      "object_kind": "var",
      "config_addr": "module.aci.module.aci_access_fex_interface_selector_auto.var.port_blocks",
      "status": "pass",
      "objects": null
    },
    {
      "object_kind": "var",
      "config_addr": "module.aci.module.aci_management_access_policy.var.ssh_port",
      "status": "pass",
      "objects": null
    },
    {
      "object_kind": "var",
      "config_addr": "module.aci.module.aci_snmp_policy.var.name",
      "status": "pass",
      "objects": null
    },
    {
      "object_kind": "var",
      "config_addr": "module.aci.module.aci_l3out_interface_profile_auto.var.igmp_interface_policy",
      "status": "pass",
      "objects": null
    },
    {
      "object_kind": "var",
      "config_addr": "module.aci.module.aci_oob_node_address.var.node_id",
      "status": "pass",
      "objects": null
    },
    {
      "object_kind": "var",
      "config_addr": "module.aci.module.aci_l3out_interface_profile_auto.var.node_profile",
      "status": "pass",
      "objects": null
    },
    {
      "object_kind": "var",
      "config_addr": "module.aci.module.aci_routed_domain.var.vlan_pool",
      "status": "pass",
      "objects": null
    },
    {
      "object_kind": "var",
      "config_addr": "module.aci.module.aci_management_access_policy.var.https_dh",
      "status": "pass",
      "objects": null
    },
    {
      "object_kind": "var",
      "config_addr": "module.aci.module.aci_inband_endpoint_group.var.bridge_domain",
      "status": "pass",
      "objects": null
    },
    {
      "object_kind": "var",
      "config_addr": "module.aci.module.aci_bfd_interface_policy.var.tenant",
      "status": "pass",
      "objects": null
    },
    {
      "object_kind": "var",
      "config_addr": "module.aci.module.aci_device_selection_policy.var.consumer_redirect_policy",
      "status": "pass",
      "objects": null
    },
    {
      "object_kind": "var",
      "config_addr": "module.aci.module.aci_inband_node_address.var.pod_id",
      "status": "pass",
      "objects": null
    },
    {
      "object_kind": "var",
      "config_addr": "module.aci.module.aci_l3out.var.alias",
      "status": "pass",
      "objects": null
    },
    {
      "object_kind": "var",
      "config_addr": "module.aci.module.aci_vmware_vmm_domain.var.uplinks",
      "status": "pass",
      "objects": null
    },
    {
      "object_kind": "var",
      "config_addr": "module.aci.module.aci_access_leaf_interface_selector_sub_auto.var.fex_interface_profile",
      "status": "pass",
      "objects": null
    },
    {
      "object_kind": "var",
      "config_addr": "module.aci.module.aci_dns_policy.var.domains",
      "status": "pass",
      "objects": null
    },
    {
      "object_kind": "var",
      "config_addr": "module.aci.module.aci_qos_policy.var.tenant",
      "status": "pass",
      "objects": null
    },
    {
      "object_kind": "var",
      "config_addr": "module.aci.module.aci_fabric_span_destination_group.var.description",
      "status": "pass",
      "objects": null
    },
    {
      "object_kind": "var",
      "config_addr": "module.aci.module.aci_bridge_domain.var.virtual_mac",
      "status": "pass",
      "objects": [
        {
          "object_addr": "module.aci.module.aci_bridge_domain[\"common/vlan-3001\"].var.virtual_mac",
          "status": "pass"
        },
        {
          "object_addr": "module.aci.module.aci_bridge_domain[\"common/vlan-3002\"].var.virtual_mac",
          "status": "pass"
        },
        {
          "object_addr": "module.aci.module.aci_bridge_domain[\"common/vlan-3003\"].var.virtual_mac",
          "status": "pass"
        },
        {
          "object_addr": "module.aci.module.aci_bridge_domain[\"common/vlan-3004\"].var.virtual_mac",
          "status": "pass"
        },
        {
          "object_addr": "module.aci.module.aci_bridge_domain[\"common/vlan-992\"].var.virtual_mac",
          "status": "pass"
        }
      ]
    },
    {
      "object_kind": "var",
      "config_addr": "module.aci.module.aci_mcp_policy.var.name",
      "status": "pass",
      "objects": null
    },
    {
      "object_kind": "var",
      "config_addr": "module.aci.module.aci_smart_licensing.var.mode",
      "status": "pass",
      "objects": null
    },
    {
      "object_kind": "var",
      "config_addr": "module.aci.module.aci_vspan_destination_group.var.name",
      "status": "pass",
      "objects": null
    },
    {
      "object_kind": "var",
      "config_addr": "module.aci.module.aci_storm_control_policy.var.unknown_unicast_burst_rate",
      "status": "pass",
      "objects": null
    },
    {
      "object_kind": "var",
      "config_addr": "module.aci.module.aci_fabric_pod_policy_group.var.snmp_policy",
      "status": "pass",
      "objects": null
    },
    {
      "object_kind": "var",
      "config_addr": "module.aci.module.aci_apic_connectivity_preference.var.interface_preference",
      "status": "pass",
      "objects": null
    },
    {
      "object_kind": "var",
      "config_addr": "module.aci.module.aci_endpoint_group.var.alias",
      "status": "pass",
      "objects": null
    },
    {
      "object_kind": "var",
      "config_addr": "module.aci.module.aci_application_profile.var.alias",
      "status": "pass",
      "objects": null
    },
    {
      "object_kind": "var",
      "config_addr": "module.aci.module.aci_pim_policy.var.designated_router_priority",
      "status": "pass",
      "objects": null
    },
    {
      "object_kind": "var",
      "config_addr": "module.aci.module.aci_access_leaf_interface_selector_sub_auto.var.policy_group",
      "status": "pass",
      "objects": null
    },
    {
      "object_kind": "var",
      "config_addr": "module.aci.module.aci_interface_type.var.module",
      "status": "pass",
      "objects": null
    },
    {
      "object_kind": "var",
      "config_addr": "module.aci.module.aci_fabric_pod_policy_group.var.date_time_policy",
      "status": "pass",
      "objects": null
    },
    {
      "object_kind": "var",
      "config_addr": "module.aci.module.aci_igmp_interface_policy.var.startup_query_count",
      "status": "pass",
      "objects": null
    },
    {
      "object_kind": "var",
      "config_addr": "module.aci.module.aci_tenant_span_destination_group.var.description",
      "status": "pass",
      "objects": null
    },
    {
      "object_kind": "var",
      "config_addr": "module.aci.module.aci_fabric_isis_policy.var.redistribute_metric",
      "status": "pass",
      "objects": null
    },
    {
      "object_kind": "var",
      "config_addr": "module.aci.module.aci_access_fex_interface_selector_manual.var.name",
      "status": "pass",
      "objects": null
    },
    {
      "object_kind": "var",
      "config_addr": "module.aci.module.aci_tacacs.var.protocol",
      "status": "pass",
      "objects": null
    },
    {
      "object_kind": "var",
      "config_addr": "module.aci.module.aci_filter.var.entries",
      "status": "unknown",
      "objects": [
        {
          "object_addr": "module.aci.module.aci_filter[\"common/icmp\"].var.entries",
          "status": "unknown"
        },
        {
          "object_addr": "module.aci.module.aci_filter[\"common/src-any-dst-any\"].var.entries",
          "status": "unknown"
        }
      ]
    },
    {
      "object_kind": "var",
      "config_addr": "module.aci.module.aci_external_endpoint_group.var.contract_imported_consumers",
      "status": "pass",
      "objects": null
    },
    {
      "object_kind": "var",
      "config_addr": "module.aci.module.aci_l4l7_device.var.vmm_domain",
      "status": "pass",
      "objects": null
    },
    {
      "object_kind": "var",
      "config_addr": "module.aci.module.aci_port_channel_member_policy.var.name",
      "status": "pass",
      "objects": null
    },
    {
      "object_kind": "var",
      "config_addr": "module.aci.module.aci_ospf_interface_policy.var.dead_interval",
      "status": "pass",
      "objects": null
    },
    {
      "object_kind": "var",
      "config_addr": "module.aci.module.aci_dns_policy.var.name",
      "status": "pass",
      "objects": null
    },
    {
      "object_kind": "var",
      "config_addr": "module.aci.module.aci_ip_sla_policy.var.frequency",
      "status": "pass",
      "objects": null
    },
    {
      "object_kind": "var",
      "config_addr": "module.aci.module.aci_bridge_domain.var.l3outs",
      "status": "unknown",
      "objects": [
        {
          "object_addr": "module.aci.module.aci_bridge_domain[\"common/vlan-3004\"].var.l3outs",
          "status": "unknown"
        },
        {
          "object_addr": "module.aci.module.aci_bridge_domain[\"common/vlan-992\"].var.l3outs",
          "status": "unknown"
        },
        {
          "object_addr": "module.aci.module.aci_bridge_domain[\"common/vlan-3001\"].var.l3outs",
          "status": "unknown"
        },
        {
          "object_addr": "module.aci.module.aci_bridge_domain[\"common/vlan-3002\"].var.l3outs",
          "status": "unknown"
        },
        {
          "object_addr": "module.aci.module.aci_bridge_domain[\"common/vlan-3003\"].var.l3outs",
          "status": "unknown"
        }
      ]
    },
    {
      "object_kind": "var",
      "config_addr": "module.aci.module.aci_access_spine_switch_profile_auto.var.name",
      "status": "pass",
      "objects": null
    },
    {
      "object_kind": "var",
      "config_addr": "module.aci.module.aci_endpoint_group.var.vmware_vmm_domains",
      "status": "pass",
      "objects": null
    },
    {
      "object_kind": "var",
      "config_addr": "module.aci.module.aci_imported_contract.var.name",
      "status": "pass",
      "objects": [
        {
          "object_addr": "module.aci.module.aci_imported_contract[\"common/permit-to-core-services\"].var.name",
          "status": "pass"
        },
        {
          "object_addr": "module.aci.module.aci_imported_contract[\"common/permit-to-shared-services.vrf-01-all-external-subnets\"].var.name",
          "status": "pass"
        },
        {
          "object_addr": "module.aci.module.aci_imported_contract[\"common/permit-from-core-services\"].var.name",
          "status": "pass"
        },
        {
          "object_addr": "module.aci.module.aci_imported_contract[\"common/permit-from-lab-desktops\"].var.name",
          "status": "pass"
        }
      ]
    },
    {
      "object_kind": "var",
      "config_addr": "module.aci.module.aci_rogue_endpoint_control.var.hold_interval",
      "status": "pass",
      "objects": null
    },
    {
      "object_kind": "var",
      "config_addr": "module.aci.module.aci_access_leaf_interface_selector_auto.var.fex_id",
      "status": "pass",
      "objects": null
    },
    {
      "object_kind": "var",
      "config_addr": "module.aci.module.aci_pim_policy.var.name",
      "status": "pass",
      "objects": null
    },
    {
      "object_kind": "var",
      "config_addr": "module.aci.module.aci_l3out_node_profile_auto.var.l3out",
      "status": "pass",
      "objects": null
    },
    {
      "object_kind": "var",
      "config_addr": "module.aci.module.aci_access_spine_interface_selector_auto.var.port_blocks",
      "status": "pass",
      "objects": null
    },
    {
      "object_kind": "var",
      "config_addr": "module.aci.module.aci_link_level_policy.var.name",
      "status": "pass",
      "objects": null
    },
    {
      "object_kind": "var",
      "config_addr": "module.aci.module.aci_l3out.var.import_route_map_type",
      "status": "pass",
      "objects": null
    },
    {
      "object_kind": "var",
      "config_addr": "module.aci.module.aci_dns_policy.var.mgmt_epg_name",
      "status": "pass",
      "objects": null
    },
    {
      "object_kind": "var",
      "config_addr": "module.aci.module.aci_external_connectivity_policy.var.unicast_teps",
      "status": "pass",
      "objects": null
    },
    {
      "object_kind": "var",
      "config_addr": "module.aci.module.aci_bgp_peer_prefix_policy.var.threshold",
      "status": "pass",
      "objects": null
    },
    {
      "object_kind": "var",
      "config_addr": "module.aci.module.aci_vspan_session.var.destination_name",
      "status": "pass",
      "objects": null
    },
    {
      "object_kind": "var",
      "config_addr": "module.aci.module.aci_bgp_timer_policy.var.name",
      "status": "pass",
      "objects": null
    },
    {
      "object_kind": "var",
      "config_addr": "module.aci.module.aci_vpc_group.var.mode",
      "status": "pass",
      "objects": null
    },
    {
      "object_kind": "var",
      "config_addr": "module.aci.module.aci_vrf.var.contract_providers",
      "status": "unknown",
      "objects": [
        {
          "object_addr": "module.aci.module.aci_vrf[\"common/common.vrf-01\"].var.contract_providers",
          "status": "unknown"
        }
      ]
    },
    {
      "object_kind": "var",
      "config_addr": "module.aci.module.aci_ip_sla_policy.var.name",
      "status": "pass",
      "objects": null
    },
    {
      "object_kind": "var",
      "config_addr": "module.aci.module.aci_storm_control_policy.var.unknown_unicast_burst_pps",
      "status": "pass",
      "objects": null
    },
    {
      "object_kind": "var",
      "config_addr": "module.aci.module.aci_dhcp_relay_policy.var.tenant",
      "status": "pass",
      "objects": [
        {
          "object_addr": "module.aci.module.aci_dhcp_relay_policy[\"common/dhcp.uktme.cisco.com\"].var.tenant",
          "status": "pass"
        }
      ]
    },
    {
      "object_kind": "var",
      "config_addr": "module.aci.module.aci_access_leaf_interface_policy_group.var.map",
      "status": "pass",
      "objects": null
    },
    {
      "object_kind": "var",
      "config_addr": "module.aci.module.aci_multicast_route_map.var.entries",
      "status": "pass",
      "objects": null
    },
    {
      "object_kind": "var",
      "config_addr": "module.aci.module.aci_ca_certificate.var.certificate_chain",
      "status": "pass",
      "objects": null
    },
    {
      "object_kind": "var",
      "config_addr": "module.aci.module.aci_fabric_span_destination_group.var.ttl",
      "status": "pass",
      "objects": null
    },
    {
      "object_kind": "var",
      "config_addr": "module.aci.module.aci_bridge_domain.var.name",
      "status": "pass",
      "objects": [
        {
          "object_addr": "module.aci.module.aci_bridge_domain[\"common/vlan-3003\"].var.name",
          "status": "pass"
        },
        {
          "object_addr": "module.aci.module.aci_bridge_domain[\"common/vlan-3004\"].var.name",
          "status": "pass"
        },
        {
          "object_addr": "module.aci.module.aci_bridge_domain[\"common/vlan-992\"].var.name",
          "status": "pass"
        },
        {
          "object_addr": "module.aci.module.aci_bridge_domain[\"common/vlan-3001\"].var.name",
          "status": "pass"
        },
        {
          "object_addr": "module.aci.module.aci_bridge_domain[\"common/vlan-3002\"].var.name",
          "status": "pass"
        }
      ]
    },
    {
      "object_kind": "var",
      "config_addr": "module.aci.module.aci_device_selection_policy.var.consumer_external_endpoint_group_l3out",
      "status": "pass",
      "objects": null
    },
    {
      "object_kind": "var",
      "config_addr": "module.aci.module.aci_storm_control_policy.var.alias",
      "status": "pass",
      "objects": null
    },
    {
      "object_kind": "var",
      "config_addr": "module.aci.module.aci_bgp_peer_prefix_policy.var.name",
      "status": "pass",
      "objects": null
    },
    {
      "object_kind": "var",
      "config_addr": "module.aci.module.aci_match_rule.var.description",
      "status": "pass",
      "objects": null
    },
    {
      "object_kind": "var",
      "config_addr": "module.aci.module.aci_bgp_best_path_policy.var.control_type",
      "status": "pass",
      "objects": null
    },
    {
      "object_kind": "var",
      "config_addr": "module.aci.module.aci_dhcp_option_policy.var.description",
      "status": "pass",
      "objects": null
    },
    {
      "object_kind": "var",
      "config_addr": "module.aci.module.aci_contract.var.target_dscp",
      "status": "pass",
      "objects": null
    },
    {
      "object_kind": "var",
      "config_addr": "module.aci.module.aci_bgp_address_family_context_policy.var.description",
      "status": "pass",
      "objects": null
    },
    {
      "object_kind": "var",
      "config_addr": "module.aci.module.aci_match_rule.var.tenant",
      "status": "pass",
      "objects": null
    },
    {
      "object_kind": "var",
      "config_addr": "module.aci.module.aci_bgp_timer_policy.var.description",
      "status": "pass",
      "objects": null
    },
    {
      "object_kind": "var",
      "config_addr": "module.aci.module.aci_aaa.var.default_realm",
      "status": "pass",
      "objects": null
    },
    {
      "object_kind": "var",
      "config_addr": "module.aci.module.aci_access_leaf_interface_selector_sub_auto.var.fex_id",
      "status": "pass",
      "objects": null
    },
    {
      "object_kind": "var",
      "config_addr": "module.aci.module.aci_infra_dscp_translation_policy.var.level_4",
      "status": "pass",
      "objects": null
    },
    {
      "object_kind": "var",
      "config_addr": "module.aci.module.aci_match_rule.var.prefixes",
      "status": "pass",
      "objects": null
    },
    {
      "object_kind": "var",
      "config_addr": "module.aci.module.aci_device_selection_policy.var.consumer_service_epg_policy",
      "status": "pass",
      "objects": null
    },
    {
      "object_kind": "var",
      "config_addr": "module.aci.module.aci_bgp_policy.var.fabric_bgp_rr",
      "status": "pass",
      "objects": null
    },
    {
      "object_kind": "var",
      "config_addr": "module.aci.module.aci_tenant.var.name",
      "status": "pass",
      "objects": [
        {
          "object_addr": "module.aci.module.aci_tenant[\"common\"].var.name",
          "status": "pass"
        }
      ]
    },
    {
      "object_kind": "var",
      "config_addr": "module.aci.module.aci_endpoint_security_group.var.application_profile",
      "status": "pass",
      "objects": null
    },
    {
      "object_kind": "var",
      "config_addr": "module.aci.module.aci_node_registration.var.type",
      "status": "pass",
      "objects": null
    },
    {
      "object_kind": "var",
      "config_addr": "module.aci.module.aci_device_selection_policy.var.consumer_bridge_domain",
      "status": "pass",
      "objects": null
    },
    {
      "object_kind": "var",
      "config_addr": "module.aci.module.aci_device_selection_policy.var.provider_logical_interface",
      "status": "pass",
      "objects": null
    },
    {
      "object_kind": "var",
      "config_addr": "module.aci.module.aci_inband_endpoint_group.var.contract_providers",
      "status": "pass",
      "objects": null
    },
    {
      "object_kind": "var",
      "config_addr": "module.aci.module.aci_fabric_spine_interface_profile_auto.var.name",
      "status": "pass",
      "objects": null
    },
    {
      "object_kind": "var",
      "config_addr": "module.aci.module.aci_access_leaf_interface_selector_manual.var.policy_group",
      "status": "pass",
      "objects": null
    },
    {
      "object_kind": "var",
      "config_addr": "module.aci.module.aci_filter.var.alias",
      "status": "pass",
      "objects": [
        {
          "object_addr": "module.aci.module.aci_filter[\"common/icmp\"].var.alias",
          "status": "pass"
        },
        {
          "object_addr": "module.aci.module.aci_filter[\"common/src-any-dst-any\"].var.alias",
          "status": "pass"
        }
      ]
    },
    {
      "object_kind": "var",
      "config_addr": "module.aci.module.aci_storm_control_policy.var.broadcast_burst_pps",
      "status": "pass",
      "objects": null
    },
    {
      "object_kind": "var",
      "config_addr": "module.aci.module.aci_oob_contract.var.name",
      "status": "pass",
      "objects": null
    },
    {
      "object_kind": "var",
      "config_addr": "module.aci.module.aci_tacacs.var.timeout",
      "status": "pass",
      "objects": null
    },
    {
      "object_kind": "var",
      "config_addr": "module.aci.module.aci_fabric_pod_profile_auto.var.name",
      "status": "pass",
      "objects": null
    },
    {
      "object_kind": "var",
      "config_addr": "module.aci.module.aci_fabric_leaf_interface_profile_manual.var.name",
      "status": "pass",
      "objects": null
    },
    {
      "object_kind": "var",
      "config_addr": "module.aci.module.aci_aaep.var.name",
      "status": "pass",
      "objects": null
    },
    {
      "object_kind": "var",
      "config_addr": "module.aci.module.aci_set_rule.var.dampening_reuse_limit",
      "status": "pass",
      "objects": null
    },
    {
      "object_kind": "var",
      "config_addr": "module.aci.module.aci_access_leaf_interface_policy_group.var.link_level_policy",
      "status": "pass",
      "objects": null
    },
    {
      "object_kind": "var",
      "config_addr": "module.aci.module.aci_dns_policy.var.mgmt_epg_type",
      "status": "pass",
      "objects": null
    },
    {
      "object_kind": "var",
      "config_addr": "module.aci.module.aci_tenant_span_destination_group.var.name",
      "status": "pass",
      "objects": null
    },
    {
      "object_kind": "var",
      "config_addr": "module.aci.module.aci_tenant_span_destination_group.var.destination_endpoint_group",
      "status": "pass",
      "objects": null
    },
    {
      "object_kind": "var",
      "config_addr": "module.aci.module.aci_storm_control_policy.var.multicast_rate",
      "status": "pass",
      "objects": null
    },
    {
      "object_kind": "var",
      "config_addr": "module.aci.module.aci_config_export.var.scheduler",
      "status": "pass",
      "objects": null
    },
    {
      "object_kind": "var",
      "config_addr": "module.aci.module.aci_service_graph_template.var.name",
      "status": "pass",
      "objects": null
    },
    {
      "object_kind": "var",
      "config_addr": "module.aci.module.aci_access_fex_interface_selector_manual.var.policy_group_type",
      "status": "pass",
      "objects": null
    },
    {
      "object_kind": "var",
      "config_addr": "module.aci.module.aci_infra_dscp_translation_policy.var.level_1",
      "status": "pass",
      "objects": null
    },
    {
      "object_kind": "var",
      "config_addr": "module.aci.module.aci_endpoint_loop_protection.var.detection_multiplier",
      "status": "pass",
      "objects": null
    },
    {
      "object_kind": "var",
      "config_addr": "module.aci.module.aci_external_connectivity_policy.var.name",
      "status": "pass",
      "objects": null
    },
    {
      "object_kind": "var",
      "config_addr": "module.aci.module.aci_management_access_policy.var.http_port",
      "status": "pass",
      "objects": null
    },
    {
      "object_kind": "var",
      "config_addr": "module.aci.module.aci_vlan_pool.var.name",
      "status": "pass",
      "objects": null
    },
    {
      "object_kind": "var",
      "config_addr": "module.aci.module.aci_bgp_address_family_context_policy.var.ebgp_max_ecmp",
      "status": "pass",
      "objects": null
    },
    {
      "object_kind": "var",
      "config_addr": "module.aci.module.aci_device_selection_policy.var.provider_custom_qos_policy",
      "status": "pass",
      "objects": null
    },
    {
      "object_kind": "var",
      "config_addr": "module.aci.module.aci_oob_node_address.var.endpoint_group",
      "status": "pass",
      "objects": null
    },
    {
      "object_kind": "var",
      "config_addr": "module.aci.module.aci_ptp.var.announce_interval",
      "status": "pass",
      "objects": null
    },
    {
      "object_kind": "var",
      "config_addr": "module.aci.module.aci_access_spine_interface_selector_manual.var.name",
      "status": "pass",
      "objects": null
    },
    {
      "object_kind": "var",
      "config_addr": "module.aci.module.aci_port_channel_policy.var.min_links",
      "status": "pass",
      "objects": null
    },
    {
      "object_kind": "var",
      "config_addr": "module.aci.module.aci_vmware_vmm_domain.var.vswitch_port_channel_policy",
      "status": "pass",
      "objects": null
    },
    {
      "object_kind": "var",
      "config_addr": "module.aci.module.aci_device_selection_policy.var.consumer_external_endpoint_group",
      "status": "pass",
      "objects": null
    },
    {
      "object_kind": "var",
      "config_addr": "module.aci.module.aci_vrf.var.enforcement_direction",
      "status": "pass",
      "objects": [
        {
          "object_addr": "module.aci.module.aci_vrf[\"common/common.vrf-01\"].var.enforcement_direction",
          "status": "pass"
        }
      ]
    },
    {
      "object_kind": "var",
      "config_addr": "module.aci.module.aci_l4l7_device.var.alias",
      "status": "pass",
      "objects": null
    },
    {
      "object_kind": "var",
      "config_addr": "module.aci.module.aci_l3out.var.tenant",
      "status": "pass",
      "objects": null
    },
    {
      "object_kind": "var",
      "config_addr": "module.aci.module.aci_remote_location.var.mgmt_epg_name",
      "status": "pass",
      "objects": null
    },
    {
      "object_kind": "var",
      "config_addr": "module.aci.module.aci_route_control_route_map.var.contexts",
      "status": "pass",
      "objects": null
    },
    {
      "object_kind": "var",
      "config_addr": "module.aci.module.aci_aaep.var.routed_domains",
      "status": "pass",
      "objects": null
    },
    {
      "object_kind": "var",
      "config_addr": "module.aci.module.aci_l2_mtu_policy.var.name",
      "status": "pass",
      "objects": null
    },
    {
      "object_kind": "var",
      "config_addr": "module.aci.module.aci_port_tracking.var.min_links",
      "status": "pass",
      "objects": null
    },
    {
      "object_kind": "var",
      "config_addr": "module.aci.module.aci_bgp_address_family_context_policy.var.local_distance",
      "status": "pass",
      "objects": null
    },
    {
      "object_kind": "var",
      "config_addr": "module.aci.module.aci_qos_policy.var.description",
      "status": "pass",
      "objects": null
    },
    {
      "object_kind": "var",
      "config_addr": "module.aci.module.aci_node_registration.var.remote_pool_id",
      "status": "pass",
      "objects": null
    },
    {
      "object_kind": "var",
      "config_addr": "module.aci.module.aci_redirect_policy.var.hashing",
      "status": "pass",
      "objects": null
    },
    {
      "object_kind": "var",
      "config_addr": "module.aci.module.aci_access_leaf_interface_policy_group.var.cdp_policy",
      "status": "pass",
      "objects": null
    },
    {
      "object_kind": "var",
      "config_addr": "module.aci.module.aci_redirect_policy.var.ip_sla_policy",
      "status": "pass",
      "objects": null
    },
    {
      "object_kind": "var",
      "config_addr": "module.aci.module.aci_endpoint_group.var.custom_qos_policy",
      "status": "pass",
      "objects": null
    },
    {
      "object_kind": "var",
      "config_addr": "module.aci.module.aci_fabric_span_source_group.var.sources",
      "status": "pass",
      "objects": null
    },
    {
      "object_kind": "var",
      "config_addr": "module.aci.module.aci_access_leaf_interface_policy_group.var.type",
      "status": "pass",
      "objects": null
    },
    {
      "object_kind": "var",
      "config_addr": "module.aci.module.aci_oob_contract.var.subjects",
      "status": "pass",
      "objects": null
    },
    {
      "object_kind": "var",
      "config_addr": "module.aci.module.aci_l3out_node_profile_auto.var.tenant",
      "status": "pass",
      "objects": null
    },
    {
      "object_kind": "var",
      "config_addr": "module.aci.module.aci_l2_policy.var.qinq",
      "status": "pass",
      "objects": null
    },
    {
      "object_kind": "var",
      "config_addr": "module.aci.module.aci_bfd_interface_policy.var.min_rx_interval",
      "status": "pass",
      "objects": null
    },
    {
      "object_kind": "var",
      "config_addr": "module.aci.module.aci_access_span_destination_group.var.pod_id",
      "status": "pass",
      "objects": null
    },
    {
      "object_kind": "var",
      "config_addr": "module.aci.module.aci_date_time_policy.var.ntp_servers",
      "status": "pass",
      "objects": null
    },
    {
      "object_kind": "var",
      "config_addr": "module.aci.module.aci_tenant_span_destination_group.var.span_version",
      "status": "pass",
      "objects": null
    },
    {
      "object_kind": "var",
      "config_addr": "module.aci.module.aci_access_span_source_group.var.destination_name",
      "status": "pass",
      "objects": null
    },
    {
      "object_kind": "var",
      "config_addr": "module.aci.module.aci_access_span_destination_group.var.mtu",
      "status": "pass",
      "objects": null
    },
    {
      "object_kind": "var",
      "config_addr": "module.aci.module.aci_infra_dscp_translation_policy.var.control_plane",
      "status": "pass",
      "objects": null
    },
    {
      "object_kind": "var",
      "config_addr": "module.aci.module.aci_management_access_policy.var.description",
      "status": "pass",
      "objects": null
    },
    {
      "object_kind": "var",
      "config_addr": "module.aci.module.aci_access_fex_interface_selector_auto.var.policy_group_type",
      "status": "pass",
      "objects": null
    },
    {
      "object_kind": "var",
      "config_addr": "module.aci.module.aci_device_selection_policy.var.consumer_external_endpoint_group_tenant",
      "status": "pass",
      "objects": null
    },
    {
      "object_kind": "var",
      "config_addr": "module.aci.module.aci_vrf.var.bgp_ipv4_export_route_target",
      "status": "unknown",
      "objects": [
        {
          "object_addr": "module.aci.module.aci_vrf[\"common/common.vrf-01\"].var.bgp_ipv4_export_route_target",
          "status": "unknown"
        }
      ]
    },
    {
      "object_kind": "var",
      "config_addr": "module.aci.module.aci_access_spine_interface_selector_auto.var.interface_profile",
      "status": "pass",
      "objects": null
    },
    {
      "object_kind": "var",
      "config_addr": "module.aci.module.aci_bfd_interface_policy.var.name",
      "status": "pass",
      "objects": null
    },
    {
      "object_kind": "var",
      "config_addr": "module.aci.module.aci_ospf_interface_policy.var.cost",
      "status": "pass",
      "objects": null
    },
    {
      "object_kind": "var",
      "config_addr": "module.aci.module.aci_l3out_node_profile_manual.var.name",
      "status": "pass",
      "objects": null
    },
    {
      "object_kind": "var",
      "config_addr": "module.aci.module.aci_bridge_domain.var.dhcp_labels",
      "status": "unknown",
      "objects": [
        {
          "object_addr": "module.aci.module.aci_bridge_domain[\"common/vlan-992\"].var.dhcp_labels",
          "status": "unknown"
        },
        {
          "object_addr": "module.aci.module.aci_bridge_domain[\"common/vlan-3001\"].var.dhcp_labels",
          "status": "unknown"
        },
        {
          "object_addr": "module.aci.module.aci_bridge_domain[\"common/vlan-3002\"].var.dhcp_labels",
          "status": "unknown"
        },
        {
          "object_addr": "module.aci.module.aci_bridge_domain[\"common/vlan-3003\"].var.dhcp_labels",
          "status": "unknown"
        },
        {
          "object_addr": "module.aci.module.aci_bridge_domain[\"common/vlan-3004\"].var.dhcp_labels",
          "status": "unknown"
        }
      ]
    },
    {
      "object_kind": "var",
      "config_addr": "module.aci.module.aci_inband_node_address.var.node_id",
      "status": "pass",
      "objects": null
    },
    {
      "object_kind": "var",
      "config_addr": "module.aci.module.aci_user.var.description",
      "status": "pass",
      "objects": null
    },
    {
      "object_kind": "var",
      "config_addr": "module.aci.module.aci_l3out_interface_profile_auto.var.qos_class",
      "status": "pass",
      "objects": null
    },
    {
      "object_kind": "var",
      "config_addr": "module.aci.module.aci_redirect_health_group.var.description",
      "status": "pass",
      "objects": null
    },
    {
      "object_kind": "var",
      "config_addr": "module.aci.module.aci_filter.var.tenant",
      "status": "pass",
      "objects": [
        {
          "object_addr": "module.aci.module.aci_filter[\"common/icmp\"].var.tenant",
          "status": "pass"
        },
        {
          "object_addr": "module.aci.module.aci_filter[\"common/src-any-dst-any\"].var.tenant",
          "status": "pass"
        }
      ]
    },
    {
      "object_kind": "var",
      "config_addr": "module.aci.module.aci_vrf.var.pim_auto_rp_filter_multicast_route_map",
      "status": "unknown",
      "objects": [
        {
          "object_addr": "module.aci.module.aci_vrf[\"common/common.vrf-01\"].var.pim_auto_rp_filter_multicast_route_map",
          "status": "unknown"
        }
      ]
    },
    {
      "object_kind": "var",
      "config_addr": "module.aci.module.aci_tacacs.var.description",
      "status": "pass",
      "objects": null
    },
    {
      "object_kind": "var",
      "config_addr": "module.aci.module.aci_ca_certificate.var.description",
      "status": "pass",
      "objects": null
    },
    {
      "object_kind": "var",
      "config_addr": "module.aci.module.aci_vrf.var.name",
      "status": "pass",
      "objects": [
        {
          "object_addr": "module.aci.module.aci_vrf[\"common/common.vrf-01\"].var.name",
          "status": "pass"
        }
      ]
    },
    {
      "object_kind": "var",
      "config_addr": "module.aci.module.aci_infra_dscp_translation_policy.var.span",
      "status": "pass",
      "objects": null
    },
    {
      "object_kind": "var",
      "config_addr": "module.aci.module.aci_device_selection_policy.var.consumer_logical_interface",
      "status": "pass",
      "objects": null
    },
    {
      "object_kind": "var",
      "config_addr": "module.aci.module.aci_syslog_policy.var.local_severity",
      "status": "pass",
      "objects": null
    },
    {
      "object_kind": "var",
      "config_addr": "module.aci.module.aci_remote_location.var.ssh_passphrase",
      "status": "pass",
      "objects": null
    },
    {
      "object_kind": "var",
      "config_addr": "module.aci.module.aci_igmp_snooping_policy.var.description",
      "status": "pass",
      "objects": null
    },
    {
      "object_kind": "var",
      "config_addr": "module.aci.module.aci_set_rule.var.set_as_path_asn",
      "status": "pass",
      "objects": null
    },
    {
      "object_kind": "var",
      "config_addr": "module.aci.module.aci_igmp_interface_policy.var.state_limit_multicast_route_map",
      "status": "pass",
      "objects": null
    },
    {
      "object_kind": "var",
      "config_addr": "module.aci.module.aci_external_connectivity_policy.var.data_plane_teps",
      "status": "pass",
      "objects": null
    },
    {
      "object_kind": "var",
      "config_addr": "module.aci.module.aci_pod_setup.var.remote_pools",
      "status": "pass",
      "objects": null
    },
    {
      "object_kind": "var",
      "config_addr": "module.aci.module.aci_igmp_interface_policy.var.last_member_count",
      "status": "pass",
      "objects": null
    },
    {
      "object_kind": "var",
      "config_addr": "module.aci.module.aci_endpoint_security_group.var.epg_selectors",
      "status": "pass",
      "objects": null
    },
    {
      "object_kind": "var",
      "config_addr": "module.aci.module.aci_ospf_interface_policy.var.lsa_transmit_delay",
      "status": "pass",
      "objects": null
    },
    {
      "object_kind": "var",
      "config_addr": "module.aci.module.aci_vrf.var.pim_reserved_multicast_entries",
      "status": "unknown",
      "objects": [
        {
          "object_addr": "module.aci.module.aci_vrf[\"common/common.vrf-01\"].var.pim_reserved_multicast_entries",
          "status": "unknown"
        }
      ]
    },
    {
      "object_kind": "var",
      "config_addr": "module.aci.module.aci_l3out.var.dampening_ipv4_route_map",
      "status": "pass",
      "objects": null
    },
    {
      "object_kind": "var",
      "config_addr": "module.aci.module.aci_vlan_pool.var.allocation",
      "status": "pass",
      "objects": null
    },
    {
      "object_kind": "var",
      "config_addr": "module.aci.module.aci_vrf.var.enforcement_preference",
      "status": "pass",
      "objects": [
        {
          "object_addr": "module.aci.module.aci_vrf[\"common/common.vrf-01\"].var.enforcement_preference",
          "status": "pass"
        }
      ]
    },
    {
      "object_kind": "var",
      "config_addr": "module.aci.module.aci_vmware_vmm_domain.var.name",
      "status": "pass",
      "objects": null
    },
    {
      "object_kind": "var",
      "config_addr": "module.aci.module.aci_bgp_policy.var.fabric_bgp_as",
      "status": "pass",
      "objects": null
    },
    {
      "object_kind": "var",
      "config_addr": "module.aci.module.aci_endpoint_security_group.var.esg_contract_masters",
      "status": "pass",
      "objects": null
    },
    {
      "object_kind": "var",
      "config_addr": "module.aci.module.aci_l3out.var.default_route_leak_policy_criteria",
      "status": "pass",
      "objects": null
    },
    {
      "object_kind": "var",
      "config_addr": "module.aci.module.aci_access_leaf_interface_policy_group.var.l2_policy",
      "status": "pass",
      "objects": null
    },
    {
      "object_kind": "var",
      "config_addr": "module.aci.module.aci_keyring.var.name",
      "status": "pass",
      "objects": null
    },
    {
      "object_kind": "var",
      "config_addr": "module.aci.module.aci_tenant_span_destination_group.var.mtu",
      "status": "pass",
      "objects": null
    },
    {
      "object_kind": "var",
      "config_addr": "module.aci.module.aci_l3out_interface_profile_auto.var.interfaces",
      "status": "pass",
      "objects": null
    },
    {
      "object_kind": "var",
      "config_addr": "module.aci.module.aci_access_leaf_interface_selector_manual.var.name",
      "status": "pass",
      "objects": null
    },
    {
      "object_kind": "var",
      "config_addr": "module.aci.module.aci_access_span_destination_group.var.flow_id",
      "status": "pass",
      "objects": null
    },
    {
      "object_kind": "var",
      "config_addr": "module.aci.module.aci_service_graph_template.var.device_tenant",
      "status": "pass",
      "objects": null
    },
    {
      "object_kind": "var",
      "config_addr": "module.aci.module.aci_device_selection_policy.var.provider_redirect_policy",
      "status": "pass",
      "objects": null
    },
    {
      "object_kind": "var",
      "config_addr": "module.aci.module.aci_igmp_interface_policy.var.startup_query_interval",
      "status": "pass",
      "objects": null
    },
    {
      "object_kind": "var",
      "config_addr": "module.aci.module.aci_fabric_span_destination_group.var.dscp",
      "status": "pass",
      "objects": null
    },
    {
      "object_kind": "var",
      "config_addr": "module.aci.module.aci_access_spine_switch_profile_manual.var.name",
      "status": "pass",
      "objects": null
    },
    {
      "object_kind": "var",
      "config_addr": "module.aci.module.aci_bfd_interface_policy.var.description",
      "status": "pass",
      "objects": null
    },
    {
      "object_kind": "var",
      "config_addr": "module.aci.module.aci_l4l7_device.var.logical_interfaces",
      "status": "pass",
      "objects": null
    },
    {
      "object_kind": "var",
      "config_addr": "module.aci.module.aci_set_rule.var.dampening_max_suppress_time",
      "status": "pass",
      "objects": null
    },
    {
      "object_kind": "var",
      "config_addr": "module.aci.module.aci_vrf.var.bgp_ipv6_export_route_target",
      "status": "unknown",
      "objects": [
        {
          "object_addr": "module.aci.module.aci_vrf[\"common/common.vrf-01\"].var.bgp_ipv6_export_route_target",
          "status": "unknown"
        }
      ]
    },
    {
      "object_kind": "var",
      "config_addr": "module.aci.module.aci_pim_policy.var.join_prune_filter_policy_in",
      "status": "pass",
      "objects": null
    },
    {
      "object_kind": "var",
      "config_addr": "module.aci.module.aci_vrf.var.pim_max_multicast_entries",
      "status": "unknown",
      "objects": [
        {
          "object_addr": "module.aci.module.aci_vrf[\"common/common.vrf-01\"].var.pim_max_multicast_entries",
          "status": "unknown"
        }
      ]
    },
    {
      "object_kind": "var",
      "config_addr": "module.aci.module.aci_device_selection_policy.var.provider_external_endpoint_group_l3out",
      "status": "pass",
      "objects": null
    },
    {
      "object_kind": "var",
      "config_addr": "module.aci.module.aci_device_selection_policy.var.provider_bridge_domain",
      "status": "pass",
      "objects": null
    },
    {
      "object_kind": "var",
      "config_addr": "module.aci.module.aci_bgp_address_family_context_policy.var.local_max_ecmp",
      "status": "pass",
      "objects": null
    },
    {
      "object_kind": "var",
      "config_addr": "module.aci.module.aci_tenant_span_destination_group.var.flow_id",
      "status": "pass",
      "objects": null
    },
    {
      "object_kind": "var",
      "config_addr": "module.aci.module.aci_redirect_backup_policy.var.description",
      "status": "pass",
      "objects": null
    },
    {
      "object_kind": "var",
      "config_addr": "module.aci.module.aci_access_leaf_interface_selector_auto.var.policy_group_type",
      "status": "pass",
      "objects": null
    },
    {
      "object_kind": "var",
      "config_addr": "module.aci.module.aci_aaa.var.console_login_domain",
      "status": "pass",
      "objects": null
    },
    {
      "object_kind": "var",
      "config_addr": "module.aci.module.aci_user.var.status",
      "status": "pass",
      "objects": null
    },
    {
      "object_kind": "var",
      "config_addr": "module.aci.module.aci_node_control_policy.var.telemetry",
      "status": "pass",
      "objects": null
    }
  ]
}
