{
  "version": 4,
  "terraform_version": "1.5.7",
  "serial": 365,
  "lineage": "dfc87559-228b-99ba-4f92-040f5428d768",
  "outputs": {},
  "resources": [
    {
      "module": "module.aci",
      "mode": "data",
      "type": "utils_yaml_merge",
      "name": "defaults",
      "provider": "provider[\"registry.terraform.io/netascode/utils\"]",
      "instances": [
        {
          "schema_version": 0,
          "attributes": {
            "id": "e5d7a4194bb4e6b6fcec82da42d7b4e789871848",
            "input": [
              "---\ndefaults:\n  apic:\n    version: \"5.2.1g\"\n    auto_generate_switch_pod_profiles: false\n    auto_generate_pod_profiles: false\n    auto_generate_fabric_leaf_switch_interface_profiles: false\n    auto_generate_fabric_spine_switch_interface_profiles: false\n    auto_generate_access_leaf_switch_interface_profiles: false\n    auto_generate_access_spine_switch_interface_profiles: false\n    fabric_policies:\n      leaf_switch_profile_name: \"LEAF\\\\g\u003cid\u003e\"\n      leaf_interface_profile_name: \"LEAF\\\\g\u003cid\u003e\"\n      leaf_switch_selector_name: \"LEAF\\\\g\u003cid\u003e\"\n      leaf_interface_selector_name: \"ETH\\\\g\u003cmod\u003e-\\\\g\u003cport\u003e\"\n      spine_switch_profile_name: \"SPINE\\\\g\u003cid\u003e\"\n      spine_interface_profile_name: \"SPINE\\\\g\u003cid\u003e\"\n      spine_switch_selector_name: \"SPINE\\\\g\u003cid\u003e\"\n      spine_interface_selector_name: \"ETH\\\\g\u003cmod\u003e-\\\\g\u003cport\u003e\"\n      pod_profile_name: \"POD\\\\g\u003cid\u003e\"\n      pod_profile_pod_selector_name: \"POD\\\\g\u003cid\u003e\"\n      apic_conn_pref: inband\n      banners:\n        apic_gui_alias: \"\"\n        apic_gui_banner_url: \"\"\n        apic_cli_banner: \"\"\n        switch_cli_banner: \"\"\n      ep_loop_protection:\n        admin_state: false\n        detection_interval: 60\n        detection_multiplier: 4\n        action: bd-learn-disable\n      rogue_ep_control:\n        admin_state: true\n        detection_interval: 30\n        detection_multiplier: 10\n        hold_interval: 1800\n      global_settings:\n        domain_validation: true\n        enforce_subnet_check: true\n        opflex_authentication: false\n        disable_remote_endpoint_learn: false\n        overlapping_vlan_validation: true\n        remote_leaf_direct: true\n        reallocate_gipo: false\n      port_tracking:\n        admin_state: true\n        delay: 120\n        min_links: 0\n      ptp:\n        admin_state: false\n        global_domain: 0\n        profile: aes67\n        announce_interval: 1\n        announce_timeout: 3\n        sync_interval: -3\n        delay_interval: -2\n      ip_aging: true\n      ignore_acked_faults: false\n      use_infra_gipo: false\n      fabric_isis_redistribute_metric: 60\n      fabric_isis_bfd: true\n      fabric_bgp_rr:\n        pod_id: 1\n      fabric_bgp_ext_rr:\n        pod_id: 1\n      date_time_format:\n        display_format: local\n        timezone: p0_UTC\n        show_offset: true\n      dns_policies:\n        name_suffix: \"\"\n        mgmt_epg: inb\n        mgmt_epg_oob: default\n        providers:\n          preferred: false\n        domains:\n          default: true\n      err_disabled_recovery:\n        interval: 300\n        mcp_loop: false\n        ep_move: false\n        bpdu_guard: false\n      coop_group_policy: strict\n      l2_port_mtu: 9000\n      pod_policy_groups:\n        name_suffix: \"\"\n      pod_profiles:\n        name_suffix: \"\"\n        selectors:\n          type: range\n          name_suffix: \"\"\n          pod_blocks:\n            name_suffix: \"\"\n      pod_policies:\n        date_time_policies:\n          name_suffix: \"\"\n          ntp_admin_state: true\n          ntp_auth_state: false\n          apic_ntp_server_state: false\n          apic_ntp_server_master_mode: false\n          apic_ntp_server_master_stratum: 8\n          ntp_servers:\n            preferred: true\n            mgmt_epg: inb\n        snmp_policies:\n          name_suffix: \"\"\n          admin_state: true\n          location: \"\"\n          contact: \"\"\n          users:\n            authorization_type: hmac-sha1-96\n            privacy_type: aes-128\n          trap_forwarders:\n            port: 162\n          clients:\n            name_suffix: \"\"\n        management_access_policies:\n          name_suffix: \"\"\n          telnet:\n            admin_state: false\n            port: 23\n          ssh:\n            admin_state: true\n            port: 22\n            password_auth: true\n            aes128_ctr: true\n            aes128_gcm: true\n            aes192_ctr: true\n            aes256_ctr: true\n            chacha: true\n            hmac_sha1: true\n            hmac_sha2_256: true\n            hmac_sha2_512: true\n          https:\n            admin_state: true\n            client_cert_auth_state: false\n            dh: \"none\"\n            port: 443\n            key_ring: default\n            tlsv1: false\n            tlsv1_1: true\n            tlsv1_2: true\n          http:\n            admin_state: false\n            port: 80\n      switch_policies:\n        node_control_policies:\n          name_suffix: \"\"\n          telemetry: telemetry\n          dom: true\n        psu_policies:\n          name_suffix: \"\"\n      leaf_switch_policy_groups:\n        name_suffix: \"\"\n      spine_switch_policy_groups:\n        name_suffix: \"\"\n      leaf_switch_profiles:\n        name_suffix: \"\"\n        selectors:\n          name_suffix: \"\"\n          node_blocks:\n            name_suffix: \"\"\n      spine_switch_profiles:\n        name_suffix: \"\"\n        selectors:\n          name_suffix: \"\"\n          node_blocks:\n            name_suffix: \"\"\n      leaf_interface_profiles:\n        name_suffix: \"\"\n      spine_interface_profiles:\n        name_suffix: \"\"\n      external_connectivity_policy:\n        name_suffix: \"\"\n        fabric_id: 1\n        site_id: 1\n        route_target: extended:as2-nn4:5:16\n        routing_profiles:\n          name_suffix: \"\"\n      infra_dscp_translation_policy:\n        admin_state: false\n        control_plane: CS7\n        level_1: EF\n        level_2: CS3\n        level_3: CS0\n        level_4: AF11\n        level_5: AF21\n        level_6: AF31\n        policy_plane: CS4\n        span: CS1\n        traceroute: CS2\n      vmware_vmm_domains:\n        name_suffix: \"\"\n        access_mode: read-write\n        delimiter: \"\"\n        tag_collection: false\n        vswitch:\n          enhanced_lags:\n            name_suffix: \"\"\n            mode: active\n            lb_mode: src-dst-ip\n            num_links: 2\n        credential_policies:\n          name_suffix: \"\"\n        vcenters:\n          name_suffix: \"\"\n          mgmt_epg: inb\n          dvs_version: unmanaged\n          statistics: false\n      aaa:\n        remote_user_login_policy: no-login\n        default_fallback_check: false\n        default_realm: local\n        console_realm: local\n        tacacs_providers:\n          protocol: pap\n          monitoring: false\n          port: 49\n          retries: 1\n          timeout: 5\n          mgmt_epg: inb\n        login_domains:\n          tacacs_providers:\n            priority: 0\n        users:\n          status: active\n          expires: false\n          domains:\n            roles:\n              privilege_type: write\n        ca_certificates:\n          name_suffix: \"\"\n        key_rings:\n          name_suffix: \"\"\n          modulus: \"mod2048\"\n      remote_locations:\n        name_suffix: \"\"\n        auth_type: password\n        path: \"/\"\n        mgmt_epg: inb\n      geolocation:\n        sites:\n          name_suffix: \"\"\n          buildings:\n            name_suffix: \"\"\n            floors:\n              name_suffix: \"\"\n              rooms:\n                name_suffix: \"\"\n                rows:\n                  name_suffix: \"\"\n                  racks:\n                    name_suffix: \"\"\n      schedulers:\n        name_suffix: \"\"\n        recurring_windows:\n          name_suffix: \"\"\n          day: \"every-day\"\n          hour: 0\n          minute: 0\n      config_exports:\n        name_suffix: \"\"\n        format: \"json\"\n        snapshot: false\n      monitoring:\n        snmp_traps:\n          name_suffix: \"\"\n          destinations:\n            port: 162\n            version: v2c\n            security: priv\n            mgmt_epg: inb\n        syslogs:\n          name_suffix: \"\"\n          audit: true\n          events: true\n          faults: true\n          session: false\n          minimum_severity: warnings\n          format: aci\n          show_millisecond: false\n          admin_state: true\n          local_admin_state: true\n          local_severity: information\n          console_admin_state: true\n          console_severity: alerts\n          destinations:\n            port: 514\n            facility: local7\n            severity: warnings\n            admin_state: true\n            mgmt_epg: inb\n      span:\n        destination_groups:\n          name_suffix: \"\"\n          mtu: 1518\n          dscp: unspecified\n          flow_id: 1\n          ttl: 64\n          version: 2\n          enforce_version: false\n        source_groups:\n          name_suffix: \"\"\n          admin_state: true\n          sources:\n            name_suffix: \"\"\n            direction: both\n            span_drop: false\n            access_paths:\n              module: 1\n      smart_licensing:\n        mode: \"smart-licensing\"\n        url: \"https://tools.cisco.com/its/service/oddce/services/DDCEService\"\n        proxy:\n          port: \"443\"\n      l2_mtu_policies:\n        name_suffix: \"\"\n        port_mtu_size: 9000\n\n    access_policies:\n      leaf_switch_profile_name: \"LEAF\\\\g\u003cid\u003e\"\n      leaf_interface_profile_name: \"LEAF\\\\g\u003cid\u003e\"\n      leaf_switch_selector_name: \"LEAF\\\\g\u003cid\u003e\"\n      leaf_interface_selector_name: \"ETH\\\\g\u003cmod\u003e-\\\\g\u003cport\u003e\"\n      leaf_interface_selector_sub_port_name: \"ETH\\\\g\u003cmod\u003e-\\\\g\u003cport\u003e-\\\\g\u003csport\u003e\"\n      fex_profile_name: \"LEAF\\\\g\u003cid\u003e-FEX\\\\g\u003cfex\u003e\"\n      fex_interface_selector_name: \"ETH\\\\g\u003cmod\u003e-\\\\g\u003cport\u003e\"\n      spine_switch_profile_name: \"SPINE\\\\g\u003cid\u003e\"\n      spine_interface_profile_name: \"SPINE\\\\g\u003cid\u003e\"\n      spine_switch_selector_name: \"SPINE\\\\g\u003cid\u003e\"\n      spine_interface_selector_name: \"ETH\\\\g\u003cmod\u003e-\\\\g\u003cport\u003e\"\n      vpc_group_name: \"VPC\\\\g\u003cswitch1_id\u003e-\\\\g\u003cswitch2_id\u003e\"\n      vlan_pools:\n        name_suffix: \"\"\n        allocation: static\n        ranges:\n          allocation: inherit\n          role: external\n      physical_domains:\n        name_suffix: \"\"\n        allocation: static\n      routed_domains:\n        name_suffix: \"\"\n        allocation: static\n      aaeps:\n        name_suffix: \"\"\n        infra_vlan: false\n        endpoint_groups:\n          mode: regular\n          deployment_immediacy: lazy\n      switch_policies:\n        vpc_policies:\n          name_suffix: \"\"\n          peer_dead_interval: 200\n        forwarding_scale_policies:\n          name_suffix: \"\"\n          profile: dual-stack\n        mst_policies:\n          name_suffix: \"\"\n      spine_switch_policy_groups:\n        name_suffix: \"\"\n      leaf_switch_policy_groups:\n        name_suffix: \"\"\n      leaf_switch_profiles:\n        name_suffix: \"\"\n        selectors:\n          name_suffix: \"\"\n          node_blocks:\n            name_suffix: \"\"\n      spine_switch_profiles:\n        name_suffix: \"\"\n        selectors:\n          name_suffix: \"\"\n          node_blocks:\n            name_suffix: \"\"\n      interface_policies:\n        cdp_policies:\n          name_suffix: \"\"\n        lldp_policies:\n          name_suffix: \"\"\n        link_level_policies:\n          name_suffix: \"\"\n          speed: inherit\n          auto: true\n          fec_mode: inherit\n        port_channel_policies:\n          name_suffix: \"\"\n          min_links: 1\n          max_links: 16\n          suspend_individual: true\n          graceful_convergence: true\n          fast_select_standby: true\n          load_defer: false\n          symmetric_hash: false\n        port_channel_member_policies:\n          name_suffix: \"\"\n          priority: 32768\n          rate: normal\n        l2_policies:\n          name_suffix: \"\"\n          vlan_scope: global\n          qinq: disabled\n          reflective_relay: false\n        mcp_policies:\n          name_suffix: \"\"\n        storm_control_policies:\n          name_suffix: \"\"\n          broadcast_burst_pps: unspecified\n          broadcast_pps: unspecified\n          broadcast_burst_rate: \"100.000000\"\n          broadcast_rate: \"100.000000\"\n          multicast_burst_pps: unspecified\n          multicast_pps: unspecified\n          multicast_burst_rate: \"100.000000\"\n          multicast_rate: \"100.000000\"\n          unknown_unicast_burst_pps: unspecified\n          unknown_unicast_pps: unspecified\n          unknown_unicast_burst_rate: \"100.000000\"\n          unknown_unicast_rate: \"100.000000\"\n          action: drop\n        spanning_tree_policies:\n          name_suffix: \"\"\n          bpdu_guard: false\n          bpdu_filter: false\n      leaf_interface_policy_groups:\n        name_suffix: \"\"\n        map: none\n      spine_interface_policy_groups:\n        name_suffix: \"\"\n      spine_interface_profiles:\n        name_suffix: \"\"\n        selectors:\n          name_suffix: \"\"\n          port_blocks:\n            name_suffix: \"\"\n            from_module: 1\n      leaf_interface_profiles:\n        name_suffix: \"\"\n        selectors:\n          name_suffix: \"\"\n          port_blocks:\n            name_suffix: \"\"\n            from_module: 1\n          sub_port_blocks:\n            name_suffix: \"\"\n            from_module: 1\n      fex_interface_profiles:\n        name_suffix: \"\"\n        selectors:\n          name_suffix: \"\"\n          port_blocks:\n            name_suffix: \"\"\n            from_module: 1\n      mcp:\n        admin_state: true\n        per_vlan: true\n        action: true\n        key: cisco\n        loop_detection: 3\n        initial_delay: 180\n        frequency_sec: 2\n        frequency_msec: 0\n      qos:\n        preserve_cos: false\n        qos_classes:\n          - level: 1\n            admin_state: true\n            mtu: 9216\n            scheduling: wrr\n            bandwidth_percent: 20\n            congestion_algorithm: tail-drop\n            minimum_buffer: 0\n            pfc_state: false\n            no_drop_cos: \"\"\n            pfc_scope: tor\n            ecn: false\n            forward_non_ecn: false\n            wred_max_threshold: 100\n            wred_min_threshold: 0\n            wred_probability: 0\n            weight: 0\n          - level: 2\n            admin_state: true\n            mtu: 9216\n            scheduling: wrr\n            bandwidth_percent: 20\n            congestion_algorithm: tail-drop\n            minimum_buffer: 0\n            pfc_state: false\n            no_drop_cos: \"\"\n            pfc_scope: tor\n            ecn: false\n            forward_non_ecn: false\n            wred_max_threshold: 100\n            wred_min_threshold: 0\n            wred_probability: 0\n            weight: 0\n          - level: 3\n            admin_state: true\n            mtu: 9216\n            scheduling: wrr\n            bandwidth_percent: 20\n            congestion_algorithm: tail-drop\n            minimum_buffer: 0\n            pfc_state: false\n            no_drop_cos: \"\"\n            pfc_scope: tor\n            ecn: false\n            forward_non_ecn: false\n            wred_max_threshold: 100\n            wred_min_threshold: 0\n            wred_probability: 0\n            weight: 0\n          - level: 4\n            admin_state: true\n            mtu: 9216\n            scheduling: wrr\n            bandwidth_percent: 0\n            congestion_algorithm: tail-drop\n            minimum_buffer: 0\n            pfc_state: false\n            no_drop_cos: \"\"\n            pfc_scope: tor\n            ecn: false\n            forward_non_ecn: false\n            wred_max_threshold: 100\n            wred_min_threshold: 0\n            wred_probability: 0\n            weight: 0\n          - level: 5\n            admin_state: true\n            mtu: 9216\n            scheduling: wrr\n            bandwidth_percent: 0\n            congestion_algorithm: tail-drop\n            minimum_buffer: 0\n            pfc_state: false\n            no_drop_cos: \"\"\n            pfc_scope: tor\n            ecn: false\n            forward_non_ecn: false\n            wred_max_threshold: 100\n            wred_min_threshold: 0\n            wred_probability: 0\n            weight: 0\n          - level: 6\n            admin_state: true\n            mtu: 9216\n            scheduling: wrr\n            bandwidth_percent: 0\n            congestion_algorithm: tail-drop\n            minimum_buffer: 0\n            pfc_state: false\n            no_drop_cos: \"\"\n            pfc_scope: tor\n            ecn: false\n            forward_non_ecn: false\n            wred_max_threshold: 100\n            wred_min_threshold: 0\n            wred_probability: 0\n            weight: 0\n      span:\n        destination_groups:\n          name_suffix: \"\"\n          mtu: 1518\n          module: 1\n          dscp: unspecified\n          flow_id: 1\n          ttl: 64\n          version: 2\n          enforce_version: false\n        source_groups:\n          name_suffix: \"\"\n          admin_state: true\n          sources:\n            name_suffix: \"\"\n            direction: \"both\"\n            span_drop: false\n            access_paths:\n              module: 1\n        filter_groups:\n          name_suffix: \"\"\n          entries:\n            name_suffix: \"\"\n            destination_from_port: unspecified\n            source_from_port: unspecified\n            ip_protocol: unspecified\n      vspan:\n        destination_groups:\n          name_suffix: \"\"\n          destinations:\n            name_suffix: \"\"\n            mtu: 1518\n            flow_id: 1\n            ttl: 64\n            dscp: unspecified\n        sessions:\n          name_suffix: \"\"\n          admin_state: true\n          sources:\n            name_suffix: \"\"\n            direction: both\n            access_paths:\n              module: 1\n    node_policies:\n      oob_endpoint_group: default\n      inb_endpoint_group: default\n      update_groups:\n        name_suffix: \"\"\n        scheduler: default\n      vpc_groups:\n        mode: explicit\n      nodes:\n        pod: 1\n\n    interface_policies:\n      nodes:\n        interfaces:\n          from_module: 1\n          module: 1\n        fexes:\n          interfaces:\n            from_module: 1\n\n    tenants:\n      managed: true\n      vrfs:\n        name_suffix: \"\"\n        data_plane_learning: true\n        enforcement_direction: ingress\n        enforcement_preference: enforced\n        leaked_internal_prefixes:\n          public: false\n        pim:\n          mtu: 1500\n          bsr_forward_updates: false\n          bsr_listen_updates: false\n          auto_rp_forward_updates: false\n          auto_rp_listen_updates: false\n          fast_convergence: false\n          strict_rfc: false\n          max_multicast_entries: unlimited\n          reserved_multicast_entries: undefined\n          asm_sg_expiry: default-timeout\n          asm_traffic_registry_max_rate: 65535\n          asm_traffic_registry_source_ip: \"0.0.0.0\"\n        preferred_group: false\n      bridge_domains:\n        name_suffix: \"\"\n        mac: 00:22:BD:F8:19:FF\n        ep_move_detection: false\n        arp_flooding: true\n        ip_dataplane_learning: true\n        limit_ip_learn_to_subnets: true\n        multi_destination_flooding: bd-flood\n        unknown_unicast: flood\n        unknown_ipv4_multicast: flood\n        unknown_ipv6_multicast: flood\n        unicast_routing: true\n        advertise_host_routes: false\n        l3_multicast: false\n        subnets:\n          primary_ip: false\n          public: false\n          private: true\n          shared: false\n          virtual: false\n          igmp_querier: false\n          nd_ra_prefix: true\n          no_default_gateway: false\n      l3outs:\n        name_suffix: \"\"\n        target_dscp: unspecified\n        qos_class: unspecified\n        ospf:\n          auth_key_id: 1\n          auth_type: none\n          area_cost: 1\n          area_type: regular\n        bgp_peers:\n          allow_self_as: false\n          as_override: false\n          disable_peer_as_check: false\n          next_hop_self: false\n          send_community: false\n          send_ext_community: false\n          allowed_self_as_count: 3\n          ttl: 1\n          weight: 0\n          bfd: false\n          disable_connected_check: false\n          remove_all_private_as: false\n          remove_private_as: false\n          replace_private_as_with_local_as: false\n          unicast_address_family: true\n          multicast_address_family: true\n          admin_state: true\n          as_propagate: none\n        redistribution_route_maps:\n          source: static\n        nodes:\n          pod: 1\n          router_id_as_loopback: true\n          static_routes:\n            preference: 1\n            bfd: false\n            next_hops:\n              preference: 1\n              type: prefix\n          interfaces:\n            pod: 1\n            module: 1\n            svi: false\n            autostate: false\n            floating_svi: false\n            ip: 0.0.0.0\n            mac: 00:22:BD:F8:19:FF\n            mtu: inherit\n            bgp_peers:\n              allow_self_as: false\n              as_override: false\n              disable_peer_as_check: false\n              next_hop_self: false\n              send_community: false\n              send_ext_community: false\n              allowed_self_as_count: 3\n              ttl: 1\n              weight: 0\n              bfd: false\n              disable_connected_check: false\n              remove_all_private_as: false\n              remove_private_as: false\n              replace_private_as_with_local_as: false\n              unicast_address_family: true\n              multicast_address_family: true\n              admin_state: true\n              as_propagate: none\n        node_profiles:\n          name_suffix: \"\"\n          bgp_peers:\n            allow_self_as: false\n            as_override: false\n            disable_peer_as_check: false\n            next_hop_self: false\n            send_community: false\n            send_ext_community: false\n            allowed_self_as_count: 3\n            ttl: 1\n            weight: 0\n            bfd: false\n            disable_connected_check: false\n            remove_all_private_as: false\n            remove_private_as: false\n            replace_private_as_with_local_as: false\n            unicast_address_family: true\n            multicast_address_family: true\n            admin_state: true\n            as_propagate: none\n          nodes:\n            pod: 1\n            router_id_as_loopback: true\n            static_routes:\n              preference: 1\n              bfd: false\n              next_hops:\n                preference: 1\n                type: prefix\n          interface_profiles:\n            name_suffix: \"\"\n            target_dscp: unspecified\n            qos_class: unspecified\n            ospf:\n              auth_key_id: 1\n              auth_type: none\n            interfaces:\n              pod: 1\n              module: 1\n              svi: false\n              autostate: false\n              floating_svi: false\n              ip: 0.0.0.0\n              mac: 00:22:BD:F8:19:FF\n              mtu: inherit\n              bgp_peers:\n                allow_self_as: false\n                as_override: false\n                disable_peer_as_check: false\n                next_hop_self: false\n                send_community: false\n                send_ext_community: false\n                allowed_self_as_count: 3\n                ttl: 1\n                weight: 0\n                bfd: false\n                disable_connected_check: false\n                remove_all_private_as: false\n                remove_private_as: false\n                replace_private_as_with_local_as: false\n                unicast_address_family: true\n                multicast_address_family: true\n                admin_state: true\n                as_propagate: none\n        external_endpoint_groups:\n          name_suffix: \"\"\n          preferred_group: false\n          qos_class: unspecified\n          target_dscp: unspecified\n          subnets:\n            import_route_control: false\n            export_route_control: false\n            shared_route_control: false\n            import_security: true\n            shared_security: false\n            aggregate_import_route_control: false\n            aggregate_export_route_control: false\n            aggregate_shared_route_control: false\n            bgp_route_summarization: false\n        import_route_map:\n          type: global\n          contexts:\n            name_suffix: \"\"\n            action: permit\n            order: 0\n        export_route_map:\n          type: global\n          contexts:\n            name_suffix: \"\"\n            action: permit\n            order: 0\n        default_route_leak_policy:\n          always: false\n          criteria: \"only\"\n          context_scope: false\n          outside_scope: true\n        l3_multicast_ipv4: false\n        multipod: true\n        remote_leaf: false\n      application_profiles:\n        name_suffix: \"\"\n        managed: true\n        endpoint_groups:\n          name_suffix: \"\"\n          flood_in_encap: false\n          intra_epg_isolation: false\n          proxy_arp: false\n          preferred_group: false\n          qos_class: unspecified\n          vmware_vmm_domains:\n            name_suffix: \"\"\n            u_segmentation: false\n            delimiter: \"\"\n            netflow: false\n            deployment_immediacy: lazy\n            resolution_immediacy: pre-provision\n            allow_promiscuous: reject\n            forged_transmits: reject\n            mac_changes: reject\n          static_ports:\n            module: 1\n            mode: regular\n            deployment_immediacy: lazy\n          static_endpoints:\n            name_suffix: \"\"\n            ip: \"0.0.0.0\"\n            module: 1\n          subnets:\n            primary_ip: false\n            public: false\n            private: true\n            shared: false\n            igmp_querier: false\n            nd_ra_prefix: true\n            no_default_gateway: false\n            virtual: false\n            nlb_group: 0.0.0.0\n            nlb_mac: 00:00:00:00:00:00\n            ip_pools:\n              name_suffix: \"\"\n              start_ip: 0.0.0.0\n              end_ip: 0.0.0.0\n        endpoint_security_groups:\n          name_suffix: \"\"\n          shutdown: false\n          intra_esg_isolation: false\n          preferred_group: false\n          tag_selectors:\n            operator: equals\n      inb_endpoint_groups:\n        name_suffix: \"\"\n      oob_endpoint_groups:\n        name_suffix: \"\"\n        name: default\n      ext_mgmt_instances:\n        name_suffix: \"\"\n      contracts:\n        name_suffix: \"\"\n        scope: context\n        qos_class: unspecified\n        target_dscp: unspecified\n        subjects:\n          name_suffix: \"\"\n          qos_class: unspecified\n          target_dscp: unspecified\n          filters:\n            action: permit\n            priority: default\n            log: false\n            no_stats: false\n      imported_contracts:\n        name_suffix: \"\"\n      oob_contracts:\n        name_suffix: \"\"\n        scope: context\n        subjects:\n          name_suffix: \"\"\n      filters:\n        name_suffix: \"\"\n        entries:\n          name_suffix: \"\"\n          ethertype: ip\n          protocol: tcp\n          source_from_port: unspecified\n          destination_from_port: unspecified\n          stateful: false\n      policies:\n        custom_qos:\n          name_suffix: \"\"\n        ospf_interface_policies:\n          name_suffix: \"\"\n          cost: unspecified\n          passive_interface: false\n          mtu_ignore: false\n          advertise_subnet: false\n          bfd: false\n          hello_interval: 10\n          dead_interval: 40\n          network_type: p2p\n          priority: 1\n          lsa_retransmit_interval: 5\n          lsa_transmit_delay: 1\n        bgp_best_path_policies:\n          name_suffix: \"\"\n          control_type: \"\"\n        bgp_timer_policies:\n          name_suffix: \"\"\n          keepalive_interval: 60\n          hold_interval: 180\n          stale_interval: default\n          graceful_restart_helper: true\n          maximum_as_limit: 0\n        bgp_peer_prefix_policies:\n          name_suffix: \"\"\n          action: \"reject\"\n          max_prefixes: 20000\n          threshold: 75\n          restart_time: 65534\n        bgp_address_family_context_policies:\n          name_suffix: \"\"\n          ebgp_distance: 20\n          ibgp_distance: 200\n          local_distance: 220\n          ebgp_max_ecmp: 16\n          ibgp_max_ecmp: 16\n          enable_host_route_leak: false\n        dhcp_relay_policies:\n          name_suffix: \"\"\n        dhcp_option_policies:\n          name_suffix: \"\"\n          options:\n            name_suffix: \"\"\n        route_control_route_maps:\n          name_suffix: \"\"\n          contexts:\n            name_suffix: \"\"\n            action: \"permit\"\n            order: 0\n        match_rules:\n          name_suffix: \"\"\n          regex_community_terms:\n            name_suffix: \"\"\n            type: \"regular\"\n          community_terms:\n            name_suffix: \"\"\n            factors:\n              scope: \"transitive\"\n          prefixes:\n            aggregate: false\n            from_length: 0\n            to_length: 0\n        set_rules:\n          name_suffix: \"\"\n          community_mode: \"append\"\n          dampening:\n            half_life: 15\n            max_suppress_time: 60\n            reuse_limit: 750\n            suppress_limit: 2000\n          set_as_path:\n            criteria: \"prepend\"\n            count: 1\n            order: 0\n          next_hop_propagation: false\n          multipath: false\n        bfd_interface_policies:\n          name_suffix: \"\"\n          subinterface_optimization: false\n          detection_multiplier: 3\n          echo_admin_state: true\n          echo_rx_interval: 50\n          min_rx_interval: 50\n          min_tx_interval: 50\n        igmp_snooping_policies:\n          name_suffix: \"\"\n          admin_state: true\n          last_member_query_interval: 1\n          query_interval: 125\n          query_response_interval: 10\n          start_query_count: 2\n          start_query_interval: 31\n          fast_leave: false\n          querier: false\n        multicast_route_maps:\n          name_suffix: \"\"\n          entries:\n            source_ip: \"0.0.0.0\"\n            group_ip: \"0.0.0.0\"\n            rp_ip: \"0.0.0.0\"\n            action: \"permit\"\n        pim_policies:\n          name_suffix: \"\"\n          auth_type: \"none\"\n          designated_router_delay: 3\n          designated_router_priority: 1\n          hello_interval: 30000\n          join_prune_interval: 60\n          mcast_dom_boundary: false\n          passive: false\n          strict_rfc: false\n        igmp_interface_policies:\n          name_suffix: \"\"\n          grp_timeout: 260\n          allow_v3_asm: false\n          fast_leave: false\n          report_link_local_groups: false\n          last_member_count: 2\n          last_member_response_time: 1\n          querier_timeout: 255\n          query_interval: 125\n          robustness_variable: 2\n          query_response_interval: 25\n          startup_query_count: 2\n          startup_query_interval: 31\n          version: \"v2\"\n          max_mcast_entries: unlimited\n          reserved_mcast_entries: undefined\n        qos:\n          name_suffix: \"\"\n          dscp_priority_maps:\n            priority: level3\n            dscp_target: unspecified\n            cos_target: unspecified\n          dot1p_classifiers:\n            priority: level3\n            dscp_target: unspecified\n            cos_target: unspecified\n        ip_sla_policies:\n          name_suffix: \"\"\n          multiplier: 3\n          frequency: 60\n          sla_type: icmp\n          port: 0\n        trust_control_policies:\n          name_suffix: \"\"\n          dhcp_v4_server: false\n          dhcp_v6_server: false\n          ipv6_router: false\n          arp: false\n          nd: false\n          ra: false\n        span:\n          source_groups:\n            name_suffix: \"\"\n            admin_state: false\n            sources:\n              direction: both\n          destination_groups:\n            name_suffix: \"\"\n            dscp: unspecified\n            flow_id: 1\n            mtu: 1518\n            ttl: 64\n            version: 2\n            enforce_version: false\n      services:\n        l4l7_devices:\n          name_suffix: \"\"\n          context_aware: single-Context\n          type: PHYSICAL\n          function: GoTo\n          copy_device: false\n          managed: false\n          promiscuous_mode: false\n          service_type: FW\n          trunking: false\n          concrete_devices:\n            name_suffix: \"\"\n            interfaces:\n              name_suffix: \"\"\n              module: 1\n          logical_interfaces:\n            name_suffix: \"\"\n            concrete_interfaces:\n              name_suffix: \"\"\n        redirect_policies:\n          name_suffix: \"\"\n          type: L3\n          anycast: false\n          hashing: sip-dip-prototype\n          threshold: false\n          max_threshold: 0\n          min_threshold: 0\n          threshold_down_action: permit\n          resilient_hashing: false\n          pod_aware: false\n          l3_destinations:\n            pod: 1\n        redirect_backup_policies:\n          name_suffix: \"\"\n          l3_destinations:\n            ip_2: \"0.0.0.0\"\n        service_epg_policies:\n          name_suffix: \"\"\n          preferred_group: false\n        redirect_health_groups:\n          name_suffix: \"\"\n        service_graph_templates:\n          name_suffix: \"\"\n          template_type: FW_ROUTED\n          redirect: false\n          share_encapsulation: false\n        device_selection_policies:\n          consumer:\n            l3_destination: true\n            permit_logging: false\n            external_endpoint_group:\n              redistribute:\n                bgp: false\n                ospf: false\n                connected: false\n                static: false\n          provider:\n            l3_destination: true\n            permit_logging: false\n            external_endpoint_group:\n              redistribute:\n                bgp: false\n                ospf: false\n                connected: false\n                static: false\n",
              "\"defaults\": {}\n"
            ],
            "merge_list_items": true,
            "output": "defaults:\n    apic:\n        access_policies:\n            aaeps:\n                endpoint_groups:\n                    deployment_immediacy: lazy\n                    mode: regular\n                infra_vlan: false\n                name_suffix: \"\"\n            fex_interface_profiles:\n                name_suffix: \"\"\n                selectors:\n                    name_suffix: \"\"\n                    port_blocks:\n                        from_module: 1\n                        name_suffix: \"\"\n            fex_interface_selector_name: ETH\\g\u003cmod\u003e-\\g\u003cport\u003e\n            fex_profile_name: LEAF\\g\u003cid\u003e-FEX\\g\u003cfex\u003e\n            interface_policies:\n                cdp_policies:\n                    name_suffix: \"\"\n                l2_policies:\n                    name_suffix: \"\"\n                    qinq: disabled\n                    reflective_relay: false\n                    vlan_scope: global\n                link_level_policies:\n                    auto: true\n                    fec_mode: inherit\n                    name_suffix: \"\"\n                    speed: inherit\n                lldp_policies:\n                    name_suffix: \"\"\n                mcp_policies:\n                    name_suffix: \"\"\n                port_channel_member_policies:\n                    name_suffix: \"\"\n                    priority: 32768\n                    rate: normal\n                port_channel_policies:\n                    fast_select_standby: true\n                    graceful_convergence: true\n                    load_defer: false\n                    max_links: 16\n                    min_links: 1\n                    name_suffix: \"\"\n                    suspend_individual: true\n                    symmetric_hash: false\n                spanning_tree_policies:\n                    bpdu_filter: false\n                    bpdu_guard: false\n                    name_suffix: \"\"\n                storm_control_policies:\n                    action: drop\n                    broadcast_burst_pps: unspecified\n                    broadcast_burst_rate: \"100.000000\"\n                    broadcast_pps: unspecified\n                    broadcast_rate: \"100.000000\"\n                    multicast_burst_pps: unspecified\n                    multicast_burst_rate: \"100.000000\"\n                    multicast_pps: unspecified\n                    multicast_rate: \"100.000000\"\n                    name_suffix: \"\"\n                    unknown_unicast_burst_pps: unspecified\n                    unknown_unicast_burst_rate: \"100.000000\"\n                    unknown_unicast_pps: unspecified\n                    unknown_unicast_rate: \"100.000000\"\n            leaf_interface_policy_groups:\n                map: none\n                name_suffix: \"\"\n            leaf_interface_profile_name: LEAF\\g\u003cid\u003e\n            leaf_interface_profiles:\n                name_suffix: \"\"\n                selectors:\n                    name_suffix: \"\"\n                    port_blocks:\n                        from_module: 1\n                        name_suffix: \"\"\n                    sub_port_blocks:\n                        from_module: 1\n                        name_suffix: \"\"\n            leaf_interface_selector_name: ETH\\g\u003cmod\u003e-\\g\u003cport\u003e\n            leaf_interface_selector_sub_port_name: ETH\\g\u003cmod\u003e-\\g\u003cport\u003e-\\g\u003csport\u003e\n            leaf_switch_policy_groups:\n                name_suffix: \"\"\n            leaf_switch_profile_name: LEAF\\g\u003cid\u003e\n            leaf_switch_profiles:\n                name_suffix: \"\"\n                selectors:\n                    name_suffix: \"\"\n                    node_blocks:\n                        name_suffix: \"\"\n            leaf_switch_selector_name: LEAF\\g\u003cid\u003e\n            mcp:\n                action: true\n                admin_state: true\n                frequency_msec: 0\n                frequency_sec: 2\n                initial_delay: 180\n                key: cisco\n                loop_detection: 3\n                per_vlan: true\n            physical_domains:\n                allocation: static\n                name_suffix: \"\"\n            qos:\n                preserve_cos: false\n                qos_classes:\n                    - admin_state: true\n                      bandwidth_percent: 20\n                      congestion_algorithm: tail-drop\n                      ecn: false\n                      forward_non_ecn: false\n                      level: 1\n                      minimum_buffer: 0\n                      mtu: 9216\n                      no_drop_cos: \"\"\n                      pfc_scope: tor\n                      pfc_state: false\n                      scheduling: wrr\n                      weight: 0\n                      wred_max_threshold: 100\n                      wred_min_threshold: 0\n                      wred_probability: 0\n                    - admin_state: true\n                      bandwidth_percent: 20\n                      congestion_algorithm: tail-drop\n                      ecn: false\n                      forward_non_ecn: false\n                      level: 2\n                      minimum_buffer: 0\n                      mtu: 9216\n                      no_drop_cos: \"\"\n                      pfc_scope: tor\n                      pfc_state: false\n                      scheduling: wrr\n                      weight: 0\n                      wred_max_threshold: 100\n                      wred_min_threshold: 0\n                      wred_probability: 0\n                    - admin_state: true\n                      bandwidth_percent: 20\n                      congestion_algorithm: tail-drop\n                      ecn: false\n                      forward_non_ecn: false\n                      level: 3\n                      minimum_buffer: 0\n                      mtu: 9216\n                      no_drop_cos: \"\"\n                      pfc_scope: tor\n                      pfc_state: false\n                      scheduling: wrr\n                      weight: 0\n                      wred_max_threshold: 100\n                      wred_min_threshold: 0\n                      wred_probability: 0\n                    - admin_state: true\n                      bandwidth_percent: 0\n                      congestion_algorithm: tail-drop\n                      ecn: false\n                      forward_non_ecn: false\n                      level: 4\n                      minimum_buffer: 0\n                      mtu: 9216\n                      no_drop_cos: \"\"\n                      pfc_scope: tor\n                      pfc_state: false\n                      scheduling: wrr\n                      weight: 0\n                      wred_max_threshold: 100\n                      wred_min_threshold: 0\n                      wred_probability: 0\n                    - admin_state: true\n                      bandwidth_percent: 0\n                      congestion_algorithm: tail-drop\n                      ecn: false\n                      forward_non_ecn: false\n                      level: 5\n                      minimum_buffer: 0\n                      mtu: 9216\n                      no_drop_cos: \"\"\n                      pfc_scope: tor\n                      pfc_state: false\n                      scheduling: wrr\n                      weight: 0\n                      wred_max_threshold: 100\n                      wred_min_threshold: 0\n                      wred_probability: 0\n                    - admin_state: true\n                      bandwidth_percent: 0\n                      congestion_algorithm: tail-drop\n                      ecn: false\n                      forward_non_ecn: false\n                      level: 6\n                      minimum_buffer: 0\n                      mtu: 9216\n                      no_drop_cos: \"\"\n                      pfc_scope: tor\n                      pfc_state: false\n                      scheduling: wrr\n                      weight: 0\n                      wred_max_threshold: 100\n                      wred_min_threshold: 0\n                      wred_probability: 0\n            routed_domains:\n                allocation: static\n                name_suffix: \"\"\n            span:\n                destination_groups:\n                    dscp: unspecified\n                    enforce_version: false\n                    flow_id: 1\n                    module: 1\n                    mtu: 1518\n                    name_suffix: \"\"\n                    ttl: 64\n                    version: 2\n                filter_groups:\n                    entries:\n                        destination_from_port: unspecified\n                        ip_protocol: unspecified\n                        name_suffix: \"\"\n                        source_from_port: unspecified\n                    name_suffix: \"\"\n                source_groups:\n                    admin_state: true\n                    name_suffix: \"\"\n                    sources:\n                        access_paths:\n                            module: 1\n                        direction: both\n                        name_suffix: \"\"\n                        span_drop: false\n            spine_interface_policy_groups:\n                name_suffix: \"\"\n            spine_interface_profile_name: SPINE\\g\u003cid\u003e\n            spine_interface_profiles:\n                name_suffix: \"\"\n                selectors:\n                    name_suffix: \"\"\n                    port_blocks:\n                        from_module: 1\n                        name_suffix: \"\"\n            spine_interface_selector_name: ETH\\g\u003cmod\u003e-\\g\u003cport\u003e\n            spine_switch_policy_groups:\n                name_suffix: \"\"\n            spine_switch_profile_name: SPINE\\g\u003cid\u003e\n            spine_switch_profiles:\n                name_suffix: \"\"\n                selectors:\n                    name_suffix: \"\"\n                    node_blocks:\n                        name_suffix: \"\"\n            spine_switch_selector_name: SPINE\\g\u003cid\u003e\n            switch_policies:\n                forwarding_scale_policies:\n                    name_suffix: \"\"\n                    profile: dual-stack\n                mst_policies:\n                    name_suffix: \"\"\n                vpc_policies:\n                    name_suffix: \"\"\n                    peer_dead_interval: 200\n            vlan_pools:\n                allocation: static\n                name_suffix: \"\"\n                ranges:\n                    allocation: inherit\n                    role: external\n            vpc_group_name: VPC\\g\u003cswitch1_id\u003e-\\g\u003cswitch2_id\u003e\n            vspan:\n                destination_groups:\n                    destinations:\n                        dscp: unspecified\n                        flow_id: 1\n                        mtu: 1518\n                        name_suffix: \"\"\n                        ttl: 64\n                    name_suffix: \"\"\n                sessions:\n                    admin_state: true\n                    name_suffix: \"\"\n                    sources:\n                        access_paths:\n                            module: 1\n                        direction: both\n                        name_suffix: \"\"\n        auto_generate_access_leaf_switch_interface_profiles: false\n        auto_generate_access_spine_switch_interface_profiles: false\n        auto_generate_fabric_leaf_switch_interface_profiles: false\n        auto_generate_fabric_spine_switch_interface_profiles: false\n        auto_generate_pod_profiles: false\n        auto_generate_switch_pod_profiles: false\n        fabric_policies:\n            aaa:\n                ca_certificates:\n                    name_suffix: \"\"\n                console_realm: local\n                default_fallback_check: false\n                default_realm: local\n                key_rings:\n                    modulus: mod2048\n                    name_suffix: \"\"\n                login_domains:\n                    tacacs_providers:\n                        priority: 0\n                remote_user_login_policy: no-login\n                tacacs_providers:\n                    mgmt_epg: inb\n                    monitoring: false\n                    port: 49\n                    protocol: pap\n                    retries: 1\n                    timeout: 5\n                users:\n                    domains:\n                        roles:\n                            privilege_type: write\n                    expires: false\n                    status: active\n            apic_conn_pref: inband\n            banners:\n                apic_cli_banner: \"\"\n                apic_gui_alias: \"\"\n                apic_gui_banner_url: \"\"\n                switch_cli_banner: \"\"\n            config_exports:\n                format: json\n                name_suffix: \"\"\n                snapshot: false\n            coop_group_policy: strict\n            date_time_format:\n                display_format: local\n                show_offset: true\n                timezone: p0_UTC\n            dns_policies:\n                domains:\n                    default: true\n                mgmt_epg: inb\n                mgmt_epg_oob: default\n                name_suffix: \"\"\n                providers:\n                    preferred: false\n            ep_loop_protection:\n                action: bd-learn-disable\n                admin_state: false\n                detection_interval: 60\n                detection_multiplier: 4\n            err_disabled_recovery:\n                bpdu_guard: false\n                ep_move: false\n                interval: 300\n                mcp_loop: false\n            external_connectivity_policy:\n                fabric_id: 1\n                name_suffix: \"\"\n                route_target: extended:as2-nn4:5:16\n                routing_profiles:\n                    name_suffix: \"\"\n                site_id: 1\n            fabric_bgp_ext_rr:\n                pod_id: 1\n            fabric_bgp_rr:\n                pod_id: 1\n            fabric_isis_bfd: true\n            fabric_isis_redistribute_metric: 60\n            geolocation:\n                sites:\n                    buildings:\n                        floors:\n                            name_suffix: \"\"\n                            rooms:\n                                name_suffix: \"\"\n                                rows:\n                                    name_suffix: \"\"\n                                    racks:\n                                        name_suffix: \"\"\n                        name_suffix: \"\"\n                    name_suffix: \"\"\n            global_settings:\n                disable_remote_endpoint_learn: false\n                domain_validation: true\n                enforce_subnet_check: true\n                opflex_authentication: false\n                overlapping_vlan_validation: true\n                reallocate_gipo: false\n                remote_leaf_direct: true\n            ignore_acked_faults: false\n            infra_dscp_translation_policy:\n                admin_state: false\n                control_plane: CS7\n                level_1: EF\n                level_2: CS3\n                level_3: CS0\n                level_4: AF11\n                level_5: AF21\n                level_6: AF31\n                policy_plane: CS4\n                span: CS1\n                traceroute: CS2\n            ip_aging: true\n            l2_mtu_policies:\n                name_suffix: \"\"\n                port_mtu_size: 9000\n            l2_port_mtu: 9000\n            leaf_interface_profile_name: LEAF\\g\u003cid\u003e\n            leaf_interface_profiles:\n                name_suffix: \"\"\n            leaf_interface_selector_name: ETH\\g\u003cmod\u003e-\\g\u003cport\u003e\n            leaf_switch_policy_groups:\n                name_suffix: \"\"\n            leaf_switch_profile_name: LEAF\\g\u003cid\u003e\n            leaf_switch_profiles:\n                name_suffix: \"\"\n                selectors:\n                    name_suffix: \"\"\n                    node_blocks:\n                        name_suffix: \"\"\n            leaf_switch_selector_name: LEAF\\g\u003cid\u003e\n            monitoring:\n                snmp_traps:\n                    destinations:\n                        mgmt_epg: inb\n                        port: 162\n                        security: priv\n                        version: v2c\n                    name_suffix: \"\"\n                syslogs:\n                    admin_state: true\n                    audit: true\n                    console_admin_state: true\n                    console_severity: alerts\n                    destinations:\n                        admin_state: true\n                        facility: local7\n                        mgmt_epg: inb\n                        port: 514\n                        severity: warnings\n                    events: true\n                    faults: true\n                    format: aci\n                    local_admin_state: true\n                    local_severity: information\n                    minimum_severity: warnings\n                    name_suffix: \"\"\n                    session: false\n                    show_millisecond: false\n            pod_policies:\n                date_time_policies:\n                    apic_ntp_server_master_mode: false\n                    apic_ntp_server_master_stratum: 8\n                    apic_ntp_server_state: false\n                    name_suffix: \"\"\n                    ntp_admin_state: true\n                    ntp_auth_state: false\n                    ntp_servers:\n                        mgmt_epg: inb\n                        preferred: true\n                management_access_policies:\n                    http:\n                        admin_state: false\n                        port: 80\n                    https:\n                        admin_state: true\n                        client_cert_auth_state: false\n                        dh: none\n                        key_ring: default\n                        port: 443\n                        tlsv1: false\n                        tlsv1_1: true\n                        tlsv1_2: true\n                    name_suffix: \"\"\n                    ssh:\n                        admin_state: true\n                        aes128_ctr: true\n                        aes128_gcm: true\n                        aes192_ctr: true\n                        aes256_ctr: true\n                        chacha: true\n                        hmac_sha1: true\n                        hmac_sha2_256: true\n                        hmac_sha2_512: true\n                        password_auth: true\n                        port: 22\n                    telnet:\n                        admin_state: false\n                        port: 23\n                snmp_policies:\n                    admin_state: true\n                    clients:\n                        name_suffix: \"\"\n                    contact: \"\"\n                    location: \"\"\n                    name_suffix: \"\"\n                    trap_forwarders:\n                        port: 162\n                    users:\n                        authorization_type: hmac-sha1-96\n                        privacy_type: aes-128\n            pod_policy_groups:\n                name_suffix: \"\"\n            pod_profile_name: POD\\g\u003cid\u003e\n            pod_profile_pod_selector_name: POD\\g\u003cid\u003e\n            pod_profiles:\n                name_suffix: \"\"\n                selectors:\n                    name_suffix: \"\"\n                    pod_blocks:\n                        name_suffix: \"\"\n                    type: range\n            port_tracking:\n                admin_state: true\n                delay: 120\n                min_links: 0\n            ptp:\n                admin_state: false\n                announce_interval: 1\n                announce_timeout: 3\n                delay_interval: -2\n                global_domain: 0\n                profile: aes67\n                sync_interval: -3\n            remote_locations:\n                auth_type: password\n                mgmt_epg: inb\n                name_suffix: \"\"\n                path: /\n            rogue_ep_control:\n                admin_state: true\n                detection_interval: 30\n                detection_multiplier: 10\n                hold_interval: 1800\n            schedulers:\n                name_suffix: \"\"\n                recurring_windows:\n                    day: every-day\n                    hour: 0\n                    minute: 0\n                    name_suffix: \"\"\n            smart_licensing:\n                mode: smart-licensing\n                proxy:\n                    port: \"443\"\n                url: https://tools.cisco.com/its/service/oddce/services/DDCEService\n            span:\n                destination_groups:\n                    dscp: unspecified\n                    enforce_version: false\n                    flow_id: 1\n                    mtu: 1518\n                    name_suffix: \"\"\n                    ttl: 64\n                    version: 2\n                source_groups:\n                    admin_state: true\n                    name_suffix: \"\"\n                    sources:\n                        access_paths:\n                            module: 1\n                        direction: both\n                        name_suffix: \"\"\n                        span_drop: false\n            spine_interface_profile_name: SPINE\\g\u003cid\u003e\n            spine_interface_profiles:\n                name_suffix: \"\"\n            spine_interface_selector_name: ETH\\g\u003cmod\u003e-\\g\u003cport\u003e\n            spine_switch_policy_groups:\n                name_suffix: \"\"\n            spine_switch_profile_name: SPINE\\g\u003cid\u003e\n            spine_switch_profiles:\n                name_suffix: \"\"\n                selectors:\n                    name_suffix: \"\"\n                    node_blocks:\n                        name_suffix: \"\"\n            spine_switch_selector_name: SPINE\\g\u003cid\u003e\n            switch_policies:\n                node_control_policies:\n                    dom: true\n                    name_suffix: \"\"\n                    telemetry: telemetry\n                psu_policies:\n                    name_suffix: \"\"\n            use_infra_gipo: false\n            vmware_vmm_domains:\n                access_mode: read-write\n                credential_policies:\n                    name_suffix: \"\"\n                delimiter: \"\"\n                name_suffix: \"\"\n                tag_collection: false\n                vcenters:\n                    dvs_version: unmanaged\n                    mgmt_epg: inb\n                    name_suffix: \"\"\n                    statistics: false\n                vswitch:\n                    enhanced_lags:\n                        lb_mode: src-dst-ip\n                        mode: active\n                        name_suffix: \"\"\n                        num_links: 2\n        interface_policies:\n            nodes:\n                fexes:\n                    interfaces:\n                        from_module: 1\n                interfaces:\n                    from_module: 1\n                    module: 1\n        node_policies:\n            inb_endpoint_group: default\n            nodes:\n                pod: 1\n            oob_endpoint_group: default\n            update_groups:\n                name_suffix: \"\"\n                scheduler: default\n            vpc_groups:\n                mode: explicit\n        tenants:\n            application_profiles:\n                endpoint_groups:\n                    flood_in_encap: false\n                    intra_epg_isolation: false\n                    name_suffix: \"\"\n                    preferred_group: false\n                    proxy_arp: false\n                    qos_class: unspecified\n                    static_endpoints:\n                        ip: 0.0.0.0\n                        module: 1\n                        name_suffix: \"\"\n                    static_ports:\n                        deployment_immediacy: lazy\n                        mode: regular\n                        module: 1\n                    subnets:\n                        igmp_querier: false\n                        ip_pools:\n                            end_ip: 0.0.0.0\n                            name_suffix: \"\"\n                            start_ip: 0.0.0.0\n                        nd_ra_prefix: true\n                        nlb_group: 0.0.0.0\n                        nlb_mac: \"00:00:00:00:00:00\"\n                        no_default_gateway: false\n                        primary_ip: false\n                        private: true\n                        public: false\n                        shared: false\n                        virtual: false\n                    vmware_vmm_domains:\n                        allow_promiscuous: reject\n                        delimiter: \"\"\n                        deployment_immediacy: lazy\n                        forged_transmits: reject\n                        mac_changes: reject\n                        name_suffix: \"\"\n                        netflow: false\n                        resolution_immediacy: pre-provision\n                        u_segmentation: false\n                endpoint_security_groups:\n                    intra_esg_isolation: false\n                    name_suffix: \"\"\n                    preferred_group: false\n                    shutdown: false\n                    tag_selectors:\n                        operator: equals\n                managed: true\n                name_suffix: \"\"\n            bridge_domains:\n                advertise_host_routes: false\n                arp_flooding: true\n                ep_move_detection: false\n                ip_dataplane_learning: true\n                l3_multicast: false\n                limit_ip_learn_to_subnets: true\n                mac: 00:22:BD:F8:19:FF\n                multi_destination_flooding: bd-flood\n                name_suffix: \"\"\n                subnets:\n                    igmp_querier: false\n                    nd_ra_prefix: true\n                    no_default_gateway: false\n                    primary_ip: false\n                    private: true\n                    public: false\n                    shared: false\n                    virtual: false\n                unicast_routing: true\n                unknown_ipv4_multicast: flood\n                unknown_ipv6_multicast: flood\n                unknown_unicast: flood\n            contracts:\n                name_suffix: \"\"\n                qos_class: unspecified\n                scope: context\n                subjects:\n                    filters:\n                        action: permit\n                        log: false\n                        no_stats: false\n                        priority: default\n                    name_suffix: \"\"\n                    qos_class: unspecified\n                    target_dscp: unspecified\n                target_dscp: unspecified\n            ext_mgmt_instances:\n                name_suffix: \"\"\n            filters:\n                entries:\n                    destination_from_port: unspecified\n                    ethertype: ip\n                    name_suffix: \"\"\n                    protocol: tcp\n                    source_from_port: unspecified\n                    stateful: false\n                name_suffix: \"\"\n            imported_contracts:\n                name_suffix: \"\"\n            inb_endpoint_groups:\n                name_suffix: \"\"\n            l3outs:\n                bgp_peers:\n                    admin_state: true\n                    allow_self_as: false\n                    allowed_self_as_count: 3\n                    as_override: false\n                    as_propagate: none\n                    bfd: false\n                    disable_connected_check: false\n                    disable_peer_as_check: false\n                    multicast_address_family: true\n                    next_hop_self: false\n                    remove_all_private_as: false\n                    remove_private_as: false\n                    replace_private_as_with_local_as: false\n                    send_community: false\n                    send_ext_community: false\n                    ttl: 1\n                    unicast_address_family: true\n                    weight: 0\n                default_route_leak_policy:\n                    always: false\n                    context_scope: false\n                    criteria: only\n                    outside_scope: true\n                export_route_map:\n                    contexts:\n                        action: permit\n                        name_suffix: \"\"\n                        order: 0\n                    type: global\n                external_endpoint_groups:\n                    name_suffix: \"\"\n                    preferred_group: false\n                    qos_class: unspecified\n                    subnets:\n                        aggregate_export_route_control: false\n                        aggregate_import_route_control: false\n                        aggregate_shared_route_control: false\n                        bgp_route_summarization: false\n                        export_route_control: false\n                        import_route_control: false\n                        import_security: true\n                        shared_route_control: false\n                        shared_security: false\n                    target_dscp: unspecified\n                import_route_map:\n                    contexts:\n                        action: permit\n                        name_suffix: \"\"\n                        order: 0\n                    type: global\n                l3_multicast_ipv4: false\n                multipod: true\n                name_suffix: \"\"\n                node_profiles:\n                    bgp_peers:\n                        admin_state: true\n                        allow_self_as: false\n                        allowed_self_as_count: 3\n                        as_override: false\n                        as_propagate: none\n                        bfd: false\n                        disable_connected_check: false\n                        disable_peer_as_check: false\n                        multicast_address_family: true\n                        next_hop_self: false\n                        remove_all_private_as: false\n                        remove_private_as: false\n                        replace_private_as_with_local_as: false\n                        send_community: false\n                        send_ext_community: false\n                        ttl: 1\n                        unicast_address_family: true\n                        weight: 0\n                    interface_profiles:\n                        interfaces:\n                            autostate: false\n                            bgp_peers:\n                                admin_state: true\n                                allow_self_as: false\n                                allowed_self_as_count: 3\n                                as_override: false\n                                as_propagate: none\n                                bfd: false\n                                disable_connected_check: false\n                                disable_peer_as_check: false\n                                multicast_address_family: true\n                                next_hop_self: false\n                                remove_all_private_as: false\n                                remove_private_as: false\n                                replace_private_as_with_local_as: false\n                                send_community: false\n                                send_ext_community: false\n                                ttl: 1\n                                unicast_address_family: true\n                                weight: 0\n                            floating_svi: false\n                            ip: 0.0.0.0\n                            mac: 00:22:BD:F8:19:FF\n                            module: 1\n                            mtu: inherit\n                            pod: 1\n                            svi: false\n                        name_suffix: \"\"\n                        ospf:\n                            auth_key_id: 1\n                            auth_type: none\n                        qos_class: unspecified\n                        target_dscp: unspecified\n                    name_suffix: \"\"\n                    nodes:\n                        pod: 1\n                        router_id_as_loopback: true\n                        static_routes:\n                            bfd: false\n                            next_hops:\n                                preference: 1\n                                type: prefix\n                            preference: 1\n                nodes:\n                    interfaces:\n                        autostate: false\n                        bgp_peers:\n                            admin_state: true\n                            allow_self_as: false\n                            allowed_self_as_count: 3\n                            as_override: false\n                            as_propagate: none\n                            bfd: false\n                            disable_connected_check: false\n                            disable_peer_as_check: false\n                            multicast_address_family: true\n                            next_hop_self: false\n                            remove_all_private_as: false\n                            remove_private_as: false\n                            replace_private_as_with_local_as: false\n                            send_community: false\n                            send_ext_community: false\n                            ttl: 1\n                            unicast_address_family: true\n                            weight: 0\n                        floating_svi: false\n                        ip: 0.0.0.0\n                        mac: 00:22:BD:F8:19:FF\n                        module: 1\n                        mtu: inherit\n                        pod: 1\n                        svi: false\n                    pod: 1\n                    router_id_as_loopback: true\n                    static_routes:\n                        bfd: false\n                        next_hops:\n                            preference: 1\n                            type: prefix\n                        preference: 1\n                ospf:\n                    area_cost: 1\n                    area_type: regular\n                    auth_key_id: 1\n                    auth_type: none\n                qos_class: unspecified\n                redistribution_route_maps:\n                    source: static\n                remote_leaf: false\n                target_dscp: unspecified\n            managed: true\n            oob_contracts:\n                name_suffix: \"\"\n                scope: context\n                subjects:\n                    name_suffix: \"\"\n            oob_endpoint_groups:\n                name: default\n                name_suffix: \"\"\n            policies:\n                bfd_interface_policies:\n                    detection_multiplier: 3\n                    echo_admin_state: true\n                    echo_rx_interval: 50\n                    min_rx_interval: 50\n                    min_tx_interval: 50\n                    name_suffix: \"\"\n                    subinterface_optimization: false\n                bgp_address_family_context_policies:\n                    ebgp_distance: 20\n                    ebgp_max_ecmp: 16\n                    enable_host_route_leak: false\n                    ibgp_distance: 200\n                    ibgp_max_ecmp: 16\n                    local_distance: 220\n                    name_suffix: \"\"\n                bgp_best_path_policies:\n                    control_type: \"\"\n                    name_suffix: \"\"\n                bgp_peer_prefix_policies:\n                    action: reject\n                    max_prefixes: 20000\n                    name_suffix: \"\"\n                    restart_time: 65534\n                    threshold: 75\n                bgp_timer_policies:\n                    graceful_restart_helper: true\n                    hold_interval: 180\n                    keepalive_interval: 60\n                    maximum_as_limit: 0\n                    name_suffix: \"\"\n                    stale_interval: default\n                custom_qos:\n                    name_suffix: \"\"\n                dhcp_option_policies:\n                    name_suffix: \"\"\n                    options:\n                        name_suffix: \"\"\n                dhcp_relay_policies:\n                    name_suffix: \"\"\n                igmp_interface_policies:\n                    allow_v3_asm: false\n                    fast_leave: false\n                    grp_timeout: 260\n                    last_member_count: 2\n                    last_member_response_time: 1\n                    max_mcast_entries: unlimited\n                    name_suffix: \"\"\n                    querier_timeout: 255\n                    query_interval: 125\n                    query_response_interval: 25\n                    report_link_local_groups: false\n                    reserved_mcast_entries: undefined\n                    robustness_variable: 2\n                    startup_query_count: 2\n                    startup_query_interval: 31\n                    version: v2\n                igmp_snooping_policies:\n                    admin_state: true\n                    fast_leave: false\n                    last_member_query_interval: 1\n                    name_suffix: \"\"\n                    querier: false\n                    query_interval: 125\n                    query_response_interval: 10\n                    start_query_count: 2\n                    start_query_interval: 31\n                ip_sla_policies:\n                    frequency: 60\n                    multiplier: 3\n                    name_suffix: \"\"\n                    port: 0\n                    sla_type: icmp\n                match_rules:\n                    community_terms:\n                        factors:\n                            scope: transitive\n                        name_suffix: \"\"\n                    name_suffix: \"\"\n                    prefixes:\n                        aggregate: false\n                        from_length: 0\n                        to_length: 0\n                    regex_community_terms:\n                        name_suffix: \"\"\n                        type: regular\n                multicast_route_maps:\n                    entries:\n                        action: permit\n                        group_ip: 0.0.0.0\n                        rp_ip: 0.0.0.0\n                        source_ip: 0.0.0.0\n                    name_suffix: \"\"\n                ospf_interface_policies:\n                    advertise_subnet: false\n                    bfd: false\n                    cost: unspecified\n                    dead_interval: 40\n                    hello_interval: 10\n                    lsa_retransmit_interval: 5\n                    lsa_transmit_delay: 1\n                    mtu_ignore: false\n                    name_suffix: \"\"\n                    network_type: p2p\n                    passive_interface: false\n                    priority: 1\n                pim_policies:\n                    auth_type: none\n                    designated_router_delay: 3\n                    designated_router_priority: 1\n                    hello_interval: 30000\n                    join_prune_interval: 60\n                    mcast_dom_boundary: false\n                    name_suffix: \"\"\n                    passive: false\n                    strict_rfc: false\n                qos:\n                    dot1p_classifiers:\n                        cos_target: unspecified\n                        dscp_target: unspecified\n                        priority: level3\n                    dscp_priority_maps:\n                        cos_target: unspecified\n                        dscp_target: unspecified\n                        priority: level3\n                    name_suffix: \"\"\n                route_control_route_maps:\n                    contexts:\n                        action: permit\n                        name_suffix: \"\"\n                        order: 0\n                    name_suffix: \"\"\n                set_rules:\n                    community_mode: append\n                    dampening:\n                        half_life: 15\n                        max_suppress_time: 60\n                        reuse_limit: 750\n                        suppress_limit: 2000\n                    multipath: false\n                    name_suffix: \"\"\n                    next_hop_propagation: false\n                    set_as_path:\n                        count: 1\n                        criteria: prepend\n                        order: 0\n                span:\n                    destination_groups:\n                        dscp: unspecified\n                        enforce_version: false\n                        flow_id: 1\n                        mtu: 1518\n                        name_suffix: \"\"\n                        ttl: 64\n                        version: 2\n                    source_groups:\n                        admin_state: false\n                        name_suffix: \"\"\n                        sources:\n                            direction: both\n                trust_control_policies:\n                    arp: false\n                    dhcp_v4_server: false\n                    dhcp_v6_server: false\n                    ipv6_router: false\n                    name_suffix: \"\"\n                    nd: false\n                    ra: false\n            services:\n                device_selection_policies:\n                    consumer:\n                        external_endpoint_group:\n                            redistribute:\n                                bgp: false\n                                connected: false\n                                ospf: false\n                                static: false\n                        l3_destination: true\n                        permit_logging: false\n                    provider:\n                        external_endpoint_group:\n                            redistribute:\n                                bgp: false\n                                connected: false\n                                ospf: false\n                                static: false\n                        l3_destination: true\n                        permit_logging: false\n                l4l7_devices:\n                    concrete_devices:\n                        interfaces:\n                            module: 1\n                            name_suffix: \"\"\n                        name_suffix: \"\"\n                    context_aware: single-Context\n                    copy_device: false\n                    function: GoTo\n                    logical_interfaces:\n                        concrete_interfaces:\n                            name_suffix: \"\"\n                        name_suffix: \"\"\n                    managed: false\n                    name_suffix: \"\"\n                    promiscuous_mode: false\n                    service_type: FW\n                    trunking: false\n                    type: PHYSICAL\n                redirect_backup_policies:\n                    l3_destinations:\n                        ip_2: 0.0.0.0\n                    name_suffix: \"\"\n                redirect_health_groups:\n                    name_suffix: \"\"\n                redirect_policies:\n                    anycast: false\n                    hashing: sip-dip-prototype\n                    l3_destinations:\n                        pod: 1\n                    max_threshold: 0\n                    min_threshold: 0\n                    name_suffix: \"\"\n                    pod_aware: false\n                    resilient_hashing: false\n                    threshold: false\n                    threshold_down_action: permit\n                    type: L3\n                service_epg_policies:\n                    name_suffix: \"\"\n                    preferred_group: false\n                service_graph_templates:\n                    name_suffix: \"\"\n                    redirect: false\n                    share_encapsulation: false\n                    template_type: FW_ROUTED\n            vrfs:\n                data_plane_learning: true\n                enforcement_direction: ingress\n                enforcement_preference: enforced\n                leaked_internal_prefixes:\n                    public: false\n                name_suffix: \"\"\n                pim:\n                    asm_sg_expiry: default-timeout\n                    asm_traffic_registry_max_rate: 65535\n                    asm_traffic_registry_source_ip: 0.0.0.0\n                    auto_rp_forward_updates: false\n                    auto_rp_listen_updates: false\n                    bsr_forward_updates: false\n                    bsr_listen_updates: false\n                    fast_convergence: false\n                    max_multicast_entries: unlimited\n                    mtu: 1500\n                    reserved_multicast_entries: undefined\n                    strict_rfc: false\n                preferred_group: false\n        version: 5.2.1g\n"
          },
          "sensitive_attributes": []
        }
      ]
    },
    {
      "module": "module.aci",
      "mode": "data",
      "type": "utils_yaml_merge",
      "name": "model",
      "provider": "provider[\"registry.terraform.io/netascode/utils\"]",
      "instances": [
        {
          "schema_version": 0,
          "attributes": {
            "id": "70fb6850c8b8073f5a1adcc815ed34b46e7e16ae",
            "input": [
              "---\napic:\n  tenants:\n    - name: 'adossant'\n      description: Routable IP range 192.168.70-75.x\n\n      filters:\n        - name: 'icmp'\n          entries:\n            - name: 'icmp'\n              protocol: unspecified\n        \n        - name: 'permit-any'\n          entries:\n            - name: 'permit-any'\n              ethertype: unspecified\n              protocol: unspecified\n\n        # - name: 'tcp-src-any-dst-80'\n        #   entries:\n        #     - name: 'tcp-src-any-dst-80'\n        #       ethertype: ip\n        #       protocol: tcp\n        #       destination_from_port: 80\n\n      contracts:\n        - name: 'permit-to-tn-adossant'\n          scope: global\n          subjects:\n            - name: 'permit-any'\n              filters:\n                - filter: permit-any\n\n        - name: 'permit-to-subnet-group-01'\n          subjects:\n            - name: 'permit-any'\n              filters:\n                - filter: permit-any\n\n        - name: 'permit-to-subnet-group-02'\n          subjects:\n            - name: 'permit-any'\n              filters:\n                - filter: permit-any\n      \n      imported_contracts:\n        - name: 'permit-from-lab-desktops'\n          tenant: shared-services\n          contract: permit-from-lab-desktops\n        \n        - name: 'permit-from-core-services'\n          tenant: shared-services\n          contract: permit-from-core-services\n        \n        - name: 'permit-to-core-services'\n          tenant: shared-services\n          contract: permit-to-core-services",
              "# Overwrite default values here\n\ndefaults:\n#   apic:\n#     tenants:\n#       bridge_domains:\n#         unicast_routing: false\n",
              "---\napic:\n  tenants:\n    - name: 'adossant'\n      application_profiles:\n        - name: 'network-segments'\n          endpoint_groups:\n            - name: '10.237.100.x_24'\n              bridge_domain: 10.237.100.x_24\n              vmware_vmm_domains:\n                - name: 'ucsc-c220m5-vds-01'\n                  u_segmentation: true\n                  resolution_immediacy: immediate\n\n            - name: '192.168.70.0_24'\n              bridge_domain: 192.168.70.0_24\n              vmware_vmm_domains:\n                - name: 'ucsc-c220m5-vds-01'\n                  u_segmentation: true\n                  deployment_immediacy: immediate\n                  resolution_immediacy: immediate\n\n            - name: '192.168.71.0_24'\n              bridge_domain: 192.168.71.0_24\n              vmware_vmm_domains:\n                - name: 'ucsc-c220m5-vds-01'\n                  u_segmentation: true\n                  deployment_immediacy: immediate\n                  resolution_immediacy: immediate\n            \n            - name: '192.168.72.0_24'\n              bridge_domain: 192.168.72.0_24\n              vmware_vmm_domains:\n                - name: 'ucsc-c220m5-vds-01'\n                  u_segmentation: true\n                  deployment_immediacy: immediate\n                  resolution_immediacy: immediate\n\n            - name: '192.168.73.0_24'\n              bridge_domain: 192.168.73.0_24\n              vmware_vmm_domains:\n                - name: 'ucsc-c220m5-vds-01'\n                  u_segmentation: true\n                  deployment_immediacy: immediate\n                  resolution_immediacy: immediate\n\n            - name: '192.168.74.0_24'\n              bridge_domain: 192.168.74.0_24\n              vmware_vmm_domains:\n                - name: 'ucsc-c220m5-vds-01'\n                  u_segmentation: true\n                  deployment_immediacy: immediate\n                  resolution_immediacy: immediate\n\n            - name: '192.168.75.0_24'\n              bridge_domain: 192.168.75.0_24\n              vmware_vmm_domains:\n                - name: 'ucsc-c220m5-vds-01'\n                  u_segmentation: true\n                  deployment_immediacy: immediate\n                  resolution_immediacy: immediate ",
              "apic:\n  tenants:\n    - name: adossant\n      application_profiles:\n        - name: epg-matched-esg\n          endpoint_security_groups:\n            - name: network-segments\n              # description: \n              vrf: vrf-01\n              shutdown: false\n              intra_esg_isolation: false\n              # preferred_group: true\n              \n              # contracts:\n              #   consumers:\n              #     - CON3\n              #   providers:\n              #     - CON3\n              #   imported_consumers:\n              #     - IMPORTED-CON1\n              #   intra_esgs:\n              #     - CON3\n\n              epg_selectors:\n                - tenant: adossant\n                  application_profile: network-segments\n                  endpoint_group: 192.168.70.0_24 \n\n                - tenant: adossant                  \n                  application_profile: network-segments\n                  endpoint_group: 192.168.71.0_24\n\n                - tenant: adossant                  \n                  application_profile: network-segments\n                  endpoint_group: 192.168.72.0_24\n\n                - tenant: adossant                  \n                  application_profile: network-segments\n                  endpoint_group: 192.168.73.0_24\n\n                - tenant: adossant                  \n                  application_profile: network-segments\n                  endpoint_group: 192.168.74.0_24\n\n                - tenant: adossant                  \n                  application_profile: network-segments\n                  endpoint_group: 192.168.75.0_24",
              "---\napic:\n  tenants:\n    - name: 'adossant'\n      description: Routable IP range 192.168.70-75.x\n      vrfs:\n        - name: 'vrf-01'\n          contracts:\n            imported_consumers:\n              - permit-from-lab-desktops\n              - permit-from-core-services\n              - permit-to-core-services\n      \n      bridge_domains:\n        - name: '192.168.70.0_24'\n          unknown_unicast: proxy\n          vrf: vrf-01\n          subnets:\n            - ip: 192.168.70.1/24\n              public: true\n              private: false\n              shared: true\n              nd_ra_prefix: false\n          dhcp_labels:\n            - dhcp_relay_policy: dhcp.uktme.cisco.com\n\n        - name: '192.168.71.0_24'\n          unknown_unicast: proxy\n          vrf: vrf-01\n          subnets:\n            - ip: 192.168.71.1/24\n              public: true\n              private: false\n              shared: true\n              nd_ra_prefix: false\n          dhcp_labels:\n            - dhcp_relay_policy: dhcp.uktme.cisco.com\n\n        - name: '192.168.72.0_24'\n          unknown_unicast: proxy\n          vrf: vrf-01\n          subnets:\n            - ip: 192.168.72.1/24\n              public: true\n              private: false\n              shared: true\n              nd_ra_prefix: false\n          dhcp_labels:\n            - dhcp_relay_policy: dhcp.uktme.cisco.com\n\n        - name: '192.168.73.0_24'\n          unknown_unicast: proxy\n          vrf: vrf-01\n          subnets:\n            - ip: 192.168.73.1/24\n              public: true\n              private: false\n              shared: true\n              nd_ra_prefix: false\n          dhcp_labels:\n            - dhcp_relay_policy: dhcp.uktme.cisco.com\n        \n        - name: '192.168.74.0_24'\n          unknown_unicast: proxy\n          vrf: vrf-01\n          subnets:\n            - ip: 192.168.74.1/24\n              public: true\n              private: false\n              shared: true\n              nd_ra_prefix: false\n          dhcp_labels:\n            - dhcp_relay_policy: dhcp.uktme.cisco.com\n\n        - name: '192.168.75.0_24'\n          description: PBR subnet\n          unknown_unicast: proxy\n          vrf: vrf-01\n          subnets:\n            - ip: 192.168.75.1/24\n              nd_ra_prefix: false\n          dhcp_labels:\n            - dhcp_relay_policy: dhcp.uktme.cisco.com",
              "apic:\n  tenants:\n    - name: 'adossant'\n\n      policies:\n        dhcp_relay_policies:\n          - name: dhcp.uktme.cisco.com\n            description: \"dhcp.uktme.cisco.com\"\n            providers:\n              - ip: 10.237.97.133\n                type: external_epg\n                tenant: shared-services\n                l3out: shared-services.vrf-01-ospf-area-0.0.0.1\n                external_endpoint_group: core-services-subnets"
            ],
            "merge_list_items": true,
            "output": "apic:\n    tenants:\n        - application_profiles:\n            - endpoint_groups:\n                - bridge_domain: 10.237.100.x_24\n                  name: 10.237.100.x_24\n                  vmware_vmm_domains:\n                    - name: ucsc-c220m5-vds-01\n                      resolution_immediacy: immediate\n                      u_segmentation: true\n                - bridge_domain: 192.168.70.0_24\n                  name: 192.168.70.0_24\n                  vmware_vmm_domains:\n                    - deployment_immediacy: immediate\n                      name: ucsc-c220m5-vds-01\n                      resolution_immediacy: immediate\n                      u_segmentation: true\n                - bridge_domain: 192.168.71.0_24\n                  name: 192.168.71.0_24\n                  vmware_vmm_domains:\n                    - deployment_immediacy: immediate\n                      name: ucsc-c220m5-vds-01\n                      resolution_immediacy: immediate\n                      u_segmentation: true\n                - bridge_domain: 192.168.72.0_24\n                  name: 192.168.72.0_24\n                  vmware_vmm_domains:\n                    - deployment_immediacy: immediate\n                      name: ucsc-c220m5-vds-01\n                      resolution_immediacy: immediate\n                      u_segmentation: true\n                - bridge_domain: 192.168.73.0_24\n                  name: 192.168.73.0_24\n                  vmware_vmm_domains:\n                    - deployment_immediacy: immediate\n                      name: ucsc-c220m5-vds-01\n                      resolution_immediacy: immediate\n                      u_segmentation: true\n                - bridge_domain: 192.168.74.0_24\n                  name: 192.168.74.0_24\n                  vmware_vmm_domains:\n                    - deployment_immediacy: immediate\n                      name: ucsc-c220m5-vds-01\n                      resolution_immediacy: immediate\n                      u_segmentation: true\n                - bridge_domain: 192.168.75.0_24\n                  name: 192.168.75.0_24\n                  vmware_vmm_domains:\n                    - deployment_immediacy: immediate\n                      name: ucsc-c220m5-vds-01\n                      resolution_immediacy: immediate\n                      u_segmentation: true\n              name: network-segments\n            - endpoint_security_groups:\n                - epg_selectors:\n                    - application_profile: network-segments\n                      endpoint_group: 192.168.70.0_24\n                      tenant: adossant\n                    - application_profile: network-segments\n                      endpoint_group: 192.168.71.0_24\n                      tenant: adossant\n                    - application_profile: network-segments\n                      endpoint_group: 192.168.72.0_24\n                      tenant: adossant\n                    - application_profile: network-segments\n                      endpoint_group: 192.168.73.0_24\n                      tenant: adossant\n                    - application_profile: network-segments\n                      endpoint_group: 192.168.74.0_24\n                      tenant: adossant\n                    - application_profile: network-segments\n                      endpoint_group: 192.168.75.0_24\n                      tenant: adossant\n                  intra_esg_isolation: false\n                  name: network-segments\n                  shutdown: false\n                  vrf: vrf-01\n              name: epg-matched-esg\n          bridge_domains:\n            - dhcp_labels:\n                - dhcp_relay_policy: dhcp.uktme.cisco.com\n              name: 192.168.70.0_24\n              subnets:\n                - ip: 192.168.70.1/24\n                  nd_ra_prefix: false\n                  private: false\n                  public: true\n                  shared: true\n              unknown_unicast: proxy\n              vrf: vrf-01\n            - dhcp_labels:\n                - dhcp_relay_policy: dhcp.uktme.cisco.com\n              name: 192.168.71.0_24\n              subnets:\n                - ip: 192.168.71.1/24\n                  nd_ra_prefix: false\n                  private: false\n                  public: true\n                  shared: true\n              unknown_unicast: proxy\n              vrf: vrf-01\n            - dhcp_labels:\n                - dhcp_relay_policy: dhcp.uktme.cisco.com\n              name: 192.168.72.0_24\n              subnets:\n                - ip: 192.168.72.1/24\n                  nd_ra_prefix: false\n                  private: false\n                  public: true\n                  shared: true\n              unknown_unicast: proxy\n              vrf: vrf-01\n            - dhcp_labels:\n                - dhcp_relay_policy: dhcp.uktme.cisco.com\n              name: 192.168.73.0_24\n              subnets:\n                - ip: 192.168.73.1/24\n                  nd_ra_prefix: false\n                  private: false\n                  public: true\n                  shared: true\n              unknown_unicast: proxy\n              vrf: vrf-01\n            - dhcp_labels:\n                - dhcp_relay_policy: dhcp.uktme.cisco.com\n              name: 192.168.74.0_24\n              subnets:\n                - ip: 192.168.74.1/24\n                  nd_ra_prefix: false\n                  private: false\n                  public: true\n                  shared: true\n              unknown_unicast: proxy\n              vrf: vrf-01\n            - description: PBR subnet\n              dhcp_labels:\n                - dhcp_relay_policy: dhcp.uktme.cisco.com\n              name: 192.168.75.0_24\n              subnets:\n                - ip: 192.168.75.1/24\n                  nd_ra_prefix: false\n              unknown_unicast: proxy\n              vrf: vrf-01\n          contracts:\n            - name: permit-to-tn-adossant\n              scope: global\n              subjects:\n                - filters:\n                    - filter: permit-any\n                  name: permit-any\n            - name: permit-to-subnet-group-01\n              subjects:\n                - filters:\n                    - filter: permit-any\n                  name: permit-any\n            - name: permit-to-subnet-group-02\n              subjects:\n                - filters:\n                    - filter: permit-any\n                  name: permit-any\n          description: Routable IP range 192.168.70-75.x\n          filters:\n            - entries:\n                - name: icmp\n                  protocol: unspecified\n              name: icmp\n            - entries:\n                - ethertype: unspecified\n                  name: permit-any\n                  protocol: unspecified\n              name: permit-any\n          imported_contracts:\n            - contract: permit-from-lab-desktops\n              name: permit-from-lab-desktops\n              tenant: shared-services\n            - contract: permit-from-core-services\n              name: permit-from-core-services\n              tenant: shared-services\n            - contract: permit-to-core-services\n              name: permit-to-core-services\n              tenant: shared-services\n          name: adossant\n          policies:\n            dhcp_relay_policies:\n                - description: dhcp.uktme.cisco.com\n                  name: dhcp.uktme.cisco.com\n                  providers:\n                    - external_endpoint_group: core-services-subnets\n                      ip: 10.237.97.133\n                      l3out: shared-services.vrf-01-ospf-area-0.0.0.1\n                      tenant: shared-services\n                      type: external_epg\n          vrfs:\n            - contracts:\n                imported_consumers:\n                    - permit-from-lab-desktops\n                    - permit-from-core-services\n                    - permit-to-core-services\n              name: vrf-01\n"
          },
          "sensitive_attributes": []
        }
      ]
    },
    {
      "module": "module.aci.module.aci_application_profile[\"adossant/epg-matched-esg\"]",
      "mode": "managed",
      "type": "aci_rest_managed",
      "name": "fvAp",
      "provider": "provider[\"registry.terraform.io/ciscodevnet/aci\"]",
      "instances": [
        {
          "schema_version": 0,
          "attributes": {
            "child": [],
            "class_name": "fvAp",
            "content": {
              "descr": "",
              "name": "epg-matched-esg",
              "nameAlias": "",
              "ownerKey": "",
              "ownerTag": "",
              "prio": "unspecified",
              "userdom": ":all:common:"
            },
            "dn": "uni/tn-adossant/ap-epg-matched-esg",
            "id": "uni/tn-adossant/ap-epg-matched-esg"
          },
          "sensitive_attributes": [],
          "private": "bnVsbA==",
          "dependencies": [
            "module.aci.data.utils_yaml_merge.defaults",
            "module.aci.data.utils_yaml_merge.model",
            "module.aci.module.aci_tenant.aci_rest_managed.fvTenant"
          ]
        }
      ]
    },
    {
      "module": "module.aci.module.aci_application_profile[\"adossant/network-segments\"]",
      "mode": "managed",
      "type": "aci_rest_managed",
      "name": "fvAp",
      "provider": "provider[\"registry.terraform.io/ciscodevnet/aci\"]",
      "instances": [
        {
          "schema_version": 0,
          "attributes": {
            "child": [],
            "class_name": "fvAp",
            "content": {
              "descr": "",
              "name": "network-segments",
              "nameAlias": "",
              "ownerKey": "",
              "ownerTag": "",
              "prio": "unspecified",
              "userdom": ":all:common:"
            },
            "dn": "uni/tn-adossant/ap-network-segments",
            "id": "uni/tn-adossant/ap-network-segments"
          },
          "sensitive_attributes": [],
          "private": "bnVsbA==",
          "dependencies": [
            "module.aci.data.utils_yaml_merge.defaults",
            "module.aci.data.utils_yaml_merge.model",
            "module.aci.module.aci_tenant.aci_rest_managed.fvTenant"
          ]
        }
      ]
    },
    {
      "module": "module.aci.module.aci_bridge_domain[\"adossant/192.168.70.0_24\"]",
      "mode": "managed",
      "type": "aci_rest_managed",
      "name": "dhcpLbl",
      "provider": "provider[\"registry.terraform.io/ciscodevnet/aci\"]",
      "instances": [
        {
          "index_key": "dhcp.uktme.cisco.com",
          "schema_version": 0,
          "attributes": {
            "child": [],
            "class_name": "dhcpLbl",
            "content": {
              "descr": "",
              "name": "dhcp.uktme.cisco.com",
              "nameAlias": "",
              "owner": "tenant",
              "ownerKey": "",
              "ownerTag": "",
              "tag": "yellow-green",
              "userdom": ":all:mgmt:common:"
            },
            "dn": "uni/tn-adossant/BD-192.168.70.0_24/dhcplbl-dhcp.uktme.cisco.com",
            "id": "uni/tn-adossant/BD-192.168.70.0_24/dhcplbl-dhcp.uktme.cisco.com"
          },
          "sensitive_attributes": [],
          "private": "bnVsbA==",
          "dependencies": [
            "module.aci.data.utils_yaml_merge.defaults",
            "module.aci.data.utils_yaml_merge.model",
            "module.aci.module.aci_bfd_interface_policy.aci_rest_managed.bfdIfPol",
            "module.aci.module.aci_bgp_timer_policy.aci_rest_managed.bgpCtxPol",
            "module.aci.module.aci_bridge_domain.aci_rest_managed.fvBD",
            "module.aci.module.aci_bridge_domain.aci_rest_managed.fvRsCtx",
            "module.aci.module.aci_contract.aci_rest_managed.vzBrCP",
            "module.aci.module.aci_contract.aci_rest_managed.vzRsSubjFiltAtt",
            "module.aci.module.aci_contract.aci_rest_managed.vzRsSubjGraphAtt",
            "module.aci.module.aci_contract.aci_rest_managed.vzSubj",
            "module.aci.module.aci_dhcp_option_policy.aci_rest_managed.dhcpOption",
            "module.aci.module.aci_dhcp_option_policy.aci_rest_managed.dhcpOptionPol",
            "module.aci.module.aci_dhcp_relay_policy.aci_rest_managed.dhcpRelayP",
            "module.aci.module.aci_dhcp_relay_policy.aci_rest_managed.dhcpRsProv",
            "module.aci.module.aci_filter.aci_rest_managed.vzEntry",
            "module.aci.module.aci_filter.aci_rest_managed.vzFilter",
            "module.aci.module.aci_imported_contract.aci_rest_managed.vzCPIf",
            "module.aci.module.aci_imported_contract.aci_rest_managed.vzRsIf",
            "module.aci.module.aci_l3out.aci_rest_managed.bgpExtP",
            "module.aci.module.aci_l3out.aci_rest_managed.l3extDefaultRouteLeakP",
            "module.aci.module.aci_l3out.aci_rest_managed.l3extOut",
            "module.aci.module.aci_l3out.aci_rest_managed.l3extRsDampeningPol_ipv4",
            "module.aci.module.aci_l3out.aci_rest_managed.l3extRsDampeningPol_ipv6",
            "module.aci.module.aci_l3out.aci_rest_managed.l3extRsEctx",
            "module.aci.module.aci_l3out.aci_rest_managed.l3extRsInterleakPol",
            "module.aci.module.aci_l3out.aci_rest_managed.l3extRsL3DomAtt",
            "module.aci.module.aci_l3out.aci_rest_managed.l3extRsRedistributePol",
            "module.aci.module.aci_l3out.aci_rest_managed.ospfExtP",
            "module.aci.module.aci_l3out.aci_rest_managed.pimExtP",
            "module.aci.module.aci_l3out.aci_rest_managed.rtctrlCtxP_export",
            "module.aci.module.aci_l3out.aci_rest_managed.rtctrlCtxP_import",
            "module.aci.module.aci_l3out.aci_rest_managed.rtctrlProfile_export",
            "module.aci.module.aci_l3out.aci_rest_managed.rtctrlProfile_import",
            "module.aci.module.aci_l3out.aci_rest_managed.rtctrlRsCtxPToSubjP_export",
            "module.aci.module.aci_l3out.aci_rest_managed.rtctrlRsCtxPToSubjP_import",
            "module.aci.module.aci_l3out.aci_rest_managed.rtctrlRsScopeToAttrP_export",
            "module.aci.module.aci_l3out.aci_rest_managed.rtctrlRsScopeToAttrP_import",
            "module.aci.module.aci_l3out.aci_rest_managed.rtctrlScope_export",
            "module.aci.module.aci_l3out.aci_rest_managed.rtctrlScope_import",
            "module.aci.module.aci_match_rule.aci_rest_managed.rtctrlMatchCommFactor",
            "module.aci.module.aci_match_rule.aci_rest_managed.rtctrlMatchCommRegexTerm",
            "module.aci.module.aci_match_rule.aci_rest_managed.rtctrlMatchCommTerm",
            "module.aci.module.aci_match_rule.aci_rest_managed.rtctrlMatchRtDest",
            "module.aci.module.aci_match_rule.aci_rest_managed.rtctrlSubjP",
            "module.aci.module.aci_ospf_interface_policy.aci_rest_managed.ospfIfPol",
            "module.aci.module.aci_set_rule.aci_rest_managed.rtctrlAttrP",
            "module.aci.module.aci_set_rule.aci_rest_managed.rtctrlSetASPath",
            "module.aci.module.aci_set_rule.aci_rest_managed.rtctrlSetASPathASN",
            "module.aci.module.aci_set_rule.aci_rest_managed.rtctrlSetAddComm",
            "module.aci.module.aci_set_rule.aci_rest_managed.rtctrlSetComm",
            "module.aci.module.aci_set_rule.aci_rest_managed.rtctrlSetDamp",
            "module.aci.module.aci_set_rule.aci_rest_managed.rtctrlSetNh",
            "module.aci.module.aci_set_rule.aci_rest_managed.rtctrlSetNhUnchanged",
            "module.aci.module.aci_set_rule.aci_rest_managed.rtctrlSetPref",
            "module.aci.module.aci_set_rule.aci_rest_managed.rtctrlSetRedistMultipath",
            "module.aci.module.aci_set_rule.aci_rest_managed.rtctrlSetRtMetric",
            "module.aci.module.aci_set_rule.aci_rest_managed.rtctrlSetRtMetricType",
            "module.aci.module.aci_set_rule.aci_rest_managed.rtctrlSetTag",
            "module.aci.module.aci_set_rule.aci_rest_managed.rtctrlSetWeight",
            "module.aci.module.aci_tenant.aci_rest_managed.fvTenant",
            "module.aci.module.aci_vrf.aci_rest_managed.bgpRtTargetP_ipv4",
            "module.aci.module.aci_vrf.aci_rest_managed.bgpRtTargetP_ipv6",
            "module.aci.module.aci_vrf.aci_rest_managed.bgpRtTarget_ipv4_export",
            "module.aci.module.aci_vrf.aci_rest_managed.bgpRtTarget_ipv4_import",
            "module.aci.module.aci_vrf.aci_rest_managed.bgpRtTarget_ipv6_export",
            "module.aci.module.aci_vrf.aci_rest_managed.bgpRtTarget_ipv6_import",
            "module.aci.module.aci_vrf.aci_rest_managed.dnsLbl",
            "module.aci.module.aci_vrf.aci_rest_managed.fvCtx",
            "module.aci.module.aci_vrf.aci_rest_managed.fvRsBgpCtxPol",
            "module.aci.module.aci_vrf.aci_rest_managed.fvRsCtxToBgpCtxAfPol_ipv4",
            "module.aci.module.aci_vrf.aci_rest_managed.fvRsCtxToBgpCtxAfPol_ipv6",
            "module.aci.module.aci_vrf.aci_rest_managed.igmpCtxP",
            "module.aci.module.aci_vrf.aci_rest_managed.igmpSSMXlateP",
            "module.aci.module.aci_vrf.aci_rest_managed.leakExternalPrefix",
            "module.aci.module.aci_vrf.aci_rest_managed.leakInternalSubnet",
            "module.aci.module.aci_vrf.aci_rest_managed.leakRoutes",
            "module.aci.module.aci_vrf.aci_rest_managed.leakTo_external",
            "module.aci.module.aci_vrf.aci_rest_managed.leakTo_internal",
            "module.aci.module.aci_vrf.aci_rest_managed.pimASMPatPol",
            "module.aci.module.aci_vrf.aci_rest_managed.pimAutoRPPol",
            "module.aci.module.aci_vrf.aci_rest_managed.pimBSRFilterPol",
            "module.aci.module.aci_vrf.aci_rest_managed.pimBSRPPol",
            "module.aci.module.aci_vrf.aci_rest_managed.pimCtxP",
            "module.aci.module.aci_vrf.aci_rest_managed.pimFabricRPPol",
            "module.aci.module.aci_vrf.aci_rest_managed.pimInterVRFEntryPol",
            "module.aci.module.aci_vrf.aci_rest_managed.pimInterVRFPol",
            "module.aci.module.aci_vrf.aci_rest_managed.pimMAFilterPol",
            "module.aci.module.aci_vrf.aci_rest_managed.pimRPGrpRangePol_fabric_rp",
            "module.aci.module.aci_vrf.aci_rest_managed.pimRPGrpRangePol_static_rp",
            "module.aci.module.aci_vrf.aci_rest_managed.pimRegTrPol",
            "module.aci.module.aci_vrf.aci_rest_managed.pimResPol",
            "module.aci.module.aci_vrf.aci_rest_managed.pimSGRangeExpPol",
            "module.aci.module.aci_vrf.aci_rest_managed.pimSSMPatPol",
            "module.aci.module.aci_vrf.aci_rest_managed.pimSSMRangePol",
            "module.aci.module.aci_vrf.aci_rest_managed.pimSharedRangePol",
            "module.aci.module.aci_vrf.aci_rest_managed.pimStaticRPEntryPol_fabric_rp",
            "module.aci.module.aci_vrf.aci_rest_managed.pimStaticRPEntryPol_static_rp",
            "module.aci.module.aci_vrf.aci_rest_managed.pimStaticRPPol",
            "module.aci.module.aci_vrf.aci_rest_managed.rtdmcRsFilterToRtMapPol_asm_sg_expiry",
            "module.aci.module.aci_vrf.aci_rest_managed.rtdmcRsFilterToRtMapPol_asm_shared",
            "module.aci.module.aci_vrf.aci_rest_managed.rtdmcRsFilterToRtMapPol_auto_rp",
            "module.aci.module.aci_vrf.aci_rest_managed.rtdmcRsFilterToRtMapPol_bsr",
            "module.aci.module.aci_vrf.aci_rest_managed.rtdmcRsFilterToRtMapPol_fabric_rp",
            "module.aci.module.aci_vrf.aci_rest_managed.rtdmcRsFilterToRtMapPol_pim_inter_vrf",
            "module.aci.module.aci_vrf.aci_rest_managed.rtdmcRsFilterToRtMapPol_ssm_range",
            "module.aci.module.aci_vrf.aci_rest_managed.rtdmcRsFilterToRtMapPol_static_rp",
            "module.aci.module.aci_vrf.aci_rest_managed.vzAny",
            "module.aci.module.aci_vrf.aci_rest_managed.vzRsAnyToCons",
            "module.aci.module.aci_vrf.aci_rest_managed.vzRsAnyToConsIf",
            "module.aci.module.aci_vrf.aci_rest_managed.vzRsAnyToProv"
          ]
        }
      ]
    },
    {
      "module": "module.aci.module.aci_bridge_domain[\"adossant/192.168.70.0_24\"]",
      "mode": "managed",
      "type": "aci_rest_managed",
      "name": "dhcpRsDhcpOptionPol",
      "provider": "provider[\"registry.terraform.io/ciscodevnet/aci\"]",
      "instances": [
        {
          "index_key": "dhcp.uktme.cisco.com",
          "schema_version": 0,
          "attributes": {
            "child": [],
            "class_name": "dhcpRsDhcpOptionPol",
            "content": {
              "tnDhcpOptionPolName": "",
              "userdom": "all"
            },
            "dn": "uni/tn-adossant/BD-192.168.70.0_24/dhcplbl-dhcp.uktme.cisco.com/rsdhcpOptionPol",
            "id": "uni/tn-adossant/BD-192.168.70.0_24/dhcplbl-dhcp.uktme.cisco.com/rsdhcpOptionPol"
          },
          "sensitive_attributes": [],
          "private": "bnVsbA==",
          "dependencies": [
            "module.aci.data.utils_yaml_merge.defaults",
            "module.aci.data.utils_yaml_merge.model",
            "module.aci.module.aci_bfd_interface_policy.aci_rest_managed.bfdIfPol",
            "module.aci.module.aci_bgp_timer_policy.aci_rest_managed.bgpCtxPol",
            "module.aci.module.aci_bridge_domain.aci_rest_managed.dhcpLbl",
            "module.aci.module.aci_bridge_domain.aci_rest_managed.fvBD",
            "module.aci.module.aci_bridge_domain.aci_rest_managed.fvRsCtx",
            "module.aci.module.aci_contract.aci_rest_managed.vzBrCP",
            "module.aci.module.aci_contract.aci_rest_managed.vzRsSubjFiltAtt",
            "module.aci.module.aci_contract.aci_rest_managed.vzRsSubjGraphAtt",
            "module.aci.module.aci_contract.aci_rest_managed.vzSubj",
            "module.aci.module.aci_dhcp_option_policy.aci_rest_managed.dhcpOption",
            "module.aci.module.aci_dhcp_option_policy.aci_rest_managed.dhcpOptionPol",
            "module.aci.module.aci_dhcp_relay_policy.aci_rest_managed.dhcpRelayP",
            "module.aci.module.aci_dhcp_relay_policy.aci_rest_managed.dhcpRsProv",
            "module.aci.module.aci_filter.aci_rest_managed.vzEntry",
            "module.aci.module.aci_filter.aci_rest_managed.vzFilter",
            "module.aci.module.aci_imported_contract.aci_rest_managed.vzCPIf",
            "module.aci.module.aci_imported_contract.aci_rest_managed.vzRsIf",
            "module.aci.module.aci_l3out.aci_rest_managed.bgpExtP",
            "module.aci.module.aci_l3out.aci_rest_managed.l3extDefaultRouteLeakP",
            "module.aci.module.aci_l3out.aci_rest_managed.l3extOut",
            "module.aci.module.aci_l3out.aci_rest_managed.l3extRsDampeningPol_ipv4",
            "module.aci.module.aci_l3out.aci_rest_managed.l3extRsDampeningPol_ipv6",
            "module.aci.module.aci_l3out.aci_rest_managed.l3extRsEctx",
            "module.aci.module.aci_l3out.aci_rest_managed.l3extRsInterleakPol",
            "module.aci.module.aci_l3out.aci_rest_managed.l3extRsL3DomAtt",
            "module.aci.module.aci_l3out.aci_rest_managed.l3extRsRedistributePol",
            "module.aci.module.aci_l3out.aci_rest_managed.ospfExtP",
            "module.aci.module.aci_l3out.aci_rest_managed.pimExtP",
            "module.aci.module.aci_l3out.aci_rest_managed.rtctrlCtxP_export",
            "module.aci.module.aci_l3out.aci_rest_managed.rtctrlCtxP_import",
            "module.aci.module.aci_l3out.aci_rest_managed.rtctrlProfile_export",
            "module.aci.module.aci_l3out.aci_rest_managed.rtctrlProfile_import",
            "module.aci.module.aci_l3out.aci_rest_managed.rtctrlRsCtxPToSubjP_export",
            "module.aci.module.aci_l3out.aci_rest_managed.rtctrlRsCtxPToSubjP_import",
            "module.aci.module.aci_l3out.aci_rest_managed.rtctrlRsScopeToAttrP_export",
            "module.aci.module.aci_l3out.aci_rest_managed.rtctrlRsScopeToAttrP_import",
            "module.aci.module.aci_l3out.aci_rest_managed.rtctrlScope_export",
            "module.aci.module.aci_l3out.aci_rest_managed.rtctrlScope_import",
            "module.aci.module.aci_match_rule.aci_rest_managed.rtctrlMatchCommFactor",
            "module.aci.module.aci_match_rule.aci_rest_managed.rtctrlMatchCommRegexTerm",
            "module.aci.module.aci_match_rule.aci_rest_managed.rtctrlMatchCommTerm",
            "module.aci.module.aci_match_rule.aci_rest_managed.rtctrlMatchRtDest",
            "module.aci.module.aci_match_rule.aci_rest_managed.rtctrlSubjP",
            "module.aci.module.aci_ospf_interface_policy.aci_rest_managed.ospfIfPol",
            "module.aci.module.aci_set_rule.aci_rest_managed.rtctrlAttrP",
            "module.aci.module.aci_set_rule.aci_rest_managed.rtctrlSetASPath",
            "module.aci.module.aci_set_rule.aci_rest_managed.rtctrlSetASPathASN",
            "module.aci.module.aci_set_rule.aci_rest_managed.rtctrlSetAddComm",
            "module.aci.module.aci_set_rule.aci_rest_managed.rtctrlSetComm",
            "module.aci.module.aci_set_rule.aci_rest_managed.rtctrlSetDamp",
            "module.aci.module.aci_set_rule.aci_rest_managed.rtctrlSetNh",
            "module.aci.module.aci_set_rule.aci_rest_managed.rtctrlSetNhUnchanged",
            "module.aci.module.aci_set_rule.aci_rest_managed.rtctrlSetPref",
            "module.aci.module.aci_set_rule.aci_rest_managed.rtctrlSetRedistMultipath",
            "module.aci.module.aci_set_rule.aci_rest_managed.rtctrlSetRtMetric",
            "module.aci.module.aci_set_rule.aci_rest_managed.rtctrlSetRtMetricType",
            "module.aci.module.aci_set_rule.aci_rest_managed.rtctrlSetTag",
            "module.aci.module.aci_set_rule.aci_rest_managed.rtctrlSetWeight",
            "module.aci.module.aci_tenant.aci_rest_managed.fvTenant",
            "module.aci.module.aci_vrf.aci_rest_managed.bgpRtTargetP_ipv4",
            "module.aci.module.aci_vrf.aci_rest_managed.bgpRtTargetP_ipv6",
            "module.aci.module.aci_vrf.aci_rest_managed.bgpRtTarget_ipv4_export",
            "module.aci.module.aci_vrf.aci_rest_managed.bgpRtTarget_ipv4_import",
            "module.aci.module.aci_vrf.aci_rest_managed.bgpRtTarget_ipv6_export",
            "module.aci.module.aci_vrf.aci_rest_managed.bgpRtTarget_ipv6_import",
            "module.aci.module.aci_vrf.aci_rest_managed.dnsLbl",
            "module.aci.module.aci_vrf.aci_rest_managed.fvCtx",
            "module.aci.module.aci_vrf.aci_rest_managed.fvRsBgpCtxPol",
            "module.aci.module.aci_vrf.aci_rest_managed.fvRsCtxToBgpCtxAfPol_ipv4",
            "module.aci.module.aci_vrf.aci_rest_managed.fvRsCtxToBgpCtxAfPol_ipv6",
            "module.aci.module.aci_vrf.aci_rest_managed.igmpCtxP",
            "module.aci.module.aci_vrf.aci_rest_managed.igmpSSMXlateP",
            "module.aci.module.aci_vrf.aci_rest_managed.leakExternalPrefix",
            "module.aci.module.aci_vrf.aci_rest_managed.leakInternalSubnet",
            "module.aci.module.aci_vrf.aci_rest_managed.leakRoutes",
            "module.aci.module.aci_vrf.aci_rest_managed.leakTo_external",
            "module.aci.module.aci_vrf.aci_rest_managed.leakTo_internal",
            "module.aci.module.aci_vrf.aci_rest_managed.pimASMPatPol",
            "module.aci.module.aci_vrf.aci_rest_managed.pimAutoRPPol",
            "module.aci.module.aci_vrf.aci_rest_managed.pimBSRFilterPol",
            "module.aci.module.aci_vrf.aci_rest_managed.pimBSRPPol",
            "module.aci.module.aci_vrf.aci_rest_managed.pimCtxP",
            "module.aci.module.aci_vrf.aci_rest_managed.pimFabricRPPol",
            "module.aci.module.aci_vrf.aci_rest_managed.pimInterVRFEntryPol",
            "module.aci.module.aci_vrf.aci_rest_managed.pimInterVRFPol",
            "module.aci.module.aci_vrf.aci_rest_managed.pimMAFilterPol",
            "module.aci.module.aci_vrf.aci_rest_managed.pimRPGrpRangePol_fabric_rp",
            "module.aci.module.aci_vrf.aci_rest_managed.pimRPGrpRangePol_static_rp",
            "module.aci.module.aci_vrf.aci_rest_managed.pimRegTrPol",
            "module.aci.module.aci_vrf.aci_rest_managed.pimResPol",
            "module.aci.module.aci_vrf.aci_rest_managed.pimSGRangeExpPol",
            "module.aci.module.aci_vrf.aci_rest_managed.pimSSMPatPol",
            "module.aci.module.aci_vrf.aci_rest_managed.pimSSMRangePol",
            "module.aci.module.aci_vrf.aci_rest_managed.pimSharedRangePol",
            "module.aci.module.aci_vrf.aci_rest_managed.pimStaticRPEntryPol_fabric_rp",
            "module.aci.module.aci_vrf.aci_rest_managed.pimStaticRPEntryPol_static_rp",
            "module.aci.module.aci_vrf.aci_rest_managed.pimStaticRPPol",
            "module.aci.module.aci_vrf.aci_rest_managed.rtdmcRsFilterToRtMapPol_asm_sg_expiry",
            "module.aci.module.aci_vrf.aci_rest_managed.rtdmcRsFilterToRtMapPol_asm_shared",
            "module.aci.module.aci_vrf.aci_rest_managed.rtdmcRsFilterToRtMapPol_auto_rp",
            "module.aci.module.aci_vrf.aci_rest_managed.rtdmcRsFilterToRtMapPol_bsr",
            "module.aci.module.aci_vrf.aci_rest_managed.rtdmcRsFilterToRtMapPol_fabric_rp",
            "module.aci.module.aci_vrf.aci_rest_managed.rtdmcRsFilterToRtMapPol_pim_inter_vrf",
            "module.aci.module.aci_vrf.aci_rest_managed.rtdmcRsFilterToRtMapPol_ssm_range",
            "module.aci.module.aci_vrf.aci_rest_managed.rtdmcRsFilterToRtMapPol_static_rp",
            "module.aci.module.aci_vrf.aci_rest_managed.vzAny",
            "module.aci.module.aci_vrf.aci_rest_managed.vzRsAnyToCons",
            "module.aci.module.aci_vrf.aci_rest_managed.vzRsAnyToConsIf",
            "module.aci.module.aci_vrf.aci_rest_managed.vzRsAnyToProv"
          ]
        }
      ]
    },
    {
      "module": "module.aci.module.aci_bridge_domain[\"adossant/192.168.70.0_24\"]",
      "mode": "managed",
      "type": "aci_rest_managed",
      "name": "fvBD",
      "provider": "provider[\"registry.terraform.io/ciscodevnet/aci\"]",
      "instances": [
        {
          "schema_version": 0,
          "attributes": {
            "child": [],
            "class_name": "fvBD",
            "content": {
              "OptimizeWanBandwidth": "no",
              "arpFlood": "yes",
              "descr": "",
              "enableRogueExceptMac": "no",
              "epClear": "no",
              "epMoveDetectMode": "",
              "hostBasedRouting": "no",
              "intersiteBumTrafficAllow": "no",
              "intersiteL2Stretch": "no",
              "ipLearning": "yes",
              "ipv6McastAllow": "no",
              "limitIpLearnToSubnets": "yes",
              "llAddr": "::",
              "mac": "00:22:BD:F8:19:FF",
              "mcastARPDrop": "yes",
              "mcastAllow": "no",
              "multiDstPktAct": "bd-flood",
              "name": "192.168.70.0_24",
              "nameAlias": "",
              "ownerKey": "",
              "ownerTag": "",
              "type": "regular",
              "unicastRoute": "yes",
              "unkMacUcastAct": "proxy",
              "unkMcastAct": "flood",
              "userdom": ":all:common:",
              "v6unkMcastAct": "flood",
              "vmac": "not-applicable"
            },
            "dn": "uni/tn-adossant/BD-192.168.70.0_24",
            "id": "uni/tn-adossant/BD-192.168.70.0_24"
          },
          "sensitive_attributes": [],
          "private": "bnVsbA==",
          "dependencies": [
            "module.aci.data.utils_yaml_merge.defaults",
            "module.aci.data.utils_yaml_merge.model",
            "module.aci.module.aci_bfd_interface_policy.aci_rest_managed.bfdIfPol",
            "module.aci.module.aci_bgp_timer_policy.aci_rest_managed.bgpCtxPol",
            "module.aci.module.aci_contract.aci_rest_managed.vzBrCP",
            "module.aci.module.aci_contract.aci_rest_managed.vzRsSubjFiltAtt",
            "module.aci.module.aci_contract.aci_rest_managed.vzRsSubjGraphAtt",
            "module.aci.module.aci_contract.aci_rest_managed.vzSubj",
            "module.aci.module.aci_dhcp_option_policy.aci_rest_managed.dhcpOption",
            "module.aci.module.aci_dhcp_option_policy.aci_rest_managed.dhcpOptionPol",
            "module.aci.module.aci_dhcp_relay_policy.aci_rest_managed.dhcpRelayP",
            "module.aci.module.aci_dhcp_relay_policy.aci_rest_managed.dhcpRsProv",
            "module.aci.module.aci_filter.aci_rest_managed.vzEntry",
            "module.aci.module.aci_filter.aci_rest_managed.vzFilter",
            "module.aci.module.aci_imported_contract.aci_rest_managed.vzCPIf",
            "module.aci.module.aci_imported_contract.aci_rest_managed.vzRsIf",
            "module.aci.module.aci_l3out.aci_rest_managed.bgpExtP",
            "module.aci.module.aci_l3out.aci_rest_managed.l3extDefaultRouteLeakP",
            "module.aci.module.aci_l3out.aci_rest_managed.l3extOut",
            "module.aci.module.aci_l3out.aci_rest_managed.l3extRsDampeningPol_ipv4",
            "module.aci.module.aci_l3out.aci_rest_managed.l3extRsDampeningPol_ipv6",
            "module.aci.module.aci_l3out.aci_rest_managed.l3extRsEctx",
            "module.aci.module.aci_l3out.aci_rest_managed.l3extRsInterleakPol",
            "module.aci.module.aci_l3out.aci_rest_managed.l3extRsL3DomAtt",
            "module.aci.module.aci_l3out.aci_rest_managed.l3extRsRedistributePol",
            "module.aci.module.aci_l3out.aci_rest_managed.ospfExtP",
            "module.aci.module.aci_l3out.aci_rest_managed.pimExtP",
            "module.aci.module.aci_l3out.aci_rest_managed.rtctrlCtxP_export",
            "module.aci.module.aci_l3out.aci_rest_managed.rtctrlCtxP_import",
            "module.aci.module.aci_l3out.aci_rest_managed.rtctrlProfile_export",
            "module.aci.module.aci_l3out.aci_rest_managed.rtctrlProfile_import",
            "module.aci.module.aci_l3out.aci_rest_managed.rtctrlRsCtxPToSubjP_export",
            "module.aci.module.aci_l3out.aci_rest_managed.rtctrlRsCtxPToSubjP_import",
            "module.aci.module.aci_l3out.aci_rest_managed.rtctrlRsScopeToAttrP_export",
            "module.aci.module.aci_l3out.aci_rest_managed.rtctrlRsScopeToAttrP_import",
            "module.aci.module.aci_l3out.aci_rest_managed.rtctrlScope_export",
            "module.aci.module.aci_l3out.aci_rest_managed.rtctrlScope_import",
            "module.aci.module.aci_match_rule.aci_rest_managed.rtctrlMatchCommFactor",
            "module.aci.module.aci_match_rule.aci_rest_managed.rtctrlMatchCommRegexTerm",
            "module.aci.module.aci_match_rule.aci_rest_managed.rtctrlMatchCommTerm",
            "module.aci.module.aci_match_rule.aci_rest_managed.rtctrlMatchRtDest",
            "module.aci.module.aci_match_rule.aci_rest_managed.rtctrlSubjP",
            "module.aci.module.aci_ospf_interface_policy.aci_rest_managed.ospfIfPol",
            "module.aci.module.aci_set_rule.aci_rest_managed.rtctrlAttrP",
            "module.aci.module.aci_set_rule.aci_rest_managed.rtctrlSetASPath",
            "module.aci.module.aci_set_rule.aci_rest_managed.rtctrlSetASPathASN",
            "module.aci.module.aci_set_rule.aci_rest_managed.rtctrlSetAddComm",
            "module.aci.module.aci_set_rule.aci_rest_managed.rtctrlSetComm",
            "module.aci.module.aci_set_rule.aci_rest_managed.rtctrlSetDamp",
            "module.aci.module.aci_set_rule.aci_rest_managed.rtctrlSetNh",
            "module.aci.module.aci_set_rule.aci_rest_managed.rtctrlSetNhUnchanged",
            "module.aci.module.aci_set_rule.aci_rest_managed.rtctrlSetPref",
            "module.aci.module.aci_set_rule.aci_rest_managed.rtctrlSetRedistMultipath",
            "module.aci.module.aci_set_rule.aci_rest_managed.rtctrlSetRtMetric",
            "module.aci.module.aci_set_rule.aci_rest_managed.rtctrlSetRtMetricType",
            "module.aci.module.aci_set_rule.aci_rest_managed.rtctrlSetTag",
            "module.aci.module.aci_set_rule.aci_rest_managed.rtctrlSetWeight",
            "module.aci.module.aci_tenant.aci_rest_managed.fvTenant",
            "module.aci.module.aci_vrf.aci_rest_managed.bgpRtTargetP_ipv4",
            "module.aci.module.aci_vrf.aci_rest_managed.bgpRtTargetP_ipv6",
            "module.aci.module.aci_vrf.aci_rest_managed.bgpRtTarget_ipv4_export",
            "module.aci.module.aci_vrf.aci_rest_managed.bgpRtTarget_ipv4_import",
            "module.aci.module.aci_vrf.aci_rest_managed.bgpRtTarget_ipv6_export",
            "module.aci.module.aci_vrf.aci_rest_managed.bgpRtTarget_ipv6_import",
            "module.aci.module.aci_vrf.aci_rest_managed.dnsLbl",
            "module.aci.module.aci_vrf.aci_rest_managed.fvCtx",
            "module.aci.module.aci_vrf.aci_rest_managed.fvRsBgpCtxPol",
            "module.aci.module.aci_vrf.aci_rest_managed.fvRsCtxToBgpCtxAfPol_ipv4",
            "module.aci.module.aci_vrf.aci_rest_managed.fvRsCtxToBgpCtxAfPol_ipv6",
            "module.aci.module.aci_vrf.aci_rest_managed.igmpCtxP",
            "module.aci.module.aci_vrf.aci_rest_managed.igmpSSMXlateP",
            "module.aci.module.aci_vrf.aci_rest_managed.leakExternalPrefix",
            "module.aci.module.aci_vrf.aci_rest_managed.leakInternalSubnet",
            "module.aci.module.aci_vrf.aci_rest_managed.leakRoutes",
            "module.aci.module.aci_vrf.aci_rest_managed.leakTo_external",
            "module.aci.module.aci_vrf.aci_rest_managed.leakTo_internal",
            "module.aci.module.aci_vrf.aci_rest_managed.pimASMPatPol",
            "module.aci.module.aci_vrf.aci_rest_managed.pimAutoRPPol",
            "module.aci.module.aci_vrf.aci_rest_managed.pimBSRFilterPol",
            "module.aci.module.aci_vrf.aci_rest_managed.pimBSRPPol",
            "module.aci.module.aci_vrf.aci_rest_managed.pimCtxP",
            "module.aci.module.aci_vrf.aci_rest_managed.pimFabricRPPol",
            "module.aci.module.aci_vrf.aci_rest_managed.pimInterVRFEntryPol",
            "module.aci.module.aci_vrf.aci_rest_managed.pimInterVRFPol",
            "module.aci.module.aci_vrf.aci_rest_managed.pimMAFilterPol",
            "module.aci.module.aci_vrf.aci_rest_managed.pimRPGrpRangePol_fabric_rp",
            "module.aci.module.aci_vrf.aci_rest_managed.pimRPGrpRangePol_static_rp",
            "module.aci.module.aci_vrf.aci_rest_managed.pimRegTrPol",
            "module.aci.module.aci_vrf.aci_rest_managed.pimResPol",
            "module.aci.module.aci_vrf.aci_rest_managed.pimSGRangeExpPol",
            "module.aci.module.aci_vrf.aci_rest_managed.pimSSMPatPol",
            "module.aci.module.aci_vrf.aci_rest_managed.pimSSMRangePol",
            "module.aci.module.aci_vrf.aci_rest_managed.pimSharedRangePol",
            "module.aci.module.aci_vrf.aci_rest_managed.pimStaticRPEntryPol_fabric_rp",
            "module.aci.module.aci_vrf.aci_rest_managed.pimStaticRPEntryPol_static_rp",
            "module.aci.module.aci_vrf.aci_rest_managed.pimStaticRPPol",
            "module.aci.module.aci_vrf.aci_rest_managed.rtdmcRsFilterToRtMapPol_asm_sg_expiry",
            "module.aci.module.aci_vrf.aci_rest_managed.rtdmcRsFilterToRtMapPol_asm_shared",
            "module.aci.module.aci_vrf.aci_rest_managed.rtdmcRsFilterToRtMapPol_auto_rp",
            "module.aci.module.aci_vrf.aci_rest_managed.rtdmcRsFilterToRtMapPol_bsr",
            "module.aci.module.aci_vrf.aci_rest_managed.rtdmcRsFilterToRtMapPol_fabric_rp",
            "module.aci.module.aci_vrf.aci_rest_managed.rtdmcRsFilterToRtMapPol_pim_inter_vrf",
            "module.aci.module.aci_vrf.aci_rest_managed.rtdmcRsFilterToRtMapPol_ssm_range",
            "module.aci.module.aci_vrf.aci_rest_managed.rtdmcRsFilterToRtMapPol_static_rp",
            "module.aci.module.aci_vrf.aci_rest_managed.vzAny",
            "module.aci.module.aci_vrf.aci_rest_managed.vzRsAnyToCons",
            "module.aci.module.aci_vrf.aci_rest_managed.vzRsAnyToConsIf",
            "module.aci.module.aci_vrf.aci_rest_managed.vzRsAnyToProv"
          ]
        }
      ]
    },
    {
      "module": "module.aci.module.aci_bridge_domain[\"adossant/192.168.70.0_24\"]",
      "mode": "managed",
      "type": "aci_rest_managed",
      "name": "fvRsCtx",
      "provider": "provider[\"registry.terraform.io/ciscodevnet/aci\"]",
      "instances": [
        {
          "schema_version": 0,
          "attributes": {
            "child": [],
            "class_name": "fvRsCtx",
            "content": {
              "tnFvCtxName": "vrf-01",
              "userdom": "all"
            },
            "dn": "uni/tn-adossant/BD-192.168.70.0_24/rsctx",
            "id": "uni/tn-adossant/BD-192.168.70.0_24/rsctx"
          },
          "sensitive_attributes": [],
          "private": "bnVsbA==",
          "dependencies": [
            "module.aci.data.utils_yaml_merge.defaults",
            "module.aci.data.utils_yaml_merge.model",
            "module.aci.module.aci_bfd_interface_policy.aci_rest_managed.bfdIfPol",
            "module.aci.module.aci_bgp_timer_policy.aci_rest_managed.bgpCtxPol",
            "module.aci.module.aci_bridge_domain.aci_rest_managed.fvBD",
            "module.aci.module.aci_contract.aci_rest_managed.vzBrCP",
            "module.aci.module.aci_contract.aci_rest_managed.vzRsSubjFiltAtt",
            "module.aci.module.aci_contract.aci_rest_managed.vzRsSubjGraphAtt",
            "module.aci.module.aci_contract.aci_rest_managed.vzSubj",
            "module.aci.module.aci_dhcp_option_policy.aci_rest_managed.dhcpOption",
            "module.aci.module.aci_dhcp_option_policy.aci_rest_managed.dhcpOptionPol",
            "module.aci.module.aci_dhcp_relay_policy.aci_rest_managed.dhcpRelayP",
            "module.aci.module.aci_dhcp_relay_policy.aci_rest_managed.dhcpRsProv",
            "module.aci.module.aci_filter.aci_rest_managed.vzEntry",
            "module.aci.module.aci_filter.aci_rest_managed.vzFilter",
            "module.aci.module.aci_imported_contract.aci_rest_managed.vzCPIf",
            "module.aci.module.aci_imported_contract.aci_rest_managed.vzRsIf",
            "module.aci.module.aci_l3out.aci_rest_managed.bgpExtP",
            "module.aci.module.aci_l3out.aci_rest_managed.l3extDefaultRouteLeakP",
            "module.aci.module.aci_l3out.aci_rest_managed.l3extOut",
            "module.aci.module.aci_l3out.aci_rest_managed.l3extRsDampeningPol_ipv4",
            "module.aci.module.aci_l3out.aci_rest_managed.l3extRsDampeningPol_ipv6",
            "module.aci.module.aci_l3out.aci_rest_managed.l3extRsEctx",
            "module.aci.module.aci_l3out.aci_rest_managed.l3extRsInterleakPol",
            "module.aci.module.aci_l3out.aci_rest_managed.l3extRsL3DomAtt",
            "module.aci.module.aci_l3out.aci_rest_managed.l3extRsRedistributePol",
            "module.aci.module.aci_l3out.aci_rest_managed.ospfExtP",
            "module.aci.module.aci_l3out.aci_rest_managed.pimExtP",
            "module.aci.module.aci_l3out.aci_rest_managed.rtctrlCtxP_export",
            "module.aci.module.aci_l3out.aci_rest_managed.rtctrlCtxP_import",
            "module.aci.module.aci_l3out.aci_rest_managed.rtctrlProfile_export",
            "module.aci.module.aci_l3out.aci_rest_managed.rtctrlProfile_import",
            "module.aci.module.aci_l3out.aci_rest_managed.rtctrlRsCtxPToSubjP_export",
            "module.aci.module.aci_l3out.aci_rest_managed.rtctrlRsCtxPToSubjP_import",
            "module.aci.module.aci_l3out.aci_rest_managed.rtctrlRsScopeToAttrP_export",
            "module.aci.module.aci_l3out.aci_rest_managed.rtctrlRsScopeToAttrP_import",
            "module.aci.module.aci_l3out.aci_rest_managed.rtctrlScope_export",
            "module.aci.module.aci_l3out.aci_rest_managed.rtctrlScope_import",
            "module.aci.module.aci_match_rule.aci_rest_managed.rtctrlMatchCommFactor",
            "module.aci.module.aci_match_rule.aci_rest_managed.rtctrlMatchCommRegexTerm",
            "module.aci.module.aci_match_rule.aci_rest_managed.rtctrlMatchCommTerm",
            "module.aci.module.aci_match_rule.aci_rest_managed.rtctrlMatchRtDest",
            "module.aci.module.aci_match_rule.aci_rest_managed.rtctrlSubjP",
            "module.aci.module.aci_ospf_interface_policy.aci_rest_managed.ospfIfPol",
            "module.aci.module.aci_set_rule.aci_rest_managed.rtctrlAttrP",
            "module.aci.module.aci_set_rule.aci_rest_managed.rtctrlSetASPath",
            "module.aci.module.aci_set_rule.aci_rest_managed.rtctrlSetASPathASN",
            "module.aci.module.aci_set_rule.aci_rest_managed.rtctrlSetAddComm",
            "module.aci.module.aci_set_rule.aci_rest_managed.rtctrlSetComm",
            "module.aci.module.aci_set_rule.aci_rest_managed.rtctrlSetDamp",
            "module.aci.module.aci_set_rule.aci_rest_managed.rtctrlSetNh",
            "module.aci.module.aci_set_rule.aci_rest_managed.rtctrlSetNhUnchanged",
            "module.aci.module.aci_set_rule.aci_rest_managed.rtctrlSetPref",
            "module.aci.module.aci_set_rule.aci_rest_managed.rtctrlSetRedistMultipath",
            "module.aci.module.aci_set_rule.aci_rest_managed.rtctrlSetRtMetric",
            "module.aci.module.aci_set_rule.aci_rest_managed.rtctrlSetRtMetricType",
            "module.aci.module.aci_set_rule.aci_rest_managed.rtctrlSetTag",
            "module.aci.module.aci_set_rule.aci_rest_managed.rtctrlSetWeight",
            "module.aci.module.aci_tenant.aci_rest_managed.fvTenant",
            "module.aci.module.aci_vrf.aci_rest_managed.bgpRtTargetP_ipv4",
            "module.aci.module.aci_vrf.aci_rest_managed.bgpRtTargetP_ipv6",
            "module.aci.module.aci_vrf.aci_rest_managed.bgpRtTarget_ipv4_export",
            "module.aci.module.aci_vrf.aci_rest_managed.bgpRtTarget_ipv4_import",
            "module.aci.module.aci_vrf.aci_rest_managed.bgpRtTarget_ipv6_export",
            "module.aci.module.aci_vrf.aci_rest_managed.bgpRtTarget_ipv6_import",
            "module.aci.module.aci_vrf.aci_rest_managed.dnsLbl",
            "module.aci.module.aci_vrf.aci_rest_managed.fvCtx",
            "module.aci.module.aci_vrf.aci_rest_managed.fvRsBgpCtxPol",
            "module.aci.module.aci_vrf.aci_rest_managed.fvRsCtxToBgpCtxAfPol_ipv4",
            "module.aci.module.aci_vrf.aci_rest_managed.fvRsCtxToBgpCtxAfPol_ipv6",
            "module.aci.module.aci_vrf.aci_rest_managed.igmpCtxP",
            "module.aci.module.aci_vrf.aci_rest_managed.igmpSSMXlateP",
            "module.aci.module.aci_vrf.aci_rest_managed.leakExternalPrefix",
            "module.aci.module.aci_vrf.aci_rest_managed.leakInternalSubnet",
            "module.aci.module.aci_vrf.aci_rest_managed.leakRoutes",
            "module.aci.module.aci_vrf.aci_rest_managed.leakTo_external",
            "module.aci.module.aci_vrf.aci_rest_managed.leakTo_internal",
            "module.aci.module.aci_vrf.aci_rest_managed.pimASMPatPol",
            "module.aci.module.aci_vrf.aci_rest_managed.pimAutoRPPol",
            "module.aci.module.aci_vrf.aci_rest_managed.pimBSRFilterPol",
            "module.aci.module.aci_vrf.aci_rest_managed.pimBSRPPol",
            "module.aci.module.aci_vrf.aci_rest_managed.pimCtxP",
            "module.aci.module.aci_vrf.aci_rest_managed.pimFabricRPPol",
            "module.aci.module.aci_vrf.aci_rest_managed.pimInterVRFEntryPol",
            "module.aci.module.aci_vrf.aci_rest_managed.pimInterVRFPol",
            "module.aci.module.aci_vrf.aci_rest_managed.pimMAFilterPol",
            "module.aci.module.aci_vrf.aci_rest_managed.pimRPGrpRangePol_fabric_rp",
            "module.aci.module.aci_vrf.aci_rest_managed.pimRPGrpRangePol_static_rp",
            "module.aci.module.aci_vrf.aci_rest_managed.pimRegTrPol",
            "module.aci.module.aci_vrf.aci_rest_managed.pimResPol",
            "module.aci.module.aci_vrf.aci_rest_managed.pimSGRangeExpPol",
            "module.aci.module.aci_vrf.aci_rest_managed.pimSSMPatPol",
            "module.aci.module.aci_vrf.aci_rest_managed.pimSSMRangePol",
            "module.aci.module.aci_vrf.aci_rest_managed.pimSharedRangePol",
            "module.aci.module.aci_vrf.aci_rest_managed.pimStaticRPEntryPol_fabric_rp",
            "module.aci.module.aci_vrf.aci_rest_managed.pimStaticRPEntryPol_static_rp",
            "module.aci.module.aci_vrf.aci_rest_managed.pimStaticRPPol",
            "module.aci.module.aci_vrf.aci_rest_managed.rtdmcRsFilterToRtMapPol_asm_sg_expiry",
            "module.aci.module.aci_vrf.aci_rest_managed.rtdmcRsFilterToRtMapPol_asm_shared",
            "module.aci.module.aci_vrf.aci_rest_managed.rtdmcRsFilterToRtMapPol_auto_rp",
            "module.aci.module.aci_vrf.aci_rest_managed.rtdmcRsFilterToRtMapPol_bsr",
            "module.aci.module.aci_vrf.aci_rest_managed.rtdmcRsFilterToRtMapPol_fabric_rp",
            "module.aci.module.aci_vrf.aci_rest_managed.rtdmcRsFilterToRtMapPol_pim_inter_vrf",
            "module.aci.module.aci_vrf.aci_rest_managed.rtdmcRsFilterToRtMapPol_ssm_range",
            "module.aci.module.aci_vrf.aci_rest_managed.rtdmcRsFilterToRtMapPol_static_rp",
            "module.aci.module.aci_vrf.aci_rest_managed.vzAny",
            "module.aci.module.aci_vrf.aci_rest_managed.vzRsAnyToCons",
            "module.aci.module.aci_vrf.aci_rest_managed.vzRsAnyToConsIf",
            "module.aci.module.aci_vrf.aci_rest_managed.vzRsAnyToProv"
          ]
        }
      ]
    },
    {
      "module": "module.aci.module.aci_bridge_domain[\"adossant/192.168.70.0_24\"]",
      "mode": "managed",
      "type": "aci_rest_managed",
      "name": "fvSubnet",
      "provider": "provider[\"registry.terraform.io/ciscodevnet/aci\"]",
      "instances": [
        {
          "index_key": "192.168.70.1/24",
          "schema_version": 0,
          "attributes": {
            "child": [],
            "class_name": "fvSubnet",
            "content": {
              "ctrl": "",
              "descr": "",
              "ip": "192.168.70.1/24",
              "ipDPLearning": "enabled",
              "name": "",
              "nameAlias": "",
              "preferred": "no",
              "scope": "public,shared",
              "userdom": ":all:common:",
              "virtual": "no"
            },
            "dn": "uni/tn-adossant/BD-192.168.70.0_24/subnet-[192.168.70.1/24]",
            "id": "uni/tn-adossant/BD-192.168.70.0_24/subnet-[192.168.70.1/24]"
          },
          "sensitive_attributes": [],
          "private": "bnVsbA==",
          "dependencies": [
            "module.aci.data.utils_yaml_merge.defaults",
            "module.aci.data.utils_yaml_merge.model",
            "module.aci.module.aci_bfd_interface_policy.aci_rest_managed.bfdIfPol",
            "module.aci.module.aci_bgp_timer_policy.aci_rest_managed.bgpCtxPol",
            "module.aci.module.aci_bridge_domain.aci_rest_managed.fvBD",
            "module.aci.module.aci_bridge_domain.aci_rest_managed.fvRsCtx",
            "module.aci.module.aci_contract.aci_rest_managed.vzBrCP",
            "module.aci.module.aci_contract.aci_rest_managed.vzRsSubjFiltAtt",
            "module.aci.module.aci_contract.aci_rest_managed.vzRsSubjGraphAtt",
            "module.aci.module.aci_contract.aci_rest_managed.vzSubj",
            "module.aci.module.aci_dhcp_option_policy.aci_rest_managed.dhcpOption",
            "module.aci.module.aci_dhcp_option_policy.aci_rest_managed.dhcpOptionPol",
            "module.aci.module.aci_dhcp_relay_policy.aci_rest_managed.dhcpRelayP",
            "module.aci.module.aci_dhcp_relay_policy.aci_rest_managed.dhcpRsProv",
            "module.aci.module.aci_filter.aci_rest_managed.vzEntry",
            "module.aci.module.aci_filter.aci_rest_managed.vzFilter",
            "module.aci.module.aci_imported_contract.aci_rest_managed.vzCPIf",
            "module.aci.module.aci_imported_contract.aci_rest_managed.vzRsIf",
            "module.aci.module.aci_l3out.aci_rest_managed.bgpExtP",
            "module.aci.module.aci_l3out.aci_rest_managed.l3extDefaultRouteLeakP",
            "module.aci.module.aci_l3out.aci_rest_managed.l3extOut",
            "module.aci.module.aci_l3out.aci_rest_managed.l3extRsDampeningPol_ipv4",
            "module.aci.module.aci_l3out.aci_rest_managed.l3extRsDampeningPol_ipv6",
            "module.aci.module.aci_l3out.aci_rest_managed.l3extRsEctx",
            "module.aci.module.aci_l3out.aci_rest_managed.l3extRsInterleakPol",
            "module.aci.module.aci_l3out.aci_rest_managed.l3extRsL3DomAtt",
            "module.aci.module.aci_l3out.aci_rest_managed.l3extRsRedistributePol",
            "module.aci.module.aci_l3out.aci_rest_managed.ospfExtP",
            "module.aci.module.aci_l3out.aci_rest_managed.pimExtP",
            "module.aci.module.aci_l3out.aci_rest_managed.rtctrlCtxP_export",
            "module.aci.module.aci_l3out.aci_rest_managed.rtctrlCtxP_import",
            "module.aci.module.aci_l3out.aci_rest_managed.rtctrlProfile_export",
            "module.aci.module.aci_l3out.aci_rest_managed.rtctrlProfile_import",
            "module.aci.module.aci_l3out.aci_rest_managed.rtctrlRsCtxPToSubjP_export",
            "module.aci.module.aci_l3out.aci_rest_managed.rtctrlRsCtxPToSubjP_import",
            "module.aci.module.aci_l3out.aci_rest_managed.rtctrlRsScopeToAttrP_export",
            "module.aci.module.aci_l3out.aci_rest_managed.rtctrlRsScopeToAttrP_import",
            "module.aci.module.aci_l3out.aci_rest_managed.rtctrlScope_export",
            "module.aci.module.aci_l3out.aci_rest_managed.rtctrlScope_import",
            "module.aci.module.aci_match_rule.aci_rest_managed.rtctrlMatchCommFactor",
            "module.aci.module.aci_match_rule.aci_rest_managed.rtctrlMatchCommRegexTerm",
            "module.aci.module.aci_match_rule.aci_rest_managed.rtctrlMatchCommTerm",
            "module.aci.module.aci_match_rule.aci_rest_managed.rtctrlMatchRtDest",
            "module.aci.module.aci_match_rule.aci_rest_managed.rtctrlSubjP",
            "module.aci.module.aci_ospf_interface_policy.aci_rest_managed.ospfIfPol",
            "module.aci.module.aci_set_rule.aci_rest_managed.rtctrlAttrP",
            "module.aci.module.aci_set_rule.aci_rest_managed.rtctrlSetASPath",
            "module.aci.module.aci_set_rule.aci_rest_managed.rtctrlSetASPathASN",
            "module.aci.module.aci_set_rule.aci_rest_managed.rtctrlSetAddComm",
            "module.aci.module.aci_set_rule.aci_rest_managed.rtctrlSetComm",
            "module.aci.module.aci_set_rule.aci_rest_managed.rtctrlSetDamp",
            "module.aci.module.aci_set_rule.aci_rest_managed.rtctrlSetNh",
            "module.aci.module.aci_set_rule.aci_rest_managed.rtctrlSetNhUnchanged",
            "module.aci.module.aci_set_rule.aci_rest_managed.rtctrlSetPref",
            "module.aci.module.aci_set_rule.aci_rest_managed.rtctrlSetRedistMultipath",
            "module.aci.module.aci_set_rule.aci_rest_managed.rtctrlSetRtMetric",
            "module.aci.module.aci_set_rule.aci_rest_managed.rtctrlSetRtMetricType",
            "module.aci.module.aci_set_rule.aci_rest_managed.rtctrlSetTag",
            "module.aci.module.aci_set_rule.aci_rest_managed.rtctrlSetWeight",
            "module.aci.module.aci_tenant.aci_rest_managed.fvTenant",
            "module.aci.module.aci_vrf.aci_rest_managed.bgpRtTargetP_ipv4",
            "module.aci.module.aci_vrf.aci_rest_managed.bgpRtTargetP_ipv6",
            "module.aci.module.aci_vrf.aci_rest_managed.bgpRtTarget_ipv4_export",
            "module.aci.module.aci_vrf.aci_rest_managed.bgpRtTarget_ipv4_import",
            "module.aci.module.aci_vrf.aci_rest_managed.bgpRtTarget_ipv6_export",
            "module.aci.module.aci_vrf.aci_rest_managed.bgpRtTarget_ipv6_import",
            "module.aci.module.aci_vrf.aci_rest_managed.dnsLbl",
            "module.aci.module.aci_vrf.aci_rest_managed.fvCtx",
            "module.aci.module.aci_vrf.aci_rest_managed.fvRsBgpCtxPol",
            "module.aci.module.aci_vrf.aci_rest_managed.fvRsCtxToBgpCtxAfPol_ipv4",
            "module.aci.module.aci_vrf.aci_rest_managed.fvRsCtxToBgpCtxAfPol_ipv6",
            "module.aci.module.aci_vrf.aci_rest_managed.igmpCtxP",
            "module.aci.module.aci_vrf.aci_rest_managed.igmpSSMXlateP",
            "module.aci.module.aci_vrf.aci_rest_managed.leakExternalPrefix",
            "module.aci.module.aci_vrf.aci_rest_managed.leakInternalSubnet",
            "module.aci.module.aci_vrf.aci_rest_managed.leakRoutes",
            "module.aci.module.aci_vrf.aci_rest_managed.leakTo_external",
            "module.aci.module.aci_vrf.aci_rest_managed.leakTo_internal",
            "module.aci.module.aci_vrf.aci_rest_managed.pimASMPatPol",
            "module.aci.module.aci_vrf.aci_rest_managed.pimAutoRPPol",
            "module.aci.module.aci_vrf.aci_rest_managed.pimBSRFilterPol",
            "module.aci.module.aci_vrf.aci_rest_managed.pimBSRPPol",
            "module.aci.module.aci_vrf.aci_rest_managed.pimCtxP",
            "module.aci.module.aci_vrf.aci_rest_managed.pimFabricRPPol",
            "module.aci.module.aci_vrf.aci_rest_managed.pimInterVRFEntryPol",
            "module.aci.module.aci_vrf.aci_rest_managed.pimInterVRFPol",
            "module.aci.module.aci_vrf.aci_rest_managed.pimMAFilterPol",
            "module.aci.module.aci_vrf.aci_rest_managed.pimRPGrpRangePol_fabric_rp",
            "module.aci.module.aci_vrf.aci_rest_managed.pimRPGrpRangePol_static_rp",
            "module.aci.module.aci_vrf.aci_rest_managed.pimRegTrPol",
            "module.aci.module.aci_vrf.aci_rest_managed.pimResPol",
            "module.aci.module.aci_vrf.aci_rest_managed.pimSGRangeExpPol",
            "module.aci.module.aci_vrf.aci_rest_managed.pimSSMPatPol",
            "module.aci.module.aci_vrf.aci_rest_managed.pimSSMRangePol",
            "module.aci.module.aci_vrf.aci_rest_managed.pimSharedRangePol",
            "module.aci.module.aci_vrf.aci_rest_managed.pimStaticRPEntryPol_fabric_rp",
            "module.aci.module.aci_vrf.aci_rest_managed.pimStaticRPEntryPol_static_rp",
            "module.aci.module.aci_vrf.aci_rest_managed.pimStaticRPPol",
            "module.aci.module.aci_vrf.aci_rest_managed.rtdmcRsFilterToRtMapPol_asm_sg_expiry",
            "module.aci.module.aci_vrf.aci_rest_managed.rtdmcRsFilterToRtMapPol_asm_shared",
            "module.aci.module.aci_vrf.aci_rest_managed.rtdmcRsFilterToRtMapPol_auto_rp",
            "module.aci.module.aci_vrf.aci_rest_managed.rtdmcRsFilterToRtMapPol_bsr",
            "module.aci.module.aci_vrf.aci_rest_managed.rtdmcRsFilterToRtMapPol_fabric_rp",
            "module.aci.module.aci_vrf.aci_rest_managed.rtdmcRsFilterToRtMapPol_pim_inter_vrf",
            "module.aci.module.aci_vrf.aci_rest_managed.rtdmcRsFilterToRtMapPol_ssm_range",
            "module.aci.module.aci_vrf.aci_rest_managed.rtdmcRsFilterToRtMapPol_static_rp",
            "module.aci.module.aci_vrf.aci_rest_managed.vzAny",
            "module.aci.module.aci_vrf.aci_rest_managed.vzRsAnyToCons",
            "module.aci.module.aci_vrf.aci_rest_managed.vzRsAnyToConsIf",
            "module.aci.module.aci_vrf.aci_rest_managed.vzRsAnyToProv"
          ]
        }
      ]
    },
    {
      "module": "module.aci.module.aci_bridge_domain[\"adossant/192.168.71.0_24\"]",
      "mode": "managed",
      "type": "aci_rest_managed",
      "name": "dhcpLbl",
      "provider": "provider[\"registry.terraform.io/ciscodevnet/aci\"]",
      "instances": [
        {
          "index_key": "dhcp.uktme.cisco.com",
          "schema_version": 0,
          "attributes": {
            "child": [],
            "class_name": "dhcpLbl",
            "content": {
              "descr": "",
              "name": "dhcp.uktme.cisco.com",
              "nameAlias": "",
              "owner": "tenant",
              "ownerKey": "",
              "ownerTag": "",
              "tag": "yellow-green",
              "userdom": ":all:common:"
            },
            "dn": "uni/tn-adossant/BD-192.168.71.0_24/dhcplbl-dhcp.uktme.cisco.com",
            "id": "uni/tn-adossant/BD-192.168.71.0_24/dhcplbl-dhcp.uktme.cisco.com"
          },
          "sensitive_attributes": [],
          "private": "bnVsbA==",
          "dependencies": [
            "module.aci.data.utils_yaml_merge.defaults",
            "module.aci.data.utils_yaml_merge.model",
            "module.aci.module.aci_bfd_interface_policy.aci_rest_managed.bfdIfPol",
            "module.aci.module.aci_bgp_timer_policy.aci_rest_managed.bgpCtxPol",
            "module.aci.module.aci_bridge_domain.aci_rest_managed.fvBD",
            "module.aci.module.aci_bridge_domain.aci_rest_managed.fvRsCtx",
            "module.aci.module.aci_contract.aci_rest_managed.vzBrCP",
            "module.aci.module.aci_contract.aci_rest_managed.vzRsSubjFiltAtt",
            "module.aci.module.aci_contract.aci_rest_managed.vzRsSubjGraphAtt",
            "module.aci.module.aci_contract.aci_rest_managed.vzSubj",
            "module.aci.module.aci_dhcp_option_policy.aci_rest_managed.dhcpOption",
            "module.aci.module.aci_dhcp_option_policy.aci_rest_managed.dhcpOptionPol",
            "module.aci.module.aci_dhcp_relay_policy.aci_rest_managed.dhcpRelayP",
            "module.aci.module.aci_dhcp_relay_policy.aci_rest_managed.dhcpRsProv",
            "module.aci.module.aci_filter.aci_rest_managed.vzEntry",
            "module.aci.module.aci_filter.aci_rest_managed.vzFilter",
            "module.aci.module.aci_imported_contract.aci_rest_managed.vzCPIf",
            "module.aci.module.aci_imported_contract.aci_rest_managed.vzRsIf",
            "module.aci.module.aci_l3out.aci_rest_managed.bgpExtP",
            "module.aci.module.aci_l3out.aci_rest_managed.l3extDefaultRouteLeakP",
            "module.aci.module.aci_l3out.aci_rest_managed.l3extOut",
            "module.aci.module.aci_l3out.aci_rest_managed.l3extRsDampeningPol_ipv4",
            "module.aci.module.aci_l3out.aci_rest_managed.l3extRsDampeningPol_ipv6",
            "module.aci.module.aci_l3out.aci_rest_managed.l3extRsEctx",
            "module.aci.module.aci_l3out.aci_rest_managed.l3extRsInterleakPol",
            "module.aci.module.aci_l3out.aci_rest_managed.l3extRsL3DomAtt",
            "module.aci.module.aci_l3out.aci_rest_managed.l3extRsRedistributePol",
            "module.aci.module.aci_l3out.aci_rest_managed.ospfExtP",
            "module.aci.module.aci_l3out.aci_rest_managed.pimExtP",
            "module.aci.module.aci_l3out.aci_rest_managed.rtctrlCtxP_export",
            "module.aci.module.aci_l3out.aci_rest_managed.rtctrlCtxP_import",
            "module.aci.module.aci_l3out.aci_rest_managed.rtctrlProfile_export",
            "module.aci.module.aci_l3out.aci_rest_managed.rtctrlProfile_import",
            "module.aci.module.aci_l3out.aci_rest_managed.rtctrlRsCtxPToSubjP_export",
            "module.aci.module.aci_l3out.aci_rest_managed.rtctrlRsCtxPToSubjP_import",
            "module.aci.module.aci_l3out.aci_rest_managed.rtctrlRsScopeToAttrP_export",
            "module.aci.module.aci_l3out.aci_rest_managed.rtctrlRsScopeToAttrP_import",
            "module.aci.module.aci_l3out.aci_rest_managed.rtctrlScope_export",
            "module.aci.module.aci_l3out.aci_rest_managed.rtctrlScope_import",
            "module.aci.module.aci_match_rule.aci_rest_managed.rtctrlMatchCommFactor",
            "module.aci.module.aci_match_rule.aci_rest_managed.rtctrlMatchCommRegexTerm",
            "module.aci.module.aci_match_rule.aci_rest_managed.rtctrlMatchCommTerm",
            "module.aci.module.aci_match_rule.aci_rest_managed.rtctrlMatchRtDest",
            "module.aci.module.aci_match_rule.aci_rest_managed.rtctrlSubjP",
            "module.aci.module.aci_ospf_interface_policy.aci_rest_managed.ospfIfPol",
            "module.aci.module.aci_set_rule.aci_rest_managed.rtctrlAttrP",
            "module.aci.module.aci_set_rule.aci_rest_managed.rtctrlSetASPath",
            "module.aci.module.aci_set_rule.aci_rest_managed.rtctrlSetASPathASN",
            "module.aci.module.aci_set_rule.aci_rest_managed.rtctrlSetAddComm",
            "module.aci.module.aci_set_rule.aci_rest_managed.rtctrlSetComm",
            "module.aci.module.aci_set_rule.aci_rest_managed.rtctrlSetDamp",
            "module.aci.module.aci_set_rule.aci_rest_managed.rtctrlSetNh",
            "module.aci.module.aci_set_rule.aci_rest_managed.rtctrlSetNhUnchanged",
            "module.aci.module.aci_set_rule.aci_rest_managed.rtctrlSetPref",
            "module.aci.module.aci_set_rule.aci_rest_managed.rtctrlSetRedistMultipath",
            "module.aci.module.aci_set_rule.aci_rest_managed.rtctrlSetRtMetric",
            "module.aci.module.aci_set_rule.aci_rest_managed.rtctrlSetRtMetricType",
            "module.aci.module.aci_set_rule.aci_rest_managed.rtctrlSetTag",
            "module.aci.module.aci_set_rule.aci_rest_managed.rtctrlSetWeight",
            "module.aci.module.aci_tenant.aci_rest_managed.fvTenant",
            "module.aci.module.aci_vrf.aci_rest_managed.bgpRtTargetP_ipv4",
            "module.aci.module.aci_vrf.aci_rest_managed.bgpRtTargetP_ipv6",
            "module.aci.module.aci_vrf.aci_rest_managed.bgpRtTarget_ipv4_export",
            "module.aci.module.aci_vrf.aci_rest_managed.bgpRtTarget_ipv4_import",
            "module.aci.module.aci_vrf.aci_rest_managed.bgpRtTarget_ipv6_export",
            "module.aci.module.aci_vrf.aci_rest_managed.bgpRtTarget_ipv6_import",
            "module.aci.module.aci_vrf.aci_rest_managed.dnsLbl",
            "module.aci.module.aci_vrf.aci_rest_managed.fvCtx",
            "module.aci.module.aci_vrf.aci_rest_managed.fvRsBgpCtxPol",
            "module.aci.module.aci_vrf.aci_rest_managed.fvRsCtxToBgpCtxAfPol_ipv4",
            "module.aci.module.aci_vrf.aci_rest_managed.fvRsCtxToBgpCtxAfPol_ipv6",
            "module.aci.module.aci_vrf.aci_rest_managed.igmpCtxP",
            "module.aci.module.aci_vrf.aci_rest_managed.igmpSSMXlateP",
            "module.aci.module.aci_vrf.aci_rest_managed.leakExternalPrefix",
            "module.aci.module.aci_vrf.aci_rest_managed.leakInternalSubnet",
            "module.aci.module.aci_vrf.aci_rest_managed.leakRoutes",
            "module.aci.module.aci_vrf.aci_rest_managed.leakTo_external",
            "module.aci.module.aci_vrf.aci_rest_managed.leakTo_internal",
            "module.aci.module.aci_vrf.aci_rest_managed.pimASMPatPol",
            "module.aci.module.aci_vrf.aci_rest_managed.pimAutoRPPol",
            "module.aci.module.aci_vrf.aci_rest_managed.pimBSRFilterPol",
            "module.aci.module.aci_vrf.aci_rest_managed.pimBSRPPol",
            "module.aci.module.aci_vrf.aci_rest_managed.pimCtxP",
            "module.aci.module.aci_vrf.aci_rest_managed.pimFabricRPPol",
            "module.aci.module.aci_vrf.aci_rest_managed.pimInterVRFEntryPol",
            "module.aci.module.aci_vrf.aci_rest_managed.pimInterVRFPol",
            "module.aci.module.aci_vrf.aci_rest_managed.pimMAFilterPol",
            "module.aci.module.aci_vrf.aci_rest_managed.pimRPGrpRangePol_fabric_rp",
            "module.aci.module.aci_vrf.aci_rest_managed.pimRPGrpRangePol_static_rp",
            "module.aci.module.aci_vrf.aci_rest_managed.pimRegTrPol",
            "module.aci.module.aci_vrf.aci_rest_managed.pimResPol",
            "module.aci.module.aci_vrf.aci_rest_managed.pimSGRangeExpPol",
            "module.aci.module.aci_vrf.aci_rest_managed.pimSSMPatPol",
            "module.aci.module.aci_vrf.aci_rest_managed.pimSSMRangePol",
            "module.aci.module.aci_vrf.aci_rest_managed.pimSharedRangePol",
            "module.aci.module.aci_vrf.aci_rest_managed.pimStaticRPEntryPol_fabric_rp",
            "module.aci.module.aci_vrf.aci_rest_managed.pimStaticRPEntryPol_static_rp",
            "module.aci.module.aci_vrf.aci_rest_managed.pimStaticRPPol",
            "module.aci.module.aci_vrf.aci_rest_managed.rtdmcRsFilterToRtMapPol_asm_sg_expiry",
            "module.aci.module.aci_vrf.aci_rest_managed.rtdmcRsFilterToRtMapPol_asm_shared",
            "module.aci.module.aci_vrf.aci_rest_managed.rtdmcRsFilterToRtMapPol_auto_rp",
            "module.aci.module.aci_vrf.aci_rest_managed.rtdmcRsFilterToRtMapPol_bsr",
            "module.aci.module.aci_vrf.aci_rest_managed.rtdmcRsFilterToRtMapPol_fabric_rp",
            "module.aci.module.aci_vrf.aci_rest_managed.rtdmcRsFilterToRtMapPol_pim_inter_vrf",
            "module.aci.module.aci_vrf.aci_rest_managed.rtdmcRsFilterToRtMapPol_ssm_range",
            "module.aci.module.aci_vrf.aci_rest_managed.rtdmcRsFilterToRtMapPol_static_rp",
            "module.aci.module.aci_vrf.aci_rest_managed.vzAny",
            "module.aci.module.aci_vrf.aci_rest_managed.vzRsAnyToCons",
            "module.aci.module.aci_vrf.aci_rest_managed.vzRsAnyToConsIf",
            "module.aci.module.aci_vrf.aci_rest_managed.vzRsAnyToProv"
          ]
        }
      ]
    },
    {
      "module": "module.aci.module.aci_bridge_domain[\"adossant/192.168.71.0_24\"]",
      "mode": "managed",
      "type": "aci_rest_managed",
      "name": "dhcpRsDhcpOptionPol",
      "provider": "provider[\"registry.terraform.io/ciscodevnet/aci\"]",
      "instances": [
        {
          "index_key": "dhcp.uktme.cisco.com",
          "schema_version": 0,
          "attributes": {
            "child": [],
            "class_name": "dhcpRsDhcpOptionPol",
            "content": {
              "tnDhcpOptionPolName": "",
              "userdom": "all"
            },
            "dn": "uni/tn-adossant/BD-192.168.71.0_24/dhcplbl-dhcp.uktme.cisco.com/rsdhcpOptionPol",
            "id": "uni/tn-adossant/BD-192.168.71.0_24/dhcplbl-dhcp.uktme.cisco.com/rsdhcpOptionPol"
          },
          "sensitive_attributes": [],
          "private": "bnVsbA==",
          "dependencies": [
            "module.aci.data.utils_yaml_merge.defaults",
            "module.aci.data.utils_yaml_merge.model",
            "module.aci.module.aci_bfd_interface_policy.aci_rest_managed.bfdIfPol",
            "module.aci.module.aci_bgp_timer_policy.aci_rest_managed.bgpCtxPol",
            "module.aci.module.aci_bridge_domain.aci_rest_managed.dhcpLbl",
            "module.aci.module.aci_bridge_domain.aci_rest_managed.fvBD",
            "module.aci.module.aci_bridge_domain.aci_rest_managed.fvRsCtx",
            "module.aci.module.aci_contract.aci_rest_managed.vzBrCP",
            "module.aci.module.aci_contract.aci_rest_managed.vzRsSubjFiltAtt",
            "module.aci.module.aci_contract.aci_rest_managed.vzRsSubjGraphAtt",
            "module.aci.module.aci_contract.aci_rest_managed.vzSubj",
            "module.aci.module.aci_dhcp_option_policy.aci_rest_managed.dhcpOption",
            "module.aci.module.aci_dhcp_option_policy.aci_rest_managed.dhcpOptionPol",
            "module.aci.module.aci_dhcp_relay_policy.aci_rest_managed.dhcpRelayP",
            "module.aci.module.aci_dhcp_relay_policy.aci_rest_managed.dhcpRsProv",
            "module.aci.module.aci_filter.aci_rest_managed.vzEntry",
            "module.aci.module.aci_filter.aci_rest_managed.vzFilter",
            "module.aci.module.aci_imported_contract.aci_rest_managed.vzCPIf",
            "module.aci.module.aci_imported_contract.aci_rest_managed.vzRsIf",
            "module.aci.module.aci_l3out.aci_rest_managed.bgpExtP",
            "module.aci.module.aci_l3out.aci_rest_managed.l3extDefaultRouteLeakP",
            "module.aci.module.aci_l3out.aci_rest_managed.l3extOut",
            "module.aci.module.aci_l3out.aci_rest_managed.l3extRsDampeningPol_ipv4",
            "module.aci.module.aci_l3out.aci_rest_managed.l3extRsDampeningPol_ipv6",
            "module.aci.module.aci_l3out.aci_rest_managed.l3extRsEctx",
            "module.aci.module.aci_l3out.aci_rest_managed.l3extRsInterleakPol",
            "module.aci.module.aci_l3out.aci_rest_managed.l3extRsL3DomAtt",
            "module.aci.module.aci_l3out.aci_rest_managed.l3extRsRedistributePol",
            "module.aci.module.aci_l3out.aci_rest_managed.ospfExtP",
            "module.aci.module.aci_l3out.aci_rest_managed.pimExtP",
            "module.aci.module.aci_l3out.aci_rest_managed.rtctrlCtxP_export",
            "module.aci.module.aci_l3out.aci_rest_managed.rtctrlCtxP_import",
            "module.aci.module.aci_l3out.aci_rest_managed.rtctrlProfile_export",
            "module.aci.module.aci_l3out.aci_rest_managed.rtctrlProfile_import",
            "module.aci.module.aci_l3out.aci_rest_managed.rtctrlRsCtxPToSubjP_export",
            "module.aci.module.aci_l3out.aci_rest_managed.rtctrlRsCtxPToSubjP_import",
            "module.aci.module.aci_l3out.aci_rest_managed.rtctrlRsScopeToAttrP_export",
            "module.aci.module.aci_l3out.aci_rest_managed.rtctrlRsScopeToAttrP_import",
            "module.aci.module.aci_l3out.aci_rest_managed.rtctrlScope_export",
            "module.aci.module.aci_l3out.aci_rest_managed.rtctrlScope_import",
            "module.aci.module.aci_match_rule.aci_rest_managed.rtctrlMatchCommFactor",
            "module.aci.module.aci_match_rule.aci_rest_managed.rtctrlMatchCommRegexTerm",
            "module.aci.module.aci_match_rule.aci_rest_managed.rtctrlMatchCommTerm",
            "module.aci.module.aci_match_rule.aci_rest_managed.rtctrlMatchRtDest",
            "module.aci.module.aci_match_rule.aci_rest_managed.rtctrlSubjP",
            "module.aci.module.aci_ospf_interface_policy.aci_rest_managed.ospfIfPol",
            "module.aci.module.aci_set_rule.aci_rest_managed.rtctrlAttrP",
            "module.aci.module.aci_set_rule.aci_rest_managed.rtctrlSetASPath",
            "module.aci.module.aci_set_rule.aci_rest_managed.rtctrlSetASPathASN",
            "module.aci.module.aci_set_rule.aci_rest_managed.rtctrlSetAddComm",
            "module.aci.module.aci_set_rule.aci_rest_managed.rtctrlSetComm",
            "module.aci.module.aci_set_rule.aci_rest_managed.rtctrlSetDamp",
            "module.aci.module.aci_set_rule.aci_rest_managed.rtctrlSetNh",
            "module.aci.module.aci_set_rule.aci_rest_managed.rtctrlSetNhUnchanged",
            "module.aci.module.aci_set_rule.aci_rest_managed.rtctrlSetPref",
            "module.aci.module.aci_set_rule.aci_rest_managed.rtctrlSetRedistMultipath",
            "module.aci.module.aci_set_rule.aci_rest_managed.rtctrlSetRtMetric",
            "module.aci.module.aci_set_rule.aci_rest_managed.rtctrlSetRtMetricType",
            "module.aci.module.aci_set_rule.aci_rest_managed.rtctrlSetTag",
            "module.aci.module.aci_set_rule.aci_rest_managed.rtctrlSetWeight",
            "module.aci.module.aci_tenant.aci_rest_managed.fvTenant",
            "module.aci.module.aci_vrf.aci_rest_managed.bgpRtTargetP_ipv4",
            "module.aci.module.aci_vrf.aci_rest_managed.bgpRtTargetP_ipv6",
            "module.aci.module.aci_vrf.aci_rest_managed.bgpRtTarget_ipv4_export",
            "module.aci.module.aci_vrf.aci_rest_managed.bgpRtTarget_ipv4_import",
            "module.aci.module.aci_vrf.aci_rest_managed.bgpRtTarget_ipv6_export",
            "module.aci.module.aci_vrf.aci_rest_managed.bgpRtTarget_ipv6_import",
            "module.aci.module.aci_vrf.aci_rest_managed.dnsLbl",
            "module.aci.module.aci_vrf.aci_rest_managed.fvCtx",
            "module.aci.module.aci_vrf.aci_rest_managed.fvRsBgpCtxPol",
            "module.aci.module.aci_vrf.aci_rest_managed.fvRsCtxToBgpCtxAfPol_ipv4",
            "module.aci.module.aci_vrf.aci_rest_managed.fvRsCtxToBgpCtxAfPol_ipv6",
            "module.aci.module.aci_vrf.aci_rest_managed.igmpCtxP",
            "module.aci.module.aci_vrf.aci_rest_managed.igmpSSMXlateP",
            "module.aci.module.aci_vrf.aci_rest_managed.leakExternalPrefix",
            "module.aci.module.aci_vrf.aci_rest_managed.leakInternalSubnet",
            "module.aci.module.aci_vrf.aci_rest_managed.leakRoutes",
            "module.aci.module.aci_vrf.aci_rest_managed.leakTo_external",
            "module.aci.module.aci_vrf.aci_rest_managed.leakTo_internal",
            "module.aci.module.aci_vrf.aci_rest_managed.pimASMPatPol",
            "module.aci.module.aci_vrf.aci_rest_managed.pimAutoRPPol",
            "module.aci.module.aci_vrf.aci_rest_managed.pimBSRFilterPol",
            "module.aci.module.aci_vrf.aci_rest_managed.pimBSRPPol",
            "module.aci.module.aci_vrf.aci_rest_managed.pimCtxP",
            "module.aci.module.aci_vrf.aci_rest_managed.pimFabricRPPol",
            "module.aci.module.aci_vrf.aci_rest_managed.pimInterVRFEntryPol",
            "module.aci.module.aci_vrf.aci_rest_managed.pimInterVRFPol",
            "module.aci.module.aci_vrf.aci_rest_managed.pimMAFilterPol",
            "module.aci.module.aci_vrf.aci_rest_managed.pimRPGrpRangePol_fabric_rp",
            "module.aci.module.aci_vrf.aci_rest_managed.pimRPGrpRangePol_static_rp",
            "module.aci.module.aci_vrf.aci_rest_managed.pimRegTrPol",
            "module.aci.module.aci_vrf.aci_rest_managed.pimResPol",
            "module.aci.module.aci_vrf.aci_rest_managed.pimSGRangeExpPol",
            "module.aci.module.aci_vrf.aci_rest_managed.pimSSMPatPol",
            "module.aci.module.aci_vrf.aci_rest_managed.pimSSMRangePol",
            "module.aci.module.aci_vrf.aci_rest_managed.pimSharedRangePol",
            "module.aci.module.aci_vrf.aci_rest_managed.pimStaticRPEntryPol_fabric_rp",
            "module.aci.module.aci_vrf.aci_rest_managed.pimStaticRPEntryPol_static_rp",
            "module.aci.module.aci_vrf.aci_rest_managed.pimStaticRPPol",
            "module.aci.module.aci_vrf.aci_rest_managed.rtdmcRsFilterToRtMapPol_asm_sg_expiry",
            "module.aci.module.aci_vrf.aci_rest_managed.rtdmcRsFilterToRtMapPol_asm_shared",
            "module.aci.module.aci_vrf.aci_rest_managed.rtdmcRsFilterToRtMapPol_auto_rp",
            "module.aci.module.aci_vrf.aci_rest_managed.rtdmcRsFilterToRtMapPol_bsr",
            "module.aci.module.aci_vrf.aci_rest_managed.rtdmcRsFilterToRtMapPol_fabric_rp",
            "module.aci.module.aci_vrf.aci_rest_managed.rtdmcRsFilterToRtMapPol_pim_inter_vrf",
            "module.aci.module.aci_vrf.aci_rest_managed.rtdmcRsFilterToRtMapPol_ssm_range",
            "module.aci.module.aci_vrf.aci_rest_managed.rtdmcRsFilterToRtMapPol_static_rp",
            "module.aci.module.aci_vrf.aci_rest_managed.vzAny",
            "module.aci.module.aci_vrf.aci_rest_managed.vzRsAnyToCons",
            "module.aci.module.aci_vrf.aci_rest_managed.vzRsAnyToConsIf",
            "module.aci.module.aci_vrf.aci_rest_managed.vzRsAnyToProv"
          ]
        }
      ]
    },
    {
      "module": "module.aci.module.aci_bridge_domain[\"adossant/192.168.71.0_24\"]",
      "mode": "managed",
      "type": "aci_rest_managed",
      "name": "fvBD",
      "provider": "provider[\"registry.terraform.io/ciscodevnet/aci\"]",
      "instances": [
        {
          "schema_version": 0,
          "attributes": {
            "child": [],
            "class_name": "fvBD",
            "content": {
              "OptimizeWanBandwidth": "no",
              "arpFlood": "yes",
              "descr": "",
              "enableRogueExceptMac": "no",
              "epClear": "no",
              "epMoveDetectMode": "",
              "hostBasedRouting": "no",
              "intersiteBumTrafficAllow": "no",
              "intersiteL2Stretch": "no",
              "ipLearning": "yes",
              "ipv6McastAllow": "no",
              "limitIpLearnToSubnets": "yes",
              "llAddr": "::",
              "mac": "00:22:BD:F8:19:FF",
              "mcastARPDrop": "yes",
              "mcastAllow": "no",
              "multiDstPktAct": "bd-flood",
              "name": "192.168.71.0_24",
              "nameAlias": "",
              "ownerKey": "",
              "ownerTag": "",
              "type": "regular",
              "unicastRoute": "yes",
              "unkMacUcastAct": "proxy",
              "unkMcastAct": "flood",
              "userdom": ":all:common:",
              "v6unkMcastAct": "flood",
              "vmac": "not-applicable"
            },
            "dn": "uni/tn-adossant/BD-192.168.71.0_24",
            "id": "uni/tn-adossant/BD-192.168.71.0_24"
          },
          "sensitive_attributes": [],
          "private": "bnVsbA==",
          "dependencies": [
            "module.aci.data.utils_yaml_merge.defaults",
            "module.aci.data.utils_yaml_merge.model",
            "module.aci.module.aci_bfd_interface_policy.aci_rest_managed.bfdIfPol",
            "module.aci.module.aci_bgp_timer_policy.aci_rest_managed.bgpCtxPol",
            "module.aci.module.aci_contract.aci_rest_managed.vzBrCP",
            "module.aci.module.aci_contract.aci_rest_managed.vzRsSubjFiltAtt",
            "module.aci.module.aci_contract.aci_rest_managed.vzRsSubjGraphAtt",
            "module.aci.module.aci_contract.aci_rest_managed.vzSubj",
            "module.aci.module.aci_dhcp_option_policy.aci_rest_managed.dhcpOption",
            "module.aci.module.aci_dhcp_option_policy.aci_rest_managed.dhcpOptionPol",
            "module.aci.module.aci_dhcp_relay_policy.aci_rest_managed.dhcpRelayP",
            "module.aci.module.aci_dhcp_relay_policy.aci_rest_managed.dhcpRsProv",
            "module.aci.module.aci_filter.aci_rest_managed.vzEntry",
            "module.aci.module.aci_filter.aci_rest_managed.vzFilter",
            "module.aci.module.aci_imported_contract.aci_rest_managed.vzCPIf",
            "module.aci.module.aci_imported_contract.aci_rest_managed.vzRsIf",
            "module.aci.module.aci_l3out.aci_rest_managed.bgpExtP",
            "module.aci.module.aci_l3out.aci_rest_managed.l3extDefaultRouteLeakP",
            "module.aci.module.aci_l3out.aci_rest_managed.l3extOut",
            "module.aci.module.aci_l3out.aci_rest_managed.l3extRsDampeningPol_ipv4",
            "module.aci.module.aci_l3out.aci_rest_managed.l3extRsDampeningPol_ipv6",
            "module.aci.module.aci_l3out.aci_rest_managed.l3extRsEctx",
            "module.aci.module.aci_l3out.aci_rest_managed.l3extRsInterleakPol",
            "module.aci.module.aci_l3out.aci_rest_managed.l3extRsL3DomAtt",
            "module.aci.module.aci_l3out.aci_rest_managed.l3extRsRedistributePol",
            "module.aci.module.aci_l3out.aci_rest_managed.ospfExtP",
            "module.aci.module.aci_l3out.aci_rest_managed.pimExtP",
            "module.aci.module.aci_l3out.aci_rest_managed.rtctrlCtxP_export",
            "module.aci.module.aci_l3out.aci_rest_managed.rtctrlCtxP_import",
            "module.aci.module.aci_l3out.aci_rest_managed.rtctrlProfile_export",
            "module.aci.module.aci_l3out.aci_rest_managed.rtctrlProfile_import",
            "module.aci.module.aci_l3out.aci_rest_managed.rtctrlRsCtxPToSubjP_export",
            "module.aci.module.aci_l3out.aci_rest_managed.rtctrlRsCtxPToSubjP_import",
            "module.aci.module.aci_l3out.aci_rest_managed.rtctrlRsScopeToAttrP_export",
            "module.aci.module.aci_l3out.aci_rest_managed.rtctrlRsScopeToAttrP_import",
            "module.aci.module.aci_l3out.aci_rest_managed.rtctrlScope_export",
            "module.aci.module.aci_l3out.aci_rest_managed.rtctrlScope_import",
            "module.aci.module.aci_match_rule.aci_rest_managed.rtctrlMatchCommFactor",
            "module.aci.module.aci_match_rule.aci_rest_managed.rtctrlMatchCommRegexTerm",
            "module.aci.module.aci_match_rule.aci_rest_managed.rtctrlMatchCommTerm",
            "module.aci.module.aci_match_rule.aci_rest_managed.rtctrlMatchRtDest",
            "module.aci.module.aci_match_rule.aci_rest_managed.rtctrlSubjP",
            "module.aci.module.aci_ospf_interface_policy.aci_rest_managed.ospfIfPol",
            "module.aci.module.aci_set_rule.aci_rest_managed.rtctrlAttrP",
            "module.aci.module.aci_set_rule.aci_rest_managed.rtctrlSetASPath",
            "module.aci.module.aci_set_rule.aci_rest_managed.rtctrlSetASPathASN",
            "module.aci.module.aci_set_rule.aci_rest_managed.rtctrlSetAddComm",
            "module.aci.module.aci_set_rule.aci_rest_managed.rtctrlSetComm",
            "module.aci.module.aci_set_rule.aci_rest_managed.rtctrlSetDamp",
            "module.aci.module.aci_set_rule.aci_rest_managed.rtctrlSetNh",
            "module.aci.module.aci_set_rule.aci_rest_managed.rtctrlSetNhUnchanged",
            "module.aci.module.aci_set_rule.aci_rest_managed.rtctrlSetPref",
            "module.aci.module.aci_set_rule.aci_rest_managed.rtctrlSetRedistMultipath",
            "module.aci.module.aci_set_rule.aci_rest_managed.rtctrlSetRtMetric",
            "module.aci.module.aci_set_rule.aci_rest_managed.rtctrlSetRtMetricType",
            "module.aci.module.aci_set_rule.aci_rest_managed.rtctrlSetTag",
            "module.aci.module.aci_set_rule.aci_rest_managed.rtctrlSetWeight",
            "module.aci.module.aci_tenant.aci_rest_managed.fvTenant",
            "module.aci.module.aci_vrf.aci_rest_managed.bgpRtTargetP_ipv4",
            "module.aci.module.aci_vrf.aci_rest_managed.bgpRtTargetP_ipv6",
            "module.aci.module.aci_vrf.aci_rest_managed.bgpRtTarget_ipv4_export",
            "module.aci.module.aci_vrf.aci_rest_managed.bgpRtTarget_ipv4_import",
            "module.aci.module.aci_vrf.aci_rest_managed.bgpRtTarget_ipv6_export",
            "module.aci.module.aci_vrf.aci_rest_managed.bgpRtTarget_ipv6_import",
            "module.aci.module.aci_vrf.aci_rest_managed.dnsLbl",
            "module.aci.module.aci_vrf.aci_rest_managed.fvCtx",
            "module.aci.module.aci_vrf.aci_rest_managed.fvRsBgpCtxPol",
            "module.aci.module.aci_vrf.aci_rest_managed.fvRsCtxToBgpCtxAfPol_ipv4",
            "module.aci.module.aci_vrf.aci_rest_managed.fvRsCtxToBgpCtxAfPol_ipv6",
            "module.aci.module.aci_vrf.aci_rest_managed.igmpCtxP",
            "module.aci.module.aci_vrf.aci_rest_managed.igmpSSMXlateP",
            "module.aci.module.aci_vrf.aci_rest_managed.leakExternalPrefix",
            "module.aci.module.aci_vrf.aci_rest_managed.leakInternalSubnet",
            "module.aci.module.aci_vrf.aci_rest_managed.leakRoutes",
            "module.aci.module.aci_vrf.aci_rest_managed.leakTo_external",
            "module.aci.module.aci_vrf.aci_rest_managed.leakTo_internal",
            "module.aci.module.aci_vrf.aci_rest_managed.pimASMPatPol",
            "module.aci.module.aci_vrf.aci_rest_managed.pimAutoRPPol",
            "module.aci.module.aci_vrf.aci_rest_managed.pimBSRFilterPol",
            "module.aci.module.aci_vrf.aci_rest_managed.pimBSRPPol",
            "module.aci.module.aci_vrf.aci_rest_managed.pimCtxP",
            "module.aci.module.aci_vrf.aci_rest_managed.pimFabricRPPol",
            "module.aci.module.aci_vrf.aci_rest_managed.pimInterVRFEntryPol",
            "module.aci.module.aci_vrf.aci_rest_managed.pimInterVRFPol",
            "module.aci.module.aci_vrf.aci_rest_managed.pimMAFilterPol",
            "module.aci.module.aci_vrf.aci_rest_managed.pimRPGrpRangePol_fabric_rp",
            "module.aci.module.aci_vrf.aci_rest_managed.pimRPGrpRangePol_static_rp",
            "module.aci.module.aci_vrf.aci_rest_managed.pimRegTrPol",
            "module.aci.module.aci_vrf.aci_rest_managed.pimResPol",
            "module.aci.module.aci_vrf.aci_rest_managed.pimSGRangeExpPol",
            "module.aci.module.aci_vrf.aci_rest_managed.pimSSMPatPol",
            "module.aci.module.aci_vrf.aci_rest_managed.pimSSMRangePol",
            "module.aci.module.aci_vrf.aci_rest_managed.pimSharedRangePol",
            "module.aci.module.aci_vrf.aci_rest_managed.pimStaticRPEntryPol_fabric_rp",
            "module.aci.module.aci_vrf.aci_rest_managed.pimStaticRPEntryPol_static_rp",
            "module.aci.module.aci_vrf.aci_rest_managed.pimStaticRPPol",
            "module.aci.module.aci_vrf.aci_rest_managed.rtdmcRsFilterToRtMapPol_asm_sg_expiry",
            "module.aci.module.aci_vrf.aci_rest_managed.rtdmcRsFilterToRtMapPol_asm_shared",
            "module.aci.module.aci_vrf.aci_rest_managed.rtdmcRsFilterToRtMapPol_auto_rp",
            "module.aci.module.aci_vrf.aci_rest_managed.rtdmcRsFilterToRtMapPol_bsr",
            "module.aci.module.aci_vrf.aci_rest_managed.rtdmcRsFilterToRtMapPol_fabric_rp",
            "module.aci.module.aci_vrf.aci_rest_managed.rtdmcRsFilterToRtMapPol_pim_inter_vrf",
            "module.aci.module.aci_vrf.aci_rest_managed.rtdmcRsFilterToRtMapPol_ssm_range",
            "module.aci.module.aci_vrf.aci_rest_managed.rtdmcRsFilterToRtMapPol_static_rp",
            "module.aci.module.aci_vrf.aci_rest_managed.vzAny",
            "module.aci.module.aci_vrf.aci_rest_managed.vzRsAnyToCons",
            "module.aci.module.aci_vrf.aci_rest_managed.vzRsAnyToConsIf",
            "module.aci.module.aci_vrf.aci_rest_managed.vzRsAnyToProv"
          ]
        }
      ]
    },
    {
      "module": "module.aci.module.aci_bridge_domain[\"adossant/192.168.71.0_24\"]",
      "mode": "managed",
      "type": "aci_rest_managed",
      "name": "fvRsCtx",
      "provider": "provider[\"registry.terraform.io/ciscodevnet/aci\"]",
      "instances": [
        {
          "schema_version": 0,
          "attributes": {
            "child": [],
            "class_name": "fvRsCtx",
            "content": {
              "tnFvCtxName": "vrf-01",
              "userdom": "all"
            },
            "dn": "uni/tn-adossant/BD-192.168.71.0_24/rsctx",
            "id": "uni/tn-adossant/BD-192.168.71.0_24/rsctx"
          },
          "sensitive_attributes": [],
          "private": "bnVsbA==",
          "dependencies": [
            "module.aci.data.utils_yaml_merge.defaults",
            "module.aci.data.utils_yaml_merge.model",
            "module.aci.module.aci_bfd_interface_policy.aci_rest_managed.bfdIfPol",
            "module.aci.module.aci_bgp_timer_policy.aci_rest_managed.bgpCtxPol",
            "module.aci.module.aci_bridge_domain.aci_rest_managed.fvBD",
            "module.aci.module.aci_contract.aci_rest_managed.vzBrCP",
            "module.aci.module.aci_contract.aci_rest_managed.vzRsSubjFiltAtt",
            "module.aci.module.aci_contract.aci_rest_managed.vzRsSubjGraphAtt",
            "module.aci.module.aci_contract.aci_rest_managed.vzSubj",
            "module.aci.module.aci_dhcp_option_policy.aci_rest_managed.dhcpOption",
            "module.aci.module.aci_dhcp_option_policy.aci_rest_managed.dhcpOptionPol",
            "module.aci.module.aci_dhcp_relay_policy.aci_rest_managed.dhcpRelayP",
            "module.aci.module.aci_dhcp_relay_policy.aci_rest_managed.dhcpRsProv",
            "module.aci.module.aci_filter.aci_rest_managed.vzEntry",
            "module.aci.module.aci_filter.aci_rest_managed.vzFilter",
            "module.aci.module.aci_imported_contract.aci_rest_managed.vzCPIf",
            "module.aci.module.aci_imported_contract.aci_rest_managed.vzRsIf",
            "module.aci.module.aci_l3out.aci_rest_managed.bgpExtP",
            "module.aci.module.aci_l3out.aci_rest_managed.l3extDefaultRouteLeakP",
            "module.aci.module.aci_l3out.aci_rest_managed.l3extOut",
            "module.aci.module.aci_l3out.aci_rest_managed.l3extRsDampeningPol_ipv4",
            "module.aci.module.aci_l3out.aci_rest_managed.l3extRsDampeningPol_ipv6",
            "module.aci.module.aci_l3out.aci_rest_managed.l3extRsEctx",
            "module.aci.module.aci_l3out.aci_rest_managed.l3extRsInterleakPol",
            "module.aci.module.aci_l3out.aci_rest_managed.l3extRsL3DomAtt",
            "module.aci.module.aci_l3out.aci_rest_managed.l3extRsRedistributePol",
            "module.aci.module.aci_l3out.aci_rest_managed.ospfExtP",
            "module.aci.module.aci_l3out.aci_rest_managed.pimExtP",
            "module.aci.module.aci_l3out.aci_rest_managed.rtctrlCtxP_export",
            "module.aci.module.aci_l3out.aci_rest_managed.rtctrlCtxP_import",
            "module.aci.module.aci_l3out.aci_rest_managed.rtctrlProfile_export",
            "module.aci.module.aci_l3out.aci_rest_managed.rtctrlProfile_import",
            "module.aci.module.aci_l3out.aci_rest_managed.rtctrlRsCtxPToSubjP_export",
            "module.aci.module.aci_l3out.aci_rest_managed.rtctrlRsCtxPToSubjP_import",
            "module.aci.module.aci_l3out.aci_rest_managed.rtctrlRsScopeToAttrP_export",
            "module.aci.module.aci_l3out.aci_rest_managed.rtctrlRsScopeToAttrP_import",
            "module.aci.module.aci_l3out.aci_rest_managed.rtctrlScope_export",
            "module.aci.module.aci_l3out.aci_rest_managed.rtctrlScope_import",
            "module.aci.module.aci_match_rule.aci_rest_managed.rtctrlMatchCommFactor",
            "module.aci.module.aci_match_rule.aci_rest_managed.rtctrlMatchCommRegexTerm",
            "module.aci.module.aci_match_rule.aci_rest_managed.rtctrlMatchCommTerm",
            "module.aci.module.aci_match_rule.aci_rest_managed.rtctrlMatchRtDest",
            "module.aci.module.aci_match_rule.aci_rest_managed.rtctrlSubjP",
            "module.aci.module.aci_ospf_interface_policy.aci_rest_managed.ospfIfPol",
            "module.aci.module.aci_set_rule.aci_rest_managed.rtctrlAttrP",
            "module.aci.module.aci_set_rule.aci_rest_managed.rtctrlSetASPath",
            "module.aci.module.aci_set_rule.aci_rest_managed.rtctrlSetASPathASN",
            "module.aci.module.aci_set_rule.aci_rest_managed.rtctrlSetAddComm",
            "module.aci.module.aci_set_rule.aci_rest_managed.rtctrlSetComm",
            "module.aci.module.aci_set_rule.aci_rest_managed.rtctrlSetDamp",
            "module.aci.module.aci_set_rule.aci_rest_managed.rtctrlSetNh",
            "module.aci.module.aci_set_rule.aci_rest_managed.rtctrlSetNhUnchanged",
            "module.aci.module.aci_set_rule.aci_rest_managed.rtctrlSetPref",
            "module.aci.module.aci_set_rule.aci_rest_managed.rtctrlSetRedistMultipath",
            "module.aci.module.aci_set_rule.aci_rest_managed.rtctrlSetRtMetric",
            "module.aci.module.aci_set_rule.aci_rest_managed.rtctrlSetRtMetricType",
            "module.aci.module.aci_set_rule.aci_rest_managed.rtctrlSetTag",
            "module.aci.module.aci_set_rule.aci_rest_managed.rtctrlSetWeight",
            "module.aci.module.aci_tenant.aci_rest_managed.fvTenant",
            "module.aci.module.aci_vrf.aci_rest_managed.bgpRtTargetP_ipv4",
            "module.aci.module.aci_vrf.aci_rest_managed.bgpRtTargetP_ipv6",
            "module.aci.module.aci_vrf.aci_rest_managed.bgpRtTarget_ipv4_export",
            "module.aci.module.aci_vrf.aci_rest_managed.bgpRtTarget_ipv4_import",
            "module.aci.module.aci_vrf.aci_rest_managed.bgpRtTarget_ipv6_export",
            "module.aci.module.aci_vrf.aci_rest_managed.bgpRtTarget_ipv6_import",
            "module.aci.module.aci_vrf.aci_rest_managed.dnsLbl",
            "module.aci.module.aci_vrf.aci_rest_managed.fvCtx",
            "module.aci.module.aci_vrf.aci_rest_managed.fvRsBgpCtxPol",
            "module.aci.module.aci_vrf.aci_rest_managed.fvRsCtxToBgpCtxAfPol_ipv4",
            "module.aci.module.aci_vrf.aci_rest_managed.fvRsCtxToBgpCtxAfPol_ipv6",
            "module.aci.module.aci_vrf.aci_rest_managed.igmpCtxP",
            "module.aci.module.aci_vrf.aci_rest_managed.igmpSSMXlateP",
            "module.aci.module.aci_vrf.aci_rest_managed.leakExternalPrefix",
            "module.aci.module.aci_vrf.aci_rest_managed.leakInternalSubnet",
            "module.aci.module.aci_vrf.aci_rest_managed.leakRoutes",
            "module.aci.module.aci_vrf.aci_rest_managed.leakTo_external",
            "module.aci.module.aci_vrf.aci_rest_managed.leakTo_internal",
            "module.aci.module.aci_vrf.aci_rest_managed.pimASMPatPol",
            "module.aci.module.aci_vrf.aci_rest_managed.pimAutoRPPol",
            "module.aci.module.aci_vrf.aci_rest_managed.pimBSRFilterPol",
            "module.aci.module.aci_vrf.aci_rest_managed.pimBSRPPol",
            "module.aci.module.aci_vrf.aci_rest_managed.pimCtxP",
            "module.aci.module.aci_vrf.aci_rest_managed.pimFabricRPPol",
            "module.aci.module.aci_vrf.aci_rest_managed.pimInterVRFEntryPol",
            "module.aci.module.aci_vrf.aci_rest_managed.pimInterVRFPol",
            "module.aci.module.aci_vrf.aci_rest_managed.pimMAFilterPol",
            "module.aci.module.aci_vrf.aci_rest_managed.pimRPGrpRangePol_fabric_rp",
            "module.aci.module.aci_vrf.aci_rest_managed.pimRPGrpRangePol_static_rp",
            "module.aci.module.aci_vrf.aci_rest_managed.pimRegTrPol",
            "module.aci.module.aci_vrf.aci_rest_managed.pimResPol",
            "module.aci.module.aci_vrf.aci_rest_managed.pimSGRangeExpPol",
            "module.aci.module.aci_vrf.aci_rest_managed.pimSSMPatPol",
            "module.aci.module.aci_vrf.aci_rest_managed.pimSSMRangePol",
            "module.aci.module.aci_vrf.aci_rest_managed.pimSharedRangePol",
            "module.aci.module.aci_vrf.aci_rest_managed.pimStaticRPEntryPol_fabric_rp",
            "module.aci.module.aci_vrf.aci_rest_managed.pimStaticRPEntryPol_static_rp",
            "module.aci.module.aci_vrf.aci_rest_managed.pimStaticRPPol",
            "module.aci.module.aci_vrf.aci_rest_managed.rtdmcRsFilterToRtMapPol_asm_sg_expiry",
            "module.aci.module.aci_vrf.aci_rest_managed.rtdmcRsFilterToRtMapPol_asm_shared",
            "module.aci.module.aci_vrf.aci_rest_managed.rtdmcRsFilterToRtMapPol_auto_rp",
            "module.aci.module.aci_vrf.aci_rest_managed.rtdmcRsFilterToRtMapPol_bsr",
            "module.aci.module.aci_vrf.aci_rest_managed.rtdmcRsFilterToRtMapPol_fabric_rp",
            "module.aci.module.aci_vrf.aci_rest_managed.rtdmcRsFilterToRtMapPol_pim_inter_vrf",
            "module.aci.module.aci_vrf.aci_rest_managed.rtdmcRsFilterToRtMapPol_ssm_range",
            "module.aci.module.aci_vrf.aci_rest_managed.rtdmcRsFilterToRtMapPol_static_rp",
            "module.aci.module.aci_vrf.aci_rest_managed.vzAny",
            "module.aci.module.aci_vrf.aci_rest_managed.vzRsAnyToCons",
            "module.aci.module.aci_vrf.aci_rest_managed.vzRsAnyToConsIf",
            "module.aci.module.aci_vrf.aci_rest_managed.vzRsAnyToProv"
          ]
        }
      ]
    },
    {
      "module": "module.aci.module.aci_bridge_domain[\"adossant/192.168.71.0_24\"]",
      "mode": "managed",
      "type": "aci_rest_managed",
      "name": "fvSubnet",
      "provider": "provider[\"registry.terraform.io/ciscodevnet/aci\"]",
      "instances": [
        {
          "index_key": "192.168.71.1/24",
          "schema_version": 0,
          "attributes": {
            "child": [],
            "class_name": "fvSubnet",
            "content": {
              "ctrl": "",
              "descr": "",
              "ip": "192.168.71.1/24",
              "ipDPLearning": "enabled",
              "name": "",
              "nameAlias": "",
              "preferred": "no",
              "scope": "public,shared",
              "userdom": ":all:common:",
              "virtual": "no"
            },
            "dn": "uni/tn-adossant/BD-192.168.71.0_24/subnet-[192.168.71.1/24]",
            "id": "uni/tn-adossant/BD-192.168.71.0_24/subnet-[192.168.71.1/24]"
          },
          "sensitive_attributes": [],
          "private": "bnVsbA==",
          "dependencies": [
            "module.aci.data.utils_yaml_merge.defaults",
            "module.aci.data.utils_yaml_merge.model",
            "module.aci.module.aci_bfd_interface_policy.aci_rest_managed.bfdIfPol",
            "module.aci.module.aci_bgp_timer_policy.aci_rest_managed.bgpCtxPol",
            "module.aci.module.aci_bridge_domain.aci_rest_managed.fvBD",
            "module.aci.module.aci_bridge_domain.aci_rest_managed.fvRsCtx",
            "module.aci.module.aci_contract.aci_rest_managed.vzBrCP",
            "module.aci.module.aci_contract.aci_rest_managed.vzRsSubjFiltAtt",
            "module.aci.module.aci_contract.aci_rest_managed.vzRsSubjGraphAtt",
            "module.aci.module.aci_contract.aci_rest_managed.vzSubj",
            "module.aci.module.aci_dhcp_option_policy.aci_rest_managed.dhcpOption",
            "module.aci.module.aci_dhcp_option_policy.aci_rest_managed.dhcpOptionPol",
            "module.aci.module.aci_dhcp_relay_policy.aci_rest_managed.dhcpRelayP",
            "module.aci.module.aci_dhcp_relay_policy.aci_rest_managed.dhcpRsProv",
            "module.aci.module.aci_filter.aci_rest_managed.vzEntry",
            "module.aci.module.aci_filter.aci_rest_managed.vzFilter",
            "module.aci.module.aci_imported_contract.aci_rest_managed.vzCPIf",
            "module.aci.module.aci_imported_contract.aci_rest_managed.vzRsIf",
            "module.aci.module.aci_l3out.aci_rest_managed.bgpExtP",
            "module.aci.module.aci_l3out.aci_rest_managed.l3extDefaultRouteLeakP",
            "module.aci.module.aci_l3out.aci_rest_managed.l3extOut",
            "module.aci.module.aci_l3out.aci_rest_managed.l3extRsDampeningPol_ipv4",
            "module.aci.module.aci_l3out.aci_rest_managed.l3extRsDampeningPol_ipv6",
            "module.aci.module.aci_l3out.aci_rest_managed.l3extRsEctx",
            "module.aci.module.aci_l3out.aci_rest_managed.l3extRsInterleakPol",
            "module.aci.module.aci_l3out.aci_rest_managed.l3extRsL3DomAtt",
            "module.aci.module.aci_l3out.aci_rest_managed.l3extRsRedistributePol",
            "module.aci.module.aci_l3out.aci_rest_managed.ospfExtP",
            "module.aci.module.aci_l3out.aci_rest_managed.pimExtP",
            "module.aci.module.aci_l3out.aci_rest_managed.rtctrlCtxP_export",
            "module.aci.module.aci_l3out.aci_rest_managed.rtctrlCtxP_import",
            "module.aci.module.aci_l3out.aci_rest_managed.rtctrlProfile_export",
            "module.aci.module.aci_l3out.aci_rest_managed.rtctrlProfile_import",
            "module.aci.module.aci_l3out.aci_rest_managed.rtctrlRsCtxPToSubjP_export",
            "module.aci.module.aci_l3out.aci_rest_managed.rtctrlRsCtxPToSubjP_import",
            "module.aci.module.aci_l3out.aci_rest_managed.rtctrlRsScopeToAttrP_export",
            "module.aci.module.aci_l3out.aci_rest_managed.rtctrlRsScopeToAttrP_import",
            "module.aci.module.aci_l3out.aci_rest_managed.rtctrlScope_export",
            "module.aci.module.aci_l3out.aci_rest_managed.rtctrlScope_import",
            "module.aci.module.aci_match_rule.aci_rest_managed.rtctrlMatchCommFactor",
            "module.aci.module.aci_match_rule.aci_rest_managed.rtctrlMatchCommRegexTerm",
            "module.aci.module.aci_match_rule.aci_rest_managed.rtctrlMatchCommTerm",
            "module.aci.module.aci_match_rule.aci_rest_managed.rtctrlMatchRtDest",
            "module.aci.module.aci_match_rule.aci_rest_managed.rtctrlSubjP",
            "module.aci.module.aci_ospf_interface_policy.aci_rest_managed.ospfIfPol",
            "module.aci.module.aci_set_rule.aci_rest_managed.rtctrlAttrP",
            "module.aci.module.aci_set_rule.aci_rest_managed.rtctrlSetASPath",
            "module.aci.module.aci_set_rule.aci_rest_managed.rtctrlSetASPathASN",
            "module.aci.module.aci_set_rule.aci_rest_managed.rtctrlSetAddComm",
            "module.aci.module.aci_set_rule.aci_rest_managed.rtctrlSetComm",
            "module.aci.module.aci_set_rule.aci_rest_managed.rtctrlSetDamp",
            "module.aci.module.aci_set_rule.aci_rest_managed.rtctrlSetNh",
            "module.aci.module.aci_set_rule.aci_rest_managed.rtctrlSetNhUnchanged",
            "module.aci.module.aci_set_rule.aci_rest_managed.rtctrlSetPref",
            "module.aci.module.aci_set_rule.aci_rest_managed.rtctrlSetRedistMultipath",
            "module.aci.module.aci_set_rule.aci_rest_managed.rtctrlSetRtMetric",
            "module.aci.module.aci_set_rule.aci_rest_managed.rtctrlSetRtMetricType",
            "module.aci.module.aci_set_rule.aci_rest_managed.rtctrlSetTag",
            "module.aci.module.aci_set_rule.aci_rest_managed.rtctrlSetWeight",
            "module.aci.module.aci_tenant.aci_rest_managed.fvTenant",
            "module.aci.module.aci_vrf.aci_rest_managed.bgpRtTargetP_ipv4",
            "module.aci.module.aci_vrf.aci_rest_managed.bgpRtTargetP_ipv6",
            "module.aci.module.aci_vrf.aci_rest_managed.bgpRtTarget_ipv4_export",
            "module.aci.module.aci_vrf.aci_rest_managed.bgpRtTarget_ipv4_import",
            "module.aci.module.aci_vrf.aci_rest_managed.bgpRtTarget_ipv6_export",
            "module.aci.module.aci_vrf.aci_rest_managed.bgpRtTarget_ipv6_import",
            "module.aci.module.aci_vrf.aci_rest_managed.dnsLbl",
            "module.aci.module.aci_vrf.aci_rest_managed.fvCtx",
            "module.aci.module.aci_vrf.aci_rest_managed.fvRsBgpCtxPol",
            "module.aci.module.aci_vrf.aci_rest_managed.fvRsCtxToBgpCtxAfPol_ipv4",
            "module.aci.module.aci_vrf.aci_rest_managed.fvRsCtxToBgpCtxAfPol_ipv6",
            "module.aci.module.aci_vrf.aci_rest_managed.igmpCtxP",
            "module.aci.module.aci_vrf.aci_rest_managed.igmpSSMXlateP",
            "module.aci.module.aci_vrf.aci_rest_managed.leakExternalPrefix",
            "module.aci.module.aci_vrf.aci_rest_managed.leakInternalSubnet",
            "module.aci.module.aci_vrf.aci_rest_managed.leakRoutes",
            "module.aci.module.aci_vrf.aci_rest_managed.leakTo_external",
            "module.aci.module.aci_vrf.aci_rest_managed.leakTo_internal",
            "module.aci.module.aci_vrf.aci_rest_managed.pimASMPatPol",
            "module.aci.module.aci_vrf.aci_rest_managed.pimAutoRPPol",
            "module.aci.module.aci_vrf.aci_rest_managed.pimBSRFilterPol",
            "module.aci.module.aci_vrf.aci_rest_managed.pimBSRPPol",
            "module.aci.module.aci_vrf.aci_rest_managed.pimCtxP",
            "module.aci.module.aci_vrf.aci_rest_managed.pimFabricRPPol",
            "module.aci.module.aci_vrf.aci_rest_managed.pimInterVRFEntryPol",
            "module.aci.module.aci_vrf.aci_rest_managed.pimInterVRFPol",
            "module.aci.module.aci_vrf.aci_rest_managed.pimMAFilterPol",
            "module.aci.module.aci_vrf.aci_rest_managed.pimRPGrpRangePol_fabric_rp",
            "module.aci.module.aci_vrf.aci_rest_managed.pimRPGrpRangePol_static_rp",
            "module.aci.module.aci_vrf.aci_rest_managed.pimRegTrPol",
            "module.aci.module.aci_vrf.aci_rest_managed.pimResPol",
            "module.aci.module.aci_vrf.aci_rest_managed.pimSGRangeExpPol",
            "module.aci.module.aci_vrf.aci_rest_managed.pimSSMPatPol",
            "module.aci.module.aci_vrf.aci_rest_managed.pimSSMRangePol",
            "module.aci.module.aci_vrf.aci_rest_managed.pimSharedRangePol",
            "module.aci.module.aci_vrf.aci_rest_managed.pimStaticRPEntryPol_fabric_rp",
            "module.aci.module.aci_vrf.aci_rest_managed.pimStaticRPEntryPol_static_rp",
            "module.aci.module.aci_vrf.aci_rest_managed.pimStaticRPPol",
            "module.aci.module.aci_vrf.aci_rest_managed.rtdmcRsFilterToRtMapPol_asm_sg_expiry",
            "module.aci.module.aci_vrf.aci_rest_managed.rtdmcRsFilterToRtMapPol_asm_shared",
            "module.aci.module.aci_vrf.aci_rest_managed.rtdmcRsFilterToRtMapPol_auto_rp",
            "module.aci.module.aci_vrf.aci_rest_managed.rtdmcRsFilterToRtMapPol_bsr",
            "module.aci.module.aci_vrf.aci_rest_managed.rtdmcRsFilterToRtMapPol_fabric_rp",
            "module.aci.module.aci_vrf.aci_rest_managed.rtdmcRsFilterToRtMapPol_pim_inter_vrf",
            "module.aci.module.aci_vrf.aci_rest_managed.rtdmcRsFilterToRtMapPol_ssm_range",
            "module.aci.module.aci_vrf.aci_rest_managed.rtdmcRsFilterToRtMapPol_static_rp",
            "module.aci.module.aci_vrf.aci_rest_managed.vzAny",
            "module.aci.module.aci_vrf.aci_rest_managed.vzRsAnyToCons",
            "module.aci.module.aci_vrf.aci_rest_managed.vzRsAnyToConsIf",
            "module.aci.module.aci_vrf.aci_rest_managed.vzRsAnyToProv"
          ]
        }
      ]
    },
    {
      "module": "module.aci.module.aci_bridge_domain[\"adossant/192.168.72.0_24\"]",
      "mode": "managed",
      "type": "aci_rest_managed",
      "name": "dhcpLbl",
      "provider": "provider[\"registry.terraform.io/ciscodevnet/aci\"]",
      "instances": [
        {
          "index_key": "dhcp.uktme.cisco.com",
          "schema_version": 0,
          "attributes": {
            "child": [],
            "class_name": "dhcpLbl",
            "content": {
              "descr": "",
              "name": "dhcp.uktme.cisco.com",
              "nameAlias": "",
              "owner": "tenant",
              "ownerKey": "",
              "ownerTag": "",
              "tag": "yellow-green",
              "userdom": ":all:common:"
            },
            "dn": "uni/tn-adossant/BD-192.168.72.0_24/dhcplbl-dhcp.uktme.cisco.com",
            "id": "uni/tn-adossant/BD-192.168.72.0_24/dhcplbl-dhcp.uktme.cisco.com"
          },
          "sensitive_attributes": [],
          "private": "bnVsbA==",
          "dependencies": [
            "module.aci.data.utils_yaml_merge.defaults",
            "module.aci.data.utils_yaml_merge.model",
            "module.aci.module.aci_bfd_interface_policy.aci_rest_managed.bfdIfPol",
            "module.aci.module.aci_bgp_timer_policy.aci_rest_managed.bgpCtxPol",
            "module.aci.module.aci_bridge_domain.aci_rest_managed.fvBD",
            "module.aci.module.aci_bridge_domain.aci_rest_managed.fvRsCtx",
            "module.aci.module.aci_contract.aci_rest_managed.vzBrCP",
            "module.aci.module.aci_contract.aci_rest_managed.vzRsSubjFiltAtt",
            "module.aci.module.aci_contract.aci_rest_managed.vzRsSubjGraphAtt",
            "module.aci.module.aci_contract.aci_rest_managed.vzSubj",
            "module.aci.module.aci_dhcp_option_policy.aci_rest_managed.dhcpOption",
            "module.aci.module.aci_dhcp_option_policy.aci_rest_managed.dhcpOptionPol",
            "module.aci.module.aci_dhcp_relay_policy.aci_rest_managed.dhcpRelayP",
            "module.aci.module.aci_dhcp_relay_policy.aci_rest_managed.dhcpRsProv",
            "module.aci.module.aci_filter.aci_rest_managed.vzEntry",
            "module.aci.module.aci_filter.aci_rest_managed.vzFilter",
            "module.aci.module.aci_imported_contract.aci_rest_managed.vzCPIf",
            "module.aci.module.aci_imported_contract.aci_rest_managed.vzRsIf",
            "module.aci.module.aci_l3out.aci_rest_managed.bgpExtP",
            "module.aci.module.aci_l3out.aci_rest_managed.l3extDefaultRouteLeakP",
            "module.aci.module.aci_l3out.aci_rest_managed.l3extOut",
            "module.aci.module.aci_l3out.aci_rest_managed.l3extRsDampeningPol_ipv4",
            "module.aci.module.aci_l3out.aci_rest_managed.l3extRsDampeningPol_ipv6",
            "module.aci.module.aci_l3out.aci_rest_managed.l3extRsEctx",
            "module.aci.module.aci_l3out.aci_rest_managed.l3extRsInterleakPol",
            "module.aci.module.aci_l3out.aci_rest_managed.l3extRsL3DomAtt",
            "module.aci.module.aci_l3out.aci_rest_managed.l3extRsRedistributePol",
            "module.aci.module.aci_l3out.aci_rest_managed.ospfExtP",
            "module.aci.module.aci_l3out.aci_rest_managed.pimExtP",
            "module.aci.module.aci_l3out.aci_rest_managed.rtctrlCtxP_export",
            "module.aci.module.aci_l3out.aci_rest_managed.rtctrlCtxP_import",
            "module.aci.module.aci_l3out.aci_rest_managed.rtctrlProfile_export",
            "module.aci.module.aci_l3out.aci_rest_managed.rtctrlProfile_import",
            "module.aci.module.aci_l3out.aci_rest_managed.rtctrlRsCtxPToSubjP_export",
            "module.aci.module.aci_l3out.aci_rest_managed.rtctrlRsCtxPToSubjP_import",
            "module.aci.module.aci_l3out.aci_rest_managed.rtctrlRsScopeToAttrP_export",
            "module.aci.module.aci_l3out.aci_rest_managed.rtctrlRsScopeToAttrP_import",
            "module.aci.module.aci_l3out.aci_rest_managed.rtctrlScope_export",
            "module.aci.module.aci_l3out.aci_rest_managed.rtctrlScope_import",
            "module.aci.module.aci_match_rule.aci_rest_managed.rtctrlMatchCommFactor",
            "module.aci.module.aci_match_rule.aci_rest_managed.rtctrlMatchCommRegexTerm",
            "module.aci.module.aci_match_rule.aci_rest_managed.rtctrlMatchCommTerm",
            "module.aci.module.aci_match_rule.aci_rest_managed.rtctrlMatchRtDest",
            "module.aci.module.aci_match_rule.aci_rest_managed.rtctrlSubjP",
            "module.aci.module.aci_ospf_interface_policy.aci_rest_managed.ospfIfPol",
            "module.aci.module.aci_set_rule.aci_rest_managed.rtctrlAttrP",
            "module.aci.module.aci_set_rule.aci_rest_managed.rtctrlSetASPath",
            "module.aci.module.aci_set_rule.aci_rest_managed.rtctrlSetASPathASN",
            "module.aci.module.aci_set_rule.aci_rest_managed.rtctrlSetAddComm",
            "module.aci.module.aci_set_rule.aci_rest_managed.rtctrlSetComm",
            "module.aci.module.aci_set_rule.aci_rest_managed.rtctrlSetDamp",
            "module.aci.module.aci_set_rule.aci_rest_managed.rtctrlSetNh",
            "module.aci.module.aci_set_rule.aci_rest_managed.rtctrlSetNhUnchanged",
            "module.aci.module.aci_set_rule.aci_rest_managed.rtctrlSetPref",
            "module.aci.module.aci_set_rule.aci_rest_managed.rtctrlSetRedistMultipath",
            "module.aci.module.aci_set_rule.aci_rest_managed.rtctrlSetRtMetric",
            "module.aci.module.aci_set_rule.aci_rest_managed.rtctrlSetRtMetricType",
            "module.aci.module.aci_set_rule.aci_rest_managed.rtctrlSetTag",
            "module.aci.module.aci_set_rule.aci_rest_managed.rtctrlSetWeight",
            "module.aci.module.aci_tenant.aci_rest_managed.fvTenant",
            "module.aci.module.aci_vrf.aci_rest_managed.bgpRtTargetP_ipv4",
            "module.aci.module.aci_vrf.aci_rest_managed.bgpRtTargetP_ipv6",
            "module.aci.module.aci_vrf.aci_rest_managed.bgpRtTarget_ipv4_export",
            "module.aci.module.aci_vrf.aci_rest_managed.bgpRtTarget_ipv4_import",
            "module.aci.module.aci_vrf.aci_rest_managed.bgpRtTarget_ipv6_export",
            "module.aci.module.aci_vrf.aci_rest_managed.bgpRtTarget_ipv6_import",
            "module.aci.module.aci_vrf.aci_rest_managed.dnsLbl",
            "module.aci.module.aci_vrf.aci_rest_managed.fvCtx",
            "module.aci.module.aci_vrf.aci_rest_managed.fvRsBgpCtxPol",
            "module.aci.module.aci_vrf.aci_rest_managed.fvRsCtxToBgpCtxAfPol_ipv4",
            "module.aci.module.aci_vrf.aci_rest_managed.fvRsCtxToBgpCtxAfPol_ipv6",
            "module.aci.module.aci_vrf.aci_rest_managed.igmpCtxP",
            "module.aci.module.aci_vrf.aci_rest_managed.igmpSSMXlateP",
            "module.aci.module.aci_vrf.aci_rest_managed.leakExternalPrefix",
            "module.aci.module.aci_vrf.aci_rest_managed.leakInternalSubnet",
            "module.aci.module.aci_vrf.aci_rest_managed.leakRoutes",
            "module.aci.module.aci_vrf.aci_rest_managed.leakTo_external",
            "module.aci.module.aci_vrf.aci_rest_managed.leakTo_internal",
            "module.aci.module.aci_vrf.aci_rest_managed.pimASMPatPol",
            "module.aci.module.aci_vrf.aci_rest_managed.pimAutoRPPol",
            "module.aci.module.aci_vrf.aci_rest_managed.pimBSRFilterPol",
            "module.aci.module.aci_vrf.aci_rest_managed.pimBSRPPol",
            "module.aci.module.aci_vrf.aci_rest_managed.pimCtxP",
            "module.aci.module.aci_vrf.aci_rest_managed.pimFabricRPPol",
            "module.aci.module.aci_vrf.aci_rest_managed.pimInterVRFEntryPol",
            "module.aci.module.aci_vrf.aci_rest_managed.pimInterVRFPol",
            "module.aci.module.aci_vrf.aci_rest_managed.pimMAFilterPol",
            "module.aci.module.aci_vrf.aci_rest_managed.pimRPGrpRangePol_fabric_rp",
            "module.aci.module.aci_vrf.aci_rest_managed.pimRPGrpRangePol_static_rp",
            "module.aci.module.aci_vrf.aci_rest_managed.pimRegTrPol",
            "module.aci.module.aci_vrf.aci_rest_managed.pimResPol",
            "module.aci.module.aci_vrf.aci_rest_managed.pimSGRangeExpPol",
            "module.aci.module.aci_vrf.aci_rest_managed.pimSSMPatPol",
            "module.aci.module.aci_vrf.aci_rest_managed.pimSSMRangePol",
            "module.aci.module.aci_vrf.aci_rest_managed.pimSharedRangePol",
            "module.aci.module.aci_vrf.aci_rest_managed.pimStaticRPEntryPol_fabric_rp",
            "module.aci.module.aci_vrf.aci_rest_managed.pimStaticRPEntryPol_static_rp",
            "module.aci.module.aci_vrf.aci_rest_managed.pimStaticRPPol",
            "module.aci.module.aci_vrf.aci_rest_managed.rtdmcRsFilterToRtMapPol_asm_sg_expiry",
            "module.aci.module.aci_vrf.aci_rest_managed.rtdmcRsFilterToRtMapPol_asm_shared",
            "module.aci.module.aci_vrf.aci_rest_managed.rtdmcRsFilterToRtMapPol_auto_rp",
            "module.aci.module.aci_vrf.aci_rest_managed.rtdmcRsFilterToRtMapPol_bsr",
            "module.aci.module.aci_vrf.aci_rest_managed.rtdmcRsFilterToRtMapPol_fabric_rp",
            "module.aci.module.aci_vrf.aci_rest_managed.rtdmcRsFilterToRtMapPol_pim_inter_vrf",
            "module.aci.module.aci_vrf.aci_rest_managed.rtdmcRsFilterToRtMapPol_ssm_range",
            "module.aci.module.aci_vrf.aci_rest_managed.rtdmcRsFilterToRtMapPol_static_rp",
            "module.aci.module.aci_vrf.aci_rest_managed.vzAny",
            "module.aci.module.aci_vrf.aci_rest_managed.vzRsAnyToCons",
            "module.aci.module.aci_vrf.aci_rest_managed.vzRsAnyToConsIf",
            "module.aci.module.aci_vrf.aci_rest_managed.vzRsAnyToProv"
          ]
        }
      ]
    },
    {
      "module": "module.aci.module.aci_bridge_domain[\"adossant/192.168.72.0_24\"]",
      "mode": "managed",
      "type": "aci_rest_managed",
      "name": "dhcpRsDhcpOptionPol",
      "provider": "provider[\"registry.terraform.io/ciscodevnet/aci\"]",
      "instances": [
        {
          "index_key": "dhcp.uktme.cisco.com",
          "schema_version": 0,
          "attributes": {
            "child": [],
            "class_name": "dhcpRsDhcpOptionPol",
            "content": {
              "tnDhcpOptionPolName": "",
              "userdom": "all"
            },
            "dn": "uni/tn-adossant/BD-192.168.72.0_24/dhcplbl-dhcp.uktme.cisco.com/rsdhcpOptionPol",
            "id": "uni/tn-adossant/BD-192.168.72.0_24/dhcplbl-dhcp.uktme.cisco.com/rsdhcpOptionPol"
          },
          "sensitive_attributes": [],
          "private": "bnVsbA==",
          "dependencies": [
            "module.aci.data.utils_yaml_merge.defaults",
            "module.aci.data.utils_yaml_merge.model",
            "module.aci.module.aci_bfd_interface_policy.aci_rest_managed.bfdIfPol",
            "module.aci.module.aci_bgp_timer_policy.aci_rest_managed.bgpCtxPol",
            "module.aci.module.aci_bridge_domain.aci_rest_managed.dhcpLbl",
            "module.aci.module.aci_bridge_domain.aci_rest_managed.fvBD",
            "module.aci.module.aci_bridge_domain.aci_rest_managed.fvRsCtx",
            "module.aci.module.aci_contract.aci_rest_managed.vzBrCP",
            "module.aci.module.aci_contract.aci_rest_managed.vzRsSubjFiltAtt",
            "module.aci.module.aci_contract.aci_rest_managed.vzRsSubjGraphAtt",
            "module.aci.module.aci_contract.aci_rest_managed.vzSubj",
            "module.aci.module.aci_dhcp_option_policy.aci_rest_managed.dhcpOption",
            "module.aci.module.aci_dhcp_option_policy.aci_rest_managed.dhcpOptionPol",
            "module.aci.module.aci_dhcp_relay_policy.aci_rest_managed.dhcpRelayP",
            "module.aci.module.aci_dhcp_relay_policy.aci_rest_managed.dhcpRsProv",
            "module.aci.module.aci_filter.aci_rest_managed.vzEntry",
            "module.aci.module.aci_filter.aci_rest_managed.vzFilter",
            "module.aci.module.aci_imported_contract.aci_rest_managed.vzCPIf",
            "module.aci.module.aci_imported_contract.aci_rest_managed.vzRsIf",
            "module.aci.module.aci_l3out.aci_rest_managed.bgpExtP",
            "module.aci.module.aci_l3out.aci_rest_managed.l3extDefaultRouteLeakP",
            "module.aci.module.aci_l3out.aci_rest_managed.l3extOut",
            "module.aci.module.aci_l3out.aci_rest_managed.l3extRsDampeningPol_ipv4",
            "module.aci.module.aci_l3out.aci_rest_managed.l3extRsDampeningPol_ipv6",
            "module.aci.module.aci_l3out.aci_rest_managed.l3extRsEctx",
            "module.aci.module.aci_l3out.aci_rest_managed.l3extRsInterleakPol",
            "module.aci.module.aci_l3out.aci_rest_managed.l3extRsL3DomAtt",
            "module.aci.module.aci_l3out.aci_rest_managed.l3extRsRedistributePol",
            "module.aci.module.aci_l3out.aci_rest_managed.ospfExtP",
            "module.aci.module.aci_l3out.aci_rest_managed.pimExtP",
            "module.aci.module.aci_l3out.aci_rest_managed.rtctrlCtxP_export",
            "module.aci.module.aci_l3out.aci_rest_managed.rtctrlCtxP_import",
            "module.aci.module.aci_l3out.aci_rest_managed.rtctrlProfile_export",
            "module.aci.module.aci_l3out.aci_rest_managed.rtctrlProfile_import",
            "module.aci.module.aci_l3out.aci_rest_managed.rtctrlRsCtxPToSubjP_export",
            "module.aci.module.aci_l3out.aci_rest_managed.rtctrlRsCtxPToSubjP_import",
            "module.aci.module.aci_l3out.aci_rest_managed.rtctrlRsScopeToAttrP_export",
            "module.aci.module.aci_l3out.aci_rest_managed.rtctrlRsScopeToAttrP_import",
            "module.aci.module.aci_l3out.aci_rest_managed.rtctrlScope_export",
            "module.aci.module.aci_l3out.aci_rest_managed.rtctrlScope_import",
            "module.aci.module.aci_match_rule.aci_rest_managed.rtctrlMatchCommFactor",
            "module.aci.module.aci_match_rule.aci_rest_managed.rtctrlMatchCommRegexTerm",
            "module.aci.module.aci_match_rule.aci_rest_managed.rtctrlMatchCommTerm",
            "module.aci.module.aci_match_rule.aci_rest_managed.rtctrlMatchRtDest",
            "module.aci.module.aci_match_rule.aci_rest_managed.rtctrlSubjP",
            "module.aci.module.aci_ospf_interface_policy.aci_rest_managed.ospfIfPol",
            "module.aci.module.aci_set_rule.aci_rest_managed.rtctrlAttrP",
            "module.aci.module.aci_set_rule.aci_rest_managed.rtctrlSetASPath",
            "module.aci.module.aci_set_rule.aci_rest_managed.rtctrlSetASPathASN",
            "module.aci.module.aci_set_rule.aci_rest_managed.rtctrlSetAddComm",
            "module.aci.module.aci_set_rule.aci_rest_managed.rtctrlSetComm",
            "module.aci.module.aci_set_rule.aci_rest_managed.rtctrlSetDamp",
            "module.aci.module.aci_set_rule.aci_rest_managed.rtctrlSetNh",
            "module.aci.module.aci_set_rule.aci_rest_managed.rtctrlSetNhUnchanged",
            "module.aci.module.aci_set_rule.aci_rest_managed.rtctrlSetPref",
            "module.aci.module.aci_set_rule.aci_rest_managed.rtctrlSetRedistMultipath",
            "module.aci.module.aci_set_rule.aci_rest_managed.rtctrlSetRtMetric",
            "module.aci.module.aci_set_rule.aci_rest_managed.rtctrlSetRtMetricType",
            "module.aci.module.aci_set_rule.aci_rest_managed.rtctrlSetTag",
            "module.aci.module.aci_set_rule.aci_rest_managed.rtctrlSetWeight",
            "module.aci.module.aci_tenant.aci_rest_managed.fvTenant",
            "module.aci.module.aci_vrf.aci_rest_managed.bgpRtTargetP_ipv4",
            "module.aci.module.aci_vrf.aci_rest_managed.bgpRtTargetP_ipv6",
            "module.aci.module.aci_vrf.aci_rest_managed.bgpRtTarget_ipv4_export",
            "module.aci.module.aci_vrf.aci_rest_managed.bgpRtTarget_ipv4_import",
            "module.aci.module.aci_vrf.aci_rest_managed.bgpRtTarget_ipv6_export",
            "module.aci.module.aci_vrf.aci_rest_managed.bgpRtTarget_ipv6_import",
            "module.aci.module.aci_vrf.aci_rest_managed.dnsLbl",
            "module.aci.module.aci_vrf.aci_rest_managed.fvCtx",
            "module.aci.module.aci_vrf.aci_rest_managed.fvRsBgpCtxPol",
            "module.aci.module.aci_vrf.aci_rest_managed.fvRsCtxToBgpCtxAfPol_ipv4",
            "module.aci.module.aci_vrf.aci_rest_managed.fvRsCtxToBgpCtxAfPol_ipv6",
            "module.aci.module.aci_vrf.aci_rest_managed.igmpCtxP",
            "module.aci.module.aci_vrf.aci_rest_managed.igmpSSMXlateP",
            "module.aci.module.aci_vrf.aci_rest_managed.leakExternalPrefix",
            "module.aci.module.aci_vrf.aci_rest_managed.leakInternalSubnet",
            "module.aci.module.aci_vrf.aci_rest_managed.leakRoutes",
            "module.aci.module.aci_vrf.aci_rest_managed.leakTo_external",
            "module.aci.module.aci_vrf.aci_rest_managed.leakTo_internal",
            "module.aci.module.aci_vrf.aci_rest_managed.pimASMPatPol",
            "module.aci.module.aci_vrf.aci_rest_managed.pimAutoRPPol",
            "module.aci.module.aci_vrf.aci_rest_managed.pimBSRFilterPol",
            "module.aci.module.aci_vrf.aci_rest_managed.pimBSRPPol",
            "module.aci.module.aci_vrf.aci_rest_managed.pimCtxP",
            "module.aci.module.aci_vrf.aci_rest_managed.pimFabricRPPol",
            "module.aci.module.aci_vrf.aci_rest_managed.pimInterVRFEntryPol",
            "module.aci.module.aci_vrf.aci_rest_managed.pimInterVRFPol",
            "module.aci.module.aci_vrf.aci_rest_managed.pimMAFilterPol",
            "module.aci.module.aci_vrf.aci_rest_managed.pimRPGrpRangePol_fabric_rp",
            "module.aci.module.aci_vrf.aci_rest_managed.pimRPGrpRangePol_static_rp",
            "module.aci.module.aci_vrf.aci_rest_managed.pimRegTrPol",
            "module.aci.module.aci_vrf.aci_rest_managed.pimResPol",
            "module.aci.module.aci_vrf.aci_rest_managed.pimSGRangeExpPol",
            "module.aci.module.aci_vrf.aci_rest_managed.pimSSMPatPol",
            "module.aci.module.aci_vrf.aci_rest_managed.pimSSMRangePol",
            "module.aci.module.aci_vrf.aci_rest_managed.pimSharedRangePol",
            "module.aci.module.aci_vrf.aci_rest_managed.pimStaticRPEntryPol_fabric_rp",
            "module.aci.module.aci_vrf.aci_rest_managed.pimStaticRPEntryPol_static_rp",
            "module.aci.module.aci_vrf.aci_rest_managed.pimStaticRPPol",
            "module.aci.module.aci_vrf.aci_rest_managed.rtdmcRsFilterToRtMapPol_asm_sg_expiry",
            "module.aci.module.aci_vrf.aci_rest_managed.rtdmcRsFilterToRtMapPol_asm_shared",
            "module.aci.module.aci_vrf.aci_rest_managed.rtdmcRsFilterToRtMapPol_auto_rp",
            "module.aci.module.aci_vrf.aci_rest_managed.rtdmcRsFilterToRtMapPol_bsr",
            "module.aci.module.aci_vrf.aci_rest_managed.rtdmcRsFilterToRtMapPol_fabric_rp",
            "module.aci.module.aci_vrf.aci_rest_managed.rtdmcRsFilterToRtMapPol_pim_inter_vrf",
            "module.aci.module.aci_vrf.aci_rest_managed.rtdmcRsFilterToRtMapPol_ssm_range",
            "module.aci.module.aci_vrf.aci_rest_managed.rtdmcRsFilterToRtMapPol_static_rp",
            "module.aci.module.aci_vrf.aci_rest_managed.vzAny",
            "module.aci.module.aci_vrf.aci_rest_managed.vzRsAnyToCons",
            "module.aci.module.aci_vrf.aci_rest_managed.vzRsAnyToConsIf",
            "module.aci.module.aci_vrf.aci_rest_managed.vzRsAnyToProv"
          ]
        }
      ]
    },
    {
      "module": "module.aci.module.aci_bridge_domain[\"adossant/192.168.72.0_24\"]",
      "mode": "managed",
      "type": "aci_rest_managed",
      "name": "fvBD",
      "provider": "provider[\"registry.terraform.io/ciscodevnet/aci\"]",
      "instances": [
        {
          "schema_version": 0,
          "attributes": {
            "child": [],
            "class_name": "fvBD",
            "content": {
              "OptimizeWanBandwidth": "no",
              "arpFlood": "yes",
              "descr": "",
              "enableRogueExceptMac": "no",
              "epClear": "no",
              "epMoveDetectMode": "",
              "hostBasedRouting": "no",
              "intersiteBumTrafficAllow": "no",
              "intersiteL2Stretch": "no",
              "ipLearning": "yes",
              "ipv6McastAllow": "no",
              "limitIpLearnToSubnets": "yes",
              "llAddr": "::",
              "mac": "00:22:BD:F8:19:FF",
              "mcastARPDrop": "yes",
              "mcastAllow": "no",
              "multiDstPktAct": "bd-flood",
              "name": "192.168.72.0_24",
              "nameAlias": "",
              "ownerKey": "",
              "ownerTag": "",
              "type": "regular",
              "unicastRoute": "yes",
              "unkMacUcastAct": "proxy",
              "unkMcastAct": "flood",
              "userdom": ":all:common:",
              "v6unkMcastAct": "flood",
              "vmac": "not-applicable"
            },
            "dn": "uni/tn-adossant/BD-192.168.72.0_24",
            "id": "uni/tn-adossant/BD-192.168.72.0_24"
          },
          "sensitive_attributes": [],
          "private": "bnVsbA==",
          "dependencies": [
            "module.aci.data.utils_yaml_merge.defaults",
            "module.aci.data.utils_yaml_merge.model",
            "module.aci.module.aci_bfd_interface_policy.aci_rest_managed.bfdIfPol",
            "module.aci.module.aci_bgp_timer_policy.aci_rest_managed.bgpCtxPol",
            "module.aci.module.aci_contract.aci_rest_managed.vzBrCP",
            "module.aci.module.aci_contract.aci_rest_managed.vzRsSubjFiltAtt",
            "module.aci.module.aci_contract.aci_rest_managed.vzRsSubjGraphAtt",
            "module.aci.module.aci_contract.aci_rest_managed.vzSubj",
            "module.aci.module.aci_dhcp_option_policy.aci_rest_managed.dhcpOption",
            "module.aci.module.aci_dhcp_option_policy.aci_rest_managed.dhcpOptionPol",
            "module.aci.module.aci_dhcp_relay_policy.aci_rest_managed.dhcpRelayP",
            "module.aci.module.aci_dhcp_relay_policy.aci_rest_managed.dhcpRsProv",
            "module.aci.module.aci_filter.aci_rest_managed.vzEntry",
            "module.aci.module.aci_filter.aci_rest_managed.vzFilter",
            "module.aci.module.aci_imported_contract.aci_rest_managed.vzCPIf",
            "module.aci.module.aci_imported_contract.aci_rest_managed.vzRsIf",
            "module.aci.module.aci_l3out.aci_rest_managed.bgpExtP",
            "module.aci.module.aci_l3out.aci_rest_managed.l3extDefaultRouteLeakP",
            "module.aci.module.aci_l3out.aci_rest_managed.l3extOut",
            "module.aci.module.aci_l3out.aci_rest_managed.l3extRsDampeningPol_ipv4",
            "module.aci.module.aci_l3out.aci_rest_managed.l3extRsDampeningPol_ipv6",
            "module.aci.module.aci_l3out.aci_rest_managed.l3extRsEctx",
            "module.aci.module.aci_l3out.aci_rest_managed.l3extRsInterleakPol",
            "module.aci.module.aci_l3out.aci_rest_managed.l3extRsL3DomAtt",
            "module.aci.module.aci_l3out.aci_rest_managed.l3extRsRedistributePol",
            "module.aci.module.aci_l3out.aci_rest_managed.ospfExtP",
            "module.aci.module.aci_l3out.aci_rest_managed.pimExtP",
            "module.aci.module.aci_l3out.aci_rest_managed.rtctrlCtxP_export",
            "module.aci.module.aci_l3out.aci_rest_managed.rtctrlCtxP_import",
            "module.aci.module.aci_l3out.aci_rest_managed.rtctrlProfile_export",
            "module.aci.module.aci_l3out.aci_rest_managed.rtctrlProfile_import",
            "module.aci.module.aci_l3out.aci_rest_managed.rtctrlRsCtxPToSubjP_export",
            "module.aci.module.aci_l3out.aci_rest_managed.rtctrlRsCtxPToSubjP_import",
            "module.aci.module.aci_l3out.aci_rest_managed.rtctrlRsScopeToAttrP_export",
            "module.aci.module.aci_l3out.aci_rest_managed.rtctrlRsScopeToAttrP_import",
            "module.aci.module.aci_l3out.aci_rest_managed.rtctrlScope_export",
            "module.aci.module.aci_l3out.aci_rest_managed.rtctrlScope_import",
            "module.aci.module.aci_match_rule.aci_rest_managed.rtctrlMatchCommFactor",
            "module.aci.module.aci_match_rule.aci_rest_managed.rtctrlMatchCommRegexTerm",
            "module.aci.module.aci_match_rule.aci_rest_managed.rtctrlMatchCommTerm",
            "module.aci.module.aci_match_rule.aci_rest_managed.rtctrlMatchRtDest",
            "module.aci.module.aci_match_rule.aci_rest_managed.rtctrlSubjP",
            "module.aci.module.aci_ospf_interface_policy.aci_rest_managed.ospfIfPol",
            "module.aci.module.aci_set_rule.aci_rest_managed.rtctrlAttrP",
            "module.aci.module.aci_set_rule.aci_rest_managed.rtctrlSetASPath",
            "module.aci.module.aci_set_rule.aci_rest_managed.rtctrlSetASPathASN",
            "module.aci.module.aci_set_rule.aci_rest_managed.rtctrlSetAddComm",
            "module.aci.module.aci_set_rule.aci_rest_managed.rtctrlSetComm",
            "module.aci.module.aci_set_rule.aci_rest_managed.rtctrlSetDamp",
            "module.aci.module.aci_set_rule.aci_rest_managed.rtctrlSetNh",
            "module.aci.module.aci_set_rule.aci_rest_managed.rtctrlSetNhUnchanged",
            "module.aci.module.aci_set_rule.aci_rest_managed.rtctrlSetPref",
            "module.aci.module.aci_set_rule.aci_rest_managed.rtctrlSetRedistMultipath",
            "module.aci.module.aci_set_rule.aci_rest_managed.rtctrlSetRtMetric",
            "module.aci.module.aci_set_rule.aci_rest_managed.rtctrlSetRtMetricType",
            "module.aci.module.aci_set_rule.aci_rest_managed.rtctrlSetTag",
            "module.aci.module.aci_set_rule.aci_rest_managed.rtctrlSetWeight",
            "module.aci.module.aci_tenant.aci_rest_managed.fvTenant",
            "module.aci.module.aci_vrf.aci_rest_managed.bgpRtTargetP_ipv4",
            "module.aci.module.aci_vrf.aci_rest_managed.bgpRtTargetP_ipv6",
            "module.aci.module.aci_vrf.aci_rest_managed.bgpRtTarget_ipv4_export",
            "module.aci.module.aci_vrf.aci_rest_managed.bgpRtTarget_ipv4_import",
            "module.aci.module.aci_vrf.aci_rest_managed.bgpRtTarget_ipv6_export",
            "module.aci.module.aci_vrf.aci_rest_managed.bgpRtTarget_ipv6_import",
            "module.aci.module.aci_vrf.aci_rest_managed.dnsLbl",
            "module.aci.module.aci_vrf.aci_rest_managed.fvCtx",
            "module.aci.module.aci_vrf.aci_rest_managed.fvRsBgpCtxPol",
            "module.aci.module.aci_vrf.aci_rest_managed.fvRsCtxToBgpCtxAfPol_ipv4",
            "module.aci.module.aci_vrf.aci_rest_managed.fvRsCtxToBgpCtxAfPol_ipv6",
            "module.aci.module.aci_vrf.aci_rest_managed.igmpCtxP",
            "module.aci.module.aci_vrf.aci_rest_managed.igmpSSMXlateP",
            "module.aci.module.aci_vrf.aci_rest_managed.leakExternalPrefix",
            "module.aci.module.aci_vrf.aci_rest_managed.leakInternalSubnet",
            "module.aci.module.aci_vrf.aci_rest_managed.leakRoutes",
            "module.aci.module.aci_vrf.aci_rest_managed.leakTo_external",
            "module.aci.module.aci_vrf.aci_rest_managed.leakTo_internal",
            "module.aci.module.aci_vrf.aci_rest_managed.pimASMPatPol",
            "module.aci.module.aci_vrf.aci_rest_managed.pimAutoRPPol",
            "module.aci.module.aci_vrf.aci_rest_managed.pimBSRFilterPol",
            "module.aci.module.aci_vrf.aci_rest_managed.pimBSRPPol",
            "module.aci.module.aci_vrf.aci_rest_managed.pimCtxP",
            "module.aci.module.aci_vrf.aci_rest_managed.pimFabricRPPol",
            "module.aci.module.aci_vrf.aci_rest_managed.pimInterVRFEntryPol",
            "module.aci.module.aci_vrf.aci_rest_managed.pimInterVRFPol",
            "module.aci.module.aci_vrf.aci_rest_managed.pimMAFilterPol",
            "module.aci.module.aci_vrf.aci_rest_managed.pimRPGrpRangePol_fabric_rp",
            "module.aci.module.aci_vrf.aci_rest_managed.pimRPGrpRangePol_static_rp",
            "module.aci.module.aci_vrf.aci_rest_managed.pimRegTrPol",
            "module.aci.module.aci_vrf.aci_rest_managed.pimResPol",
            "module.aci.module.aci_vrf.aci_rest_managed.pimSGRangeExpPol",
            "module.aci.module.aci_vrf.aci_rest_managed.pimSSMPatPol",
            "module.aci.module.aci_vrf.aci_rest_managed.pimSSMRangePol",
            "module.aci.module.aci_vrf.aci_rest_managed.pimSharedRangePol",
            "module.aci.module.aci_vrf.aci_rest_managed.pimStaticRPEntryPol_fabric_rp",
            "module.aci.module.aci_vrf.aci_rest_managed.pimStaticRPEntryPol_static_rp",
            "module.aci.module.aci_vrf.aci_rest_managed.pimStaticRPPol",
            "module.aci.module.aci_vrf.aci_rest_managed.rtdmcRsFilterToRtMapPol_asm_sg_expiry",
            "module.aci.module.aci_vrf.aci_rest_managed.rtdmcRsFilterToRtMapPol_asm_shared",
            "module.aci.module.aci_vrf.aci_rest_managed.rtdmcRsFilterToRtMapPol_auto_rp",
            "module.aci.module.aci_vrf.aci_rest_managed.rtdmcRsFilterToRtMapPol_bsr",
            "module.aci.module.aci_vrf.aci_rest_managed.rtdmcRsFilterToRtMapPol_fabric_rp",
            "module.aci.module.aci_vrf.aci_rest_managed.rtdmcRsFilterToRtMapPol_pim_inter_vrf",
            "module.aci.module.aci_vrf.aci_rest_managed.rtdmcRsFilterToRtMapPol_ssm_range",
            "module.aci.module.aci_vrf.aci_rest_managed.rtdmcRsFilterToRtMapPol_static_rp",
            "module.aci.module.aci_vrf.aci_rest_managed.vzAny",
            "module.aci.module.aci_vrf.aci_rest_managed.vzRsAnyToCons",
            "module.aci.module.aci_vrf.aci_rest_managed.vzRsAnyToConsIf",
            "module.aci.module.aci_vrf.aci_rest_managed.vzRsAnyToProv"
          ]
        }
      ]
    },
    {
      "module": "module.aci.module.aci_bridge_domain[\"adossant/192.168.72.0_24\"]",
      "mode": "managed",
      "type": "aci_rest_managed",
      "name": "fvRsCtx",
      "provider": "provider[\"registry.terraform.io/ciscodevnet/aci\"]",
      "instances": [
        {
          "schema_version": 0,
          "attributes": {
            "child": [],
            "class_name": "fvRsCtx",
            "content": {
              "tnFvCtxName": "vrf-01",
              "userdom": "all"
            },
            "dn": "uni/tn-adossant/BD-192.168.72.0_24/rsctx",
            "id": "uni/tn-adossant/BD-192.168.72.0_24/rsctx"
          },
          "sensitive_attributes": [],
          "private": "bnVsbA==",
          "dependencies": [
            "module.aci.data.utils_yaml_merge.defaults",
            "module.aci.data.utils_yaml_merge.model",
            "module.aci.module.aci_bfd_interface_policy.aci_rest_managed.bfdIfPol",
            "module.aci.module.aci_bgp_timer_policy.aci_rest_managed.bgpCtxPol",
            "module.aci.module.aci_bridge_domain.aci_rest_managed.fvBD",
            "module.aci.module.aci_contract.aci_rest_managed.vzBrCP",
            "module.aci.module.aci_contract.aci_rest_managed.vzRsSubjFiltAtt",
            "module.aci.module.aci_contract.aci_rest_managed.vzRsSubjGraphAtt",
            "module.aci.module.aci_contract.aci_rest_managed.vzSubj",
            "module.aci.module.aci_dhcp_option_policy.aci_rest_managed.dhcpOption",
            "module.aci.module.aci_dhcp_option_policy.aci_rest_managed.dhcpOptionPol",
            "module.aci.module.aci_dhcp_relay_policy.aci_rest_managed.dhcpRelayP",
            "module.aci.module.aci_dhcp_relay_policy.aci_rest_managed.dhcpRsProv",
            "module.aci.module.aci_filter.aci_rest_managed.vzEntry",
            "module.aci.module.aci_filter.aci_rest_managed.vzFilter",
            "module.aci.module.aci_imported_contract.aci_rest_managed.vzCPIf",
            "module.aci.module.aci_imported_contract.aci_rest_managed.vzRsIf",
            "module.aci.module.aci_l3out.aci_rest_managed.bgpExtP",
            "module.aci.module.aci_l3out.aci_rest_managed.l3extDefaultRouteLeakP",
            "module.aci.module.aci_l3out.aci_rest_managed.l3extOut",
            "module.aci.module.aci_l3out.aci_rest_managed.l3extRsDampeningPol_ipv4",
            "module.aci.module.aci_l3out.aci_rest_managed.l3extRsDampeningPol_ipv6",
            "module.aci.module.aci_l3out.aci_rest_managed.l3extRsEctx",
            "module.aci.module.aci_l3out.aci_rest_managed.l3extRsInterleakPol",
            "module.aci.module.aci_l3out.aci_rest_managed.l3extRsL3DomAtt",
            "module.aci.module.aci_l3out.aci_rest_managed.l3extRsRedistributePol",
            "module.aci.module.aci_l3out.aci_rest_managed.ospfExtP",
            "module.aci.module.aci_l3out.aci_rest_managed.pimExtP",
            "module.aci.module.aci_l3out.aci_rest_managed.rtctrlCtxP_export",
            "module.aci.module.aci_l3out.aci_rest_managed.rtctrlCtxP_import",
            "module.aci.module.aci_l3out.aci_rest_managed.rtctrlProfile_export",
            "module.aci.module.aci_l3out.aci_rest_managed.rtctrlProfile_import",
            "module.aci.module.aci_l3out.aci_rest_managed.rtctrlRsCtxPToSubjP_export",
            "module.aci.module.aci_l3out.aci_rest_managed.rtctrlRsCtxPToSubjP_import",
            "module.aci.module.aci_l3out.aci_rest_managed.rtctrlRsScopeToAttrP_export",
            "module.aci.module.aci_l3out.aci_rest_managed.rtctrlRsScopeToAttrP_import",
            "module.aci.module.aci_l3out.aci_rest_managed.rtctrlScope_export",
            "module.aci.module.aci_l3out.aci_rest_managed.rtctrlScope_import",
            "module.aci.module.aci_match_rule.aci_rest_managed.rtctrlMatchCommFactor",
            "module.aci.module.aci_match_rule.aci_rest_managed.rtctrlMatchCommRegexTerm",
            "module.aci.module.aci_match_rule.aci_rest_managed.rtctrlMatchCommTerm",
            "module.aci.module.aci_match_rule.aci_rest_managed.rtctrlMatchRtDest",
            "module.aci.module.aci_match_rule.aci_rest_managed.rtctrlSubjP",
            "module.aci.module.aci_ospf_interface_policy.aci_rest_managed.ospfIfPol",
            "module.aci.module.aci_set_rule.aci_rest_managed.rtctrlAttrP",
            "module.aci.module.aci_set_rule.aci_rest_managed.rtctrlSetASPath",
            "module.aci.module.aci_set_rule.aci_rest_managed.rtctrlSetASPathASN",
            "module.aci.module.aci_set_rule.aci_rest_managed.rtctrlSetAddComm",
            "module.aci.module.aci_set_rule.aci_rest_managed.rtctrlSetComm",
            "module.aci.module.aci_set_rule.aci_rest_managed.rtctrlSetDamp",
            "module.aci.module.aci_set_rule.aci_rest_managed.rtctrlSetNh",
            "module.aci.module.aci_set_rule.aci_rest_managed.rtctrlSetNhUnchanged",
            "module.aci.module.aci_set_rule.aci_rest_managed.rtctrlSetPref",
            "module.aci.module.aci_set_rule.aci_rest_managed.rtctrlSetRedistMultipath",
            "module.aci.module.aci_set_rule.aci_rest_managed.rtctrlSetRtMetric",
            "module.aci.module.aci_set_rule.aci_rest_managed.rtctrlSetRtMetricType",
            "module.aci.module.aci_set_rule.aci_rest_managed.rtctrlSetTag",
            "module.aci.module.aci_set_rule.aci_rest_managed.rtctrlSetWeight",
            "module.aci.module.aci_tenant.aci_rest_managed.fvTenant",
            "module.aci.module.aci_vrf.aci_rest_managed.bgpRtTargetP_ipv4",
            "module.aci.module.aci_vrf.aci_rest_managed.bgpRtTargetP_ipv6",
            "module.aci.module.aci_vrf.aci_rest_managed.bgpRtTarget_ipv4_export",
            "module.aci.module.aci_vrf.aci_rest_managed.bgpRtTarget_ipv4_import",
            "module.aci.module.aci_vrf.aci_rest_managed.bgpRtTarget_ipv6_export",
            "module.aci.module.aci_vrf.aci_rest_managed.bgpRtTarget_ipv6_import",
            "module.aci.module.aci_vrf.aci_rest_managed.dnsLbl",
            "module.aci.module.aci_vrf.aci_rest_managed.fvCtx",
            "module.aci.module.aci_vrf.aci_rest_managed.fvRsBgpCtxPol",
            "module.aci.module.aci_vrf.aci_rest_managed.fvRsCtxToBgpCtxAfPol_ipv4",
            "module.aci.module.aci_vrf.aci_rest_managed.fvRsCtxToBgpCtxAfPol_ipv6",
            "module.aci.module.aci_vrf.aci_rest_managed.igmpCtxP",
            "module.aci.module.aci_vrf.aci_rest_managed.igmpSSMXlateP",
            "module.aci.module.aci_vrf.aci_rest_managed.leakExternalPrefix",
            "module.aci.module.aci_vrf.aci_rest_managed.leakInternalSubnet",
            "module.aci.module.aci_vrf.aci_rest_managed.leakRoutes",
            "module.aci.module.aci_vrf.aci_rest_managed.leakTo_external",
            "module.aci.module.aci_vrf.aci_rest_managed.leakTo_internal",
            "module.aci.module.aci_vrf.aci_rest_managed.pimASMPatPol",
            "module.aci.module.aci_vrf.aci_rest_managed.pimAutoRPPol",
            "module.aci.module.aci_vrf.aci_rest_managed.pimBSRFilterPol",
            "module.aci.module.aci_vrf.aci_rest_managed.pimBSRPPol",
            "module.aci.module.aci_vrf.aci_rest_managed.pimCtxP",
            "module.aci.module.aci_vrf.aci_rest_managed.pimFabricRPPol",
            "module.aci.module.aci_vrf.aci_rest_managed.pimInterVRFEntryPol",
            "module.aci.module.aci_vrf.aci_rest_managed.pimInterVRFPol",
            "module.aci.module.aci_vrf.aci_rest_managed.pimMAFilterPol",
            "module.aci.module.aci_vrf.aci_rest_managed.pimRPGrpRangePol_fabric_rp",
            "module.aci.module.aci_vrf.aci_rest_managed.pimRPGrpRangePol_static_rp",
            "module.aci.module.aci_vrf.aci_rest_managed.pimRegTrPol",
            "module.aci.module.aci_vrf.aci_rest_managed.pimResPol",
            "module.aci.module.aci_vrf.aci_rest_managed.pimSGRangeExpPol",
            "module.aci.module.aci_vrf.aci_rest_managed.pimSSMPatPol",
            "module.aci.module.aci_vrf.aci_rest_managed.pimSSMRangePol",
            "module.aci.module.aci_vrf.aci_rest_managed.pimSharedRangePol",
            "module.aci.module.aci_vrf.aci_rest_managed.pimStaticRPEntryPol_fabric_rp",
            "module.aci.module.aci_vrf.aci_rest_managed.pimStaticRPEntryPol_static_rp",
            "module.aci.module.aci_vrf.aci_rest_managed.pimStaticRPPol",
            "module.aci.module.aci_vrf.aci_rest_managed.rtdmcRsFilterToRtMapPol_asm_sg_expiry",
            "module.aci.module.aci_vrf.aci_rest_managed.rtdmcRsFilterToRtMapPol_asm_shared",
            "module.aci.module.aci_vrf.aci_rest_managed.rtdmcRsFilterToRtMapPol_auto_rp",
            "module.aci.module.aci_vrf.aci_rest_managed.rtdmcRsFilterToRtMapPol_bsr",
            "module.aci.module.aci_vrf.aci_rest_managed.rtdmcRsFilterToRtMapPol_fabric_rp",
            "module.aci.module.aci_vrf.aci_rest_managed.rtdmcRsFilterToRtMapPol_pim_inter_vrf",
            "module.aci.module.aci_vrf.aci_rest_managed.rtdmcRsFilterToRtMapPol_ssm_range",
            "module.aci.module.aci_vrf.aci_rest_managed.rtdmcRsFilterToRtMapPol_static_rp",
            "module.aci.module.aci_vrf.aci_rest_managed.vzAny",
            "module.aci.module.aci_vrf.aci_rest_managed.vzRsAnyToCons",
            "module.aci.module.aci_vrf.aci_rest_managed.vzRsAnyToConsIf",
            "module.aci.module.aci_vrf.aci_rest_managed.vzRsAnyToProv"
          ]
        }
      ]
    },
    {
      "module": "module.aci.module.aci_bridge_domain[\"adossant/192.168.72.0_24\"]",
      "mode": "managed",
      "type": "aci_rest_managed",
      "name": "fvSubnet",
      "provider": "provider[\"registry.terraform.io/ciscodevnet/aci\"]",
      "instances": [
        {
          "index_key": "192.168.72.1/24",
          "schema_version": 0,
          "attributes": {
            "child": [],
            "class_name": "fvSubnet",
            "content": {
              "ctrl": "",
              "descr": "",
              "ip": "192.168.72.1/24",
              "ipDPLearning": "enabled",
              "name": "",
              "nameAlias": "",
              "preferred": "no",
              "scope": "public,shared",
              "userdom": ":all:common:",
              "virtual": "no"
            },
            "dn": "uni/tn-adossant/BD-192.168.72.0_24/subnet-[192.168.72.1/24]",
            "id": "uni/tn-adossant/BD-192.168.72.0_24/subnet-[192.168.72.1/24]"
          },
          "sensitive_attributes": [],
          "private": "bnVsbA==",
          "dependencies": [
            "module.aci.data.utils_yaml_merge.defaults",
            "module.aci.data.utils_yaml_merge.model",
            "module.aci.module.aci_bfd_interface_policy.aci_rest_managed.bfdIfPol",
            "module.aci.module.aci_bgp_timer_policy.aci_rest_managed.bgpCtxPol",
            "module.aci.module.aci_bridge_domain.aci_rest_managed.fvBD",
            "module.aci.module.aci_bridge_domain.aci_rest_managed.fvRsCtx",
            "module.aci.module.aci_contract.aci_rest_managed.vzBrCP",
            "module.aci.module.aci_contract.aci_rest_managed.vzRsSubjFiltAtt",
            "module.aci.module.aci_contract.aci_rest_managed.vzRsSubjGraphAtt",
            "module.aci.module.aci_contract.aci_rest_managed.vzSubj",
            "module.aci.module.aci_dhcp_option_policy.aci_rest_managed.dhcpOption",
            "module.aci.module.aci_dhcp_option_policy.aci_rest_managed.dhcpOptionPol",
            "module.aci.module.aci_dhcp_relay_policy.aci_rest_managed.dhcpRelayP",
            "module.aci.module.aci_dhcp_relay_policy.aci_rest_managed.dhcpRsProv",
            "module.aci.module.aci_filter.aci_rest_managed.vzEntry",
            "module.aci.module.aci_filter.aci_rest_managed.vzFilter",
            "module.aci.module.aci_imported_contract.aci_rest_managed.vzCPIf",
            "module.aci.module.aci_imported_contract.aci_rest_managed.vzRsIf",
            "module.aci.module.aci_l3out.aci_rest_managed.bgpExtP",
            "module.aci.module.aci_l3out.aci_rest_managed.l3extDefaultRouteLeakP",
            "module.aci.module.aci_l3out.aci_rest_managed.l3extOut",
            "module.aci.module.aci_l3out.aci_rest_managed.l3extRsDampeningPol_ipv4",
            "module.aci.module.aci_l3out.aci_rest_managed.l3extRsDampeningPol_ipv6",
            "module.aci.module.aci_l3out.aci_rest_managed.l3extRsEctx",
            "module.aci.module.aci_l3out.aci_rest_managed.l3extRsInterleakPol",
            "module.aci.module.aci_l3out.aci_rest_managed.l3extRsL3DomAtt",
            "module.aci.module.aci_l3out.aci_rest_managed.l3extRsRedistributePol",
            "module.aci.module.aci_l3out.aci_rest_managed.ospfExtP",
            "module.aci.module.aci_l3out.aci_rest_managed.pimExtP",
            "module.aci.module.aci_l3out.aci_rest_managed.rtctrlCtxP_export",
            "module.aci.module.aci_l3out.aci_rest_managed.rtctrlCtxP_import",
            "module.aci.module.aci_l3out.aci_rest_managed.rtctrlProfile_export",
            "module.aci.module.aci_l3out.aci_rest_managed.rtctrlProfile_import",
            "module.aci.module.aci_l3out.aci_rest_managed.rtctrlRsCtxPToSubjP_export",
            "module.aci.module.aci_l3out.aci_rest_managed.rtctrlRsCtxPToSubjP_import",
            "module.aci.module.aci_l3out.aci_rest_managed.rtctrlRsScopeToAttrP_export",
            "module.aci.module.aci_l3out.aci_rest_managed.rtctrlRsScopeToAttrP_import",
            "module.aci.module.aci_l3out.aci_rest_managed.rtctrlScope_export",
            "module.aci.module.aci_l3out.aci_rest_managed.rtctrlScope_import",
            "module.aci.module.aci_match_rule.aci_rest_managed.rtctrlMatchCommFactor",
            "module.aci.module.aci_match_rule.aci_rest_managed.rtctrlMatchCommRegexTerm",
            "module.aci.module.aci_match_rule.aci_rest_managed.rtctrlMatchCommTerm",
            "module.aci.module.aci_match_rule.aci_rest_managed.rtctrlMatchRtDest",
            "module.aci.module.aci_match_rule.aci_rest_managed.rtctrlSubjP",
            "module.aci.module.aci_ospf_interface_policy.aci_rest_managed.ospfIfPol",
            "module.aci.module.aci_set_rule.aci_rest_managed.rtctrlAttrP",
            "module.aci.module.aci_set_rule.aci_rest_managed.rtctrlSetASPath",
            "module.aci.module.aci_set_rule.aci_rest_managed.rtctrlSetASPathASN",
            "module.aci.module.aci_set_rule.aci_rest_managed.rtctrlSetAddComm",
            "module.aci.module.aci_set_rule.aci_rest_managed.rtctrlSetComm",
            "module.aci.module.aci_set_rule.aci_rest_managed.rtctrlSetDamp",
            "module.aci.module.aci_set_rule.aci_rest_managed.rtctrlSetNh",
            "module.aci.module.aci_set_rule.aci_rest_managed.rtctrlSetNhUnchanged",
            "module.aci.module.aci_set_rule.aci_rest_managed.rtctrlSetPref",
            "module.aci.module.aci_set_rule.aci_rest_managed.rtctrlSetRedistMultipath",
            "module.aci.module.aci_set_rule.aci_rest_managed.rtctrlSetRtMetric",
            "module.aci.module.aci_set_rule.aci_rest_managed.rtctrlSetRtMetricType",
            "module.aci.module.aci_set_rule.aci_rest_managed.rtctrlSetTag",
            "module.aci.module.aci_set_rule.aci_rest_managed.rtctrlSetWeight",
            "module.aci.module.aci_tenant.aci_rest_managed.fvTenant",
            "module.aci.module.aci_vrf.aci_rest_managed.bgpRtTargetP_ipv4",
            "module.aci.module.aci_vrf.aci_rest_managed.bgpRtTargetP_ipv6",
            "module.aci.module.aci_vrf.aci_rest_managed.bgpRtTarget_ipv4_export",
            "module.aci.module.aci_vrf.aci_rest_managed.bgpRtTarget_ipv4_import",
            "module.aci.module.aci_vrf.aci_rest_managed.bgpRtTarget_ipv6_export",
            "module.aci.module.aci_vrf.aci_rest_managed.bgpRtTarget_ipv6_import",
            "module.aci.module.aci_vrf.aci_rest_managed.dnsLbl",
            "module.aci.module.aci_vrf.aci_rest_managed.fvCtx",
            "module.aci.module.aci_vrf.aci_rest_managed.fvRsBgpCtxPol",
            "module.aci.module.aci_vrf.aci_rest_managed.fvRsCtxToBgpCtxAfPol_ipv4",
            "module.aci.module.aci_vrf.aci_rest_managed.fvRsCtxToBgpCtxAfPol_ipv6",
            "module.aci.module.aci_vrf.aci_rest_managed.igmpCtxP",
            "module.aci.module.aci_vrf.aci_rest_managed.igmpSSMXlateP",
            "module.aci.module.aci_vrf.aci_rest_managed.leakExternalPrefix",
            "module.aci.module.aci_vrf.aci_rest_managed.leakInternalSubnet",
            "module.aci.module.aci_vrf.aci_rest_managed.leakRoutes",
            "module.aci.module.aci_vrf.aci_rest_managed.leakTo_external",
            "module.aci.module.aci_vrf.aci_rest_managed.leakTo_internal",
            "module.aci.module.aci_vrf.aci_rest_managed.pimASMPatPol",
            "module.aci.module.aci_vrf.aci_rest_managed.pimAutoRPPol",
            "module.aci.module.aci_vrf.aci_rest_managed.pimBSRFilterPol",
            "module.aci.module.aci_vrf.aci_rest_managed.pimBSRPPol",
            "module.aci.module.aci_vrf.aci_rest_managed.pimCtxP",
            "module.aci.module.aci_vrf.aci_rest_managed.pimFabricRPPol",
            "module.aci.module.aci_vrf.aci_rest_managed.pimInterVRFEntryPol",
            "module.aci.module.aci_vrf.aci_rest_managed.pimInterVRFPol",
            "module.aci.module.aci_vrf.aci_rest_managed.pimMAFilterPol",
            "module.aci.module.aci_vrf.aci_rest_managed.pimRPGrpRangePol_fabric_rp",
            "module.aci.module.aci_vrf.aci_rest_managed.pimRPGrpRangePol_static_rp",
            "module.aci.module.aci_vrf.aci_rest_managed.pimRegTrPol",
            "module.aci.module.aci_vrf.aci_rest_managed.pimResPol",
            "module.aci.module.aci_vrf.aci_rest_managed.pimSGRangeExpPol",
            "module.aci.module.aci_vrf.aci_rest_managed.pimSSMPatPol",
            "module.aci.module.aci_vrf.aci_rest_managed.pimSSMRangePol",
            "module.aci.module.aci_vrf.aci_rest_managed.pimSharedRangePol",
            "module.aci.module.aci_vrf.aci_rest_managed.pimStaticRPEntryPol_fabric_rp",
            "module.aci.module.aci_vrf.aci_rest_managed.pimStaticRPEntryPol_static_rp",
            "module.aci.module.aci_vrf.aci_rest_managed.pimStaticRPPol",
            "module.aci.module.aci_vrf.aci_rest_managed.rtdmcRsFilterToRtMapPol_asm_sg_expiry",
            "module.aci.module.aci_vrf.aci_rest_managed.rtdmcRsFilterToRtMapPol_asm_shared",
            "module.aci.module.aci_vrf.aci_rest_managed.rtdmcRsFilterToRtMapPol_auto_rp",
            "module.aci.module.aci_vrf.aci_rest_managed.rtdmcRsFilterToRtMapPol_bsr",
            "module.aci.module.aci_vrf.aci_rest_managed.rtdmcRsFilterToRtMapPol_fabric_rp",
            "module.aci.module.aci_vrf.aci_rest_managed.rtdmcRsFilterToRtMapPol_pim_inter_vrf",
            "module.aci.module.aci_vrf.aci_rest_managed.rtdmcRsFilterToRtMapPol_ssm_range",
            "module.aci.module.aci_vrf.aci_rest_managed.rtdmcRsFilterToRtMapPol_static_rp",
            "module.aci.module.aci_vrf.aci_rest_managed.vzAny",
            "module.aci.module.aci_vrf.aci_rest_managed.vzRsAnyToCons",
            "module.aci.module.aci_vrf.aci_rest_managed.vzRsAnyToConsIf",
            "module.aci.module.aci_vrf.aci_rest_managed.vzRsAnyToProv"
          ]
        }
      ]
    },
    {
      "module": "module.aci.module.aci_bridge_domain[\"adossant/192.168.73.0_24\"]",
      "mode": "managed",
      "type": "aci_rest_managed",
      "name": "dhcpLbl",
      "provider": "provider[\"registry.terraform.io/ciscodevnet/aci\"]",
      "instances": [
        {
          "index_key": "dhcp.uktme.cisco.com",
          "schema_version": 0,
          "attributes": {
            "child": [],
            "class_name": "dhcpLbl",
            "content": {
              "descr": "",
              "name": "dhcp.uktme.cisco.com",
              "nameAlias": "",
              "owner": "tenant",
              "ownerKey": "",
              "ownerTag": "",
              "tag": "yellow-green",
              "userdom": ":all:common:"
            },
            "dn": "uni/tn-adossant/BD-192.168.73.0_24/dhcplbl-dhcp.uktme.cisco.com",
            "id": "uni/tn-adossant/BD-192.168.73.0_24/dhcplbl-dhcp.uktme.cisco.com"
          },
          "sensitive_attributes": [],
          "private": "bnVsbA==",
          "dependencies": [
            "module.aci.data.utils_yaml_merge.defaults",
            "module.aci.data.utils_yaml_merge.model",
            "module.aci.module.aci_bfd_interface_policy.aci_rest_managed.bfdIfPol",
            "module.aci.module.aci_bgp_timer_policy.aci_rest_managed.bgpCtxPol",
            "module.aci.module.aci_bridge_domain.aci_rest_managed.fvBD",
            "module.aci.module.aci_bridge_domain.aci_rest_managed.fvRsCtx",
            "module.aci.module.aci_contract.aci_rest_managed.vzBrCP",
            "module.aci.module.aci_contract.aci_rest_managed.vzRsSubjFiltAtt",
            "module.aci.module.aci_contract.aci_rest_managed.vzRsSubjGraphAtt",
            "module.aci.module.aci_contract.aci_rest_managed.vzSubj",
            "module.aci.module.aci_dhcp_option_policy.aci_rest_managed.dhcpOption",
            "module.aci.module.aci_dhcp_option_policy.aci_rest_managed.dhcpOptionPol",
            "module.aci.module.aci_dhcp_relay_policy.aci_rest_managed.dhcpRelayP",
            "module.aci.module.aci_dhcp_relay_policy.aci_rest_managed.dhcpRsProv",
            "module.aci.module.aci_filter.aci_rest_managed.vzEntry",
            "module.aci.module.aci_filter.aci_rest_managed.vzFilter",
            "module.aci.module.aci_imported_contract.aci_rest_managed.vzCPIf",
            "module.aci.module.aci_imported_contract.aci_rest_managed.vzRsIf",
            "module.aci.module.aci_l3out.aci_rest_managed.bgpExtP",
            "module.aci.module.aci_l3out.aci_rest_managed.l3extDefaultRouteLeakP",
            "module.aci.module.aci_l3out.aci_rest_managed.l3extOut",
            "module.aci.module.aci_l3out.aci_rest_managed.l3extRsDampeningPol_ipv4",
            "module.aci.module.aci_l3out.aci_rest_managed.l3extRsDampeningPol_ipv6",
            "module.aci.module.aci_l3out.aci_rest_managed.l3extRsEctx",
            "module.aci.module.aci_l3out.aci_rest_managed.l3extRsInterleakPol",
            "module.aci.module.aci_l3out.aci_rest_managed.l3extRsL3DomAtt",
            "module.aci.module.aci_l3out.aci_rest_managed.l3extRsRedistributePol",
            "module.aci.module.aci_l3out.aci_rest_managed.ospfExtP",
            "module.aci.module.aci_l3out.aci_rest_managed.pimExtP",
            "module.aci.module.aci_l3out.aci_rest_managed.rtctrlCtxP_export",
            "module.aci.module.aci_l3out.aci_rest_managed.rtctrlCtxP_import",
            "module.aci.module.aci_l3out.aci_rest_managed.rtctrlProfile_export",
            "module.aci.module.aci_l3out.aci_rest_managed.rtctrlProfile_import",
            "module.aci.module.aci_l3out.aci_rest_managed.rtctrlRsCtxPToSubjP_export",
            "module.aci.module.aci_l3out.aci_rest_managed.rtctrlRsCtxPToSubjP_import",
            "module.aci.module.aci_l3out.aci_rest_managed.rtctrlRsScopeToAttrP_export",
            "module.aci.module.aci_l3out.aci_rest_managed.rtctrlRsScopeToAttrP_import",
            "module.aci.module.aci_l3out.aci_rest_managed.rtctrlScope_export",
            "module.aci.module.aci_l3out.aci_rest_managed.rtctrlScope_import",
            "module.aci.module.aci_match_rule.aci_rest_managed.rtctrlMatchCommFactor",
            "module.aci.module.aci_match_rule.aci_rest_managed.rtctrlMatchCommRegexTerm",
            "module.aci.module.aci_match_rule.aci_rest_managed.rtctrlMatchCommTerm",
            "module.aci.module.aci_match_rule.aci_rest_managed.rtctrlMatchRtDest",
            "module.aci.module.aci_match_rule.aci_rest_managed.rtctrlSubjP",
            "module.aci.module.aci_ospf_interface_policy.aci_rest_managed.ospfIfPol",
            "module.aci.module.aci_set_rule.aci_rest_managed.rtctrlAttrP",
            "module.aci.module.aci_set_rule.aci_rest_managed.rtctrlSetASPath",
            "module.aci.module.aci_set_rule.aci_rest_managed.rtctrlSetASPathASN",
            "module.aci.module.aci_set_rule.aci_rest_managed.rtctrlSetAddComm",
            "module.aci.module.aci_set_rule.aci_rest_managed.rtctrlSetComm",
            "module.aci.module.aci_set_rule.aci_rest_managed.rtctrlSetDamp",
            "module.aci.module.aci_set_rule.aci_rest_managed.rtctrlSetNh",
            "module.aci.module.aci_set_rule.aci_rest_managed.rtctrlSetNhUnchanged",
            "module.aci.module.aci_set_rule.aci_rest_managed.rtctrlSetPref",
            "module.aci.module.aci_set_rule.aci_rest_managed.rtctrlSetRedistMultipath",
            "module.aci.module.aci_set_rule.aci_rest_managed.rtctrlSetRtMetric",
            "module.aci.module.aci_set_rule.aci_rest_managed.rtctrlSetRtMetricType",
            "module.aci.module.aci_set_rule.aci_rest_managed.rtctrlSetTag",
            "module.aci.module.aci_set_rule.aci_rest_managed.rtctrlSetWeight",
            "module.aci.module.aci_tenant.aci_rest_managed.fvTenant",
            "module.aci.module.aci_vrf.aci_rest_managed.bgpRtTargetP_ipv4",
            "module.aci.module.aci_vrf.aci_rest_managed.bgpRtTargetP_ipv6",
            "module.aci.module.aci_vrf.aci_rest_managed.bgpRtTarget_ipv4_export",
            "module.aci.module.aci_vrf.aci_rest_managed.bgpRtTarget_ipv4_import",
            "module.aci.module.aci_vrf.aci_rest_managed.bgpRtTarget_ipv6_export",
            "module.aci.module.aci_vrf.aci_rest_managed.bgpRtTarget_ipv6_import",
            "module.aci.module.aci_vrf.aci_rest_managed.dnsLbl",
            "module.aci.module.aci_vrf.aci_rest_managed.fvCtx",
            "module.aci.module.aci_vrf.aci_rest_managed.fvRsBgpCtxPol",
            "module.aci.module.aci_vrf.aci_rest_managed.fvRsCtxToBgpCtxAfPol_ipv4",
            "module.aci.module.aci_vrf.aci_rest_managed.fvRsCtxToBgpCtxAfPol_ipv6",
            "module.aci.module.aci_vrf.aci_rest_managed.igmpCtxP",
            "module.aci.module.aci_vrf.aci_rest_managed.igmpSSMXlateP",
            "module.aci.module.aci_vrf.aci_rest_managed.leakExternalPrefix",
            "module.aci.module.aci_vrf.aci_rest_managed.leakInternalSubnet",
            "module.aci.module.aci_vrf.aci_rest_managed.leakRoutes",
            "module.aci.module.aci_vrf.aci_rest_managed.leakTo_external",
            "module.aci.module.aci_vrf.aci_rest_managed.leakTo_internal",
            "module.aci.module.aci_vrf.aci_rest_managed.pimASMPatPol",
            "module.aci.module.aci_vrf.aci_rest_managed.pimAutoRPPol",
            "module.aci.module.aci_vrf.aci_rest_managed.pimBSRFilterPol",
            "module.aci.module.aci_vrf.aci_rest_managed.pimBSRPPol",
            "module.aci.module.aci_vrf.aci_rest_managed.pimCtxP",
            "module.aci.module.aci_vrf.aci_rest_managed.pimFabricRPPol",
            "module.aci.module.aci_vrf.aci_rest_managed.pimInterVRFEntryPol",
            "module.aci.module.aci_vrf.aci_rest_managed.pimInterVRFPol",
            "module.aci.module.aci_vrf.aci_rest_managed.pimMAFilterPol",
            "module.aci.module.aci_vrf.aci_rest_managed.pimRPGrpRangePol_fabric_rp",
            "module.aci.module.aci_vrf.aci_rest_managed.pimRPGrpRangePol_static_rp",
            "module.aci.module.aci_vrf.aci_rest_managed.pimRegTrPol",
            "module.aci.module.aci_vrf.aci_rest_managed.pimResPol",
            "module.aci.module.aci_vrf.aci_rest_managed.pimSGRangeExpPol",
            "module.aci.module.aci_vrf.aci_rest_managed.pimSSMPatPol",
            "module.aci.module.aci_vrf.aci_rest_managed.pimSSMRangePol",
            "module.aci.module.aci_vrf.aci_rest_managed.pimSharedRangePol",
            "module.aci.module.aci_vrf.aci_rest_managed.pimStaticRPEntryPol_fabric_rp",
            "module.aci.module.aci_vrf.aci_rest_managed.pimStaticRPEntryPol_static_rp",
            "module.aci.module.aci_vrf.aci_rest_managed.pimStaticRPPol",
            "module.aci.module.aci_vrf.aci_rest_managed.rtdmcRsFilterToRtMapPol_asm_sg_expiry",
            "module.aci.module.aci_vrf.aci_rest_managed.rtdmcRsFilterToRtMapPol_asm_shared",
            "module.aci.module.aci_vrf.aci_rest_managed.rtdmcRsFilterToRtMapPol_auto_rp",
            "module.aci.module.aci_vrf.aci_rest_managed.rtdmcRsFilterToRtMapPol_bsr",
            "module.aci.module.aci_vrf.aci_rest_managed.rtdmcRsFilterToRtMapPol_fabric_rp",
            "module.aci.module.aci_vrf.aci_rest_managed.rtdmcRsFilterToRtMapPol_pim_inter_vrf",
            "module.aci.module.aci_vrf.aci_rest_managed.rtdmcRsFilterToRtMapPol_ssm_range",
            "module.aci.module.aci_vrf.aci_rest_managed.rtdmcRsFilterToRtMapPol_static_rp",
            "module.aci.module.aci_vrf.aci_rest_managed.vzAny",
            "module.aci.module.aci_vrf.aci_rest_managed.vzRsAnyToCons",
            "module.aci.module.aci_vrf.aci_rest_managed.vzRsAnyToConsIf",
            "module.aci.module.aci_vrf.aci_rest_managed.vzRsAnyToProv"
          ]
        }
      ]
    },
    {
      "module": "module.aci.module.aci_bridge_domain[\"adossant/192.168.73.0_24\"]",
      "mode": "managed",
      "type": "aci_rest_managed",
      "name": "dhcpRsDhcpOptionPol",
      "provider": "provider[\"registry.terraform.io/ciscodevnet/aci\"]",
      "instances": [
        {
          "index_key": "dhcp.uktme.cisco.com",
          "schema_version": 0,
          "attributes": {
            "child": [],
            "class_name": "dhcpRsDhcpOptionPol",
            "content": {
              "tnDhcpOptionPolName": "",
              "userdom": "all"
            },
            "dn": "uni/tn-adossant/BD-192.168.73.0_24/dhcplbl-dhcp.uktme.cisco.com/rsdhcpOptionPol",
            "id": "uni/tn-adossant/BD-192.168.73.0_24/dhcplbl-dhcp.uktme.cisco.com/rsdhcpOptionPol"
          },
          "sensitive_attributes": [],
          "private": "bnVsbA==",
          "dependencies": [
            "module.aci.data.utils_yaml_merge.defaults",
            "module.aci.data.utils_yaml_merge.model",
            "module.aci.module.aci_bfd_interface_policy.aci_rest_managed.bfdIfPol",
            "module.aci.module.aci_bgp_timer_policy.aci_rest_managed.bgpCtxPol",
            "module.aci.module.aci_bridge_domain.aci_rest_managed.dhcpLbl",
            "module.aci.module.aci_bridge_domain.aci_rest_managed.fvBD",
            "module.aci.module.aci_bridge_domain.aci_rest_managed.fvRsCtx",
            "module.aci.module.aci_contract.aci_rest_managed.vzBrCP",
            "module.aci.module.aci_contract.aci_rest_managed.vzRsSubjFiltAtt",
            "module.aci.module.aci_contract.aci_rest_managed.vzRsSubjGraphAtt",
            "module.aci.module.aci_contract.aci_rest_managed.vzSubj",
            "module.aci.module.aci_dhcp_option_policy.aci_rest_managed.dhcpOption",
            "module.aci.module.aci_dhcp_option_policy.aci_rest_managed.dhcpOptionPol",
            "module.aci.module.aci_dhcp_relay_policy.aci_rest_managed.dhcpRelayP",
            "module.aci.module.aci_dhcp_relay_policy.aci_rest_managed.dhcpRsProv",
            "module.aci.module.aci_filter.aci_rest_managed.vzEntry",
            "module.aci.module.aci_filter.aci_rest_managed.vzFilter",
            "module.aci.module.aci_imported_contract.aci_rest_managed.vzCPIf",
            "module.aci.module.aci_imported_contract.aci_rest_managed.vzRsIf",
            "module.aci.module.aci_l3out.aci_rest_managed.bgpExtP",
            "module.aci.module.aci_l3out.aci_rest_managed.l3extDefaultRouteLeakP",
            "module.aci.module.aci_l3out.aci_rest_managed.l3extOut",
            "module.aci.module.aci_l3out.aci_rest_managed.l3extRsDampeningPol_ipv4",
            "module.aci.module.aci_l3out.aci_rest_managed.l3extRsDampeningPol_ipv6",
            "module.aci.module.aci_l3out.aci_rest_managed.l3extRsEctx",
            "module.aci.module.aci_l3out.aci_rest_managed.l3extRsInterleakPol",
            "module.aci.module.aci_l3out.aci_rest_managed.l3extRsL3DomAtt",
            "module.aci.module.aci_l3out.aci_rest_managed.l3extRsRedistributePol",
            "module.aci.module.aci_l3out.aci_rest_managed.ospfExtP",
            "module.aci.module.aci_l3out.aci_rest_managed.pimExtP",
            "module.aci.module.aci_l3out.aci_rest_managed.rtctrlCtxP_export",
            "module.aci.module.aci_l3out.aci_rest_managed.rtctrlCtxP_import",
            "module.aci.module.aci_l3out.aci_rest_managed.rtctrlProfile_export",
            "module.aci.module.aci_l3out.aci_rest_managed.rtctrlProfile_import",
            "module.aci.module.aci_l3out.aci_rest_managed.rtctrlRsCtxPToSubjP_export",
            "module.aci.module.aci_l3out.aci_rest_managed.rtctrlRsCtxPToSubjP_import",
            "module.aci.module.aci_l3out.aci_rest_managed.rtctrlRsScopeToAttrP_export",
            "module.aci.module.aci_l3out.aci_rest_managed.rtctrlRsScopeToAttrP_import",
            "module.aci.module.aci_l3out.aci_rest_managed.rtctrlScope_export",
            "module.aci.module.aci_l3out.aci_rest_managed.rtctrlScope_import",
            "module.aci.module.aci_match_rule.aci_rest_managed.rtctrlMatchCommFactor",
            "module.aci.module.aci_match_rule.aci_rest_managed.rtctrlMatchCommRegexTerm",
            "module.aci.module.aci_match_rule.aci_rest_managed.rtctrlMatchCommTerm",
            "module.aci.module.aci_match_rule.aci_rest_managed.rtctrlMatchRtDest",
            "module.aci.module.aci_match_rule.aci_rest_managed.rtctrlSubjP",
            "module.aci.module.aci_ospf_interface_policy.aci_rest_managed.ospfIfPol",
            "module.aci.module.aci_set_rule.aci_rest_managed.rtctrlAttrP",
            "module.aci.module.aci_set_rule.aci_rest_managed.rtctrlSetASPath",
            "module.aci.module.aci_set_rule.aci_rest_managed.rtctrlSetASPathASN",
            "module.aci.module.aci_set_rule.aci_rest_managed.rtctrlSetAddComm",
            "module.aci.module.aci_set_rule.aci_rest_managed.rtctrlSetComm",
            "module.aci.module.aci_set_rule.aci_rest_managed.rtctrlSetDamp",
            "module.aci.module.aci_set_rule.aci_rest_managed.rtctrlSetNh",
            "module.aci.module.aci_set_rule.aci_rest_managed.rtctrlSetNhUnchanged",
            "module.aci.module.aci_set_rule.aci_rest_managed.rtctrlSetPref",
            "module.aci.module.aci_set_rule.aci_rest_managed.rtctrlSetRedistMultipath",
            "module.aci.module.aci_set_rule.aci_rest_managed.rtctrlSetRtMetric",
            "module.aci.module.aci_set_rule.aci_rest_managed.rtctrlSetRtMetricType",
            "module.aci.module.aci_set_rule.aci_rest_managed.rtctrlSetTag",
            "module.aci.module.aci_set_rule.aci_rest_managed.rtctrlSetWeight",
            "module.aci.module.aci_tenant.aci_rest_managed.fvTenant",
            "module.aci.module.aci_vrf.aci_rest_managed.bgpRtTargetP_ipv4",
            "module.aci.module.aci_vrf.aci_rest_managed.bgpRtTargetP_ipv6",
            "module.aci.module.aci_vrf.aci_rest_managed.bgpRtTarget_ipv4_export",
            "module.aci.module.aci_vrf.aci_rest_managed.bgpRtTarget_ipv4_import",
            "module.aci.module.aci_vrf.aci_rest_managed.bgpRtTarget_ipv6_export",
            "module.aci.module.aci_vrf.aci_rest_managed.bgpRtTarget_ipv6_import",
            "module.aci.module.aci_vrf.aci_rest_managed.dnsLbl",
            "module.aci.module.aci_vrf.aci_rest_managed.fvCtx",
            "module.aci.module.aci_vrf.aci_rest_managed.fvRsBgpCtxPol",
            "module.aci.module.aci_vrf.aci_rest_managed.fvRsCtxToBgpCtxAfPol_ipv4",
            "module.aci.module.aci_vrf.aci_rest_managed.fvRsCtxToBgpCtxAfPol_ipv6",
            "module.aci.module.aci_vrf.aci_rest_managed.igmpCtxP",
            "module.aci.module.aci_vrf.aci_rest_managed.igmpSSMXlateP",
            "module.aci.module.aci_vrf.aci_rest_managed.leakExternalPrefix",
            "module.aci.module.aci_vrf.aci_rest_managed.leakInternalSubnet",
            "module.aci.module.aci_vrf.aci_rest_managed.leakRoutes",
            "module.aci.module.aci_vrf.aci_rest_managed.leakTo_external",
            "module.aci.module.aci_vrf.aci_rest_managed.leakTo_internal",
            "module.aci.module.aci_vrf.aci_rest_managed.pimASMPatPol",
            "module.aci.module.aci_vrf.aci_rest_managed.pimAutoRPPol",
            "module.aci.module.aci_vrf.aci_rest_managed.pimBSRFilterPol",
            "module.aci.module.aci_vrf.aci_rest_managed.pimBSRPPol",
            "module.aci.module.aci_vrf.aci_rest_managed.pimCtxP",
            "module.aci.module.aci_vrf.aci_rest_managed.pimFabricRPPol",
            "module.aci.module.aci_vrf.aci_rest_managed.pimInterVRFEntryPol",
            "module.aci.module.aci_vrf.aci_rest_managed.pimInterVRFPol",
            "module.aci.module.aci_vrf.aci_rest_managed.pimMAFilterPol",
            "module.aci.module.aci_vrf.aci_rest_managed.pimRPGrpRangePol_fabric_rp",
            "module.aci.module.aci_vrf.aci_rest_managed.pimRPGrpRangePol_static_rp",
            "module.aci.module.aci_vrf.aci_rest_managed.pimRegTrPol",
            "module.aci.module.aci_vrf.aci_rest_managed.pimResPol",
            "module.aci.module.aci_vrf.aci_rest_managed.pimSGRangeExpPol",
            "module.aci.module.aci_vrf.aci_rest_managed.pimSSMPatPol",
            "module.aci.module.aci_vrf.aci_rest_managed.pimSSMRangePol",
            "module.aci.module.aci_vrf.aci_rest_managed.pimSharedRangePol",
            "module.aci.module.aci_vrf.aci_rest_managed.pimStaticRPEntryPol_fabric_rp",
            "module.aci.module.aci_vrf.aci_rest_managed.pimStaticRPEntryPol_static_rp",
            "module.aci.module.aci_vrf.aci_rest_managed.pimStaticRPPol",
            "module.aci.module.aci_vrf.aci_rest_managed.rtdmcRsFilterToRtMapPol_asm_sg_expiry",
            "module.aci.module.aci_vrf.aci_rest_managed.rtdmcRsFilterToRtMapPol_asm_shared",
            "module.aci.module.aci_vrf.aci_rest_managed.rtdmcRsFilterToRtMapPol_auto_rp",
            "module.aci.module.aci_vrf.aci_rest_managed.rtdmcRsFilterToRtMapPol_bsr",
            "module.aci.module.aci_vrf.aci_rest_managed.rtdmcRsFilterToRtMapPol_fabric_rp",
            "module.aci.module.aci_vrf.aci_rest_managed.rtdmcRsFilterToRtMapPol_pim_inter_vrf",
            "module.aci.module.aci_vrf.aci_rest_managed.rtdmcRsFilterToRtMapPol_ssm_range",
            "module.aci.module.aci_vrf.aci_rest_managed.rtdmcRsFilterToRtMapPol_static_rp",
            "module.aci.module.aci_vrf.aci_rest_managed.vzAny",
            "module.aci.module.aci_vrf.aci_rest_managed.vzRsAnyToCons",
            "module.aci.module.aci_vrf.aci_rest_managed.vzRsAnyToConsIf",
            "module.aci.module.aci_vrf.aci_rest_managed.vzRsAnyToProv"
          ]
        }
      ]
    },
    {
      "module": "module.aci.module.aci_bridge_domain[\"adossant/192.168.73.0_24\"]",
      "mode": "managed",
      "type": "aci_rest_managed",
      "name": "fvBD",
      "provider": "provider[\"registry.terraform.io/ciscodevnet/aci\"]",
      "instances": [
        {
          "schema_version": 0,
          "attributes": {
            "child": [],
            "class_name": "fvBD",
            "content": {
              "OptimizeWanBandwidth": "no",
              "arpFlood": "yes",
              "descr": "",
              "enableRogueExceptMac": "no",
              "epClear": "no",
              "epMoveDetectMode": "",
              "hostBasedRouting": "no",
              "intersiteBumTrafficAllow": "no",
              "intersiteL2Stretch": "no",
              "ipLearning": "yes",
              "ipv6McastAllow": "no",
              "limitIpLearnToSubnets": "yes",
              "llAddr": "::",
              "mac": "00:22:BD:F8:19:FF",
              "mcastARPDrop": "yes",
              "mcastAllow": "no",
              "multiDstPktAct": "bd-flood",
              "name": "192.168.73.0_24",
              "nameAlias": "",
              "ownerKey": "",
              "ownerTag": "",
              "type": "regular",
              "unicastRoute": "yes",
              "unkMacUcastAct": "proxy",
              "unkMcastAct": "flood",
              "userdom": ":all:common:",
              "v6unkMcastAct": "flood",
              "vmac": "not-applicable"
            },
            "dn": "uni/tn-adossant/BD-192.168.73.0_24",
            "id": "uni/tn-adossant/BD-192.168.73.0_24"
          },
          "sensitive_attributes": [],
          "private": "bnVsbA==",
          "dependencies": [
            "module.aci.data.utils_yaml_merge.defaults",
            "module.aci.data.utils_yaml_merge.model",
            "module.aci.module.aci_bfd_interface_policy.aci_rest_managed.bfdIfPol",
            "module.aci.module.aci_bgp_timer_policy.aci_rest_managed.bgpCtxPol",
            "module.aci.module.aci_contract.aci_rest_managed.vzBrCP",
            "module.aci.module.aci_contract.aci_rest_managed.vzRsSubjFiltAtt",
            "module.aci.module.aci_contract.aci_rest_managed.vzRsSubjGraphAtt",
            "module.aci.module.aci_contract.aci_rest_managed.vzSubj",
            "module.aci.module.aci_dhcp_option_policy.aci_rest_managed.dhcpOption",
            "module.aci.module.aci_dhcp_option_policy.aci_rest_managed.dhcpOptionPol",
            "module.aci.module.aci_dhcp_relay_policy.aci_rest_managed.dhcpRelayP",
            "module.aci.module.aci_dhcp_relay_policy.aci_rest_managed.dhcpRsProv",
            "module.aci.module.aci_filter.aci_rest_managed.vzEntry",
            "module.aci.module.aci_filter.aci_rest_managed.vzFilter",
            "module.aci.module.aci_imported_contract.aci_rest_managed.vzCPIf",
            "module.aci.module.aci_imported_contract.aci_rest_managed.vzRsIf",
            "module.aci.module.aci_l3out.aci_rest_managed.bgpExtP",
            "module.aci.module.aci_l3out.aci_rest_managed.l3extDefaultRouteLeakP",
            "module.aci.module.aci_l3out.aci_rest_managed.l3extOut",
            "module.aci.module.aci_l3out.aci_rest_managed.l3extRsDampeningPol_ipv4",
            "module.aci.module.aci_l3out.aci_rest_managed.l3extRsDampeningPol_ipv6",
            "module.aci.module.aci_l3out.aci_rest_managed.l3extRsEctx",
            "module.aci.module.aci_l3out.aci_rest_managed.l3extRsInterleakPol",
            "module.aci.module.aci_l3out.aci_rest_managed.l3extRsL3DomAtt",
            "module.aci.module.aci_l3out.aci_rest_managed.l3extRsRedistributePol",
            "module.aci.module.aci_l3out.aci_rest_managed.ospfExtP",
            "module.aci.module.aci_l3out.aci_rest_managed.pimExtP",
            "module.aci.module.aci_l3out.aci_rest_managed.rtctrlCtxP_export",
            "module.aci.module.aci_l3out.aci_rest_managed.rtctrlCtxP_import",
            "module.aci.module.aci_l3out.aci_rest_managed.rtctrlProfile_export",
            "module.aci.module.aci_l3out.aci_rest_managed.rtctrlProfile_import",
            "module.aci.module.aci_l3out.aci_rest_managed.rtctrlRsCtxPToSubjP_export",
            "module.aci.module.aci_l3out.aci_rest_managed.rtctrlRsCtxPToSubjP_import",
            "module.aci.module.aci_l3out.aci_rest_managed.rtctrlRsScopeToAttrP_export",
            "module.aci.module.aci_l3out.aci_rest_managed.rtctrlRsScopeToAttrP_import",
            "module.aci.module.aci_l3out.aci_rest_managed.rtctrlScope_export",
            "module.aci.module.aci_l3out.aci_rest_managed.rtctrlScope_import",
            "module.aci.module.aci_match_rule.aci_rest_managed.rtctrlMatchCommFactor",
            "module.aci.module.aci_match_rule.aci_rest_managed.rtctrlMatchCommRegexTerm",
            "module.aci.module.aci_match_rule.aci_rest_managed.rtctrlMatchCommTerm",
            "module.aci.module.aci_match_rule.aci_rest_managed.rtctrlMatchRtDest",
            "module.aci.module.aci_match_rule.aci_rest_managed.rtctrlSubjP",
            "module.aci.module.aci_ospf_interface_policy.aci_rest_managed.ospfIfPol",
            "module.aci.module.aci_set_rule.aci_rest_managed.rtctrlAttrP",
            "module.aci.module.aci_set_rule.aci_rest_managed.rtctrlSetASPath",
            "module.aci.module.aci_set_rule.aci_rest_managed.rtctrlSetASPathASN",
            "module.aci.module.aci_set_rule.aci_rest_managed.rtctrlSetAddComm",
            "module.aci.module.aci_set_rule.aci_rest_managed.rtctrlSetComm",
            "module.aci.module.aci_set_rule.aci_rest_managed.rtctrlSetDamp",
            "module.aci.module.aci_set_rule.aci_rest_managed.rtctrlSetNh",
            "module.aci.module.aci_set_rule.aci_rest_managed.rtctrlSetNhUnchanged",
            "module.aci.module.aci_set_rule.aci_rest_managed.rtctrlSetPref",
            "module.aci.module.aci_set_rule.aci_rest_managed.rtctrlSetRedistMultipath",
            "module.aci.module.aci_set_rule.aci_rest_managed.rtctrlSetRtMetric",
            "module.aci.module.aci_set_rule.aci_rest_managed.rtctrlSetRtMetricType",
            "module.aci.module.aci_set_rule.aci_rest_managed.rtctrlSetTag",
            "module.aci.module.aci_set_rule.aci_rest_managed.rtctrlSetWeight",
            "module.aci.module.aci_tenant.aci_rest_managed.fvTenant",
            "module.aci.module.aci_vrf.aci_rest_managed.bgpRtTargetP_ipv4",
            "module.aci.module.aci_vrf.aci_rest_managed.bgpRtTargetP_ipv6",
            "module.aci.module.aci_vrf.aci_rest_managed.bgpRtTarget_ipv4_export",
            "module.aci.module.aci_vrf.aci_rest_managed.bgpRtTarget_ipv4_import",
            "module.aci.module.aci_vrf.aci_rest_managed.bgpRtTarget_ipv6_export",
            "module.aci.module.aci_vrf.aci_rest_managed.bgpRtTarget_ipv6_import",
            "module.aci.module.aci_vrf.aci_rest_managed.dnsLbl",
            "module.aci.module.aci_vrf.aci_rest_managed.fvCtx",
            "module.aci.module.aci_vrf.aci_rest_managed.fvRsBgpCtxPol",
            "module.aci.module.aci_vrf.aci_rest_managed.fvRsCtxToBgpCtxAfPol_ipv4",
            "module.aci.module.aci_vrf.aci_rest_managed.fvRsCtxToBgpCtxAfPol_ipv6",
            "module.aci.module.aci_vrf.aci_rest_managed.igmpCtxP",
            "module.aci.module.aci_vrf.aci_rest_managed.igmpSSMXlateP",
            "module.aci.module.aci_vrf.aci_rest_managed.leakExternalPrefix",
            "module.aci.module.aci_vrf.aci_rest_managed.leakInternalSubnet",
            "module.aci.module.aci_vrf.aci_rest_managed.leakRoutes",
            "module.aci.module.aci_vrf.aci_rest_managed.leakTo_external",
            "module.aci.module.aci_vrf.aci_rest_managed.leakTo_internal",
            "module.aci.module.aci_vrf.aci_rest_managed.pimASMPatPol",
            "module.aci.module.aci_vrf.aci_rest_managed.pimAutoRPPol",
            "module.aci.module.aci_vrf.aci_rest_managed.pimBSRFilterPol",
            "module.aci.module.aci_vrf.aci_rest_managed.pimBSRPPol",
            "module.aci.module.aci_vrf.aci_rest_managed.pimCtxP",
            "module.aci.module.aci_vrf.aci_rest_managed.pimFabricRPPol",
            "module.aci.module.aci_vrf.aci_rest_managed.pimInterVRFEntryPol",
            "module.aci.module.aci_vrf.aci_rest_managed.pimInterVRFPol",
            "module.aci.module.aci_vrf.aci_rest_managed.pimMAFilterPol",
            "module.aci.module.aci_vrf.aci_rest_managed.pimRPGrpRangePol_fabric_rp",
            "module.aci.module.aci_vrf.aci_rest_managed.pimRPGrpRangePol_static_rp",
            "module.aci.module.aci_vrf.aci_rest_managed.pimRegTrPol",
            "module.aci.module.aci_vrf.aci_rest_managed.pimResPol",
            "module.aci.module.aci_vrf.aci_rest_managed.pimSGRangeExpPol",
            "module.aci.module.aci_vrf.aci_rest_managed.pimSSMPatPol",
            "module.aci.module.aci_vrf.aci_rest_managed.pimSSMRangePol",
            "module.aci.module.aci_vrf.aci_rest_managed.pimSharedRangePol",
            "module.aci.module.aci_vrf.aci_rest_managed.pimStaticRPEntryPol_fabric_rp",
            "module.aci.module.aci_vrf.aci_rest_managed.pimStaticRPEntryPol_static_rp",
            "module.aci.module.aci_vrf.aci_rest_managed.pimStaticRPPol",
            "module.aci.module.aci_vrf.aci_rest_managed.rtdmcRsFilterToRtMapPol_asm_sg_expiry",
            "module.aci.module.aci_vrf.aci_rest_managed.rtdmcRsFilterToRtMapPol_asm_shared",
            "module.aci.module.aci_vrf.aci_rest_managed.rtdmcRsFilterToRtMapPol_auto_rp",
            "module.aci.module.aci_vrf.aci_rest_managed.rtdmcRsFilterToRtMapPol_bsr",
            "module.aci.module.aci_vrf.aci_rest_managed.rtdmcRsFilterToRtMapPol_fabric_rp",
            "module.aci.module.aci_vrf.aci_rest_managed.rtdmcRsFilterToRtMapPol_pim_inter_vrf",
            "module.aci.module.aci_vrf.aci_rest_managed.rtdmcRsFilterToRtMapPol_ssm_range",
            "module.aci.module.aci_vrf.aci_rest_managed.rtdmcRsFilterToRtMapPol_static_rp",
            "module.aci.module.aci_vrf.aci_rest_managed.vzAny",
            "module.aci.module.aci_vrf.aci_rest_managed.vzRsAnyToCons",
            "module.aci.module.aci_vrf.aci_rest_managed.vzRsAnyToConsIf",
            "module.aci.module.aci_vrf.aci_rest_managed.vzRsAnyToProv"
          ]
        }
      ]
    },
    {
      "module": "module.aci.module.aci_bridge_domain[\"adossant/192.168.73.0_24\"]",
      "mode": "managed",
      "type": "aci_rest_managed",
      "name": "fvRsCtx",
      "provider": "provider[\"registry.terraform.io/ciscodevnet/aci\"]",
      "instances": [
        {
          "schema_version": 0,
          "attributes": {
            "child": [],
            "class_name": "fvRsCtx",
            "content": {
              "tnFvCtxName": "vrf-01",
              "userdom": "all"
            },
            "dn": "uni/tn-adossant/BD-192.168.73.0_24/rsctx",
            "id": "uni/tn-adossant/BD-192.168.73.0_24/rsctx"
          },
          "sensitive_attributes": [],
          "private": "bnVsbA==",
          "dependencies": [
            "module.aci.data.utils_yaml_merge.defaults",
            "module.aci.data.utils_yaml_merge.model",
            "module.aci.module.aci_bfd_interface_policy.aci_rest_managed.bfdIfPol",
            "module.aci.module.aci_bgp_timer_policy.aci_rest_managed.bgpCtxPol",
            "module.aci.module.aci_bridge_domain.aci_rest_managed.fvBD",
            "module.aci.module.aci_contract.aci_rest_managed.vzBrCP",
            "module.aci.module.aci_contract.aci_rest_managed.vzRsSubjFiltAtt",
            "module.aci.module.aci_contract.aci_rest_managed.vzRsSubjGraphAtt",
            "module.aci.module.aci_contract.aci_rest_managed.vzSubj",
            "module.aci.module.aci_dhcp_option_policy.aci_rest_managed.dhcpOption",
            "module.aci.module.aci_dhcp_option_policy.aci_rest_managed.dhcpOptionPol",
            "module.aci.module.aci_dhcp_relay_policy.aci_rest_managed.dhcpRelayP",
            "module.aci.module.aci_dhcp_relay_policy.aci_rest_managed.dhcpRsProv",
            "module.aci.module.aci_filter.aci_rest_managed.vzEntry",
            "module.aci.module.aci_filter.aci_rest_managed.vzFilter",
            "module.aci.module.aci_imported_contract.aci_rest_managed.vzCPIf",
            "module.aci.module.aci_imported_contract.aci_rest_managed.vzRsIf",
            "module.aci.module.aci_l3out.aci_rest_managed.bgpExtP",
            "module.aci.module.aci_l3out.aci_rest_managed.l3extDefaultRouteLeakP",
            "module.aci.module.aci_l3out.aci_rest_managed.l3extOut",
            "module.aci.module.aci_l3out.aci_rest_managed.l3extRsDampeningPol_ipv4",
            "module.aci.module.aci_l3out.aci_rest_managed.l3extRsDampeningPol_ipv6",
            "module.aci.module.aci_l3out.aci_rest_managed.l3extRsEctx",
            "module.aci.module.aci_l3out.aci_rest_managed.l3extRsInterleakPol",
            "module.aci.module.aci_l3out.aci_rest_managed.l3extRsL3DomAtt",
            "module.aci.module.aci_l3out.aci_rest_managed.l3extRsRedistributePol",
            "module.aci.module.aci_l3out.aci_rest_managed.ospfExtP",
            "module.aci.module.aci_l3out.aci_rest_managed.pimExtP",
            "module.aci.module.aci_l3out.aci_rest_managed.rtctrlCtxP_export",
            "module.aci.module.aci_l3out.aci_rest_managed.rtctrlCtxP_import",
            "module.aci.module.aci_l3out.aci_rest_managed.rtctrlProfile_export",
            "module.aci.module.aci_l3out.aci_rest_managed.rtctrlProfile_import",
            "module.aci.module.aci_l3out.aci_rest_managed.rtctrlRsCtxPToSubjP_export",
            "module.aci.module.aci_l3out.aci_rest_managed.rtctrlRsCtxPToSubjP_import",
            "module.aci.module.aci_l3out.aci_rest_managed.rtctrlRsScopeToAttrP_export",
            "module.aci.module.aci_l3out.aci_rest_managed.rtctrlRsScopeToAttrP_import",
            "module.aci.module.aci_l3out.aci_rest_managed.rtctrlScope_export",
            "module.aci.module.aci_l3out.aci_rest_managed.rtctrlScope_import",
            "module.aci.module.aci_match_rule.aci_rest_managed.rtctrlMatchCommFactor",
            "module.aci.module.aci_match_rule.aci_rest_managed.rtctrlMatchCommRegexTerm",
            "module.aci.module.aci_match_rule.aci_rest_managed.rtctrlMatchCommTerm",
            "module.aci.module.aci_match_rule.aci_rest_managed.rtctrlMatchRtDest",
            "module.aci.module.aci_match_rule.aci_rest_managed.rtctrlSubjP",
            "module.aci.module.aci_ospf_interface_policy.aci_rest_managed.ospfIfPol",
            "module.aci.module.aci_set_rule.aci_rest_managed.rtctrlAttrP",
            "module.aci.module.aci_set_rule.aci_rest_managed.rtctrlSetASPath",
            "module.aci.module.aci_set_rule.aci_rest_managed.rtctrlSetASPathASN",
            "module.aci.module.aci_set_rule.aci_rest_managed.rtctrlSetAddComm",
            "module.aci.module.aci_set_rule.aci_rest_managed.rtctrlSetComm",
            "module.aci.module.aci_set_rule.aci_rest_managed.rtctrlSetDamp",
            "module.aci.module.aci_set_rule.aci_rest_managed.rtctrlSetNh",
            "module.aci.module.aci_set_rule.aci_rest_managed.rtctrlSetNhUnchanged",
            "module.aci.module.aci_set_rule.aci_rest_managed.rtctrlSetPref",
            "module.aci.module.aci_set_rule.aci_rest_managed.rtctrlSetRedistMultipath",
            "module.aci.module.aci_set_rule.aci_rest_managed.rtctrlSetRtMetric",
            "module.aci.module.aci_set_rule.aci_rest_managed.rtctrlSetRtMetricType",
            "module.aci.module.aci_set_rule.aci_rest_managed.rtctrlSetTag",
            "module.aci.module.aci_set_rule.aci_rest_managed.rtctrlSetWeight",
            "module.aci.module.aci_tenant.aci_rest_managed.fvTenant",
            "module.aci.module.aci_vrf.aci_rest_managed.bgpRtTargetP_ipv4",
            "module.aci.module.aci_vrf.aci_rest_managed.bgpRtTargetP_ipv6",
            "module.aci.module.aci_vrf.aci_rest_managed.bgpRtTarget_ipv4_export",
            "module.aci.module.aci_vrf.aci_rest_managed.bgpRtTarget_ipv4_import",
            "module.aci.module.aci_vrf.aci_rest_managed.bgpRtTarget_ipv6_export",
            "module.aci.module.aci_vrf.aci_rest_managed.bgpRtTarget_ipv6_import",
            "module.aci.module.aci_vrf.aci_rest_managed.dnsLbl",
            "module.aci.module.aci_vrf.aci_rest_managed.fvCtx",
            "module.aci.module.aci_vrf.aci_rest_managed.fvRsBgpCtxPol",
            "module.aci.module.aci_vrf.aci_rest_managed.fvRsCtxToBgpCtxAfPol_ipv4",
            "module.aci.module.aci_vrf.aci_rest_managed.fvRsCtxToBgpCtxAfPol_ipv6",
            "module.aci.module.aci_vrf.aci_rest_managed.igmpCtxP",
            "module.aci.module.aci_vrf.aci_rest_managed.igmpSSMXlateP",
            "module.aci.module.aci_vrf.aci_rest_managed.leakExternalPrefix",
            "module.aci.module.aci_vrf.aci_rest_managed.leakInternalSubnet",
            "module.aci.module.aci_vrf.aci_rest_managed.leakRoutes",
            "module.aci.module.aci_vrf.aci_rest_managed.leakTo_external",
            "module.aci.module.aci_vrf.aci_rest_managed.leakTo_internal",
            "module.aci.module.aci_vrf.aci_rest_managed.pimASMPatPol",
            "module.aci.module.aci_vrf.aci_rest_managed.pimAutoRPPol",
            "module.aci.module.aci_vrf.aci_rest_managed.pimBSRFilterPol",
            "module.aci.module.aci_vrf.aci_rest_managed.pimBSRPPol",
            "module.aci.module.aci_vrf.aci_rest_managed.pimCtxP",
            "module.aci.module.aci_vrf.aci_rest_managed.pimFabricRPPol",
            "module.aci.module.aci_vrf.aci_rest_managed.pimInterVRFEntryPol",
            "module.aci.module.aci_vrf.aci_rest_managed.pimInterVRFPol",
            "module.aci.module.aci_vrf.aci_rest_managed.pimMAFilterPol",
            "module.aci.module.aci_vrf.aci_rest_managed.pimRPGrpRangePol_fabric_rp",
            "module.aci.module.aci_vrf.aci_rest_managed.pimRPGrpRangePol_static_rp",
            "module.aci.module.aci_vrf.aci_rest_managed.pimRegTrPol",
            "module.aci.module.aci_vrf.aci_rest_managed.pimResPol",
            "module.aci.module.aci_vrf.aci_rest_managed.pimSGRangeExpPol",
            "module.aci.module.aci_vrf.aci_rest_managed.pimSSMPatPol",
            "module.aci.module.aci_vrf.aci_rest_managed.pimSSMRangePol",
            "module.aci.module.aci_vrf.aci_rest_managed.pimSharedRangePol",
            "module.aci.module.aci_vrf.aci_rest_managed.pimStaticRPEntryPol_fabric_rp",
            "module.aci.module.aci_vrf.aci_rest_managed.pimStaticRPEntryPol_static_rp",
            "module.aci.module.aci_vrf.aci_rest_managed.pimStaticRPPol",
            "module.aci.module.aci_vrf.aci_rest_managed.rtdmcRsFilterToRtMapPol_asm_sg_expiry",
            "module.aci.module.aci_vrf.aci_rest_managed.rtdmcRsFilterToRtMapPol_asm_shared",
            "module.aci.module.aci_vrf.aci_rest_managed.rtdmcRsFilterToRtMapPol_auto_rp",
            "module.aci.module.aci_vrf.aci_rest_managed.rtdmcRsFilterToRtMapPol_bsr",
            "module.aci.module.aci_vrf.aci_rest_managed.rtdmcRsFilterToRtMapPol_fabric_rp",
            "module.aci.module.aci_vrf.aci_rest_managed.rtdmcRsFilterToRtMapPol_pim_inter_vrf",
            "module.aci.module.aci_vrf.aci_rest_managed.rtdmcRsFilterToRtMapPol_ssm_range",
            "module.aci.module.aci_vrf.aci_rest_managed.rtdmcRsFilterToRtMapPol_static_rp",
            "module.aci.module.aci_vrf.aci_rest_managed.vzAny",
            "module.aci.module.aci_vrf.aci_rest_managed.vzRsAnyToCons",
            "module.aci.module.aci_vrf.aci_rest_managed.vzRsAnyToConsIf",
            "module.aci.module.aci_vrf.aci_rest_managed.vzRsAnyToProv"
          ]
        }
      ]
    },
    {
      "module": "module.aci.module.aci_bridge_domain[\"adossant/192.168.73.0_24\"]",
      "mode": "managed",
      "type": "aci_rest_managed",
      "name": "fvSubnet",
      "provider": "provider[\"registry.terraform.io/ciscodevnet/aci\"]",
      "instances": [
        {
          "index_key": "192.168.73.1/24",
          "schema_version": 0,
          "attributes": {
            "child": [],
            "class_name": "fvSubnet",
            "content": {
              "ctrl": "",
              "descr": "",
              "ip": "192.168.73.1/24",
              "ipDPLearning": "enabled",
              "name": "",
              "nameAlias": "",
              "preferred": "no",
              "scope": "public,shared",
              "userdom": ":all:common:",
              "virtual": "no"
            },
            "dn": "uni/tn-adossant/BD-192.168.73.0_24/subnet-[192.168.73.1/24]",
            "id": "uni/tn-adossant/BD-192.168.73.0_24/subnet-[192.168.73.1/24]"
          },
          "sensitive_attributes": [],
          "private": "bnVsbA==",
          "dependencies": [
            "module.aci.data.utils_yaml_merge.defaults",
            "module.aci.data.utils_yaml_merge.model",
            "module.aci.module.aci_bfd_interface_policy.aci_rest_managed.bfdIfPol",
            "module.aci.module.aci_bgp_timer_policy.aci_rest_managed.bgpCtxPol",
            "module.aci.module.aci_bridge_domain.aci_rest_managed.fvBD",
            "module.aci.module.aci_bridge_domain.aci_rest_managed.fvRsCtx",
            "module.aci.module.aci_contract.aci_rest_managed.vzBrCP",
            "module.aci.module.aci_contract.aci_rest_managed.vzRsSubjFiltAtt",
            "module.aci.module.aci_contract.aci_rest_managed.vzRsSubjGraphAtt",
            "module.aci.module.aci_contract.aci_rest_managed.vzSubj",
            "module.aci.module.aci_dhcp_option_policy.aci_rest_managed.dhcpOption",
            "module.aci.module.aci_dhcp_option_policy.aci_rest_managed.dhcpOptionPol",
            "module.aci.module.aci_dhcp_relay_policy.aci_rest_managed.dhcpRelayP",
            "module.aci.module.aci_dhcp_relay_policy.aci_rest_managed.dhcpRsProv",
            "module.aci.module.aci_filter.aci_rest_managed.vzEntry",
            "module.aci.module.aci_filter.aci_rest_managed.vzFilter",
            "module.aci.module.aci_imported_contract.aci_rest_managed.vzCPIf",
            "module.aci.module.aci_imported_contract.aci_rest_managed.vzRsIf",
            "module.aci.module.aci_l3out.aci_rest_managed.bgpExtP",
            "module.aci.module.aci_l3out.aci_rest_managed.l3extDefaultRouteLeakP",
            "module.aci.module.aci_l3out.aci_rest_managed.l3extOut",
            "module.aci.module.aci_l3out.aci_rest_managed.l3extRsDampeningPol_ipv4",
            "module.aci.module.aci_l3out.aci_rest_managed.l3extRsDampeningPol_ipv6",
            "module.aci.module.aci_l3out.aci_rest_managed.l3extRsEctx",
            "module.aci.module.aci_l3out.aci_rest_managed.l3extRsInterleakPol",
            "module.aci.module.aci_l3out.aci_rest_managed.l3extRsL3DomAtt",
            "module.aci.module.aci_l3out.aci_rest_managed.l3extRsRedistributePol",
            "module.aci.module.aci_l3out.aci_rest_managed.ospfExtP",
            "module.aci.module.aci_l3out.aci_rest_managed.pimExtP",
            "module.aci.module.aci_l3out.aci_rest_managed.rtctrlCtxP_export",
            "module.aci.module.aci_l3out.aci_rest_managed.rtctrlCtxP_import",
            "module.aci.module.aci_l3out.aci_rest_managed.rtctrlProfile_export",
            "module.aci.module.aci_l3out.aci_rest_managed.rtctrlProfile_import",
            "module.aci.module.aci_l3out.aci_rest_managed.rtctrlRsCtxPToSubjP_export",
            "module.aci.module.aci_l3out.aci_rest_managed.rtctrlRsCtxPToSubjP_import",
            "module.aci.module.aci_l3out.aci_rest_managed.rtctrlRsScopeToAttrP_export",
            "module.aci.module.aci_l3out.aci_rest_managed.rtctrlRsScopeToAttrP_import",
            "module.aci.module.aci_l3out.aci_rest_managed.rtctrlScope_export",
            "module.aci.module.aci_l3out.aci_rest_managed.rtctrlScope_import",
            "module.aci.module.aci_match_rule.aci_rest_managed.rtctrlMatchCommFactor",
            "module.aci.module.aci_match_rule.aci_rest_managed.rtctrlMatchCommRegexTerm",
            "module.aci.module.aci_match_rule.aci_rest_managed.rtctrlMatchCommTerm",
            "module.aci.module.aci_match_rule.aci_rest_managed.rtctrlMatchRtDest",
            "module.aci.module.aci_match_rule.aci_rest_managed.rtctrlSubjP",
            "module.aci.module.aci_ospf_interface_policy.aci_rest_managed.ospfIfPol",
            "module.aci.module.aci_set_rule.aci_rest_managed.rtctrlAttrP",
            "module.aci.module.aci_set_rule.aci_rest_managed.rtctrlSetASPath",
            "module.aci.module.aci_set_rule.aci_rest_managed.rtctrlSetASPathASN",
            "module.aci.module.aci_set_rule.aci_rest_managed.rtctrlSetAddComm",
            "module.aci.module.aci_set_rule.aci_rest_managed.rtctrlSetComm",
            "module.aci.module.aci_set_rule.aci_rest_managed.rtctrlSetDamp",
            "module.aci.module.aci_set_rule.aci_rest_managed.rtctrlSetNh",
            "module.aci.module.aci_set_rule.aci_rest_managed.rtctrlSetNhUnchanged",
            "module.aci.module.aci_set_rule.aci_rest_managed.rtctrlSetPref",
            "module.aci.module.aci_set_rule.aci_rest_managed.rtctrlSetRedistMultipath",
            "module.aci.module.aci_set_rule.aci_rest_managed.rtctrlSetRtMetric",
            "module.aci.module.aci_set_rule.aci_rest_managed.rtctrlSetRtMetricType",
            "module.aci.module.aci_set_rule.aci_rest_managed.rtctrlSetTag",
            "module.aci.module.aci_set_rule.aci_rest_managed.rtctrlSetWeight",
            "module.aci.module.aci_tenant.aci_rest_managed.fvTenant",
            "module.aci.module.aci_vrf.aci_rest_managed.bgpRtTargetP_ipv4",
            "module.aci.module.aci_vrf.aci_rest_managed.bgpRtTargetP_ipv6",
            "module.aci.module.aci_vrf.aci_rest_managed.bgpRtTarget_ipv4_export",
            "module.aci.module.aci_vrf.aci_rest_managed.bgpRtTarget_ipv4_import",
            "module.aci.module.aci_vrf.aci_rest_managed.bgpRtTarget_ipv6_export",
            "module.aci.module.aci_vrf.aci_rest_managed.bgpRtTarget_ipv6_import",
            "module.aci.module.aci_vrf.aci_rest_managed.dnsLbl",
            "module.aci.module.aci_vrf.aci_rest_managed.fvCtx",
            "module.aci.module.aci_vrf.aci_rest_managed.fvRsBgpCtxPol",
            "module.aci.module.aci_vrf.aci_rest_managed.fvRsCtxToBgpCtxAfPol_ipv4",
            "module.aci.module.aci_vrf.aci_rest_managed.fvRsCtxToBgpCtxAfPol_ipv6",
            "module.aci.module.aci_vrf.aci_rest_managed.igmpCtxP",
            "module.aci.module.aci_vrf.aci_rest_managed.igmpSSMXlateP",
            "module.aci.module.aci_vrf.aci_rest_managed.leakExternalPrefix",
            "module.aci.module.aci_vrf.aci_rest_managed.leakInternalSubnet",
            "module.aci.module.aci_vrf.aci_rest_managed.leakRoutes",
            "module.aci.module.aci_vrf.aci_rest_managed.leakTo_external",
            "module.aci.module.aci_vrf.aci_rest_managed.leakTo_internal",
            "module.aci.module.aci_vrf.aci_rest_managed.pimASMPatPol",
            "module.aci.module.aci_vrf.aci_rest_managed.pimAutoRPPol",
            "module.aci.module.aci_vrf.aci_rest_managed.pimBSRFilterPol",
            "module.aci.module.aci_vrf.aci_rest_managed.pimBSRPPol",
            "module.aci.module.aci_vrf.aci_rest_managed.pimCtxP",
            "module.aci.module.aci_vrf.aci_rest_managed.pimFabricRPPol",
            "module.aci.module.aci_vrf.aci_rest_managed.pimInterVRFEntryPol",
            "module.aci.module.aci_vrf.aci_rest_managed.pimInterVRFPol",
            "module.aci.module.aci_vrf.aci_rest_managed.pimMAFilterPol",
            "module.aci.module.aci_vrf.aci_rest_managed.pimRPGrpRangePol_fabric_rp",
            "module.aci.module.aci_vrf.aci_rest_managed.pimRPGrpRangePol_static_rp",
            "module.aci.module.aci_vrf.aci_rest_managed.pimRegTrPol",
            "module.aci.module.aci_vrf.aci_rest_managed.pimResPol",
            "module.aci.module.aci_vrf.aci_rest_managed.pimSGRangeExpPol",
            "module.aci.module.aci_vrf.aci_rest_managed.pimSSMPatPol",
            "module.aci.module.aci_vrf.aci_rest_managed.pimSSMRangePol",
            "module.aci.module.aci_vrf.aci_rest_managed.pimSharedRangePol",
            "module.aci.module.aci_vrf.aci_rest_managed.pimStaticRPEntryPol_fabric_rp",
            "module.aci.module.aci_vrf.aci_rest_managed.pimStaticRPEntryPol_static_rp",
            "module.aci.module.aci_vrf.aci_rest_managed.pimStaticRPPol",
            "module.aci.module.aci_vrf.aci_rest_managed.rtdmcRsFilterToRtMapPol_asm_sg_expiry",
            "module.aci.module.aci_vrf.aci_rest_managed.rtdmcRsFilterToRtMapPol_asm_shared",
            "module.aci.module.aci_vrf.aci_rest_managed.rtdmcRsFilterToRtMapPol_auto_rp",
            "module.aci.module.aci_vrf.aci_rest_managed.rtdmcRsFilterToRtMapPol_bsr",
            "module.aci.module.aci_vrf.aci_rest_managed.rtdmcRsFilterToRtMapPol_fabric_rp",
            "module.aci.module.aci_vrf.aci_rest_managed.rtdmcRsFilterToRtMapPol_pim_inter_vrf",
            "module.aci.module.aci_vrf.aci_rest_managed.rtdmcRsFilterToRtMapPol_ssm_range",
            "module.aci.module.aci_vrf.aci_rest_managed.rtdmcRsFilterToRtMapPol_static_rp",
            "module.aci.module.aci_vrf.aci_rest_managed.vzAny",
            "module.aci.module.aci_vrf.aci_rest_managed.vzRsAnyToCons",
            "module.aci.module.aci_vrf.aci_rest_managed.vzRsAnyToConsIf",
            "module.aci.module.aci_vrf.aci_rest_managed.vzRsAnyToProv"
          ]
        }
      ]
    },
    {
      "module": "module.aci.module.aci_bridge_domain[\"adossant/192.168.74.0_24\"]",
      "mode": "managed",
      "type": "aci_rest_managed",
      "name": "dhcpLbl",
      "provider": "provider[\"registry.terraform.io/ciscodevnet/aci\"]",
      "instances": [
        {
          "index_key": "dhcp.uktme.cisco.com",
          "schema_version": 0,
          "attributes": {
            "child": [],
            "class_name": "dhcpLbl",
            "content": {
              "descr": "",
              "name": "dhcp.uktme.cisco.com",
              "nameAlias": "",
              "owner": "tenant",
              "ownerKey": "",
              "ownerTag": "",
              "tag": "yellow-green",
              "userdom": ":all:common:"
            },
            "dn": "uni/tn-adossant/BD-192.168.74.0_24/dhcplbl-dhcp.uktme.cisco.com",
            "id": "uni/tn-adossant/BD-192.168.74.0_24/dhcplbl-dhcp.uktme.cisco.com"
          },
          "sensitive_attributes": [],
          "private": "bnVsbA==",
          "dependencies": [
            "module.aci.data.utils_yaml_merge.defaults",
            "module.aci.data.utils_yaml_merge.model",
            "module.aci.module.aci_bfd_interface_policy.aci_rest_managed.bfdIfPol",
            "module.aci.module.aci_bgp_timer_policy.aci_rest_managed.bgpCtxPol",
            "module.aci.module.aci_bridge_domain.aci_rest_managed.fvBD",
            "module.aci.module.aci_bridge_domain.aci_rest_managed.fvRsCtx",
            "module.aci.module.aci_contract.aci_rest_managed.vzBrCP",
            "module.aci.module.aci_contract.aci_rest_managed.vzRsSubjFiltAtt",
            "module.aci.module.aci_contract.aci_rest_managed.vzRsSubjGraphAtt",
            "module.aci.module.aci_contract.aci_rest_managed.vzSubj",
            "module.aci.module.aci_dhcp_option_policy.aci_rest_managed.dhcpOption",
            "module.aci.module.aci_dhcp_option_policy.aci_rest_managed.dhcpOptionPol",
            "module.aci.module.aci_dhcp_relay_policy.aci_rest_managed.dhcpRelayP",
            "module.aci.module.aci_dhcp_relay_policy.aci_rest_managed.dhcpRsProv",
            "module.aci.module.aci_filter.aci_rest_managed.vzEntry",
            "module.aci.module.aci_filter.aci_rest_managed.vzFilter",
            "module.aci.module.aci_imported_contract.aci_rest_managed.vzCPIf",
            "module.aci.module.aci_imported_contract.aci_rest_managed.vzRsIf",
            "module.aci.module.aci_l3out.aci_rest_managed.bgpExtP",
            "module.aci.module.aci_l3out.aci_rest_managed.l3extDefaultRouteLeakP",
            "module.aci.module.aci_l3out.aci_rest_managed.l3extOut",
            "module.aci.module.aci_l3out.aci_rest_managed.l3extRsDampeningPol_ipv4",
            "module.aci.module.aci_l3out.aci_rest_managed.l3extRsDampeningPol_ipv6",
            "module.aci.module.aci_l3out.aci_rest_managed.l3extRsEctx",
            "module.aci.module.aci_l3out.aci_rest_managed.l3extRsInterleakPol",
            "module.aci.module.aci_l3out.aci_rest_managed.l3extRsL3DomAtt",
            "module.aci.module.aci_l3out.aci_rest_managed.l3extRsRedistributePol",
            "module.aci.module.aci_l3out.aci_rest_managed.ospfExtP",
            "module.aci.module.aci_l3out.aci_rest_managed.pimExtP",
            "module.aci.module.aci_l3out.aci_rest_managed.rtctrlCtxP_export",
            "module.aci.module.aci_l3out.aci_rest_managed.rtctrlCtxP_import",
            "module.aci.module.aci_l3out.aci_rest_managed.rtctrlProfile_export",
            "module.aci.module.aci_l3out.aci_rest_managed.rtctrlProfile_import",
            "module.aci.module.aci_l3out.aci_rest_managed.rtctrlRsCtxPToSubjP_export",
            "module.aci.module.aci_l3out.aci_rest_managed.rtctrlRsCtxPToSubjP_import",
            "module.aci.module.aci_l3out.aci_rest_managed.rtctrlRsScopeToAttrP_export",
            "module.aci.module.aci_l3out.aci_rest_managed.rtctrlRsScopeToAttrP_import",
            "module.aci.module.aci_l3out.aci_rest_managed.rtctrlScope_export",
            "module.aci.module.aci_l3out.aci_rest_managed.rtctrlScope_import",
            "module.aci.module.aci_match_rule.aci_rest_managed.rtctrlMatchCommFactor",
            "module.aci.module.aci_match_rule.aci_rest_managed.rtctrlMatchCommRegexTerm",
            "module.aci.module.aci_match_rule.aci_rest_managed.rtctrlMatchCommTerm",
            "module.aci.module.aci_match_rule.aci_rest_managed.rtctrlMatchRtDest",
            "module.aci.module.aci_match_rule.aci_rest_managed.rtctrlSubjP",
            "module.aci.module.aci_ospf_interface_policy.aci_rest_managed.ospfIfPol",
            "module.aci.module.aci_set_rule.aci_rest_managed.rtctrlAttrP",
            "module.aci.module.aci_set_rule.aci_rest_managed.rtctrlSetASPath",
            "module.aci.module.aci_set_rule.aci_rest_managed.rtctrlSetASPathASN",
            "module.aci.module.aci_set_rule.aci_rest_managed.rtctrlSetAddComm",
            "module.aci.module.aci_set_rule.aci_rest_managed.rtctrlSetComm",
            "module.aci.module.aci_set_rule.aci_rest_managed.rtctrlSetDamp",
            "module.aci.module.aci_set_rule.aci_rest_managed.rtctrlSetNh",
            "module.aci.module.aci_set_rule.aci_rest_managed.rtctrlSetNhUnchanged",
            "module.aci.module.aci_set_rule.aci_rest_managed.rtctrlSetPref",
            "module.aci.module.aci_set_rule.aci_rest_managed.rtctrlSetRedistMultipath",
            "module.aci.module.aci_set_rule.aci_rest_managed.rtctrlSetRtMetric",
            "module.aci.module.aci_set_rule.aci_rest_managed.rtctrlSetRtMetricType",
            "module.aci.module.aci_set_rule.aci_rest_managed.rtctrlSetTag",
            "module.aci.module.aci_set_rule.aci_rest_managed.rtctrlSetWeight",
            "module.aci.module.aci_tenant.aci_rest_managed.fvTenant",
            "module.aci.module.aci_vrf.aci_rest_managed.bgpRtTargetP_ipv4",
            "module.aci.module.aci_vrf.aci_rest_managed.bgpRtTargetP_ipv6",
            "module.aci.module.aci_vrf.aci_rest_managed.bgpRtTarget_ipv4_export",
            "module.aci.module.aci_vrf.aci_rest_managed.bgpRtTarget_ipv4_import",
            "module.aci.module.aci_vrf.aci_rest_managed.bgpRtTarget_ipv6_export",
            "module.aci.module.aci_vrf.aci_rest_managed.bgpRtTarget_ipv6_import",
            "module.aci.module.aci_vrf.aci_rest_managed.dnsLbl",
            "module.aci.module.aci_vrf.aci_rest_managed.fvCtx",
            "module.aci.module.aci_vrf.aci_rest_managed.fvRsBgpCtxPol",
            "module.aci.module.aci_vrf.aci_rest_managed.fvRsCtxToBgpCtxAfPol_ipv4",
            "module.aci.module.aci_vrf.aci_rest_managed.fvRsCtxToBgpCtxAfPol_ipv6",
            "module.aci.module.aci_vrf.aci_rest_managed.igmpCtxP",
            "module.aci.module.aci_vrf.aci_rest_managed.igmpSSMXlateP",
            "module.aci.module.aci_vrf.aci_rest_managed.leakExternalPrefix",
            "module.aci.module.aci_vrf.aci_rest_managed.leakInternalSubnet",
            "module.aci.module.aci_vrf.aci_rest_managed.leakRoutes",
            "module.aci.module.aci_vrf.aci_rest_managed.leakTo_external",
            "module.aci.module.aci_vrf.aci_rest_managed.leakTo_internal",
            "module.aci.module.aci_vrf.aci_rest_managed.pimASMPatPol",
            "module.aci.module.aci_vrf.aci_rest_managed.pimAutoRPPol",
            "module.aci.module.aci_vrf.aci_rest_managed.pimBSRFilterPol",
            "module.aci.module.aci_vrf.aci_rest_managed.pimBSRPPol",
            "module.aci.module.aci_vrf.aci_rest_managed.pimCtxP",
            "module.aci.module.aci_vrf.aci_rest_managed.pimFabricRPPol",
            "module.aci.module.aci_vrf.aci_rest_managed.pimInterVRFEntryPol",
            "module.aci.module.aci_vrf.aci_rest_managed.pimInterVRFPol",
            "module.aci.module.aci_vrf.aci_rest_managed.pimMAFilterPol",
            "module.aci.module.aci_vrf.aci_rest_managed.pimRPGrpRangePol_fabric_rp",
            "module.aci.module.aci_vrf.aci_rest_managed.pimRPGrpRangePol_static_rp",
            "module.aci.module.aci_vrf.aci_rest_managed.pimRegTrPol",
            "module.aci.module.aci_vrf.aci_rest_managed.pimResPol",
            "module.aci.module.aci_vrf.aci_rest_managed.pimSGRangeExpPol",
            "module.aci.module.aci_vrf.aci_rest_managed.pimSSMPatPol",
            "module.aci.module.aci_vrf.aci_rest_managed.pimSSMRangePol",
            "module.aci.module.aci_vrf.aci_rest_managed.pimSharedRangePol",
            "module.aci.module.aci_vrf.aci_rest_managed.pimStaticRPEntryPol_fabric_rp",
            "module.aci.module.aci_vrf.aci_rest_managed.pimStaticRPEntryPol_static_rp",
            "module.aci.module.aci_vrf.aci_rest_managed.pimStaticRPPol",
            "module.aci.module.aci_vrf.aci_rest_managed.rtdmcRsFilterToRtMapPol_asm_sg_expiry",
            "module.aci.module.aci_vrf.aci_rest_managed.rtdmcRsFilterToRtMapPol_asm_shared",
            "module.aci.module.aci_vrf.aci_rest_managed.rtdmcRsFilterToRtMapPol_auto_rp",
            "module.aci.module.aci_vrf.aci_rest_managed.rtdmcRsFilterToRtMapPol_bsr",
            "module.aci.module.aci_vrf.aci_rest_managed.rtdmcRsFilterToRtMapPol_fabric_rp",
            "module.aci.module.aci_vrf.aci_rest_managed.rtdmcRsFilterToRtMapPol_pim_inter_vrf",
            "module.aci.module.aci_vrf.aci_rest_managed.rtdmcRsFilterToRtMapPol_ssm_range",
            "module.aci.module.aci_vrf.aci_rest_managed.rtdmcRsFilterToRtMapPol_static_rp",
            "module.aci.module.aci_vrf.aci_rest_managed.vzAny",
            "module.aci.module.aci_vrf.aci_rest_managed.vzRsAnyToCons",
            "module.aci.module.aci_vrf.aci_rest_managed.vzRsAnyToConsIf",
            "module.aci.module.aci_vrf.aci_rest_managed.vzRsAnyToProv"
          ]
        }
      ]
    },
    {
      "module": "module.aci.module.aci_bridge_domain[\"adossant/192.168.74.0_24\"]",
      "mode": "managed",
      "type": "aci_rest_managed",
      "name": "dhcpRsDhcpOptionPol",
      "provider": "provider[\"registry.terraform.io/ciscodevnet/aci\"]",
      "instances": [
        {
          "index_key": "dhcp.uktme.cisco.com",
          "schema_version": 0,
          "attributes": {
            "child": [],
            "class_name": "dhcpRsDhcpOptionPol",
            "content": {
              "tnDhcpOptionPolName": "",
              "userdom": "all"
            },
            "dn": "uni/tn-adossant/BD-192.168.74.0_24/dhcplbl-dhcp.uktme.cisco.com/rsdhcpOptionPol",
            "id": "uni/tn-adossant/BD-192.168.74.0_24/dhcplbl-dhcp.uktme.cisco.com/rsdhcpOptionPol"
          },
          "sensitive_attributes": [],
          "private": "bnVsbA==",
          "dependencies": [
            "module.aci.data.utils_yaml_merge.defaults",
            "module.aci.data.utils_yaml_merge.model",
            "module.aci.module.aci_bfd_interface_policy.aci_rest_managed.bfdIfPol",
            "module.aci.module.aci_bgp_timer_policy.aci_rest_managed.bgpCtxPol",
            "module.aci.module.aci_bridge_domain.aci_rest_managed.dhcpLbl",
            "module.aci.module.aci_bridge_domain.aci_rest_managed.fvBD",
            "module.aci.module.aci_bridge_domain.aci_rest_managed.fvRsCtx",
            "module.aci.module.aci_contract.aci_rest_managed.vzBrCP",
            "module.aci.module.aci_contract.aci_rest_managed.vzRsSubjFiltAtt",
            "module.aci.module.aci_contract.aci_rest_managed.vzRsSubjGraphAtt",
            "module.aci.module.aci_contract.aci_rest_managed.vzSubj",
            "module.aci.module.aci_dhcp_option_policy.aci_rest_managed.dhcpOption",
            "module.aci.module.aci_dhcp_option_policy.aci_rest_managed.dhcpOptionPol",
            "module.aci.module.aci_dhcp_relay_policy.aci_rest_managed.dhcpRelayP",
            "module.aci.module.aci_dhcp_relay_policy.aci_rest_managed.dhcpRsProv",
            "module.aci.module.aci_filter.aci_rest_managed.vzEntry",
            "module.aci.module.aci_filter.aci_rest_managed.vzFilter",
            "module.aci.module.aci_imported_contract.aci_rest_managed.vzCPIf",
            "module.aci.module.aci_imported_contract.aci_rest_managed.vzRsIf",
            "module.aci.module.aci_l3out.aci_rest_managed.bgpExtP",
            "module.aci.module.aci_l3out.aci_rest_managed.l3extDefaultRouteLeakP",
            "module.aci.module.aci_l3out.aci_rest_managed.l3extOut",
            "module.aci.module.aci_l3out.aci_rest_managed.l3extRsDampeningPol_ipv4",
            "module.aci.module.aci_l3out.aci_rest_managed.l3extRsDampeningPol_ipv6",
            "module.aci.module.aci_l3out.aci_rest_managed.l3extRsEctx",
            "module.aci.module.aci_l3out.aci_rest_managed.l3extRsInterleakPol",
            "module.aci.module.aci_l3out.aci_rest_managed.l3extRsL3DomAtt",
            "module.aci.module.aci_l3out.aci_rest_managed.l3extRsRedistributePol",
            "module.aci.module.aci_l3out.aci_rest_managed.ospfExtP",
            "module.aci.module.aci_l3out.aci_rest_managed.pimExtP",
            "module.aci.module.aci_l3out.aci_rest_managed.rtctrlCtxP_export",
            "module.aci.module.aci_l3out.aci_rest_managed.rtctrlCtxP_import",
            "module.aci.module.aci_l3out.aci_rest_managed.rtctrlProfile_export",
            "module.aci.module.aci_l3out.aci_rest_managed.rtctrlProfile_import",
            "module.aci.module.aci_l3out.aci_rest_managed.rtctrlRsCtxPToSubjP_export",
            "module.aci.module.aci_l3out.aci_rest_managed.rtctrlRsCtxPToSubjP_import",
            "module.aci.module.aci_l3out.aci_rest_managed.rtctrlRsScopeToAttrP_export",
            "module.aci.module.aci_l3out.aci_rest_managed.rtctrlRsScopeToAttrP_import",
            "module.aci.module.aci_l3out.aci_rest_managed.rtctrlScope_export",
            "module.aci.module.aci_l3out.aci_rest_managed.rtctrlScope_import",
            "module.aci.module.aci_match_rule.aci_rest_managed.rtctrlMatchCommFactor",
            "module.aci.module.aci_match_rule.aci_rest_managed.rtctrlMatchCommRegexTerm",
            "module.aci.module.aci_match_rule.aci_rest_managed.rtctrlMatchCommTerm",
            "module.aci.module.aci_match_rule.aci_rest_managed.rtctrlMatchRtDest",
            "module.aci.module.aci_match_rule.aci_rest_managed.rtctrlSubjP",
            "module.aci.module.aci_ospf_interface_policy.aci_rest_managed.ospfIfPol",
            "module.aci.module.aci_set_rule.aci_rest_managed.rtctrlAttrP",
            "module.aci.module.aci_set_rule.aci_rest_managed.rtctrlSetASPath",
            "module.aci.module.aci_set_rule.aci_rest_managed.rtctrlSetASPathASN",
            "module.aci.module.aci_set_rule.aci_rest_managed.rtctrlSetAddComm",
            "module.aci.module.aci_set_rule.aci_rest_managed.rtctrlSetComm",
            "module.aci.module.aci_set_rule.aci_rest_managed.rtctrlSetDamp",
            "module.aci.module.aci_set_rule.aci_rest_managed.rtctrlSetNh",
            "module.aci.module.aci_set_rule.aci_rest_managed.rtctrlSetNhUnchanged",
            "module.aci.module.aci_set_rule.aci_rest_managed.rtctrlSetPref",
            "module.aci.module.aci_set_rule.aci_rest_managed.rtctrlSetRedistMultipath",
            "module.aci.module.aci_set_rule.aci_rest_managed.rtctrlSetRtMetric",
            "module.aci.module.aci_set_rule.aci_rest_managed.rtctrlSetRtMetricType",
            "module.aci.module.aci_set_rule.aci_rest_managed.rtctrlSetTag",
            "module.aci.module.aci_set_rule.aci_rest_managed.rtctrlSetWeight",
            "module.aci.module.aci_tenant.aci_rest_managed.fvTenant",
            "module.aci.module.aci_vrf.aci_rest_managed.bgpRtTargetP_ipv4",
            "module.aci.module.aci_vrf.aci_rest_managed.bgpRtTargetP_ipv6",
            "module.aci.module.aci_vrf.aci_rest_managed.bgpRtTarget_ipv4_export",
            "module.aci.module.aci_vrf.aci_rest_managed.bgpRtTarget_ipv4_import",
            "module.aci.module.aci_vrf.aci_rest_managed.bgpRtTarget_ipv6_export",
            "module.aci.module.aci_vrf.aci_rest_managed.bgpRtTarget_ipv6_import",
            "module.aci.module.aci_vrf.aci_rest_managed.dnsLbl",
            "module.aci.module.aci_vrf.aci_rest_managed.fvCtx",
            "module.aci.module.aci_vrf.aci_rest_managed.fvRsBgpCtxPol",
            "module.aci.module.aci_vrf.aci_rest_managed.fvRsCtxToBgpCtxAfPol_ipv4",
            "module.aci.module.aci_vrf.aci_rest_managed.fvRsCtxToBgpCtxAfPol_ipv6",
            "module.aci.module.aci_vrf.aci_rest_managed.igmpCtxP",
            "module.aci.module.aci_vrf.aci_rest_managed.igmpSSMXlateP",
            "module.aci.module.aci_vrf.aci_rest_managed.leakExternalPrefix",
            "module.aci.module.aci_vrf.aci_rest_managed.leakInternalSubnet",
            "module.aci.module.aci_vrf.aci_rest_managed.leakRoutes",
            "module.aci.module.aci_vrf.aci_rest_managed.leakTo_external",
            "module.aci.module.aci_vrf.aci_rest_managed.leakTo_internal",
            "module.aci.module.aci_vrf.aci_rest_managed.pimASMPatPol",
            "module.aci.module.aci_vrf.aci_rest_managed.pimAutoRPPol",
            "module.aci.module.aci_vrf.aci_rest_managed.pimBSRFilterPol",
            "module.aci.module.aci_vrf.aci_rest_managed.pimBSRPPol",
            "module.aci.module.aci_vrf.aci_rest_managed.pimCtxP",
            "module.aci.module.aci_vrf.aci_rest_managed.pimFabricRPPol",
            "module.aci.module.aci_vrf.aci_rest_managed.pimInterVRFEntryPol",
            "module.aci.module.aci_vrf.aci_rest_managed.pimInterVRFPol",
            "module.aci.module.aci_vrf.aci_rest_managed.pimMAFilterPol",
            "module.aci.module.aci_vrf.aci_rest_managed.pimRPGrpRangePol_fabric_rp",
            "module.aci.module.aci_vrf.aci_rest_managed.pimRPGrpRangePol_static_rp",
            "module.aci.module.aci_vrf.aci_rest_managed.pimRegTrPol",
            "module.aci.module.aci_vrf.aci_rest_managed.pimResPol",
            "module.aci.module.aci_vrf.aci_rest_managed.pimSGRangeExpPol",
            "module.aci.module.aci_vrf.aci_rest_managed.pimSSMPatPol",
            "module.aci.module.aci_vrf.aci_rest_managed.pimSSMRangePol",
            "module.aci.module.aci_vrf.aci_rest_managed.pimSharedRangePol",
            "module.aci.module.aci_vrf.aci_rest_managed.pimStaticRPEntryPol_fabric_rp",
            "module.aci.module.aci_vrf.aci_rest_managed.pimStaticRPEntryPol_static_rp",
            "module.aci.module.aci_vrf.aci_rest_managed.pimStaticRPPol",
            "module.aci.module.aci_vrf.aci_rest_managed.rtdmcRsFilterToRtMapPol_asm_sg_expiry",
            "module.aci.module.aci_vrf.aci_rest_managed.rtdmcRsFilterToRtMapPol_asm_shared",
            "module.aci.module.aci_vrf.aci_rest_managed.rtdmcRsFilterToRtMapPol_auto_rp",
            "module.aci.module.aci_vrf.aci_rest_managed.rtdmcRsFilterToRtMapPol_bsr",
            "module.aci.module.aci_vrf.aci_rest_managed.rtdmcRsFilterToRtMapPol_fabric_rp",
            "module.aci.module.aci_vrf.aci_rest_managed.rtdmcRsFilterToRtMapPol_pim_inter_vrf",
            "module.aci.module.aci_vrf.aci_rest_managed.rtdmcRsFilterToRtMapPol_ssm_range",
            "module.aci.module.aci_vrf.aci_rest_managed.rtdmcRsFilterToRtMapPol_static_rp",
            "module.aci.module.aci_vrf.aci_rest_managed.vzAny",
            "module.aci.module.aci_vrf.aci_rest_managed.vzRsAnyToCons",
            "module.aci.module.aci_vrf.aci_rest_managed.vzRsAnyToConsIf",
            "module.aci.module.aci_vrf.aci_rest_managed.vzRsAnyToProv"
          ]
        }
      ]
    },
    {
      "module": "module.aci.module.aci_bridge_domain[\"adossant/192.168.74.0_24\"]",
      "mode": "managed",
      "type": "aci_rest_managed",
      "name": "fvBD",
      "provider": "provider[\"registry.terraform.io/ciscodevnet/aci\"]",
      "instances": [
        {
          "schema_version": 0,
          "attributes": {
            "child": [],
            "class_name": "fvBD",
            "content": {
              "OptimizeWanBandwidth": "no",
              "arpFlood": "yes",
              "descr": "",
              "enableRogueExceptMac": "no",
              "epClear": "no",
              "epMoveDetectMode": "",
              "hostBasedRouting": "no",
              "intersiteBumTrafficAllow": "no",
              "intersiteL2Stretch": "no",
              "ipLearning": "yes",
              "ipv6McastAllow": "no",
              "limitIpLearnToSubnets": "yes",
              "llAddr": "::",
              "mac": "00:22:BD:F8:19:FF",
              "mcastARPDrop": "yes",
              "mcastAllow": "no",
              "multiDstPktAct": "bd-flood",
              "name": "192.168.74.0_24",
              "nameAlias": "",
              "ownerKey": "",
              "ownerTag": "",
              "type": "regular",
              "unicastRoute": "yes",
              "unkMacUcastAct": "proxy",
              "unkMcastAct": "flood",
              "userdom": ":all:common:",
              "v6unkMcastAct": "flood",
              "vmac": "not-applicable"
            },
            "dn": "uni/tn-adossant/BD-192.168.74.0_24",
            "id": "uni/tn-adossant/BD-192.168.74.0_24"
          },
          "sensitive_attributes": [],
          "private": "bnVsbA==",
          "dependencies": [
            "module.aci.data.utils_yaml_merge.defaults",
            "module.aci.data.utils_yaml_merge.model",
            "module.aci.module.aci_bfd_interface_policy.aci_rest_managed.bfdIfPol",
            "module.aci.module.aci_bgp_timer_policy.aci_rest_managed.bgpCtxPol",
            "module.aci.module.aci_contract.aci_rest_managed.vzBrCP",
            "module.aci.module.aci_contract.aci_rest_managed.vzRsSubjFiltAtt",
            "module.aci.module.aci_contract.aci_rest_managed.vzRsSubjGraphAtt",
            "module.aci.module.aci_contract.aci_rest_managed.vzSubj",
            "module.aci.module.aci_dhcp_option_policy.aci_rest_managed.dhcpOption",
            "module.aci.module.aci_dhcp_option_policy.aci_rest_managed.dhcpOptionPol",
            "module.aci.module.aci_dhcp_relay_policy.aci_rest_managed.dhcpRelayP",
            "module.aci.module.aci_dhcp_relay_policy.aci_rest_managed.dhcpRsProv",
            "module.aci.module.aci_filter.aci_rest_managed.vzEntry",
            "module.aci.module.aci_filter.aci_rest_managed.vzFilter",
            "module.aci.module.aci_imported_contract.aci_rest_managed.vzCPIf",
            "module.aci.module.aci_imported_contract.aci_rest_managed.vzRsIf",
            "module.aci.module.aci_l3out.aci_rest_managed.bgpExtP",
            "module.aci.module.aci_l3out.aci_rest_managed.l3extDefaultRouteLeakP",
            "module.aci.module.aci_l3out.aci_rest_managed.l3extOut",
            "module.aci.module.aci_l3out.aci_rest_managed.l3extRsDampeningPol_ipv4",
            "module.aci.module.aci_l3out.aci_rest_managed.l3extRsDampeningPol_ipv6",
            "module.aci.module.aci_l3out.aci_rest_managed.l3extRsEctx",
            "module.aci.module.aci_l3out.aci_rest_managed.l3extRsInterleakPol",
            "module.aci.module.aci_l3out.aci_rest_managed.l3extRsL3DomAtt",
            "module.aci.module.aci_l3out.aci_rest_managed.l3extRsRedistributePol",
            "module.aci.module.aci_l3out.aci_rest_managed.ospfExtP",
            "module.aci.module.aci_l3out.aci_rest_managed.pimExtP",
            "module.aci.module.aci_l3out.aci_rest_managed.rtctrlCtxP_export",
            "module.aci.module.aci_l3out.aci_rest_managed.rtctrlCtxP_import",
            "module.aci.module.aci_l3out.aci_rest_managed.rtctrlProfile_export",
            "module.aci.module.aci_l3out.aci_rest_managed.rtctrlProfile_import",
            "module.aci.module.aci_l3out.aci_rest_managed.rtctrlRsCtxPToSubjP_export",
            "module.aci.module.aci_l3out.aci_rest_managed.rtctrlRsCtxPToSubjP_import",
            "module.aci.module.aci_l3out.aci_rest_managed.rtctrlRsScopeToAttrP_export",
            "module.aci.module.aci_l3out.aci_rest_managed.rtctrlRsScopeToAttrP_import",
            "module.aci.module.aci_l3out.aci_rest_managed.rtctrlScope_export",
            "module.aci.module.aci_l3out.aci_rest_managed.rtctrlScope_import",
            "module.aci.module.aci_match_rule.aci_rest_managed.rtctrlMatchCommFactor",
            "module.aci.module.aci_match_rule.aci_rest_managed.rtctrlMatchCommRegexTerm",
            "module.aci.module.aci_match_rule.aci_rest_managed.rtctrlMatchCommTerm",
            "module.aci.module.aci_match_rule.aci_rest_managed.rtctrlMatchRtDest",
            "module.aci.module.aci_match_rule.aci_rest_managed.rtctrlSubjP",
            "module.aci.module.aci_ospf_interface_policy.aci_rest_managed.ospfIfPol",
            "module.aci.module.aci_set_rule.aci_rest_managed.rtctrlAttrP",
            "module.aci.module.aci_set_rule.aci_rest_managed.rtctrlSetASPath",
            "module.aci.module.aci_set_rule.aci_rest_managed.rtctrlSetASPathASN",
            "module.aci.module.aci_set_rule.aci_rest_managed.rtctrlSetAddComm",
            "module.aci.module.aci_set_rule.aci_rest_managed.rtctrlSetComm",
            "module.aci.module.aci_set_rule.aci_rest_managed.rtctrlSetDamp",
            "module.aci.module.aci_set_rule.aci_rest_managed.rtctrlSetNh",
            "module.aci.module.aci_set_rule.aci_rest_managed.rtctrlSetNhUnchanged",
            "module.aci.module.aci_set_rule.aci_rest_managed.rtctrlSetPref",
            "module.aci.module.aci_set_rule.aci_rest_managed.rtctrlSetRedistMultipath",
            "module.aci.module.aci_set_rule.aci_rest_managed.rtctrlSetRtMetric",
            "module.aci.module.aci_set_rule.aci_rest_managed.rtctrlSetRtMetricType",
            "module.aci.module.aci_set_rule.aci_rest_managed.rtctrlSetTag",
            "module.aci.module.aci_set_rule.aci_rest_managed.rtctrlSetWeight",
            "module.aci.module.aci_tenant.aci_rest_managed.fvTenant",
            "module.aci.module.aci_vrf.aci_rest_managed.bgpRtTargetP_ipv4",
            "module.aci.module.aci_vrf.aci_rest_managed.bgpRtTargetP_ipv6",
            "module.aci.module.aci_vrf.aci_rest_managed.bgpRtTarget_ipv4_export",
            "module.aci.module.aci_vrf.aci_rest_managed.bgpRtTarget_ipv4_import",
            "module.aci.module.aci_vrf.aci_rest_managed.bgpRtTarget_ipv6_export",
            "module.aci.module.aci_vrf.aci_rest_managed.bgpRtTarget_ipv6_import",
            "module.aci.module.aci_vrf.aci_rest_managed.dnsLbl",
            "module.aci.module.aci_vrf.aci_rest_managed.fvCtx",
            "module.aci.module.aci_vrf.aci_rest_managed.fvRsBgpCtxPol",
            "module.aci.module.aci_vrf.aci_rest_managed.fvRsCtxToBgpCtxAfPol_ipv4",
            "module.aci.module.aci_vrf.aci_rest_managed.fvRsCtxToBgpCtxAfPol_ipv6",
            "module.aci.module.aci_vrf.aci_rest_managed.igmpCtxP",
            "module.aci.module.aci_vrf.aci_rest_managed.igmpSSMXlateP",
            "module.aci.module.aci_vrf.aci_rest_managed.leakExternalPrefix",
            "module.aci.module.aci_vrf.aci_rest_managed.leakInternalSubnet",
            "module.aci.module.aci_vrf.aci_rest_managed.leakRoutes",
            "module.aci.module.aci_vrf.aci_rest_managed.leakTo_external",
            "module.aci.module.aci_vrf.aci_rest_managed.leakTo_internal",
            "module.aci.module.aci_vrf.aci_rest_managed.pimASMPatPol",
            "module.aci.module.aci_vrf.aci_rest_managed.pimAutoRPPol",
            "module.aci.module.aci_vrf.aci_rest_managed.pimBSRFilterPol",
            "module.aci.module.aci_vrf.aci_rest_managed.pimBSRPPol",
            "module.aci.module.aci_vrf.aci_rest_managed.pimCtxP",
            "module.aci.module.aci_vrf.aci_rest_managed.pimFabricRPPol",
            "module.aci.module.aci_vrf.aci_rest_managed.pimInterVRFEntryPol",
            "module.aci.module.aci_vrf.aci_rest_managed.pimInterVRFPol",
            "module.aci.module.aci_vrf.aci_rest_managed.pimMAFilterPol",
            "module.aci.module.aci_vrf.aci_rest_managed.pimRPGrpRangePol_fabric_rp",
            "module.aci.module.aci_vrf.aci_rest_managed.pimRPGrpRangePol_static_rp",
            "module.aci.module.aci_vrf.aci_rest_managed.pimRegTrPol",
            "module.aci.module.aci_vrf.aci_rest_managed.pimResPol",
            "module.aci.module.aci_vrf.aci_rest_managed.pimSGRangeExpPol",
            "module.aci.module.aci_vrf.aci_rest_managed.pimSSMPatPol",
            "module.aci.module.aci_vrf.aci_rest_managed.pimSSMRangePol",
            "module.aci.module.aci_vrf.aci_rest_managed.pimSharedRangePol",
            "module.aci.module.aci_vrf.aci_rest_managed.pimStaticRPEntryPol_fabric_rp",
            "module.aci.module.aci_vrf.aci_rest_managed.pimStaticRPEntryPol_static_rp",
            "module.aci.module.aci_vrf.aci_rest_managed.pimStaticRPPol",
            "module.aci.module.aci_vrf.aci_rest_managed.rtdmcRsFilterToRtMapPol_asm_sg_expiry",
            "module.aci.module.aci_vrf.aci_rest_managed.rtdmcRsFilterToRtMapPol_asm_shared",
            "module.aci.module.aci_vrf.aci_rest_managed.rtdmcRsFilterToRtMapPol_auto_rp",
            "module.aci.module.aci_vrf.aci_rest_managed.rtdmcRsFilterToRtMapPol_bsr",
            "module.aci.module.aci_vrf.aci_rest_managed.rtdmcRsFilterToRtMapPol_fabric_rp",
            "module.aci.module.aci_vrf.aci_rest_managed.rtdmcRsFilterToRtMapPol_pim_inter_vrf",
            "module.aci.module.aci_vrf.aci_rest_managed.rtdmcRsFilterToRtMapPol_ssm_range",
            "module.aci.module.aci_vrf.aci_rest_managed.rtdmcRsFilterToRtMapPol_static_rp",
            "module.aci.module.aci_vrf.aci_rest_managed.vzAny",
            "module.aci.module.aci_vrf.aci_rest_managed.vzRsAnyToCons",
            "module.aci.module.aci_vrf.aci_rest_managed.vzRsAnyToConsIf",
            "module.aci.module.aci_vrf.aci_rest_managed.vzRsAnyToProv"
          ]
        }
      ]
    },
    {
      "module": "module.aci.module.aci_bridge_domain[\"adossant/192.168.74.0_24\"]",
      "mode": "managed",
      "type": "aci_rest_managed",
      "name": "fvRsCtx",
      "provider": "provider[\"registry.terraform.io/ciscodevnet/aci\"]",
      "instances": [
        {
          "schema_version": 0,
          "attributes": {
            "child": [],
            "class_name": "fvRsCtx",
            "content": {
              "tnFvCtxName": "vrf-01",
              "userdom": "all"
            },
            "dn": "uni/tn-adossant/BD-192.168.74.0_24/rsctx",
            "id": "uni/tn-adossant/BD-192.168.74.0_24/rsctx"
          },
          "sensitive_attributes": [],
          "private": "bnVsbA==",
          "dependencies": [
            "module.aci.data.utils_yaml_merge.defaults",
            "module.aci.data.utils_yaml_merge.model",
            "module.aci.module.aci_bfd_interface_policy.aci_rest_managed.bfdIfPol",
            "module.aci.module.aci_bgp_timer_policy.aci_rest_managed.bgpCtxPol",
            "module.aci.module.aci_bridge_domain.aci_rest_managed.fvBD",
            "module.aci.module.aci_contract.aci_rest_managed.vzBrCP",
            "module.aci.module.aci_contract.aci_rest_managed.vzRsSubjFiltAtt",
            "module.aci.module.aci_contract.aci_rest_managed.vzRsSubjGraphAtt",
            "module.aci.module.aci_contract.aci_rest_managed.vzSubj",
            "module.aci.module.aci_dhcp_option_policy.aci_rest_managed.dhcpOption",
            "module.aci.module.aci_dhcp_option_policy.aci_rest_managed.dhcpOptionPol",
            "module.aci.module.aci_dhcp_relay_policy.aci_rest_managed.dhcpRelayP",
            "module.aci.module.aci_dhcp_relay_policy.aci_rest_managed.dhcpRsProv",
            "module.aci.module.aci_filter.aci_rest_managed.vzEntry",
            "module.aci.module.aci_filter.aci_rest_managed.vzFilter",
            "module.aci.module.aci_imported_contract.aci_rest_managed.vzCPIf",
            "module.aci.module.aci_imported_contract.aci_rest_managed.vzRsIf",
            "module.aci.module.aci_l3out.aci_rest_managed.bgpExtP",
            "module.aci.module.aci_l3out.aci_rest_managed.l3extDefaultRouteLeakP",
            "module.aci.module.aci_l3out.aci_rest_managed.l3extOut",
            "module.aci.module.aci_l3out.aci_rest_managed.l3extRsDampeningPol_ipv4",
            "module.aci.module.aci_l3out.aci_rest_managed.l3extRsDampeningPol_ipv6",
            "module.aci.module.aci_l3out.aci_rest_managed.l3extRsEctx",
            "module.aci.module.aci_l3out.aci_rest_managed.l3extRsInterleakPol",
            "module.aci.module.aci_l3out.aci_rest_managed.l3extRsL3DomAtt",
            "module.aci.module.aci_l3out.aci_rest_managed.l3extRsRedistributePol",
            "module.aci.module.aci_l3out.aci_rest_managed.ospfExtP",
            "module.aci.module.aci_l3out.aci_rest_managed.pimExtP",
            "module.aci.module.aci_l3out.aci_rest_managed.rtctrlCtxP_export",
            "module.aci.module.aci_l3out.aci_rest_managed.rtctrlCtxP_import",
            "module.aci.module.aci_l3out.aci_rest_managed.rtctrlProfile_export",
            "module.aci.module.aci_l3out.aci_rest_managed.rtctrlProfile_import",
            "module.aci.module.aci_l3out.aci_rest_managed.rtctrlRsCtxPToSubjP_export",
            "module.aci.module.aci_l3out.aci_rest_managed.rtctrlRsCtxPToSubjP_import",
            "module.aci.module.aci_l3out.aci_rest_managed.rtctrlRsScopeToAttrP_export",
            "module.aci.module.aci_l3out.aci_rest_managed.rtctrlRsScopeToAttrP_import",
            "module.aci.module.aci_l3out.aci_rest_managed.rtctrlScope_export",
            "module.aci.module.aci_l3out.aci_rest_managed.rtctrlScope_import",
            "module.aci.module.aci_match_rule.aci_rest_managed.rtctrlMatchCommFactor",
            "module.aci.module.aci_match_rule.aci_rest_managed.rtctrlMatchCommRegexTerm",
            "module.aci.module.aci_match_rule.aci_rest_managed.rtctrlMatchCommTerm",
            "module.aci.module.aci_match_rule.aci_rest_managed.rtctrlMatchRtDest",
            "module.aci.module.aci_match_rule.aci_rest_managed.rtctrlSubjP",
            "module.aci.module.aci_ospf_interface_policy.aci_rest_managed.ospfIfPol",
            "module.aci.module.aci_set_rule.aci_rest_managed.rtctrlAttrP",
            "module.aci.module.aci_set_rule.aci_rest_managed.rtctrlSetASPath",
            "module.aci.module.aci_set_rule.aci_rest_managed.rtctrlSetASPathASN",
            "module.aci.module.aci_set_rule.aci_rest_managed.rtctrlSetAddComm",
            "module.aci.module.aci_set_rule.aci_rest_managed.rtctrlSetComm",
            "module.aci.module.aci_set_rule.aci_rest_managed.rtctrlSetDamp",
            "module.aci.module.aci_set_rule.aci_rest_managed.rtctrlSetNh",
            "module.aci.module.aci_set_rule.aci_rest_managed.rtctrlSetNhUnchanged",
            "module.aci.module.aci_set_rule.aci_rest_managed.rtctrlSetPref",
            "module.aci.module.aci_set_rule.aci_rest_managed.rtctrlSetRedistMultipath",
            "module.aci.module.aci_set_rule.aci_rest_managed.rtctrlSetRtMetric",
            "module.aci.module.aci_set_rule.aci_rest_managed.rtctrlSetRtMetricType",
            "module.aci.module.aci_set_rule.aci_rest_managed.rtctrlSetTag",
            "module.aci.module.aci_set_rule.aci_rest_managed.rtctrlSetWeight",
            "module.aci.module.aci_tenant.aci_rest_managed.fvTenant",
            "module.aci.module.aci_vrf.aci_rest_managed.bgpRtTargetP_ipv4",
            "module.aci.module.aci_vrf.aci_rest_managed.bgpRtTargetP_ipv6",
            "module.aci.module.aci_vrf.aci_rest_managed.bgpRtTarget_ipv4_export",
            "module.aci.module.aci_vrf.aci_rest_managed.bgpRtTarget_ipv4_import",
            "module.aci.module.aci_vrf.aci_rest_managed.bgpRtTarget_ipv6_export",
            "module.aci.module.aci_vrf.aci_rest_managed.bgpRtTarget_ipv6_import",
            "module.aci.module.aci_vrf.aci_rest_managed.dnsLbl",
            "module.aci.module.aci_vrf.aci_rest_managed.fvCtx",
            "module.aci.module.aci_vrf.aci_rest_managed.fvRsBgpCtxPol",
            "module.aci.module.aci_vrf.aci_rest_managed.fvRsCtxToBgpCtxAfPol_ipv4",
            "module.aci.module.aci_vrf.aci_rest_managed.fvRsCtxToBgpCtxAfPol_ipv6",
            "module.aci.module.aci_vrf.aci_rest_managed.igmpCtxP",
            "module.aci.module.aci_vrf.aci_rest_managed.igmpSSMXlateP",
            "module.aci.module.aci_vrf.aci_rest_managed.leakExternalPrefix",
            "module.aci.module.aci_vrf.aci_rest_managed.leakInternalSubnet",
            "module.aci.module.aci_vrf.aci_rest_managed.leakRoutes",
            "module.aci.module.aci_vrf.aci_rest_managed.leakTo_external",
            "module.aci.module.aci_vrf.aci_rest_managed.leakTo_internal",
            "module.aci.module.aci_vrf.aci_rest_managed.pimASMPatPol",
            "module.aci.module.aci_vrf.aci_rest_managed.pimAutoRPPol",
            "module.aci.module.aci_vrf.aci_rest_managed.pimBSRFilterPol",
            "module.aci.module.aci_vrf.aci_rest_managed.pimBSRPPol",
            "module.aci.module.aci_vrf.aci_rest_managed.pimCtxP",
            "module.aci.module.aci_vrf.aci_rest_managed.pimFabricRPPol",
            "module.aci.module.aci_vrf.aci_rest_managed.pimInterVRFEntryPol",
            "module.aci.module.aci_vrf.aci_rest_managed.pimInterVRFPol",
            "module.aci.module.aci_vrf.aci_rest_managed.pimMAFilterPol",
            "module.aci.module.aci_vrf.aci_rest_managed.pimRPGrpRangePol_fabric_rp",
            "module.aci.module.aci_vrf.aci_rest_managed.pimRPGrpRangePol_static_rp",
            "module.aci.module.aci_vrf.aci_rest_managed.pimRegTrPol",
            "module.aci.module.aci_vrf.aci_rest_managed.pimResPol",
            "module.aci.module.aci_vrf.aci_rest_managed.pimSGRangeExpPol",
            "module.aci.module.aci_vrf.aci_rest_managed.pimSSMPatPol",
            "module.aci.module.aci_vrf.aci_rest_managed.pimSSMRangePol",
            "module.aci.module.aci_vrf.aci_rest_managed.pimSharedRangePol",
            "module.aci.module.aci_vrf.aci_rest_managed.pimStaticRPEntryPol_fabric_rp",
            "module.aci.module.aci_vrf.aci_rest_managed.pimStaticRPEntryPol_static_rp",
            "module.aci.module.aci_vrf.aci_rest_managed.pimStaticRPPol",
            "module.aci.module.aci_vrf.aci_rest_managed.rtdmcRsFilterToRtMapPol_asm_sg_expiry",
            "module.aci.module.aci_vrf.aci_rest_managed.rtdmcRsFilterToRtMapPol_asm_shared",
            "module.aci.module.aci_vrf.aci_rest_managed.rtdmcRsFilterToRtMapPol_auto_rp",
            "module.aci.module.aci_vrf.aci_rest_managed.rtdmcRsFilterToRtMapPol_bsr",
            "module.aci.module.aci_vrf.aci_rest_managed.rtdmcRsFilterToRtMapPol_fabric_rp",
            "module.aci.module.aci_vrf.aci_rest_managed.rtdmcRsFilterToRtMapPol_pim_inter_vrf",
            "module.aci.module.aci_vrf.aci_rest_managed.rtdmcRsFilterToRtMapPol_ssm_range",
            "module.aci.module.aci_vrf.aci_rest_managed.rtdmcRsFilterToRtMapPol_static_rp",
            "module.aci.module.aci_vrf.aci_rest_managed.vzAny",
            "module.aci.module.aci_vrf.aci_rest_managed.vzRsAnyToCons",
            "module.aci.module.aci_vrf.aci_rest_managed.vzRsAnyToConsIf",
            "module.aci.module.aci_vrf.aci_rest_managed.vzRsAnyToProv"
          ]
        }
      ]
    },
    {
      "module": "module.aci.module.aci_bridge_domain[\"adossant/192.168.74.0_24\"]",
      "mode": "managed",
      "type": "aci_rest_managed",
      "name": "fvSubnet",
      "provider": "provider[\"registry.terraform.io/ciscodevnet/aci\"]",
      "instances": [
        {
          "index_key": "192.168.74.1/24",
          "schema_version": 0,
          "attributes": {
            "child": [],
            "class_name": "fvSubnet",
            "content": {
              "ctrl": "",
              "descr": "",
              "ip": "192.168.74.1/24",
              "ipDPLearning": "enabled",
              "name": "",
              "nameAlias": "",
              "preferred": "no",
              "scope": "public,shared",
              "userdom": ":all:common:",
              "virtual": "no"
            },
            "dn": "uni/tn-adossant/BD-192.168.74.0_24/subnet-[192.168.74.1/24]",
            "id": "uni/tn-adossant/BD-192.168.74.0_24/subnet-[192.168.74.1/24]"
          },
          "sensitive_attributes": [],
          "private": "bnVsbA==",
          "dependencies": [
            "module.aci.data.utils_yaml_merge.defaults",
            "module.aci.data.utils_yaml_merge.model",
            "module.aci.module.aci_bfd_interface_policy.aci_rest_managed.bfdIfPol",
            "module.aci.module.aci_bgp_timer_policy.aci_rest_managed.bgpCtxPol",
            "module.aci.module.aci_bridge_domain.aci_rest_managed.fvBD",
            "module.aci.module.aci_bridge_domain.aci_rest_managed.fvRsCtx",
            "module.aci.module.aci_contract.aci_rest_managed.vzBrCP",
            "module.aci.module.aci_contract.aci_rest_managed.vzRsSubjFiltAtt",
            "module.aci.module.aci_contract.aci_rest_managed.vzRsSubjGraphAtt",
            "module.aci.module.aci_contract.aci_rest_managed.vzSubj",
            "module.aci.module.aci_dhcp_option_policy.aci_rest_managed.dhcpOption",
            "module.aci.module.aci_dhcp_option_policy.aci_rest_managed.dhcpOptionPol",
            "module.aci.module.aci_dhcp_relay_policy.aci_rest_managed.dhcpRelayP",
            "module.aci.module.aci_dhcp_relay_policy.aci_rest_managed.dhcpRsProv",
            "module.aci.module.aci_filter.aci_rest_managed.vzEntry",
            "module.aci.module.aci_filter.aci_rest_managed.vzFilter",
            "module.aci.module.aci_imported_contract.aci_rest_managed.vzCPIf",
            "module.aci.module.aci_imported_contract.aci_rest_managed.vzRsIf",
            "module.aci.module.aci_l3out.aci_rest_managed.bgpExtP",
            "module.aci.module.aci_l3out.aci_rest_managed.l3extDefaultRouteLeakP",
            "module.aci.module.aci_l3out.aci_rest_managed.l3extOut",
            "module.aci.module.aci_l3out.aci_rest_managed.l3extRsDampeningPol_ipv4",
            "module.aci.module.aci_l3out.aci_rest_managed.l3extRsDampeningPol_ipv6",
            "module.aci.module.aci_l3out.aci_rest_managed.l3extRsEctx",
            "module.aci.module.aci_l3out.aci_rest_managed.l3extRsInterleakPol",
            "module.aci.module.aci_l3out.aci_rest_managed.l3extRsL3DomAtt",
            "module.aci.module.aci_l3out.aci_rest_managed.l3extRsRedistributePol",
            "module.aci.module.aci_l3out.aci_rest_managed.ospfExtP",
            "module.aci.module.aci_l3out.aci_rest_managed.pimExtP",
            "module.aci.module.aci_l3out.aci_rest_managed.rtctrlCtxP_export",
            "module.aci.module.aci_l3out.aci_rest_managed.rtctrlCtxP_import",
            "module.aci.module.aci_l3out.aci_rest_managed.rtctrlProfile_export",
            "module.aci.module.aci_l3out.aci_rest_managed.rtctrlProfile_import",
            "module.aci.module.aci_l3out.aci_rest_managed.rtctrlRsCtxPToSubjP_export",
            "module.aci.module.aci_l3out.aci_rest_managed.rtctrlRsCtxPToSubjP_import",
            "module.aci.module.aci_l3out.aci_rest_managed.rtctrlRsScopeToAttrP_export",
            "module.aci.module.aci_l3out.aci_rest_managed.rtctrlRsScopeToAttrP_import",
            "module.aci.module.aci_l3out.aci_rest_managed.rtctrlScope_export",
            "module.aci.module.aci_l3out.aci_rest_managed.rtctrlScope_import",
            "module.aci.module.aci_match_rule.aci_rest_managed.rtctrlMatchCommFactor",
            "module.aci.module.aci_match_rule.aci_rest_managed.rtctrlMatchCommRegexTerm",
            "module.aci.module.aci_match_rule.aci_rest_managed.rtctrlMatchCommTerm",
            "module.aci.module.aci_match_rule.aci_rest_managed.rtctrlMatchRtDest",
            "module.aci.module.aci_match_rule.aci_rest_managed.rtctrlSubjP",
            "module.aci.module.aci_ospf_interface_policy.aci_rest_managed.ospfIfPol",
            "module.aci.module.aci_set_rule.aci_rest_managed.rtctrlAttrP",
            "module.aci.module.aci_set_rule.aci_rest_managed.rtctrlSetASPath",
            "module.aci.module.aci_set_rule.aci_rest_managed.rtctrlSetASPathASN",
            "module.aci.module.aci_set_rule.aci_rest_managed.rtctrlSetAddComm",
            "module.aci.module.aci_set_rule.aci_rest_managed.rtctrlSetComm",
            "module.aci.module.aci_set_rule.aci_rest_managed.rtctrlSetDamp",
            "module.aci.module.aci_set_rule.aci_rest_managed.rtctrlSetNh",
            "module.aci.module.aci_set_rule.aci_rest_managed.rtctrlSetNhUnchanged",
            "module.aci.module.aci_set_rule.aci_rest_managed.rtctrlSetPref",
            "module.aci.module.aci_set_rule.aci_rest_managed.rtctrlSetRedistMultipath",
            "module.aci.module.aci_set_rule.aci_rest_managed.rtctrlSetRtMetric",
            "module.aci.module.aci_set_rule.aci_rest_managed.rtctrlSetRtMetricType",
            "module.aci.module.aci_set_rule.aci_rest_managed.rtctrlSetTag",
            "module.aci.module.aci_set_rule.aci_rest_managed.rtctrlSetWeight",
            "module.aci.module.aci_tenant.aci_rest_managed.fvTenant",
            "module.aci.module.aci_vrf.aci_rest_managed.bgpRtTargetP_ipv4",
            "module.aci.module.aci_vrf.aci_rest_managed.bgpRtTargetP_ipv6",
            "module.aci.module.aci_vrf.aci_rest_managed.bgpRtTarget_ipv4_export",
            "module.aci.module.aci_vrf.aci_rest_managed.bgpRtTarget_ipv4_import",
            "module.aci.module.aci_vrf.aci_rest_managed.bgpRtTarget_ipv6_export",
            "module.aci.module.aci_vrf.aci_rest_managed.bgpRtTarget_ipv6_import",
            "module.aci.module.aci_vrf.aci_rest_managed.dnsLbl",
            "module.aci.module.aci_vrf.aci_rest_managed.fvCtx",
            "module.aci.module.aci_vrf.aci_rest_managed.fvRsBgpCtxPol",
            "module.aci.module.aci_vrf.aci_rest_managed.fvRsCtxToBgpCtxAfPol_ipv4",
            "module.aci.module.aci_vrf.aci_rest_managed.fvRsCtxToBgpCtxAfPol_ipv6",
            "module.aci.module.aci_vrf.aci_rest_managed.igmpCtxP",
            "module.aci.module.aci_vrf.aci_rest_managed.igmpSSMXlateP",
            "module.aci.module.aci_vrf.aci_rest_managed.leakExternalPrefix",
            "module.aci.module.aci_vrf.aci_rest_managed.leakInternalSubnet",
            "module.aci.module.aci_vrf.aci_rest_managed.leakRoutes",
            "module.aci.module.aci_vrf.aci_rest_managed.leakTo_external",
            "module.aci.module.aci_vrf.aci_rest_managed.leakTo_internal",
            "module.aci.module.aci_vrf.aci_rest_managed.pimASMPatPol",
            "module.aci.module.aci_vrf.aci_rest_managed.pimAutoRPPol",
            "module.aci.module.aci_vrf.aci_rest_managed.pimBSRFilterPol",
            "module.aci.module.aci_vrf.aci_rest_managed.pimBSRPPol",
            "module.aci.module.aci_vrf.aci_rest_managed.pimCtxP",
            "module.aci.module.aci_vrf.aci_rest_managed.pimFabricRPPol",
            "module.aci.module.aci_vrf.aci_rest_managed.pimInterVRFEntryPol",
            "module.aci.module.aci_vrf.aci_rest_managed.pimInterVRFPol",
            "module.aci.module.aci_vrf.aci_rest_managed.pimMAFilterPol",
            "module.aci.module.aci_vrf.aci_rest_managed.pimRPGrpRangePol_fabric_rp",
            "module.aci.module.aci_vrf.aci_rest_managed.pimRPGrpRangePol_static_rp",
            "module.aci.module.aci_vrf.aci_rest_managed.pimRegTrPol",
            "module.aci.module.aci_vrf.aci_rest_managed.pimResPol",
            "module.aci.module.aci_vrf.aci_rest_managed.pimSGRangeExpPol",
            "module.aci.module.aci_vrf.aci_rest_managed.pimSSMPatPol",
            "module.aci.module.aci_vrf.aci_rest_managed.pimSSMRangePol",
            "module.aci.module.aci_vrf.aci_rest_managed.pimSharedRangePol",
            "module.aci.module.aci_vrf.aci_rest_managed.pimStaticRPEntryPol_fabric_rp",
            "module.aci.module.aci_vrf.aci_rest_managed.pimStaticRPEntryPol_static_rp",
            "module.aci.module.aci_vrf.aci_rest_managed.pimStaticRPPol",
            "module.aci.module.aci_vrf.aci_rest_managed.rtdmcRsFilterToRtMapPol_asm_sg_expiry",
            "module.aci.module.aci_vrf.aci_rest_managed.rtdmcRsFilterToRtMapPol_asm_shared",
            "module.aci.module.aci_vrf.aci_rest_managed.rtdmcRsFilterToRtMapPol_auto_rp",
            "module.aci.module.aci_vrf.aci_rest_managed.rtdmcRsFilterToRtMapPol_bsr",
            "module.aci.module.aci_vrf.aci_rest_managed.rtdmcRsFilterToRtMapPol_fabric_rp",
            "module.aci.module.aci_vrf.aci_rest_managed.rtdmcRsFilterToRtMapPol_pim_inter_vrf",
            "module.aci.module.aci_vrf.aci_rest_managed.rtdmcRsFilterToRtMapPol_ssm_range",
            "module.aci.module.aci_vrf.aci_rest_managed.rtdmcRsFilterToRtMapPol_static_rp",
            "module.aci.module.aci_vrf.aci_rest_managed.vzAny",
            "module.aci.module.aci_vrf.aci_rest_managed.vzRsAnyToCons",
            "module.aci.module.aci_vrf.aci_rest_managed.vzRsAnyToConsIf",
            "module.aci.module.aci_vrf.aci_rest_managed.vzRsAnyToProv"
          ]
        }
      ]
    },
    {
      "module": "module.aci.module.aci_bridge_domain[\"adossant/192.168.75.0_24\"]",
      "mode": "managed",
      "type": "aci_rest_managed",
      "name": "dhcpLbl",
      "provider": "provider[\"registry.terraform.io/ciscodevnet/aci\"]",
      "instances": [
        {
          "index_key": "dhcp.uktme.cisco.com",
          "schema_version": 0,
          "attributes": {
            "child": [],
            "class_name": "dhcpLbl",
            "content": {
              "descr": "",
              "name": "dhcp.uktme.cisco.com",
              "nameAlias": "",
              "owner": "tenant",
              "ownerKey": "",
              "ownerTag": "",
              "tag": "yellow-green",
              "userdom": ":all:common:"
            },
            "dn": "uni/tn-adossant/BD-192.168.75.0_24/dhcplbl-dhcp.uktme.cisco.com",
            "id": "uni/tn-adossant/BD-192.168.75.0_24/dhcplbl-dhcp.uktme.cisco.com"
          },
          "sensitive_attributes": [],
          "private": "bnVsbA==",
          "dependencies": [
            "module.aci.data.utils_yaml_merge.defaults",
            "module.aci.data.utils_yaml_merge.model",
            "module.aci.module.aci_bfd_interface_policy.aci_rest_managed.bfdIfPol",
            "module.aci.module.aci_bgp_timer_policy.aci_rest_managed.bgpCtxPol",
            "module.aci.module.aci_bridge_domain.aci_rest_managed.fvBD",
            "module.aci.module.aci_bridge_domain.aci_rest_managed.fvRsCtx",
            "module.aci.module.aci_contract.aci_rest_managed.vzBrCP",
            "module.aci.module.aci_contract.aci_rest_managed.vzRsSubjFiltAtt",
            "module.aci.module.aci_contract.aci_rest_managed.vzRsSubjGraphAtt",
            "module.aci.module.aci_contract.aci_rest_managed.vzSubj",
            "module.aci.module.aci_dhcp_option_policy.aci_rest_managed.dhcpOption",
            "module.aci.module.aci_dhcp_option_policy.aci_rest_managed.dhcpOptionPol",
            "module.aci.module.aci_dhcp_relay_policy.aci_rest_managed.dhcpRelayP",
            "module.aci.module.aci_dhcp_relay_policy.aci_rest_managed.dhcpRsProv",
            "module.aci.module.aci_filter.aci_rest_managed.vzEntry",
            "module.aci.module.aci_filter.aci_rest_managed.vzFilter",
            "module.aci.module.aci_imported_contract.aci_rest_managed.vzCPIf",
            "module.aci.module.aci_imported_contract.aci_rest_managed.vzRsIf",
            "module.aci.module.aci_l3out.aci_rest_managed.bgpExtP",
            "module.aci.module.aci_l3out.aci_rest_managed.l3extDefaultRouteLeakP",
            "module.aci.module.aci_l3out.aci_rest_managed.l3extOut",
            "module.aci.module.aci_l3out.aci_rest_managed.l3extRsDampeningPol_ipv4",
            "module.aci.module.aci_l3out.aci_rest_managed.l3extRsDampeningPol_ipv6",
            "module.aci.module.aci_l3out.aci_rest_managed.l3extRsEctx",
            "module.aci.module.aci_l3out.aci_rest_managed.l3extRsInterleakPol",
            "module.aci.module.aci_l3out.aci_rest_managed.l3extRsL3DomAtt",
            "module.aci.module.aci_l3out.aci_rest_managed.l3extRsRedistributePol",
            "module.aci.module.aci_l3out.aci_rest_managed.ospfExtP",
            "module.aci.module.aci_l3out.aci_rest_managed.pimExtP",
            "module.aci.module.aci_l3out.aci_rest_managed.rtctrlCtxP_export",
            "module.aci.module.aci_l3out.aci_rest_managed.rtctrlCtxP_import",
            "module.aci.module.aci_l3out.aci_rest_managed.rtctrlProfile_export",
            "module.aci.module.aci_l3out.aci_rest_managed.rtctrlProfile_import",
            "module.aci.module.aci_l3out.aci_rest_managed.rtctrlRsCtxPToSubjP_export",
            "module.aci.module.aci_l3out.aci_rest_managed.rtctrlRsCtxPToSubjP_import",
            "module.aci.module.aci_l3out.aci_rest_managed.rtctrlRsScopeToAttrP_export",
            "module.aci.module.aci_l3out.aci_rest_managed.rtctrlRsScopeToAttrP_import",
            "module.aci.module.aci_l3out.aci_rest_managed.rtctrlScope_export",
            "module.aci.module.aci_l3out.aci_rest_managed.rtctrlScope_import",
            "module.aci.module.aci_match_rule.aci_rest_managed.rtctrlMatchCommFactor",
            "module.aci.module.aci_match_rule.aci_rest_managed.rtctrlMatchCommRegexTerm",
            "module.aci.module.aci_match_rule.aci_rest_managed.rtctrlMatchCommTerm",
            "module.aci.module.aci_match_rule.aci_rest_managed.rtctrlMatchRtDest",
            "module.aci.module.aci_match_rule.aci_rest_managed.rtctrlSubjP",
            "module.aci.module.aci_ospf_interface_policy.aci_rest_managed.ospfIfPol",
            "module.aci.module.aci_set_rule.aci_rest_managed.rtctrlAttrP",
            "module.aci.module.aci_set_rule.aci_rest_managed.rtctrlSetASPath",
            "module.aci.module.aci_set_rule.aci_rest_managed.rtctrlSetASPathASN",
            "module.aci.module.aci_set_rule.aci_rest_managed.rtctrlSetAddComm",
            "module.aci.module.aci_set_rule.aci_rest_managed.rtctrlSetComm",
            "module.aci.module.aci_set_rule.aci_rest_managed.rtctrlSetDamp",
            "module.aci.module.aci_set_rule.aci_rest_managed.rtctrlSetNh",
            "module.aci.module.aci_set_rule.aci_rest_managed.rtctrlSetNhUnchanged",
            "module.aci.module.aci_set_rule.aci_rest_managed.rtctrlSetPref",
            "module.aci.module.aci_set_rule.aci_rest_managed.rtctrlSetRedistMultipath",
            "module.aci.module.aci_set_rule.aci_rest_managed.rtctrlSetRtMetric",
            "module.aci.module.aci_set_rule.aci_rest_managed.rtctrlSetRtMetricType",
            "module.aci.module.aci_set_rule.aci_rest_managed.rtctrlSetTag",
            "module.aci.module.aci_set_rule.aci_rest_managed.rtctrlSetWeight",
            "module.aci.module.aci_tenant.aci_rest_managed.fvTenant",
            "module.aci.module.aci_vrf.aci_rest_managed.bgpRtTargetP_ipv4",
            "module.aci.module.aci_vrf.aci_rest_managed.bgpRtTargetP_ipv6",
            "module.aci.module.aci_vrf.aci_rest_managed.bgpRtTarget_ipv4_export",
            "module.aci.module.aci_vrf.aci_rest_managed.bgpRtTarget_ipv4_import",
            "module.aci.module.aci_vrf.aci_rest_managed.bgpRtTarget_ipv6_export",
            "module.aci.module.aci_vrf.aci_rest_managed.bgpRtTarget_ipv6_import",
            "module.aci.module.aci_vrf.aci_rest_managed.dnsLbl",
            "module.aci.module.aci_vrf.aci_rest_managed.fvCtx",
            "module.aci.module.aci_vrf.aci_rest_managed.fvRsBgpCtxPol",
            "module.aci.module.aci_vrf.aci_rest_managed.fvRsCtxToBgpCtxAfPol_ipv4",
            "module.aci.module.aci_vrf.aci_rest_managed.fvRsCtxToBgpCtxAfPol_ipv6",
            "module.aci.module.aci_vrf.aci_rest_managed.igmpCtxP",
            "module.aci.module.aci_vrf.aci_rest_managed.igmpSSMXlateP",
            "module.aci.module.aci_vrf.aci_rest_managed.leakExternalPrefix",
            "module.aci.module.aci_vrf.aci_rest_managed.leakInternalSubnet",
            "module.aci.module.aci_vrf.aci_rest_managed.leakRoutes",
            "module.aci.module.aci_vrf.aci_rest_managed.leakTo_external",
            "module.aci.module.aci_vrf.aci_rest_managed.leakTo_internal",
            "module.aci.module.aci_vrf.aci_rest_managed.pimASMPatPol",
            "module.aci.module.aci_vrf.aci_rest_managed.pimAutoRPPol",
            "module.aci.module.aci_vrf.aci_rest_managed.pimBSRFilterPol",
            "module.aci.module.aci_vrf.aci_rest_managed.pimBSRPPol",
            "module.aci.module.aci_vrf.aci_rest_managed.pimCtxP",
            "module.aci.module.aci_vrf.aci_rest_managed.pimFabricRPPol",
            "module.aci.module.aci_vrf.aci_rest_managed.pimInterVRFEntryPol",
            "module.aci.module.aci_vrf.aci_rest_managed.pimInterVRFPol",
            "module.aci.module.aci_vrf.aci_rest_managed.pimMAFilterPol",
            "module.aci.module.aci_vrf.aci_rest_managed.pimRPGrpRangePol_fabric_rp",
            "module.aci.module.aci_vrf.aci_rest_managed.pimRPGrpRangePol_static_rp",
            "module.aci.module.aci_vrf.aci_rest_managed.pimRegTrPol",
            "module.aci.module.aci_vrf.aci_rest_managed.pimResPol",
            "module.aci.module.aci_vrf.aci_rest_managed.pimSGRangeExpPol",
            "module.aci.module.aci_vrf.aci_rest_managed.pimSSMPatPol",
            "module.aci.module.aci_vrf.aci_rest_managed.pimSSMRangePol",
            "module.aci.module.aci_vrf.aci_rest_managed.pimSharedRangePol",
            "module.aci.module.aci_vrf.aci_rest_managed.pimStaticRPEntryPol_fabric_rp",
            "module.aci.module.aci_vrf.aci_rest_managed.pimStaticRPEntryPol_static_rp",
            "module.aci.module.aci_vrf.aci_rest_managed.pimStaticRPPol",
            "module.aci.module.aci_vrf.aci_rest_managed.rtdmcRsFilterToRtMapPol_asm_sg_expiry",
            "module.aci.module.aci_vrf.aci_rest_managed.rtdmcRsFilterToRtMapPol_asm_shared",
            "module.aci.module.aci_vrf.aci_rest_managed.rtdmcRsFilterToRtMapPol_auto_rp",
            "module.aci.module.aci_vrf.aci_rest_managed.rtdmcRsFilterToRtMapPol_bsr",
            "module.aci.module.aci_vrf.aci_rest_managed.rtdmcRsFilterToRtMapPol_fabric_rp",
            "module.aci.module.aci_vrf.aci_rest_managed.rtdmcRsFilterToRtMapPol_pim_inter_vrf",
            "module.aci.module.aci_vrf.aci_rest_managed.rtdmcRsFilterToRtMapPol_ssm_range",
            "module.aci.module.aci_vrf.aci_rest_managed.rtdmcRsFilterToRtMapPol_static_rp",
            "module.aci.module.aci_vrf.aci_rest_managed.vzAny",
            "module.aci.module.aci_vrf.aci_rest_managed.vzRsAnyToCons",
            "module.aci.module.aci_vrf.aci_rest_managed.vzRsAnyToConsIf",
            "module.aci.module.aci_vrf.aci_rest_managed.vzRsAnyToProv"
          ]
        }
      ]
    },
    {
      "module": "module.aci.module.aci_bridge_domain[\"adossant/192.168.75.0_24\"]",
      "mode": "managed",
      "type": "aci_rest_managed",
      "name": "dhcpRsDhcpOptionPol",
      "provider": "provider[\"registry.terraform.io/ciscodevnet/aci\"]",
      "instances": [
        {
          "index_key": "dhcp.uktme.cisco.com",
          "schema_version": 0,
          "attributes": {
            "child": [],
            "class_name": "dhcpRsDhcpOptionPol",
            "content": {
              "tnDhcpOptionPolName": "",
              "userdom": "all"
            },
            "dn": "uni/tn-adossant/BD-192.168.75.0_24/dhcplbl-dhcp.uktme.cisco.com/rsdhcpOptionPol",
            "id": "uni/tn-adossant/BD-192.168.75.0_24/dhcplbl-dhcp.uktme.cisco.com/rsdhcpOptionPol"
          },
          "sensitive_attributes": [],
          "private": "bnVsbA==",
          "dependencies": [
            "module.aci.data.utils_yaml_merge.defaults",
            "module.aci.data.utils_yaml_merge.model",
            "module.aci.module.aci_bfd_interface_policy.aci_rest_managed.bfdIfPol",
            "module.aci.module.aci_bgp_timer_policy.aci_rest_managed.bgpCtxPol",
            "module.aci.module.aci_bridge_domain.aci_rest_managed.dhcpLbl",
            "module.aci.module.aci_bridge_domain.aci_rest_managed.fvBD",
            "module.aci.module.aci_bridge_domain.aci_rest_managed.fvRsCtx",
            "module.aci.module.aci_contract.aci_rest_managed.vzBrCP",
            "module.aci.module.aci_contract.aci_rest_managed.vzRsSubjFiltAtt",
            "module.aci.module.aci_contract.aci_rest_managed.vzRsSubjGraphAtt",
            "module.aci.module.aci_contract.aci_rest_managed.vzSubj",
            "module.aci.module.aci_dhcp_option_policy.aci_rest_managed.dhcpOption",
            "module.aci.module.aci_dhcp_option_policy.aci_rest_managed.dhcpOptionPol",
            "module.aci.module.aci_dhcp_relay_policy.aci_rest_managed.dhcpRelayP",
            "module.aci.module.aci_dhcp_relay_policy.aci_rest_managed.dhcpRsProv",
            "module.aci.module.aci_filter.aci_rest_managed.vzEntry",
            "module.aci.module.aci_filter.aci_rest_managed.vzFilter",
            "module.aci.module.aci_imported_contract.aci_rest_managed.vzCPIf",
            "module.aci.module.aci_imported_contract.aci_rest_managed.vzRsIf",
            "module.aci.module.aci_l3out.aci_rest_managed.bgpExtP",
            "module.aci.module.aci_l3out.aci_rest_managed.l3extDefaultRouteLeakP",
            "module.aci.module.aci_l3out.aci_rest_managed.l3extOut",
            "module.aci.module.aci_l3out.aci_rest_managed.l3extRsDampeningPol_ipv4",
            "module.aci.module.aci_l3out.aci_rest_managed.l3extRsDampeningPol_ipv6",
            "module.aci.module.aci_l3out.aci_rest_managed.l3extRsEctx",
            "module.aci.module.aci_l3out.aci_rest_managed.l3extRsInterleakPol",
            "module.aci.module.aci_l3out.aci_rest_managed.l3extRsL3DomAtt",
            "module.aci.module.aci_l3out.aci_rest_managed.l3extRsRedistributePol",
            "module.aci.module.aci_l3out.aci_rest_managed.ospfExtP",
            "module.aci.module.aci_l3out.aci_rest_managed.pimExtP",
            "module.aci.module.aci_l3out.aci_rest_managed.rtctrlCtxP_export",
            "module.aci.module.aci_l3out.aci_rest_managed.rtctrlCtxP_import",
            "module.aci.module.aci_l3out.aci_rest_managed.rtctrlProfile_export",
            "module.aci.module.aci_l3out.aci_rest_managed.rtctrlProfile_import",
            "module.aci.module.aci_l3out.aci_rest_managed.rtctrlRsCtxPToSubjP_export",
            "module.aci.module.aci_l3out.aci_rest_managed.rtctrlRsCtxPToSubjP_import",
            "module.aci.module.aci_l3out.aci_rest_managed.rtctrlRsScopeToAttrP_export",
            "module.aci.module.aci_l3out.aci_rest_managed.rtctrlRsScopeToAttrP_import",
            "module.aci.module.aci_l3out.aci_rest_managed.rtctrlScope_export",
            "module.aci.module.aci_l3out.aci_rest_managed.rtctrlScope_import",
            "module.aci.module.aci_match_rule.aci_rest_managed.rtctrlMatchCommFactor",
            "module.aci.module.aci_match_rule.aci_rest_managed.rtctrlMatchCommRegexTerm",
            "module.aci.module.aci_match_rule.aci_rest_managed.rtctrlMatchCommTerm",
            "module.aci.module.aci_match_rule.aci_rest_managed.rtctrlMatchRtDest",
            "module.aci.module.aci_match_rule.aci_rest_managed.rtctrlSubjP",
            "module.aci.module.aci_ospf_interface_policy.aci_rest_managed.ospfIfPol",
            "module.aci.module.aci_set_rule.aci_rest_managed.rtctrlAttrP",
            "module.aci.module.aci_set_rule.aci_rest_managed.rtctrlSetASPath",
            "module.aci.module.aci_set_rule.aci_rest_managed.rtctrlSetASPathASN",
            "module.aci.module.aci_set_rule.aci_rest_managed.rtctrlSetAddComm",
            "module.aci.module.aci_set_rule.aci_rest_managed.rtctrlSetComm",
            "module.aci.module.aci_set_rule.aci_rest_managed.rtctrlSetDamp",
            "module.aci.module.aci_set_rule.aci_rest_managed.rtctrlSetNh",
            "module.aci.module.aci_set_rule.aci_rest_managed.rtctrlSetNhUnchanged",
            "module.aci.module.aci_set_rule.aci_rest_managed.rtctrlSetPref",
            "module.aci.module.aci_set_rule.aci_rest_managed.rtctrlSetRedistMultipath",
            "module.aci.module.aci_set_rule.aci_rest_managed.rtctrlSetRtMetric",
            "module.aci.module.aci_set_rule.aci_rest_managed.rtctrlSetRtMetricType",
            "module.aci.module.aci_set_rule.aci_rest_managed.rtctrlSetTag",
            "module.aci.module.aci_set_rule.aci_rest_managed.rtctrlSetWeight",
            "module.aci.module.aci_tenant.aci_rest_managed.fvTenant",
            "module.aci.module.aci_vrf.aci_rest_managed.bgpRtTargetP_ipv4",
            "module.aci.module.aci_vrf.aci_rest_managed.bgpRtTargetP_ipv6",
            "module.aci.module.aci_vrf.aci_rest_managed.bgpRtTarget_ipv4_export",
            "module.aci.module.aci_vrf.aci_rest_managed.bgpRtTarget_ipv4_import",
            "module.aci.module.aci_vrf.aci_rest_managed.bgpRtTarget_ipv6_export",
            "module.aci.module.aci_vrf.aci_rest_managed.bgpRtTarget_ipv6_import",
            "module.aci.module.aci_vrf.aci_rest_managed.dnsLbl",
            "module.aci.module.aci_vrf.aci_rest_managed.fvCtx",
            "module.aci.module.aci_vrf.aci_rest_managed.fvRsBgpCtxPol",
            "module.aci.module.aci_vrf.aci_rest_managed.fvRsCtxToBgpCtxAfPol_ipv4",
            "module.aci.module.aci_vrf.aci_rest_managed.fvRsCtxToBgpCtxAfPol_ipv6",
            "module.aci.module.aci_vrf.aci_rest_managed.igmpCtxP",
            "module.aci.module.aci_vrf.aci_rest_managed.igmpSSMXlateP",
            "module.aci.module.aci_vrf.aci_rest_managed.leakExternalPrefix",
            "module.aci.module.aci_vrf.aci_rest_managed.leakInternalSubnet",
            "module.aci.module.aci_vrf.aci_rest_managed.leakRoutes",
            "module.aci.module.aci_vrf.aci_rest_managed.leakTo_external",
            "module.aci.module.aci_vrf.aci_rest_managed.leakTo_internal",
            "module.aci.module.aci_vrf.aci_rest_managed.pimASMPatPol",
            "module.aci.module.aci_vrf.aci_rest_managed.pimAutoRPPol",
            "module.aci.module.aci_vrf.aci_rest_managed.pimBSRFilterPol",
            "module.aci.module.aci_vrf.aci_rest_managed.pimBSRPPol",
            "module.aci.module.aci_vrf.aci_rest_managed.pimCtxP",
            "module.aci.module.aci_vrf.aci_rest_managed.pimFabricRPPol",
            "module.aci.module.aci_vrf.aci_rest_managed.pimInterVRFEntryPol",
            "module.aci.module.aci_vrf.aci_rest_managed.pimInterVRFPol",
            "module.aci.module.aci_vrf.aci_rest_managed.pimMAFilterPol",
            "module.aci.module.aci_vrf.aci_rest_managed.pimRPGrpRangePol_fabric_rp",
            "module.aci.module.aci_vrf.aci_rest_managed.pimRPGrpRangePol_static_rp",
            "module.aci.module.aci_vrf.aci_rest_managed.pimRegTrPol",
            "module.aci.module.aci_vrf.aci_rest_managed.pimResPol",
            "module.aci.module.aci_vrf.aci_rest_managed.pimSGRangeExpPol",
            "module.aci.module.aci_vrf.aci_rest_managed.pimSSMPatPol",
            "module.aci.module.aci_vrf.aci_rest_managed.pimSSMRangePol",
            "module.aci.module.aci_vrf.aci_rest_managed.pimSharedRangePol",
            "module.aci.module.aci_vrf.aci_rest_managed.pimStaticRPEntryPol_fabric_rp",
            "module.aci.module.aci_vrf.aci_rest_managed.pimStaticRPEntryPol_static_rp",
            "module.aci.module.aci_vrf.aci_rest_managed.pimStaticRPPol",
            "module.aci.module.aci_vrf.aci_rest_managed.rtdmcRsFilterToRtMapPol_asm_sg_expiry",
            "module.aci.module.aci_vrf.aci_rest_managed.rtdmcRsFilterToRtMapPol_asm_shared",
            "module.aci.module.aci_vrf.aci_rest_managed.rtdmcRsFilterToRtMapPol_auto_rp",
            "module.aci.module.aci_vrf.aci_rest_managed.rtdmcRsFilterToRtMapPol_bsr",
            "module.aci.module.aci_vrf.aci_rest_managed.rtdmcRsFilterToRtMapPol_fabric_rp",
            "module.aci.module.aci_vrf.aci_rest_managed.rtdmcRsFilterToRtMapPol_pim_inter_vrf",
            "module.aci.module.aci_vrf.aci_rest_managed.rtdmcRsFilterToRtMapPol_ssm_range",
            "module.aci.module.aci_vrf.aci_rest_managed.rtdmcRsFilterToRtMapPol_static_rp",
            "module.aci.module.aci_vrf.aci_rest_managed.vzAny",
            "module.aci.module.aci_vrf.aci_rest_managed.vzRsAnyToCons",
            "module.aci.module.aci_vrf.aci_rest_managed.vzRsAnyToConsIf",
            "module.aci.module.aci_vrf.aci_rest_managed.vzRsAnyToProv"
          ]
        }
      ]
    },
    {
      "module": "module.aci.module.aci_bridge_domain[\"adossant/192.168.75.0_24\"]",
      "mode": "managed",
      "type": "aci_rest_managed",
      "name": "fvBD",
      "provider": "provider[\"registry.terraform.io/ciscodevnet/aci\"]",
      "instances": [
        {
          "schema_version": 0,
          "attributes": {
            "child": [],
            "class_name": "fvBD",
            "content": {
              "OptimizeWanBandwidth": "no",
              "arpFlood": "yes",
              "descr": "PBR subnet",
              "enableRogueExceptMac": "no",
              "epClear": "no",
              "epMoveDetectMode": "",
              "hostBasedRouting": "no",
              "intersiteBumTrafficAllow": "no",
              "intersiteL2Stretch": "no",
              "ipLearning": "yes",
              "ipv6McastAllow": "no",
              "limitIpLearnToSubnets": "yes",
              "llAddr": "::",
              "mac": "00:22:BD:F8:19:FF",
              "mcastARPDrop": "yes",
              "mcastAllow": "no",
              "multiDstPktAct": "bd-flood",
              "name": "192.168.75.0_24",
              "nameAlias": "",
              "ownerKey": "",
              "ownerTag": "",
              "type": "regular",
              "unicastRoute": "yes",
              "unkMacUcastAct": "proxy",
              "unkMcastAct": "flood",
              "userdom": ":all:common:",
              "v6unkMcastAct": "flood",
              "vmac": "not-applicable"
            },
            "dn": "uni/tn-adossant/BD-192.168.75.0_24",
            "id": "uni/tn-adossant/BD-192.168.75.0_24"
          },
          "sensitive_attributes": [],
          "private": "bnVsbA==",
          "dependencies": [
            "module.aci.data.utils_yaml_merge.defaults",
            "module.aci.data.utils_yaml_merge.model",
            "module.aci.module.aci_bfd_interface_policy.aci_rest_managed.bfdIfPol",
            "module.aci.module.aci_bgp_timer_policy.aci_rest_managed.bgpCtxPol",
            "module.aci.module.aci_contract.aci_rest_managed.vzBrCP",
            "module.aci.module.aci_contract.aci_rest_managed.vzRsSubjFiltAtt",
            "module.aci.module.aci_contract.aci_rest_managed.vzRsSubjGraphAtt",
            "module.aci.module.aci_contract.aci_rest_managed.vzSubj",
            "module.aci.module.aci_dhcp_option_policy.aci_rest_managed.dhcpOption",
            "module.aci.module.aci_dhcp_option_policy.aci_rest_managed.dhcpOptionPol",
            "module.aci.module.aci_dhcp_relay_policy.aci_rest_managed.dhcpRelayP",
            "module.aci.module.aci_dhcp_relay_policy.aci_rest_managed.dhcpRsProv",
            "module.aci.module.aci_filter.aci_rest_managed.vzEntry",
            "module.aci.module.aci_filter.aci_rest_managed.vzFilter",
            "module.aci.module.aci_imported_contract.aci_rest_managed.vzCPIf",
            "module.aci.module.aci_imported_contract.aci_rest_managed.vzRsIf",
            "module.aci.module.aci_l3out.aci_rest_managed.bgpExtP",
            "module.aci.module.aci_l3out.aci_rest_managed.l3extDefaultRouteLeakP",
            "module.aci.module.aci_l3out.aci_rest_managed.l3extOut",
            "module.aci.module.aci_l3out.aci_rest_managed.l3extRsDampeningPol_ipv4",
            "module.aci.module.aci_l3out.aci_rest_managed.l3extRsDampeningPol_ipv6",
            "module.aci.module.aci_l3out.aci_rest_managed.l3extRsEctx",
            "module.aci.module.aci_l3out.aci_rest_managed.l3extRsInterleakPol",
            "module.aci.module.aci_l3out.aci_rest_managed.l3extRsL3DomAtt",
            "module.aci.module.aci_l3out.aci_rest_managed.l3extRsRedistributePol",
            "module.aci.module.aci_l3out.aci_rest_managed.ospfExtP",
            "module.aci.module.aci_l3out.aci_rest_managed.pimExtP",
            "module.aci.module.aci_l3out.aci_rest_managed.rtctrlCtxP_export",
            "module.aci.module.aci_l3out.aci_rest_managed.rtctrlCtxP_import",
            "module.aci.module.aci_l3out.aci_rest_managed.rtctrlProfile_export",
            "module.aci.module.aci_l3out.aci_rest_managed.rtctrlProfile_import",
            "module.aci.module.aci_l3out.aci_rest_managed.rtctrlRsCtxPToSubjP_export",
            "module.aci.module.aci_l3out.aci_rest_managed.rtctrlRsCtxPToSubjP_import",
            "module.aci.module.aci_l3out.aci_rest_managed.rtctrlRsScopeToAttrP_export",
            "module.aci.module.aci_l3out.aci_rest_managed.rtctrlRsScopeToAttrP_import",
            "module.aci.module.aci_l3out.aci_rest_managed.rtctrlScope_export",
            "module.aci.module.aci_l3out.aci_rest_managed.rtctrlScope_import",
            "module.aci.module.aci_match_rule.aci_rest_managed.rtctrlMatchCommFactor",
            "module.aci.module.aci_match_rule.aci_rest_managed.rtctrlMatchCommRegexTerm",
            "module.aci.module.aci_match_rule.aci_rest_managed.rtctrlMatchCommTerm",
            "module.aci.module.aci_match_rule.aci_rest_managed.rtctrlMatchRtDest",
            "module.aci.module.aci_match_rule.aci_rest_managed.rtctrlSubjP",
            "module.aci.module.aci_ospf_interface_policy.aci_rest_managed.ospfIfPol",
            "module.aci.module.aci_set_rule.aci_rest_managed.rtctrlAttrP",
            "module.aci.module.aci_set_rule.aci_rest_managed.rtctrlSetASPath",
            "module.aci.module.aci_set_rule.aci_rest_managed.rtctrlSetASPathASN",
            "module.aci.module.aci_set_rule.aci_rest_managed.rtctrlSetAddComm",
            "module.aci.module.aci_set_rule.aci_rest_managed.rtctrlSetComm",
            "module.aci.module.aci_set_rule.aci_rest_managed.rtctrlSetDamp",
            "module.aci.module.aci_set_rule.aci_rest_managed.rtctrlSetNh",
            "module.aci.module.aci_set_rule.aci_rest_managed.rtctrlSetNhUnchanged",
            "module.aci.module.aci_set_rule.aci_rest_managed.rtctrlSetPref",
            "module.aci.module.aci_set_rule.aci_rest_managed.rtctrlSetRedistMultipath",
            "module.aci.module.aci_set_rule.aci_rest_managed.rtctrlSetRtMetric",
            "module.aci.module.aci_set_rule.aci_rest_managed.rtctrlSetRtMetricType",
            "module.aci.module.aci_set_rule.aci_rest_managed.rtctrlSetTag",
            "module.aci.module.aci_set_rule.aci_rest_managed.rtctrlSetWeight",
            "module.aci.module.aci_tenant.aci_rest_managed.fvTenant",
            "module.aci.module.aci_vrf.aci_rest_managed.bgpRtTargetP_ipv4",
            "module.aci.module.aci_vrf.aci_rest_managed.bgpRtTargetP_ipv6",
            "module.aci.module.aci_vrf.aci_rest_managed.bgpRtTarget_ipv4_export",
            "module.aci.module.aci_vrf.aci_rest_managed.bgpRtTarget_ipv4_import",
            "module.aci.module.aci_vrf.aci_rest_managed.bgpRtTarget_ipv6_export",
            "module.aci.module.aci_vrf.aci_rest_managed.bgpRtTarget_ipv6_import",
            "module.aci.module.aci_vrf.aci_rest_managed.dnsLbl",
            "module.aci.module.aci_vrf.aci_rest_managed.fvCtx",
            "module.aci.module.aci_vrf.aci_rest_managed.fvRsBgpCtxPol",
            "module.aci.module.aci_vrf.aci_rest_managed.fvRsCtxToBgpCtxAfPol_ipv4",
            "module.aci.module.aci_vrf.aci_rest_managed.fvRsCtxToBgpCtxAfPol_ipv6",
            "module.aci.module.aci_vrf.aci_rest_managed.igmpCtxP",
            "module.aci.module.aci_vrf.aci_rest_managed.igmpSSMXlateP",
            "module.aci.module.aci_vrf.aci_rest_managed.leakExternalPrefix",
            "module.aci.module.aci_vrf.aci_rest_managed.leakInternalSubnet",
            "module.aci.module.aci_vrf.aci_rest_managed.leakRoutes",
            "module.aci.module.aci_vrf.aci_rest_managed.leakTo_external",
            "module.aci.module.aci_vrf.aci_rest_managed.leakTo_internal",
            "module.aci.module.aci_vrf.aci_rest_managed.pimASMPatPol",
            "module.aci.module.aci_vrf.aci_rest_managed.pimAutoRPPol",
            "module.aci.module.aci_vrf.aci_rest_managed.pimBSRFilterPol",
            "module.aci.module.aci_vrf.aci_rest_managed.pimBSRPPol",
            "module.aci.module.aci_vrf.aci_rest_managed.pimCtxP",
            "module.aci.module.aci_vrf.aci_rest_managed.pimFabricRPPol",
            "module.aci.module.aci_vrf.aci_rest_managed.pimInterVRFEntryPol",
            "module.aci.module.aci_vrf.aci_rest_managed.pimInterVRFPol",
            "module.aci.module.aci_vrf.aci_rest_managed.pimMAFilterPol",
            "module.aci.module.aci_vrf.aci_rest_managed.pimRPGrpRangePol_fabric_rp",
            "module.aci.module.aci_vrf.aci_rest_managed.pimRPGrpRangePol_static_rp",
            "module.aci.module.aci_vrf.aci_rest_managed.pimRegTrPol",
            "module.aci.module.aci_vrf.aci_rest_managed.pimResPol",
            "module.aci.module.aci_vrf.aci_rest_managed.pimSGRangeExpPol",
            "module.aci.module.aci_vrf.aci_rest_managed.pimSSMPatPol",
            "module.aci.module.aci_vrf.aci_rest_managed.pimSSMRangePol",
            "module.aci.module.aci_vrf.aci_rest_managed.pimSharedRangePol",
            "module.aci.module.aci_vrf.aci_rest_managed.pimStaticRPEntryPol_fabric_rp",
            "module.aci.module.aci_vrf.aci_rest_managed.pimStaticRPEntryPol_static_rp",
            "module.aci.module.aci_vrf.aci_rest_managed.pimStaticRPPol",
            "module.aci.module.aci_vrf.aci_rest_managed.rtdmcRsFilterToRtMapPol_asm_sg_expiry",
            "module.aci.module.aci_vrf.aci_rest_managed.rtdmcRsFilterToRtMapPol_asm_shared",
            "module.aci.module.aci_vrf.aci_rest_managed.rtdmcRsFilterToRtMapPol_auto_rp",
            "module.aci.module.aci_vrf.aci_rest_managed.rtdmcRsFilterToRtMapPol_bsr",
            "module.aci.module.aci_vrf.aci_rest_managed.rtdmcRsFilterToRtMapPol_fabric_rp",
            "module.aci.module.aci_vrf.aci_rest_managed.rtdmcRsFilterToRtMapPol_pim_inter_vrf",
            "module.aci.module.aci_vrf.aci_rest_managed.rtdmcRsFilterToRtMapPol_ssm_range",
            "module.aci.module.aci_vrf.aci_rest_managed.rtdmcRsFilterToRtMapPol_static_rp",
            "module.aci.module.aci_vrf.aci_rest_managed.vzAny",
            "module.aci.module.aci_vrf.aci_rest_managed.vzRsAnyToCons",
            "module.aci.module.aci_vrf.aci_rest_managed.vzRsAnyToConsIf",
            "module.aci.module.aci_vrf.aci_rest_managed.vzRsAnyToProv"
          ]
        }
      ]
    },
    {
      "module": "module.aci.module.aci_bridge_domain[\"adossant/192.168.75.0_24\"]",
      "mode": "managed",
      "type": "aci_rest_managed",
      "name": "fvRsCtx",
      "provider": "provider[\"registry.terraform.io/ciscodevnet/aci\"]",
      "instances": [
        {
          "schema_version": 0,
          "attributes": {
            "child": [],
            "class_name": "fvRsCtx",
            "content": {
              "tnFvCtxName": "vrf-01",
              "userdom": "all"
            },
            "dn": "uni/tn-adossant/BD-192.168.75.0_24/rsctx",
            "id": "uni/tn-adossant/BD-192.168.75.0_24/rsctx"
          },
          "sensitive_attributes": [],
          "private": "bnVsbA==",
          "dependencies": [
            "module.aci.data.utils_yaml_merge.defaults",
            "module.aci.data.utils_yaml_merge.model",
            "module.aci.module.aci_bfd_interface_policy.aci_rest_managed.bfdIfPol",
            "module.aci.module.aci_bgp_timer_policy.aci_rest_managed.bgpCtxPol",
            "module.aci.module.aci_bridge_domain.aci_rest_managed.fvBD",
            "module.aci.module.aci_contract.aci_rest_managed.vzBrCP",
            "module.aci.module.aci_contract.aci_rest_managed.vzRsSubjFiltAtt",
            "module.aci.module.aci_contract.aci_rest_managed.vzRsSubjGraphAtt",
            "module.aci.module.aci_contract.aci_rest_managed.vzSubj",
            "module.aci.module.aci_dhcp_option_policy.aci_rest_managed.dhcpOption",
            "module.aci.module.aci_dhcp_option_policy.aci_rest_managed.dhcpOptionPol",
            "module.aci.module.aci_dhcp_relay_policy.aci_rest_managed.dhcpRelayP",
            "module.aci.module.aci_dhcp_relay_policy.aci_rest_managed.dhcpRsProv",
            "module.aci.module.aci_filter.aci_rest_managed.vzEntry",
            "module.aci.module.aci_filter.aci_rest_managed.vzFilter",
            "module.aci.module.aci_imported_contract.aci_rest_managed.vzCPIf",
            "module.aci.module.aci_imported_contract.aci_rest_managed.vzRsIf",
            "module.aci.module.aci_l3out.aci_rest_managed.bgpExtP",
            "module.aci.module.aci_l3out.aci_rest_managed.l3extDefaultRouteLeakP",
            "module.aci.module.aci_l3out.aci_rest_managed.l3extOut",
            "module.aci.module.aci_l3out.aci_rest_managed.l3extRsDampeningPol_ipv4",
            "module.aci.module.aci_l3out.aci_rest_managed.l3extRsDampeningPol_ipv6",
            "module.aci.module.aci_l3out.aci_rest_managed.l3extRsEctx",
            "module.aci.module.aci_l3out.aci_rest_managed.l3extRsInterleakPol",
            "module.aci.module.aci_l3out.aci_rest_managed.l3extRsL3DomAtt",
            "module.aci.module.aci_l3out.aci_rest_managed.l3extRsRedistributePol",
            "module.aci.module.aci_l3out.aci_rest_managed.ospfExtP",
            "module.aci.module.aci_l3out.aci_rest_managed.pimExtP",
            "module.aci.module.aci_l3out.aci_rest_managed.rtctrlCtxP_export",
            "module.aci.module.aci_l3out.aci_rest_managed.rtctrlCtxP_import",
            "module.aci.module.aci_l3out.aci_rest_managed.rtctrlProfile_export",
            "module.aci.module.aci_l3out.aci_rest_managed.rtctrlProfile_import",
            "module.aci.module.aci_l3out.aci_rest_managed.rtctrlRsCtxPToSubjP_export",
            "module.aci.module.aci_l3out.aci_rest_managed.rtctrlRsCtxPToSubjP_import",
            "module.aci.module.aci_l3out.aci_rest_managed.rtctrlRsScopeToAttrP_export",
            "module.aci.module.aci_l3out.aci_rest_managed.rtctrlRsScopeToAttrP_import",
            "module.aci.module.aci_l3out.aci_rest_managed.rtctrlScope_export",
            "module.aci.module.aci_l3out.aci_rest_managed.rtctrlScope_import",
            "module.aci.module.aci_match_rule.aci_rest_managed.rtctrlMatchCommFactor",
            "module.aci.module.aci_match_rule.aci_rest_managed.rtctrlMatchCommRegexTerm",
            "module.aci.module.aci_match_rule.aci_rest_managed.rtctrlMatchCommTerm",
            "module.aci.module.aci_match_rule.aci_rest_managed.rtctrlMatchRtDest",
            "module.aci.module.aci_match_rule.aci_rest_managed.rtctrlSubjP",
            "module.aci.module.aci_ospf_interface_policy.aci_rest_managed.ospfIfPol",
            "module.aci.module.aci_set_rule.aci_rest_managed.rtctrlAttrP",
            "module.aci.module.aci_set_rule.aci_rest_managed.rtctrlSetASPath",
            "module.aci.module.aci_set_rule.aci_rest_managed.rtctrlSetASPathASN",
            "module.aci.module.aci_set_rule.aci_rest_managed.rtctrlSetAddComm",
            "module.aci.module.aci_set_rule.aci_rest_managed.rtctrlSetComm",
            "module.aci.module.aci_set_rule.aci_rest_managed.rtctrlSetDamp",
            "module.aci.module.aci_set_rule.aci_rest_managed.rtctrlSetNh",
            "module.aci.module.aci_set_rule.aci_rest_managed.rtctrlSetNhUnchanged",
            "module.aci.module.aci_set_rule.aci_rest_managed.rtctrlSetPref",
            "module.aci.module.aci_set_rule.aci_rest_managed.rtctrlSetRedistMultipath",
            "module.aci.module.aci_set_rule.aci_rest_managed.rtctrlSetRtMetric",
            "module.aci.module.aci_set_rule.aci_rest_managed.rtctrlSetRtMetricType",
            "module.aci.module.aci_set_rule.aci_rest_managed.rtctrlSetTag",
            "module.aci.module.aci_set_rule.aci_rest_managed.rtctrlSetWeight",
            "module.aci.module.aci_tenant.aci_rest_managed.fvTenant",
            "module.aci.module.aci_vrf.aci_rest_managed.bgpRtTargetP_ipv4",
            "module.aci.module.aci_vrf.aci_rest_managed.bgpRtTargetP_ipv6",
            "module.aci.module.aci_vrf.aci_rest_managed.bgpRtTarget_ipv4_export",
            "module.aci.module.aci_vrf.aci_rest_managed.bgpRtTarget_ipv4_import",
            "module.aci.module.aci_vrf.aci_rest_managed.bgpRtTarget_ipv6_export",
            "module.aci.module.aci_vrf.aci_rest_managed.bgpRtTarget_ipv6_import",
            "module.aci.module.aci_vrf.aci_rest_managed.dnsLbl",
            "module.aci.module.aci_vrf.aci_rest_managed.fvCtx",
            "module.aci.module.aci_vrf.aci_rest_managed.fvRsBgpCtxPol",
            "module.aci.module.aci_vrf.aci_rest_managed.fvRsCtxToBgpCtxAfPol_ipv4",
            "module.aci.module.aci_vrf.aci_rest_managed.fvRsCtxToBgpCtxAfPol_ipv6",
            "module.aci.module.aci_vrf.aci_rest_managed.igmpCtxP",
            "module.aci.module.aci_vrf.aci_rest_managed.igmpSSMXlateP",
            "module.aci.module.aci_vrf.aci_rest_managed.leakExternalPrefix",
            "module.aci.module.aci_vrf.aci_rest_managed.leakInternalSubnet",
            "module.aci.module.aci_vrf.aci_rest_managed.leakRoutes",
            "module.aci.module.aci_vrf.aci_rest_managed.leakTo_external",
            "module.aci.module.aci_vrf.aci_rest_managed.leakTo_internal",
            "module.aci.module.aci_vrf.aci_rest_managed.pimASMPatPol",
            "module.aci.module.aci_vrf.aci_rest_managed.pimAutoRPPol",
            "module.aci.module.aci_vrf.aci_rest_managed.pimBSRFilterPol",
            "module.aci.module.aci_vrf.aci_rest_managed.pimBSRPPol",
            "module.aci.module.aci_vrf.aci_rest_managed.pimCtxP",
            "module.aci.module.aci_vrf.aci_rest_managed.pimFabricRPPol",
            "module.aci.module.aci_vrf.aci_rest_managed.pimInterVRFEntryPol",
            "module.aci.module.aci_vrf.aci_rest_managed.pimInterVRFPol",
            "module.aci.module.aci_vrf.aci_rest_managed.pimMAFilterPol",
            "module.aci.module.aci_vrf.aci_rest_managed.pimRPGrpRangePol_fabric_rp",
            "module.aci.module.aci_vrf.aci_rest_managed.pimRPGrpRangePol_static_rp",
            "module.aci.module.aci_vrf.aci_rest_managed.pimRegTrPol",
            "module.aci.module.aci_vrf.aci_rest_managed.pimResPol",
            "module.aci.module.aci_vrf.aci_rest_managed.pimSGRangeExpPol",
            "module.aci.module.aci_vrf.aci_rest_managed.pimSSMPatPol",
            "module.aci.module.aci_vrf.aci_rest_managed.pimSSMRangePol",
            "module.aci.module.aci_vrf.aci_rest_managed.pimSharedRangePol",
            "module.aci.module.aci_vrf.aci_rest_managed.pimStaticRPEntryPol_fabric_rp",
            "module.aci.module.aci_vrf.aci_rest_managed.pimStaticRPEntryPol_static_rp",
            "module.aci.module.aci_vrf.aci_rest_managed.pimStaticRPPol",
            "module.aci.module.aci_vrf.aci_rest_managed.rtdmcRsFilterToRtMapPol_asm_sg_expiry",
            "module.aci.module.aci_vrf.aci_rest_managed.rtdmcRsFilterToRtMapPol_asm_shared",
            "module.aci.module.aci_vrf.aci_rest_managed.rtdmcRsFilterToRtMapPol_auto_rp",
            "module.aci.module.aci_vrf.aci_rest_managed.rtdmcRsFilterToRtMapPol_bsr",
            "module.aci.module.aci_vrf.aci_rest_managed.rtdmcRsFilterToRtMapPol_fabric_rp",
            "module.aci.module.aci_vrf.aci_rest_managed.rtdmcRsFilterToRtMapPol_pim_inter_vrf",
            "module.aci.module.aci_vrf.aci_rest_managed.rtdmcRsFilterToRtMapPol_ssm_range",
            "module.aci.module.aci_vrf.aci_rest_managed.rtdmcRsFilterToRtMapPol_static_rp",
            "module.aci.module.aci_vrf.aci_rest_managed.vzAny",
            "module.aci.module.aci_vrf.aci_rest_managed.vzRsAnyToCons",
            "module.aci.module.aci_vrf.aci_rest_managed.vzRsAnyToConsIf",
            "module.aci.module.aci_vrf.aci_rest_managed.vzRsAnyToProv"
          ]
        }
      ]
    },
    {
      "module": "module.aci.module.aci_bridge_domain[\"adossant/192.168.75.0_24\"]",
      "mode": "managed",
      "type": "aci_rest_managed",
      "name": "fvSubnet",
      "provider": "provider[\"registry.terraform.io/ciscodevnet/aci\"]",
      "instances": [
        {
          "index_key": "192.168.75.1/24",
          "schema_version": 0,
          "attributes": {
            "child": [],
            "class_name": "fvSubnet",
            "content": {
              "ctrl": "",
              "descr": "",
              "ip": "192.168.75.1/24",
              "ipDPLearning": "enabled",
              "name": "",
              "nameAlias": "",
              "preferred": "no",
              "scope": "private",
              "userdom": ":all:common:",
              "virtual": "no"
            },
            "dn": "uni/tn-adossant/BD-192.168.75.0_24/subnet-[192.168.75.1/24]",
            "id": "uni/tn-adossant/BD-192.168.75.0_24/subnet-[192.168.75.1/24]"
          },
          "sensitive_attributes": [],
          "private": "bnVsbA==",
          "dependencies": [
            "module.aci.data.utils_yaml_merge.defaults",
            "module.aci.data.utils_yaml_merge.model",
            "module.aci.module.aci_bfd_interface_policy.aci_rest_managed.bfdIfPol",
            "module.aci.module.aci_bgp_timer_policy.aci_rest_managed.bgpCtxPol",
            "module.aci.module.aci_bridge_domain.aci_rest_managed.fvBD",
            "module.aci.module.aci_bridge_domain.aci_rest_managed.fvRsCtx",
            "module.aci.module.aci_contract.aci_rest_managed.vzBrCP",
            "module.aci.module.aci_contract.aci_rest_managed.vzRsSubjFiltAtt",
            "module.aci.module.aci_contract.aci_rest_managed.vzRsSubjGraphAtt",
            "module.aci.module.aci_contract.aci_rest_managed.vzSubj",
            "module.aci.module.aci_dhcp_option_policy.aci_rest_managed.dhcpOption",
            "module.aci.module.aci_dhcp_option_policy.aci_rest_managed.dhcpOptionPol",
            "module.aci.module.aci_dhcp_relay_policy.aci_rest_managed.dhcpRelayP",
            "module.aci.module.aci_dhcp_relay_policy.aci_rest_managed.dhcpRsProv",
            "module.aci.module.aci_filter.aci_rest_managed.vzEntry",
            "module.aci.module.aci_filter.aci_rest_managed.vzFilter",
            "module.aci.module.aci_imported_contract.aci_rest_managed.vzCPIf",
            "module.aci.module.aci_imported_contract.aci_rest_managed.vzRsIf",
            "module.aci.module.aci_l3out.aci_rest_managed.bgpExtP",
            "module.aci.module.aci_l3out.aci_rest_managed.l3extDefaultRouteLeakP",
            "module.aci.module.aci_l3out.aci_rest_managed.l3extOut",
            "module.aci.module.aci_l3out.aci_rest_managed.l3extRsDampeningPol_ipv4",
            "module.aci.module.aci_l3out.aci_rest_managed.l3extRsDampeningPol_ipv6",
            "module.aci.module.aci_l3out.aci_rest_managed.l3extRsEctx",
            "module.aci.module.aci_l3out.aci_rest_managed.l3extRsInterleakPol",
            "module.aci.module.aci_l3out.aci_rest_managed.l3extRsL3DomAtt",
            "module.aci.module.aci_l3out.aci_rest_managed.l3extRsRedistributePol",
            "module.aci.module.aci_l3out.aci_rest_managed.ospfExtP",
            "module.aci.module.aci_l3out.aci_rest_managed.pimExtP",
            "module.aci.module.aci_l3out.aci_rest_managed.rtctrlCtxP_export",
            "module.aci.module.aci_l3out.aci_rest_managed.rtctrlCtxP_import",
            "module.aci.module.aci_l3out.aci_rest_managed.rtctrlProfile_export",
            "module.aci.module.aci_l3out.aci_rest_managed.rtctrlProfile_import",
            "module.aci.module.aci_l3out.aci_rest_managed.rtctrlRsCtxPToSubjP_export",
            "module.aci.module.aci_l3out.aci_rest_managed.rtctrlRsCtxPToSubjP_import",
            "module.aci.module.aci_l3out.aci_rest_managed.rtctrlRsScopeToAttrP_export",
            "module.aci.module.aci_l3out.aci_rest_managed.rtctrlRsScopeToAttrP_import",
            "module.aci.module.aci_l3out.aci_rest_managed.rtctrlScope_export",
            "module.aci.module.aci_l3out.aci_rest_managed.rtctrlScope_import",
            "module.aci.module.aci_match_rule.aci_rest_managed.rtctrlMatchCommFactor",
            "module.aci.module.aci_match_rule.aci_rest_managed.rtctrlMatchCommRegexTerm",
            "module.aci.module.aci_match_rule.aci_rest_managed.rtctrlMatchCommTerm",
            "module.aci.module.aci_match_rule.aci_rest_managed.rtctrlMatchRtDest",
            "module.aci.module.aci_match_rule.aci_rest_managed.rtctrlSubjP",
            "module.aci.module.aci_ospf_interface_policy.aci_rest_managed.ospfIfPol",
            "module.aci.module.aci_set_rule.aci_rest_managed.rtctrlAttrP",
            "module.aci.module.aci_set_rule.aci_rest_managed.rtctrlSetASPath",
            "module.aci.module.aci_set_rule.aci_rest_managed.rtctrlSetASPathASN",
            "module.aci.module.aci_set_rule.aci_rest_managed.rtctrlSetAddComm",
            "module.aci.module.aci_set_rule.aci_rest_managed.rtctrlSetComm",
            "module.aci.module.aci_set_rule.aci_rest_managed.rtctrlSetDamp",
            "module.aci.module.aci_set_rule.aci_rest_managed.rtctrlSetNh",
            "module.aci.module.aci_set_rule.aci_rest_managed.rtctrlSetNhUnchanged",
            "module.aci.module.aci_set_rule.aci_rest_managed.rtctrlSetPref",
            "module.aci.module.aci_set_rule.aci_rest_managed.rtctrlSetRedistMultipath",
            "module.aci.module.aci_set_rule.aci_rest_managed.rtctrlSetRtMetric",
            "module.aci.module.aci_set_rule.aci_rest_managed.rtctrlSetRtMetricType",
            "module.aci.module.aci_set_rule.aci_rest_managed.rtctrlSetTag",
            "module.aci.module.aci_set_rule.aci_rest_managed.rtctrlSetWeight",
            "module.aci.module.aci_tenant.aci_rest_managed.fvTenant",
            "module.aci.module.aci_vrf.aci_rest_managed.bgpRtTargetP_ipv4",
            "module.aci.module.aci_vrf.aci_rest_managed.bgpRtTargetP_ipv6",
            "module.aci.module.aci_vrf.aci_rest_managed.bgpRtTarget_ipv4_export",
            "module.aci.module.aci_vrf.aci_rest_managed.bgpRtTarget_ipv4_import",
            "module.aci.module.aci_vrf.aci_rest_managed.bgpRtTarget_ipv6_export",
            "module.aci.module.aci_vrf.aci_rest_managed.bgpRtTarget_ipv6_import",
            "module.aci.module.aci_vrf.aci_rest_managed.dnsLbl",
            "module.aci.module.aci_vrf.aci_rest_managed.fvCtx",
            "module.aci.module.aci_vrf.aci_rest_managed.fvRsBgpCtxPol",
            "module.aci.module.aci_vrf.aci_rest_managed.fvRsCtxToBgpCtxAfPol_ipv4",
            "module.aci.module.aci_vrf.aci_rest_managed.fvRsCtxToBgpCtxAfPol_ipv6",
            "module.aci.module.aci_vrf.aci_rest_managed.igmpCtxP",
            "module.aci.module.aci_vrf.aci_rest_managed.igmpSSMXlateP",
            "module.aci.module.aci_vrf.aci_rest_managed.leakExternalPrefix",
            "module.aci.module.aci_vrf.aci_rest_managed.leakInternalSubnet",
            "module.aci.module.aci_vrf.aci_rest_managed.leakRoutes",
            "module.aci.module.aci_vrf.aci_rest_managed.leakTo_external",
            "module.aci.module.aci_vrf.aci_rest_managed.leakTo_internal",
            "module.aci.module.aci_vrf.aci_rest_managed.pimASMPatPol",
            "module.aci.module.aci_vrf.aci_rest_managed.pimAutoRPPol",
            "module.aci.module.aci_vrf.aci_rest_managed.pimBSRFilterPol",
            "module.aci.module.aci_vrf.aci_rest_managed.pimBSRPPol",
            "module.aci.module.aci_vrf.aci_rest_managed.pimCtxP",
            "module.aci.module.aci_vrf.aci_rest_managed.pimFabricRPPol",
            "module.aci.module.aci_vrf.aci_rest_managed.pimInterVRFEntryPol",
            "module.aci.module.aci_vrf.aci_rest_managed.pimInterVRFPol",
            "module.aci.module.aci_vrf.aci_rest_managed.pimMAFilterPol",
            "module.aci.module.aci_vrf.aci_rest_managed.pimRPGrpRangePol_fabric_rp",
            "module.aci.module.aci_vrf.aci_rest_managed.pimRPGrpRangePol_static_rp",
            "module.aci.module.aci_vrf.aci_rest_managed.pimRegTrPol",
            "module.aci.module.aci_vrf.aci_rest_managed.pimResPol",
            "module.aci.module.aci_vrf.aci_rest_managed.pimSGRangeExpPol",
            "module.aci.module.aci_vrf.aci_rest_managed.pimSSMPatPol",
            "module.aci.module.aci_vrf.aci_rest_managed.pimSSMRangePol",
            "module.aci.module.aci_vrf.aci_rest_managed.pimSharedRangePol",
            "module.aci.module.aci_vrf.aci_rest_managed.pimStaticRPEntryPol_fabric_rp",
            "module.aci.module.aci_vrf.aci_rest_managed.pimStaticRPEntryPol_static_rp",
            "module.aci.module.aci_vrf.aci_rest_managed.pimStaticRPPol",
            "module.aci.module.aci_vrf.aci_rest_managed.rtdmcRsFilterToRtMapPol_asm_sg_expiry",
            "module.aci.module.aci_vrf.aci_rest_managed.rtdmcRsFilterToRtMapPol_asm_shared",
            "module.aci.module.aci_vrf.aci_rest_managed.rtdmcRsFilterToRtMapPol_auto_rp",
            "module.aci.module.aci_vrf.aci_rest_managed.rtdmcRsFilterToRtMapPol_bsr",
            "module.aci.module.aci_vrf.aci_rest_managed.rtdmcRsFilterToRtMapPol_fabric_rp",
            "module.aci.module.aci_vrf.aci_rest_managed.rtdmcRsFilterToRtMapPol_pim_inter_vrf",
            "module.aci.module.aci_vrf.aci_rest_managed.rtdmcRsFilterToRtMapPol_ssm_range",
            "module.aci.module.aci_vrf.aci_rest_managed.rtdmcRsFilterToRtMapPol_static_rp",
            "module.aci.module.aci_vrf.aci_rest_managed.vzAny",
            "module.aci.module.aci_vrf.aci_rest_managed.vzRsAnyToCons",
            "module.aci.module.aci_vrf.aci_rest_managed.vzRsAnyToConsIf",
            "module.aci.module.aci_vrf.aci_rest_managed.vzRsAnyToProv"
          ]
        }
      ]
    },
    {
      "module": "module.aci.module.aci_contract[\"adossant/permit-to-subnet-group-01\"]",
      "mode": "managed",
      "type": "aci_rest_managed",
      "name": "vzBrCP",
      "provider": "provider[\"registry.terraform.io/ciscodevnet/aci\"]",
      "instances": [
        {
          "schema_version": 0,
          "attributes": {
            "child": [],
            "class_name": "vzBrCP",
            "content": {
              "descr": "",
              "intent": "install",
              "name": "permit-to-subnet-group-01",
              "nameAlias": "",
              "ownerKey": "",
              "ownerTag": "",
              "prio": "unspecified",
              "scope": "context",
              "targetDscp": "unspecified",
              "userdom": ":all:common:"
            },
            "dn": "uni/tn-adossant/brc-permit-to-subnet-group-01",
            "id": "uni/tn-adossant/brc-permit-to-subnet-group-01"
          },
          "sensitive_attributes": [],
          "private": "bnVsbA==",
          "dependencies": [
            "module.aci.data.utils_yaml_merge.defaults",
            "module.aci.data.utils_yaml_merge.model",
            "module.aci.module.aci_filter.aci_rest_managed.vzEntry",
            "module.aci.module.aci_filter.aci_rest_managed.vzFilter",
            "module.aci.module.aci_tenant.aci_rest_managed.fvTenant"
          ]
        }
      ]
    },
    {
      "module": "module.aci.module.aci_contract[\"adossant/permit-to-subnet-group-01\"]",
      "mode": "managed",
      "type": "aci_rest_managed",
      "name": "vzRsSubjFiltAtt",
      "provider": "provider[\"registry.terraform.io/ciscodevnet/aci\"]",
      "instances": [
        {
          "index_key": "permit-any-permit-any",
          "schema_version": 0,
          "attributes": {
            "child": [],
            "class_name": "vzRsSubjFiltAtt",
            "content": {
              "action": "permit",
              "directives": "",
              "priorityOverride": "default",
              "tnVzFilterName": "permit-any",
              "userdom": ":all:common:"
            },
            "dn": "uni/tn-adossant/brc-permit-to-subnet-group-01/subj-permit-any/rssubjFiltAtt-permit-any",
            "id": "uni/tn-adossant/brc-permit-to-subnet-group-01/subj-permit-any/rssubjFiltAtt-permit-any"
          },
          "sensitive_attributes": [],
          "private": "bnVsbA==",
          "dependencies": [
            "module.aci.data.utils_yaml_merge.defaults",
            "module.aci.data.utils_yaml_merge.model",
            "module.aci.module.aci_contract.aci_rest_managed.vzBrCP",
            "module.aci.module.aci_contract.aci_rest_managed.vzSubj",
            "module.aci.module.aci_filter.aci_rest_managed.vzEntry",
            "module.aci.module.aci_filter.aci_rest_managed.vzFilter",
            "module.aci.module.aci_tenant.aci_rest_managed.fvTenant"
          ]
        }
      ]
    },
    {
      "module": "module.aci.module.aci_contract[\"adossant/permit-to-subnet-group-01\"]",
      "mode": "managed",
      "type": "aci_rest_managed",
      "name": "vzSubj",
      "provider": "provider[\"registry.terraform.io/ciscodevnet/aci\"]",
      "instances": [
        {
          "index_key": "permit-any",
          "schema_version": 0,
          "attributes": {
            "child": [],
            "class_name": "vzSubj",
            "content": {
              "consMatchT": "AtleastOne",
              "descr": "",
              "name": "permit-any",
              "nameAlias": "",
              "prio": "unspecified",
              "provMatchT": "AtleastOne",
              "revFltPorts": "yes",
              "targetDscp": "unspecified",
              "userdom": ":all:common:"
            },
            "dn": "uni/tn-adossant/brc-permit-to-subnet-group-01/subj-permit-any",
            "id": "uni/tn-adossant/brc-permit-to-subnet-group-01/subj-permit-any"
          },
          "sensitive_attributes": [],
          "private": "bnVsbA==",
          "dependencies": [
            "module.aci.data.utils_yaml_merge.defaults",
            "module.aci.data.utils_yaml_merge.model",
            "module.aci.module.aci_contract.aci_rest_managed.vzBrCP",
            "module.aci.module.aci_filter.aci_rest_managed.vzEntry",
            "module.aci.module.aci_filter.aci_rest_managed.vzFilter",
            "module.aci.module.aci_tenant.aci_rest_managed.fvTenant"
          ]
        }
      ]
    },
    {
      "module": "module.aci.module.aci_contract[\"adossant/permit-to-subnet-group-02\"]",
      "mode": "managed",
      "type": "aci_rest_managed",
      "name": "vzBrCP",
      "provider": "provider[\"registry.terraform.io/ciscodevnet/aci\"]",
      "instances": [
        {
          "schema_version": 0,
          "attributes": {
            "child": [],
            "class_name": "vzBrCP",
            "content": {
              "descr": "",
              "intent": "install",
              "name": "permit-to-subnet-group-02",
              "nameAlias": "",
              "ownerKey": "",
              "ownerTag": "",
              "prio": "unspecified",
              "scope": "context",
              "targetDscp": "unspecified",
              "userdom": ":all:common:"
            },
            "dn": "uni/tn-adossant/brc-permit-to-subnet-group-02",
            "id": "uni/tn-adossant/brc-permit-to-subnet-group-02"
          },
          "sensitive_attributes": [],
          "private": "bnVsbA==",
          "dependencies": [
            "module.aci.data.utils_yaml_merge.defaults",
            "module.aci.data.utils_yaml_merge.model",
            "module.aci.module.aci_filter.aci_rest_managed.vzEntry",
            "module.aci.module.aci_filter.aci_rest_managed.vzFilter",
            "module.aci.module.aci_tenant.aci_rest_managed.fvTenant"
          ]
        }
      ]
    },
    {
      "module": "module.aci.module.aci_contract[\"adossant/permit-to-subnet-group-02\"]",
      "mode": "managed",
      "type": "aci_rest_managed",
      "name": "vzRsSubjFiltAtt",
      "provider": "provider[\"registry.terraform.io/ciscodevnet/aci\"]",
      "instances": [
        {
          "index_key": "permit-any-permit-any",
          "schema_version": 0,
          "attributes": {
            "child": [],
            "class_name": "vzRsSubjFiltAtt",
            "content": {
              "action": "permit",
              "directives": "",
              "priorityOverride": "default",
              "tnVzFilterName": "permit-any",
              "userdom": ":all:common:"
            },
            "dn": "uni/tn-adossant/brc-permit-to-subnet-group-02/subj-permit-any/rssubjFiltAtt-permit-any",
            "id": "uni/tn-adossant/brc-permit-to-subnet-group-02/subj-permit-any/rssubjFiltAtt-permit-any"
          },
          "sensitive_attributes": [],
          "private": "bnVsbA==",
          "dependencies": [
            "module.aci.data.utils_yaml_merge.defaults",
            "module.aci.data.utils_yaml_merge.model",
            "module.aci.module.aci_contract.aci_rest_managed.vzBrCP",
            "module.aci.module.aci_contract.aci_rest_managed.vzSubj",
            "module.aci.module.aci_filter.aci_rest_managed.vzEntry",
            "module.aci.module.aci_filter.aci_rest_managed.vzFilter",
            "module.aci.module.aci_tenant.aci_rest_managed.fvTenant"
          ]
        }
      ]
    },
    {
      "module": "module.aci.module.aci_contract[\"adossant/permit-to-subnet-group-02\"]",
      "mode": "managed",
      "type": "aci_rest_managed",
      "name": "vzSubj",
      "provider": "provider[\"registry.terraform.io/ciscodevnet/aci\"]",
      "instances": [
        {
          "index_key": "permit-any",
          "schema_version": 0,
          "attributes": {
            "child": [],
            "class_name": "vzSubj",
            "content": {
              "consMatchT": "AtleastOne",
              "descr": "",
              "name": "permit-any",
              "nameAlias": "",
              "prio": "unspecified",
              "provMatchT": "AtleastOne",
              "revFltPorts": "yes",
              "targetDscp": "unspecified",
              "userdom": ":all:common:"
            },
            "dn": "uni/tn-adossant/brc-permit-to-subnet-group-02/subj-permit-any",
            "id": "uni/tn-adossant/brc-permit-to-subnet-group-02/subj-permit-any"
          },
          "sensitive_attributes": [],
          "private": "bnVsbA==",
          "dependencies": [
            "module.aci.data.utils_yaml_merge.defaults",
            "module.aci.data.utils_yaml_merge.model",
            "module.aci.module.aci_contract.aci_rest_managed.vzBrCP",
            "module.aci.module.aci_filter.aci_rest_managed.vzEntry",
            "module.aci.module.aci_filter.aci_rest_managed.vzFilter",
            "module.aci.module.aci_tenant.aci_rest_managed.fvTenant"
          ]
        }
      ]
    },
    {
      "module": "module.aci.module.aci_contract[\"adossant/permit-to-tn-adossant\"]",
      "mode": "managed",
      "type": "aci_rest_managed",
      "name": "vzBrCP",
      "provider": "provider[\"registry.terraform.io/ciscodevnet/aci\"]",
      "instances": [
        {
          "schema_version": 0,
          "attributes": {
            "child": [],
            "class_name": "vzBrCP",
            "content": {
              "descr": "",
              "intent": "install",
              "name": "permit-to-tn-adossant",
              "nameAlias": "",
              "ownerKey": "",
              "ownerTag": "",
              "prio": "unspecified",
              "scope": "global",
              "targetDscp": "unspecified",
              "userdom": ":all:common:"
            },
            "dn": "uni/tn-adossant/brc-permit-to-tn-adossant",
            "id": "uni/tn-adossant/brc-permit-to-tn-adossant"
          },
          "sensitive_attributes": [],
          "private": "bnVsbA==",
          "dependencies": [
            "module.aci.data.utils_yaml_merge.defaults",
            "module.aci.data.utils_yaml_merge.model",
            "module.aci.module.aci_filter.aci_rest_managed.vzEntry",
            "module.aci.module.aci_filter.aci_rest_managed.vzFilter",
            "module.aci.module.aci_tenant.aci_rest_managed.fvTenant"
          ]
        }
      ]
    },
    {
      "module": "module.aci.module.aci_contract[\"adossant/permit-to-tn-adossant\"]",
      "mode": "managed",
      "type": "aci_rest_managed",
      "name": "vzRsSubjFiltAtt",
      "provider": "provider[\"registry.terraform.io/ciscodevnet/aci\"]",
      "instances": [
        {
          "index_key": "permit-any-permit-any",
          "schema_version": 0,
          "attributes": {
            "child": [],
            "class_name": "vzRsSubjFiltAtt",
            "content": {
              "action": "permit",
              "directives": "",
              "priorityOverride": "default",
              "tnVzFilterName": "permit-any",
              "userdom": ":all:common:"
            },
            "dn": "uni/tn-adossant/brc-permit-to-tn-adossant/subj-permit-any/rssubjFiltAtt-permit-any",
            "id": "uni/tn-adossant/brc-permit-to-tn-adossant/subj-permit-any/rssubjFiltAtt-permit-any"
          },
          "sensitive_attributes": [],
          "private": "bnVsbA==",
          "dependencies": [
            "module.aci.data.utils_yaml_merge.defaults",
            "module.aci.data.utils_yaml_merge.model",
            "module.aci.module.aci_contract.aci_rest_managed.vzBrCP",
            "module.aci.module.aci_contract.aci_rest_managed.vzSubj",
            "module.aci.module.aci_filter.aci_rest_managed.vzEntry",
            "module.aci.module.aci_filter.aci_rest_managed.vzFilter",
            "module.aci.module.aci_tenant.aci_rest_managed.fvTenant"
          ]
        }
      ]
    },
    {
      "module": "module.aci.module.aci_contract[\"adossant/permit-to-tn-adossant\"]",
      "mode": "managed",
      "type": "aci_rest_managed",
      "name": "vzSubj",
      "provider": "provider[\"registry.terraform.io/ciscodevnet/aci\"]",
      "instances": [
        {
          "index_key": "permit-any",
          "schema_version": 0,
          "attributes": {
            "child": [],
            "class_name": "vzSubj",
            "content": {
              "consMatchT": "AtleastOne",
              "descr": "",
              "name": "permit-any",
              "nameAlias": "",
              "prio": "unspecified",
              "provMatchT": "AtleastOne",
              "revFltPorts": "yes",
              "targetDscp": "unspecified",
              "userdom": ":all:common:"
            },
            "dn": "uni/tn-adossant/brc-permit-to-tn-adossant/subj-permit-any",
            "id": "uni/tn-adossant/brc-permit-to-tn-adossant/subj-permit-any"
          },
          "sensitive_attributes": [],
          "private": "bnVsbA==",
          "dependencies": [
            "module.aci.data.utils_yaml_merge.defaults",
            "module.aci.data.utils_yaml_merge.model",
            "module.aci.module.aci_contract.aci_rest_managed.vzBrCP",
            "module.aci.module.aci_filter.aci_rest_managed.vzEntry",
            "module.aci.module.aci_filter.aci_rest_managed.vzFilter",
            "module.aci.module.aci_tenant.aci_rest_managed.fvTenant"
          ]
        }
      ]
    },
    {
      "module": "module.aci.module.aci_dhcp_relay_policy[\"adossant/dhcp.uktme.cisco.com\"]",
      "mode": "managed",
      "type": "aci_rest_managed",
      "name": "dhcpRelayP",
      "provider": "provider[\"registry.terraform.io/ciscodevnet/aci\"]",
      "instances": [
        {
          "schema_version": 0,
          "attributes": {
            "child": [],
            "class_name": "dhcpRelayP",
            "content": {
              "descr": "dhcp.uktme.cisco.com",
              "mode": "visible",
              "name": "dhcp.uktme.cisco.com",
              "nameAlias": "",
              "owner": "tenant",
              "ownerKey": "",
              "ownerTag": "",
              "userdom": ":all:common:"
            },
            "dn": "uni/tn-adossant/relayp-dhcp.uktme.cisco.com",
            "id": "uni/tn-adossant/relayp-dhcp.uktme.cisco.com"
          },
          "sensitive_attributes": [],
          "private": "bnVsbA==",
          "dependencies": [
            "module.aci.data.utils_yaml_merge.defaults",
            "module.aci.data.utils_yaml_merge.model",
            "module.aci.module.aci_tenant.aci_rest_managed.fvTenant"
          ]
        }
      ]
    },
    {
      "module": "module.aci.module.aci_dhcp_relay_policy[\"adossant/dhcp.uktme.cisco.com\"]",
      "mode": "managed",
      "type": "aci_rest_managed",
      "name": "dhcpRsProv",
      "provider": "provider[\"registry.terraform.io/ciscodevnet/aci\"]",
      "instances": [
        {
          "index_key": "10.237.97.133",
          "schema_version": 0,
          "attributes": {
            "child": [],
            "class_name": "dhcpRsProv",
            "content": {
              "addr": "10.237.97.133",
              "pref": "",
              "tDn": "uni/tn-shared-services/out-shared-services.vrf-01-ospf-area-0.0.0.1/instP-core-services-subnets",
              "userdom": ":all:common:"
            },
            "dn": "uni/tn-adossant/relayp-dhcp.uktme.cisco.com/rsprov-[uni/tn-shared-services/out-shared-services.vrf-01-ospf-area-0.0.0.1/instP-core-services-subnets]",
            "id": "uni/tn-adossant/relayp-dhcp.uktme.cisco.com/rsprov-[uni/tn-shared-services/out-shared-services.vrf-01-ospf-area-0.0.0.1/instP-core-services-subnets]"
          },
          "sensitive_attributes": [],
          "private": "bnVsbA==",
          "dependencies": [
            "module.aci.data.utils_yaml_merge.defaults",
            "module.aci.data.utils_yaml_merge.model",
            "module.aci.module.aci_dhcp_relay_policy.aci_rest_managed.dhcpRelayP",
            "module.aci.module.aci_tenant.aci_rest_managed.fvTenant"
          ]
        }
      ]
    },
    {
      "module": "module.aci.module.aci_endpoint_group[\"adossant/network-segments/10.237.100.x_24\"]",
      "mode": "managed",
      "type": "aci_rest_managed",
      "name": "fvAEPg",
      "provider": "provider[\"registry.terraform.io/ciscodevnet/aci\"]",
      "instances": [
        {
          "schema_version": 0,
          "attributes": {
            "child": [],
            "class_name": "fvAEPg",
            "content": {
              "descr": "",
              "exceptionTag": "",
              "floodOnEncap": "disabled",
              "fwdCtrl": "",
              "hasMcastSource": "no",
              "isAttrBasedEPg": "no",
              "matchT": "AtleastOne",
              "name": "10.237.100.x_24",
              "nameAlias": "",
              "pcEnfPref": "unenforced",
              "prefGrMemb": "exclude",
              "prio": "unspecified",
              "shutdown": "no",
              "userdom": ":all:common:"
            },
            "dn": "uni/tn-adossant/ap-network-segments/epg-10.237.100.x_24",
            "id": "uni/tn-adossant/ap-network-segments/epg-10.237.100.x_24"
          },
          "sensitive_attributes": [],
          "private": "bnVsbA==",
          "dependencies": [
            "module.aci.data.utils_yaml_merge.defaults",
            "module.aci.data.utils_yaml_merge.model",
            "module.aci.module.aci_application_profile.aci_rest_managed.fvAp",
            "module.aci.module.aci_bfd_interface_policy.aci_rest_managed.bfdIfPol",
            "module.aci.module.aci_bgp_timer_policy.aci_rest_managed.bgpCtxPol",
            "module.aci.module.aci_bridge_domain.aci_rest_managed.dhcpLbl",
            "module.aci.module.aci_bridge_domain.aci_rest_managed.dhcpRsDhcpOptionPol",
            "module.aci.module.aci_bridge_domain.aci_rest_managed.fvBD",
            "module.aci.module.aci_bridge_domain.aci_rest_managed.fvRsBDToOut",
            "module.aci.module.aci_bridge_domain.aci_rest_managed.fvRsCtx",
            "module.aci.module.aci_bridge_domain.aci_rest_managed.fvRsIgmpsn",
            "module.aci.module.aci_bridge_domain.aci_rest_managed.fvSubnet",
            "module.aci.module.aci_bridge_domain.aci_rest_managed.igmpIfP",
            "module.aci.module.aci_bridge_domain.aci_rest_managed.igmpRsIfPol",
            "module.aci.module.aci_bridge_domain.aci_rest_managed.tagTag",
            "module.aci.module.aci_contract.aci_rest_managed.vzBrCP",
            "module.aci.module.aci_contract.aci_rest_managed.vzRsSubjFiltAtt",
            "module.aci.module.aci_contract.aci_rest_managed.vzRsSubjGraphAtt",
            "module.aci.module.aci_contract.aci_rest_managed.vzSubj",
            "module.aci.module.aci_dhcp_option_policy.aci_rest_managed.dhcpOption",
            "module.aci.module.aci_dhcp_option_policy.aci_rest_managed.dhcpOptionPol",
            "module.aci.module.aci_dhcp_relay_policy.aci_rest_managed.dhcpRelayP",
            "module.aci.module.aci_dhcp_relay_policy.aci_rest_managed.dhcpRsProv",
            "module.aci.module.aci_filter.aci_rest_managed.vzEntry",
            "module.aci.module.aci_filter.aci_rest_managed.vzFilter",
            "module.aci.module.aci_imported_contract.aci_rest_managed.vzCPIf",
            "module.aci.module.aci_imported_contract.aci_rest_managed.vzRsIf",
            "module.aci.module.aci_l3out.aci_rest_managed.bgpExtP",
            "module.aci.module.aci_l3out.aci_rest_managed.l3extDefaultRouteLeakP",
            "module.aci.module.aci_l3out.aci_rest_managed.l3extOut",
            "module.aci.module.aci_l3out.aci_rest_managed.l3extRsDampeningPol_ipv4",
            "module.aci.module.aci_l3out.aci_rest_managed.l3extRsDampeningPol_ipv6",
            "module.aci.module.aci_l3out.aci_rest_managed.l3extRsEctx",
            "module.aci.module.aci_l3out.aci_rest_managed.l3extRsInterleakPol",
            "module.aci.module.aci_l3out.aci_rest_managed.l3extRsL3DomAtt",
            "module.aci.module.aci_l3out.aci_rest_managed.l3extRsRedistributePol",
            "module.aci.module.aci_l3out.aci_rest_managed.ospfExtP",
            "module.aci.module.aci_l3out.aci_rest_managed.pimExtP",
            "module.aci.module.aci_l3out.aci_rest_managed.rtctrlCtxP_export",
            "module.aci.module.aci_l3out.aci_rest_managed.rtctrlCtxP_import",
            "module.aci.module.aci_l3out.aci_rest_managed.rtctrlProfile_export",
            "module.aci.module.aci_l3out.aci_rest_managed.rtctrlProfile_import",
            "module.aci.module.aci_l3out.aci_rest_managed.rtctrlRsCtxPToSubjP_export",
            "module.aci.module.aci_l3out.aci_rest_managed.rtctrlRsCtxPToSubjP_import",
            "module.aci.module.aci_l3out.aci_rest_managed.rtctrlRsScopeToAttrP_export",
            "module.aci.module.aci_l3out.aci_rest_managed.rtctrlRsScopeToAttrP_import",
            "module.aci.module.aci_l3out.aci_rest_managed.rtctrlScope_export",
            "module.aci.module.aci_l3out.aci_rest_managed.rtctrlScope_import",
            "module.aci.module.aci_match_rule.aci_rest_managed.rtctrlMatchCommFactor",
            "module.aci.module.aci_match_rule.aci_rest_managed.rtctrlMatchCommRegexTerm",
            "module.aci.module.aci_match_rule.aci_rest_managed.rtctrlMatchCommTerm",
            "module.aci.module.aci_match_rule.aci_rest_managed.rtctrlMatchRtDest",
            "module.aci.module.aci_match_rule.aci_rest_managed.rtctrlSubjP",
            "module.aci.module.aci_ospf_interface_policy.aci_rest_managed.ospfIfPol",
            "module.aci.module.aci_set_rule.aci_rest_managed.rtctrlAttrP",
            "module.aci.module.aci_set_rule.aci_rest_managed.rtctrlSetASPath",
            "module.aci.module.aci_set_rule.aci_rest_managed.rtctrlSetASPathASN",
            "module.aci.module.aci_set_rule.aci_rest_managed.rtctrlSetAddComm",
            "module.aci.module.aci_set_rule.aci_rest_managed.rtctrlSetComm",
            "module.aci.module.aci_set_rule.aci_rest_managed.rtctrlSetDamp",
            "module.aci.module.aci_set_rule.aci_rest_managed.rtctrlSetNh",
            "module.aci.module.aci_set_rule.aci_rest_managed.rtctrlSetNhUnchanged",
            "module.aci.module.aci_set_rule.aci_rest_managed.rtctrlSetPref",
            "module.aci.module.aci_set_rule.aci_rest_managed.rtctrlSetRedistMultipath",
            "module.aci.module.aci_set_rule.aci_rest_managed.rtctrlSetRtMetric",
            "module.aci.module.aci_set_rule.aci_rest_managed.rtctrlSetRtMetricType",
            "module.aci.module.aci_set_rule.aci_rest_managed.rtctrlSetTag",
            "module.aci.module.aci_set_rule.aci_rest_managed.rtctrlSetWeight",
            "module.aci.module.aci_tenant.aci_rest_managed.fvTenant",
            "module.aci.module.aci_vlan_pool.aci_rest_managed.fvnsEncapBlk",
            "module.aci.module.aci_vlan_pool.aci_rest_managed.fvnsVlanInstP",
            "module.aci.module.aci_vmware_vmm_domain.aci_rest_managed.infraRsVlanNs",
            "module.aci.module.aci_vmware_vmm_domain.aci_rest_managed.lacpEnhancedLagPol",
            "module.aci.module.aci_vmware_vmm_domain.aci_rest_managed.vmmCtrlrP",
            "module.aci.module.aci_vmware_vmm_domain.aci_rest_managed.vmmDomP",
            "module.aci.module.aci_vmware_vmm_domain.aci_rest_managed.vmmRsAcc",
            "module.aci.module.aci_vmware_vmm_domain.aci_rest_managed.vmmRsMgmtEPg",
            "module.aci.module.aci_vmware_vmm_domain.aci_rest_managed.vmmRsVswitchOverrideCdpIfPol",
            "module.aci.module.aci_vmware_vmm_domain.aci_rest_managed.vmmRsVswitchOverrideLacpPol",
            "module.aci.module.aci_vmware_vmm_domain.aci_rest_managed.vmmRsVswitchOverrideLldpIfPol",
            "module.aci.module.aci_vmware_vmm_domain.aci_rest_managed.vmmRsVswitchOverrideMtuPol",
            "module.aci.module.aci_vmware_vmm_domain.aci_rest_managed.vmmUplinkP",
            "module.aci.module.aci_vmware_vmm_domain.aci_rest_managed.vmmUplinkPCont",
            "module.aci.module.aci_vmware_vmm_domain.aci_rest_managed.vmmUsrAccP",
            "module.aci.module.aci_vmware_vmm_domain.aci_rest_managed.vmmVSwitchPolicyCont",
            "module.aci.module.aci_vrf.aci_rest_managed.bgpRtTargetP_ipv4",
            "module.aci.module.aci_vrf.aci_rest_managed.bgpRtTargetP_ipv6",
            "module.aci.module.aci_vrf.aci_rest_managed.bgpRtTarget_ipv4_export",
            "module.aci.module.aci_vrf.aci_rest_managed.bgpRtTarget_ipv4_import",
            "module.aci.module.aci_vrf.aci_rest_managed.bgpRtTarget_ipv6_export",
            "module.aci.module.aci_vrf.aci_rest_managed.bgpRtTarget_ipv6_import",
            "module.aci.module.aci_vrf.aci_rest_managed.dnsLbl",
            "module.aci.module.aci_vrf.aci_rest_managed.fvCtx",
            "module.aci.module.aci_vrf.aci_rest_managed.fvRsBgpCtxPol",
            "module.aci.module.aci_vrf.aci_rest_managed.fvRsCtxToBgpCtxAfPol_ipv4",
            "module.aci.module.aci_vrf.aci_rest_managed.fvRsCtxToBgpCtxAfPol_ipv6",
            "module.aci.module.aci_vrf.aci_rest_managed.igmpCtxP",
            "module.aci.module.aci_vrf.aci_rest_managed.igmpSSMXlateP",
            "module.aci.module.aci_vrf.aci_rest_managed.leakExternalPrefix",
            "module.aci.module.aci_vrf.aci_rest_managed.leakInternalSubnet",
            "module.aci.module.aci_vrf.aci_rest_managed.leakRoutes",
            "module.aci.module.aci_vrf.aci_rest_managed.leakTo_external",
            "module.aci.module.aci_vrf.aci_rest_managed.leakTo_internal",
            "module.aci.module.aci_vrf.aci_rest_managed.pimASMPatPol",
            "module.aci.module.aci_vrf.aci_rest_managed.pimAutoRPPol",
            "module.aci.module.aci_vrf.aci_rest_managed.pimBSRFilterPol",
            "module.aci.module.aci_vrf.aci_rest_managed.pimBSRPPol",
            "module.aci.module.aci_vrf.aci_rest_managed.pimCtxP",
            "module.aci.module.aci_vrf.aci_rest_managed.pimFabricRPPol",
            "module.aci.module.aci_vrf.aci_rest_managed.pimInterVRFEntryPol",
            "module.aci.module.aci_vrf.aci_rest_managed.pimInterVRFPol",
            "module.aci.module.aci_vrf.aci_rest_managed.pimMAFilterPol",
            "module.aci.module.aci_vrf.aci_rest_managed.pimRPGrpRangePol_fabric_rp",
            "module.aci.module.aci_vrf.aci_rest_managed.pimRPGrpRangePol_static_rp",
            "module.aci.module.aci_vrf.aci_rest_managed.pimRegTrPol",
            "module.aci.module.aci_vrf.aci_rest_managed.pimResPol",
            "module.aci.module.aci_vrf.aci_rest_managed.pimSGRangeExpPol",
            "module.aci.module.aci_vrf.aci_rest_managed.pimSSMPatPol",
            "module.aci.module.aci_vrf.aci_rest_managed.pimSSMRangePol",
            "module.aci.module.aci_vrf.aci_rest_managed.pimSharedRangePol",
            "module.aci.module.aci_vrf.aci_rest_managed.pimStaticRPEntryPol_fabric_rp",
            "module.aci.module.aci_vrf.aci_rest_managed.pimStaticRPEntryPol_static_rp",
            "module.aci.module.aci_vrf.aci_rest_managed.pimStaticRPPol",
            "module.aci.module.aci_vrf.aci_rest_managed.rtdmcRsFilterToRtMapPol_asm_sg_expiry",
            "module.aci.module.aci_vrf.aci_rest_managed.rtdmcRsFilterToRtMapPol_asm_shared",
            "module.aci.module.aci_vrf.aci_rest_managed.rtdmcRsFilterToRtMapPol_auto_rp",
            "module.aci.module.aci_vrf.aci_rest_managed.rtdmcRsFilterToRtMapPol_bsr",
            "module.aci.module.aci_vrf.aci_rest_managed.rtdmcRsFilterToRtMapPol_fabric_rp",
            "module.aci.module.aci_vrf.aci_rest_managed.rtdmcRsFilterToRtMapPol_pim_inter_vrf",
            "module.aci.module.aci_vrf.aci_rest_managed.rtdmcRsFilterToRtMapPol_ssm_range",
            "module.aci.module.aci_vrf.aci_rest_managed.rtdmcRsFilterToRtMapPol_static_rp",
            "module.aci.module.aci_vrf.aci_rest_managed.vzAny",
            "module.aci.module.aci_vrf.aci_rest_managed.vzRsAnyToCons",
            "module.aci.module.aci_vrf.aci_rest_managed.vzRsAnyToConsIf",
            "module.aci.module.aci_vrf.aci_rest_managed.vzRsAnyToProv"
          ]
        }
      ]
    },
    {
      "module": "module.aci.module.aci_endpoint_group[\"adossant/network-segments/10.237.100.x_24\"]",
      "mode": "managed",
      "type": "aci_rest_managed",
      "name": "fvRsBd",
      "provider": "provider[\"registry.terraform.io/ciscodevnet/aci\"]",
      "instances": [
        {
          "schema_version": 0,
          "attributes": {
            "child": [],
            "class_name": "fvRsBd",
            "content": {
              "tnFvBDName": "10.237.100.x_24",
              "userdom": "all"
            },
            "dn": "uni/tn-adossant/ap-network-segments/epg-10.237.100.x_24/rsbd",
            "id": "uni/tn-adossant/ap-network-segments/epg-10.237.100.x_24/rsbd"
          },
          "sensitive_attributes": [],
          "private": "bnVsbA==",
          "dependencies": [
            "module.aci.data.utils_yaml_merge.defaults",
            "module.aci.data.utils_yaml_merge.model",
            "module.aci.module.aci_application_profile.aci_rest_managed.fvAp",
            "module.aci.module.aci_bfd_interface_policy.aci_rest_managed.bfdIfPol",
            "module.aci.module.aci_bgp_timer_policy.aci_rest_managed.bgpCtxPol",
            "module.aci.module.aci_bridge_domain.aci_rest_managed.dhcpLbl",
            "module.aci.module.aci_bridge_domain.aci_rest_managed.dhcpRsDhcpOptionPol",
            "module.aci.module.aci_bridge_domain.aci_rest_managed.fvBD",
            "module.aci.module.aci_bridge_domain.aci_rest_managed.fvRsBDToOut",
            "module.aci.module.aci_bridge_domain.aci_rest_managed.fvRsCtx",
            "module.aci.module.aci_bridge_domain.aci_rest_managed.fvRsIgmpsn",
            "module.aci.module.aci_bridge_domain.aci_rest_managed.fvSubnet",
            "module.aci.module.aci_bridge_domain.aci_rest_managed.igmpIfP",
            "module.aci.module.aci_bridge_domain.aci_rest_managed.igmpRsIfPol",
            "module.aci.module.aci_bridge_domain.aci_rest_managed.tagTag",
            "module.aci.module.aci_contract.aci_rest_managed.vzBrCP",
            "module.aci.module.aci_contract.aci_rest_managed.vzRsSubjFiltAtt",
            "module.aci.module.aci_contract.aci_rest_managed.vzRsSubjGraphAtt",
            "module.aci.module.aci_contract.aci_rest_managed.vzSubj",
            "module.aci.module.aci_dhcp_option_policy.aci_rest_managed.dhcpOption",
            "module.aci.module.aci_dhcp_option_policy.aci_rest_managed.dhcpOptionPol",
            "module.aci.module.aci_dhcp_relay_policy.aci_rest_managed.dhcpRelayP",
            "module.aci.module.aci_dhcp_relay_policy.aci_rest_managed.dhcpRsProv",
            "module.aci.module.aci_endpoint_group.aci_rest_managed.fvAEPg",
            "module.aci.module.aci_filter.aci_rest_managed.vzEntry",
            "module.aci.module.aci_filter.aci_rest_managed.vzFilter",
            "module.aci.module.aci_imported_contract.aci_rest_managed.vzCPIf",
            "module.aci.module.aci_imported_contract.aci_rest_managed.vzRsIf",
            "module.aci.module.aci_l3out.aci_rest_managed.bgpExtP",
            "module.aci.module.aci_l3out.aci_rest_managed.l3extDefaultRouteLeakP",
            "module.aci.module.aci_l3out.aci_rest_managed.l3extOut",
            "module.aci.module.aci_l3out.aci_rest_managed.l3extRsDampeningPol_ipv4",
            "module.aci.module.aci_l3out.aci_rest_managed.l3extRsDampeningPol_ipv6",
            "module.aci.module.aci_l3out.aci_rest_managed.l3extRsEctx",
            "module.aci.module.aci_l3out.aci_rest_managed.l3extRsInterleakPol",
            "module.aci.module.aci_l3out.aci_rest_managed.l3extRsL3DomAtt",
            "module.aci.module.aci_l3out.aci_rest_managed.l3extRsRedistributePol",
            "module.aci.module.aci_l3out.aci_rest_managed.ospfExtP",
            "module.aci.module.aci_l3out.aci_rest_managed.pimExtP",
            "module.aci.module.aci_l3out.aci_rest_managed.rtctrlCtxP_export",
            "module.aci.module.aci_l3out.aci_rest_managed.rtctrlCtxP_import",
            "module.aci.module.aci_l3out.aci_rest_managed.rtctrlProfile_export",
            "module.aci.module.aci_l3out.aci_rest_managed.rtctrlProfile_import",
            "module.aci.module.aci_l3out.aci_rest_managed.rtctrlRsCtxPToSubjP_export",
            "module.aci.module.aci_l3out.aci_rest_managed.rtctrlRsCtxPToSubjP_import",
            "module.aci.module.aci_l3out.aci_rest_managed.rtctrlRsScopeToAttrP_export",
            "module.aci.module.aci_l3out.aci_rest_managed.rtctrlRsScopeToAttrP_import",
            "module.aci.module.aci_l3out.aci_rest_managed.rtctrlScope_export",
            "module.aci.module.aci_l3out.aci_rest_managed.rtctrlScope_import",
            "module.aci.module.aci_match_rule.aci_rest_managed.rtctrlMatchCommFactor",
            "module.aci.module.aci_match_rule.aci_rest_managed.rtctrlMatchCommRegexTerm",
            "module.aci.module.aci_match_rule.aci_rest_managed.rtctrlMatchCommTerm",
            "module.aci.module.aci_match_rule.aci_rest_managed.rtctrlMatchRtDest",
            "module.aci.module.aci_match_rule.aci_rest_managed.rtctrlSubjP",
            "module.aci.module.aci_ospf_interface_policy.aci_rest_managed.ospfIfPol",
            "module.aci.module.aci_set_rule.aci_rest_managed.rtctrlAttrP",
            "module.aci.module.aci_set_rule.aci_rest_managed.rtctrlSetASPath",
            "module.aci.module.aci_set_rule.aci_rest_managed.rtctrlSetASPathASN",
            "module.aci.module.aci_set_rule.aci_rest_managed.rtctrlSetAddComm",
            "module.aci.module.aci_set_rule.aci_rest_managed.rtctrlSetComm",
            "module.aci.module.aci_set_rule.aci_rest_managed.rtctrlSetDamp",
            "module.aci.module.aci_set_rule.aci_rest_managed.rtctrlSetNh",
            "module.aci.module.aci_set_rule.aci_rest_managed.rtctrlSetNhUnchanged",
            "module.aci.module.aci_set_rule.aci_rest_managed.rtctrlSetPref",
            "module.aci.module.aci_set_rule.aci_rest_managed.rtctrlSetRedistMultipath",
            "module.aci.module.aci_set_rule.aci_rest_managed.rtctrlSetRtMetric",
            "module.aci.module.aci_set_rule.aci_rest_managed.rtctrlSetRtMetricType",
            "module.aci.module.aci_set_rule.aci_rest_managed.rtctrlSetTag",
            "module.aci.module.aci_set_rule.aci_rest_managed.rtctrlSetWeight",
            "module.aci.module.aci_tenant.aci_rest_managed.fvTenant",
            "module.aci.module.aci_vlan_pool.aci_rest_managed.fvnsEncapBlk",
            "module.aci.module.aci_vlan_pool.aci_rest_managed.fvnsVlanInstP",
            "module.aci.module.aci_vmware_vmm_domain.aci_rest_managed.infraRsVlanNs",
            "module.aci.module.aci_vmware_vmm_domain.aci_rest_managed.lacpEnhancedLagPol",
            "module.aci.module.aci_vmware_vmm_domain.aci_rest_managed.vmmCtrlrP",
            "module.aci.module.aci_vmware_vmm_domain.aci_rest_managed.vmmDomP",
            "module.aci.module.aci_vmware_vmm_domain.aci_rest_managed.vmmRsAcc",
            "module.aci.module.aci_vmware_vmm_domain.aci_rest_managed.vmmRsMgmtEPg",
            "module.aci.module.aci_vmware_vmm_domain.aci_rest_managed.vmmRsVswitchOverrideCdpIfPol",
            "module.aci.module.aci_vmware_vmm_domain.aci_rest_managed.vmmRsVswitchOverrideLacpPol",
            "module.aci.module.aci_vmware_vmm_domain.aci_rest_managed.vmmRsVswitchOverrideLldpIfPol",
            "module.aci.module.aci_vmware_vmm_domain.aci_rest_managed.vmmRsVswitchOverrideMtuPol",
            "module.aci.module.aci_vmware_vmm_domain.aci_rest_managed.vmmUplinkP",
            "module.aci.module.aci_vmware_vmm_domain.aci_rest_managed.vmmUplinkPCont",
            "module.aci.module.aci_vmware_vmm_domain.aci_rest_managed.vmmUsrAccP",
            "module.aci.module.aci_vmware_vmm_domain.aci_rest_managed.vmmVSwitchPolicyCont",
            "module.aci.module.aci_vrf.aci_rest_managed.bgpRtTargetP_ipv4",
            "module.aci.module.aci_vrf.aci_rest_managed.bgpRtTargetP_ipv6",
            "module.aci.module.aci_vrf.aci_rest_managed.bgpRtTarget_ipv4_export",
            "module.aci.module.aci_vrf.aci_rest_managed.bgpRtTarget_ipv4_import",
            "module.aci.module.aci_vrf.aci_rest_managed.bgpRtTarget_ipv6_export",
            "module.aci.module.aci_vrf.aci_rest_managed.bgpRtTarget_ipv6_import",
            "module.aci.module.aci_vrf.aci_rest_managed.dnsLbl",
            "module.aci.module.aci_vrf.aci_rest_managed.fvCtx",
            "module.aci.module.aci_vrf.aci_rest_managed.fvRsBgpCtxPol",
            "module.aci.module.aci_vrf.aci_rest_managed.fvRsCtxToBgpCtxAfPol_ipv4",
            "module.aci.module.aci_vrf.aci_rest_managed.fvRsCtxToBgpCtxAfPol_ipv6",
            "module.aci.module.aci_vrf.aci_rest_managed.igmpCtxP",
            "module.aci.module.aci_vrf.aci_rest_managed.igmpSSMXlateP",
            "module.aci.module.aci_vrf.aci_rest_managed.leakExternalPrefix",
            "module.aci.module.aci_vrf.aci_rest_managed.leakInternalSubnet",
            "module.aci.module.aci_vrf.aci_rest_managed.leakRoutes",
            "module.aci.module.aci_vrf.aci_rest_managed.leakTo_external",
            "module.aci.module.aci_vrf.aci_rest_managed.leakTo_internal",
            "module.aci.module.aci_vrf.aci_rest_managed.pimASMPatPol",
            "module.aci.module.aci_vrf.aci_rest_managed.pimAutoRPPol",
            "module.aci.module.aci_vrf.aci_rest_managed.pimBSRFilterPol",
            "module.aci.module.aci_vrf.aci_rest_managed.pimBSRPPol",
            "module.aci.module.aci_vrf.aci_rest_managed.pimCtxP",
            "module.aci.module.aci_vrf.aci_rest_managed.pimFabricRPPol",
            "module.aci.module.aci_vrf.aci_rest_managed.pimInterVRFEntryPol",
            "module.aci.module.aci_vrf.aci_rest_managed.pimInterVRFPol",
            "module.aci.module.aci_vrf.aci_rest_managed.pimMAFilterPol",
            "module.aci.module.aci_vrf.aci_rest_managed.pimRPGrpRangePol_fabric_rp",
            "module.aci.module.aci_vrf.aci_rest_managed.pimRPGrpRangePol_static_rp",
            "module.aci.module.aci_vrf.aci_rest_managed.pimRegTrPol",
            "module.aci.module.aci_vrf.aci_rest_managed.pimResPol",
            "module.aci.module.aci_vrf.aci_rest_managed.pimSGRangeExpPol",
            "module.aci.module.aci_vrf.aci_rest_managed.pimSSMPatPol",
            "module.aci.module.aci_vrf.aci_rest_managed.pimSSMRangePol",
            "module.aci.module.aci_vrf.aci_rest_managed.pimSharedRangePol",
            "module.aci.module.aci_vrf.aci_rest_managed.pimStaticRPEntryPol_fabric_rp",
            "module.aci.module.aci_vrf.aci_rest_managed.pimStaticRPEntryPol_static_rp",
            "module.aci.module.aci_vrf.aci_rest_managed.pimStaticRPPol",
            "module.aci.module.aci_vrf.aci_rest_managed.rtdmcRsFilterToRtMapPol_asm_sg_expiry",
            "module.aci.module.aci_vrf.aci_rest_managed.rtdmcRsFilterToRtMapPol_asm_shared",
            "module.aci.module.aci_vrf.aci_rest_managed.rtdmcRsFilterToRtMapPol_auto_rp",
            "module.aci.module.aci_vrf.aci_rest_managed.rtdmcRsFilterToRtMapPol_bsr",
            "module.aci.module.aci_vrf.aci_rest_managed.rtdmcRsFilterToRtMapPol_fabric_rp",
            "module.aci.module.aci_vrf.aci_rest_managed.rtdmcRsFilterToRtMapPol_pim_inter_vrf",
            "module.aci.module.aci_vrf.aci_rest_managed.rtdmcRsFilterToRtMapPol_ssm_range",
            "module.aci.module.aci_vrf.aci_rest_managed.rtdmcRsFilterToRtMapPol_static_rp",
            "module.aci.module.aci_vrf.aci_rest_managed.vzAny",
            "module.aci.module.aci_vrf.aci_rest_managed.vzRsAnyToCons",
            "module.aci.module.aci_vrf.aci_rest_managed.vzRsAnyToConsIf",
            "module.aci.module.aci_vrf.aci_rest_managed.vzRsAnyToProv"
          ]
        }
      ]
    },
    {
      "module": "module.aci.module.aci_endpoint_group[\"adossant/network-segments/10.237.100.x_24\"]",
      "mode": "managed",
      "type": "aci_rest_managed",
      "name": "fvRsDomAtt_vmm",
      "provider": "provider[\"registry.terraform.io/ciscodevnet/aci\"]",
      "instances": [
        {
          "index_key": "ucsc-c220m5-vds-01",
          "schema_version": 0,
          "attributes": {
            "child": [],
            "class_name": "fvRsDomAtt",
            "content": {
              "bindingType": "none",
              "classPref": "useg",
              "customEpgName": "",
              "delimiter": "",
              "encap": "unknown",
              "encapMode": "auto",
              "epgCos": "Cos0",
              "epgCosPref": "disabled",
              "instrImedcy": "lazy",
              "lagPolicyName": "",
              "netflowDir": "both",
              "netflowPref": "disabled",
              "numPorts": "0",
              "portAllocation": "none",
              "primaryEncap": "unknown",
              "primaryEncapInner": "unknown",
              "resImedcy": "immediate",
              "secondaryEncapInner": "unknown",
              "switchingMode": "native",
              "tDn": "uni/vmmp-VMware/dom-ucsc-c220m5-vds-01",
              "untagged": "no",
              "userdom": ":all:common:",
              "vnetOnly": "no"
            },
            "dn": "uni/tn-adossant/ap-network-segments/epg-10.237.100.x_24/rsdomAtt-[uni/vmmp-VMware/dom-ucsc-c220m5-vds-01]",
            "id": "uni/tn-adossant/ap-network-segments/epg-10.237.100.x_24/rsdomAtt-[uni/vmmp-VMware/dom-ucsc-c220m5-vds-01]"
          },
          "sensitive_attributes": [],
          "private": "bnVsbA==",
          "dependencies": [
            "module.aci.data.utils_yaml_merge.defaults",
            "module.aci.data.utils_yaml_merge.model",
            "module.aci.module.aci_application_profile.aci_rest_managed.fvAp",
            "module.aci.module.aci_bfd_interface_policy.aci_rest_managed.bfdIfPol",
            "module.aci.module.aci_bgp_timer_policy.aci_rest_managed.bgpCtxPol",
            "module.aci.module.aci_bridge_domain.aci_rest_managed.dhcpLbl",
            "module.aci.module.aci_bridge_domain.aci_rest_managed.dhcpRsDhcpOptionPol",
            "module.aci.module.aci_bridge_domain.aci_rest_managed.fvBD",
            "module.aci.module.aci_bridge_domain.aci_rest_managed.fvRsBDToOut",
            "module.aci.module.aci_bridge_domain.aci_rest_managed.fvRsCtx",
            "module.aci.module.aci_bridge_domain.aci_rest_managed.fvRsIgmpsn",
            "module.aci.module.aci_bridge_domain.aci_rest_managed.fvSubnet",
            "module.aci.module.aci_bridge_domain.aci_rest_managed.igmpIfP",
            "module.aci.module.aci_bridge_domain.aci_rest_managed.igmpRsIfPol",
            "module.aci.module.aci_bridge_domain.aci_rest_managed.tagTag",
            "module.aci.module.aci_contract.aci_rest_managed.vzBrCP",
            "module.aci.module.aci_contract.aci_rest_managed.vzRsSubjFiltAtt",
            "module.aci.module.aci_contract.aci_rest_managed.vzRsSubjGraphAtt",
            "module.aci.module.aci_contract.aci_rest_managed.vzSubj",
            "module.aci.module.aci_dhcp_option_policy.aci_rest_managed.dhcpOption",
            "module.aci.module.aci_dhcp_option_policy.aci_rest_managed.dhcpOptionPol",
            "module.aci.module.aci_dhcp_relay_policy.aci_rest_managed.dhcpRelayP",
            "module.aci.module.aci_dhcp_relay_policy.aci_rest_managed.dhcpRsProv",
            "module.aci.module.aci_endpoint_group.aci_rest_managed.fvAEPg",
            "module.aci.module.aci_filter.aci_rest_managed.vzEntry",
            "module.aci.module.aci_filter.aci_rest_managed.vzFilter",
            "module.aci.module.aci_imported_contract.aci_rest_managed.vzCPIf",
            "module.aci.module.aci_imported_contract.aci_rest_managed.vzRsIf",
            "module.aci.module.aci_l3out.aci_rest_managed.bgpExtP",
            "module.aci.module.aci_l3out.aci_rest_managed.l3extDefaultRouteLeakP",
            "module.aci.module.aci_l3out.aci_rest_managed.l3extOut",
            "module.aci.module.aci_l3out.aci_rest_managed.l3extRsDampeningPol_ipv4",
            "module.aci.module.aci_l3out.aci_rest_managed.l3extRsDampeningPol_ipv6",
            "module.aci.module.aci_l3out.aci_rest_managed.l3extRsEctx",
            "module.aci.module.aci_l3out.aci_rest_managed.l3extRsInterleakPol",
            "module.aci.module.aci_l3out.aci_rest_managed.l3extRsL3DomAtt",
            "module.aci.module.aci_l3out.aci_rest_managed.l3extRsRedistributePol",
            "module.aci.module.aci_l3out.aci_rest_managed.ospfExtP",
            "module.aci.module.aci_l3out.aci_rest_managed.pimExtP",
            "module.aci.module.aci_l3out.aci_rest_managed.rtctrlCtxP_export",
            "module.aci.module.aci_l3out.aci_rest_managed.rtctrlCtxP_import",
            "module.aci.module.aci_l3out.aci_rest_managed.rtctrlProfile_export",
            "module.aci.module.aci_l3out.aci_rest_managed.rtctrlProfile_import",
            "module.aci.module.aci_l3out.aci_rest_managed.rtctrlRsCtxPToSubjP_export",
            "module.aci.module.aci_l3out.aci_rest_managed.rtctrlRsCtxPToSubjP_import",
            "module.aci.module.aci_l3out.aci_rest_managed.rtctrlRsScopeToAttrP_export",
            "module.aci.module.aci_l3out.aci_rest_managed.rtctrlRsScopeToAttrP_import",
            "module.aci.module.aci_l3out.aci_rest_managed.rtctrlScope_export",
            "module.aci.module.aci_l3out.aci_rest_managed.rtctrlScope_import",
            "module.aci.module.aci_match_rule.aci_rest_managed.rtctrlMatchCommFactor",
            "module.aci.module.aci_match_rule.aci_rest_managed.rtctrlMatchCommRegexTerm",
            "module.aci.module.aci_match_rule.aci_rest_managed.rtctrlMatchCommTerm",
            "module.aci.module.aci_match_rule.aci_rest_managed.rtctrlMatchRtDest",
            "module.aci.module.aci_match_rule.aci_rest_managed.rtctrlSubjP",
            "module.aci.module.aci_ospf_interface_policy.aci_rest_managed.ospfIfPol",
            "module.aci.module.aci_set_rule.aci_rest_managed.rtctrlAttrP",
            "module.aci.module.aci_set_rule.aci_rest_managed.rtctrlSetASPath",
            "module.aci.module.aci_set_rule.aci_rest_managed.rtctrlSetASPathASN",
            "module.aci.module.aci_set_rule.aci_rest_managed.rtctrlSetAddComm",
            "module.aci.module.aci_set_rule.aci_rest_managed.rtctrlSetComm",
            "module.aci.module.aci_set_rule.aci_rest_managed.rtctrlSetDamp",
            "module.aci.module.aci_set_rule.aci_rest_managed.rtctrlSetNh",
            "module.aci.module.aci_set_rule.aci_rest_managed.rtctrlSetNhUnchanged",
            "module.aci.module.aci_set_rule.aci_rest_managed.rtctrlSetPref",
            "module.aci.module.aci_set_rule.aci_rest_managed.rtctrlSetRedistMultipath",
            "module.aci.module.aci_set_rule.aci_rest_managed.rtctrlSetRtMetric",
            "module.aci.module.aci_set_rule.aci_rest_managed.rtctrlSetRtMetricType",
            "module.aci.module.aci_set_rule.aci_rest_managed.rtctrlSetTag",
            "module.aci.module.aci_set_rule.aci_rest_managed.rtctrlSetWeight",
            "module.aci.module.aci_tenant.aci_rest_managed.fvTenant",
            "module.aci.module.aci_vlan_pool.aci_rest_managed.fvnsEncapBlk",
            "module.aci.module.aci_vlan_pool.aci_rest_managed.fvnsVlanInstP",
            "module.aci.module.aci_vmware_vmm_domain.aci_rest_managed.infraRsVlanNs",
            "module.aci.module.aci_vmware_vmm_domain.aci_rest_managed.lacpEnhancedLagPol",
            "module.aci.module.aci_vmware_vmm_domain.aci_rest_managed.vmmCtrlrP",
            "module.aci.module.aci_vmware_vmm_domain.aci_rest_managed.vmmDomP",
            "module.aci.module.aci_vmware_vmm_domain.aci_rest_managed.vmmRsAcc",
            "module.aci.module.aci_vmware_vmm_domain.aci_rest_managed.vmmRsMgmtEPg",
            "module.aci.module.aci_vmware_vmm_domain.aci_rest_managed.vmmRsVswitchOverrideCdpIfPol",
            "module.aci.module.aci_vmware_vmm_domain.aci_rest_managed.vmmRsVswitchOverrideLacpPol",
            "module.aci.module.aci_vmware_vmm_domain.aci_rest_managed.vmmRsVswitchOverrideLldpIfPol",
            "module.aci.module.aci_vmware_vmm_domain.aci_rest_managed.vmmRsVswitchOverrideMtuPol",
            "module.aci.module.aci_vmware_vmm_domain.aci_rest_managed.vmmUplinkP",
            "module.aci.module.aci_vmware_vmm_domain.aci_rest_managed.vmmUplinkPCont",
            "module.aci.module.aci_vmware_vmm_domain.aci_rest_managed.vmmUsrAccP",
            "module.aci.module.aci_vmware_vmm_domain.aci_rest_managed.vmmVSwitchPolicyCont",
            "module.aci.module.aci_vrf.aci_rest_managed.bgpRtTargetP_ipv4",
            "module.aci.module.aci_vrf.aci_rest_managed.bgpRtTargetP_ipv6",
            "module.aci.module.aci_vrf.aci_rest_managed.bgpRtTarget_ipv4_export",
            "module.aci.module.aci_vrf.aci_rest_managed.bgpRtTarget_ipv4_import",
            "module.aci.module.aci_vrf.aci_rest_managed.bgpRtTarget_ipv6_export",
            "module.aci.module.aci_vrf.aci_rest_managed.bgpRtTarget_ipv6_import",
            "module.aci.module.aci_vrf.aci_rest_managed.dnsLbl",
            "module.aci.module.aci_vrf.aci_rest_managed.fvCtx",
            "module.aci.module.aci_vrf.aci_rest_managed.fvRsBgpCtxPol",
            "module.aci.module.aci_vrf.aci_rest_managed.fvRsCtxToBgpCtxAfPol_ipv4",
            "module.aci.module.aci_vrf.aci_rest_managed.fvRsCtxToBgpCtxAfPol_ipv6",
            "module.aci.module.aci_vrf.aci_rest_managed.igmpCtxP",
            "module.aci.module.aci_vrf.aci_rest_managed.igmpSSMXlateP",
            "module.aci.module.aci_vrf.aci_rest_managed.leakExternalPrefix",
            "module.aci.module.aci_vrf.aci_rest_managed.leakInternalSubnet",
            "module.aci.module.aci_vrf.aci_rest_managed.leakRoutes",
            "module.aci.module.aci_vrf.aci_rest_managed.leakTo_external",
            "module.aci.module.aci_vrf.aci_rest_managed.leakTo_internal",
            "module.aci.module.aci_vrf.aci_rest_managed.pimASMPatPol",
            "module.aci.module.aci_vrf.aci_rest_managed.pimAutoRPPol",
            "module.aci.module.aci_vrf.aci_rest_managed.pimBSRFilterPol",
            "module.aci.module.aci_vrf.aci_rest_managed.pimBSRPPol",
            "module.aci.module.aci_vrf.aci_rest_managed.pimCtxP",
            "module.aci.module.aci_vrf.aci_rest_managed.pimFabricRPPol",
            "module.aci.module.aci_vrf.aci_rest_managed.pimInterVRFEntryPol",
            "module.aci.module.aci_vrf.aci_rest_managed.pimInterVRFPol",
            "module.aci.module.aci_vrf.aci_rest_managed.pimMAFilterPol",
            "module.aci.module.aci_vrf.aci_rest_managed.pimRPGrpRangePol_fabric_rp",
            "module.aci.module.aci_vrf.aci_rest_managed.pimRPGrpRangePol_static_rp",
            "module.aci.module.aci_vrf.aci_rest_managed.pimRegTrPol",
            "module.aci.module.aci_vrf.aci_rest_managed.pimResPol",
            "module.aci.module.aci_vrf.aci_rest_managed.pimSGRangeExpPol",
            "module.aci.module.aci_vrf.aci_rest_managed.pimSSMPatPol",
            "module.aci.module.aci_vrf.aci_rest_managed.pimSSMRangePol",
            "module.aci.module.aci_vrf.aci_rest_managed.pimSharedRangePol",
            "module.aci.module.aci_vrf.aci_rest_managed.pimStaticRPEntryPol_fabric_rp",
            "module.aci.module.aci_vrf.aci_rest_managed.pimStaticRPEntryPol_static_rp",
            "module.aci.module.aci_vrf.aci_rest_managed.pimStaticRPPol",
            "module.aci.module.aci_vrf.aci_rest_managed.rtdmcRsFilterToRtMapPol_asm_sg_expiry",
            "module.aci.module.aci_vrf.aci_rest_managed.rtdmcRsFilterToRtMapPol_asm_shared",
            "module.aci.module.aci_vrf.aci_rest_managed.rtdmcRsFilterToRtMapPol_auto_rp",
            "module.aci.module.aci_vrf.aci_rest_managed.rtdmcRsFilterToRtMapPol_bsr",
            "module.aci.module.aci_vrf.aci_rest_managed.rtdmcRsFilterToRtMapPol_fabric_rp",
            "module.aci.module.aci_vrf.aci_rest_managed.rtdmcRsFilterToRtMapPol_pim_inter_vrf",
            "module.aci.module.aci_vrf.aci_rest_managed.rtdmcRsFilterToRtMapPol_ssm_range",
            "module.aci.module.aci_vrf.aci_rest_managed.rtdmcRsFilterToRtMapPol_static_rp",
            "module.aci.module.aci_vrf.aci_rest_managed.vzAny",
            "module.aci.module.aci_vrf.aci_rest_managed.vzRsAnyToCons",
            "module.aci.module.aci_vrf.aci_rest_managed.vzRsAnyToConsIf",
            "module.aci.module.aci_vrf.aci_rest_managed.vzRsAnyToProv"
          ]
        }
      ]
    },
    {
      "module": "module.aci.module.aci_endpoint_group[\"adossant/network-segments/10.237.100.x_24\"]",
      "mode": "managed",
      "type": "aci_rest_managed",
      "name": "vmmSecP",
      "provider": "provider[\"registry.terraform.io/ciscodevnet/aci\"]",
      "instances": [
        {
          "index_key": "ucsc-c220m5-vds-01",
          "schema_version": 0,
          "attributes": {
            "child": [],
            "class_name": "vmmSecP",
            "content": {
              "allowPromiscuous": "reject",
              "descr": "",
              "forgedTransmits": "reject",
              "macChanges": "reject",
              "name": "",
              "nameAlias": "",
              "ownerKey": "",
              "ownerTag": "",
              "userdom": ":all:common:"
            },
            "dn": "uni/tn-adossant/ap-network-segments/epg-10.237.100.x_24/rsdomAtt-[uni/vmmp-VMware/dom-ucsc-c220m5-vds-01]/sec",
            "id": "uni/tn-adossant/ap-network-segments/epg-10.237.100.x_24/rsdomAtt-[uni/vmmp-VMware/dom-ucsc-c220m5-vds-01]/sec"
          },
          "sensitive_attributes": [],
          "private": "bnVsbA==",
          "dependencies": [
            "module.aci.data.utils_yaml_merge.defaults",
            "module.aci.data.utils_yaml_merge.model",
            "module.aci.module.aci_application_profile.aci_rest_managed.fvAp",
            "module.aci.module.aci_bfd_interface_policy.aci_rest_managed.bfdIfPol",
            "module.aci.module.aci_bgp_timer_policy.aci_rest_managed.bgpCtxPol",
            "module.aci.module.aci_bridge_domain.aci_rest_managed.dhcpLbl",
            "module.aci.module.aci_bridge_domain.aci_rest_managed.dhcpRsDhcpOptionPol",
            "module.aci.module.aci_bridge_domain.aci_rest_managed.fvBD",
            "module.aci.module.aci_bridge_domain.aci_rest_managed.fvRsBDToOut",
            "module.aci.module.aci_bridge_domain.aci_rest_managed.fvRsCtx",
            "module.aci.module.aci_bridge_domain.aci_rest_managed.fvRsIgmpsn",
            "module.aci.module.aci_bridge_domain.aci_rest_managed.fvSubnet",
            "module.aci.module.aci_bridge_domain.aci_rest_managed.igmpIfP",
            "module.aci.module.aci_bridge_domain.aci_rest_managed.igmpRsIfPol",
            "module.aci.module.aci_bridge_domain.aci_rest_managed.tagTag",
            "module.aci.module.aci_contract.aci_rest_managed.vzBrCP",
            "module.aci.module.aci_contract.aci_rest_managed.vzRsSubjFiltAtt",
            "module.aci.module.aci_contract.aci_rest_managed.vzRsSubjGraphAtt",
            "module.aci.module.aci_contract.aci_rest_managed.vzSubj",
            "module.aci.module.aci_dhcp_option_policy.aci_rest_managed.dhcpOption",
            "module.aci.module.aci_dhcp_option_policy.aci_rest_managed.dhcpOptionPol",
            "module.aci.module.aci_dhcp_relay_policy.aci_rest_managed.dhcpRelayP",
            "module.aci.module.aci_dhcp_relay_policy.aci_rest_managed.dhcpRsProv",
            "module.aci.module.aci_endpoint_group.aci_rest_managed.fvAEPg",
            "module.aci.module.aci_endpoint_group.aci_rest_managed.fvRsDomAtt_vmm",
            "module.aci.module.aci_filter.aci_rest_managed.vzEntry",
            "module.aci.module.aci_filter.aci_rest_managed.vzFilter",
            "module.aci.module.aci_imported_contract.aci_rest_managed.vzCPIf",
            "module.aci.module.aci_imported_contract.aci_rest_managed.vzRsIf",
            "module.aci.module.aci_l3out.aci_rest_managed.bgpExtP",
            "module.aci.module.aci_l3out.aci_rest_managed.l3extDefaultRouteLeakP",
            "module.aci.module.aci_l3out.aci_rest_managed.l3extOut",
            "module.aci.module.aci_l3out.aci_rest_managed.l3extRsDampeningPol_ipv4",
            "module.aci.module.aci_l3out.aci_rest_managed.l3extRsDampeningPol_ipv6",
            "module.aci.module.aci_l3out.aci_rest_managed.l3extRsEctx",
            "module.aci.module.aci_l3out.aci_rest_managed.l3extRsInterleakPol",
            "module.aci.module.aci_l3out.aci_rest_managed.l3extRsL3DomAtt",
            "module.aci.module.aci_l3out.aci_rest_managed.l3extRsRedistributePol",
            "module.aci.module.aci_l3out.aci_rest_managed.ospfExtP",
            "module.aci.module.aci_l3out.aci_rest_managed.pimExtP",
            "module.aci.module.aci_l3out.aci_rest_managed.rtctrlCtxP_export",
            "module.aci.module.aci_l3out.aci_rest_managed.rtctrlCtxP_import",
            "module.aci.module.aci_l3out.aci_rest_managed.rtctrlProfile_export",
            "module.aci.module.aci_l3out.aci_rest_managed.rtctrlProfile_import",
            "module.aci.module.aci_l3out.aci_rest_managed.rtctrlRsCtxPToSubjP_export",
            "module.aci.module.aci_l3out.aci_rest_managed.rtctrlRsCtxPToSubjP_import",
            "module.aci.module.aci_l3out.aci_rest_managed.rtctrlRsScopeToAttrP_export",
            "module.aci.module.aci_l3out.aci_rest_managed.rtctrlRsScopeToAttrP_import",
            "module.aci.module.aci_l3out.aci_rest_managed.rtctrlScope_export",
            "module.aci.module.aci_l3out.aci_rest_managed.rtctrlScope_import",
            "module.aci.module.aci_match_rule.aci_rest_managed.rtctrlMatchCommFactor",
            "module.aci.module.aci_match_rule.aci_rest_managed.rtctrlMatchCommRegexTerm",
            "module.aci.module.aci_match_rule.aci_rest_managed.rtctrlMatchCommTerm",
            "module.aci.module.aci_match_rule.aci_rest_managed.rtctrlMatchRtDest",
            "module.aci.module.aci_match_rule.aci_rest_managed.rtctrlSubjP",
            "module.aci.module.aci_ospf_interface_policy.aci_rest_managed.ospfIfPol",
            "module.aci.module.aci_set_rule.aci_rest_managed.rtctrlAttrP",
            "module.aci.module.aci_set_rule.aci_rest_managed.rtctrlSetASPath",
            "module.aci.module.aci_set_rule.aci_rest_managed.rtctrlSetASPathASN",
            "module.aci.module.aci_set_rule.aci_rest_managed.rtctrlSetAddComm",
            "module.aci.module.aci_set_rule.aci_rest_managed.rtctrlSetComm",
            "module.aci.module.aci_set_rule.aci_rest_managed.rtctrlSetDamp",
            "module.aci.module.aci_set_rule.aci_rest_managed.rtctrlSetNh",
            "module.aci.module.aci_set_rule.aci_rest_managed.rtctrlSetNhUnchanged",
            "module.aci.module.aci_set_rule.aci_rest_managed.rtctrlSetPref",
            "module.aci.module.aci_set_rule.aci_rest_managed.rtctrlSetRedistMultipath",
            "module.aci.module.aci_set_rule.aci_rest_managed.rtctrlSetRtMetric",
            "module.aci.module.aci_set_rule.aci_rest_managed.rtctrlSetRtMetricType",
            "module.aci.module.aci_set_rule.aci_rest_managed.rtctrlSetTag",
            "module.aci.module.aci_set_rule.aci_rest_managed.rtctrlSetWeight",
            "module.aci.module.aci_tenant.aci_rest_managed.fvTenant",
            "module.aci.module.aci_vlan_pool.aci_rest_managed.fvnsEncapBlk",
            "module.aci.module.aci_vlan_pool.aci_rest_managed.fvnsVlanInstP",
            "module.aci.module.aci_vmware_vmm_domain.aci_rest_managed.infraRsVlanNs",
            "module.aci.module.aci_vmware_vmm_domain.aci_rest_managed.lacpEnhancedLagPol",
            "module.aci.module.aci_vmware_vmm_domain.aci_rest_managed.vmmCtrlrP",
            "module.aci.module.aci_vmware_vmm_domain.aci_rest_managed.vmmDomP",
            "module.aci.module.aci_vmware_vmm_domain.aci_rest_managed.vmmRsAcc",
            "module.aci.module.aci_vmware_vmm_domain.aci_rest_managed.vmmRsMgmtEPg",
            "module.aci.module.aci_vmware_vmm_domain.aci_rest_managed.vmmRsVswitchOverrideCdpIfPol",
            "module.aci.module.aci_vmware_vmm_domain.aci_rest_managed.vmmRsVswitchOverrideLacpPol",
            "module.aci.module.aci_vmware_vmm_domain.aci_rest_managed.vmmRsVswitchOverrideLldpIfPol",
            "module.aci.module.aci_vmware_vmm_domain.aci_rest_managed.vmmRsVswitchOverrideMtuPol",
            "module.aci.module.aci_vmware_vmm_domain.aci_rest_managed.vmmUplinkP",
            "module.aci.module.aci_vmware_vmm_domain.aci_rest_managed.vmmUplinkPCont",
            "module.aci.module.aci_vmware_vmm_domain.aci_rest_managed.vmmUsrAccP",
            "module.aci.module.aci_vmware_vmm_domain.aci_rest_managed.vmmVSwitchPolicyCont",
            "module.aci.module.aci_vrf.aci_rest_managed.bgpRtTargetP_ipv4",
            "module.aci.module.aci_vrf.aci_rest_managed.bgpRtTargetP_ipv6",
            "module.aci.module.aci_vrf.aci_rest_managed.bgpRtTarget_ipv4_export",
            "module.aci.module.aci_vrf.aci_rest_managed.bgpRtTarget_ipv4_import",
            "module.aci.module.aci_vrf.aci_rest_managed.bgpRtTarget_ipv6_export",
            "module.aci.module.aci_vrf.aci_rest_managed.bgpRtTarget_ipv6_import",
            "module.aci.module.aci_vrf.aci_rest_managed.dnsLbl",
            "module.aci.module.aci_vrf.aci_rest_managed.fvCtx",
            "module.aci.module.aci_vrf.aci_rest_managed.fvRsBgpCtxPol",
            "module.aci.module.aci_vrf.aci_rest_managed.fvRsCtxToBgpCtxAfPol_ipv4",
            "module.aci.module.aci_vrf.aci_rest_managed.fvRsCtxToBgpCtxAfPol_ipv6",
            "module.aci.module.aci_vrf.aci_rest_managed.igmpCtxP",
            "module.aci.module.aci_vrf.aci_rest_managed.igmpSSMXlateP",
            "module.aci.module.aci_vrf.aci_rest_managed.leakExternalPrefix",
            "module.aci.module.aci_vrf.aci_rest_managed.leakInternalSubnet",
            "module.aci.module.aci_vrf.aci_rest_managed.leakRoutes",
            "module.aci.module.aci_vrf.aci_rest_managed.leakTo_external",
            "module.aci.module.aci_vrf.aci_rest_managed.leakTo_internal",
            "module.aci.module.aci_vrf.aci_rest_managed.pimASMPatPol",
            "module.aci.module.aci_vrf.aci_rest_managed.pimAutoRPPol",
            "module.aci.module.aci_vrf.aci_rest_managed.pimBSRFilterPol",
            "module.aci.module.aci_vrf.aci_rest_managed.pimBSRPPol",
            "module.aci.module.aci_vrf.aci_rest_managed.pimCtxP",
            "module.aci.module.aci_vrf.aci_rest_managed.pimFabricRPPol",
            "module.aci.module.aci_vrf.aci_rest_managed.pimInterVRFEntryPol",
            "module.aci.module.aci_vrf.aci_rest_managed.pimInterVRFPol",
            "module.aci.module.aci_vrf.aci_rest_managed.pimMAFilterPol",
            "module.aci.module.aci_vrf.aci_rest_managed.pimRPGrpRangePol_fabric_rp",
            "module.aci.module.aci_vrf.aci_rest_managed.pimRPGrpRangePol_static_rp",
            "module.aci.module.aci_vrf.aci_rest_managed.pimRegTrPol",
            "module.aci.module.aci_vrf.aci_rest_managed.pimResPol",
            "module.aci.module.aci_vrf.aci_rest_managed.pimSGRangeExpPol",
            "module.aci.module.aci_vrf.aci_rest_managed.pimSSMPatPol",
            "module.aci.module.aci_vrf.aci_rest_managed.pimSSMRangePol",
            "module.aci.module.aci_vrf.aci_rest_managed.pimSharedRangePol",
            "module.aci.module.aci_vrf.aci_rest_managed.pimStaticRPEntryPol_fabric_rp",
            "module.aci.module.aci_vrf.aci_rest_managed.pimStaticRPEntryPol_static_rp",
            "module.aci.module.aci_vrf.aci_rest_managed.pimStaticRPPol",
            "module.aci.module.aci_vrf.aci_rest_managed.rtdmcRsFilterToRtMapPol_asm_sg_expiry",
            "module.aci.module.aci_vrf.aci_rest_managed.rtdmcRsFilterToRtMapPol_asm_shared",
            "module.aci.module.aci_vrf.aci_rest_managed.rtdmcRsFilterToRtMapPol_auto_rp",
            "module.aci.module.aci_vrf.aci_rest_managed.rtdmcRsFilterToRtMapPol_bsr",
            "module.aci.module.aci_vrf.aci_rest_managed.rtdmcRsFilterToRtMapPol_fabric_rp",
            "module.aci.module.aci_vrf.aci_rest_managed.rtdmcRsFilterToRtMapPol_pim_inter_vrf",
            "module.aci.module.aci_vrf.aci_rest_managed.rtdmcRsFilterToRtMapPol_ssm_range",
            "module.aci.module.aci_vrf.aci_rest_managed.rtdmcRsFilterToRtMapPol_static_rp",
            "module.aci.module.aci_vrf.aci_rest_managed.vzAny",
            "module.aci.module.aci_vrf.aci_rest_managed.vzRsAnyToCons",
            "module.aci.module.aci_vrf.aci_rest_managed.vzRsAnyToConsIf",
            "module.aci.module.aci_vrf.aci_rest_managed.vzRsAnyToProv"
          ]
        }
      ]
    },
    {
      "module": "module.aci.module.aci_endpoint_group[\"adossant/network-segments/192.168.70.0_24\"]",
      "mode": "managed",
      "type": "aci_rest_managed",
      "name": "fvAEPg",
      "provider": "provider[\"registry.terraform.io/ciscodevnet/aci\"]",
      "instances": [
        {
          "schema_version": 0,
          "attributes": {
            "child": [],
            "class_name": "fvAEPg",
            "content": {
              "descr": "",
              "exceptionTag": "",
              "floodOnEncap": "disabled",
              "fwdCtrl": "",
              "hasMcastSource": "no",
              "isAttrBasedEPg": "no",
              "matchT": "AtleastOne",
              "name": "192.168.70.0_24",
              "nameAlias": "",
              "pcEnfPref": "unenforced",
              "prefGrMemb": "exclude",
              "prio": "unspecified",
              "shutdown": "no",
              "userdom": ":all:common:"
            },
            "dn": "uni/tn-adossant/ap-network-segments/epg-192.168.70.0_24",
            "id": "uni/tn-adossant/ap-network-segments/epg-192.168.70.0_24"
          },
          "sensitive_attributes": [],
          "private": "bnVsbA==",
          "dependencies": [
            "module.aci.data.utils_yaml_merge.defaults",
            "module.aci.data.utils_yaml_merge.model",
            "module.aci.module.aci_application_profile.aci_rest_managed.fvAp",
            "module.aci.module.aci_bfd_interface_policy.aci_rest_managed.bfdIfPol",
            "module.aci.module.aci_bgp_timer_policy.aci_rest_managed.bgpCtxPol",
            "module.aci.module.aci_bridge_domain.aci_rest_managed.dhcpLbl",
            "module.aci.module.aci_bridge_domain.aci_rest_managed.dhcpRsDhcpOptionPol",
            "module.aci.module.aci_bridge_domain.aci_rest_managed.fvBD",
            "module.aci.module.aci_bridge_domain.aci_rest_managed.fvRsBDToOut",
            "module.aci.module.aci_bridge_domain.aci_rest_managed.fvRsCtx",
            "module.aci.module.aci_bridge_domain.aci_rest_managed.fvRsIgmpsn",
            "module.aci.module.aci_bridge_domain.aci_rest_managed.fvSubnet",
            "module.aci.module.aci_bridge_domain.aci_rest_managed.igmpIfP",
            "module.aci.module.aci_bridge_domain.aci_rest_managed.igmpRsIfPol",
            "module.aci.module.aci_bridge_domain.aci_rest_managed.tagTag",
            "module.aci.module.aci_contract.aci_rest_managed.vzBrCP",
            "module.aci.module.aci_contract.aci_rest_managed.vzRsSubjFiltAtt",
            "module.aci.module.aci_contract.aci_rest_managed.vzRsSubjGraphAtt",
            "module.aci.module.aci_contract.aci_rest_managed.vzSubj",
            "module.aci.module.aci_dhcp_option_policy.aci_rest_managed.dhcpOption",
            "module.aci.module.aci_dhcp_option_policy.aci_rest_managed.dhcpOptionPol",
            "module.aci.module.aci_dhcp_relay_policy.aci_rest_managed.dhcpRelayP",
            "module.aci.module.aci_dhcp_relay_policy.aci_rest_managed.dhcpRsProv",
            "module.aci.module.aci_filter.aci_rest_managed.vzEntry",
            "module.aci.module.aci_filter.aci_rest_managed.vzFilter",
            "module.aci.module.aci_imported_contract.aci_rest_managed.vzCPIf",
            "module.aci.module.aci_imported_contract.aci_rest_managed.vzRsIf",
            "module.aci.module.aci_l3out.aci_rest_managed.bgpExtP",
            "module.aci.module.aci_l3out.aci_rest_managed.l3extDefaultRouteLeakP",
            "module.aci.module.aci_l3out.aci_rest_managed.l3extOut",
            "module.aci.module.aci_l3out.aci_rest_managed.l3extRsDampeningPol_ipv4",
            "module.aci.module.aci_l3out.aci_rest_managed.l3extRsDampeningPol_ipv6",
            "module.aci.module.aci_l3out.aci_rest_managed.l3extRsEctx",
            "module.aci.module.aci_l3out.aci_rest_managed.l3extRsInterleakPol",
            "module.aci.module.aci_l3out.aci_rest_managed.l3extRsL3DomAtt",
            "module.aci.module.aci_l3out.aci_rest_managed.l3extRsRedistributePol",
            "module.aci.module.aci_l3out.aci_rest_managed.ospfExtP",
            "module.aci.module.aci_l3out.aci_rest_managed.pimExtP",
            "module.aci.module.aci_l3out.aci_rest_managed.rtctrlCtxP_export",
            "module.aci.module.aci_l3out.aci_rest_managed.rtctrlCtxP_import",
            "module.aci.module.aci_l3out.aci_rest_managed.rtctrlProfile_export",
            "module.aci.module.aci_l3out.aci_rest_managed.rtctrlProfile_import",
            "module.aci.module.aci_l3out.aci_rest_managed.rtctrlRsCtxPToSubjP_export",
            "module.aci.module.aci_l3out.aci_rest_managed.rtctrlRsCtxPToSubjP_import",
            "module.aci.module.aci_l3out.aci_rest_managed.rtctrlRsScopeToAttrP_export",
            "module.aci.module.aci_l3out.aci_rest_managed.rtctrlRsScopeToAttrP_import",
            "module.aci.module.aci_l3out.aci_rest_managed.rtctrlScope_export",
            "module.aci.module.aci_l3out.aci_rest_managed.rtctrlScope_import",
            "module.aci.module.aci_match_rule.aci_rest_managed.rtctrlMatchCommFactor",
            "module.aci.module.aci_match_rule.aci_rest_managed.rtctrlMatchCommRegexTerm",
            "module.aci.module.aci_match_rule.aci_rest_managed.rtctrlMatchCommTerm",
            "module.aci.module.aci_match_rule.aci_rest_managed.rtctrlMatchRtDest",
            "module.aci.module.aci_match_rule.aci_rest_managed.rtctrlSubjP",
            "module.aci.module.aci_ospf_interface_policy.aci_rest_managed.ospfIfPol",
            "module.aci.module.aci_set_rule.aci_rest_managed.rtctrlAttrP",
            "module.aci.module.aci_set_rule.aci_rest_managed.rtctrlSetASPath",
            "module.aci.module.aci_set_rule.aci_rest_managed.rtctrlSetASPathASN",
            "module.aci.module.aci_set_rule.aci_rest_managed.rtctrlSetAddComm",
            "module.aci.module.aci_set_rule.aci_rest_managed.rtctrlSetComm",
            "module.aci.module.aci_set_rule.aci_rest_managed.rtctrlSetDamp",
            "module.aci.module.aci_set_rule.aci_rest_managed.rtctrlSetNh",
            "module.aci.module.aci_set_rule.aci_rest_managed.rtctrlSetNhUnchanged",
            "module.aci.module.aci_set_rule.aci_rest_managed.rtctrlSetPref",
            "module.aci.module.aci_set_rule.aci_rest_managed.rtctrlSetRedistMultipath",
            "module.aci.module.aci_set_rule.aci_rest_managed.rtctrlSetRtMetric",
            "module.aci.module.aci_set_rule.aci_rest_managed.rtctrlSetRtMetricType",
            "module.aci.module.aci_set_rule.aci_rest_managed.rtctrlSetTag",
            "module.aci.module.aci_set_rule.aci_rest_managed.rtctrlSetWeight",
            "module.aci.module.aci_tenant.aci_rest_managed.fvTenant",
            "module.aci.module.aci_vlan_pool.aci_rest_managed.fvnsEncapBlk",
            "module.aci.module.aci_vlan_pool.aci_rest_managed.fvnsVlanInstP",
            "module.aci.module.aci_vmware_vmm_domain.aci_rest_managed.infraRsVlanNs",
            "module.aci.module.aci_vmware_vmm_domain.aci_rest_managed.lacpEnhancedLagPol",
            "module.aci.module.aci_vmware_vmm_domain.aci_rest_managed.vmmCtrlrP",
            "module.aci.module.aci_vmware_vmm_domain.aci_rest_managed.vmmDomP",
            "module.aci.module.aci_vmware_vmm_domain.aci_rest_managed.vmmRsAcc",
            "module.aci.module.aci_vmware_vmm_domain.aci_rest_managed.vmmRsMgmtEPg",
            "module.aci.module.aci_vmware_vmm_domain.aci_rest_managed.vmmRsVswitchOverrideCdpIfPol",
            "module.aci.module.aci_vmware_vmm_domain.aci_rest_managed.vmmRsVswitchOverrideLacpPol",
            "module.aci.module.aci_vmware_vmm_domain.aci_rest_managed.vmmRsVswitchOverrideLldpIfPol",
            "module.aci.module.aci_vmware_vmm_domain.aci_rest_managed.vmmRsVswitchOverrideMtuPol",
            "module.aci.module.aci_vmware_vmm_domain.aci_rest_managed.vmmUplinkP",
            "module.aci.module.aci_vmware_vmm_domain.aci_rest_managed.vmmUplinkPCont",
            "module.aci.module.aci_vmware_vmm_domain.aci_rest_managed.vmmUsrAccP",
            "module.aci.module.aci_vmware_vmm_domain.aci_rest_managed.vmmVSwitchPolicyCont",
            "module.aci.module.aci_vrf.aci_rest_managed.bgpRtTargetP_ipv4",
            "module.aci.module.aci_vrf.aci_rest_managed.bgpRtTargetP_ipv6",
            "module.aci.module.aci_vrf.aci_rest_managed.bgpRtTarget_ipv4_export",
            "module.aci.module.aci_vrf.aci_rest_managed.bgpRtTarget_ipv4_import",
            "module.aci.module.aci_vrf.aci_rest_managed.bgpRtTarget_ipv6_export",
            "module.aci.module.aci_vrf.aci_rest_managed.bgpRtTarget_ipv6_import",
            "module.aci.module.aci_vrf.aci_rest_managed.dnsLbl",
            "module.aci.module.aci_vrf.aci_rest_managed.fvCtx",
            "module.aci.module.aci_vrf.aci_rest_managed.fvRsBgpCtxPol",
            "module.aci.module.aci_vrf.aci_rest_managed.fvRsCtxToBgpCtxAfPol_ipv4",
            "module.aci.module.aci_vrf.aci_rest_managed.fvRsCtxToBgpCtxAfPol_ipv6",
            "module.aci.module.aci_vrf.aci_rest_managed.igmpCtxP",
            "module.aci.module.aci_vrf.aci_rest_managed.igmpSSMXlateP",
            "module.aci.module.aci_vrf.aci_rest_managed.leakExternalPrefix",
            "module.aci.module.aci_vrf.aci_rest_managed.leakInternalSubnet",
            "module.aci.module.aci_vrf.aci_rest_managed.leakRoutes",
            "module.aci.module.aci_vrf.aci_rest_managed.leakTo_external",
            "module.aci.module.aci_vrf.aci_rest_managed.leakTo_internal",
            "module.aci.module.aci_vrf.aci_rest_managed.pimASMPatPol",
            "module.aci.module.aci_vrf.aci_rest_managed.pimAutoRPPol",
            "module.aci.module.aci_vrf.aci_rest_managed.pimBSRFilterPol",
            "module.aci.module.aci_vrf.aci_rest_managed.pimBSRPPol",
            "module.aci.module.aci_vrf.aci_rest_managed.pimCtxP",
            "module.aci.module.aci_vrf.aci_rest_managed.pimFabricRPPol",
            "module.aci.module.aci_vrf.aci_rest_managed.pimInterVRFEntryPol",
            "module.aci.module.aci_vrf.aci_rest_managed.pimInterVRFPol",
            "module.aci.module.aci_vrf.aci_rest_managed.pimMAFilterPol",
            "module.aci.module.aci_vrf.aci_rest_managed.pimRPGrpRangePol_fabric_rp",
            "module.aci.module.aci_vrf.aci_rest_managed.pimRPGrpRangePol_static_rp",
            "module.aci.module.aci_vrf.aci_rest_managed.pimRegTrPol",
            "module.aci.module.aci_vrf.aci_rest_managed.pimResPol",
            "module.aci.module.aci_vrf.aci_rest_managed.pimSGRangeExpPol",
            "module.aci.module.aci_vrf.aci_rest_managed.pimSSMPatPol",
            "module.aci.module.aci_vrf.aci_rest_managed.pimSSMRangePol",
            "module.aci.module.aci_vrf.aci_rest_managed.pimSharedRangePol",
            "module.aci.module.aci_vrf.aci_rest_managed.pimStaticRPEntryPol_fabric_rp",
            "module.aci.module.aci_vrf.aci_rest_managed.pimStaticRPEntryPol_static_rp",
            "module.aci.module.aci_vrf.aci_rest_managed.pimStaticRPPol",
            "module.aci.module.aci_vrf.aci_rest_managed.rtdmcRsFilterToRtMapPol_asm_sg_expiry",
            "module.aci.module.aci_vrf.aci_rest_managed.rtdmcRsFilterToRtMapPol_asm_shared",
            "module.aci.module.aci_vrf.aci_rest_managed.rtdmcRsFilterToRtMapPol_auto_rp",
            "module.aci.module.aci_vrf.aci_rest_managed.rtdmcRsFilterToRtMapPol_bsr",
            "module.aci.module.aci_vrf.aci_rest_managed.rtdmcRsFilterToRtMapPol_fabric_rp",
            "module.aci.module.aci_vrf.aci_rest_managed.rtdmcRsFilterToRtMapPol_pim_inter_vrf",
            "module.aci.module.aci_vrf.aci_rest_managed.rtdmcRsFilterToRtMapPol_ssm_range",
            "module.aci.module.aci_vrf.aci_rest_managed.rtdmcRsFilterToRtMapPol_static_rp",
            "module.aci.module.aci_vrf.aci_rest_managed.vzAny",
            "module.aci.module.aci_vrf.aci_rest_managed.vzRsAnyToCons",
            "module.aci.module.aci_vrf.aci_rest_managed.vzRsAnyToConsIf",
            "module.aci.module.aci_vrf.aci_rest_managed.vzRsAnyToProv"
          ]
        }
      ]
    },
    {
      "module": "module.aci.module.aci_endpoint_group[\"adossant/network-segments/192.168.70.0_24\"]",
      "mode": "managed",
      "type": "aci_rest_managed",
      "name": "fvRsBd",
      "provider": "provider[\"registry.terraform.io/ciscodevnet/aci\"]",
      "instances": [
        {
          "schema_version": 0,
          "attributes": {
            "child": [],
            "class_name": "fvRsBd",
            "content": {
              "tnFvBDName": "192.168.70.0_24",
              "userdom": "all"
            },
            "dn": "uni/tn-adossant/ap-network-segments/epg-192.168.70.0_24/rsbd",
            "id": "uni/tn-adossant/ap-network-segments/epg-192.168.70.0_24/rsbd"
          },
          "sensitive_attributes": [],
          "private": "bnVsbA==",
          "dependencies": [
            "module.aci.data.utils_yaml_merge.defaults",
            "module.aci.data.utils_yaml_merge.model",
            "module.aci.module.aci_application_profile.aci_rest_managed.fvAp",
            "module.aci.module.aci_bfd_interface_policy.aci_rest_managed.bfdIfPol",
            "module.aci.module.aci_bgp_timer_policy.aci_rest_managed.bgpCtxPol",
            "module.aci.module.aci_bridge_domain.aci_rest_managed.dhcpLbl",
            "module.aci.module.aci_bridge_domain.aci_rest_managed.dhcpRsDhcpOptionPol",
            "module.aci.module.aci_bridge_domain.aci_rest_managed.fvBD",
            "module.aci.module.aci_bridge_domain.aci_rest_managed.fvRsBDToOut",
            "module.aci.module.aci_bridge_domain.aci_rest_managed.fvRsCtx",
            "module.aci.module.aci_bridge_domain.aci_rest_managed.fvRsIgmpsn",
            "module.aci.module.aci_bridge_domain.aci_rest_managed.fvSubnet",
            "module.aci.module.aci_bridge_domain.aci_rest_managed.igmpIfP",
            "module.aci.module.aci_bridge_domain.aci_rest_managed.igmpRsIfPol",
            "module.aci.module.aci_bridge_domain.aci_rest_managed.tagTag",
            "module.aci.module.aci_contract.aci_rest_managed.vzBrCP",
            "module.aci.module.aci_contract.aci_rest_managed.vzRsSubjFiltAtt",
            "module.aci.module.aci_contract.aci_rest_managed.vzRsSubjGraphAtt",
            "module.aci.module.aci_contract.aci_rest_managed.vzSubj",
            "module.aci.module.aci_dhcp_option_policy.aci_rest_managed.dhcpOption",
            "module.aci.module.aci_dhcp_option_policy.aci_rest_managed.dhcpOptionPol",
            "module.aci.module.aci_dhcp_relay_policy.aci_rest_managed.dhcpRelayP",
            "module.aci.module.aci_dhcp_relay_policy.aci_rest_managed.dhcpRsProv",
            "module.aci.module.aci_endpoint_group.aci_rest_managed.fvAEPg",
            "module.aci.module.aci_filter.aci_rest_managed.vzEntry",
            "module.aci.module.aci_filter.aci_rest_managed.vzFilter",
            "module.aci.module.aci_imported_contract.aci_rest_managed.vzCPIf",
            "module.aci.module.aci_imported_contract.aci_rest_managed.vzRsIf",
            "module.aci.module.aci_l3out.aci_rest_managed.bgpExtP",
            "module.aci.module.aci_l3out.aci_rest_managed.l3extDefaultRouteLeakP",
            "module.aci.module.aci_l3out.aci_rest_managed.l3extOut",
            "module.aci.module.aci_l3out.aci_rest_managed.l3extRsDampeningPol_ipv4",
            "module.aci.module.aci_l3out.aci_rest_managed.l3extRsDampeningPol_ipv6",
            "module.aci.module.aci_l3out.aci_rest_managed.l3extRsEctx",
            "module.aci.module.aci_l3out.aci_rest_managed.l3extRsInterleakPol",
            "module.aci.module.aci_l3out.aci_rest_managed.l3extRsL3DomAtt",
            "module.aci.module.aci_l3out.aci_rest_managed.l3extRsRedistributePol",
            "module.aci.module.aci_l3out.aci_rest_managed.ospfExtP",
            "module.aci.module.aci_l3out.aci_rest_managed.pimExtP",
            "module.aci.module.aci_l3out.aci_rest_managed.rtctrlCtxP_export",
            "module.aci.module.aci_l3out.aci_rest_managed.rtctrlCtxP_import",
            "module.aci.module.aci_l3out.aci_rest_managed.rtctrlProfile_export",
            "module.aci.module.aci_l3out.aci_rest_managed.rtctrlProfile_import",
            "module.aci.module.aci_l3out.aci_rest_managed.rtctrlRsCtxPToSubjP_export",
            "module.aci.module.aci_l3out.aci_rest_managed.rtctrlRsCtxPToSubjP_import",
            "module.aci.module.aci_l3out.aci_rest_managed.rtctrlRsScopeToAttrP_export",
            "module.aci.module.aci_l3out.aci_rest_managed.rtctrlRsScopeToAttrP_import",
            "module.aci.module.aci_l3out.aci_rest_managed.rtctrlScope_export",
            "module.aci.module.aci_l3out.aci_rest_managed.rtctrlScope_import",
            "module.aci.module.aci_match_rule.aci_rest_managed.rtctrlMatchCommFactor",
            "module.aci.module.aci_match_rule.aci_rest_managed.rtctrlMatchCommRegexTerm",
            "module.aci.module.aci_match_rule.aci_rest_managed.rtctrlMatchCommTerm",
            "module.aci.module.aci_match_rule.aci_rest_managed.rtctrlMatchRtDest",
            "module.aci.module.aci_match_rule.aci_rest_managed.rtctrlSubjP",
            "module.aci.module.aci_ospf_interface_policy.aci_rest_managed.ospfIfPol",
            "module.aci.module.aci_set_rule.aci_rest_managed.rtctrlAttrP",
            "module.aci.module.aci_set_rule.aci_rest_managed.rtctrlSetASPath",
            "module.aci.module.aci_set_rule.aci_rest_managed.rtctrlSetASPathASN",
            "module.aci.module.aci_set_rule.aci_rest_managed.rtctrlSetAddComm",
            "module.aci.module.aci_set_rule.aci_rest_managed.rtctrlSetComm",
            "module.aci.module.aci_set_rule.aci_rest_managed.rtctrlSetDamp",
            "module.aci.module.aci_set_rule.aci_rest_managed.rtctrlSetNh",
            "module.aci.module.aci_set_rule.aci_rest_managed.rtctrlSetNhUnchanged",
            "module.aci.module.aci_set_rule.aci_rest_managed.rtctrlSetPref",
            "module.aci.module.aci_set_rule.aci_rest_managed.rtctrlSetRedistMultipath",
            "module.aci.module.aci_set_rule.aci_rest_managed.rtctrlSetRtMetric",
            "module.aci.module.aci_set_rule.aci_rest_managed.rtctrlSetRtMetricType",
            "module.aci.module.aci_set_rule.aci_rest_managed.rtctrlSetTag",
            "module.aci.module.aci_set_rule.aci_rest_managed.rtctrlSetWeight",
            "module.aci.module.aci_tenant.aci_rest_managed.fvTenant",
            "module.aci.module.aci_vlan_pool.aci_rest_managed.fvnsEncapBlk",
            "module.aci.module.aci_vlan_pool.aci_rest_managed.fvnsVlanInstP",
            "module.aci.module.aci_vmware_vmm_domain.aci_rest_managed.infraRsVlanNs",
            "module.aci.module.aci_vmware_vmm_domain.aci_rest_managed.lacpEnhancedLagPol",
            "module.aci.module.aci_vmware_vmm_domain.aci_rest_managed.vmmCtrlrP",
            "module.aci.module.aci_vmware_vmm_domain.aci_rest_managed.vmmDomP",
            "module.aci.module.aci_vmware_vmm_domain.aci_rest_managed.vmmRsAcc",
            "module.aci.module.aci_vmware_vmm_domain.aci_rest_managed.vmmRsMgmtEPg",
            "module.aci.module.aci_vmware_vmm_domain.aci_rest_managed.vmmRsVswitchOverrideCdpIfPol",
            "module.aci.module.aci_vmware_vmm_domain.aci_rest_managed.vmmRsVswitchOverrideLacpPol",
            "module.aci.module.aci_vmware_vmm_domain.aci_rest_managed.vmmRsVswitchOverrideLldpIfPol",
            "module.aci.module.aci_vmware_vmm_domain.aci_rest_managed.vmmRsVswitchOverrideMtuPol",
            "module.aci.module.aci_vmware_vmm_domain.aci_rest_managed.vmmUplinkP",
            "module.aci.module.aci_vmware_vmm_domain.aci_rest_managed.vmmUplinkPCont",
            "module.aci.module.aci_vmware_vmm_domain.aci_rest_managed.vmmUsrAccP",
            "module.aci.module.aci_vmware_vmm_domain.aci_rest_managed.vmmVSwitchPolicyCont",
            "module.aci.module.aci_vrf.aci_rest_managed.bgpRtTargetP_ipv4",
            "module.aci.module.aci_vrf.aci_rest_managed.bgpRtTargetP_ipv6",
            "module.aci.module.aci_vrf.aci_rest_managed.bgpRtTarget_ipv4_export",
            "module.aci.module.aci_vrf.aci_rest_managed.bgpRtTarget_ipv4_import",
            "module.aci.module.aci_vrf.aci_rest_managed.bgpRtTarget_ipv6_export",
            "module.aci.module.aci_vrf.aci_rest_managed.bgpRtTarget_ipv6_import",
            "module.aci.module.aci_vrf.aci_rest_managed.dnsLbl",
            "module.aci.module.aci_vrf.aci_rest_managed.fvCtx",
            "module.aci.module.aci_vrf.aci_rest_managed.fvRsBgpCtxPol",
            "module.aci.module.aci_vrf.aci_rest_managed.fvRsCtxToBgpCtxAfPol_ipv4",
            "module.aci.module.aci_vrf.aci_rest_managed.fvRsCtxToBgpCtxAfPol_ipv6",
            "module.aci.module.aci_vrf.aci_rest_managed.igmpCtxP",
            "module.aci.module.aci_vrf.aci_rest_managed.igmpSSMXlateP",
            "module.aci.module.aci_vrf.aci_rest_managed.leakExternalPrefix",
            "module.aci.module.aci_vrf.aci_rest_managed.leakInternalSubnet",
            "module.aci.module.aci_vrf.aci_rest_managed.leakRoutes",
            "module.aci.module.aci_vrf.aci_rest_managed.leakTo_external",
            "module.aci.module.aci_vrf.aci_rest_managed.leakTo_internal",
            "module.aci.module.aci_vrf.aci_rest_managed.pimASMPatPol",
            "module.aci.module.aci_vrf.aci_rest_managed.pimAutoRPPol",
            "module.aci.module.aci_vrf.aci_rest_managed.pimBSRFilterPol",
            "module.aci.module.aci_vrf.aci_rest_managed.pimBSRPPol",
            "module.aci.module.aci_vrf.aci_rest_managed.pimCtxP",
            "module.aci.module.aci_vrf.aci_rest_managed.pimFabricRPPol",
            "module.aci.module.aci_vrf.aci_rest_managed.pimInterVRFEntryPol",
            "module.aci.module.aci_vrf.aci_rest_managed.pimInterVRFPol",
            "module.aci.module.aci_vrf.aci_rest_managed.pimMAFilterPol",
            "module.aci.module.aci_vrf.aci_rest_managed.pimRPGrpRangePol_fabric_rp",
            "module.aci.module.aci_vrf.aci_rest_managed.pimRPGrpRangePol_static_rp",
            "module.aci.module.aci_vrf.aci_rest_managed.pimRegTrPol",
            "module.aci.module.aci_vrf.aci_rest_managed.pimResPol",
            "module.aci.module.aci_vrf.aci_rest_managed.pimSGRangeExpPol",
            "module.aci.module.aci_vrf.aci_rest_managed.pimSSMPatPol",
            "module.aci.module.aci_vrf.aci_rest_managed.pimSSMRangePol",
            "module.aci.module.aci_vrf.aci_rest_managed.pimSharedRangePol",
            "module.aci.module.aci_vrf.aci_rest_managed.pimStaticRPEntryPol_fabric_rp",
            "module.aci.module.aci_vrf.aci_rest_managed.pimStaticRPEntryPol_static_rp",
            "module.aci.module.aci_vrf.aci_rest_managed.pimStaticRPPol",
            "module.aci.module.aci_vrf.aci_rest_managed.rtdmcRsFilterToRtMapPol_asm_sg_expiry",
            "module.aci.module.aci_vrf.aci_rest_managed.rtdmcRsFilterToRtMapPol_asm_shared",
            "module.aci.module.aci_vrf.aci_rest_managed.rtdmcRsFilterToRtMapPol_auto_rp",
            "module.aci.module.aci_vrf.aci_rest_managed.rtdmcRsFilterToRtMapPol_bsr",
            "module.aci.module.aci_vrf.aci_rest_managed.rtdmcRsFilterToRtMapPol_fabric_rp",
            "module.aci.module.aci_vrf.aci_rest_managed.rtdmcRsFilterToRtMapPol_pim_inter_vrf",
            "module.aci.module.aci_vrf.aci_rest_managed.rtdmcRsFilterToRtMapPol_ssm_range",
            "module.aci.module.aci_vrf.aci_rest_managed.rtdmcRsFilterToRtMapPol_static_rp",
            "module.aci.module.aci_vrf.aci_rest_managed.vzAny",
            "module.aci.module.aci_vrf.aci_rest_managed.vzRsAnyToCons",
            "module.aci.module.aci_vrf.aci_rest_managed.vzRsAnyToConsIf",
            "module.aci.module.aci_vrf.aci_rest_managed.vzRsAnyToProv"
          ]
        }
      ]
    },
    {
      "module": "module.aci.module.aci_endpoint_group[\"adossant/network-segments/192.168.70.0_24\"]",
      "mode": "managed",
      "type": "aci_rest_managed",
      "name": "fvRsDomAtt_vmm",
      "provider": "provider[\"registry.terraform.io/ciscodevnet/aci\"]",
      "instances": [
        {
          "index_key": "ucsc-c220m5-vds-01",
          "schema_version": 0,
          "attributes": {
            "child": [],
            "class_name": "fvRsDomAtt",
            "content": {
              "bindingType": "none",
              "classPref": "useg",
              "customEpgName": "",
              "delimiter": "",
              "encap": "unknown",
              "encapMode": "auto",
              "epgCos": "Cos0",
              "epgCosPref": "disabled",
              "instrImedcy": "immediate",
              "lagPolicyName": "",
              "netflowDir": "both",
              "netflowPref": "disabled",
              "numPorts": "0",
              "portAllocation": "none",
              "primaryEncap": "unknown",
              "primaryEncapInner": "unknown",
              "resImedcy": "immediate",
              "secondaryEncapInner": "unknown",
              "switchingMode": "native",
              "tDn": "uni/vmmp-VMware/dom-ucsc-c220m5-vds-01",
              "untagged": "no",
              "userdom": ":all:common:",
              "vnetOnly": "no"
            },
            "dn": "uni/tn-adossant/ap-network-segments/epg-192.168.70.0_24/rsdomAtt-[uni/vmmp-VMware/dom-ucsc-c220m5-vds-01]",
            "id": "uni/tn-adossant/ap-network-segments/epg-192.168.70.0_24/rsdomAtt-[uni/vmmp-VMware/dom-ucsc-c220m5-vds-01]"
          },
          "sensitive_attributes": [],
          "private": "bnVsbA==",
          "dependencies": [
            "module.aci.data.utils_yaml_merge.defaults",
            "module.aci.data.utils_yaml_merge.model",
            "module.aci.module.aci_application_profile.aci_rest_managed.fvAp",
            "module.aci.module.aci_bfd_interface_policy.aci_rest_managed.bfdIfPol",
            "module.aci.module.aci_bgp_timer_policy.aci_rest_managed.bgpCtxPol",
            "module.aci.module.aci_bridge_domain.aci_rest_managed.dhcpLbl",
            "module.aci.module.aci_bridge_domain.aci_rest_managed.dhcpRsDhcpOptionPol",
            "module.aci.module.aci_bridge_domain.aci_rest_managed.fvBD",
            "module.aci.module.aci_bridge_domain.aci_rest_managed.fvRsBDToOut",
            "module.aci.module.aci_bridge_domain.aci_rest_managed.fvRsCtx",
            "module.aci.module.aci_bridge_domain.aci_rest_managed.fvRsIgmpsn",
            "module.aci.module.aci_bridge_domain.aci_rest_managed.fvSubnet",
            "module.aci.module.aci_bridge_domain.aci_rest_managed.igmpIfP",
            "module.aci.module.aci_bridge_domain.aci_rest_managed.igmpRsIfPol",
            "module.aci.module.aci_bridge_domain.aci_rest_managed.tagTag",
            "module.aci.module.aci_contract.aci_rest_managed.vzBrCP",
            "module.aci.module.aci_contract.aci_rest_managed.vzRsSubjFiltAtt",
            "module.aci.module.aci_contract.aci_rest_managed.vzRsSubjGraphAtt",
            "module.aci.module.aci_contract.aci_rest_managed.vzSubj",
            "module.aci.module.aci_dhcp_option_policy.aci_rest_managed.dhcpOption",
            "module.aci.module.aci_dhcp_option_policy.aci_rest_managed.dhcpOptionPol",
            "module.aci.module.aci_dhcp_relay_policy.aci_rest_managed.dhcpRelayP",
            "module.aci.module.aci_dhcp_relay_policy.aci_rest_managed.dhcpRsProv",
            "module.aci.module.aci_endpoint_group.aci_rest_managed.fvAEPg",
            "module.aci.module.aci_filter.aci_rest_managed.vzEntry",
            "module.aci.module.aci_filter.aci_rest_managed.vzFilter",
            "module.aci.module.aci_imported_contract.aci_rest_managed.vzCPIf",
            "module.aci.module.aci_imported_contract.aci_rest_managed.vzRsIf",
            "module.aci.module.aci_l3out.aci_rest_managed.bgpExtP",
            "module.aci.module.aci_l3out.aci_rest_managed.l3extDefaultRouteLeakP",
            "module.aci.module.aci_l3out.aci_rest_managed.l3extOut",
            "module.aci.module.aci_l3out.aci_rest_managed.l3extRsDampeningPol_ipv4",
            "module.aci.module.aci_l3out.aci_rest_managed.l3extRsDampeningPol_ipv6",
            "module.aci.module.aci_l3out.aci_rest_managed.l3extRsEctx",
            "module.aci.module.aci_l3out.aci_rest_managed.l3extRsInterleakPol",
            "module.aci.module.aci_l3out.aci_rest_managed.l3extRsL3DomAtt",
            "module.aci.module.aci_l3out.aci_rest_managed.l3extRsRedistributePol",
            "module.aci.module.aci_l3out.aci_rest_managed.ospfExtP",
            "module.aci.module.aci_l3out.aci_rest_managed.pimExtP",
            "module.aci.module.aci_l3out.aci_rest_managed.rtctrlCtxP_export",
            "module.aci.module.aci_l3out.aci_rest_managed.rtctrlCtxP_import",
            "module.aci.module.aci_l3out.aci_rest_managed.rtctrlProfile_export",
            "module.aci.module.aci_l3out.aci_rest_managed.rtctrlProfile_import",
            "module.aci.module.aci_l3out.aci_rest_managed.rtctrlRsCtxPToSubjP_export",
            "module.aci.module.aci_l3out.aci_rest_managed.rtctrlRsCtxPToSubjP_import",
            "module.aci.module.aci_l3out.aci_rest_managed.rtctrlRsScopeToAttrP_export",
            "module.aci.module.aci_l3out.aci_rest_managed.rtctrlRsScopeToAttrP_import",
            "module.aci.module.aci_l3out.aci_rest_managed.rtctrlScope_export",
            "module.aci.module.aci_l3out.aci_rest_managed.rtctrlScope_import",
            "module.aci.module.aci_match_rule.aci_rest_managed.rtctrlMatchCommFactor",
            "module.aci.module.aci_match_rule.aci_rest_managed.rtctrlMatchCommRegexTerm",
            "module.aci.module.aci_match_rule.aci_rest_managed.rtctrlMatchCommTerm",
            "module.aci.module.aci_match_rule.aci_rest_managed.rtctrlMatchRtDest",
            "module.aci.module.aci_match_rule.aci_rest_managed.rtctrlSubjP",
            "module.aci.module.aci_ospf_interface_policy.aci_rest_managed.ospfIfPol",
            "module.aci.module.aci_set_rule.aci_rest_managed.rtctrlAttrP",
            "module.aci.module.aci_set_rule.aci_rest_managed.rtctrlSetASPath",
            "module.aci.module.aci_set_rule.aci_rest_managed.rtctrlSetASPathASN",
            "module.aci.module.aci_set_rule.aci_rest_managed.rtctrlSetAddComm",
            "module.aci.module.aci_set_rule.aci_rest_managed.rtctrlSetComm",
            "module.aci.module.aci_set_rule.aci_rest_managed.rtctrlSetDamp",
            "module.aci.module.aci_set_rule.aci_rest_managed.rtctrlSetNh",
            "module.aci.module.aci_set_rule.aci_rest_managed.rtctrlSetNhUnchanged",
            "module.aci.module.aci_set_rule.aci_rest_managed.rtctrlSetPref",
            "module.aci.module.aci_set_rule.aci_rest_managed.rtctrlSetRedistMultipath",
            "module.aci.module.aci_set_rule.aci_rest_managed.rtctrlSetRtMetric",
            "module.aci.module.aci_set_rule.aci_rest_managed.rtctrlSetRtMetricType",
            "module.aci.module.aci_set_rule.aci_rest_managed.rtctrlSetTag",
            "module.aci.module.aci_set_rule.aci_rest_managed.rtctrlSetWeight",
            "module.aci.module.aci_tenant.aci_rest_managed.fvTenant",
            "module.aci.module.aci_vlan_pool.aci_rest_managed.fvnsEncapBlk",
            "module.aci.module.aci_vlan_pool.aci_rest_managed.fvnsVlanInstP",
            "module.aci.module.aci_vmware_vmm_domain.aci_rest_managed.infraRsVlanNs",
            "module.aci.module.aci_vmware_vmm_domain.aci_rest_managed.lacpEnhancedLagPol",
            "module.aci.module.aci_vmware_vmm_domain.aci_rest_managed.vmmCtrlrP",
            "module.aci.module.aci_vmware_vmm_domain.aci_rest_managed.vmmDomP",
            "module.aci.module.aci_vmware_vmm_domain.aci_rest_managed.vmmRsAcc",
            "module.aci.module.aci_vmware_vmm_domain.aci_rest_managed.vmmRsMgmtEPg",
            "module.aci.module.aci_vmware_vmm_domain.aci_rest_managed.vmmRsVswitchOverrideCdpIfPol",
            "module.aci.module.aci_vmware_vmm_domain.aci_rest_managed.vmmRsVswitchOverrideLacpPol",
            "module.aci.module.aci_vmware_vmm_domain.aci_rest_managed.vmmRsVswitchOverrideLldpIfPol",
            "module.aci.module.aci_vmware_vmm_domain.aci_rest_managed.vmmRsVswitchOverrideMtuPol",
            "module.aci.module.aci_vmware_vmm_domain.aci_rest_managed.vmmUplinkP",
            "module.aci.module.aci_vmware_vmm_domain.aci_rest_managed.vmmUplinkPCont",
            "module.aci.module.aci_vmware_vmm_domain.aci_rest_managed.vmmUsrAccP",
            "module.aci.module.aci_vmware_vmm_domain.aci_rest_managed.vmmVSwitchPolicyCont",
            "module.aci.module.aci_vrf.aci_rest_managed.bgpRtTargetP_ipv4",
            "module.aci.module.aci_vrf.aci_rest_managed.bgpRtTargetP_ipv6",
            "module.aci.module.aci_vrf.aci_rest_managed.bgpRtTarget_ipv4_export",
            "module.aci.module.aci_vrf.aci_rest_managed.bgpRtTarget_ipv4_import",
            "module.aci.module.aci_vrf.aci_rest_managed.bgpRtTarget_ipv6_export",
            "module.aci.module.aci_vrf.aci_rest_managed.bgpRtTarget_ipv6_import",
            "module.aci.module.aci_vrf.aci_rest_managed.dnsLbl",
            "module.aci.module.aci_vrf.aci_rest_managed.fvCtx",
            "module.aci.module.aci_vrf.aci_rest_managed.fvRsBgpCtxPol",
            "module.aci.module.aci_vrf.aci_rest_managed.fvRsCtxToBgpCtxAfPol_ipv4",
            "module.aci.module.aci_vrf.aci_rest_managed.fvRsCtxToBgpCtxAfPol_ipv6",
            "module.aci.module.aci_vrf.aci_rest_managed.igmpCtxP",
            "module.aci.module.aci_vrf.aci_rest_managed.igmpSSMXlateP",
            "module.aci.module.aci_vrf.aci_rest_managed.leakExternalPrefix",
            "module.aci.module.aci_vrf.aci_rest_managed.leakInternalSubnet",
            "module.aci.module.aci_vrf.aci_rest_managed.leakRoutes",
            "module.aci.module.aci_vrf.aci_rest_managed.leakTo_external",
            "module.aci.module.aci_vrf.aci_rest_managed.leakTo_internal",
            "module.aci.module.aci_vrf.aci_rest_managed.pimASMPatPol",
            "module.aci.module.aci_vrf.aci_rest_managed.pimAutoRPPol",
            "module.aci.module.aci_vrf.aci_rest_managed.pimBSRFilterPol",
            "module.aci.module.aci_vrf.aci_rest_managed.pimBSRPPol",
            "module.aci.module.aci_vrf.aci_rest_managed.pimCtxP",
            "module.aci.module.aci_vrf.aci_rest_managed.pimFabricRPPol",
            "module.aci.module.aci_vrf.aci_rest_managed.pimInterVRFEntryPol",
            "module.aci.module.aci_vrf.aci_rest_managed.pimInterVRFPol",
            "module.aci.module.aci_vrf.aci_rest_managed.pimMAFilterPol",
            "module.aci.module.aci_vrf.aci_rest_managed.pimRPGrpRangePol_fabric_rp",
            "module.aci.module.aci_vrf.aci_rest_managed.pimRPGrpRangePol_static_rp",
            "module.aci.module.aci_vrf.aci_rest_managed.pimRegTrPol",
            "module.aci.module.aci_vrf.aci_rest_managed.pimResPol",
            "module.aci.module.aci_vrf.aci_rest_managed.pimSGRangeExpPol",
            "module.aci.module.aci_vrf.aci_rest_managed.pimSSMPatPol",
            "module.aci.module.aci_vrf.aci_rest_managed.pimSSMRangePol",
            "module.aci.module.aci_vrf.aci_rest_managed.pimSharedRangePol",
            "module.aci.module.aci_vrf.aci_rest_managed.pimStaticRPEntryPol_fabric_rp",
            "module.aci.module.aci_vrf.aci_rest_managed.pimStaticRPEntryPol_static_rp",
            "module.aci.module.aci_vrf.aci_rest_managed.pimStaticRPPol",
            "module.aci.module.aci_vrf.aci_rest_managed.rtdmcRsFilterToRtMapPol_asm_sg_expiry",
            "module.aci.module.aci_vrf.aci_rest_managed.rtdmcRsFilterToRtMapPol_asm_shared",
            "module.aci.module.aci_vrf.aci_rest_managed.rtdmcRsFilterToRtMapPol_auto_rp",
            "module.aci.module.aci_vrf.aci_rest_managed.rtdmcRsFilterToRtMapPol_bsr",
            "module.aci.module.aci_vrf.aci_rest_managed.rtdmcRsFilterToRtMapPol_fabric_rp",
            "module.aci.module.aci_vrf.aci_rest_managed.rtdmcRsFilterToRtMapPol_pim_inter_vrf",
            "module.aci.module.aci_vrf.aci_rest_managed.rtdmcRsFilterToRtMapPol_ssm_range",
            "module.aci.module.aci_vrf.aci_rest_managed.rtdmcRsFilterToRtMapPol_static_rp",
            "module.aci.module.aci_vrf.aci_rest_managed.vzAny",
            "module.aci.module.aci_vrf.aci_rest_managed.vzRsAnyToCons",
            "module.aci.module.aci_vrf.aci_rest_managed.vzRsAnyToConsIf",
            "module.aci.module.aci_vrf.aci_rest_managed.vzRsAnyToProv"
          ]
        }
      ]
    },
    {
      "module": "module.aci.module.aci_endpoint_group[\"adossant/network-segments/192.168.70.0_24\"]",
      "mode": "managed",
      "type": "aci_rest_managed",
      "name": "vmmSecP",
      "provider": "provider[\"registry.terraform.io/ciscodevnet/aci\"]",
      "instances": [
        {
          "index_key": "ucsc-c220m5-vds-01",
          "schema_version": 0,
          "attributes": {
            "child": [],
            "class_name": "vmmSecP",
            "content": {
              "allowPromiscuous": "reject",
              "descr": "",
              "forgedTransmits": "reject",
              "macChanges": "reject",
              "name": "",
              "nameAlias": "",
              "ownerKey": "",
              "ownerTag": "",
              "userdom": ":all:common:"
            },
            "dn": "uni/tn-adossant/ap-network-segments/epg-192.168.70.0_24/rsdomAtt-[uni/vmmp-VMware/dom-ucsc-c220m5-vds-01]/sec",
            "id": "uni/tn-adossant/ap-network-segments/epg-192.168.70.0_24/rsdomAtt-[uni/vmmp-VMware/dom-ucsc-c220m5-vds-01]/sec"
          },
          "sensitive_attributes": [],
          "private": "bnVsbA==",
          "dependencies": [
            "module.aci.data.utils_yaml_merge.defaults",
            "module.aci.data.utils_yaml_merge.model",
            "module.aci.module.aci_application_profile.aci_rest_managed.fvAp",
            "module.aci.module.aci_bfd_interface_policy.aci_rest_managed.bfdIfPol",
            "module.aci.module.aci_bgp_timer_policy.aci_rest_managed.bgpCtxPol",
            "module.aci.module.aci_bridge_domain.aci_rest_managed.dhcpLbl",
            "module.aci.module.aci_bridge_domain.aci_rest_managed.dhcpRsDhcpOptionPol",
            "module.aci.module.aci_bridge_domain.aci_rest_managed.fvBD",
            "module.aci.module.aci_bridge_domain.aci_rest_managed.fvRsBDToOut",
            "module.aci.module.aci_bridge_domain.aci_rest_managed.fvRsCtx",
            "module.aci.module.aci_bridge_domain.aci_rest_managed.fvRsIgmpsn",
            "module.aci.module.aci_bridge_domain.aci_rest_managed.fvSubnet",
            "module.aci.module.aci_bridge_domain.aci_rest_managed.igmpIfP",
            "module.aci.module.aci_bridge_domain.aci_rest_managed.igmpRsIfPol",
            "module.aci.module.aci_bridge_domain.aci_rest_managed.tagTag",
            "module.aci.module.aci_contract.aci_rest_managed.vzBrCP",
            "module.aci.module.aci_contract.aci_rest_managed.vzRsSubjFiltAtt",
            "module.aci.module.aci_contract.aci_rest_managed.vzRsSubjGraphAtt",
            "module.aci.module.aci_contract.aci_rest_managed.vzSubj",
            "module.aci.module.aci_dhcp_option_policy.aci_rest_managed.dhcpOption",
            "module.aci.module.aci_dhcp_option_policy.aci_rest_managed.dhcpOptionPol",
            "module.aci.module.aci_dhcp_relay_policy.aci_rest_managed.dhcpRelayP",
            "module.aci.module.aci_dhcp_relay_policy.aci_rest_managed.dhcpRsProv",
            "module.aci.module.aci_endpoint_group.aci_rest_managed.fvAEPg",
            "module.aci.module.aci_endpoint_group.aci_rest_managed.fvRsDomAtt_vmm",
            "module.aci.module.aci_filter.aci_rest_managed.vzEntry",
            "module.aci.module.aci_filter.aci_rest_managed.vzFilter",
            "module.aci.module.aci_imported_contract.aci_rest_managed.vzCPIf",
            "module.aci.module.aci_imported_contract.aci_rest_managed.vzRsIf",
            "module.aci.module.aci_l3out.aci_rest_managed.bgpExtP",
            "module.aci.module.aci_l3out.aci_rest_managed.l3extDefaultRouteLeakP",
            "module.aci.module.aci_l3out.aci_rest_managed.l3extOut",
            "module.aci.module.aci_l3out.aci_rest_managed.l3extRsDampeningPol_ipv4",
            "module.aci.module.aci_l3out.aci_rest_managed.l3extRsDampeningPol_ipv6",
            "module.aci.module.aci_l3out.aci_rest_managed.l3extRsEctx",
            "module.aci.module.aci_l3out.aci_rest_managed.l3extRsInterleakPol",
            "module.aci.module.aci_l3out.aci_rest_managed.l3extRsL3DomAtt",
            "module.aci.module.aci_l3out.aci_rest_managed.l3extRsRedistributePol",
            "module.aci.module.aci_l3out.aci_rest_managed.ospfExtP",
            "module.aci.module.aci_l3out.aci_rest_managed.pimExtP",
            "module.aci.module.aci_l3out.aci_rest_managed.rtctrlCtxP_export",
            "module.aci.module.aci_l3out.aci_rest_managed.rtctrlCtxP_import",
            "module.aci.module.aci_l3out.aci_rest_managed.rtctrlProfile_export",
            "module.aci.module.aci_l3out.aci_rest_managed.rtctrlProfile_import",
            "module.aci.module.aci_l3out.aci_rest_managed.rtctrlRsCtxPToSubjP_export",
            "module.aci.module.aci_l3out.aci_rest_managed.rtctrlRsCtxPToSubjP_import",
            "module.aci.module.aci_l3out.aci_rest_managed.rtctrlRsScopeToAttrP_export",
            "module.aci.module.aci_l3out.aci_rest_managed.rtctrlRsScopeToAttrP_import",
            "module.aci.module.aci_l3out.aci_rest_managed.rtctrlScope_export",
            "module.aci.module.aci_l3out.aci_rest_managed.rtctrlScope_import",
            "module.aci.module.aci_match_rule.aci_rest_managed.rtctrlMatchCommFactor",
            "module.aci.module.aci_match_rule.aci_rest_managed.rtctrlMatchCommRegexTerm",
            "module.aci.module.aci_match_rule.aci_rest_managed.rtctrlMatchCommTerm",
            "module.aci.module.aci_match_rule.aci_rest_managed.rtctrlMatchRtDest",
            "module.aci.module.aci_match_rule.aci_rest_managed.rtctrlSubjP",
            "module.aci.module.aci_ospf_interface_policy.aci_rest_managed.ospfIfPol",
            "module.aci.module.aci_set_rule.aci_rest_managed.rtctrlAttrP",
            "module.aci.module.aci_set_rule.aci_rest_managed.rtctrlSetASPath",
            "module.aci.module.aci_set_rule.aci_rest_managed.rtctrlSetASPathASN",
            "module.aci.module.aci_set_rule.aci_rest_managed.rtctrlSetAddComm",
            "module.aci.module.aci_set_rule.aci_rest_managed.rtctrlSetComm",
            "module.aci.module.aci_set_rule.aci_rest_managed.rtctrlSetDamp",
            "module.aci.module.aci_set_rule.aci_rest_managed.rtctrlSetNh",
            "module.aci.module.aci_set_rule.aci_rest_managed.rtctrlSetNhUnchanged",
            "module.aci.module.aci_set_rule.aci_rest_managed.rtctrlSetPref",
            "module.aci.module.aci_set_rule.aci_rest_managed.rtctrlSetRedistMultipath",
            "module.aci.module.aci_set_rule.aci_rest_managed.rtctrlSetRtMetric",
            "module.aci.module.aci_set_rule.aci_rest_managed.rtctrlSetRtMetricType",
            "module.aci.module.aci_set_rule.aci_rest_managed.rtctrlSetTag",
            "module.aci.module.aci_set_rule.aci_rest_managed.rtctrlSetWeight",
            "module.aci.module.aci_tenant.aci_rest_managed.fvTenant",
            "module.aci.module.aci_vlan_pool.aci_rest_managed.fvnsEncapBlk",
            "module.aci.module.aci_vlan_pool.aci_rest_managed.fvnsVlanInstP",
            "module.aci.module.aci_vmware_vmm_domain.aci_rest_managed.infraRsVlanNs",
            "module.aci.module.aci_vmware_vmm_domain.aci_rest_managed.lacpEnhancedLagPol",
            "module.aci.module.aci_vmware_vmm_domain.aci_rest_managed.vmmCtrlrP",
            "module.aci.module.aci_vmware_vmm_domain.aci_rest_managed.vmmDomP",
            "module.aci.module.aci_vmware_vmm_domain.aci_rest_managed.vmmRsAcc",
            "module.aci.module.aci_vmware_vmm_domain.aci_rest_managed.vmmRsMgmtEPg",
            "module.aci.module.aci_vmware_vmm_domain.aci_rest_managed.vmmRsVswitchOverrideCdpIfPol",
            "module.aci.module.aci_vmware_vmm_domain.aci_rest_managed.vmmRsVswitchOverrideLacpPol",
            "module.aci.module.aci_vmware_vmm_domain.aci_rest_managed.vmmRsVswitchOverrideLldpIfPol",
            "module.aci.module.aci_vmware_vmm_domain.aci_rest_managed.vmmRsVswitchOverrideMtuPol",
            "module.aci.module.aci_vmware_vmm_domain.aci_rest_managed.vmmUplinkP",
            "module.aci.module.aci_vmware_vmm_domain.aci_rest_managed.vmmUplinkPCont",
            "module.aci.module.aci_vmware_vmm_domain.aci_rest_managed.vmmUsrAccP",
            "module.aci.module.aci_vmware_vmm_domain.aci_rest_managed.vmmVSwitchPolicyCont",
            "module.aci.module.aci_vrf.aci_rest_managed.bgpRtTargetP_ipv4",
            "module.aci.module.aci_vrf.aci_rest_managed.bgpRtTargetP_ipv6",
            "module.aci.module.aci_vrf.aci_rest_managed.bgpRtTarget_ipv4_export",
            "module.aci.module.aci_vrf.aci_rest_managed.bgpRtTarget_ipv4_import",
            "module.aci.module.aci_vrf.aci_rest_managed.bgpRtTarget_ipv6_export",
            "module.aci.module.aci_vrf.aci_rest_managed.bgpRtTarget_ipv6_import",
            "module.aci.module.aci_vrf.aci_rest_managed.dnsLbl",
            "module.aci.module.aci_vrf.aci_rest_managed.fvCtx",
            "module.aci.module.aci_vrf.aci_rest_managed.fvRsBgpCtxPol",
            "module.aci.module.aci_vrf.aci_rest_managed.fvRsCtxToBgpCtxAfPol_ipv4",
            "module.aci.module.aci_vrf.aci_rest_managed.fvRsCtxToBgpCtxAfPol_ipv6",
            "module.aci.module.aci_vrf.aci_rest_managed.igmpCtxP",
            "module.aci.module.aci_vrf.aci_rest_managed.igmpSSMXlateP",
            "module.aci.module.aci_vrf.aci_rest_managed.leakExternalPrefix",
            "module.aci.module.aci_vrf.aci_rest_managed.leakInternalSubnet",
            "module.aci.module.aci_vrf.aci_rest_managed.leakRoutes",
            "module.aci.module.aci_vrf.aci_rest_managed.leakTo_external",
            "module.aci.module.aci_vrf.aci_rest_managed.leakTo_internal",
            "module.aci.module.aci_vrf.aci_rest_managed.pimASMPatPol",
            "module.aci.module.aci_vrf.aci_rest_managed.pimAutoRPPol",
            "module.aci.module.aci_vrf.aci_rest_managed.pimBSRFilterPol",
            "module.aci.module.aci_vrf.aci_rest_managed.pimBSRPPol",
            "module.aci.module.aci_vrf.aci_rest_managed.pimCtxP",
            "module.aci.module.aci_vrf.aci_rest_managed.pimFabricRPPol",
            "module.aci.module.aci_vrf.aci_rest_managed.pimInterVRFEntryPol",
            "module.aci.module.aci_vrf.aci_rest_managed.pimInterVRFPol",
            "module.aci.module.aci_vrf.aci_rest_managed.pimMAFilterPol",
            "module.aci.module.aci_vrf.aci_rest_managed.pimRPGrpRangePol_fabric_rp",
            "module.aci.module.aci_vrf.aci_rest_managed.pimRPGrpRangePol_static_rp",
            "module.aci.module.aci_vrf.aci_rest_managed.pimRegTrPol",
            "module.aci.module.aci_vrf.aci_rest_managed.pimResPol",
            "module.aci.module.aci_vrf.aci_rest_managed.pimSGRangeExpPol",
            "module.aci.module.aci_vrf.aci_rest_managed.pimSSMPatPol",
            "module.aci.module.aci_vrf.aci_rest_managed.pimSSMRangePol",
            "module.aci.module.aci_vrf.aci_rest_managed.pimSharedRangePol",
            "module.aci.module.aci_vrf.aci_rest_managed.pimStaticRPEntryPol_fabric_rp",
            "module.aci.module.aci_vrf.aci_rest_managed.pimStaticRPEntryPol_static_rp",
            "module.aci.module.aci_vrf.aci_rest_managed.pimStaticRPPol",
            "module.aci.module.aci_vrf.aci_rest_managed.rtdmcRsFilterToRtMapPol_asm_sg_expiry",
            "module.aci.module.aci_vrf.aci_rest_managed.rtdmcRsFilterToRtMapPol_asm_shared",
            "module.aci.module.aci_vrf.aci_rest_managed.rtdmcRsFilterToRtMapPol_auto_rp",
            "module.aci.module.aci_vrf.aci_rest_managed.rtdmcRsFilterToRtMapPol_bsr",
            "module.aci.module.aci_vrf.aci_rest_managed.rtdmcRsFilterToRtMapPol_fabric_rp",
            "module.aci.module.aci_vrf.aci_rest_managed.rtdmcRsFilterToRtMapPol_pim_inter_vrf",
            "module.aci.module.aci_vrf.aci_rest_managed.rtdmcRsFilterToRtMapPol_ssm_range",
            "module.aci.module.aci_vrf.aci_rest_managed.rtdmcRsFilterToRtMapPol_static_rp",
            "module.aci.module.aci_vrf.aci_rest_managed.vzAny",
            "module.aci.module.aci_vrf.aci_rest_managed.vzRsAnyToCons",
            "module.aci.module.aci_vrf.aci_rest_managed.vzRsAnyToConsIf",
            "module.aci.module.aci_vrf.aci_rest_managed.vzRsAnyToProv"
          ]
        }
      ]
    },
    {
      "module": "module.aci.module.aci_endpoint_group[\"adossant/network-segments/192.168.71.0_24\"]",
      "mode": "managed",
      "type": "aci_rest_managed",
      "name": "fvAEPg",
      "provider": "provider[\"registry.terraform.io/ciscodevnet/aci\"]",
      "instances": [
        {
          "schema_version": 0,
          "attributes": {
            "child": [],
            "class_name": "fvAEPg",
            "content": {
              "descr": "",
              "exceptionTag": "",
              "floodOnEncap": "disabled",
              "fwdCtrl": "",
              "hasMcastSource": "no",
              "isAttrBasedEPg": "no",
              "matchT": "AtleastOne",
              "name": "192.168.71.0_24",
              "nameAlias": "",
              "pcEnfPref": "unenforced",
              "prefGrMemb": "exclude",
              "prio": "unspecified",
              "shutdown": "no",
              "userdom": ":all:common:"
            },
            "dn": "uni/tn-adossant/ap-network-segments/epg-192.168.71.0_24",
            "id": "uni/tn-adossant/ap-network-segments/epg-192.168.71.0_24"
          },
          "sensitive_attributes": [],
          "private": "bnVsbA==",
          "dependencies": [
            "module.aci.data.utils_yaml_merge.defaults",
            "module.aci.data.utils_yaml_merge.model",
            "module.aci.module.aci_application_profile.aci_rest_managed.fvAp",
            "module.aci.module.aci_bfd_interface_policy.aci_rest_managed.bfdIfPol",
            "module.aci.module.aci_bgp_timer_policy.aci_rest_managed.bgpCtxPol",
            "module.aci.module.aci_bridge_domain.aci_rest_managed.dhcpLbl",
            "module.aci.module.aci_bridge_domain.aci_rest_managed.dhcpRsDhcpOptionPol",
            "module.aci.module.aci_bridge_domain.aci_rest_managed.fvBD",
            "module.aci.module.aci_bridge_domain.aci_rest_managed.fvRsBDToOut",
            "module.aci.module.aci_bridge_domain.aci_rest_managed.fvRsCtx",
            "module.aci.module.aci_bridge_domain.aci_rest_managed.fvRsIgmpsn",
            "module.aci.module.aci_bridge_domain.aci_rest_managed.fvSubnet",
            "module.aci.module.aci_bridge_domain.aci_rest_managed.igmpIfP",
            "module.aci.module.aci_bridge_domain.aci_rest_managed.igmpRsIfPol",
            "module.aci.module.aci_bridge_domain.aci_rest_managed.tagTag",
            "module.aci.module.aci_contract.aci_rest_managed.vzBrCP",
            "module.aci.module.aci_contract.aci_rest_managed.vzRsSubjFiltAtt",
            "module.aci.module.aci_contract.aci_rest_managed.vzRsSubjGraphAtt",
            "module.aci.module.aci_contract.aci_rest_managed.vzSubj",
            "module.aci.module.aci_dhcp_option_policy.aci_rest_managed.dhcpOption",
            "module.aci.module.aci_dhcp_option_policy.aci_rest_managed.dhcpOptionPol",
            "module.aci.module.aci_dhcp_relay_policy.aci_rest_managed.dhcpRelayP",
            "module.aci.module.aci_dhcp_relay_policy.aci_rest_managed.dhcpRsProv",
            "module.aci.module.aci_filter.aci_rest_managed.vzEntry",
            "module.aci.module.aci_filter.aci_rest_managed.vzFilter",
            "module.aci.module.aci_imported_contract.aci_rest_managed.vzCPIf",
            "module.aci.module.aci_imported_contract.aci_rest_managed.vzRsIf",
            "module.aci.module.aci_l3out.aci_rest_managed.bgpExtP",
            "module.aci.module.aci_l3out.aci_rest_managed.l3extDefaultRouteLeakP",
            "module.aci.module.aci_l3out.aci_rest_managed.l3extOut",
            "module.aci.module.aci_l3out.aci_rest_managed.l3extRsDampeningPol_ipv4",
            "module.aci.module.aci_l3out.aci_rest_managed.l3extRsDampeningPol_ipv6",
            "module.aci.module.aci_l3out.aci_rest_managed.l3extRsEctx",
            "module.aci.module.aci_l3out.aci_rest_managed.l3extRsInterleakPol",
            "module.aci.module.aci_l3out.aci_rest_managed.l3extRsL3DomAtt",
            "module.aci.module.aci_l3out.aci_rest_managed.l3extRsRedistributePol",
            "module.aci.module.aci_l3out.aci_rest_managed.ospfExtP",
            "module.aci.module.aci_l3out.aci_rest_managed.pimExtP",
            "module.aci.module.aci_l3out.aci_rest_managed.rtctrlCtxP_export",
            "module.aci.module.aci_l3out.aci_rest_managed.rtctrlCtxP_import",
            "module.aci.module.aci_l3out.aci_rest_managed.rtctrlProfile_export",
            "module.aci.module.aci_l3out.aci_rest_managed.rtctrlProfile_import",
            "module.aci.module.aci_l3out.aci_rest_managed.rtctrlRsCtxPToSubjP_export",
            "module.aci.module.aci_l3out.aci_rest_managed.rtctrlRsCtxPToSubjP_import",
            "module.aci.module.aci_l3out.aci_rest_managed.rtctrlRsScopeToAttrP_export",
            "module.aci.module.aci_l3out.aci_rest_managed.rtctrlRsScopeToAttrP_import",
            "module.aci.module.aci_l3out.aci_rest_managed.rtctrlScope_export",
            "module.aci.module.aci_l3out.aci_rest_managed.rtctrlScope_import",
            "module.aci.module.aci_match_rule.aci_rest_managed.rtctrlMatchCommFactor",
            "module.aci.module.aci_match_rule.aci_rest_managed.rtctrlMatchCommRegexTerm",
            "module.aci.module.aci_match_rule.aci_rest_managed.rtctrlMatchCommTerm",
            "module.aci.module.aci_match_rule.aci_rest_managed.rtctrlMatchRtDest",
            "module.aci.module.aci_match_rule.aci_rest_managed.rtctrlSubjP",
            "module.aci.module.aci_ospf_interface_policy.aci_rest_managed.ospfIfPol",
            "module.aci.module.aci_set_rule.aci_rest_managed.rtctrlAttrP",
            "module.aci.module.aci_set_rule.aci_rest_managed.rtctrlSetASPath",
            "module.aci.module.aci_set_rule.aci_rest_managed.rtctrlSetASPathASN",
            "module.aci.module.aci_set_rule.aci_rest_managed.rtctrlSetAddComm",
            "module.aci.module.aci_set_rule.aci_rest_managed.rtctrlSetComm",
            "module.aci.module.aci_set_rule.aci_rest_managed.rtctrlSetDamp",
            "module.aci.module.aci_set_rule.aci_rest_managed.rtctrlSetNh",
            "module.aci.module.aci_set_rule.aci_rest_managed.rtctrlSetNhUnchanged",
            "module.aci.module.aci_set_rule.aci_rest_managed.rtctrlSetPref",
            "module.aci.module.aci_set_rule.aci_rest_managed.rtctrlSetRedistMultipath",
            "module.aci.module.aci_set_rule.aci_rest_managed.rtctrlSetRtMetric",
            "module.aci.module.aci_set_rule.aci_rest_managed.rtctrlSetRtMetricType",
            "module.aci.module.aci_set_rule.aci_rest_managed.rtctrlSetTag",
            "module.aci.module.aci_set_rule.aci_rest_managed.rtctrlSetWeight",
            "module.aci.module.aci_tenant.aci_rest_managed.fvTenant",
            "module.aci.module.aci_vlan_pool.aci_rest_managed.fvnsEncapBlk",
            "module.aci.module.aci_vlan_pool.aci_rest_managed.fvnsVlanInstP",
            "module.aci.module.aci_vmware_vmm_domain.aci_rest_managed.infraRsVlanNs",
            "module.aci.module.aci_vmware_vmm_domain.aci_rest_managed.lacpEnhancedLagPol",
            "module.aci.module.aci_vmware_vmm_domain.aci_rest_managed.vmmCtrlrP",
            "module.aci.module.aci_vmware_vmm_domain.aci_rest_managed.vmmDomP",
            "module.aci.module.aci_vmware_vmm_domain.aci_rest_managed.vmmRsAcc",
            "module.aci.module.aci_vmware_vmm_domain.aci_rest_managed.vmmRsMgmtEPg",
            "module.aci.module.aci_vmware_vmm_domain.aci_rest_managed.vmmRsVswitchOverrideCdpIfPol",
            "module.aci.module.aci_vmware_vmm_domain.aci_rest_managed.vmmRsVswitchOverrideLacpPol",
            "module.aci.module.aci_vmware_vmm_domain.aci_rest_managed.vmmRsVswitchOverrideLldpIfPol",
            "module.aci.module.aci_vmware_vmm_domain.aci_rest_managed.vmmRsVswitchOverrideMtuPol",
            "module.aci.module.aci_vmware_vmm_domain.aci_rest_managed.vmmUplinkP",
            "module.aci.module.aci_vmware_vmm_domain.aci_rest_managed.vmmUplinkPCont",
            "module.aci.module.aci_vmware_vmm_domain.aci_rest_managed.vmmUsrAccP",
            "module.aci.module.aci_vmware_vmm_domain.aci_rest_managed.vmmVSwitchPolicyCont",
            "module.aci.module.aci_vrf.aci_rest_managed.bgpRtTargetP_ipv4",
            "module.aci.module.aci_vrf.aci_rest_managed.bgpRtTargetP_ipv6",
            "module.aci.module.aci_vrf.aci_rest_managed.bgpRtTarget_ipv4_export",
            "module.aci.module.aci_vrf.aci_rest_managed.bgpRtTarget_ipv4_import",
            "module.aci.module.aci_vrf.aci_rest_managed.bgpRtTarget_ipv6_export",
            "module.aci.module.aci_vrf.aci_rest_managed.bgpRtTarget_ipv6_import",
            "module.aci.module.aci_vrf.aci_rest_managed.dnsLbl",
            "module.aci.module.aci_vrf.aci_rest_managed.fvCtx",
            "module.aci.module.aci_vrf.aci_rest_managed.fvRsBgpCtxPol",
            "module.aci.module.aci_vrf.aci_rest_managed.fvRsCtxToBgpCtxAfPol_ipv4",
            "module.aci.module.aci_vrf.aci_rest_managed.fvRsCtxToBgpCtxAfPol_ipv6",
            "module.aci.module.aci_vrf.aci_rest_managed.igmpCtxP",
            "module.aci.module.aci_vrf.aci_rest_managed.igmpSSMXlateP",
            "module.aci.module.aci_vrf.aci_rest_managed.leakExternalPrefix",
            "module.aci.module.aci_vrf.aci_rest_managed.leakInternalSubnet",
            "module.aci.module.aci_vrf.aci_rest_managed.leakRoutes",
            "module.aci.module.aci_vrf.aci_rest_managed.leakTo_external",
            "module.aci.module.aci_vrf.aci_rest_managed.leakTo_internal",
            "module.aci.module.aci_vrf.aci_rest_managed.pimASMPatPol",
            "module.aci.module.aci_vrf.aci_rest_managed.pimAutoRPPol",
            "module.aci.module.aci_vrf.aci_rest_managed.pimBSRFilterPol",
            "module.aci.module.aci_vrf.aci_rest_managed.pimBSRPPol",
            "module.aci.module.aci_vrf.aci_rest_managed.pimCtxP",
            "module.aci.module.aci_vrf.aci_rest_managed.pimFabricRPPol",
            "module.aci.module.aci_vrf.aci_rest_managed.pimInterVRFEntryPol",
            "module.aci.module.aci_vrf.aci_rest_managed.pimInterVRFPol",
            "module.aci.module.aci_vrf.aci_rest_managed.pimMAFilterPol",
            "module.aci.module.aci_vrf.aci_rest_managed.pimRPGrpRangePol_fabric_rp",
            "module.aci.module.aci_vrf.aci_rest_managed.pimRPGrpRangePol_static_rp",
            "module.aci.module.aci_vrf.aci_rest_managed.pimRegTrPol",
            "module.aci.module.aci_vrf.aci_rest_managed.pimResPol",
            "module.aci.module.aci_vrf.aci_rest_managed.pimSGRangeExpPol",
            "module.aci.module.aci_vrf.aci_rest_managed.pimSSMPatPol",
            "module.aci.module.aci_vrf.aci_rest_managed.pimSSMRangePol",
            "module.aci.module.aci_vrf.aci_rest_managed.pimSharedRangePol",
            "module.aci.module.aci_vrf.aci_rest_managed.pimStaticRPEntryPol_fabric_rp",
            "module.aci.module.aci_vrf.aci_rest_managed.pimStaticRPEntryPol_static_rp",
            "module.aci.module.aci_vrf.aci_rest_managed.pimStaticRPPol",
            "module.aci.module.aci_vrf.aci_rest_managed.rtdmcRsFilterToRtMapPol_asm_sg_expiry",
            "module.aci.module.aci_vrf.aci_rest_managed.rtdmcRsFilterToRtMapPol_asm_shared",
            "module.aci.module.aci_vrf.aci_rest_managed.rtdmcRsFilterToRtMapPol_auto_rp",
            "module.aci.module.aci_vrf.aci_rest_managed.rtdmcRsFilterToRtMapPol_bsr",
            "module.aci.module.aci_vrf.aci_rest_managed.rtdmcRsFilterToRtMapPol_fabric_rp",
            "module.aci.module.aci_vrf.aci_rest_managed.rtdmcRsFilterToRtMapPol_pim_inter_vrf",
            "module.aci.module.aci_vrf.aci_rest_managed.rtdmcRsFilterToRtMapPol_ssm_range",
            "module.aci.module.aci_vrf.aci_rest_managed.rtdmcRsFilterToRtMapPol_static_rp",
            "module.aci.module.aci_vrf.aci_rest_managed.vzAny",
            "module.aci.module.aci_vrf.aci_rest_managed.vzRsAnyToCons",
            "module.aci.module.aci_vrf.aci_rest_managed.vzRsAnyToConsIf",
            "module.aci.module.aci_vrf.aci_rest_managed.vzRsAnyToProv"
          ]
        }
      ]
    },
    {
      "module": "module.aci.module.aci_endpoint_group[\"adossant/network-segments/192.168.71.0_24\"]",
      "mode": "managed",
      "type": "aci_rest_managed",
      "name": "fvRsBd",
      "provider": "provider[\"registry.terraform.io/ciscodevnet/aci\"]",
      "instances": [
        {
          "schema_version": 0,
          "attributes": {
            "child": [],
            "class_name": "fvRsBd",
            "content": {
              "tnFvBDName": "192.168.71.0_24",
              "userdom": "all"
            },
            "dn": "uni/tn-adossant/ap-network-segments/epg-192.168.71.0_24/rsbd",
            "id": "uni/tn-adossant/ap-network-segments/epg-192.168.71.0_24/rsbd"
          },
          "sensitive_attributes": [],
          "private": "bnVsbA==",
          "dependencies": [
            "module.aci.data.utils_yaml_merge.defaults",
            "module.aci.data.utils_yaml_merge.model",
            "module.aci.module.aci_application_profile.aci_rest_managed.fvAp",
            "module.aci.module.aci_bfd_interface_policy.aci_rest_managed.bfdIfPol",
            "module.aci.module.aci_bgp_timer_policy.aci_rest_managed.bgpCtxPol",
            "module.aci.module.aci_bridge_domain.aci_rest_managed.dhcpLbl",
            "module.aci.module.aci_bridge_domain.aci_rest_managed.dhcpRsDhcpOptionPol",
            "module.aci.module.aci_bridge_domain.aci_rest_managed.fvBD",
            "module.aci.module.aci_bridge_domain.aci_rest_managed.fvRsBDToOut",
            "module.aci.module.aci_bridge_domain.aci_rest_managed.fvRsCtx",
            "module.aci.module.aci_bridge_domain.aci_rest_managed.fvRsIgmpsn",
            "module.aci.module.aci_bridge_domain.aci_rest_managed.fvSubnet",
            "module.aci.module.aci_bridge_domain.aci_rest_managed.igmpIfP",
            "module.aci.module.aci_bridge_domain.aci_rest_managed.igmpRsIfPol",
            "module.aci.module.aci_bridge_domain.aci_rest_managed.tagTag",
            "module.aci.module.aci_contract.aci_rest_managed.vzBrCP",
            "module.aci.module.aci_contract.aci_rest_managed.vzRsSubjFiltAtt",
            "module.aci.module.aci_contract.aci_rest_managed.vzRsSubjGraphAtt",
            "module.aci.module.aci_contract.aci_rest_managed.vzSubj",
            "module.aci.module.aci_dhcp_option_policy.aci_rest_managed.dhcpOption",
            "module.aci.module.aci_dhcp_option_policy.aci_rest_managed.dhcpOptionPol",
            "module.aci.module.aci_dhcp_relay_policy.aci_rest_managed.dhcpRelayP",
            "module.aci.module.aci_dhcp_relay_policy.aci_rest_managed.dhcpRsProv",
            "module.aci.module.aci_endpoint_group.aci_rest_managed.fvAEPg",
            "module.aci.module.aci_filter.aci_rest_managed.vzEntry",
            "module.aci.module.aci_filter.aci_rest_managed.vzFilter",
            "module.aci.module.aci_imported_contract.aci_rest_managed.vzCPIf",
            "module.aci.module.aci_imported_contract.aci_rest_managed.vzRsIf",
            "module.aci.module.aci_l3out.aci_rest_managed.bgpExtP",
            "module.aci.module.aci_l3out.aci_rest_managed.l3extDefaultRouteLeakP",
            "module.aci.module.aci_l3out.aci_rest_managed.l3extOut",
            "module.aci.module.aci_l3out.aci_rest_managed.l3extRsDampeningPol_ipv4",
            "module.aci.module.aci_l3out.aci_rest_managed.l3extRsDampeningPol_ipv6",
            "module.aci.module.aci_l3out.aci_rest_managed.l3extRsEctx",
            "module.aci.module.aci_l3out.aci_rest_managed.l3extRsInterleakPol",
            "module.aci.module.aci_l3out.aci_rest_managed.l3extRsL3DomAtt",
            "module.aci.module.aci_l3out.aci_rest_managed.l3extRsRedistributePol",
            "module.aci.module.aci_l3out.aci_rest_managed.ospfExtP",
            "module.aci.module.aci_l3out.aci_rest_managed.pimExtP",
            "module.aci.module.aci_l3out.aci_rest_managed.rtctrlCtxP_export",
            "module.aci.module.aci_l3out.aci_rest_managed.rtctrlCtxP_import",
            "module.aci.module.aci_l3out.aci_rest_managed.rtctrlProfile_export",
            "module.aci.module.aci_l3out.aci_rest_managed.rtctrlProfile_import",
            "module.aci.module.aci_l3out.aci_rest_managed.rtctrlRsCtxPToSubjP_export",
            "module.aci.module.aci_l3out.aci_rest_managed.rtctrlRsCtxPToSubjP_import",
            "module.aci.module.aci_l3out.aci_rest_managed.rtctrlRsScopeToAttrP_export",
            "module.aci.module.aci_l3out.aci_rest_managed.rtctrlRsScopeToAttrP_import",
            "module.aci.module.aci_l3out.aci_rest_managed.rtctrlScope_export",
            "module.aci.module.aci_l3out.aci_rest_managed.rtctrlScope_import",
            "module.aci.module.aci_match_rule.aci_rest_managed.rtctrlMatchCommFactor",
            "module.aci.module.aci_match_rule.aci_rest_managed.rtctrlMatchCommRegexTerm",
            "module.aci.module.aci_match_rule.aci_rest_managed.rtctrlMatchCommTerm",
            "module.aci.module.aci_match_rule.aci_rest_managed.rtctrlMatchRtDest",
            "module.aci.module.aci_match_rule.aci_rest_managed.rtctrlSubjP",
            "module.aci.module.aci_ospf_interface_policy.aci_rest_managed.ospfIfPol",
            "module.aci.module.aci_set_rule.aci_rest_managed.rtctrlAttrP",
            "module.aci.module.aci_set_rule.aci_rest_managed.rtctrlSetASPath",
            "module.aci.module.aci_set_rule.aci_rest_managed.rtctrlSetASPathASN",
            "module.aci.module.aci_set_rule.aci_rest_managed.rtctrlSetAddComm",
            "module.aci.module.aci_set_rule.aci_rest_managed.rtctrlSetComm",
            "module.aci.module.aci_set_rule.aci_rest_managed.rtctrlSetDamp",
            "module.aci.module.aci_set_rule.aci_rest_managed.rtctrlSetNh",
            "module.aci.module.aci_set_rule.aci_rest_managed.rtctrlSetNhUnchanged",
            "module.aci.module.aci_set_rule.aci_rest_managed.rtctrlSetPref",
            "module.aci.module.aci_set_rule.aci_rest_managed.rtctrlSetRedistMultipath",
            "module.aci.module.aci_set_rule.aci_rest_managed.rtctrlSetRtMetric",
            "module.aci.module.aci_set_rule.aci_rest_managed.rtctrlSetRtMetricType",
            "module.aci.module.aci_set_rule.aci_rest_managed.rtctrlSetTag",
            "module.aci.module.aci_set_rule.aci_rest_managed.rtctrlSetWeight",
            "module.aci.module.aci_tenant.aci_rest_managed.fvTenant",
            "module.aci.module.aci_vlan_pool.aci_rest_managed.fvnsEncapBlk",
            "module.aci.module.aci_vlan_pool.aci_rest_managed.fvnsVlanInstP",
            "module.aci.module.aci_vmware_vmm_domain.aci_rest_managed.infraRsVlanNs",
            "module.aci.module.aci_vmware_vmm_domain.aci_rest_managed.lacpEnhancedLagPol",
            "module.aci.module.aci_vmware_vmm_domain.aci_rest_managed.vmmCtrlrP",
            "module.aci.module.aci_vmware_vmm_domain.aci_rest_managed.vmmDomP",
            "module.aci.module.aci_vmware_vmm_domain.aci_rest_managed.vmmRsAcc",
            "module.aci.module.aci_vmware_vmm_domain.aci_rest_managed.vmmRsMgmtEPg",
            "module.aci.module.aci_vmware_vmm_domain.aci_rest_managed.vmmRsVswitchOverrideCdpIfPol",
            "module.aci.module.aci_vmware_vmm_domain.aci_rest_managed.vmmRsVswitchOverrideLacpPol",
            "module.aci.module.aci_vmware_vmm_domain.aci_rest_managed.vmmRsVswitchOverrideLldpIfPol",
            "module.aci.module.aci_vmware_vmm_domain.aci_rest_managed.vmmRsVswitchOverrideMtuPol",
            "module.aci.module.aci_vmware_vmm_domain.aci_rest_managed.vmmUplinkP",
            "module.aci.module.aci_vmware_vmm_domain.aci_rest_managed.vmmUplinkPCont",
            "module.aci.module.aci_vmware_vmm_domain.aci_rest_managed.vmmUsrAccP",
            "module.aci.module.aci_vmware_vmm_domain.aci_rest_managed.vmmVSwitchPolicyCont",
            "module.aci.module.aci_vrf.aci_rest_managed.bgpRtTargetP_ipv4",
            "module.aci.module.aci_vrf.aci_rest_managed.bgpRtTargetP_ipv6",
            "module.aci.module.aci_vrf.aci_rest_managed.bgpRtTarget_ipv4_export",
            "module.aci.module.aci_vrf.aci_rest_managed.bgpRtTarget_ipv4_import",
            "module.aci.module.aci_vrf.aci_rest_managed.bgpRtTarget_ipv6_export",
            "module.aci.module.aci_vrf.aci_rest_managed.bgpRtTarget_ipv6_import",
            "module.aci.module.aci_vrf.aci_rest_managed.dnsLbl",
            "module.aci.module.aci_vrf.aci_rest_managed.fvCtx",
            "module.aci.module.aci_vrf.aci_rest_managed.fvRsBgpCtxPol",
            "module.aci.module.aci_vrf.aci_rest_managed.fvRsCtxToBgpCtxAfPol_ipv4",
            "module.aci.module.aci_vrf.aci_rest_managed.fvRsCtxToBgpCtxAfPol_ipv6",
            "module.aci.module.aci_vrf.aci_rest_managed.igmpCtxP",
            "module.aci.module.aci_vrf.aci_rest_managed.igmpSSMXlateP",
            "module.aci.module.aci_vrf.aci_rest_managed.leakExternalPrefix",
            "module.aci.module.aci_vrf.aci_rest_managed.leakInternalSubnet",
            "module.aci.module.aci_vrf.aci_rest_managed.leakRoutes",
            "module.aci.module.aci_vrf.aci_rest_managed.leakTo_external",
            "module.aci.module.aci_vrf.aci_rest_managed.leakTo_internal",
            "module.aci.module.aci_vrf.aci_rest_managed.pimASMPatPol",
            "module.aci.module.aci_vrf.aci_rest_managed.pimAutoRPPol",
            "module.aci.module.aci_vrf.aci_rest_managed.pimBSRFilterPol",
            "module.aci.module.aci_vrf.aci_rest_managed.pimBSRPPol",
            "module.aci.module.aci_vrf.aci_rest_managed.pimCtxP",
            "module.aci.module.aci_vrf.aci_rest_managed.pimFabricRPPol",
            "module.aci.module.aci_vrf.aci_rest_managed.pimInterVRFEntryPol",
            "module.aci.module.aci_vrf.aci_rest_managed.pimInterVRFPol",
            "module.aci.module.aci_vrf.aci_rest_managed.pimMAFilterPol",
            "module.aci.module.aci_vrf.aci_rest_managed.pimRPGrpRangePol_fabric_rp",
            "module.aci.module.aci_vrf.aci_rest_managed.pimRPGrpRangePol_static_rp",
            "module.aci.module.aci_vrf.aci_rest_managed.pimRegTrPol",
            "module.aci.module.aci_vrf.aci_rest_managed.pimResPol",
            "module.aci.module.aci_vrf.aci_rest_managed.pimSGRangeExpPol",
            "module.aci.module.aci_vrf.aci_rest_managed.pimSSMPatPol",
            "module.aci.module.aci_vrf.aci_rest_managed.pimSSMRangePol",
            "module.aci.module.aci_vrf.aci_rest_managed.pimSharedRangePol",
            "module.aci.module.aci_vrf.aci_rest_managed.pimStaticRPEntryPol_fabric_rp",
            "module.aci.module.aci_vrf.aci_rest_managed.pimStaticRPEntryPol_static_rp",
            "module.aci.module.aci_vrf.aci_rest_managed.pimStaticRPPol",
            "module.aci.module.aci_vrf.aci_rest_managed.rtdmcRsFilterToRtMapPol_asm_sg_expiry",
            "module.aci.module.aci_vrf.aci_rest_managed.rtdmcRsFilterToRtMapPol_asm_shared",
            "module.aci.module.aci_vrf.aci_rest_managed.rtdmcRsFilterToRtMapPol_auto_rp",
            "module.aci.module.aci_vrf.aci_rest_managed.rtdmcRsFilterToRtMapPol_bsr",
            "module.aci.module.aci_vrf.aci_rest_managed.rtdmcRsFilterToRtMapPol_fabric_rp",
            "module.aci.module.aci_vrf.aci_rest_managed.rtdmcRsFilterToRtMapPol_pim_inter_vrf",
            "module.aci.module.aci_vrf.aci_rest_managed.rtdmcRsFilterToRtMapPol_ssm_range",
            "module.aci.module.aci_vrf.aci_rest_managed.rtdmcRsFilterToRtMapPol_static_rp",
            "module.aci.module.aci_vrf.aci_rest_managed.vzAny",
            "module.aci.module.aci_vrf.aci_rest_managed.vzRsAnyToCons",
            "module.aci.module.aci_vrf.aci_rest_managed.vzRsAnyToConsIf",
            "module.aci.module.aci_vrf.aci_rest_managed.vzRsAnyToProv"
          ]
        }
      ]
    },
    {
      "module": "module.aci.module.aci_endpoint_group[\"adossant/network-segments/192.168.71.0_24\"]",
      "mode": "managed",
      "type": "aci_rest_managed",
      "name": "fvRsDomAtt_vmm",
      "provider": "provider[\"registry.terraform.io/ciscodevnet/aci\"]",
      "instances": [
        {
          "index_key": "ucsc-c220m5-vds-01",
          "schema_version": 0,
          "attributes": {
            "child": [],
            "class_name": "fvRsDomAtt",
            "content": {
              "bindingType": "none",
              "classPref": "useg",
              "customEpgName": "",
              "delimiter": "",
              "encap": "unknown",
              "encapMode": "auto",
              "epgCos": "Cos0",
              "epgCosPref": "disabled",
              "instrImedcy": "immediate",
              "lagPolicyName": "",
              "netflowDir": "both",
              "netflowPref": "disabled",
              "numPorts": "0",
              "portAllocation": "none",
              "primaryEncap": "unknown",
              "primaryEncapInner": "unknown",
              "resImedcy": "immediate",
              "secondaryEncapInner": "unknown",
              "switchingMode": "native",
              "tDn": "uni/vmmp-VMware/dom-ucsc-c220m5-vds-01",
              "untagged": "no",
              "userdom": ":all:common:",
              "vnetOnly": "no"
            },
            "dn": "uni/tn-adossant/ap-network-segments/epg-192.168.71.0_24/rsdomAtt-[uni/vmmp-VMware/dom-ucsc-c220m5-vds-01]",
            "id": "uni/tn-adossant/ap-network-segments/epg-192.168.71.0_24/rsdomAtt-[uni/vmmp-VMware/dom-ucsc-c220m5-vds-01]"
          },
          "sensitive_attributes": [],
          "private": "bnVsbA==",
          "dependencies": [
            "module.aci.data.utils_yaml_merge.defaults",
            "module.aci.data.utils_yaml_merge.model",
            "module.aci.module.aci_application_profile.aci_rest_managed.fvAp",
            "module.aci.module.aci_bfd_interface_policy.aci_rest_managed.bfdIfPol",
            "module.aci.module.aci_bgp_timer_policy.aci_rest_managed.bgpCtxPol",
            "module.aci.module.aci_bridge_domain.aci_rest_managed.dhcpLbl",
            "module.aci.module.aci_bridge_domain.aci_rest_managed.dhcpRsDhcpOptionPol",
            "module.aci.module.aci_bridge_domain.aci_rest_managed.fvBD",
            "module.aci.module.aci_bridge_domain.aci_rest_managed.fvRsBDToOut",
            "module.aci.module.aci_bridge_domain.aci_rest_managed.fvRsCtx",
            "module.aci.module.aci_bridge_domain.aci_rest_managed.fvRsIgmpsn",
            "module.aci.module.aci_bridge_domain.aci_rest_managed.fvSubnet",
            "module.aci.module.aci_bridge_domain.aci_rest_managed.igmpIfP",
            "module.aci.module.aci_bridge_domain.aci_rest_managed.igmpRsIfPol",
            "module.aci.module.aci_bridge_domain.aci_rest_managed.tagTag",
            "module.aci.module.aci_contract.aci_rest_managed.vzBrCP",
            "module.aci.module.aci_contract.aci_rest_managed.vzRsSubjFiltAtt",
            "module.aci.module.aci_contract.aci_rest_managed.vzRsSubjGraphAtt",
            "module.aci.module.aci_contract.aci_rest_managed.vzSubj",
            "module.aci.module.aci_dhcp_option_policy.aci_rest_managed.dhcpOption",
            "module.aci.module.aci_dhcp_option_policy.aci_rest_managed.dhcpOptionPol",
            "module.aci.module.aci_dhcp_relay_policy.aci_rest_managed.dhcpRelayP",
            "module.aci.module.aci_dhcp_relay_policy.aci_rest_managed.dhcpRsProv",
            "module.aci.module.aci_endpoint_group.aci_rest_managed.fvAEPg",
            "module.aci.module.aci_filter.aci_rest_managed.vzEntry",
            "module.aci.module.aci_filter.aci_rest_managed.vzFilter",
            "module.aci.module.aci_imported_contract.aci_rest_managed.vzCPIf",
            "module.aci.module.aci_imported_contract.aci_rest_managed.vzRsIf",
            "module.aci.module.aci_l3out.aci_rest_managed.bgpExtP",
            "module.aci.module.aci_l3out.aci_rest_managed.l3extDefaultRouteLeakP",
            "module.aci.module.aci_l3out.aci_rest_managed.l3extOut",
            "module.aci.module.aci_l3out.aci_rest_managed.l3extRsDampeningPol_ipv4",
            "module.aci.module.aci_l3out.aci_rest_managed.l3extRsDampeningPol_ipv6",
            "module.aci.module.aci_l3out.aci_rest_managed.l3extRsEctx",
            "module.aci.module.aci_l3out.aci_rest_managed.l3extRsInterleakPol",
            "module.aci.module.aci_l3out.aci_rest_managed.l3extRsL3DomAtt",
            "module.aci.module.aci_l3out.aci_rest_managed.l3extRsRedistributePol",
            "module.aci.module.aci_l3out.aci_rest_managed.ospfExtP",
            "module.aci.module.aci_l3out.aci_rest_managed.pimExtP",
            "module.aci.module.aci_l3out.aci_rest_managed.rtctrlCtxP_export",
            "module.aci.module.aci_l3out.aci_rest_managed.rtctrlCtxP_import",
            "module.aci.module.aci_l3out.aci_rest_managed.rtctrlProfile_export",
            "module.aci.module.aci_l3out.aci_rest_managed.rtctrlProfile_import",
            "module.aci.module.aci_l3out.aci_rest_managed.rtctrlRsCtxPToSubjP_export",
            "module.aci.module.aci_l3out.aci_rest_managed.rtctrlRsCtxPToSubjP_import",
            "module.aci.module.aci_l3out.aci_rest_managed.rtctrlRsScopeToAttrP_export",
            "module.aci.module.aci_l3out.aci_rest_managed.rtctrlRsScopeToAttrP_import",
            "module.aci.module.aci_l3out.aci_rest_managed.rtctrlScope_export",
            "module.aci.module.aci_l3out.aci_rest_managed.rtctrlScope_import",
            "module.aci.module.aci_match_rule.aci_rest_managed.rtctrlMatchCommFactor",
            "module.aci.module.aci_match_rule.aci_rest_managed.rtctrlMatchCommRegexTerm",
            "module.aci.module.aci_match_rule.aci_rest_managed.rtctrlMatchCommTerm",
            "module.aci.module.aci_match_rule.aci_rest_managed.rtctrlMatchRtDest",
            "module.aci.module.aci_match_rule.aci_rest_managed.rtctrlSubjP",
            "module.aci.module.aci_ospf_interface_policy.aci_rest_managed.ospfIfPol",
            "module.aci.module.aci_set_rule.aci_rest_managed.rtctrlAttrP",
            "module.aci.module.aci_set_rule.aci_rest_managed.rtctrlSetASPath",
            "module.aci.module.aci_set_rule.aci_rest_managed.rtctrlSetASPathASN",
            "module.aci.module.aci_set_rule.aci_rest_managed.rtctrlSetAddComm",
            "module.aci.module.aci_set_rule.aci_rest_managed.rtctrlSetComm",
            "module.aci.module.aci_set_rule.aci_rest_managed.rtctrlSetDamp",
            "module.aci.module.aci_set_rule.aci_rest_managed.rtctrlSetNh",
            "module.aci.module.aci_set_rule.aci_rest_managed.rtctrlSetNhUnchanged",
            "module.aci.module.aci_set_rule.aci_rest_managed.rtctrlSetPref",
            "module.aci.module.aci_set_rule.aci_rest_managed.rtctrlSetRedistMultipath",
            "module.aci.module.aci_set_rule.aci_rest_managed.rtctrlSetRtMetric",
            "module.aci.module.aci_set_rule.aci_rest_managed.rtctrlSetRtMetricType",
            "module.aci.module.aci_set_rule.aci_rest_managed.rtctrlSetTag",
            "module.aci.module.aci_set_rule.aci_rest_managed.rtctrlSetWeight",
            "module.aci.module.aci_tenant.aci_rest_managed.fvTenant",
            "module.aci.module.aci_vlan_pool.aci_rest_managed.fvnsEncapBlk",
            "module.aci.module.aci_vlan_pool.aci_rest_managed.fvnsVlanInstP",
            "module.aci.module.aci_vmware_vmm_domain.aci_rest_managed.infraRsVlanNs",
            "module.aci.module.aci_vmware_vmm_domain.aci_rest_managed.lacpEnhancedLagPol",
            "module.aci.module.aci_vmware_vmm_domain.aci_rest_managed.vmmCtrlrP",
            "module.aci.module.aci_vmware_vmm_domain.aci_rest_managed.vmmDomP",
            "module.aci.module.aci_vmware_vmm_domain.aci_rest_managed.vmmRsAcc",
            "module.aci.module.aci_vmware_vmm_domain.aci_rest_managed.vmmRsMgmtEPg",
            "module.aci.module.aci_vmware_vmm_domain.aci_rest_managed.vmmRsVswitchOverrideCdpIfPol",
            "module.aci.module.aci_vmware_vmm_domain.aci_rest_managed.vmmRsVswitchOverrideLacpPol",
            "module.aci.module.aci_vmware_vmm_domain.aci_rest_managed.vmmRsVswitchOverrideLldpIfPol",
            "module.aci.module.aci_vmware_vmm_domain.aci_rest_managed.vmmRsVswitchOverrideMtuPol",
            "module.aci.module.aci_vmware_vmm_domain.aci_rest_managed.vmmUplinkP",
            "module.aci.module.aci_vmware_vmm_domain.aci_rest_managed.vmmUplinkPCont",
            "module.aci.module.aci_vmware_vmm_domain.aci_rest_managed.vmmUsrAccP",
            "module.aci.module.aci_vmware_vmm_domain.aci_rest_managed.vmmVSwitchPolicyCont",
            "module.aci.module.aci_vrf.aci_rest_managed.bgpRtTargetP_ipv4",
            "module.aci.module.aci_vrf.aci_rest_managed.bgpRtTargetP_ipv6",
            "module.aci.module.aci_vrf.aci_rest_managed.bgpRtTarget_ipv4_export",
            "module.aci.module.aci_vrf.aci_rest_managed.bgpRtTarget_ipv4_import",
            "module.aci.module.aci_vrf.aci_rest_managed.bgpRtTarget_ipv6_export",
            "module.aci.module.aci_vrf.aci_rest_managed.bgpRtTarget_ipv6_import",
            "module.aci.module.aci_vrf.aci_rest_managed.dnsLbl",
            "module.aci.module.aci_vrf.aci_rest_managed.fvCtx",
            "module.aci.module.aci_vrf.aci_rest_managed.fvRsBgpCtxPol",
            "module.aci.module.aci_vrf.aci_rest_managed.fvRsCtxToBgpCtxAfPol_ipv4",
            "module.aci.module.aci_vrf.aci_rest_managed.fvRsCtxToBgpCtxAfPol_ipv6",
            "module.aci.module.aci_vrf.aci_rest_managed.igmpCtxP",
            "module.aci.module.aci_vrf.aci_rest_managed.igmpSSMXlateP",
            "module.aci.module.aci_vrf.aci_rest_managed.leakExternalPrefix",
            "module.aci.module.aci_vrf.aci_rest_managed.leakInternalSubnet",
            "module.aci.module.aci_vrf.aci_rest_managed.leakRoutes",
            "module.aci.module.aci_vrf.aci_rest_managed.leakTo_external",
            "module.aci.module.aci_vrf.aci_rest_managed.leakTo_internal",
            "module.aci.module.aci_vrf.aci_rest_managed.pimASMPatPol",
            "module.aci.module.aci_vrf.aci_rest_managed.pimAutoRPPol",
            "module.aci.module.aci_vrf.aci_rest_managed.pimBSRFilterPol",
            "module.aci.module.aci_vrf.aci_rest_managed.pimBSRPPol",
            "module.aci.module.aci_vrf.aci_rest_managed.pimCtxP",
            "module.aci.module.aci_vrf.aci_rest_managed.pimFabricRPPol",
            "module.aci.module.aci_vrf.aci_rest_managed.pimInterVRFEntryPol",
            "module.aci.module.aci_vrf.aci_rest_managed.pimInterVRFPol",
            "module.aci.module.aci_vrf.aci_rest_managed.pimMAFilterPol",
            "module.aci.module.aci_vrf.aci_rest_managed.pimRPGrpRangePol_fabric_rp",
            "module.aci.module.aci_vrf.aci_rest_managed.pimRPGrpRangePol_static_rp",
            "module.aci.module.aci_vrf.aci_rest_managed.pimRegTrPol",
            "module.aci.module.aci_vrf.aci_rest_managed.pimResPol",
            "module.aci.module.aci_vrf.aci_rest_managed.pimSGRangeExpPol",
            "module.aci.module.aci_vrf.aci_rest_managed.pimSSMPatPol",
            "module.aci.module.aci_vrf.aci_rest_managed.pimSSMRangePol",
            "module.aci.module.aci_vrf.aci_rest_managed.pimSharedRangePol",
            "module.aci.module.aci_vrf.aci_rest_managed.pimStaticRPEntryPol_fabric_rp",
            "module.aci.module.aci_vrf.aci_rest_managed.pimStaticRPEntryPol_static_rp",
            "module.aci.module.aci_vrf.aci_rest_managed.pimStaticRPPol",
            "module.aci.module.aci_vrf.aci_rest_managed.rtdmcRsFilterToRtMapPol_asm_sg_expiry",
            "module.aci.module.aci_vrf.aci_rest_managed.rtdmcRsFilterToRtMapPol_asm_shared",
            "module.aci.module.aci_vrf.aci_rest_managed.rtdmcRsFilterToRtMapPol_auto_rp",
            "module.aci.module.aci_vrf.aci_rest_managed.rtdmcRsFilterToRtMapPol_bsr",
            "module.aci.module.aci_vrf.aci_rest_managed.rtdmcRsFilterToRtMapPol_fabric_rp",
            "module.aci.module.aci_vrf.aci_rest_managed.rtdmcRsFilterToRtMapPol_pim_inter_vrf",
            "module.aci.module.aci_vrf.aci_rest_managed.rtdmcRsFilterToRtMapPol_ssm_range",
            "module.aci.module.aci_vrf.aci_rest_managed.rtdmcRsFilterToRtMapPol_static_rp",
            "module.aci.module.aci_vrf.aci_rest_managed.vzAny",
            "module.aci.module.aci_vrf.aci_rest_managed.vzRsAnyToCons",
            "module.aci.module.aci_vrf.aci_rest_managed.vzRsAnyToConsIf",
            "module.aci.module.aci_vrf.aci_rest_managed.vzRsAnyToProv"
          ]
        }
      ]
    },
    {
      "module": "module.aci.module.aci_endpoint_group[\"adossant/network-segments/192.168.71.0_24\"]",
      "mode": "managed",
      "type": "aci_rest_managed",
      "name": "vmmSecP",
      "provider": "provider[\"registry.terraform.io/ciscodevnet/aci\"]",
      "instances": [
        {
          "index_key": "ucsc-c220m5-vds-01",
          "schema_version": 0,
          "attributes": {
            "child": [],
            "class_name": "vmmSecP",
            "content": {
              "allowPromiscuous": "reject",
              "descr": "",
              "forgedTransmits": "reject",
              "macChanges": "reject",
              "name": "",
              "nameAlias": "",
              "ownerKey": "",
              "ownerTag": "",
              "userdom": ":all:common:"
            },
            "dn": "uni/tn-adossant/ap-network-segments/epg-192.168.71.0_24/rsdomAtt-[uni/vmmp-VMware/dom-ucsc-c220m5-vds-01]/sec",
            "id": "uni/tn-adossant/ap-network-segments/epg-192.168.71.0_24/rsdomAtt-[uni/vmmp-VMware/dom-ucsc-c220m5-vds-01]/sec"
          },
          "sensitive_attributes": [],
          "private": "bnVsbA==",
          "dependencies": [
            "module.aci.data.utils_yaml_merge.defaults",
            "module.aci.data.utils_yaml_merge.model",
            "module.aci.module.aci_application_profile.aci_rest_managed.fvAp",
            "module.aci.module.aci_bfd_interface_policy.aci_rest_managed.bfdIfPol",
            "module.aci.module.aci_bgp_timer_policy.aci_rest_managed.bgpCtxPol",
            "module.aci.module.aci_bridge_domain.aci_rest_managed.dhcpLbl",
            "module.aci.module.aci_bridge_domain.aci_rest_managed.dhcpRsDhcpOptionPol",
            "module.aci.module.aci_bridge_domain.aci_rest_managed.fvBD",
            "module.aci.module.aci_bridge_domain.aci_rest_managed.fvRsBDToOut",
            "module.aci.module.aci_bridge_domain.aci_rest_managed.fvRsCtx",
            "module.aci.module.aci_bridge_domain.aci_rest_managed.fvRsIgmpsn",
            "module.aci.module.aci_bridge_domain.aci_rest_managed.fvSubnet",
            "module.aci.module.aci_bridge_domain.aci_rest_managed.igmpIfP",
            "module.aci.module.aci_bridge_domain.aci_rest_managed.igmpRsIfPol",
            "module.aci.module.aci_bridge_domain.aci_rest_managed.tagTag",
            "module.aci.module.aci_contract.aci_rest_managed.vzBrCP",
            "module.aci.module.aci_contract.aci_rest_managed.vzRsSubjFiltAtt",
            "module.aci.module.aci_contract.aci_rest_managed.vzRsSubjGraphAtt",
            "module.aci.module.aci_contract.aci_rest_managed.vzSubj",
            "module.aci.module.aci_dhcp_option_policy.aci_rest_managed.dhcpOption",
            "module.aci.module.aci_dhcp_option_policy.aci_rest_managed.dhcpOptionPol",
            "module.aci.module.aci_dhcp_relay_policy.aci_rest_managed.dhcpRelayP",
            "module.aci.module.aci_dhcp_relay_policy.aci_rest_managed.dhcpRsProv",
            "module.aci.module.aci_endpoint_group.aci_rest_managed.fvAEPg",
            "module.aci.module.aci_endpoint_group.aci_rest_managed.fvRsDomAtt_vmm",
            "module.aci.module.aci_filter.aci_rest_managed.vzEntry",
            "module.aci.module.aci_filter.aci_rest_managed.vzFilter",
            "module.aci.module.aci_imported_contract.aci_rest_managed.vzCPIf",
            "module.aci.module.aci_imported_contract.aci_rest_managed.vzRsIf",
            "module.aci.module.aci_l3out.aci_rest_managed.bgpExtP",
            "module.aci.module.aci_l3out.aci_rest_managed.l3extDefaultRouteLeakP",
            "module.aci.module.aci_l3out.aci_rest_managed.l3extOut",
            "module.aci.module.aci_l3out.aci_rest_managed.l3extRsDampeningPol_ipv4",
            "module.aci.module.aci_l3out.aci_rest_managed.l3extRsDampeningPol_ipv6",
            "module.aci.module.aci_l3out.aci_rest_managed.l3extRsEctx",
            "module.aci.module.aci_l3out.aci_rest_managed.l3extRsInterleakPol",
            "module.aci.module.aci_l3out.aci_rest_managed.l3extRsL3DomAtt",
            "module.aci.module.aci_l3out.aci_rest_managed.l3extRsRedistributePol",
            "module.aci.module.aci_l3out.aci_rest_managed.ospfExtP",
            "module.aci.module.aci_l3out.aci_rest_managed.pimExtP",
            "module.aci.module.aci_l3out.aci_rest_managed.rtctrlCtxP_export",
            "module.aci.module.aci_l3out.aci_rest_managed.rtctrlCtxP_import",
            "module.aci.module.aci_l3out.aci_rest_managed.rtctrlProfile_export",
            "module.aci.module.aci_l3out.aci_rest_managed.rtctrlProfile_import",
            "module.aci.module.aci_l3out.aci_rest_managed.rtctrlRsCtxPToSubjP_export",
            "module.aci.module.aci_l3out.aci_rest_managed.rtctrlRsCtxPToSubjP_import",
            "module.aci.module.aci_l3out.aci_rest_managed.rtctrlRsScopeToAttrP_export",
            "module.aci.module.aci_l3out.aci_rest_managed.rtctrlRsScopeToAttrP_import",
            "module.aci.module.aci_l3out.aci_rest_managed.rtctrlScope_export",
            "module.aci.module.aci_l3out.aci_rest_managed.rtctrlScope_import",
            "module.aci.module.aci_match_rule.aci_rest_managed.rtctrlMatchCommFactor",
            "module.aci.module.aci_match_rule.aci_rest_managed.rtctrlMatchCommRegexTerm",
            "module.aci.module.aci_match_rule.aci_rest_managed.rtctrlMatchCommTerm",
            "module.aci.module.aci_match_rule.aci_rest_managed.rtctrlMatchRtDest",
            "module.aci.module.aci_match_rule.aci_rest_managed.rtctrlSubjP",
            "module.aci.module.aci_ospf_interface_policy.aci_rest_managed.ospfIfPol",
            "module.aci.module.aci_set_rule.aci_rest_managed.rtctrlAttrP",
            "module.aci.module.aci_set_rule.aci_rest_managed.rtctrlSetASPath",
            "module.aci.module.aci_set_rule.aci_rest_managed.rtctrlSetASPathASN",
            "module.aci.module.aci_set_rule.aci_rest_managed.rtctrlSetAddComm",
            "module.aci.module.aci_set_rule.aci_rest_managed.rtctrlSetComm",
            "module.aci.module.aci_set_rule.aci_rest_managed.rtctrlSetDamp",
            "module.aci.module.aci_set_rule.aci_rest_managed.rtctrlSetNh",
            "module.aci.module.aci_set_rule.aci_rest_managed.rtctrlSetNhUnchanged",
            "module.aci.module.aci_set_rule.aci_rest_managed.rtctrlSetPref",
            "module.aci.module.aci_set_rule.aci_rest_managed.rtctrlSetRedistMultipath",
            "module.aci.module.aci_set_rule.aci_rest_managed.rtctrlSetRtMetric",
            "module.aci.module.aci_set_rule.aci_rest_managed.rtctrlSetRtMetricType",
            "module.aci.module.aci_set_rule.aci_rest_managed.rtctrlSetTag",
            "module.aci.module.aci_set_rule.aci_rest_managed.rtctrlSetWeight",
            "module.aci.module.aci_tenant.aci_rest_managed.fvTenant",
            "module.aci.module.aci_vlan_pool.aci_rest_managed.fvnsEncapBlk",
            "module.aci.module.aci_vlan_pool.aci_rest_managed.fvnsVlanInstP",
            "module.aci.module.aci_vmware_vmm_domain.aci_rest_managed.infraRsVlanNs",
            "module.aci.module.aci_vmware_vmm_domain.aci_rest_managed.lacpEnhancedLagPol",
            "module.aci.module.aci_vmware_vmm_domain.aci_rest_managed.vmmCtrlrP",
            "module.aci.module.aci_vmware_vmm_domain.aci_rest_managed.vmmDomP",
            "module.aci.module.aci_vmware_vmm_domain.aci_rest_managed.vmmRsAcc",
            "module.aci.module.aci_vmware_vmm_domain.aci_rest_managed.vmmRsMgmtEPg",
            "module.aci.module.aci_vmware_vmm_domain.aci_rest_managed.vmmRsVswitchOverrideCdpIfPol",
            "module.aci.module.aci_vmware_vmm_domain.aci_rest_managed.vmmRsVswitchOverrideLacpPol",
            "module.aci.module.aci_vmware_vmm_domain.aci_rest_managed.vmmRsVswitchOverrideLldpIfPol",
            "module.aci.module.aci_vmware_vmm_domain.aci_rest_managed.vmmRsVswitchOverrideMtuPol",
            "module.aci.module.aci_vmware_vmm_domain.aci_rest_managed.vmmUplinkP",
            "module.aci.module.aci_vmware_vmm_domain.aci_rest_managed.vmmUplinkPCont",
            "module.aci.module.aci_vmware_vmm_domain.aci_rest_managed.vmmUsrAccP",
            "module.aci.module.aci_vmware_vmm_domain.aci_rest_managed.vmmVSwitchPolicyCont",
            "module.aci.module.aci_vrf.aci_rest_managed.bgpRtTargetP_ipv4",
            "module.aci.module.aci_vrf.aci_rest_managed.bgpRtTargetP_ipv6",
            "module.aci.module.aci_vrf.aci_rest_managed.bgpRtTarget_ipv4_export",
            "module.aci.module.aci_vrf.aci_rest_managed.bgpRtTarget_ipv4_import",
            "module.aci.module.aci_vrf.aci_rest_managed.bgpRtTarget_ipv6_export",
            "module.aci.module.aci_vrf.aci_rest_managed.bgpRtTarget_ipv6_import",
            "module.aci.module.aci_vrf.aci_rest_managed.dnsLbl",
            "module.aci.module.aci_vrf.aci_rest_managed.fvCtx",
            "module.aci.module.aci_vrf.aci_rest_managed.fvRsBgpCtxPol",
            "module.aci.module.aci_vrf.aci_rest_managed.fvRsCtxToBgpCtxAfPol_ipv4",
            "module.aci.module.aci_vrf.aci_rest_managed.fvRsCtxToBgpCtxAfPol_ipv6",
            "module.aci.module.aci_vrf.aci_rest_managed.igmpCtxP",
            "module.aci.module.aci_vrf.aci_rest_managed.igmpSSMXlateP",
            "module.aci.module.aci_vrf.aci_rest_managed.leakExternalPrefix",
            "module.aci.module.aci_vrf.aci_rest_managed.leakInternalSubnet",
            "module.aci.module.aci_vrf.aci_rest_managed.leakRoutes",
            "module.aci.module.aci_vrf.aci_rest_managed.leakTo_external",
            "module.aci.module.aci_vrf.aci_rest_managed.leakTo_internal",
            "module.aci.module.aci_vrf.aci_rest_managed.pimASMPatPol",
            "module.aci.module.aci_vrf.aci_rest_managed.pimAutoRPPol",
            "module.aci.module.aci_vrf.aci_rest_managed.pimBSRFilterPol",
            "module.aci.module.aci_vrf.aci_rest_managed.pimBSRPPol",
            "module.aci.module.aci_vrf.aci_rest_managed.pimCtxP",
            "module.aci.module.aci_vrf.aci_rest_managed.pimFabricRPPol",
            "module.aci.module.aci_vrf.aci_rest_managed.pimInterVRFEntryPol",
            "module.aci.module.aci_vrf.aci_rest_managed.pimInterVRFPol",
            "module.aci.module.aci_vrf.aci_rest_managed.pimMAFilterPol",
            "module.aci.module.aci_vrf.aci_rest_managed.pimRPGrpRangePol_fabric_rp",
            "module.aci.module.aci_vrf.aci_rest_managed.pimRPGrpRangePol_static_rp",
            "module.aci.module.aci_vrf.aci_rest_managed.pimRegTrPol",
            "module.aci.module.aci_vrf.aci_rest_managed.pimResPol",
            "module.aci.module.aci_vrf.aci_rest_managed.pimSGRangeExpPol",
            "module.aci.module.aci_vrf.aci_rest_managed.pimSSMPatPol",
            "module.aci.module.aci_vrf.aci_rest_managed.pimSSMRangePol",
            "module.aci.module.aci_vrf.aci_rest_managed.pimSharedRangePol",
            "module.aci.module.aci_vrf.aci_rest_managed.pimStaticRPEntryPol_fabric_rp",
            "module.aci.module.aci_vrf.aci_rest_managed.pimStaticRPEntryPol_static_rp",
            "module.aci.module.aci_vrf.aci_rest_managed.pimStaticRPPol",
            "module.aci.module.aci_vrf.aci_rest_managed.rtdmcRsFilterToRtMapPol_asm_sg_expiry",
            "module.aci.module.aci_vrf.aci_rest_managed.rtdmcRsFilterToRtMapPol_asm_shared",
            "module.aci.module.aci_vrf.aci_rest_managed.rtdmcRsFilterToRtMapPol_auto_rp",
            "module.aci.module.aci_vrf.aci_rest_managed.rtdmcRsFilterToRtMapPol_bsr",
            "module.aci.module.aci_vrf.aci_rest_managed.rtdmcRsFilterToRtMapPol_fabric_rp",
            "module.aci.module.aci_vrf.aci_rest_managed.rtdmcRsFilterToRtMapPol_pim_inter_vrf",
            "module.aci.module.aci_vrf.aci_rest_managed.rtdmcRsFilterToRtMapPol_ssm_range",
            "module.aci.module.aci_vrf.aci_rest_managed.rtdmcRsFilterToRtMapPol_static_rp",
            "module.aci.module.aci_vrf.aci_rest_managed.vzAny",
            "module.aci.module.aci_vrf.aci_rest_managed.vzRsAnyToCons",
            "module.aci.module.aci_vrf.aci_rest_managed.vzRsAnyToConsIf",
            "module.aci.module.aci_vrf.aci_rest_managed.vzRsAnyToProv"
          ]
        }
      ]
    },
    {
      "module": "module.aci.module.aci_endpoint_group[\"adossant/network-segments/192.168.72.0_24\"]",
      "mode": "managed",
      "type": "aci_rest_managed",
      "name": "fvAEPg",
      "provider": "provider[\"registry.terraform.io/ciscodevnet/aci\"]",
      "instances": [
        {
          "schema_version": 0,
          "attributes": {
            "child": [],
            "class_name": "fvAEPg",
            "content": {
              "descr": "",
              "exceptionTag": "",
              "floodOnEncap": "disabled",
              "fwdCtrl": "",
              "hasMcastSource": "no",
              "isAttrBasedEPg": "no",
              "matchT": "AtleastOne",
              "name": "192.168.72.0_24",
              "nameAlias": "",
              "pcEnfPref": "unenforced",
              "prefGrMemb": "exclude",
              "prio": "unspecified",
              "shutdown": "no",
              "userdom": ":all:common:"
            },
            "dn": "uni/tn-adossant/ap-network-segments/epg-192.168.72.0_24",
            "id": "uni/tn-adossant/ap-network-segments/epg-192.168.72.0_24"
          },
          "sensitive_attributes": [],
          "private": "bnVsbA==",
          "dependencies": [
            "module.aci.data.utils_yaml_merge.defaults",
            "module.aci.data.utils_yaml_merge.model",
            "module.aci.module.aci_application_profile.aci_rest_managed.fvAp",
            "module.aci.module.aci_bfd_interface_policy.aci_rest_managed.bfdIfPol",
            "module.aci.module.aci_bgp_timer_policy.aci_rest_managed.bgpCtxPol",
            "module.aci.module.aci_bridge_domain.aci_rest_managed.dhcpLbl",
            "module.aci.module.aci_bridge_domain.aci_rest_managed.dhcpRsDhcpOptionPol",
            "module.aci.module.aci_bridge_domain.aci_rest_managed.fvBD",
            "module.aci.module.aci_bridge_domain.aci_rest_managed.fvRsBDToOut",
            "module.aci.module.aci_bridge_domain.aci_rest_managed.fvRsCtx",
            "module.aci.module.aci_bridge_domain.aci_rest_managed.fvRsIgmpsn",
            "module.aci.module.aci_bridge_domain.aci_rest_managed.fvSubnet",
            "module.aci.module.aci_bridge_domain.aci_rest_managed.igmpIfP",
            "module.aci.module.aci_bridge_domain.aci_rest_managed.igmpRsIfPol",
            "module.aci.module.aci_bridge_domain.aci_rest_managed.tagTag",
            "module.aci.module.aci_contract.aci_rest_managed.vzBrCP",
            "module.aci.module.aci_contract.aci_rest_managed.vzRsSubjFiltAtt",
            "module.aci.module.aci_contract.aci_rest_managed.vzRsSubjGraphAtt",
            "module.aci.module.aci_contract.aci_rest_managed.vzSubj",
            "module.aci.module.aci_dhcp_option_policy.aci_rest_managed.dhcpOption",
            "module.aci.module.aci_dhcp_option_policy.aci_rest_managed.dhcpOptionPol",
            "module.aci.module.aci_dhcp_relay_policy.aci_rest_managed.dhcpRelayP",
            "module.aci.module.aci_dhcp_relay_policy.aci_rest_managed.dhcpRsProv",
            "module.aci.module.aci_filter.aci_rest_managed.vzEntry",
            "module.aci.module.aci_filter.aci_rest_managed.vzFilter",
            "module.aci.module.aci_imported_contract.aci_rest_managed.vzCPIf",
            "module.aci.module.aci_imported_contract.aci_rest_managed.vzRsIf",
            "module.aci.module.aci_l3out.aci_rest_managed.bgpExtP",
            "module.aci.module.aci_l3out.aci_rest_managed.l3extDefaultRouteLeakP",
            "module.aci.module.aci_l3out.aci_rest_managed.l3extOut",
            "module.aci.module.aci_l3out.aci_rest_managed.l3extRsDampeningPol_ipv4",
            "module.aci.module.aci_l3out.aci_rest_managed.l3extRsDampeningPol_ipv6",
            "module.aci.module.aci_l3out.aci_rest_managed.l3extRsEctx",
            "module.aci.module.aci_l3out.aci_rest_managed.l3extRsInterleakPol",
            "module.aci.module.aci_l3out.aci_rest_managed.l3extRsL3DomAtt",
            "module.aci.module.aci_l3out.aci_rest_managed.l3extRsRedistributePol",
            "module.aci.module.aci_l3out.aci_rest_managed.ospfExtP",
            "module.aci.module.aci_l3out.aci_rest_managed.pimExtP",
            "module.aci.module.aci_l3out.aci_rest_managed.rtctrlCtxP_export",
            "module.aci.module.aci_l3out.aci_rest_managed.rtctrlCtxP_import",
            "module.aci.module.aci_l3out.aci_rest_managed.rtctrlProfile_export",
            "module.aci.module.aci_l3out.aci_rest_managed.rtctrlProfile_import",
            "module.aci.module.aci_l3out.aci_rest_managed.rtctrlRsCtxPToSubjP_export",
            "module.aci.module.aci_l3out.aci_rest_managed.rtctrlRsCtxPToSubjP_import",
            "module.aci.module.aci_l3out.aci_rest_managed.rtctrlRsScopeToAttrP_export",
            "module.aci.module.aci_l3out.aci_rest_managed.rtctrlRsScopeToAttrP_import",
            "module.aci.module.aci_l3out.aci_rest_managed.rtctrlScope_export",
            "module.aci.module.aci_l3out.aci_rest_managed.rtctrlScope_import",
            "module.aci.module.aci_match_rule.aci_rest_managed.rtctrlMatchCommFactor",
            "module.aci.module.aci_match_rule.aci_rest_managed.rtctrlMatchCommRegexTerm",
            "module.aci.module.aci_match_rule.aci_rest_managed.rtctrlMatchCommTerm",
            "module.aci.module.aci_match_rule.aci_rest_managed.rtctrlMatchRtDest",
            "module.aci.module.aci_match_rule.aci_rest_managed.rtctrlSubjP",
            "module.aci.module.aci_ospf_interface_policy.aci_rest_managed.ospfIfPol",
            "module.aci.module.aci_set_rule.aci_rest_managed.rtctrlAttrP",
            "module.aci.module.aci_set_rule.aci_rest_managed.rtctrlSetASPath",
            "module.aci.module.aci_set_rule.aci_rest_managed.rtctrlSetASPathASN",
            "module.aci.module.aci_set_rule.aci_rest_managed.rtctrlSetAddComm",
            "module.aci.module.aci_set_rule.aci_rest_managed.rtctrlSetComm",
            "module.aci.module.aci_set_rule.aci_rest_managed.rtctrlSetDamp",
            "module.aci.module.aci_set_rule.aci_rest_managed.rtctrlSetNh",
            "module.aci.module.aci_set_rule.aci_rest_managed.rtctrlSetNhUnchanged",
            "module.aci.module.aci_set_rule.aci_rest_managed.rtctrlSetPref",
            "module.aci.module.aci_set_rule.aci_rest_managed.rtctrlSetRedistMultipath",
            "module.aci.module.aci_set_rule.aci_rest_managed.rtctrlSetRtMetric",
            "module.aci.module.aci_set_rule.aci_rest_managed.rtctrlSetRtMetricType",
            "module.aci.module.aci_set_rule.aci_rest_managed.rtctrlSetTag",
            "module.aci.module.aci_set_rule.aci_rest_managed.rtctrlSetWeight",
            "module.aci.module.aci_tenant.aci_rest_managed.fvTenant",
            "module.aci.module.aci_vlan_pool.aci_rest_managed.fvnsEncapBlk",
            "module.aci.module.aci_vlan_pool.aci_rest_managed.fvnsVlanInstP",
            "module.aci.module.aci_vmware_vmm_domain.aci_rest_managed.infraRsVlanNs",
            "module.aci.module.aci_vmware_vmm_domain.aci_rest_managed.lacpEnhancedLagPol",
            "module.aci.module.aci_vmware_vmm_domain.aci_rest_managed.vmmCtrlrP",
            "module.aci.module.aci_vmware_vmm_domain.aci_rest_managed.vmmDomP",
            "module.aci.module.aci_vmware_vmm_domain.aci_rest_managed.vmmRsAcc",
            "module.aci.module.aci_vmware_vmm_domain.aci_rest_managed.vmmRsMgmtEPg",
            "module.aci.module.aci_vmware_vmm_domain.aci_rest_managed.vmmRsVswitchOverrideCdpIfPol",
            "module.aci.module.aci_vmware_vmm_domain.aci_rest_managed.vmmRsVswitchOverrideLacpPol",
            "module.aci.module.aci_vmware_vmm_domain.aci_rest_managed.vmmRsVswitchOverrideLldpIfPol",
            "module.aci.module.aci_vmware_vmm_domain.aci_rest_managed.vmmRsVswitchOverrideMtuPol",
            "module.aci.module.aci_vmware_vmm_domain.aci_rest_managed.vmmUplinkP",
            "module.aci.module.aci_vmware_vmm_domain.aci_rest_managed.vmmUplinkPCont",
            "module.aci.module.aci_vmware_vmm_domain.aci_rest_managed.vmmUsrAccP",
            "module.aci.module.aci_vmware_vmm_domain.aci_rest_managed.vmmVSwitchPolicyCont",
            "module.aci.module.aci_vrf.aci_rest_managed.bgpRtTargetP_ipv4",
            "module.aci.module.aci_vrf.aci_rest_managed.bgpRtTargetP_ipv6",
            "module.aci.module.aci_vrf.aci_rest_managed.bgpRtTarget_ipv4_export",
            "module.aci.module.aci_vrf.aci_rest_managed.bgpRtTarget_ipv4_import",
            "module.aci.module.aci_vrf.aci_rest_managed.bgpRtTarget_ipv6_export",
            "module.aci.module.aci_vrf.aci_rest_managed.bgpRtTarget_ipv6_import",
            "module.aci.module.aci_vrf.aci_rest_managed.dnsLbl",
            "module.aci.module.aci_vrf.aci_rest_managed.fvCtx",
            "module.aci.module.aci_vrf.aci_rest_managed.fvRsBgpCtxPol",
            "module.aci.module.aci_vrf.aci_rest_managed.fvRsCtxToBgpCtxAfPol_ipv4",
            "module.aci.module.aci_vrf.aci_rest_managed.fvRsCtxToBgpCtxAfPol_ipv6",
            "module.aci.module.aci_vrf.aci_rest_managed.igmpCtxP",
            "module.aci.module.aci_vrf.aci_rest_managed.igmpSSMXlateP",
            "module.aci.module.aci_vrf.aci_rest_managed.leakExternalPrefix",
            "module.aci.module.aci_vrf.aci_rest_managed.leakInternalSubnet",
            "module.aci.module.aci_vrf.aci_rest_managed.leakRoutes",
            "module.aci.module.aci_vrf.aci_rest_managed.leakTo_external",
            "module.aci.module.aci_vrf.aci_rest_managed.leakTo_internal",
            "module.aci.module.aci_vrf.aci_rest_managed.pimASMPatPol",
            "module.aci.module.aci_vrf.aci_rest_managed.pimAutoRPPol",
            "module.aci.module.aci_vrf.aci_rest_managed.pimBSRFilterPol",
            "module.aci.module.aci_vrf.aci_rest_managed.pimBSRPPol",
            "module.aci.module.aci_vrf.aci_rest_managed.pimCtxP",
            "module.aci.module.aci_vrf.aci_rest_managed.pimFabricRPPol",
            "module.aci.module.aci_vrf.aci_rest_managed.pimInterVRFEntryPol",
            "module.aci.module.aci_vrf.aci_rest_managed.pimInterVRFPol",
            "module.aci.module.aci_vrf.aci_rest_managed.pimMAFilterPol",
            "module.aci.module.aci_vrf.aci_rest_managed.pimRPGrpRangePol_fabric_rp",
            "module.aci.module.aci_vrf.aci_rest_managed.pimRPGrpRangePol_static_rp",
            "module.aci.module.aci_vrf.aci_rest_managed.pimRegTrPol",
            "module.aci.module.aci_vrf.aci_rest_managed.pimResPol",
            "module.aci.module.aci_vrf.aci_rest_managed.pimSGRangeExpPol",
            "module.aci.module.aci_vrf.aci_rest_managed.pimSSMPatPol",
            "module.aci.module.aci_vrf.aci_rest_managed.pimSSMRangePol",
            "module.aci.module.aci_vrf.aci_rest_managed.pimSharedRangePol",
            "module.aci.module.aci_vrf.aci_rest_managed.pimStaticRPEntryPol_fabric_rp",
            "module.aci.module.aci_vrf.aci_rest_managed.pimStaticRPEntryPol_static_rp",
            "module.aci.module.aci_vrf.aci_rest_managed.pimStaticRPPol",
            "module.aci.module.aci_vrf.aci_rest_managed.rtdmcRsFilterToRtMapPol_asm_sg_expiry",
            "module.aci.module.aci_vrf.aci_rest_managed.rtdmcRsFilterToRtMapPol_asm_shared",
            "module.aci.module.aci_vrf.aci_rest_managed.rtdmcRsFilterToRtMapPol_auto_rp",
            "module.aci.module.aci_vrf.aci_rest_managed.rtdmcRsFilterToRtMapPol_bsr",
            "module.aci.module.aci_vrf.aci_rest_managed.rtdmcRsFilterToRtMapPol_fabric_rp",
            "module.aci.module.aci_vrf.aci_rest_managed.rtdmcRsFilterToRtMapPol_pim_inter_vrf",
            "module.aci.module.aci_vrf.aci_rest_managed.rtdmcRsFilterToRtMapPol_ssm_range",
            "module.aci.module.aci_vrf.aci_rest_managed.rtdmcRsFilterToRtMapPol_static_rp",
            "module.aci.module.aci_vrf.aci_rest_managed.vzAny",
            "module.aci.module.aci_vrf.aci_rest_managed.vzRsAnyToCons",
            "module.aci.module.aci_vrf.aci_rest_managed.vzRsAnyToConsIf",
            "module.aci.module.aci_vrf.aci_rest_managed.vzRsAnyToProv"
          ]
        }
      ]
    },
    {
      "module": "module.aci.module.aci_endpoint_group[\"adossant/network-segments/192.168.72.0_24\"]",
      "mode": "managed",
      "type": "aci_rest_managed",
      "name": "fvRsBd",
      "provider": "provider[\"registry.terraform.io/ciscodevnet/aci\"]",
      "instances": [
        {
          "schema_version": 0,
          "attributes": {
            "child": [],
            "class_name": "fvRsBd",
            "content": {
              "tnFvBDName": "192.168.72.0_24",
              "userdom": "all"
            },
            "dn": "uni/tn-adossant/ap-network-segments/epg-192.168.72.0_24/rsbd",
            "id": "uni/tn-adossant/ap-network-segments/epg-192.168.72.0_24/rsbd"
          },
          "sensitive_attributes": [],
          "private": "bnVsbA==",
          "dependencies": [
            "module.aci.data.utils_yaml_merge.defaults",
            "module.aci.data.utils_yaml_merge.model",
            "module.aci.module.aci_application_profile.aci_rest_managed.fvAp",
            "module.aci.module.aci_bfd_interface_policy.aci_rest_managed.bfdIfPol",
            "module.aci.module.aci_bgp_timer_policy.aci_rest_managed.bgpCtxPol",
            "module.aci.module.aci_bridge_domain.aci_rest_managed.dhcpLbl",
            "module.aci.module.aci_bridge_domain.aci_rest_managed.dhcpRsDhcpOptionPol",
            "module.aci.module.aci_bridge_domain.aci_rest_managed.fvBD",
            "module.aci.module.aci_bridge_domain.aci_rest_managed.fvRsBDToOut",
            "module.aci.module.aci_bridge_domain.aci_rest_managed.fvRsCtx",
            "module.aci.module.aci_bridge_domain.aci_rest_managed.fvRsIgmpsn",
            "module.aci.module.aci_bridge_domain.aci_rest_managed.fvSubnet",
            "module.aci.module.aci_bridge_domain.aci_rest_managed.igmpIfP",
            "module.aci.module.aci_bridge_domain.aci_rest_managed.igmpRsIfPol",
            "module.aci.module.aci_bridge_domain.aci_rest_managed.tagTag",
            "module.aci.module.aci_contract.aci_rest_managed.vzBrCP",
            "module.aci.module.aci_contract.aci_rest_managed.vzRsSubjFiltAtt",
            "module.aci.module.aci_contract.aci_rest_managed.vzRsSubjGraphAtt",
            "module.aci.module.aci_contract.aci_rest_managed.vzSubj",
            "module.aci.module.aci_dhcp_option_policy.aci_rest_managed.dhcpOption",
            "module.aci.module.aci_dhcp_option_policy.aci_rest_managed.dhcpOptionPol",
            "module.aci.module.aci_dhcp_relay_policy.aci_rest_managed.dhcpRelayP",
            "module.aci.module.aci_dhcp_relay_policy.aci_rest_managed.dhcpRsProv",
            "module.aci.module.aci_endpoint_group.aci_rest_managed.fvAEPg",
            "module.aci.module.aci_filter.aci_rest_managed.vzEntry",
            "module.aci.module.aci_filter.aci_rest_managed.vzFilter",
            "module.aci.module.aci_imported_contract.aci_rest_managed.vzCPIf",
            "module.aci.module.aci_imported_contract.aci_rest_managed.vzRsIf",
            "module.aci.module.aci_l3out.aci_rest_managed.bgpExtP",
            "module.aci.module.aci_l3out.aci_rest_managed.l3extDefaultRouteLeakP",
            "module.aci.module.aci_l3out.aci_rest_managed.l3extOut",
            "module.aci.module.aci_l3out.aci_rest_managed.l3extRsDampeningPol_ipv4",
            "module.aci.module.aci_l3out.aci_rest_managed.l3extRsDampeningPol_ipv6",
            "module.aci.module.aci_l3out.aci_rest_managed.l3extRsEctx",
            "module.aci.module.aci_l3out.aci_rest_managed.l3extRsInterleakPol",
            "module.aci.module.aci_l3out.aci_rest_managed.l3extRsL3DomAtt",
            "module.aci.module.aci_l3out.aci_rest_managed.l3extRsRedistributePol",
            "module.aci.module.aci_l3out.aci_rest_managed.ospfExtP",
            "module.aci.module.aci_l3out.aci_rest_managed.pimExtP",
            "module.aci.module.aci_l3out.aci_rest_managed.rtctrlCtxP_export",
            "module.aci.module.aci_l3out.aci_rest_managed.rtctrlCtxP_import",
            "module.aci.module.aci_l3out.aci_rest_managed.rtctrlProfile_export",
            "module.aci.module.aci_l3out.aci_rest_managed.rtctrlProfile_import",
            "module.aci.module.aci_l3out.aci_rest_managed.rtctrlRsCtxPToSubjP_export",
            "module.aci.module.aci_l3out.aci_rest_managed.rtctrlRsCtxPToSubjP_import",
            "module.aci.module.aci_l3out.aci_rest_managed.rtctrlRsScopeToAttrP_export",
            "module.aci.module.aci_l3out.aci_rest_managed.rtctrlRsScopeToAttrP_import",
            "module.aci.module.aci_l3out.aci_rest_managed.rtctrlScope_export",
            "module.aci.module.aci_l3out.aci_rest_managed.rtctrlScope_import",
            "module.aci.module.aci_match_rule.aci_rest_managed.rtctrlMatchCommFactor",
            "module.aci.module.aci_match_rule.aci_rest_managed.rtctrlMatchCommRegexTerm",
            "module.aci.module.aci_match_rule.aci_rest_managed.rtctrlMatchCommTerm",
            "module.aci.module.aci_match_rule.aci_rest_managed.rtctrlMatchRtDest",
            "module.aci.module.aci_match_rule.aci_rest_managed.rtctrlSubjP",
            "module.aci.module.aci_ospf_interface_policy.aci_rest_managed.ospfIfPol",
            "module.aci.module.aci_set_rule.aci_rest_managed.rtctrlAttrP",
            "module.aci.module.aci_set_rule.aci_rest_managed.rtctrlSetASPath",
            "module.aci.module.aci_set_rule.aci_rest_managed.rtctrlSetASPathASN",
            "module.aci.module.aci_set_rule.aci_rest_managed.rtctrlSetAddComm",
            "module.aci.module.aci_set_rule.aci_rest_managed.rtctrlSetComm",
            "module.aci.module.aci_set_rule.aci_rest_managed.rtctrlSetDamp",
            "module.aci.module.aci_set_rule.aci_rest_managed.rtctrlSetNh",
            "module.aci.module.aci_set_rule.aci_rest_managed.rtctrlSetNhUnchanged",
            "module.aci.module.aci_set_rule.aci_rest_managed.rtctrlSetPref",
            "module.aci.module.aci_set_rule.aci_rest_managed.rtctrlSetRedistMultipath",
            "module.aci.module.aci_set_rule.aci_rest_managed.rtctrlSetRtMetric",
            "module.aci.module.aci_set_rule.aci_rest_managed.rtctrlSetRtMetricType",
            "module.aci.module.aci_set_rule.aci_rest_managed.rtctrlSetTag",
            "module.aci.module.aci_set_rule.aci_rest_managed.rtctrlSetWeight",
            "module.aci.module.aci_tenant.aci_rest_managed.fvTenant",
            "module.aci.module.aci_vlan_pool.aci_rest_managed.fvnsEncapBlk",
            "module.aci.module.aci_vlan_pool.aci_rest_managed.fvnsVlanInstP",
            "module.aci.module.aci_vmware_vmm_domain.aci_rest_managed.infraRsVlanNs",
            "module.aci.module.aci_vmware_vmm_domain.aci_rest_managed.lacpEnhancedLagPol",
            "module.aci.module.aci_vmware_vmm_domain.aci_rest_managed.vmmCtrlrP",
            "module.aci.module.aci_vmware_vmm_domain.aci_rest_managed.vmmDomP",
            "module.aci.module.aci_vmware_vmm_domain.aci_rest_managed.vmmRsAcc",
            "module.aci.module.aci_vmware_vmm_domain.aci_rest_managed.vmmRsMgmtEPg",
            "module.aci.module.aci_vmware_vmm_domain.aci_rest_managed.vmmRsVswitchOverrideCdpIfPol",
            "module.aci.module.aci_vmware_vmm_domain.aci_rest_managed.vmmRsVswitchOverrideLacpPol",
            "module.aci.module.aci_vmware_vmm_domain.aci_rest_managed.vmmRsVswitchOverrideLldpIfPol",
            "module.aci.module.aci_vmware_vmm_domain.aci_rest_managed.vmmRsVswitchOverrideMtuPol",
            "module.aci.module.aci_vmware_vmm_domain.aci_rest_managed.vmmUplinkP",
            "module.aci.module.aci_vmware_vmm_domain.aci_rest_managed.vmmUplinkPCont",
            "module.aci.module.aci_vmware_vmm_domain.aci_rest_managed.vmmUsrAccP",
            "module.aci.module.aci_vmware_vmm_domain.aci_rest_managed.vmmVSwitchPolicyCont",
            "module.aci.module.aci_vrf.aci_rest_managed.bgpRtTargetP_ipv4",
            "module.aci.module.aci_vrf.aci_rest_managed.bgpRtTargetP_ipv6",
            "module.aci.module.aci_vrf.aci_rest_managed.bgpRtTarget_ipv4_export",
            "module.aci.module.aci_vrf.aci_rest_managed.bgpRtTarget_ipv4_import",
            "module.aci.module.aci_vrf.aci_rest_managed.bgpRtTarget_ipv6_export",
            "module.aci.module.aci_vrf.aci_rest_managed.bgpRtTarget_ipv6_import",
            "module.aci.module.aci_vrf.aci_rest_managed.dnsLbl",
            "module.aci.module.aci_vrf.aci_rest_managed.fvCtx",
            "module.aci.module.aci_vrf.aci_rest_managed.fvRsBgpCtxPol",
            "module.aci.module.aci_vrf.aci_rest_managed.fvRsCtxToBgpCtxAfPol_ipv4",
            "module.aci.module.aci_vrf.aci_rest_managed.fvRsCtxToBgpCtxAfPol_ipv6",
            "module.aci.module.aci_vrf.aci_rest_managed.igmpCtxP",
            "module.aci.module.aci_vrf.aci_rest_managed.igmpSSMXlateP",
            "module.aci.module.aci_vrf.aci_rest_managed.leakExternalPrefix",
            "module.aci.module.aci_vrf.aci_rest_managed.leakInternalSubnet",
            "module.aci.module.aci_vrf.aci_rest_managed.leakRoutes",
            "module.aci.module.aci_vrf.aci_rest_managed.leakTo_external",
            "module.aci.module.aci_vrf.aci_rest_managed.leakTo_internal",
            "module.aci.module.aci_vrf.aci_rest_managed.pimASMPatPol",
            "module.aci.module.aci_vrf.aci_rest_managed.pimAutoRPPol",
            "module.aci.module.aci_vrf.aci_rest_managed.pimBSRFilterPol",
            "module.aci.module.aci_vrf.aci_rest_managed.pimBSRPPol",
            "module.aci.module.aci_vrf.aci_rest_managed.pimCtxP",
            "module.aci.module.aci_vrf.aci_rest_managed.pimFabricRPPol",
            "module.aci.module.aci_vrf.aci_rest_managed.pimInterVRFEntryPol",
            "module.aci.module.aci_vrf.aci_rest_managed.pimInterVRFPol",
            "module.aci.module.aci_vrf.aci_rest_managed.pimMAFilterPol",
            "module.aci.module.aci_vrf.aci_rest_managed.pimRPGrpRangePol_fabric_rp",
            "module.aci.module.aci_vrf.aci_rest_managed.pimRPGrpRangePol_static_rp",
            "module.aci.module.aci_vrf.aci_rest_managed.pimRegTrPol",
            "module.aci.module.aci_vrf.aci_rest_managed.pimResPol",
            "module.aci.module.aci_vrf.aci_rest_managed.pimSGRangeExpPol",
            "module.aci.module.aci_vrf.aci_rest_managed.pimSSMPatPol",
            "module.aci.module.aci_vrf.aci_rest_managed.pimSSMRangePol",
            "module.aci.module.aci_vrf.aci_rest_managed.pimSharedRangePol",
            "module.aci.module.aci_vrf.aci_rest_managed.pimStaticRPEntryPol_fabric_rp",
            "module.aci.module.aci_vrf.aci_rest_managed.pimStaticRPEntryPol_static_rp",
            "module.aci.module.aci_vrf.aci_rest_managed.pimStaticRPPol",
            "module.aci.module.aci_vrf.aci_rest_managed.rtdmcRsFilterToRtMapPol_asm_sg_expiry",
            "module.aci.module.aci_vrf.aci_rest_managed.rtdmcRsFilterToRtMapPol_asm_shared",
            "module.aci.module.aci_vrf.aci_rest_managed.rtdmcRsFilterToRtMapPol_auto_rp",
            "module.aci.module.aci_vrf.aci_rest_managed.rtdmcRsFilterToRtMapPol_bsr",
            "module.aci.module.aci_vrf.aci_rest_managed.rtdmcRsFilterToRtMapPol_fabric_rp",
            "module.aci.module.aci_vrf.aci_rest_managed.rtdmcRsFilterToRtMapPol_pim_inter_vrf",
            "module.aci.module.aci_vrf.aci_rest_managed.rtdmcRsFilterToRtMapPol_ssm_range",
            "module.aci.module.aci_vrf.aci_rest_managed.rtdmcRsFilterToRtMapPol_static_rp",
            "module.aci.module.aci_vrf.aci_rest_managed.vzAny",
            "module.aci.module.aci_vrf.aci_rest_managed.vzRsAnyToCons",
            "module.aci.module.aci_vrf.aci_rest_managed.vzRsAnyToConsIf",
            "module.aci.module.aci_vrf.aci_rest_managed.vzRsAnyToProv"
          ]
        }
      ]
    },
    {
      "module": "module.aci.module.aci_endpoint_group[\"adossant/network-segments/192.168.72.0_24\"]",
      "mode": "managed",
      "type": "aci_rest_managed",
      "name": "fvRsDomAtt_vmm",
      "provider": "provider[\"registry.terraform.io/ciscodevnet/aci\"]",
      "instances": [
        {
          "index_key": "ucsc-c220m5-vds-01",
          "schema_version": 0,
          "attributes": {
            "child": [],
            "class_name": "fvRsDomAtt",
            "content": {
              "bindingType": "none",
              "classPref": "useg",
              "customEpgName": "",
              "delimiter": "",
              "encap": "unknown",
              "encapMode": "auto",
              "epgCos": "Cos0",
              "epgCosPref": "disabled",
              "instrImedcy": "immediate",
              "lagPolicyName": "",
              "netflowDir": "both",
              "netflowPref": "disabled",
              "numPorts": "0",
              "portAllocation": "none",
              "primaryEncap": "unknown",
              "primaryEncapInner": "unknown",
              "resImedcy": "immediate",
              "secondaryEncapInner": "unknown",
              "switchingMode": "native",
              "tDn": "uni/vmmp-VMware/dom-ucsc-c220m5-vds-01",
              "untagged": "no",
              "userdom": ":all:common:",
              "vnetOnly": "no"
            },
            "dn": "uni/tn-adossant/ap-network-segments/epg-192.168.72.0_24/rsdomAtt-[uni/vmmp-VMware/dom-ucsc-c220m5-vds-01]",
            "id": "uni/tn-adossant/ap-network-segments/epg-192.168.72.0_24/rsdomAtt-[uni/vmmp-VMware/dom-ucsc-c220m5-vds-01]"
          },
          "sensitive_attributes": [],
          "private": "bnVsbA==",
          "dependencies": [
            "module.aci.data.utils_yaml_merge.defaults",
            "module.aci.data.utils_yaml_merge.model",
            "module.aci.module.aci_application_profile.aci_rest_managed.fvAp",
            "module.aci.module.aci_bfd_interface_policy.aci_rest_managed.bfdIfPol",
            "module.aci.module.aci_bgp_timer_policy.aci_rest_managed.bgpCtxPol",
            "module.aci.module.aci_bridge_domain.aci_rest_managed.dhcpLbl",
            "module.aci.module.aci_bridge_domain.aci_rest_managed.dhcpRsDhcpOptionPol",
            "module.aci.module.aci_bridge_domain.aci_rest_managed.fvBD",
            "module.aci.module.aci_bridge_domain.aci_rest_managed.fvRsBDToOut",
            "module.aci.module.aci_bridge_domain.aci_rest_managed.fvRsCtx",
            "module.aci.module.aci_bridge_domain.aci_rest_managed.fvRsIgmpsn",
            "module.aci.module.aci_bridge_domain.aci_rest_managed.fvSubnet",
            "module.aci.module.aci_bridge_domain.aci_rest_managed.igmpIfP",
            "module.aci.module.aci_bridge_domain.aci_rest_managed.igmpRsIfPol",
            "module.aci.module.aci_bridge_domain.aci_rest_managed.tagTag",
            "module.aci.module.aci_contract.aci_rest_managed.vzBrCP",
            "module.aci.module.aci_contract.aci_rest_managed.vzRsSubjFiltAtt",
            "module.aci.module.aci_contract.aci_rest_managed.vzRsSubjGraphAtt",
            "module.aci.module.aci_contract.aci_rest_managed.vzSubj",
            "module.aci.module.aci_dhcp_option_policy.aci_rest_managed.dhcpOption",
            "module.aci.module.aci_dhcp_option_policy.aci_rest_managed.dhcpOptionPol",
            "module.aci.module.aci_dhcp_relay_policy.aci_rest_managed.dhcpRelayP",
            "module.aci.module.aci_dhcp_relay_policy.aci_rest_managed.dhcpRsProv",
            "module.aci.module.aci_endpoint_group.aci_rest_managed.fvAEPg",
            "module.aci.module.aci_filter.aci_rest_managed.vzEntry",
            "module.aci.module.aci_filter.aci_rest_managed.vzFilter",
            "module.aci.module.aci_imported_contract.aci_rest_managed.vzCPIf",
            "module.aci.module.aci_imported_contract.aci_rest_managed.vzRsIf",
            "module.aci.module.aci_l3out.aci_rest_managed.bgpExtP",
            "module.aci.module.aci_l3out.aci_rest_managed.l3extDefaultRouteLeakP",
            "module.aci.module.aci_l3out.aci_rest_managed.l3extOut",
            "module.aci.module.aci_l3out.aci_rest_managed.l3extRsDampeningPol_ipv4",
            "module.aci.module.aci_l3out.aci_rest_managed.l3extRsDampeningPol_ipv6",
            "module.aci.module.aci_l3out.aci_rest_managed.l3extRsEctx",
            "module.aci.module.aci_l3out.aci_rest_managed.l3extRsInterleakPol",
            "module.aci.module.aci_l3out.aci_rest_managed.l3extRsL3DomAtt",
            "module.aci.module.aci_l3out.aci_rest_managed.l3extRsRedistributePol",
            "module.aci.module.aci_l3out.aci_rest_managed.ospfExtP",
            "module.aci.module.aci_l3out.aci_rest_managed.pimExtP",
            "module.aci.module.aci_l3out.aci_rest_managed.rtctrlCtxP_export",
            "module.aci.module.aci_l3out.aci_rest_managed.rtctrlCtxP_import",
            "module.aci.module.aci_l3out.aci_rest_managed.rtctrlProfile_export",
            "module.aci.module.aci_l3out.aci_rest_managed.rtctrlProfile_import",
            "module.aci.module.aci_l3out.aci_rest_managed.rtctrlRsCtxPToSubjP_export",
            "module.aci.module.aci_l3out.aci_rest_managed.rtctrlRsCtxPToSubjP_import",
            "module.aci.module.aci_l3out.aci_rest_managed.rtctrlRsScopeToAttrP_export",
            "module.aci.module.aci_l3out.aci_rest_managed.rtctrlRsScopeToAttrP_import",
            "module.aci.module.aci_l3out.aci_rest_managed.rtctrlScope_export",
            "module.aci.module.aci_l3out.aci_rest_managed.rtctrlScope_import",
            "module.aci.module.aci_match_rule.aci_rest_managed.rtctrlMatchCommFactor",
            "module.aci.module.aci_match_rule.aci_rest_managed.rtctrlMatchCommRegexTerm",
            "module.aci.module.aci_match_rule.aci_rest_managed.rtctrlMatchCommTerm",
            "module.aci.module.aci_match_rule.aci_rest_managed.rtctrlMatchRtDest",
            "module.aci.module.aci_match_rule.aci_rest_managed.rtctrlSubjP",
            "module.aci.module.aci_ospf_interface_policy.aci_rest_managed.ospfIfPol",
            "module.aci.module.aci_set_rule.aci_rest_managed.rtctrlAttrP",
            "module.aci.module.aci_set_rule.aci_rest_managed.rtctrlSetASPath",
            "module.aci.module.aci_set_rule.aci_rest_managed.rtctrlSetASPathASN",
            "module.aci.module.aci_set_rule.aci_rest_managed.rtctrlSetAddComm",
            "module.aci.module.aci_set_rule.aci_rest_managed.rtctrlSetComm",
            "module.aci.module.aci_set_rule.aci_rest_managed.rtctrlSetDamp",
            "module.aci.module.aci_set_rule.aci_rest_managed.rtctrlSetNh",
            "module.aci.module.aci_set_rule.aci_rest_managed.rtctrlSetNhUnchanged",
            "module.aci.module.aci_set_rule.aci_rest_managed.rtctrlSetPref",
            "module.aci.module.aci_set_rule.aci_rest_managed.rtctrlSetRedistMultipath",
            "module.aci.module.aci_set_rule.aci_rest_managed.rtctrlSetRtMetric",
            "module.aci.module.aci_set_rule.aci_rest_managed.rtctrlSetRtMetricType",
            "module.aci.module.aci_set_rule.aci_rest_managed.rtctrlSetTag",
            "module.aci.module.aci_set_rule.aci_rest_managed.rtctrlSetWeight",
            "module.aci.module.aci_tenant.aci_rest_managed.fvTenant",
            "module.aci.module.aci_vlan_pool.aci_rest_managed.fvnsEncapBlk",
            "module.aci.module.aci_vlan_pool.aci_rest_managed.fvnsVlanInstP",
            "module.aci.module.aci_vmware_vmm_domain.aci_rest_managed.infraRsVlanNs",
            "module.aci.module.aci_vmware_vmm_domain.aci_rest_managed.lacpEnhancedLagPol",
            "module.aci.module.aci_vmware_vmm_domain.aci_rest_managed.vmmCtrlrP",
            "module.aci.module.aci_vmware_vmm_domain.aci_rest_managed.vmmDomP",
            "module.aci.module.aci_vmware_vmm_domain.aci_rest_managed.vmmRsAcc",
            "module.aci.module.aci_vmware_vmm_domain.aci_rest_managed.vmmRsMgmtEPg",
            "module.aci.module.aci_vmware_vmm_domain.aci_rest_managed.vmmRsVswitchOverrideCdpIfPol",
            "module.aci.module.aci_vmware_vmm_domain.aci_rest_managed.vmmRsVswitchOverrideLacpPol",
            "module.aci.module.aci_vmware_vmm_domain.aci_rest_managed.vmmRsVswitchOverrideLldpIfPol",
            "module.aci.module.aci_vmware_vmm_domain.aci_rest_managed.vmmRsVswitchOverrideMtuPol",
            "module.aci.module.aci_vmware_vmm_domain.aci_rest_managed.vmmUplinkP",
            "module.aci.module.aci_vmware_vmm_domain.aci_rest_managed.vmmUplinkPCont",
            "module.aci.module.aci_vmware_vmm_domain.aci_rest_managed.vmmUsrAccP",
            "module.aci.module.aci_vmware_vmm_domain.aci_rest_managed.vmmVSwitchPolicyCont",
            "module.aci.module.aci_vrf.aci_rest_managed.bgpRtTargetP_ipv4",
            "module.aci.module.aci_vrf.aci_rest_managed.bgpRtTargetP_ipv6",
            "module.aci.module.aci_vrf.aci_rest_managed.bgpRtTarget_ipv4_export",
            "module.aci.module.aci_vrf.aci_rest_managed.bgpRtTarget_ipv4_import",
            "module.aci.module.aci_vrf.aci_rest_managed.bgpRtTarget_ipv6_export",
            "module.aci.module.aci_vrf.aci_rest_managed.bgpRtTarget_ipv6_import",
            "module.aci.module.aci_vrf.aci_rest_managed.dnsLbl",
            "module.aci.module.aci_vrf.aci_rest_managed.fvCtx",
            "module.aci.module.aci_vrf.aci_rest_managed.fvRsBgpCtxPol",
            "module.aci.module.aci_vrf.aci_rest_managed.fvRsCtxToBgpCtxAfPol_ipv4",
            "module.aci.module.aci_vrf.aci_rest_managed.fvRsCtxToBgpCtxAfPol_ipv6",
            "module.aci.module.aci_vrf.aci_rest_managed.igmpCtxP",
            "module.aci.module.aci_vrf.aci_rest_managed.igmpSSMXlateP",
            "module.aci.module.aci_vrf.aci_rest_managed.leakExternalPrefix",
            "module.aci.module.aci_vrf.aci_rest_managed.leakInternalSubnet",
            "module.aci.module.aci_vrf.aci_rest_managed.leakRoutes",
            "module.aci.module.aci_vrf.aci_rest_managed.leakTo_external",
            "module.aci.module.aci_vrf.aci_rest_managed.leakTo_internal",
            "module.aci.module.aci_vrf.aci_rest_managed.pimASMPatPol",
            "module.aci.module.aci_vrf.aci_rest_managed.pimAutoRPPol",
            "module.aci.module.aci_vrf.aci_rest_managed.pimBSRFilterPol",
            "module.aci.module.aci_vrf.aci_rest_managed.pimBSRPPol",
            "module.aci.module.aci_vrf.aci_rest_managed.pimCtxP",
            "module.aci.module.aci_vrf.aci_rest_managed.pimFabricRPPol",
            "module.aci.module.aci_vrf.aci_rest_managed.pimInterVRFEntryPol",
            "module.aci.module.aci_vrf.aci_rest_managed.pimInterVRFPol",
            "module.aci.module.aci_vrf.aci_rest_managed.pimMAFilterPol",
            "module.aci.module.aci_vrf.aci_rest_managed.pimRPGrpRangePol_fabric_rp",
            "module.aci.module.aci_vrf.aci_rest_managed.pimRPGrpRangePol_static_rp",
            "module.aci.module.aci_vrf.aci_rest_managed.pimRegTrPol",
            "module.aci.module.aci_vrf.aci_rest_managed.pimResPol",
            "module.aci.module.aci_vrf.aci_rest_managed.pimSGRangeExpPol",
            "module.aci.module.aci_vrf.aci_rest_managed.pimSSMPatPol",
            "module.aci.module.aci_vrf.aci_rest_managed.pimSSMRangePol",
            "module.aci.module.aci_vrf.aci_rest_managed.pimSharedRangePol",
            "module.aci.module.aci_vrf.aci_rest_managed.pimStaticRPEntryPol_fabric_rp",
            "module.aci.module.aci_vrf.aci_rest_managed.pimStaticRPEntryPol_static_rp",
            "module.aci.module.aci_vrf.aci_rest_managed.pimStaticRPPol",
            "module.aci.module.aci_vrf.aci_rest_managed.rtdmcRsFilterToRtMapPol_asm_sg_expiry",
            "module.aci.module.aci_vrf.aci_rest_managed.rtdmcRsFilterToRtMapPol_asm_shared",
            "module.aci.module.aci_vrf.aci_rest_managed.rtdmcRsFilterToRtMapPol_auto_rp",
            "module.aci.module.aci_vrf.aci_rest_managed.rtdmcRsFilterToRtMapPol_bsr",
            "module.aci.module.aci_vrf.aci_rest_managed.rtdmcRsFilterToRtMapPol_fabric_rp",
            "module.aci.module.aci_vrf.aci_rest_managed.rtdmcRsFilterToRtMapPol_pim_inter_vrf",
            "module.aci.module.aci_vrf.aci_rest_managed.rtdmcRsFilterToRtMapPol_ssm_range",
            "module.aci.module.aci_vrf.aci_rest_managed.rtdmcRsFilterToRtMapPol_static_rp",
            "module.aci.module.aci_vrf.aci_rest_managed.vzAny",
            "module.aci.module.aci_vrf.aci_rest_managed.vzRsAnyToCons",
            "module.aci.module.aci_vrf.aci_rest_managed.vzRsAnyToConsIf",
            "module.aci.module.aci_vrf.aci_rest_managed.vzRsAnyToProv"
          ]
        }
      ]
    },
    {
      "module": "module.aci.module.aci_endpoint_group[\"adossant/network-segments/192.168.72.0_24\"]",
      "mode": "managed",
      "type": "aci_rest_managed",
      "name": "vmmSecP",
      "provider": "provider[\"registry.terraform.io/ciscodevnet/aci\"]",
      "instances": [
        {
          "index_key": "ucsc-c220m5-vds-01",
          "schema_version": 0,
          "attributes": {
            "child": [],
            "class_name": "vmmSecP",
            "content": {
              "allowPromiscuous": "reject",
              "descr": "",
              "forgedTransmits": "reject",
              "macChanges": "reject",
              "name": "",
              "nameAlias": "",
              "ownerKey": "",
              "ownerTag": "",
              "userdom": ":all:common:"
            },
            "dn": "uni/tn-adossant/ap-network-segments/epg-192.168.72.0_24/rsdomAtt-[uni/vmmp-VMware/dom-ucsc-c220m5-vds-01]/sec",
            "id": "uni/tn-adossant/ap-network-segments/epg-192.168.72.0_24/rsdomAtt-[uni/vmmp-VMware/dom-ucsc-c220m5-vds-01]/sec"
          },
          "sensitive_attributes": [],
          "private": "bnVsbA==",
          "dependencies": [
            "module.aci.data.utils_yaml_merge.defaults",
            "module.aci.data.utils_yaml_merge.model",
            "module.aci.module.aci_application_profile.aci_rest_managed.fvAp",
            "module.aci.module.aci_bfd_interface_policy.aci_rest_managed.bfdIfPol",
            "module.aci.module.aci_bgp_timer_policy.aci_rest_managed.bgpCtxPol",
            "module.aci.module.aci_bridge_domain.aci_rest_managed.dhcpLbl",
            "module.aci.module.aci_bridge_domain.aci_rest_managed.dhcpRsDhcpOptionPol",
            "module.aci.module.aci_bridge_domain.aci_rest_managed.fvBD",
            "module.aci.module.aci_bridge_domain.aci_rest_managed.fvRsBDToOut",
            "module.aci.module.aci_bridge_domain.aci_rest_managed.fvRsCtx",
            "module.aci.module.aci_bridge_domain.aci_rest_managed.fvRsIgmpsn",
            "module.aci.module.aci_bridge_domain.aci_rest_managed.fvSubnet",
            "module.aci.module.aci_bridge_domain.aci_rest_managed.igmpIfP",
            "module.aci.module.aci_bridge_domain.aci_rest_managed.igmpRsIfPol",
            "module.aci.module.aci_bridge_domain.aci_rest_managed.tagTag",
            "module.aci.module.aci_contract.aci_rest_managed.vzBrCP",
            "module.aci.module.aci_contract.aci_rest_managed.vzRsSubjFiltAtt",
            "module.aci.module.aci_contract.aci_rest_managed.vzRsSubjGraphAtt",
            "module.aci.module.aci_contract.aci_rest_managed.vzSubj",
            "module.aci.module.aci_dhcp_option_policy.aci_rest_managed.dhcpOption",
            "module.aci.module.aci_dhcp_option_policy.aci_rest_managed.dhcpOptionPol",
            "module.aci.module.aci_dhcp_relay_policy.aci_rest_managed.dhcpRelayP",
            "module.aci.module.aci_dhcp_relay_policy.aci_rest_managed.dhcpRsProv",
            "module.aci.module.aci_endpoint_group.aci_rest_managed.fvAEPg",
            "module.aci.module.aci_endpoint_group.aci_rest_managed.fvRsDomAtt_vmm",
            "module.aci.module.aci_filter.aci_rest_managed.vzEntry",
            "module.aci.module.aci_filter.aci_rest_managed.vzFilter",
            "module.aci.module.aci_imported_contract.aci_rest_managed.vzCPIf",
            "module.aci.module.aci_imported_contract.aci_rest_managed.vzRsIf",
            "module.aci.module.aci_l3out.aci_rest_managed.bgpExtP",
            "module.aci.module.aci_l3out.aci_rest_managed.l3extDefaultRouteLeakP",
            "module.aci.module.aci_l3out.aci_rest_managed.l3extOut",
            "module.aci.module.aci_l3out.aci_rest_managed.l3extRsDampeningPol_ipv4",
            "module.aci.module.aci_l3out.aci_rest_managed.l3extRsDampeningPol_ipv6",
            "module.aci.module.aci_l3out.aci_rest_managed.l3extRsEctx",
            "module.aci.module.aci_l3out.aci_rest_managed.l3extRsInterleakPol",
            "module.aci.module.aci_l3out.aci_rest_managed.l3extRsL3DomAtt",
            "module.aci.module.aci_l3out.aci_rest_managed.l3extRsRedistributePol",
            "module.aci.module.aci_l3out.aci_rest_managed.ospfExtP",
            "module.aci.module.aci_l3out.aci_rest_managed.pimExtP",
            "module.aci.module.aci_l3out.aci_rest_managed.rtctrlCtxP_export",
            "module.aci.module.aci_l3out.aci_rest_managed.rtctrlCtxP_import",
            "module.aci.module.aci_l3out.aci_rest_managed.rtctrlProfile_export",
            "module.aci.module.aci_l3out.aci_rest_managed.rtctrlProfile_import",
            "module.aci.module.aci_l3out.aci_rest_managed.rtctrlRsCtxPToSubjP_export",
            "module.aci.module.aci_l3out.aci_rest_managed.rtctrlRsCtxPToSubjP_import",
            "module.aci.module.aci_l3out.aci_rest_managed.rtctrlRsScopeToAttrP_export",
            "module.aci.module.aci_l3out.aci_rest_managed.rtctrlRsScopeToAttrP_import",
            "module.aci.module.aci_l3out.aci_rest_managed.rtctrlScope_export",
            "module.aci.module.aci_l3out.aci_rest_managed.rtctrlScope_import",
            "module.aci.module.aci_match_rule.aci_rest_managed.rtctrlMatchCommFactor",
            "module.aci.module.aci_match_rule.aci_rest_managed.rtctrlMatchCommRegexTerm",
            "module.aci.module.aci_match_rule.aci_rest_managed.rtctrlMatchCommTerm",
            "module.aci.module.aci_match_rule.aci_rest_managed.rtctrlMatchRtDest",
            "module.aci.module.aci_match_rule.aci_rest_managed.rtctrlSubjP",
            "module.aci.module.aci_ospf_interface_policy.aci_rest_managed.ospfIfPol",
            "module.aci.module.aci_set_rule.aci_rest_managed.rtctrlAttrP",
            "module.aci.module.aci_set_rule.aci_rest_managed.rtctrlSetASPath",
            "module.aci.module.aci_set_rule.aci_rest_managed.rtctrlSetASPathASN",
            "module.aci.module.aci_set_rule.aci_rest_managed.rtctrlSetAddComm",
            "module.aci.module.aci_set_rule.aci_rest_managed.rtctrlSetComm",
            "module.aci.module.aci_set_rule.aci_rest_managed.rtctrlSetDamp",
            "module.aci.module.aci_set_rule.aci_rest_managed.rtctrlSetNh",
            "module.aci.module.aci_set_rule.aci_rest_managed.rtctrlSetNhUnchanged",
            "module.aci.module.aci_set_rule.aci_rest_managed.rtctrlSetPref",
            "module.aci.module.aci_set_rule.aci_rest_managed.rtctrlSetRedistMultipath",
            "module.aci.module.aci_set_rule.aci_rest_managed.rtctrlSetRtMetric",
            "module.aci.module.aci_set_rule.aci_rest_managed.rtctrlSetRtMetricType",
            "module.aci.module.aci_set_rule.aci_rest_managed.rtctrlSetTag",
            "module.aci.module.aci_set_rule.aci_rest_managed.rtctrlSetWeight",
            "module.aci.module.aci_tenant.aci_rest_managed.fvTenant",
            "module.aci.module.aci_vlan_pool.aci_rest_managed.fvnsEncapBlk",
            "module.aci.module.aci_vlan_pool.aci_rest_managed.fvnsVlanInstP",
            "module.aci.module.aci_vmware_vmm_domain.aci_rest_managed.infraRsVlanNs",
            "module.aci.module.aci_vmware_vmm_domain.aci_rest_managed.lacpEnhancedLagPol",
            "module.aci.module.aci_vmware_vmm_domain.aci_rest_managed.vmmCtrlrP",
            "module.aci.module.aci_vmware_vmm_domain.aci_rest_managed.vmmDomP",
            "module.aci.module.aci_vmware_vmm_domain.aci_rest_managed.vmmRsAcc",
            "module.aci.module.aci_vmware_vmm_domain.aci_rest_managed.vmmRsMgmtEPg",
            "module.aci.module.aci_vmware_vmm_domain.aci_rest_managed.vmmRsVswitchOverrideCdpIfPol",
            "module.aci.module.aci_vmware_vmm_domain.aci_rest_managed.vmmRsVswitchOverrideLacpPol",
            "module.aci.module.aci_vmware_vmm_domain.aci_rest_managed.vmmRsVswitchOverrideLldpIfPol",
            "module.aci.module.aci_vmware_vmm_domain.aci_rest_managed.vmmRsVswitchOverrideMtuPol",
            "module.aci.module.aci_vmware_vmm_domain.aci_rest_managed.vmmUplinkP",
            "module.aci.module.aci_vmware_vmm_domain.aci_rest_managed.vmmUplinkPCont",
            "module.aci.module.aci_vmware_vmm_domain.aci_rest_managed.vmmUsrAccP",
            "module.aci.module.aci_vmware_vmm_domain.aci_rest_managed.vmmVSwitchPolicyCont",
            "module.aci.module.aci_vrf.aci_rest_managed.bgpRtTargetP_ipv4",
            "module.aci.module.aci_vrf.aci_rest_managed.bgpRtTargetP_ipv6",
            "module.aci.module.aci_vrf.aci_rest_managed.bgpRtTarget_ipv4_export",
            "module.aci.module.aci_vrf.aci_rest_managed.bgpRtTarget_ipv4_import",
            "module.aci.module.aci_vrf.aci_rest_managed.bgpRtTarget_ipv6_export",
            "module.aci.module.aci_vrf.aci_rest_managed.bgpRtTarget_ipv6_import",
            "module.aci.module.aci_vrf.aci_rest_managed.dnsLbl",
            "module.aci.module.aci_vrf.aci_rest_managed.fvCtx",
            "module.aci.module.aci_vrf.aci_rest_managed.fvRsBgpCtxPol",
            "module.aci.module.aci_vrf.aci_rest_managed.fvRsCtxToBgpCtxAfPol_ipv4",
            "module.aci.module.aci_vrf.aci_rest_managed.fvRsCtxToBgpCtxAfPol_ipv6",
            "module.aci.module.aci_vrf.aci_rest_managed.igmpCtxP",
            "module.aci.module.aci_vrf.aci_rest_managed.igmpSSMXlateP",
            "module.aci.module.aci_vrf.aci_rest_managed.leakExternalPrefix",
            "module.aci.module.aci_vrf.aci_rest_managed.leakInternalSubnet",
            "module.aci.module.aci_vrf.aci_rest_managed.leakRoutes",
            "module.aci.module.aci_vrf.aci_rest_managed.leakTo_external",
            "module.aci.module.aci_vrf.aci_rest_managed.leakTo_internal",
            "module.aci.module.aci_vrf.aci_rest_managed.pimASMPatPol",
            "module.aci.module.aci_vrf.aci_rest_managed.pimAutoRPPol",
            "module.aci.module.aci_vrf.aci_rest_managed.pimBSRFilterPol",
            "module.aci.module.aci_vrf.aci_rest_managed.pimBSRPPol",
            "module.aci.module.aci_vrf.aci_rest_managed.pimCtxP",
            "module.aci.module.aci_vrf.aci_rest_managed.pimFabricRPPol",
            "module.aci.module.aci_vrf.aci_rest_managed.pimInterVRFEntryPol",
            "module.aci.module.aci_vrf.aci_rest_managed.pimInterVRFPol",
            "module.aci.module.aci_vrf.aci_rest_managed.pimMAFilterPol",
            "module.aci.module.aci_vrf.aci_rest_managed.pimRPGrpRangePol_fabric_rp",
            "module.aci.module.aci_vrf.aci_rest_managed.pimRPGrpRangePol_static_rp",
            "module.aci.module.aci_vrf.aci_rest_managed.pimRegTrPol",
            "module.aci.module.aci_vrf.aci_rest_managed.pimResPol",
            "module.aci.module.aci_vrf.aci_rest_managed.pimSGRangeExpPol",
            "module.aci.module.aci_vrf.aci_rest_managed.pimSSMPatPol",
            "module.aci.module.aci_vrf.aci_rest_managed.pimSSMRangePol",
            "module.aci.module.aci_vrf.aci_rest_managed.pimSharedRangePol",
            "module.aci.module.aci_vrf.aci_rest_managed.pimStaticRPEntryPol_fabric_rp",
            "module.aci.module.aci_vrf.aci_rest_managed.pimStaticRPEntryPol_static_rp",
            "module.aci.module.aci_vrf.aci_rest_managed.pimStaticRPPol",
            "module.aci.module.aci_vrf.aci_rest_managed.rtdmcRsFilterToRtMapPol_asm_sg_expiry",
            "module.aci.module.aci_vrf.aci_rest_managed.rtdmcRsFilterToRtMapPol_asm_shared",
            "module.aci.module.aci_vrf.aci_rest_managed.rtdmcRsFilterToRtMapPol_auto_rp",
            "module.aci.module.aci_vrf.aci_rest_managed.rtdmcRsFilterToRtMapPol_bsr",
            "module.aci.module.aci_vrf.aci_rest_managed.rtdmcRsFilterToRtMapPol_fabric_rp",
            "module.aci.module.aci_vrf.aci_rest_managed.rtdmcRsFilterToRtMapPol_pim_inter_vrf",
            "module.aci.module.aci_vrf.aci_rest_managed.rtdmcRsFilterToRtMapPol_ssm_range",
            "module.aci.module.aci_vrf.aci_rest_managed.rtdmcRsFilterToRtMapPol_static_rp",
            "module.aci.module.aci_vrf.aci_rest_managed.vzAny",
            "module.aci.module.aci_vrf.aci_rest_managed.vzRsAnyToCons",
            "module.aci.module.aci_vrf.aci_rest_managed.vzRsAnyToConsIf",
            "module.aci.module.aci_vrf.aci_rest_managed.vzRsAnyToProv"
          ]
        }
      ]
    },
    {
      "module": "module.aci.module.aci_endpoint_group[\"adossant/network-segments/192.168.73.0_24\"]",
      "mode": "managed",
      "type": "aci_rest_managed",
      "name": "fvAEPg",
      "provider": "provider[\"registry.terraform.io/ciscodevnet/aci\"]",
      "instances": [
        {
          "schema_version": 0,
          "attributes": {
            "child": [],
            "class_name": "fvAEPg",
            "content": {
              "descr": "",
              "exceptionTag": "",
              "floodOnEncap": "disabled",
              "fwdCtrl": "",
              "hasMcastSource": "no",
              "isAttrBasedEPg": "no",
              "matchT": "AtleastOne",
              "name": "192.168.73.0_24",
              "nameAlias": "",
              "pcEnfPref": "unenforced",
              "prefGrMemb": "exclude",
              "prio": "unspecified",
              "shutdown": "no",
              "userdom": ":all:common:"
            },
            "dn": "uni/tn-adossant/ap-network-segments/epg-192.168.73.0_24",
            "id": "uni/tn-adossant/ap-network-segments/epg-192.168.73.0_24"
          },
          "sensitive_attributes": [],
          "private": "bnVsbA==",
          "dependencies": [
            "module.aci.data.utils_yaml_merge.defaults",
            "module.aci.data.utils_yaml_merge.model",
            "module.aci.module.aci_application_profile.aci_rest_managed.fvAp",
            "module.aci.module.aci_bfd_interface_policy.aci_rest_managed.bfdIfPol",
            "module.aci.module.aci_bgp_timer_policy.aci_rest_managed.bgpCtxPol",
            "module.aci.module.aci_bridge_domain.aci_rest_managed.dhcpLbl",
            "module.aci.module.aci_bridge_domain.aci_rest_managed.dhcpRsDhcpOptionPol",
            "module.aci.module.aci_bridge_domain.aci_rest_managed.fvBD",
            "module.aci.module.aci_bridge_domain.aci_rest_managed.fvRsBDToOut",
            "module.aci.module.aci_bridge_domain.aci_rest_managed.fvRsCtx",
            "module.aci.module.aci_bridge_domain.aci_rest_managed.fvRsIgmpsn",
            "module.aci.module.aci_bridge_domain.aci_rest_managed.fvSubnet",
            "module.aci.module.aci_bridge_domain.aci_rest_managed.igmpIfP",
            "module.aci.module.aci_bridge_domain.aci_rest_managed.igmpRsIfPol",
            "module.aci.module.aci_bridge_domain.aci_rest_managed.tagTag",
            "module.aci.module.aci_contract.aci_rest_managed.vzBrCP",
            "module.aci.module.aci_contract.aci_rest_managed.vzRsSubjFiltAtt",
            "module.aci.module.aci_contract.aci_rest_managed.vzRsSubjGraphAtt",
            "module.aci.module.aci_contract.aci_rest_managed.vzSubj",
            "module.aci.module.aci_dhcp_option_policy.aci_rest_managed.dhcpOption",
            "module.aci.module.aci_dhcp_option_policy.aci_rest_managed.dhcpOptionPol",
            "module.aci.module.aci_dhcp_relay_policy.aci_rest_managed.dhcpRelayP",
            "module.aci.module.aci_dhcp_relay_policy.aci_rest_managed.dhcpRsProv",
            "module.aci.module.aci_filter.aci_rest_managed.vzEntry",
            "module.aci.module.aci_filter.aci_rest_managed.vzFilter",
            "module.aci.module.aci_imported_contract.aci_rest_managed.vzCPIf",
            "module.aci.module.aci_imported_contract.aci_rest_managed.vzRsIf",
            "module.aci.module.aci_l3out.aci_rest_managed.bgpExtP",
            "module.aci.module.aci_l3out.aci_rest_managed.l3extDefaultRouteLeakP",
            "module.aci.module.aci_l3out.aci_rest_managed.l3extOut",
            "module.aci.module.aci_l3out.aci_rest_managed.l3extRsDampeningPol_ipv4",
            "module.aci.module.aci_l3out.aci_rest_managed.l3extRsDampeningPol_ipv6",
            "module.aci.module.aci_l3out.aci_rest_managed.l3extRsEctx",
            "module.aci.module.aci_l3out.aci_rest_managed.l3extRsInterleakPol",
            "module.aci.module.aci_l3out.aci_rest_managed.l3extRsL3DomAtt",
            "module.aci.module.aci_l3out.aci_rest_managed.l3extRsRedistributePol",
            "module.aci.module.aci_l3out.aci_rest_managed.ospfExtP",
            "module.aci.module.aci_l3out.aci_rest_managed.pimExtP",
            "module.aci.module.aci_l3out.aci_rest_managed.rtctrlCtxP_export",
            "module.aci.module.aci_l3out.aci_rest_managed.rtctrlCtxP_import",
            "module.aci.module.aci_l3out.aci_rest_managed.rtctrlProfile_export",
            "module.aci.module.aci_l3out.aci_rest_managed.rtctrlProfile_import",
            "module.aci.module.aci_l3out.aci_rest_managed.rtctrlRsCtxPToSubjP_export",
            "module.aci.module.aci_l3out.aci_rest_managed.rtctrlRsCtxPToSubjP_import",
            "module.aci.module.aci_l3out.aci_rest_managed.rtctrlRsScopeToAttrP_export",
            "module.aci.module.aci_l3out.aci_rest_managed.rtctrlRsScopeToAttrP_import",
            "module.aci.module.aci_l3out.aci_rest_managed.rtctrlScope_export",
            "module.aci.module.aci_l3out.aci_rest_managed.rtctrlScope_import",
            "module.aci.module.aci_match_rule.aci_rest_managed.rtctrlMatchCommFactor",
            "module.aci.module.aci_match_rule.aci_rest_managed.rtctrlMatchCommRegexTerm",
            "module.aci.module.aci_match_rule.aci_rest_managed.rtctrlMatchCommTerm",
            "module.aci.module.aci_match_rule.aci_rest_managed.rtctrlMatchRtDest",
            "module.aci.module.aci_match_rule.aci_rest_managed.rtctrlSubjP",
            "module.aci.module.aci_ospf_interface_policy.aci_rest_managed.ospfIfPol",
            "module.aci.module.aci_set_rule.aci_rest_managed.rtctrlAttrP",
            "module.aci.module.aci_set_rule.aci_rest_managed.rtctrlSetASPath",
            "module.aci.module.aci_set_rule.aci_rest_managed.rtctrlSetASPathASN",
            "module.aci.module.aci_set_rule.aci_rest_managed.rtctrlSetAddComm",
            "module.aci.module.aci_set_rule.aci_rest_managed.rtctrlSetComm",
            "module.aci.module.aci_set_rule.aci_rest_managed.rtctrlSetDamp",
            "module.aci.module.aci_set_rule.aci_rest_managed.rtctrlSetNh",
            "module.aci.module.aci_set_rule.aci_rest_managed.rtctrlSetNhUnchanged",
            "module.aci.module.aci_set_rule.aci_rest_managed.rtctrlSetPref",
            "module.aci.module.aci_set_rule.aci_rest_managed.rtctrlSetRedistMultipath",
            "module.aci.module.aci_set_rule.aci_rest_managed.rtctrlSetRtMetric",
            "module.aci.module.aci_set_rule.aci_rest_managed.rtctrlSetRtMetricType",
            "module.aci.module.aci_set_rule.aci_rest_managed.rtctrlSetTag",
            "module.aci.module.aci_set_rule.aci_rest_managed.rtctrlSetWeight",
            "module.aci.module.aci_tenant.aci_rest_managed.fvTenant",
            "module.aci.module.aci_vlan_pool.aci_rest_managed.fvnsEncapBlk",
            "module.aci.module.aci_vlan_pool.aci_rest_managed.fvnsVlanInstP",
            "module.aci.module.aci_vmware_vmm_domain.aci_rest_managed.infraRsVlanNs",
            "module.aci.module.aci_vmware_vmm_domain.aci_rest_managed.lacpEnhancedLagPol",
            "module.aci.module.aci_vmware_vmm_domain.aci_rest_managed.vmmCtrlrP",
            "module.aci.module.aci_vmware_vmm_domain.aci_rest_managed.vmmDomP",
            "module.aci.module.aci_vmware_vmm_domain.aci_rest_managed.vmmRsAcc",
            "module.aci.module.aci_vmware_vmm_domain.aci_rest_managed.vmmRsMgmtEPg",
            "module.aci.module.aci_vmware_vmm_domain.aci_rest_managed.vmmRsVswitchOverrideCdpIfPol",
            "module.aci.module.aci_vmware_vmm_domain.aci_rest_managed.vmmRsVswitchOverrideLacpPol",
            "module.aci.module.aci_vmware_vmm_domain.aci_rest_managed.vmmRsVswitchOverrideLldpIfPol",
            "module.aci.module.aci_vmware_vmm_domain.aci_rest_managed.vmmRsVswitchOverrideMtuPol",
            "module.aci.module.aci_vmware_vmm_domain.aci_rest_managed.vmmUplinkP",
            "module.aci.module.aci_vmware_vmm_domain.aci_rest_managed.vmmUplinkPCont",
            "module.aci.module.aci_vmware_vmm_domain.aci_rest_managed.vmmUsrAccP",
            "module.aci.module.aci_vmware_vmm_domain.aci_rest_managed.vmmVSwitchPolicyCont",
            "module.aci.module.aci_vrf.aci_rest_managed.bgpRtTargetP_ipv4",
            "module.aci.module.aci_vrf.aci_rest_managed.bgpRtTargetP_ipv6",
            "module.aci.module.aci_vrf.aci_rest_managed.bgpRtTarget_ipv4_export",
            "module.aci.module.aci_vrf.aci_rest_managed.bgpRtTarget_ipv4_import",
            "module.aci.module.aci_vrf.aci_rest_managed.bgpRtTarget_ipv6_export",
            "module.aci.module.aci_vrf.aci_rest_managed.bgpRtTarget_ipv6_import",
            "module.aci.module.aci_vrf.aci_rest_managed.dnsLbl",
            "module.aci.module.aci_vrf.aci_rest_managed.fvCtx",
            "module.aci.module.aci_vrf.aci_rest_managed.fvRsBgpCtxPol",
            "module.aci.module.aci_vrf.aci_rest_managed.fvRsCtxToBgpCtxAfPol_ipv4",
            "module.aci.module.aci_vrf.aci_rest_managed.fvRsCtxToBgpCtxAfPol_ipv6",
            "module.aci.module.aci_vrf.aci_rest_managed.igmpCtxP",
            "module.aci.module.aci_vrf.aci_rest_managed.igmpSSMXlateP",
            "module.aci.module.aci_vrf.aci_rest_managed.leakExternalPrefix",
            "module.aci.module.aci_vrf.aci_rest_managed.leakInternalSubnet",
            "module.aci.module.aci_vrf.aci_rest_managed.leakRoutes",
            "module.aci.module.aci_vrf.aci_rest_managed.leakTo_external",
            "module.aci.module.aci_vrf.aci_rest_managed.leakTo_internal",
            "module.aci.module.aci_vrf.aci_rest_managed.pimASMPatPol",
            "module.aci.module.aci_vrf.aci_rest_managed.pimAutoRPPol",
            "module.aci.module.aci_vrf.aci_rest_managed.pimBSRFilterPol",
            "module.aci.module.aci_vrf.aci_rest_managed.pimBSRPPol",
            "module.aci.module.aci_vrf.aci_rest_managed.pimCtxP",
            "module.aci.module.aci_vrf.aci_rest_managed.pimFabricRPPol",
            "module.aci.module.aci_vrf.aci_rest_managed.pimInterVRFEntryPol",
            "module.aci.module.aci_vrf.aci_rest_managed.pimInterVRFPol",
            "module.aci.module.aci_vrf.aci_rest_managed.pimMAFilterPol",
            "module.aci.module.aci_vrf.aci_rest_managed.pimRPGrpRangePol_fabric_rp",
            "module.aci.module.aci_vrf.aci_rest_managed.pimRPGrpRangePol_static_rp",
            "module.aci.module.aci_vrf.aci_rest_managed.pimRegTrPol",
            "module.aci.module.aci_vrf.aci_rest_managed.pimResPol",
            "module.aci.module.aci_vrf.aci_rest_managed.pimSGRangeExpPol",
            "module.aci.module.aci_vrf.aci_rest_managed.pimSSMPatPol",
            "module.aci.module.aci_vrf.aci_rest_managed.pimSSMRangePol",
            "module.aci.module.aci_vrf.aci_rest_managed.pimSharedRangePol",
            "module.aci.module.aci_vrf.aci_rest_managed.pimStaticRPEntryPol_fabric_rp",
            "module.aci.module.aci_vrf.aci_rest_managed.pimStaticRPEntryPol_static_rp",
            "module.aci.module.aci_vrf.aci_rest_managed.pimStaticRPPol",
            "module.aci.module.aci_vrf.aci_rest_managed.rtdmcRsFilterToRtMapPol_asm_sg_expiry",
            "module.aci.module.aci_vrf.aci_rest_managed.rtdmcRsFilterToRtMapPol_asm_shared",
            "module.aci.module.aci_vrf.aci_rest_managed.rtdmcRsFilterToRtMapPol_auto_rp",
            "module.aci.module.aci_vrf.aci_rest_managed.rtdmcRsFilterToRtMapPol_bsr",
            "module.aci.module.aci_vrf.aci_rest_managed.rtdmcRsFilterToRtMapPol_fabric_rp",
            "module.aci.module.aci_vrf.aci_rest_managed.rtdmcRsFilterToRtMapPol_pim_inter_vrf",
            "module.aci.module.aci_vrf.aci_rest_managed.rtdmcRsFilterToRtMapPol_ssm_range",
            "module.aci.module.aci_vrf.aci_rest_managed.rtdmcRsFilterToRtMapPol_static_rp",
            "module.aci.module.aci_vrf.aci_rest_managed.vzAny",
            "module.aci.module.aci_vrf.aci_rest_managed.vzRsAnyToCons",
            "module.aci.module.aci_vrf.aci_rest_managed.vzRsAnyToConsIf",
            "module.aci.module.aci_vrf.aci_rest_managed.vzRsAnyToProv"
          ]
        }
      ]
    },
    {
      "module": "module.aci.module.aci_endpoint_group[\"adossant/network-segments/192.168.73.0_24\"]",
      "mode": "managed",
      "type": "aci_rest_managed",
      "name": "fvRsBd",
      "provider": "provider[\"registry.terraform.io/ciscodevnet/aci\"]",
      "instances": [
        {
          "schema_version": 0,
          "attributes": {
            "child": [],
            "class_name": "fvRsBd",
            "content": {
              "tnFvBDName": "192.168.73.0_24",
              "userdom": "all"
            },
            "dn": "uni/tn-adossant/ap-network-segments/epg-192.168.73.0_24/rsbd",
            "id": "uni/tn-adossant/ap-network-segments/epg-192.168.73.0_24/rsbd"
          },
          "sensitive_attributes": [],
          "private": "bnVsbA==",
          "dependencies": [
            "module.aci.data.utils_yaml_merge.defaults",
            "module.aci.data.utils_yaml_merge.model",
            "module.aci.module.aci_application_profile.aci_rest_managed.fvAp",
            "module.aci.module.aci_bfd_interface_policy.aci_rest_managed.bfdIfPol",
            "module.aci.module.aci_bgp_timer_policy.aci_rest_managed.bgpCtxPol",
            "module.aci.module.aci_bridge_domain.aci_rest_managed.dhcpLbl",
            "module.aci.module.aci_bridge_domain.aci_rest_managed.dhcpRsDhcpOptionPol",
            "module.aci.module.aci_bridge_domain.aci_rest_managed.fvBD",
            "module.aci.module.aci_bridge_domain.aci_rest_managed.fvRsBDToOut",
            "module.aci.module.aci_bridge_domain.aci_rest_managed.fvRsCtx",
            "module.aci.module.aci_bridge_domain.aci_rest_managed.fvRsIgmpsn",
            "module.aci.module.aci_bridge_domain.aci_rest_managed.fvSubnet",
            "module.aci.module.aci_bridge_domain.aci_rest_managed.igmpIfP",
            "module.aci.module.aci_bridge_domain.aci_rest_managed.igmpRsIfPol",
            "module.aci.module.aci_bridge_domain.aci_rest_managed.tagTag",
            "module.aci.module.aci_contract.aci_rest_managed.vzBrCP",
            "module.aci.module.aci_contract.aci_rest_managed.vzRsSubjFiltAtt",
            "module.aci.module.aci_contract.aci_rest_managed.vzRsSubjGraphAtt",
            "module.aci.module.aci_contract.aci_rest_managed.vzSubj",
            "module.aci.module.aci_dhcp_option_policy.aci_rest_managed.dhcpOption",
            "module.aci.module.aci_dhcp_option_policy.aci_rest_managed.dhcpOptionPol",
            "module.aci.module.aci_dhcp_relay_policy.aci_rest_managed.dhcpRelayP",
            "module.aci.module.aci_dhcp_relay_policy.aci_rest_managed.dhcpRsProv",
            "module.aci.module.aci_endpoint_group.aci_rest_managed.fvAEPg",
            "module.aci.module.aci_filter.aci_rest_managed.vzEntry",
            "module.aci.module.aci_filter.aci_rest_managed.vzFilter",
            "module.aci.module.aci_imported_contract.aci_rest_managed.vzCPIf",
            "module.aci.module.aci_imported_contract.aci_rest_managed.vzRsIf",
            "module.aci.module.aci_l3out.aci_rest_managed.bgpExtP",
            "module.aci.module.aci_l3out.aci_rest_managed.l3extDefaultRouteLeakP",
            "module.aci.module.aci_l3out.aci_rest_managed.l3extOut",
            "module.aci.module.aci_l3out.aci_rest_managed.l3extRsDampeningPol_ipv4",
            "module.aci.module.aci_l3out.aci_rest_managed.l3extRsDampeningPol_ipv6",
            "module.aci.module.aci_l3out.aci_rest_managed.l3extRsEctx",
            "module.aci.module.aci_l3out.aci_rest_managed.l3extRsInterleakPol",
            "module.aci.module.aci_l3out.aci_rest_managed.l3extRsL3DomAtt",
            "module.aci.module.aci_l3out.aci_rest_managed.l3extRsRedistributePol",
            "module.aci.module.aci_l3out.aci_rest_managed.ospfExtP",
            "module.aci.module.aci_l3out.aci_rest_managed.pimExtP",
            "module.aci.module.aci_l3out.aci_rest_managed.rtctrlCtxP_export",
            "module.aci.module.aci_l3out.aci_rest_managed.rtctrlCtxP_import",
            "module.aci.module.aci_l3out.aci_rest_managed.rtctrlProfile_export",
            "module.aci.module.aci_l3out.aci_rest_managed.rtctrlProfile_import",
            "module.aci.module.aci_l3out.aci_rest_managed.rtctrlRsCtxPToSubjP_export",
            "module.aci.module.aci_l3out.aci_rest_managed.rtctrlRsCtxPToSubjP_import",
            "module.aci.module.aci_l3out.aci_rest_managed.rtctrlRsScopeToAttrP_export",
            "module.aci.module.aci_l3out.aci_rest_managed.rtctrlRsScopeToAttrP_import",
            "module.aci.module.aci_l3out.aci_rest_managed.rtctrlScope_export",
            "module.aci.module.aci_l3out.aci_rest_managed.rtctrlScope_import",
            "module.aci.module.aci_match_rule.aci_rest_managed.rtctrlMatchCommFactor",
            "module.aci.module.aci_match_rule.aci_rest_managed.rtctrlMatchCommRegexTerm",
            "module.aci.module.aci_match_rule.aci_rest_managed.rtctrlMatchCommTerm",
            "module.aci.module.aci_match_rule.aci_rest_managed.rtctrlMatchRtDest",
            "module.aci.module.aci_match_rule.aci_rest_managed.rtctrlSubjP",
            "module.aci.module.aci_ospf_interface_policy.aci_rest_managed.ospfIfPol",
            "module.aci.module.aci_set_rule.aci_rest_managed.rtctrlAttrP",
            "module.aci.module.aci_set_rule.aci_rest_managed.rtctrlSetASPath",
            "module.aci.module.aci_set_rule.aci_rest_managed.rtctrlSetASPathASN",
            "module.aci.module.aci_set_rule.aci_rest_managed.rtctrlSetAddComm",
            "module.aci.module.aci_set_rule.aci_rest_managed.rtctrlSetComm",
            "module.aci.module.aci_set_rule.aci_rest_managed.rtctrlSetDamp",
            "module.aci.module.aci_set_rule.aci_rest_managed.rtctrlSetNh",
            "module.aci.module.aci_set_rule.aci_rest_managed.rtctrlSetNhUnchanged",
            "module.aci.module.aci_set_rule.aci_rest_managed.rtctrlSetPref",
            "module.aci.module.aci_set_rule.aci_rest_managed.rtctrlSetRedistMultipath",
            "module.aci.module.aci_set_rule.aci_rest_managed.rtctrlSetRtMetric",
            "module.aci.module.aci_set_rule.aci_rest_managed.rtctrlSetRtMetricType",
            "module.aci.module.aci_set_rule.aci_rest_managed.rtctrlSetTag",
            "module.aci.module.aci_set_rule.aci_rest_managed.rtctrlSetWeight",
            "module.aci.module.aci_tenant.aci_rest_managed.fvTenant",
            "module.aci.module.aci_vlan_pool.aci_rest_managed.fvnsEncapBlk",
            "module.aci.module.aci_vlan_pool.aci_rest_managed.fvnsVlanInstP",
            "module.aci.module.aci_vmware_vmm_domain.aci_rest_managed.infraRsVlanNs",
            "module.aci.module.aci_vmware_vmm_domain.aci_rest_managed.lacpEnhancedLagPol",
            "module.aci.module.aci_vmware_vmm_domain.aci_rest_managed.vmmCtrlrP",
            "module.aci.module.aci_vmware_vmm_domain.aci_rest_managed.vmmDomP",
            "module.aci.module.aci_vmware_vmm_domain.aci_rest_managed.vmmRsAcc",
            "module.aci.module.aci_vmware_vmm_domain.aci_rest_managed.vmmRsMgmtEPg",
            "module.aci.module.aci_vmware_vmm_domain.aci_rest_managed.vmmRsVswitchOverrideCdpIfPol",
            "module.aci.module.aci_vmware_vmm_domain.aci_rest_managed.vmmRsVswitchOverrideLacpPol",
            "module.aci.module.aci_vmware_vmm_domain.aci_rest_managed.vmmRsVswitchOverrideLldpIfPol",
            "module.aci.module.aci_vmware_vmm_domain.aci_rest_managed.vmmRsVswitchOverrideMtuPol",
            "module.aci.module.aci_vmware_vmm_domain.aci_rest_managed.vmmUplinkP",
            "module.aci.module.aci_vmware_vmm_domain.aci_rest_managed.vmmUplinkPCont",
            "module.aci.module.aci_vmware_vmm_domain.aci_rest_managed.vmmUsrAccP",
            "module.aci.module.aci_vmware_vmm_domain.aci_rest_managed.vmmVSwitchPolicyCont",
            "module.aci.module.aci_vrf.aci_rest_managed.bgpRtTargetP_ipv4",
            "module.aci.module.aci_vrf.aci_rest_managed.bgpRtTargetP_ipv6",
            "module.aci.module.aci_vrf.aci_rest_managed.bgpRtTarget_ipv4_export",
            "module.aci.module.aci_vrf.aci_rest_managed.bgpRtTarget_ipv4_import",
            "module.aci.module.aci_vrf.aci_rest_managed.bgpRtTarget_ipv6_export",
            "module.aci.module.aci_vrf.aci_rest_managed.bgpRtTarget_ipv6_import",
            "module.aci.module.aci_vrf.aci_rest_managed.dnsLbl",
            "module.aci.module.aci_vrf.aci_rest_managed.fvCtx",
            "module.aci.module.aci_vrf.aci_rest_managed.fvRsBgpCtxPol",
            "module.aci.module.aci_vrf.aci_rest_managed.fvRsCtxToBgpCtxAfPol_ipv4",
            "module.aci.module.aci_vrf.aci_rest_managed.fvRsCtxToBgpCtxAfPol_ipv6",
            "module.aci.module.aci_vrf.aci_rest_managed.igmpCtxP",
            "module.aci.module.aci_vrf.aci_rest_managed.igmpSSMXlateP",
            "module.aci.module.aci_vrf.aci_rest_managed.leakExternalPrefix",
            "module.aci.module.aci_vrf.aci_rest_managed.leakInternalSubnet",
            "module.aci.module.aci_vrf.aci_rest_managed.leakRoutes",
            "module.aci.module.aci_vrf.aci_rest_managed.leakTo_external",
            "module.aci.module.aci_vrf.aci_rest_managed.leakTo_internal",
            "module.aci.module.aci_vrf.aci_rest_managed.pimASMPatPol",
            "module.aci.module.aci_vrf.aci_rest_managed.pimAutoRPPol",
            "module.aci.module.aci_vrf.aci_rest_managed.pimBSRFilterPol",
            "module.aci.module.aci_vrf.aci_rest_managed.pimBSRPPol",
            "module.aci.module.aci_vrf.aci_rest_managed.pimCtxP",
            "module.aci.module.aci_vrf.aci_rest_managed.pimFabricRPPol",
            "module.aci.module.aci_vrf.aci_rest_managed.pimInterVRFEntryPol",
            "module.aci.module.aci_vrf.aci_rest_managed.pimInterVRFPol",
            "module.aci.module.aci_vrf.aci_rest_managed.pimMAFilterPol",
            "module.aci.module.aci_vrf.aci_rest_managed.pimRPGrpRangePol_fabric_rp",
            "module.aci.module.aci_vrf.aci_rest_managed.pimRPGrpRangePol_static_rp",
            "module.aci.module.aci_vrf.aci_rest_managed.pimRegTrPol",
            "module.aci.module.aci_vrf.aci_rest_managed.pimResPol",
            "module.aci.module.aci_vrf.aci_rest_managed.pimSGRangeExpPol",
            "module.aci.module.aci_vrf.aci_rest_managed.pimSSMPatPol",
            "module.aci.module.aci_vrf.aci_rest_managed.pimSSMRangePol",
            "module.aci.module.aci_vrf.aci_rest_managed.pimSharedRangePol",
            "module.aci.module.aci_vrf.aci_rest_managed.pimStaticRPEntryPol_fabric_rp",
            "module.aci.module.aci_vrf.aci_rest_managed.pimStaticRPEntryPol_static_rp",
            "module.aci.module.aci_vrf.aci_rest_managed.pimStaticRPPol",
            "module.aci.module.aci_vrf.aci_rest_managed.rtdmcRsFilterToRtMapPol_asm_sg_expiry",
            "module.aci.module.aci_vrf.aci_rest_managed.rtdmcRsFilterToRtMapPol_asm_shared",
            "module.aci.module.aci_vrf.aci_rest_managed.rtdmcRsFilterToRtMapPol_auto_rp",
            "module.aci.module.aci_vrf.aci_rest_managed.rtdmcRsFilterToRtMapPol_bsr",
            "module.aci.module.aci_vrf.aci_rest_managed.rtdmcRsFilterToRtMapPol_fabric_rp",
            "module.aci.module.aci_vrf.aci_rest_managed.rtdmcRsFilterToRtMapPol_pim_inter_vrf",
            "module.aci.module.aci_vrf.aci_rest_managed.rtdmcRsFilterToRtMapPol_ssm_range",
            "module.aci.module.aci_vrf.aci_rest_managed.rtdmcRsFilterToRtMapPol_static_rp",
            "module.aci.module.aci_vrf.aci_rest_managed.vzAny",
            "module.aci.module.aci_vrf.aci_rest_managed.vzRsAnyToCons",
            "module.aci.module.aci_vrf.aci_rest_managed.vzRsAnyToConsIf",
            "module.aci.module.aci_vrf.aci_rest_managed.vzRsAnyToProv"
          ]
        }
      ]
    },
    {
      "module": "module.aci.module.aci_endpoint_group[\"adossant/network-segments/192.168.73.0_24\"]",
      "mode": "managed",
      "type": "aci_rest_managed",
      "name": "fvRsDomAtt_vmm",
      "provider": "provider[\"registry.terraform.io/ciscodevnet/aci\"]",
      "instances": [
        {
          "index_key": "ucsc-c220m5-vds-01",
          "schema_version": 0,
          "attributes": {
            "child": [],
            "class_name": "fvRsDomAtt",
            "content": {
              "bindingType": "none",
              "classPref": "useg",
              "customEpgName": "",
              "delimiter": "",
              "encap": "unknown",
              "encapMode": "auto",
              "epgCos": "Cos0",
              "epgCosPref": "disabled",
              "instrImedcy": "immediate",
              "lagPolicyName": "",
              "netflowDir": "both",
              "netflowPref": "disabled",
              "numPorts": "0",
              "portAllocation": "none",
              "primaryEncap": "unknown",
              "primaryEncapInner": "unknown",
              "resImedcy": "immediate",
              "secondaryEncapInner": "unknown",
              "switchingMode": "native",
              "tDn": "uni/vmmp-VMware/dom-ucsc-c220m5-vds-01",
              "untagged": "no",
              "userdom": ":all:common:",
              "vnetOnly": "no"
            },
            "dn": "uni/tn-adossant/ap-network-segments/epg-192.168.73.0_24/rsdomAtt-[uni/vmmp-VMware/dom-ucsc-c220m5-vds-01]",
            "id": "uni/tn-adossant/ap-network-segments/epg-192.168.73.0_24/rsdomAtt-[uni/vmmp-VMware/dom-ucsc-c220m5-vds-01]"
          },
          "sensitive_attributes": [],
          "private": "bnVsbA==",
          "dependencies": [
            "module.aci.data.utils_yaml_merge.defaults",
            "module.aci.data.utils_yaml_merge.model",
            "module.aci.module.aci_application_profile.aci_rest_managed.fvAp",
            "module.aci.module.aci_bfd_interface_policy.aci_rest_managed.bfdIfPol",
            "module.aci.module.aci_bgp_timer_policy.aci_rest_managed.bgpCtxPol",
            "module.aci.module.aci_bridge_domain.aci_rest_managed.dhcpLbl",
            "module.aci.module.aci_bridge_domain.aci_rest_managed.dhcpRsDhcpOptionPol",
            "module.aci.module.aci_bridge_domain.aci_rest_managed.fvBD",
            "module.aci.module.aci_bridge_domain.aci_rest_managed.fvRsBDToOut",
            "module.aci.module.aci_bridge_domain.aci_rest_managed.fvRsCtx",
            "module.aci.module.aci_bridge_domain.aci_rest_managed.fvRsIgmpsn",
            "module.aci.module.aci_bridge_domain.aci_rest_managed.fvSubnet",
            "module.aci.module.aci_bridge_domain.aci_rest_managed.igmpIfP",
            "module.aci.module.aci_bridge_domain.aci_rest_managed.igmpRsIfPol",
            "module.aci.module.aci_bridge_domain.aci_rest_managed.tagTag",
            "module.aci.module.aci_contract.aci_rest_managed.vzBrCP",
            "module.aci.module.aci_contract.aci_rest_managed.vzRsSubjFiltAtt",
            "module.aci.module.aci_contract.aci_rest_managed.vzRsSubjGraphAtt",
            "module.aci.module.aci_contract.aci_rest_managed.vzSubj",
            "module.aci.module.aci_dhcp_option_policy.aci_rest_managed.dhcpOption",
            "module.aci.module.aci_dhcp_option_policy.aci_rest_managed.dhcpOptionPol",
            "module.aci.module.aci_dhcp_relay_policy.aci_rest_managed.dhcpRelayP",
            "module.aci.module.aci_dhcp_relay_policy.aci_rest_managed.dhcpRsProv",
            "module.aci.module.aci_endpoint_group.aci_rest_managed.fvAEPg",
            "module.aci.module.aci_filter.aci_rest_managed.vzEntry",
            "module.aci.module.aci_filter.aci_rest_managed.vzFilter",
            "module.aci.module.aci_imported_contract.aci_rest_managed.vzCPIf",
            "module.aci.module.aci_imported_contract.aci_rest_managed.vzRsIf",
            "module.aci.module.aci_l3out.aci_rest_managed.bgpExtP",
            "module.aci.module.aci_l3out.aci_rest_managed.l3extDefaultRouteLeakP",
            "module.aci.module.aci_l3out.aci_rest_managed.l3extOut",
            "module.aci.module.aci_l3out.aci_rest_managed.l3extRsDampeningPol_ipv4",
            "module.aci.module.aci_l3out.aci_rest_managed.l3extRsDampeningPol_ipv6",
            "module.aci.module.aci_l3out.aci_rest_managed.l3extRsEctx",
            "module.aci.module.aci_l3out.aci_rest_managed.l3extRsInterleakPol",
            "module.aci.module.aci_l3out.aci_rest_managed.l3extRsL3DomAtt",
            "module.aci.module.aci_l3out.aci_rest_managed.l3extRsRedistributePol",
            "module.aci.module.aci_l3out.aci_rest_managed.ospfExtP",
            "module.aci.module.aci_l3out.aci_rest_managed.pimExtP",
            "module.aci.module.aci_l3out.aci_rest_managed.rtctrlCtxP_export",
            "module.aci.module.aci_l3out.aci_rest_managed.rtctrlCtxP_import",
            "module.aci.module.aci_l3out.aci_rest_managed.rtctrlProfile_export",
            "module.aci.module.aci_l3out.aci_rest_managed.rtctrlProfile_import",
            "module.aci.module.aci_l3out.aci_rest_managed.rtctrlRsCtxPToSubjP_export",
            "module.aci.module.aci_l3out.aci_rest_managed.rtctrlRsCtxPToSubjP_import",
            "module.aci.module.aci_l3out.aci_rest_managed.rtctrlRsScopeToAttrP_export",
            "module.aci.module.aci_l3out.aci_rest_managed.rtctrlRsScopeToAttrP_import",
            "module.aci.module.aci_l3out.aci_rest_managed.rtctrlScope_export",
            "module.aci.module.aci_l3out.aci_rest_managed.rtctrlScope_import",
            "module.aci.module.aci_match_rule.aci_rest_managed.rtctrlMatchCommFactor",
            "module.aci.module.aci_match_rule.aci_rest_managed.rtctrlMatchCommRegexTerm",
            "module.aci.module.aci_match_rule.aci_rest_managed.rtctrlMatchCommTerm",
            "module.aci.module.aci_match_rule.aci_rest_managed.rtctrlMatchRtDest",
            "module.aci.module.aci_match_rule.aci_rest_managed.rtctrlSubjP",
            "module.aci.module.aci_ospf_interface_policy.aci_rest_managed.ospfIfPol",
            "module.aci.module.aci_set_rule.aci_rest_managed.rtctrlAttrP",
            "module.aci.module.aci_set_rule.aci_rest_managed.rtctrlSetASPath",
            "module.aci.module.aci_set_rule.aci_rest_managed.rtctrlSetASPathASN",
            "module.aci.module.aci_set_rule.aci_rest_managed.rtctrlSetAddComm",
            "module.aci.module.aci_set_rule.aci_rest_managed.rtctrlSetComm",
            "module.aci.module.aci_set_rule.aci_rest_managed.rtctrlSetDamp",
            "module.aci.module.aci_set_rule.aci_rest_managed.rtctrlSetNh",
            "module.aci.module.aci_set_rule.aci_rest_managed.rtctrlSetNhUnchanged",
            "module.aci.module.aci_set_rule.aci_rest_managed.rtctrlSetPref",
            "module.aci.module.aci_set_rule.aci_rest_managed.rtctrlSetRedistMultipath",
            "module.aci.module.aci_set_rule.aci_rest_managed.rtctrlSetRtMetric",
            "module.aci.module.aci_set_rule.aci_rest_managed.rtctrlSetRtMetricType",
            "module.aci.module.aci_set_rule.aci_rest_managed.rtctrlSetTag",
            "module.aci.module.aci_set_rule.aci_rest_managed.rtctrlSetWeight",
            "module.aci.module.aci_tenant.aci_rest_managed.fvTenant",
            "module.aci.module.aci_vlan_pool.aci_rest_managed.fvnsEncapBlk",
            "module.aci.module.aci_vlan_pool.aci_rest_managed.fvnsVlanInstP",
            "module.aci.module.aci_vmware_vmm_domain.aci_rest_managed.infraRsVlanNs",
            "module.aci.module.aci_vmware_vmm_domain.aci_rest_managed.lacpEnhancedLagPol",
            "module.aci.module.aci_vmware_vmm_domain.aci_rest_managed.vmmCtrlrP",
            "module.aci.module.aci_vmware_vmm_domain.aci_rest_managed.vmmDomP",
            "module.aci.module.aci_vmware_vmm_domain.aci_rest_managed.vmmRsAcc",
            "module.aci.module.aci_vmware_vmm_domain.aci_rest_managed.vmmRsMgmtEPg",
            "module.aci.module.aci_vmware_vmm_domain.aci_rest_managed.vmmRsVswitchOverrideCdpIfPol",
            "module.aci.module.aci_vmware_vmm_domain.aci_rest_managed.vmmRsVswitchOverrideLacpPol",
            "module.aci.module.aci_vmware_vmm_domain.aci_rest_managed.vmmRsVswitchOverrideLldpIfPol",
            "module.aci.module.aci_vmware_vmm_domain.aci_rest_managed.vmmRsVswitchOverrideMtuPol",
            "module.aci.module.aci_vmware_vmm_domain.aci_rest_managed.vmmUplinkP",
            "module.aci.module.aci_vmware_vmm_domain.aci_rest_managed.vmmUplinkPCont",
            "module.aci.module.aci_vmware_vmm_domain.aci_rest_managed.vmmUsrAccP",
            "module.aci.module.aci_vmware_vmm_domain.aci_rest_managed.vmmVSwitchPolicyCont",
            "module.aci.module.aci_vrf.aci_rest_managed.bgpRtTargetP_ipv4",
            "module.aci.module.aci_vrf.aci_rest_managed.bgpRtTargetP_ipv6",
            "module.aci.module.aci_vrf.aci_rest_managed.bgpRtTarget_ipv4_export",
            "module.aci.module.aci_vrf.aci_rest_managed.bgpRtTarget_ipv4_import",
            "module.aci.module.aci_vrf.aci_rest_managed.bgpRtTarget_ipv6_export",
            "module.aci.module.aci_vrf.aci_rest_managed.bgpRtTarget_ipv6_import",
            "module.aci.module.aci_vrf.aci_rest_managed.dnsLbl",
            "module.aci.module.aci_vrf.aci_rest_managed.fvCtx",
            "module.aci.module.aci_vrf.aci_rest_managed.fvRsBgpCtxPol",
            "module.aci.module.aci_vrf.aci_rest_managed.fvRsCtxToBgpCtxAfPol_ipv4",
            "module.aci.module.aci_vrf.aci_rest_managed.fvRsCtxToBgpCtxAfPol_ipv6",
            "module.aci.module.aci_vrf.aci_rest_managed.igmpCtxP",
            "module.aci.module.aci_vrf.aci_rest_managed.igmpSSMXlateP",
            "module.aci.module.aci_vrf.aci_rest_managed.leakExternalPrefix",
            "module.aci.module.aci_vrf.aci_rest_managed.leakInternalSubnet",
            "module.aci.module.aci_vrf.aci_rest_managed.leakRoutes",
            "module.aci.module.aci_vrf.aci_rest_managed.leakTo_external",
            "module.aci.module.aci_vrf.aci_rest_managed.leakTo_internal",
            "module.aci.module.aci_vrf.aci_rest_managed.pimASMPatPol",
            "module.aci.module.aci_vrf.aci_rest_managed.pimAutoRPPol",
            "module.aci.module.aci_vrf.aci_rest_managed.pimBSRFilterPol",
            "module.aci.module.aci_vrf.aci_rest_managed.pimBSRPPol",
            "module.aci.module.aci_vrf.aci_rest_managed.pimCtxP",
            "module.aci.module.aci_vrf.aci_rest_managed.pimFabricRPPol",
            "module.aci.module.aci_vrf.aci_rest_managed.pimInterVRFEntryPol",
            "module.aci.module.aci_vrf.aci_rest_managed.pimInterVRFPol",
            "module.aci.module.aci_vrf.aci_rest_managed.pimMAFilterPol",
            "module.aci.module.aci_vrf.aci_rest_managed.pimRPGrpRangePol_fabric_rp",
            "module.aci.module.aci_vrf.aci_rest_managed.pimRPGrpRangePol_static_rp",
            "module.aci.module.aci_vrf.aci_rest_managed.pimRegTrPol",
            "module.aci.module.aci_vrf.aci_rest_managed.pimResPol",
            "module.aci.module.aci_vrf.aci_rest_managed.pimSGRangeExpPol",
            "module.aci.module.aci_vrf.aci_rest_managed.pimSSMPatPol",
            "module.aci.module.aci_vrf.aci_rest_managed.pimSSMRangePol",
            "module.aci.module.aci_vrf.aci_rest_managed.pimSharedRangePol",
            "module.aci.module.aci_vrf.aci_rest_managed.pimStaticRPEntryPol_fabric_rp",
            "module.aci.module.aci_vrf.aci_rest_managed.pimStaticRPEntryPol_static_rp",
            "module.aci.module.aci_vrf.aci_rest_managed.pimStaticRPPol",
            "module.aci.module.aci_vrf.aci_rest_managed.rtdmcRsFilterToRtMapPol_asm_sg_expiry",
            "module.aci.module.aci_vrf.aci_rest_managed.rtdmcRsFilterToRtMapPol_asm_shared",
            "module.aci.module.aci_vrf.aci_rest_managed.rtdmcRsFilterToRtMapPol_auto_rp",
            "module.aci.module.aci_vrf.aci_rest_managed.rtdmcRsFilterToRtMapPol_bsr",
            "module.aci.module.aci_vrf.aci_rest_managed.rtdmcRsFilterToRtMapPol_fabric_rp",
            "module.aci.module.aci_vrf.aci_rest_managed.rtdmcRsFilterToRtMapPol_pim_inter_vrf",
            "module.aci.module.aci_vrf.aci_rest_managed.rtdmcRsFilterToRtMapPol_ssm_range",
            "module.aci.module.aci_vrf.aci_rest_managed.rtdmcRsFilterToRtMapPol_static_rp",
            "module.aci.module.aci_vrf.aci_rest_managed.vzAny",
            "module.aci.module.aci_vrf.aci_rest_managed.vzRsAnyToCons",
            "module.aci.module.aci_vrf.aci_rest_managed.vzRsAnyToConsIf",
            "module.aci.module.aci_vrf.aci_rest_managed.vzRsAnyToProv"
          ]
        }
      ]
    },
    {
      "module": "module.aci.module.aci_endpoint_group[\"adossant/network-segments/192.168.73.0_24\"]",
      "mode": "managed",
      "type": "aci_rest_managed",
      "name": "vmmSecP",
      "provider": "provider[\"registry.terraform.io/ciscodevnet/aci\"]",
      "instances": [
        {
          "index_key": "ucsc-c220m5-vds-01",
          "schema_version": 0,
          "attributes": {
            "child": [],
            "class_name": "vmmSecP",
            "content": {
              "allowPromiscuous": "reject",
              "descr": "",
              "forgedTransmits": "reject",
              "macChanges": "reject",
              "name": "",
              "nameAlias": "",
              "ownerKey": "",
              "ownerTag": "",
              "userdom": ":all:common:"
            },
            "dn": "uni/tn-adossant/ap-network-segments/epg-192.168.73.0_24/rsdomAtt-[uni/vmmp-VMware/dom-ucsc-c220m5-vds-01]/sec",
            "id": "uni/tn-adossant/ap-network-segments/epg-192.168.73.0_24/rsdomAtt-[uni/vmmp-VMware/dom-ucsc-c220m5-vds-01]/sec"
          },
          "sensitive_attributes": [],
          "private": "bnVsbA==",
          "dependencies": [
            "module.aci.data.utils_yaml_merge.defaults",
            "module.aci.data.utils_yaml_merge.model",
            "module.aci.module.aci_application_profile.aci_rest_managed.fvAp",
            "module.aci.module.aci_bfd_interface_policy.aci_rest_managed.bfdIfPol",
            "module.aci.module.aci_bgp_timer_policy.aci_rest_managed.bgpCtxPol",
            "module.aci.module.aci_bridge_domain.aci_rest_managed.dhcpLbl",
            "module.aci.module.aci_bridge_domain.aci_rest_managed.dhcpRsDhcpOptionPol",
            "module.aci.module.aci_bridge_domain.aci_rest_managed.fvBD",
            "module.aci.module.aci_bridge_domain.aci_rest_managed.fvRsBDToOut",
            "module.aci.module.aci_bridge_domain.aci_rest_managed.fvRsCtx",
            "module.aci.module.aci_bridge_domain.aci_rest_managed.fvRsIgmpsn",
            "module.aci.module.aci_bridge_domain.aci_rest_managed.fvSubnet",
            "module.aci.module.aci_bridge_domain.aci_rest_managed.igmpIfP",
            "module.aci.module.aci_bridge_domain.aci_rest_managed.igmpRsIfPol",
            "module.aci.module.aci_bridge_domain.aci_rest_managed.tagTag",
            "module.aci.module.aci_contract.aci_rest_managed.vzBrCP",
            "module.aci.module.aci_contract.aci_rest_managed.vzRsSubjFiltAtt",
            "module.aci.module.aci_contract.aci_rest_managed.vzRsSubjGraphAtt",
            "module.aci.module.aci_contract.aci_rest_managed.vzSubj",
            "module.aci.module.aci_dhcp_option_policy.aci_rest_managed.dhcpOption",
            "module.aci.module.aci_dhcp_option_policy.aci_rest_managed.dhcpOptionPol",
            "module.aci.module.aci_dhcp_relay_policy.aci_rest_managed.dhcpRelayP",
            "module.aci.module.aci_dhcp_relay_policy.aci_rest_managed.dhcpRsProv",
            "module.aci.module.aci_endpoint_group.aci_rest_managed.fvAEPg",
            "module.aci.module.aci_endpoint_group.aci_rest_managed.fvRsDomAtt_vmm",
            "module.aci.module.aci_filter.aci_rest_managed.vzEntry",
            "module.aci.module.aci_filter.aci_rest_managed.vzFilter",
            "module.aci.module.aci_imported_contract.aci_rest_managed.vzCPIf",
            "module.aci.module.aci_imported_contract.aci_rest_managed.vzRsIf",
            "module.aci.module.aci_l3out.aci_rest_managed.bgpExtP",
            "module.aci.module.aci_l3out.aci_rest_managed.l3extDefaultRouteLeakP",
            "module.aci.module.aci_l3out.aci_rest_managed.l3extOut",
            "module.aci.module.aci_l3out.aci_rest_managed.l3extRsDampeningPol_ipv4",
            "module.aci.module.aci_l3out.aci_rest_managed.l3extRsDampeningPol_ipv6",
            "module.aci.module.aci_l3out.aci_rest_managed.l3extRsEctx",
            "module.aci.module.aci_l3out.aci_rest_managed.l3extRsInterleakPol",
            "module.aci.module.aci_l3out.aci_rest_managed.l3extRsL3DomAtt",
            "module.aci.module.aci_l3out.aci_rest_managed.l3extRsRedistributePol",
            "module.aci.module.aci_l3out.aci_rest_managed.ospfExtP",
            "module.aci.module.aci_l3out.aci_rest_managed.pimExtP",
            "module.aci.module.aci_l3out.aci_rest_managed.rtctrlCtxP_export",
            "module.aci.module.aci_l3out.aci_rest_managed.rtctrlCtxP_import",
            "module.aci.module.aci_l3out.aci_rest_managed.rtctrlProfile_export",
            "module.aci.module.aci_l3out.aci_rest_managed.rtctrlProfile_import",
            "module.aci.module.aci_l3out.aci_rest_managed.rtctrlRsCtxPToSubjP_export",
            "module.aci.module.aci_l3out.aci_rest_managed.rtctrlRsCtxPToSubjP_import",
            "module.aci.module.aci_l3out.aci_rest_managed.rtctrlRsScopeToAttrP_export",
            "module.aci.module.aci_l3out.aci_rest_managed.rtctrlRsScopeToAttrP_import",
            "module.aci.module.aci_l3out.aci_rest_managed.rtctrlScope_export",
            "module.aci.module.aci_l3out.aci_rest_managed.rtctrlScope_import",
            "module.aci.module.aci_match_rule.aci_rest_managed.rtctrlMatchCommFactor",
            "module.aci.module.aci_match_rule.aci_rest_managed.rtctrlMatchCommRegexTerm",
            "module.aci.module.aci_match_rule.aci_rest_managed.rtctrlMatchCommTerm",
            "module.aci.module.aci_match_rule.aci_rest_managed.rtctrlMatchRtDest",
            "module.aci.module.aci_match_rule.aci_rest_managed.rtctrlSubjP",
            "module.aci.module.aci_ospf_interface_policy.aci_rest_managed.ospfIfPol",
            "module.aci.module.aci_set_rule.aci_rest_managed.rtctrlAttrP",
            "module.aci.module.aci_set_rule.aci_rest_managed.rtctrlSetASPath",
            "module.aci.module.aci_set_rule.aci_rest_managed.rtctrlSetASPathASN",
            "module.aci.module.aci_set_rule.aci_rest_managed.rtctrlSetAddComm",
            "module.aci.module.aci_set_rule.aci_rest_managed.rtctrlSetComm",
            "module.aci.module.aci_set_rule.aci_rest_managed.rtctrlSetDamp",
            "module.aci.module.aci_set_rule.aci_rest_managed.rtctrlSetNh",
            "module.aci.module.aci_set_rule.aci_rest_managed.rtctrlSetNhUnchanged",
            "module.aci.module.aci_set_rule.aci_rest_managed.rtctrlSetPref",
            "module.aci.module.aci_set_rule.aci_rest_managed.rtctrlSetRedistMultipath",
            "module.aci.module.aci_set_rule.aci_rest_managed.rtctrlSetRtMetric",
            "module.aci.module.aci_set_rule.aci_rest_managed.rtctrlSetRtMetricType",
            "module.aci.module.aci_set_rule.aci_rest_managed.rtctrlSetTag",
            "module.aci.module.aci_set_rule.aci_rest_managed.rtctrlSetWeight",
            "module.aci.module.aci_tenant.aci_rest_managed.fvTenant",
            "module.aci.module.aci_vlan_pool.aci_rest_managed.fvnsEncapBlk",
            "module.aci.module.aci_vlan_pool.aci_rest_managed.fvnsVlanInstP",
            "module.aci.module.aci_vmware_vmm_domain.aci_rest_managed.infraRsVlanNs",
            "module.aci.module.aci_vmware_vmm_domain.aci_rest_managed.lacpEnhancedLagPol",
            "module.aci.module.aci_vmware_vmm_domain.aci_rest_managed.vmmCtrlrP",
            "module.aci.module.aci_vmware_vmm_domain.aci_rest_managed.vmmDomP",
            "module.aci.module.aci_vmware_vmm_domain.aci_rest_managed.vmmRsAcc",
            "module.aci.module.aci_vmware_vmm_domain.aci_rest_managed.vmmRsMgmtEPg",
            "module.aci.module.aci_vmware_vmm_domain.aci_rest_managed.vmmRsVswitchOverrideCdpIfPol",
            "module.aci.module.aci_vmware_vmm_domain.aci_rest_managed.vmmRsVswitchOverrideLacpPol",
            "module.aci.module.aci_vmware_vmm_domain.aci_rest_managed.vmmRsVswitchOverrideLldpIfPol",
            "module.aci.module.aci_vmware_vmm_domain.aci_rest_managed.vmmRsVswitchOverrideMtuPol",
            "module.aci.module.aci_vmware_vmm_domain.aci_rest_managed.vmmUplinkP",
            "module.aci.module.aci_vmware_vmm_domain.aci_rest_managed.vmmUplinkPCont",
            "module.aci.module.aci_vmware_vmm_domain.aci_rest_managed.vmmUsrAccP",
            "module.aci.module.aci_vmware_vmm_domain.aci_rest_managed.vmmVSwitchPolicyCont",
            "module.aci.module.aci_vrf.aci_rest_managed.bgpRtTargetP_ipv4",
            "module.aci.module.aci_vrf.aci_rest_managed.bgpRtTargetP_ipv6",
            "module.aci.module.aci_vrf.aci_rest_managed.bgpRtTarget_ipv4_export",
            "module.aci.module.aci_vrf.aci_rest_managed.bgpRtTarget_ipv4_import",
            "module.aci.module.aci_vrf.aci_rest_managed.bgpRtTarget_ipv6_export",
            "module.aci.module.aci_vrf.aci_rest_managed.bgpRtTarget_ipv6_import",
            "module.aci.module.aci_vrf.aci_rest_managed.dnsLbl",
            "module.aci.module.aci_vrf.aci_rest_managed.fvCtx",
            "module.aci.module.aci_vrf.aci_rest_managed.fvRsBgpCtxPol",
            "module.aci.module.aci_vrf.aci_rest_managed.fvRsCtxToBgpCtxAfPol_ipv4",
            "module.aci.module.aci_vrf.aci_rest_managed.fvRsCtxToBgpCtxAfPol_ipv6",
            "module.aci.module.aci_vrf.aci_rest_managed.igmpCtxP",
            "module.aci.module.aci_vrf.aci_rest_managed.igmpSSMXlateP",
            "module.aci.module.aci_vrf.aci_rest_managed.leakExternalPrefix",
            "module.aci.module.aci_vrf.aci_rest_managed.leakInternalSubnet",
            "module.aci.module.aci_vrf.aci_rest_managed.leakRoutes",
            "module.aci.module.aci_vrf.aci_rest_managed.leakTo_external",
            "module.aci.module.aci_vrf.aci_rest_managed.leakTo_internal",
            "module.aci.module.aci_vrf.aci_rest_managed.pimASMPatPol",
            "module.aci.module.aci_vrf.aci_rest_managed.pimAutoRPPol",
            "module.aci.module.aci_vrf.aci_rest_managed.pimBSRFilterPol",
            "module.aci.module.aci_vrf.aci_rest_managed.pimBSRPPol",
            "module.aci.module.aci_vrf.aci_rest_managed.pimCtxP",
            "module.aci.module.aci_vrf.aci_rest_managed.pimFabricRPPol",
            "module.aci.module.aci_vrf.aci_rest_managed.pimInterVRFEntryPol",
            "module.aci.module.aci_vrf.aci_rest_managed.pimInterVRFPol",
            "module.aci.module.aci_vrf.aci_rest_managed.pimMAFilterPol",
            "module.aci.module.aci_vrf.aci_rest_managed.pimRPGrpRangePol_fabric_rp",
            "module.aci.module.aci_vrf.aci_rest_managed.pimRPGrpRangePol_static_rp",
            "module.aci.module.aci_vrf.aci_rest_managed.pimRegTrPol",
            "module.aci.module.aci_vrf.aci_rest_managed.pimResPol",
            "module.aci.module.aci_vrf.aci_rest_managed.pimSGRangeExpPol",
            "module.aci.module.aci_vrf.aci_rest_managed.pimSSMPatPol",
            "module.aci.module.aci_vrf.aci_rest_managed.pimSSMRangePol",
            "module.aci.module.aci_vrf.aci_rest_managed.pimSharedRangePol",
            "module.aci.module.aci_vrf.aci_rest_managed.pimStaticRPEntryPol_fabric_rp",
            "module.aci.module.aci_vrf.aci_rest_managed.pimStaticRPEntryPol_static_rp",
            "module.aci.module.aci_vrf.aci_rest_managed.pimStaticRPPol",
            "module.aci.module.aci_vrf.aci_rest_managed.rtdmcRsFilterToRtMapPol_asm_sg_expiry",
            "module.aci.module.aci_vrf.aci_rest_managed.rtdmcRsFilterToRtMapPol_asm_shared",
            "module.aci.module.aci_vrf.aci_rest_managed.rtdmcRsFilterToRtMapPol_auto_rp",
            "module.aci.module.aci_vrf.aci_rest_managed.rtdmcRsFilterToRtMapPol_bsr",
            "module.aci.module.aci_vrf.aci_rest_managed.rtdmcRsFilterToRtMapPol_fabric_rp",
            "module.aci.module.aci_vrf.aci_rest_managed.rtdmcRsFilterToRtMapPol_pim_inter_vrf",
            "module.aci.module.aci_vrf.aci_rest_managed.rtdmcRsFilterToRtMapPol_ssm_range",
            "module.aci.module.aci_vrf.aci_rest_managed.rtdmcRsFilterToRtMapPol_static_rp",
            "module.aci.module.aci_vrf.aci_rest_managed.vzAny",
            "module.aci.module.aci_vrf.aci_rest_managed.vzRsAnyToCons",
            "module.aci.module.aci_vrf.aci_rest_managed.vzRsAnyToConsIf",
            "module.aci.module.aci_vrf.aci_rest_managed.vzRsAnyToProv"
          ]
        }
      ]
    },
    {
      "module": "module.aci.module.aci_endpoint_group[\"adossant/network-segments/192.168.74.0_24\"]",
      "mode": "managed",
      "type": "aci_rest_managed",
      "name": "fvAEPg",
      "provider": "provider[\"registry.terraform.io/ciscodevnet/aci\"]",
      "instances": [
        {
          "schema_version": 0,
          "attributes": {
            "child": [],
            "class_name": "fvAEPg",
            "content": {
              "descr": "",
              "exceptionTag": "",
              "floodOnEncap": "disabled",
              "fwdCtrl": "",
              "hasMcastSource": "no",
              "isAttrBasedEPg": "no",
              "matchT": "AtleastOne",
              "name": "192.168.74.0_24",
              "nameAlias": "",
              "pcEnfPref": "unenforced",
              "prefGrMemb": "exclude",
              "prio": "unspecified",
              "shutdown": "no",
              "userdom": ":all:common:"
            },
            "dn": "uni/tn-adossant/ap-network-segments/epg-192.168.74.0_24",
            "id": "uni/tn-adossant/ap-network-segments/epg-192.168.74.0_24"
          },
          "sensitive_attributes": [],
          "private": "bnVsbA==",
          "dependencies": [
            "module.aci.data.utils_yaml_merge.defaults",
            "module.aci.data.utils_yaml_merge.model",
            "module.aci.module.aci_application_profile.aci_rest_managed.fvAp",
            "module.aci.module.aci_bfd_interface_policy.aci_rest_managed.bfdIfPol",
            "module.aci.module.aci_bgp_timer_policy.aci_rest_managed.bgpCtxPol",
            "module.aci.module.aci_bridge_domain.aci_rest_managed.dhcpLbl",
            "module.aci.module.aci_bridge_domain.aci_rest_managed.dhcpRsDhcpOptionPol",
            "module.aci.module.aci_bridge_domain.aci_rest_managed.fvBD",
            "module.aci.module.aci_bridge_domain.aci_rest_managed.fvRsBDToOut",
            "module.aci.module.aci_bridge_domain.aci_rest_managed.fvRsCtx",
            "module.aci.module.aci_bridge_domain.aci_rest_managed.fvRsIgmpsn",
            "module.aci.module.aci_bridge_domain.aci_rest_managed.fvSubnet",
            "module.aci.module.aci_bridge_domain.aci_rest_managed.igmpIfP",
            "module.aci.module.aci_bridge_domain.aci_rest_managed.igmpRsIfPol",
            "module.aci.module.aci_bridge_domain.aci_rest_managed.tagTag",
            "module.aci.module.aci_contract.aci_rest_managed.vzBrCP",
            "module.aci.module.aci_contract.aci_rest_managed.vzRsSubjFiltAtt",
            "module.aci.module.aci_contract.aci_rest_managed.vzRsSubjGraphAtt",
            "module.aci.module.aci_contract.aci_rest_managed.vzSubj",
            "module.aci.module.aci_dhcp_option_policy.aci_rest_managed.dhcpOption",
            "module.aci.module.aci_dhcp_option_policy.aci_rest_managed.dhcpOptionPol",
            "module.aci.module.aci_dhcp_relay_policy.aci_rest_managed.dhcpRelayP",
            "module.aci.module.aci_dhcp_relay_policy.aci_rest_managed.dhcpRsProv",
            "module.aci.module.aci_filter.aci_rest_managed.vzEntry",
            "module.aci.module.aci_filter.aci_rest_managed.vzFilter",
            "module.aci.module.aci_imported_contract.aci_rest_managed.vzCPIf",
            "module.aci.module.aci_imported_contract.aci_rest_managed.vzRsIf",
            "module.aci.module.aci_l3out.aci_rest_managed.bgpExtP",
            "module.aci.module.aci_l3out.aci_rest_managed.l3extDefaultRouteLeakP",
            "module.aci.module.aci_l3out.aci_rest_managed.l3extOut",
            "module.aci.module.aci_l3out.aci_rest_managed.l3extRsDampeningPol_ipv4",
            "module.aci.module.aci_l3out.aci_rest_managed.l3extRsDampeningPol_ipv6",
            "module.aci.module.aci_l3out.aci_rest_managed.l3extRsEctx",
            "module.aci.module.aci_l3out.aci_rest_managed.l3extRsInterleakPol",
            "module.aci.module.aci_l3out.aci_rest_managed.l3extRsL3DomAtt",
            "module.aci.module.aci_l3out.aci_rest_managed.l3extRsRedistributePol",
            "module.aci.module.aci_l3out.aci_rest_managed.ospfExtP",
            "module.aci.module.aci_l3out.aci_rest_managed.pimExtP",
            "module.aci.module.aci_l3out.aci_rest_managed.rtctrlCtxP_export",
            "module.aci.module.aci_l3out.aci_rest_managed.rtctrlCtxP_import",
            "module.aci.module.aci_l3out.aci_rest_managed.rtctrlProfile_export",
            "module.aci.module.aci_l3out.aci_rest_managed.rtctrlProfile_import",
            "module.aci.module.aci_l3out.aci_rest_managed.rtctrlRsCtxPToSubjP_export",
            "module.aci.module.aci_l3out.aci_rest_managed.rtctrlRsCtxPToSubjP_import",
            "module.aci.module.aci_l3out.aci_rest_managed.rtctrlRsScopeToAttrP_export",
            "module.aci.module.aci_l3out.aci_rest_managed.rtctrlRsScopeToAttrP_import",
            "module.aci.module.aci_l3out.aci_rest_managed.rtctrlScope_export",
            "module.aci.module.aci_l3out.aci_rest_managed.rtctrlScope_import",
            "module.aci.module.aci_match_rule.aci_rest_managed.rtctrlMatchCommFactor",
            "module.aci.module.aci_match_rule.aci_rest_managed.rtctrlMatchCommRegexTerm",
            "module.aci.module.aci_match_rule.aci_rest_managed.rtctrlMatchCommTerm",
            "module.aci.module.aci_match_rule.aci_rest_managed.rtctrlMatchRtDest",
            "module.aci.module.aci_match_rule.aci_rest_managed.rtctrlSubjP",
            "module.aci.module.aci_ospf_interface_policy.aci_rest_managed.ospfIfPol",
            "module.aci.module.aci_set_rule.aci_rest_managed.rtctrlAttrP",
            "module.aci.module.aci_set_rule.aci_rest_managed.rtctrlSetASPath",
            "module.aci.module.aci_set_rule.aci_rest_managed.rtctrlSetASPathASN",
            "module.aci.module.aci_set_rule.aci_rest_managed.rtctrlSetAddComm",
            "module.aci.module.aci_set_rule.aci_rest_managed.rtctrlSetComm",
            "module.aci.module.aci_set_rule.aci_rest_managed.rtctrlSetDamp",
            "module.aci.module.aci_set_rule.aci_rest_managed.rtctrlSetNh",
            "module.aci.module.aci_set_rule.aci_rest_managed.rtctrlSetNhUnchanged",
            "module.aci.module.aci_set_rule.aci_rest_managed.rtctrlSetPref",
            "module.aci.module.aci_set_rule.aci_rest_managed.rtctrlSetRedistMultipath",
            "module.aci.module.aci_set_rule.aci_rest_managed.rtctrlSetRtMetric",
            "module.aci.module.aci_set_rule.aci_rest_managed.rtctrlSetRtMetricType",
            "module.aci.module.aci_set_rule.aci_rest_managed.rtctrlSetTag",
            "module.aci.module.aci_set_rule.aci_rest_managed.rtctrlSetWeight",
            "module.aci.module.aci_tenant.aci_rest_managed.fvTenant",
            "module.aci.module.aci_vlan_pool.aci_rest_managed.fvnsEncapBlk",
            "module.aci.module.aci_vlan_pool.aci_rest_managed.fvnsVlanInstP",
            "module.aci.module.aci_vmware_vmm_domain.aci_rest_managed.infraRsVlanNs",
            "module.aci.module.aci_vmware_vmm_domain.aci_rest_managed.lacpEnhancedLagPol",
            "module.aci.module.aci_vmware_vmm_domain.aci_rest_managed.vmmCtrlrP",
            "module.aci.module.aci_vmware_vmm_domain.aci_rest_managed.vmmDomP",
            "module.aci.module.aci_vmware_vmm_domain.aci_rest_managed.vmmRsAcc",
            "module.aci.module.aci_vmware_vmm_domain.aci_rest_managed.vmmRsMgmtEPg",
            "module.aci.module.aci_vmware_vmm_domain.aci_rest_managed.vmmRsVswitchOverrideCdpIfPol",
            "module.aci.module.aci_vmware_vmm_domain.aci_rest_managed.vmmRsVswitchOverrideLacpPol",
            "module.aci.module.aci_vmware_vmm_domain.aci_rest_managed.vmmRsVswitchOverrideLldpIfPol",
            "module.aci.module.aci_vmware_vmm_domain.aci_rest_managed.vmmRsVswitchOverrideMtuPol",
            "module.aci.module.aci_vmware_vmm_domain.aci_rest_managed.vmmUplinkP",
            "module.aci.module.aci_vmware_vmm_domain.aci_rest_managed.vmmUplinkPCont",
            "module.aci.module.aci_vmware_vmm_domain.aci_rest_managed.vmmUsrAccP",
            "module.aci.module.aci_vmware_vmm_domain.aci_rest_managed.vmmVSwitchPolicyCont",
            "module.aci.module.aci_vrf.aci_rest_managed.bgpRtTargetP_ipv4",
            "module.aci.module.aci_vrf.aci_rest_managed.bgpRtTargetP_ipv6",
            "module.aci.module.aci_vrf.aci_rest_managed.bgpRtTarget_ipv4_export",
            "module.aci.module.aci_vrf.aci_rest_managed.bgpRtTarget_ipv4_import",
            "module.aci.module.aci_vrf.aci_rest_managed.bgpRtTarget_ipv6_export",
            "module.aci.module.aci_vrf.aci_rest_managed.bgpRtTarget_ipv6_import",
            "module.aci.module.aci_vrf.aci_rest_managed.dnsLbl",
            "module.aci.module.aci_vrf.aci_rest_managed.fvCtx",
            "module.aci.module.aci_vrf.aci_rest_managed.fvRsBgpCtxPol",
            "module.aci.module.aci_vrf.aci_rest_managed.fvRsCtxToBgpCtxAfPol_ipv4",
            "module.aci.module.aci_vrf.aci_rest_managed.fvRsCtxToBgpCtxAfPol_ipv6",
            "module.aci.module.aci_vrf.aci_rest_managed.igmpCtxP",
            "module.aci.module.aci_vrf.aci_rest_managed.igmpSSMXlateP",
            "module.aci.module.aci_vrf.aci_rest_managed.leakExternalPrefix",
            "module.aci.module.aci_vrf.aci_rest_managed.leakInternalSubnet",
            "module.aci.module.aci_vrf.aci_rest_managed.leakRoutes",
            "module.aci.module.aci_vrf.aci_rest_managed.leakTo_external",
            "module.aci.module.aci_vrf.aci_rest_managed.leakTo_internal",
            "module.aci.module.aci_vrf.aci_rest_managed.pimASMPatPol",
            "module.aci.module.aci_vrf.aci_rest_managed.pimAutoRPPol",
            "module.aci.module.aci_vrf.aci_rest_managed.pimBSRFilterPol",
            "module.aci.module.aci_vrf.aci_rest_managed.pimBSRPPol",
            "module.aci.module.aci_vrf.aci_rest_managed.pimCtxP",
            "module.aci.module.aci_vrf.aci_rest_managed.pimFabricRPPol",
            "module.aci.module.aci_vrf.aci_rest_managed.pimInterVRFEntryPol",
            "module.aci.module.aci_vrf.aci_rest_managed.pimInterVRFPol",
            "module.aci.module.aci_vrf.aci_rest_managed.pimMAFilterPol",
            "module.aci.module.aci_vrf.aci_rest_managed.pimRPGrpRangePol_fabric_rp",
            "module.aci.module.aci_vrf.aci_rest_managed.pimRPGrpRangePol_static_rp",
            "module.aci.module.aci_vrf.aci_rest_managed.pimRegTrPol",
            "module.aci.module.aci_vrf.aci_rest_managed.pimResPol",
            "module.aci.module.aci_vrf.aci_rest_managed.pimSGRangeExpPol",
            "module.aci.module.aci_vrf.aci_rest_managed.pimSSMPatPol",
            "module.aci.module.aci_vrf.aci_rest_managed.pimSSMRangePol",
            "module.aci.module.aci_vrf.aci_rest_managed.pimSharedRangePol",
            "module.aci.module.aci_vrf.aci_rest_managed.pimStaticRPEntryPol_fabric_rp",
            "module.aci.module.aci_vrf.aci_rest_managed.pimStaticRPEntryPol_static_rp",
            "module.aci.module.aci_vrf.aci_rest_managed.pimStaticRPPol",
            "module.aci.module.aci_vrf.aci_rest_managed.rtdmcRsFilterToRtMapPol_asm_sg_expiry",
            "module.aci.module.aci_vrf.aci_rest_managed.rtdmcRsFilterToRtMapPol_asm_shared",
            "module.aci.module.aci_vrf.aci_rest_managed.rtdmcRsFilterToRtMapPol_auto_rp",
            "module.aci.module.aci_vrf.aci_rest_managed.rtdmcRsFilterToRtMapPol_bsr",
            "module.aci.module.aci_vrf.aci_rest_managed.rtdmcRsFilterToRtMapPol_fabric_rp",
            "module.aci.module.aci_vrf.aci_rest_managed.rtdmcRsFilterToRtMapPol_pim_inter_vrf",
            "module.aci.module.aci_vrf.aci_rest_managed.rtdmcRsFilterToRtMapPol_ssm_range",
            "module.aci.module.aci_vrf.aci_rest_managed.rtdmcRsFilterToRtMapPol_static_rp",
            "module.aci.module.aci_vrf.aci_rest_managed.vzAny",
            "module.aci.module.aci_vrf.aci_rest_managed.vzRsAnyToCons",
            "module.aci.module.aci_vrf.aci_rest_managed.vzRsAnyToConsIf",
            "module.aci.module.aci_vrf.aci_rest_managed.vzRsAnyToProv"
          ]
        }
      ]
    },
    {
      "module": "module.aci.module.aci_endpoint_group[\"adossant/network-segments/192.168.74.0_24\"]",
      "mode": "managed",
      "type": "aci_rest_managed",
      "name": "fvRsBd",
      "provider": "provider[\"registry.terraform.io/ciscodevnet/aci\"]",
      "instances": [
        {
          "schema_version": 0,
          "attributes": {
            "child": [],
            "class_name": "fvRsBd",
            "content": {
              "tnFvBDName": "192.168.74.0_24",
              "userdom": "all"
            },
            "dn": "uni/tn-adossant/ap-network-segments/epg-192.168.74.0_24/rsbd",
            "id": "uni/tn-adossant/ap-network-segments/epg-192.168.74.0_24/rsbd"
          },
          "sensitive_attributes": [],
          "private": "bnVsbA==",
          "dependencies": [
            "module.aci.data.utils_yaml_merge.defaults",
            "module.aci.data.utils_yaml_merge.model",
            "module.aci.module.aci_application_profile.aci_rest_managed.fvAp",
            "module.aci.module.aci_bfd_interface_policy.aci_rest_managed.bfdIfPol",
            "module.aci.module.aci_bgp_timer_policy.aci_rest_managed.bgpCtxPol",
            "module.aci.module.aci_bridge_domain.aci_rest_managed.dhcpLbl",
            "module.aci.module.aci_bridge_domain.aci_rest_managed.dhcpRsDhcpOptionPol",
            "module.aci.module.aci_bridge_domain.aci_rest_managed.fvBD",
            "module.aci.module.aci_bridge_domain.aci_rest_managed.fvRsBDToOut",
            "module.aci.module.aci_bridge_domain.aci_rest_managed.fvRsCtx",
            "module.aci.module.aci_bridge_domain.aci_rest_managed.fvRsIgmpsn",
            "module.aci.module.aci_bridge_domain.aci_rest_managed.fvSubnet",
            "module.aci.module.aci_bridge_domain.aci_rest_managed.igmpIfP",
            "module.aci.module.aci_bridge_domain.aci_rest_managed.igmpRsIfPol",
            "module.aci.module.aci_bridge_domain.aci_rest_managed.tagTag",
            "module.aci.module.aci_contract.aci_rest_managed.vzBrCP",
            "module.aci.module.aci_contract.aci_rest_managed.vzRsSubjFiltAtt",
            "module.aci.module.aci_contract.aci_rest_managed.vzRsSubjGraphAtt",
            "module.aci.module.aci_contract.aci_rest_managed.vzSubj",
            "module.aci.module.aci_dhcp_option_policy.aci_rest_managed.dhcpOption",
            "module.aci.module.aci_dhcp_option_policy.aci_rest_managed.dhcpOptionPol",
            "module.aci.module.aci_dhcp_relay_policy.aci_rest_managed.dhcpRelayP",
            "module.aci.module.aci_dhcp_relay_policy.aci_rest_managed.dhcpRsProv",
            "module.aci.module.aci_endpoint_group.aci_rest_managed.fvAEPg",
            "module.aci.module.aci_filter.aci_rest_managed.vzEntry",
            "module.aci.module.aci_filter.aci_rest_managed.vzFilter",
            "module.aci.module.aci_imported_contract.aci_rest_managed.vzCPIf",
            "module.aci.module.aci_imported_contract.aci_rest_managed.vzRsIf",
            "module.aci.module.aci_l3out.aci_rest_managed.bgpExtP",
            "module.aci.module.aci_l3out.aci_rest_managed.l3extDefaultRouteLeakP",
            "module.aci.module.aci_l3out.aci_rest_managed.l3extOut",
            "module.aci.module.aci_l3out.aci_rest_managed.l3extRsDampeningPol_ipv4",
            "module.aci.module.aci_l3out.aci_rest_managed.l3extRsDampeningPol_ipv6",
            "module.aci.module.aci_l3out.aci_rest_managed.l3extRsEctx",
            "module.aci.module.aci_l3out.aci_rest_managed.l3extRsInterleakPol",
            "module.aci.module.aci_l3out.aci_rest_managed.l3extRsL3DomAtt",
            "module.aci.module.aci_l3out.aci_rest_managed.l3extRsRedistributePol",
            "module.aci.module.aci_l3out.aci_rest_managed.ospfExtP",
            "module.aci.module.aci_l3out.aci_rest_managed.pimExtP",
            "module.aci.module.aci_l3out.aci_rest_managed.rtctrlCtxP_export",
            "module.aci.module.aci_l3out.aci_rest_managed.rtctrlCtxP_import",
            "module.aci.module.aci_l3out.aci_rest_managed.rtctrlProfile_export",
            "module.aci.module.aci_l3out.aci_rest_managed.rtctrlProfile_import",
            "module.aci.module.aci_l3out.aci_rest_managed.rtctrlRsCtxPToSubjP_export",
            "module.aci.module.aci_l3out.aci_rest_managed.rtctrlRsCtxPToSubjP_import",
            "module.aci.module.aci_l3out.aci_rest_managed.rtctrlRsScopeToAttrP_export",
            "module.aci.module.aci_l3out.aci_rest_managed.rtctrlRsScopeToAttrP_import",
            "module.aci.module.aci_l3out.aci_rest_managed.rtctrlScope_export",
            "module.aci.module.aci_l3out.aci_rest_managed.rtctrlScope_import",
            "module.aci.module.aci_match_rule.aci_rest_managed.rtctrlMatchCommFactor",
            "module.aci.module.aci_match_rule.aci_rest_managed.rtctrlMatchCommRegexTerm",
            "module.aci.module.aci_match_rule.aci_rest_managed.rtctrlMatchCommTerm",
            "module.aci.module.aci_match_rule.aci_rest_managed.rtctrlMatchRtDest",
            "module.aci.module.aci_match_rule.aci_rest_managed.rtctrlSubjP",
            "module.aci.module.aci_ospf_interface_policy.aci_rest_managed.ospfIfPol",
            "module.aci.module.aci_set_rule.aci_rest_managed.rtctrlAttrP",
            "module.aci.module.aci_set_rule.aci_rest_managed.rtctrlSetASPath",
            "module.aci.module.aci_set_rule.aci_rest_managed.rtctrlSetASPathASN",
            "module.aci.module.aci_set_rule.aci_rest_managed.rtctrlSetAddComm",
            "module.aci.module.aci_set_rule.aci_rest_managed.rtctrlSetComm",
            "module.aci.module.aci_set_rule.aci_rest_managed.rtctrlSetDamp",
            "module.aci.module.aci_set_rule.aci_rest_managed.rtctrlSetNh",
            "module.aci.module.aci_set_rule.aci_rest_managed.rtctrlSetNhUnchanged",
            "module.aci.module.aci_set_rule.aci_rest_managed.rtctrlSetPref",
            "module.aci.module.aci_set_rule.aci_rest_managed.rtctrlSetRedistMultipath",
            "module.aci.module.aci_set_rule.aci_rest_managed.rtctrlSetRtMetric",
            "module.aci.module.aci_set_rule.aci_rest_managed.rtctrlSetRtMetricType",
            "module.aci.module.aci_set_rule.aci_rest_managed.rtctrlSetTag",
            "module.aci.module.aci_set_rule.aci_rest_managed.rtctrlSetWeight",
            "module.aci.module.aci_tenant.aci_rest_managed.fvTenant",
            "module.aci.module.aci_vlan_pool.aci_rest_managed.fvnsEncapBlk",
            "module.aci.module.aci_vlan_pool.aci_rest_managed.fvnsVlanInstP",
            "module.aci.module.aci_vmware_vmm_domain.aci_rest_managed.infraRsVlanNs",
            "module.aci.module.aci_vmware_vmm_domain.aci_rest_managed.lacpEnhancedLagPol",
            "module.aci.module.aci_vmware_vmm_domain.aci_rest_managed.vmmCtrlrP",
            "module.aci.module.aci_vmware_vmm_domain.aci_rest_managed.vmmDomP",
            "module.aci.module.aci_vmware_vmm_domain.aci_rest_managed.vmmRsAcc",
            "module.aci.module.aci_vmware_vmm_domain.aci_rest_managed.vmmRsMgmtEPg",
            "module.aci.module.aci_vmware_vmm_domain.aci_rest_managed.vmmRsVswitchOverrideCdpIfPol",
            "module.aci.module.aci_vmware_vmm_domain.aci_rest_managed.vmmRsVswitchOverrideLacpPol",
            "module.aci.module.aci_vmware_vmm_domain.aci_rest_managed.vmmRsVswitchOverrideLldpIfPol",
            "module.aci.module.aci_vmware_vmm_domain.aci_rest_managed.vmmRsVswitchOverrideMtuPol",
            "module.aci.module.aci_vmware_vmm_domain.aci_rest_managed.vmmUplinkP",
            "module.aci.module.aci_vmware_vmm_domain.aci_rest_managed.vmmUplinkPCont",
            "module.aci.module.aci_vmware_vmm_domain.aci_rest_managed.vmmUsrAccP",
            "module.aci.module.aci_vmware_vmm_domain.aci_rest_managed.vmmVSwitchPolicyCont",
            "module.aci.module.aci_vrf.aci_rest_managed.bgpRtTargetP_ipv4",
            "module.aci.module.aci_vrf.aci_rest_managed.bgpRtTargetP_ipv6",
            "module.aci.module.aci_vrf.aci_rest_managed.bgpRtTarget_ipv4_export",
            "module.aci.module.aci_vrf.aci_rest_managed.bgpRtTarget_ipv4_import",
            "module.aci.module.aci_vrf.aci_rest_managed.bgpRtTarget_ipv6_export",
            "module.aci.module.aci_vrf.aci_rest_managed.bgpRtTarget_ipv6_import",
            "module.aci.module.aci_vrf.aci_rest_managed.dnsLbl",
            "module.aci.module.aci_vrf.aci_rest_managed.fvCtx",
            "module.aci.module.aci_vrf.aci_rest_managed.fvRsBgpCtxPol",
            "module.aci.module.aci_vrf.aci_rest_managed.fvRsCtxToBgpCtxAfPol_ipv4",
            "module.aci.module.aci_vrf.aci_rest_managed.fvRsCtxToBgpCtxAfPol_ipv6",
            "module.aci.module.aci_vrf.aci_rest_managed.igmpCtxP",
            "module.aci.module.aci_vrf.aci_rest_managed.igmpSSMXlateP",
            "module.aci.module.aci_vrf.aci_rest_managed.leakExternalPrefix",
            "module.aci.module.aci_vrf.aci_rest_managed.leakInternalSubnet",
            "module.aci.module.aci_vrf.aci_rest_managed.leakRoutes",
            "module.aci.module.aci_vrf.aci_rest_managed.leakTo_external",
            "module.aci.module.aci_vrf.aci_rest_managed.leakTo_internal",
            "module.aci.module.aci_vrf.aci_rest_managed.pimASMPatPol",
            "module.aci.module.aci_vrf.aci_rest_managed.pimAutoRPPol",
            "module.aci.module.aci_vrf.aci_rest_managed.pimBSRFilterPol",
            "module.aci.module.aci_vrf.aci_rest_managed.pimBSRPPol",
            "module.aci.module.aci_vrf.aci_rest_managed.pimCtxP",
            "module.aci.module.aci_vrf.aci_rest_managed.pimFabricRPPol",
            "module.aci.module.aci_vrf.aci_rest_managed.pimInterVRFEntryPol",
            "module.aci.module.aci_vrf.aci_rest_managed.pimInterVRFPol",
            "module.aci.module.aci_vrf.aci_rest_managed.pimMAFilterPol",
            "module.aci.module.aci_vrf.aci_rest_managed.pimRPGrpRangePol_fabric_rp",
            "module.aci.module.aci_vrf.aci_rest_managed.pimRPGrpRangePol_static_rp",
            "module.aci.module.aci_vrf.aci_rest_managed.pimRegTrPol",
            "module.aci.module.aci_vrf.aci_rest_managed.pimResPol",
            "module.aci.module.aci_vrf.aci_rest_managed.pimSGRangeExpPol",
            "module.aci.module.aci_vrf.aci_rest_managed.pimSSMPatPol",
            "module.aci.module.aci_vrf.aci_rest_managed.pimSSMRangePol",
            "module.aci.module.aci_vrf.aci_rest_managed.pimSharedRangePol",
            "module.aci.module.aci_vrf.aci_rest_managed.pimStaticRPEntryPol_fabric_rp",
            "module.aci.module.aci_vrf.aci_rest_managed.pimStaticRPEntryPol_static_rp",
            "module.aci.module.aci_vrf.aci_rest_managed.pimStaticRPPol",
            "module.aci.module.aci_vrf.aci_rest_managed.rtdmcRsFilterToRtMapPol_asm_sg_expiry",
            "module.aci.module.aci_vrf.aci_rest_managed.rtdmcRsFilterToRtMapPol_asm_shared",
            "module.aci.module.aci_vrf.aci_rest_managed.rtdmcRsFilterToRtMapPol_auto_rp",
            "module.aci.module.aci_vrf.aci_rest_managed.rtdmcRsFilterToRtMapPol_bsr",
            "module.aci.module.aci_vrf.aci_rest_managed.rtdmcRsFilterToRtMapPol_fabric_rp",
            "module.aci.module.aci_vrf.aci_rest_managed.rtdmcRsFilterToRtMapPol_pim_inter_vrf",
            "module.aci.module.aci_vrf.aci_rest_managed.rtdmcRsFilterToRtMapPol_ssm_range",
            "module.aci.module.aci_vrf.aci_rest_managed.rtdmcRsFilterToRtMapPol_static_rp",
            "module.aci.module.aci_vrf.aci_rest_managed.vzAny",
            "module.aci.module.aci_vrf.aci_rest_managed.vzRsAnyToCons",
            "module.aci.module.aci_vrf.aci_rest_managed.vzRsAnyToConsIf",
            "module.aci.module.aci_vrf.aci_rest_managed.vzRsAnyToProv"
          ]
        }
      ]
    },
    {
      "module": "module.aci.module.aci_endpoint_group[\"adossant/network-segments/192.168.74.0_24\"]",
      "mode": "managed",
      "type": "aci_rest_managed",
      "name": "fvRsDomAtt_vmm",
      "provider": "provider[\"registry.terraform.io/ciscodevnet/aci\"]",
      "instances": [
        {
          "index_key": "ucsc-c220m5-vds-01",
          "schema_version": 0,
          "attributes": {
            "child": [],
            "class_name": "fvRsDomAtt",
            "content": {
              "bindingType": "none",
              "classPref": "useg",
              "customEpgName": "",
              "delimiter": "",
              "encap": "unknown",
              "encapMode": "auto",
              "epgCos": "Cos0",
              "epgCosPref": "disabled",
              "instrImedcy": "immediate",
              "lagPolicyName": "",
              "netflowDir": "both",
              "netflowPref": "disabled",
              "numPorts": "0",
              "portAllocation": "none",
              "primaryEncap": "unknown",
              "primaryEncapInner": "unknown",
              "resImedcy": "immediate",
              "secondaryEncapInner": "unknown",
              "switchingMode": "native",
              "tDn": "uni/vmmp-VMware/dom-ucsc-c220m5-vds-01",
              "untagged": "no",
              "userdom": ":all:common:",
              "vnetOnly": "no"
            },
            "dn": "uni/tn-adossant/ap-network-segments/epg-192.168.74.0_24/rsdomAtt-[uni/vmmp-VMware/dom-ucsc-c220m5-vds-01]",
            "id": "uni/tn-adossant/ap-network-segments/epg-192.168.74.0_24/rsdomAtt-[uni/vmmp-VMware/dom-ucsc-c220m5-vds-01]"
          },
          "sensitive_attributes": [],
          "private": "bnVsbA==",
          "dependencies": [
            "module.aci.data.utils_yaml_merge.defaults",
            "module.aci.data.utils_yaml_merge.model",
            "module.aci.module.aci_application_profile.aci_rest_managed.fvAp",
            "module.aci.module.aci_bfd_interface_policy.aci_rest_managed.bfdIfPol",
            "module.aci.module.aci_bgp_timer_policy.aci_rest_managed.bgpCtxPol",
            "module.aci.module.aci_bridge_domain.aci_rest_managed.dhcpLbl",
            "module.aci.module.aci_bridge_domain.aci_rest_managed.dhcpRsDhcpOptionPol",
            "module.aci.module.aci_bridge_domain.aci_rest_managed.fvBD",
            "module.aci.module.aci_bridge_domain.aci_rest_managed.fvRsBDToOut",
            "module.aci.module.aci_bridge_domain.aci_rest_managed.fvRsCtx",
            "module.aci.module.aci_bridge_domain.aci_rest_managed.fvRsIgmpsn",
            "module.aci.module.aci_bridge_domain.aci_rest_managed.fvSubnet",
            "module.aci.module.aci_bridge_domain.aci_rest_managed.igmpIfP",
            "module.aci.module.aci_bridge_domain.aci_rest_managed.igmpRsIfPol",
            "module.aci.module.aci_bridge_domain.aci_rest_managed.tagTag",
            "module.aci.module.aci_contract.aci_rest_managed.vzBrCP",
            "module.aci.module.aci_contract.aci_rest_managed.vzRsSubjFiltAtt",
            "module.aci.module.aci_contract.aci_rest_managed.vzRsSubjGraphAtt",
            "module.aci.module.aci_contract.aci_rest_managed.vzSubj",
            "module.aci.module.aci_dhcp_option_policy.aci_rest_managed.dhcpOption",
            "module.aci.module.aci_dhcp_option_policy.aci_rest_managed.dhcpOptionPol",
            "module.aci.module.aci_dhcp_relay_policy.aci_rest_managed.dhcpRelayP",
            "module.aci.module.aci_dhcp_relay_policy.aci_rest_managed.dhcpRsProv",
            "module.aci.module.aci_endpoint_group.aci_rest_managed.fvAEPg",
            "module.aci.module.aci_filter.aci_rest_managed.vzEntry",
            "module.aci.module.aci_filter.aci_rest_managed.vzFilter",
            "module.aci.module.aci_imported_contract.aci_rest_managed.vzCPIf",
            "module.aci.module.aci_imported_contract.aci_rest_managed.vzRsIf",
            "module.aci.module.aci_l3out.aci_rest_managed.bgpExtP",
            "module.aci.module.aci_l3out.aci_rest_managed.l3extDefaultRouteLeakP",
            "module.aci.module.aci_l3out.aci_rest_managed.l3extOut",
            "module.aci.module.aci_l3out.aci_rest_managed.l3extRsDampeningPol_ipv4",
            "module.aci.module.aci_l3out.aci_rest_managed.l3extRsDampeningPol_ipv6",
            "module.aci.module.aci_l3out.aci_rest_managed.l3extRsEctx",
            "module.aci.module.aci_l3out.aci_rest_managed.l3extRsInterleakPol",
            "module.aci.module.aci_l3out.aci_rest_managed.l3extRsL3DomAtt",
            "module.aci.module.aci_l3out.aci_rest_managed.l3extRsRedistributePol",
            "module.aci.module.aci_l3out.aci_rest_managed.ospfExtP",
            "module.aci.module.aci_l3out.aci_rest_managed.pimExtP",
            "module.aci.module.aci_l3out.aci_rest_managed.rtctrlCtxP_export",
            "module.aci.module.aci_l3out.aci_rest_managed.rtctrlCtxP_import",
            "module.aci.module.aci_l3out.aci_rest_managed.rtctrlProfile_export",
            "module.aci.module.aci_l3out.aci_rest_managed.rtctrlProfile_import",
            "module.aci.module.aci_l3out.aci_rest_managed.rtctrlRsCtxPToSubjP_export",
            "module.aci.module.aci_l3out.aci_rest_managed.rtctrlRsCtxPToSubjP_import",
            "module.aci.module.aci_l3out.aci_rest_managed.rtctrlRsScopeToAttrP_export",
            "module.aci.module.aci_l3out.aci_rest_managed.rtctrlRsScopeToAttrP_import",
            "module.aci.module.aci_l3out.aci_rest_managed.rtctrlScope_export",
            "module.aci.module.aci_l3out.aci_rest_managed.rtctrlScope_import",
            "module.aci.module.aci_match_rule.aci_rest_managed.rtctrlMatchCommFactor",
            "module.aci.module.aci_match_rule.aci_rest_managed.rtctrlMatchCommRegexTerm",
            "module.aci.module.aci_match_rule.aci_rest_managed.rtctrlMatchCommTerm",
            "module.aci.module.aci_match_rule.aci_rest_managed.rtctrlMatchRtDest",
            "module.aci.module.aci_match_rule.aci_rest_managed.rtctrlSubjP",
            "module.aci.module.aci_ospf_interface_policy.aci_rest_managed.ospfIfPol",
            "module.aci.module.aci_set_rule.aci_rest_managed.rtctrlAttrP",
            "module.aci.module.aci_set_rule.aci_rest_managed.rtctrlSetASPath",
            "module.aci.module.aci_set_rule.aci_rest_managed.rtctrlSetASPathASN",
            "module.aci.module.aci_set_rule.aci_rest_managed.rtctrlSetAddComm",
            "module.aci.module.aci_set_rule.aci_rest_managed.rtctrlSetComm",
            "module.aci.module.aci_set_rule.aci_rest_managed.rtctrlSetDamp",
            "module.aci.module.aci_set_rule.aci_rest_managed.rtctrlSetNh",
            "module.aci.module.aci_set_rule.aci_rest_managed.rtctrlSetNhUnchanged",
            "module.aci.module.aci_set_rule.aci_rest_managed.rtctrlSetPref",
            "module.aci.module.aci_set_rule.aci_rest_managed.rtctrlSetRedistMultipath",
            "module.aci.module.aci_set_rule.aci_rest_managed.rtctrlSetRtMetric",
            "module.aci.module.aci_set_rule.aci_rest_managed.rtctrlSetRtMetricType",
            "module.aci.module.aci_set_rule.aci_rest_managed.rtctrlSetTag",
            "module.aci.module.aci_set_rule.aci_rest_managed.rtctrlSetWeight",
            "module.aci.module.aci_tenant.aci_rest_managed.fvTenant",
            "module.aci.module.aci_vlan_pool.aci_rest_managed.fvnsEncapBlk",
            "module.aci.module.aci_vlan_pool.aci_rest_managed.fvnsVlanInstP",
            "module.aci.module.aci_vmware_vmm_domain.aci_rest_managed.infraRsVlanNs",
            "module.aci.module.aci_vmware_vmm_domain.aci_rest_managed.lacpEnhancedLagPol",
            "module.aci.module.aci_vmware_vmm_domain.aci_rest_managed.vmmCtrlrP",
            "module.aci.module.aci_vmware_vmm_domain.aci_rest_managed.vmmDomP",
            "module.aci.module.aci_vmware_vmm_domain.aci_rest_managed.vmmRsAcc",
            "module.aci.module.aci_vmware_vmm_domain.aci_rest_managed.vmmRsMgmtEPg",
            "module.aci.module.aci_vmware_vmm_domain.aci_rest_managed.vmmRsVswitchOverrideCdpIfPol",
            "module.aci.module.aci_vmware_vmm_domain.aci_rest_managed.vmmRsVswitchOverrideLacpPol",
            "module.aci.module.aci_vmware_vmm_domain.aci_rest_managed.vmmRsVswitchOverrideLldpIfPol",
            "module.aci.module.aci_vmware_vmm_domain.aci_rest_managed.vmmRsVswitchOverrideMtuPol",
            "module.aci.module.aci_vmware_vmm_domain.aci_rest_managed.vmmUplinkP",
            "module.aci.module.aci_vmware_vmm_domain.aci_rest_managed.vmmUplinkPCont",
            "module.aci.module.aci_vmware_vmm_domain.aci_rest_managed.vmmUsrAccP",
            "module.aci.module.aci_vmware_vmm_domain.aci_rest_managed.vmmVSwitchPolicyCont",
            "module.aci.module.aci_vrf.aci_rest_managed.bgpRtTargetP_ipv4",
            "module.aci.module.aci_vrf.aci_rest_managed.bgpRtTargetP_ipv6",
            "module.aci.module.aci_vrf.aci_rest_managed.bgpRtTarget_ipv4_export",
            "module.aci.module.aci_vrf.aci_rest_managed.bgpRtTarget_ipv4_import",
            "module.aci.module.aci_vrf.aci_rest_managed.bgpRtTarget_ipv6_export",
            "module.aci.module.aci_vrf.aci_rest_managed.bgpRtTarget_ipv6_import",
            "module.aci.module.aci_vrf.aci_rest_managed.dnsLbl",
            "module.aci.module.aci_vrf.aci_rest_managed.fvCtx",
            "module.aci.module.aci_vrf.aci_rest_managed.fvRsBgpCtxPol",
            "module.aci.module.aci_vrf.aci_rest_managed.fvRsCtxToBgpCtxAfPol_ipv4",
            "module.aci.module.aci_vrf.aci_rest_managed.fvRsCtxToBgpCtxAfPol_ipv6",
            "module.aci.module.aci_vrf.aci_rest_managed.igmpCtxP",
            "module.aci.module.aci_vrf.aci_rest_managed.igmpSSMXlateP",
            "module.aci.module.aci_vrf.aci_rest_managed.leakExternalPrefix",
            "module.aci.module.aci_vrf.aci_rest_managed.leakInternalSubnet",
            "module.aci.module.aci_vrf.aci_rest_managed.leakRoutes",
            "module.aci.module.aci_vrf.aci_rest_managed.leakTo_external",
            "module.aci.module.aci_vrf.aci_rest_managed.leakTo_internal",
            "module.aci.module.aci_vrf.aci_rest_managed.pimASMPatPol",
            "module.aci.module.aci_vrf.aci_rest_managed.pimAutoRPPol",
            "module.aci.module.aci_vrf.aci_rest_managed.pimBSRFilterPol",
            "module.aci.module.aci_vrf.aci_rest_managed.pimBSRPPol",
            "module.aci.module.aci_vrf.aci_rest_managed.pimCtxP",
            "module.aci.module.aci_vrf.aci_rest_managed.pimFabricRPPol",
            "module.aci.module.aci_vrf.aci_rest_managed.pimInterVRFEntryPol",
            "module.aci.module.aci_vrf.aci_rest_managed.pimInterVRFPol",
            "module.aci.module.aci_vrf.aci_rest_managed.pimMAFilterPol",
            "module.aci.module.aci_vrf.aci_rest_managed.pimRPGrpRangePol_fabric_rp",
            "module.aci.module.aci_vrf.aci_rest_managed.pimRPGrpRangePol_static_rp",
            "module.aci.module.aci_vrf.aci_rest_managed.pimRegTrPol",
            "module.aci.module.aci_vrf.aci_rest_managed.pimResPol",
            "module.aci.module.aci_vrf.aci_rest_managed.pimSGRangeExpPol",
            "module.aci.module.aci_vrf.aci_rest_managed.pimSSMPatPol",
            "module.aci.module.aci_vrf.aci_rest_managed.pimSSMRangePol",
            "module.aci.module.aci_vrf.aci_rest_managed.pimSharedRangePol",
            "module.aci.module.aci_vrf.aci_rest_managed.pimStaticRPEntryPol_fabric_rp",
            "module.aci.module.aci_vrf.aci_rest_managed.pimStaticRPEntryPol_static_rp",
            "module.aci.module.aci_vrf.aci_rest_managed.pimStaticRPPol",
            "module.aci.module.aci_vrf.aci_rest_managed.rtdmcRsFilterToRtMapPol_asm_sg_expiry",
            "module.aci.module.aci_vrf.aci_rest_managed.rtdmcRsFilterToRtMapPol_asm_shared",
            "module.aci.module.aci_vrf.aci_rest_managed.rtdmcRsFilterToRtMapPol_auto_rp",
            "module.aci.module.aci_vrf.aci_rest_managed.rtdmcRsFilterToRtMapPol_bsr",
            "module.aci.module.aci_vrf.aci_rest_managed.rtdmcRsFilterToRtMapPol_fabric_rp",
            "module.aci.module.aci_vrf.aci_rest_managed.rtdmcRsFilterToRtMapPol_pim_inter_vrf",
            "module.aci.module.aci_vrf.aci_rest_managed.rtdmcRsFilterToRtMapPol_ssm_range",
            "module.aci.module.aci_vrf.aci_rest_managed.rtdmcRsFilterToRtMapPol_static_rp",
            "module.aci.module.aci_vrf.aci_rest_managed.vzAny",
            "module.aci.module.aci_vrf.aci_rest_managed.vzRsAnyToCons",
            "module.aci.module.aci_vrf.aci_rest_managed.vzRsAnyToConsIf",
            "module.aci.module.aci_vrf.aci_rest_managed.vzRsAnyToProv"
          ]
        }
      ]
    },
    {
      "module": "module.aci.module.aci_endpoint_group[\"adossant/network-segments/192.168.74.0_24\"]",
      "mode": "managed",
      "type": "aci_rest_managed",
      "name": "vmmSecP",
      "provider": "provider[\"registry.terraform.io/ciscodevnet/aci\"]",
      "instances": [
        {
          "index_key": "ucsc-c220m5-vds-01",
          "schema_version": 0,
          "attributes": {
            "child": [],
            "class_name": "vmmSecP",
            "content": {
              "allowPromiscuous": "reject",
              "descr": "",
              "forgedTransmits": "reject",
              "macChanges": "reject",
              "name": "",
              "nameAlias": "",
              "ownerKey": "",
              "ownerTag": "",
              "userdom": ":all:common:"
            },
            "dn": "uni/tn-adossant/ap-network-segments/epg-192.168.74.0_24/rsdomAtt-[uni/vmmp-VMware/dom-ucsc-c220m5-vds-01]/sec",
            "id": "uni/tn-adossant/ap-network-segments/epg-192.168.74.0_24/rsdomAtt-[uni/vmmp-VMware/dom-ucsc-c220m5-vds-01]/sec"
          },
          "sensitive_attributes": [],
          "private": "bnVsbA==",
          "dependencies": [
            "module.aci.data.utils_yaml_merge.defaults",
            "module.aci.data.utils_yaml_merge.model",
            "module.aci.module.aci_application_profile.aci_rest_managed.fvAp",
            "module.aci.module.aci_bfd_interface_policy.aci_rest_managed.bfdIfPol",
            "module.aci.module.aci_bgp_timer_policy.aci_rest_managed.bgpCtxPol",
            "module.aci.module.aci_bridge_domain.aci_rest_managed.dhcpLbl",
            "module.aci.module.aci_bridge_domain.aci_rest_managed.dhcpRsDhcpOptionPol",
            "module.aci.module.aci_bridge_domain.aci_rest_managed.fvBD",
            "module.aci.module.aci_bridge_domain.aci_rest_managed.fvRsBDToOut",
            "module.aci.module.aci_bridge_domain.aci_rest_managed.fvRsCtx",
            "module.aci.module.aci_bridge_domain.aci_rest_managed.fvRsIgmpsn",
            "module.aci.module.aci_bridge_domain.aci_rest_managed.fvSubnet",
            "module.aci.module.aci_bridge_domain.aci_rest_managed.igmpIfP",
            "module.aci.module.aci_bridge_domain.aci_rest_managed.igmpRsIfPol",
            "module.aci.module.aci_bridge_domain.aci_rest_managed.tagTag",
            "module.aci.module.aci_contract.aci_rest_managed.vzBrCP",
            "module.aci.module.aci_contract.aci_rest_managed.vzRsSubjFiltAtt",
            "module.aci.module.aci_contract.aci_rest_managed.vzRsSubjGraphAtt",
            "module.aci.module.aci_contract.aci_rest_managed.vzSubj",
            "module.aci.module.aci_dhcp_option_policy.aci_rest_managed.dhcpOption",
            "module.aci.module.aci_dhcp_option_policy.aci_rest_managed.dhcpOptionPol",
            "module.aci.module.aci_dhcp_relay_policy.aci_rest_managed.dhcpRelayP",
            "module.aci.module.aci_dhcp_relay_policy.aci_rest_managed.dhcpRsProv",
            "module.aci.module.aci_endpoint_group.aci_rest_managed.fvAEPg",
            "module.aci.module.aci_endpoint_group.aci_rest_managed.fvRsDomAtt_vmm",
            "module.aci.module.aci_filter.aci_rest_managed.vzEntry",
            "module.aci.module.aci_filter.aci_rest_managed.vzFilter",
            "module.aci.module.aci_imported_contract.aci_rest_managed.vzCPIf",
            "module.aci.module.aci_imported_contract.aci_rest_managed.vzRsIf",
            "module.aci.module.aci_l3out.aci_rest_managed.bgpExtP",
            "module.aci.module.aci_l3out.aci_rest_managed.l3extDefaultRouteLeakP",
            "module.aci.module.aci_l3out.aci_rest_managed.l3extOut",
            "module.aci.module.aci_l3out.aci_rest_managed.l3extRsDampeningPol_ipv4",
            "module.aci.module.aci_l3out.aci_rest_managed.l3extRsDampeningPol_ipv6",
            "module.aci.module.aci_l3out.aci_rest_managed.l3extRsEctx",
            "module.aci.module.aci_l3out.aci_rest_managed.l3extRsInterleakPol",
            "module.aci.module.aci_l3out.aci_rest_managed.l3extRsL3DomAtt",
            "module.aci.module.aci_l3out.aci_rest_managed.l3extRsRedistributePol",
            "module.aci.module.aci_l3out.aci_rest_managed.ospfExtP",
            "module.aci.module.aci_l3out.aci_rest_managed.pimExtP",
            "module.aci.module.aci_l3out.aci_rest_managed.rtctrlCtxP_export",
            "module.aci.module.aci_l3out.aci_rest_managed.rtctrlCtxP_import",
            "module.aci.module.aci_l3out.aci_rest_managed.rtctrlProfile_export",
            "module.aci.module.aci_l3out.aci_rest_managed.rtctrlProfile_import",
            "module.aci.module.aci_l3out.aci_rest_managed.rtctrlRsCtxPToSubjP_export",
            "module.aci.module.aci_l3out.aci_rest_managed.rtctrlRsCtxPToSubjP_import",
            "module.aci.module.aci_l3out.aci_rest_managed.rtctrlRsScopeToAttrP_export",
            "module.aci.module.aci_l3out.aci_rest_managed.rtctrlRsScopeToAttrP_import",
            "module.aci.module.aci_l3out.aci_rest_managed.rtctrlScope_export",
            "module.aci.module.aci_l3out.aci_rest_managed.rtctrlScope_import",
            "module.aci.module.aci_match_rule.aci_rest_managed.rtctrlMatchCommFactor",
            "module.aci.module.aci_match_rule.aci_rest_managed.rtctrlMatchCommRegexTerm",
            "module.aci.module.aci_match_rule.aci_rest_managed.rtctrlMatchCommTerm",
            "module.aci.module.aci_match_rule.aci_rest_managed.rtctrlMatchRtDest",
            "module.aci.module.aci_match_rule.aci_rest_managed.rtctrlSubjP",
            "module.aci.module.aci_ospf_interface_policy.aci_rest_managed.ospfIfPol",
            "module.aci.module.aci_set_rule.aci_rest_managed.rtctrlAttrP",
            "module.aci.module.aci_set_rule.aci_rest_managed.rtctrlSetASPath",
            "module.aci.module.aci_set_rule.aci_rest_managed.rtctrlSetASPathASN",
            "module.aci.module.aci_set_rule.aci_rest_managed.rtctrlSetAddComm",
            "module.aci.module.aci_set_rule.aci_rest_managed.rtctrlSetComm",
            "module.aci.module.aci_set_rule.aci_rest_managed.rtctrlSetDamp",
            "module.aci.module.aci_set_rule.aci_rest_managed.rtctrlSetNh",
            "module.aci.module.aci_set_rule.aci_rest_managed.rtctrlSetNhUnchanged",
            "module.aci.module.aci_set_rule.aci_rest_managed.rtctrlSetPref",
            "module.aci.module.aci_set_rule.aci_rest_managed.rtctrlSetRedistMultipath",
            "module.aci.module.aci_set_rule.aci_rest_managed.rtctrlSetRtMetric",
            "module.aci.module.aci_set_rule.aci_rest_managed.rtctrlSetRtMetricType",
            "module.aci.module.aci_set_rule.aci_rest_managed.rtctrlSetTag",
            "module.aci.module.aci_set_rule.aci_rest_managed.rtctrlSetWeight",
            "module.aci.module.aci_tenant.aci_rest_managed.fvTenant",
            "module.aci.module.aci_vlan_pool.aci_rest_managed.fvnsEncapBlk",
            "module.aci.module.aci_vlan_pool.aci_rest_managed.fvnsVlanInstP",
            "module.aci.module.aci_vmware_vmm_domain.aci_rest_managed.infraRsVlanNs",
            "module.aci.module.aci_vmware_vmm_domain.aci_rest_managed.lacpEnhancedLagPol",
            "module.aci.module.aci_vmware_vmm_domain.aci_rest_managed.vmmCtrlrP",
            "module.aci.module.aci_vmware_vmm_domain.aci_rest_managed.vmmDomP",
            "module.aci.module.aci_vmware_vmm_domain.aci_rest_managed.vmmRsAcc",
            "module.aci.module.aci_vmware_vmm_domain.aci_rest_managed.vmmRsMgmtEPg",
            "module.aci.module.aci_vmware_vmm_domain.aci_rest_managed.vmmRsVswitchOverrideCdpIfPol",
            "module.aci.module.aci_vmware_vmm_domain.aci_rest_managed.vmmRsVswitchOverrideLacpPol",
            "module.aci.module.aci_vmware_vmm_domain.aci_rest_managed.vmmRsVswitchOverrideLldpIfPol",
            "module.aci.module.aci_vmware_vmm_domain.aci_rest_managed.vmmRsVswitchOverrideMtuPol",
            "module.aci.module.aci_vmware_vmm_domain.aci_rest_managed.vmmUplinkP",
            "module.aci.module.aci_vmware_vmm_domain.aci_rest_managed.vmmUplinkPCont",
            "module.aci.module.aci_vmware_vmm_domain.aci_rest_managed.vmmUsrAccP",
            "module.aci.module.aci_vmware_vmm_domain.aci_rest_managed.vmmVSwitchPolicyCont",
            "module.aci.module.aci_vrf.aci_rest_managed.bgpRtTargetP_ipv4",
            "module.aci.module.aci_vrf.aci_rest_managed.bgpRtTargetP_ipv6",
            "module.aci.module.aci_vrf.aci_rest_managed.bgpRtTarget_ipv4_export",
            "module.aci.module.aci_vrf.aci_rest_managed.bgpRtTarget_ipv4_import",
            "module.aci.module.aci_vrf.aci_rest_managed.bgpRtTarget_ipv6_export",
            "module.aci.module.aci_vrf.aci_rest_managed.bgpRtTarget_ipv6_import",
            "module.aci.module.aci_vrf.aci_rest_managed.dnsLbl",
            "module.aci.module.aci_vrf.aci_rest_managed.fvCtx",
            "module.aci.module.aci_vrf.aci_rest_managed.fvRsBgpCtxPol",
            "module.aci.module.aci_vrf.aci_rest_managed.fvRsCtxToBgpCtxAfPol_ipv4",
            "module.aci.module.aci_vrf.aci_rest_managed.fvRsCtxToBgpCtxAfPol_ipv6",
            "module.aci.module.aci_vrf.aci_rest_managed.igmpCtxP",
            "module.aci.module.aci_vrf.aci_rest_managed.igmpSSMXlateP",
            "module.aci.module.aci_vrf.aci_rest_managed.leakExternalPrefix",
            "module.aci.module.aci_vrf.aci_rest_managed.leakInternalSubnet",
            "module.aci.module.aci_vrf.aci_rest_managed.leakRoutes",
            "module.aci.module.aci_vrf.aci_rest_managed.leakTo_external",
            "module.aci.module.aci_vrf.aci_rest_managed.leakTo_internal",
            "module.aci.module.aci_vrf.aci_rest_managed.pimASMPatPol",
            "module.aci.module.aci_vrf.aci_rest_managed.pimAutoRPPol",
            "module.aci.module.aci_vrf.aci_rest_managed.pimBSRFilterPol",
            "module.aci.module.aci_vrf.aci_rest_managed.pimBSRPPol",
            "module.aci.module.aci_vrf.aci_rest_managed.pimCtxP",
            "module.aci.module.aci_vrf.aci_rest_managed.pimFabricRPPol",
            "module.aci.module.aci_vrf.aci_rest_managed.pimInterVRFEntryPol",
            "module.aci.module.aci_vrf.aci_rest_managed.pimInterVRFPol",
            "module.aci.module.aci_vrf.aci_rest_managed.pimMAFilterPol",
            "module.aci.module.aci_vrf.aci_rest_managed.pimRPGrpRangePol_fabric_rp",
            "module.aci.module.aci_vrf.aci_rest_managed.pimRPGrpRangePol_static_rp",
            "module.aci.module.aci_vrf.aci_rest_managed.pimRegTrPol",
            "module.aci.module.aci_vrf.aci_rest_managed.pimResPol",
            "module.aci.module.aci_vrf.aci_rest_managed.pimSGRangeExpPol",
            "module.aci.module.aci_vrf.aci_rest_managed.pimSSMPatPol",
            "module.aci.module.aci_vrf.aci_rest_managed.pimSSMRangePol",
            "module.aci.module.aci_vrf.aci_rest_managed.pimSharedRangePol",
            "module.aci.module.aci_vrf.aci_rest_managed.pimStaticRPEntryPol_fabric_rp",
            "module.aci.module.aci_vrf.aci_rest_managed.pimStaticRPEntryPol_static_rp",
            "module.aci.module.aci_vrf.aci_rest_managed.pimStaticRPPol",
            "module.aci.module.aci_vrf.aci_rest_managed.rtdmcRsFilterToRtMapPol_asm_sg_expiry",
            "module.aci.module.aci_vrf.aci_rest_managed.rtdmcRsFilterToRtMapPol_asm_shared",
            "module.aci.module.aci_vrf.aci_rest_managed.rtdmcRsFilterToRtMapPol_auto_rp",
            "module.aci.module.aci_vrf.aci_rest_managed.rtdmcRsFilterToRtMapPol_bsr",
            "module.aci.module.aci_vrf.aci_rest_managed.rtdmcRsFilterToRtMapPol_fabric_rp",
            "module.aci.module.aci_vrf.aci_rest_managed.rtdmcRsFilterToRtMapPol_pim_inter_vrf",
            "module.aci.module.aci_vrf.aci_rest_managed.rtdmcRsFilterToRtMapPol_ssm_range",
            "module.aci.module.aci_vrf.aci_rest_managed.rtdmcRsFilterToRtMapPol_static_rp",
            "module.aci.module.aci_vrf.aci_rest_managed.vzAny",
            "module.aci.module.aci_vrf.aci_rest_managed.vzRsAnyToCons",
            "module.aci.module.aci_vrf.aci_rest_managed.vzRsAnyToConsIf",
            "module.aci.module.aci_vrf.aci_rest_managed.vzRsAnyToProv"
          ]
        }
      ]
    },
    {
      "module": "module.aci.module.aci_endpoint_group[\"adossant/network-segments/192.168.75.0_24\"]",
      "mode": "managed",
      "type": "aci_rest_managed",
      "name": "fvAEPg",
      "provider": "provider[\"registry.terraform.io/ciscodevnet/aci\"]",
      "instances": [
        {
          "schema_version": 0,
          "attributes": {
            "child": [],
            "class_name": "fvAEPg",
            "content": {
              "descr": "",
              "exceptionTag": "",
              "floodOnEncap": "disabled",
              "fwdCtrl": "",
              "hasMcastSource": "no",
              "isAttrBasedEPg": "no",
              "matchT": "AtleastOne",
              "name": "192.168.75.0_24",
              "nameAlias": "",
              "pcEnfPref": "unenforced",
              "prefGrMemb": "exclude",
              "prio": "unspecified",
              "shutdown": "no",
              "userdom": ":all:common:"
            },
            "dn": "uni/tn-adossant/ap-network-segments/epg-192.168.75.0_24",
            "id": "uni/tn-adossant/ap-network-segments/epg-192.168.75.0_24"
          },
          "sensitive_attributes": [],
          "private": "bnVsbA==",
          "dependencies": [
            "module.aci.data.utils_yaml_merge.defaults",
            "module.aci.data.utils_yaml_merge.model",
            "module.aci.module.aci_application_profile.aci_rest_managed.fvAp",
            "module.aci.module.aci_bfd_interface_policy.aci_rest_managed.bfdIfPol",
            "module.aci.module.aci_bgp_timer_policy.aci_rest_managed.bgpCtxPol",
            "module.aci.module.aci_bridge_domain.aci_rest_managed.dhcpLbl",
            "module.aci.module.aci_bridge_domain.aci_rest_managed.dhcpRsDhcpOptionPol",
            "module.aci.module.aci_bridge_domain.aci_rest_managed.fvBD",
            "module.aci.module.aci_bridge_domain.aci_rest_managed.fvRsBDToOut",
            "module.aci.module.aci_bridge_domain.aci_rest_managed.fvRsCtx",
            "module.aci.module.aci_bridge_domain.aci_rest_managed.fvRsIgmpsn",
            "module.aci.module.aci_bridge_domain.aci_rest_managed.fvSubnet",
            "module.aci.module.aci_bridge_domain.aci_rest_managed.igmpIfP",
            "module.aci.module.aci_bridge_domain.aci_rest_managed.igmpRsIfPol",
            "module.aci.module.aci_bridge_domain.aci_rest_managed.tagTag",
            "module.aci.module.aci_contract.aci_rest_managed.vzBrCP",
            "module.aci.module.aci_contract.aci_rest_managed.vzRsSubjFiltAtt",
            "module.aci.module.aci_contract.aci_rest_managed.vzRsSubjGraphAtt",
            "module.aci.module.aci_contract.aci_rest_managed.vzSubj",
            "module.aci.module.aci_dhcp_option_policy.aci_rest_managed.dhcpOption",
            "module.aci.module.aci_dhcp_option_policy.aci_rest_managed.dhcpOptionPol",
            "module.aci.module.aci_dhcp_relay_policy.aci_rest_managed.dhcpRelayP",
            "module.aci.module.aci_dhcp_relay_policy.aci_rest_managed.dhcpRsProv",
            "module.aci.module.aci_filter.aci_rest_managed.vzEntry",
            "module.aci.module.aci_filter.aci_rest_managed.vzFilter",
            "module.aci.module.aci_imported_contract.aci_rest_managed.vzCPIf",
            "module.aci.module.aci_imported_contract.aci_rest_managed.vzRsIf",
            "module.aci.module.aci_l3out.aci_rest_managed.bgpExtP",
            "module.aci.module.aci_l3out.aci_rest_managed.l3extDefaultRouteLeakP",
            "module.aci.module.aci_l3out.aci_rest_managed.l3extOut",
            "module.aci.module.aci_l3out.aci_rest_managed.l3extRsDampeningPol_ipv4",
            "module.aci.module.aci_l3out.aci_rest_managed.l3extRsDampeningPol_ipv6",
            "module.aci.module.aci_l3out.aci_rest_managed.l3extRsEctx",
            "module.aci.module.aci_l3out.aci_rest_managed.l3extRsInterleakPol",
            "module.aci.module.aci_l3out.aci_rest_managed.l3extRsL3DomAtt",
            "module.aci.module.aci_l3out.aci_rest_managed.l3extRsRedistributePol",
            "module.aci.module.aci_l3out.aci_rest_managed.ospfExtP",
            "module.aci.module.aci_l3out.aci_rest_managed.pimExtP",
            "module.aci.module.aci_l3out.aci_rest_managed.rtctrlCtxP_export",
            "module.aci.module.aci_l3out.aci_rest_managed.rtctrlCtxP_import",
            "module.aci.module.aci_l3out.aci_rest_managed.rtctrlProfile_export",
            "module.aci.module.aci_l3out.aci_rest_managed.rtctrlProfile_import",
            "module.aci.module.aci_l3out.aci_rest_managed.rtctrlRsCtxPToSubjP_export",
            "module.aci.module.aci_l3out.aci_rest_managed.rtctrlRsCtxPToSubjP_import",
            "module.aci.module.aci_l3out.aci_rest_managed.rtctrlRsScopeToAttrP_export",
            "module.aci.module.aci_l3out.aci_rest_managed.rtctrlRsScopeToAttrP_import",
            "module.aci.module.aci_l3out.aci_rest_managed.rtctrlScope_export",
            "module.aci.module.aci_l3out.aci_rest_managed.rtctrlScope_import",
            "module.aci.module.aci_match_rule.aci_rest_managed.rtctrlMatchCommFactor",
            "module.aci.module.aci_match_rule.aci_rest_managed.rtctrlMatchCommRegexTerm",
            "module.aci.module.aci_match_rule.aci_rest_managed.rtctrlMatchCommTerm",
            "module.aci.module.aci_match_rule.aci_rest_managed.rtctrlMatchRtDest",
            "module.aci.module.aci_match_rule.aci_rest_managed.rtctrlSubjP",
            "module.aci.module.aci_ospf_interface_policy.aci_rest_managed.ospfIfPol",
            "module.aci.module.aci_set_rule.aci_rest_managed.rtctrlAttrP",
            "module.aci.module.aci_set_rule.aci_rest_managed.rtctrlSetASPath",
            "module.aci.module.aci_set_rule.aci_rest_managed.rtctrlSetASPathASN",
            "module.aci.module.aci_set_rule.aci_rest_managed.rtctrlSetAddComm",
            "module.aci.module.aci_set_rule.aci_rest_managed.rtctrlSetComm",
            "module.aci.module.aci_set_rule.aci_rest_managed.rtctrlSetDamp",
            "module.aci.module.aci_set_rule.aci_rest_managed.rtctrlSetNh",
            "module.aci.module.aci_set_rule.aci_rest_managed.rtctrlSetNhUnchanged",
            "module.aci.module.aci_set_rule.aci_rest_managed.rtctrlSetPref",
            "module.aci.module.aci_set_rule.aci_rest_managed.rtctrlSetRedistMultipath",
            "module.aci.module.aci_set_rule.aci_rest_managed.rtctrlSetRtMetric",
            "module.aci.module.aci_set_rule.aci_rest_managed.rtctrlSetRtMetricType",
            "module.aci.module.aci_set_rule.aci_rest_managed.rtctrlSetTag",
            "module.aci.module.aci_set_rule.aci_rest_managed.rtctrlSetWeight",
            "module.aci.module.aci_tenant.aci_rest_managed.fvTenant",
            "module.aci.module.aci_vlan_pool.aci_rest_managed.fvnsEncapBlk",
            "module.aci.module.aci_vlan_pool.aci_rest_managed.fvnsVlanInstP",
            "module.aci.module.aci_vmware_vmm_domain.aci_rest_managed.infraRsVlanNs",
            "module.aci.module.aci_vmware_vmm_domain.aci_rest_managed.lacpEnhancedLagPol",
            "module.aci.module.aci_vmware_vmm_domain.aci_rest_managed.vmmCtrlrP",
            "module.aci.module.aci_vmware_vmm_domain.aci_rest_managed.vmmDomP",
            "module.aci.module.aci_vmware_vmm_domain.aci_rest_managed.vmmRsAcc",
            "module.aci.module.aci_vmware_vmm_domain.aci_rest_managed.vmmRsMgmtEPg",
            "module.aci.module.aci_vmware_vmm_domain.aci_rest_managed.vmmRsVswitchOverrideCdpIfPol",
            "module.aci.module.aci_vmware_vmm_domain.aci_rest_managed.vmmRsVswitchOverrideLacpPol",
            "module.aci.module.aci_vmware_vmm_domain.aci_rest_managed.vmmRsVswitchOverrideLldpIfPol",
            "module.aci.module.aci_vmware_vmm_domain.aci_rest_managed.vmmRsVswitchOverrideMtuPol",
            "module.aci.module.aci_vmware_vmm_domain.aci_rest_managed.vmmUplinkP",
            "module.aci.module.aci_vmware_vmm_domain.aci_rest_managed.vmmUplinkPCont",
            "module.aci.module.aci_vmware_vmm_domain.aci_rest_managed.vmmUsrAccP",
            "module.aci.module.aci_vmware_vmm_domain.aci_rest_managed.vmmVSwitchPolicyCont",
            "module.aci.module.aci_vrf.aci_rest_managed.bgpRtTargetP_ipv4",
            "module.aci.module.aci_vrf.aci_rest_managed.bgpRtTargetP_ipv6",
            "module.aci.module.aci_vrf.aci_rest_managed.bgpRtTarget_ipv4_export",
            "module.aci.module.aci_vrf.aci_rest_managed.bgpRtTarget_ipv4_import",
            "module.aci.module.aci_vrf.aci_rest_managed.bgpRtTarget_ipv6_export",
            "module.aci.module.aci_vrf.aci_rest_managed.bgpRtTarget_ipv6_import",
            "module.aci.module.aci_vrf.aci_rest_managed.dnsLbl",
            "module.aci.module.aci_vrf.aci_rest_managed.fvCtx",
            "module.aci.module.aci_vrf.aci_rest_managed.fvRsBgpCtxPol",
            "module.aci.module.aci_vrf.aci_rest_managed.fvRsCtxToBgpCtxAfPol_ipv4",
            "module.aci.module.aci_vrf.aci_rest_managed.fvRsCtxToBgpCtxAfPol_ipv6",
            "module.aci.module.aci_vrf.aci_rest_managed.igmpCtxP",
            "module.aci.module.aci_vrf.aci_rest_managed.igmpSSMXlateP",
            "module.aci.module.aci_vrf.aci_rest_managed.leakExternalPrefix",
            "module.aci.module.aci_vrf.aci_rest_managed.leakInternalSubnet",
            "module.aci.module.aci_vrf.aci_rest_managed.leakRoutes",
            "module.aci.module.aci_vrf.aci_rest_managed.leakTo_external",
            "module.aci.module.aci_vrf.aci_rest_managed.leakTo_internal",
            "module.aci.module.aci_vrf.aci_rest_managed.pimASMPatPol",
            "module.aci.module.aci_vrf.aci_rest_managed.pimAutoRPPol",
            "module.aci.module.aci_vrf.aci_rest_managed.pimBSRFilterPol",
            "module.aci.module.aci_vrf.aci_rest_managed.pimBSRPPol",
            "module.aci.module.aci_vrf.aci_rest_managed.pimCtxP",
            "module.aci.module.aci_vrf.aci_rest_managed.pimFabricRPPol",
            "module.aci.module.aci_vrf.aci_rest_managed.pimInterVRFEntryPol",
            "module.aci.module.aci_vrf.aci_rest_managed.pimInterVRFPol",
            "module.aci.module.aci_vrf.aci_rest_managed.pimMAFilterPol",
            "module.aci.module.aci_vrf.aci_rest_managed.pimRPGrpRangePol_fabric_rp",
            "module.aci.module.aci_vrf.aci_rest_managed.pimRPGrpRangePol_static_rp",
            "module.aci.module.aci_vrf.aci_rest_managed.pimRegTrPol",
            "module.aci.module.aci_vrf.aci_rest_managed.pimResPol",
            "module.aci.module.aci_vrf.aci_rest_managed.pimSGRangeExpPol",
            "module.aci.module.aci_vrf.aci_rest_managed.pimSSMPatPol",
            "module.aci.module.aci_vrf.aci_rest_managed.pimSSMRangePol",
            "module.aci.module.aci_vrf.aci_rest_managed.pimSharedRangePol",
            "module.aci.module.aci_vrf.aci_rest_managed.pimStaticRPEntryPol_fabric_rp",
            "module.aci.module.aci_vrf.aci_rest_managed.pimStaticRPEntryPol_static_rp",
            "module.aci.module.aci_vrf.aci_rest_managed.pimStaticRPPol",
            "module.aci.module.aci_vrf.aci_rest_managed.rtdmcRsFilterToRtMapPol_asm_sg_expiry",
            "module.aci.module.aci_vrf.aci_rest_managed.rtdmcRsFilterToRtMapPol_asm_shared",
            "module.aci.module.aci_vrf.aci_rest_managed.rtdmcRsFilterToRtMapPol_auto_rp",
            "module.aci.module.aci_vrf.aci_rest_managed.rtdmcRsFilterToRtMapPol_bsr",
            "module.aci.module.aci_vrf.aci_rest_managed.rtdmcRsFilterToRtMapPol_fabric_rp",
            "module.aci.module.aci_vrf.aci_rest_managed.rtdmcRsFilterToRtMapPol_pim_inter_vrf",
            "module.aci.module.aci_vrf.aci_rest_managed.rtdmcRsFilterToRtMapPol_ssm_range",
            "module.aci.module.aci_vrf.aci_rest_managed.rtdmcRsFilterToRtMapPol_static_rp",
            "module.aci.module.aci_vrf.aci_rest_managed.vzAny",
            "module.aci.module.aci_vrf.aci_rest_managed.vzRsAnyToCons",
            "module.aci.module.aci_vrf.aci_rest_managed.vzRsAnyToConsIf",
            "module.aci.module.aci_vrf.aci_rest_managed.vzRsAnyToProv"
          ]
        }
      ]
    },
    {
      "module": "module.aci.module.aci_endpoint_group[\"adossant/network-segments/192.168.75.0_24\"]",
      "mode": "managed",
      "type": "aci_rest_managed",
      "name": "fvRsBd",
      "provider": "provider[\"registry.terraform.io/ciscodevnet/aci\"]",
      "instances": [
        {
          "schema_version": 0,
          "attributes": {
            "child": [],
            "class_name": "fvRsBd",
            "content": {
              "tnFvBDName": "192.168.75.0_24",
              "userdom": "all"
            },
            "dn": "uni/tn-adossant/ap-network-segments/epg-192.168.75.0_24/rsbd",
            "id": "uni/tn-adossant/ap-network-segments/epg-192.168.75.0_24/rsbd"
          },
          "sensitive_attributes": [],
          "private": "bnVsbA==",
          "dependencies": [
            "module.aci.data.utils_yaml_merge.defaults",
            "module.aci.data.utils_yaml_merge.model",
            "module.aci.module.aci_application_profile.aci_rest_managed.fvAp",
            "module.aci.module.aci_bfd_interface_policy.aci_rest_managed.bfdIfPol",
            "module.aci.module.aci_bgp_timer_policy.aci_rest_managed.bgpCtxPol",
            "module.aci.module.aci_bridge_domain.aci_rest_managed.dhcpLbl",
            "module.aci.module.aci_bridge_domain.aci_rest_managed.dhcpRsDhcpOptionPol",
            "module.aci.module.aci_bridge_domain.aci_rest_managed.fvBD",
            "module.aci.module.aci_bridge_domain.aci_rest_managed.fvRsBDToOut",
            "module.aci.module.aci_bridge_domain.aci_rest_managed.fvRsCtx",
            "module.aci.module.aci_bridge_domain.aci_rest_managed.fvRsIgmpsn",
            "module.aci.module.aci_bridge_domain.aci_rest_managed.fvSubnet",
            "module.aci.module.aci_bridge_domain.aci_rest_managed.igmpIfP",
            "module.aci.module.aci_bridge_domain.aci_rest_managed.igmpRsIfPol",
            "module.aci.module.aci_bridge_domain.aci_rest_managed.tagTag",
            "module.aci.module.aci_contract.aci_rest_managed.vzBrCP",
            "module.aci.module.aci_contract.aci_rest_managed.vzRsSubjFiltAtt",
            "module.aci.module.aci_contract.aci_rest_managed.vzRsSubjGraphAtt",
            "module.aci.module.aci_contract.aci_rest_managed.vzSubj",
            "module.aci.module.aci_dhcp_option_policy.aci_rest_managed.dhcpOption",
            "module.aci.module.aci_dhcp_option_policy.aci_rest_managed.dhcpOptionPol",
            "module.aci.module.aci_dhcp_relay_policy.aci_rest_managed.dhcpRelayP",
            "module.aci.module.aci_dhcp_relay_policy.aci_rest_managed.dhcpRsProv",
            "module.aci.module.aci_endpoint_group.aci_rest_managed.fvAEPg",
            "module.aci.module.aci_filter.aci_rest_managed.vzEntry",
            "module.aci.module.aci_filter.aci_rest_managed.vzFilter",
            "module.aci.module.aci_imported_contract.aci_rest_managed.vzCPIf",
            "module.aci.module.aci_imported_contract.aci_rest_managed.vzRsIf",
            "module.aci.module.aci_l3out.aci_rest_managed.bgpExtP",
            "module.aci.module.aci_l3out.aci_rest_managed.l3extDefaultRouteLeakP",
            "module.aci.module.aci_l3out.aci_rest_managed.l3extOut",
            "module.aci.module.aci_l3out.aci_rest_managed.l3extRsDampeningPol_ipv4",
            "module.aci.module.aci_l3out.aci_rest_managed.l3extRsDampeningPol_ipv6",
            "module.aci.module.aci_l3out.aci_rest_managed.l3extRsEctx",
            "module.aci.module.aci_l3out.aci_rest_managed.l3extRsInterleakPol",
            "module.aci.module.aci_l3out.aci_rest_managed.l3extRsL3DomAtt",
            "module.aci.module.aci_l3out.aci_rest_managed.l3extRsRedistributePol",
            "module.aci.module.aci_l3out.aci_rest_managed.ospfExtP",
            "module.aci.module.aci_l3out.aci_rest_managed.pimExtP",
            "module.aci.module.aci_l3out.aci_rest_managed.rtctrlCtxP_export",
            "module.aci.module.aci_l3out.aci_rest_managed.rtctrlCtxP_import",
            "module.aci.module.aci_l3out.aci_rest_managed.rtctrlProfile_export",
            "module.aci.module.aci_l3out.aci_rest_managed.rtctrlProfile_import",
            "module.aci.module.aci_l3out.aci_rest_managed.rtctrlRsCtxPToSubjP_export",
            "module.aci.module.aci_l3out.aci_rest_managed.rtctrlRsCtxPToSubjP_import",
            "module.aci.module.aci_l3out.aci_rest_managed.rtctrlRsScopeToAttrP_export",
            "module.aci.module.aci_l3out.aci_rest_managed.rtctrlRsScopeToAttrP_import",
            "module.aci.module.aci_l3out.aci_rest_managed.rtctrlScope_export",
            "module.aci.module.aci_l3out.aci_rest_managed.rtctrlScope_import",
            "module.aci.module.aci_match_rule.aci_rest_managed.rtctrlMatchCommFactor",
            "module.aci.module.aci_match_rule.aci_rest_managed.rtctrlMatchCommRegexTerm",
            "module.aci.module.aci_match_rule.aci_rest_managed.rtctrlMatchCommTerm",
            "module.aci.module.aci_match_rule.aci_rest_managed.rtctrlMatchRtDest",
            "module.aci.module.aci_match_rule.aci_rest_managed.rtctrlSubjP",
            "module.aci.module.aci_ospf_interface_policy.aci_rest_managed.ospfIfPol",
            "module.aci.module.aci_set_rule.aci_rest_managed.rtctrlAttrP",
            "module.aci.module.aci_set_rule.aci_rest_managed.rtctrlSetASPath",
            "module.aci.module.aci_set_rule.aci_rest_managed.rtctrlSetASPathASN",
            "module.aci.module.aci_set_rule.aci_rest_managed.rtctrlSetAddComm",
            "module.aci.module.aci_set_rule.aci_rest_managed.rtctrlSetComm",
            "module.aci.module.aci_set_rule.aci_rest_managed.rtctrlSetDamp",
            "module.aci.module.aci_set_rule.aci_rest_managed.rtctrlSetNh",
            "module.aci.module.aci_set_rule.aci_rest_managed.rtctrlSetNhUnchanged",
            "module.aci.module.aci_set_rule.aci_rest_managed.rtctrlSetPref",
            "module.aci.module.aci_set_rule.aci_rest_managed.rtctrlSetRedistMultipath",
            "module.aci.module.aci_set_rule.aci_rest_managed.rtctrlSetRtMetric",
            "module.aci.module.aci_set_rule.aci_rest_managed.rtctrlSetRtMetricType",
            "module.aci.module.aci_set_rule.aci_rest_managed.rtctrlSetTag",
            "module.aci.module.aci_set_rule.aci_rest_managed.rtctrlSetWeight",
            "module.aci.module.aci_tenant.aci_rest_managed.fvTenant",
            "module.aci.module.aci_vlan_pool.aci_rest_managed.fvnsEncapBlk",
            "module.aci.module.aci_vlan_pool.aci_rest_managed.fvnsVlanInstP",
            "module.aci.module.aci_vmware_vmm_domain.aci_rest_managed.infraRsVlanNs",
            "module.aci.module.aci_vmware_vmm_domain.aci_rest_managed.lacpEnhancedLagPol",
            "module.aci.module.aci_vmware_vmm_domain.aci_rest_managed.vmmCtrlrP",
            "module.aci.module.aci_vmware_vmm_domain.aci_rest_managed.vmmDomP",
            "module.aci.module.aci_vmware_vmm_domain.aci_rest_managed.vmmRsAcc",
            "module.aci.module.aci_vmware_vmm_domain.aci_rest_managed.vmmRsMgmtEPg",
            "module.aci.module.aci_vmware_vmm_domain.aci_rest_managed.vmmRsVswitchOverrideCdpIfPol",
            "module.aci.module.aci_vmware_vmm_domain.aci_rest_managed.vmmRsVswitchOverrideLacpPol",
            "module.aci.module.aci_vmware_vmm_domain.aci_rest_managed.vmmRsVswitchOverrideLldpIfPol",
            "module.aci.module.aci_vmware_vmm_domain.aci_rest_managed.vmmRsVswitchOverrideMtuPol",
            "module.aci.module.aci_vmware_vmm_domain.aci_rest_managed.vmmUplinkP",
            "module.aci.module.aci_vmware_vmm_domain.aci_rest_managed.vmmUplinkPCont",
            "module.aci.module.aci_vmware_vmm_domain.aci_rest_managed.vmmUsrAccP",
            "module.aci.module.aci_vmware_vmm_domain.aci_rest_managed.vmmVSwitchPolicyCont",
            "module.aci.module.aci_vrf.aci_rest_managed.bgpRtTargetP_ipv4",
            "module.aci.module.aci_vrf.aci_rest_managed.bgpRtTargetP_ipv6",
            "module.aci.module.aci_vrf.aci_rest_managed.bgpRtTarget_ipv4_export",
            "module.aci.module.aci_vrf.aci_rest_managed.bgpRtTarget_ipv4_import",
            "module.aci.module.aci_vrf.aci_rest_managed.bgpRtTarget_ipv6_export",
            "module.aci.module.aci_vrf.aci_rest_managed.bgpRtTarget_ipv6_import",
            "module.aci.module.aci_vrf.aci_rest_managed.dnsLbl",
            "module.aci.module.aci_vrf.aci_rest_managed.fvCtx",
            "module.aci.module.aci_vrf.aci_rest_managed.fvRsBgpCtxPol",
            "module.aci.module.aci_vrf.aci_rest_managed.fvRsCtxToBgpCtxAfPol_ipv4",
            "module.aci.module.aci_vrf.aci_rest_managed.fvRsCtxToBgpCtxAfPol_ipv6",
            "module.aci.module.aci_vrf.aci_rest_managed.igmpCtxP",
            "module.aci.module.aci_vrf.aci_rest_managed.igmpSSMXlateP",
            "module.aci.module.aci_vrf.aci_rest_managed.leakExternalPrefix",
            "module.aci.module.aci_vrf.aci_rest_managed.leakInternalSubnet",
            "module.aci.module.aci_vrf.aci_rest_managed.leakRoutes",
            "module.aci.module.aci_vrf.aci_rest_managed.leakTo_external",
            "module.aci.module.aci_vrf.aci_rest_managed.leakTo_internal",
            "module.aci.module.aci_vrf.aci_rest_managed.pimASMPatPol",
            "module.aci.module.aci_vrf.aci_rest_managed.pimAutoRPPol",
            "module.aci.module.aci_vrf.aci_rest_managed.pimBSRFilterPol",
            "module.aci.module.aci_vrf.aci_rest_managed.pimBSRPPol",
            "module.aci.module.aci_vrf.aci_rest_managed.pimCtxP",
            "module.aci.module.aci_vrf.aci_rest_managed.pimFabricRPPol",
            "module.aci.module.aci_vrf.aci_rest_managed.pimInterVRFEntryPol",
            "module.aci.module.aci_vrf.aci_rest_managed.pimInterVRFPol",
            "module.aci.module.aci_vrf.aci_rest_managed.pimMAFilterPol",
            "module.aci.module.aci_vrf.aci_rest_managed.pimRPGrpRangePol_fabric_rp",
            "module.aci.module.aci_vrf.aci_rest_managed.pimRPGrpRangePol_static_rp",
            "module.aci.module.aci_vrf.aci_rest_managed.pimRegTrPol",
            "module.aci.module.aci_vrf.aci_rest_managed.pimResPol",
            "module.aci.module.aci_vrf.aci_rest_managed.pimSGRangeExpPol",
            "module.aci.module.aci_vrf.aci_rest_managed.pimSSMPatPol",
            "module.aci.module.aci_vrf.aci_rest_managed.pimSSMRangePol",
            "module.aci.module.aci_vrf.aci_rest_managed.pimSharedRangePol",
            "module.aci.module.aci_vrf.aci_rest_managed.pimStaticRPEntryPol_fabric_rp",
            "module.aci.module.aci_vrf.aci_rest_managed.pimStaticRPEntryPol_static_rp",
            "module.aci.module.aci_vrf.aci_rest_managed.pimStaticRPPol",
            "module.aci.module.aci_vrf.aci_rest_managed.rtdmcRsFilterToRtMapPol_asm_sg_expiry",
            "module.aci.module.aci_vrf.aci_rest_managed.rtdmcRsFilterToRtMapPol_asm_shared",
            "module.aci.module.aci_vrf.aci_rest_managed.rtdmcRsFilterToRtMapPol_auto_rp",
            "module.aci.module.aci_vrf.aci_rest_managed.rtdmcRsFilterToRtMapPol_bsr",
            "module.aci.module.aci_vrf.aci_rest_managed.rtdmcRsFilterToRtMapPol_fabric_rp",
            "module.aci.module.aci_vrf.aci_rest_managed.rtdmcRsFilterToRtMapPol_pim_inter_vrf",
            "module.aci.module.aci_vrf.aci_rest_managed.rtdmcRsFilterToRtMapPol_ssm_range",
            "module.aci.module.aci_vrf.aci_rest_managed.rtdmcRsFilterToRtMapPol_static_rp",
            "module.aci.module.aci_vrf.aci_rest_managed.vzAny",
            "module.aci.module.aci_vrf.aci_rest_managed.vzRsAnyToCons",
            "module.aci.module.aci_vrf.aci_rest_managed.vzRsAnyToConsIf",
            "module.aci.module.aci_vrf.aci_rest_managed.vzRsAnyToProv"
          ]
        }
      ]
    },
    {
      "module": "module.aci.module.aci_endpoint_group[\"adossant/network-segments/192.168.75.0_24\"]",
      "mode": "managed",
      "type": "aci_rest_managed",
      "name": "fvRsDomAtt_vmm",
      "provider": "provider[\"registry.terraform.io/ciscodevnet/aci\"]",
      "instances": [
        {
          "index_key": "ucsc-c220m5-vds-01",
          "schema_version": 0,
          "attributes": {
            "child": [],
            "class_name": "fvRsDomAtt",
            "content": {
              "bindingType": "none",
              "classPref": "useg",
              "customEpgName": "",
              "delimiter": "",
              "encap": "unknown",
              "encapMode": "auto",
              "epgCos": "Cos0",
              "epgCosPref": "disabled",
              "instrImedcy": "immediate",
              "lagPolicyName": "",
              "netflowDir": "both",
              "netflowPref": "disabled",
              "numPorts": "0",
              "portAllocation": "none",
              "primaryEncap": "unknown",
              "primaryEncapInner": "unknown",
              "resImedcy": "immediate",
              "secondaryEncapInner": "unknown",
              "switchingMode": "native",
              "tDn": "uni/vmmp-VMware/dom-ucsc-c220m5-vds-01",
              "untagged": "no",
              "userdom": ":all:common:",
              "vnetOnly": "no"
            },
            "dn": "uni/tn-adossant/ap-network-segments/epg-192.168.75.0_24/rsdomAtt-[uni/vmmp-VMware/dom-ucsc-c220m5-vds-01]",
            "id": "uni/tn-adossant/ap-network-segments/epg-192.168.75.0_24/rsdomAtt-[uni/vmmp-VMware/dom-ucsc-c220m5-vds-01]"
          },
          "sensitive_attributes": [],
          "private": "bnVsbA==",
          "dependencies": [
            "module.aci.data.utils_yaml_merge.defaults",
            "module.aci.data.utils_yaml_merge.model",
            "module.aci.module.aci_application_profile.aci_rest_managed.fvAp",
            "module.aci.module.aci_bfd_interface_policy.aci_rest_managed.bfdIfPol",
            "module.aci.module.aci_bgp_timer_policy.aci_rest_managed.bgpCtxPol",
            "module.aci.module.aci_bridge_domain.aci_rest_managed.dhcpLbl",
            "module.aci.module.aci_bridge_domain.aci_rest_managed.dhcpRsDhcpOptionPol",
            "module.aci.module.aci_bridge_domain.aci_rest_managed.fvBD",
            "module.aci.module.aci_bridge_domain.aci_rest_managed.fvRsBDToOut",
            "module.aci.module.aci_bridge_domain.aci_rest_managed.fvRsCtx",
            "module.aci.module.aci_bridge_domain.aci_rest_managed.fvRsIgmpsn",
            "module.aci.module.aci_bridge_domain.aci_rest_managed.fvSubnet",
            "module.aci.module.aci_bridge_domain.aci_rest_managed.igmpIfP",
            "module.aci.module.aci_bridge_domain.aci_rest_managed.igmpRsIfPol",
            "module.aci.module.aci_bridge_domain.aci_rest_managed.tagTag",
            "module.aci.module.aci_contract.aci_rest_managed.vzBrCP",
            "module.aci.module.aci_contract.aci_rest_managed.vzRsSubjFiltAtt",
            "module.aci.module.aci_contract.aci_rest_managed.vzRsSubjGraphAtt",
            "module.aci.module.aci_contract.aci_rest_managed.vzSubj",
            "module.aci.module.aci_dhcp_option_policy.aci_rest_managed.dhcpOption",
            "module.aci.module.aci_dhcp_option_policy.aci_rest_managed.dhcpOptionPol",
            "module.aci.module.aci_dhcp_relay_policy.aci_rest_managed.dhcpRelayP",
            "module.aci.module.aci_dhcp_relay_policy.aci_rest_managed.dhcpRsProv",
            "module.aci.module.aci_endpoint_group.aci_rest_managed.fvAEPg",
            "module.aci.module.aci_filter.aci_rest_managed.vzEntry",
            "module.aci.module.aci_filter.aci_rest_managed.vzFilter",
            "module.aci.module.aci_imported_contract.aci_rest_managed.vzCPIf",
            "module.aci.module.aci_imported_contract.aci_rest_managed.vzRsIf",
            "module.aci.module.aci_l3out.aci_rest_managed.bgpExtP",
            "module.aci.module.aci_l3out.aci_rest_managed.l3extDefaultRouteLeakP",
            "module.aci.module.aci_l3out.aci_rest_managed.l3extOut",
            "module.aci.module.aci_l3out.aci_rest_managed.l3extRsDampeningPol_ipv4",
            "module.aci.module.aci_l3out.aci_rest_managed.l3extRsDampeningPol_ipv6",
            "module.aci.module.aci_l3out.aci_rest_managed.l3extRsEctx",
            "module.aci.module.aci_l3out.aci_rest_managed.l3extRsInterleakPol",
            "module.aci.module.aci_l3out.aci_rest_managed.l3extRsL3DomAtt",
            "module.aci.module.aci_l3out.aci_rest_managed.l3extRsRedistributePol",
            "module.aci.module.aci_l3out.aci_rest_managed.ospfExtP",
            "module.aci.module.aci_l3out.aci_rest_managed.pimExtP",
            "module.aci.module.aci_l3out.aci_rest_managed.rtctrlCtxP_export",
            "module.aci.module.aci_l3out.aci_rest_managed.rtctrlCtxP_import",
            "module.aci.module.aci_l3out.aci_rest_managed.rtctrlProfile_export",
            "module.aci.module.aci_l3out.aci_rest_managed.rtctrlProfile_import",
            "module.aci.module.aci_l3out.aci_rest_managed.rtctrlRsCtxPToSubjP_export",
            "module.aci.module.aci_l3out.aci_rest_managed.rtctrlRsCtxPToSubjP_import",
            "module.aci.module.aci_l3out.aci_rest_managed.rtctrlRsScopeToAttrP_export",
            "module.aci.module.aci_l3out.aci_rest_managed.rtctrlRsScopeToAttrP_import",
            "module.aci.module.aci_l3out.aci_rest_managed.rtctrlScope_export",
            "module.aci.module.aci_l3out.aci_rest_managed.rtctrlScope_import",
            "module.aci.module.aci_match_rule.aci_rest_managed.rtctrlMatchCommFactor",
            "module.aci.module.aci_match_rule.aci_rest_managed.rtctrlMatchCommRegexTerm",
            "module.aci.module.aci_match_rule.aci_rest_managed.rtctrlMatchCommTerm",
            "module.aci.module.aci_match_rule.aci_rest_managed.rtctrlMatchRtDest",
            "module.aci.module.aci_match_rule.aci_rest_managed.rtctrlSubjP",
            "module.aci.module.aci_ospf_interface_policy.aci_rest_managed.ospfIfPol",
            "module.aci.module.aci_set_rule.aci_rest_managed.rtctrlAttrP",
            "module.aci.module.aci_set_rule.aci_rest_managed.rtctrlSetASPath",
            "module.aci.module.aci_set_rule.aci_rest_managed.rtctrlSetASPathASN",
            "module.aci.module.aci_set_rule.aci_rest_managed.rtctrlSetAddComm",
            "module.aci.module.aci_set_rule.aci_rest_managed.rtctrlSetComm",
            "module.aci.module.aci_set_rule.aci_rest_managed.rtctrlSetDamp",
            "module.aci.module.aci_set_rule.aci_rest_managed.rtctrlSetNh",
            "module.aci.module.aci_set_rule.aci_rest_managed.rtctrlSetNhUnchanged",
            "module.aci.module.aci_set_rule.aci_rest_managed.rtctrlSetPref",
            "module.aci.module.aci_set_rule.aci_rest_managed.rtctrlSetRedistMultipath",
            "module.aci.module.aci_set_rule.aci_rest_managed.rtctrlSetRtMetric",
            "module.aci.module.aci_set_rule.aci_rest_managed.rtctrlSetRtMetricType",
            "module.aci.module.aci_set_rule.aci_rest_managed.rtctrlSetTag",
            "module.aci.module.aci_set_rule.aci_rest_managed.rtctrlSetWeight",
            "module.aci.module.aci_tenant.aci_rest_managed.fvTenant",
            "module.aci.module.aci_vlan_pool.aci_rest_managed.fvnsEncapBlk",
            "module.aci.module.aci_vlan_pool.aci_rest_managed.fvnsVlanInstP",
            "module.aci.module.aci_vmware_vmm_domain.aci_rest_managed.infraRsVlanNs",
            "module.aci.module.aci_vmware_vmm_domain.aci_rest_managed.lacpEnhancedLagPol",
            "module.aci.module.aci_vmware_vmm_domain.aci_rest_managed.vmmCtrlrP",
            "module.aci.module.aci_vmware_vmm_domain.aci_rest_managed.vmmDomP",
            "module.aci.module.aci_vmware_vmm_domain.aci_rest_managed.vmmRsAcc",
            "module.aci.module.aci_vmware_vmm_domain.aci_rest_managed.vmmRsMgmtEPg",
            "module.aci.module.aci_vmware_vmm_domain.aci_rest_managed.vmmRsVswitchOverrideCdpIfPol",
            "module.aci.module.aci_vmware_vmm_domain.aci_rest_managed.vmmRsVswitchOverrideLacpPol",
            "module.aci.module.aci_vmware_vmm_domain.aci_rest_managed.vmmRsVswitchOverrideLldpIfPol",
            "module.aci.module.aci_vmware_vmm_domain.aci_rest_managed.vmmRsVswitchOverrideMtuPol",
            "module.aci.module.aci_vmware_vmm_domain.aci_rest_managed.vmmUplinkP",
            "module.aci.module.aci_vmware_vmm_domain.aci_rest_managed.vmmUplinkPCont",
            "module.aci.module.aci_vmware_vmm_domain.aci_rest_managed.vmmUsrAccP",
            "module.aci.module.aci_vmware_vmm_domain.aci_rest_managed.vmmVSwitchPolicyCont",
            "module.aci.module.aci_vrf.aci_rest_managed.bgpRtTargetP_ipv4",
            "module.aci.module.aci_vrf.aci_rest_managed.bgpRtTargetP_ipv6",
            "module.aci.module.aci_vrf.aci_rest_managed.bgpRtTarget_ipv4_export",
            "module.aci.module.aci_vrf.aci_rest_managed.bgpRtTarget_ipv4_import",
            "module.aci.module.aci_vrf.aci_rest_managed.bgpRtTarget_ipv6_export",
            "module.aci.module.aci_vrf.aci_rest_managed.bgpRtTarget_ipv6_import",
            "module.aci.module.aci_vrf.aci_rest_managed.dnsLbl",
            "module.aci.module.aci_vrf.aci_rest_managed.fvCtx",
            "module.aci.module.aci_vrf.aci_rest_managed.fvRsBgpCtxPol",
            "module.aci.module.aci_vrf.aci_rest_managed.fvRsCtxToBgpCtxAfPol_ipv4",
            "module.aci.module.aci_vrf.aci_rest_managed.fvRsCtxToBgpCtxAfPol_ipv6",
            "module.aci.module.aci_vrf.aci_rest_managed.igmpCtxP",
            "module.aci.module.aci_vrf.aci_rest_managed.igmpSSMXlateP",
            "module.aci.module.aci_vrf.aci_rest_managed.leakExternalPrefix",
            "module.aci.module.aci_vrf.aci_rest_managed.leakInternalSubnet",
            "module.aci.module.aci_vrf.aci_rest_managed.leakRoutes",
            "module.aci.module.aci_vrf.aci_rest_managed.leakTo_external",
            "module.aci.module.aci_vrf.aci_rest_managed.leakTo_internal",
            "module.aci.module.aci_vrf.aci_rest_managed.pimASMPatPol",
            "module.aci.module.aci_vrf.aci_rest_managed.pimAutoRPPol",
            "module.aci.module.aci_vrf.aci_rest_managed.pimBSRFilterPol",
            "module.aci.module.aci_vrf.aci_rest_managed.pimBSRPPol",
            "module.aci.module.aci_vrf.aci_rest_managed.pimCtxP",
            "module.aci.module.aci_vrf.aci_rest_managed.pimFabricRPPol",
            "module.aci.module.aci_vrf.aci_rest_managed.pimInterVRFEntryPol",
            "module.aci.module.aci_vrf.aci_rest_managed.pimInterVRFPol",
            "module.aci.module.aci_vrf.aci_rest_managed.pimMAFilterPol",
            "module.aci.module.aci_vrf.aci_rest_managed.pimRPGrpRangePol_fabric_rp",
            "module.aci.module.aci_vrf.aci_rest_managed.pimRPGrpRangePol_static_rp",
            "module.aci.module.aci_vrf.aci_rest_managed.pimRegTrPol",
            "module.aci.module.aci_vrf.aci_rest_managed.pimResPol",
            "module.aci.module.aci_vrf.aci_rest_managed.pimSGRangeExpPol",
            "module.aci.module.aci_vrf.aci_rest_managed.pimSSMPatPol",
            "module.aci.module.aci_vrf.aci_rest_managed.pimSSMRangePol",
            "module.aci.module.aci_vrf.aci_rest_managed.pimSharedRangePol",
            "module.aci.module.aci_vrf.aci_rest_managed.pimStaticRPEntryPol_fabric_rp",
            "module.aci.module.aci_vrf.aci_rest_managed.pimStaticRPEntryPol_static_rp",
            "module.aci.module.aci_vrf.aci_rest_managed.pimStaticRPPol",
            "module.aci.module.aci_vrf.aci_rest_managed.rtdmcRsFilterToRtMapPol_asm_sg_expiry",
            "module.aci.module.aci_vrf.aci_rest_managed.rtdmcRsFilterToRtMapPol_asm_shared",
            "module.aci.module.aci_vrf.aci_rest_managed.rtdmcRsFilterToRtMapPol_auto_rp",
            "module.aci.module.aci_vrf.aci_rest_managed.rtdmcRsFilterToRtMapPol_bsr",
            "module.aci.module.aci_vrf.aci_rest_managed.rtdmcRsFilterToRtMapPol_fabric_rp",
            "module.aci.module.aci_vrf.aci_rest_managed.rtdmcRsFilterToRtMapPol_pim_inter_vrf",
            "module.aci.module.aci_vrf.aci_rest_managed.rtdmcRsFilterToRtMapPol_ssm_range",
            "module.aci.module.aci_vrf.aci_rest_managed.rtdmcRsFilterToRtMapPol_static_rp",
            "module.aci.module.aci_vrf.aci_rest_managed.vzAny",
            "module.aci.module.aci_vrf.aci_rest_managed.vzRsAnyToCons",
            "module.aci.module.aci_vrf.aci_rest_managed.vzRsAnyToConsIf",
            "module.aci.module.aci_vrf.aci_rest_managed.vzRsAnyToProv"
          ]
        }
      ]
    },
    {
      "module": "module.aci.module.aci_endpoint_group[\"adossant/network-segments/192.168.75.0_24\"]",
      "mode": "managed",
      "type": "aci_rest_managed",
      "name": "vmmSecP",
      "provider": "provider[\"registry.terraform.io/ciscodevnet/aci\"]",
      "instances": [
        {
          "index_key": "ucsc-c220m5-vds-01",
          "schema_version": 0,
          "attributes": {
            "child": [],
            "class_name": "vmmSecP",
            "content": {
              "allowPromiscuous": "reject",
              "descr": "",
              "forgedTransmits": "reject",
              "macChanges": "reject",
              "name": "",
              "nameAlias": "",
              "ownerKey": "",
              "ownerTag": "",
              "userdom": ":all:common:"
            },
            "dn": "uni/tn-adossant/ap-network-segments/epg-192.168.75.0_24/rsdomAtt-[uni/vmmp-VMware/dom-ucsc-c220m5-vds-01]/sec",
            "id": "uni/tn-adossant/ap-network-segments/epg-192.168.75.0_24/rsdomAtt-[uni/vmmp-VMware/dom-ucsc-c220m5-vds-01]/sec"
          },
          "sensitive_attributes": [],
          "private": "bnVsbA==",
          "dependencies": [
            "module.aci.data.utils_yaml_merge.defaults",
            "module.aci.data.utils_yaml_merge.model",
            "module.aci.module.aci_application_profile.aci_rest_managed.fvAp",
            "module.aci.module.aci_bfd_interface_policy.aci_rest_managed.bfdIfPol",
            "module.aci.module.aci_bgp_timer_policy.aci_rest_managed.bgpCtxPol",
            "module.aci.module.aci_bridge_domain.aci_rest_managed.dhcpLbl",
            "module.aci.module.aci_bridge_domain.aci_rest_managed.dhcpRsDhcpOptionPol",
            "module.aci.module.aci_bridge_domain.aci_rest_managed.fvBD",
            "module.aci.module.aci_bridge_domain.aci_rest_managed.fvRsBDToOut",
            "module.aci.module.aci_bridge_domain.aci_rest_managed.fvRsCtx",
            "module.aci.module.aci_bridge_domain.aci_rest_managed.fvRsIgmpsn",
            "module.aci.module.aci_bridge_domain.aci_rest_managed.fvSubnet",
            "module.aci.module.aci_bridge_domain.aci_rest_managed.igmpIfP",
            "module.aci.module.aci_bridge_domain.aci_rest_managed.igmpRsIfPol",
            "module.aci.module.aci_bridge_domain.aci_rest_managed.tagTag",
            "module.aci.module.aci_contract.aci_rest_managed.vzBrCP",
            "module.aci.module.aci_contract.aci_rest_managed.vzRsSubjFiltAtt",
            "module.aci.module.aci_contract.aci_rest_managed.vzRsSubjGraphAtt",
            "module.aci.module.aci_contract.aci_rest_managed.vzSubj",
            "module.aci.module.aci_dhcp_option_policy.aci_rest_managed.dhcpOption",
            "module.aci.module.aci_dhcp_option_policy.aci_rest_managed.dhcpOptionPol",
            "module.aci.module.aci_dhcp_relay_policy.aci_rest_managed.dhcpRelayP",
            "module.aci.module.aci_dhcp_relay_policy.aci_rest_managed.dhcpRsProv",
            "module.aci.module.aci_endpoint_group.aci_rest_managed.fvAEPg",
            "module.aci.module.aci_endpoint_group.aci_rest_managed.fvRsDomAtt_vmm",
            "module.aci.module.aci_filter.aci_rest_managed.vzEntry",
            "module.aci.module.aci_filter.aci_rest_managed.vzFilter",
            "module.aci.module.aci_imported_contract.aci_rest_managed.vzCPIf",
            "module.aci.module.aci_imported_contract.aci_rest_managed.vzRsIf",
            "module.aci.module.aci_l3out.aci_rest_managed.bgpExtP",
            "module.aci.module.aci_l3out.aci_rest_managed.l3extDefaultRouteLeakP",
            "module.aci.module.aci_l3out.aci_rest_managed.l3extOut",
            "module.aci.module.aci_l3out.aci_rest_managed.l3extRsDampeningPol_ipv4",
            "module.aci.module.aci_l3out.aci_rest_managed.l3extRsDampeningPol_ipv6",
            "module.aci.module.aci_l3out.aci_rest_managed.l3extRsEctx",
            "module.aci.module.aci_l3out.aci_rest_managed.l3extRsInterleakPol",
            "module.aci.module.aci_l3out.aci_rest_managed.l3extRsL3DomAtt",
            "module.aci.module.aci_l3out.aci_rest_managed.l3extRsRedistributePol",
            "module.aci.module.aci_l3out.aci_rest_managed.ospfExtP",
            "module.aci.module.aci_l3out.aci_rest_managed.pimExtP",
            "module.aci.module.aci_l3out.aci_rest_managed.rtctrlCtxP_export",
            "module.aci.module.aci_l3out.aci_rest_managed.rtctrlCtxP_import",
            "module.aci.module.aci_l3out.aci_rest_managed.rtctrlProfile_export",
            "module.aci.module.aci_l3out.aci_rest_managed.rtctrlProfile_import",
            "module.aci.module.aci_l3out.aci_rest_managed.rtctrlRsCtxPToSubjP_export",
            "module.aci.module.aci_l3out.aci_rest_managed.rtctrlRsCtxPToSubjP_import",
            "module.aci.module.aci_l3out.aci_rest_managed.rtctrlRsScopeToAttrP_export",
            "module.aci.module.aci_l3out.aci_rest_managed.rtctrlRsScopeToAttrP_import",
            "module.aci.module.aci_l3out.aci_rest_managed.rtctrlScope_export",
            "module.aci.module.aci_l3out.aci_rest_managed.rtctrlScope_import",
            "module.aci.module.aci_match_rule.aci_rest_managed.rtctrlMatchCommFactor",
            "module.aci.module.aci_match_rule.aci_rest_managed.rtctrlMatchCommRegexTerm",
            "module.aci.module.aci_match_rule.aci_rest_managed.rtctrlMatchCommTerm",
            "module.aci.module.aci_match_rule.aci_rest_managed.rtctrlMatchRtDest",
            "module.aci.module.aci_match_rule.aci_rest_managed.rtctrlSubjP",
            "module.aci.module.aci_ospf_interface_policy.aci_rest_managed.ospfIfPol",
            "module.aci.module.aci_set_rule.aci_rest_managed.rtctrlAttrP",
            "module.aci.module.aci_set_rule.aci_rest_managed.rtctrlSetASPath",
            "module.aci.module.aci_set_rule.aci_rest_managed.rtctrlSetASPathASN",
            "module.aci.module.aci_set_rule.aci_rest_managed.rtctrlSetAddComm",
            "module.aci.module.aci_set_rule.aci_rest_managed.rtctrlSetComm",
            "module.aci.module.aci_set_rule.aci_rest_managed.rtctrlSetDamp",
            "module.aci.module.aci_set_rule.aci_rest_managed.rtctrlSetNh",
            "module.aci.module.aci_set_rule.aci_rest_managed.rtctrlSetNhUnchanged",
            "module.aci.module.aci_set_rule.aci_rest_managed.rtctrlSetPref",
            "module.aci.module.aci_set_rule.aci_rest_managed.rtctrlSetRedistMultipath",
            "module.aci.module.aci_set_rule.aci_rest_managed.rtctrlSetRtMetric",
            "module.aci.module.aci_set_rule.aci_rest_managed.rtctrlSetRtMetricType",
            "module.aci.module.aci_set_rule.aci_rest_managed.rtctrlSetTag",
            "module.aci.module.aci_set_rule.aci_rest_managed.rtctrlSetWeight",
            "module.aci.module.aci_tenant.aci_rest_managed.fvTenant",
            "module.aci.module.aci_vlan_pool.aci_rest_managed.fvnsEncapBlk",
            "module.aci.module.aci_vlan_pool.aci_rest_managed.fvnsVlanInstP",
            "module.aci.module.aci_vmware_vmm_domain.aci_rest_managed.infraRsVlanNs",
            "module.aci.module.aci_vmware_vmm_domain.aci_rest_managed.lacpEnhancedLagPol",
            "module.aci.module.aci_vmware_vmm_domain.aci_rest_managed.vmmCtrlrP",
            "module.aci.module.aci_vmware_vmm_domain.aci_rest_managed.vmmDomP",
            "module.aci.module.aci_vmware_vmm_domain.aci_rest_managed.vmmRsAcc",
            "module.aci.module.aci_vmware_vmm_domain.aci_rest_managed.vmmRsMgmtEPg",
            "module.aci.module.aci_vmware_vmm_domain.aci_rest_managed.vmmRsVswitchOverrideCdpIfPol",
            "module.aci.module.aci_vmware_vmm_domain.aci_rest_managed.vmmRsVswitchOverrideLacpPol",
            "module.aci.module.aci_vmware_vmm_domain.aci_rest_managed.vmmRsVswitchOverrideLldpIfPol",
            "module.aci.module.aci_vmware_vmm_domain.aci_rest_managed.vmmRsVswitchOverrideMtuPol",
            "module.aci.module.aci_vmware_vmm_domain.aci_rest_managed.vmmUplinkP",
            "module.aci.module.aci_vmware_vmm_domain.aci_rest_managed.vmmUplinkPCont",
            "module.aci.module.aci_vmware_vmm_domain.aci_rest_managed.vmmUsrAccP",
            "module.aci.module.aci_vmware_vmm_domain.aci_rest_managed.vmmVSwitchPolicyCont",
            "module.aci.module.aci_vrf.aci_rest_managed.bgpRtTargetP_ipv4",
            "module.aci.module.aci_vrf.aci_rest_managed.bgpRtTargetP_ipv6",
            "module.aci.module.aci_vrf.aci_rest_managed.bgpRtTarget_ipv4_export",
            "module.aci.module.aci_vrf.aci_rest_managed.bgpRtTarget_ipv4_import",
            "module.aci.module.aci_vrf.aci_rest_managed.bgpRtTarget_ipv6_export",
            "module.aci.module.aci_vrf.aci_rest_managed.bgpRtTarget_ipv6_import",
            "module.aci.module.aci_vrf.aci_rest_managed.dnsLbl",
            "module.aci.module.aci_vrf.aci_rest_managed.fvCtx",
            "module.aci.module.aci_vrf.aci_rest_managed.fvRsBgpCtxPol",
            "module.aci.module.aci_vrf.aci_rest_managed.fvRsCtxToBgpCtxAfPol_ipv4",
            "module.aci.module.aci_vrf.aci_rest_managed.fvRsCtxToBgpCtxAfPol_ipv6",
            "module.aci.module.aci_vrf.aci_rest_managed.igmpCtxP",
            "module.aci.module.aci_vrf.aci_rest_managed.igmpSSMXlateP",
            "module.aci.module.aci_vrf.aci_rest_managed.leakExternalPrefix",
            "module.aci.module.aci_vrf.aci_rest_managed.leakInternalSubnet",
            "module.aci.module.aci_vrf.aci_rest_managed.leakRoutes",
            "module.aci.module.aci_vrf.aci_rest_managed.leakTo_external",
            "module.aci.module.aci_vrf.aci_rest_managed.leakTo_internal",
            "module.aci.module.aci_vrf.aci_rest_managed.pimASMPatPol",
            "module.aci.module.aci_vrf.aci_rest_managed.pimAutoRPPol",
            "module.aci.module.aci_vrf.aci_rest_managed.pimBSRFilterPol",
            "module.aci.module.aci_vrf.aci_rest_managed.pimBSRPPol",
            "module.aci.module.aci_vrf.aci_rest_managed.pimCtxP",
            "module.aci.module.aci_vrf.aci_rest_managed.pimFabricRPPol",
            "module.aci.module.aci_vrf.aci_rest_managed.pimInterVRFEntryPol",
            "module.aci.module.aci_vrf.aci_rest_managed.pimInterVRFPol",
            "module.aci.module.aci_vrf.aci_rest_managed.pimMAFilterPol",
            "module.aci.module.aci_vrf.aci_rest_managed.pimRPGrpRangePol_fabric_rp",
            "module.aci.module.aci_vrf.aci_rest_managed.pimRPGrpRangePol_static_rp",
            "module.aci.module.aci_vrf.aci_rest_managed.pimRegTrPol",
            "module.aci.module.aci_vrf.aci_rest_managed.pimResPol",
            "module.aci.module.aci_vrf.aci_rest_managed.pimSGRangeExpPol",
            "module.aci.module.aci_vrf.aci_rest_managed.pimSSMPatPol",
            "module.aci.module.aci_vrf.aci_rest_managed.pimSSMRangePol",
            "module.aci.module.aci_vrf.aci_rest_managed.pimSharedRangePol",
            "module.aci.module.aci_vrf.aci_rest_managed.pimStaticRPEntryPol_fabric_rp",
            "module.aci.module.aci_vrf.aci_rest_managed.pimStaticRPEntryPol_static_rp",
            "module.aci.module.aci_vrf.aci_rest_managed.pimStaticRPPol",
            "module.aci.module.aci_vrf.aci_rest_managed.rtdmcRsFilterToRtMapPol_asm_sg_expiry",
            "module.aci.module.aci_vrf.aci_rest_managed.rtdmcRsFilterToRtMapPol_asm_shared",
            "module.aci.module.aci_vrf.aci_rest_managed.rtdmcRsFilterToRtMapPol_auto_rp",
            "module.aci.module.aci_vrf.aci_rest_managed.rtdmcRsFilterToRtMapPol_bsr",
            "module.aci.module.aci_vrf.aci_rest_managed.rtdmcRsFilterToRtMapPol_fabric_rp",
            "module.aci.module.aci_vrf.aci_rest_managed.rtdmcRsFilterToRtMapPol_pim_inter_vrf",
            "module.aci.module.aci_vrf.aci_rest_managed.rtdmcRsFilterToRtMapPol_ssm_range",
            "module.aci.module.aci_vrf.aci_rest_managed.rtdmcRsFilterToRtMapPol_static_rp",
            "module.aci.module.aci_vrf.aci_rest_managed.vzAny",
            "module.aci.module.aci_vrf.aci_rest_managed.vzRsAnyToCons",
            "module.aci.module.aci_vrf.aci_rest_managed.vzRsAnyToConsIf",
            "module.aci.module.aci_vrf.aci_rest_managed.vzRsAnyToProv"
          ]
        }
      ]
    },
    {
      "module": "module.aci.module.aci_endpoint_security_group[\"adossant/epg-matched-esg/network-segments\"]",
      "mode": "managed",
      "type": "aci_rest_managed",
      "name": "fvEPgSelector",
      "provider": "provider[\"registry.terraform.io/ciscodevnet/aci\"]",
      "instances": [
        {
          "index_key": "uni/tn-adossant/ap-network-segments/epg-192.168.70.0_24",
          "schema_version": 0,
          "attributes": {
            "child": [],
            "class_name": "fvEPgSelector",
            "content": {
              "descr": "",
              "matchEpgDn": "uni/tn-adossant/ap-network-segments/epg-192.168.70.0_24",
              "name": "",
              "nameAlias": "",
              "ownerKey": "",
              "ownerTag": "",
              "userdom": ":all:common:"
            },
            "dn": "uni/tn-adossant/ap-epg-matched-esg/esg-network-segments/epgselector-[uni/tn-adossant/ap-network-segments/epg-192.168.70.0_24]",
            "id": "uni/tn-adossant/ap-epg-matched-esg/esg-network-segments/epgselector-[uni/tn-adossant/ap-network-segments/epg-192.168.70.0_24]"
          },
          "sensitive_attributes": [],
          "private": "bnVsbA==",
          "dependencies": [
            "module.aci.data.utils_yaml_merge.defaults",
            "module.aci.data.utils_yaml_merge.model",
            "module.aci.module.aci_application_profile.aci_rest_managed.fvAp",
            "module.aci.module.aci_bfd_interface_policy.aci_rest_managed.bfdIfPol",
            "module.aci.module.aci_bgp_timer_policy.aci_rest_managed.bgpCtxPol",
            "module.aci.module.aci_bridge_domain.aci_rest_managed.dhcpLbl",
            "module.aci.module.aci_bridge_domain.aci_rest_managed.dhcpRsDhcpOptionPol",
            "module.aci.module.aci_bridge_domain.aci_rest_managed.fvBD",
            "module.aci.module.aci_bridge_domain.aci_rest_managed.fvRsBDToOut",
            "module.aci.module.aci_bridge_domain.aci_rest_managed.fvRsCtx",
            "module.aci.module.aci_bridge_domain.aci_rest_managed.fvRsIgmpsn",
            "module.aci.module.aci_bridge_domain.aci_rest_managed.fvSubnet",
            "module.aci.module.aci_bridge_domain.aci_rest_managed.igmpIfP",
            "module.aci.module.aci_bridge_domain.aci_rest_managed.igmpRsIfPol",
            "module.aci.module.aci_bridge_domain.aci_rest_managed.tagTag",
            "module.aci.module.aci_contract.aci_rest_managed.vzBrCP",
            "module.aci.module.aci_contract.aci_rest_managed.vzRsSubjFiltAtt",
            "module.aci.module.aci_contract.aci_rest_managed.vzRsSubjGraphAtt",
            "module.aci.module.aci_contract.aci_rest_managed.vzSubj",
            "module.aci.module.aci_dhcp_option_policy.aci_rest_managed.dhcpOption",
            "module.aci.module.aci_dhcp_option_policy.aci_rest_managed.dhcpOptionPol",
            "module.aci.module.aci_dhcp_relay_policy.aci_rest_managed.dhcpRelayP",
            "module.aci.module.aci_dhcp_relay_policy.aci_rest_managed.dhcpRsProv",
            "module.aci.module.aci_endpoint_group.aci_rest_managed.fvAEPg",
            "module.aci.module.aci_endpoint_group.aci_rest_managed.fvAEPgLagPolAtt",
            "module.aci.module.aci_endpoint_group.aci_rest_managed.fvCepNetCfgPol",
            "module.aci.module.aci_endpoint_group.aci_rest_managed.fvEpAnycast",
            "module.aci.module.aci_endpoint_group.aci_rest_managed.fvEpNlb",
            "module.aci.module.aci_endpoint_group.aci_rest_managed.fvEpReachability",
            "module.aci.module.aci_endpoint_group.aci_rest_managed.fvRsBd",
            "module.aci.module.aci_endpoint_group.aci_rest_managed.fvRsCons",
            "module.aci.module.aci_endpoint_group.aci_rest_managed.fvRsConsIf",
            "module.aci.module.aci_endpoint_group.aci_rest_managed.fvRsCustQosPol",
            "module.aci.module.aci_endpoint_group.aci_rest_managed.fvRsDomAtt",
            "module.aci.module.aci_endpoint_group.aci_rest_managed.fvRsDomAtt_vmm",
            "module.aci.module.aci_endpoint_group.aci_rest_managed.fvRsIntraEpg",
            "module.aci.module.aci_endpoint_group.aci_rest_managed.fvRsPathAtt_channel",
            "module.aci.module.aci_endpoint_group.aci_rest_managed.fvRsPathAtt_fex_channel",
            "module.aci.module.aci_endpoint_group.aci_rest_managed.fvRsPathAtt_fex_port",
            "module.aci.module.aci_endpoint_group.aci_rest_managed.fvRsPathAtt_port",
            "module.aci.module.aci_endpoint_group.aci_rest_managed.fvRsPathAtt_subport",
            "module.aci.module.aci_endpoint_group.aci_rest_managed.fvRsProv",
            "module.aci.module.aci_endpoint_group.aci_rest_managed.fvRsStCEpToPathEp_channel",
            "module.aci.module.aci_endpoint_group.aci_rest_managed.fvRsStCEpToPathEp_port",
            "module.aci.module.aci_endpoint_group.aci_rest_managed.fvRsTrustCtrl",
            "module.aci.module.aci_endpoint_group.aci_rest_managed.fvRsVmmVSwitchEnhancedLagPol",
            "module.aci.module.aci_endpoint_group.aci_rest_managed.fvStCEp",
            "module.aci.module.aci_endpoint_group.aci_rest_managed.fvStIp",
            "module.aci.module.aci_endpoint_group.aci_rest_managed.fvSubnet",
            "module.aci.module.aci_endpoint_group.aci_rest_managed.fvUplinkOrderCont",
            "module.aci.module.aci_endpoint_group.aci_rest_managed.fvVip",
            "module.aci.module.aci_endpoint_group.aci_rest_managed.fvnsUcastAddrBlk",
            "module.aci.module.aci_endpoint_group.aci_rest_managed.ipNexthopEpP",
            "module.aci.module.aci_endpoint_group.aci_rest_managed.tagInst",
            "module.aci.module.aci_endpoint_group.aci_rest_managed.vmmSecP",
            "module.aci.module.aci_endpoint_group.aci_rest_managed.vnsAddrInst",
            "module.aci.module.aci_endpoint_security_group.aci_rest_managed.fvESg",
            "module.aci.module.aci_endpoint_security_group.aci_rest_managed.fvRsProv",
            "module.aci.module.aci_endpoint_security_group.aci_rest_managed.fvRsScope",
            "module.aci.module.aci_filter.aci_rest_managed.vzEntry",
            "module.aci.module.aci_filter.aci_rest_managed.vzFilter",
            "module.aci.module.aci_imported_contract.aci_rest_managed.vzCPIf",
            "module.aci.module.aci_imported_contract.aci_rest_managed.vzRsIf",
            "module.aci.module.aci_l3out.aci_rest_managed.bgpExtP",
            "module.aci.module.aci_l3out.aci_rest_managed.l3extDefaultRouteLeakP",
            "module.aci.module.aci_l3out.aci_rest_managed.l3extOut",
            "module.aci.module.aci_l3out.aci_rest_managed.l3extRsDampeningPol_ipv4",
            "module.aci.module.aci_l3out.aci_rest_managed.l3extRsDampeningPol_ipv6",
            "module.aci.module.aci_l3out.aci_rest_managed.l3extRsEctx",
            "module.aci.module.aci_l3out.aci_rest_managed.l3extRsInterleakPol",
            "module.aci.module.aci_l3out.aci_rest_managed.l3extRsL3DomAtt",
            "module.aci.module.aci_l3out.aci_rest_managed.l3extRsRedistributePol",
            "module.aci.module.aci_l3out.aci_rest_managed.ospfExtP",
            "module.aci.module.aci_l3out.aci_rest_managed.pimExtP",
            "module.aci.module.aci_l3out.aci_rest_managed.rtctrlCtxP_export",
            "module.aci.module.aci_l3out.aci_rest_managed.rtctrlCtxP_import",
            "module.aci.module.aci_l3out.aci_rest_managed.rtctrlProfile_export",
            "module.aci.module.aci_l3out.aci_rest_managed.rtctrlProfile_import",
            "module.aci.module.aci_l3out.aci_rest_managed.rtctrlRsCtxPToSubjP_export",
            "module.aci.module.aci_l3out.aci_rest_managed.rtctrlRsCtxPToSubjP_import",
            "module.aci.module.aci_l3out.aci_rest_managed.rtctrlRsScopeToAttrP_export",
            "module.aci.module.aci_l3out.aci_rest_managed.rtctrlRsScopeToAttrP_import",
            "module.aci.module.aci_l3out.aci_rest_managed.rtctrlScope_export",
            "module.aci.module.aci_l3out.aci_rest_managed.rtctrlScope_import",
            "module.aci.module.aci_match_rule.aci_rest_managed.rtctrlMatchCommFactor",
            "module.aci.module.aci_match_rule.aci_rest_managed.rtctrlMatchCommRegexTerm",
            "module.aci.module.aci_match_rule.aci_rest_managed.rtctrlMatchCommTerm",
            "module.aci.module.aci_match_rule.aci_rest_managed.rtctrlMatchRtDest",
            "module.aci.module.aci_match_rule.aci_rest_managed.rtctrlSubjP",
            "module.aci.module.aci_ospf_interface_policy.aci_rest_managed.ospfIfPol",
            "module.aci.module.aci_set_rule.aci_rest_managed.rtctrlAttrP",
            "module.aci.module.aci_set_rule.aci_rest_managed.rtctrlSetASPath",
            "module.aci.module.aci_set_rule.aci_rest_managed.rtctrlSetASPathASN",
            "module.aci.module.aci_set_rule.aci_rest_managed.rtctrlSetAddComm",
            "module.aci.module.aci_set_rule.aci_rest_managed.rtctrlSetComm",
            "module.aci.module.aci_set_rule.aci_rest_managed.rtctrlSetDamp",
            "module.aci.module.aci_set_rule.aci_rest_managed.rtctrlSetNh",
            "module.aci.module.aci_set_rule.aci_rest_managed.rtctrlSetNhUnchanged",
            "module.aci.module.aci_set_rule.aci_rest_managed.rtctrlSetPref",
            "module.aci.module.aci_set_rule.aci_rest_managed.rtctrlSetRedistMultipath",
            "module.aci.module.aci_set_rule.aci_rest_managed.rtctrlSetRtMetric",
            "module.aci.module.aci_set_rule.aci_rest_managed.rtctrlSetRtMetricType",
            "module.aci.module.aci_set_rule.aci_rest_managed.rtctrlSetTag",
            "module.aci.module.aci_set_rule.aci_rest_managed.rtctrlSetWeight",
            "module.aci.module.aci_tenant.aci_rest_managed.fvTenant",
            "module.aci.module.aci_vlan_pool.aci_rest_managed.fvnsEncapBlk",
            "module.aci.module.aci_vlan_pool.aci_rest_managed.fvnsVlanInstP",
            "module.aci.module.aci_vmware_vmm_domain.aci_rest_managed.infraRsVlanNs",
            "module.aci.module.aci_vmware_vmm_domain.aci_rest_managed.lacpEnhancedLagPol",
            "module.aci.module.aci_vmware_vmm_domain.aci_rest_managed.vmmCtrlrP",
            "module.aci.module.aci_vmware_vmm_domain.aci_rest_managed.vmmDomP",
            "module.aci.module.aci_vmware_vmm_domain.aci_rest_managed.vmmRsAcc",
            "module.aci.module.aci_vmware_vmm_domain.aci_rest_managed.vmmRsMgmtEPg",
            "module.aci.module.aci_vmware_vmm_domain.aci_rest_managed.vmmRsVswitchOverrideCdpIfPol",
            "module.aci.module.aci_vmware_vmm_domain.aci_rest_managed.vmmRsVswitchOverrideLacpPol",
            "module.aci.module.aci_vmware_vmm_domain.aci_rest_managed.vmmRsVswitchOverrideLldpIfPol",
            "module.aci.module.aci_vmware_vmm_domain.aci_rest_managed.vmmRsVswitchOverrideMtuPol",
            "module.aci.module.aci_vmware_vmm_domain.aci_rest_managed.vmmUplinkP",
            "module.aci.module.aci_vmware_vmm_domain.aci_rest_managed.vmmUplinkPCont",
            "module.aci.module.aci_vmware_vmm_domain.aci_rest_managed.vmmUsrAccP",
            "module.aci.module.aci_vmware_vmm_domain.aci_rest_managed.vmmVSwitchPolicyCont",
            "module.aci.module.aci_vrf.aci_rest_managed.bgpRtTargetP_ipv4",
            "module.aci.module.aci_vrf.aci_rest_managed.bgpRtTargetP_ipv6",
            "module.aci.module.aci_vrf.aci_rest_managed.bgpRtTarget_ipv4_export",
            "module.aci.module.aci_vrf.aci_rest_managed.bgpRtTarget_ipv4_import",
            "module.aci.module.aci_vrf.aci_rest_managed.bgpRtTarget_ipv6_export",
            "module.aci.module.aci_vrf.aci_rest_managed.bgpRtTarget_ipv6_import",
            "module.aci.module.aci_vrf.aci_rest_managed.dnsLbl",
            "module.aci.module.aci_vrf.aci_rest_managed.fvCtx",
            "module.aci.module.aci_vrf.aci_rest_managed.fvRsBgpCtxPol",
            "module.aci.module.aci_vrf.aci_rest_managed.fvRsCtxToBgpCtxAfPol_ipv4",
            "module.aci.module.aci_vrf.aci_rest_managed.fvRsCtxToBgpCtxAfPol_ipv6",
            "module.aci.module.aci_vrf.aci_rest_managed.igmpCtxP",
            "module.aci.module.aci_vrf.aci_rest_managed.igmpSSMXlateP",
            "module.aci.module.aci_vrf.aci_rest_managed.leakExternalPrefix",
            "module.aci.module.aci_vrf.aci_rest_managed.leakInternalSubnet",
            "module.aci.module.aci_vrf.aci_rest_managed.leakRoutes",
            "module.aci.module.aci_vrf.aci_rest_managed.leakTo_external",
            "module.aci.module.aci_vrf.aci_rest_managed.leakTo_internal",
            "module.aci.module.aci_vrf.aci_rest_managed.pimASMPatPol",
            "module.aci.module.aci_vrf.aci_rest_managed.pimAutoRPPol",
            "module.aci.module.aci_vrf.aci_rest_managed.pimBSRFilterPol",
            "module.aci.module.aci_vrf.aci_rest_managed.pimBSRPPol",
            "module.aci.module.aci_vrf.aci_rest_managed.pimCtxP",
            "module.aci.module.aci_vrf.aci_rest_managed.pimFabricRPPol",
            "module.aci.module.aci_vrf.aci_rest_managed.pimInterVRFEntryPol",
            "module.aci.module.aci_vrf.aci_rest_managed.pimInterVRFPol",
            "module.aci.module.aci_vrf.aci_rest_managed.pimMAFilterPol",
            "module.aci.module.aci_vrf.aci_rest_managed.pimRPGrpRangePol_fabric_rp",
            "module.aci.module.aci_vrf.aci_rest_managed.pimRPGrpRangePol_static_rp",
            "module.aci.module.aci_vrf.aci_rest_managed.pimRegTrPol",
            "module.aci.module.aci_vrf.aci_rest_managed.pimResPol",
            "module.aci.module.aci_vrf.aci_rest_managed.pimSGRangeExpPol",
            "module.aci.module.aci_vrf.aci_rest_managed.pimSSMPatPol",
            "module.aci.module.aci_vrf.aci_rest_managed.pimSSMRangePol",
            "module.aci.module.aci_vrf.aci_rest_managed.pimSharedRangePol",
            "module.aci.module.aci_vrf.aci_rest_managed.pimStaticRPEntryPol_fabric_rp",
            "module.aci.module.aci_vrf.aci_rest_managed.pimStaticRPEntryPol_static_rp",
            "module.aci.module.aci_vrf.aci_rest_managed.pimStaticRPPol",
            "module.aci.module.aci_vrf.aci_rest_managed.rtdmcRsFilterToRtMapPol_asm_sg_expiry",
            "module.aci.module.aci_vrf.aci_rest_managed.rtdmcRsFilterToRtMapPol_asm_shared",
            "module.aci.module.aci_vrf.aci_rest_managed.rtdmcRsFilterToRtMapPol_auto_rp",
            "module.aci.module.aci_vrf.aci_rest_managed.rtdmcRsFilterToRtMapPol_bsr",
            "module.aci.module.aci_vrf.aci_rest_managed.rtdmcRsFilterToRtMapPol_fabric_rp",
            "module.aci.module.aci_vrf.aci_rest_managed.rtdmcRsFilterToRtMapPol_pim_inter_vrf",
            "module.aci.module.aci_vrf.aci_rest_managed.rtdmcRsFilterToRtMapPol_ssm_range",
            "module.aci.module.aci_vrf.aci_rest_managed.rtdmcRsFilterToRtMapPol_static_rp",
            "module.aci.module.aci_vrf.aci_rest_managed.vzAny",
            "module.aci.module.aci_vrf.aci_rest_managed.vzRsAnyToCons",
            "module.aci.module.aci_vrf.aci_rest_managed.vzRsAnyToConsIf",
            "module.aci.module.aci_vrf.aci_rest_managed.vzRsAnyToProv"
          ]
        },
        {
          "index_key": "uni/tn-adossant/ap-network-segments/epg-192.168.71.0_24",
          "schema_version": 0,
          "attributes": {
            "child": [],
            "class_name": "fvEPgSelector",
            "content": {
              "descr": "",
              "matchEpgDn": "uni/tn-adossant/ap-network-segments/epg-192.168.71.0_24",
              "name": "",
              "nameAlias": "",
              "ownerKey": "",
              "ownerTag": "",
              "userdom": ":all:common:"
            },
            "dn": "uni/tn-adossant/ap-epg-matched-esg/esg-network-segments/epgselector-[uni/tn-adossant/ap-network-segments/epg-192.168.71.0_24]",
            "id": "uni/tn-adossant/ap-epg-matched-esg/esg-network-segments/epgselector-[uni/tn-adossant/ap-network-segments/epg-192.168.71.0_24]"
          },
          "sensitive_attributes": [],
          "private": "bnVsbA==",
          "dependencies": [
            "module.aci.data.utils_yaml_merge.defaults",
            "module.aci.data.utils_yaml_merge.model",
            "module.aci.module.aci_application_profile.aci_rest_managed.fvAp",
            "module.aci.module.aci_bfd_interface_policy.aci_rest_managed.bfdIfPol",
            "module.aci.module.aci_bgp_timer_policy.aci_rest_managed.bgpCtxPol",
            "module.aci.module.aci_bridge_domain.aci_rest_managed.dhcpLbl",
            "module.aci.module.aci_bridge_domain.aci_rest_managed.dhcpRsDhcpOptionPol",
            "module.aci.module.aci_bridge_domain.aci_rest_managed.fvBD",
            "module.aci.module.aci_bridge_domain.aci_rest_managed.fvRsBDToOut",
            "module.aci.module.aci_bridge_domain.aci_rest_managed.fvRsCtx",
            "module.aci.module.aci_bridge_domain.aci_rest_managed.fvRsIgmpsn",
            "module.aci.module.aci_bridge_domain.aci_rest_managed.fvSubnet",
            "module.aci.module.aci_bridge_domain.aci_rest_managed.igmpIfP",
            "module.aci.module.aci_bridge_domain.aci_rest_managed.igmpRsIfPol",
            "module.aci.module.aci_bridge_domain.aci_rest_managed.tagTag",
            "module.aci.module.aci_contract.aci_rest_managed.vzBrCP",
            "module.aci.module.aci_contract.aci_rest_managed.vzRsSubjFiltAtt",
            "module.aci.module.aci_contract.aci_rest_managed.vzRsSubjGraphAtt",
            "module.aci.module.aci_contract.aci_rest_managed.vzSubj",
            "module.aci.module.aci_dhcp_option_policy.aci_rest_managed.dhcpOption",
            "module.aci.module.aci_dhcp_option_policy.aci_rest_managed.dhcpOptionPol",
            "module.aci.module.aci_dhcp_relay_policy.aci_rest_managed.dhcpRelayP",
            "module.aci.module.aci_dhcp_relay_policy.aci_rest_managed.dhcpRsProv",
            "module.aci.module.aci_endpoint_group.aci_rest_managed.fvAEPg",
            "module.aci.module.aci_endpoint_group.aci_rest_managed.fvAEPgLagPolAtt",
            "module.aci.module.aci_endpoint_group.aci_rest_managed.fvCepNetCfgPol",
            "module.aci.module.aci_endpoint_group.aci_rest_managed.fvEpAnycast",
            "module.aci.module.aci_endpoint_group.aci_rest_managed.fvEpNlb",
            "module.aci.module.aci_endpoint_group.aci_rest_managed.fvEpReachability",
            "module.aci.module.aci_endpoint_group.aci_rest_managed.fvRsBd",
            "module.aci.module.aci_endpoint_group.aci_rest_managed.fvRsCons",
            "module.aci.module.aci_endpoint_group.aci_rest_managed.fvRsConsIf",
            "module.aci.module.aci_endpoint_group.aci_rest_managed.fvRsCustQosPol",
            "module.aci.module.aci_endpoint_group.aci_rest_managed.fvRsDomAtt",
            "module.aci.module.aci_endpoint_group.aci_rest_managed.fvRsDomAtt_vmm",
            "module.aci.module.aci_endpoint_group.aci_rest_managed.fvRsIntraEpg",
            "module.aci.module.aci_endpoint_group.aci_rest_managed.fvRsPathAtt_channel",
            "module.aci.module.aci_endpoint_group.aci_rest_managed.fvRsPathAtt_fex_channel",
            "module.aci.module.aci_endpoint_group.aci_rest_managed.fvRsPathAtt_fex_port",
            "module.aci.module.aci_endpoint_group.aci_rest_managed.fvRsPathAtt_port",
            "module.aci.module.aci_endpoint_group.aci_rest_managed.fvRsPathAtt_subport",
            "module.aci.module.aci_endpoint_group.aci_rest_managed.fvRsProv",
            "module.aci.module.aci_endpoint_group.aci_rest_managed.fvRsStCEpToPathEp_channel",
            "module.aci.module.aci_endpoint_group.aci_rest_managed.fvRsStCEpToPathEp_port",
            "module.aci.module.aci_endpoint_group.aci_rest_managed.fvRsTrustCtrl",
            "module.aci.module.aci_endpoint_group.aci_rest_managed.fvRsVmmVSwitchEnhancedLagPol",
            "module.aci.module.aci_endpoint_group.aci_rest_managed.fvStCEp",
            "module.aci.module.aci_endpoint_group.aci_rest_managed.fvStIp",
            "module.aci.module.aci_endpoint_group.aci_rest_managed.fvSubnet",
            "module.aci.module.aci_endpoint_group.aci_rest_managed.fvUplinkOrderCont",
            "module.aci.module.aci_endpoint_group.aci_rest_managed.fvVip",
            "module.aci.module.aci_endpoint_group.aci_rest_managed.fvnsUcastAddrBlk",
            "module.aci.module.aci_endpoint_group.aci_rest_managed.ipNexthopEpP",
            "module.aci.module.aci_endpoint_group.aci_rest_managed.tagInst",
            "module.aci.module.aci_endpoint_group.aci_rest_managed.vmmSecP",
            "module.aci.module.aci_endpoint_group.aci_rest_managed.vnsAddrInst",
            "module.aci.module.aci_endpoint_security_group.aci_rest_managed.fvESg",
            "module.aci.module.aci_endpoint_security_group.aci_rest_managed.fvRsProv",
            "module.aci.module.aci_endpoint_security_group.aci_rest_managed.fvRsScope",
            "module.aci.module.aci_filter.aci_rest_managed.vzEntry",
            "module.aci.module.aci_filter.aci_rest_managed.vzFilter",
            "module.aci.module.aci_imported_contract.aci_rest_managed.vzCPIf",
            "module.aci.module.aci_imported_contract.aci_rest_managed.vzRsIf",
            "module.aci.module.aci_l3out.aci_rest_managed.bgpExtP",
            "module.aci.module.aci_l3out.aci_rest_managed.l3extDefaultRouteLeakP",
            "module.aci.module.aci_l3out.aci_rest_managed.l3extOut",
            "module.aci.module.aci_l3out.aci_rest_managed.l3extRsDampeningPol_ipv4",
            "module.aci.module.aci_l3out.aci_rest_managed.l3extRsDampeningPol_ipv6",
            "module.aci.module.aci_l3out.aci_rest_managed.l3extRsEctx",
            "module.aci.module.aci_l3out.aci_rest_managed.l3extRsInterleakPol",
            "module.aci.module.aci_l3out.aci_rest_managed.l3extRsL3DomAtt",
            "module.aci.module.aci_l3out.aci_rest_managed.l3extRsRedistributePol",
            "module.aci.module.aci_l3out.aci_rest_managed.ospfExtP",
            "module.aci.module.aci_l3out.aci_rest_managed.pimExtP",
            "module.aci.module.aci_l3out.aci_rest_managed.rtctrlCtxP_export",
            "module.aci.module.aci_l3out.aci_rest_managed.rtctrlCtxP_import",
            "module.aci.module.aci_l3out.aci_rest_managed.rtctrlProfile_export",
            "module.aci.module.aci_l3out.aci_rest_managed.rtctrlProfile_import",
            "module.aci.module.aci_l3out.aci_rest_managed.rtctrlRsCtxPToSubjP_export",
            "module.aci.module.aci_l3out.aci_rest_managed.rtctrlRsCtxPToSubjP_import",
            "module.aci.module.aci_l3out.aci_rest_managed.rtctrlRsScopeToAttrP_export",
            "module.aci.module.aci_l3out.aci_rest_managed.rtctrlRsScopeToAttrP_import",
            "module.aci.module.aci_l3out.aci_rest_managed.rtctrlScope_export",
            "module.aci.module.aci_l3out.aci_rest_managed.rtctrlScope_import",
            "module.aci.module.aci_match_rule.aci_rest_managed.rtctrlMatchCommFactor",
            "module.aci.module.aci_match_rule.aci_rest_managed.rtctrlMatchCommRegexTerm",
            "module.aci.module.aci_match_rule.aci_rest_managed.rtctrlMatchCommTerm",
            "module.aci.module.aci_match_rule.aci_rest_managed.rtctrlMatchRtDest",
            "module.aci.module.aci_match_rule.aci_rest_managed.rtctrlSubjP",
            "module.aci.module.aci_ospf_interface_policy.aci_rest_managed.ospfIfPol",
            "module.aci.module.aci_set_rule.aci_rest_managed.rtctrlAttrP",
            "module.aci.module.aci_set_rule.aci_rest_managed.rtctrlSetASPath",
            "module.aci.module.aci_set_rule.aci_rest_managed.rtctrlSetASPathASN",
            "module.aci.module.aci_set_rule.aci_rest_managed.rtctrlSetAddComm",
            "module.aci.module.aci_set_rule.aci_rest_managed.rtctrlSetComm",
            "module.aci.module.aci_set_rule.aci_rest_managed.rtctrlSetDamp",
            "module.aci.module.aci_set_rule.aci_rest_managed.rtctrlSetNh",
            "module.aci.module.aci_set_rule.aci_rest_managed.rtctrlSetNhUnchanged",
            "module.aci.module.aci_set_rule.aci_rest_managed.rtctrlSetPref",
            "module.aci.module.aci_set_rule.aci_rest_managed.rtctrlSetRedistMultipath",
            "module.aci.module.aci_set_rule.aci_rest_managed.rtctrlSetRtMetric",
            "module.aci.module.aci_set_rule.aci_rest_managed.rtctrlSetRtMetricType",
            "module.aci.module.aci_set_rule.aci_rest_managed.rtctrlSetTag",
            "module.aci.module.aci_set_rule.aci_rest_managed.rtctrlSetWeight",
            "module.aci.module.aci_tenant.aci_rest_managed.fvTenant",
            "module.aci.module.aci_vlan_pool.aci_rest_managed.fvnsEncapBlk",
            "module.aci.module.aci_vlan_pool.aci_rest_managed.fvnsVlanInstP",
            "module.aci.module.aci_vmware_vmm_domain.aci_rest_managed.infraRsVlanNs",
            "module.aci.module.aci_vmware_vmm_domain.aci_rest_managed.lacpEnhancedLagPol",
            "module.aci.module.aci_vmware_vmm_domain.aci_rest_managed.vmmCtrlrP",
            "module.aci.module.aci_vmware_vmm_domain.aci_rest_managed.vmmDomP",
            "module.aci.module.aci_vmware_vmm_domain.aci_rest_managed.vmmRsAcc",
            "module.aci.module.aci_vmware_vmm_domain.aci_rest_managed.vmmRsMgmtEPg",
            "module.aci.module.aci_vmware_vmm_domain.aci_rest_managed.vmmRsVswitchOverrideCdpIfPol",
            "module.aci.module.aci_vmware_vmm_domain.aci_rest_managed.vmmRsVswitchOverrideLacpPol",
            "module.aci.module.aci_vmware_vmm_domain.aci_rest_managed.vmmRsVswitchOverrideLldpIfPol",
            "module.aci.module.aci_vmware_vmm_domain.aci_rest_managed.vmmRsVswitchOverrideMtuPol",
            "module.aci.module.aci_vmware_vmm_domain.aci_rest_managed.vmmUplinkP",
            "module.aci.module.aci_vmware_vmm_domain.aci_rest_managed.vmmUplinkPCont",
            "module.aci.module.aci_vmware_vmm_domain.aci_rest_managed.vmmUsrAccP",
            "module.aci.module.aci_vmware_vmm_domain.aci_rest_managed.vmmVSwitchPolicyCont",
            "module.aci.module.aci_vrf.aci_rest_managed.bgpRtTargetP_ipv4",
            "module.aci.module.aci_vrf.aci_rest_managed.bgpRtTargetP_ipv6",
            "module.aci.module.aci_vrf.aci_rest_managed.bgpRtTarget_ipv4_export",
            "module.aci.module.aci_vrf.aci_rest_managed.bgpRtTarget_ipv4_import",
            "module.aci.module.aci_vrf.aci_rest_managed.bgpRtTarget_ipv6_export",
            "module.aci.module.aci_vrf.aci_rest_managed.bgpRtTarget_ipv6_import",
            "module.aci.module.aci_vrf.aci_rest_managed.dnsLbl",
            "module.aci.module.aci_vrf.aci_rest_managed.fvCtx",
            "module.aci.module.aci_vrf.aci_rest_managed.fvRsBgpCtxPol",
            "module.aci.module.aci_vrf.aci_rest_managed.fvRsCtxToBgpCtxAfPol_ipv4",
            "module.aci.module.aci_vrf.aci_rest_managed.fvRsCtxToBgpCtxAfPol_ipv6",
            "module.aci.module.aci_vrf.aci_rest_managed.igmpCtxP",
            "module.aci.module.aci_vrf.aci_rest_managed.igmpSSMXlateP",
            "module.aci.module.aci_vrf.aci_rest_managed.leakExternalPrefix",
            "module.aci.module.aci_vrf.aci_rest_managed.leakInternalSubnet",
            "module.aci.module.aci_vrf.aci_rest_managed.leakRoutes",
            "module.aci.module.aci_vrf.aci_rest_managed.leakTo_external",
            "module.aci.module.aci_vrf.aci_rest_managed.leakTo_internal",
            "module.aci.module.aci_vrf.aci_rest_managed.pimASMPatPol",
            "module.aci.module.aci_vrf.aci_rest_managed.pimAutoRPPol",
            "module.aci.module.aci_vrf.aci_rest_managed.pimBSRFilterPol",
            "module.aci.module.aci_vrf.aci_rest_managed.pimBSRPPol",
            "module.aci.module.aci_vrf.aci_rest_managed.pimCtxP",
            "module.aci.module.aci_vrf.aci_rest_managed.pimFabricRPPol",
            "module.aci.module.aci_vrf.aci_rest_managed.pimInterVRFEntryPol",
            "module.aci.module.aci_vrf.aci_rest_managed.pimInterVRFPol",
            "module.aci.module.aci_vrf.aci_rest_managed.pimMAFilterPol",
            "module.aci.module.aci_vrf.aci_rest_managed.pimRPGrpRangePol_fabric_rp",
            "module.aci.module.aci_vrf.aci_rest_managed.pimRPGrpRangePol_static_rp",
            "module.aci.module.aci_vrf.aci_rest_managed.pimRegTrPol",
            "module.aci.module.aci_vrf.aci_rest_managed.pimResPol",
            "module.aci.module.aci_vrf.aci_rest_managed.pimSGRangeExpPol",
            "module.aci.module.aci_vrf.aci_rest_managed.pimSSMPatPol",
            "module.aci.module.aci_vrf.aci_rest_managed.pimSSMRangePol",
            "module.aci.module.aci_vrf.aci_rest_managed.pimSharedRangePol",
            "module.aci.module.aci_vrf.aci_rest_managed.pimStaticRPEntryPol_fabric_rp",
            "module.aci.module.aci_vrf.aci_rest_managed.pimStaticRPEntryPol_static_rp",
            "module.aci.module.aci_vrf.aci_rest_managed.pimStaticRPPol",
            "module.aci.module.aci_vrf.aci_rest_managed.rtdmcRsFilterToRtMapPol_asm_sg_expiry",
            "module.aci.module.aci_vrf.aci_rest_managed.rtdmcRsFilterToRtMapPol_asm_shared",
            "module.aci.module.aci_vrf.aci_rest_managed.rtdmcRsFilterToRtMapPol_auto_rp",
            "module.aci.module.aci_vrf.aci_rest_managed.rtdmcRsFilterToRtMapPol_bsr",
            "module.aci.module.aci_vrf.aci_rest_managed.rtdmcRsFilterToRtMapPol_fabric_rp",
            "module.aci.module.aci_vrf.aci_rest_managed.rtdmcRsFilterToRtMapPol_pim_inter_vrf",
            "module.aci.module.aci_vrf.aci_rest_managed.rtdmcRsFilterToRtMapPol_ssm_range",
            "module.aci.module.aci_vrf.aci_rest_managed.rtdmcRsFilterToRtMapPol_static_rp",
            "module.aci.module.aci_vrf.aci_rest_managed.vzAny",
            "module.aci.module.aci_vrf.aci_rest_managed.vzRsAnyToCons",
            "module.aci.module.aci_vrf.aci_rest_managed.vzRsAnyToConsIf",
            "module.aci.module.aci_vrf.aci_rest_managed.vzRsAnyToProv"
          ]
        },
        {
          "index_key": "uni/tn-adossant/ap-network-segments/epg-192.168.72.0_24",
          "schema_version": 0,
          "attributes": {
            "child": [],
            "class_name": "fvEPgSelector",
            "content": {
              "descr": "",
              "matchEpgDn": "uni/tn-adossant/ap-network-segments/epg-192.168.72.0_24",
              "name": "",
              "nameAlias": "",
              "ownerKey": "",
              "ownerTag": "",
              "userdom": ":all:common:"
            },
            "dn": "uni/tn-adossant/ap-epg-matched-esg/esg-network-segments/epgselector-[uni/tn-adossant/ap-network-segments/epg-192.168.72.0_24]",
            "id": "uni/tn-adossant/ap-epg-matched-esg/esg-network-segments/epgselector-[uni/tn-adossant/ap-network-segments/epg-192.168.72.0_24]"
          },
          "sensitive_attributes": [],
          "private": "bnVsbA==",
          "dependencies": [
            "module.aci.data.utils_yaml_merge.defaults",
            "module.aci.data.utils_yaml_merge.model",
            "module.aci.module.aci_application_profile.aci_rest_managed.fvAp",
            "module.aci.module.aci_bfd_interface_policy.aci_rest_managed.bfdIfPol",
            "module.aci.module.aci_bgp_timer_policy.aci_rest_managed.bgpCtxPol",
            "module.aci.module.aci_bridge_domain.aci_rest_managed.dhcpLbl",
            "module.aci.module.aci_bridge_domain.aci_rest_managed.dhcpRsDhcpOptionPol",
            "module.aci.module.aci_bridge_domain.aci_rest_managed.fvBD",
            "module.aci.module.aci_bridge_domain.aci_rest_managed.fvRsBDToOut",
            "module.aci.module.aci_bridge_domain.aci_rest_managed.fvRsCtx",
            "module.aci.module.aci_bridge_domain.aci_rest_managed.fvRsIgmpsn",
            "module.aci.module.aci_bridge_domain.aci_rest_managed.fvSubnet",
            "module.aci.module.aci_bridge_domain.aci_rest_managed.igmpIfP",
            "module.aci.module.aci_bridge_domain.aci_rest_managed.igmpRsIfPol",
            "module.aci.module.aci_bridge_domain.aci_rest_managed.tagTag",
            "module.aci.module.aci_contract.aci_rest_managed.vzBrCP",
            "module.aci.module.aci_contract.aci_rest_managed.vzRsSubjFiltAtt",
            "module.aci.module.aci_contract.aci_rest_managed.vzRsSubjGraphAtt",
            "module.aci.module.aci_contract.aci_rest_managed.vzSubj",
            "module.aci.module.aci_dhcp_option_policy.aci_rest_managed.dhcpOption",
            "module.aci.module.aci_dhcp_option_policy.aci_rest_managed.dhcpOptionPol",
            "module.aci.module.aci_dhcp_relay_policy.aci_rest_managed.dhcpRelayP",
            "module.aci.module.aci_dhcp_relay_policy.aci_rest_managed.dhcpRsProv",
            "module.aci.module.aci_endpoint_group.aci_rest_managed.fvAEPg",
            "module.aci.module.aci_endpoint_group.aci_rest_managed.fvAEPgLagPolAtt",
            "module.aci.module.aci_endpoint_group.aci_rest_managed.fvCepNetCfgPol",
            "module.aci.module.aci_endpoint_group.aci_rest_managed.fvEpAnycast",
            "module.aci.module.aci_endpoint_group.aci_rest_managed.fvEpNlb",
            "module.aci.module.aci_endpoint_group.aci_rest_managed.fvEpReachability",
            "module.aci.module.aci_endpoint_group.aci_rest_managed.fvRsBd",
            "module.aci.module.aci_endpoint_group.aci_rest_managed.fvRsCons",
            "module.aci.module.aci_endpoint_group.aci_rest_managed.fvRsConsIf",
            "module.aci.module.aci_endpoint_group.aci_rest_managed.fvRsCustQosPol",
            "module.aci.module.aci_endpoint_group.aci_rest_managed.fvRsDomAtt",
            "module.aci.module.aci_endpoint_group.aci_rest_managed.fvRsDomAtt_vmm",
            "module.aci.module.aci_endpoint_group.aci_rest_managed.fvRsIntraEpg",
            "module.aci.module.aci_endpoint_group.aci_rest_managed.fvRsPathAtt_channel",
            "module.aci.module.aci_endpoint_group.aci_rest_managed.fvRsPathAtt_fex_channel",
            "module.aci.module.aci_endpoint_group.aci_rest_managed.fvRsPathAtt_fex_port",
            "module.aci.module.aci_endpoint_group.aci_rest_managed.fvRsPathAtt_port",
            "module.aci.module.aci_endpoint_group.aci_rest_managed.fvRsPathAtt_subport",
            "module.aci.module.aci_endpoint_group.aci_rest_managed.fvRsProv",
            "module.aci.module.aci_endpoint_group.aci_rest_managed.fvRsStCEpToPathEp_channel",
            "module.aci.module.aci_endpoint_group.aci_rest_managed.fvRsStCEpToPathEp_port",
            "module.aci.module.aci_endpoint_group.aci_rest_managed.fvRsTrustCtrl",
            "module.aci.module.aci_endpoint_group.aci_rest_managed.fvRsVmmVSwitchEnhancedLagPol",
            "module.aci.module.aci_endpoint_group.aci_rest_managed.fvStCEp",
            "module.aci.module.aci_endpoint_group.aci_rest_managed.fvStIp",
            "module.aci.module.aci_endpoint_group.aci_rest_managed.fvSubnet",
            "module.aci.module.aci_endpoint_group.aci_rest_managed.fvUplinkOrderCont",
            "module.aci.module.aci_endpoint_group.aci_rest_managed.fvVip",
            "module.aci.module.aci_endpoint_group.aci_rest_managed.fvnsUcastAddrBlk",
            "module.aci.module.aci_endpoint_group.aci_rest_managed.ipNexthopEpP",
            "module.aci.module.aci_endpoint_group.aci_rest_managed.tagInst",
            "module.aci.module.aci_endpoint_group.aci_rest_managed.vmmSecP",
            "module.aci.module.aci_endpoint_group.aci_rest_managed.vnsAddrInst",
            "module.aci.module.aci_endpoint_security_group.aci_rest_managed.fvESg",
            "module.aci.module.aci_endpoint_security_group.aci_rest_managed.fvRsProv",
            "module.aci.module.aci_endpoint_security_group.aci_rest_managed.fvRsScope",
            "module.aci.module.aci_filter.aci_rest_managed.vzEntry",
            "module.aci.module.aci_filter.aci_rest_managed.vzFilter",
            "module.aci.module.aci_imported_contract.aci_rest_managed.vzCPIf",
            "module.aci.module.aci_imported_contract.aci_rest_managed.vzRsIf",
            "module.aci.module.aci_l3out.aci_rest_managed.bgpExtP",
            "module.aci.module.aci_l3out.aci_rest_managed.l3extDefaultRouteLeakP",
            "module.aci.module.aci_l3out.aci_rest_managed.l3extOut",
            "module.aci.module.aci_l3out.aci_rest_managed.l3extRsDampeningPol_ipv4",
            "module.aci.module.aci_l3out.aci_rest_managed.l3extRsDampeningPol_ipv6",
            "module.aci.module.aci_l3out.aci_rest_managed.l3extRsEctx",
            "module.aci.module.aci_l3out.aci_rest_managed.l3extRsInterleakPol",
            "module.aci.module.aci_l3out.aci_rest_managed.l3extRsL3DomAtt",
            "module.aci.module.aci_l3out.aci_rest_managed.l3extRsRedistributePol",
            "module.aci.module.aci_l3out.aci_rest_managed.ospfExtP",
            "module.aci.module.aci_l3out.aci_rest_managed.pimExtP",
            "module.aci.module.aci_l3out.aci_rest_managed.rtctrlCtxP_export",
            "module.aci.module.aci_l3out.aci_rest_managed.rtctrlCtxP_import",
            "module.aci.module.aci_l3out.aci_rest_managed.rtctrlProfile_export",
            "module.aci.module.aci_l3out.aci_rest_managed.rtctrlProfile_import",
            "module.aci.module.aci_l3out.aci_rest_managed.rtctrlRsCtxPToSubjP_export",
            "module.aci.module.aci_l3out.aci_rest_managed.rtctrlRsCtxPToSubjP_import",
            "module.aci.module.aci_l3out.aci_rest_managed.rtctrlRsScopeToAttrP_export",
            "module.aci.module.aci_l3out.aci_rest_managed.rtctrlRsScopeToAttrP_import",
            "module.aci.module.aci_l3out.aci_rest_managed.rtctrlScope_export",
            "module.aci.module.aci_l3out.aci_rest_managed.rtctrlScope_import",
            "module.aci.module.aci_match_rule.aci_rest_managed.rtctrlMatchCommFactor",
            "module.aci.module.aci_match_rule.aci_rest_managed.rtctrlMatchCommRegexTerm",
            "module.aci.module.aci_match_rule.aci_rest_managed.rtctrlMatchCommTerm",
            "module.aci.module.aci_match_rule.aci_rest_managed.rtctrlMatchRtDest",
            "module.aci.module.aci_match_rule.aci_rest_managed.rtctrlSubjP",
            "module.aci.module.aci_ospf_interface_policy.aci_rest_managed.ospfIfPol",
            "module.aci.module.aci_set_rule.aci_rest_managed.rtctrlAttrP",
            "module.aci.module.aci_set_rule.aci_rest_managed.rtctrlSetASPath",
            "module.aci.module.aci_set_rule.aci_rest_managed.rtctrlSetASPathASN",
            "module.aci.module.aci_set_rule.aci_rest_managed.rtctrlSetAddComm",
            "module.aci.module.aci_set_rule.aci_rest_managed.rtctrlSetComm",
            "module.aci.module.aci_set_rule.aci_rest_managed.rtctrlSetDamp",
            "module.aci.module.aci_set_rule.aci_rest_managed.rtctrlSetNh",
            "module.aci.module.aci_set_rule.aci_rest_managed.rtctrlSetNhUnchanged",
            "module.aci.module.aci_set_rule.aci_rest_managed.rtctrlSetPref",
            "module.aci.module.aci_set_rule.aci_rest_managed.rtctrlSetRedistMultipath",
            "module.aci.module.aci_set_rule.aci_rest_managed.rtctrlSetRtMetric",
            "module.aci.module.aci_set_rule.aci_rest_managed.rtctrlSetRtMetricType",
            "module.aci.module.aci_set_rule.aci_rest_managed.rtctrlSetTag",
            "module.aci.module.aci_set_rule.aci_rest_managed.rtctrlSetWeight",
            "module.aci.module.aci_tenant.aci_rest_managed.fvTenant",
            "module.aci.module.aci_vlan_pool.aci_rest_managed.fvnsEncapBlk",
            "module.aci.module.aci_vlan_pool.aci_rest_managed.fvnsVlanInstP",
            "module.aci.module.aci_vmware_vmm_domain.aci_rest_managed.infraRsVlanNs",
            "module.aci.module.aci_vmware_vmm_domain.aci_rest_managed.lacpEnhancedLagPol",
            "module.aci.module.aci_vmware_vmm_domain.aci_rest_managed.vmmCtrlrP",
            "module.aci.module.aci_vmware_vmm_domain.aci_rest_managed.vmmDomP",
            "module.aci.module.aci_vmware_vmm_domain.aci_rest_managed.vmmRsAcc",
            "module.aci.module.aci_vmware_vmm_domain.aci_rest_managed.vmmRsMgmtEPg",
            "module.aci.module.aci_vmware_vmm_domain.aci_rest_managed.vmmRsVswitchOverrideCdpIfPol",
            "module.aci.module.aci_vmware_vmm_domain.aci_rest_managed.vmmRsVswitchOverrideLacpPol",
            "module.aci.module.aci_vmware_vmm_domain.aci_rest_managed.vmmRsVswitchOverrideLldpIfPol",
            "module.aci.module.aci_vmware_vmm_domain.aci_rest_managed.vmmRsVswitchOverrideMtuPol",
            "module.aci.module.aci_vmware_vmm_domain.aci_rest_managed.vmmUplinkP",
            "module.aci.module.aci_vmware_vmm_domain.aci_rest_managed.vmmUplinkPCont",
            "module.aci.module.aci_vmware_vmm_domain.aci_rest_managed.vmmUsrAccP",
            "module.aci.module.aci_vmware_vmm_domain.aci_rest_managed.vmmVSwitchPolicyCont",
            "module.aci.module.aci_vrf.aci_rest_managed.bgpRtTargetP_ipv4",
            "module.aci.module.aci_vrf.aci_rest_managed.bgpRtTargetP_ipv6",
            "module.aci.module.aci_vrf.aci_rest_managed.bgpRtTarget_ipv4_export",
            "module.aci.module.aci_vrf.aci_rest_managed.bgpRtTarget_ipv4_import",
            "module.aci.module.aci_vrf.aci_rest_managed.bgpRtTarget_ipv6_export",
            "module.aci.module.aci_vrf.aci_rest_managed.bgpRtTarget_ipv6_import",
            "module.aci.module.aci_vrf.aci_rest_managed.dnsLbl",
            "module.aci.module.aci_vrf.aci_rest_managed.fvCtx",
            "module.aci.module.aci_vrf.aci_rest_managed.fvRsBgpCtxPol",
            "module.aci.module.aci_vrf.aci_rest_managed.fvRsCtxToBgpCtxAfPol_ipv4",
            "module.aci.module.aci_vrf.aci_rest_managed.fvRsCtxToBgpCtxAfPol_ipv6",
            "module.aci.module.aci_vrf.aci_rest_managed.igmpCtxP",
            "module.aci.module.aci_vrf.aci_rest_managed.igmpSSMXlateP",
            "module.aci.module.aci_vrf.aci_rest_managed.leakExternalPrefix",
            "module.aci.module.aci_vrf.aci_rest_managed.leakInternalSubnet",
            "module.aci.module.aci_vrf.aci_rest_managed.leakRoutes",
            "module.aci.module.aci_vrf.aci_rest_managed.leakTo_external",
            "module.aci.module.aci_vrf.aci_rest_managed.leakTo_internal",
            "module.aci.module.aci_vrf.aci_rest_managed.pimASMPatPol",
            "module.aci.module.aci_vrf.aci_rest_managed.pimAutoRPPol",
            "module.aci.module.aci_vrf.aci_rest_managed.pimBSRFilterPol",
            "module.aci.module.aci_vrf.aci_rest_managed.pimBSRPPol",
            "module.aci.module.aci_vrf.aci_rest_managed.pimCtxP",
            "module.aci.module.aci_vrf.aci_rest_managed.pimFabricRPPol",
            "module.aci.module.aci_vrf.aci_rest_managed.pimInterVRFEntryPol",
            "module.aci.module.aci_vrf.aci_rest_managed.pimInterVRFPol",
            "module.aci.module.aci_vrf.aci_rest_managed.pimMAFilterPol",
            "module.aci.module.aci_vrf.aci_rest_managed.pimRPGrpRangePol_fabric_rp",
            "module.aci.module.aci_vrf.aci_rest_managed.pimRPGrpRangePol_static_rp",
            "module.aci.module.aci_vrf.aci_rest_managed.pimRegTrPol",
            "module.aci.module.aci_vrf.aci_rest_managed.pimResPol",
            "module.aci.module.aci_vrf.aci_rest_managed.pimSGRangeExpPol",
            "module.aci.module.aci_vrf.aci_rest_managed.pimSSMPatPol",
            "module.aci.module.aci_vrf.aci_rest_managed.pimSSMRangePol",
            "module.aci.module.aci_vrf.aci_rest_managed.pimSharedRangePol",
            "module.aci.module.aci_vrf.aci_rest_managed.pimStaticRPEntryPol_fabric_rp",
            "module.aci.module.aci_vrf.aci_rest_managed.pimStaticRPEntryPol_static_rp",
            "module.aci.module.aci_vrf.aci_rest_managed.pimStaticRPPol",
            "module.aci.module.aci_vrf.aci_rest_managed.rtdmcRsFilterToRtMapPol_asm_sg_expiry",
            "module.aci.module.aci_vrf.aci_rest_managed.rtdmcRsFilterToRtMapPol_asm_shared",
            "module.aci.module.aci_vrf.aci_rest_managed.rtdmcRsFilterToRtMapPol_auto_rp",
            "module.aci.module.aci_vrf.aci_rest_managed.rtdmcRsFilterToRtMapPol_bsr",
            "module.aci.module.aci_vrf.aci_rest_managed.rtdmcRsFilterToRtMapPol_fabric_rp",
            "module.aci.module.aci_vrf.aci_rest_managed.rtdmcRsFilterToRtMapPol_pim_inter_vrf",
            "module.aci.module.aci_vrf.aci_rest_managed.rtdmcRsFilterToRtMapPol_ssm_range",
            "module.aci.module.aci_vrf.aci_rest_managed.rtdmcRsFilterToRtMapPol_static_rp",
            "module.aci.module.aci_vrf.aci_rest_managed.vzAny",
            "module.aci.module.aci_vrf.aci_rest_managed.vzRsAnyToCons",
            "module.aci.module.aci_vrf.aci_rest_managed.vzRsAnyToConsIf",
            "module.aci.module.aci_vrf.aci_rest_managed.vzRsAnyToProv"
          ]
        },
        {
          "index_key": "uni/tn-adossant/ap-network-segments/epg-192.168.73.0_24",
          "schema_version": 0,
          "attributes": {
            "child": [],
            "class_name": "fvEPgSelector",
            "content": {
              "descr": "",
              "matchEpgDn": "uni/tn-adossant/ap-network-segments/epg-192.168.73.0_24",
              "name": "",
              "nameAlias": "",
              "ownerKey": "",
              "ownerTag": "",
              "userdom": ":all:common:"
            },
            "dn": "uni/tn-adossant/ap-epg-matched-esg/esg-network-segments/epgselector-[uni/tn-adossant/ap-network-segments/epg-192.168.73.0_24]",
            "id": "uni/tn-adossant/ap-epg-matched-esg/esg-network-segments/epgselector-[uni/tn-adossant/ap-network-segments/epg-192.168.73.0_24]"
          },
          "sensitive_attributes": [],
          "private": "bnVsbA==",
          "dependencies": [
            "module.aci.data.utils_yaml_merge.defaults",
            "module.aci.data.utils_yaml_merge.model",
            "module.aci.module.aci_application_profile.aci_rest_managed.fvAp",
            "module.aci.module.aci_bfd_interface_policy.aci_rest_managed.bfdIfPol",
            "module.aci.module.aci_bgp_timer_policy.aci_rest_managed.bgpCtxPol",
            "module.aci.module.aci_bridge_domain.aci_rest_managed.dhcpLbl",
            "module.aci.module.aci_bridge_domain.aci_rest_managed.dhcpRsDhcpOptionPol",
            "module.aci.module.aci_bridge_domain.aci_rest_managed.fvBD",
            "module.aci.module.aci_bridge_domain.aci_rest_managed.fvRsBDToOut",
            "module.aci.module.aci_bridge_domain.aci_rest_managed.fvRsCtx",
            "module.aci.module.aci_bridge_domain.aci_rest_managed.fvRsIgmpsn",
            "module.aci.module.aci_bridge_domain.aci_rest_managed.fvSubnet",
            "module.aci.module.aci_bridge_domain.aci_rest_managed.igmpIfP",
            "module.aci.module.aci_bridge_domain.aci_rest_managed.igmpRsIfPol",
            "module.aci.module.aci_bridge_domain.aci_rest_managed.tagTag",
            "module.aci.module.aci_contract.aci_rest_managed.vzBrCP",
            "module.aci.module.aci_contract.aci_rest_managed.vzRsSubjFiltAtt",
            "module.aci.module.aci_contract.aci_rest_managed.vzRsSubjGraphAtt",
            "module.aci.module.aci_contract.aci_rest_managed.vzSubj",
            "module.aci.module.aci_dhcp_option_policy.aci_rest_managed.dhcpOption",
            "module.aci.module.aci_dhcp_option_policy.aci_rest_managed.dhcpOptionPol",
            "module.aci.module.aci_dhcp_relay_policy.aci_rest_managed.dhcpRelayP",
            "module.aci.module.aci_dhcp_relay_policy.aci_rest_managed.dhcpRsProv",
            "module.aci.module.aci_endpoint_group.aci_rest_managed.fvAEPg",
            "module.aci.module.aci_endpoint_group.aci_rest_managed.fvAEPgLagPolAtt",
            "module.aci.module.aci_endpoint_group.aci_rest_managed.fvCepNetCfgPol",
            "module.aci.module.aci_endpoint_group.aci_rest_managed.fvEpAnycast",
            "module.aci.module.aci_endpoint_group.aci_rest_managed.fvEpNlb",
            "module.aci.module.aci_endpoint_group.aci_rest_managed.fvEpReachability",
            "module.aci.module.aci_endpoint_group.aci_rest_managed.fvRsBd",
            "module.aci.module.aci_endpoint_group.aci_rest_managed.fvRsCons",
            "module.aci.module.aci_endpoint_group.aci_rest_managed.fvRsConsIf",
            "module.aci.module.aci_endpoint_group.aci_rest_managed.fvRsCustQosPol",
            "module.aci.module.aci_endpoint_group.aci_rest_managed.fvRsDomAtt",
            "module.aci.module.aci_endpoint_group.aci_rest_managed.fvRsDomAtt_vmm",
            "module.aci.module.aci_endpoint_group.aci_rest_managed.fvRsIntraEpg",
            "module.aci.module.aci_endpoint_group.aci_rest_managed.fvRsPathAtt_channel",
            "module.aci.module.aci_endpoint_group.aci_rest_managed.fvRsPathAtt_fex_channel",
            "module.aci.module.aci_endpoint_group.aci_rest_managed.fvRsPathAtt_fex_port",
            "module.aci.module.aci_endpoint_group.aci_rest_managed.fvRsPathAtt_port",
            "module.aci.module.aci_endpoint_group.aci_rest_managed.fvRsPathAtt_subport",
            "module.aci.module.aci_endpoint_group.aci_rest_managed.fvRsProv",
            "module.aci.module.aci_endpoint_group.aci_rest_managed.fvRsStCEpToPathEp_channel",
            "module.aci.module.aci_endpoint_group.aci_rest_managed.fvRsStCEpToPathEp_port",
            "module.aci.module.aci_endpoint_group.aci_rest_managed.fvRsTrustCtrl",
            "module.aci.module.aci_endpoint_group.aci_rest_managed.fvRsVmmVSwitchEnhancedLagPol",
            "module.aci.module.aci_endpoint_group.aci_rest_managed.fvStCEp",
            "module.aci.module.aci_endpoint_group.aci_rest_managed.fvStIp",
            "module.aci.module.aci_endpoint_group.aci_rest_managed.fvSubnet",
            "module.aci.module.aci_endpoint_group.aci_rest_managed.fvUplinkOrderCont",
            "module.aci.module.aci_endpoint_group.aci_rest_managed.fvVip",
            "module.aci.module.aci_endpoint_group.aci_rest_managed.fvnsUcastAddrBlk",
            "module.aci.module.aci_endpoint_group.aci_rest_managed.ipNexthopEpP",
            "module.aci.module.aci_endpoint_group.aci_rest_managed.tagInst",
            "module.aci.module.aci_endpoint_group.aci_rest_managed.vmmSecP",
            "module.aci.module.aci_endpoint_group.aci_rest_managed.vnsAddrInst",
            "module.aci.module.aci_endpoint_security_group.aci_rest_managed.fvESg",
            "module.aci.module.aci_endpoint_security_group.aci_rest_managed.fvRsProv",
            "module.aci.module.aci_endpoint_security_group.aci_rest_managed.fvRsScope",
            "module.aci.module.aci_filter.aci_rest_managed.vzEntry",
            "module.aci.module.aci_filter.aci_rest_managed.vzFilter",
            "module.aci.module.aci_imported_contract.aci_rest_managed.vzCPIf",
            "module.aci.module.aci_imported_contract.aci_rest_managed.vzRsIf",
            "module.aci.module.aci_l3out.aci_rest_managed.bgpExtP",
            "module.aci.module.aci_l3out.aci_rest_managed.l3extDefaultRouteLeakP",
            "module.aci.module.aci_l3out.aci_rest_managed.l3extOut",
            "module.aci.module.aci_l3out.aci_rest_managed.l3extRsDampeningPol_ipv4",
            "module.aci.module.aci_l3out.aci_rest_managed.l3extRsDampeningPol_ipv6",
            "module.aci.module.aci_l3out.aci_rest_managed.l3extRsEctx",
            "module.aci.module.aci_l3out.aci_rest_managed.l3extRsInterleakPol",
            "module.aci.module.aci_l3out.aci_rest_managed.l3extRsL3DomAtt",
            "module.aci.module.aci_l3out.aci_rest_managed.l3extRsRedistributePol",
            "module.aci.module.aci_l3out.aci_rest_managed.ospfExtP",
            "module.aci.module.aci_l3out.aci_rest_managed.pimExtP",
            "module.aci.module.aci_l3out.aci_rest_managed.rtctrlCtxP_export",
            "module.aci.module.aci_l3out.aci_rest_managed.rtctrlCtxP_import",
            "module.aci.module.aci_l3out.aci_rest_managed.rtctrlProfile_export",
            "module.aci.module.aci_l3out.aci_rest_managed.rtctrlProfile_import",
            "module.aci.module.aci_l3out.aci_rest_managed.rtctrlRsCtxPToSubjP_export",
            "module.aci.module.aci_l3out.aci_rest_managed.rtctrlRsCtxPToSubjP_import",
            "module.aci.module.aci_l3out.aci_rest_managed.rtctrlRsScopeToAttrP_export",
            "module.aci.module.aci_l3out.aci_rest_managed.rtctrlRsScopeToAttrP_import",
            "module.aci.module.aci_l3out.aci_rest_managed.rtctrlScope_export",
            "module.aci.module.aci_l3out.aci_rest_managed.rtctrlScope_import",
            "module.aci.module.aci_match_rule.aci_rest_managed.rtctrlMatchCommFactor",
            "module.aci.module.aci_match_rule.aci_rest_managed.rtctrlMatchCommRegexTerm",
            "module.aci.module.aci_match_rule.aci_rest_managed.rtctrlMatchCommTerm",
            "module.aci.module.aci_match_rule.aci_rest_managed.rtctrlMatchRtDest",
            "module.aci.module.aci_match_rule.aci_rest_managed.rtctrlSubjP",
            "module.aci.module.aci_ospf_interface_policy.aci_rest_managed.ospfIfPol",
            "module.aci.module.aci_set_rule.aci_rest_managed.rtctrlAttrP",
            "module.aci.module.aci_set_rule.aci_rest_managed.rtctrlSetASPath",
            "module.aci.module.aci_set_rule.aci_rest_managed.rtctrlSetASPathASN",
            "module.aci.module.aci_set_rule.aci_rest_managed.rtctrlSetAddComm",
            "module.aci.module.aci_set_rule.aci_rest_managed.rtctrlSetComm",
            "module.aci.module.aci_set_rule.aci_rest_managed.rtctrlSetDamp",
            "module.aci.module.aci_set_rule.aci_rest_managed.rtctrlSetNh",
            "module.aci.module.aci_set_rule.aci_rest_managed.rtctrlSetNhUnchanged",
            "module.aci.module.aci_set_rule.aci_rest_managed.rtctrlSetPref",
            "module.aci.module.aci_set_rule.aci_rest_managed.rtctrlSetRedistMultipath",
            "module.aci.module.aci_set_rule.aci_rest_managed.rtctrlSetRtMetric",
            "module.aci.module.aci_set_rule.aci_rest_managed.rtctrlSetRtMetricType",
            "module.aci.module.aci_set_rule.aci_rest_managed.rtctrlSetTag",
            "module.aci.module.aci_set_rule.aci_rest_managed.rtctrlSetWeight",
            "module.aci.module.aci_tenant.aci_rest_managed.fvTenant",
            "module.aci.module.aci_vlan_pool.aci_rest_managed.fvnsEncapBlk",
            "module.aci.module.aci_vlan_pool.aci_rest_managed.fvnsVlanInstP",
            "module.aci.module.aci_vmware_vmm_domain.aci_rest_managed.infraRsVlanNs",
            "module.aci.module.aci_vmware_vmm_domain.aci_rest_managed.lacpEnhancedLagPol",
            "module.aci.module.aci_vmware_vmm_domain.aci_rest_managed.vmmCtrlrP",
            "module.aci.module.aci_vmware_vmm_domain.aci_rest_managed.vmmDomP",
            "module.aci.module.aci_vmware_vmm_domain.aci_rest_managed.vmmRsAcc",
            "module.aci.module.aci_vmware_vmm_domain.aci_rest_managed.vmmRsMgmtEPg",
            "module.aci.module.aci_vmware_vmm_domain.aci_rest_managed.vmmRsVswitchOverrideCdpIfPol",
            "module.aci.module.aci_vmware_vmm_domain.aci_rest_managed.vmmRsVswitchOverrideLacpPol",
            "module.aci.module.aci_vmware_vmm_domain.aci_rest_managed.vmmRsVswitchOverrideLldpIfPol",
            "module.aci.module.aci_vmware_vmm_domain.aci_rest_managed.vmmRsVswitchOverrideMtuPol",
            "module.aci.module.aci_vmware_vmm_domain.aci_rest_managed.vmmUplinkP",
            "module.aci.module.aci_vmware_vmm_domain.aci_rest_managed.vmmUplinkPCont",
            "module.aci.module.aci_vmware_vmm_domain.aci_rest_managed.vmmUsrAccP",
            "module.aci.module.aci_vmware_vmm_domain.aci_rest_managed.vmmVSwitchPolicyCont",
            "module.aci.module.aci_vrf.aci_rest_managed.bgpRtTargetP_ipv4",
            "module.aci.module.aci_vrf.aci_rest_managed.bgpRtTargetP_ipv6",
            "module.aci.module.aci_vrf.aci_rest_managed.bgpRtTarget_ipv4_export",
            "module.aci.module.aci_vrf.aci_rest_managed.bgpRtTarget_ipv4_import",
            "module.aci.module.aci_vrf.aci_rest_managed.bgpRtTarget_ipv6_export",
            "module.aci.module.aci_vrf.aci_rest_managed.bgpRtTarget_ipv6_import",
            "module.aci.module.aci_vrf.aci_rest_managed.dnsLbl",
            "module.aci.module.aci_vrf.aci_rest_managed.fvCtx",
            "module.aci.module.aci_vrf.aci_rest_managed.fvRsBgpCtxPol",
            "module.aci.module.aci_vrf.aci_rest_managed.fvRsCtxToBgpCtxAfPol_ipv4",
            "module.aci.module.aci_vrf.aci_rest_managed.fvRsCtxToBgpCtxAfPol_ipv6",
            "module.aci.module.aci_vrf.aci_rest_managed.igmpCtxP",
            "module.aci.module.aci_vrf.aci_rest_managed.igmpSSMXlateP",
            "module.aci.module.aci_vrf.aci_rest_managed.leakExternalPrefix",
            "module.aci.module.aci_vrf.aci_rest_managed.leakInternalSubnet",
            "module.aci.module.aci_vrf.aci_rest_managed.leakRoutes",
            "module.aci.module.aci_vrf.aci_rest_managed.leakTo_external",
            "module.aci.module.aci_vrf.aci_rest_managed.leakTo_internal",
            "module.aci.module.aci_vrf.aci_rest_managed.pimASMPatPol",
            "module.aci.module.aci_vrf.aci_rest_managed.pimAutoRPPol",
            "module.aci.module.aci_vrf.aci_rest_managed.pimBSRFilterPol",
            "module.aci.module.aci_vrf.aci_rest_managed.pimBSRPPol",
            "module.aci.module.aci_vrf.aci_rest_managed.pimCtxP",
            "module.aci.module.aci_vrf.aci_rest_managed.pimFabricRPPol",
            "module.aci.module.aci_vrf.aci_rest_managed.pimInterVRFEntryPol",
            "module.aci.module.aci_vrf.aci_rest_managed.pimInterVRFPol",
            "module.aci.module.aci_vrf.aci_rest_managed.pimMAFilterPol",
            "module.aci.module.aci_vrf.aci_rest_managed.pimRPGrpRangePol_fabric_rp",
            "module.aci.module.aci_vrf.aci_rest_managed.pimRPGrpRangePol_static_rp",
            "module.aci.module.aci_vrf.aci_rest_managed.pimRegTrPol",
            "module.aci.module.aci_vrf.aci_rest_managed.pimResPol",
            "module.aci.module.aci_vrf.aci_rest_managed.pimSGRangeExpPol",
            "module.aci.module.aci_vrf.aci_rest_managed.pimSSMPatPol",
            "module.aci.module.aci_vrf.aci_rest_managed.pimSSMRangePol",
            "module.aci.module.aci_vrf.aci_rest_managed.pimSharedRangePol",
            "module.aci.module.aci_vrf.aci_rest_managed.pimStaticRPEntryPol_fabric_rp",
            "module.aci.module.aci_vrf.aci_rest_managed.pimStaticRPEntryPol_static_rp",
            "module.aci.module.aci_vrf.aci_rest_managed.pimStaticRPPol",
            "module.aci.module.aci_vrf.aci_rest_managed.rtdmcRsFilterToRtMapPol_asm_sg_expiry",
            "module.aci.module.aci_vrf.aci_rest_managed.rtdmcRsFilterToRtMapPol_asm_shared",
            "module.aci.module.aci_vrf.aci_rest_managed.rtdmcRsFilterToRtMapPol_auto_rp",
            "module.aci.module.aci_vrf.aci_rest_managed.rtdmcRsFilterToRtMapPol_bsr",
            "module.aci.module.aci_vrf.aci_rest_managed.rtdmcRsFilterToRtMapPol_fabric_rp",
            "module.aci.module.aci_vrf.aci_rest_managed.rtdmcRsFilterToRtMapPol_pim_inter_vrf",
            "module.aci.module.aci_vrf.aci_rest_managed.rtdmcRsFilterToRtMapPol_ssm_range",
            "module.aci.module.aci_vrf.aci_rest_managed.rtdmcRsFilterToRtMapPol_static_rp",
            "module.aci.module.aci_vrf.aci_rest_managed.vzAny",
            "module.aci.module.aci_vrf.aci_rest_managed.vzRsAnyToCons",
            "module.aci.module.aci_vrf.aci_rest_managed.vzRsAnyToConsIf",
            "module.aci.module.aci_vrf.aci_rest_managed.vzRsAnyToProv"
          ]
        },
        {
          "index_key": "uni/tn-adossant/ap-network-segments/epg-192.168.74.0_24",
          "schema_version": 0,
          "attributes": {
            "child": [],
            "class_name": "fvEPgSelector",
            "content": {
              "descr": "",
              "matchEpgDn": "uni/tn-adossant/ap-network-segments/epg-192.168.74.0_24",
              "name": "",
              "nameAlias": "",
              "ownerKey": "",
              "ownerTag": "",
              "userdom": ":all:common:"
            },
            "dn": "uni/tn-adossant/ap-epg-matched-esg/esg-network-segments/epgselector-[uni/tn-adossant/ap-network-segments/epg-192.168.74.0_24]",
            "id": "uni/tn-adossant/ap-epg-matched-esg/esg-network-segments/epgselector-[uni/tn-adossant/ap-network-segments/epg-192.168.74.0_24]"
          },
          "sensitive_attributes": [],
          "private": "bnVsbA==",
          "dependencies": [
            "module.aci.data.utils_yaml_merge.defaults",
            "module.aci.data.utils_yaml_merge.model",
            "module.aci.module.aci_application_profile.aci_rest_managed.fvAp",
            "module.aci.module.aci_bfd_interface_policy.aci_rest_managed.bfdIfPol",
            "module.aci.module.aci_bgp_timer_policy.aci_rest_managed.bgpCtxPol",
            "module.aci.module.aci_bridge_domain.aci_rest_managed.dhcpLbl",
            "module.aci.module.aci_bridge_domain.aci_rest_managed.dhcpRsDhcpOptionPol",
            "module.aci.module.aci_bridge_domain.aci_rest_managed.fvBD",
            "module.aci.module.aci_bridge_domain.aci_rest_managed.fvRsBDToOut",
            "module.aci.module.aci_bridge_domain.aci_rest_managed.fvRsCtx",
            "module.aci.module.aci_bridge_domain.aci_rest_managed.fvRsIgmpsn",
            "module.aci.module.aci_bridge_domain.aci_rest_managed.fvSubnet",
            "module.aci.module.aci_bridge_domain.aci_rest_managed.igmpIfP",
            "module.aci.module.aci_bridge_domain.aci_rest_managed.igmpRsIfPol",
            "module.aci.module.aci_bridge_domain.aci_rest_managed.tagTag",
            "module.aci.module.aci_contract.aci_rest_managed.vzBrCP",
            "module.aci.module.aci_contract.aci_rest_managed.vzRsSubjFiltAtt",
            "module.aci.module.aci_contract.aci_rest_managed.vzRsSubjGraphAtt",
            "module.aci.module.aci_contract.aci_rest_managed.vzSubj",
            "module.aci.module.aci_dhcp_option_policy.aci_rest_managed.dhcpOption",
            "module.aci.module.aci_dhcp_option_policy.aci_rest_managed.dhcpOptionPol",
            "module.aci.module.aci_dhcp_relay_policy.aci_rest_managed.dhcpRelayP",
            "module.aci.module.aci_dhcp_relay_policy.aci_rest_managed.dhcpRsProv",
            "module.aci.module.aci_endpoint_group.aci_rest_managed.fvAEPg",
            "module.aci.module.aci_endpoint_group.aci_rest_managed.fvAEPgLagPolAtt",
            "module.aci.module.aci_endpoint_group.aci_rest_managed.fvCepNetCfgPol",
            "module.aci.module.aci_endpoint_group.aci_rest_managed.fvEpAnycast",
            "module.aci.module.aci_endpoint_group.aci_rest_managed.fvEpNlb",
            "module.aci.module.aci_endpoint_group.aci_rest_managed.fvEpReachability",
            "module.aci.module.aci_endpoint_group.aci_rest_managed.fvRsBd",
            "module.aci.module.aci_endpoint_group.aci_rest_managed.fvRsCons",
            "module.aci.module.aci_endpoint_group.aci_rest_managed.fvRsConsIf",
            "module.aci.module.aci_endpoint_group.aci_rest_managed.fvRsCustQosPol",
            "module.aci.module.aci_endpoint_group.aci_rest_managed.fvRsDomAtt",
            "module.aci.module.aci_endpoint_group.aci_rest_managed.fvRsDomAtt_vmm",
            "module.aci.module.aci_endpoint_group.aci_rest_managed.fvRsIntraEpg",
            "module.aci.module.aci_endpoint_group.aci_rest_managed.fvRsPathAtt_channel",
            "module.aci.module.aci_endpoint_group.aci_rest_managed.fvRsPathAtt_fex_channel",
            "module.aci.module.aci_endpoint_group.aci_rest_managed.fvRsPathAtt_fex_port",
            "module.aci.module.aci_endpoint_group.aci_rest_managed.fvRsPathAtt_port",
            "module.aci.module.aci_endpoint_group.aci_rest_managed.fvRsPathAtt_subport",
            "module.aci.module.aci_endpoint_group.aci_rest_managed.fvRsProv",
            "module.aci.module.aci_endpoint_group.aci_rest_managed.fvRsStCEpToPathEp_channel",
            "module.aci.module.aci_endpoint_group.aci_rest_managed.fvRsStCEpToPathEp_port",
            "module.aci.module.aci_endpoint_group.aci_rest_managed.fvRsTrustCtrl",
            "module.aci.module.aci_endpoint_group.aci_rest_managed.fvRsVmmVSwitchEnhancedLagPol",
            "module.aci.module.aci_endpoint_group.aci_rest_managed.fvStCEp",
            "module.aci.module.aci_endpoint_group.aci_rest_managed.fvStIp",
            "module.aci.module.aci_endpoint_group.aci_rest_managed.fvSubnet",
            "module.aci.module.aci_endpoint_group.aci_rest_managed.fvUplinkOrderCont",
            "module.aci.module.aci_endpoint_group.aci_rest_managed.fvVip",
            "module.aci.module.aci_endpoint_group.aci_rest_managed.fvnsUcastAddrBlk",
            "module.aci.module.aci_endpoint_group.aci_rest_managed.ipNexthopEpP",
            "module.aci.module.aci_endpoint_group.aci_rest_managed.tagInst",
            "module.aci.module.aci_endpoint_group.aci_rest_managed.vmmSecP",
            "module.aci.module.aci_endpoint_group.aci_rest_managed.vnsAddrInst",
            "module.aci.module.aci_endpoint_security_group.aci_rest_managed.fvESg",
            "module.aci.module.aci_endpoint_security_group.aci_rest_managed.fvRsProv",
            "module.aci.module.aci_endpoint_security_group.aci_rest_managed.fvRsScope",
            "module.aci.module.aci_filter.aci_rest_managed.vzEntry",
            "module.aci.module.aci_filter.aci_rest_managed.vzFilter",
            "module.aci.module.aci_imported_contract.aci_rest_managed.vzCPIf",
            "module.aci.module.aci_imported_contract.aci_rest_managed.vzRsIf",
            "module.aci.module.aci_l3out.aci_rest_managed.bgpExtP",
            "module.aci.module.aci_l3out.aci_rest_managed.l3extDefaultRouteLeakP",
            "module.aci.module.aci_l3out.aci_rest_managed.l3extOut",
            "module.aci.module.aci_l3out.aci_rest_managed.l3extRsDampeningPol_ipv4",
            "module.aci.module.aci_l3out.aci_rest_managed.l3extRsDampeningPol_ipv6",
            "module.aci.module.aci_l3out.aci_rest_managed.l3extRsEctx",
            "module.aci.module.aci_l3out.aci_rest_managed.l3extRsInterleakPol",
            "module.aci.module.aci_l3out.aci_rest_managed.l3extRsL3DomAtt",
            "module.aci.module.aci_l3out.aci_rest_managed.l3extRsRedistributePol",
            "module.aci.module.aci_l3out.aci_rest_managed.ospfExtP",
            "module.aci.module.aci_l3out.aci_rest_managed.pimExtP",
            "module.aci.module.aci_l3out.aci_rest_managed.rtctrlCtxP_export",
            "module.aci.module.aci_l3out.aci_rest_managed.rtctrlCtxP_import",
            "module.aci.module.aci_l3out.aci_rest_managed.rtctrlProfile_export",
            "module.aci.module.aci_l3out.aci_rest_managed.rtctrlProfile_import",
            "module.aci.module.aci_l3out.aci_rest_managed.rtctrlRsCtxPToSubjP_export",
            "module.aci.module.aci_l3out.aci_rest_managed.rtctrlRsCtxPToSubjP_import",
            "module.aci.module.aci_l3out.aci_rest_managed.rtctrlRsScopeToAttrP_export",
            "module.aci.module.aci_l3out.aci_rest_managed.rtctrlRsScopeToAttrP_import",
            "module.aci.module.aci_l3out.aci_rest_managed.rtctrlScope_export",
            "module.aci.module.aci_l3out.aci_rest_managed.rtctrlScope_import",
            "module.aci.module.aci_match_rule.aci_rest_managed.rtctrlMatchCommFactor",
            "module.aci.module.aci_match_rule.aci_rest_managed.rtctrlMatchCommRegexTerm",
            "module.aci.module.aci_match_rule.aci_rest_managed.rtctrlMatchCommTerm",
            "module.aci.module.aci_match_rule.aci_rest_managed.rtctrlMatchRtDest",
            "module.aci.module.aci_match_rule.aci_rest_managed.rtctrlSubjP",
            "module.aci.module.aci_ospf_interface_policy.aci_rest_managed.ospfIfPol",
            "module.aci.module.aci_set_rule.aci_rest_managed.rtctrlAttrP",
            "module.aci.module.aci_set_rule.aci_rest_managed.rtctrlSetASPath",
            "module.aci.module.aci_set_rule.aci_rest_managed.rtctrlSetASPathASN",
            "module.aci.module.aci_set_rule.aci_rest_managed.rtctrlSetAddComm",
            "module.aci.module.aci_set_rule.aci_rest_managed.rtctrlSetComm",
            "module.aci.module.aci_set_rule.aci_rest_managed.rtctrlSetDamp",
            "module.aci.module.aci_set_rule.aci_rest_managed.rtctrlSetNh",
            "module.aci.module.aci_set_rule.aci_rest_managed.rtctrlSetNhUnchanged",
            "module.aci.module.aci_set_rule.aci_rest_managed.rtctrlSetPref",
            "module.aci.module.aci_set_rule.aci_rest_managed.rtctrlSetRedistMultipath",
            "module.aci.module.aci_set_rule.aci_rest_managed.rtctrlSetRtMetric",
            "module.aci.module.aci_set_rule.aci_rest_managed.rtctrlSetRtMetricType",
            "module.aci.module.aci_set_rule.aci_rest_managed.rtctrlSetTag",
            "module.aci.module.aci_set_rule.aci_rest_managed.rtctrlSetWeight",
            "module.aci.module.aci_tenant.aci_rest_managed.fvTenant",
            "module.aci.module.aci_vlan_pool.aci_rest_managed.fvnsEncapBlk",
            "module.aci.module.aci_vlan_pool.aci_rest_managed.fvnsVlanInstP",
            "module.aci.module.aci_vmware_vmm_domain.aci_rest_managed.infraRsVlanNs",
            "module.aci.module.aci_vmware_vmm_domain.aci_rest_managed.lacpEnhancedLagPol",
            "module.aci.module.aci_vmware_vmm_domain.aci_rest_managed.vmmCtrlrP",
            "module.aci.module.aci_vmware_vmm_domain.aci_rest_managed.vmmDomP",
            "module.aci.module.aci_vmware_vmm_domain.aci_rest_managed.vmmRsAcc",
            "module.aci.module.aci_vmware_vmm_domain.aci_rest_managed.vmmRsMgmtEPg",
            "module.aci.module.aci_vmware_vmm_domain.aci_rest_managed.vmmRsVswitchOverrideCdpIfPol",
            "module.aci.module.aci_vmware_vmm_domain.aci_rest_managed.vmmRsVswitchOverrideLacpPol",
            "module.aci.module.aci_vmware_vmm_domain.aci_rest_managed.vmmRsVswitchOverrideLldpIfPol",
            "module.aci.module.aci_vmware_vmm_domain.aci_rest_managed.vmmRsVswitchOverrideMtuPol",
            "module.aci.module.aci_vmware_vmm_domain.aci_rest_managed.vmmUplinkP",
            "module.aci.module.aci_vmware_vmm_domain.aci_rest_managed.vmmUplinkPCont",
            "module.aci.module.aci_vmware_vmm_domain.aci_rest_managed.vmmUsrAccP",
            "module.aci.module.aci_vmware_vmm_domain.aci_rest_managed.vmmVSwitchPolicyCont",
            "module.aci.module.aci_vrf.aci_rest_managed.bgpRtTargetP_ipv4",
            "module.aci.module.aci_vrf.aci_rest_managed.bgpRtTargetP_ipv6",
            "module.aci.module.aci_vrf.aci_rest_managed.bgpRtTarget_ipv4_export",
            "module.aci.module.aci_vrf.aci_rest_managed.bgpRtTarget_ipv4_import",
            "module.aci.module.aci_vrf.aci_rest_managed.bgpRtTarget_ipv6_export",
            "module.aci.module.aci_vrf.aci_rest_managed.bgpRtTarget_ipv6_import",
            "module.aci.module.aci_vrf.aci_rest_managed.dnsLbl",
            "module.aci.module.aci_vrf.aci_rest_managed.fvCtx",
            "module.aci.module.aci_vrf.aci_rest_managed.fvRsBgpCtxPol",
            "module.aci.module.aci_vrf.aci_rest_managed.fvRsCtxToBgpCtxAfPol_ipv4",
            "module.aci.module.aci_vrf.aci_rest_managed.fvRsCtxToBgpCtxAfPol_ipv6",
            "module.aci.module.aci_vrf.aci_rest_managed.igmpCtxP",
            "module.aci.module.aci_vrf.aci_rest_managed.igmpSSMXlateP",
            "module.aci.module.aci_vrf.aci_rest_managed.leakExternalPrefix",
            "module.aci.module.aci_vrf.aci_rest_managed.leakInternalSubnet",
            "module.aci.module.aci_vrf.aci_rest_managed.leakRoutes",
            "module.aci.module.aci_vrf.aci_rest_managed.leakTo_external",
            "module.aci.module.aci_vrf.aci_rest_managed.leakTo_internal",
            "module.aci.module.aci_vrf.aci_rest_managed.pimASMPatPol",
            "module.aci.module.aci_vrf.aci_rest_managed.pimAutoRPPol",
            "module.aci.module.aci_vrf.aci_rest_managed.pimBSRFilterPol",
            "module.aci.module.aci_vrf.aci_rest_managed.pimBSRPPol",
            "module.aci.module.aci_vrf.aci_rest_managed.pimCtxP",
            "module.aci.module.aci_vrf.aci_rest_managed.pimFabricRPPol",
            "module.aci.module.aci_vrf.aci_rest_managed.pimInterVRFEntryPol",
            "module.aci.module.aci_vrf.aci_rest_managed.pimInterVRFPol",
            "module.aci.module.aci_vrf.aci_rest_managed.pimMAFilterPol",
            "module.aci.module.aci_vrf.aci_rest_managed.pimRPGrpRangePol_fabric_rp",
            "module.aci.module.aci_vrf.aci_rest_managed.pimRPGrpRangePol_static_rp",
            "module.aci.module.aci_vrf.aci_rest_managed.pimRegTrPol",
            "module.aci.module.aci_vrf.aci_rest_managed.pimResPol",
            "module.aci.module.aci_vrf.aci_rest_managed.pimSGRangeExpPol",
            "module.aci.module.aci_vrf.aci_rest_managed.pimSSMPatPol",
            "module.aci.module.aci_vrf.aci_rest_managed.pimSSMRangePol",
            "module.aci.module.aci_vrf.aci_rest_managed.pimSharedRangePol",
            "module.aci.module.aci_vrf.aci_rest_managed.pimStaticRPEntryPol_fabric_rp",
            "module.aci.module.aci_vrf.aci_rest_managed.pimStaticRPEntryPol_static_rp",
            "module.aci.module.aci_vrf.aci_rest_managed.pimStaticRPPol",
            "module.aci.module.aci_vrf.aci_rest_managed.rtdmcRsFilterToRtMapPol_asm_sg_expiry",
            "module.aci.module.aci_vrf.aci_rest_managed.rtdmcRsFilterToRtMapPol_asm_shared",
            "module.aci.module.aci_vrf.aci_rest_managed.rtdmcRsFilterToRtMapPol_auto_rp",
            "module.aci.module.aci_vrf.aci_rest_managed.rtdmcRsFilterToRtMapPol_bsr",
            "module.aci.module.aci_vrf.aci_rest_managed.rtdmcRsFilterToRtMapPol_fabric_rp",
            "module.aci.module.aci_vrf.aci_rest_managed.rtdmcRsFilterToRtMapPol_pim_inter_vrf",
            "module.aci.module.aci_vrf.aci_rest_managed.rtdmcRsFilterToRtMapPol_ssm_range",
            "module.aci.module.aci_vrf.aci_rest_managed.rtdmcRsFilterToRtMapPol_static_rp",
            "module.aci.module.aci_vrf.aci_rest_managed.vzAny",
            "module.aci.module.aci_vrf.aci_rest_managed.vzRsAnyToCons",
            "module.aci.module.aci_vrf.aci_rest_managed.vzRsAnyToConsIf",
            "module.aci.module.aci_vrf.aci_rest_managed.vzRsAnyToProv"
          ]
        },
        {
          "index_key": "uni/tn-adossant/ap-network-segments/epg-192.168.75.0_24",
          "schema_version": 0,
          "attributes": {
            "child": [],
            "class_name": "fvEPgSelector",
            "content": {
              "descr": "",
              "matchEpgDn": "uni/tn-adossant/ap-network-segments/epg-192.168.75.0_24",
              "name": "",
              "nameAlias": "",
              "ownerKey": "",
              "ownerTag": "",
              "userdom": ":all:common:"
            },
            "dn": "uni/tn-adossant/ap-epg-matched-esg/esg-network-segments/epgselector-[uni/tn-adossant/ap-network-segments/epg-192.168.75.0_24]",
            "id": "uni/tn-adossant/ap-epg-matched-esg/esg-network-segments/epgselector-[uni/tn-adossant/ap-network-segments/epg-192.168.75.0_24]"
          },
          "sensitive_attributes": [],
          "private": "bnVsbA==",
          "dependencies": [
            "module.aci.data.utils_yaml_merge.defaults",
            "module.aci.data.utils_yaml_merge.model",
            "module.aci.module.aci_application_profile.aci_rest_managed.fvAp",
            "module.aci.module.aci_bfd_interface_policy.aci_rest_managed.bfdIfPol",
            "module.aci.module.aci_bgp_timer_policy.aci_rest_managed.bgpCtxPol",
            "module.aci.module.aci_bridge_domain.aci_rest_managed.dhcpLbl",
            "module.aci.module.aci_bridge_domain.aci_rest_managed.dhcpRsDhcpOptionPol",
            "module.aci.module.aci_bridge_domain.aci_rest_managed.fvBD",
            "module.aci.module.aci_bridge_domain.aci_rest_managed.fvRsBDToOut",
            "module.aci.module.aci_bridge_domain.aci_rest_managed.fvRsCtx",
            "module.aci.module.aci_bridge_domain.aci_rest_managed.fvRsIgmpsn",
            "module.aci.module.aci_bridge_domain.aci_rest_managed.fvSubnet",
            "module.aci.module.aci_bridge_domain.aci_rest_managed.igmpIfP",
            "module.aci.module.aci_bridge_domain.aci_rest_managed.igmpRsIfPol",
            "module.aci.module.aci_bridge_domain.aci_rest_managed.tagTag",
            "module.aci.module.aci_contract.aci_rest_managed.vzBrCP",
            "module.aci.module.aci_contract.aci_rest_managed.vzRsSubjFiltAtt",
            "module.aci.module.aci_contract.aci_rest_managed.vzRsSubjGraphAtt",
            "module.aci.module.aci_contract.aci_rest_managed.vzSubj",
            "module.aci.module.aci_dhcp_option_policy.aci_rest_managed.dhcpOption",
            "module.aci.module.aci_dhcp_option_policy.aci_rest_managed.dhcpOptionPol",
            "module.aci.module.aci_dhcp_relay_policy.aci_rest_managed.dhcpRelayP",
            "module.aci.module.aci_dhcp_relay_policy.aci_rest_managed.dhcpRsProv",
            "module.aci.module.aci_endpoint_group.aci_rest_managed.fvAEPg",
            "module.aci.module.aci_endpoint_group.aci_rest_managed.fvAEPgLagPolAtt",
            "module.aci.module.aci_endpoint_group.aci_rest_managed.fvCepNetCfgPol",
            "module.aci.module.aci_endpoint_group.aci_rest_managed.fvEpAnycast",
            "module.aci.module.aci_endpoint_group.aci_rest_managed.fvEpNlb",
            "module.aci.module.aci_endpoint_group.aci_rest_managed.fvEpReachability",
            "module.aci.module.aci_endpoint_group.aci_rest_managed.fvRsBd",
            "module.aci.module.aci_endpoint_group.aci_rest_managed.fvRsCons",
            "module.aci.module.aci_endpoint_group.aci_rest_managed.fvRsConsIf",
            "module.aci.module.aci_endpoint_group.aci_rest_managed.fvRsCustQosPol",
            "module.aci.module.aci_endpoint_group.aci_rest_managed.fvRsDomAtt",
            "module.aci.module.aci_endpoint_group.aci_rest_managed.fvRsDomAtt_vmm",
            "module.aci.module.aci_endpoint_group.aci_rest_managed.fvRsIntraEpg",
            "module.aci.module.aci_endpoint_group.aci_rest_managed.fvRsPathAtt_channel",
            "module.aci.module.aci_endpoint_group.aci_rest_managed.fvRsPathAtt_fex_channel",
            "module.aci.module.aci_endpoint_group.aci_rest_managed.fvRsPathAtt_fex_port",
            "module.aci.module.aci_endpoint_group.aci_rest_managed.fvRsPathAtt_port",
            "module.aci.module.aci_endpoint_group.aci_rest_managed.fvRsPathAtt_subport",
            "module.aci.module.aci_endpoint_group.aci_rest_managed.fvRsProv",
            "module.aci.module.aci_endpoint_group.aci_rest_managed.fvRsStCEpToPathEp_channel",
            "module.aci.module.aci_endpoint_group.aci_rest_managed.fvRsStCEpToPathEp_port",
            "module.aci.module.aci_endpoint_group.aci_rest_managed.fvRsTrustCtrl",
            "module.aci.module.aci_endpoint_group.aci_rest_managed.fvRsVmmVSwitchEnhancedLagPol",
            "module.aci.module.aci_endpoint_group.aci_rest_managed.fvStCEp",
            "module.aci.module.aci_endpoint_group.aci_rest_managed.fvStIp",
            "module.aci.module.aci_endpoint_group.aci_rest_managed.fvSubnet",
            "module.aci.module.aci_endpoint_group.aci_rest_managed.fvUplinkOrderCont",
            "module.aci.module.aci_endpoint_group.aci_rest_managed.fvVip",
            "module.aci.module.aci_endpoint_group.aci_rest_managed.fvnsUcastAddrBlk",
            "module.aci.module.aci_endpoint_group.aci_rest_managed.ipNexthopEpP",
            "module.aci.module.aci_endpoint_group.aci_rest_managed.tagInst",
            "module.aci.module.aci_endpoint_group.aci_rest_managed.vmmSecP",
            "module.aci.module.aci_endpoint_group.aci_rest_managed.vnsAddrInst",
            "module.aci.module.aci_endpoint_security_group.aci_rest_managed.fvESg",
            "module.aci.module.aci_endpoint_security_group.aci_rest_managed.fvRsProv",
            "module.aci.module.aci_endpoint_security_group.aci_rest_managed.fvRsScope",
            "module.aci.module.aci_filter.aci_rest_managed.vzEntry",
            "module.aci.module.aci_filter.aci_rest_managed.vzFilter",
            "module.aci.module.aci_imported_contract.aci_rest_managed.vzCPIf",
            "module.aci.module.aci_imported_contract.aci_rest_managed.vzRsIf",
            "module.aci.module.aci_l3out.aci_rest_managed.bgpExtP",
            "module.aci.module.aci_l3out.aci_rest_managed.l3extDefaultRouteLeakP",
            "module.aci.module.aci_l3out.aci_rest_managed.l3extOut",
            "module.aci.module.aci_l3out.aci_rest_managed.l3extRsDampeningPol_ipv4",
            "module.aci.module.aci_l3out.aci_rest_managed.l3extRsDampeningPol_ipv6",
            "module.aci.module.aci_l3out.aci_rest_managed.l3extRsEctx",
            "module.aci.module.aci_l3out.aci_rest_managed.l3extRsInterleakPol",
            "module.aci.module.aci_l3out.aci_rest_managed.l3extRsL3DomAtt",
            "module.aci.module.aci_l3out.aci_rest_managed.l3extRsRedistributePol",
            "module.aci.module.aci_l3out.aci_rest_managed.ospfExtP",
            "module.aci.module.aci_l3out.aci_rest_managed.pimExtP",
            "module.aci.module.aci_l3out.aci_rest_managed.rtctrlCtxP_export",
            "module.aci.module.aci_l3out.aci_rest_managed.rtctrlCtxP_import",
            "module.aci.module.aci_l3out.aci_rest_managed.rtctrlProfile_export",
            "module.aci.module.aci_l3out.aci_rest_managed.rtctrlProfile_import",
            "module.aci.module.aci_l3out.aci_rest_managed.rtctrlRsCtxPToSubjP_export",
            "module.aci.module.aci_l3out.aci_rest_managed.rtctrlRsCtxPToSubjP_import",
            "module.aci.module.aci_l3out.aci_rest_managed.rtctrlRsScopeToAttrP_export",
            "module.aci.module.aci_l3out.aci_rest_managed.rtctrlRsScopeToAttrP_import",
            "module.aci.module.aci_l3out.aci_rest_managed.rtctrlScope_export",
            "module.aci.module.aci_l3out.aci_rest_managed.rtctrlScope_import",
            "module.aci.module.aci_match_rule.aci_rest_managed.rtctrlMatchCommFactor",
            "module.aci.module.aci_match_rule.aci_rest_managed.rtctrlMatchCommRegexTerm",
            "module.aci.module.aci_match_rule.aci_rest_managed.rtctrlMatchCommTerm",
            "module.aci.module.aci_match_rule.aci_rest_managed.rtctrlMatchRtDest",
            "module.aci.module.aci_match_rule.aci_rest_managed.rtctrlSubjP",
            "module.aci.module.aci_ospf_interface_policy.aci_rest_managed.ospfIfPol",
            "module.aci.module.aci_set_rule.aci_rest_managed.rtctrlAttrP",
            "module.aci.module.aci_set_rule.aci_rest_managed.rtctrlSetASPath",
            "module.aci.module.aci_set_rule.aci_rest_managed.rtctrlSetASPathASN",
            "module.aci.module.aci_set_rule.aci_rest_managed.rtctrlSetAddComm",
            "module.aci.module.aci_set_rule.aci_rest_managed.rtctrlSetComm",
            "module.aci.module.aci_set_rule.aci_rest_managed.rtctrlSetDamp",
            "module.aci.module.aci_set_rule.aci_rest_managed.rtctrlSetNh",
            "module.aci.module.aci_set_rule.aci_rest_managed.rtctrlSetNhUnchanged",
            "module.aci.module.aci_set_rule.aci_rest_managed.rtctrlSetPref",
            "module.aci.module.aci_set_rule.aci_rest_managed.rtctrlSetRedistMultipath",
            "module.aci.module.aci_set_rule.aci_rest_managed.rtctrlSetRtMetric",
            "module.aci.module.aci_set_rule.aci_rest_managed.rtctrlSetRtMetricType",
            "module.aci.module.aci_set_rule.aci_rest_managed.rtctrlSetTag",
            "module.aci.module.aci_set_rule.aci_rest_managed.rtctrlSetWeight",
            "module.aci.module.aci_tenant.aci_rest_managed.fvTenant",
            "module.aci.module.aci_vlan_pool.aci_rest_managed.fvnsEncapBlk",
            "module.aci.module.aci_vlan_pool.aci_rest_managed.fvnsVlanInstP",
            "module.aci.module.aci_vmware_vmm_domain.aci_rest_managed.infraRsVlanNs",
            "module.aci.module.aci_vmware_vmm_domain.aci_rest_managed.lacpEnhancedLagPol",
            "module.aci.module.aci_vmware_vmm_domain.aci_rest_managed.vmmCtrlrP",
            "module.aci.module.aci_vmware_vmm_domain.aci_rest_managed.vmmDomP",
            "module.aci.module.aci_vmware_vmm_domain.aci_rest_managed.vmmRsAcc",
            "module.aci.module.aci_vmware_vmm_domain.aci_rest_managed.vmmRsMgmtEPg",
            "module.aci.module.aci_vmware_vmm_domain.aci_rest_managed.vmmRsVswitchOverrideCdpIfPol",
            "module.aci.module.aci_vmware_vmm_domain.aci_rest_managed.vmmRsVswitchOverrideLacpPol",
            "module.aci.module.aci_vmware_vmm_domain.aci_rest_managed.vmmRsVswitchOverrideLldpIfPol",
            "module.aci.module.aci_vmware_vmm_domain.aci_rest_managed.vmmRsVswitchOverrideMtuPol",
            "module.aci.module.aci_vmware_vmm_domain.aci_rest_managed.vmmUplinkP",
            "module.aci.module.aci_vmware_vmm_domain.aci_rest_managed.vmmUplinkPCont",
            "module.aci.module.aci_vmware_vmm_domain.aci_rest_managed.vmmUsrAccP",
            "module.aci.module.aci_vmware_vmm_domain.aci_rest_managed.vmmVSwitchPolicyCont",
            "module.aci.module.aci_vrf.aci_rest_managed.bgpRtTargetP_ipv4",
            "module.aci.module.aci_vrf.aci_rest_managed.bgpRtTargetP_ipv6",
            "module.aci.module.aci_vrf.aci_rest_managed.bgpRtTarget_ipv4_export",
            "module.aci.module.aci_vrf.aci_rest_managed.bgpRtTarget_ipv4_import",
            "module.aci.module.aci_vrf.aci_rest_managed.bgpRtTarget_ipv6_export",
            "module.aci.module.aci_vrf.aci_rest_managed.bgpRtTarget_ipv6_import",
            "module.aci.module.aci_vrf.aci_rest_managed.dnsLbl",
            "module.aci.module.aci_vrf.aci_rest_managed.fvCtx",
            "module.aci.module.aci_vrf.aci_rest_managed.fvRsBgpCtxPol",
            "module.aci.module.aci_vrf.aci_rest_managed.fvRsCtxToBgpCtxAfPol_ipv4",
            "module.aci.module.aci_vrf.aci_rest_managed.fvRsCtxToBgpCtxAfPol_ipv6",
            "module.aci.module.aci_vrf.aci_rest_managed.igmpCtxP",
            "module.aci.module.aci_vrf.aci_rest_managed.igmpSSMXlateP",
            "module.aci.module.aci_vrf.aci_rest_managed.leakExternalPrefix",
            "module.aci.module.aci_vrf.aci_rest_managed.leakInternalSubnet",
            "module.aci.module.aci_vrf.aci_rest_managed.leakRoutes",
            "module.aci.module.aci_vrf.aci_rest_managed.leakTo_external",
            "module.aci.module.aci_vrf.aci_rest_managed.leakTo_internal",
            "module.aci.module.aci_vrf.aci_rest_managed.pimASMPatPol",
            "module.aci.module.aci_vrf.aci_rest_managed.pimAutoRPPol",
            "module.aci.module.aci_vrf.aci_rest_managed.pimBSRFilterPol",
            "module.aci.module.aci_vrf.aci_rest_managed.pimBSRPPol",
            "module.aci.module.aci_vrf.aci_rest_managed.pimCtxP",
            "module.aci.module.aci_vrf.aci_rest_managed.pimFabricRPPol",
            "module.aci.module.aci_vrf.aci_rest_managed.pimInterVRFEntryPol",
            "module.aci.module.aci_vrf.aci_rest_managed.pimInterVRFPol",
            "module.aci.module.aci_vrf.aci_rest_managed.pimMAFilterPol",
            "module.aci.module.aci_vrf.aci_rest_managed.pimRPGrpRangePol_fabric_rp",
            "module.aci.module.aci_vrf.aci_rest_managed.pimRPGrpRangePol_static_rp",
            "module.aci.module.aci_vrf.aci_rest_managed.pimRegTrPol",
            "module.aci.module.aci_vrf.aci_rest_managed.pimResPol",
            "module.aci.module.aci_vrf.aci_rest_managed.pimSGRangeExpPol",
            "module.aci.module.aci_vrf.aci_rest_managed.pimSSMPatPol",
            "module.aci.module.aci_vrf.aci_rest_managed.pimSSMRangePol",
            "module.aci.module.aci_vrf.aci_rest_managed.pimSharedRangePol",
            "module.aci.module.aci_vrf.aci_rest_managed.pimStaticRPEntryPol_fabric_rp",
            "module.aci.module.aci_vrf.aci_rest_managed.pimStaticRPEntryPol_static_rp",
            "module.aci.module.aci_vrf.aci_rest_managed.pimStaticRPPol",
            "module.aci.module.aci_vrf.aci_rest_managed.rtdmcRsFilterToRtMapPol_asm_sg_expiry",
            "module.aci.module.aci_vrf.aci_rest_managed.rtdmcRsFilterToRtMapPol_asm_shared",
            "module.aci.module.aci_vrf.aci_rest_managed.rtdmcRsFilterToRtMapPol_auto_rp",
            "module.aci.module.aci_vrf.aci_rest_managed.rtdmcRsFilterToRtMapPol_bsr",
            "module.aci.module.aci_vrf.aci_rest_managed.rtdmcRsFilterToRtMapPol_fabric_rp",
            "module.aci.module.aci_vrf.aci_rest_managed.rtdmcRsFilterToRtMapPol_pim_inter_vrf",
            "module.aci.module.aci_vrf.aci_rest_managed.rtdmcRsFilterToRtMapPol_ssm_range",
            "module.aci.module.aci_vrf.aci_rest_managed.rtdmcRsFilterToRtMapPol_static_rp",
            "module.aci.module.aci_vrf.aci_rest_managed.vzAny",
            "module.aci.module.aci_vrf.aci_rest_managed.vzRsAnyToCons",
            "module.aci.module.aci_vrf.aci_rest_managed.vzRsAnyToConsIf",
            "module.aci.module.aci_vrf.aci_rest_managed.vzRsAnyToProv"
          ]
        }
      ]
    },
    {
      "module": "module.aci.module.aci_endpoint_security_group[\"adossant/epg-matched-esg/network-segments\"]",
      "mode": "managed",
      "type": "aci_rest_managed",
      "name": "fvESg",
      "provider": "provider[\"registry.terraform.io/ciscodevnet/aci\"]",
      "instances": [
        {
          "schema_version": 0,
          "attributes": {
            "child": [],
            "class_name": "fvESg",
            "content": {
              "descr": "",
              "exceptionTag": "",
              "floodOnEncap": "disabled",
              "matchT": "AtleastOne",
              "name": "network-segments",
              "nameAlias": "",
              "pcEnfPref": "unenforced",
              "prefGrMemb": "exclude",
              "prio": "unspecified",
              "shutdown": "no",
              "userdom": ":all:common:"
            },
            "dn": "uni/tn-adossant/ap-epg-matched-esg/esg-network-segments",
            "id": "uni/tn-adossant/ap-epg-matched-esg/esg-network-segments"
          },
          "sensitive_attributes": [],
          "private": "bnVsbA==",
          "dependencies": [
            "module.aci.data.utils_yaml_merge.defaults",
            "module.aci.data.utils_yaml_merge.model",
            "module.aci.module.aci_application_profile.aci_rest_managed.fvAp",
            "module.aci.module.aci_bfd_interface_policy.aci_rest_managed.bfdIfPol",
            "module.aci.module.aci_bgp_timer_policy.aci_rest_managed.bgpCtxPol",
            "module.aci.module.aci_bridge_domain.aci_rest_managed.dhcpLbl",
            "module.aci.module.aci_bridge_domain.aci_rest_managed.dhcpRsDhcpOptionPol",
            "module.aci.module.aci_bridge_domain.aci_rest_managed.fvBD",
            "module.aci.module.aci_bridge_domain.aci_rest_managed.fvRsBDToOut",
            "module.aci.module.aci_bridge_domain.aci_rest_managed.fvRsCtx",
            "module.aci.module.aci_bridge_domain.aci_rest_managed.fvRsIgmpsn",
            "module.aci.module.aci_bridge_domain.aci_rest_managed.fvSubnet",
            "module.aci.module.aci_bridge_domain.aci_rest_managed.igmpIfP",
            "module.aci.module.aci_bridge_domain.aci_rest_managed.igmpRsIfPol",
            "module.aci.module.aci_bridge_domain.aci_rest_managed.tagTag",
            "module.aci.module.aci_contract.aci_rest_managed.vzBrCP",
            "module.aci.module.aci_contract.aci_rest_managed.vzRsSubjFiltAtt",
            "module.aci.module.aci_contract.aci_rest_managed.vzRsSubjGraphAtt",
            "module.aci.module.aci_contract.aci_rest_managed.vzSubj",
            "module.aci.module.aci_dhcp_option_policy.aci_rest_managed.dhcpOption",
            "module.aci.module.aci_dhcp_option_policy.aci_rest_managed.dhcpOptionPol",
            "module.aci.module.aci_dhcp_relay_policy.aci_rest_managed.dhcpRelayP",
            "module.aci.module.aci_dhcp_relay_policy.aci_rest_managed.dhcpRsProv",
            "module.aci.module.aci_endpoint_group.aci_rest_managed.fvAEPg",
            "module.aci.module.aci_endpoint_group.aci_rest_managed.fvAEPgLagPolAtt",
            "module.aci.module.aci_endpoint_group.aci_rest_managed.fvCepNetCfgPol",
            "module.aci.module.aci_endpoint_group.aci_rest_managed.fvEpAnycast",
            "module.aci.module.aci_endpoint_group.aci_rest_managed.fvEpNlb",
            "module.aci.module.aci_endpoint_group.aci_rest_managed.fvEpReachability",
            "module.aci.module.aci_endpoint_group.aci_rest_managed.fvRsBd",
            "module.aci.module.aci_endpoint_group.aci_rest_managed.fvRsCons",
            "module.aci.module.aci_endpoint_group.aci_rest_managed.fvRsConsIf",
            "module.aci.module.aci_endpoint_group.aci_rest_managed.fvRsCustQosPol",
            "module.aci.module.aci_endpoint_group.aci_rest_managed.fvRsDomAtt",
            "module.aci.module.aci_endpoint_group.aci_rest_managed.fvRsDomAtt_vmm",
            "module.aci.module.aci_endpoint_group.aci_rest_managed.fvRsIntraEpg",
            "module.aci.module.aci_endpoint_group.aci_rest_managed.fvRsPathAtt_channel",
            "module.aci.module.aci_endpoint_group.aci_rest_managed.fvRsPathAtt_fex_channel",
            "module.aci.module.aci_endpoint_group.aci_rest_managed.fvRsPathAtt_fex_port",
            "module.aci.module.aci_endpoint_group.aci_rest_managed.fvRsPathAtt_port",
            "module.aci.module.aci_endpoint_group.aci_rest_managed.fvRsPathAtt_subport",
            "module.aci.module.aci_endpoint_group.aci_rest_managed.fvRsProv",
            "module.aci.module.aci_endpoint_group.aci_rest_managed.fvRsStCEpToPathEp_channel",
            "module.aci.module.aci_endpoint_group.aci_rest_managed.fvRsStCEpToPathEp_port",
            "module.aci.module.aci_endpoint_group.aci_rest_managed.fvRsTrustCtrl",
            "module.aci.module.aci_endpoint_group.aci_rest_managed.fvRsVmmVSwitchEnhancedLagPol",
            "module.aci.module.aci_endpoint_group.aci_rest_managed.fvStCEp",
            "module.aci.module.aci_endpoint_group.aci_rest_managed.fvStIp",
            "module.aci.module.aci_endpoint_group.aci_rest_managed.fvSubnet",
            "module.aci.module.aci_endpoint_group.aci_rest_managed.fvUplinkOrderCont",
            "module.aci.module.aci_endpoint_group.aci_rest_managed.fvVip",
            "module.aci.module.aci_endpoint_group.aci_rest_managed.fvnsUcastAddrBlk",
            "module.aci.module.aci_endpoint_group.aci_rest_managed.ipNexthopEpP",
            "module.aci.module.aci_endpoint_group.aci_rest_managed.tagInst",
            "module.aci.module.aci_endpoint_group.aci_rest_managed.vmmSecP",
            "module.aci.module.aci_endpoint_group.aci_rest_managed.vnsAddrInst",
            "module.aci.module.aci_filter.aci_rest_managed.vzEntry",
            "module.aci.module.aci_filter.aci_rest_managed.vzFilter",
            "module.aci.module.aci_imported_contract.aci_rest_managed.vzCPIf",
            "module.aci.module.aci_imported_contract.aci_rest_managed.vzRsIf",
            "module.aci.module.aci_l3out.aci_rest_managed.bgpExtP",
            "module.aci.module.aci_l3out.aci_rest_managed.l3extDefaultRouteLeakP",
            "module.aci.module.aci_l3out.aci_rest_managed.l3extOut",
            "module.aci.module.aci_l3out.aci_rest_managed.l3extRsDampeningPol_ipv4",
            "module.aci.module.aci_l3out.aci_rest_managed.l3extRsDampeningPol_ipv6",
            "module.aci.module.aci_l3out.aci_rest_managed.l3extRsEctx",
            "module.aci.module.aci_l3out.aci_rest_managed.l3extRsInterleakPol",
            "module.aci.module.aci_l3out.aci_rest_managed.l3extRsL3DomAtt",
            "module.aci.module.aci_l3out.aci_rest_managed.l3extRsRedistributePol",
            "module.aci.module.aci_l3out.aci_rest_managed.ospfExtP",
            "module.aci.module.aci_l3out.aci_rest_managed.pimExtP",
            "module.aci.module.aci_l3out.aci_rest_managed.rtctrlCtxP_export",
            "module.aci.module.aci_l3out.aci_rest_managed.rtctrlCtxP_import",
            "module.aci.module.aci_l3out.aci_rest_managed.rtctrlProfile_export",
            "module.aci.module.aci_l3out.aci_rest_managed.rtctrlProfile_import",
            "module.aci.module.aci_l3out.aci_rest_managed.rtctrlRsCtxPToSubjP_export",
            "module.aci.module.aci_l3out.aci_rest_managed.rtctrlRsCtxPToSubjP_import",
            "module.aci.module.aci_l3out.aci_rest_managed.rtctrlRsScopeToAttrP_export",
            "module.aci.module.aci_l3out.aci_rest_managed.rtctrlRsScopeToAttrP_import",
            "module.aci.module.aci_l3out.aci_rest_managed.rtctrlScope_export",
            "module.aci.module.aci_l3out.aci_rest_managed.rtctrlScope_import",
            "module.aci.module.aci_match_rule.aci_rest_managed.rtctrlMatchCommFactor",
            "module.aci.module.aci_match_rule.aci_rest_managed.rtctrlMatchCommRegexTerm",
            "module.aci.module.aci_match_rule.aci_rest_managed.rtctrlMatchCommTerm",
            "module.aci.module.aci_match_rule.aci_rest_managed.rtctrlMatchRtDest",
            "module.aci.module.aci_match_rule.aci_rest_managed.rtctrlSubjP",
            "module.aci.module.aci_ospf_interface_policy.aci_rest_managed.ospfIfPol",
            "module.aci.module.aci_set_rule.aci_rest_managed.rtctrlAttrP",
            "module.aci.module.aci_set_rule.aci_rest_managed.rtctrlSetASPath",
            "module.aci.module.aci_set_rule.aci_rest_managed.rtctrlSetASPathASN",
            "module.aci.module.aci_set_rule.aci_rest_managed.rtctrlSetAddComm",
            "module.aci.module.aci_set_rule.aci_rest_managed.rtctrlSetComm",
            "module.aci.module.aci_set_rule.aci_rest_managed.rtctrlSetDamp",
            "module.aci.module.aci_set_rule.aci_rest_managed.rtctrlSetNh",
            "module.aci.module.aci_set_rule.aci_rest_managed.rtctrlSetNhUnchanged",
            "module.aci.module.aci_set_rule.aci_rest_managed.rtctrlSetPref",
            "module.aci.module.aci_set_rule.aci_rest_managed.rtctrlSetRedistMultipath",
            "module.aci.module.aci_set_rule.aci_rest_managed.rtctrlSetRtMetric",
            "module.aci.module.aci_set_rule.aci_rest_managed.rtctrlSetRtMetricType",
            "module.aci.module.aci_set_rule.aci_rest_managed.rtctrlSetTag",
            "module.aci.module.aci_set_rule.aci_rest_managed.rtctrlSetWeight",
            "module.aci.module.aci_tenant.aci_rest_managed.fvTenant",
            "module.aci.module.aci_vlan_pool.aci_rest_managed.fvnsEncapBlk",
            "module.aci.module.aci_vlan_pool.aci_rest_managed.fvnsVlanInstP",
            "module.aci.module.aci_vmware_vmm_domain.aci_rest_managed.infraRsVlanNs",
            "module.aci.module.aci_vmware_vmm_domain.aci_rest_managed.lacpEnhancedLagPol",
            "module.aci.module.aci_vmware_vmm_domain.aci_rest_managed.vmmCtrlrP",
            "module.aci.module.aci_vmware_vmm_domain.aci_rest_managed.vmmDomP",
            "module.aci.module.aci_vmware_vmm_domain.aci_rest_managed.vmmRsAcc",
            "module.aci.module.aci_vmware_vmm_domain.aci_rest_managed.vmmRsMgmtEPg",
            "module.aci.module.aci_vmware_vmm_domain.aci_rest_managed.vmmRsVswitchOverrideCdpIfPol",
            "module.aci.module.aci_vmware_vmm_domain.aci_rest_managed.vmmRsVswitchOverrideLacpPol",
            "module.aci.module.aci_vmware_vmm_domain.aci_rest_managed.vmmRsVswitchOverrideLldpIfPol",
            "module.aci.module.aci_vmware_vmm_domain.aci_rest_managed.vmmRsVswitchOverrideMtuPol",
            "module.aci.module.aci_vmware_vmm_domain.aci_rest_managed.vmmUplinkP",
            "module.aci.module.aci_vmware_vmm_domain.aci_rest_managed.vmmUplinkPCont",
            "module.aci.module.aci_vmware_vmm_domain.aci_rest_managed.vmmUsrAccP",
            "module.aci.module.aci_vmware_vmm_domain.aci_rest_managed.vmmVSwitchPolicyCont",
            "module.aci.module.aci_vrf.aci_rest_managed.bgpRtTargetP_ipv4",
            "module.aci.module.aci_vrf.aci_rest_managed.bgpRtTargetP_ipv6",
            "module.aci.module.aci_vrf.aci_rest_managed.bgpRtTarget_ipv4_export",
            "module.aci.module.aci_vrf.aci_rest_managed.bgpRtTarget_ipv4_import",
            "module.aci.module.aci_vrf.aci_rest_managed.bgpRtTarget_ipv6_export",
            "module.aci.module.aci_vrf.aci_rest_managed.bgpRtTarget_ipv6_import",
            "module.aci.module.aci_vrf.aci_rest_managed.dnsLbl",
            "module.aci.module.aci_vrf.aci_rest_managed.fvCtx",
            "module.aci.module.aci_vrf.aci_rest_managed.fvRsBgpCtxPol",
            "module.aci.module.aci_vrf.aci_rest_managed.fvRsCtxToBgpCtxAfPol_ipv4",
            "module.aci.module.aci_vrf.aci_rest_managed.fvRsCtxToBgpCtxAfPol_ipv6",
            "module.aci.module.aci_vrf.aci_rest_managed.igmpCtxP",
            "module.aci.module.aci_vrf.aci_rest_managed.igmpSSMXlateP",
            "module.aci.module.aci_vrf.aci_rest_managed.leakExternalPrefix",
            "module.aci.module.aci_vrf.aci_rest_managed.leakInternalSubnet",
            "module.aci.module.aci_vrf.aci_rest_managed.leakRoutes",
            "module.aci.module.aci_vrf.aci_rest_managed.leakTo_external",
            "module.aci.module.aci_vrf.aci_rest_managed.leakTo_internal",
            "module.aci.module.aci_vrf.aci_rest_managed.pimASMPatPol",
            "module.aci.module.aci_vrf.aci_rest_managed.pimAutoRPPol",
            "module.aci.module.aci_vrf.aci_rest_managed.pimBSRFilterPol",
            "module.aci.module.aci_vrf.aci_rest_managed.pimBSRPPol",
            "module.aci.module.aci_vrf.aci_rest_managed.pimCtxP",
            "module.aci.module.aci_vrf.aci_rest_managed.pimFabricRPPol",
            "module.aci.module.aci_vrf.aci_rest_managed.pimInterVRFEntryPol",
            "module.aci.module.aci_vrf.aci_rest_managed.pimInterVRFPol",
            "module.aci.module.aci_vrf.aci_rest_managed.pimMAFilterPol",
            "module.aci.module.aci_vrf.aci_rest_managed.pimRPGrpRangePol_fabric_rp",
            "module.aci.module.aci_vrf.aci_rest_managed.pimRPGrpRangePol_static_rp",
            "module.aci.module.aci_vrf.aci_rest_managed.pimRegTrPol",
            "module.aci.module.aci_vrf.aci_rest_managed.pimResPol",
            "module.aci.module.aci_vrf.aci_rest_managed.pimSGRangeExpPol",
            "module.aci.module.aci_vrf.aci_rest_managed.pimSSMPatPol",
            "module.aci.module.aci_vrf.aci_rest_managed.pimSSMRangePol",
            "module.aci.module.aci_vrf.aci_rest_managed.pimSharedRangePol",
            "module.aci.module.aci_vrf.aci_rest_managed.pimStaticRPEntryPol_fabric_rp",
            "module.aci.module.aci_vrf.aci_rest_managed.pimStaticRPEntryPol_static_rp",
            "module.aci.module.aci_vrf.aci_rest_managed.pimStaticRPPol",
            "module.aci.module.aci_vrf.aci_rest_managed.rtdmcRsFilterToRtMapPol_asm_sg_expiry",
            "module.aci.module.aci_vrf.aci_rest_managed.rtdmcRsFilterToRtMapPol_asm_shared",
            "module.aci.module.aci_vrf.aci_rest_managed.rtdmcRsFilterToRtMapPol_auto_rp",
            "module.aci.module.aci_vrf.aci_rest_managed.rtdmcRsFilterToRtMapPol_bsr",
            "module.aci.module.aci_vrf.aci_rest_managed.rtdmcRsFilterToRtMapPol_fabric_rp",
            "module.aci.module.aci_vrf.aci_rest_managed.rtdmcRsFilterToRtMapPol_pim_inter_vrf",
            "module.aci.module.aci_vrf.aci_rest_managed.rtdmcRsFilterToRtMapPol_ssm_range",
            "module.aci.module.aci_vrf.aci_rest_managed.rtdmcRsFilterToRtMapPol_static_rp",
            "module.aci.module.aci_vrf.aci_rest_managed.vzAny",
            "module.aci.module.aci_vrf.aci_rest_managed.vzRsAnyToCons",
            "module.aci.module.aci_vrf.aci_rest_managed.vzRsAnyToConsIf",
            "module.aci.module.aci_vrf.aci_rest_managed.vzRsAnyToProv"
          ]
        }
      ]
    },
    {
      "module": "module.aci.module.aci_endpoint_security_group[\"adossant/epg-matched-esg/network-segments\"]",
      "mode": "managed",
      "type": "aci_rest_managed",
      "name": "fvRsScope",
      "provider": "provider[\"registry.terraform.io/ciscodevnet/aci\"]",
      "instances": [
        {
          "schema_version": 0,
          "attributes": {
            "child": [],
            "class_name": "fvRsScope",
            "content": {
              "tnFvCtxName": "vrf-01",
              "userdom": "all"
            },
            "dn": "uni/tn-adossant/ap-epg-matched-esg/esg-network-segments/rsscope",
            "id": "uni/tn-adossant/ap-epg-matched-esg/esg-network-segments/rsscope"
          },
          "sensitive_attributes": [],
          "private": "bnVsbA==",
          "dependencies": [
            "module.aci.data.utils_yaml_merge.defaults",
            "module.aci.data.utils_yaml_merge.model",
            "module.aci.module.aci_application_profile.aci_rest_managed.fvAp",
            "module.aci.module.aci_bfd_interface_policy.aci_rest_managed.bfdIfPol",
            "module.aci.module.aci_bgp_timer_policy.aci_rest_managed.bgpCtxPol",
            "module.aci.module.aci_bridge_domain.aci_rest_managed.dhcpLbl",
            "module.aci.module.aci_bridge_domain.aci_rest_managed.dhcpRsDhcpOptionPol",
            "module.aci.module.aci_bridge_domain.aci_rest_managed.fvBD",
            "module.aci.module.aci_bridge_domain.aci_rest_managed.fvRsBDToOut",
            "module.aci.module.aci_bridge_domain.aci_rest_managed.fvRsCtx",
            "module.aci.module.aci_bridge_domain.aci_rest_managed.fvRsIgmpsn",
            "module.aci.module.aci_bridge_domain.aci_rest_managed.fvSubnet",
            "module.aci.module.aci_bridge_domain.aci_rest_managed.igmpIfP",
            "module.aci.module.aci_bridge_domain.aci_rest_managed.igmpRsIfPol",
            "module.aci.module.aci_bridge_domain.aci_rest_managed.tagTag",
            "module.aci.module.aci_contract.aci_rest_managed.vzBrCP",
            "module.aci.module.aci_contract.aci_rest_managed.vzRsSubjFiltAtt",
            "module.aci.module.aci_contract.aci_rest_managed.vzRsSubjGraphAtt",
            "module.aci.module.aci_contract.aci_rest_managed.vzSubj",
            "module.aci.module.aci_dhcp_option_policy.aci_rest_managed.dhcpOption",
            "module.aci.module.aci_dhcp_option_policy.aci_rest_managed.dhcpOptionPol",
            "module.aci.module.aci_dhcp_relay_policy.aci_rest_managed.dhcpRelayP",
            "module.aci.module.aci_dhcp_relay_policy.aci_rest_managed.dhcpRsProv",
            "module.aci.module.aci_endpoint_group.aci_rest_managed.fvAEPg",
            "module.aci.module.aci_endpoint_group.aci_rest_managed.fvAEPgLagPolAtt",
            "module.aci.module.aci_endpoint_group.aci_rest_managed.fvCepNetCfgPol",
            "module.aci.module.aci_endpoint_group.aci_rest_managed.fvEpAnycast",
            "module.aci.module.aci_endpoint_group.aci_rest_managed.fvEpNlb",
            "module.aci.module.aci_endpoint_group.aci_rest_managed.fvEpReachability",
            "module.aci.module.aci_endpoint_group.aci_rest_managed.fvRsBd",
            "module.aci.module.aci_endpoint_group.aci_rest_managed.fvRsCons",
            "module.aci.module.aci_endpoint_group.aci_rest_managed.fvRsConsIf",
            "module.aci.module.aci_endpoint_group.aci_rest_managed.fvRsCustQosPol",
            "module.aci.module.aci_endpoint_group.aci_rest_managed.fvRsDomAtt",
            "module.aci.module.aci_endpoint_group.aci_rest_managed.fvRsDomAtt_vmm",
            "module.aci.module.aci_endpoint_group.aci_rest_managed.fvRsIntraEpg",
            "module.aci.module.aci_endpoint_group.aci_rest_managed.fvRsPathAtt_channel",
            "module.aci.module.aci_endpoint_group.aci_rest_managed.fvRsPathAtt_fex_channel",
            "module.aci.module.aci_endpoint_group.aci_rest_managed.fvRsPathAtt_fex_port",
            "module.aci.module.aci_endpoint_group.aci_rest_managed.fvRsPathAtt_port",
            "module.aci.module.aci_endpoint_group.aci_rest_managed.fvRsPathAtt_subport",
            "module.aci.module.aci_endpoint_group.aci_rest_managed.fvRsProv",
            "module.aci.module.aci_endpoint_group.aci_rest_managed.fvRsStCEpToPathEp_channel",
            "module.aci.module.aci_endpoint_group.aci_rest_managed.fvRsStCEpToPathEp_port",
            "module.aci.module.aci_endpoint_group.aci_rest_managed.fvRsTrustCtrl",
            "module.aci.module.aci_endpoint_group.aci_rest_managed.fvRsVmmVSwitchEnhancedLagPol",
            "module.aci.module.aci_endpoint_group.aci_rest_managed.fvStCEp",
            "module.aci.module.aci_endpoint_group.aci_rest_managed.fvStIp",
            "module.aci.module.aci_endpoint_group.aci_rest_managed.fvSubnet",
            "module.aci.module.aci_endpoint_group.aci_rest_managed.fvUplinkOrderCont",
            "module.aci.module.aci_endpoint_group.aci_rest_managed.fvVip",
            "module.aci.module.aci_endpoint_group.aci_rest_managed.fvnsUcastAddrBlk",
            "module.aci.module.aci_endpoint_group.aci_rest_managed.ipNexthopEpP",
            "module.aci.module.aci_endpoint_group.aci_rest_managed.tagInst",
            "module.aci.module.aci_endpoint_group.aci_rest_managed.vmmSecP",
            "module.aci.module.aci_endpoint_group.aci_rest_managed.vnsAddrInst",
            "module.aci.module.aci_endpoint_security_group.aci_rest_managed.fvESg",
            "module.aci.module.aci_filter.aci_rest_managed.vzEntry",
            "module.aci.module.aci_filter.aci_rest_managed.vzFilter",
            "module.aci.module.aci_imported_contract.aci_rest_managed.vzCPIf",
            "module.aci.module.aci_imported_contract.aci_rest_managed.vzRsIf",
            "module.aci.module.aci_l3out.aci_rest_managed.bgpExtP",
            "module.aci.module.aci_l3out.aci_rest_managed.l3extDefaultRouteLeakP",
            "module.aci.module.aci_l3out.aci_rest_managed.l3extOut",
            "module.aci.module.aci_l3out.aci_rest_managed.l3extRsDampeningPol_ipv4",
            "module.aci.module.aci_l3out.aci_rest_managed.l3extRsDampeningPol_ipv6",
            "module.aci.module.aci_l3out.aci_rest_managed.l3extRsEctx",
            "module.aci.module.aci_l3out.aci_rest_managed.l3extRsInterleakPol",
            "module.aci.module.aci_l3out.aci_rest_managed.l3extRsL3DomAtt",
            "module.aci.module.aci_l3out.aci_rest_managed.l3extRsRedistributePol",
            "module.aci.module.aci_l3out.aci_rest_managed.ospfExtP",
            "module.aci.module.aci_l3out.aci_rest_managed.pimExtP",
            "module.aci.module.aci_l3out.aci_rest_managed.rtctrlCtxP_export",
            "module.aci.module.aci_l3out.aci_rest_managed.rtctrlCtxP_import",
            "module.aci.module.aci_l3out.aci_rest_managed.rtctrlProfile_export",
            "module.aci.module.aci_l3out.aci_rest_managed.rtctrlProfile_import",
            "module.aci.module.aci_l3out.aci_rest_managed.rtctrlRsCtxPToSubjP_export",
            "module.aci.module.aci_l3out.aci_rest_managed.rtctrlRsCtxPToSubjP_import",
            "module.aci.module.aci_l3out.aci_rest_managed.rtctrlRsScopeToAttrP_export",
            "module.aci.module.aci_l3out.aci_rest_managed.rtctrlRsScopeToAttrP_import",
            "module.aci.module.aci_l3out.aci_rest_managed.rtctrlScope_export",
            "module.aci.module.aci_l3out.aci_rest_managed.rtctrlScope_import",
            "module.aci.module.aci_match_rule.aci_rest_managed.rtctrlMatchCommFactor",
            "module.aci.module.aci_match_rule.aci_rest_managed.rtctrlMatchCommRegexTerm",
            "module.aci.module.aci_match_rule.aci_rest_managed.rtctrlMatchCommTerm",
            "module.aci.module.aci_match_rule.aci_rest_managed.rtctrlMatchRtDest",
            "module.aci.module.aci_match_rule.aci_rest_managed.rtctrlSubjP",
            "module.aci.module.aci_ospf_interface_policy.aci_rest_managed.ospfIfPol",
            "module.aci.module.aci_set_rule.aci_rest_managed.rtctrlAttrP",
            "module.aci.module.aci_set_rule.aci_rest_managed.rtctrlSetASPath",
            "module.aci.module.aci_set_rule.aci_rest_managed.rtctrlSetASPathASN",
            "module.aci.module.aci_set_rule.aci_rest_managed.rtctrlSetAddComm",
            "module.aci.module.aci_set_rule.aci_rest_managed.rtctrlSetComm",
            "module.aci.module.aci_set_rule.aci_rest_managed.rtctrlSetDamp",
            "module.aci.module.aci_set_rule.aci_rest_managed.rtctrlSetNh",
            "module.aci.module.aci_set_rule.aci_rest_managed.rtctrlSetNhUnchanged",
            "module.aci.module.aci_set_rule.aci_rest_managed.rtctrlSetPref",
            "module.aci.module.aci_set_rule.aci_rest_managed.rtctrlSetRedistMultipath",
            "module.aci.module.aci_set_rule.aci_rest_managed.rtctrlSetRtMetric",
            "module.aci.module.aci_set_rule.aci_rest_managed.rtctrlSetRtMetricType",
            "module.aci.module.aci_set_rule.aci_rest_managed.rtctrlSetTag",
            "module.aci.module.aci_set_rule.aci_rest_managed.rtctrlSetWeight",
            "module.aci.module.aci_tenant.aci_rest_managed.fvTenant",
            "module.aci.module.aci_vlan_pool.aci_rest_managed.fvnsEncapBlk",
            "module.aci.module.aci_vlan_pool.aci_rest_managed.fvnsVlanInstP",
            "module.aci.module.aci_vmware_vmm_domain.aci_rest_managed.infraRsVlanNs",
            "module.aci.module.aci_vmware_vmm_domain.aci_rest_managed.lacpEnhancedLagPol",
            "module.aci.module.aci_vmware_vmm_domain.aci_rest_managed.vmmCtrlrP",
            "module.aci.module.aci_vmware_vmm_domain.aci_rest_managed.vmmDomP",
            "module.aci.module.aci_vmware_vmm_domain.aci_rest_managed.vmmRsAcc",
            "module.aci.module.aci_vmware_vmm_domain.aci_rest_managed.vmmRsMgmtEPg",
            "module.aci.module.aci_vmware_vmm_domain.aci_rest_managed.vmmRsVswitchOverrideCdpIfPol",
            "module.aci.module.aci_vmware_vmm_domain.aci_rest_managed.vmmRsVswitchOverrideLacpPol",
            "module.aci.module.aci_vmware_vmm_domain.aci_rest_managed.vmmRsVswitchOverrideLldpIfPol",
            "module.aci.module.aci_vmware_vmm_domain.aci_rest_managed.vmmRsVswitchOverrideMtuPol",
            "module.aci.module.aci_vmware_vmm_domain.aci_rest_managed.vmmUplinkP",
            "module.aci.module.aci_vmware_vmm_domain.aci_rest_managed.vmmUplinkPCont",
            "module.aci.module.aci_vmware_vmm_domain.aci_rest_managed.vmmUsrAccP",
            "module.aci.module.aci_vmware_vmm_domain.aci_rest_managed.vmmVSwitchPolicyCont",
            "module.aci.module.aci_vrf.aci_rest_managed.bgpRtTargetP_ipv4",
            "module.aci.module.aci_vrf.aci_rest_managed.bgpRtTargetP_ipv6",
            "module.aci.module.aci_vrf.aci_rest_managed.bgpRtTarget_ipv4_export",
            "module.aci.module.aci_vrf.aci_rest_managed.bgpRtTarget_ipv4_import",
            "module.aci.module.aci_vrf.aci_rest_managed.bgpRtTarget_ipv6_export",
            "module.aci.module.aci_vrf.aci_rest_managed.bgpRtTarget_ipv6_import",
            "module.aci.module.aci_vrf.aci_rest_managed.dnsLbl",
            "module.aci.module.aci_vrf.aci_rest_managed.fvCtx",
            "module.aci.module.aci_vrf.aci_rest_managed.fvRsBgpCtxPol",
            "module.aci.module.aci_vrf.aci_rest_managed.fvRsCtxToBgpCtxAfPol_ipv4",
            "module.aci.module.aci_vrf.aci_rest_managed.fvRsCtxToBgpCtxAfPol_ipv6",
            "module.aci.module.aci_vrf.aci_rest_managed.igmpCtxP",
            "module.aci.module.aci_vrf.aci_rest_managed.igmpSSMXlateP",
            "module.aci.module.aci_vrf.aci_rest_managed.leakExternalPrefix",
            "module.aci.module.aci_vrf.aci_rest_managed.leakInternalSubnet",
            "module.aci.module.aci_vrf.aci_rest_managed.leakRoutes",
            "module.aci.module.aci_vrf.aci_rest_managed.leakTo_external",
            "module.aci.module.aci_vrf.aci_rest_managed.leakTo_internal",
            "module.aci.module.aci_vrf.aci_rest_managed.pimASMPatPol",
            "module.aci.module.aci_vrf.aci_rest_managed.pimAutoRPPol",
            "module.aci.module.aci_vrf.aci_rest_managed.pimBSRFilterPol",
            "module.aci.module.aci_vrf.aci_rest_managed.pimBSRPPol",
            "module.aci.module.aci_vrf.aci_rest_managed.pimCtxP",
            "module.aci.module.aci_vrf.aci_rest_managed.pimFabricRPPol",
            "module.aci.module.aci_vrf.aci_rest_managed.pimInterVRFEntryPol",
            "module.aci.module.aci_vrf.aci_rest_managed.pimInterVRFPol",
            "module.aci.module.aci_vrf.aci_rest_managed.pimMAFilterPol",
            "module.aci.module.aci_vrf.aci_rest_managed.pimRPGrpRangePol_fabric_rp",
            "module.aci.module.aci_vrf.aci_rest_managed.pimRPGrpRangePol_static_rp",
            "module.aci.module.aci_vrf.aci_rest_managed.pimRegTrPol",
            "module.aci.module.aci_vrf.aci_rest_managed.pimResPol",
            "module.aci.module.aci_vrf.aci_rest_managed.pimSGRangeExpPol",
            "module.aci.module.aci_vrf.aci_rest_managed.pimSSMPatPol",
            "module.aci.module.aci_vrf.aci_rest_managed.pimSSMRangePol",
            "module.aci.module.aci_vrf.aci_rest_managed.pimSharedRangePol",
            "module.aci.module.aci_vrf.aci_rest_managed.pimStaticRPEntryPol_fabric_rp",
            "module.aci.module.aci_vrf.aci_rest_managed.pimStaticRPEntryPol_static_rp",
            "module.aci.module.aci_vrf.aci_rest_managed.pimStaticRPPol",
            "module.aci.module.aci_vrf.aci_rest_managed.rtdmcRsFilterToRtMapPol_asm_sg_expiry",
            "module.aci.module.aci_vrf.aci_rest_managed.rtdmcRsFilterToRtMapPol_asm_shared",
            "module.aci.module.aci_vrf.aci_rest_managed.rtdmcRsFilterToRtMapPol_auto_rp",
            "module.aci.module.aci_vrf.aci_rest_managed.rtdmcRsFilterToRtMapPol_bsr",
            "module.aci.module.aci_vrf.aci_rest_managed.rtdmcRsFilterToRtMapPol_fabric_rp",
            "module.aci.module.aci_vrf.aci_rest_managed.rtdmcRsFilterToRtMapPol_pim_inter_vrf",
            "module.aci.module.aci_vrf.aci_rest_managed.rtdmcRsFilterToRtMapPol_ssm_range",
            "module.aci.module.aci_vrf.aci_rest_managed.rtdmcRsFilterToRtMapPol_static_rp",
            "module.aci.module.aci_vrf.aci_rest_managed.vzAny",
            "module.aci.module.aci_vrf.aci_rest_managed.vzRsAnyToCons",
            "module.aci.module.aci_vrf.aci_rest_managed.vzRsAnyToConsIf",
            "module.aci.module.aci_vrf.aci_rest_managed.vzRsAnyToProv"
          ]
        }
      ]
    },
    {
      "module": "module.aci.module.aci_filter[\"adossant/icmp\"]",
      "mode": "managed",
      "type": "aci_rest_managed",
      "name": "vzEntry",
      "provider": "provider[\"registry.terraform.io/ciscodevnet/aci\"]",
      "instances": [
        {
          "index_key": "icmp",
          "schema_version": 0,
          "attributes": {
            "child": [],
            "class_name": "vzEntry",
            "content": {
              "applyToFrag": "no",
              "arpOpc": "unspecified",
              "dFromPort": "unspecified",
              "dToPort": "unspecified",
              "descr": "",
              "etherT": "ip",
              "icmpv4T": "unspecified",
              "icmpv6T": "unspecified",
              "matchDscp": "unspecified",
              "name": "icmp",
              "nameAlias": "",
              "prot": "unspecified",
              "sFromPort": "unspecified",
              "sToPort": "unspecified",
              "stateful": "no",
              "tcpRules": "",
              "userdom": ":all:common:"
            },
            "dn": "uni/tn-adossant/flt-icmp/e-icmp",
            "id": "uni/tn-adossant/flt-icmp/e-icmp"
          },
          "sensitive_attributes": [],
          "private": "bnVsbA==",
          "dependencies": [
            "module.aci.data.utils_yaml_merge.defaults",
            "module.aci.data.utils_yaml_merge.model",
            "module.aci.module.aci_filter.aci_rest_managed.vzFilter",
            "module.aci.module.aci_tenant.aci_rest_managed.fvTenant"
          ]
        }
      ]
    },
    {
      "module": "module.aci.module.aci_filter[\"adossant/icmp\"]",
      "mode": "managed",
      "type": "aci_rest_managed",
      "name": "vzFilter",
      "provider": "provider[\"registry.terraform.io/ciscodevnet/aci\"]",
      "instances": [
        {
          "schema_version": 0,
          "attributes": {
            "child": [],
            "class_name": "vzFilter",
            "content": {
              "descr": "",
              "name": "icmp",
              "nameAlias": "",
              "ownerKey": "",
              "ownerTag": "",
              "userdom": ":all:common:"
            },
            "dn": "uni/tn-adossant/flt-icmp",
            "id": "uni/tn-adossant/flt-icmp"
          },
          "sensitive_attributes": [],
          "private": "bnVsbA==",
          "dependencies": [
            "module.aci.data.utils_yaml_merge.defaults",
            "module.aci.data.utils_yaml_merge.model",
            "module.aci.module.aci_tenant.aci_rest_managed.fvTenant"
          ]
        }
      ]
    },
    {
      "module": "module.aci.module.aci_filter[\"adossant/permit-any\"]",
      "mode": "managed",
      "type": "aci_rest_managed",
      "name": "vzEntry",
      "provider": "provider[\"registry.terraform.io/ciscodevnet/aci\"]",
      "instances": [
        {
          "index_key": "permit-any",
          "schema_version": 0,
          "attributes": {
            "child": [],
            "class_name": "vzEntry",
            "content": {
              "applyToFrag": "no",
              "arpOpc": "unspecified",
              "dFromPort": "unspecified",
              "dToPort": "unspecified",
              "descr": "",
              "etherT": "unspecified",
              "icmpv4T": "unspecified",
              "icmpv6T": "unspecified",
              "matchDscp": "unspecified",
              "name": "permit-any",
              "nameAlias": "",
              "prot": "unspecified",
              "sFromPort": "unspecified",
              "sToPort": "unspecified",
              "stateful": "no",
              "tcpRules": "",
              "userdom": ":all:common:"
            },
            "dn": "uni/tn-adossant/flt-permit-any/e-permit-any",
            "id": "uni/tn-adossant/flt-permit-any/e-permit-any"
          },
          "sensitive_attributes": [],
          "private": "bnVsbA==",
          "dependencies": [
            "module.aci.data.utils_yaml_merge.defaults",
            "module.aci.data.utils_yaml_merge.model",
            "module.aci.module.aci_filter.aci_rest_managed.vzFilter",
            "module.aci.module.aci_tenant.aci_rest_managed.fvTenant"
          ]
        }
      ]
    },
    {
      "module": "module.aci.module.aci_filter[\"adossant/permit-any\"]",
      "mode": "managed",
      "type": "aci_rest_managed",
      "name": "vzFilter",
      "provider": "provider[\"registry.terraform.io/ciscodevnet/aci\"]",
      "instances": [
        {
          "schema_version": 0,
          "attributes": {
            "child": [],
            "class_name": "vzFilter",
            "content": {
              "descr": "",
              "name": "permit-any",
              "nameAlias": "",
              "ownerKey": "",
              "ownerTag": "",
              "userdom": ":all:common:"
            },
            "dn": "uni/tn-adossant/flt-permit-any",
            "id": "uni/tn-adossant/flt-permit-any"
          },
          "sensitive_attributes": [],
          "private": "bnVsbA==",
          "dependencies": [
            "module.aci.data.utils_yaml_merge.defaults",
            "module.aci.data.utils_yaml_merge.model",
            "module.aci.module.aci_tenant.aci_rest_managed.fvTenant"
          ]
        }
      ]
    },
    {
      "module": "module.aci.module.aci_imported_contract[\"adossant/permit-from-core-services\"]",
      "mode": "managed",
      "type": "aci_rest_managed",
      "name": "vzCPIf",
      "provider": "provider[\"registry.terraform.io/ciscodevnet/aci\"]",
      "instances": [
        {
          "schema_version": 0,
          "attributes": {
            "child": [],
            "class_name": "vzCPIf",
            "content": {
              "descr": "",
              "name": "permit-from-core-services",
              "nameAlias": "",
              "ownerKey": "",
              "ownerTag": "",
              "userdom": ":all:common:"
            },
            "dn": "uni/tn-adossant/cif-permit-from-core-services",
            "id": "uni/tn-adossant/cif-permit-from-core-services"
          },
          "sensitive_attributes": [],
          "private": "bnVsbA==",
          "dependencies": [
            "module.aci.data.utils_yaml_merge.defaults",
            "module.aci.data.utils_yaml_merge.model",
            "module.aci.module.aci_tenant.aci_rest_managed.fvTenant"
          ]
        }
      ]
    },
    {
      "module": "module.aci.module.aci_imported_contract[\"adossant/permit-from-core-services\"]",
      "mode": "managed",
      "type": "aci_rest_managed",
      "name": "vzRsIf",
      "provider": "provider[\"registry.terraform.io/ciscodevnet/aci\"]",
      "instances": [
        {
          "schema_version": 0,
          "attributes": {
            "child": [],
            "class_name": "vzRsIf",
            "content": {
              "intent": "install",
              "prio": "unspecified",
              "tDn": "uni/tn-shared-services/brc-permit-from-core-services",
              "userdom": ":all:common:"
            },
            "dn": "uni/tn-adossant/cif-permit-from-core-services/rsif",
            "id": "uni/tn-adossant/cif-permit-from-core-services/rsif"
          },
          "sensitive_attributes": [],
          "private": "bnVsbA==",
          "dependencies": [
            "module.aci.data.utils_yaml_merge.defaults",
            "module.aci.data.utils_yaml_merge.model",
            "module.aci.module.aci_imported_contract.aci_rest_managed.vzCPIf",
            "module.aci.module.aci_tenant.aci_rest_managed.fvTenant"
          ]
        }
      ]
    },
    {
      "module": "module.aci.module.aci_imported_contract[\"adossant/permit-from-lab-desktops\"]",
      "mode": "managed",
      "type": "aci_rest_managed",
      "name": "vzCPIf",
      "provider": "provider[\"registry.terraform.io/ciscodevnet/aci\"]",
      "instances": [
        {
          "schema_version": 0,
          "attributes": {
            "child": [],
            "class_name": "vzCPIf",
            "content": {
              "descr": "",
              "name": "permit-from-lab-desktops",
              "nameAlias": "",
              "ownerKey": "",
              "ownerTag": "",
              "userdom": ":all:common:"
            },
            "dn": "uni/tn-adossant/cif-permit-from-lab-desktops",
            "id": "uni/tn-adossant/cif-permit-from-lab-desktops"
          },
          "sensitive_attributes": [],
          "private": "bnVsbA==",
          "dependencies": [
            "module.aci.data.utils_yaml_merge.defaults",
            "module.aci.data.utils_yaml_merge.model",
            "module.aci.module.aci_tenant.aci_rest_managed.fvTenant"
          ]
        }
      ]
    },
    {
      "module": "module.aci.module.aci_imported_contract[\"adossant/permit-from-lab-desktops\"]",
      "mode": "managed",
      "type": "aci_rest_managed",
      "name": "vzRsIf",
      "provider": "provider[\"registry.terraform.io/ciscodevnet/aci\"]",
      "instances": [
        {
          "schema_version": 0,
          "attributes": {
            "child": [],
            "class_name": "vzRsIf",
            "content": {
              "intent": "install",
              "prio": "unspecified",
              "tDn": "uni/tn-shared-services/brc-permit-from-lab-desktops",
              "userdom": ":all:common:"
            },
            "dn": "uni/tn-adossant/cif-permit-from-lab-desktops/rsif",
            "id": "uni/tn-adossant/cif-permit-from-lab-desktops/rsif"
          },
          "sensitive_attributes": [],
          "private": "bnVsbA==",
          "dependencies": [
            "module.aci.data.utils_yaml_merge.defaults",
            "module.aci.data.utils_yaml_merge.model",
            "module.aci.module.aci_imported_contract.aci_rest_managed.vzCPIf",
            "module.aci.module.aci_tenant.aci_rest_managed.fvTenant"
          ]
        }
      ]
    },
    {
      "module": "module.aci.module.aci_imported_contract[\"adossant/permit-to-core-services\"]",
      "mode": "managed",
      "type": "aci_rest_managed",
      "name": "vzCPIf",
      "provider": "provider[\"registry.terraform.io/ciscodevnet/aci\"]",
      "instances": [
        {
          "schema_version": 0,
          "attributes": {
            "child": [],
            "class_name": "vzCPIf",
            "content": {
              "descr": "",
              "name": "permit-to-core-services",
              "nameAlias": "",
              "ownerKey": "",
              "ownerTag": "",
              "userdom": ":all:common:"
            },
            "dn": "uni/tn-adossant/cif-permit-to-core-services",
            "id": "uni/tn-adossant/cif-permit-to-core-services"
          },
          "sensitive_attributes": [],
          "private": "bnVsbA==",
          "dependencies": [
            "module.aci.data.utils_yaml_merge.defaults",
            "module.aci.data.utils_yaml_merge.model",
            "module.aci.module.aci_tenant.aci_rest_managed.fvTenant"
          ]
        }
      ]
    },
    {
      "module": "module.aci.module.aci_imported_contract[\"adossant/permit-to-core-services\"]",
      "mode": "managed",
      "type": "aci_rest_managed",
      "name": "vzRsIf",
      "provider": "provider[\"registry.terraform.io/ciscodevnet/aci\"]",
      "instances": [
        {
          "schema_version": 0,
          "attributes": {
            "child": [],
            "class_name": "vzRsIf",
            "content": {
              "intent": "install",
              "prio": "unspecified",
              "tDn": "uni/tn-shared-services/brc-permit-to-core-services",
              "userdom": ":all:common:"
            },
            "dn": "uni/tn-adossant/cif-permit-to-core-services/rsif",
            "id": "uni/tn-adossant/cif-permit-to-core-services/rsif"
          },
          "sensitive_attributes": [],
          "private": "bnVsbA==",
          "dependencies": [
            "module.aci.data.utils_yaml_merge.defaults",
            "module.aci.data.utils_yaml_merge.model",
            "module.aci.module.aci_imported_contract.aci_rest_managed.vzCPIf",
            "module.aci.module.aci_tenant.aci_rest_managed.fvTenant"
          ]
        }
      ]
    },
    {
      "module": "module.aci.module.aci_tenant[\"adossant\"]",
      "mode": "managed",
      "type": "aci_rest_managed",
      "name": "fvTenant",
      "provider": "provider[\"registry.terraform.io/ciscodevnet/aci\"]",
      "instances": [
        {
          "schema_version": 0,
          "attributes": {
            "child": [],
            "class_name": "fvTenant",
            "content": {
              "descr": "Routable IP range 192.168.70-75.x",
              "name": "adossant",
              "nameAlias": "",
              "ownerKey": "",
              "ownerTag": "",
              "userdom": ":all:common:"
            },
            "dn": "uni/tn-adossant",
            "id": "uni/tn-adossant"
          },
          "sensitive_attributes": [],
          "private": "bnVsbA==",
          "dependencies": [
            "module.aci.data.utils_yaml_merge.defaults",
            "module.aci.data.utils_yaml_merge.model"
          ]
        }
      ]
    },
    {
      "module": "module.aci.module.aci_vrf[\"adossant/vrf-01\"]",
      "mode": "managed",
      "type": "aci_rest_managed",
      "name": "fvCtx",
      "provider": "provider[\"registry.terraform.io/ciscodevnet/aci\"]",
      "instances": [
        {
          "schema_version": 0,
          "attributes": {
            "child": [],
            "class_name": "fvCtx",
            "content": {
              "bdEnforcedEnable": "no",
              "descr": "",
              "ipDataPlaneLearning": "enabled",
              "knwMcastAct": "permit",
              "name": "vrf-01",
              "nameAlias": "",
              "ownerKey": "",
              "ownerTag": "",
              "pcEnfDir": "ingress",
              "pcEnfPref": "enforced",
              "userdom": ":all:common:",
              "vrfIndex": "0"
            },
            "dn": "uni/tn-adossant/ctx-vrf-01",
            "id": "uni/tn-adossant/ctx-vrf-01"
          },
          "sensitive_attributes": [],
          "private": "bnVsbA==",
          "dependencies": [
            "module.aci.data.utils_yaml_merge.defaults",
            "module.aci.data.utils_yaml_merge.model",
            "module.aci.module.aci_bgp_timer_policy.aci_rest_managed.bgpCtxPol",
            "module.aci.module.aci_contract.aci_rest_managed.vzBrCP",
            "module.aci.module.aci_contract.aci_rest_managed.vzRsSubjFiltAtt",
            "module.aci.module.aci_contract.aci_rest_managed.vzRsSubjGraphAtt",
            "module.aci.module.aci_contract.aci_rest_managed.vzSubj",
            "module.aci.module.aci_filter.aci_rest_managed.vzEntry",
            "module.aci.module.aci_filter.aci_rest_managed.vzFilter",
            "module.aci.module.aci_imported_contract.aci_rest_managed.vzCPIf",
            "module.aci.module.aci_imported_contract.aci_rest_managed.vzRsIf",
            "module.aci.module.aci_tenant.aci_rest_managed.fvTenant"
          ]
        }
      ]
    },
    {
      "module": "module.aci.module.aci_vrf[\"adossant/vrf-01\"]",
      "mode": "managed",
      "type": "aci_rest_managed",
      "name": "fvRsBgpCtxPol",
      "provider": "provider[\"registry.terraform.io/ciscodevnet/aci\"]",
      "instances": [
        {
          "schema_version": 0,
          "attributes": {
            "child": [],
            "class_name": "fvRsBgpCtxPol",
            "content": {
              "tnBgpCtxPolName": "",
              "userdom": "all"
            },
            "dn": "uni/tn-adossant/ctx-vrf-01/rsbgpCtxPol",
            "id": "uni/tn-adossant/ctx-vrf-01/rsbgpCtxPol"
          },
          "sensitive_attributes": [],
          "private": "bnVsbA==",
          "dependencies": [
            "module.aci.data.utils_yaml_merge.defaults",
            "module.aci.data.utils_yaml_merge.model",
            "module.aci.module.aci_bgp_timer_policy.aci_rest_managed.bgpCtxPol",
            "module.aci.module.aci_contract.aci_rest_managed.vzBrCP",
            "module.aci.module.aci_contract.aci_rest_managed.vzRsSubjFiltAtt",
            "module.aci.module.aci_contract.aci_rest_managed.vzRsSubjGraphAtt",
            "module.aci.module.aci_contract.aci_rest_managed.vzSubj",
            "module.aci.module.aci_filter.aci_rest_managed.vzEntry",
            "module.aci.module.aci_filter.aci_rest_managed.vzFilter",
            "module.aci.module.aci_imported_contract.aci_rest_managed.vzCPIf",
            "module.aci.module.aci_imported_contract.aci_rest_managed.vzRsIf",
            "module.aci.module.aci_tenant.aci_rest_managed.fvTenant",
            "module.aci.module.aci_vrf.aci_rest_managed.fvCtx"
          ]
        }
      ]
    },
    {
      "module": "module.aci.module.aci_vrf[\"adossant/vrf-01\"]",
      "mode": "managed",
      "type": "aci_rest_managed",
      "name": "vzAny",
      "provider": "provider[\"registry.terraform.io/ciscodevnet/aci\"]",
      "instances": [
        {
          "schema_version": 0,
          "attributes": {
            "child": [],
            "class_name": "vzAny",
            "content": {
              "descr": "",
              "matchT": "AtleastOne",
              "name": "",
              "nameAlias": "",
              "prefGrMemb": "disabled",
              "userdom": "all"
            },
            "dn": "uni/tn-adossant/ctx-vrf-01/any",
            "id": "uni/tn-adossant/ctx-vrf-01/any"
          },
          "sensitive_attributes": [],
          "private": "bnVsbA==",
          "dependencies": [
            "module.aci.data.utils_yaml_merge.defaults",
            "module.aci.data.utils_yaml_merge.model",
            "module.aci.module.aci_bgp_timer_policy.aci_rest_managed.bgpCtxPol",
            "module.aci.module.aci_contract.aci_rest_managed.vzBrCP",
            "module.aci.module.aci_contract.aci_rest_managed.vzRsSubjFiltAtt",
            "module.aci.module.aci_contract.aci_rest_managed.vzRsSubjGraphAtt",
            "module.aci.module.aci_contract.aci_rest_managed.vzSubj",
            "module.aci.module.aci_filter.aci_rest_managed.vzEntry",
            "module.aci.module.aci_filter.aci_rest_managed.vzFilter",
            "module.aci.module.aci_imported_contract.aci_rest_managed.vzCPIf",
            "module.aci.module.aci_imported_contract.aci_rest_managed.vzRsIf",
            "module.aci.module.aci_tenant.aci_rest_managed.fvTenant",
            "module.aci.module.aci_vrf.aci_rest_managed.fvCtx"
          ]
        }
      ]
    },
    {
      "module": "module.aci.module.aci_vrf[\"adossant/vrf-01\"]",
      "mode": "managed",
      "type": "aci_rest_managed",
      "name": "vzRsAnyToConsIf",
      "provider": "provider[\"registry.terraform.io/ciscodevnet/aci\"]",
      "instances": [
        {
          "index_key": "permit-from-core-services",
          "schema_version": 0,
          "attributes": {
            "child": [],
            "class_name": "vzRsAnyToConsIf",
            "content": {
              "prio": "unspecified",
              "tnVzCPIfName": "permit-from-core-services",
              "userdom": ":all:common:"
            },
            "dn": "uni/tn-adossant/ctx-vrf-01/any/rsanyToConsIf-permit-from-core-services",
            "id": "uni/tn-adossant/ctx-vrf-01/any/rsanyToConsIf-permit-from-core-services"
          },
          "sensitive_attributes": [],
          "private": "bnVsbA==",
          "dependencies": [
            "module.aci.data.utils_yaml_merge.defaults",
            "module.aci.data.utils_yaml_merge.model",
            "module.aci.module.aci_bgp_timer_policy.aci_rest_managed.bgpCtxPol",
            "module.aci.module.aci_contract.aci_rest_managed.vzBrCP",
            "module.aci.module.aci_contract.aci_rest_managed.vzRsSubjFiltAtt",
            "module.aci.module.aci_contract.aci_rest_managed.vzRsSubjGraphAtt",
            "module.aci.module.aci_contract.aci_rest_managed.vzSubj",
            "module.aci.module.aci_filter.aci_rest_managed.vzEntry",
            "module.aci.module.aci_filter.aci_rest_managed.vzFilter",
            "module.aci.module.aci_imported_contract.aci_rest_managed.vzCPIf",
            "module.aci.module.aci_imported_contract.aci_rest_managed.vzRsIf",
            "module.aci.module.aci_tenant.aci_rest_managed.fvTenant",
            "module.aci.module.aci_vrf.aci_rest_managed.fvCtx",
            "module.aci.module.aci_vrf.aci_rest_managed.vzAny"
          ]
        },
        {
          "index_key": "permit-from-lab-desktops",
          "schema_version": 0,
          "attributes": {
            "child": [],
            "class_name": "vzRsAnyToConsIf",
            "content": {
              "prio": "unspecified",
              "tnVzCPIfName": "permit-from-lab-desktops",
              "userdom": ":all:common:"
            },
            "dn": "uni/tn-adossant/ctx-vrf-01/any/rsanyToConsIf-permit-from-lab-desktops",
            "id": "uni/tn-adossant/ctx-vrf-01/any/rsanyToConsIf-permit-from-lab-desktops"
          },
          "sensitive_attributes": [],
          "private": "bnVsbA==",
          "dependencies": [
            "module.aci.data.utils_yaml_merge.defaults",
            "module.aci.data.utils_yaml_merge.model",
            "module.aci.module.aci_bgp_timer_policy.aci_rest_managed.bgpCtxPol",
            "module.aci.module.aci_contract.aci_rest_managed.vzBrCP",
            "module.aci.module.aci_contract.aci_rest_managed.vzRsSubjFiltAtt",
            "module.aci.module.aci_contract.aci_rest_managed.vzRsSubjGraphAtt",
            "module.aci.module.aci_contract.aci_rest_managed.vzSubj",
            "module.aci.module.aci_filter.aci_rest_managed.vzEntry",
            "module.aci.module.aci_filter.aci_rest_managed.vzFilter",
            "module.aci.module.aci_imported_contract.aci_rest_managed.vzCPIf",
            "module.aci.module.aci_imported_contract.aci_rest_managed.vzRsIf",
            "module.aci.module.aci_tenant.aci_rest_managed.fvTenant",
            "module.aci.module.aci_vrf.aci_rest_managed.fvCtx",
            "module.aci.module.aci_vrf.aci_rest_managed.vzAny"
          ]
        },
        {
          "index_key": "permit-to-core-services",
          "schema_version": 0,
          "attributes": {
            "child": [],
            "class_name": "vzRsAnyToConsIf",
            "content": {
              "prio": "unspecified",
              "tnVzCPIfName": "permit-to-core-services",
              "userdom": ":all:common:"
            },
            "dn": "uni/tn-adossant/ctx-vrf-01/any/rsanyToConsIf-permit-to-core-services",
            "id": "uni/tn-adossant/ctx-vrf-01/any/rsanyToConsIf-permit-to-core-services"
          },
          "sensitive_attributes": [],
          "private": "bnVsbA==",
          "dependencies": [
            "module.aci.data.utils_yaml_merge.defaults",
            "module.aci.data.utils_yaml_merge.model",
            "module.aci.module.aci_bgp_timer_policy.aci_rest_managed.bgpCtxPol",
            "module.aci.module.aci_contract.aci_rest_managed.vzBrCP",
            "module.aci.module.aci_contract.aci_rest_managed.vzRsSubjFiltAtt",
            "module.aci.module.aci_contract.aci_rest_managed.vzRsSubjGraphAtt",
            "module.aci.module.aci_contract.aci_rest_managed.vzSubj",
            "module.aci.module.aci_filter.aci_rest_managed.vzEntry",
            "module.aci.module.aci_filter.aci_rest_managed.vzFilter",
            "module.aci.module.aci_imported_contract.aci_rest_managed.vzCPIf",
            "module.aci.module.aci_imported_contract.aci_rest_managed.vzRsIf",
            "module.aci.module.aci_tenant.aci_rest_managed.fvTenant",
            "module.aci.module.aci_vrf.aci_rest_managed.fvCtx",
            "module.aci.module.aci_vrf.aci_rest_managed.vzAny"
          ]
        }
      ]
    }
  ],
  "check_results": [
    {
      "object_kind": "resource",
      "config_addr": "module.aci.data.utils_yaml_merge.model",
      "status": "unknown",
      "objects": [
        {
          "object_addr": "module.aci.data.utils_yaml_merge.model",
          "status": "unknown"
        }
      ]
    }
  ]
}
